{
  "version": 4,
  "terraform_version": "1.12.2",
  "serial": 6535,
  "lineage": "5aa0c656-ee90-4c87-1f03-c8b5ac9787c5",
  "outputs": {
    "api_gateway_url": {
      "value": "https://buzzzp4ywk.execute-api.us-east-2.amazonaws.com/prod",
      "type": "string"
    },
    "bastion_host_public_ip": {
      "value": "3.138.172.36",
      "type": "string"
    },
    "rds_endpoint": {
      "value": "trackmedb.c9goe0ioosh0.us-east-2.rds.amazonaws.com:5432",
      "type": "string"
    }
  },
  "resources": [
    {
      "mode": "data",
      "type": "archive_file",
      "name": "lambda_archives",
      "provider": "provider[\"registry.terraform.io/hashicorp/archive\"]",
      "instances": [
        {
          "index_key": "add_relation",
          "schema_version": 0,
          "attributes": {
            "exclude_symlink_directories": null,
            "excludes": null,
            "id": "1d49f9bd5d28ff99235b64a4a4f809a4395dc0de",
            "output_base64sha256": "atJ3nbxRPrjO2nCBesH2ay97+fccZU6/5Bt6xrwZUGg=",
            "output_base64sha512": "uGbVqxuQ/pEu8RgMvGnI92i9OPjk3WPp5JC2nLu83LfRq3cuqjibVrffUpYhlF+nRCrD4fkTdGiv5HX0DaMC0g==",
            "output_file_mode": null,
            "output_md5": "411cb1b5ce8f03857a245382c9ad590f",
            "output_path": "./../Server/lambdas/relations/zips/add_relation.zip",
            "output_sha": "1d49f9bd5d28ff99235b64a4a4f809a4395dc0de",
            "output_sha256": "6ad2779dbc513eb8ceda70817ac1f66b2f7bf9f71c654ebfe41b7ac6bc195068",
            "output_sha512": "b866d5ab1b90fe912ef1180cbc69c8f768bd38f8e4dd63e9e490b69cbbbcdcb7d1ab772eaa389b56b7df529621945fa7442ac3e1f9137468afe475f40da302d2",
            "output_size": 2050,
            "source": [],
            "source_content": null,
            "source_content_filename": null,
            "source_dir": "./../Server/lambdas/relations/add_relation",
            "source_file": null,
            "type": "zip"
          },
          "sensitive_attributes": [],
          "identity_schema_version": 0
        },
        {
          "index_key": "create_user",
          "schema_version": 0,
          "attributes": {
            "exclude_symlink_directories": null,
            "excludes": null,
            "id": "99344aaccf9193ab76451a5a475b916d6800e452",
            "output_base64sha256": "DF/MGep5hBvYeHoz4YQXHYeGsAQjQ5NZJaNGQ+DHKSU=",
            "output_base64sha512": "za7ez+Mb8GMJxRNVi1xoIEus4QZ4Jq1vsLHo9WoRtyLqbZ97IpGh6THjyzJai86m4apfUb03B+qLb/DBYXJk9w==",
            "output_file_mode": null,
            "output_md5": "c3a05193cbe76e18bddc3825cb544fc4",
            "output_path": "./../Server/lambdas/general/zips/create_user.zip",
            "output_sha": "99344aaccf9193ab76451a5a475b916d6800e452",
            "output_sha256": "0c5fcc19ea79841bd8787a33e184171d8786b0042343935925a34643e0c72925",
            "output_sha512": "cdaedecfe31bf06309c513558b5c68204bace1067826ad6fb0b1e8f56a11b722ea6d9f7b2291a1e931e3cb325a8bcea6e1aa5f51bd3707ea8b6ff0c1617264f7",
            "output_size": 1951,
            "source": [],
            "source_content": null,
            "source_content_filename": null,
            "source_dir": "./../Server/lambdas/general/create_user",
            "source_file": null,
            "type": "zip"
          },
          "sensitive_attributes": [],
          "identity_schema_version": 0
        },
        {
          "index_key": "fetch_historical_data",
          "schema_version": 0,
          "attributes": {
            "exclude_symlink_directories": null,
            "excludes": null,
            "id": "1886414a7ecd07e33b445a3bbc0d7ddffd3b1619",
            "output_base64sha256": "bcIzLjACNDhwtWQ9Q5kfT8BJIgiGj89IzwieeKwb63c=",
            "output_base64sha512": "Ce7vrYQsam6Z/VNGSy8jmdDlmsr+fy//gJEsqfEg2nYGzj10AJG7RimpRBUGJG1brmsrSSvY53aOwBRxrl/8YQ==",
            "output_file_mode": null,
            "output_md5": "12fb6b0d0cb60d54ee60ddde8f198664",
            "output_path": "./../Server/lambdas/history/zips/fetch_historical_data.zip",
            "output_sha": "1886414a7ecd07e33b445a3bbc0d7ddffd3b1619",
            "output_sha256": "6dc2332e3002343870b5643d43991f4fc0492208868fcf48cf089e78ac1beb77",
            "output_sha512": "09eeefad842c6a6e99fd53464b2f2399d0e59acafe7f2fff80912ca9f120da7606ce3d740091bb4629a9441506246d5bae6b2b492bd8e7768ec01471ae5ffc61",
            "output_size": 3482,
            "source": [],
            "source_content": null,
            "source_content_filename": null,
            "source_dir": "./../Server/lambdas/history/fetch_historical_data",
            "source_file": null,
            "type": "zip"
          },
          "sensitive_attributes": [],
          "identity_schema_version": 0
        },
        {
          "index_key": "get_available_history_dates",
          "schema_version": 0,
          "attributes": {
            "exclude_symlink_directories": null,
            "excludes": null,
            "id": "09f69e958e460bacfeafb96704d5b14e766e4d75",
            "output_base64sha256": "YZzoWvVFKLbh+Z6OTlI8fvYeW6MRTfHQEGa+w5cjzP4=",
            "output_base64sha512": "ilpVHKHjXxB5RkX/2uCOxCoeVQElKTbTARZEzmNhgLveyWGuY79FnFHfCjh99yvKHTmxE5jT41iUfBVa/Umyvg==",
            "output_file_mode": null,
            "output_md5": "2ccafa134b3bee5124277870214eecf9",
            "output_path": "./../Server/lambdas/history/zips/get_available_history_dates.zip",
            "output_sha": "09f69e958e460bacfeafb96704d5b14e766e4d75",
            "output_sha256": "619ce85af54528b6e1f99e8e4e523c7ef61e5ba3114df1d01066bec39723ccfe",
            "output_sha512": "8a5a551ca1e35f10794645ffdae08ec42a1e5501252936d3011644ce636180bbdec961ae63bf459c51df0a387df72bca1d39b11398d3e358947c155afd49b2be",
            "output_size": 3339,
            "source": [],
            "source_content": null,
            "source_content_filename": null,
            "source_dir": "./../Server/lambdas/history/get_available_history_dates",
            "source_file": null,
            "type": "zip"
          },
          "sensitive_attributes": [],
          "identity_schema_version": 0
        },
        {
          "index_key": "get_avg_velocity",
          "schema_version": 0,
          "attributes": {
            "exclude_symlink_directories": null,
            "excludes": null,
            "id": "80c5614908ff6da4670c3f8702493bc2dc009f46",
            "output_base64sha256": "zAuj+eikUk6OeuEacHhap/qka0alH2rBRmEKoGto4ZM=",
            "output_base64sha512": "x/JiAcsGAiKceD8E1Glp1q6SLTIogPqGMI/XRl3yfuqgZeSCr9+g07nIcoplW027eBteFIv/tJE5MKgQvmXS4Q==",
            "output_file_mode": null,
            "output_md5": "3b9250089e8488003781b80ab229225a",
            "output_path": "./../Server/lambdas/graph/zips/get_avg_velocity.zip",
            "output_sha": "80c5614908ff6da4670c3f8702493bc2dc009f46",
            "output_sha256": "cc0ba3f9e8a4524e8e7ae11a70785aa7faa46b46a51f6ac146610aa06b68e193",
            "output_sha512": "c7f26201cb0602229c783f04d46969d6ae922d322880fa86308fd7465df27eeaa065e482afdfa0d3b9c8728a655b4dbb781b5e148bffb4913930a810be65d2e1",
            "output_size": 3605,
            "source": [],
            "source_content": null,
            "source_content_filename": null,
            "source_dir": "./../Server/lambdas/graph/get_avg_velocity",
            "source_file": null,
            "type": "zip"
          },
          "sensitive_attributes": [],
          "identity_schema_version": 0
        },
        {
          "index_key": "get_earliest_date_available",
          "schema_version": 0,
          "attributes": {
            "exclude_symlink_directories": null,
            "excludes": null,
            "id": "538c88271fca2fc9b925274798e0a8acdfb721fb",
            "output_base64sha256": "S4q+AUBsF+FZht0ugOx2Drp/kFJ4cDbYdiGkbmEN8EQ=",
            "output_base64sha512": "2tQoVtckroQ2olZkfalpZZYrrLrK+JZ47zL0QX5m0vf1OFcYGKCA8rVttc7j+TDehOpMn0M/D6BS1xDa0USdbg==",
            "output_file_mode": null,
            "output_md5": "0566eccca66b7cd35d09ced179aa135f",
            "output_path": "./../Server/lambdas/history/zips/get_earliest_date_available.zip",
            "output_sha": "538c88271fca2fc9b925274798e0a8acdfb721fb",
            "output_sha256": "4b8abe01406c17e15986dd2e80ec760eba7f9052787036d87621a46e610df044",
            "output_sha512": "dad42856d724ae8436a256647da96965962bacbacaf89678ef32f4417e66d2f7f538571818a080f2b56db5cee3f930de84ea4c9f433f0fa052d710dad1449d6e",
            "output_size": 2563,
            "source": [],
            "source_content": null,
            "source_content_filename": null,
            "source_dir": "./../Server/lambdas/history/get_earliest_date_available",
            "source_file": null,
            "type": "zip"
          },
          "sensitive_attributes": [],
          "identity_schema_version": 0
        },
        {
          "index_key": "get_mutual_athletes",
          "schema_version": 0,
          "attributes": {
            "exclude_symlink_directories": null,
            "excludes": null,
            "id": "52b88620f16fcc3c9aa797f5c57bafee072c3494",
            "output_base64sha256": "c7CbviNcAz/qtzxemKA5ATjepCATXYotPAyLefQxv1c=",
            "output_base64sha512": "4k02t38OoEIeeNvLZYp4JiDxI4dfBFRw4rQjvReg7QG4OJEsVhfUYUlNP4Ri041z39zIzxOa0fSfE3gk/p8PEw==",
            "output_file_mode": null,
            "output_md5": "91115ed9e3cd9cf49f49cb64fcd61ba8",
            "output_path": "./../Server/lambdas/relations/zips/get_mutual_athletes.zip",
            "output_sha": "52b88620f16fcc3c9aa797f5c57bafee072c3494",
            "output_sha256": "73b09bbe235c033feab73c5e98a0390138dea420135d8a2d3c0c8b79f431bf57",
            "output_sha512": "e24d36b77f0ea0421e78dbcb658a782620f123875f045470e2b423bd17a0ed01b838912c5617d461494d3f8462d38d73dfdcc8cf139ad1f49f137824fe9f0f13",
            "output_size": 2407,
            "source": [],
            "source_content": null,
            "source_content_filename": null,
            "source_dir": "./../Server/lambdas/relations/get_mutual_athletes",
            "source_file": null,
            "type": "zip"
          },
          "sensitive_attributes": [],
          "identity_schema_version": 0
        },
        {
          "index_key": "get_mutual_inputs",
          "schema_version": 0,
          "attributes": {
            "exclude_symlink_directories": null,
            "excludes": null,
            "id": "09d86f119118f27b255a810ccd9292dd158f7433",
            "output_base64sha256": "aDLSqZJI1AdLdCylLKzX+B0nk+bVHPy4O3fKq4tljng=",
            "output_base64sha512": "BtzQ3V2XfcEfQFcMuFHKHbtFURALlTy4Nuj5jA1ZEfpQ3PjL7a8rGcHhOI5NdCyOihz8C/CUMxxe0AzqcmLNjw==",
            "output_file_mode": null,
            "output_md5": "e507edd0ba114d01023f951d1f2a974a",
            "output_path": "./../Server/lambdas/general/zips/get_mutual_inputs.zip",
            "output_sha": "09d86f119118f27b255a810ccd9292dd158f7433",
            "output_sha256": "6832d2a99248d4074b742ca52cacd7f81d2793e6d51cfcb83b77caab8b658e78",
            "output_sha512": "06dcd0dd5d977dc11f40570cb851ca1dbb4551100b953cb836e8f98c0d5911fa50dcf8cbedaf2b19c1e1388e4d742c8e8a1cfc0bf094331c5ed00cea7262cd8f",
            "output_size": 2848,
            "source": [],
            "source_content": null,
            "source_content_filename": null,
            "source_dir": "./../Server/lambdas/general/get_mutual_inputs",
            "source_file": null,
            "type": "zip"
          },
          "sensitive_attributes": [],
          "identity_schema_version": 0
        },
        {
          "index_key": "get_mutual_user_relations",
          "schema_version": 0,
          "attributes": {
            "exclude_symlink_directories": null,
            "excludes": null,
            "id": "6fdc82fbd53c7e34c35b046186c64a97ca4c4e8a",
            "output_base64sha256": "Iy5PbPR0TQwyYj8PuYtjSn6Bz3ei5JEEd0qkOpYXEz0=",
            "output_base64sha512": "dzUWMcy5bDC2wHRBQ+ov7KlCXijefKjGFI2R4CYOPvLNcOIqdZaRscZRaCZYtQmydbYZPnPzmJyqAnU78WB6+Q==",
            "output_file_mode": null,
            "output_md5": "6bbe227165b52bec576f41ce46b39c41",
            "output_path": "./../Server/lambdas/relations/zips/get_mutual_user_relations.zip",
            "output_sha": "6fdc82fbd53c7e34c35b046186c64a97ca4c4e8a",
            "output_sha256": "232e4f6cf4744d0c32623f0fb98b634a7e81cf77a2e49104774aa43a9617133d",
            "output_sha512": "77351631ccb96c30b6c0744143ea2feca9425e28de7ca8c6148d91e0260e3ef2cd70e22a759691b1c651682658b509b275b6193e73f3989caa02753bf1607af9",
            "output_size": 2430,
            "source": [],
            "source_content": null,
            "source_content_filename": null,
            "source_dir": "./../Server/lambdas/relations/get_mutual_user_relations",
            "source_file": null,
            "type": "zip"
          },
          "sensitive_attributes": [],
          "identity_schema_version": 0
        },
        {
          "index_key": "get_relation_invites",
          "schema_version": 0,
          "attributes": {
            "exclude_symlink_directories": null,
            "excludes": null,
            "id": "934b5686c9d07107632cd010f2127cb86a1d1d6e",
            "output_base64sha256": "qC2DR/3RTkl1fktg5k8rb7JgEK0arqlYGJUPt1sdiOs=",
            "output_base64sha512": "bzD/fDiFfkO95wf6w41bWaozlqd+jtVNVCneEaa1RN+6axVFCnAQbfcASsLbrp/1j7jRjXoLq3j8h7dXg12aQw==",
            "output_file_mode": null,
            "output_md5": "f563c2bc27c03e27721287d4306280c5",
            "output_path": "./../Server/lambdas/relations/zips/get_relation_invites.zip",
            "output_sha": "934b5686c9d07107632cd010f2127cb86a1d1d6e",
            "output_sha256": "a82d8347fdd14e49757e4b60e64f2b6fb26010ad1aaea95818950fb75b1d88eb",
            "output_sha512": "6f30ff7c38857e43bde707fac38d5b59aa3396a77e8ed54d5429de11a6b544dfba6b15450a70106df7004ac2dbae9ff58fb8d18d7a0bab78fc87b757835d9a43",
            "output_size": 2154,
            "source": [],
            "source_content": null,
            "source_content_filename": null,
            "source_dir": "./../Server/lambdas/relations/get_relation_invites",
            "source_file": null,
            "type": "zip"
          },
          "sensitive_attributes": [],
          "identity_schema_version": 0
        },
        {
          "index_key": "get_relation_invites_count",
          "schema_version": 0,
          "attributes": {
            "exclude_symlink_directories": null,
            "excludes": null,
            "id": "acdb3178c868d6adfa7cbbf7af675145802d9b52",
            "output_base64sha256": "77kqfdz3IyFkYFBdEr9CtweeJH3pFkgBUK8glxtnshU=",
            "output_base64sha512": "sMb6fZqrx/abMphglL4VJr9Rh1TLRkDpf3HMF3rnsjGqEMLShfJEyhaYjsbsuMa2Dn/7SAYTcBLbrm28/MYj8Q==",
            "output_file_mode": null,
            "output_md5": "44650141a39c1826a4052a189c1d0556",
            "output_path": "./../Server/lambdas/relations/zips/get_relation_invites_count.zip",
            "output_sha": "acdb3178c868d6adfa7cbbf7af675145802d9b52",
            "output_sha256": "efb92a7ddcf723216460505d12bf42b7079e247de916480150af20971b67b215",
            "output_sha512": "b0c6fa7d9aabc7f69b32986094be1526bf518754cb4640e97f71cc177ae7b231aa10c2d285f244ca16988ec6ecb8c6b60e7ffb4806137012dbae6dbcfcc623f1",
            "output_size": 3216,
            "source": [],
            "source_content": null,
            "source_content_filename": null,
            "source_dir": "./../Server/lambdas/relations/get_relation_invites_count",
            "source_file": null,
            "type": "zip"
          },
          "sensitive_attributes": [],
          "identity_schema_version": 0
        },
        {
          "index_key": "get_user",
          "schema_version": 0,
          "attributes": {
            "exclude_symlink_directories": null,
            "excludes": null,
            "id": "3f9d4d615c1c1fae42a7361dd4f97ccdb9c4f9ae",
            "output_base64sha256": "VQf/Mzd3VX9Tx1HRhLB+Cp1ApHbpuzJbmgDw7We5ZlM=",
            "output_base64sha512": "1djgxzPiJXtbvJyx/hyQYXY/j95Meg+A380DORsjd1pta7Ky3OVRWh56FjK/YJQTEm6rh36NUPET92DtvN4yPA==",
            "output_file_mode": null,
            "output_md5": "2f6bdefeb94d56b2cbad4aa93227bdf4",
            "output_path": "./../Server/lambdas/general/zips/get_user.zip",
            "output_sha": "3f9d4d615c1c1fae42a7361dd4f97ccdb9c4f9ae",
            "output_sha256": "5507ff333777557f53c751d184b07e0a9d40a476e9bb325b9a00f0ed67b96653",
            "output_sha512": "d5d8e0c733e2257b5bbc9cb1fe1c9061763f8fde4c7a0f80dfcd03391b23775a6d6bb2b2dce5515a1e7a1632bf609413126eab877e8d50f113f760edbcde323c",
            "output_size": 2047,
            "source": [],
            "source_content": null,
            "source_content_filename": null,
            "source_dir": "./../Server/lambdas/general/get_user",
            "source_file": null,
            "type": "zip"
          },
          "sensitive_attributes": [],
          "identity_schema_version": 0
        },
        {
          "index_key": "get_work_rest_ratio",
          "schema_version": 0,
          "attributes": {
            "exclude_symlink_directories": null,
            "excludes": null,
            "id": "160c9d6ed8b356a5dfae0bfda1474c0ad16d8169",
            "output_base64sha256": "09V2tnRe3fWsA7e7jbtYhqFHo4GLFKi70EErJbcKvo4=",
            "output_base64sha512": "yYKo1GipsSqwbcNnyN+CTmuASRtAicf4UH5/ynXdCmqE8fqtOdvq9dOhsZ8fN+VVwaI6OTWQqMz4nj3zz2/fOA==",
            "output_file_mode": null,
            "output_md5": "f2ffd91da771934f20c5f3cfceb3a11e",
            "output_path": "./../Server/lambdas/graph/zips/get_work_rest_ratio.zip",
            "output_sha": "160c9d6ed8b356a5dfae0bfda1474c0ad16d8169",
            "output_sha256": "d3d576b6745eddf5ac03b7bb8dbb5886a147a3818b14a8bbd0412b25b70abe8e",
            "output_sha512": "c982a8d468a9b12ab06dc367c8df824e6b80491b4089c7f8507e7fca75dd0a6a84f1faad39dbeaf5d3a1b19f1f37e555c1a23a393590a8ccf89e3df3cf6fdf38",
            "output_size": 3623,
            "source": [],
            "source_content": null,
            "source_content_filename": null,
            "source_dir": "./../Server/lambdas/graph/get_work_rest_ratio",
            "source_file": null,
            "type": "zip"
          },
          "sensitive_attributes": [],
          "identity_schema_version": 0
        },
        {
          "index_key": "input_times",
          "schema_version": 0,
          "attributes": {
            "exclude_symlink_directories": null,
            "excludes": null,
            "id": "9b7b5d18bfa82e0a79593a6a4c70a363f996f882",
            "output_base64sha256": "8HCWfGaf0UptJ0gDqTAWbQhRlnqBpWy8c5hgPHQYr6w=",
            "output_base64sha512": "bNnLqH50Jr0CgXKdLq7Gx/81Rb6Lo7zOHkj4ZThpAEKswtI3Na441SS95E3VNreynNOcURvUyBtvlOZeyHxbNA==",
            "output_file_mode": null,
            "output_md5": "805319ed330ffb1e46fb01265c185eb5",
            "output_path": "./../Server/lambdas/athlete/zips/input_times.zip",
            "output_sha": "9b7b5d18bfa82e0a79593a6a4c70a363f996f882",
            "output_sha256": "f070967c669fd14a6d274803a930166d0851967a81a56cbc7398603c7418afac",
            "output_sha512": "6cd9cba87e7426bd0281729d2eaec6c7ff3545be8ba3bcce1e48f86538690042acc2d23735ae38d524bde44dd536b7b29cd39c511bd4c81b6f94e65ec87c5b34",
            "output_size": 4054,
            "source": [],
            "source_content": null,
            "source_content_filename": null,
            "source_dir": "./../Server/lambdas/athlete/input_times",
            "source_file": null,
            "type": "zip"
          },
          "sensitive_attributes": [],
          "identity_schema_version": 0
        },
        {
          "index_key": "mass_input",
          "schema_version": 0,
          "attributes": {
            "exclude_symlink_directories": null,
            "excludes": null,
            "id": "a181b3d779d127a272f6ea755735257abaf28573",
            "output_base64sha256": "JVhx0AhSuv2mauT6pPxO/BQdl0WiOcUNp75qSFgrTSY=",
            "output_base64sha512": "ATZJAaAr+1ZcfjRagXKZvX5iYSfgksrYZIG22hURr/3I7kJcmgMfNIzfAyzyPJsJ2Rq1N2r6ntoCfASIHgW9bg==",
            "output_file_mode": null,
            "output_md5": "229b5d638ac418935f1d8217f2ec9135",
            "output_path": "./../Server/lambdas/general/zips/mass_input.zip",
            "output_sha": "a181b3d779d127a272f6ea755735257abaf28573",
            "output_sha256": "255871d00852bafda66ae4faa4fc4efc141d9745a239c50da7be6a48582b4d26",
            "output_sha512": "01364901a02bfb565c7e345a817299bd7e626127e092cad86481b6da1511affdc8ee425c9a031f348cdf032cf23c9b09d91ab5376afa9eda027c04881e05bd6e",
            "output_size": 3067,
            "source": [],
            "source_content": null,
            "source_content_filename": null,
            "source_dir": "./../Server/lambdas/general/mass_input",
            "source_file": null,
            "type": "zip"
          },
          "sensitive_attributes": [],
          "identity_schema_version": 0
        },
        {
          "index_key": "remove_inputs",
          "schema_version": 0,
          "attributes": {
            "exclude_symlink_directories": null,
            "excludes": null,
            "id": "870f3d13142e4340daec242da70b7a40f3c0fc7e",
            "output_base64sha256": "g97R56vVrBgdRbAYvsfyZY0G7UMb1Rnvizq9Y6+nUyg=",
            "output_base64sha512": "7cD4XIulrfzc0Rda9kF47g0ZfUSnDnqEQL6KPmNpjaAAxkSNfXWkvybLpkWOUF4lKjJ4pbcgjevwFIsZa1IGLA==",
            "output_file_mode": null,
            "output_md5": "115e41bbaa9534793c7d20690be7205d",
            "output_path": "./../Server/lambdas/athlete/zips/remove_inputs.zip",
            "output_sha": "870f3d13142e4340daec242da70b7a40f3c0fc7e",
            "output_sha256": "83ded1e7abd5ac181d45b018bec7f2658d06ed431bd519ef8b3abd63afa75328",
            "output_sha512": "edc0f85c8ba5adfcdcd1175af64178ee0d197d44a70e7a8440be8a3e63698da000c6448d7d75a4bf26cba6458e505e252a3278a5b7208debf0148b196b52062c",
            "output_size": 2485,
            "source": [],
            "source_content": null,
            "source_content_filename": null,
            "source_dir": "./../Server/lambdas/athlete/remove_inputs",
            "source_file": null,
            "type": "zip"
          },
          "sensitive_attributes": [],
          "identity_schema_version": 0
        },
        {
          "index_key": "remove_user_relation",
          "schema_version": 0,
          "attributes": {
            "exclude_symlink_directories": null,
            "excludes": null,
            "id": "5ce872c01d1ec4c2fb2494476cabd28706f2ad86",
            "output_base64sha256": "3Qa8HXKBq2S39qf9ZXOA/nsltIVf9yyfAxyuSjyczw8=",
            "output_base64sha512": "oi+ZFTU/IB9Lmqw3Mz4HWMwK0K1Jy5bU49u8O8Kanr81auLVmHadJWC5FL5EQV6eVxISTRPb7v1OYhpzhcFrdA==",
            "output_file_mode": null,
            "output_md5": "d4c9ded39172755afd663fd13a839379",
            "output_path": "./../Server/lambdas/relations/zips/remove_user_relation.zip",
            "output_sha": "5ce872c01d1ec4c2fb2494476cabd28706f2ad86",
            "output_sha256": "dd06bc1d7281ab64b7f6a7fd657380fe7b25b4855ff72c9f031cae4a3c9ccf0f",
            "output_sha512": "a22f9915353f201f4b9aac37333e0758cc0ad0ad49cb96d4e3dbbc3bc29a9ebf356ae2d598769d2560b914be44415e9e5712124d13dbeefd4e621a7385c16b74",
            "output_size": 2454,
            "source": [],
            "source_content": null,
            "source_content_filename": null,
            "source_dir": "./../Server/lambdas/relations/remove_user_relation",
            "source_file": null,
            "type": "zip"
          },
          "sensitive_attributes": [],
          "identity_schema_version": 0
        },
        {
          "index_key": "search_user_relation",
          "schema_version": 0,
          "attributes": {
            "exclude_symlink_directories": null,
            "excludes": null,
            "id": "58e5e0bfb11856b742cef1f83cd26eaf05549b9c",
            "output_base64sha256": "Y6sfYl7NMmw84xAo0Q3gDWaY6UC6pdCPLrJBU8jFpk0=",
            "output_base64sha512": "YrplcUDGPQ/QTZEf1hFHj/VxnuP1B8iQ/gYnMbb/GThRl7vyigCdqIj4Fq5xlEttFZJr3fr3TOhSA3aDm0TLJQ==",
            "output_file_mode": null,
            "output_md5": "69b42129d75fcf67b0cc6034a9cc8150",
            "output_path": "./../Server/lambdas/relations/zips/search_user_relation.zip",
            "output_sha": "58e5e0bfb11856b742cef1f83cd26eaf05549b9c",
            "output_sha256": "63ab1f625ecd326c3ce31028d10de00d6698e940baa5d08f2eb24153c8c5a64d",
            "output_sha512": "62ba657140c63d0fd04d911fd611478ff5719ee3f507c890fe062731b6ff19385197bbf28a009da888f816ae71944b6d15926bddfaf74ce8520376839b44cb25",
            "output_size": 2884,
            "source": [],
            "source_content": null,
            "source_content_filename": null,
            "source_dir": "./../Server/lambdas/relations/search_user_relation",
            "source_file": null,
            "type": "zip"
          },
          "sensitive_attributes": [],
          "identity_schema_version": 0
        },
        {
          "index_key": "update_user_profile",
          "schema_version": 0,
          "attributes": {
            "exclude_symlink_directories": null,
            "excludes": null,
            "id": "95fa00a7e1f90685c9c93c01bfbc124ff585294b",
            "output_base64sha256": "u1WyiJiyFO9hTEanerl2JiA6FRwd8GBK/2jTOGqIA2A=",
            "output_base64sha512": "AJ5M9rIyoHaWbe1aRZJRorvi90wDYNuhqoILU4UEpUZJP41NfIL55aSusX7x/KitR3lSrgHk81nzQRO9XL7Dog==",
            "output_file_mode": null,
            "output_md5": "c89e6df1dbabf425479cf18826adf955",
            "output_path": "./../Server/lambdas/general/zips/update_user_profile.zip",
            "output_sha": "95fa00a7e1f90685c9c93c01bfbc124ff585294b",
            "output_sha256": "bb55b28898b214ef614c46a77ab97626203a151c1df0604aff68d3386a880360",
            "output_sha512": "009e4cf6b232a076966ded5a459251a2bbe2f74c0360dba1aa820b538504a546493f8d4d7c82f9e5a4aeb17ef1fca8ad477952ae01e4f359f34113bd5cbec3a2",
            "output_size": 2239,
            "source": [],
            "source_content": null,
            "source_content_filename": null,
            "source_dir": "./../Server/lambdas/general/update_user_profile",
            "source_file": null,
            "type": "zip"
          },
          "sensitive_attributes": [],
          "identity_schema_version": 0
        },
        {
          "index_key": "view_workout_inputs",
          "schema_version": 0,
          "attributes": {
            "exclude_symlink_directories": null,
            "excludes": null,
            "id": "9524bbcf1caec138b8138735cab1dc5383ef4540",
            "output_base64sha256": "eW2X2k9v79/7I+29/K48Ge1nh383JyHw1qwZvTyQVls=",
            "output_base64sha512": "qyhSZccEKPm+NawUe1H2LTQbD6DzJQpIUIP0B4KWjImKseo7JgdncjwWH0uFS9kFMnWmQWnfscNFrM9tfhpkeA==",
            "output_file_mode": null,
            "output_md5": "225e7520a53f4de8ab6b3647f657aacf",
            "output_path": "./../Server/lambdas/athlete/zips/view_workout_inputs.zip",
            "output_sha": "9524bbcf1caec138b8138735cab1dc5383ef4540",
            "output_sha256": "796d97da4f6fefdffb23edbdfcae3c19ed67877f372721f0d6ac19bd3c90565b",
            "output_sha512": "ab285265c70428f9be35ac147b51f62d341b0fa0f3250a485083f40782968c898ab1ea3b260767723c161f4b854bd9053275a64169dfb1c345accf6d7e1a6478",
            "output_size": 3057,
            "source": [],
            "source_content": null,
            "source_content_filename": null,
            "source_dir": "./../Server/lambdas/athlete/view_workout_inputs",
            "source_file": null,
            "type": "zip"
          },
          "sensitive_attributes": [],
          "identity_schema_version": 0
        }
      ]
    },
    {
      "mode": "data",
      "type": "archive_file",
      "name": "rds_layer",
      "provider": "provider[\"registry.terraform.io/hashicorp/archive\"]",
      "instances": [
        {
          "schema_version": 0,
          "attributes": {
            "exclude_symlink_directories": null,
            "excludes": null,
            "id": "7aa701afcbc642466c83fe79f88ba18af1dfb0d3",
            "output_base64sha256": "JOJKovDitZjDmb1Sa44aJ23oXg7QIMMx3fFGvND1L1A=",
            "output_base64sha512": "iyVzKuMhPmXy84IJgR4/46QPQet+yJK94yHmXvzsAuY9bbn8xgchdkstYvrGathO5/vc+78iW8VY8i2jYZOvpA==",
            "output_file_mode": null,
            "output_md5": "c0b23dea8e913c388336e1efd5d60bda",
            "output_path": "./../Server/layers/rds/rds.zip",
            "output_sha": "7aa701afcbc642466c83fe79f88ba18af1dfb0d3",
            "output_sha256": "24e24aa2f0e2b598c399bd526b8e1a276de85e0ed020c331ddf146bcd0f52f50",
            "output_sha512": "8b25732ae3213e65f2f38209811e3fe3a40f41eb7ec892bde321e65efcec02e63d6db9fcc60721764b2d62fac66ad84ee7fbdcfbbf225bc558f22da36193afa4",
            "output_size": 8773063,
            "source": [],
            "source_content": null,
            "source_content_filename": null,
            "source_dir": "./../Server/layers/rds/",
            "source_file": null,
            "type": "zip"
          },
          "sensitive_attributes": [],
          "identity_schema_version": 0
        }
      ]
    },
    {
      "mode": "data",
      "type": "archive_file",
      "name": "user_auth_layer",
      "provider": "provider[\"registry.terraform.io/hashicorp/archive\"]",
      "instances": [
        {
          "schema_version": 0,
          "attributes": {
            "exclude_symlink_directories": null,
            "excludes": null,
            "id": "72286c086a431790ad4ddc36825f87ab6d27474f",
            "output_base64sha256": "EHyLkszx8zVc8vKpcVyAcaTgjISPdIHi5RrO7vN6rN0=",
            "output_base64sha512": "SYT3/3SBFVt4wkPgGEu5OVzsCRO2OTe62ehx6c8EUHmBLTx1iAAK386aFxcOyoL7GxfxTcA7MhXS77gS0jaFiA==",
            "output_file_mode": null,
            "output_md5": "e3ea63d6f8ca75b84ec03964e4fd9632",
            "output_path": "./../Server/layers/user_auth/user_auth.zip",
            "output_sha": "72286c086a431790ad4ddc36825f87ab6d27474f",
            "output_sha256": "107c8b92ccf1f3355cf2f2a9715c8071a4e08c848f7481e2e51aceeef37aacdd",
            "output_sha512": "4984f7ff7481155b78c243e0184bb9395cec0913b63937bad9e871e9cf045079812d3c7588000adfce9a17170eca82fb1b17f14dc03b3215d2efb812d2368588",
            "output_size": 4133,
            "source": [],
            "source_content": null,
            "source_content_filename": null,
            "source_dir": "./../Server/layers/user_auth/",
            "source_file": null,
            "type": "zip"
          },
          "sensitive_attributes": [],
          "identity_schema_version": 0
        }
      ]
    },
    {
      "mode": "data",
      "type": "aws_availability_zones",
      "name": "available",
      "provider": "provider[\"registry.terraform.io/hashicorp/aws\"]",
      "instances": [
        {
          "schema_version": 0,
          "attributes": {
            "all_availability_zones": null,
            "exclude_names": null,
            "exclude_zone_ids": null,
            "filter": null,
            "group_names": [
              "us-east-2-zg-1"
            ],
            "id": "us-east-2",
            "names": [
              "us-east-2a",
              "us-east-2b",
              "us-east-2c"
            ],
            "state": "available",
            "timeouts": null,
            "zone_ids": [
              "use2-az1",
              "use2-az2",
              "use2-az3"
            ]
          },
          "sensitive_attributes": [],
          "identity_schema_version": 0
        }
      ]
    },
    {
      "mode": "data",
      "type": "aws_caller_identity",
      "name": "current",
      "provider": "provider[\"registry.terraform.io/hashicorp/aws\"]",
      "instances": [
        {
          "schema_version": 0,
          "attributes": {
            "account_id": "857360184083",
            "arn": "arn:aws:iam::857360184083:user/admin",
            "id": "857360184083",
            "user_id": "AIDA4PHVGGMJ722SDMI3F"
          },
          "sensitive_attributes": [],
          "identity_schema_version": 0
        }
      ]
    },
    {
      "mode": "data",
      "type": "aws_internet_gateway",
      "name": "default",
      "provider": "provider[\"registry.terraform.io/hashicorp/aws\"]",
      "instances": [
        {
          "schema_version": 0,
          "attributes": {
            "arn": "arn:aws:ec2:us-east-2:857360184083:internet-gateway/igw-0c9633e3942b979dc",
            "attachments": [
              {
                "state": "available",
                "vpc_id": "vpc-00ce2d8f8e6ecb305"
              }
            ],
            "filter": [
              {
                "name": "attachment.vpc-id",
                "values": [
                  "vpc-00ce2d8f8e6ecb305"
                ]
              }
            ],
            "id": "igw-0c9633e3942b979dc",
            "internet_gateway_id": "igw-0c9633e3942b979dc",
            "owner_id": "857360184083",
            "tags": {},
            "timeouts": null
          },
          "sensitive_attributes": [],
          "identity_schema_version": 0
        }
      ]
    },
    {
      "mode": "data",
      "type": "aws_security_group",
      "name": "default",
      "provider": "provider[\"registry.terraform.io/hashicorp/aws\"]",
      "instances": [
        {
          "schema_version": 0,
          "attributes": {
            "arn": "arn:aws:ec2:us-east-2:857360184083:security-group/sg-0b98a1e54096ed585",
            "description": "default VPC security group",
            "filter": null,
            "id": "sg-0b98a1e54096ed585",
            "name": "default",
            "tags": {},
            "timeouts": null,
            "vpc_id": "vpc-00ce2d8f8e6ecb305"
          },
          "sensitive_attributes": [],
          "identity_schema_version": 0
        }
      ]
    },
    {
      "mode": "data",
      "type": "aws_vpc",
      "name": "default",
      "provider": "provider[\"registry.terraform.io/hashicorp/aws\"]",
      "instances": [
        {
          "schema_version": 0,
          "attributes": {
            "arn": "arn:aws:ec2:us-east-2:857360184083:vpc/vpc-00ce2d8f8e6ecb305",
            "cidr_block": "172.31.0.0/16",
            "cidr_block_associations": [
              {
                "association_id": "vpc-cidr-assoc-0824e376e57726d1c",
                "cidr_block": "172.31.0.0/16",
                "state": "associated"
              }
            ],
            "default": true,
            "dhcp_options_id": "dopt-024f2ebd35a6606db",
            "enable_dns_hostnames": true,
            "enable_dns_support": true,
            "enable_network_address_usage_metrics": false,
            "filter": null,
            "id": "vpc-00ce2d8f8e6ecb305",
            "instance_tenancy": "default",
            "ipv6_association_id": "",
            "ipv6_cidr_block": "",
            "main_route_table_id": "rtb-0dc932c2d3b50c3ef",
            "owner_id": "857360184083",
            "state": null,
            "tags": {},
            "timeouts": null
          },
          "sensitive_attributes": [],
          "identity_schema_version": 0
        }
      ]
    },
    {
      "mode": "data",
      "type": "http",
      "name": "myip",
      "provider": "provider[\"registry.terraform.io/hashicorp/http\"]",
      "instances": [
        {
          "schema_version": 0,
          "attributes": {
            "body": "98.10.39.224\n",
            "ca_cert_pem": null,
            "client_cert_pem": null,
            "client_key_pem": null,
            "id": "https://ipv4.icanhazip.com",
            "insecure": null,
            "method": null,
            "request_body": null,
            "request_headers": null,
            "request_timeout_ms": null,
            "response_body": "98.10.39.224\n",
            "response_body_base64": "OTguMTAuMzkuMjI0Cg==",
            "response_headers": {
              "Access-Control-Allow-Methods": "GET",
              "Access-Control-Allow-Origin": "*",
              "Alt-Svc": "h3=\":443\"; ma=86400",
              "Cf-Ray": "99567313ce9fc40c-EWR",
              "Content-Length": "13",
              "Content-Type": "text/plain",
              "Date": "Tue, 28 Oct 2025 00:52:16 GMT",
              "Server": "cloudflare",
              "Set-Cookie": "__cf_bm=iDVwjyTjb56CUeemuSa.StRSOMEEAWx2gXyqUnyL4CE-1761612736-1.0.1.1-1lpiSNdfHUQheAkbLeCqXhqJ6m80TkJcnbLqbktf8UntryaaMskbnUbB5yUPBMD0cYgpGFD4KpxChGBsy4IuFRYuVqP8.zYBBGB8ozJWqqA; path=/; expires=Tue, 28-Oct-25 01:22:16 GMT; domain=.icanhazip.com; HttpOnly; Secure; SameSite=None",
              "Vary": "Accept-Encoding"
            },
            "retry": null,
            "status_code": 200,
            "url": "https://ipv4.icanhazip.com"
          },
          "sensitive_attributes": [],
          "identity_schema_version": 0
        }
      ]
    },
    {
      "mode": "managed",
      "type": "aws_api_gateway_authorizer",
      "name": "cognito_authorizer",
      "provider": "provider[\"registry.terraform.io/hashicorp/aws\"]",
      "instances": [
        {
          "schema_version": 0,
          "attributes": {
            "arn": "arn:aws:apigateway:us-east-2::/restapis/buzzzp4ywk/authorizers/6bclv1",
            "authorizer_credentials": "",
            "authorizer_result_ttl_in_seconds": 300,
            "authorizer_uri": "",
            "id": "6bclv1",
            "identity_source": "method.request.header.Authorization",
            "identity_validation_expression": "",
            "name": "cognito-authorizer",
            "provider_arns": [
              "arn:aws:cognito-idp:us-east-2:857360184083:userpool/us-east-2_nrBHXHxW5"
            ],
            "rest_api_id": "buzzzp4ywk",
            "type": "COGNITO_USER_POOLS"
          },
          "sensitive_attributes": [],
          "identity_schema_version": 0,
          "private": "bnVsbA==",
          "dependencies": [
            "aws_api_gateway_rest_api.main"
          ],
          "create_before_destroy": true
        }
      ]
    },
    {
      "mode": "managed",
      "type": "aws_api_gateway_deployment",
      "name": "main",
      "provider": "provider[\"registry.terraform.io/hashicorp/aws\"]",
      "instances": [
        {
          "schema_version": 0,
          "attributes": {
            "canary_settings": [],
            "created_date": "2025-10-25T16:04:55Z",
            "description": "",
            "execution_arn": "arn:aws:execute-api:us-east-2:857360184083:buzzzp4ywk/",
            "id": "3xvpwr",
            "invoke_url": "https://buzzzp4ywk.execute-api.us-east-2.amazonaws.com/",
            "rest_api_id": "buzzzp4ywk",
            "stage_description": null,
            "stage_name": null,
            "triggers": {
              "redeployment": "05f444200c3314b505dc7f3f0b978c148f35392c"
            },
            "variables": null
          },
          "sensitive_attributes": [],
          "identity_schema_version": 0,
          "private": "bnVsbA==",
          "dependencies": [
            "aws_api_gateway_authorizer.cognito_authorizer",
            "aws_api_gateway_integration.main",
            "aws_api_gateway_integration.options",
            "aws_api_gateway_integration_response.options",
            "aws_api_gateway_method.main",
            "aws_api_gateway_method.options",
            "aws_api_gateway_method_response.options",
            "aws_api_gateway_resource.athletes",
            "aws_api_gateway_resource.coaches",
            "aws_api_gateway_resource.general",
            "aws_api_gateway_resource.graph",
            "aws_api_gateway_resource.history",
            "aws_api_gateway_resource.relations",
            "aws_api_gateway_resource.subresources",
            "aws_api_gateway_rest_api.main",
            "aws_db_instance.default",
            "aws_db_subnet_group.rds_private",
            "aws_iam_role.lambda_role",
            "aws_iam_role_policy_attachment.lambda_rds_auth",
            "aws_lambda_function.lambdas",
            "aws_lambda_layer_version.rds",
            "aws_lambda_layer_version.user_auth",
            "aws_security_group.lambda_sg",
            "aws_subnet.private_subnet1",
            "aws_subnet.private_subnet2",
            "data.archive_file.lambda_archives",
            "data.archive_file.rds_layer",
            "data.archive_file.user_auth_layer",
            "data.aws_availability_zones.available",
            "data.aws_vpc.default"
          ],
          "create_before_destroy": true
        }
      ]
    },
    {
      "mode": "managed",
      "type": "aws_api_gateway_integration",
      "name": "main",
      "provider": "provider[\"registry.terraform.io/hashicorp/aws\"]",
      "instances": [
        {
          "index_key": "athletes/input_times",
          "schema_version": 0,
          "attributes": {
            "cache_key_parameters": [],
            "cache_namespace": "akxhzs",
            "connection_id": "",
            "connection_type": "INTERNET",
            "content_handling": "",
            "credentials": "",
            "http_method": "POST",
            "id": "agi-buzzzp4ywk-akxhzs-POST",
            "integration_http_method": "POST",
            "passthrough_behavior": "WHEN_NO_MATCH",
            "request_parameters": {},
            "request_templates": {},
            "resource_id": "akxhzs",
            "rest_api_id": "buzzzp4ywk",
            "timeout_milliseconds": 29000,
            "tls_config": [],
            "type": "AWS_PROXY",
            "uri": "arn:aws:apigateway:us-east-2:lambda:path/2015-03-31/functions/arn:aws:lambda:us-east-2:857360184083:function:input_times/invocations"
          },
          "sensitive_attributes": [],
          "identity_schema_version": 0,
          "private": "bnVsbA==",
          "dependencies": [
            "aws_api_gateway_authorizer.cognito_authorizer",
            "aws_api_gateway_method.main",
            "aws_api_gateway_resource.athletes",
            "aws_api_gateway_resource.coaches",
            "aws_api_gateway_resource.general",
            "aws_api_gateway_resource.graph",
            "aws_api_gateway_resource.history",
            "aws_api_gateway_resource.relations",
            "aws_api_gateway_resource.subresources",
            "aws_api_gateway_rest_api.main",
            "aws_db_instance.default",
            "aws_db_subnet_group.rds_private",
            "aws_iam_role.lambda_role",
            "aws_iam_role_policy_attachment.lambda_rds_auth",
            "aws_lambda_function.lambdas",
            "aws_lambda_layer_version.rds",
            "aws_lambda_layer_version.user_auth",
            "aws_security_group.lambda_sg",
            "aws_subnet.private_subnet1",
            "aws_subnet.private_subnet2",
            "data.archive_file.lambda_archives",
            "data.archive_file.rds_layer",
            "data.archive_file.user_auth_layer",
            "data.aws_availability_zones.available",
            "data.aws_vpc.default"
          ],
          "create_before_destroy": true
        },
        {
          "index_key": "athletes/remove_inputs",
          "schema_version": 0,
          "attributes": {
            "cache_key_parameters": [],
            "cache_namespace": "6emjgf",
            "connection_id": "",
            "connection_type": "INTERNET",
            "content_handling": "",
            "credentials": "",
            "http_method": "POST",
            "id": "agi-buzzzp4ywk-6emjgf-POST",
            "integration_http_method": "POST",
            "passthrough_behavior": "WHEN_NO_MATCH",
            "request_parameters": {},
            "request_templates": {},
            "resource_id": "6emjgf",
            "rest_api_id": "buzzzp4ywk",
            "timeout_milliseconds": 29000,
            "tls_config": [],
            "type": "AWS_PROXY",
            "uri": "arn:aws:apigateway:us-east-2:lambda:path/2015-03-31/functions/arn:aws:lambda:us-east-2:857360184083:function:remove_inputs/invocations"
          },
          "sensitive_attributes": [],
          "identity_schema_version": 0,
          "private": "bnVsbA==",
          "dependencies": [
            "aws_api_gateway_authorizer.cognito_authorizer",
            "aws_api_gateway_method.main",
            "aws_api_gateway_resource.athletes",
            "aws_api_gateway_resource.coaches",
            "aws_api_gateway_resource.general",
            "aws_api_gateway_resource.graph",
            "aws_api_gateway_resource.history",
            "aws_api_gateway_resource.relations",
            "aws_api_gateway_resource.subresources",
            "aws_api_gateway_rest_api.main",
            "aws_db_instance.default",
            "aws_db_subnet_group.rds_private",
            "aws_iam_role.lambda_role",
            "aws_iam_role_policy_attachment.lambda_rds_auth",
            "aws_lambda_function.lambdas",
            "aws_lambda_layer_version.rds",
            "aws_lambda_layer_version.user_auth",
            "aws_security_group.lambda_sg",
            "aws_subnet.private_subnet1",
            "aws_subnet.private_subnet2",
            "data.archive_file.lambda_archives",
            "data.archive_file.rds_layer",
            "data.archive_file.user_auth_layer",
            "data.aws_availability_zones.available",
            "data.aws_vpc.default"
          ],
          "create_before_destroy": true
        },
        {
          "index_key": "athletes/view_workout_inputs",
          "schema_version": 0,
          "attributes": {
            "cache_key_parameters": [],
            "cache_namespace": "wqltih",
            "connection_id": "",
            "connection_type": "INTERNET",
            "content_handling": "",
            "credentials": "",
            "http_method": "GET",
            "id": "agi-buzzzp4ywk-wqltih-GET",
            "integration_http_method": "POST",
            "passthrough_behavior": "WHEN_NO_MATCH",
            "request_parameters": {},
            "request_templates": {},
            "resource_id": "wqltih",
            "rest_api_id": "buzzzp4ywk",
            "timeout_milliseconds": 29000,
            "tls_config": [],
            "type": "AWS_PROXY",
            "uri": "arn:aws:apigateway:us-east-2:lambda:path/2015-03-31/functions/arn:aws:lambda:us-east-2:857360184083:function:view_workout_inputs/invocations"
          },
          "sensitive_attributes": [],
          "identity_schema_version": 0,
          "private": "bnVsbA==",
          "dependencies": [
            "aws_api_gateway_authorizer.cognito_authorizer",
            "aws_api_gateway_method.main",
            "aws_api_gateway_resource.athletes",
            "aws_api_gateway_resource.coaches",
            "aws_api_gateway_resource.general",
            "aws_api_gateway_resource.graph",
            "aws_api_gateway_resource.history",
            "aws_api_gateway_resource.relations",
            "aws_api_gateway_resource.subresources",
            "aws_api_gateway_rest_api.main",
            "aws_db_instance.default",
            "aws_db_subnet_group.rds_private",
            "aws_iam_role.lambda_role",
            "aws_iam_role_policy_attachment.lambda_rds_auth",
            "aws_lambda_function.lambdas",
            "aws_lambda_layer_version.rds",
            "aws_lambda_layer_version.user_auth",
            "aws_security_group.lambda_sg",
            "aws_subnet.private_subnet1",
            "aws_subnet.private_subnet2",
            "data.archive_file.lambda_archives",
            "data.archive_file.rds_layer",
            "data.archive_file.user_auth_layer",
            "data.aws_availability_zones.available",
            "data.aws_vpc.default"
          ],
          "create_before_destroy": true
        },
        {
          "index_key": "general/create_user",
          "schema_version": 0,
          "attributes": {
            "cache_key_parameters": [],
            "cache_namespace": "3ux4l0",
            "connection_id": "",
            "connection_type": "INTERNET",
            "content_handling": "",
            "credentials": "",
            "http_method": "POST",
            "id": "agi-buzzzp4ywk-3ux4l0-POST",
            "integration_http_method": "POST",
            "passthrough_behavior": "WHEN_NO_MATCH",
            "request_parameters": {},
            "request_templates": {},
            "resource_id": "3ux4l0",
            "rest_api_id": "buzzzp4ywk",
            "timeout_milliseconds": 29000,
            "tls_config": [],
            "type": "AWS_PROXY",
            "uri": "arn:aws:apigateway:us-east-2:lambda:path/2015-03-31/functions/arn:aws:lambda:us-east-2:857360184083:function:create_user/invocations"
          },
          "sensitive_attributes": [],
          "identity_schema_version": 0,
          "private": "bnVsbA==",
          "dependencies": [
            "aws_api_gateway_authorizer.cognito_authorizer",
            "aws_api_gateway_method.main",
            "aws_api_gateway_resource.athletes",
            "aws_api_gateway_resource.coaches",
            "aws_api_gateway_resource.general",
            "aws_api_gateway_resource.graph",
            "aws_api_gateway_resource.history",
            "aws_api_gateway_resource.relations",
            "aws_api_gateway_resource.subresources",
            "aws_api_gateway_rest_api.main",
            "aws_db_instance.default",
            "aws_db_subnet_group.rds_private",
            "aws_iam_role.lambda_role",
            "aws_iam_role_policy_attachment.lambda_rds_auth",
            "aws_lambda_function.lambdas",
            "aws_lambda_layer_version.rds",
            "aws_lambda_layer_version.user_auth",
            "aws_security_group.lambda_sg",
            "aws_subnet.private_subnet1",
            "aws_subnet.private_subnet2",
            "data.archive_file.lambda_archives",
            "data.archive_file.rds_layer",
            "data.archive_file.user_auth_layer",
            "data.aws_availability_zones.available",
            "data.aws_vpc.default"
          ],
          "create_before_destroy": true
        },
        {
          "index_key": "general/get_mutual_inputs",
          "schema_version": 0,
          "attributes": {
            "cache_key_parameters": [],
            "cache_namespace": "dnnf27",
            "connection_id": "",
            "connection_type": "INTERNET",
            "content_handling": "",
            "credentials": "",
            "http_method": "GET",
            "id": "agi-buzzzp4ywk-dnnf27-GET",
            "integration_http_method": "POST",
            "passthrough_behavior": "WHEN_NO_MATCH",
            "request_parameters": {},
            "request_templates": {},
            "resource_id": "dnnf27",
            "rest_api_id": "buzzzp4ywk",
            "timeout_milliseconds": 29000,
            "tls_config": [],
            "type": "AWS_PROXY",
            "uri": "arn:aws:apigateway:us-east-2:lambda:path/2015-03-31/functions/arn:aws:lambda:us-east-2:857360184083:function:get_mutual_inputs/invocations"
          },
          "sensitive_attributes": [],
          "identity_schema_version": 0,
          "private": "bnVsbA==",
          "dependencies": [
            "aws_api_gateway_authorizer.cognito_authorizer",
            "aws_api_gateway_method.main",
            "aws_api_gateway_resource.athletes",
            "aws_api_gateway_resource.coaches",
            "aws_api_gateway_resource.general",
            "aws_api_gateway_resource.graph",
            "aws_api_gateway_resource.history",
            "aws_api_gateway_resource.relations",
            "aws_api_gateway_resource.subresources",
            "aws_api_gateway_rest_api.main",
            "aws_db_instance.default",
            "aws_db_subnet_group.rds_private",
            "aws_iam_role.lambda_role",
            "aws_iam_role_policy_attachment.lambda_rds_auth",
            "aws_lambda_function.lambdas",
            "aws_lambda_layer_version.rds",
            "aws_lambda_layer_version.user_auth",
            "aws_security_group.lambda_sg",
            "aws_subnet.private_subnet1",
            "aws_subnet.private_subnet2",
            "data.archive_file.lambda_archives",
            "data.archive_file.rds_layer",
            "data.archive_file.user_auth_layer",
            "data.aws_availability_zones.available",
            "data.aws_vpc.default"
          ],
          "create_before_destroy": true
        },
        {
          "index_key": "general/get_user",
          "schema_version": 0,
          "attributes": {
            "cache_key_parameters": [],
            "cache_namespace": "ofzmk1",
            "connection_id": "",
            "connection_type": "INTERNET",
            "content_handling": "",
            "credentials": "",
            "http_method": "GET",
            "id": "agi-buzzzp4ywk-ofzmk1-GET",
            "integration_http_method": "POST",
            "passthrough_behavior": "WHEN_NO_MATCH",
            "request_parameters": {},
            "request_templates": {},
            "resource_id": "ofzmk1",
            "rest_api_id": "buzzzp4ywk",
            "timeout_milliseconds": 29000,
            "tls_config": [],
            "type": "AWS_PROXY",
            "uri": "arn:aws:apigateway:us-east-2:lambda:path/2015-03-31/functions/arn:aws:lambda:us-east-2:857360184083:function:get_user/invocations"
          },
          "sensitive_attributes": [],
          "identity_schema_version": 0,
          "private": "bnVsbA==",
          "dependencies": [
            "aws_api_gateway_authorizer.cognito_authorizer",
            "aws_api_gateway_method.main",
            "aws_api_gateway_resource.athletes",
            "aws_api_gateway_resource.coaches",
            "aws_api_gateway_resource.general",
            "aws_api_gateway_resource.graph",
            "aws_api_gateway_resource.history",
            "aws_api_gateway_resource.relations",
            "aws_api_gateway_resource.subresources",
            "aws_api_gateway_rest_api.main",
            "aws_db_instance.default",
            "aws_db_subnet_group.rds_private",
            "aws_iam_role.lambda_role",
            "aws_iam_role_policy_attachment.lambda_rds_auth",
            "aws_lambda_function.lambdas",
            "aws_lambda_layer_version.rds",
            "aws_lambda_layer_version.user_auth",
            "aws_security_group.lambda_sg",
            "aws_subnet.private_subnet1",
            "aws_subnet.private_subnet2",
            "data.archive_file.lambda_archives",
            "data.archive_file.rds_layer",
            "data.archive_file.user_auth_layer",
            "data.aws_availability_zones.available",
            "data.aws_vpc.default"
          ],
          "create_before_destroy": true
        },
        {
          "index_key": "general/mass_input",
          "schema_version": 0,
          "attributes": {
            "cache_key_parameters": [],
            "cache_namespace": "ozp6d8",
            "connection_id": "",
            "connection_type": "INTERNET",
            "content_handling": "",
            "credentials": "",
            "http_method": "POST",
            "id": "agi-buzzzp4ywk-ozp6d8-POST",
            "integration_http_method": "POST",
            "passthrough_behavior": "WHEN_NO_MATCH",
            "request_parameters": {},
            "request_templates": {},
            "resource_id": "ozp6d8",
            "rest_api_id": "buzzzp4ywk",
            "timeout_milliseconds": 29000,
            "tls_config": [],
            "type": "AWS_PROXY",
            "uri": "arn:aws:apigateway:us-east-2:lambda:path/2015-03-31/functions/arn:aws:lambda:us-east-2:857360184083:function:mass_input/invocations"
          },
          "sensitive_attributes": [],
          "identity_schema_version": 0,
          "private": "bnVsbA==",
          "dependencies": [
            "aws_api_gateway_authorizer.cognito_authorizer",
            "aws_api_gateway_method.main",
            "aws_api_gateway_resource.athletes",
            "aws_api_gateway_resource.coaches",
            "aws_api_gateway_resource.general",
            "aws_api_gateway_resource.graph",
            "aws_api_gateway_resource.history",
            "aws_api_gateway_resource.relations",
            "aws_api_gateway_resource.subresources",
            "aws_api_gateway_rest_api.main",
            "aws_db_instance.default",
            "aws_db_subnet_group.rds_private",
            "aws_iam_role.lambda_role",
            "aws_iam_role_policy_attachment.lambda_rds_auth",
            "aws_lambda_function.lambdas",
            "aws_lambda_layer_version.rds",
            "aws_lambda_layer_version.user_auth",
            "aws_security_group.lambda_sg",
            "aws_subnet.private_subnet1",
            "aws_subnet.private_subnet2",
            "data.archive_file.lambda_archives",
            "data.archive_file.rds_layer",
            "data.archive_file.user_auth_layer",
            "data.aws_availability_zones.available",
            "data.aws_vpc.default"
          ],
          "create_before_destroy": true
        },
        {
          "index_key": "general/update_user_profile",
          "schema_version": 0,
          "attributes": {
            "cache_key_parameters": [],
            "cache_namespace": "82va20",
            "connection_id": "",
            "connection_type": "INTERNET",
            "content_handling": "",
            "credentials": "",
            "http_method": "POST",
            "id": "agi-buzzzp4ywk-82va20-POST",
            "integration_http_method": "POST",
            "passthrough_behavior": "WHEN_NO_MATCH",
            "request_parameters": {},
            "request_templates": {},
            "resource_id": "82va20",
            "rest_api_id": "buzzzp4ywk",
            "timeout_milliseconds": 29000,
            "tls_config": [],
            "type": "AWS_PROXY",
            "uri": "arn:aws:apigateway:us-east-2:lambda:path/2015-03-31/functions/arn:aws:lambda:us-east-2:857360184083:function:update_user_profile/invocations"
          },
          "sensitive_attributes": [],
          "identity_schema_version": 0,
          "private": "bnVsbA==",
          "dependencies": [
            "aws_api_gateway_authorizer.cognito_authorizer",
            "aws_api_gateway_method.main",
            "aws_api_gateway_resource.athletes",
            "aws_api_gateway_resource.coaches",
            "aws_api_gateway_resource.general",
            "aws_api_gateway_resource.graph",
            "aws_api_gateway_resource.history",
            "aws_api_gateway_resource.relations",
            "aws_api_gateway_resource.subresources",
            "aws_api_gateway_rest_api.main",
            "aws_db_instance.default",
            "aws_db_subnet_group.rds_private",
            "aws_iam_role.lambda_role",
            "aws_iam_role_policy_attachment.lambda_rds_auth",
            "aws_lambda_function.lambdas",
            "aws_lambda_layer_version.rds",
            "aws_lambda_layer_version.user_auth",
            "aws_security_group.lambda_sg",
            "aws_subnet.private_subnet1",
            "aws_subnet.private_subnet2",
            "data.archive_file.lambda_archives",
            "data.archive_file.rds_layer",
            "data.archive_file.user_auth_layer",
            "data.aws_availability_zones.available",
            "data.aws_vpc.default"
          ],
          "create_before_destroy": true
        },
        {
          "index_key": "graph/get_avg_velocity",
          "schema_version": 0,
          "attributes": {
            "cache_key_parameters": [],
            "cache_namespace": "0bywl5",
            "connection_id": "",
            "connection_type": "INTERNET",
            "content_handling": "",
            "credentials": "",
            "http_method": "GET",
            "id": "agi-buzzzp4ywk-0bywl5-GET",
            "integration_http_method": "POST",
            "passthrough_behavior": "WHEN_NO_MATCH",
            "request_parameters": {},
            "request_templates": {},
            "resource_id": "0bywl5",
            "rest_api_id": "buzzzp4ywk",
            "timeout_milliseconds": 29000,
            "tls_config": [],
            "type": "AWS_PROXY",
            "uri": "arn:aws:apigateway:us-east-2:lambda:path/2015-03-31/functions/arn:aws:lambda:us-east-2:857360184083:function:get_avg_velocity/invocations"
          },
          "sensitive_attributes": [],
          "identity_schema_version": 0,
          "private": "bnVsbA==",
          "dependencies": [
            "aws_api_gateway_authorizer.cognito_authorizer",
            "aws_api_gateway_method.main",
            "aws_api_gateway_resource.athletes",
            "aws_api_gateway_resource.coaches",
            "aws_api_gateway_resource.general",
            "aws_api_gateway_resource.graph",
            "aws_api_gateway_resource.history",
            "aws_api_gateway_resource.relations",
            "aws_api_gateway_resource.subresources",
            "aws_api_gateway_rest_api.main",
            "aws_db_instance.default",
            "aws_db_subnet_group.rds_private",
            "aws_iam_role.lambda_role",
            "aws_iam_role_policy_attachment.lambda_rds_auth",
            "aws_lambda_function.lambdas",
            "aws_lambda_layer_version.rds",
            "aws_lambda_layer_version.user_auth",
            "aws_security_group.lambda_sg",
            "aws_subnet.private_subnet1",
            "aws_subnet.private_subnet2",
            "data.archive_file.lambda_archives",
            "data.archive_file.rds_layer",
            "data.archive_file.user_auth_layer",
            "data.aws_availability_zones.available",
            "data.aws_vpc.default"
          ],
          "create_before_destroy": true
        },
        {
          "index_key": "graph/get_work_rest_ratio",
          "schema_version": 0,
          "attributes": {
            "cache_key_parameters": [],
            "cache_namespace": "uxymbx",
            "connection_id": "",
            "connection_type": "INTERNET",
            "content_handling": "",
            "credentials": "",
            "http_method": "GET",
            "id": "agi-buzzzp4ywk-uxymbx-GET",
            "integration_http_method": "POST",
            "passthrough_behavior": "WHEN_NO_MATCH",
            "request_parameters": {},
            "request_templates": {},
            "resource_id": "uxymbx",
            "rest_api_id": "buzzzp4ywk",
            "timeout_milliseconds": 29000,
            "tls_config": [],
            "type": "AWS_PROXY",
            "uri": "arn:aws:apigateway:us-east-2:lambda:path/2015-03-31/functions/arn:aws:lambda:us-east-2:857360184083:function:get_work_rest_ratio/invocations"
          },
          "sensitive_attributes": [],
          "identity_schema_version": 0,
          "private": "bnVsbA==",
          "dependencies": [
            "aws_api_gateway_authorizer.cognito_authorizer",
            "aws_api_gateway_method.main",
            "aws_api_gateway_resource.athletes",
            "aws_api_gateway_resource.coaches",
            "aws_api_gateway_resource.general",
            "aws_api_gateway_resource.graph",
            "aws_api_gateway_resource.history",
            "aws_api_gateway_resource.relations",
            "aws_api_gateway_resource.subresources",
            "aws_api_gateway_rest_api.main",
            "aws_db_instance.default",
            "aws_db_subnet_group.rds_private",
            "aws_iam_role.lambda_role",
            "aws_iam_role_policy_attachment.lambda_rds_auth",
            "aws_lambda_function.lambdas",
            "aws_lambda_layer_version.rds",
            "aws_lambda_layer_version.user_auth",
            "aws_security_group.lambda_sg",
            "aws_subnet.private_subnet1",
            "aws_subnet.private_subnet2",
            "data.archive_file.lambda_archives",
            "data.archive_file.rds_layer",
            "data.archive_file.user_auth_layer",
            "data.aws_availability_zones.available",
            "data.aws_vpc.default"
          ],
          "create_before_destroy": true
        },
        {
          "index_key": "history/fetch_historical_data",
          "schema_version": 0,
          "attributes": {
            "cache_key_parameters": [],
            "cache_namespace": "ax5rm1",
            "connection_id": "",
            "connection_type": "INTERNET",
            "content_handling": "",
            "credentials": "",
            "http_method": "GET",
            "id": "agi-buzzzp4ywk-ax5rm1-GET",
            "integration_http_method": "POST",
            "passthrough_behavior": "WHEN_NO_MATCH",
            "request_parameters": {},
            "request_templates": {},
            "resource_id": "ax5rm1",
            "rest_api_id": "buzzzp4ywk",
            "timeout_milliseconds": 29000,
            "tls_config": [],
            "type": "AWS_PROXY",
            "uri": "arn:aws:apigateway:us-east-2:lambda:path/2015-03-31/functions/arn:aws:lambda:us-east-2:857360184083:function:fetch_historical_data/invocations"
          },
          "sensitive_attributes": [],
          "identity_schema_version": 0,
          "private": "bnVsbA==",
          "dependencies": [
            "aws_api_gateway_authorizer.cognito_authorizer",
            "aws_api_gateway_method.main",
            "aws_api_gateway_resource.athletes",
            "aws_api_gateway_resource.coaches",
            "aws_api_gateway_resource.general",
            "aws_api_gateway_resource.graph",
            "aws_api_gateway_resource.history",
            "aws_api_gateway_resource.relations",
            "aws_api_gateway_resource.subresources",
            "aws_api_gateway_rest_api.main",
            "aws_db_instance.default",
            "aws_db_subnet_group.rds_private",
            "aws_iam_role.lambda_role",
            "aws_iam_role_policy_attachment.lambda_rds_auth",
            "aws_lambda_function.lambdas",
            "aws_lambda_layer_version.rds",
            "aws_lambda_layer_version.user_auth",
            "aws_security_group.lambda_sg",
            "aws_subnet.private_subnet1",
            "aws_subnet.private_subnet2",
            "data.archive_file.lambda_archives",
            "data.archive_file.rds_layer",
            "data.archive_file.user_auth_layer",
            "data.aws_availability_zones.available",
            "data.aws_vpc.default"
          ],
          "create_before_destroy": true
        },
        {
          "index_key": "history/get_available_history_dates",
          "schema_version": 0,
          "attributes": {
            "cache_key_parameters": [],
            "cache_namespace": "mbjupg",
            "connection_id": "",
            "connection_type": "INTERNET",
            "content_handling": "",
            "credentials": "",
            "http_method": "GET",
            "id": "agi-buzzzp4ywk-mbjupg-GET",
            "integration_http_method": "POST",
            "passthrough_behavior": "WHEN_NO_MATCH",
            "request_parameters": {},
            "request_templates": {},
            "resource_id": "mbjupg",
            "rest_api_id": "buzzzp4ywk",
            "timeout_milliseconds": 29000,
            "tls_config": [],
            "type": "AWS_PROXY",
            "uri": "arn:aws:apigateway:us-east-2:lambda:path/2015-03-31/functions/arn:aws:lambda:us-east-2:857360184083:function:get_available_history_dates/invocations"
          },
          "sensitive_attributes": [],
          "identity_schema_version": 0,
          "private": "bnVsbA==",
          "dependencies": [
            "aws_api_gateway_authorizer.cognito_authorizer",
            "aws_api_gateway_method.main",
            "aws_api_gateway_resource.athletes",
            "aws_api_gateway_resource.coaches",
            "aws_api_gateway_resource.general",
            "aws_api_gateway_resource.graph",
            "aws_api_gateway_resource.history",
            "aws_api_gateway_resource.relations",
            "aws_api_gateway_resource.subresources",
            "aws_api_gateway_rest_api.main",
            "aws_db_instance.default",
            "aws_db_subnet_group.rds_private",
            "aws_iam_role.lambda_role",
            "aws_iam_role_policy_attachment.lambda_rds_auth",
            "aws_lambda_function.lambdas",
            "aws_lambda_layer_version.rds",
            "aws_lambda_layer_version.user_auth",
            "aws_security_group.lambda_sg",
            "aws_subnet.private_subnet1",
            "aws_subnet.private_subnet2",
            "data.archive_file.lambda_archives",
            "data.archive_file.rds_layer",
            "data.archive_file.user_auth_layer",
            "data.aws_availability_zones.available",
            "data.aws_vpc.default"
          ],
          "create_before_destroy": true
        },
        {
          "index_key": "history/get_earliest_date_available",
          "schema_version": 0,
          "attributes": {
            "cache_key_parameters": [],
            "cache_namespace": "p8a8f8",
            "connection_id": "",
            "connection_type": "INTERNET",
            "content_handling": "",
            "credentials": "",
            "http_method": "GET",
            "id": "agi-buzzzp4ywk-p8a8f8-GET",
            "integration_http_method": "POST",
            "passthrough_behavior": "WHEN_NO_MATCH",
            "request_parameters": {},
            "request_templates": {},
            "resource_id": "p8a8f8",
            "rest_api_id": "buzzzp4ywk",
            "timeout_milliseconds": 29000,
            "tls_config": [],
            "type": "AWS_PROXY",
            "uri": "arn:aws:apigateway:us-east-2:lambda:path/2015-03-31/functions/arn:aws:lambda:us-east-2:857360184083:function:get_earliest_date_available/invocations"
          },
          "sensitive_attributes": [],
          "identity_schema_version": 0,
          "private": "bnVsbA==",
          "dependencies": [
            "aws_api_gateway_authorizer.cognito_authorizer",
            "aws_api_gateway_method.main",
            "aws_api_gateway_resource.athletes",
            "aws_api_gateway_resource.coaches",
            "aws_api_gateway_resource.general",
            "aws_api_gateway_resource.graph",
            "aws_api_gateway_resource.history",
            "aws_api_gateway_resource.relations",
            "aws_api_gateway_resource.subresources",
            "aws_api_gateway_rest_api.main",
            "aws_db_instance.default",
            "aws_db_subnet_group.rds_private",
            "aws_iam_role.lambda_role",
            "aws_iam_role_policy_attachment.lambda_rds_auth",
            "aws_lambda_function.lambdas",
            "aws_lambda_layer_version.rds",
            "aws_lambda_layer_version.user_auth",
            "aws_security_group.lambda_sg",
            "aws_subnet.private_subnet1",
            "aws_subnet.private_subnet2",
            "data.archive_file.lambda_archives",
            "data.archive_file.rds_layer",
            "data.archive_file.user_auth_layer",
            "data.aws_availability_zones.available",
            "data.aws_vpc.default"
          ],
          "create_before_destroy": true
        },
        {
          "index_key": "relations/add_relation",
          "schema_version": 0,
          "attributes": {
            "cache_key_parameters": [],
            "cache_namespace": "zs7qut",
            "connection_id": "",
            "connection_type": "INTERNET",
            "content_handling": "",
            "credentials": "",
            "http_method": "POST",
            "id": "agi-buzzzp4ywk-zs7qut-POST",
            "integration_http_method": "POST",
            "passthrough_behavior": "WHEN_NO_MATCH",
            "request_parameters": {},
            "request_templates": {},
            "resource_id": "zs7qut",
            "rest_api_id": "buzzzp4ywk",
            "timeout_milliseconds": 29000,
            "tls_config": [],
            "type": "AWS_PROXY",
            "uri": "arn:aws:apigateway:us-east-2:lambda:path/2015-03-31/functions/arn:aws:lambda:us-east-2:857360184083:function:add_relation/invocations"
          },
          "sensitive_attributes": [],
          "identity_schema_version": 0,
          "private": "bnVsbA==",
          "dependencies": [
            "aws_api_gateway_authorizer.cognito_authorizer",
            "aws_api_gateway_method.main",
            "aws_api_gateway_resource.athletes",
            "aws_api_gateway_resource.coaches",
            "aws_api_gateway_resource.general",
            "aws_api_gateway_resource.graph",
            "aws_api_gateway_resource.history",
            "aws_api_gateway_resource.relations",
            "aws_api_gateway_resource.subresources",
            "aws_api_gateway_rest_api.main",
            "aws_db_instance.default",
            "aws_db_subnet_group.rds_private",
            "aws_iam_role.lambda_role",
            "aws_iam_role_policy_attachment.lambda_rds_auth",
            "aws_lambda_function.lambdas",
            "aws_lambda_layer_version.rds",
            "aws_lambda_layer_version.user_auth",
            "aws_security_group.lambda_sg",
            "aws_subnet.private_subnet1",
            "aws_subnet.private_subnet2",
            "data.archive_file.lambda_archives",
            "data.archive_file.rds_layer",
            "data.archive_file.user_auth_layer",
            "data.aws_availability_zones.available",
            "data.aws_vpc.default"
          ],
          "create_before_destroy": true
        },
        {
          "index_key": "relations/get_mutual_athletes",
          "schema_version": 0,
          "attributes": {
            "cache_key_parameters": [],
            "cache_namespace": "owe3in",
            "connection_id": "",
            "connection_type": "INTERNET",
            "content_handling": "",
            "credentials": "",
            "http_method": "GET",
            "id": "agi-buzzzp4ywk-owe3in-GET",
            "integration_http_method": "POST",
            "passthrough_behavior": "WHEN_NO_MATCH",
            "request_parameters": {},
            "request_templates": {},
            "resource_id": "owe3in",
            "rest_api_id": "buzzzp4ywk",
            "timeout_milliseconds": 29000,
            "tls_config": [],
            "type": "AWS_PROXY",
            "uri": "arn:aws:apigateway:us-east-2:lambda:path/2015-03-31/functions/arn:aws:lambda:us-east-2:857360184083:function:get_mutual_athletes/invocations"
          },
          "sensitive_attributes": [],
          "identity_schema_version": 0,
          "private": "bnVsbA==",
          "dependencies": [
            "aws_api_gateway_authorizer.cognito_authorizer",
            "aws_api_gateway_method.main",
            "aws_api_gateway_resource.athletes",
            "aws_api_gateway_resource.coaches",
            "aws_api_gateway_resource.general",
            "aws_api_gateway_resource.graph",
            "aws_api_gateway_resource.history",
            "aws_api_gateway_resource.relations",
            "aws_api_gateway_resource.subresources",
            "aws_api_gateway_rest_api.main",
            "aws_db_instance.default",
            "aws_db_subnet_group.rds_private",
            "aws_iam_role.lambda_role",
            "aws_iam_role_policy_attachment.lambda_rds_auth",
            "aws_lambda_function.lambdas",
            "aws_lambda_layer_version.rds",
            "aws_lambda_layer_version.user_auth",
            "aws_security_group.lambda_sg",
            "aws_subnet.private_subnet1",
            "aws_subnet.private_subnet2",
            "data.archive_file.lambda_archives",
            "data.archive_file.rds_layer",
            "data.archive_file.user_auth_layer",
            "data.aws_availability_zones.available",
            "data.aws_vpc.default"
          ],
          "create_before_destroy": true
        },
        {
          "index_key": "relations/get_mutual_user_relations",
          "schema_version": 0,
          "attributes": {
            "cache_key_parameters": [],
            "cache_namespace": "h1iinp",
            "connection_id": "",
            "connection_type": "INTERNET",
            "content_handling": "",
            "credentials": "",
            "http_method": "GET",
            "id": "agi-buzzzp4ywk-h1iinp-GET",
            "integration_http_method": "POST",
            "passthrough_behavior": "WHEN_NO_MATCH",
            "request_parameters": {},
            "request_templates": {},
            "resource_id": "h1iinp",
            "rest_api_id": "buzzzp4ywk",
            "timeout_milliseconds": 29000,
            "tls_config": [],
            "type": "AWS_PROXY",
            "uri": "arn:aws:apigateway:us-east-2:lambda:path/2015-03-31/functions/arn:aws:lambda:us-east-2:857360184083:function:get_mutual_user_relations/invocations"
          },
          "sensitive_attributes": [],
          "identity_schema_version": 0,
          "private": "bnVsbA==",
          "dependencies": [
            "aws_api_gateway_authorizer.cognito_authorizer",
            "aws_api_gateway_method.main",
            "aws_api_gateway_resource.athletes",
            "aws_api_gateway_resource.coaches",
            "aws_api_gateway_resource.general",
            "aws_api_gateway_resource.graph",
            "aws_api_gateway_resource.history",
            "aws_api_gateway_resource.relations",
            "aws_api_gateway_resource.subresources",
            "aws_api_gateway_rest_api.main",
            "aws_db_instance.default",
            "aws_db_subnet_group.rds_private",
            "aws_iam_role.lambda_role",
            "aws_iam_role_policy_attachment.lambda_rds_auth",
            "aws_lambda_function.lambdas",
            "aws_lambda_layer_version.rds",
            "aws_lambda_layer_version.user_auth",
            "aws_security_group.lambda_sg",
            "aws_subnet.private_subnet1",
            "aws_subnet.private_subnet2",
            "data.archive_file.lambda_archives",
            "data.archive_file.rds_layer",
            "data.archive_file.user_auth_layer",
            "data.aws_availability_zones.available",
            "data.aws_vpc.default"
          ],
          "create_before_destroy": true
        },
        {
          "index_key": "relations/get_relation_invites",
          "schema_version": 0,
          "attributes": {
            "cache_key_parameters": [],
            "cache_namespace": "q4nprh",
            "connection_id": "",
            "connection_type": "INTERNET",
            "content_handling": "",
            "credentials": "",
            "http_method": "GET",
            "id": "agi-buzzzp4ywk-q4nprh-GET",
            "integration_http_method": "POST",
            "passthrough_behavior": "WHEN_NO_MATCH",
            "request_parameters": {},
            "request_templates": {},
            "resource_id": "q4nprh",
            "rest_api_id": "buzzzp4ywk",
            "timeout_milliseconds": 29000,
            "tls_config": [],
            "type": "AWS_PROXY",
            "uri": "arn:aws:apigateway:us-east-2:lambda:path/2015-03-31/functions/arn:aws:lambda:us-east-2:857360184083:function:get_relation_invites/invocations"
          },
          "sensitive_attributes": [],
          "identity_schema_version": 0,
          "private": "bnVsbA==",
          "dependencies": [
            "aws_api_gateway_authorizer.cognito_authorizer",
            "aws_api_gateway_method.main",
            "aws_api_gateway_resource.athletes",
            "aws_api_gateway_resource.coaches",
            "aws_api_gateway_resource.general",
            "aws_api_gateway_resource.graph",
            "aws_api_gateway_resource.history",
            "aws_api_gateway_resource.relations",
            "aws_api_gateway_resource.subresources",
            "aws_api_gateway_rest_api.main",
            "aws_db_instance.default",
            "aws_db_subnet_group.rds_private",
            "aws_iam_role.lambda_role",
            "aws_iam_role_policy_attachment.lambda_rds_auth",
            "aws_lambda_function.lambdas",
            "aws_lambda_layer_version.rds",
            "aws_lambda_layer_version.user_auth",
            "aws_security_group.lambda_sg",
            "aws_subnet.private_subnet1",
            "aws_subnet.private_subnet2",
            "data.archive_file.lambda_archives",
            "data.archive_file.rds_layer",
            "data.archive_file.user_auth_layer",
            "data.aws_availability_zones.available",
            "data.aws_vpc.default"
          ],
          "create_before_destroy": true
        },
        {
          "index_key": "relations/get_relation_invites_count",
          "schema_version": 0,
          "attributes": {
            "cache_key_parameters": [],
            "cache_namespace": "7mmdfl",
            "connection_id": "",
            "connection_type": "INTERNET",
            "content_handling": "",
            "credentials": "",
            "http_method": "GET",
            "id": "agi-buzzzp4ywk-7mmdfl-GET",
            "integration_http_method": "POST",
            "passthrough_behavior": "WHEN_NO_MATCH",
            "request_parameters": {},
            "request_templates": {},
            "resource_id": "7mmdfl",
            "rest_api_id": "buzzzp4ywk",
            "timeout_milliseconds": 29000,
            "tls_config": [],
            "type": "AWS_PROXY",
            "uri": "arn:aws:apigateway:us-east-2:lambda:path/2015-03-31/functions/arn:aws:lambda:us-east-2:857360184083:function:get_relation_invites_count/invocations"
          },
          "sensitive_attributes": [],
          "identity_schema_version": 0,
          "private": "bnVsbA==",
          "dependencies": [
            "aws_api_gateway_authorizer.cognito_authorizer",
            "aws_api_gateway_method.main",
            "aws_api_gateway_resource.athletes",
            "aws_api_gateway_resource.coaches",
            "aws_api_gateway_resource.general",
            "aws_api_gateway_resource.graph",
            "aws_api_gateway_resource.history",
            "aws_api_gateway_resource.relations",
            "aws_api_gateway_resource.subresources",
            "aws_api_gateway_rest_api.main",
            "aws_db_instance.default",
            "aws_db_subnet_group.rds_private",
            "aws_iam_role.lambda_role",
            "aws_iam_role_policy_attachment.lambda_rds_auth",
            "aws_lambda_function.lambdas",
            "aws_lambda_layer_version.rds",
            "aws_lambda_layer_version.user_auth",
            "aws_security_group.lambda_sg",
            "aws_subnet.private_subnet1",
            "aws_subnet.private_subnet2",
            "data.archive_file.lambda_archives",
            "data.archive_file.rds_layer",
            "data.archive_file.user_auth_layer",
            "data.aws_availability_zones.available",
            "data.aws_vpc.default"
          ],
          "create_before_destroy": true
        },
        {
          "index_key": "relations/remove_user_relation",
          "schema_version": 0,
          "attributes": {
            "cache_key_parameters": [],
            "cache_namespace": "xzk7ie",
            "connection_id": "",
            "connection_type": "INTERNET",
            "content_handling": "",
            "credentials": "",
            "http_method": "DELETE",
            "id": "agi-buzzzp4ywk-xzk7ie-DELETE",
            "integration_http_method": "POST",
            "passthrough_behavior": "WHEN_NO_MATCH",
            "request_parameters": {},
            "request_templates": {},
            "resource_id": "xzk7ie",
            "rest_api_id": "buzzzp4ywk",
            "timeout_milliseconds": 29000,
            "tls_config": [],
            "type": "AWS_PROXY",
            "uri": "arn:aws:apigateway:us-east-2:lambda:path/2015-03-31/functions/arn:aws:lambda:us-east-2:857360184083:function:remove_user_relation/invocations"
          },
          "sensitive_attributes": [],
          "identity_schema_version": 0,
          "private": "bnVsbA==",
          "dependencies": [
            "aws_api_gateway_authorizer.cognito_authorizer",
            "aws_api_gateway_method.main",
            "aws_api_gateway_resource.athletes",
            "aws_api_gateway_resource.coaches",
            "aws_api_gateway_resource.general",
            "aws_api_gateway_resource.graph",
            "aws_api_gateway_resource.history",
            "aws_api_gateway_resource.relations",
            "aws_api_gateway_resource.subresources",
            "aws_api_gateway_rest_api.main",
            "aws_db_instance.default",
            "aws_db_subnet_group.rds_private",
            "aws_iam_role.lambda_role",
            "aws_iam_role_policy_attachment.lambda_rds_auth",
            "aws_lambda_function.lambdas",
            "aws_lambda_layer_version.rds",
            "aws_lambda_layer_version.user_auth",
            "aws_security_group.lambda_sg",
            "aws_subnet.private_subnet1",
            "aws_subnet.private_subnet2",
            "data.archive_file.lambda_archives",
            "data.archive_file.rds_layer",
            "data.archive_file.user_auth_layer",
            "data.aws_availability_zones.available",
            "data.aws_vpc.default"
          ],
          "create_before_destroy": true
        },
        {
          "index_key": "relations/search_user_relation",
          "schema_version": 0,
          "attributes": {
            "cache_key_parameters": [],
            "cache_namespace": "vodnr3",
            "connection_id": "",
            "connection_type": "INTERNET",
            "content_handling": "",
            "credentials": "",
            "http_method": "GET",
            "id": "agi-buzzzp4ywk-vodnr3-GET",
            "integration_http_method": "POST",
            "passthrough_behavior": "WHEN_NO_MATCH",
            "request_parameters": {},
            "request_templates": {},
            "resource_id": "vodnr3",
            "rest_api_id": "buzzzp4ywk",
            "timeout_milliseconds": 29000,
            "tls_config": [],
            "type": "AWS_PROXY",
            "uri": "arn:aws:apigateway:us-east-2:lambda:path/2015-03-31/functions/arn:aws:lambda:us-east-2:857360184083:function:search_user_relation/invocations"
          },
          "sensitive_attributes": [],
          "identity_schema_version": 0,
          "private": "bnVsbA==",
          "dependencies": [
            "aws_api_gateway_authorizer.cognito_authorizer",
            "aws_api_gateway_method.main",
            "aws_api_gateway_resource.athletes",
            "aws_api_gateway_resource.coaches",
            "aws_api_gateway_resource.general",
            "aws_api_gateway_resource.graph",
            "aws_api_gateway_resource.history",
            "aws_api_gateway_resource.relations",
            "aws_api_gateway_resource.subresources",
            "aws_api_gateway_rest_api.main",
            "aws_db_instance.default",
            "aws_db_subnet_group.rds_private",
            "aws_iam_role.lambda_role",
            "aws_iam_role_policy_attachment.lambda_rds_auth",
            "aws_lambda_function.lambdas",
            "aws_lambda_layer_version.rds",
            "aws_lambda_layer_version.user_auth",
            "aws_security_group.lambda_sg",
            "aws_subnet.private_subnet1",
            "aws_subnet.private_subnet2",
            "data.archive_file.lambda_archives",
            "data.archive_file.rds_layer",
            "data.archive_file.user_auth_layer",
            "data.aws_availability_zones.available",
            "data.aws_vpc.default"
          ],
          "create_before_destroy": true
        }
      ]
    },
    {
      "mode": "managed",
      "type": "aws_api_gateway_integration",
      "name": "options",
      "provider": "provider[\"registry.terraform.io/hashicorp/aws\"]",
      "instances": [
        {
          "index_key": "athletes/input_times",
          "schema_version": 0,
          "attributes": {
            "cache_key_parameters": [],
            "cache_namespace": "akxhzs",
            "connection_id": "",
            "connection_type": "INTERNET",
            "content_handling": "",
            "credentials": "",
            "http_method": "OPTIONS",
            "id": "agi-buzzzp4ywk-akxhzs-OPTIONS",
            "integration_http_method": "",
            "passthrough_behavior": "WHEN_NO_MATCH",
            "request_parameters": {},
            "request_templates": {
              "application/json": "{\"statusCode\": 200}"
            },
            "resource_id": "akxhzs",
            "rest_api_id": "buzzzp4ywk",
            "timeout_milliseconds": 29000,
            "tls_config": [],
            "type": "MOCK",
            "uri": ""
          },
          "sensitive_attributes": [],
          "identity_schema_version": 0,
          "private": "bnVsbA==",
          "dependencies": [
            "aws_api_gateway_method.options",
            "aws_api_gateway_resource.athletes",
            "aws_api_gateway_resource.coaches",
            "aws_api_gateway_resource.general",
            "aws_api_gateway_resource.graph",
            "aws_api_gateway_resource.history",
            "aws_api_gateway_resource.relations",
            "aws_api_gateway_resource.subresources",
            "aws_api_gateway_rest_api.main",
            "aws_db_instance.default",
            "aws_db_subnet_group.rds_private",
            "aws_iam_role.lambda_role",
            "aws_iam_role_policy_attachment.lambda_rds_auth",
            "aws_lambda_function.lambdas",
            "aws_lambda_layer_version.rds",
            "aws_lambda_layer_version.user_auth",
            "aws_security_group.lambda_sg",
            "aws_subnet.private_subnet1",
            "aws_subnet.private_subnet2",
            "data.archive_file.lambda_archives",
            "data.archive_file.rds_layer",
            "data.archive_file.user_auth_layer",
            "data.aws_availability_zones.available",
            "data.aws_vpc.default"
          ],
          "create_before_destroy": true
        },
        {
          "index_key": "athletes/remove_inputs",
          "schema_version": 0,
          "attributes": {
            "cache_key_parameters": [],
            "cache_namespace": "6emjgf",
            "connection_id": "",
            "connection_type": "INTERNET",
            "content_handling": "",
            "credentials": "",
            "http_method": "OPTIONS",
            "id": "agi-buzzzp4ywk-6emjgf-OPTIONS",
            "integration_http_method": "",
            "passthrough_behavior": "WHEN_NO_MATCH",
            "request_parameters": {},
            "request_templates": {
              "application/json": "{\"statusCode\": 200}"
            },
            "resource_id": "6emjgf",
            "rest_api_id": "buzzzp4ywk",
            "timeout_milliseconds": 29000,
            "tls_config": [],
            "type": "MOCK",
            "uri": ""
          },
          "sensitive_attributes": [],
          "identity_schema_version": 0,
          "private": "bnVsbA==",
          "dependencies": [
            "aws_api_gateway_method.options",
            "aws_api_gateway_resource.athletes",
            "aws_api_gateway_resource.coaches",
            "aws_api_gateway_resource.general",
            "aws_api_gateway_resource.graph",
            "aws_api_gateway_resource.history",
            "aws_api_gateway_resource.relations",
            "aws_api_gateway_resource.subresources",
            "aws_api_gateway_rest_api.main",
            "aws_db_instance.default",
            "aws_db_subnet_group.rds_private",
            "aws_iam_role.lambda_role",
            "aws_iam_role_policy_attachment.lambda_rds_auth",
            "aws_lambda_function.lambdas",
            "aws_lambda_layer_version.rds",
            "aws_lambda_layer_version.user_auth",
            "aws_security_group.lambda_sg",
            "aws_subnet.private_subnet1",
            "aws_subnet.private_subnet2",
            "data.archive_file.lambda_archives",
            "data.archive_file.rds_layer",
            "data.archive_file.user_auth_layer",
            "data.aws_availability_zones.available",
            "data.aws_vpc.default"
          ],
          "create_before_destroy": true
        },
        {
          "index_key": "athletes/view_workout_inputs",
          "schema_version": 0,
          "attributes": {
            "cache_key_parameters": [],
            "cache_namespace": "wqltih",
            "connection_id": "",
            "connection_type": "INTERNET",
            "content_handling": "",
            "credentials": "",
            "http_method": "OPTIONS",
            "id": "agi-buzzzp4ywk-wqltih-OPTIONS",
            "integration_http_method": "",
            "passthrough_behavior": "WHEN_NO_MATCH",
            "request_parameters": {},
            "request_templates": {
              "application/json": "{\"statusCode\": 200}"
            },
            "resource_id": "wqltih",
            "rest_api_id": "buzzzp4ywk",
            "timeout_milliseconds": 29000,
            "tls_config": [],
            "type": "MOCK",
            "uri": ""
          },
          "sensitive_attributes": [],
          "identity_schema_version": 0,
          "private": "bnVsbA==",
          "dependencies": [
            "aws_api_gateway_method.options",
            "aws_api_gateway_resource.athletes",
            "aws_api_gateway_resource.coaches",
            "aws_api_gateway_resource.general",
            "aws_api_gateway_resource.graph",
            "aws_api_gateway_resource.history",
            "aws_api_gateway_resource.relations",
            "aws_api_gateway_resource.subresources",
            "aws_api_gateway_rest_api.main",
            "aws_db_instance.default",
            "aws_db_subnet_group.rds_private",
            "aws_iam_role.lambda_role",
            "aws_iam_role_policy_attachment.lambda_rds_auth",
            "aws_lambda_function.lambdas",
            "aws_lambda_layer_version.rds",
            "aws_lambda_layer_version.user_auth",
            "aws_security_group.lambda_sg",
            "aws_subnet.private_subnet1",
            "aws_subnet.private_subnet2",
            "data.archive_file.lambda_archives",
            "data.archive_file.rds_layer",
            "data.archive_file.user_auth_layer",
            "data.aws_availability_zones.available",
            "data.aws_vpc.default"
          ],
          "create_before_destroy": true
        },
        {
          "index_key": "general/create_user",
          "schema_version": 0,
          "attributes": {
            "cache_key_parameters": [],
            "cache_namespace": "3ux4l0",
            "connection_id": "",
            "connection_type": "INTERNET",
            "content_handling": "",
            "credentials": "",
            "http_method": "OPTIONS",
            "id": "agi-buzzzp4ywk-3ux4l0-OPTIONS",
            "integration_http_method": "",
            "passthrough_behavior": "WHEN_NO_MATCH",
            "request_parameters": {},
            "request_templates": {
              "application/json": "{\"statusCode\": 200}"
            },
            "resource_id": "3ux4l0",
            "rest_api_id": "buzzzp4ywk",
            "timeout_milliseconds": 29000,
            "tls_config": [],
            "type": "MOCK",
            "uri": ""
          },
          "sensitive_attributes": [],
          "identity_schema_version": 0,
          "private": "bnVsbA==",
          "dependencies": [
            "aws_api_gateway_method.options",
            "aws_api_gateway_resource.athletes",
            "aws_api_gateway_resource.coaches",
            "aws_api_gateway_resource.general",
            "aws_api_gateway_resource.graph",
            "aws_api_gateway_resource.history",
            "aws_api_gateway_resource.relations",
            "aws_api_gateway_resource.subresources",
            "aws_api_gateway_rest_api.main",
            "aws_db_instance.default",
            "aws_db_subnet_group.rds_private",
            "aws_iam_role.lambda_role",
            "aws_iam_role_policy_attachment.lambda_rds_auth",
            "aws_lambda_function.lambdas",
            "aws_lambda_layer_version.rds",
            "aws_lambda_layer_version.user_auth",
            "aws_security_group.lambda_sg",
            "aws_subnet.private_subnet1",
            "aws_subnet.private_subnet2",
            "data.archive_file.lambda_archives",
            "data.archive_file.rds_layer",
            "data.archive_file.user_auth_layer",
            "data.aws_availability_zones.available",
            "data.aws_vpc.default"
          ],
          "create_before_destroy": true
        },
        {
          "index_key": "general/get_mutual_inputs",
          "schema_version": 0,
          "attributes": {
            "cache_key_parameters": [],
            "cache_namespace": "dnnf27",
            "connection_id": "",
            "connection_type": "INTERNET",
            "content_handling": "",
            "credentials": "",
            "http_method": "OPTIONS",
            "id": "agi-buzzzp4ywk-dnnf27-OPTIONS",
            "integration_http_method": "",
            "passthrough_behavior": "WHEN_NO_MATCH",
            "request_parameters": {},
            "request_templates": {
              "application/json": "{\"statusCode\": 200}"
            },
            "resource_id": "dnnf27",
            "rest_api_id": "buzzzp4ywk",
            "timeout_milliseconds": 29000,
            "tls_config": [],
            "type": "MOCK",
            "uri": ""
          },
          "sensitive_attributes": [],
          "identity_schema_version": 0,
          "private": "bnVsbA==",
          "dependencies": [
            "aws_api_gateway_method.options",
            "aws_api_gateway_resource.athletes",
            "aws_api_gateway_resource.coaches",
            "aws_api_gateway_resource.general",
            "aws_api_gateway_resource.graph",
            "aws_api_gateway_resource.history",
            "aws_api_gateway_resource.relations",
            "aws_api_gateway_resource.subresources",
            "aws_api_gateway_rest_api.main",
            "aws_db_instance.default",
            "aws_db_subnet_group.rds_private",
            "aws_iam_role.lambda_role",
            "aws_iam_role_policy_attachment.lambda_rds_auth",
            "aws_lambda_function.lambdas",
            "aws_lambda_layer_version.rds",
            "aws_lambda_layer_version.user_auth",
            "aws_security_group.lambda_sg",
            "aws_subnet.private_subnet1",
            "aws_subnet.private_subnet2",
            "data.archive_file.lambda_archives",
            "data.archive_file.rds_layer",
            "data.archive_file.user_auth_layer",
            "data.aws_availability_zones.available",
            "data.aws_vpc.default"
          ],
          "create_before_destroy": true
        },
        {
          "index_key": "general/get_user",
          "schema_version": 0,
          "attributes": {
            "cache_key_parameters": [],
            "cache_namespace": "ofzmk1",
            "connection_id": "",
            "connection_type": "INTERNET",
            "content_handling": "",
            "credentials": "",
            "http_method": "OPTIONS",
            "id": "agi-buzzzp4ywk-ofzmk1-OPTIONS",
            "integration_http_method": "",
            "passthrough_behavior": "WHEN_NO_MATCH",
            "request_parameters": {},
            "request_templates": {
              "application/json": "{\"statusCode\": 200}"
            },
            "resource_id": "ofzmk1",
            "rest_api_id": "buzzzp4ywk",
            "timeout_milliseconds": 29000,
            "tls_config": [],
            "type": "MOCK",
            "uri": ""
          },
          "sensitive_attributes": [],
          "identity_schema_version": 0,
          "private": "bnVsbA==",
          "dependencies": [
            "aws_api_gateway_method.options",
            "aws_api_gateway_resource.athletes",
            "aws_api_gateway_resource.coaches",
            "aws_api_gateway_resource.general",
            "aws_api_gateway_resource.graph",
            "aws_api_gateway_resource.history",
            "aws_api_gateway_resource.relations",
            "aws_api_gateway_resource.subresources",
            "aws_api_gateway_rest_api.main",
            "aws_db_instance.default",
            "aws_db_subnet_group.rds_private",
            "aws_iam_role.lambda_role",
            "aws_iam_role_policy_attachment.lambda_rds_auth",
            "aws_lambda_function.lambdas",
            "aws_lambda_layer_version.rds",
            "aws_lambda_layer_version.user_auth",
            "aws_security_group.lambda_sg",
            "aws_subnet.private_subnet1",
            "aws_subnet.private_subnet2",
            "data.archive_file.lambda_archives",
            "data.archive_file.rds_layer",
            "data.archive_file.user_auth_layer",
            "data.aws_availability_zones.available",
            "data.aws_vpc.default"
          ],
          "create_before_destroy": true
        },
        {
          "index_key": "general/mass_input",
          "schema_version": 0,
          "attributes": {
            "cache_key_parameters": [],
            "cache_namespace": "ozp6d8",
            "connection_id": "",
            "connection_type": "INTERNET",
            "content_handling": "",
            "credentials": "",
            "http_method": "OPTIONS",
            "id": "agi-buzzzp4ywk-ozp6d8-OPTIONS",
            "integration_http_method": "",
            "passthrough_behavior": "WHEN_NO_MATCH",
            "request_parameters": {},
            "request_templates": {
              "application/json": "{\"statusCode\": 200}"
            },
            "resource_id": "ozp6d8",
            "rest_api_id": "buzzzp4ywk",
            "timeout_milliseconds": 29000,
            "tls_config": [],
            "type": "MOCK",
            "uri": ""
          },
          "sensitive_attributes": [],
          "identity_schema_version": 0,
          "private": "bnVsbA==",
          "dependencies": [
            "aws_api_gateway_method.options",
            "aws_api_gateway_resource.athletes",
            "aws_api_gateway_resource.coaches",
            "aws_api_gateway_resource.general",
            "aws_api_gateway_resource.graph",
            "aws_api_gateway_resource.history",
            "aws_api_gateway_resource.relations",
            "aws_api_gateway_resource.subresources",
            "aws_api_gateway_rest_api.main",
            "aws_db_instance.default",
            "aws_db_subnet_group.rds_private",
            "aws_iam_role.lambda_role",
            "aws_iam_role_policy_attachment.lambda_rds_auth",
            "aws_lambda_function.lambdas",
            "aws_lambda_layer_version.rds",
            "aws_lambda_layer_version.user_auth",
            "aws_security_group.lambda_sg",
            "aws_subnet.private_subnet1",
            "aws_subnet.private_subnet2",
            "data.archive_file.lambda_archives",
            "data.archive_file.rds_layer",
            "data.archive_file.user_auth_layer",
            "data.aws_availability_zones.available",
            "data.aws_vpc.default"
          ],
          "create_before_destroy": true
        },
        {
          "index_key": "general/update_user_profile",
          "schema_version": 0,
          "attributes": {
            "cache_key_parameters": [],
            "cache_namespace": "82va20",
            "connection_id": "",
            "connection_type": "INTERNET",
            "content_handling": "",
            "credentials": "",
            "http_method": "OPTIONS",
            "id": "agi-buzzzp4ywk-82va20-OPTIONS",
            "integration_http_method": "",
            "passthrough_behavior": "WHEN_NO_MATCH",
            "request_parameters": {},
            "request_templates": {
              "application/json": "{\"statusCode\": 200}"
            },
            "resource_id": "82va20",
            "rest_api_id": "buzzzp4ywk",
            "timeout_milliseconds": 29000,
            "tls_config": [],
            "type": "MOCK",
            "uri": ""
          },
          "sensitive_attributes": [],
          "identity_schema_version": 0,
          "private": "bnVsbA==",
          "dependencies": [
            "aws_api_gateway_method.options",
            "aws_api_gateway_resource.athletes",
            "aws_api_gateway_resource.coaches",
            "aws_api_gateway_resource.general",
            "aws_api_gateway_resource.graph",
            "aws_api_gateway_resource.history",
            "aws_api_gateway_resource.relations",
            "aws_api_gateway_resource.subresources",
            "aws_api_gateway_rest_api.main",
            "aws_db_instance.default",
            "aws_db_subnet_group.rds_private",
            "aws_iam_role.lambda_role",
            "aws_iam_role_policy_attachment.lambda_rds_auth",
            "aws_lambda_function.lambdas",
            "aws_lambda_layer_version.rds",
            "aws_lambda_layer_version.user_auth",
            "aws_security_group.lambda_sg",
            "aws_subnet.private_subnet1",
            "aws_subnet.private_subnet2",
            "data.archive_file.lambda_archives",
            "data.archive_file.rds_layer",
            "data.archive_file.user_auth_layer",
            "data.aws_availability_zones.available",
            "data.aws_vpc.default"
          ],
          "create_before_destroy": true
        },
        {
          "index_key": "graph/get_avg_velocity",
          "schema_version": 0,
          "attributes": {
            "cache_key_parameters": [],
            "cache_namespace": "0bywl5",
            "connection_id": "",
            "connection_type": "INTERNET",
            "content_handling": "",
            "credentials": "",
            "http_method": "OPTIONS",
            "id": "agi-buzzzp4ywk-0bywl5-OPTIONS",
            "integration_http_method": "",
            "passthrough_behavior": "WHEN_NO_MATCH",
            "request_parameters": {},
            "request_templates": {
              "application/json": "{\"statusCode\": 200}"
            },
            "resource_id": "0bywl5",
            "rest_api_id": "buzzzp4ywk",
            "timeout_milliseconds": 29000,
            "tls_config": [],
            "type": "MOCK",
            "uri": ""
          },
          "sensitive_attributes": [],
          "identity_schema_version": 0,
          "private": "bnVsbA==",
          "dependencies": [
            "aws_api_gateway_method.options",
            "aws_api_gateway_resource.athletes",
            "aws_api_gateway_resource.coaches",
            "aws_api_gateway_resource.general",
            "aws_api_gateway_resource.graph",
            "aws_api_gateway_resource.history",
            "aws_api_gateway_resource.relations",
            "aws_api_gateway_resource.subresources",
            "aws_api_gateway_rest_api.main",
            "aws_db_instance.default",
            "aws_db_subnet_group.rds_private",
            "aws_iam_role.lambda_role",
            "aws_iam_role_policy_attachment.lambda_rds_auth",
            "aws_lambda_function.lambdas",
            "aws_lambda_layer_version.rds",
            "aws_lambda_layer_version.user_auth",
            "aws_security_group.lambda_sg",
            "aws_subnet.private_subnet1",
            "aws_subnet.private_subnet2",
            "data.archive_file.lambda_archives",
            "data.archive_file.rds_layer",
            "data.archive_file.user_auth_layer",
            "data.aws_availability_zones.available",
            "data.aws_vpc.default"
          ],
          "create_before_destroy": true
        },
        {
          "index_key": "graph/get_work_rest_ratio",
          "schema_version": 0,
          "attributes": {
            "cache_key_parameters": [],
            "cache_namespace": "uxymbx",
            "connection_id": "",
            "connection_type": "INTERNET",
            "content_handling": "",
            "credentials": "",
            "http_method": "OPTIONS",
            "id": "agi-buzzzp4ywk-uxymbx-OPTIONS",
            "integration_http_method": "",
            "passthrough_behavior": "WHEN_NO_MATCH",
            "request_parameters": {},
            "request_templates": {
              "application/json": "{\"statusCode\": 200}"
            },
            "resource_id": "uxymbx",
            "rest_api_id": "buzzzp4ywk",
            "timeout_milliseconds": 29000,
            "tls_config": [],
            "type": "MOCK",
            "uri": ""
          },
          "sensitive_attributes": [],
          "identity_schema_version": 0,
          "private": "bnVsbA==",
          "dependencies": [
            "aws_api_gateway_method.options",
            "aws_api_gateway_resource.athletes",
            "aws_api_gateway_resource.coaches",
            "aws_api_gateway_resource.general",
            "aws_api_gateway_resource.graph",
            "aws_api_gateway_resource.history",
            "aws_api_gateway_resource.relations",
            "aws_api_gateway_resource.subresources",
            "aws_api_gateway_rest_api.main",
            "aws_db_instance.default",
            "aws_db_subnet_group.rds_private",
            "aws_iam_role.lambda_role",
            "aws_iam_role_policy_attachment.lambda_rds_auth",
            "aws_lambda_function.lambdas",
            "aws_lambda_layer_version.rds",
            "aws_lambda_layer_version.user_auth",
            "aws_security_group.lambda_sg",
            "aws_subnet.private_subnet1",
            "aws_subnet.private_subnet2",
            "data.archive_file.lambda_archives",
            "data.archive_file.rds_layer",
            "data.archive_file.user_auth_layer",
            "data.aws_availability_zones.available",
            "data.aws_vpc.default"
          ],
          "create_before_destroy": true
        },
        {
          "index_key": "history/fetch_historical_data",
          "schema_version": 0,
          "attributes": {
            "cache_key_parameters": [],
            "cache_namespace": "ax5rm1",
            "connection_id": "",
            "connection_type": "INTERNET",
            "content_handling": "",
            "credentials": "",
            "http_method": "OPTIONS",
            "id": "agi-buzzzp4ywk-ax5rm1-OPTIONS",
            "integration_http_method": "",
            "passthrough_behavior": "WHEN_NO_MATCH",
            "request_parameters": {},
            "request_templates": {
              "application/json": "{\"statusCode\": 200}"
            },
            "resource_id": "ax5rm1",
            "rest_api_id": "buzzzp4ywk",
            "timeout_milliseconds": 29000,
            "tls_config": [],
            "type": "MOCK",
            "uri": ""
          },
          "sensitive_attributes": [],
          "identity_schema_version": 0,
          "private": "bnVsbA==",
          "dependencies": [
            "aws_api_gateway_method.options",
            "aws_api_gateway_resource.athletes",
            "aws_api_gateway_resource.coaches",
            "aws_api_gateway_resource.general",
            "aws_api_gateway_resource.graph",
            "aws_api_gateway_resource.history",
            "aws_api_gateway_resource.relations",
            "aws_api_gateway_resource.subresources",
            "aws_api_gateway_rest_api.main",
            "aws_db_instance.default",
            "aws_db_subnet_group.rds_private",
            "aws_iam_role.lambda_role",
            "aws_iam_role_policy_attachment.lambda_rds_auth",
            "aws_lambda_function.lambdas",
            "aws_lambda_layer_version.rds",
            "aws_lambda_layer_version.user_auth",
            "aws_security_group.lambda_sg",
            "aws_subnet.private_subnet1",
            "aws_subnet.private_subnet2",
            "data.archive_file.lambda_archives",
            "data.archive_file.rds_layer",
            "data.archive_file.user_auth_layer",
            "data.aws_availability_zones.available",
            "data.aws_vpc.default"
          ],
          "create_before_destroy": true
        },
        {
          "index_key": "history/get_available_history_dates",
          "schema_version": 0,
          "attributes": {
            "cache_key_parameters": [],
            "cache_namespace": "mbjupg",
            "connection_id": "",
            "connection_type": "INTERNET",
            "content_handling": "",
            "credentials": "",
            "http_method": "OPTIONS",
            "id": "agi-buzzzp4ywk-mbjupg-OPTIONS",
            "integration_http_method": "",
            "passthrough_behavior": "WHEN_NO_MATCH",
            "request_parameters": {},
            "request_templates": {
              "application/json": "{\"statusCode\": 200}"
            },
            "resource_id": "mbjupg",
            "rest_api_id": "buzzzp4ywk",
            "timeout_milliseconds": 29000,
            "tls_config": [],
            "type": "MOCK",
            "uri": ""
          },
          "sensitive_attributes": [],
          "identity_schema_version": 0,
          "private": "bnVsbA==",
          "dependencies": [
            "aws_api_gateway_method.options",
            "aws_api_gateway_resource.athletes",
            "aws_api_gateway_resource.coaches",
            "aws_api_gateway_resource.general",
            "aws_api_gateway_resource.graph",
            "aws_api_gateway_resource.history",
            "aws_api_gateway_resource.relations",
            "aws_api_gateway_resource.subresources",
            "aws_api_gateway_rest_api.main",
            "aws_db_instance.default",
            "aws_db_subnet_group.rds_private",
            "aws_iam_role.lambda_role",
            "aws_iam_role_policy_attachment.lambda_rds_auth",
            "aws_lambda_function.lambdas",
            "aws_lambda_layer_version.rds",
            "aws_lambda_layer_version.user_auth",
            "aws_security_group.lambda_sg",
            "aws_subnet.private_subnet1",
            "aws_subnet.private_subnet2",
            "data.archive_file.lambda_archives",
            "data.archive_file.rds_layer",
            "data.archive_file.user_auth_layer",
            "data.aws_availability_zones.available",
            "data.aws_vpc.default"
          ],
          "create_before_destroy": true
        },
        {
          "index_key": "history/get_earliest_date_available",
          "schema_version": 0,
          "attributes": {
            "cache_key_parameters": [],
            "cache_namespace": "p8a8f8",
            "connection_id": "",
            "connection_type": "INTERNET",
            "content_handling": "",
            "credentials": "",
            "http_method": "OPTIONS",
            "id": "agi-buzzzp4ywk-p8a8f8-OPTIONS",
            "integration_http_method": "",
            "passthrough_behavior": "WHEN_NO_MATCH",
            "request_parameters": {},
            "request_templates": {
              "application/json": "{\"statusCode\": 200}"
            },
            "resource_id": "p8a8f8",
            "rest_api_id": "buzzzp4ywk",
            "timeout_milliseconds": 29000,
            "tls_config": [],
            "type": "MOCK",
            "uri": ""
          },
          "sensitive_attributes": [],
          "identity_schema_version": 0,
          "private": "bnVsbA==",
          "dependencies": [
            "aws_api_gateway_method.options",
            "aws_api_gateway_resource.athletes",
            "aws_api_gateway_resource.coaches",
            "aws_api_gateway_resource.general",
            "aws_api_gateway_resource.graph",
            "aws_api_gateway_resource.history",
            "aws_api_gateway_resource.relations",
            "aws_api_gateway_resource.subresources",
            "aws_api_gateway_rest_api.main",
            "aws_db_instance.default",
            "aws_db_subnet_group.rds_private",
            "aws_iam_role.lambda_role",
            "aws_iam_role_policy_attachment.lambda_rds_auth",
            "aws_lambda_function.lambdas",
            "aws_lambda_layer_version.rds",
            "aws_lambda_layer_version.user_auth",
            "aws_security_group.lambda_sg",
            "aws_subnet.private_subnet1",
            "aws_subnet.private_subnet2",
            "data.archive_file.lambda_archives",
            "data.archive_file.rds_layer",
            "data.archive_file.user_auth_layer",
            "data.aws_availability_zones.available",
            "data.aws_vpc.default"
          ],
          "create_before_destroy": true
        },
        {
          "index_key": "relations/add_relation",
          "schema_version": 0,
          "attributes": {
            "cache_key_parameters": [],
            "cache_namespace": "zs7qut",
            "connection_id": "",
            "connection_type": "INTERNET",
            "content_handling": "",
            "credentials": "",
            "http_method": "OPTIONS",
            "id": "agi-buzzzp4ywk-zs7qut-OPTIONS",
            "integration_http_method": "",
            "passthrough_behavior": "WHEN_NO_MATCH",
            "request_parameters": {},
            "request_templates": {
              "application/json": "{\"statusCode\": 200}"
            },
            "resource_id": "zs7qut",
            "rest_api_id": "buzzzp4ywk",
            "timeout_milliseconds": 29000,
            "tls_config": [],
            "type": "MOCK",
            "uri": ""
          },
          "sensitive_attributes": [],
          "identity_schema_version": 0,
          "private": "bnVsbA==",
          "dependencies": [
            "aws_api_gateway_method.options",
            "aws_api_gateway_resource.athletes",
            "aws_api_gateway_resource.coaches",
            "aws_api_gateway_resource.general",
            "aws_api_gateway_resource.graph",
            "aws_api_gateway_resource.history",
            "aws_api_gateway_resource.relations",
            "aws_api_gateway_resource.subresources",
            "aws_api_gateway_rest_api.main",
            "aws_db_instance.default",
            "aws_db_subnet_group.rds_private",
            "aws_iam_role.lambda_role",
            "aws_iam_role_policy_attachment.lambda_rds_auth",
            "aws_lambda_function.lambdas",
            "aws_lambda_layer_version.rds",
            "aws_lambda_layer_version.user_auth",
            "aws_security_group.lambda_sg",
            "aws_subnet.private_subnet1",
            "aws_subnet.private_subnet2",
            "data.archive_file.lambda_archives",
            "data.archive_file.rds_layer",
            "data.archive_file.user_auth_layer",
            "data.aws_availability_zones.available",
            "data.aws_vpc.default"
          ],
          "create_before_destroy": true
        },
        {
          "index_key": "relations/get_mutual_athletes",
          "schema_version": 0,
          "attributes": {
            "cache_key_parameters": [],
            "cache_namespace": "owe3in",
            "connection_id": "",
            "connection_type": "INTERNET",
            "content_handling": "",
            "credentials": "",
            "http_method": "OPTIONS",
            "id": "agi-buzzzp4ywk-owe3in-OPTIONS",
            "integration_http_method": "",
            "passthrough_behavior": "WHEN_NO_MATCH",
            "request_parameters": {},
            "request_templates": {
              "application/json": "{\"statusCode\": 200}"
            },
            "resource_id": "owe3in",
            "rest_api_id": "buzzzp4ywk",
            "timeout_milliseconds": 29000,
            "tls_config": [],
            "type": "MOCK",
            "uri": ""
          },
          "sensitive_attributes": [],
          "identity_schema_version": 0,
          "private": "bnVsbA==",
          "dependencies": [
            "aws_api_gateway_method.options",
            "aws_api_gateway_resource.athletes",
            "aws_api_gateway_resource.coaches",
            "aws_api_gateway_resource.general",
            "aws_api_gateway_resource.graph",
            "aws_api_gateway_resource.history",
            "aws_api_gateway_resource.relations",
            "aws_api_gateway_resource.subresources",
            "aws_api_gateway_rest_api.main",
            "aws_db_instance.default",
            "aws_db_subnet_group.rds_private",
            "aws_iam_role.lambda_role",
            "aws_iam_role_policy_attachment.lambda_rds_auth",
            "aws_lambda_function.lambdas",
            "aws_lambda_layer_version.rds",
            "aws_lambda_layer_version.user_auth",
            "aws_security_group.lambda_sg",
            "aws_subnet.private_subnet1",
            "aws_subnet.private_subnet2",
            "data.archive_file.lambda_archives",
            "data.archive_file.rds_layer",
            "data.archive_file.user_auth_layer",
            "data.aws_availability_zones.available",
            "data.aws_vpc.default"
          ],
          "create_before_destroy": true
        },
        {
          "index_key": "relations/get_mutual_user_relations",
          "schema_version": 0,
          "attributes": {
            "cache_key_parameters": [],
            "cache_namespace": "h1iinp",
            "connection_id": "",
            "connection_type": "INTERNET",
            "content_handling": "",
            "credentials": "",
            "http_method": "OPTIONS",
            "id": "agi-buzzzp4ywk-h1iinp-OPTIONS",
            "integration_http_method": "",
            "passthrough_behavior": "WHEN_NO_MATCH",
            "request_parameters": {},
            "request_templates": {
              "application/json": "{\"statusCode\": 200}"
            },
            "resource_id": "h1iinp",
            "rest_api_id": "buzzzp4ywk",
            "timeout_milliseconds": 29000,
            "tls_config": [],
            "type": "MOCK",
            "uri": ""
          },
          "sensitive_attributes": [],
          "identity_schema_version": 0,
          "private": "bnVsbA==",
          "dependencies": [
            "aws_api_gateway_method.options",
            "aws_api_gateway_resource.athletes",
            "aws_api_gateway_resource.coaches",
            "aws_api_gateway_resource.general",
            "aws_api_gateway_resource.graph",
            "aws_api_gateway_resource.history",
            "aws_api_gateway_resource.relations",
            "aws_api_gateway_resource.subresources",
            "aws_api_gateway_rest_api.main",
            "aws_db_instance.default",
            "aws_db_subnet_group.rds_private",
            "aws_iam_role.lambda_role",
            "aws_iam_role_policy_attachment.lambda_rds_auth",
            "aws_lambda_function.lambdas",
            "aws_lambda_layer_version.rds",
            "aws_lambda_layer_version.user_auth",
            "aws_security_group.lambda_sg",
            "aws_subnet.private_subnet1",
            "aws_subnet.private_subnet2",
            "data.archive_file.lambda_archives",
            "data.archive_file.rds_layer",
            "data.archive_file.user_auth_layer",
            "data.aws_availability_zones.available",
            "data.aws_vpc.default"
          ],
          "create_before_destroy": true
        },
        {
          "index_key": "relations/get_relation_invites",
          "schema_version": 0,
          "attributes": {
            "cache_key_parameters": [],
            "cache_namespace": "q4nprh",
            "connection_id": "",
            "connection_type": "INTERNET",
            "content_handling": "",
            "credentials": "",
            "http_method": "OPTIONS",
            "id": "agi-buzzzp4ywk-q4nprh-OPTIONS",
            "integration_http_method": "",
            "passthrough_behavior": "WHEN_NO_MATCH",
            "request_parameters": {},
            "request_templates": {
              "application/json": "{\"statusCode\": 200}"
            },
            "resource_id": "q4nprh",
            "rest_api_id": "buzzzp4ywk",
            "timeout_milliseconds": 29000,
            "tls_config": [],
            "type": "MOCK",
            "uri": ""
          },
          "sensitive_attributes": [],
          "identity_schema_version": 0,
          "private": "bnVsbA==",
          "dependencies": [
            "aws_api_gateway_method.options",
            "aws_api_gateway_resource.athletes",
            "aws_api_gateway_resource.coaches",
            "aws_api_gateway_resource.general",
            "aws_api_gateway_resource.graph",
            "aws_api_gateway_resource.history",
            "aws_api_gateway_resource.relations",
            "aws_api_gateway_resource.subresources",
            "aws_api_gateway_rest_api.main",
            "aws_db_instance.default",
            "aws_db_subnet_group.rds_private",
            "aws_iam_role.lambda_role",
            "aws_iam_role_policy_attachment.lambda_rds_auth",
            "aws_lambda_function.lambdas",
            "aws_lambda_layer_version.rds",
            "aws_lambda_layer_version.user_auth",
            "aws_security_group.lambda_sg",
            "aws_subnet.private_subnet1",
            "aws_subnet.private_subnet2",
            "data.archive_file.lambda_archives",
            "data.archive_file.rds_layer",
            "data.archive_file.user_auth_layer",
            "data.aws_availability_zones.available",
            "data.aws_vpc.default"
          ],
          "create_before_destroy": true
        },
        {
          "index_key": "relations/get_relation_invites_count",
          "schema_version": 0,
          "attributes": {
            "cache_key_parameters": [],
            "cache_namespace": "7mmdfl",
            "connection_id": "",
            "connection_type": "INTERNET",
            "content_handling": "",
            "credentials": "",
            "http_method": "OPTIONS",
            "id": "agi-buzzzp4ywk-7mmdfl-OPTIONS",
            "integration_http_method": "",
            "passthrough_behavior": "WHEN_NO_MATCH",
            "request_parameters": {},
            "request_templates": {
              "application/json": "{\"statusCode\": 200}"
            },
            "resource_id": "7mmdfl",
            "rest_api_id": "buzzzp4ywk",
            "timeout_milliseconds": 29000,
            "tls_config": [],
            "type": "MOCK",
            "uri": ""
          },
          "sensitive_attributes": [],
          "identity_schema_version": 0,
          "private": "bnVsbA==",
          "dependencies": [
            "aws_api_gateway_method.options",
            "aws_api_gateway_resource.athletes",
            "aws_api_gateway_resource.coaches",
            "aws_api_gateway_resource.general",
            "aws_api_gateway_resource.graph",
            "aws_api_gateway_resource.history",
            "aws_api_gateway_resource.relations",
            "aws_api_gateway_resource.subresources",
            "aws_api_gateway_rest_api.main",
            "aws_db_instance.default",
            "aws_db_subnet_group.rds_private",
            "aws_iam_role.lambda_role",
            "aws_iam_role_policy_attachment.lambda_rds_auth",
            "aws_lambda_function.lambdas",
            "aws_lambda_layer_version.rds",
            "aws_lambda_layer_version.user_auth",
            "aws_security_group.lambda_sg",
            "aws_subnet.private_subnet1",
            "aws_subnet.private_subnet2",
            "data.archive_file.lambda_archives",
            "data.archive_file.rds_layer",
            "data.archive_file.user_auth_layer",
            "data.aws_availability_zones.available",
            "data.aws_vpc.default"
          ],
          "create_before_destroy": true
        },
        {
          "index_key": "relations/remove_user_relation",
          "schema_version": 0,
          "attributes": {
            "cache_key_parameters": [],
            "cache_namespace": "xzk7ie",
            "connection_id": "",
            "connection_type": "INTERNET",
            "content_handling": "",
            "credentials": "",
            "http_method": "OPTIONS",
            "id": "agi-buzzzp4ywk-xzk7ie-OPTIONS",
            "integration_http_method": "",
            "passthrough_behavior": "WHEN_NO_MATCH",
            "request_parameters": {},
            "request_templates": {
              "application/json": "{\"statusCode\": 200}"
            },
            "resource_id": "xzk7ie",
            "rest_api_id": "buzzzp4ywk",
            "timeout_milliseconds": 29000,
            "tls_config": [],
            "type": "MOCK",
            "uri": ""
          },
          "sensitive_attributes": [],
          "identity_schema_version": 0,
          "private": "bnVsbA==",
          "dependencies": [
            "aws_api_gateway_method.options",
            "aws_api_gateway_resource.athletes",
            "aws_api_gateway_resource.coaches",
            "aws_api_gateway_resource.general",
            "aws_api_gateway_resource.graph",
            "aws_api_gateway_resource.history",
            "aws_api_gateway_resource.relations",
            "aws_api_gateway_resource.subresources",
            "aws_api_gateway_rest_api.main",
            "aws_db_instance.default",
            "aws_db_subnet_group.rds_private",
            "aws_iam_role.lambda_role",
            "aws_iam_role_policy_attachment.lambda_rds_auth",
            "aws_lambda_function.lambdas",
            "aws_lambda_layer_version.rds",
            "aws_lambda_layer_version.user_auth",
            "aws_security_group.lambda_sg",
            "aws_subnet.private_subnet1",
            "aws_subnet.private_subnet2",
            "data.archive_file.lambda_archives",
            "data.archive_file.rds_layer",
            "data.archive_file.user_auth_layer",
            "data.aws_availability_zones.available",
            "data.aws_vpc.default"
          ],
          "create_before_destroy": true
        },
        {
          "index_key": "relations/search_user_relation",
          "schema_version": 0,
          "attributes": {
            "cache_key_parameters": [],
            "cache_namespace": "vodnr3",
            "connection_id": "",
            "connection_type": "INTERNET",
            "content_handling": "",
            "credentials": "",
            "http_method": "OPTIONS",
            "id": "agi-buzzzp4ywk-vodnr3-OPTIONS",
            "integration_http_method": "",
            "passthrough_behavior": "WHEN_NO_MATCH",
            "request_parameters": {},
            "request_templates": {
              "application/json": "{\"statusCode\": 200}"
            },
            "resource_id": "vodnr3",
            "rest_api_id": "buzzzp4ywk",
            "timeout_milliseconds": 29000,
            "tls_config": [],
            "type": "MOCK",
            "uri": ""
          },
          "sensitive_attributes": [],
          "identity_schema_version": 0,
          "private": "bnVsbA==",
          "dependencies": [
            "aws_api_gateway_method.options",
            "aws_api_gateway_resource.athletes",
            "aws_api_gateway_resource.coaches",
            "aws_api_gateway_resource.general",
            "aws_api_gateway_resource.graph",
            "aws_api_gateway_resource.history",
            "aws_api_gateway_resource.relations",
            "aws_api_gateway_resource.subresources",
            "aws_api_gateway_rest_api.main",
            "aws_db_instance.default",
            "aws_db_subnet_group.rds_private",
            "aws_iam_role.lambda_role",
            "aws_iam_role_policy_attachment.lambda_rds_auth",
            "aws_lambda_function.lambdas",
            "aws_lambda_layer_version.rds",
            "aws_lambda_layer_version.user_auth",
            "aws_security_group.lambda_sg",
            "aws_subnet.private_subnet1",
            "aws_subnet.private_subnet2",
            "data.archive_file.lambda_archives",
            "data.archive_file.rds_layer",
            "data.archive_file.user_auth_layer",
            "data.aws_availability_zones.available",
            "data.aws_vpc.default"
          ],
          "create_before_destroy": true
        }
      ]
    },
    {
      "mode": "managed",
      "type": "aws_api_gateway_integration_response",
      "name": "options",
      "provider": "provider[\"registry.terraform.io/hashicorp/aws\"]",
      "instances": [
        {
          "index_key": "athletes/input_times",
          "schema_version": 0,
          "attributes": {
            "content_handling": "",
            "http_method": "OPTIONS",
            "id": "agir-buzzzp4ywk-akxhzs-OPTIONS-200",
            "resource_id": "akxhzs",
            "response_parameters": {
              "method.response.header.Access-Control-Allow-Headers": "'Content-Type,X-Amz-Date,Authorization,X-Api-Key,X-Amz-Security-Token'",
              "method.response.header.Access-Control-Allow-Methods": "'GET,POST,PUT,DELETE,OPTIONS'",
              "method.response.header.Access-Control-Allow-Origin": "'*'"
            },
            "response_templates": {},
            "rest_api_id": "buzzzp4ywk",
            "selection_pattern": "",
            "status_code": "200"
          },
          "sensitive_attributes": [],
          "identity_schema_version": 0,
          "private": "bnVsbA==",
          "dependencies": [
            "aws_api_gateway_integration.options",
            "aws_api_gateway_method.options",
            "aws_api_gateway_method_response.options",
            "aws_api_gateway_resource.athletes",
            "aws_api_gateway_resource.coaches",
            "aws_api_gateway_resource.general",
            "aws_api_gateway_resource.graph",
            "aws_api_gateway_resource.history",
            "aws_api_gateway_resource.relations",
            "aws_api_gateway_resource.subresources",
            "aws_api_gateway_rest_api.main",
            "aws_db_instance.default",
            "aws_db_subnet_group.rds_private",
            "aws_iam_role.lambda_role",
            "aws_iam_role_policy_attachment.lambda_rds_auth",
            "aws_lambda_function.lambdas",
            "aws_lambda_layer_version.rds",
            "aws_lambda_layer_version.user_auth",
            "aws_security_group.lambda_sg",
            "aws_subnet.private_subnet1",
            "aws_subnet.private_subnet2",
            "data.archive_file.lambda_archives",
            "data.archive_file.rds_layer",
            "data.archive_file.user_auth_layer",
            "data.aws_availability_zones.available",
            "data.aws_vpc.default"
          ],
          "create_before_destroy": true
        },
        {
          "index_key": "athletes/remove_inputs",
          "schema_version": 0,
          "attributes": {
            "content_handling": "",
            "http_method": "OPTIONS",
            "id": "agir-buzzzp4ywk-6emjgf-OPTIONS-200",
            "resource_id": "6emjgf",
            "response_parameters": {
              "method.response.header.Access-Control-Allow-Headers": "'Content-Type,X-Amz-Date,Authorization,X-Api-Key,X-Amz-Security-Token'",
              "method.response.header.Access-Control-Allow-Methods": "'GET,POST,PUT,DELETE,OPTIONS'",
              "method.response.header.Access-Control-Allow-Origin": "'*'"
            },
            "response_templates": {},
            "rest_api_id": "buzzzp4ywk",
            "selection_pattern": "",
            "status_code": "200"
          },
          "sensitive_attributes": [],
          "identity_schema_version": 0,
          "private": "bnVsbA==",
          "dependencies": [
            "aws_api_gateway_integration.options",
            "aws_api_gateway_method.options",
            "aws_api_gateway_method_response.options",
            "aws_api_gateway_resource.athletes",
            "aws_api_gateway_resource.coaches",
            "aws_api_gateway_resource.general",
            "aws_api_gateway_resource.graph",
            "aws_api_gateway_resource.history",
            "aws_api_gateway_resource.relations",
            "aws_api_gateway_resource.subresources",
            "aws_api_gateway_rest_api.main",
            "aws_db_instance.default",
            "aws_db_subnet_group.rds_private",
            "aws_iam_role.lambda_role",
            "aws_iam_role_policy_attachment.lambda_rds_auth",
            "aws_lambda_function.lambdas",
            "aws_lambda_layer_version.rds",
            "aws_lambda_layer_version.user_auth",
            "aws_security_group.lambda_sg",
            "aws_subnet.private_subnet1",
            "aws_subnet.private_subnet2",
            "data.archive_file.lambda_archives",
            "data.archive_file.rds_layer",
            "data.archive_file.user_auth_layer",
            "data.aws_availability_zones.available",
            "data.aws_vpc.default"
          ],
          "create_before_destroy": true
        },
        {
          "index_key": "athletes/view_workout_inputs",
          "schema_version": 0,
          "attributes": {
            "content_handling": "",
            "http_method": "OPTIONS",
            "id": "agir-buzzzp4ywk-wqltih-OPTIONS-200",
            "resource_id": "wqltih",
            "response_parameters": {
              "method.response.header.Access-Control-Allow-Headers": "'Content-Type,X-Amz-Date,Authorization,X-Api-Key,X-Amz-Security-Token'",
              "method.response.header.Access-Control-Allow-Methods": "'GET,POST,PUT,DELETE,OPTIONS'",
              "method.response.header.Access-Control-Allow-Origin": "'*'"
            },
            "response_templates": {},
            "rest_api_id": "buzzzp4ywk",
            "selection_pattern": "",
            "status_code": "200"
          },
          "sensitive_attributes": [],
          "identity_schema_version": 0,
          "private": "bnVsbA==",
          "dependencies": [
            "aws_api_gateway_integration.options",
            "aws_api_gateway_method.options",
            "aws_api_gateway_method_response.options",
            "aws_api_gateway_resource.athletes",
            "aws_api_gateway_resource.coaches",
            "aws_api_gateway_resource.general",
            "aws_api_gateway_resource.graph",
            "aws_api_gateway_resource.history",
            "aws_api_gateway_resource.relations",
            "aws_api_gateway_resource.subresources",
            "aws_api_gateway_rest_api.main",
            "aws_db_instance.default",
            "aws_db_subnet_group.rds_private",
            "aws_iam_role.lambda_role",
            "aws_iam_role_policy_attachment.lambda_rds_auth",
            "aws_lambda_function.lambdas",
            "aws_lambda_layer_version.rds",
            "aws_lambda_layer_version.user_auth",
            "aws_security_group.lambda_sg",
            "aws_subnet.private_subnet1",
            "aws_subnet.private_subnet2",
            "data.archive_file.lambda_archives",
            "data.archive_file.rds_layer",
            "data.archive_file.user_auth_layer",
            "data.aws_availability_zones.available",
            "data.aws_vpc.default"
          ],
          "create_before_destroy": true
        },
        {
          "index_key": "general/create_user",
          "schema_version": 0,
          "attributes": {
            "content_handling": "",
            "http_method": "OPTIONS",
            "id": "agir-buzzzp4ywk-3ux4l0-OPTIONS-200",
            "resource_id": "3ux4l0",
            "response_parameters": {
              "method.response.header.Access-Control-Allow-Headers": "'Content-Type,X-Amz-Date,Authorization,X-Api-Key,X-Amz-Security-Token'",
              "method.response.header.Access-Control-Allow-Methods": "'GET,POST,PUT,DELETE,OPTIONS'",
              "method.response.header.Access-Control-Allow-Origin": "'*'"
            },
            "response_templates": {},
            "rest_api_id": "buzzzp4ywk",
            "selection_pattern": "",
            "status_code": "200"
          },
          "sensitive_attributes": [],
          "identity_schema_version": 0,
          "private": "bnVsbA==",
          "dependencies": [
            "aws_api_gateway_integration.options",
            "aws_api_gateway_method.options",
            "aws_api_gateway_method_response.options",
            "aws_api_gateway_resource.athletes",
            "aws_api_gateway_resource.coaches",
            "aws_api_gateway_resource.general",
            "aws_api_gateway_resource.graph",
            "aws_api_gateway_resource.history",
            "aws_api_gateway_resource.relations",
            "aws_api_gateway_resource.subresources",
            "aws_api_gateway_rest_api.main",
            "aws_db_instance.default",
            "aws_db_subnet_group.rds_private",
            "aws_iam_role.lambda_role",
            "aws_iam_role_policy_attachment.lambda_rds_auth",
            "aws_lambda_function.lambdas",
            "aws_lambda_layer_version.rds",
            "aws_lambda_layer_version.user_auth",
            "aws_security_group.lambda_sg",
            "aws_subnet.private_subnet1",
            "aws_subnet.private_subnet2",
            "data.archive_file.lambda_archives",
            "data.archive_file.rds_layer",
            "data.archive_file.user_auth_layer",
            "data.aws_availability_zones.available",
            "data.aws_vpc.default"
          ],
          "create_before_destroy": true
        },
        {
          "index_key": "general/get_mutual_inputs",
          "schema_version": 0,
          "attributes": {
            "content_handling": "",
            "http_method": "OPTIONS",
            "id": "agir-buzzzp4ywk-dnnf27-OPTIONS-200",
            "resource_id": "dnnf27",
            "response_parameters": {
              "method.response.header.Access-Control-Allow-Headers": "'Content-Type,X-Amz-Date,Authorization,X-Api-Key,X-Amz-Security-Token'",
              "method.response.header.Access-Control-Allow-Methods": "'GET,POST,PUT,DELETE,OPTIONS'",
              "method.response.header.Access-Control-Allow-Origin": "'*'"
            },
            "response_templates": {},
            "rest_api_id": "buzzzp4ywk",
            "selection_pattern": "",
            "status_code": "200"
          },
          "sensitive_attributes": [],
          "identity_schema_version": 0,
          "private": "bnVsbA==",
          "dependencies": [
            "aws_api_gateway_integration.options",
            "aws_api_gateway_method.options",
            "aws_api_gateway_method_response.options",
            "aws_api_gateway_resource.athletes",
            "aws_api_gateway_resource.coaches",
            "aws_api_gateway_resource.general",
            "aws_api_gateway_resource.graph",
            "aws_api_gateway_resource.history",
            "aws_api_gateway_resource.relations",
            "aws_api_gateway_resource.subresources",
            "aws_api_gateway_rest_api.main",
            "aws_db_instance.default",
            "aws_db_subnet_group.rds_private",
            "aws_iam_role.lambda_role",
            "aws_iam_role_policy_attachment.lambda_rds_auth",
            "aws_lambda_function.lambdas",
            "aws_lambda_layer_version.rds",
            "aws_lambda_layer_version.user_auth",
            "aws_security_group.lambda_sg",
            "aws_subnet.private_subnet1",
            "aws_subnet.private_subnet2",
            "data.archive_file.lambda_archives",
            "data.archive_file.rds_layer",
            "data.archive_file.user_auth_layer",
            "data.aws_availability_zones.available",
            "data.aws_vpc.default"
          ],
          "create_before_destroy": true
        },
        {
          "index_key": "general/get_user",
          "schema_version": 0,
          "attributes": {
            "content_handling": "",
            "http_method": "OPTIONS",
            "id": "agir-buzzzp4ywk-ofzmk1-OPTIONS-200",
            "resource_id": "ofzmk1",
            "response_parameters": {
              "method.response.header.Access-Control-Allow-Headers": "'Content-Type,X-Amz-Date,Authorization,X-Api-Key,X-Amz-Security-Token'",
              "method.response.header.Access-Control-Allow-Methods": "'GET,POST,PUT,DELETE,OPTIONS'",
              "method.response.header.Access-Control-Allow-Origin": "'*'"
            },
            "response_templates": {},
            "rest_api_id": "buzzzp4ywk",
            "selection_pattern": "",
            "status_code": "200"
          },
          "sensitive_attributes": [],
          "identity_schema_version": 0,
          "private": "bnVsbA==",
          "dependencies": [
            "aws_api_gateway_integration.options",
            "aws_api_gateway_method.options",
            "aws_api_gateway_method_response.options",
            "aws_api_gateway_resource.athletes",
            "aws_api_gateway_resource.coaches",
            "aws_api_gateway_resource.general",
            "aws_api_gateway_resource.graph",
            "aws_api_gateway_resource.history",
            "aws_api_gateway_resource.relations",
            "aws_api_gateway_resource.subresources",
            "aws_api_gateway_rest_api.main",
            "aws_db_instance.default",
            "aws_db_subnet_group.rds_private",
            "aws_iam_role.lambda_role",
            "aws_iam_role_policy_attachment.lambda_rds_auth",
            "aws_lambda_function.lambdas",
            "aws_lambda_layer_version.rds",
            "aws_lambda_layer_version.user_auth",
            "aws_security_group.lambda_sg",
            "aws_subnet.private_subnet1",
            "aws_subnet.private_subnet2",
            "data.archive_file.lambda_archives",
            "data.archive_file.rds_layer",
            "data.archive_file.user_auth_layer",
            "data.aws_availability_zones.available",
            "data.aws_vpc.default"
          ],
          "create_before_destroy": true
        },
        {
          "index_key": "general/mass_input",
          "schema_version": 0,
          "attributes": {
            "content_handling": "",
            "http_method": "OPTIONS",
            "id": "agir-buzzzp4ywk-ozp6d8-OPTIONS-200",
            "resource_id": "ozp6d8",
            "response_parameters": {
              "method.response.header.Access-Control-Allow-Headers": "'Content-Type,X-Amz-Date,Authorization,X-Api-Key,X-Amz-Security-Token'",
              "method.response.header.Access-Control-Allow-Methods": "'GET,POST,PUT,DELETE,OPTIONS'",
              "method.response.header.Access-Control-Allow-Origin": "'*'"
            },
            "response_templates": {},
            "rest_api_id": "buzzzp4ywk",
            "selection_pattern": "",
            "status_code": "200"
          },
          "sensitive_attributes": [],
          "identity_schema_version": 0,
          "private": "bnVsbA==",
          "dependencies": [
            "aws_api_gateway_integration.options",
            "aws_api_gateway_method.options",
            "aws_api_gateway_method_response.options",
            "aws_api_gateway_resource.athletes",
            "aws_api_gateway_resource.coaches",
            "aws_api_gateway_resource.general",
            "aws_api_gateway_resource.graph",
            "aws_api_gateway_resource.history",
            "aws_api_gateway_resource.relations",
            "aws_api_gateway_resource.subresources",
            "aws_api_gateway_rest_api.main",
            "aws_db_instance.default",
            "aws_db_subnet_group.rds_private",
            "aws_iam_role.lambda_role",
            "aws_iam_role_policy_attachment.lambda_rds_auth",
            "aws_lambda_function.lambdas",
            "aws_lambda_layer_version.rds",
            "aws_lambda_layer_version.user_auth",
            "aws_security_group.lambda_sg",
            "aws_subnet.private_subnet1",
            "aws_subnet.private_subnet2",
            "data.archive_file.lambda_archives",
            "data.archive_file.rds_layer",
            "data.archive_file.user_auth_layer",
            "data.aws_availability_zones.available",
            "data.aws_vpc.default"
          ],
          "create_before_destroy": true
        },
        {
          "index_key": "general/update_user_profile",
          "schema_version": 0,
          "attributes": {
            "content_handling": "",
            "http_method": "OPTIONS",
            "id": "agir-buzzzp4ywk-82va20-OPTIONS-200",
            "resource_id": "82va20",
            "response_parameters": {
              "method.response.header.Access-Control-Allow-Headers": "'Content-Type,X-Amz-Date,Authorization,X-Api-Key,X-Amz-Security-Token'",
              "method.response.header.Access-Control-Allow-Methods": "'GET,POST,PUT,DELETE,OPTIONS'",
              "method.response.header.Access-Control-Allow-Origin": "'*'"
            },
            "response_templates": {},
            "rest_api_id": "buzzzp4ywk",
            "selection_pattern": "",
            "status_code": "200"
          },
          "sensitive_attributes": [],
          "identity_schema_version": 0,
          "private": "bnVsbA==",
          "dependencies": [
            "aws_api_gateway_integration.options",
            "aws_api_gateway_method.options",
            "aws_api_gateway_method_response.options",
            "aws_api_gateway_resource.athletes",
            "aws_api_gateway_resource.coaches",
            "aws_api_gateway_resource.general",
            "aws_api_gateway_resource.graph",
            "aws_api_gateway_resource.history",
            "aws_api_gateway_resource.relations",
            "aws_api_gateway_resource.subresources",
            "aws_api_gateway_rest_api.main",
            "aws_db_instance.default",
            "aws_db_subnet_group.rds_private",
            "aws_iam_role.lambda_role",
            "aws_iam_role_policy_attachment.lambda_rds_auth",
            "aws_lambda_function.lambdas",
            "aws_lambda_layer_version.rds",
            "aws_lambda_layer_version.user_auth",
            "aws_security_group.lambda_sg",
            "aws_subnet.private_subnet1",
            "aws_subnet.private_subnet2",
            "data.archive_file.lambda_archives",
            "data.archive_file.rds_layer",
            "data.archive_file.user_auth_layer",
            "data.aws_availability_zones.available",
            "data.aws_vpc.default"
          ],
          "create_before_destroy": true
        },
        {
          "index_key": "graph/get_avg_velocity",
          "schema_version": 0,
          "attributes": {
            "content_handling": "",
            "http_method": "OPTIONS",
            "id": "agir-buzzzp4ywk-0bywl5-OPTIONS-200",
            "resource_id": "0bywl5",
            "response_parameters": {
              "method.response.header.Access-Control-Allow-Headers": "'Content-Type,X-Amz-Date,Authorization,X-Api-Key,X-Amz-Security-Token'",
              "method.response.header.Access-Control-Allow-Methods": "'GET,POST,PUT,DELETE,OPTIONS'",
              "method.response.header.Access-Control-Allow-Origin": "'*'"
            },
            "response_templates": {},
            "rest_api_id": "buzzzp4ywk",
            "selection_pattern": "",
            "status_code": "200"
          },
          "sensitive_attributes": [],
          "identity_schema_version": 0,
          "private": "bnVsbA==",
          "dependencies": [
            "aws_api_gateway_integration.options",
            "aws_api_gateway_method.options",
            "aws_api_gateway_method_response.options",
            "aws_api_gateway_resource.athletes",
            "aws_api_gateway_resource.coaches",
            "aws_api_gateway_resource.general",
            "aws_api_gateway_resource.graph",
            "aws_api_gateway_resource.history",
            "aws_api_gateway_resource.relations",
            "aws_api_gateway_resource.subresources",
            "aws_api_gateway_rest_api.main",
            "aws_db_instance.default",
            "aws_db_subnet_group.rds_private",
            "aws_iam_role.lambda_role",
            "aws_iam_role_policy_attachment.lambda_rds_auth",
            "aws_lambda_function.lambdas",
            "aws_lambda_layer_version.rds",
            "aws_lambda_layer_version.user_auth",
            "aws_security_group.lambda_sg",
            "aws_subnet.private_subnet1",
            "aws_subnet.private_subnet2",
            "data.archive_file.lambda_archives",
            "data.archive_file.rds_layer",
            "data.archive_file.user_auth_layer",
            "data.aws_availability_zones.available",
            "data.aws_vpc.default"
          ],
          "create_before_destroy": true
        },
        {
          "index_key": "graph/get_work_rest_ratio",
          "schema_version": 0,
          "attributes": {
            "content_handling": "",
            "http_method": "OPTIONS",
            "id": "agir-buzzzp4ywk-uxymbx-OPTIONS-200",
            "resource_id": "uxymbx",
            "response_parameters": {
              "method.response.header.Access-Control-Allow-Headers": "'Content-Type,X-Amz-Date,Authorization,X-Api-Key,X-Amz-Security-Token'",
              "method.response.header.Access-Control-Allow-Methods": "'GET,POST,PUT,DELETE,OPTIONS'",
              "method.response.header.Access-Control-Allow-Origin": "'*'"
            },
            "response_templates": {},
            "rest_api_id": "buzzzp4ywk",
            "selection_pattern": "",
            "status_code": "200"
          },
          "sensitive_attributes": [],
          "identity_schema_version": 0,
          "private": "bnVsbA==",
          "dependencies": [
            "aws_api_gateway_integration.options",
            "aws_api_gateway_method.options",
            "aws_api_gateway_method_response.options",
            "aws_api_gateway_resource.athletes",
            "aws_api_gateway_resource.coaches",
            "aws_api_gateway_resource.general",
            "aws_api_gateway_resource.graph",
            "aws_api_gateway_resource.history",
            "aws_api_gateway_resource.relations",
            "aws_api_gateway_resource.subresources",
            "aws_api_gateway_rest_api.main",
            "aws_db_instance.default",
            "aws_db_subnet_group.rds_private",
            "aws_iam_role.lambda_role",
            "aws_iam_role_policy_attachment.lambda_rds_auth",
            "aws_lambda_function.lambdas",
            "aws_lambda_layer_version.rds",
            "aws_lambda_layer_version.user_auth",
            "aws_security_group.lambda_sg",
            "aws_subnet.private_subnet1",
            "aws_subnet.private_subnet2",
            "data.archive_file.lambda_archives",
            "data.archive_file.rds_layer",
            "data.archive_file.user_auth_layer",
            "data.aws_availability_zones.available",
            "data.aws_vpc.default"
          ],
          "create_before_destroy": true
        },
        {
          "index_key": "history/fetch_historical_data",
          "schema_version": 0,
          "attributes": {
            "content_handling": "",
            "http_method": "OPTIONS",
            "id": "agir-buzzzp4ywk-ax5rm1-OPTIONS-200",
            "resource_id": "ax5rm1",
            "response_parameters": {
              "method.response.header.Access-Control-Allow-Headers": "'Content-Type,X-Amz-Date,Authorization,X-Api-Key,X-Amz-Security-Token'",
              "method.response.header.Access-Control-Allow-Methods": "'GET,POST,PUT,DELETE,OPTIONS'",
              "method.response.header.Access-Control-Allow-Origin": "'*'"
            },
            "response_templates": {},
            "rest_api_id": "buzzzp4ywk",
            "selection_pattern": "",
            "status_code": "200"
          },
          "sensitive_attributes": [],
          "identity_schema_version": 0,
          "private": "bnVsbA==",
          "dependencies": [
            "aws_api_gateway_integration.options",
            "aws_api_gateway_method.options",
            "aws_api_gateway_method_response.options",
            "aws_api_gateway_resource.athletes",
            "aws_api_gateway_resource.coaches",
            "aws_api_gateway_resource.general",
            "aws_api_gateway_resource.graph",
            "aws_api_gateway_resource.history",
            "aws_api_gateway_resource.relations",
            "aws_api_gateway_resource.subresources",
            "aws_api_gateway_rest_api.main",
            "aws_db_instance.default",
            "aws_db_subnet_group.rds_private",
            "aws_iam_role.lambda_role",
            "aws_iam_role_policy_attachment.lambda_rds_auth",
            "aws_lambda_function.lambdas",
            "aws_lambda_layer_version.rds",
            "aws_lambda_layer_version.user_auth",
            "aws_security_group.lambda_sg",
            "aws_subnet.private_subnet1",
            "aws_subnet.private_subnet2",
            "data.archive_file.lambda_archives",
            "data.archive_file.rds_layer",
            "data.archive_file.user_auth_layer",
            "data.aws_availability_zones.available",
            "data.aws_vpc.default"
          ],
          "create_before_destroy": true
        },
        {
          "index_key": "history/get_available_history_dates",
          "schema_version": 0,
          "attributes": {
            "content_handling": "",
            "http_method": "OPTIONS",
            "id": "agir-buzzzp4ywk-mbjupg-OPTIONS-200",
            "resource_id": "mbjupg",
            "response_parameters": {
              "method.response.header.Access-Control-Allow-Headers": "'Content-Type,X-Amz-Date,Authorization,X-Api-Key,X-Amz-Security-Token'",
              "method.response.header.Access-Control-Allow-Methods": "'GET,POST,PUT,DELETE,OPTIONS'",
              "method.response.header.Access-Control-Allow-Origin": "'*'"
            },
            "response_templates": {},
            "rest_api_id": "buzzzp4ywk",
            "selection_pattern": "",
            "status_code": "200"
          },
          "sensitive_attributes": [],
          "identity_schema_version": 0,
          "private": "bnVsbA==",
          "dependencies": [
            "aws_api_gateway_integration.options",
            "aws_api_gateway_method.options",
            "aws_api_gateway_method_response.options",
            "aws_api_gateway_resource.athletes",
            "aws_api_gateway_resource.coaches",
            "aws_api_gateway_resource.general",
            "aws_api_gateway_resource.graph",
            "aws_api_gateway_resource.history",
            "aws_api_gateway_resource.relations",
            "aws_api_gateway_resource.subresources",
            "aws_api_gateway_rest_api.main",
            "aws_db_instance.default",
            "aws_db_subnet_group.rds_private",
            "aws_iam_role.lambda_role",
            "aws_iam_role_policy_attachment.lambda_rds_auth",
            "aws_lambda_function.lambdas",
            "aws_lambda_layer_version.rds",
            "aws_lambda_layer_version.user_auth",
            "aws_security_group.lambda_sg",
            "aws_subnet.private_subnet1",
            "aws_subnet.private_subnet2",
            "data.archive_file.lambda_archives",
            "data.archive_file.rds_layer",
            "data.archive_file.user_auth_layer",
            "data.aws_availability_zones.available",
            "data.aws_vpc.default"
          ],
          "create_before_destroy": true
        },
        {
          "index_key": "history/get_earliest_date_available",
          "schema_version": 0,
          "attributes": {
            "content_handling": "",
            "http_method": "OPTIONS",
            "id": "agir-buzzzp4ywk-p8a8f8-OPTIONS-200",
            "resource_id": "p8a8f8",
            "response_parameters": {
              "method.response.header.Access-Control-Allow-Headers": "'Content-Type,X-Amz-Date,Authorization,X-Api-Key,X-Amz-Security-Token'",
              "method.response.header.Access-Control-Allow-Methods": "'GET,POST,PUT,DELETE,OPTIONS'",
              "method.response.header.Access-Control-Allow-Origin": "'*'"
            },
            "response_templates": {},
            "rest_api_id": "buzzzp4ywk",
            "selection_pattern": "",
            "status_code": "200"
          },
          "sensitive_attributes": [],
          "identity_schema_version": 0,
          "private": "bnVsbA==",
          "dependencies": [
            "aws_api_gateway_integration.options",
            "aws_api_gateway_method.options",
            "aws_api_gateway_method_response.options",
            "aws_api_gateway_resource.athletes",
            "aws_api_gateway_resource.coaches",
            "aws_api_gateway_resource.general",
            "aws_api_gateway_resource.graph",
            "aws_api_gateway_resource.history",
            "aws_api_gateway_resource.relations",
            "aws_api_gateway_resource.subresources",
            "aws_api_gateway_rest_api.main",
            "aws_db_instance.default",
            "aws_db_subnet_group.rds_private",
            "aws_iam_role.lambda_role",
            "aws_iam_role_policy_attachment.lambda_rds_auth",
            "aws_lambda_function.lambdas",
            "aws_lambda_layer_version.rds",
            "aws_lambda_layer_version.user_auth",
            "aws_security_group.lambda_sg",
            "aws_subnet.private_subnet1",
            "aws_subnet.private_subnet2",
            "data.archive_file.lambda_archives",
            "data.archive_file.rds_layer",
            "data.archive_file.user_auth_layer",
            "data.aws_availability_zones.available",
            "data.aws_vpc.default"
          ],
          "create_before_destroy": true
        },
        {
          "index_key": "relations/add_relation",
          "schema_version": 0,
          "attributes": {
            "content_handling": "",
            "http_method": "OPTIONS",
            "id": "agir-buzzzp4ywk-zs7qut-OPTIONS-200",
            "resource_id": "zs7qut",
            "response_parameters": {
              "method.response.header.Access-Control-Allow-Headers": "'Content-Type,X-Amz-Date,Authorization,X-Api-Key,X-Amz-Security-Token'",
              "method.response.header.Access-Control-Allow-Methods": "'GET,POST,PUT,DELETE,OPTIONS'",
              "method.response.header.Access-Control-Allow-Origin": "'*'"
            },
            "response_templates": {},
            "rest_api_id": "buzzzp4ywk",
            "selection_pattern": "",
            "status_code": "200"
          },
          "sensitive_attributes": [],
          "identity_schema_version": 0,
          "private": "bnVsbA==",
          "dependencies": [
            "aws_api_gateway_integration.options",
            "aws_api_gateway_method.options",
            "aws_api_gateway_method_response.options",
            "aws_api_gateway_resource.athletes",
            "aws_api_gateway_resource.coaches",
            "aws_api_gateway_resource.general",
            "aws_api_gateway_resource.graph",
            "aws_api_gateway_resource.history",
            "aws_api_gateway_resource.relations",
            "aws_api_gateway_resource.subresources",
            "aws_api_gateway_rest_api.main",
            "aws_db_instance.default",
            "aws_db_subnet_group.rds_private",
            "aws_iam_role.lambda_role",
            "aws_iam_role_policy_attachment.lambda_rds_auth",
            "aws_lambda_function.lambdas",
            "aws_lambda_layer_version.rds",
            "aws_lambda_layer_version.user_auth",
            "aws_security_group.lambda_sg",
            "aws_subnet.private_subnet1",
            "aws_subnet.private_subnet2",
            "data.archive_file.lambda_archives",
            "data.archive_file.rds_layer",
            "data.archive_file.user_auth_layer",
            "data.aws_availability_zones.available",
            "data.aws_vpc.default"
          ],
          "create_before_destroy": true
        },
        {
          "index_key": "relations/get_mutual_athletes",
          "schema_version": 0,
          "attributes": {
            "content_handling": "",
            "http_method": "OPTIONS",
            "id": "agir-buzzzp4ywk-owe3in-OPTIONS-200",
            "resource_id": "owe3in",
            "response_parameters": {
              "method.response.header.Access-Control-Allow-Headers": "'Content-Type,X-Amz-Date,Authorization,X-Api-Key,X-Amz-Security-Token'",
              "method.response.header.Access-Control-Allow-Methods": "'GET,POST,PUT,DELETE,OPTIONS'",
              "method.response.header.Access-Control-Allow-Origin": "'*'"
            },
            "response_templates": {},
            "rest_api_id": "buzzzp4ywk",
            "selection_pattern": "",
            "status_code": "200"
          },
          "sensitive_attributes": [],
          "identity_schema_version": 0,
          "private": "bnVsbA==",
          "dependencies": [
            "aws_api_gateway_integration.options",
            "aws_api_gateway_method.options",
            "aws_api_gateway_method_response.options",
            "aws_api_gateway_resource.athletes",
            "aws_api_gateway_resource.coaches",
            "aws_api_gateway_resource.general",
            "aws_api_gateway_resource.graph",
            "aws_api_gateway_resource.history",
            "aws_api_gateway_resource.relations",
            "aws_api_gateway_resource.subresources",
            "aws_api_gateway_rest_api.main",
            "aws_db_instance.default",
            "aws_db_subnet_group.rds_private",
            "aws_iam_role.lambda_role",
            "aws_iam_role_policy_attachment.lambda_rds_auth",
            "aws_lambda_function.lambdas",
            "aws_lambda_layer_version.rds",
            "aws_lambda_layer_version.user_auth",
            "aws_security_group.lambda_sg",
            "aws_subnet.private_subnet1",
            "aws_subnet.private_subnet2",
            "data.archive_file.lambda_archives",
            "data.archive_file.rds_layer",
            "data.archive_file.user_auth_layer",
            "data.aws_availability_zones.available",
            "data.aws_vpc.default"
          ],
          "create_before_destroy": true
        },
        {
          "index_key": "relations/get_mutual_user_relations",
          "schema_version": 0,
          "attributes": {
            "content_handling": "",
            "http_method": "OPTIONS",
            "id": "agir-buzzzp4ywk-h1iinp-OPTIONS-200",
            "resource_id": "h1iinp",
            "response_parameters": {
              "method.response.header.Access-Control-Allow-Headers": "'Content-Type,X-Amz-Date,Authorization,X-Api-Key,X-Amz-Security-Token'",
              "method.response.header.Access-Control-Allow-Methods": "'GET,POST,PUT,DELETE,OPTIONS'",
              "method.response.header.Access-Control-Allow-Origin": "'*'"
            },
            "response_templates": {},
            "rest_api_id": "buzzzp4ywk",
            "selection_pattern": "",
            "status_code": "200"
          },
          "sensitive_attributes": [],
          "identity_schema_version": 0,
          "private": "bnVsbA==",
          "dependencies": [
            "aws_api_gateway_integration.options",
            "aws_api_gateway_method.options",
            "aws_api_gateway_method_response.options",
            "aws_api_gateway_resource.athletes",
            "aws_api_gateway_resource.coaches",
            "aws_api_gateway_resource.general",
            "aws_api_gateway_resource.graph",
            "aws_api_gateway_resource.history",
            "aws_api_gateway_resource.relations",
            "aws_api_gateway_resource.subresources",
            "aws_api_gateway_rest_api.main",
            "aws_db_instance.default",
            "aws_db_subnet_group.rds_private",
            "aws_iam_role.lambda_role",
            "aws_iam_role_policy_attachment.lambda_rds_auth",
            "aws_lambda_function.lambdas",
            "aws_lambda_layer_version.rds",
            "aws_lambda_layer_version.user_auth",
            "aws_security_group.lambda_sg",
            "aws_subnet.private_subnet1",
            "aws_subnet.private_subnet2",
            "data.archive_file.lambda_archives",
            "data.archive_file.rds_layer",
            "data.archive_file.user_auth_layer",
            "data.aws_availability_zones.available",
            "data.aws_vpc.default"
          ],
          "create_before_destroy": true
        },
        {
          "index_key": "relations/get_relation_invites",
          "schema_version": 0,
          "attributes": {
            "content_handling": "",
            "http_method": "OPTIONS",
            "id": "agir-buzzzp4ywk-q4nprh-OPTIONS-200",
            "resource_id": "q4nprh",
            "response_parameters": {
              "method.response.header.Access-Control-Allow-Headers": "'Content-Type,X-Amz-Date,Authorization,X-Api-Key,X-Amz-Security-Token'",
              "method.response.header.Access-Control-Allow-Methods": "'GET,POST,PUT,DELETE,OPTIONS'",
              "method.response.header.Access-Control-Allow-Origin": "'*'"
            },
            "response_templates": {},
            "rest_api_id": "buzzzp4ywk",
            "selection_pattern": "",
            "status_code": "200"
          },
          "sensitive_attributes": [],
          "identity_schema_version": 0,
          "private": "bnVsbA==",
          "dependencies": [
            "aws_api_gateway_integration.options",
            "aws_api_gateway_method.options",
            "aws_api_gateway_method_response.options",
            "aws_api_gateway_resource.athletes",
            "aws_api_gateway_resource.coaches",
            "aws_api_gateway_resource.general",
            "aws_api_gateway_resource.graph",
            "aws_api_gateway_resource.history",
            "aws_api_gateway_resource.relations",
            "aws_api_gateway_resource.subresources",
            "aws_api_gateway_rest_api.main",
            "aws_db_instance.default",
            "aws_db_subnet_group.rds_private",
            "aws_iam_role.lambda_role",
            "aws_iam_role_policy_attachment.lambda_rds_auth",
            "aws_lambda_function.lambdas",
            "aws_lambda_layer_version.rds",
            "aws_lambda_layer_version.user_auth",
            "aws_security_group.lambda_sg",
            "aws_subnet.private_subnet1",
            "aws_subnet.private_subnet2",
            "data.archive_file.lambda_archives",
            "data.archive_file.rds_layer",
            "data.archive_file.user_auth_layer",
            "data.aws_availability_zones.available",
            "data.aws_vpc.default"
          ],
          "create_before_destroy": true
        },
        {
          "index_key": "relations/get_relation_invites_count",
          "schema_version": 0,
          "attributes": {
            "content_handling": "",
            "http_method": "OPTIONS",
            "id": "agir-buzzzp4ywk-7mmdfl-OPTIONS-200",
            "resource_id": "7mmdfl",
            "response_parameters": {
              "method.response.header.Access-Control-Allow-Headers": "'Content-Type,X-Amz-Date,Authorization,X-Api-Key,X-Amz-Security-Token'",
              "method.response.header.Access-Control-Allow-Methods": "'GET,POST,PUT,DELETE,OPTIONS'",
              "method.response.header.Access-Control-Allow-Origin": "'*'"
            },
            "response_templates": {},
            "rest_api_id": "buzzzp4ywk",
            "selection_pattern": "",
            "status_code": "200"
          },
          "sensitive_attributes": [],
          "identity_schema_version": 0,
          "private": "bnVsbA==",
          "dependencies": [
            "aws_api_gateway_integration.options",
            "aws_api_gateway_method.options",
            "aws_api_gateway_method_response.options",
            "aws_api_gateway_resource.athletes",
            "aws_api_gateway_resource.coaches",
            "aws_api_gateway_resource.general",
            "aws_api_gateway_resource.graph",
            "aws_api_gateway_resource.history",
            "aws_api_gateway_resource.relations",
            "aws_api_gateway_resource.subresources",
            "aws_api_gateway_rest_api.main",
            "aws_db_instance.default",
            "aws_db_subnet_group.rds_private",
            "aws_iam_role.lambda_role",
            "aws_iam_role_policy_attachment.lambda_rds_auth",
            "aws_lambda_function.lambdas",
            "aws_lambda_layer_version.rds",
            "aws_lambda_layer_version.user_auth",
            "aws_security_group.lambda_sg",
            "aws_subnet.private_subnet1",
            "aws_subnet.private_subnet2",
            "data.archive_file.lambda_archives",
            "data.archive_file.rds_layer",
            "data.archive_file.user_auth_layer",
            "data.aws_availability_zones.available",
            "data.aws_vpc.default"
          ],
          "create_before_destroy": true
        },
        {
          "index_key": "relations/remove_user_relation",
          "schema_version": 0,
          "attributes": {
            "content_handling": "",
            "http_method": "OPTIONS",
            "id": "agir-buzzzp4ywk-xzk7ie-OPTIONS-200",
            "resource_id": "xzk7ie",
            "response_parameters": {
              "method.response.header.Access-Control-Allow-Headers": "'Content-Type,X-Amz-Date,Authorization,X-Api-Key,X-Amz-Security-Token'",
              "method.response.header.Access-Control-Allow-Methods": "'GET,POST,PUT,DELETE,OPTIONS'",
              "method.response.header.Access-Control-Allow-Origin": "'*'"
            },
            "response_templates": {},
            "rest_api_id": "buzzzp4ywk",
            "selection_pattern": "",
            "status_code": "200"
          },
          "sensitive_attributes": [],
          "identity_schema_version": 0,
          "private": "bnVsbA==",
          "dependencies": [
            "aws_api_gateway_integration.options",
            "aws_api_gateway_method.options",
            "aws_api_gateway_method_response.options",
            "aws_api_gateway_resource.athletes",
            "aws_api_gateway_resource.coaches",
            "aws_api_gateway_resource.general",
            "aws_api_gateway_resource.graph",
            "aws_api_gateway_resource.history",
            "aws_api_gateway_resource.relations",
            "aws_api_gateway_resource.subresources",
            "aws_api_gateway_rest_api.main",
            "aws_db_instance.default",
            "aws_db_subnet_group.rds_private",
            "aws_iam_role.lambda_role",
            "aws_iam_role_policy_attachment.lambda_rds_auth",
            "aws_lambda_function.lambdas",
            "aws_lambda_layer_version.rds",
            "aws_lambda_layer_version.user_auth",
            "aws_security_group.lambda_sg",
            "aws_subnet.private_subnet1",
            "aws_subnet.private_subnet2",
            "data.archive_file.lambda_archives",
            "data.archive_file.rds_layer",
            "data.archive_file.user_auth_layer",
            "data.aws_availability_zones.available",
            "data.aws_vpc.default"
          ],
          "create_before_destroy": true
        },
        {
          "index_key": "relations/search_user_relation",
          "schema_version": 0,
          "attributes": {
            "content_handling": "",
            "http_method": "OPTIONS",
            "id": "agir-buzzzp4ywk-vodnr3-OPTIONS-200",
            "resource_id": "vodnr3",
            "response_parameters": {
              "method.response.header.Access-Control-Allow-Headers": "'Content-Type,X-Amz-Date,Authorization,X-Api-Key,X-Amz-Security-Token'",
              "method.response.header.Access-Control-Allow-Methods": "'GET,POST,PUT,DELETE,OPTIONS'",
              "method.response.header.Access-Control-Allow-Origin": "'*'"
            },
            "response_templates": {},
            "rest_api_id": "buzzzp4ywk",
            "selection_pattern": "",
            "status_code": "200"
          },
          "sensitive_attributes": [],
          "identity_schema_version": 0,
          "private": "bnVsbA==",
          "dependencies": [
            "aws_api_gateway_integration.options",
            "aws_api_gateway_method.options",
            "aws_api_gateway_method_response.options",
            "aws_api_gateway_resource.athletes",
            "aws_api_gateway_resource.coaches",
            "aws_api_gateway_resource.general",
            "aws_api_gateway_resource.graph",
            "aws_api_gateway_resource.history",
            "aws_api_gateway_resource.relations",
            "aws_api_gateway_resource.subresources",
            "aws_api_gateway_rest_api.main",
            "aws_db_instance.default",
            "aws_db_subnet_group.rds_private",
            "aws_iam_role.lambda_role",
            "aws_iam_role_policy_attachment.lambda_rds_auth",
            "aws_lambda_function.lambdas",
            "aws_lambda_layer_version.rds",
            "aws_lambda_layer_version.user_auth",
            "aws_security_group.lambda_sg",
            "aws_subnet.private_subnet1",
            "aws_subnet.private_subnet2",
            "data.archive_file.lambda_archives",
            "data.archive_file.rds_layer",
            "data.archive_file.user_auth_layer",
            "data.aws_availability_zones.available",
            "data.aws_vpc.default"
          ],
          "create_before_destroy": true
        }
      ]
    },
    {
      "mode": "managed",
      "type": "aws_api_gateway_method",
      "name": "main",
      "provider": "provider[\"registry.terraform.io/hashicorp/aws\"]",
      "instances": [
        {
          "index_key": "athletes/input_times",
          "schema_version": 0,
          "attributes": {
            "api_key_required": false,
            "authorization": "COGNITO_USER_POOLS",
            "authorization_scopes": [],
            "authorizer_id": "6bclv1",
            "http_method": "POST",
            "id": "agm-buzzzp4ywk-akxhzs-POST",
            "operation_name": "",
            "request_models": {},
            "request_parameters": {},
            "request_validator_id": "",
            "resource_id": "akxhzs",
            "rest_api_id": "buzzzp4ywk"
          },
          "sensitive_attributes": [],
          "identity_schema_version": 0,
          "private": "bnVsbA==",
          "dependencies": [
            "aws_api_gateway_authorizer.cognito_authorizer",
            "aws_api_gateway_resource.athletes",
            "aws_api_gateway_resource.coaches",
            "aws_api_gateway_resource.general",
            "aws_api_gateway_resource.graph",
            "aws_api_gateway_resource.history",
            "aws_api_gateway_resource.relations",
            "aws_api_gateway_resource.subresources",
            "aws_api_gateway_rest_api.main",
            "aws_db_instance.default",
            "aws_db_subnet_group.rds_private",
            "aws_iam_role.lambda_role",
            "aws_iam_role_policy_attachment.lambda_rds_auth",
            "aws_lambda_function.lambdas",
            "aws_lambda_layer_version.rds",
            "aws_lambda_layer_version.user_auth",
            "aws_security_group.lambda_sg",
            "aws_subnet.private_subnet1",
            "aws_subnet.private_subnet2",
            "data.archive_file.lambda_archives",
            "data.archive_file.rds_layer",
            "data.archive_file.user_auth_layer",
            "data.aws_availability_zones.available",
            "data.aws_vpc.default"
          ],
          "create_before_destroy": true
        },
        {
          "index_key": "athletes/remove_inputs",
          "schema_version": 0,
          "attributes": {
            "api_key_required": false,
            "authorization": "COGNITO_USER_POOLS",
            "authorization_scopes": [],
            "authorizer_id": "6bclv1",
            "http_method": "POST",
            "id": "agm-buzzzp4ywk-6emjgf-POST",
            "operation_name": "",
            "request_models": {},
            "request_parameters": {},
            "request_validator_id": "",
            "resource_id": "6emjgf",
            "rest_api_id": "buzzzp4ywk"
          },
          "sensitive_attributes": [],
          "identity_schema_version": 0,
          "private": "bnVsbA==",
          "dependencies": [
            "aws_api_gateway_authorizer.cognito_authorizer",
            "aws_api_gateway_resource.athletes",
            "aws_api_gateway_resource.coaches",
            "aws_api_gateway_resource.general",
            "aws_api_gateway_resource.graph",
            "aws_api_gateway_resource.history",
            "aws_api_gateway_resource.relations",
            "aws_api_gateway_resource.subresources",
            "aws_api_gateway_rest_api.main",
            "aws_db_instance.default",
            "aws_db_subnet_group.rds_private",
            "aws_iam_role.lambda_role",
            "aws_iam_role_policy_attachment.lambda_rds_auth",
            "aws_lambda_function.lambdas",
            "aws_lambda_layer_version.rds",
            "aws_lambda_layer_version.user_auth",
            "aws_security_group.lambda_sg",
            "aws_subnet.private_subnet1",
            "aws_subnet.private_subnet2",
            "data.archive_file.lambda_archives",
            "data.archive_file.rds_layer",
            "data.archive_file.user_auth_layer",
            "data.aws_availability_zones.available",
            "data.aws_vpc.default"
          ],
          "create_before_destroy": true
        },
        {
          "index_key": "athletes/view_workout_inputs",
          "schema_version": 0,
          "attributes": {
            "api_key_required": false,
            "authorization": "COGNITO_USER_POOLS",
            "authorization_scopes": [],
            "authorizer_id": "6bclv1",
            "http_method": "GET",
            "id": "agm-buzzzp4ywk-wqltih-GET",
            "operation_name": "",
            "request_models": {},
            "request_parameters": {},
            "request_validator_id": "",
            "resource_id": "wqltih",
            "rest_api_id": "buzzzp4ywk"
          },
          "sensitive_attributes": [],
          "identity_schema_version": 0,
          "private": "bnVsbA==",
          "dependencies": [
            "aws_api_gateway_authorizer.cognito_authorizer",
            "aws_api_gateway_resource.athletes",
            "aws_api_gateway_resource.coaches",
            "aws_api_gateway_resource.general",
            "aws_api_gateway_resource.graph",
            "aws_api_gateway_resource.history",
            "aws_api_gateway_resource.relations",
            "aws_api_gateway_resource.subresources",
            "aws_api_gateway_rest_api.main",
            "aws_db_instance.default",
            "aws_db_subnet_group.rds_private",
            "aws_iam_role.lambda_role",
            "aws_iam_role_policy_attachment.lambda_rds_auth",
            "aws_lambda_function.lambdas",
            "aws_lambda_layer_version.rds",
            "aws_lambda_layer_version.user_auth",
            "aws_security_group.lambda_sg",
            "aws_subnet.private_subnet1",
            "aws_subnet.private_subnet2",
            "data.archive_file.lambda_archives",
            "data.archive_file.rds_layer",
            "data.archive_file.user_auth_layer",
            "data.aws_availability_zones.available",
            "data.aws_vpc.default"
          ],
          "create_before_destroy": true
        },
        {
          "index_key": "general/create_user",
          "schema_version": 0,
          "attributes": {
            "api_key_required": false,
            "authorization": "COGNITO_USER_POOLS",
            "authorization_scopes": [],
            "authorizer_id": "6bclv1",
            "http_method": "POST",
            "id": "agm-buzzzp4ywk-3ux4l0-POST",
            "operation_name": "",
            "request_models": {},
            "request_parameters": {},
            "request_validator_id": "",
            "resource_id": "3ux4l0",
            "rest_api_id": "buzzzp4ywk"
          },
          "sensitive_attributes": [],
          "identity_schema_version": 0,
          "private": "bnVsbA==",
          "dependencies": [
            "aws_api_gateway_authorizer.cognito_authorizer",
            "aws_api_gateway_resource.athletes",
            "aws_api_gateway_resource.coaches",
            "aws_api_gateway_resource.general",
            "aws_api_gateway_resource.graph",
            "aws_api_gateway_resource.history",
            "aws_api_gateway_resource.relations",
            "aws_api_gateway_resource.subresources",
            "aws_api_gateway_rest_api.main",
            "aws_db_instance.default",
            "aws_db_subnet_group.rds_private",
            "aws_iam_role.lambda_role",
            "aws_iam_role_policy_attachment.lambda_rds_auth",
            "aws_lambda_function.lambdas",
            "aws_lambda_layer_version.rds",
            "aws_lambda_layer_version.user_auth",
            "aws_security_group.lambda_sg",
            "aws_subnet.private_subnet1",
            "aws_subnet.private_subnet2",
            "data.archive_file.lambda_archives",
            "data.archive_file.rds_layer",
            "data.archive_file.user_auth_layer",
            "data.aws_availability_zones.available",
            "data.aws_vpc.default"
          ],
          "create_before_destroy": true
        },
        {
          "index_key": "general/get_mutual_inputs",
          "schema_version": 0,
          "attributes": {
            "api_key_required": false,
            "authorization": "COGNITO_USER_POOLS",
            "authorization_scopes": [],
            "authorizer_id": "6bclv1",
            "http_method": "GET",
            "id": "agm-buzzzp4ywk-dnnf27-GET",
            "operation_name": "",
            "request_models": {},
            "request_parameters": {},
            "request_validator_id": "",
            "resource_id": "dnnf27",
            "rest_api_id": "buzzzp4ywk"
          },
          "sensitive_attributes": [],
          "identity_schema_version": 0,
          "private": "bnVsbA==",
          "dependencies": [
            "aws_api_gateway_authorizer.cognito_authorizer",
            "aws_api_gateway_resource.athletes",
            "aws_api_gateway_resource.coaches",
            "aws_api_gateway_resource.general",
            "aws_api_gateway_resource.graph",
            "aws_api_gateway_resource.history",
            "aws_api_gateway_resource.relations",
            "aws_api_gateway_resource.subresources",
            "aws_api_gateway_rest_api.main",
            "aws_db_instance.default",
            "aws_db_subnet_group.rds_private",
            "aws_iam_role.lambda_role",
            "aws_iam_role_policy_attachment.lambda_rds_auth",
            "aws_lambda_function.lambdas",
            "aws_lambda_layer_version.rds",
            "aws_lambda_layer_version.user_auth",
            "aws_security_group.lambda_sg",
            "aws_subnet.private_subnet1",
            "aws_subnet.private_subnet2",
            "data.archive_file.lambda_archives",
            "data.archive_file.rds_layer",
            "data.archive_file.user_auth_layer",
            "data.aws_availability_zones.available",
            "data.aws_vpc.default"
          ],
          "create_before_destroy": true
        },
        {
          "index_key": "general/get_user",
          "schema_version": 0,
          "attributes": {
            "api_key_required": false,
            "authorization": "COGNITO_USER_POOLS",
            "authorization_scopes": [],
            "authorizer_id": "6bclv1",
            "http_method": "GET",
            "id": "agm-buzzzp4ywk-ofzmk1-GET",
            "operation_name": "",
            "request_models": {},
            "request_parameters": {},
            "request_validator_id": "",
            "resource_id": "ofzmk1",
            "rest_api_id": "buzzzp4ywk"
          },
          "sensitive_attributes": [],
          "identity_schema_version": 0,
          "private": "bnVsbA==",
          "dependencies": [
            "aws_api_gateway_authorizer.cognito_authorizer",
            "aws_api_gateway_resource.athletes",
            "aws_api_gateway_resource.coaches",
            "aws_api_gateway_resource.general",
            "aws_api_gateway_resource.graph",
            "aws_api_gateway_resource.history",
            "aws_api_gateway_resource.relations",
            "aws_api_gateway_resource.subresources",
            "aws_api_gateway_rest_api.main",
            "aws_db_instance.default",
            "aws_db_subnet_group.rds_private",
            "aws_iam_role.lambda_role",
            "aws_iam_role_policy_attachment.lambda_rds_auth",
            "aws_lambda_function.lambdas",
            "aws_lambda_layer_version.rds",
            "aws_lambda_layer_version.user_auth",
            "aws_security_group.lambda_sg",
            "aws_subnet.private_subnet1",
            "aws_subnet.private_subnet2",
            "data.archive_file.lambda_archives",
            "data.archive_file.rds_layer",
            "data.archive_file.user_auth_layer",
            "data.aws_availability_zones.available",
            "data.aws_vpc.default"
          ],
          "create_before_destroy": true
        },
        {
          "index_key": "general/mass_input",
          "schema_version": 0,
          "attributes": {
            "api_key_required": false,
            "authorization": "COGNITO_USER_POOLS",
            "authorization_scopes": [],
            "authorizer_id": "6bclv1",
            "http_method": "POST",
            "id": "agm-buzzzp4ywk-ozp6d8-POST",
            "operation_name": "",
            "request_models": {},
            "request_parameters": {},
            "request_validator_id": "",
            "resource_id": "ozp6d8",
            "rest_api_id": "buzzzp4ywk"
          },
          "sensitive_attributes": [],
          "identity_schema_version": 0,
          "private": "bnVsbA==",
          "dependencies": [
            "aws_api_gateway_authorizer.cognito_authorizer",
            "aws_api_gateway_resource.athletes",
            "aws_api_gateway_resource.coaches",
            "aws_api_gateway_resource.general",
            "aws_api_gateway_resource.graph",
            "aws_api_gateway_resource.history",
            "aws_api_gateway_resource.relations",
            "aws_api_gateway_resource.subresources",
            "aws_api_gateway_rest_api.main",
            "aws_db_instance.default",
            "aws_db_subnet_group.rds_private",
            "aws_iam_role.lambda_role",
            "aws_iam_role_policy_attachment.lambda_rds_auth",
            "aws_lambda_function.lambdas",
            "aws_lambda_layer_version.rds",
            "aws_lambda_layer_version.user_auth",
            "aws_security_group.lambda_sg",
            "aws_subnet.private_subnet1",
            "aws_subnet.private_subnet2",
            "data.archive_file.lambda_archives",
            "data.archive_file.rds_layer",
            "data.archive_file.user_auth_layer",
            "data.aws_availability_zones.available",
            "data.aws_vpc.default"
          ],
          "create_before_destroy": true
        },
        {
          "index_key": "general/update_user_profile",
          "schema_version": 0,
          "attributes": {
            "api_key_required": false,
            "authorization": "COGNITO_USER_POOLS",
            "authorization_scopes": [],
            "authorizer_id": "6bclv1",
            "http_method": "POST",
            "id": "agm-buzzzp4ywk-82va20-POST",
            "operation_name": "",
            "request_models": {},
            "request_parameters": {},
            "request_validator_id": "",
            "resource_id": "82va20",
            "rest_api_id": "buzzzp4ywk"
          },
          "sensitive_attributes": [],
          "identity_schema_version": 0,
          "private": "bnVsbA==",
          "dependencies": [
            "aws_api_gateway_authorizer.cognito_authorizer",
            "aws_api_gateway_resource.athletes",
            "aws_api_gateway_resource.coaches",
            "aws_api_gateway_resource.general",
            "aws_api_gateway_resource.graph",
            "aws_api_gateway_resource.history",
            "aws_api_gateway_resource.relations",
            "aws_api_gateway_resource.subresources",
            "aws_api_gateway_rest_api.main",
            "aws_db_instance.default",
            "aws_db_subnet_group.rds_private",
            "aws_iam_role.lambda_role",
            "aws_iam_role_policy_attachment.lambda_rds_auth",
            "aws_lambda_function.lambdas",
            "aws_lambda_layer_version.rds",
            "aws_lambda_layer_version.user_auth",
            "aws_security_group.lambda_sg",
            "aws_subnet.private_subnet1",
            "aws_subnet.private_subnet2",
            "data.archive_file.lambda_archives",
            "data.archive_file.rds_layer",
            "data.archive_file.user_auth_layer",
            "data.aws_availability_zones.available",
            "data.aws_vpc.default"
          ],
          "create_before_destroy": true
        },
        {
          "index_key": "graph/get_avg_velocity",
          "schema_version": 0,
          "attributes": {
            "api_key_required": false,
            "authorization": "COGNITO_USER_POOLS",
            "authorization_scopes": [],
            "authorizer_id": "6bclv1",
            "http_method": "GET",
            "id": "agm-buzzzp4ywk-0bywl5-GET",
            "operation_name": "",
            "request_models": {},
            "request_parameters": {},
            "request_validator_id": "",
            "resource_id": "0bywl5",
            "rest_api_id": "buzzzp4ywk"
          },
          "sensitive_attributes": [],
          "identity_schema_version": 0,
          "private": "bnVsbA==",
          "dependencies": [
            "aws_api_gateway_authorizer.cognito_authorizer",
            "aws_api_gateway_resource.athletes",
            "aws_api_gateway_resource.coaches",
            "aws_api_gateway_resource.general",
            "aws_api_gateway_resource.graph",
            "aws_api_gateway_resource.history",
            "aws_api_gateway_resource.relations",
            "aws_api_gateway_resource.subresources",
            "aws_api_gateway_rest_api.main",
            "aws_db_instance.default",
            "aws_db_subnet_group.rds_private",
            "aws_iam_role.lambda_role",
            "aws_iam_role_policy_attachment.lambda_rds_auth",
            "aws_lambda_function.lambdas",
            "aws_lambda_layer_version.rds",
            "aws_lambda_layer_version.user_auth",
            "aws_security_group.lambda_sg",
            "aws_subnet.private_subnet1",
            "aws_subnet.private_subnet2",
            "data.archive_file.lambda_archives",
            "data.archive_file.rds_layer",
            "data.archive_file.user_auth_layer",
            "data.aws_availability_zones.available",
            "data.aws_vpc.default"
          ],
          "create_before_destroy": true
        },
        {
          "index_key": "graph/get_work_rest_ratio",
          "schema_version": 0,
          "attributes": {
            "api_key_required": false,
            "authorization": "COGNITO_USER_POOLS",
            "authorization_scopes": [],
            "authorizer_id": "6bclv1",
            "http_method": "GET",
            "id": "agm-buzzzp4ywk-uxymbx-GET",
            "operation_name": "",
            "request_models": {},
            "request_parameters": {},
            "request_validator_id": "",
            "resource_id": "uxymbx",
            "rest_api_id": "buzzzp4ywk"
          },
          "sensitive_attributes": [],
          "identity_schema_version": 0,
          "private": "bnVsbA==",
          "dependencies": [
            "aws_api_gateway_authorizer.cognito_authorizer",
            "aws_api_gateway_resource.athletes",
            "aws_api_gateway_resource.coaches",
            "aws_api_gateway_resource.general",
            "aws_api_gateway_resource.graph",
            "aws_api_gateway_resource.history",
            "aws_api_gateway_resource.relations",
            "aws_api_gateway_resource.subresources",
            "aws_api_gateway_rest_api.main",
            "aws_db_instance.default",
            "aws_db_subnet_group.rds_private",
            "aws_iam_role.lambda_role",
            "aws_iam_role_policy_attachment.lambda_rds_auth",
            "aws_lambda_function.lambdas",
            "aws_lambda_layer_version.rds",
            "aws_lambda_layer_version.user_auth",
            "aws_security_group.lambda_sg",
            "aws_subnet.private_subnet1",
            "aws_subnet.private_subnet2",
            "data.archive_file.lambda_archives",
            "data.archive_file.rds_layer",
            "data.archive_file.user_auth_layer",
            "data.aws_availability_zones.available",
            "data.aws_vpc.default"
          ],
          "create_before_destroy": true
        },
        {
          "index_key": "history/fetch_historical_data",
          "schema_version": 0,
          "attributes": {
            "api_key_required": false,
            "authorization": "COGNITO_USER_POOLS",
            "authorization_scopes": [],
            "authorizer_id": "6bclv1",
            "http_method": "GET",
            "id": "agm-buzzzp4ywk-ax5rm1-GET",
            "operation_name": "",
            "request_models": {},
            "request_parameters": {},
            "request_validator_id": "",
            "resource_id": "ax5rm1",
            "rest_api_id": "buzzzp4ywk"
          },
          "sensitive_attributes": [],
          "identity_schema_version": 0,
          "private": "bnVsbA==",
          "dependencies": [
            "aws_api_gateway_authorizer.cognito_authorizer",
            "aws_api_gateway_resource.athletes",
            "aws_api_gateway_resource.coaches",
            "aws_api_gateway_resource.general",
            "aws_api_gateway_resource.graph",
            "aws_api_gateway_resource.history",
            "aws_api_gateway_resource.relations",
            "aws_api_gateway_resource.subresources",
            "aws_api_gateway_rest_api.main",
            "aws_db_instance.default",
            "aws_db_subnet_group.rds_private",
            "aws_iam_role.lambda_role",
            "aws_iam_role_policy_attachment.lambda_rds_auth",
            "aws_lambda_function.lambdas",
            "aws_lambda_layer_version.rds",
            "aws_lambda_layer_version.user_auth",
            "aws_security_group.lambda_sg",
            "aws_subnet.private_subnet1",
            "aws_subnet.private_subnet2",
            "data.archive_file.lambda_archives",
            "data.archive_file.rds_layer",
            "data.archive_file.user_auth_layer",
            "data.aws_availability_zones.available",
            "data.aws_vpc.default"
          ],
          "create_before_destroy": true
        },
        {
          "index_key": "history/get_available_history_dates",
          "schema_version": 0,
          "attributes": {
            "api_key_required": false,
            "authorization": "COGNITO_USER_POOLS",
            "authorization_scopes": [],
            "authorizer_id": "6bclv1",
            "http_method": "GET",
            "id": "agm-buzzzp4ywk-mbjupg-GET",
            "operation_name": "",
            "request_models": {},
            "request_parameters": {},
            "request_validator_id": "",
            "resource_id": "mbjupg",
            "rest_api_id": "buzzzp4ywk"
          },
          "sensitive_attributes": [],
          "identity_schema_version": 0,
          "private": "bnVsbA==",
          "dependencies": [
            "aws_api_gateway_authorizer.cognito_authorizer",
            "aws_api_gateway_resource.athletes",
            "aws_api_gateway_resource.coaches",
            "aws_api_gateway_resource.general",
            "aws_api_gateway_resource.graph",
            "aws_api_gateway_resource.history",
            "aws_api_gateway_resource.relations",
            "aws_api_gateway_resource.subresources",
            "aws_api_gateway_rest_api.main",
            "aws_db_instance.default",
            "aws_db_subnet_group.rds_private",
            "aws_iam_role.lambda_role",
            "aws_iam_role_policy_attachment.lambda_rds_auth",
            "aws_lambda_function.lambdas",
            "aws_lambda_layer_version.rds",
            "aws_lambda_layer_version.user_auth",
            "aws_security_group.lambda_sg",
            "aws_subnet.private_subnet1",
            "aws_subnet.private_subnet2",
            "data.archive_file.lambda_archives",
            "data.archive_file.rds_layer",
            "data.archive_file.user_auth_layer",
            "data.aws_availability_zones.available",
            "data.aws_vpc.default"
          ],
          "create_before_destroy": true
        },
        {
          "index_key": "history/get_earliest_date_available",
          "schema_version": 0,
          "attributes": {
            "api_key_required": false,
            "authorization": "COGNITO_USER_POOLS",
            "authorization_scopes": [],
            "authorizer_id": "6bclv1",
            "http_method": "GET",
            "id": "agm-buzzzp4ywk-p8a8f8-GET",
            "operation_name": "",
            "request_models": {},
            "request_parameters": {},
            "request_validator_id": "",
            "resource_id": "p8a8f8",
            "rest_api_id": "buzzzp4ywk"
          },
          "sensitive_attributes": [],
          "identity_schema_version": 0,
          "private": "bnVsbA==",
          "dependencies": [
            "aws_api_gateway_authorizer.cognito_authorizer",
            "aws_api_gateway_resource.athletes",
            "aws_api_gateway_resource.coaches",
            "aws_api_gateway_resource.general",
            "aws_api_gateway_resource.graph",
            "aws_api_gateway_resource.history",
            "aws_api_gateway_resource.relations",
            "aws_api_gateway_resource.subresources",
            "aws_api_gateway_rest_api.main",
            "aws_db_instance.default",
            "aws_db_subnet_group.rds_private",
            "aws_iam_role.lambda_role",
            "aws_iam_role_policy_attachment.lambda_rds_auth",
            "aws_lambda_function.lambdas",
            "aws_lambda_layer_version.rds",
            "aws_lambda_layer_version.user_auth",
            "aws_security_group.lambda_sg",
            "aws_subnet.private_subnet1",
            "aws_subnet.private_subnet2",
            "data.archive_file.lambda_archives",
            "data.archive_file.rds_layer",
            "data.archive_file.user_auth_layer",
            "data.aws_availability_zones.available",
            "data.aws_vpc.default"
          ],
          "create_before_destroy": true
        },
        {
          "index_key": "relations/add_relation",
          "schema_version": 0,
          "attributes": {
            "api_key_required": false,
            "authorization": "COGNITO_USER_POOLS",
            "authorization_scopes": [],
            "authorizer_id": "6bclv1",
            "http_method": "POST",
            "id": "agm-buzzzp4ywk-zs7qut-POST",
            "operation_name": "",
            "request_models": {},
            "request_parameters": {},
            "request_validator_id": "",
            "resource_id": "zs7qut",
            "rest_api_id": "buzzzp4ywk"
          },
          "sensitive_attributes": [],
          "identity_schema_version": 0,
          "private": "bnVsbA==",
          "dependencies": [
            "aws_api_gateway_authorizer.cognito_authorizer",
            "aws_api_gateway_resource.athletes",
            "aws_api_gateway_resource.coaches",
            "aws_api_gateway_resource.general",
            "aws_api_gateway_resource.graph",
            "aws_api_gateway_resource.history",
            "aws_api_gateway_resource.relations",
            "aws_api_gateway_resource.subresources",
            "aws_api_gateway_rest_api.main",
            "aws_db_instance.default",
            "aws_db_subnet_group.rds_private",
            "aws_iam_role.lambda_role",
            "aws_iam_role_policy_attachment.lambda_rds_auth",
            "aws_lambda_function.lambdas",
            "aws_lambda_layer_version.rds",
            "aws_lambda_layer_version.user_auth",
            "aws_security_group.lambda_sg",
            "aws_subnet.private_subnet1",
            "aws_subnet.private_subnet2",
            "data.archive_file.lambda_archives",
            "data.archive_file.rds_layer",
            "data.archive_file.user_auth_layer",
            "data.aws_availability_zones.available",
            "data.aws_vpc.default"
          ],
          "create_before_destroy": true
        },
        {
          "index_key": "relations/get_mutual_athletes",
          "schema_version": 0,
          "attributes": {
            "api_key_required": false,
            "authorization": "COGNITO_USER_POOLS",
            "authorization_scopes": [],
            "authorizer_id": "6bclv1",
            "http_method": "GET",
            "id": "agm-buzzzp4ywk-owe3in-GET",
            "operation_name": "",
            "request_models": {},
            "request_parameters": {},
            "request_validator_id": "",
            "resource_id": "owe3in",
            "rest_api_id": "buzzzp4ywk"
          },
          "sensitive_attributes": [],
          "identity_schema_version": 0,
          "private": "bnVsbA==",
          "dependencies": [
            "aws_api_gateway_authorizer.cognito_authorizer",
            "aws_api_gateway_resource.athletes",
            "aws_api_gateway_resource.coaches",
            "aws_api_gateway_resource.general",
            "aws_api_gateway_resource.graph",
            "aws_api_gateway_resource.history",
            "aws_api_gateway_resource.relations",
            "aws_api_gateway_resource.subresources",
            "aws_api_gateway_rest_api.main",
            "aws_db_instance.default",
            "aws_db_subnet_group.rds_private",
            "aws_iam_role.lambda_role",
            "aws_iam_role_policy_attachment.lambda_rds_auth",
            "aws_lambda_function.lambdas",
            "aws_lambda_layer_version.rds",
            "aws_lambda_layer_version.user_auth",
            "aws_security_group.lambda_sg",
            "aws_subnet.private_subnet1",
            "aws_subnet.private_subnet2",
            "data.archive_file.lambda_archives",
            "data.archive_file.rds_layer",
            "data.archive_file.user_auth_layer",
            "data.aws_availability_zones.available",
            "data.aws_vpc.default"
          ],
          "create_before_destroy": true
        },
        {
          "index_key": "relations/get_mutual_user_relations",
          "schema_version": 0,
          "attributes": {
            "api_key_required": false,
            "authorization": "COGNITO_USER_POOLS",
            "authorization_scopes": [],
            "authorizer_id": "6bclv1",
            "http_method": "GET",
            "id": "agm-buzzzp4ywk-h1iinp-GET",
            "operation_name": "",
            "request_models": {},
            "request_parameters": {},
            "request_validator_id": "",
            "resource_id": "h1iinp",
            "rest_api_id": "buzzzp4ywk"
          },
          "sensitive_attributes": [],
          "identity_schema_version": 0,
          "private": "bnVsbA==",
          "dependencies": [
            "aws_api_gateway_authorizer.cognito_authorizer",
            "aws_api_gateway_resource.athletes",
            "aws_api_gateway_resource.coaches",
            "aws_api_gateway_resource.general",
            "aws_api_gateway_resource.graph",
            "aws_api_gateway_resource.history",
            "aws_api_gateway_resource.relations",
            "aws_api_gateway_resource.subresources",
            "aws_api_gateway_rest_api.main",
            "aws_db_instance.default",
            "aws_db_subnet_group.rds_private",
            "aws_iam_role.lambda_role",
            "aws_iam_role_policy_attachment.lambda_rds_auth",
            "aws_lambda_function.lambdas",
            "aws_lambda_layer_version.rds",
            "aws_lambda_layer_version.user_auth",
            "aws_security_group.lambda_sg",
            "aws_subnet.private_subnet1",
            "aws_subnet.private_subnet2",
            "data.archive_file.lambda_archives",
            "data.archive_file.rds_layer",
            "data.archive_file.user_auth_layer",
            "data.aws_availability_zones.available",
            "data.aws_vpc.default"
          ],
          "create_before_destroy": true
        },
        {
          "index_key": "relations/get_relation_invites",
          "schema_version": 0,
          "attributes": {
            "api_key_required": false,
            "authorization": "COGNITO_USER_POOLS",
            "authorization_scopes": [],
            "authorizer_id": "6bclv1",
            "http_method": "GET",
            "id": "agm-buzzzp4ywk-q4nprh-GET",
            "operation_name": "",
            "request_models": {},
            "request_parameters": {},
            "request_validator_id": "",
            "resource_id": "q4nprh",
            "rest_api_id": "buzzzp4ywk"
          },
          "sensitive_attributes": [],
          "identity_schema_version": 0,
          "private": "bnVsbA==",
          "dependencies": [
            "aws_api_gateway_authorizer.cognito_authorizer",
            "aws_api_gateway_resource.athletes",
            "aws_api_gateway_resource.coaches",
            "aws_api_gateway_resource.general",
            "aws_api_gateway_resource.graph",
            "aws_api_gateway_resource.history",
            "aws_api_gateway_resource.relations",
            "aws_api_gateway_resource.subresources",
            "aws_api_gateway_rest_api.main",
            "aws_db_instance.default",
            "aws_db_subnet_group.rds_private",
            "aws_iam_role.lambda_role",
            "aws_iam_role_policy_attachment.lambda_rds_auth",
            "aws_lambda_function.lambdas",
            "aws_lambda_layer_version.rds",
            "aws_lambda_layer_version.user_auth",
            "aws_security_group.lambda_sg",
            "aws_subnet.private_subnet1",
            "aws_subnet.private_subnet2",
            "data.archive_file.lambda_archives",
            "data.archive_file.rds_layer",
            "data.archive_file.user_auth_layer",
            "data.aws_availability_zones.available",
            "data.aws_vpc.default"
          ],
          "create_before_destroy": true
        },
        {
          "index_key": "relations/get_relation_invites_count",
          "schema_version": 0,
          "attributes": {
            "api_key_required": false,
            "authorization": "COGNITO_USER_POOLS",
            "authorization_scopes": [],
            "authorizer_id": "6bclv1",
            "http_method": "GET",
            "id": "agm-buzzzp4ywk-7mmdfl-GET",
            "operation_name": "",
            "request_models": {},
            "request_parameters": {},
            "request_validator_id": "",
            "resource_id": "7mmdfl",
            "rest_api_id": "buzzzp4ywk"
          },
          "sensitive_attributes": [],
          "identity_schema_version": 0,
          "private": "bnVsbA==",
          "dependencies": [
            "aws_api_gateway_authorizer.cognito_authorizer",
            "aws_api_gateway_resource.athletes",
            "aws_api_gateway_resource.coaches",
            "aws_api_gateway_resource.general",
            "aws_api_gateway_resource.graph",
            "aws_api_gateway_resource.history",
            "aws_api_gateway_resource.relations",
            "aws_api_gateway_resource.subresources",
            "aws_api_gateway_rest_api.main",
            "aws_db_instance.default",
            "aws_db_subnet_group.rds_private",
            "aws_iam_role.lambda_role",
            "aws_iam_role_policy_attachment.lambda_rds_auth",
            "aws_lambda_function.lambdas",
            "aws_lambda_layer_version.rds",
            "aws_lambda_layer_version.user_auth",
            "aws_security_group.lambda_sg",
            "aws_subnet.private_subnet1",
            "aws_subnet.private_subnet2",
            "data.archive_file.lambda_archives",
            "data.archive_file.rds_layer",
            "data.archive_file.user_auth_layer",
            "data.aws_availability_zones.available",
            "data.aws_vpc.default"
          ],
          "create_before_destroy": true
        },
        {
          "index_key": "relations/remove_user_relation",
          "schema_version": 0,
          "attributes": {
            "api_key_required": false,
            "authorization": "COGNITO_USER_POOLS",
            "authorization_scopes": [],
            "authorizer_id": "6bclv1",
            "http_method": "DELETE",
            "id": "agm-buzzzp4ywk-xzk7ie-DELETE",
            "operation_name": "",
            "request_models": {},
            "request_parameters": {},
            "request_validator_id": "",
            "resource_id": "xzk7ie",
            "rest_api_id": "buzzzp4ywk"
          },
          "sensitive_attributes": [],
          "identity_schema_version": 0,
          "private": "bnVsbA==",
          "dependencies": [
            "aws_api_gateway_authorizer.cognito_authorizer",
            "aws_api_gateway_resource.athletes",
            "aws_api_gateway_resource.coaches",
            "aws_api_gateway_resource.general",
            "aws_api_gateway_resource.graph",
            "aws_api_gateway_resource.history",
            "aws_api_gateway_resource.relations",
            "aws_api_gateway_resource.subresources",
            "aws_api_gateway_rest_api.main",
            "aws_db_instance.default",
            "aws_db_subnet_group.rds_private",
            "aws_iam_role.lambda_role",
            "aws_iam_role_policy_attachment.lambda_rds_auth",
            "aws_lambda_function.lambdas",
            "aws_lambda_layer_version.rds",
            "aws_lambda_layer_version.user_auth",
            "aws_security_group.lambda_sg",
            "aws_subnet.private_subnet1",
            "aws_subnet.private_subnet2",
            "data.archive_file.lambda_archives",
            "data.archive_file.rds_layer",
            "data.archive_file.user_auth_layer",
            "data.aws_availability_zones.available",
            "data.aws_vpc.default"
          ],
          "create_before_destroy": true
        },
        {
          "index_key": "relations/search_user_relation",
          "schema_version": 0,
          "attributes": {
            "api_key_required": false,
            "authorization": "COGNITO_USER_POOLS",
            "authorization_scopes": [],
            "authorizer_id": "6bclv1",
            "http_method": "GET",
            "id": "agm-buzzzp4ywk-vodnr3-GET",
            "operation_name": "",
            "request_models": {},
            "request_parameters": {},
            "request_validator_id": "",
            "resource_id": "vodnr3",
            "rest_api_id": "buzzzp4ywk"
          },
          "sensitive_attributes": [],
          "identity_schema_version": 0,
          "private": "bnVsbA==",
          "dependencies": [
            "aws_api_gateway_authorizer.cognito_authorizer",
            "aws_api_gateway_resource.athletes",
            "aws_api_gateway_resource.coaches",
            "aws_api_gateway_resource.general",
            "aws_api_gateway_resource.graph",
            "aws_api_gateway_resource.history",
            "aws_api_gateway_resource.relations",
            "aws_api_gateway_resource.subresources",
            "aws_api_gateway_rest_api.main",
            "aws_db_instance.default",
            "aws_db_subnet_group.rds_private",
            "aws_iam_role.lambda_role",
            "aws_iam_role_policy_attachment.lambda_rds_auth",
            "aws_lambda_function.lambdas",
            "aws_lambda_layer_version.rds",
            "aws_lambda_layer_version.user_auth",
            "aws_security_group.lambda_sg",
            "aws_subnet.private_subnet1",
            "aws_subnet.private_subnet2",
            "data.archive_file.lambda_archives",
            "data.archive_file.rds_layer",
            "data.archive_file.user_auth_layer",
            "data.aws_availability_zones.available",
            "data.aws_vpc.default"
          ],
          "create_before_destroy": true
        }
      ]
    },
    {
      "mode": "managed",
      "type": "aws_api_gateway_method",
      "name": "options",
      "provider": "provider[\"registry.terraform.io/hashicorp/aws\"]",
      "instances": [
        {
          "index_key": "athletes/input_times",
          "schema_version": 0,
          "attributes": {
            "api_key_required": false,
            "authorization": "NONE",
            "authorization_scopes": [],
            "authorizer_id": "",
            "http_method": "OPTIONS",
            "id": "agm-buzzzp4ywk-akxhzs-OPTIONS",
            "operation_name": "",
            "request_models": {},
            "request_parameters": {},
            "request_validator_id": "",
            "resource_id": "akxhzs",
            "rest_api_id": "buzzzp4ywk"
          },
          "sensitive_attributes": [],
          "identity_schema_version": 0,
          "private": "bnVsbA==",
          "dependencies": [
            "aws_api_gateway_resource.athletes",
            "aws_api_gateway_resource.coaches",
            "aws_api_gateway_resource.general",
            "aws_api_gateway_resource.graph",
            "aws_api_gateway_resource.history",
            "aws_api_gateway_resource.relations",
            "aws_api_gateway_resource.subresources",
            "aws_api_gateway_rest_api.main",
            "aws_db_instance.default",
            "aws_db_subnet_group.rds_private",
            "aws_iam_role.lambda_role",
            "aws_iam_role_policy_attachment.lambda_rds_auth",
            "aws_lambda_function.lambdas",
            "aws_lambda_layer_version.rds",
            "aws_lambda_layer_version.user_auth",
            "aws_security_group.lambda_sg",
            "aws_subnet.private_subnet1",
            "aws_subnet.private_subnet2",
            "data.archive_file.lambda_archives",
            "data.archive_file.rds_layer",
            "data.archive_file.user_auth_layer",
            "data.aws_availability_zones.available",
            "data.aws_vpc.default"
          ],
          "create_before_destroy": true
        },
        {
          "index_key": "athletes/remove_inputs",
          "schema_version": 0,
          "attributes": {
            "api_key_required": false,
            "authorization": "NONE",
            "authorization_scopes": [],
            "authorizer_id": "",
            "http_method": "OPTIONS",
            "id": "agm-buzzzp4ywk-6emjgf-OPTIONS",
            "operation_name": "",
            "request_models": {},
            "request_parameters": {},
            "request_validator_id": "",
            "resource_id": "6emjgf",
            "rest_api_id": "buzzzp4ywk"
          },
          "sensitive_attributes": [],
          "identity_schema_version": 0,
          "private": "bnVsbA==",
          "dependencies": [
            "aws_api_gateway_resource.athletes",
            "aws_api_gateway_resource.coaches",
            "aws_api_gateway_resource.general",
            "aws_api_gateway_resource.graph",
            "aws_api_gateway_resource.history",
            "aws_api_gateway_resource.relations",
            "aws_api_gateway_resource.subresources",
            "aws_api_gateway_rest_api.main",
            "aws_db_instance.default",
            "aws_db_subnet_group.rds_private",
            "aws_iam_role.lambda_role",
            "aws_iam_role_policy_attachment.lambda_rds_auth",
            "aws_lambda_function.lambdas",
            "aws_lambda_layer_version.rds",
            "aws_lambda_layer_version.user_auth",
            "aws_security_group.lambda_sg",
            "aws_subnet.private_subnet1",
            "aws_subnet.private_subnet2",
            "data.archive_file.lambda_archives",
            "data.archive_file.rds_layer",
            "data.archive_file.user_auth_layer",
            "data.aws_availability_zones.available",
            "data.aws_vpc.default"
          ],
          "create_before_destroy": true
        },
        {
          "index_key": "athletes/view_workout_inputs",
          "schema_version": 0,
          "attributes": {
            "api_key_required": false,
            "authorization": "NONE",
            "authorization_scopes": [],
            "authorizer_id": "",
            "http_method": "OPTIONS",
            "id": "agm-buzzzp4ywk-wqltih-OPTIONS",
            "operation_name": "",
            "request_models": {},
            "request_parameters": {},
            "request_validator_id": "",
            "resource_id": "wqltih",
            "rest_api_id": "buzzzp4ywk"
          },
          "sensitive_attributes": [],
          "identity_schema_version": 0,
          "private": "bnVsbA==",
          "dependencies": [
            "aws_api_gateway_resource.athletes",
            "aws_api_gateway_resource.coaches",
            "aws_api_gateway_resource.general",
            "aws_api_gateway_resource.graph",
            "aws_api_gateway_resource.history",
            "aws_api_gateway_resource.relations",
            "aws_api_gateway_resource.subresources",
            "aws_api_gateway_rest_api.main",
            "aws_db_instance.default",
            "aws_db_subnet_group.rds_private",
            "aws_iam_role.lambda_role",
            "aws_iam_role_policy_attachment.lambda_rds_auth",
            "aws_lambda_function.lambdas",
            "aws_lambda_layer_version.rds",
            "aws_lambda_layer_version.user_auth",
            "aws_security_group.lambda_sg",
            "aws_subnet.private_subnet1",
            "aws_subnet.private_subnet2",
            "data.archive_file.lambda_archives",
            "data.archive_file.rds_layer",
            "data.archive_file.user_auth_layer",
            "data.aws_availability_zones.available",
            "data.aws_vpc.default"
          ],
          "create_before_destroy": true
        },
        {
          "index_key": "general/create_user",
          "schema_version": 0,
          "attributes": {
            "api_key_required": false,
            "authorization": "NONE",
            "authorization_scopes": [],
            "authorizer_id": "",
            "http_method": "OPTIONS",
            "id": "agm-buzzzp4ywk-3ux4l0-OPTIONS",
            "operation_name": "",
            "request_models": {},
            "request_parameters": {},
            "request_validator_id": "",
            "resource_id": "3ux4l0",
            "rest_api_id": "buzzzp4ywk"
          },
          "sensitive_attributes": [],
          "identity_schema_version": 0,
          "private": "bnVsbA==",
          "dependencies": [
            "aws_api_gateway_resource.athletes",
            "aws_api_gateway_resource.coaches",
            "aws_api_gateway_resource.general",
            "aws_api_gateway_resource.graph",
            "aws_api_gateway_resource.history",
            "aws_api_gateway_resource.relations",
            "aws_api_gateway_resource.subresources",
            "aws_api_gateway_rest_api.main",
            "aws_db_instance.default",
            "aws_db_subnet_group.rds_private",
            "aws_iam_role.lambda_role",
            "aws_iam_role_policy_attachment.lambda_rds_auth",
            "aws_lambda_function.lambdas",
            "aws_lambda_layer_version.rds",
            "aws_lambda_layer_version.user_auth",
            "aws_security_group.lambda_sg",
            "aws_subnet.private_subnet1",
            "aws_subnet.private_subnet2",
            "data.archive_file.lambda_archives",
            "data.archive_file.rds_layer",
            "data.archive_file.user_auth_layer",
            "data.aws_availability_zones.available",
            "data.aws_vpc.default"
          ],
          "create_before_destroy": true
        },
        {
          "index_key": "general/get_mutual_inputs",
          "schema_version": 0,
          "attributes": {
            "api_key_required": false,
            "authorization": "NONE",
            "authorization_scopes": [],
            "authorizer_id": "",
            "http_method": "OPTIONS",
            "id": "agm-buzzzp4ywk-dnnf27-OPTIONS",
            "operation_name": "",
            "request_models": {},
            "request_parameters": {},
            "request_validator_id": "",
            "resource_id": "dnnf27",
            "rest_api_id": "buzzzp4ywk"
          },
          "sensitive_attributes": [],
          "identity_schema_version": 0,
          "private": "bnVsbA==",
          "dependencies": [
            "aws_api_gateway_resource.athletes",
            "aws_api_gateway_resource.coaches",
            "aws_api_gateway_resource.general",
            "aws_api_gateway_resource.graph",
            "aws_api_gateway_resource.history",
            "aws_api_gateway_resource.relations",
            "aws_api_gateway_resource.subresources",
            "aws_api_gateway_rest_api.main",
            "aws_db_instance.default",
            "aws_db_subnet_group.rds_private",
            "aws_iam_role.lambda_role",
            "aws_iam_role_policy_attachment.lambda_rds_auth",
            "aws_lambda_function.lambdas",
            "aws_lambda_layer_version.rds",
            "aws_lambda_layer_version.user_auth",
            "aws_security_group.lambda_sg",
            "aws_subnet.private_subnet1",
            "aws_subnet.private_subnet2",
            "data.archive_file.lambda_archives",
            "data.archive_file.rds_layer",
            "data.archive_file.user_auth_layer",
            "data.aws_availability_zones.available",
            "data.aws_vpc.default"
          ],
          "create_before_destroy": true
        },
        {
          "index_key": "general/get_user",
          "schema_version": 0,
          "attributes": {
            "api_key_required": false,
            "authorization": "NONE",
            "authorization_scopes": [],
            "authorizer_id": "",
            "http_method": "OPTIONS",
            "id": "agm-buzzzp4ywk-ofzmk1-OPTIONS",
            "operation_name": "",
            "request_models": {},
            "request_parameters": {},
            "request_validator_id": "",
            "resource_id": "ofzmk1",
            "rest_api_id": "buzzzp4ywk"
          },
          "sensitive_attributes": [],
          "identity_schema_version": 0,
          "private": "bnVsbA==",
          "dependencies": [
            "aws_api_gateway_resource.athletes",
            "aws_api_gateway_resource.coaches",
            "aws_api_gateway_resource.general",
            "aws_api_gateway_resource.graph",
            "aws_api_gateway_resource.history",
            "aws_api_gateway_resource.relations",
            "aws_api_gateway_resource.subresources",
            "aws_api_gateway_rest_api.main",
            "aws_db_instance.default",
            "aws_db_subnet_group.rds_private",
            "aws_iam_role.lambda_role",
            "aws_iam_role_policy_attachment.lambda_rds_auth",
            "aws_lambda_function.lambdas",
            "aws_lambda_layer_version.rds",
            "aws_lambda_layer_version.user_auth",
            "aws_security_group.lambda_sg",
            "aws_subnet.private_subnet1",
            "aws_subnet.private_subnet2",
            "data.archive_file.lambda_archives",
            "data.archive_file.rds_layer",
            "data.archive_file.user_auth_layer",
            "data.aws_availability_zones.available",
            "data.aws_vpc.default"
          ],
          "create_before_destroy": true
        },
        {
          "index_key": "general/mass_input",
          "schema_version": 0,
          "attributes": {
            "api_key_required": false,
            "authorization": "NONE",
            "authorization_scopes": [],
            "authorizer_id": "",
            "http_method": "OPTIONS",
            "id": "agm-buzzzp4ywk-ozp6d8-OPTIONS",
            "operation_name": "",
            "request_models": {},
            "request_parameters": {},
            "request_validator_id": "",
            "resource_id": "ozp6d8",
            "rest_api_id": "buzzzp4ywk"
          },
          "sensitive_attributes": [],
          "identity_schema_version": 0,
          "private": "bnVsbA==",
          "dependencies": [
            "aws_api_gateway_resource.athletes",
            "aws_api_gateway_resource.coaches",
            "aws_api_gateway_resource.general",
            "aws_api_gateway_resource.graph",
            "aws_api_gateway_resource.history",
            "aws_api_gateway_resource.relations",
            "aws_api_gateway_resource.subresources",
            "aws_api_gateway_rest_api.main",
            "aws_db_instance.default",
            "aws_db_subnet_group.rds_private",
            "aws_iam_role.lambda_role",
            "aws_iam_role_policy_attachment.lambda_rds_auth",
            "aws_lambda_function.lambdas",
            "aws_lambda_layer_version.rds",
            "aws_lambda_layer_version.user_auth",
            "aws_security_group.lambda_sg",
            "aws_subnet.private_subnet1",
            "aws_subnet.private_subnet2",
            "data.archive_file.lambda_archives",
            "data.archive_file.rds_layer",
            "data.archive_file.user_auth_layer",
            "data.aws_availability_zones.available",
            "data.aws_vpc.default"
          ],
          "create_before_destroy": true
        },
        {
          "index_key": "general/update_user_profile",
          "schema_version": 0,
          "attributes": {
            "api_key_required": false,
            "authorization": "NONE",
            "authorization_scopes": [],
            "authorizer_id": "",
            "http_method": "OPTIONS",
            "id": "agm-buzzzp4ywk-82va20-OPTIONS",
            "operation_name": "",
            "request_models": {},
            "request_parameters": {},
            "request_validator_id": "",
            "resource_id": "82va20",
            "rest_api_id": "buzzzp4ywk"
          },
          "sensitive_attributes": [],
          "identity_schema_version": 0,
          "private": "bnVsbA==",
          "dependencies": [
            "aws_api_gateway_resource.athletes",
            "aws_api_gateway_resource.coaches",
            "aws_api_gateway_resource.general",
            "aws_api_gateway_resource.graph",
            "aws_api_gateway_resource.history",
            "aws_api_gateway_resource.relations",
            "aws_api_gateway_resource.subresources",
            "aws_api_gateway_rest_api.main",
            "aws_db_instance.default",
            "aws_db_subnet_group.rds_private",
            "aws_iam_role.lambda_role",
            "aws_iam_role_policy_attachment.lambda_rds_auth",
            "aws_lambda_function.lambdas",
            "aws_lambda_layer_version.rds",
            "aws_lambda_layer_version.user_auth",
            "aws_security_group.lambda_sg",
            "aws_subnet.private_subnet1",
            "aws_subnet.private_subnet2",
            "data.archive_file.lambda_archives",
            "data.archive_file.rds_layer",
            "data.archive_file.user_auth_layer",
            "data.aws_availability_zones.available",
            "data.aws_vpc.default"
          ],
          "create_before_destroy": true
        },
        {
          "index_key": "graph/get_avg_velocity",
          "schema_version": 0,
          "attributes": {
            "api_key_required": false,
            "authorization": "NONE",
            "authorization_scopes": [],
            "authorizer_id": "",
            "http_method": "OPTIONS",
            "id": "agm-buzzzp4ywk-0bywl5-OPTIONS",
            "operation_name": "",
            "request_models": {},
            "request_parameters": {},
            "request_validator_id": "",
            "resource_id": "0bywl5",
            "rest_api_id": "buzzzp4ywk"
          },
          "sensitive_attributes": [],
          "identity_schema_version": 0,
          "private": "bnVsbA==",
          "dependencies": [
            "aws_api_gateway_resource.athletes",
            "aws_api_gateway_resource.coaches",
            "aws_api_gateway_resource.general",
            "aws_api_gateway_resource.graph",
            "aws_api_gateway_resource.history",
            "aws_api_gateway_resource.relations",
            "aws_api_gateway_resource.subresources",
            "aws_api_gateway_rest_api.main",
            "aws_db_instance.default",
            "aws_db_subnet_group.rds_private",
            "aws_iam_role.lambda_role",
            "aws_iam_role_policy_attachment.lambda_rds_auth",
            "aws_lambda_function.lambdas",
            "aws_lambda_layer_version.rds",
            "aws_lambda_layer_version.user_auth",
            "aws_security_group.lambda_sg",
            "aws_subnet.private_subnet1",
            "aws_subnet.private_subnet2",
            "data.archive_file.lambda_archives",
            "data.archive_file.rds_layer",
            "data.archive_file.user_auth_layer",
            "data.aws_availability_zones.available",
            "data.aws_vpc.default"
          ],
          "create_before_destroy": true
        },
        {
          "index_key": "graph/get_work_rest_ratio",
          "schema_version": 0,
          "attributes": {
            "api_key_required": false,
            "authorization": "NONE",
            "authorization_scopes": [],
            "authorizer_id": "",
            "http_method": "OPTIONS",
            "id": "agm-buzzzp4ywk-uxymbx-OPTIONS",
            "operation_name": "",
            "request_models": {},
            "request_parameters": {},
            "request_validator_id": "",
            "resource_id": "uxymbx",
            "rest_api_id": "buzzzp4ywk"
          },
          "sensitive_attributes": [],
          "identity_schema_version": 0,
          "private": "bnVsbA==",
          "dependencies": [
            "aws_api_gateway_resource.athletes",
            "aws_api_gateway_resource.coaches",
            "aws_api_gateway_resource.general",
            "aws_api_gateway_resource.graph",
            "aws_api_gateway_resource.history",
            "aws_api_gateway_resource.relations",
            "aws_api_gateway_resource.subresources",
            "aws_api_gateway_rest_api.main",
            "aws_db_instance.default",
            "aws_db_subnet_group.rds_private",
            "aws_iam_role.lambda_role",
            "aws_iam_role_policy_attachment.lambda_rds_auth",
            "aws_lambda_function.lambdas",
            "aws_lambda_layer_version.rds",
            "aws_lambda_layer_version.user_auth",
            "aws_security_group.lambda_sg",
            "aws_subnet.private_subnet1",
            "aws_subnet.private_subnet2",
            "data.archive_file.lambda_archives",
            "data.archive_file.rds_layer",
            "data.archive_file.user_auth_layer",
            "data.aws_availability_zones.available",
            "data.aws_vpc.default"
          ],
          "create_before_destroy": true
        },
        {
          "index_key": "history/fetch_historical_data",
          "schema_version": 0,
          "attributes": {
            "api_key_required": false,
            "authorization": "NONE",
            "authorization_scopes": [],
            "authorizer_id": "",
            "http_method": "OPTIONS",
            "id": "agm-buzzzp4ywk-ax5rm1-OPTIONS",
            "operation_name": "",
            "request_models": {},
            "request_parameters": {},
            "request_validator_id": "",
            "resource_id": "ax5rm1",
            "rest_api_id": "buzzzp4ywk"
          },
          "sensitive_attributes": [],
          "identity_schema_version": 0,
          "private": "bnVsbA==",
          "dependencies": [
            "aws_api_gateway_resource.athletes",
            "aws_api_gateway_resource.coaches",
            "aws_api_gateway_resource.general",
            "aws_api_gateway_resource.graph",
            "aws_api_gateway_resource.history",
            "aws_api_gateway_resource.relations",
            "aws_api_gateway_resource.subresources",
            "aws_api_gateway_rest_api.main",
            "aws_db_instance.default",
            "aws_db_subnet_group.rds_private",
            "aws_iam_role.lambda_role",
            "aws_iam_role_policy_attachment.lambda_rds_auth",
            "aws_lambda_function.lambdas",
            "aws_lambda_layer_version.rds",
            "aws_lambda_layer_version.user_auth",
            "aws_security_group.lambda_sg",
            "aws_subnet.private_subnet1",
            "aws_subnet.private_subnet2",
            "data.archive_file.lambda_archives",
            "data.archive_file.rds_layer",
            "data.archive_file.user_auth_layer",
            "data.aws_availability_zones.available",
            "data.aws_vpc.default"
          ],
          "create_before_destroy": true
        },
        {
          "index_key": "history/get_available_history_dates",
          "schema_version": 0,
          "attributes": {
            "api_key_required": false,
            "authorization": "NONE",
            "authorization_scopes": [],
            "authorizer_id": "",
            "http_method": "OPTIONS",
            "id": "agm-buzzzp4ywk-mbjupg-OPTIONS",
            "operation_name": "",
            "request_models": {},
            "request_parameters": {},
            "request_validator_id": "",
            "resource_id": "mbjupg",
            "rest_api_id": "buzzzp4ywk"
          },
          "sensitive_attributes": [],
          "identity_schema_version": 0,
          "private": "bnVsbA==",
          "dependencies": [
            "aws_api_gateway_resource.athletes",
            "aws_api_gateway_resource.coaches",
            "aws_api_gateway_resource.general",
            "aws_api_gateway_resource.graph",
            "aws_api_gateway_resource.history",
            "aws_api_gateway_resource.relations",
            "aws_api_gateway_resource.subresources",
            "aws_api_gateway_rest_api.main",
            "aws_db_instance.default",
            "aws_db_subnet_group.rds_private",
            "aws_iam_role.lambda_role",
            "aws_iam_role_policy_attachment.lambda_rds_auth",
            "aws_lambda_function.lambdas",
            "aws_lambda_layer_version.rds",
            "aws_lambda_layer_version.user_auth",
            "aws_security_group.lambda_sg",
            "aws_subnet.private_subnet1",
            "aws_subnet.private_subnet2",
            "data.archive_file.lambda_archives",
            "data.archive_file.rds_layer",
            "data.archive_file.user_auth_layer",
            "data.aws_availability_zones.available",
            "data.aws_vpc.default"
          ],
          "create_before_destroy": true
        },
        {
          "index_key": "history/get_earliest_date_available",
          "schema_version": 0,
          "attributes": {
            "api_key_required": false,
            "authorization": "NONE",
            "authorization_scopes": [],
            "authorizer_id": "",
            "http_method": "OPTIONS",
            "id": "agm-buzzzp4ywk-p8a8f8-OPTIONS",
            "operation_name": "",
            "request_models": {},
            "request_parameters": {},
            "request_validator_id": "",
            "resource_id": "p8a8f8",
            "rest_api_id": "buzzzp4ywk"
          },
          "sensitive_attributes": [],
          "identity_schema_version": 0,
          "private": "bnVsbA==",
          "dependencies": [
            "aws_api_gateway_resource.athletes",
            "aws_api_gateway_resource.coaches",
            "aws_api_gateway_resource.general",
            "aws_api_gateway_resource.graph",
            "aws_api_gateway_resource.history",
            "aws_api_gateway_resource.relations",
            "aws_api_gateway_resource.subresources",
            "aws_api_gateway_rest_api.main",
            "aws_db_instance.default",
            "aws_db_subnet_group.rds_private",
            "aws_iam_role.lambda_role",
            "aws_iam_role_policy_attachment.lambda_rds_auth",
            "aws_lambda_function.lambdas",
            "aws_lambda_layer_version.rds",
            "aws_lambda_layer_version.user_auth",
            "aws_security_group.lambda_sg",
            "aws_subnet.private_subnet1",
            "aws_subnet.private_subnet2",
            "data.archive_file.lambda_archives",
            "data.archive_file.rds_layer",
            "data.archive_file.user_auth_layer",
            "data.aws_availability_zones.available",
            "data.aws_vpc.default"
          ],
          "create_before_destroy": true
        },
        {
          "index_key": "relations/add_relation",
          "schema_version": 0,
          "attributes": {
            "api_key_required": false,
            "authorization": "NONE",
            "authorization_scopes": [],
            "authorizer_id": "",
            "http_method": "OPTIONS",
            "id": "agm-buzzzp4ywk-zs7qut-OPTIONS",
            "operation_name": "",
            "request_models": {},
            "request_parameters": {},
            "request_validator_id": "",
            "resource_id": "zs7qut",
            "rest_api_id": "buzzzp4ywk"
          },
          "sensitive_attributes": [],
          "identity_schema_version": 0,
          "private": "bnVsbA==",
          "dependencies": [
            "aws_api_gateway_resource.athletes",
            "aws_api_gateway_resource.coaches",
            "aws_api_gateway_resource.general",
            "aws_api_gateway_resource.graph",
            "aws_api_gateway_resource.history",
            "aws_api_gateway_resource.relations",
            "aws_api_gateway_resource.subresources",
            "aws_api_gateway_rest_api.main",
            "aws_db_instance.default",
            "aws_db_subnet_group.rds_private",
            "aws_iam_role.lambda_role",
            "aws_iam_role_policy_attachment.lambda_rds_auth",
            "aws_lambda_function.lambdas",
            "aws_lambda_layer_version.rds",
            "aws_lambda_layer_version.user_auth",
            "aws_security_group.lambda_sg",
            "aws_subnet.private_subnet1",
            "aws_subnet.private_subnet2",
            "data.archive_file.lambda_archives",
            "data.archive_file.rds_layer",
            "data.archive_file.user_auth_layer",
            "data.aws_availability_zones.available",
            "data.aws_vpc.default"
          ],
          "create_before_destroy": true
        },
        {
          "index_key": "relations/get_mutual_athletes",
          "schema_version": 0,
          "attributes": {
            "api_key_required": false,
            "authorization": "NONE",
            "authorization_scopes": [],
            "authorizer_id": "",
            "http_method": "OPTIONS",
            "id": "agm-buzzzp4ywk-owe3in-OPTIONS",
            "operation_name": "",
            "request_models": {},
            "request_parameters": {},
            "request_validator_id": "",
            "resource_id": "owe3in",
            "rest_api_id": "buzzzp4ywk"
          },
          "sensitive_attributes": [],
          "identity_schema_version": 0,
          "private": "bnVsbA==",
          "dependencies": [
            "aws_api_gateway_resource.athletes",
            "aws_api_gateway_resource.coaches",
            "aws_api_gateway_resource.general",
            "aws_api_gateway_resource.graph",
            "aws_api_gateway_resource.history",
            "aws_api_gateway_resource.relations",
            "aws_api_gateway_resource.subresources",
            "aws_api_gateway_rest_api.main",
            "aws_db_instance.default",
            "aws_db_subnet_group.rds_private",
            "aws_iam_role.lambda_role",
            "aws_iam_role_policy_attachment.lambda_rds_auth",
            "aws_lambda_function.lambdas",
            "aws_lambda_layer_version.rds",
            "aws_lambda_layer_version.user_auth",
            "aws_security_group.lambda_sg",
            "aws_subnet.private_subnet1",
            "aws_subnet.private_subnet2",
            "data.archive_file.lambda_archives",
            "data.archive_file.rds_layer",
            "data.archive_file.user_auth_layer",
            "data.aws_availability_zones.available",
            "data.aws_vpc.default"
          ],
          "create_before_destroy": true
        },
        {
          "index_key": "relations/get_mutual_user_relations",
          "schema_version": 0,
          "attributes": {
            "api_key_required": false,
            "authorization": "NONE",
            "authorization_scopes": [],
            "authorizer_id": "",
            "http_method": "OPTIONS",
            "id": "agm-buzzzp4ywk-h1iinp-OPTIONS",
            "operation_name": "",
            "request_models": {},
            "request_parameters": {},
            "request_validator_id": "",
            "resource_id": "h1iinp",
            "rest_api_id": "buzzzp4ywk"
          },
          "sensitive_attributes": [],
          "identity_schema_version": 0,
          "private": "bnVsbA==",
          "dependencies": [
            "aws_api_gateway_resource.athletes",
            "aws_api_gateway_resource.coaches",
            "aws_api_gateway_resource.general",
            "aws_api_gateway_resource.graph",
            "aws_api_gateway_resource.history",
            "aws_api_gateway_resource.relations",
            "aws_api_gateway_resource.subresources",
            "aws_api_gateway_rest_api.main",
            "aws_db_instance.default",
            "aws_db_subnet_group.rds_private",
            "aws_iam_role.lambda_role",
            "aws_iam_role_policy_attachment.lambda_rds_auth",
            "aws_lambda_function.lambdas",
            "aws_lambda_layer_version.rds",
            "aws_lambda_layer_version.user_auth",
            "aws_security_group.lambda_sg",
            "aws_subnet.private_subnet1",
            "aws_subnet.private_subnet2",
            "data.archive_file.lambda_archives",
            "data.archive_file.rds_layer",
            "data.archive_file.user_auth_layer",
            "data.aws_availability_zones.available",
            "data.aws_vpc.default"
          ],
          "create_before_destroy": true
        },
        {
          "index_key": "relations/get_relation_invites",
          "schema_version": 0,
          "attributes": {
            "api_key_required": false,
            "authorization": "NONE",
            "authorization_scopes": [],
            "authorizer_id": "",
            "http_method": "OPTIONS",
            "id": "agm-buzzzp4ywk-q4nprh-OPTIONS",
            "operation_name": "",
            "request_models": {},
            "request_parameters": {},
            "request_validator_id": "",
            "resource_id": "q4nprh",
            "rest_api_id": "buzzzp4ywk"
          },
          "sensitive_attributes": [],
          "identity_schema_version": 0,
          "private": "bnVsbA==",
          "dependencies": [
            "aws_api_gateway_resource.athletes",
            "aws_api_gateway_resource.coaches",
            "aws_api_gateway_resource.general",
            "aws_api_gateway_resource.graph",
            "aws_api_gateway_resource.history",
            "aws_api_gateway_resource.relations",
            "aws_api_gateway_resource.subresources",
            "aws_api_gateway_rest_api.main",
            "aws_db_instance.default",
            "aws_db_subnet_group.rds_private",
            "aws_iam_role.lambda_role",
            "aws_iam_role_policy_attachment.lambda_rds_auth",
            "aws_lambda_function.lambdas",
            "aws_lambda_layer_version.rds",
            "aws_lambda_layer_version.user_auth",
            "aws_security_group.lambda_sg",
            "aws_subnet.private_subnet1",
            "aws_subnet.private_subnet2",
            "data.archive_file.lambda_archives",
            "data.archive_file.rds_layer",
            "data.archive_file.user_auth_layer",
            "data.aws_availability_zones.available",
            "data.aws_vpc.default"
          ],
          "create_before_destroy": true
        },
        {
          "index_key": "relations/get_relation_invites_count",
          "schema_version": 0,
          "attributes": {
            "api_key_required": false,
            "authorization": "NONE",
            "authorization_scopes": [],
            "authorizer_id": "",
            "http_method": "OPTIONS",
            "id": "agm-buzzzp4ywk-7mmdfl-OPTIONS",
            "operation_name": "",
            "request_models": {},
            "request_parameters": {},
            "request_validator_id": "",
            "resource_id": "7mmdfl",
            "rest_api_id": "buzzzp4ywk"
          },
          "sensitive_attributes": [],
          "identity_schema_version": 0,
          "private": "bnVsbA==",
          "dependencies": [
            "aws_api_gateway_resource.athletes",
            "aws_api_gateway_resource.coaches",
            "aws_api_gateway_resource.general",
            "aws_api_gateway_resource.graph",
            "aws_api_gateway_resource.history",
            "aws_api_gateway_resource.relations",
            "aws_api_gateway_resource.subresources",
            "aws_api_gateway_rest_api.main",
            "aws_db_instance.default",
            "aws_db_subnet_group.rds_private",
            "aws_iam_role.lambda_role",
            "aws_iam_role_policy_attachment.lambda_rds_auth",
            "aws_lambda_function.lambdas",
            "aws_lambda_layer_version.rds",
            "aws_lambda_layer_version.user_auth",
            "aws_security_group.lambda_sg",
            "aws_subnet.private_subnet1",
            "aws_subnet.private_subnet2",
            "data.archive_file.lambda_archives",
            "data.archive_file.rds_layer",
            "data.archive_file.user_auth_layer",
            "data.aws_availability_zones.available",
            "data.aws_vpc.default"
          ],
          "create_before_destroy": true
        },
        {
          "index_key": "relations/remove_user_relation",
          "schema_version": 0,
          "attributes": {
            "api_key_required": false,
            "authorization": "NONE",
            "authorization_scopes": [],
            "authorizer_id": "",
            "http_method": "OPTIONS",
            "id": "agm-buzzzp4ywk-xzk7ie-OPTIONS",
            "operation_name": "",
            "request_models": {},
            "request_parameters": {},
            "request_validator_id": "",
            "resource_id": "xzk7ie",
            "rest_api_id": "buzzzp4ywk"
          },
          "sensitive_attributes": [],
          "identity_schema_version": 0,
          "private": "bnVsbA==",
          "dependencies": [
            "aws_api_gateway_resource.athletes",
            "aws_api_gateway_resource.coaches",
            "aws_api_gateway_resource.general",
            "aws_api_gateway_resource.graph",
            "aws_api_gateway_resource.history",
            "aws_api_gateway_resource.relations",
            "aws_api_gateway_resource.subresources",
            "aws_api_gateway_rest_api.main",
            "aws_db_instance.default",
            "aws_db_subnet_group.rds_private",
            "aws_iam_role.lambda_role",
            "aws_iam_role_policy_attachment.lambda_rds_auth",
            "aws_lambda_function.lambdas",
            "aws_lambda_layer_version.rds",
            "aws_lambda_layer_version.user_auth",
            "aws_security_group.lambda_sg",
            "aws_subnet.private_subnet1",
            "aws_subnet.private_subnet2",
            "data.archive_file.lambda_archives",
            "data.archive_file.rds_layer",
            "data.archive_file.user_auth_layer",
            "data.aws_availability_zones.available",
            "data.aws_vpc.default"
          ],
          "create_before_destroy": true
        },
        {
          "index_key": "relations/search_user_relation",
          "schema_version": 0,
          "attributes": {
            "api_key_required": false,
            "authorization": "NONE",
            "authorization_scopes": [],
            "authorizer_id": "",
            "http_method": "OPTIONS",
            "id": "agm-buzzzp4ywk-vodnr3-OPTIONS",
            "operation_name": "",
            "request_models": {},
            "request_parameters": {},
            "request_validator_id": "",
            "resource_id": "vodnr3",
            "rest_api_id": "buzzzp4ywk"
          },
          "sensitive_attributes": [],
          "identity_schema_version": 0,
          "private": "bnVsbA==",
          "dependencies": [
            "aws_api_gateway_resource.athletes",
            "aws_api_gateway_resource.coaches",
            "aws_api_gateway_resource.general",
            "aws_api_gateway_resource.graph",
            "aws_api_gateway_resource.history",
            "aws_api_gateway_resource.relations",
            "aws_api_gateway_resource.subresources",
            "aws_api_gateway_rest_api.main",
            "aws_db_instance.default",
            "aws_db_subnet_group.rds_private",
            "aws_iam_role.lambda_role",
            "aws_iam_role_policy_attachment.lambda_rds_auth",
            "aws_lambda_function.lambdas",
            "aws_lambda_layer_version.rds",
            "aws_lambda_layer_version.user_auth",
            "aws_security_group.lambda_sg",
            "aws_subnet.private_subnet1",
            "aws_subnet.private_subnet2",
            "data.archive_file.lambda_archives",
            "data.archive_file.rds_layer",
            "data.archive_file.user_auth_layer",
            "data.aws_availability_zones.available",
            "data.aws_vpc.default"
          ],
          "create_before_destroy": true
        }
      ]
    },
    {
      "mode": "managed",
      "type": "aws_api_gateway_method_response",
      "name": "options",
      "provider": "provider[\"registry.terraform.io/hashicorp/aws\"]",
      "instances": [
        {
          "index_key": "athletes/input_times",
          "schema_version": 0,
          "attributes": {
            "http_method": "OPTIONS",
            "id": "agmr-buzzzp4ywk-akxhzs-OPTIONS-200",
            "resource_id": "akxhzs",
            "response_models": {},
            "response_parameters": {
              "method.response.header.Access-Control-Allow-Headers": true,
              "method.response.header.Access-Control-Allow-Methods": true,
              "method.response.header.Access-Control-Allow-Origin": true
            },
            "rest_api_id": "buzzzp4ywk",
            "status_code": "200"
          },
          "sensitive_attributes": [],
          "identity_schema_version": 0,
          "private": "bnVsbA==",
          "dependencies": [
            "aws_api_gateway_method.options",
            "aws_api_gateway_resource.athletes",
            "aws_api_gateway_resource.coaches",
            "aws_api_gateway_resource.general",
            "aws_api_gateway_resource.graph",
            "aws_api_gateway_resource.history",
            "aws_api_gateway_resource.relations",
            "aws_api_gateway_resource.subresources",
            "aws_api_gateway_rest_api.main",
            "aws_db_instance.default",
            "aws_db_subnet_group.rds_private",
            "aws_iam_role.lambda_role",
            "aws_iam_role_policy_attachment.lambda_rds_auth",
            "aws_lambda_function.lambdas",
            "aws_lambda_layer_version.rds",
            "aws_lambda_layer_version.user_auth",
            "aws_security_group.lambda_sg",
            "aws_subnet.private_subnet1",
            "aws_subnet.private_subnet2",
            "data.archive_file.lambda_archives",
            "data.archive_file.rds_layer",
            "data.archive_file.user_auth_layer",
            "data.aws_availability_zones.available",
            "data.aws_vpc.default"
          ],
          "create_before_destroy": true
        },
        {
          "index_key": "athletes/remove_inputs",
          "schema_version": 0,
          "attributes": {
            "http_method": "OPTIONS",
            "id": "agmr-buzzzp4ywk-6emjgf-OPTIONS-200",
            "resource_id": "6emjgf",
            "response_models": {},
            "response_parameters": {
              "method.response.header.Access-Control-Allow-Headers": true,
              "method.response.header.Access-Control-Allow-Methods": true,
              "method.response.header.Access-Control-Allow-Origin": true
            },
            "rest_api_id": "buzzzp4ywk",
            "status_code": "200"
          },
          "sensitive_attributes": [],
          "identity_schema_version": 0,
          "private": "bnVsbA==",
          "dependencies": [
            "aws_api_gateway_method.options",
            "aws_api_gateway_resource.athletes",
            "aws_api_gateway_resource.coaches",
            "aws_api_gateway_resource.general",
            "aws_api_gateway_resource.graph",
            "aws_api_gateway_resource.history",
            "aws_api_gateway_resource.relations",
            "aws_api_gateway_resource.subresources",
            "aws_api_gateway_rest_api.main",
            "aws_db_instance.default",
            "aws_db_subnet_group.rds_private",
            "aws_iam_role.lambda_role",
            "aws_iam_role_policy_attachment.lambda_rds_auth",
            "aws_lambda_function.lambdas",
            "aws_lambda_layer_version.rds",
            "aws_lambda_layer_version.user_auth",
            "aws_security_group.lambda_sg",
            "aws_subnet.private_subnet1",
            "aws_subnet.private_subnet2",
            "data.archive_file.lambda_archives",
            "data.archive_file.rds_layer",
            "data.archive_file.user_auth_layer",
            "data.aws_availability_zones.available",
            "data.aws_vpc.default"
          ],
          "create_before_destroy": true
        },
        {
          "index_key": "athletes/view_workout_inputs",
          "schema_version": 0,
          "attributes": {
            "http_method": "OPTIONS",
            "id": "agmr-buzzzp4ywk-wqltih-OPTIONS-200",
            "resource_id": "wqltih",
            "response_models": {},
            "response_parameters": {
              "method.response.header.Access-Control-Allow-Headers": true,
              "method.response.header.Access-Control-Allow-Methods": true,
              "method.response.header.Access-Control-Allow-Origin": true
            },
            "rest_api_id": "buzzzp4ywk",
            "status_code": "200"
          },
          "sensitive_attributes": [],
          "identity_schema_version": 0,
          "private": "bnVsbA==",
          "dependencies": [
            "aws_api_gateway_method.options",
            "aws_api_gateway_resource.athletes",
            "aws_api_gateway_resource.coaches",
            "aws_api_gateway_resource.general",
            "aws_api_gateway_resource.graph",
            "aws_api_gateway_resource.history",
            "aws_api_gateway_resource.relations",
            "aws_api_gateway_resource.subresources",
            "aws_api_gateway_rest_api.main",
            "aws_db_instance.default",
            "aws_db_subnet_group.rds_private",
            "aws_iam_role.lambda_role",
            "aws_iam_role_policy_attachment.lambda_rds_auth",
            "aws_lambda_function.lambdas",
            "aws_lambda_layer_version.rds",
            "aws_lambda_layer_version.user_auth",
            "aws_security_group.lambda_sg",
            "aws_subnet.private_subnet1",
            "aws_subnet.private_subnet2",
            "data.archive_file.lambda_archives",
            "data.archive_file.rds_layer",
            "data.archive_file.user_auth_layer",
            "data.aws_availability_zones.available",
            "data.aws_vpc.default"
          ],
          "create_before_destroy": true
        },
        {
          "index_key": "general/create_user",
          "schema_version": 0,
          "attributes": {
            "http_method": "OPTIONS",
            "id": "agmr-buzzzp4ywk-3ux4l0-OPTIONS-200",
            "resource_id": "3ux4l0",
            "response_models": {},
            "response_parameters": {
              "method.response.header.Access-Control-Allow-Headers": true,
              "method.response.header.Access-Control-Allow-Methods": true,
              "method.response.header.Access-Control-Allow-Origin": true
            },
            "rest_api_id": "buzzzp4ywk",
            "status_code": "200"
          },
          "sensitive_attributes": [],
          "identity_schema_version": 0,
          "private": "bnVsbA==",
          "dependencies": [
            "aws_api_gateway_method.options",
            "aws_api_gateway_resource.athletes",
            "aws_api_gateway_resource.coaches",
            "aws_api_gateway_resource.general",
            "aws_api_gateway_resource.graph",
            "aws_api_gateway_resource.history",
            "aws_api_gateway_resource.relations",
            "aws_api_gateway_resource.subresources",
            "aws_api_gateway_rest_api.main",
            "aws_db_instance.default",
            "aws_db_subnet_group.rds_private",
            "aws_iam_role.lambda_role",
            "aws_iam_role_policy_attachment.lambda_rds_auth",
            "aws_lambda_function.lambdas",
            "aws_lambda_layer_version.rds",
            "aws_lambda_layer_version.user_auth",
            "aws_security_group.lambda_sg",
            "aws_subnet.private_subnet1",
            "aws_subnet.private_subnet2",
            "data.archive_file.lambda_archives",
            "data.archive_file.rds_layer",
            "data.archive_file.user_auth_layer",
            "data.aws_availability_zones.available",
            "data.aws_vpc.default"
          ],
          "create_before_destroy": true
        },
        {
          "index_key": "general/get_mutual_inputs",
          "schema_version": 0,
          "attributes": {
            "http_method": "OPTIONS",
            "id": "agmr-buzzzp4ywk-dnnf27-OPTIONS-200",
            "resource_id": "dnnf27",
            "response_models": {},
            "response_parameters": {
              "method.response.header.Access-Control-Allow-Headers": true,
              "method.response.header.Access-Control-Allow-Methods": true,
              "method.response.header.Access-Control-Allow-Origin": true
            },
            "rest_api_id": "buzzzp4ywk",
            "status_code": "200"
          },
          "sensitive_attributes": [],
          "identity_schema_version": 0,
          "private": "bnVsbA==",
          "dependencies": [
            "aws_api_gateway_method.options",
            "aws_api_gateway_resource.athletes",
            "aws_api_gateway_resource.coaches",
            "aws_api_gateway_resource.general",
            "aws_api_gateway_resource.graph",
            "aws_api_gateway_resource.history",
            "aws_api_gateway_resource.relations",
            "aws_api_gateway_resource.subresources",
            "aws_api_gateway_rest_api.main",
            "aws_db_instance.default",
            "aws_db_subnet_group.rds_private",
            "aws_iam_role.lambda_role",
            "aws_iam_role_policy_attachment.lambda_rds_auth",
            "aws_lambda_function.lambdas",
            "aws_lambda_layer_version.rds",
            "aws_lambda_layer_version.user_auth",
            "aws_security_group.lambda_sg",
            "aws_subnet.private_subnet1",
            "aws_subnet.private_subnet2",
            "data.archive_file.lambda_archives",
            "data.archive_file.rds_layer",
            "data.archive_file.user_auth_layer",
            "data.aws_availability_zones.available",
            "data.aws_vpc.default"
          ],
          "create_before_destroy": true
        },
        {
          "index_key": "general/get_user",
          "schema_version": 0,
          "attributes": {
            "http_method": "OPTIONS",
            "id": "agmr-buzzzp4ywk-ofzmk1-OPTIONS-200",
            "resource_id": "ofzmk1",
            "response_models": {},
            "response_parameters": {
              "method.response.header.Access-Control-Allow-Headers": true,
              "method.response.header.Access-Control-Allow-Methods": true,
              "method.response.header.Access-Control-Allow-Origin": true
            },
            "rest_api_id": "buzzzp4ywk",
            "status_code": "200"
          },
          "sensitive_attributes": [],
          "identity_schema_version": 0,
          "private": "bnVsbA==",
          "dependencies": [
            "aws_api_gateway_method.options",
            "aws_api_gateway_resource.athletes",
            "aws_api_gateway_resource.coaches",
            "aws_api_gateway_resource.general",
            "aws_api_gateway_resource.graph",
            "aws_api_gateway_resource.history",
            "aws_api_gateway_resource.relations",
            "aws_api_gateway_resource.subresources",
            "aws_api_gateway_rest_api.main",
            "aws_db_instance.default",
            "aws_db_subnet_group.rds_private",
            "aws_iam_role.lambda_role",
            "aws_iam_role_policy_attachment.lambda_rds_auth",
            "aws_lambda_function.lambdas",
            "aws_lambda_layer_version.rds",
            "aws_lambda_layer_version.user_auth",
            "aws_security_group.lambda_sg",
            "aws_subnet.private_subnet1",
            "aws_subnet.private_subnet2",
            "data.archive_file.lambda_archives",
            "data.archive_file.rds_layer",
            "data.archive_file.user_auth_layer",
            "data.aws_availability_zones.available",
            "data.aws_vpc.default"
          ],
          "create_before_destroy": true
        },
        {
          "index_key": "general/mass_input",
          "schema_version": 0,
          "attributes": {
            "http_method": "OPTIONS",
            "id": "agmr-buzzzp4ywk-ozp6d8-OPTIONS-200",
            "resource_id": "ozp6d8",
            "response_models": {},
            "response_parameters": {
              "method.response.header.Access-Control-Allow-Headers": true,
              "method.response.header.Access-Control-Allow-Methods": true,
              "method.response.header.Access-Control-Allow-Origin": true
            },
            "rest_api_id": "buzzzp4ywk",
            "status_code": "200"
          },
          "sensitive_attributes": [],
          "identity_schema_version": 0,
          "private": "bnVsbA==",
          "dependencies": [
            "aws_api_gateway_method.options",
            "aws_api_gateway_resource.athletes",
            "aws_api_gateway_resource.coaches",
            "aws_api_gateway_resource.general",
            "aws_api_gateway_resource.graph",
            "aws_api_gateway_resource.history",
            "aws_api_gateway_resource.relations",
            "aws_api_gateway_resource.subresources",
            "aws_api_gateway_rest_api.main",
            "aws_db_instance.default",
            "aws_db_subnet_group.rds_private",
            "aws_iam_role.lambda_role",
            "aws_iam_role_policy_attachment.lambda_rds_auth",
            "aws_lambda_function.lambdas",
            "aws_lambda_layer_version.rds",
            "aws_lambda_layer_version.user_auth",
            "aws_security_group.lambda_sg",
            "aws_subnet.private_subnet1",
            "aws_subnet.private_subnet2",
            "data.archive_file.lambda_archives",
            "data.archive_file.rds_layer",
            "data.archive_file.user_auth_layer",
            "data.aws_availability_zones.available",
            "data.aws_vpc.default"
          ],
          "create_before_destroy": true
        },
        {
          "index_key": "general/update_user_profile",
          "schema_version": 0,
          "attributes": {
            "http_method": "OPTIONS",
            "id": "agmr-buzzzp4ywk-82va20-OPTIONS-200",
            "resource_id": "82va20",
            "response_models": {},
            "response_parameters": {
              "method.response.header.Access-Control-Allow-Headers": true,
              "method.response.header.Access-Control-Allow-Methods": true,
              "method.response.header.Access-Control-Allow-Origin": true
            },
            "rest_api_id": "buzzzp4ywk",
            "status_code": "200"
          },
          "sensitive_attributes": [],
          "identity_schema_version": 0,
          "private": "bnVsbA==",
          "dependencies": [
            "aws_api_gateway_method.options",
            "aws_api_gateway_resource.athletes",
            "aws_api_gateway_resource.coaches",
            "aws_api_gateway_resource.general",
            "aws_api_gateway_resource.graph",
            "aws_api_gateway_resource.history",
            "aws_api_gateway_resource.relations",
            "aws_api_gateway_resource.subresources",
            "aws_api_gateway_rest_api.main",
            "aws_db_instance.default",
            "aws_db_subnet_group.rds_private",
            "aws_iam_role.lambda_role",
            "aws_iam_role_policy_attachment.lambda_rds_auth",
            "aws_lambda_function.lambdas",
            "aws_lambda_layer_version.rds",
            "aws_lambda_layer_version.user_auth",
            "aws_security_group.lambda_sg",
            "aws_subnet.private_subnet1",
            "aws_subnet.private_subnet2",
            "data.archive_file.lambda_archives",
            "data.archive_file.rds_layer",
            "data.archive_file.user_auth_layer",
            "data.aws_availability_zones.available",
            "data.aws_vpc.default"
          ],
          "create_before_destroy": true
        },
        {
          "index_key": "graph/get_avg_velocity",
          "schema_version": 0,
          "attributes": {
            "http_method": "OPTIONS",
            "id": "agmr-buzzzp4ywk-0bywl5-OPTIONS-200",
            "resource_id": "0bywl5",
            "response_models": {},
            "response_parameters": {
              "method.response.header.Access-Control-Allow-Headers": true,
              "method.response.header.Access-Control-Allow-Methods": true,
              "method.response.header.Access-Control-Allow-Origin": true
            },
            "rest_api_id": "buzzzp4ywk",
            "status_code": "200"
          },
          "sensitive_attributes": [],
          "identity_schema_version": 0,
          "private": "bnVsbA==",
          "dependencies": [
            "aws_api_gateway_method.options",
            "aws_api_gateway_resource.athletes",
            "aws_api_gateway_resource.coaches",
            "aws_api_gateway_resource.general",
            "aws_api_gateway_resource.graph",
            "aws_api_gateway_resource.history",
            "aws_api_gateway_resource.relations",
            "aws_api_gateway_resource.subresources",
            "aws_api_gateway_rest_api.main",
            "aws_db_instance.default",
            "aws_db_subnet_group.rds_private",
            "aws_iam_role.lambda_role",
            "aws_iam_role_policy_attachment.lambda_rds_auth",
            "aws_lambda_function.lambdas",
            "aws_lambda_layer_version.rds",
            "aws_lambda_layer_version.user_auth",
            "aws_security_group.lambda_sg",
            "aws_subnet.private_subnet1",
            "aws_subnet.private_subnet2",
            "data.archive_file.lambda_archives",
            "data.archive_file.rds_layer",
            "data.archive_file.user_auth_layer",
            "data.aws_availability_zones.available",
            "data.aws_vpc.default"
          ],
          "create_before_destroy": true
        },
        {
          "index_key": "graph/get_work_rest_ratio",
          "schema_version": 0,
          "attributes": {
            "http_method": "OPTIONS",
            "id": "agmr-buzzzp4ywk-uxymbx-OPTIONS-200",
            "resource_id": "uxymbx",
            "response_models": {},
            "response_parameters": {
              "method.response.header.Access-Control-Allow-Headers": true,
              "method.response.header.Access-Control-Allow-Methods": true,
              "method.response.header.Access-Control-Allow-Origin": true
            },
            "rest_api_id": "buzzzp4ywk",
            "status_code": "200"
          },
          "sensitive_attributes": [],
          "identity_schema_version": 0,
          "private": "bnVsbA==",
          "dependencies": [
            "aws_api_gateway_method.options",
            "aws_api_gateway_resource.athletes",
            "aws_api_gateway_resource.coaches",
            "aws_api_gateway_resource.general",
            "aws_api_gateway_resource.graph",
            "aws_api_gateway_resource.history",
            "aws_api_gateway_resource.relations",
            "aws_api_gateway_resource.subresources",
            "aws_api_gateway_rest_api.main",
            "aws_db_instance.default",
            "aws_db_subnet_group.rds_private",
            "aws_iam_role.lambda_role",
            "aws_iam_role_policy_attachment.lambda_rds_auth",
            "aws_lambda_function.lambdas",
            "aws_lambda_layer_version.rds",
            "aws_lambda_layer_version.user_auth",
            "aws_security_group.lambda_sg",
            "aws_subnet.private_subnet1",
            "aws_subnet.private_subnet2",
            "data.archive_file.lambda_archives",
            "data.archive_file.rds_layer",
            "data.archive_file.user_auth_layer",
            "data.aws_availability_zones.available",
            "data.aws_vpc.default"
          ],
          "create_before_destroy": true
        },
        {
          "index_key": "history/fetch_historical_data",
          "schema_version": 0,
          "attributes": {
            "http_method": "OPTIONS",
            "id": "agmr-buzzzp4ywk-ax5rm1-OPTIONS-200",
            "resource_id": "ax5rm1",
            "response_models": {},
            "response_parameters": {
              "method.response.header.Access-Control-Allow-Headers": true,
              "method.response.header.Access-Control-Allow-Methods": true,
              "method.response.header.Access-Control-Allow-Origin": true
            },
            "rest_api_id": "buzzzp4ywk",
            "status_code": "200"
          },
          "sensitive_attributes": [],
          "identity_schema_version": 0,
          "private": "bnVsbA==",
          "dependencies": [
            "aws_api_gateway_method.options",
            "aws_api_gateway_resource.athletes",
            "aws_api_gateway_resource.coaches",
            "aws_api_gateway_resource.general",
            "aws_api_gateway_resource.graph",
            "aws_api_gateway_resource.history",
            "aws_api_gateway_resource.relations",
            "aws_api_gateway_resource.subresources",
            "aws_api_gateway_rest_api.main",
            "aws_db_instance.default",
            "aws_db_subnet_group.rds_private",
            "aws_iam_role.lambda_role",
            "aws_iam_role_policy_attachment.lambda_rds_auth",
            "aws_lambda_function.lambdas",
            "aws_lambda_layer_version.rds",
            "aws_lambda_layer_version.user_auth",
            "aws_security_group.lambda_sg",
            "aws_subnet.private_subnet1",
            "aws_subnet.private_subnet2",
            "data.archive_file.lambda_archives",
            "data.archive_file.rds_layer",
            "data.archive_file.user_auth_layer",
            "data.aws_availability_zones.available",
            "data.aws_vpc.default"
          ],
          "create_before_destroy": true
        },
        {
          "index_key": "history/get_available_history_dates",
          "schema_version": 0,
          "attributes": {
            "http_method": "OPTIONS",
            "id": "agmr-buzzzp4ywk-mbjupg-OPTIONS-200",
            "resource_id": "mbjupg",
            "response_models": {},
            "response_parameters": {
              "method.response.header.Access-Control-Allow-Headers": true,
              "method.response.header.Access-Control-Allow-Methods": true,
              "method.response.header.Access-Control-Allow-Origin": true
            },
            "rest_api_id": "buzzzp4ywk",
            "status_code": "200"
          },
          "sensitive_attributes": [],
          "identity_schema_version": 0,
          "private": "bnVsbA==",
          "dependencies": [
            "aws_api_gateway_method.options",
            "aws_api_gateway_resource.athletes",
            "aws_api_gateway_resource.coaches",
            "aws_api_gateway_resource.general",
            "aws_api_gateway_resource.graph",
            "aws_api_gateway_resource.history",
            "aws_api_gateway_resource.relations",
            "aws_api_gateway_resource.subresources",
            "aws_api_gateway_rest_api.main",
            "aws_db_instance.default",
            "aws_db_subnet_group.rds_private",
            "aws_iam_role.lambda_role",
            "aws_iam_role_policy_attachment.lambda_rds_auth",
            "aws_lambda_function.lambdas",
            "aws_lambda_layer_version.rds",
            "aws_lambda_layer_version.user_auth",
            "aws_security_group.lambda_sg",
            "aws_subnet.private_subnet1",
            "aws_subnet.private_subnet2",
            "data.archive_file.lambda_archives",
            "data.archive_file.rds_layer",
            "data.archive_file.user_auth_layer",
            "data.aws_availability_zones.available",
            "data.aws_vpc.default"
          ],
          "create_before_destroy": true
        },
        {
          "index_key": "history/get_earliest_date_available",
          "schema_version": 0,
          "attributes": {
            "http_method": "OPTIONS",
            "id": "agmr-buzzzp4ywk-p8a8f8-OPTIONS-200",
            "resource_id": "p8a8f8",
            "response_models": {},
            "response_parameters": {
              "method.response.header.Access-Control-Allow-Headers": true,
              "method.response.header.Access-Control-Allow-Methods": true,
              "method.response.header.Access-Control-Allow-Origin": true
            },
            "rest_api_id": "buzzzp4ywk",
            "status_code": "200"
          },
          "sensitive_attributes": [],
          "identity_schema_version": 0,
          "private": "bnVsbA==",
          "dependencies": [
            "aws_api_gateway_method.options",
            "aws_api_gateway_resource.athletes",
            "aws_api_gateway_resource.coaches",
            "aws_api_gateway_resource.general",
            "aws_api_gateway_resource.graph",
            "aws_api_gateway_resource.history",
            "aws_api_gateway_resource.relations",
            "aws_api_gateway_resource.subresources",
            "aws_api_gateway_rest_api.main",
            "aws_db_instance.default",
            "aws_db_subnet_group.rds_private",
            "aws_iam_role.lambda_role",
            "aws_iam_role_policy_attachment.lambda_rds_auth",
            "aws_lambda_function.lambdas",
            "aws_lambda_layer_version.rds",
            "aws_lambda_layer_version.user_auth",
            "aws_security_group.lambda_sg",
            "aws_subnet.private_subnet1",
            "aws_subnet.private_subnet2",
            "data.archive_file.lambda_archives",
            "data.archive_file.rds_layer",
            "data.archive_file.user_auth_layer",
            "data.aws_availability_zones.available",
            "data.aws_vpc.default"
          ],
          "create_before_destroy": true
        },
        {
          "index_key": "relations/add_relation",
          "schema_version": 0,
          "attributes": {
            "http_method": "OPTIONS",
            "id": "agmr-buzzzp4ywk-zs7qut-OPTIONS-200",
            "resource_id": "zs7qut",
            "response_models": {},
            "response_parameters": {
              "method.response.header.Access-Control-Allow-Headers": true,
              "method.response.header.Access-Control-Allow-Methods": true,
              "method.response.header.Access-Control-Allow-Origin": true
            },
            "rest_api_id": "buzzzp4ywk",
            "status_code": "200"
          },
          "sensitive_attributes": [],
          "identity_schema_version": 0,
          "private": "bnVsbA==",
          "dependencies": [
            "aws_api_gateway_method.options",
            "aws_api_gateway_resource.athletes",
            "aws_api_gateway_resource.coaches",
            "aws_api_gateway_resource.general",
            "aws_api_gateway_resource.graph",
            "aws_api_gateway_resource.history",
            "aws_api_gateway_resource.relations",
            "aws_api_gateway_resource.subresources",
            "aws_api_gateway_rest_api.main",
            "aws_db_instance.default",
            "aws_db_subnet_group.rds_private",
            "aws_iam_role.lambda_role",
            "aws_iam_role_policy_attachment.lambda_rds_auth",
            "aws_lambda_function.lambdas",
            "aws_lambda_layer_version.rds",
            "aws_lambda_layer_version.user_auth",
            "aws_security_group.lambda_sg",
            "aws_subnet.private_subnet1",
            "aws_subnet.private_subnet2",
            "data.archive_file.lambda_archives",
            "data.archive_file.rds_layer",
            "data.archive_file.user_auth_layer",
            "data.aws_availability_zones.available",
            "data.aws_vpc.default"
          ],
          "create_before_destroy": true
        },
        {
          "index_key": "relations/get_mutual_athletes",
          "schema_version": 0,
          "attributes": {
            "http_method": "OPTIONS",
            "id": "agmr-buzzzp4ywk-owe3in-OPTIONS-200",
            "resource_id": "owe3in",
            "response_models": {},
            "response_parameters": {
              "method.response.header.Access-Control-Allow-Headers": true,
              "method.response.header.Access-Control-Allow-Methods": true,
              "method.response.header.Access-Control-Allow-Origin": true
            },
            "rest_api_id": "buzzzp4ywk",
            "status_code": "200"
          },
          "sensitive_attributes": [],
          "identity_schema_version": 0,
          "private": "bnVsbA==",
          "dependencies": [
            "aws_api_gateway_method.options",
            "aws_api_gateway_resource.athletes",
            "aws_api_gateway_resource.coaches",
            "aws_api_gateway_resource.general",
            "aws_api_gateway_resource.graph",
            "aws_api_gateway_resource.history",
            "aws_api_gateway_resource.relations",
            "aws_api_gateway_resource.subresources",
            "aws_api_gateway_rest_api.main",
            "aws_db_instance.default",
            "aws_db_subnet_group.rds_private",
            "aws_iam_role.lambda_role",
            "aws_iam_role_policy_attachment.lambda_rds_auth",
            "aws_lambda_function.lambdas",
            "aws_lambda_layer_version.rds",
            "aws_lambda_layer_version.user_auth",
            "aws_security_group.lambda_sg",
            "aws_subnet.private_subnet1",
            "aws_subnet.private_subnet2",
            "data.archive_file.lambda_archives",
            "data.archive_file.rds_layer",
            "data.archive_file.user_auth_layer",
            "data.aws_availability_zones.available",
            "data.aws_vpc.default"
          ],
          "create_before_destroy": true
        },
        {
          "index_key": "relations/get_mutual_user_relations",
          "schema_version": 0,
          "attributes": {
            "http_method": "OPTIONS",
            "id": "agmr-buzzzp4ywk-h1iinp-OPTIONS-200",
            "resource_id": "h1iinp",
            "response_models": {},
            "response_parameters": {
              "method.response.header.Access-Control-Allow-Headers": true,
              "method.response.header.Access-Control-Allow-Methods": true,
              "method.response.header.Access-Control-Allow-Origin": true
            },
            "rest_api_id": "buzzzp4ywk",
            "status_code": "200"
          },
          "sensitive_attributes": [],
          "identity_schema_version": 0,
          "private": "bnVsbA==",
          "dependencies": [
            "aws_api_gateway_method.options",
            "aws_api_gateway_resource.athletes",
            "aws_api_gateway_resource.coaches",
            "aws_api_gateway_resource.general",
            "aws_api_gateway_resource.graph",
            "aws_api_gateway_resource.history",
            "aws_api_gateway_resource.relations",
            "aws_api_gateway_resource.subresources",
            "aws_api_gateway_rest_api.main",
            "aws_db_instance.default",
            "aws_db_subnet_group.rds_private",
            "aws_iam_role.lambda_role",
            "aws_iam_role_policy_attachment.lambda_rds_auth",
            "aws_lambda_function.lambdas",
            "aws_lambda_layer_version.rds",
            "aws_lambda_layer_version.user_auth",
            "aws_security_group.lambda_sg",
            "aws_subnet.private_subnet1",
            "aws_subnet.private_subnet2",
            "data.archive_file.lambda_archives",
            "data.archive_file.rds_layer",
            "data.archive_file.user_auth_layer",
            "data.aws_availability_zones.available",
            "data.aws_vpc.default"
          ],
          "create_before_destroy": true
        },
        {
          "index_key": "relations/get_relation_invites",
          "schema_version": 0,
          "attributes": {
            "http_method": "OPTIONS",
            "id": "agmr-buzzzp4ywk-q4nprh-OPTIONS-200",
            "resource_id": "q4nprh",
            "response_models": {},
            "response_parameters": {
              "method.response.header.Access-Control-Allow-Headers": true,
              "method.response.header.Access-Control-Allow-Methods": true,
              "method.response.header.Access-Control-Allow-Origin": true
            },
            "rest_api_id": "buzzzp4ywk",
            "status_code": "200"
          },
          "sensitive_attributes": [],
          "identity_schema_version": 0,
          "private": "bnVsbA==",
          "dependencies": [
            "aws_api_gateway_method.options",
            "aws_api_gateway_resource.athletes",
            "aws_api_gateway_resource.coaches",
            "aws_api_gateway_resource.general",
            "aws_api_gateway_resource.graph",
            "aws_api_gateway_resource.history",
            "aws_api_gateway_resource.relations",
            "aws_api_gateway_resource.subresources",
            "aws_api_gateway_rest_api.main",
            "aws_db_instance.default",
            "aws_db_subnet_group.rds_private",
            "aws_iam_role.lambda_role",
            "aws_iam_role_policy_attachment.lambda_rds_auth",
            "aws_lambda_function.lambdas",
            "aws_lambda_layer_version.rds",
            "aws_lambda_layer_version.user_auth",
            "aws_security_group.lambda_sg",
            "aws_subnet.private_subnet1",
            "aws_subnet.private_subnet2",
            "data.archive_file.lambda_archives",
            "data.archive_file.rds_layer",
            "data.archive_file.user_auth_layer",
            "data.aws_availability_zones.available",
            "data.aws_vpc.default"
          ],
          "create_before_destroy": true
        },
        {
          "index_key": "relations/get_relation_invites_count",
          "schema_version": 0,
          "attributes": {
            "http_method": "OPTIONS",
            "id": "agmr-buzzzp4ywk-7mmdfl-OPTIONS-200",
            "resource_id": "7mmdfl",
            "response_models": {},
            "response_parameters": {
              "method.response.header.Access-Control-Allow-Headers": true,
              "method.response.header.Access-Control-Allow-Methods": true,
              "method.response.header.Access-Control-Allow-Origin": true
            },
            "rest_api_id": "buzzzp4ywk",
            "status_code": "200"
          },
          "sensitive_attributes": [],
          "identity_schema_version": 0,
          "private": "bnVsbA==",
          "dependencies": [
            "aws_api_gateway_method.options",
            "aws_api_gateway_resource.athletes",
            "aws_api_gateway_resource.coaches",
            "aws_api_gateway_resource.general",
            "aws_api_gateway_resource.graph",
            "aws_api_gateway_resource.history",
            "aws_api_gateway_resource.relations",
            "aws_api_gateway_resource.subresources",
            "aws_api_gateway_rest_api.main",
            "aws_db_instance.default",
            "aws_db_subnet_group.rds_private",
            "aws_iam_role.lambda_role",
            "aws_iam_role_policy_attachment.lambda_rds_auth",
            "aws_lambda_function.lambdas",
            "aws_lambda_layer_version.rds",
            "aws_lambda_layer_version.user_auth",
            "aws_security_group.lambda_sg",
            "aws_subnet.private_subnet1",
            "aws_subnet.private_subnet2",
            "data.archive_file.lambda_archives",
            "data.archive_file.rds_layer",
            "data.archive_file.user_auth_layer",
            "data.aws_availability_zones.available",
            "data.aws_vpc.default"
          ],
          "create_before_destroy": true
        },
        {
          "index_key": "relations/remove_user_relation",
          "schema_version": 0,
          "attributes": {
            "http_method": "OPTIONS",
            "id": "agmr-buzzzp4ywk-xzk7ie-OPTIONS-200",
            "resource_id": "xzk7ie",
            "response_models": {},
            "response_parameters": {
              "method.response.header.Access-Control-Allow-Headers": true,
              "method.response.header.Access-Control-Allow-Methods": true,
              "method.response.header.Access-Control-Allow-Origin": true
            },
            "rest_api_id": "buzzzp4ywk",
            "status_code": "200"
          },
          "sensitive_attributes": [],
          "identity_schema_version": 0,
          "private": "bnVsbA==",
          "dependencies": [
            "aws_api_gateway_method.options",
            "aws_api_gateway_resource.athletes",
            "aws_api_gateway_resource.coaches",
            "aws_api_gateway_resource.general",
            "aws_api_gateway_resource.graph",
            "aws_api_gateway_resource.history",
            "aws_api_gateway_resource.relations",
            "aws_api_gateway_resource.subresources",
            "aws_api_gateway_rest_api.main",
            "aws_db_instance.default",
            "aws_db_subnet_group.rds_private",
            "aws_iam_role.lambda_role",
            "aws_iam_role_policy_attachment.lambda_rds_auth",
            "aws_lambda_function.lambdas",
            "aws_lambda_layer_version.rds",
            "aws_lambda_layer_version.user_auth",
            "aws_security_group.lambda_sg",
            "aws_subnet.private_subnet1",
            "aws_subnet.private_subnet2",
            "data.archive_file.lambda_archives",
            "data.archive_file.rds_layer",
            "data.archive_file.user_auth_layer",
            "data.aws_availability_zones.available",
            "data.aws_vpc.default"
          ],
          "create_before_destroy": true
        },
        {
          "index_key": "relations/search_user_relation",
          "schema_version": 0,
          "attributes": {
            "http_method": "OPTIONS",
            "id": "agmr-buzzzp4ywk-vodnr3-OPTIONS-200",
            "resource_id": "vodnr3",
            "response_models": {},
            "response_parameters": {
              "method.response.header.Access-Control-Allow-Headers": true,
              "method.response.header.Access-Control-Allow-Methods": true,
              "method.response.header.Access-Control-Allow-Origin": true
            },
            "rest_api_id": "buzzzp4ywk",
            "status_code": "200"
          },
          "sensitive_attributes": [],
          "identity_schema_version": 0,
          "private": "bnVsbA==",
          "dependencies": [
            "aws_api_gateway_method.options",
            "aws_api_gateway_resource.athletes",
            "aws_api_gateway_resource.coaches",
            "aws_api_gateway_resource.general",
            "aws_api_gateway_resource.graph",
            "aws_api_gateway_resource.history",
            "aws_api_gateway_resource.relations",
            "aws_api_gateway_resource.subresources",
            "aws_api_gateway_rest_api.main",
            "aws_db_instance.default",
            "aws_db_subnet_group.rds_private",
            "aws_iam_role.lambda_role",
            "aws_iam_role_policy_attachment.lambda_rds_auth",
            "aws_lambda_function.lambdas",
            "aws_lambda_layer_version.rds",
            "aws_lambda_layer_version.user_auth",
            "aws_security_group.lambda_sg",
            "aws_subnet.private_subnet1",
            "aws_subnet.private_subnet2",
            "data.archive_file.lambda_archives",
            "data.archive_file.rds_layer",
            "data.archive_file.user_auth_layer",
            "data.aws_availability_zones.available",
            "data.aws_vpc.default"
          ],
          "create_before_destroy": true
        }
      ]
    },
    {
      "mode": "managed",
      "type": "aws_api_gateway_resource",
      "name": "athletes",
      "provider": "provider[\"registry.terraform.io/hashicorp/aws\"]",
      "instances": [
        {
          "schema_version": 0,
          "attributes": {
            "id": "ojfpb1",
            "parent_id": "u0sdo1pj4k",
            "path": "/athletes",
            "path_part": "athletes",
            "rest_api_id": "buzzzp4ywk"
          },
          "sensitive_attributes": [],
          "identity_schema_version": 0,
          "private": "bnVsbA==",
          "dependencies": [
            "aws_api_gateway_rest_api.main"
          ],
          "create_before_destroy": true
        }
      ]
    },
    {
      "mode": "managed",
      "type": "aws_api_gateway_resource",
      "name": "coaches",
      "provider": "provider[\"registry.terraform.io/hashicorp/aws\"]",
      "instances": [
        {
          "schema_version": 0,
          "attributes": {
            "id": "89yyuo",
            "parent_id": "u0sdo1pj4k",
            "path": "/coaches",
            "path_part": "coaches",
            "rest_api_id": "buzzzp4ywk"
          },
          "sensitive_attributes": [],
          "identity_schema_version": 0,
          "private": "bnVsbA==",
          "dependencies": [
            "aws_api_gateway_rest_api.main"
          ],
          "create_before_destroy": true
        }
      ]
    },
    {
      "mode": "managed",
      "type": "aws_api_gateway_resource",
      "name": "general",
      "provider": "provider[\"registry.terraform.io/hashicorp/aws\"]",
      "instances": [
        {
          "schema_version": 0,
          "attributes": {
            "id": "of8snb",
            "parent_id": "u0sdo1pj4k",
            "path": "/general",
            "path_part": "general",
            "rest_api_id": "buzzzp4ywk"
          },
          "sensitive_attributes": [],
          "identity_schema_version": 0,
          "private": "bnVsbA==",
          "dependencies": [
            "aws_api_gateway_rest_api.main"
          ],
          "create_before_destroy": true
        }
      ]
    },
    {
      "mode": "managed",
      "type": "aws_api_gateway_resource",
      "name": "graph",
      "provider": "provider[\"registry.terraform.io/hashicorp/aws\"]",
      "instances": [
        {
          "schema_version": 0,
          "attributes": {
            "id": "7pnajp",
            "parent_id": "u0sdo1pj4k",
            "path": "/graph",
            "path_part": "graph",
            "rest_api_id": "buzzzp4ywk"
          },
          "sensitive_attributes": [],
          "identity_schema_version": 0,
          "private": "bnVsbA==",
          "dependencies": [
            "aws_api_gateway_rest_api.main"
          ],
          "create_before_destroy": true
        }
      ]
    },
    {
      "mode": "managed",
      "type": "aws_api_gateway_resource",
      "name": "history",
      "provider": "provider[\"registry.terraform.io/hashicorp/aws\"]",
      "instances": [
        {
          "schema_version": 0,
          "attributes": {
            "id": "05jxhd",
            "parent_id": "u0sdo1pj4k",
            "path": "/history",
            "path_part": "history",
            "rest_api_id": "buzzzp4ywk"
          },
          "sensitive_attributes": [],
          "identity_schema_version": 0,
          "private": "bnVsbA==",
          "dependencies": [
            "aws_api_gateway_rest_api.main"
          ],
          "create_before_destroy": true
        }
      ]
    },
    {
      "mode": "managed",
      "type": "aws_api_gateway_resource",
      "name": "relations",
      "provider": "provider[\"registry.terraform.io/hashicorp/aws\"]",
      "instances": [
        {
          "schema_version": 0,
          "attributes": {
            "id": "toj58s",
            "parent_id": "u0sdo1pj4k",
            "path": "/relations",
            "path_part": "relations",
            "rest_api_id": "buzzzp4ywk"
          },
          "sensitive_attributes": [],
          "identity_schema_version": 0,
          "private": "bnVsbA==",
          "dependencies": [
            "aws_api_gateway_rest_api.main"
          ],
          "create_before_destroy": true
        }
      ]
    },
    {
      "mode": "managed",
      "type": "aws_api_gateway_resource",
      "name": "subresources",
      "provider": "provider[\"registry.terraform.io/hashicorp/aws\"]",
      "instances": [
        {
          "index_key": "athletes/input_times",
          "schema_version": 0,
          "attributes": {
            "id": "akxhzs",
            "parent_id": "ojfpb1",
            "path": "/athletes/input_times",
            "path_part": "input_times",
            "rest_api_id": "buzzzp4ywk"
          },
          "sensitive_attributes": [],
          "identity_schema_version": 0,
          "private": "bnVsbA==",
          "dependencies": [
            "aws_api_gateway_resource.athletes",
            "aws_api_gateway_resource.coaches",
            "aws_api_gateway_resource.general",
            "aws_api_gateway_resource.graph",
            "aws_api_gateway_resource.history",
            "aws_api_gateway_resource.relations",
            "aws_api_gateway_rest_api.main",
            "aws_db_instance.default",
            "aws_db_subnet_group.rds_private",
            "aws_iam_role.lambda_role",
            "aws_iam_role_policy_attachment.lambda_rds_auth",
            "aws_lambda_function.lambdas",
            "aws_lambda_layer_version.rds",
            "aws_lambda_layer_version.user_auth",
            "aws_security_group.lambda_sg",
            "aws_subnet.private_subnet1",
            "aws_subnet.private_subnet2",
            "data.archive_file.lambda_archives",
            "data.archive_file.rds_layer",
            "data.archive_file.user_auth_layer",
            "data.aws_availability_zones.available",
            "data.aws_vpc.default"
          ],
          "create_before_destroy": true
        },
        {
          "index_key": "athletes/remove_inputs",
          "schema_version": 0,
          "attributes": {
            "id": "6emjgf",
            "parent_id": "ojfpb1",
            "path": "/athletes/remove_inputs",
            "path_part": "remove_inputs",
            "rest_api_id": "buzzzp4ywk"
          },
          "sensitive_attributes": [],
          "identity_schema_version": 0,
          "private": "bnVsbA==",
          "dependencies": [
            "aws_api_gateway_resource.athletes",
            "aws_api_gateway_resource.coaches",
            "aws_api_gateway_resource.general",
            "aws_api_gateway_resource.graph",
            "aws_api_gateway_resource.history",
            "aws_api_gateway_resource.relations",
            "aws_api_gateway_rest_api.main",
            "aws_db_instance.default",
            "aws_db_subnet_group.rds_private",
            "aws_iam_role.lambda_role",
            "aws_iam_role_policy_attachment.lambda_rds_auth",
            "aws_lambda_function.lambdas",
            "aws_lambda_layer_version.rds",
            "aws_lambda_layer_version.user_auth",
            "aws_security_group.lambda_sg",
            "aws_subnet.private_subnet1",
            "aws_subnet.private_subnet2",
            "data.archive_file.lambda_archives",
            "data.archive_file.rds_layer",
            "data.archive_file.user_auth_layer",
            "data.aws_availability_zones.available",
            "data.aws_vpc.default"
          ],
          "create_before_destroy": true
        },
        {
          "index_key": "athletes/view_workout_inputs",
          "schema_version": 0,
          "attributes": {
            "id": "wqltih",
            "parent_id": "ojfpb1",
            "path": "/athletes/view_workout_inputs",
            "path_part": "view_workout_inputs",
            "rest_api_id": "buzzzp4ywk"
          },
          "sensitive_attributes": [],
          "identity_schema_version": 0,
          "private": "bnVsbA==",
          "dependencies": [
            "aws_api_gateway_resource.athletes",
            "aws_api_gateway_resource.coaches",
            "aws_api_gateway_resource.general",
            "aws_api_gateway_resource.graph",
            "aws_api_gateway_resource.history",
            "aws_api_gateway_resource.relations",
            "aws_api_gateway_rest_api.main",
            "aws_db_instance.default",
            "aws_db_subnet_group.rds_private",
            "aws_iam_role.lambda_role",
            "aws_iam_role_policy_attachment.lambda_rds_auth",
            "aws_lambda_function.lambdas",
            "aws_lambda_layer_version.rds",
            "aws_lambda_layer_version.user_auth",
            "aws_security_group.lambda_sg",
            "aws_subnet.private_subnet1",
            "aws_subnet.private_subnet2",
            "data.archive_file.lambda_archives",
            "data.archive_file.rds_layer",
            "data.archive_file.user_auth_layer",
            "data.aws_availability_zones.available",
            "data.aws_vpc.default"
          ],
          "create_before_destroy": true
        },
        {
          "index_key": "general/create_user",
          "schema_version": 0,
          "attributes": {
            "id": "3ux4l0",
            "parent_id": "of8snb",
            "path": "/general/create_user",
            "path_part": "create_user",
            "rest_api_id": "buzzzp4ywk"
          },
          "sensitive_attributes": [],
          "identity_schema_version": 0,
          "private": "bnVsbA==",
          "dependencies": [
            "aws_api_gateway_resource.athletes",
            "aws_api_gateway_resource.coaches",
            "aws_api_gateway_resource.general",
            "aws_api_gateway_resource.graph",
            "aws_api_gateway_resource.history",
            "aws_api_gateway_resource.relations",
            "aws_api_gateway_rest_api.main",
            "aws_db_instance.default",
            "aws_db_subnet_group.rds_private",
            "aws_iam_role.lambda_role",
            "aws_iam_role_policy_attachment.lambda_rds_auth",
            "aws_lambda_function.lambdas",
            "aws_lambda_layer_version.rds",
            "aws_lambda_layer_version.user_auth",
            "aws_security_group.lambda_sg",
            "aws_subnet.private_subnet1",
            "aws_subnet.private_subnet2",
            "data.archive_file.lambda_archives",
            "data.archive_file.rds_layer",
            "data.archive_file.user_auth_layer",
            "data.aws_availability_zones.available",
            "data.aws_vpc.default"
          ],
          "create_before_destroy": true
        },
        {
          "index_key": "general/get_mutual_inputs",
          "schema_version": 0,
          "attributes": {
            "id": "dnnf27",
            "parent_id": "of8snb",
            "path": "/general/get_mutual_inputs",
            "path_part": "get_mutual_inputs",
            "rest_api_id": "buzzzp4ywk"
          },
          "sensitive_attributes": [],
          "identity_schema_version": 0,
          "private": "bnVsbA==",
          "dependencies": [
            "aws_api_gateway_resource.athletes",
            "aws_api_gateway_resource.coaches",
            "aws_api_gateway_resource.general",
            "aws_api_gateway_resource.graph",
            "aws_api_gateway_resource.history",
            "aws_api_gateway_resource.relations",
            "aws_api_gateway_rest_api.main",
            "aws_db_instance.default",
            "aws_db_subnet_group.rds_private",
            "aws_iam_role.lambda_role",
            "aws_iam_role_policy_attachment.lambda_rds_auth",
            "aws_lambda_function.lambdas",
            "aws_lambda_layer_version.rds",
            "aws_lambda_layer_version.user_auth",
            "aws_security_group.lambda_sg",
            "aws_subnet.private_subnet1",
            "aws_subnet.private_subnet2",
            "data.archive_file.lambda_archives",
            "data.archive_file.rds_layer",
            "data.archive_file.user_auth_layer",
            "data.aws_availability_zones.available",
            "data.aws_vpc.default"
          ],
          "create_before_destroy": true
        },
        {
          "index_key": "general/get_user",
          "schema_version": 0,
          "attributes": {
            "id": "ofzmk1",
            "parent_id": "of8snb",
            "path": "/general/get_user",
            "path_part": "get_user",
            "rest_api_id": "buzzzp4ywk"
          },
          "sensitive_attributes": [],
          "identity_schema_version": 0,
          "private": "bnVsbA==",
          "dependencies": [
            "aws_api_gateway_resource.athletes",
            "aws_api_gateway_resource.coaches",
            "aws_api_gateway_resource.general",
            "aws_api_gateway_resource.graph",
            "aws_api_gateway_resource.history",
            "aws_api_gateway_resource.relations",
            "aws_api_gateway_rest_api.main",
            "aws_db_instance.default",
            "aws_db_subnet_group.rds_private",
            "aws_iam_role.lambda_role",
            "aws_iam_role_policy_attachment.lambda_rds_auth",
            "aws_lambda_function.lambdas",
            "aws_lambda_layer_version.rds",
            "aws_lambda_layer_version.user_auth",
            "aws_security_group.lambda_sg",
            "aws_subnet.private_subnet1",
            "aws_subnet.private_subnet2",
            "data.archive_file.lambda_archives",
            "data.archive_file.rds_layer",
            "data.archive_file.user_auth_layer",
            "data.aws_availability_zones.available",
            "data.aws_vpc.default"
          ],
          "create_before_destroy": true
        },
        {
          "index_key": "general/mass_input",
          "schema_version": 0,
          "attributes": {
            "id": "ozp6d8",
            "parent_id": "of8snb",
            "path": "/general/mass_input",
            "path_part": "mass_input",
            "rest_api_id": "buzzzp4ywk"
          },
          "sensitive_attributes": [],
          "identity_schema_version": 0,
          "private": "bnVsbA==",
          "dependencies": [
            "aws_api_gateway_resource.athletes",
            "aws_api_gateway_resource.coaches",
            "aws_api_gateway_resource.general",
            "aws_api_gateway_resource.graph",
            "aws_api_gateway_resource.history",
            "aws_api_gateway_resource.relations",
            "aws_api_gateway_rest_api.main",
            "aws_db_instance.default",
            "aws_db_subnet_group.rds_private",
            "aws_iam_role.lambda_role",
            "aws_iam_role_policy_attachment.lambda_rds_auth",
            "aws_lambda_function.lambdas",
            "aws_lambda_layer_version.rds",
            "aws_lambda_layer_version.user_auth",
            "aws_security_group.lambda_sg",
            "aws_subnet.private_subnet1",
            "aws_subnet.private_subnet2",
            "data.archive_file.lambda_archives",
            "data.archive_file.rds_layer",
            "data.archive_file.user_auth_layer",
            "data.aws_availability_zones.available",
            "data.aws_vpc.default"
          ],
          "create_before_destroy": true
        },
        {
          "index_key": "general/update_user_profile",
          "schema_version": 0,
          "attributes": {
            "id": "82va20",
            "parent_id": "of8snb",
            "path": "/general/update_user_profile",
            "path_part": "update_user_profile",
            "rest_api_id": "buzzzp4ywk"
          },
          "sensitive_attributes": [],
          "identity_schema_version": 0,
          "private": "bnVsbA==",
          "dependencies": [
            "aws_api_gateway_resource.athletes",
            "aws_api_gateway_resource.coaches",
            "aws_api_gateway_resource.general",
            "aws_api_gateway_resource.graph",
            "aws_api_gateway_resource.history",
            "aws_api_gateway_resource.relations",
            "aws_api_gateway_rest_api.main",
            "aws_db_instance.default",
            "aws_db_subnet_group.rds_private",
            "aws_iam_role.lambda_role",
            "aws_iam_role_policy_attachment.lambda_rds_auth",
            "aws_lambda_function.lambdas",
            "aws_lambda_layer_version.rds",
            "aws_lambda_layer_version.user_auth",
            "aws_security_group.lambda_sg",
            "aws_subnet.private_subnet1",
            "aws_subnet.private_subnet2",
            "data.archive_file.lambda_archives",
            "data.archive_file.rds_layer",
            "data.archive_file.user_auth_layer",
            "data.aws_availability_zones.available",
            "data.aws_vpc.default"
          ],
          "create_before_destroy": true
        },
        {
          "index_key": "graph/get_avg_velocity",
          "schema_version": 0,
          "attributes": {
            "id": "0bywl5",
            "parent_id": "7pnajp",
            "path": "/graph/get_avg_velocity",
            "path_part": "get_avg_velocity",
            "rest_api_id": "buzzzp4ywk"
          },
          "sensitive_attributes": [],
          "identity_schema_version": 0,
          "private": "bnVsbA==",
          "dependencies": [
            "aws_api_gateway_resource.athletes",
            "aws_api_gateway_resource.coaches",
            "aws_api_gateway_resource.general",
            "aws_api_gateway_resource.graph",
            "aws_api_gateway_resource.history",
            "aws_api_gateway_resource.relations",
            "aws_api_gateway_rest_api.main",
            "aws_db_instance.default",
            "aws_db_subnet_group.rds_private",
            "aws_iam_role.lambda_role",
            "aws_iam_role_policy_attachment.lambda_rds_auth",
            "aws_lambda_function.lambdas",
            "aws_lambda_layer_version.rds",
            "aws_lambda_layer_version.user_auth",
            "aws_security_group.lambda_sg",
            "aws_subnet.private_subnet1",
            "aws_subnet.private_subnet2",
            "data.archive_file.lambda_archives",
            "data.archive_file.rds_layer",
            "data.archive_file.user_auth_layer",
            "data.aws_availability_zones.available",
            "data.aws_vpc.default"
          ],
          "create_before_destroy": true
        },
        {
          "index_key": "graph/get_work_rest_ratio",
          "schema_version": 0,
          "attributes": {
            "id": "uxymbx",
            "parent_id": "7pnajp",
            "path": "/graph/get_work_rest_ratio",
            "path_part": "get_work_rest_ratio",
            "rest_api_id": "buzzzp4ywk"
          },
          "sensitive_attributes": [],
          "identity_schema_version": 0,
          "private": "bnVsbA==",
          "dependencies": [
            "aws_api_gateway_resource.athletes",
            "aws_api_gateway_resource.coaches",
            "aws_api_gateway_resource.general",
            "aws_api_gateway_resource.graph",
            "aws_api_gateway_resource.history",
            "aws_api_gateway_resource.relations",
            "aws_api_gateway_rest_api.main",
            "aws_db_instance.default",
            "aws_db_subnet_group.rds_private",
            "aws_iam_role.lambda_role",
            "aws_iam_role_policy_attachment.lambda_rds_auth",
            "aws_lambda_function.lambdas",
            "aws_lambda_layer_version.rds",
            "aws_lambda_layer_version.user_auth",
            "aws_security_group.lambda_sg",
            "aws_subnet.private_subnet1",
            "aws_subnet.private_subnet2",
            "data.archive_file.lambda_archives",
            "data.archive_file.rds_layer",
            "data.archive_file.user_auth_layer",
            "data.aws_availability_zones.available",
            "data.aws_vpc.default"
          ],
          "create_before_destroy": true
        },
        {
          "index_key": "history/fetch_historical_data",
          "schema_version": 0,
          "attributes": {
            "id": "ax5rm1",
            "parent_id": "05jxhd",
            "path": "/history/fetch_historical_data",
            "path_part": "fetch_historical_data",
            "rest_api_id": "buzzzp4ywk"
          },
          "sensitive_attributes": [],
          "identity_schema_version": 0,
          "private": "bnVsbA==",
          "dependencies": [
            "aws_api_gateway_resource.athletes",
            "aws_api_gateway_resource.coaches",
            "aws_api_gateway_resource.general",
            "aws_api_gateway_resource.graph",
            "aws_api_gateway_resource.history",
            "aws_api_gateway_resource.relations",
            "aws_api_gateway_rest_api.main",
            "aws_db_instance.default",
            "aws_db_subnet_group.rds_private",
            "aws_iam_role.lambda_role",
            "aws_iam_role_policy_attachment.lambda_rds_auth",
            "aws_lambda_function.lambdas",
            "aws_lambda_layer_version.rds",
            "aws_lambda_layer_version.user_auth",
            "aws_security_group.lambda_sg",
            "aws_subnet.private_subnet1",
            "aws_subnet.private_subnet2",
            "data.archive_file.lambda_archives",
            "data.archive_file.rds_layer",
            "data.archive_file.user_auth_layer",
            "data.aws_availability_zones.available",
            "data.aws_vpc.default"
          ],
          "create_before_destroy": true
        },
        {
          "index_key": "history/get_available_history_dates",
          "schema_version": 0,
          "attributes": {
            "id": "mbjupg",
            "parent_id": "05jxhd",
            "path": "/history/get_available_history_dates",
            "path_part": "get_available_history_dates",
            "rest_api_id": "buzzzp4ywk"
          },
          "sensitive_attributes": [],
          "identity_schema_version": 0,
          "private": "bnVsbA==",
          "dependencies": [
            "aws_api_gateway_resource.athletes",
            "aws_api_gateway_resource.coaches",
            "aws_api_gateway_resource.general",
            "aws_api_gateway_resource.graph",
            "aws_api_gateway_resource.history",
            "aws_api_gateway_resource.relations",
            "aws_api_gateway_rest_api.main",
            "aws_db_instance.default",
            "aws_db_subnet_group.rds_private",
            "aws_iam_role.lambda_role",
            "aws_iam_role_policy_attachment.lambda_rds_auth",
            "aws_lambda_function.lambdas",
            "aws_lambda_layer_version.rds",
            "aws_lambda_layer_version.user_auth",
            "aws_security_group.lambda_sg",
            "aws_subnet.private_subnet1",
            "aws_subnet.private_subnet2",
            "data.archive_file.lambda_archives",
            "data.archive_file.rds_layer",
            "data.archive_file.user_auth_layer",
            "data.aws_availability_zones.available",
            "data.aws_vpc.default"
          ],
          "create_before_destroy": true
        },
        {
          "index_key": "history/get_earliest_date_available",
          "schema_version": 0,
          "attributes": {
            "id": "p8a8f8",
            "parent_id": "05jxhd",
            "path": "/history/get_earliest_date_available",
            "path_part": "get_earliest_date_available",
            "rest_api_id": "buzzzp4ywk"
          },
          "sensitive_attributes": [],
          "identity_schema_version": 0,
          "private": "bnVsbA==",
          "dependencies": [
            "aws_api_gateway_resource.athletes",
            "aws_api_gateway_resource.coaches",
            "aws_api_gateway_resource.general",
            "aws_api_gateway_resource.graph",
            "aws_api_gateway_resource.history",
            "aws_api_gateway_resource.relations",
            "aws_api_gateway_rest_api.main",
            "aws_db_instance.default",
            "aws_db_subnet_group.rds_private",
            "aws_iam_role.lambda_role",
            "aws_iam_role_policy_attachment.lambda_rds_auth",
            "aws_lambda_function.lambdas",
            "aws_lambda_layer_version.rds",
            "aws_lambda_layer_version.user_auth",
            "aws_security_group.lambda_sg",
            "aws_subnet.private_subnet1",
            "aws_subnet.private_subnet2",
            "data.archive_file.lambda_archives",
            "data.archive_file.rds_layer",
            "data.archive_file.user_auth_layer",
            "data.aws_availability_zones.available",
            "data.aws_vpc.default"
          ],
          "create_before_destroy": true
        },
        {
          "index_key": "relations/add_relation",
          "schema_version": 0,
          "attributes": {
            "id": "zs7qut",
            "parent_id": "toj58s",
            "path": "/relations/add_relation",
            "path_part": "add_relation",
            "rest_api_id": "buzzzp4ywk"
          },
          "sensitive_attributes": [],
          "identity_schema_version": 0,
          "private": "bnVsbA==",
          "dependencies": [
            "aws_api_gateway_resource.athletes",
            "aws_api_gateway_resource.coaches",
            "aws_api_gateway_resource.general",
            "aws_api_gateway_resource.graph",
            "aws_api_gateway_resource.history",
            "aws_api_gateway_resource.relations",
            "aws_api_gateway_rest_api.main",
            "aws_db_instance.default",
            "aws_db_subnet_group.rds_private",
            "aws_iam_role.lambda_role",
            "aws_iam_role_policy_attachment.lambda_rds_auth",
            "aws_lambda_function.lambdas",
            "aws_lambda_layer_version.rds",
            "aws_lambda_layer_version.user_auth",
            "aws_security_group.lambda_sg",
            "aws_subnet.private_subnet1",
            "aws_subnet.private_subnet2",
            "data.archive_file.lambda_archives",
            "data.archive_file.rds_layer",
            "data.archive_file.user_auth_layer",
            "data.aws_availability_zones.available",
            "data.aws_vpc.default"
          ],
          "create_before_destroy": true
        },
        {
          "index_key": "relations/get_mutual_athletes",
          "schema_version": 0,
          "attributes": {
            "id": "owe3in",
            "parent_id": "toj58s",
            "path": "/relations/get_mutual_athletes",
            "path_part": "get_mutual_athletes",
            "rest_api_id": "buzzzp4ywk"
          },
          "sensitive_attributes": [],
          "identity_schema_version": 0,
          "private": "bnVsbA==",
          "dependencies": [
            "aws_api_gateway_resource.athletes",
            "aws_api_gateway_resource.coaches",
            "aws_api_gateway_resource.general",
            "aws_api_gateway_resource.graph",
            "aws_api_gateway_resource.history",
            "aws_api_gateway_resource.relations",
            "aws_api_gateway_rest_api.main",
            "aws_db_instance.default",
            "aws_db_subnet_group.rds_private",
            "aws_iam_role.lambda_role",
            "aws_iam_role_policy_attachment.lambda_rds_auth",
            "aws_lambda_function.lambdas",
            "aws_lambda_layer_version.rds",
            "aws_lambda_layer_version.user_auth",
            "aws_security_group.lambda_sg",
            "aws_subnet.private_subnet1",
            "aws_subnet.private_subnet2",
            "data.archive_file.lambda_archives",
            "data.archive_file.rds_layer",
            "data.archive_file.user_auth_layer",
            "data.aws_availability_zones.available",
            "data.aws_vpc.default"
          ],
          "create_before_destroy": true
        },
        {
          "index_key": "relations/get_mutual_user_relations",
          "schema_version": 0,
          "attributes": {
            "id": "h1iinp",
            "parent_id": "toj58s",
            "path": "/relations/get_mutual_user_relations",
            "path_part": "get_mutual_user_relations",
            "rest_api_id": "buzzzp4ywk"
          },
          "sensitive_attributes": [],
          "identity_schema_version": 0,
          "private": "bnVsbA==",
          "dependencies": [
            "aws_api_gateway_resource.athletes",
            "aws_api_gateway_resource.coaches",
            "aws_api_gateway_resource.general",
            "aws_api_gateway_resource.graph",
            "aws_api_gateway_resource.history",
            "aws_api_gateway_resource.relations",
            "aws_api_gateway_rest_api.main",
            "aws_db_instance.default",
            "aws_db_subnet_group.rds_private",
            "aws_iam_role.lambda_role",
            "aws_iam_role_policy_attachment.lambda_rds_auth",
            "aws_lambda_function.lambdas",
            "aws_lambda_layer_version.rds",
            "aws_lambda_layer_version.user_auth",
            "aws_security_group.lambda_sg",
            "aws_subnet.private_subnet1",
            "aws_subnet.private_subnet2",
            "data.archive_file.lambda_archives",
            "data.archive_file.rds_layer",
            "data.archive_file.user_auth_layer",
            "data.aws_availability_zones.available",
            "data.aws_vpc.default"
          ],
          "create_before_destroy": true
        },
        {
          "index_key": "relations/get_relation_invites",
          "schema_version": 0,
          "attributes": {
            "id": "q4nprh",
            "parent_id": "toj58s",
            "path": "/relations/get_relation_invites",
            "path_part": "get_relation_invites",
            "rest_api_id": "buzzzp4ywk"
          },
          "sensitive_attributes": [],
          "identity_schema_version": 0,
          "private": "bnVsbA==",
          "dependencies": [
            "aws_api_gateway_resource.athletes",
            "aws_api_gateway_resource.coaches",
            "aws_api_gateway_resource.general",
            "aws_api_gateway_resource.graph",
            "aws_api_gateway_resource.history",
            "aws_api_gateway_resource.relations",
            "aws_api_gateway_rest_api.main",
            "aws_db_instance.default",
            "aws_db_subnet_group.rds_private",
            "aws_iam_role.lambda_role",
            "aws_iam_role_policy_attachment.lambda_rds_auth",
            "aws_lambda_function.lambdas",
            "aws_lambda_layer_version.rds",
            "aws_lambda_layer_version.user_auth",
            "aws_security_group.lambda_sg",
            "aws_subnet.private_subnet1",
            "aws_subnet.private_subnet2",
            "data.archive_file.lambda_archives",
            "data.archive_file.rds_layer",
            "data.archive_file.user_auth_layer",
            "data.aws_availability_zones.available",
            "data.aws_vpc.default"
          ],
          "create_before_destroy": true
        },
        {
          "index_key": "relations/get_relation_invites_count",
          "schema_version": 0,
          "attributes": {
            "id": "7mmdfl",
            "parent_id": "toj58s",
            "path": "/relations/get_relation_invites_count",
            "path_part": "get_relation_invites_count",
            "rest_api_id": "buzzzp4ywk"
          },
          "sensitive_attributes": [],
          "identity_schema_version": 0,
          "private": "bnVsbA==",
          "dependencies": [
            "aws_api_gateway_resource.athletes",
            "aws_api_gateway_resource.coaches",
            "aws_api_gateway_resource.general",
            "aws_api_gateway_resource.graph",
            "aws_api_gateway_resource.history",
            "aws_api_gateway_resource.relations",
            "aws_api_gateway_rest_api.main",
            "aws_db_instance.default",
            "aws_db_subnet_group.rds_private",
            "aws_iam_role.lambda_role",
            "aws_iam_role_policy_attachment.lambda_rds_auth",
            "aws_lambda_function.lambdas",
            "aws_lambda_layer_version.rds",
            "aws_lambda_layer_version.user_auth",
            "aws_security_group.lambda_sg",
            "aws_subnet.private_subnet1",
            "aws_subnet.private_subnet2",
            "data.archive_file.lambda_archives",
            "data.archive_file.rds_layer",
            "data.archive_file.user_auth_layer",
            "data.aws_availability_zones.available",
            "data.aws_vpc.default"
          ],
          "create_before_destroy": true
        },
        {
          "index_key": "relations/remove_user_relation",
          "schema_version": 0,
          "attributes": {
            "id": "xzk7ie",
            "parent_id": "toj58s",
            "path": "/relations/remove_user_relation",
            "path_part": "remove_user_relation",
            "rest_api_id": "buzzzp4ywk"
          },
          "sensitive_attributes": [],
          "identity_schema_version": 0,
          "private": "bnVsbA==",
          "dependencies": [
            "aws_api_gateway_resource.athletes",
            "aws_api_gateway_resource.coaches",
            "aws_api_gateway_resource.general",
            "aws_api_gateway_resource.graph",
            "aws_api_gateway_resource.history",
            "aws_api_gateway_resource.relations",
            "aws_api_gateway_rest_api.main",
            "aws_db_instance.default",
            "aws_db_subnet_group.rds_private",
            "aws_iam_role.lambda_role",
            "aws_iam_role_policy_attachment.lambda_rds_auth",
            "aws_lambda_function.lambdas",
            "aws_lambda_layer_version.rds",
            "aws_lambda_layer_version.user_auth",
            "aws_security_group.lambda_sg",
            "aws_subnet.private_subnet1",
            "aws_subnet.private_subnet2",
            "data.archive_file.lambda_archives",
            "data.archive_file.rds_layer",
            "data.archive_file.user_auth_layer",
            "data.aws_availability_zones.available",
            "data.aws_vpc.default"
          ],
          "create_before_destroy": true
        },
        {
          "index_key": "relations/search_user_relation",
          "schema_version": 0,
          "attributes": {
            "id": "vodnr3",
            "parent_id": "toj58s",
            "path": "/relations/search_user_relation",
            "path_part": "search_user_relation",
            "rest_api_id": "buzzzp4ywk"
          },
          "sensitive_attributes": [],
          "identity_schema_version": 0,
          "private": "bnVsbA==",
          "dependencies": [
            "aws_api_gateway_resource.athletes",
            "aws_api_gateway_resource.coaches",
            "aws_api_gateway_resource.general",
            "aws_api_gateway_resource.graph",
            "aws_api_gateway_resource.history",
            "aws_api_gateway_resource.relations",
            "aws_api_gateway_rest_api.main",
            "aws_db_instance.default",
            "aws_db_subnet_group.rds_private",
            "aws_iam_role.lambda_role",
            "aws_iam_role_policy_attachment.lambda_rds_auth",
            "aws_lambda_function.lambdas",
            "aws_lambda_layer_version.rds",
            "aws_lambda_layer_version.user_auth",
            "aws_security_group.lambda_sg",
            "aws_subnet.private_subnet1",
            "aws_subnet.private_subnet2",
            "data.archive_file.lambda_archives",
            "data.archive_file.rds_layer",
            "data.archive_file.user_auth_layer",
            "data.aws_availability_zones.available",
            "data.aws_vpc.default"
          ],
          "create_before_destroy": true
        }
      ]
    },
    {
      "mode": "managed",
      "type": "aws_api_gateway_rest_api",
      "name": "main",
      "provider": "provider[\"registry.terraform.io/hashicorp/aws\"]",
      "instances": [
        {
          "schema_version": 0,
          "attributes": {
            "api_key_source": "HEADER",
            "arn": "arn:aws:apigateway:us-east-2::/restapis/buzzzp4ywk",
            "binary_media_types": [],
            "body": null,
            "created_date": "2025-10-04T23:24:10Z",
            "description": "Trackme API Gateway",
            "disable_execute_api_endpoint": false,
            "endpoint_configuration": [
              {
                "ip_address_type": "ipv4",
                "types": [
                  "EDGE"
                ],
                "vpc_endpoint_ids": []
              }
            ],
            "execution_arn": "arn:aws:execute-api:us-east-2:857360184083:buzzzp4ywk",
            "fail_on_warnings": null,
            "id": "buzzzp4ywk",
            "minimum_compression_size": "",
            "name": "trackme-api",
            "parameters": null,
            "policy": "",
            "put_rest_api_mode": null,
            "root_resource_id": "u0sdo1pj4k",
            "tags": {},
            "tags_all": {}
          },
          "sensitive_attributes": [],
          "identity_schema_version": 0,
          "private": "bnVsbA==",
          "create_before_destroy": true
        }
      ]
    },
    {
      "mode": "managed",
      "type": "aws_api_gateway_stage",
      "name": "main",
      "provider": "provider[\"registry.terraform.io/hashicorp/aws\"]",
      "instances": [
        {
          "schema_version": 0,
          "attributes": {
            "access_log_settings": [],
            "arn": "arn:aws:apigateway:us-east-2::/restapis/buzzzp4ywk/stages/prod",
            "cache_cluster_enabled": false,
            "cache_cluster_size": "",
            "canary_settings": [],
            "client_certificate_id": "",
            "deployment_id": "3xvpwr",
            "description": "",
            "documentation_version": "",
            "execution_arn": "arn:aws:execute-api:us-east-2:857360184083:buzzzp4ywk/prod",
            "id": "ags-buzzzp4ywk-prod",
            "invoke_url": "https://buzzzp4ywk.execute-api.us-east-2.amazonaws.com/prod",
            "rest_api_id": "buzzzp4ywk",
            "stage_name": "prod",
            "tags": {},
            "tags_all": {},
            "variables": {},
            "web_acl_arn": "",
            "xray_tracing_enabled": false
          },
          "sensitive_attributes": [],
          "identity_schema_version": 0,
          "private": "bnVsbA==",
          "dependencies": [
            "aws_api_gateway_authorizer.cognito_authorizer",
            "aws_api_gateway_deployment.main",
            "aws_api_gateway_integration.main",
            "aws_api_gateway_integration.options",
            "aws_api_gateway_integration_response.options",
            "aws_api_gateway_method.main",
            "aws_api_gateway_method.options",
            "aws_api_gateway_method_response.options",
            "aws_api_gateway_resource.athletes",
            "aws_api_gateway_resource.coaches",
            "aws_api_gateway_resource.general",
            "aws_api_gateway_resource.graph",
            "aws_api_gateway_resource.history",
            "aws_api_gateway_resource.relations",
            "aws_api_gateway_resource.subresources",
            "aws_api_gateway_rest_api.main",
            "aws_db_instance.default",
            "aws_db_subnet_group.rds_private",
            "aws_iam_role.lambda_role",
            "aws_iam_role_policy_attachment.lambda_rds_auth",
            "aws_lambda_function.lambdas",
            "aws_lambda_layer_version.rds",
            "aws_lambda_layer_version.user_auth",
            "aws_security_group.lambda_sg",
            "aws_subnet.private_subnet1",
            "aws_subnet.private_subnet2",
            "data.archive_file.lambda_archives",
            "data.archive_file.rds_layer",
            "data.archive_file.user_auth_layer",
            "data.aws_availability_zones.available",
            "data.aws_vpc.default"
          ],
          "create_before_destroy": true
        }
      ]
    },
    {
      "mode": "managed",
      "type": "aws_db_instance",
      "name": "default",
      "provider": "provider[\"registry.terraform.io/hashicorp/aws\"]",
      "instances": [
        {
          "schema_version": 2,
          "attributes": {
            "address": "trackmedb.c9goe0ioosh0.us-east-2.rds.amazonaws.com",
            "allocated_storage": 20,
            "allow_major_version_upgrade": null,
            "apply_immediately": false,
            "arn": "arn:aws:rds:us-east-2:857360184083:db:trackmedb",
            "auto_minor_version_upgrade": true,
            "availability_zone": "us-east-2a",
            "backup_retention_period": 0,
            "backup_target": "region",
            "backup_window": "05:17-05:47",
            "blue_green_update": [],
            "ca_cert_identifier": "rds-ca-rsa2048-g1",
            "character_set_name": "",
            "copy_tags_to_snapshot": false,
            "custom_iam_instance_profile": "",
            "customer_owned_ip_enabled": false,
            "database_insights_mode": "standard",
            "db_name": "trackme",
            "db_subnet_group_name": "trackme-db-subnet-group",
            "dedicated_log_volume": false,
            "delete_automated_backups": true,
            "deletion_protection": false,
            "domain": "",
            "domain_auth_secret_arn": "",
            "domain_dns_ips": [],
            "domain_fqdn": "",
            "domain_iam_role_name": "",
            "domain_ou": "",
            "enabled_cloudwatch_logs_exports": [],
            "endpoint": "trackmedb.c9goe0ioosh0.us-east-2.rds.amazonaws.com:5432",
            "engine": "postgres",
            "engine_lifecycle_support": "open-source-rds-extended-support",
            "engine_version": "17.5",
            "engine_version_actual": "17.5",
            "final_snapshot_identifier": null,
            "hosted_zone_id": "Z2XHWR1WZ565X2",
            "iam_database_authentication_enabled": false,
            "id": "db-SF4YG732X4EN6WMSNXVOI6CRRI",
            "identifier": "trackmedb",
            "identifier_prefix": "",
            "instance_class": "db.t3.micro",
            "iops": 0,
            "kms_key_id": "",
            "latest_restorable_time": "",
            "license_model": "postgresql-license",
            "listener_endpoint": [],
            "maintenance_window": "sun:07:38-sun:08:08",
            "manage_master_user_password": null,
            "master_user_secret": [],
            "master_user_secret_kms_key_id": null,
            "max_allocated_storage": 0,
            "monitoring_interval": 0,
            "monitoring_role_arn": "",
            "multi_az": false,
            "nchar_character_set_name": "",
            "network_type": "IPV4",
            "option_group_name": "default:postgres-17",
            "parameter_group_name": "default.postgres17",
            "password": "Mojito#2025",
            "password_wo": null,
            "password_wo_version": null,
            "performance_insights_enabled": false,
            "performance_insights_kms_key_id": "",
            "performance_insights_retention_period": 0,
            "port": 5432,
            "publicly_accessible": false,
            "replica_mode": "",
            "replicas": [],
            "replicate_source_db": "",
            "resource_id": "db-SF4YG732X4EN6WMSNXVOI6CRRI",
            "restore_to_point_in_time": [],
            "s3_import": [],
            "skip_final_snapshot": true,
            "snapshot_identifier": null,
            "status": "available",
            "storage_encrypted": false,
            "storage_throughput": 0,
            "storage_type": "gp2",
            "tags": {},
            "tags_all": {},
            "timeouts": null,
            "timezone": "",
            "upgrade_storage_config": null,
            "username": "trackme_admin",
            "vpc_security_group_ids": [
              "sg-0b98a1e54096ed585"
            ]
          },
          "sensitive_attributes": [
            [
              {
                "type": "get_attr",
                "value": "password"
              }
            ],
            [
              {
                "type": "get_attr",
                "value": "password_wo"
              }
            ]
          ],
          "identity_schema_version": 0,
          "private": "eyJlMmJmYjczMC1lY2FhLTExZTYtOGY4OC0zNDM2M2JjN2M0YzAiOnsiY3JlYXRlIjozMDAwMDAwMDAwMDAwLCJkZWxldGUiOjM2MDAwMDAwMDAwMDAsInVwZGF0ZSI6NDgwMDAwMDAwMDAwMH0sInNjaGVtYV92ZXJzaW9uIjoiMiJ9",
          "dependencies": [
            "aws_db_subnet_group.rds_private",
            "aws_subnet.private_subnet1",
            "aws_subnet.private_subnet2",
            "data.aws_availability_zones.available",
            "data.aws_vpc.default"
          ],
          "create_before_destroy": true
        }
      ]
    },
    {
      "mode": "managed",
      "type": "aws_db_subnet_group",
      "name": "rds_private",
      "provider": "provider[\"registry.terraform.io/hashicorp/aws\"]",
      "instances": [
        {
          "schema_version": 0,
          "attributes": {
            "arn": "arn:aws:rds:us-east-2:857360184083:subgrp:trackme-db-subnet-group",
            "description": "Managed by Terraform",
            "id": "trackme-db-subnet-group",
            "name": "trackme-db-subnet-group",
            "name_prefix": "",
            "subnet_ids": [
              "subnet-09b6e632d01fcb525",
              "subnet-0db35c13edd7c98e9"
            ],
            "supported_network_types": [
              "IPV4"
            ],
            "tags": {
              "Name": "trackme-db-subnet-group"
            },
            "tags_all": {
              "Name": "trackme-db-subnet-group"
            },
            "vpc_id": "vpc-00ce2d8f8e6ecb305"
          },
          "sensitive_attributes": [],
          "identity_schema_version": 0,
          "private": "bnVsbA==",
          "dependencies": [
            "aws_subnet.private_subnet1",
            "aws_subnet.private_subnet2",
            "data.aws_availability_zones.available",
            "data.aws_vpc.default"
          ],
          "create_before_destroy": true
        }
      ]
    },
    {
      "mode": "managed",
      "type": "aws_iam_role",
      "name": "lambda_role",
      "provider": "provider[\"registry.terraform.io/hashicorp/aws\"]",
      "instances": [
        {
          "schema_version": 0,
          "attributes": {
            "arn": "arn:aws:iam::857360184083:role/lambda_role",
            "assume_role_policy": "{\"Statement\":[{\"Action\":\"sts:AssumeRole\",\"Effect\":\"Allow\",\"Principal\":{\"Service\":\"lambda.amazonaws.com\"}}],\"Version\":\"2012-10-17\"}",
            "create_date": "2025-09-19T19:08:55Z",
            "description": "",
            "force_detach_policies": false,
            "id": "lambda_role",
            "inline_policy": [
              {
                "name": "lambda-bedrock-access",
                "policy": "{\"Version\":\"2012-10-17\",\"Statement\":[{\"Action\":[\"bedrock:InvokeModel\",\"bedrock:InvokeModelWithResponseStream\"],\"Effect\":\"Allow\",\"Resource\":\"*\"}]}"
              },
              {
                "name": "lambda_vpc_policy",
                "policy": "{\"Version\":\"2012-10-17\",\"Statement\":[{\"Action\":[\"ec2:CreateNetworkInterface\",\"ec2:DescribeNetworkInterfaces\",\"ec2:DeleteNetworkInterface\"],\"Effect\":\"Allow\",\"Resource\":\"*\"}]}"
              }
            ],
            "managed_policy_arns": [
              "arn:aws:iam::aws:policy/AmazonRDSFullAccess",
              "arn:aws:iam::aws:policy/service-role/AWSLambdaBasicExecutionRole"
            ],
            "max_session_duration": 3600,
            "name": "lambda_role",
            "name_prefix": "",
            "path": "/",
            "permissions_boundary": "",
            "tags": {},
            "tags_all": {},
            "unique_id": "AROA4PHVGGMJSPGWSCNME"
          },
          "sensitive_attributes": [],
          "identity_schema_version": 0,
          "private": "bnVsbA==",
          "create_before_destroy": true
        }
      ]
    },
    {
      "mode": "managed",
      "type": "aws_iam_role_policy",
      "name": "lambda_bedrock_access",
      "provider": "provider[\"registry.terraform.io/hashicorp/aws\"]",
      "instances": [
        {
          "schema_version": 0,
          "attributes": {
            "id": "lambda_role:lambda-bedrock-access",
            "name": "lambda-bedrock-access",
            "name_prefix": "",
            "policy": "{\"Version\":\"2012-10-17\",\"Statement\":[{\"Action\":[\"bedrock:InvokeModel\",\"bedrock:InvokeModelWithResponseStream\"],\"Effect\":\"Allow\",\"Resource\":\"*\"}]}",
            "role": "lambda_role"
          },
          "sensitive_attributes": [],
          "identity_schema_version": 0,
          "private": "bnVsbA==",
          "dependencies": [
            "aws_iam_role.lambda_role"
          ]
        }
      ]
    },
    {
      "mode": "managed",
      "type": "aws_iam_role_policy",
      "name": "lambda_vpc",
      "provider": "provider[\"registry.terraform.io/hashicorp/aws\"]",
      "instances": [
        {
          "schema_version": 0,
          "attributes": {
            "id": "lambda_role:lambda_vpc_policy",
            "name": "lambda_vpc_policy",
            "name_prefix": "",
            "policy": "{\"Version\":\"2012-10-17\",\"Statement\":[{\"Action\":[\"ec2:CreateNetworkInterface\",\"ec2:DescribeNetworkInterfaces\",\"ec2:DeleteNetworkInterface\"],\"Effect\":\"Allow\",\"Resource\":\"*\"}]}",
            "role": "lambda_role"
          },
          "sensitive_attributes": [],
          "identity_schema_version": 0,
          "private": "bnVsbA==",
          "dependencies": [
            "aws_iam_role.lambda_role"
          ]
        }
      ]
    },
    {
      "mode": "managed",
      "type": "aws_iam_role_policy_attachment",
      "name": "lambda_logs",
      "provider": "provider[\"registry.terraform.io/hashicorp/aws\"]",
      "instances": [
        {
          "schema_version": 0,
          "attributes": {
            "id": "lambda_role-20250919190856091400000003",
            "policy_arn": "arn:aws:iam::aws:policy/service-role/AWSLambdaBasicExecutionRole",
            "role": "lambda_role"
          },
          "sensitive_attributes": [],
          "identity_schema_version": 0,
          "private": "bnVsbA==",
          "dependencies": [
            "aws_iam_role.lambda_role"
          ]
        }
      ]
    },
    {
      "mode": "managed",
      "type": "aws_iam_role_policy_attachment",
      "name": "lambda_rds_auth",
      "provider": "provider[\"registry.terraform.io/hashicorp/aws\"]",
      "instances": [
        {
          "schema_version": 0,
          "attributes": {
            "id": "lambda_role-20250919190855916500000002",
            "policy_arn": "arn:aws:iam::aws:policy/AmazonRDSFullAccess",
            "role": "lambda_role"
          },
          "sensitive_attributes": [],
          "identity_schema_version": 0,
          "private": "bnVsbA==",
          "dependencies": [
            "aws_iam_role.lambda_role"
          ],
          "create_before_destroy": true
        }
      ]
    },
    {
      "mode": "managed",
      "type": "aws_instance",
      "name": "bastion_host",
      "provider": "provider[\"registry.terraform.io/hashicorp/aws\"]",
      "instances": [
        {
          "schema_version": 1,
          "attributes": {
            "ami": "ami-0ea3c35c5c3284d82",
            "arn": "arn:aws:ec2:us-east-2:857360184083:instance/i-0a582a55effc3b344",
            "associate_public_ip_address": true,
            "availability_zone": "us-east-2a",
            "capacity_reservation_specification": [
              {
                "capacity_reservation_preference": "open",
                "capacity_reservation_target": []
              }
            ],
            "cpu_core_count": 1,
            "cpu_options": [
              {
                "amd_sev_snp": "",
                "core_count": 1,
                "threads_per_core": 1
              }
            ],
            "cpu_threads_per_core": 1,
            "credit_specification": [
              {
                "cpu_credits": "standard"
              }
            ],
            "disable_api_stop": false,
            "disable_api_termination": false,
            "ebs_block_device": [],
            "ebs_optimized": false,
            "enable_primary_ipv6": null,
            "enclave_options": [
              {
                "enabled": false
              }
            ],
            "ephemeral_block_device": [],
            "get_password_data": false,
            "hibernation": false,
            "host_id": "",
            "host_resource_group_arn": null,
            "iam_instance_profile": "",
            "id": "i-0a582a55effc3b344",
            "instance_initiated_shutdown_behavior": "stop",
            "instance_lifecycle": "",
            "instance_market_options": [],
            "instance_state": "running",
            "instance_type": "t2.micro",
            "ipv6_address_count": 0,
            "ipv6_addresses": [],
            "key_name": "TrackMe-RDS-Bastion",
            "launch_template": [],
            "maintenance_options": [
              {
                "auto_recovery": "default"
              }
            ],
            "metadata_options": [
              {
                "http_endpoint": "enabled",
                "http_protocol_ipv6": "disabled",
                "http_put_response_hop_limit": 2,
                "http_tokens": "required",
                "instance_metadata_tags": "disabled"
              }
            ],
            "monitoring": false,
            "network_interface": [],
            "outpost_arn": "",
            "password_data": "",
            "placement_group": "",
            "placement_partition_number": 0,
            "primary_network_interface_id": "eni-0a912198d8a53315a",
            "private_dns": "ip-172-31-87-117.us-east-2.compute.internal",
            "private_dns_name_options": [
              {
                "enable_resource_name_dns_a_record": false,
                "enable_resource_name_dns_aaaa_record": false,
                "hostname_type": "ip-name"
              }
            ],
            "private_ip": "172.31.87.117",
            "public_dns": "ec2-3-138-172-36.us-east-2.compute.amazonaws.com",
            "public_ip": "3.138.172.36",
            "root_block_device": [
              {
                "delete_on_termination": true,
                "device_name": "/dev/sda1",
                "encrypted": false,
                "iops": 3000,
                "kms_key_id": "",
                "tags": {},
                "tags_all": {},
                "throughput": 125,
                "volume_id": "vol-042d910a1fc4736dc",
                "volume_size": 8,
                "volume_type": "gp3"
              }
            ],
            "secondary_private_ips": [],
            "security_groups": [
              "bastion-security-group"
            ],
            "source_dest_check": true,
            "spot_instance_request_id": "",
            "subnet_id": "subnet-0a37539e495043deb",
            "tags": {
              "Name": "trackme-bastion-host"
            },
            "tags_all": {
              "Name": "trackme-bastion-host"
            },
            "tenancy": "default",
            "timeouts": null,
            "user_data": "cd253aef179d5b9ec7f3b6259ef293545eb7a8c0",
            "user_data_base64": null,
            "user_data_replace_on_change": false,
            "volume_tags": null,
            "vpc_security_group_ids": [
              "sg-07f631b6aeb37d86b"
            ]
          },
          "sensitive_attributes": [],
          "identity_schema_version": 0,
          "private": "eyJlMmJmYjczMC1lY2FhLTExZTYtOGY4OC0zNDM2M2JjN2M0YzAiOnsiY3JlYXRlIjo2MDAwMDAwMDAwMDAsImRlbGV0ZSI6MTIwMDAwMDAwMDAwMCwicmVhZCI6OTAwMDAwMDAwMDAwLCJ1cGRhdGUiOjYwMDAwMDAwMDAwMH0sInNjaGVtYV92ZXJzaW9uIjoiMSJ9",
          "dependencies": [
            "aws_security_group.bastion_sg",
            "aws_subnet.bastion_subnet",
            "data.aws_availability_zones.available",
            "data.aws_security_group.default",
            "data.aws_vpc.default",
            "data.http.myip"
          ]
        }
      ]
    },
    {
      "mode": "managed",
      "type": "aws_lambda_function",
      "name": "lambdas",
      "provider": "provider[\"registry.terraform.io/hashicorp/aws\"]",
      "instances": [
        {
          "index_key": "add_relation",
          "schema_version": 0,
          "attributes": {
            "architectures": [
              "x86_64"
            ],
            "arn": "arn:aws:lambda:us-east-2:857360184083:function:add_relation",
            "code_sha256": "atJ3nbxRPrjO2nCBesH2ay97+fccZU6/5Bt6xrwZUGg=",
            "code_signing_config_arn": "",
            "dead_letter_config": [],
            "description": "",
            "environment": [
              {
                "variables": {
                  "ENVIRONMENT": "production",
                  "RDS_DBNAME": "trackme",
                  "RDS_ENDPOINT": "trackmedb.c9goe0ioosh0.us-east-2.rds.amazonaws.com",
                  "RDS_PASSWORD": "Mojito#2025",
                  "RDS_PORT": "5432",
                  "RDS_REGION": "us-east-2",
                  "RDS_USER": "trackme_admin"
                }
              }
            ],
            "ephemeral_storage": [
              {
                "size": 512
              }
            ],
            "file_system_config": [],
            "filename": "./../Server/lambdas/relations/zips/add_relation.zip",
            "function_name": "add_relation",
            "handler": "add_relation.add_relation",
            "id": "add_relation",
            "image_config": [],
            "image_uri": "",
            "invoke_arn": "arn:aws:apigateway:us-east-2:lambda:path/2015-03-31/functions/arn:aws:lambda:us-east-2:857360184083:function:add_relation/invocations",
            "kms_key_arn": "",
            "last_modified": "2025-10-28T00:52:48.000+0000",
            "layers": [
              "arn:aws:lambda:us-east-2:857360184083:layer:rds:120",
              "arn:aws:lambda:us-east-2:857360184083:layer:user_auth:3"
            ],
            "logging_config": [
              {
                "application_log_level": "",
                "log_format": "Text",
                "log_group": "/aws/lambda/add_relation",
                "system_log_level": ""
              }
            ],
            "memory_size": 128,
            "package_type": "Zip",
            "publish": false,
            "qualified_arn": "arn:aws:lambda:us-east-2:857360184083:function:add_relation:$LATEST",
            "qualified_invoke_arn": "arn:aws:apigateway:us-east-2:lambda:path/2015-03-31/functions/arn:aws:lambda:us-east-2:857360184083:function:add_relation:$LATEST/invocations",
            "replace_security_groups_on_destroy": null,
            "replacement_security_group_ids": null,
            "reserved_concurrent_executions": -1,
            "role": "arn:aws:iam::857360184083:role/lambda_role",
            "runtime": "python3.12",
            "s3_bucket": null,
            "s3_key": null,
            "s3_object_version": null,
            "signing_job_arn": "",
            "signing_profile_version_arn": "",
            "skip_destroy": false,
            "snap_start": [],
            "source_code_hash": "atJ3nbxRPrjO2nCBesH2ay97+fccZU6/5Bt6xrwZUGg=",
            "source_code_size": 2050,
            "tags": {},
            "tags_all": {},
            "timeout": 5,
            "timeouts": null,
            "tracing_config": [
              {
                "mode": "PassThrough"
              }
            ],
            "version": "$LATEST",
            "vpc_config": [
              {
                "ipv6_allowed_for_dual_stack": false,
                "security_group_ids": [
                  "sg-0bd1fa78c58ba0495"
                ],
                "subnet_ids": [
                  "subnet-09b6e632d01fcb525",
                  "subnet-0db35c13edd7c98e9"
                ],
                "vpc_id": "vpc-00ce2d8f8e6ecb305"
              }
            ]
          },
          "sensitive_attributes": [
            [
              {
                "type": "get_attr",
                "value": "environment"
              },
              {
                "type": "index",
                "value": {
                  "value": 0,
                  "type": "number"
                }
              },
              {
                "type": "get_attr",
                "value": "variables"
              },
              {
                "type": "index",
                "value": {
                  "value": "RDS_PASSWORD",
                  "type": "string"
                }
              }
            ]
          ],
          "identity_schema_version": 0,
          "private": "eyJlMmJmYjczMC1lY2FhLTExZTYtOGY4OC0zNDM2M2JjN2M0YzAiOnsiY3JlYXRlIjo2MDAwMDAwMDAwMDAsImRlbGV0ZSI6NjAwMDAwMDAwMDAwLCJ1cGRhdGUiOjYwMDAwMDAwMDAwMH19",
          "dependencies": [
            "aws_db_instance.default",
            "aws_db_subnet_group.rds_private",
            "aws_iam_role.lambda_role",
            "aws_iam_role_policy_attachment.lambda_rds_auth",
            "aws_lambda_layer_version.rds",
            "aws_lambda_layer_version.user_auth",
            "aws_security_group.lambda_sg",
            "aws_subnet.private_subnet1",
            "aws_subnet.private_subnet2",
            "data.archive_file.lambda_archives",
            "data.archive_file.rds_layer",
            "data.archive_file.user_auth_layer",
            "data.aws_availability_zones.available",
            "data.aws_vpc.default"
          ],
          "create_before_destroy": true
        },
        {
          "index_key": "create_user",
          "schema_version": 0,
          "attributes": {
            "architectures": [
              "x86_64"
            ],
            "arn": "arn:aws:lambda:us-east-2:857360184083:function:create_user",
            "code_sha256": "DF/MGep5hBvYeHoz4YQXHYeGsAQjQ5NZJaNGQ+DHKSU=",
            "code_signing_config_arn": "",
            "dead_letter_config": [],
            "description": "",
            "environment": [
              {
                "variables": {
                  "ENVIRONMENT": "production",
                  "RDS_DBNAME": "trackme",
                  "RDS_ENDPOINT": "trackmedb.c9goe0ioosh0.us-east-2.rds.amazonaws.com",
                  "RDS_PASSWORD": "Mojito#2025",
                  "RDS_PORT": "5432",
                  "RDS_REGION": "us-east-2",
                  "RDS_USER": "trackme_admin"
                }
              }
            ],
            "ephemeral_storage": [
              {
                "size": 512
              }
            ],
            "file_system_config": [],
            "filename": "./../Server/lambdas/general/zips/create_user.zip",
            "function_name": "create_user",
            "handler": "create_user.create_user",
            "id": "create_user",
            "image_config": [],
            "image_uri": "",
            "invoke_arn": "arn:aws:apigateway:us-east-2:lambda:path/2015-03-31/functions/arn:aws:lambda:us-east-2:857360184083:function:create_user/invocations",
            "kms_key_arn": "",
            "last_modified": "2025-10-28T00:52:48.000+0000",
            "layers": [
              "arn:aws:lambda:us-east-2:857360184083:layer:rds:120",
              "arn:aws:lambda:us-east-2:857360184083:layer:user_auth:3"
            ],
            "logging_config": [
              {
                "application_log_level": "",
                "log_format": "Text",
                "log_group": "/aws/lambda/create_user",
                "system_log_level": ""
              }
            ],
            "memory_size": 128,
            "package_type": "Zip",
            "publish": false,
            "qualified_arn": "arn:aws:lambda:us-east-2:857360184083:function:create_user:$LATEST",
            "qualified_invoke_arn": "arn:aws:apigateway:us-east-2:lambda:path/2015-03-31/functions/arn:aws:lambda:us-east-2:857360184083:function:create_user:$LATEST/invocations",
            "replace_security_groups_on_destroy": null,
            "replacement_security_group_ids": null,
            "reserved_concurrent_executions": -1,
            "role": "arn:aws:iam::857360184083:role/lambda_role",
            "runtime": "python3.12",
            "s3_bucket": null,
            "s3_key": null,
            "s3_object_version": null,
            "signing_job_arn": "",
            "signing_profile_version_arn": "",
            "skip_destroy": false,
            "snap_start": [],
            "source_code_hash": "DF/MGep5hBvYeHoz4YQXHYeGsAQjQ5NZJaNGQ+DHKSU=",
            "source_code_size": 1951,
            "tags": {},
            "tags_all": {},
            "timeout": 5,
            "timeouts": null,
            "tracing_config": [
              {
                "mode": "PassThrough"
              }
            ],
            "version": "$LATEST",
            "vpc_config": [
              {
                "ipv6_allowed_for_dual_stack": false,
                "security_group_ids": [
                  "sg-0bd1fa78c58ba0495"
                ],
                "subnet_ids": [
                  "subnet-09b6e632d01fcb525",
                  "subnet-0db35c13edd7c98e9"
                ],
                "vpc_id": "vpc-00ce2d8f8e6ecb305"
              }
            ]
          },
          "sensitive_attributes": [
            [
              {
                "type": "get_attr",
                "value": "environment"
              },
              {
                "type": "index",
                "value": {
                  "value": 0,
                  "type": "number"
                }
              },
              {
                "type": "get_attr",
                "value": "variables"
              },
              {
                "type": "index",
                "value": {
                  "value": "RDS_PASSWORD",
                  "type": "string"
                }
              }
            ]
          ],
          "identity_schema_version": 0,
          "private": "eyJlMmJmYjczMC1lY2FhLTExZTYtOGY4OC0zNDM2M2JjN2M0YzAiOnsiY3JlYXRlIjo2MDAwMDAwMDAwMDAsImRlbGV0ZSI6NjAwMDAwMDAwMDAwLCJ1cGRhdGUiOjYwMDAwMDAwMDAwMH19",
          "dependencies": [
            "aws_db_instance.default",
            "aws_db_subnet_group.rds_private",
            "aws_iam_role.lambda_role",
            "aws_iam_role_policy_attachment.lambda_rds_auth",
            "aws_lambda_layer_version.rds",
            "aws_lambda_layer_version.user_auth",
            "aws_security_group.lambda_sg",
            "aws_subnet.private_subnet1",
            "aws_subnet.private_subnet2",
            "data.archive_file.lambda_archives",
            "data.archive_file.rds_layer",
            "data.archive_file.user_auth_layer",
            "data.aws_availability_zones.available",
            "data.aws_vpc.default"
          ],
          "create_before_destroy": true
        },
        {
          "index_key": "fetch_historical_data",
          "schema_version": 0,
          "attributes": {
            "architectures": [
              "x86_64"
            ],
            "arn": "arn:aws:lambda:us-east-2:857360184083:function:fetch_historical_data",
            "code_sha256": "bcIzLjACNDhwtWQ9Q5kfT8BJIgiGj89IzwieeKwb63c=",
            "code_signing_config_arn": "",
            "dead_letter_config": [],
            "description": "",
            "environment": [
              {
                "variables": {
                  "ENVIRONMENT": "production",
                  "RDS_DBNAME": "trackme",
                  "RDS_ENDPOINT": "trackmedb.c9goe0ioosh0.us-east-2.rds.amazonaws.com",
                  "RDS_PASSWORD": "Mojito#2025",
                  "RDS_PORT": "5432",
                  "RDS_REGION": "us-east-2",
                  "RDS_USER": "trackme_admin"
                }
              }
            ],
            "ephemeral_storage": [
              {
                "size": 512
              }
            ],
            "file_system_config": [],
            "filename": "./../Server/lambdas/history/zips/fetch_historical_data.zip",
            "function_name": "fetch_historical_data",
            "handler": "fetch_historical_data.fetch_historical_data",
            "id": "fetch_historical_data",
            "image_config": [],
            "image_uri": "",
            "invoke_arn": "arn:aws:apigateway:us-east-2:lambda:path/2015-03-31/functions/arn:aws:lambda:us-east-2:857360184083:function:fetch_historical_data/invocations",
            "kms_key_arn": "",
            "last_modified": "2025-10-28T00:52:43.000+0000",
            "layers": [
              "arn:aws:lambda:us-east-2:857360184083:layer:rds:120",
              "arn:aws:lambda:us-east-2:857360184083:layer:user_auth:3"
            ],
            "logging_config": [
              {
                "application_log_level": "",
                "log_format": "Text",
                "log_group": "/aws/lambda/fetch_historical_data",
                "system_log_level": ""
              }
            ],
            "memory_size": 128,
            "package_type": "Zip",
            "publish": false,
            "qualified_arn": "arn:aws:lambda:us-east-2:857360184083:function:fetch_historical_data:$LATEST",
            "qualified_invoke_arn": "arn:aws:apigateway:us-east-2:lambda:path/2015-03-31/functions/arn:aws:lambda:us-east-2:857360184083:function:fetch_historical_data:$LATEST/invocations",
            "replace_security_groups_on_destroy": null,
            "replacement_security_group_ids": null,
            "reserved_concurrent_executions": -1,
            "role": "arn:aws:iam::857360184083:role/lambda_role",
            "runtime": "python3.12",
            "s3_bucket": null,
            "s3_key": null,
            "s3_object_version": null,
            "signing_job_arn": "",
            "signing_profile_version_arn": "",
            "skip_destroy": false,
            "snap_start": [],
            "source_code_hash": "bcIzLjACNDhwtWQ9Q5kfT8BJIgiGj89IzwieeKwb63c=",
            "source_code_size": 3482,
            "tags": {},
            "tags_all": {},
            "timeout": 5,
            "timeouts": null,
            "tracing_config": [
              {
                "mode": "PassThrough"
              }
            ],
            "version": "$LATEST",
            "vpc_config": [
              {
                "ipv6_allowed_for_dual_stack": false,
                "security_group_ids": [
                  "sg-0bd1fa78c58ba0495"
                ],
                "subnet_ids": [
                  "subnet-09b6e632d01fcb525",
                  "subnet-0db35c13edd7c98e9"
                ],
                "vpc_id": "vpc-00ce2d8f8e6ecb305"
              }
            ]
          },
          "sensitive_attributes": [
            [
              {
                "type": "get_attr",
                "value": "environment"
              },
              {
                "type": "index",
                "value": {
                  "value": 0,
                  "type": "number"
                }
              },
              {
                "type": "get_attr",
                "value": "variables"
              },
              {
                "type": "index",
                "value": {
                  "value": "RDS_PASSWORD",
                  "type": "string"
                }
              }
            ]
          ],
          "identity_schema_version": 0,
          "private": "eyJlMmJmYjczMC1lY2FhLTExZTYtOGY4OC0zNDM2M2JjN2M0YzAiOnsiY3JlYXRlIjo2MDAwMDAwMDAwMDAsImRlbGV0ZSI6NjAwMDAwMDAwMDAwLCJ1cGRhdGUiOjYwMDAwMDAwMDAwMH19",
          "dependencies": [
            "aws_db_instance.default",
            "aws_db_subnet_group.rds_private",
            "aws_iam_role.lambda_role",
            "aws_iam_role_policy_attachment.lambda_rds_auth",
            "aws_lambda_layer_version.rds",
            "aws_lambda_layer_version.user_auth",
            "aws_security_group.lambda_sg",
            "aws_subnet.private_subnet1",
            "aws_subnet.private_subnet2",
            "data.archive_file.lambda_archives",
            "data.archive_file.rds_layer",
            "data.archive_file.user_auth_layer",
            "data.aws_availability_zones.available",
            "data.aws_vpc.default"
          ],
          "create_before_destroy": true
        },
        {
          "index_key": "get_available_history_dates",
          "schema_version": 0,
          "attributes": {
            "architectures": [
              "x86_64"
            ],
            "arn": "arn:aws:lambda:us-east-2:857360184083:function:get_available_history_dates",
            "code_sha256": "YZzoWvVFKLbh+Z6OTlI8fvYeW6MRTfHQEGa+w5cjzP4=",
            "code_signing_config_arn": "",
            "dead_letter_config": [],
            "description": "",
            "environment": [
              {
                "variables": {
                  "ENVIRONMENT": "production",
                  "RDS_DBNAME": "trackme",
                  "RDS_ENDPOINT": "trackmedb.c9goe0ioosh0.us-east-2.rds.amazonaws.com",
                  "RDS_PASSWORD": "Mojito#2025",
                  "RDS_PORT": "5432",
                  "RDS_REGION": "us-east-2",
                  "RDS_USER": "trackme_admin"
                }
              }
            ],
            "ephemeral_storage": [
              {
                "size": 512
              }
            ],
            "file_system_config": [],
            "filename": "./../Server/lambdas/history/zips/get_available_history_dates.zip",
            "function_name": "get_available_history_dates",
            "handler": "get_available_history_dates.get_available_history_dates",
            "id": "get_available_history_dates",
            "image_config": [],
            "image_uri": "",
            "invoke_arn": "arn:aws:apigateway:us-east-2:lambda:path/2015-03-31/functions/arn:aws:lambda:us-east-2:857360184083:function:get_available_history_dates/invocations",
            "kms_key_arn": "",
            "last_modified": "2025-10-28T00:52:48.000+0000",
            "layers": [
              "arn:aws:lambda:us-east-2:857360184083:layer:rds:120",
              "arn:aws:lambda:us-east-2:857360184083:layer:user_auth:3"
            ],
            "logging_config": [
              {
                "application_log_level": "",
                "log_format": "Text",
                "log_group": "/aws/lambda/get_available_history_dates",
                "system_log_level": ""
              }
            ],
            "memory_size": 128,
            "package_type": "Zip",
            "publish": false,
            "qualified_arn": "arn:aws:lambda:us-east-2:857360184083:function:get_available_history_dates:$LATEST",
            "qualified_invoke_arn": "arn:aws:apigateway:us-east-2:lambda:path/2015-03-31/functions/arn:aws:lambda:us-east-2:857360184083:function:get_available_history_dates:$LATEST/invocations",
            "replace_security_groups_on_destroy": null,
            "replacement_security_group_ids": null,
            "reserved_concurrent_executions": -1,
            "role": "arn:aws:iam::857360184083:role/lambda_role",
            "runtime": "python3.12",
            "s3_bucket": null,
            "s3_key": null,
            "s3_object_version": null,
            "signing_job_arn": "",
            "signing_profile_version_arn": "",
            "skip_destroy": false,
            "snap_start": [],
            "source_code_hash": "YZzoWvVFKLbh+Z6OTlI8fvYeW6MRTfHQEGa+w5cjzP4=",
            "source_code_size": 3339,
            "tags": {},
            "tags_all": {},
            "timeout": 5,
            "timeouts": null,
            "tracing_config": [
              {
                "mode": "PassThrough"
              }
            ],
            "version": "$LATEST",
            "vpc_config": [
              {
                "ipv6_allowed_for_dual_stack": false,
                "security_group_ids": [
                  "sg-0bd1fa78c58ba0495"
                ],
                "subnet_ids": [
                  "subnet-09b6e632d01fcb525",
                  "subnet-0db35c13edd7c98e9"
                ],
                "vpc_id": "vpc-00ce2d8f8e6ecb305"
              }
            ]
          },
          "sensitive_attributes": [
            [
              {
                "type": "get_attr",
                "value": "environment"
              },
              {
                "type": "index",
                "value": {
                  "value": 0,
                  "type": "number"
                }
              },
              {
                "type": "get_attr",
                "value": "variables"
              },
              {
                "type": "index",
                "value": {
                  "value": "RDS_PASSWORD",
                  "type": "string"
                }
              }
            ]
          ],
          "identity_schema_version": 0,
          "private": "eyJlMmJmYjczMC1lY2FhLTExZTYtOGY4OC0zNDM2M2JjN2M0YzAiOnsiY3JlYXRlIjo2MDAwMDAwMDAwMDAsImRlbGV0ZSI6NjAwMDAwMDAwMDAwLCJ1cGRhdGUiOjYwMDAwMDAwMDAwMH19",
          "dependencies": [
            "aws_db_instance.default",
            "aws_db_subnet_group.rds_private",
            "aws_iam_role.lambda_role",
            "aws_iam_role_policy_attachment.lambda_rds_auth",
            "aws_lambda_layer_version.rds",
            "aws_lambda_layer_version.user_auth",
            "aws_security_group.lambda_sg",
            "aws_subnet.private_subnet1",
            "aws_subnet.private_subnet2",
            "data.archive_file.lambda_archives",
            "data.archive_file.rds_layer",
            "data.archive_file.user_auth_layer",
            "data.aws_availability_zones.available",
            "data.aws_vpc.default"
          ],
          "create_before_destroy": true
        },
        {
          "index_key": "get_avg_velocity",
          "schema_version": 0,
          "attributes": {
            "architectures": [
              "x86_64"
            ],
            "arn": "arn:aws:lambda:us-east-2:857360184083:function:get_avg_velocity",
            "code_sha256": "zAuj+eikUk6OeuEacHhap/qka0alH2rBRmEKoGto4ZM=",
            "code_signing_config_arn": "",
            "dead_letter_config": [],
            "description": "",
            "environment": [
              {
                "variables": {
                  "ENVIRONMENT": "production",
                  "RDS_DBNAME": "trackme",
                  "RDS_ENDPOINT": "trackmedb.c9goe0ioosh0.us-east-2.rds.amazonaws.com",
                  "RDS_PASSWORD": "Mojito#2025",
                  "RDS_PORT": "5432",
                  "RDS_REGION": "us-east-2",
                  "RDS_USER": "trackme_admin"
                }
              }
            ],
            "ephemeral_storage": [
              {
                "size": 512
              }
            ],
            "file_system_config": [],
            "filename": "./../Server/lambdas/graph/zips/get_avg_velocity.zip",
            "function_name": "get_avg_velocity",
            "handler": "get_avg_velocity.get_avg_velocity",
            "id": "get_avg_velocity",
            "image_config": [],
            "image_uri": "",
            "invoke_arn": "arn:aws:apigateway:us-east-2:lambda:path/2015-03-31/functions/arn:aws:lambda:us-east-2:857360184083:function:get_avg_velocity/invocations",
            "kms_key_arn": "",
            "last_modified": "2025-10-28T00:52:43.000+0000",
            "layers": [
              "arn:aws:lambda:us-east-2:857360184083:layer:rds:120",
              "arn:aws:lambda:us-east-2:857360184083:layer:user_auth:3"
            ],
            "logging_config": [
              {
                "application_log_level": "",
                "log_format": "Text",
                "log_group": "/aws/lambda/get_avg_velocity",
                "system_log_level": ""
              }
            ],
            "memory_size": 128,
            "package_type": "Zip",
            "publish": false,
            "qualified_arn": "arn:aws:lambda:us-east-2:857360184083:function:get_avg_velocity:$LATEST",
            "qualified_invoke_arn": "arn:aws:apigateway:us-east-2:lambda:path/2015-03-31/functions/arn:aws:lambda:us-east-2:857360184083:function:get_avg_velocity:$LATEST/invocations",
            "replace_security_groups_on_destroy": null,
            "replacement_security_group_ids": null,
            "reserved_concurrent_executions": -1,
            "role": "arn:aws:iam::857360184083:role/lambda_role",
            "runtime": "python3.12",
            "s3_bucket": null,
            "s3_key": null,
            "s3_object_version": null,
            "signing_job_arn": "",
            "signing_profile_version_arn": "",
            "skip_destroy": false,
            "snap_start": [],
            "source_code_hash": "zAuj+eikUk6OeuEacHhap/qka0alH2rBRmEKoGto4ZM=",
            "source_code_size": 3605,
            "tags": {},
            "tags_all": {},
            "timeout": 5,
            "timeouts": null,
            "tracing_config": [
              {
                "mode": "PassThrough"
              }
            ],
            "version": "$LATEST",
            "vpc_config": [
              {
                "ipv6_allowed_for_dual_stack": false,
                "security_group_ids": [
                  "sg-0bd1fa78c58ba0495"
                ],
                "subnet_ids": [
                  "subnet-09b6e632d01fcb525",
                  "subnet-0db35c13edd7c98e9"
                ],
                "vpc_id": "vpc-00ce2d8f8e6ecb305"
              }
            ]
          },
          "sensitive_attributes": [
            [
              {
                "type": "get_attr",
                "value": "environment"
              },
              {
                "type": "index",
                "value": {
                  "value": 0,
                  "type": "number"
                }
              },
              {
                "type": "get_attr",
                "value": "variables"
              },
              {
                "type": "index",
                "value": {
                  "value": "RDS_PASSWORD",
                  "type": "string"
                }
              }
            ]
          ],
          "identity_schema_version": 0,
          "private": "eyJlMmJmYjczMC1lY2FhLTExZTYtOGY4OC0zNDM2M2JjN2M0YzAiOnsiY3JlYXRlIjo2MDAwMDAwMDAwMDAsImRlbGV0ZSI6NjAwMDAwMDAwMDAwLCJ1cGRhdGUiOjYwMDAwMDAwMDAwMH19",
          "dependencies": [
            "aws_db_instance.default",
            "aws_db_subnet_group.rds_private",
            "aws_iam_role.lambda_role",
            "aws_iam_role_policy_attachment.lambda_rds_auth",
            "aws_lambda_layer_version.rds",
            "aws_lambda_layer_version.user_auth",
            "aws_security_group.lambda_sg",
            "aws_subnet.private_subnet1",
            "aws_subnet.private_subnet2",
            "data.archive_file.lambda_archives",
            "data.archive_file.rds_layer",
            "data.archive_file.user_auth_layer",
            "data.aws_availability_zones.available",
            "data.aws_vpc.default"
          ],
          "create_before_destroy": true
        },
        {
          "index_key": "get_earliest_date_available",
          "schema_version": 0,
          "attributes": {
            "architectures": [
              "x86_64"
            ],
            "arn": "arn:aws:lambda:us-east-2:857360184083:function:get_earliest_date_available",
            "code_sha256": "S4q+AUBsF+FZht0ugOx2Drp/kFJ4cDbYdiGkbmEN8EQ=",
            "code_signing_config_arn": "",
            "dead_letter_config": [],
            "description": "",
            "environment": [
              {
                "variables": {
                  "ENVIRONMENT": "production",
                  "RDS_DBNAME": "trackme",
                  "RDS_ENDPOINT": "trackmedb.c9goe0ioosh0.us-east-2.rds.amazonaws.com",
                  "RDS_PASSWORD": "Mojito#2025",
                  "RDS_PORT": "5432",
                  "RDS_REGION": "us-east-2",
                  "RDS_USER": "trackme_admin"
                }
              }
            ],
            "ephemeral_storage": [
              {
                "size": 512
              }
            ],
            "file_system_config": [],
            "filename": "./../Server/lambdas/history/zips/get_earliest_date_available.zip",
            "function_name": "get_earliest_date_available",
            "handler": "get_earliest_date_available.get_earliest_date_available",
            "id": "get_earliest_date_available",
            "image_config": [],
            "image_uri": "",
            "invoke_arn": "arn:aws:apigateway:us-east-2:lambda:path/2015-03-31/functions/arn:aws:lambda:us-east-2:857360184083:function:get_earliest_date_available/invocations",
            "kms_key_arn": "",
            "last_modified": "2025-10-28T00:52:48.000+0000",
            "layers": [
              "arn:aws:lambda:us-east-2:857360184083:layer:rds:120",
              "arn:aws:lambda:us-east-2:857360184083:layer:user_auth:3"
            ],
            "logging_config": [
              {
                "application_log_level": "",
                "log_format": "Text",
                "log_group": "/aws/lambda/get_earliest_date_available",
                "system_log_level": ""
              }
            ],
            "memory_size": 128,
            "package_type": "Zip",
            "publish": false,
            "qualified_arn": "arn:aws:lambda:us-east-2:857360184083:function:get_earliest_date_available:$LATEST",
            "qualified_invoke_arn": "arn:aws:apigateway:us-east-2:lambda:path/2015-03-31/functions/arn:aws:lambda:us-east-2:857360184083:function:get_earliest_date_available:$LATEST/invocations",
            "replace_security_groups_on_destroy": null,
            "replacement_security_group_ids": null,
            "reserved_concurrent_executions": -1,
            "role": "arn:aws:iam::857360184083:role/lambda_role",
            "runtime": "python3.12",
            "s3_bucket": null,
            "s3_key": null,
            "s3_object_version": null,
            "signing_job_arn": "",
            "signing_profile_version_arn": "",
            "skip_destroy": false,
            "snap_start": [],
            "source_code_hash": "S4q+AUBsF+FZht0ugOx2Drp/kFJ4cDbYdiGkbmEN8EQ=",
            "source_code_size": 2563,
            "tags": {},
            "tags_all": {},
            "timeout": 5,
            "timeouts": null,
            "tracing_config": [
              {
                "mode": "PassThrough"
              }
            ],
            "version": "$LATEST",
            "vpc_config": [
              {
                "ipv6_allowed_for_dual_stack": false,
                "security_group_ids": [
                  "sg-0bd1fa78c58ba0495"
                ],
                "subnet_ids": [
                  "subnet-09b6e632d01fcb525",
                  "subnet-0db35c13edd7c98e9"
                ],
                "vpc_id": "vpc-00ce2d8f8e6ecb305"
              }
            ]
          },
          "sensitive_attributes": [
            [
              {
                "type": "get_attr",
                "value": "environment"
              },
              {
                "type": "index",
                "value": {
                  "value": 0,
                  "type": "number"
                }
              },
              {
                "type": "get_attr",
                "value": "variables"
              },
              {
                "type": "index",
                "value": {
                  "value": "RDS_PASSWORD",
                  "type": "string"
                }
              }
            ]
          ],
          "identity_schema_version": 0,
          "private": "eyJlMmJmYjczMC1lY2FhLTExZTYtOGY4OC0zNDM2M2JjN2M0YzAiOnsiY3JlYXRlIjo2MDAwMDAwMDAwMDAsImRlbGV0ZSI6NjAwMDAwMDAwMDAwLCJ1cGRhdGUiOjYwMDAwMDAwMDAwMH19",
          "dependencies": [
            "aws_db_instance.default",
            "aws_db_subnet_group.rds_private",
            "aws_iam_role.lambda_role",
            "aws_iam_role_policy_attachment.lambda_rds_auth",
            "aws_lambda_layer_version.rds",
            "aws_lambda_layer_version.user_auth",
            "aws_security_group.lambda_sg",
            "aws_subnet.private_subnet1",
            "aws_subnet.private_subnet2",
            "data.archive_file.lambda_archives",
            "data.archive_file.rds_layer",
            "data.archive_file.user_auth_layer",
            "data.aws_availability_zones.available",
            "data.aws_vpc.default"
          ],
          "create_before_destroy": true
        },
        {
          "index_key": "get_mutual_athletes",
          "schema_version": 0,
          "attributes": {
            "architectures": [
              "x86_64"
            ],
            "arn": "arn:aws:lambda:us-east-2:857360184083:function:get_mutual_athletes",
            "code_sha256": "c7CbviNcAz/qtzxemKA5ATjepCATXYotPAyLefQxv1c=",
            "code_signing_config_arn": "",
            "dead_letter_config": [],
            "description": "",
            "environment": [
              {
                "variables": {
                  "ENVIRONMENT": "production",
                  "RDS_DBNAME": "trackme",
                  "RDS_ENDPOINT": "trackmedb.c9goe0ioosh0.us-east-2.rds.amazonaws.com",
                  "RDS_PASSWORD": "Mojito#2025",
                  "RDS_PORT": "5432",
                  "RDS_REGION": "us-east-2",
                  "RDS_USER": "trackme_admin"
                }
              }
            ],
            "ephemeral_storage": [
              {
                "size": 512
              }
            ],
            "file_system_config": [],
            "filename": "./../Server/lambdas/relations/zips/get_mutual_athletes.zip",
            "function_name": "get_mutual_athletes",
            "handler": "get_mutual_athletes.get_mutual_athletes",
            "id": "get_mutual_athletes",
            "image_config": [],
            "image_uri": "",
            "invoke_arn": "arn:aws:apigateway:us-east-2:lambda:path/2015-03-31/functions/arn:aws:lambda:us-east-2:857360184083:function:get_mutual_athletes/invocations",
            "kms_key_arn": "",
            "last_modified": "2025-10-28T00:52:48.000+0000",
            "layers": [
              "arn:aws:lambda:us-east-2:857360184083:layer:rds:120",
              "arn:aws:lambda:us-east-2:857360184083:layer:user_auth:3"
            ],
            "logging_config": [
              {
                "application_log_level": "",
                "log_format": "Text",
                "log_group": "/aws/lambda/get_mutual_athletes",
                "system_log_level": ""
              }
            ],
            "memory_size": 128,
            "package_type": "Zip",
            "publish": false,
            "qualified_arn": "arn:aws:lambda:us-east-2:857360184083:function:get_mutual_athletes:$LATEST",
            "qualified_invoke_arn": "arn:aws:apigateway:us-east-2:lambda:path/2015-03-31/functions/arn:aws:lambda:us-east-2:857360184083:function:get_mutual_athletes:$LATEST/invocations",
            "replace_security_groups_on_destroy": null,
            "replacement_security_group_ids": null,
            "reserved_concurrent_executions": -1,
            "role": "arn:aws:iam::857360184083:role/lambda_role",
            "runtime": "python3.12",
            "s3_bucket": null,
            "s3_key": null,
            "s3_object_version": null,
            "signing_job_arn": "",
            "signing_profile_version_arn": "",
            "skip_destroy": false,
            "snap_start": [],
            "source_code_hash": "c7CbviNcAz/qtzxemKA5ATjepCATXYotPAyLefQxv1c=",
            "source_code_size": 2407,
            "tags": {},
            "tags_all": {},
            "timeout": 5,
            "timeouts": null,
            "tracing_config": [
              {
                "mode": "PassThrough"
              }
            ],
            "version": "$LATEST",
            "vpc_config": [
              {
                "ipv6_allowed_for_dual_stack": false,
                "security_group_ids": [
                  "sg-0bd1fa78c58ba0495"
                ],
                "subnet_ids": [
                  "subnet-09b6e632d01fcb525",
                  "subnet-0db35c13edd7c98e9"
                ],
                "vpc_id": "vpc-00ce2d8f8e6ecb305"
              }
            ]
          },
          "sensitive_attributes": [
            [
              {
                "type": "get_attr",
                "value": "environment"
              },
              {
                "type": "index",
                "value": {
                  "value": 0,
                  "type": "number"
                }
              },
              {
                "type": "get_attr",
                "value": "variables"
              },
              {
                "type": "index",
                "value": {
                  "value": "RDS_PASSWORD",
                  "type": "string"
                }
              }
            ]
          ],
          "identity_schema_version": 0,
          "private": "eyJlMmJmYjczMC1lY2FhLTExZTYtOGY4OC0zNDM2M2JjN2M0YzAiOnsiY3JlYXRlIjo2MDAwMDAwMDAwMDAsImRlbGV0ZSI6NjAwMDAwMDAwMDAwLCJ1cGRhdGUiOjYwMDAwMDAwMDAwMH19",
          "dependencies": [
            "aws_db_instance.default",
            "aws_db_subnet_group.rds_private",
            "aws_iam_role.lambda_role",
            "aws_iam_role_policy_attachment.lambda_rds_auth",
            "aws_lambda_layer_version.rds",
            "aws_lambda_layer_version.user_auth",
            "aws_security_group.lambda_sg",
            "aws_subnet.private_subnet1",
            "aws_subnet.private_subnet2",
            "data.archive_file.lambda_archives",
            "data.archive_file.rds_layer",
            "data.archive_file.user_auth_layer",
            "data.aws_availability_zones.available",
            "data.aws_vpc.default"
          ],
          "create_before_destroy": true
        },
        {
          "index_key": "get_mutual_inputs",
          "schema_version": 0,
          "attributes": {
            "architectures": [
              "x86_64"
            ],
            "arn": "arn:aws:lambda:us-east-2:857360184083:function:get_mutual_inputs",
            "code_sha256": "aDLSqZJI1AdLdCylLKzX+B0nk+bVHPy4O3fKq4tljng=",
            "code_signing_config_arn": "",
            "dead_letter_config": [],
            "description": "",
            "environment": [
              {
                "variables": {
                  "ENVIRONMENT": "production",
                  "RDS_DBNAME": "trackme",
                  "RDS_ENDPOINT": "trackmedb.c9goe0ioosh0.us-east-2.rds.amazonaws.com",
                  "RDS_PASSWORD": "Mojito#2025",
                  "RDS_PORT": "5432",
                  "RDS_REGION": "us-east-2",
                  "RDS_USER": "trackme_admin"
                }
              }
            ],
            "ephemeral_storage": [
              {
                "size": 512
              }
            ],
            "file_system_config": [],
            "filename": "./../Server/lambdas/general/zips/get_mutual_inputs.zip",
            "function_name": "get_mutual_inputs",
            "handler": "get_mutual_inputs.get_mutual_inputs",
            "id": "get_mutual_inputs",
            "image_config": [],
            "image_uri": "",
            "invoke_arn": "arn:aws:apigateway:us-east-2:lambda:path/2015-03-31/functions/arn:aws:lambda:us-east-2:857360184083:function:get_mutual_inputs/invocations",
            "kms_key_arn": "",
            "last_modified": "2025-10-28T00:52:43.000+0000",
            "layers": [
              "arn:aws:lambda:us-east-2:857360184083:layer:rds:120",
              "arn:aws:lambda:us-east-2:857360184083:layer:user_auth:3"
            ],
            "logging_config": [
              {
                "application_log_level": "",
                "log_format": "Text",
                "log_group": "/aws/lambda/get_mutual_inputs",
                "system_log_level": ""
              }
            ],
            "memory_size": 128,
            "package_type": "Zip",
            "publish": false,
            "qualified_arn": "arn:aws:lambda:us-east-2:857360184083:function:get_mutual_inputs:$LATEST",
            "qualified_invoke_arn": "arn:aws:apigateway:us-east-2:lambda:path/2015-03-31/functions/arn:aws:lambda:us-east-2:857360184083:function:get_mutual_inputs:$LATEST/invocations",
            "replace_security_groups_on_destroy": null,
            "replacement_security_group_ids": null,
            "reserved_concurrent_executions": -1,
            "role": "arn:aws:iam::857360184083:role/lambda_role",
            "runtime": "python3.12",
            "s3_bucket": null,
            "s3_key": null,
            "s3_object_version": null,
            "signing_job_arn": "",
            "signing_profile_version_arn": "",
            "skip_destroy": false,
            "snap_start": [],
            "source_code_hash": "aDLSqZJI1AdLdCylLKzX+B0nk+bVHPy4O3fKq4tljng=",
            "source_code_size": 2848,
            "tags": {},
            "tags_all": {},
            "timeout": 5,
            "timeouts": null,
            "tracing_config": [
              {
                "mode": "PassThrough"
              }
            ],
            "version": "$LATEST",
            "vpc_config": [
              {
                "ipv6_allowed_for_dual_stack": false,
                "security_group_ids": [
                  "sg-0bd1fa78c58ba0495"
                ],
                "subnet_ids": [
                  "subnet-09b6e632d01fcb525",
                  "subnet-0db35c13edd7c98e9"
                ],
                "vpc_id": "vpc-00ce2d8f8e6ecb305"
              }
            ]
          },
          "sensitive_attributes": [
            [
              {
                "type": "get_attr",
                "value": "environment"
              },
              {
                "type": "index",
                "value": {
                  "value": 0,
                  "type": "number"
                }
              },
              {
                "type": "get_attr",
                "value": "variables"
              },
              {
                "type": "index",
                "value": {
                  "value": "RDS_PASSWORD",
                  "type": "string"
                }
              }
            ]
          ],
          "identity_schema_version": 0,
          "private": "eyJlMmJmYjczMC1lY2FhLTExZTYtOGY4OC0zNDM2M2JjN2M0YzAiOnsiY3JlYXRlIjo2MDAwMDAwMDAwMDAsImRlbGV0ZSI6NjAwMDAwMDAwMDAwLCJ1cGRhdGUiOjYwMDAwMDAwMDAwMH19",
          "dependencies": [
            "aws_db_instance.default",
            "aws_db_subnet_group.rds_private",
            "aws_iam_role.lambda_role",
            "aws_iam_role_policy_attachment.lambda_rds_auth",
            "aws_lambda_layer_version.rds",
            "aws_lambda_layer_version.user_auth",
            "aws_security_group.lambda_sg",
            "aws_subnet.private_subnet1",
            "aws_subnet.private_subnet2",
            "data.archive_file.lambda_archives",
            "data.archive_file.rds_layer",
            "data.archive_file.user_auth_layer",
            "data.aws_availability_zones.available",
            "data.aws_vpc.default"
          ],
          "create_before_destroy": true
        },
        {
          "index_key": "get_mutual_user_relations",
          "schema_version": 0,
          "attributes": {
            "architectures": [
              "x86_64"
            ],
            "arn": "arn:aws:lambda:us-east-2:857360184083:function:get_mutual_user_relations",
            "code_sha256": "Iy5PbPR0TQwyYj8PuYtjSn6Bz3ei5JEEd0qkOpYXEz0=",
            "code_signing_config_arn": "",
            "dead_letter_config": [],
            "description": "",
            "environment": [
              {
                "variables": {
                  "ENVIRONMENT": "production",
                  "RDS_DBNAME": "trackme",
                  "RDS_ENDPOINT": "trackmedb.c9goe0ioosh0.us-east-2.rds.amazonaws.com",
                  "RDS_PASSWORD": "Mojito#2025",
                  "RDS_PORT": "5432",
                  "RDS_REGION": "us-east-2",
                  "RDS_USER": "trackme_admin"
                }
              }
            ],
            "ephemeral_storage": [
              {
                "size": 512
              }
            ],
            "file_system_config": [],
            "filename": "./../Server/lambdas/relations/zips/get_mutual_user_relations.zip",
            "function_name": "get_mutual_user_relations",
            "handler": "get_mutual_user_relations.get_mutual_user_relations",
            "id": "get_mutual_user_relations",
            "image_config": [],
            "image_uri": "",
            "invoke_arn": "arn:aws:apigateway:us-east-2:lambda:path/2015-03-31/functions/arn:aws:lambda:us-east-2:857360184083:function:get_mutual_user_relations/invocations",
            "kms_key_arn": "",
            "last_modified": "2025-10-28T00:52:43.000+0000",
            "layers": [
              "arn:aws:lambda:us-east-2:857360184083:layer:rds:120",
              "arn:aws:lambda:us-east-2:857360184083:layer:user_auth:3"
            ],
            "logging_config": [
              {
                "application_log_level": "",
                "log_format": "Text",
                "log_group": "/aws/lambda/get_mutual_user_relations",
                "system_log_level": ""
              }
            ],
            "memory_size": 128,
            "package_type": "Zip",
            "publish": false,
            "qualified_arn": "arn:aws:lambda:us-east-2:857360184083:function:get_mutual_user_relations:$LATEST",
            "qualified_invoke_arn": "arn:aws:apigateway:us-east-2:lambda:path/2015-03-31/functions/arn:aws:lambda:us-east-2:857360184083:function:get_mutual_user_relations:$LATEST/invocations",
            "replace_security_groups_on_destroy": null,
            "replacement_security_group_ids": null,
            "reserved_concurrent_executions": -1,
            "role": "arn:aws:iam::857360184083:role/lambda_role",
            "runtime": "python3.12",
            "s3_bucket": null,
            "s3_key": null,
            "s3_object_version": null,
            "signing_job_arn": "",
            "signing_profile_version_arn": "",
            "skip_destroy": false,
            "snap_start": [],
            "source_code_hash": "Iy5PbPR0TQwyYj8PuYtjSn6Bz3ei5JEEd0qkOpYXEz0=",
            "source_code_size": 2430,
            "tags": {},
            "tags_all": {},
            "timeout": 5,
            "timeouts": null,
            "tracing_config": [
              {
                "mode": "PassThrough"
              }
            ],
            "version": "$LATEST",
            "vpc_config": [
              {
                "ipv6_allowed_for_dual_stack": false,
                "security_group_ids": [
                  "sg-0bd1fa78c58ba0495"
                ],
                "subnet_ids": [
                  "subnet-09b6e632d01fcb525",
                  "subnet-0db35c13edd7c98e9"
                ],
                "vpc_id": "vpc-00ce2d8f8e6ecb305"
              }
            ]
          },
          "sensitive_attributes": [
            [
              {
                "type": "get_attr",
                "value": "environment"
              },
              {
                "type": "index",
                "value": {
                  "value": 0,
                  "type": "number"
                }
              },
              {
                "type": "get_attr",
                "value": "variables"
              },
              {
                "type": "index",
                "value": {
                  "value": "RDS_PASSWORD",
                  "type": "string"
                }
              }
            ]
          ],
          "identity_schema_version": 0,
          "private": "eyJlMmJmYjczMC1lY2FhLTExZTYtOGY4OC0zNDM2M2JjN2M0YzAiOnsiY3JlYXRlIjo2MDAwMDAwMDAwMDAsImRlbGV0ZSI6NjAwMDAwMDAwMDAwLCJ1cGRhdGUiOjYwMDAwMDAwMDAwMH19",
          "dependencies": [
            "aws_db_instance.default",
            "aws_db_subnet_group.rds_private",
            "aws_iam_role.lambda_role",
            "aws_iam_role_policy_attachment.lambda_rds_auth",
            "aws_lambda_layer_version.rds",
            "aws_lambda_layer_version.user_auth",
            "aws_security_group.lambda_sg",
            "aws_subnet.private_subnet1",
            "aws_subnet.private_subnet2",
            "data.archive_file.lambda_archives",
            "data.archive_file.rds_layer",
            "data.archive_file.user_auth_layer",
            "data.aws_availability_zones.available",
            "data.aws_vpc.default"
          ],
          "create_before_destroy": true
        },
        {
          "index_key": "get_relation_invites",
          "schema_version": 0,
          "attributes": {
            "architectures": [
              "x86_64"
            ],
            "arn": "arn:aws:lambda:us-east-2:857360184083:function:get_relation_invites",
            "code_sha256": "qC2DR/3RTkl1fktg5k8rb7JgEK0arqlYGJUPt1sdiOs=",
            "code_signing_config_arn": "",
            "dead_letter_config": [],
            "description": "",
            "environment": [
              {
                "variables": {
                  "ENVIRONMENT": "production",
                  "RDS_DBNAME": "trackme",
                  "RDS_ENDPOINT": "trackmedb.c9goe0ioosh0.us-east-2.rds.amazonaws.com",
                  "RDS_PASSWORD": "Mojito#2025",
                  "RDS_PORT": "5432",
                  "RDS_REGION": "us-east-2",
                  "RDS_USER": "trackme_admin"
                }
              }
            ],
            "ephemeral_storage": [
              {
                "size": 512
              }
            ],
            "file_system_config": [],
            "filename": "./../Server/lambdas/relations/zips/get_relation_invites.zip",
            "function_name": "get_relation_invites",
            "handler": "get_relation_invites.get_relation_invites",
            "id": "get_relation_invites",
            "image_config": [],
            "image_uri": "",
            "invoke_arn": "arn:aws:apigateway:us-east-2:lambda:path/2015-03-31/functions/arn:aws:lambda:us-east-2:857360184083:function:get_relation_invites/invocations",
            "kms_key_arn": "",
            "last_modified": "2025-10-28T00:52:43.000+0000",
            "layers": [
              "arn:aws:lambda:us-east-2:857360184083:layer:rds:120",
              "arn:aws:lambda:us-east-2:857360184083:layer:user_auth:3"
            ],
            "logging_config": [
              {
                "application_log_level": "",
                "log_format": "Text",
                "log_group": "/aws/lambda/get_relation_invites",
                "system_log_level": ""
              }
            ],
            "memory_size": 128,
            "package_type": "Zip",
            "publish": false,
            "qualified_arn": "arn:aws:lambda:us-east-2:857360184083:function:get_relation_invites:$LATEST",
            "qualified_invoke_arn": "arn:aws:apigateway:us-east-2:lambda:path/2015-03-31/functions/arn:aws:lambda:us-east-2:857360184083:function:get_relation_invites:$LATEST/invocations",
            "replace_security_groups_on_destroy": null,
            "replacement_security_group_ids": null,
            "reserved_concurrent_executions": -1,
            "role": "arn:aws:iam::857360184083:role/lambda_role",
            "runtime": "python3.12",
            "s3_bucket": null,
            "s3_key": null,
            "s3_object_version": null,
            "signing_job_arn": "",
            "signing_profile_version_arn": "",
            "skip_destroy": false,
            "snap_start": [],
            "source_code_hash": "qC2DR/3RTkl1fktg5k8rb7JgEK0arqlYGJUPt1sdiOs=",
            "source_code_size": 2154,
            "tags": {},
            "tags_all": {},
            "timeout": 5,
            "timeouts": null,
            "tracing_config": [
              {
                "mode": "PassThrough"
              }
            ],
            "version": "$LATEST",
            "vpc_config": [
              {
                "ipv6_allowed_for_dual_stack": false,
                "security_group_ids": [
                  "sg-0bd1fa78c58ba0495"
                ],
                "subnet_ids": [
                  "subnet-09b6e632d01fcb525",
                  "subnet-0db35c13edd7c98e9"
                ],
                "vpc_id": "vpc-00ce2d8f8e6ecb305"
              }
            ]
          },
          "sensitive_attributes": [
            [
              {
                "type": "get_attr",
                "value": "environment"
              },
              {
                "type": "index",
                "value": {
                  "value": 0,
                  "type": "number"
                }
              },
              {
                "type": "get_attr",
                "value": "variables"
              },
              {
                "type": "index",
                "value": {
                  "value": "RDS_PASSWORD",
                  "type": "string"
                }
              }
            ]
          ],
          "identity_schema_version": 0,
          "private": "eyJlMmJmYjczMC1lY2FhLTExZTYtOGY4OC0zNDM2M2JjN2M0YzAiOnsiY3JlYXRlIjo2MDAwMDAwMDAwMDAsImRlbGV0ZSI6NjAwMDAwMDAwMDAwLCJ1cGRhdGUiOjYwMDAwMDAwMDAwMH19",
          "dependencies": [
            "aws_db_instance.default",
            "aws_db_subnet_group.rds_private",
            "aws_iam_role.lambda_role",
            "aws_iam_role_policy_attachment.lambda_rds_auth",
            "aws_lambda_layer_version.rds",
            "aws_lambda_layer_version.user_auth",
            "aws_security_group.lambda_sg",
            "aws_subnet.private_subnet1",
            "aws_subnet.private_subnet2",
            "data.archive_file.lambda_archives",
            "data.archive_file.rds_layer",
            "data.archive_file.user_auth_layer",
            "data.aws_availability_zones.available",
            "data.aws_vpc.default"
          ],
          "create_before_destroy": true
        },
        {
          "index_key": "get_relation_invites_count",
          "schema_version": 0,
          "attributes": {
            "architectures": [
              "x86_64"
            ],
            "arn": "arn:aws:lambda:us-east-2:857360184083:function:get_relation_invites_count",
            "code_sha256": "77kqfdz3IyFkYFBdEr9CtweeJH3pFkgBUK8glxtnshU=",
            "code_signing_config_arn": "",
            "dead_letter_config": [],
            "description": "",
            "environment": [
              {
                "variables": {
                  "ENVIRONMENT": "production",
                  "RDS_DBNAME": "trackme",
                  "RDS_ENDPOINT": "trackmedb.c9goe0ioosh0.us-east-2.rds.amazonaws.com",
                  "RDS_PASSWORD": "Mojito#2025",
                  "RDS_PORT": "5432",
                  "RDS_REGION": "us-east-2",
                  "RDS_USER": "trackme_admin"
                }
              }
            ],
            "ephemeral_storage": [
              {
                "size": 512
              }
            ],
            "file_system_config": [],
            "filename": "./../Server/lambdas/relations/zips/get_relation_invites_count.zip",
            "function_name": "get_relation_invites_count",
            "handler": "get_relation_invites_count.get_relation_invites_count",
            "id": "get_relation_invites_count",
            "image_config": [],
            "image_uri": "",
            "invoke_arn": "arn:aws:apigateway:us-east-2:lambda:path/2015-03-31/functions/arn:aws:lambda:us-east-2:857360184083:function:get_relation_invites_count/invocations",
            "kms_key_arn": "",
            "last_modified": "2025-10-28T00:52:48.000+0000",
            "layers": [
              "arn:aws:lambda:us-east-2:857360184083:layer:rds:120",
              "arn:aws:lambda:us-east-2:857360184083:layer:user_auth:3"
            ],
            "logging_config": [
              {
                "application_log_level": "",
                "log_format": "Text",
                "log_group": "/aws/lambda/get_relation_invites_count",
                "system_log_level": ""
              }
            ],
            "memory_size": 128,
            "package_type": "Zip",
            "publish": false,
            "qualified_arn": "arn:aws:lambda:us-east-2:857360184083:function:get_relation_invites_count:$LATEST",
            "qualified_invoke_arn": "arn:aws:apigateway:us-east-2:lambda:path/2015-03-31/functions/arn:aws:lambda:us-east-2:857360184083:function:get_relation_invites_count:$LATEST/invocations",
            "replace_security_groups_on_destroy": null,
            "replacement_security_group_ids": null,
            "reserved_concurrent_executions": -1,
            "role": "arn:aws:iam::857360184083:role/lambda_role",
            "runtime": "python3.12",
            "s3_bucket": null,
            "s3_key": null,
            "s3_object_version": null,
            "signing_job_arn": "",
            "signing_profile_version_arn": "",
            "skip_destroy": false,
            "snap_start": [],
            "source_code_hash": "77kqfdz3IyFkYFBdEr9CtweeJH3pFkgBUK8glxtnshU=",
            "source_code_size": 3216,
            "tags": {},
            "tags_all": {},
            "timeout": 5,
            "timeouts": null,
            "tracing_config": [
              {
                "mode": "PassThrough"
              }
            ],
            "version": "$LATEST",
            "vpc_config": [
              {
                "ipv6_allowed_for_dual_stack": false,
                "security_group_ids": [
                  "sg-0bd1fa78c58ba0495"
                ],
                "subnet_ids": [
                  "subnet-09b6e632d01fcb525",
                  "subnet-0db35c13edd7c98e9"
                ],
                "vpc_id": "vpc-00ce2d8f8e6ecb305"
              }
            ]
          },
          "sensitive_attributes": [
            [
              {
                "type": "get_attr",
                "value": "environment"
              },
              {
                "type": "index",
                "value": {
                  "value": 0,
                  "type": "number"
                }
              },
              {
                "type": "get_attr",
                "value": "variables"
              },
              {
                "type": "index",
                "value": {
                  "value": "RDS_PASSWORD",
                  "type": "string"
                }
              }
            ]
          ],
          "identity_schema_version": 0,
          "private": "eyJlMmJmYjczMC1lY2FhLTExZTYtOGY4OC0zNDM2M2JjN2M0YzAiOnsiY3JlYXRlIjo2MDAwMDAwMDAwMDAsImRlbGV0ZSI6NjAwMDAwMDAwMDAwLCJ1cGRhdGUiOjYwMDAwMDAwMDAwMH19",
          "dependencies": [
            "aws_db_instance.default",
            "aws_db_subnet_group.rds_private",
            "aws_iam_role.lambda_role",
            "aws_iam_role_policy_attachment.lambda_rds_auth",
            "aws_lambda_layer_version.rds",
            "aws_lambda_layer_version.user_auth",
            "aws_security_group.lambda_sg",
            "aws_subnet.private_subnet1",
            "aws_subnet.private_subnet2",
            "data.archive_file.lambda_archives",
            "data.archive_file.rds_layer",
            "data.archive_file.user_auth_layer",
            "data.aws_availability_zones.available",
            "data.aws_vpc.default"
          ],
          "create_before_destroy": true
        },
        {
          "index_key": "get_user",
          "schema_version": 0,
          "attributes": {
            "architectures": [
              "x86_64"
            ],
            "arn": "arn:aws:lambda:us-east-2:857360184083:function:get_user",
            "code_sha256": "VQf/Mzd3VX9Tx1HRhLB+Cp1ApHbpuzJbmgDw7We5ZlM=",
            "code_signing_config_arn": "",
            "dead_letter_config": [],
            "description": "",
            "environment": [
              {
                "variables": {
                  "ENVIRONMENT": "production",
                  "RDS_DBNAME": "trackme",
                  "RDS_ENDPOINT": "trackmedb.c9goe0ioosh0.us-east-2.rds.amazonaws.com",
                  "RDS_PASSWORD": "Mojito#2025",
                  "RDS_PORT": "5432",
                  "RDS_REGION": "us-east-2",
                  "RDS_USER": "trackme_admin"
                }
              }
            ],
            "ephemeral_storage": [
              {
                "size": 512
              }
            ],
            "file_system_config": [],
            "filename": "./../Server/lambdas/general/zips/get_user.zip",
            "function_name": "get_user",
            "handler": "get_user.get_user",
            "id": "get_user",
            "image_config": [],
            "image_uri": "",
            "invoke_arn": "arn:aws:apigateway:us-east-2:lambda:path/2015-03-31/functions/arn:aws:lambda:us-east-2:857360184083:function:get_user/invocations",
            "kms_key_arn": "",
            "last_modified": "2025-10-28T00:52:54.000+0000",
            "layers": [
              "arn:aws:lambda:us-east-2:857360184083:layer:rds:120",
              "arn:aws:lambda:us-east-2:857360184083:layer:user_auth:3"
            ],
            "logging_config": [
              {
                "application_log_level": "",
                "log_format": "Text",
                "log_group": "/aws/lambda/get_user",
                "system_log_level": ""
              }
            ],
            "memory_size": 128,
            "package_type": "Zip",
            "publish": false,
            "qualified_arn": "arn:aws:lambda:us-east-2:857360184083:function:get_user:$LATEST",
            "qualified_invoke_arn": "arn:aws:apigateway:us-east-2:lambda:path/2015-03-31/functions/arn:aws:lambda:us-east-2:857360184083:function:get_user:$LATEST/invocations",
            "replace_security_groups_on_destroy": null,
            "replacement_security_group_ids": null,
            "reserved_concurrent_executions": -1,
            "role": "arn:aws:iam::857360184083:role/lambda_role",
            "runtime": "python3.12",
            "s3_bucket": null,
            "s3_key": null,
            "s3_object_version": null,
            "signing_job_arn": "",
            "signing_profile_version_arn": "",
            "skip_destroy": false,
            "snap_start": [],
            "source_code_hash": "VQf/Mzd3VX9Tx1HRhLB+Cp1ApHbpuzJbmgDw7We5ZlM=",
            "source_code_size": 2047,
            "tags": {},
            "tags_all": {},
            "timeout": 5,
            "timeouts": null,
            "tracing_config": [
              {
                "mode": "PassThrough"
              }
            ],
            "version": "$LATEST",
            "vpc_config": [
              {
                "ipv6_allowed_for_dual_stack": false,
                "security_group_ids": [
                  "sg-0bd1fa78c58ba0495"
                ],
                "subnet_ids": [
                  "subnet-09b6e632d01fcb525",
                  "subnet-0db35c13edd7c98e9"
                ],
                "vpc_id": "vpc-00ce2d8f8e6ecb305"
              }
            ]
          },
          "sensitive_attributes": [
            [
              {
                "type": "get_attr",
                "value": "environment"
              },
              {
                "type": "index",
                "value": {
                  "value": 0,
                  "type": "number"
                }
              },
              {
                "type": "get_attr",
                "value": "variables"
              },
              {
                "type": "index",
                "value": {
                  "value": "RDS_PASSWORD",
                  "type": "string"
                }
              }
            ]
          ],
          "identity_schema_version": 0,
          "private": "eyJlMmJmYjczMC1lY2FhLTExZTYtOGY4OC0zNDM2M2JjN2M0YzAiOnsiY3JlYXRlIjo2MDAwMDAwMDAwMDAsImRlbGV0ZSI6NjAwMDAwMDAwMDAwLCJ1cGRhdGUiOjYwMDAwMDAwMDAwMH19",
          "dependencies": [
            "aws_db_instance.default",
            "aws_db_subnet_group.rds_private",
            "aws_iam_role.lambda_role",
            "aws_iam_role_policy_attachment.lambda_rds_auth",
            "aws_lambda_layer_version.rds",
            "aws_lambda_layer_version.user_auth",
            "aws_security_group.lambda_sg",
            "aws_subnet.private_subnet1",
            "aws_subnet.private_subnet2",
            "data.archive_file.lambda_archives",
            "data.archive_file.rds_layer",
            "data.archive_file.user_auth_layer",
            "data.aws_availability_zones.available",
            "data.aws_vpc.default"
          ],
          "create_before_destroy": true
        },
        {
          "index_key": "get_work_rest_ratio",
          "schema_version": 0,
          "attributes": {
            "architectures": [
              "x86_64"
            ],
            "arn": "arn:aws:lambda:us-east-2:857360184083:function:get_work_rest_ratio",
            "code_sha256": "09V2tnRe3fWsA7e7jbtYhqFHo4GLFKi70EErJbcKvo4=",
            "code_signing_config_arn": "",
            "dead_letter_config": [],
            "description": "",
            "environment": [
              {
                "variables": {
                  "ENVIRONMENT": "production",
                  "RDS_DBNAME": "trackme",
                  "RDS_ENDPOINT": "trackmedb.c9goe0ioosh0.us-east-2.rds.amazonaws.com",
                  "RDS_PASSWORD": "Mojito#2025",
                  "RDS_PORT": "5432",
                  "RDS_REGION": "us-east-2",
                  "RDS_USER": "trackme_admin"
                }
              }
            ],
            "ephemeral_storage": [
              {
                "size": 512
              }
            ],
            "file_system_config": [],
            "filename": "./../Server/lambdas/graph/zips/get_work_rest_ratio.zip",
            "function_name": "get_work_rest_ratio",
            "handler": "get_work_rest_ratio.get_work_rest_ratio",
            "id": "get_work_rest_ratio",
            "image_config": [],
            "image_uri": "",
            "invoke_arn": "arn:aws:apigateway:us-east-2:lambda:path/2015-03-31/functions/arn:aws:lambda:us-east-2:857360184083:function:get_work_rest_ratio/invocations",
            "kms_key_arn": "",
            "last_modified": "2025-10-28T00:52:48.000+0000",
            "layers": [
              "arn:aws:lambda:us-east-2:857360184083:layer:rds:120",
              "arn:aws:lambda:us-east-2:857360184083:layer:user_auth:3"
            ],
            "logging_config": [
              {
                "application_log_level": "",
                "log_format": "Text",
                "log_group": "/aws/lambda/get_work_rest_ratio",
                "system_log_level": ""
              }
            ],
            "memory_size": 128,
            "package_type": "Zip",
            "publish": false,
            "qualified_arn": "arn:aws:lambda:us-east-2:857360184083:function:get_work_rest_ratio:$LATEST",
            "qualified_invoke_arn": "arn:aws:apigateway:us-east-2:lambda:path/2015-03-31/functions/arn:aws:lambda:us-east-2:857360184083:function:get_work_rest_ratio:$LATEST/invocations",
            "replace_security_groups_on_destroy": null,
            "replacement_security_group_ids": null,
            "reserved_concurrent_executions": -1,
            "role": "arn:aws:iam::857360184083:role/lambda_role",
            "runtime": "python3.12",
            "s3_bucket": null,
            "s3_key": null,
            "s3_object_version": null,
            "signing_job_arn": "",
            "signing_profile_version_arn": "",
            "skip_destroy": false,
            "snap_start": [],
            "source_code_hash": "09V2tnRe3fWsA7e7jbtYhqFHo4GLFKi70EErJbcKvo4=",
            "source_code_size": 3623,
            "tags": {},
            "tags_all": {},
            "timeout": 5,
            "timeouts": null,
            "tracing_config": [
              {
                "mode": "PassThrough"
              }
            ],
            "version": "$LATEST",
            "vpc_config": [
              {
                "ipv6_allowed_for_dual_stack": false,
                "security_group_ids": [
                  "sg-0bd1fa78c58ba0495"
                ],
                "subnet_ids": [
                  "subnet-09b6e632d01fcb525",
                  "subnet-0db35c13edd7c98e9"
                ],
                "vpc_id": "vpc-00ce2d8f8e6ecb305"
              }
            ]
          },
          "sensitive_attributes": [
            [
              {
                "type": "get_attr",
                "value": "environment"
              },
              {
                "type": "index",
                "value": {
                  "value": 0,
                  "type": "number"
                }
              },
              {
                "type": "get_attr",
                "value": "variables"
              },
              {
                "type": "index",
                "value": {
                  "value": "RDS_PASSWORD",
                  "type": "string"
                }
              }
            ]
          ],
          "identity_schema_version": 0,
          "private": "eyJlMmJmYjczMC1lY2FhLTExZTYtOGY4OC0zNDM2M2JjN2M0YzAiOnsiY3JlYXRlIjo2MDAwMDAwMDAwMDAsImRlbGV0ZSI6NjAwMDAwMDAwMDAwLCJ1cGRhdGUiOjYwMDAwMDAwMDAwMH19",
          "dependencies": [
            "aws_db_instance.default",
            "aws_db_subnet_group.rds_private",
            "aws_iam_role.lambda_role",
            "aws_iam_role_policy_attachment.lambda_rds_auth",
            "aws_lambda_layer_version.rds",
            "aws_lambda_layer_version.user_auth",
            "aws_security_group.lambda_sg",
            "aws_subnet.private_subnet1",
            "aws_subnet.private_subnet2",
            "data.archive_file.lambda_archives",
            "data.archive_file.rds_layer",
            "data.archive_file.user_auth_layer",
            "data.aws_availability_zones.available",
            "data.aws_vpc.default"
          ],
          "create_before_destroy": true
        },
        {
          "index_key": "input_times",
          "schema_version": 0,
          "attributes": {
            "architectures": [
              "x86_64"
            ],
            "arn": "arn:aws:lambda:us-east-2:857360184083:function:input_times",
            "code_sha256": "8HCWfGaf0UptJ0gDqTAWbQhRlnqBpWy8c5hgPHQYr6w=",
            "code_signing_config_arn": "",
            "dead_letter_config": [],
            "description": "",
            "environment": [
              {
                "variables": {
                  "ENVIRONMENT": "production",
                  "RDS_DBNAME": "trackme",
                  "RDS_ENDPOINT": "trackmedb.c9goe0ioosh0.us-east-2.rds.amazonaws.com",
                  "RDS_PASSWORD": "Mojito#2025",
                  "RDS_PORT": "5432",
                  "RDS_REGION": "us-east-2",
                  "RDS_USER": "trackme_admin"
                }
              }
            ],
            "ephemeral_storage": [
              {
                "size": 512
              }
            ],
            "file_system_config": [],
            "filename": "./../Server/lambdas/athlete/zips/input_times.zip",
            "function_name": "input_times",
            "handler": "input_times.input_times",
            "id": "input_times",
            "image_config": [],
            "image_uri": "",
            "invoke_arn": "arn:aws:apigateway:us-east-2:lambda:path/2015-03-31/functions/arn:aws:lambda:us-east-2:857360184083:function:input_times/invocations",
            "kms_key_arn": "",
            "last_modified": "2025-10-28T00:52:43.000+0000",
            "layers": [
              "arn:aws:lambda:us-east-2:857360184083:layer:rds:120",
              "arn:aws:lambda:us-east-2:857360184083:layer:user_auth:3"
            ],
            "logging_config": [
              {
                "application_log_level": "",
                "log_format": "Text",
                "log_group": "/aws/lambda/input_times",
                "system_log_level": ""
              }
            ],
            "memory_size": 128,
            "package_type": "Zip",
            "publish": false,
            "qualified_arn": "arn:aws:lambda:us-east-2:857360184083:function:input_times:$LATEST",
            "qualified_invoke_arn": "arn:aws:apigateway:us-east-2:lambda:path/2015-03-31/functions/arn:aws:lambda:us-east-2:857360184083:function:input_times:$LATEST/invocations",
            "replace_security_groups_on_destroy": null,
            "replacement_security_group_ids": null,
            "reserved_concurrent_executions": -1,
            "role": "arn:aws:iam::857360184083:role/lambda_role",
            "runtime": "python3.12",
            "s3_bucket": null,
            "s3_key": null,
            "s3_object_version": null,
            "signing_job_arn": "",
            "signing_profile_version_arn": "",
            "skip_destroy": false,
            "snap_start": [],
            "source_code_hash": "8HCWfGaf0UptJ0gDqTAWbQhRlnqBpWy8c5hgPHQYr6w=",
            "source_code_size": 4054,
            "tags": {},
            "tags_all": {},
            "timeout": 5,
            "timeouts": null,
            "tracing_config": [
              {
                "mode": "PassThrough"
              }
            ],
            "version": "$LATEST",
            "vpc_config": [
              {
                "ipv6_allowed_for_dual_stack": false,
                "security_group_ids": [
                  "sg-0bd1fa78c58ba0495"
                ],
                "subnet_ids": [
                  "subnet-09b6e632d01fcb525",
                  "subnet-0db35c13edd7c98e9"
                ],
                "vpc_id": "vpc-00ce2d8f8e6ecb305"
              }
            ]
          },
          "sensitive_attributes": [
            [
              {
                "type": "get_attr",
                "value": "environment"
              },
              {
                "type": "index",
                "value": {
                  "value": 0,
                  "type": "number"
                }
              },
              {
                "type": "get_attr",
                "value": "variables"
              },
              {
                "type": "index",
                "value": {
                  "value": "RDS_PASSWORD",
                  "type": "string"
                }
              }
            ]
          ],
          "identity_schema_version": 0,
          "private": "eyJlMmJmYjczMC1lY2FhLTExZTYtOGY4OC0zNDM2M2JjN2M0YzAiOnsiY3JlYXRlIjo2MDAwMDAwMDAwMDAsImRlbGV0ZSI6NjAwMDAwMDAwMDAwLCJ1cGRhdGUiOjYwMDAwMDAwMDAwMH19",
          "dependencies": [
            "aws_db_instance.default",
            "aws_db_subnet_group.rds_private",
            "aws_iam_role.lambda_role",
            "aws_iam_role_policy_attachment.lambda_rds_auth",
            "aws_lambda_layer_version.rds",
            "aws_lambda_layer_version.user_auth",
            "aws_security_group.lambda_sg",
            "aws_subnet.private_subnet1",
            "aws_subnet.private_subnet2",
            "data.archive_file.lambda_archives",
            "data.archive_file.rds_layer",
            "data.archive_file.user_auth_layer",
            "data.aws_availability_zones.available",
            "data.aws_vpc.default"
          ],
          "create_before_destroy": true
        },
        {
          "index_key": "mass_input",
          "schema_version": 0,
          "attributes": {
            "architectures": [
              "x86_64"
            ],
            "arn": "arn:aws:lambda:us-east-2:857360184083:function:mass_input",
            "code_sha256": "JVhx0AhSuv2mauT6pPxO/BQdl0WiOcUNp75qSFgrTSY=",
            "code_signing_config_arn": "",
            "dead_letter_config": [],
            "description": "",
            "environment": [
              {
                "variables": {
                  "ENVIRONMENT": "production",
                  "RDS_DBNAME": "trackme",
                  "RDS_ENDPOINT": "trackmedb.c9goe0ioosh0.us-east-2.rds.amazonaws.com",
                  "RDS_PASSWORD": "Mojito#2025",
                  "RDS_PORT": "5432",
                  "RDS_REGION": "us-east-2",
                  "RDS_USER": "trackme_admin"
                }
              }
            ],
            "ephemeral_storage": [
              {
                "size": 512
              }
            ],
            "file_system_config": [],
            "filename": "./../Server/lambdas/general/zips/mass_input.zip",
            "function_name": "mass_input",
            "handler": "mass_input.mass_input",
            "id": "mass_input",
            "image_config": [],
            "image_uri": "",
            "invoke_arn": "arn:aws:apigateway:us-east-2:lambda:path/2015-03-31/functions/arn:aws:lambda:us-east-2:857360184083:function:mass_input/invocations",
            "kms_key_arn": "",
            "last_modified": "2025-10-28T00:52:43.000+0000",
            "layers": [
              "arn:aws:lambda:us-east-2:857360184083:layer:rds:120",
              "arn:aws:lambda:us-east-2:857360184083:layer:user_auth:3"
            ],
            "logging_config": [
              {
                "application_log_level": "",
                "log_format": "Text",
                "log_group": "/aws/lambda/mass_input",
                "system_log_level": ""
              }
            ],
            "memory_size": 128,
            "package_type": "Zip",
            "publish": false,
            "qualified_arn": "arn:aws:lambda:us-east-2:857360184083:function:mass_input:$LATEST",
            "qualified_invoke_arn": "arn:aws:apigateway:us-east-2:lambda:path/2015-03-31/functions/arn:aws:lambda:us-east-2:857360184083:function:mass_input:$LATEST/invocations",
            "replace_security_groups_on_destroy": null,
            "replacement_security_group_ids": null,
            "reserved_concurrent_executions": -1,
            "role": "arn:aws:iam::857360184083:role/lambda_role",
            "runtime": "python3.12",
            "s3_bucket": null,
            "s3_key": null,
            "s3_object_version": null,
            "signing_job_arn": "",
            "signing_profile_version_arn": "",
            "skip_destroy": false,
            "snap_start": [],
            "source_code_hash": "JVhx0AhSuv2mauT6pPxO/BQdl0WiOcUNp75qSFgrTSY=",
            "source_code_size": 3067,
            "tags": {},
            "tags_all": {},
            "timeout": 5,
            "timeouts": null,
            "tracing_config": [
              {
                "mode": "PassThrough"
              }
            ],
            "version": "$LATEST",
            "vpc_config": [
              {
                "ipv6_allowed_for_dual_stack": false,
                "security_group_ids": [
                  "sg-0bd1fa78c58ba0495"
                ],
                "subnet_ids": [
                  "subnet-09b6e632d01fcb525",
                  "subnet-0db35c13edd7c98e9"
                ],
                "vpc_id": "vpc-00ce2d8f8e6ecb305"
              }
            ]
          },
          "sensitive_attributes": [
            [
              {
                "type": "get_attr",
                "value": "environment"
              },
              {
                "type": "index",
                "value": {
                  "value": 0,
                  "type": "number"
                }
              },
              {
                "type": "get_attr",
                "value": "variables"
              },
              {
                "type": "index",
                "value": {
                  "value": "RDS_PASSWORD",
                  "type": "string"
                }
              }
            ]
          ],
          "identity_schema_version": 0,
          "private": "eyJlMmJmYjczMC1lY2FhLTExZTYtOGY4OC0zNDM2M2JjN2M0YzAiOnsiY3JlYXRlIjo2MDAwMDAwMDAwMDAsImRlbGV0ZSI6NjAwMDAwMDAwMDAwLCJ1cGRhdGUiOjYwMDAwMDAwMDAwMH19",
          "dependencies": [
            "aws_db_instance.default",
            "aws_db_subnet_group.rds_private",
            "aws_iam_role.lambda_role",
            "aws_iam_role_policy_attachment.lambda_rds_auth",
            "aws_lambda_layer_version.rds",
            "aws_lambda_layer_version.user_auth",
            "aws_security_group.lambda_sg",
            "aws_subnet.private_subnet1",
            "aws_subnet.private_subnet2",
            "data.archive_file.lambda_archives",
            "data.archive_file.rds_layer",
            "data.archive_file.user_auth_layer",
            "data.aws_availability_zones.available",
            "data.aws_vpc.default"
          ],
          "create_before_destroy": true
        },
        {
          "index_key": "remove_inputs",
          "schema_version": 0,
          "attributes": {
            "architectures": [
              "x86_64"
            ],
            "arn": "arn:aws:lambda:us-east-2:857360184083:function:remove_inputs",
            "code_sha256": "g97R56vVrBgdRbAYvsfyZY0G7UMb1Rnvizq9Y6+nUyg=",
            "code_signing_config_arn": "",
            "dead_letter_config": [],
            "description": "",
            "environment": [
              {
                "variables": {
                  "ENVIRONMENT": "production",
                  "RDS_DBNAME": "trackme",
                  "RDS_ENDPOINT": "trackmedb.c9goe0ioosh0.us-east-2.rds.amazonaws.com",
                  "RDS_PASSWORD": "Mojito#2025",
                  "RDS_PORT": "5432",
                  "RDS_REGION": "us-east-2",
                  "RDS_USER": "trackme_admin"
                }
              }
            ],
            "ephemeral_storage": [
              {
                "size": 512
              }
            ],
            "file_system_config": [],
            "filename": "./../Server/lambdas/athlete/zips/remove_inputs.zip",
            "function_name": "remove_inputs",
            "handler": "remove_inputs.remove_inputs",
            "id": "remove_inputs",
            "image_config": [],
            "image_uri": "",
            "invoke_arn": "arn:aws:apigateway:us-east-2:lambda:path/2015-03-31/functions/arn:aws:lambda:us-east-2:857360184083:function:remove_inputs/invocations",
            "kms_key_arn": "",
            "last_modified": "2025-10-28T00:52:48.000+0000",
            "layers": [
              "arn:aws:lambda:us-east-2:857360184083:layer:rds:120",
              "arn:aws:lambda:us-east-2:857360184083:layer:user_auth:3"
            ],
            "logging_config": [
              {
                "application_log_level": "",
                "log_format": "Text",
                "log_group": "/aws/lambda/remove_inputs",
                "system_log_level": ""
              }
            ],
            "memory_size": 128,
            "package_type": "Zip",
            "publish": false,
            "qualified_arn": "arn:aws:lambda:us-east-2:857360184083:function:remove_inputs:$LATEST",
            "qualified_invoke_arn": "arn:aws:apigateway:us-east-2:lambda:path/2015-03-31/functions/arn:aws:lambda:us-east-2:857360184083:function:remove_inputs:$LATEST/invocations",
            "replace_security_groups_on_destroy": null,
            "replacement_security_group_ids": null,
            "reserved_concurrent_executions": -1,
            "role": "arn:aws:iam::857360184083:role/lambda_role",
            "runtime": "python3.12",
            "s3_bucket": null,
            "s3_key": null,
            "s3_object_version": null,
            "signing_job_arn": "",
            "signing_profile_version_arn": "",
            "skip_destroy": false,
            "snap_start": [],
            "source_code_hash": "g97R56vVrBgdRbAYvsfyZY0G7UMb1Rnvizq9Y6+nUyg=",
            "source_code_size": 2485,
            "tags": {},
            "tags_all": {},
            "timeout": 5,
            "timeouts": null,
            "tracing_config": [
              {
                "mode": "PassThrough"
              }
            ],
            "version": "$LATEST",
            "vpc_config": [
              {
                "ipv6_allowed_for_dual_stack": false,
                "security_group_ids": [
                  "sg-0bd1fa78c58ba0495"
                ],
                "subnet_ids": [
                  "subnet-09b6e632d01fcb525",
                  "subnet-0db35c13edd7c98e9"
                ],
                "vpc_id": "vpc-00ce2d8f8e6ecb305"
              }
            ]
          },
          "sensitive_attributes": [
            [
              {
                "type": "get_attr",
                "value": "environment"
              },
              {
                "type": "index",
                "value": {
                  "value": 0,
                  "type": "number"
                }
              },
              {
                "type": "get_attr",
                "value": "variables"
              },
              {
                "type": "index",
                "value": {
                  "value": "RDS_PASSWORD",
                  "type": "string"
                }
              }
            ]
          ],
          "identity_schema_version": 0,
          "private": "eyJlMmJmYjczMC1lY2FhLTExZTYtOGY4OC0zNDM2M2JjN2M0YzAiOnsiY3JlYXRlIjo2MDAwMDAwMDAwMDAsImRlbGV0ZSI6NjAwMDAwMDAwMDAwLCJ1cGRhdGUiOjYwMDAwMDAwMDAwMH19",
          "dependencies": [
            "aws_db_instance.default",
            "aws_db_subnet_group.rds_private",
            "aws_iam_role.lambda_role",
            "aws_iam_role_policy_attachment.lambda_rds_auth",
            "aws_lambda_layer_version.rds",
            "aws_lambda_layer_version.user_auth",
            "aws_security_group.lambda_sg",
            "aws_subnet.private_subnet1",
            "aws_subnet.private_subnet2",
            "data.archive_file.lambda_archives",
            "data.archive_file.rds_layer",
            "data.archive_file.user_auth_layer",
            "data.aws_availability_zones.available",
            "data.aws_vpc.default"
          ],
          "create_before_destroy": true
        },
        {
          "index_key": "remove_user_relation",
          "schema_version": 0,
          "attributes": {
            "architectures": [
              "x86_64"
            ],
            "arn": "arn:aws:lambda:us-east-2:857360184083:function:remove_user_relation",
            "code_sha256": "3Qa8HXKBq2S39qf9ZXOA/nsltIVf9yyfAxyuSjyczw8=",
            "code_signing_config_arn": "",
            "dead_letter_config": [],
            "description": "",
            "environment": [
              {
                "variables": {
                  "ENVIRONMENT": "production",
                  "RDS_DBNAME": "trackme",
                  "RDS_ENDPOINT": "trackmedb.c9goe0ioosh0.us-east-2.rds.amazonaws.com",
                  "RDS_PASSWORD": "Mojito#2025",
                  "RDS_PORT": "5432",
                  "RDS_REGION": "us-east-2",
                  "RDS_USER": "trackme_admin"
                }
              }
            ],
            "ephemeral_storage": [
              {
                "size": 512
              }
            ],
            "file_system_config": [],
            "filename": "./../Server/lambdas/relations/zips/remove_user_relation.zip",
            "function_name": "remove_user_relation",
            "handler": "remove_user_relation.remove_user_relation",
            "id": "remove_user_relation",
            "image_config": [],
            "image_uri": "",
            "invoke_arn": "arn:aws:apigateway:us-east-2:lambda:path/2015-03-31/functions/arn:aws:lambda:us-east-2:857360184083:function:remove_user_relation/invocations",
            "kms_key_arn": "",
            "last_modified": "2025-10-28T00:52:48.000+0000",
            "layers": [
              "arn:aws:lambda:us-east-2:857360184083:layer:rds:120",
              "arn:aws:lambda:us-east-2:857360184083:layer:user_auth:3"
            ],
            "logging_config": [
              {
                "application_log_level": "",
                "log_format": "Text",
                "log_group": "/aws/lambda/remove_user_relation",
                "system_log_level": ""
              }
            ],
            "memory_size": 128,
            "package_type": "Zip",
            "publish": false,
            "qualified_arn": "arn:aws:lambda:us-east-2:857360184083:function:remove_user_relation:$LATEST",
            "qualified_invoke_arn": "arn:aws:apigateway:us-east-2:lambda:path/2015-03-31/functions/arn:aws:lambda:us-east-2:857360184083:function:remove_user_relation:$LATEST/invocations",
            "replace_security_groups_on_destroy": null,
            "replacement_security_group_ids": null,
            "reserved_concurrent_executions": -1,
            "role": "arn:aws:iam::857360184083:role/lambda_role",
            "runtime": "python3.12",
            "s3_bucket": null,
            "s3_key": null,
            "s3_object_version": null,
            "signing_job_arn": "",
            "signing_profile_version_arn": "",
            "skip_destroy": false,
            "snap_start": [],
            "source_code_hash": "3Qa8HXKBq2S39qf9ZXOA/nsltIVf9yyfAxyuSjyczw8=",
            "source_code_size": 2454,
            "tags": {},
            "tags_all": {},
            "timeout": 5,
            "timeouts": null,
            "tracing_config": [
              {
                "mode": "PassThrough"
              }
            ],
            "version": "$LATEST",
            "vpc_config": [
              {
                "ipv6_allowed_for_dual_stack": false,
                "security_group_ids": [
                  "sg-0bd1fa78c58ba0495"
                ],
                "subnet_ids": [
                  "subnet-09b6e632d01fcb525",
                  "subnet-0db35c13edd7c98e9"
                ],
                "vpc_id": "vpc-00ce2d8f8e6ecb305"
              }
            ]
          },
          "sensitive_attributes": [
            [
              {
                "type": "get_attr",
                "value": "environment"
              },
              {
                "type": "index",
                "value": {
                  "value": 0,
                  "type": "number"
                }
              },
              {
                "type": "get_attr",
                "value": "variables"
              },
              {
                "type": "index",
                "value": {
                  "value": "RDS_PASSWORD",
                  "type": "string"
                }
              }
            ]
          ],
          "identity_schema_version": 0,
          "private": "eyJlMmJmYjczMC1lY2FhLTExZTYtOGY4OC0zNDM2M2JjN2M0YzAiOnsiY3JlYXRlIjo2MDAwMDAwMDAwMDAsImRlbGV0ZSI6NjAwMDAwMDAwMDAwLCJ1cGRhdGUiOjYwMDAwMDAwMDAwMH19",
          "dependencies": [
            "aws_db_instance.default",
            "aws_db_subnet_group.rds_private",
            "aws_iam_role.lambda_role",
            "aws_iam_role_policy_attachment.lambda_rds_auth",
            "aws_lambda_layer_version.rds",
            "aws_lambda_layer_version.user_auth",
            "aws_security_group.lambda_sg",
            "aws_subnet.private_subnet1",
            "aws_subnet.private_subnet2",
            "data.archive_file.lambda_archives",
            "data.archive_file.rds_layer",
            "data.archive_file.user_auth_layer",
            "data.aws_availability_zones.available",
            "data.aws_vpc.default"
          ],
          "create_before_destroy": true
        },
        {
          "index_key": "search_user_relation",
          "schema_version": 0,
          "attributes": {
            "architectures": [
              "x86_64"
            ],
            "arn": "arn:aws:lambda:us-east-2:857360184083:function:search_user_relation",
            "code_sha256": "Y6sfYl7NMmw84xAo0Q3gDWaY6UC6pdCPLrJBU8jFpk0=",
            "code_signing_config_arn": "",
            "dead_letter_config": [],
            "description": "",
            "environment": [
              {
                "variables": {
                  "ENVIRONMENT": "production",
                  "RDS_DBNAME": "trackme",
                  "RDS_ENDPOINT": "trackmedb.c9goe0ioosh0.us-east-2.rds.amazonaws.com",
                  "RDS_PASSWORD": "Mojito#2025",
                  "RDS_PORT": "5432",
                  "RDS_REGION": "us-east-2",
                  "RDS_USER": "trackme_admin"
                }
              }
            ],
            "ephemeral_storage": [
              {
                "size": 512
              }
            ],
            "file_system_config": [],
            "filename": "./../Server/lambdas/relations/zips/search_user_relation.zip",
            "function_name": "search_user_relation",
            "handler": "search_user_relation.search_user_relation",
            "id": "search_user_relation",
            "image_config": [],
            "image_uri": "",
            "invoke_arn": "arn:aws:apigateway:us-east-2:lambda:path/2015-03-31/functions/arn:aws:lambda:us-east-2:857360184083:function:search_user_relation/invocations",
            "kms_key_arn": "",
            "last_modified": "2025-10-28T00:52:43.000+0000",
            "layers": [
              "arn:aws:lambda:us-east-2:857360184083:layer:rds:120",
              "arn:aws:lambda:us-east-2:857360184083:layer:user_auth:3"
            ],
            "logging_config": [
              {
                "application_log_level": "",
                "log_format": "Text",
                "log_group": "/aws/lambda/search_user_relation",
                "system_log_level": ""
              }
            ],
            "memory_size": 128,
            "package_type": "Zip",
            "publish": false,
            "qualified_arn": "arn:aws:lambda:us-east-2:857360184083:function:search_user_relation:$LATEST",
            "qualified_invoke_arn": "arn:aws:apigateway:us-east-2:lambda:path/2015-03-31/functions/arn:aws:lambda:us-east-2:857360184083:function:search_user_relation:$LATEST/invocations",
            "replace_security_groups_on_destroy": null,
            "replacement_security_group_ids": null,
            "reserved_concurrent_executions": -1,
            "role": "arn:aws:iam::857360184083:role/lambda_role",
            "runtime": "python3.12",
            "s3_bucket": null,
            "s3_key": null,
            "s3_object_version": null,
            "signing_job_arn": "",
            "signing_profile_version_arn": "",
            "skip_destroy": false,
            "snap_start": [],
            "source_code_hash": "Y6sfYl7NMmw84xAo0Q3gDWaY6UC6pdCPLrJBU8jFpk0=",
            "source_code_size": 2884,
            "tags": {},
            "tags_all": {},
            "timeout": 5,
            "timeouts": null,
            "tracing_config": [
              {
                "mode": "PassThrough"
              }
            ],
            "version": "$LATEST",
            "vpc_config": [
              {
                "ipv6_allowed_for_dual_stack": false,
                "security_group_ids": [
                  "sg-0bd1fa78c58ba0495"
                ],
                "subnet_ids": [
                  "subnet-09b6e632d01fcb525",
                  "subnet-0db35c13edd7c98e9"
                ],
                "vpc_id": "vpc-00ce2d8f8e6ecb305"
              }
            ]
          },
          "sensitive_attributes": [
            [
              {
                "type": "get_attr",
                "value": "environment"
              },
              {
                "type": "index",
                "value": {
                  "value": 0,
                  "type": "number"
                }
              },
              {
                "type": "get_attr",
                "value": "variables"
              },
              {
                "type": "index",
                "value": {
                  "value": "RDS_PASSWORD",
                  "type": "string"
                }
              }
            ]
          ],
          "identity_schema_version": 0,
          "private": "eyJlMmJmYjczMC1lY2FhLTExZTYtOGY4OC0zNDM2M2JjN2M0YzAiOnsiY3JlYXRlIjo2MDAwMDAwMDAwMDAsImRlbGV0ZSI6NjAwMDAwMDAwMDAwLCJ1cGRhdGUiOjYwMDAwMDAwMDAwMH19",
          "dependencies": [
            "aws_db_instance.default",
            "aws_db_subnet_group.rds_private",
            "aws_iam_role.lambda_role",
            "aws_iam_role_policy_attachment.lambda_rds_auth",
            "aws_lambda_layer_version.rds",
            "aws_lambda_layer_version.user_auth",
            "aws_security_group.lambda_sg",
            "aws_subnet.private_subnet1",
            "aws_subnet.private_subnet2",
            "data.archive_file.lambda_archives",
            "data.archive_file.rds_layer",
            "data.archive_file.user_auth_layer",
            "data.aws_availability_zones.available",
            "data.aws_vpc.default"
          ],
          "create_before_destroy": true
        },
        {
          "index_key": "update_user_profile",
          "schema_version": 0,
          "attributes": {
            "architectures": [
              "x86_64"
            ],
            "arn": "arn:aws:lambda:us-east-2:857360184083:function:update_user_profile",
            "code_sha256": "u1WyiJiyFO9hTEanerl2JiA6FRwd8GBK/2jTOGqIA2A=",
            "code_signing_config_arn": "",
            "dead_letter_config": [],
            "description": "",
            "environment": [
              {
                "variables": {
                  "ENVIRONMENT": "production",
                  "RDS_DBNAME": "trackme",
                  "RDS_ENDPOINT": "trackmedb.c9goe0ioosh0.us-east-2.rds.amazonaws.com",
                  "RDS_PASSWORD": "Mojito#2025",
                  "RDS_PORT": "5432",
                  "RDS_REGION": "us-east-2",
                  "RDS_USER": "trackme_admin"
                }
              }
            ],
            "ephemeral_storage": [
              {
                "size": 512
              }
            ],
            "file_system_config": [],
            "filename": "./../Server/lambdas/general/zips/update_user_profile.zip",
            "function_name": "update_user_profile",
            "handler": "update_user_profile.update_user_profile",
            "id": "update_user_profile",
            "image_config": [],
            "image_uri": "",
            "invoke_arn": "arn:aws:apigateway:us-east-2:lambda:path/2015-03-31/functions/arn:aws:lambda:us-east-2:857360184083:function:update_user_profile/invocations",
            "kms_key_arn": "",
            "last_modified": "2025-10-28T00:52:50.000+0000",
            "layers": [
              "arn:aws:lambda:us-east-2:857360184083:layer:rds:120",
              "arn:aws:lambda:us-east-2:857360184083:layer:user_auth:3"
            ],
            "logging_config": [
              {
                "application_log_level": "",
                "log_format": "Text",
                "log_group": "/aws/lambda/update_user_profile",
                "system_log_level": ""
              }
            ],
            "memory_size": 128,
            "package_type": "Zip",
            "publish": false,
            "qualified_arn": "arn:aws:lambda:us-east-2:857360184083:function:update_user_profile:$LATEST",
            "qualified_invoke_arn": "arn:aws:apigateway:us-east-2:lambda:path/2015-03-31/functions/arn:aws:lambda:us-east-2:857360184083:function:update_user_profile:$LATEST/invocations",
            "replace_security_groups_on_destroy": null,
            "replacement_security_group_ids": null,
            "reserved_concurrent_executions": -1,
            "role": "arn:aws:iam::857360184083:role/lambda_role",
            "runtime": "python3.12",
            "s3_bucket": null,
            "s3_key": null,
            "s3_object_version": null,
            "signing_job_arn": "",
            "signing_profile_version_arn": "",
            "skip_destroy": false,
            "snap_start": [],
            "source_code_hash": "u1WyiJiyFO9hTEanerl2JiA6FRwd8GBK/2jTOGqIA2A=",
            "source_code_size": 2239,
            "tags": {},
            "tags_all": {},
            "timeout": 5,
            "timeouts": null,
            "tracing_config": [
              {
                "mode": "PassThrough"
              }
            ],
            "version": "$LATEST",
            "vpc_config": [
              {
                "ipv6_allowed_for_dual_stack": false,
                "security_group_ids": [
                  "sg-0bd1fa78c58ba0495"
                ],
                "subnet_ids": [
                  "subnet-09b6e632d01fcb525",
                  "subnet-0db35c13edd7c98e9"
                ],
                "vpc_id": "vpc-00ce2d8f8e6ecb305"
              }
            ]
          },
          "sensitive_attributes": [
            [
              {
                "type": "get_attr",
                "value": "environment"
              },
              {
                "type": "index",
                "value": {
                  "value": 0,
                  "type": "number"
                }
              },
              {
                "type": "get_attr",
                "value": "variables"
              },
              {
                "type": "index",
                "value": {
                  "value": "RDS_PASSWORD",
                  "type": "string"
                }
              }
            ]
          ],
          "identity_schema_version": 0,
          "private": "eyJlMmJmYjczMC1lY2FhLTExZTYtOGY4OC0zNDM2M2JjN2M0YzAiOnsiY3JlYXRlIjo2MDAwMDAwMDAwMDAsImRlbGV0ZSI6NjAwMDAwMDAwMDAwLCJ1cGRhdGUiOjYwMDAwMDAwMDAwMH19",
          "dependencies": [
            "aws_db_instance.default",
            "aws_db_subnet_group.rds_private",
            "aws_iam_role.lambda_role",
            "aws_iam_role_policy_attachment.lambda_rds_auth",
            "aws_lambda_layer_version.rds",
            "aws_lambda_layer_version.user_auth",
            "aws_security_group.lambda_sg",
            "aws_subnet.private_subnet1",
            "aws_subnet.private_subnet2",
            "data.archive_file.lambda_archives",
            "data.archive_file.rds_layer",
            "data.archive_file.user_auth_layer",
            "data.aws_availability_zones.available",
            "data.aws_vpc.default"
          ],
          "create_before_destroy": true
        },
        {
          "index_key": "view_workout_inputs",
          "schema_version": 0,
          "attributes": {
            "architectures": [
              "x86_64"
            ],
            "arn": "arn:aws:lambda:us-east-2:857360184083:function:view_workout_inputs",
            "code_sha256": "eW2X2k9v79/7I+29/K48Ge1nh383JyHw1qwZvTyQVls=",
            "code_signing_config_arn": "",
            "dead_letter_config": [],
            "description": "",
            "environment": [
              {
                "variables": {
                  "ENVIRONMENT": "production",
                  "RDS_DBNAME": "trackme",
                  "RDS_ENDPOINT": "trackmedb.c9goe0ioosh0.us-east-2.rds.amazonaws.com",
                  "RDS_PASSWORD": "Mojito#2025",
                  "RDS_PORT": "5432",
                  "RDS_REGION": "us-east-2",
                  "RDS_USER": "trackme_admin"
                }
              }
            ],
            "ephemeral_storage": [
              {
                "size": 512
              }
            ],
            "file_system_config": [],
            "filename": "./../Server/lambdas/athlete/zips/view_workout_inputs.zip",
            "function_name": "view_workout_inputs",
            "handler": "view_workout_inputs.view_workout_inputs",
            "id": "view_workout_inputs",
            "image_config": [],
            "image_uri": "",
            "invoke_arn": "arn:aws:apigateway:us-east-2:lambda:path/2015-03-31/functions/arn:aws:lambda:us-east-2:857360184083:function:view_workout_inputs/invocations",
            "kms_key_arn": "",
            "last_modified": "2025-10-28T00:52:43.000+0000",
            "layers": [
              "arn:aws:lambda:us-east-2:857360184083:layer:rds:120",
              "arn:aws:lambda:us-east-2:857360184083:layer:user_auth:3"
            ],
            "logging_config": [
              {
                "application_log_level": "",
                "log_format": "Text",
                "log_group": "/aws/lambda/view_workout_inputs",
                "system_log_level": ""
              }
            ],
            "memory_size": 128,
            "package_type": "Zip",
            "publish": false,
            "qualified_arn": "arn:aws:lambda:us-east-2:857360184083:function:view_workout_inputs:$LATEST",
            "qualified_invoke_arn": "arn:aws:apigateway:us-east-2:lambda:path/2015-03-31/functions/arn:aws:lambda:us-east-2:857360184083:function:view_workout_inputs:$LATEST/invocations",
            "replace_security_groups_on_destroy": null,
            "replacement_security_group_ids": null,
            "reserved_concurrent_executions": -1,
            "role": "arn:aws:iam::857360184083:role/lambda_role",
            "runtime": "python3.12",
            "s3_bucket": null,
            "s3_key": null,
            "s3_object_version": null,
            "signing_job_arn": "",
            "signing_profile_version_arn": "",
            "skip_destroy": false,
            "snap_start": [],
            "source_code_hash": "eW2X2k9v79/7I+29/K48Ge1nh383JyHw1qwZvTyQVls=",
            "source_code_size": 3057,
            "tags": {},
            "tags_all": {},
            "timeout": 5,
            "timeouts": null,
            "tracing_config": [
              {
                "mode": "PassThrough"
              }
            ],
            "version": "$LATEST",
            "vpc_config": [
              {
                "ipv6_allowed_for_dual_stack": false,
                "security_group_ids": [
                  "sg-0bd1fa78c58ba0495"
                ],
                "subnet_ids": [
                  "subnet-09b6e632d01fcb525",
                  "subnet-0db35c13edd7c98e9"
                ],
                "vpc_id": "vpc-00ce2d8f8e6ecb305"
              }
            ]
          },
          "sensitive_attributes": [
            [
              {
                "type": "get_attr",
                "value": "environment"
              },
              {
                "type": "index",
                "value": {
                  "value": 0,
                  "type": "number"
                }
              },
              {
                "type": "get_attr",
                "value": "variables"
              },
              {
                "type": "index",
                "value": {
                  "value": "RDS_PASSWORD",
                  "type": "string"
                }
              }
            ]
          ],
          "identity_schema_version": 0,
          "private": "eyJlMmJmYjczMC1lY2FhLTExZTYtOGY4OC0zNDM2M2JjN2M0YzAiOnsiY3JlYXRlIjo2MDAwMDAwMDAwMDAsImRlbGV0ZSI6NjAwMDAwMDAwMDAwLCJ1cGRhdGUiOjYwMDAwMDAwMDAwMH19",
          "dependencies": [
            "aws_db_instance.default",
            "aws_db_subnet_group.rds_private",
            "aws_iam_role.lambda_role",
            "aws_iam_role_policy_attachment.lambda_rds_auth",
            "aws_lambda_layer_version.rds",
            "aws_lambda_layer_version.user_auth",
            "aws_security_group.lambda_sg",
            "aws_subnet.private_subnet1",
            "aws_subnet.private_subnet2",
            "data.archive_file.lambda_archives",
            "data.archive_file.rds_layer",
            "data.archive_file.user_auth_layer",
            "data.aws_availability_zones.available",
            "data.aws_vpc.default"
          ],
          "create_before_destroy": true
        }
      ]
    },
    {
      "mode": "managed",
      "type": "aws_lambda_layer_version",
      "name": "rds",
      "provider": "provider[\"registry.terraform.io/hashicorp/aws\"]",
      "instances": [
        {
          "schema_version": 0,
          "attributes": {
            "arn": "arn:aws:lambda:us-east-2:857360184083:layer:rds:120",
            "code_sha256": "JOJKovDitZjDmb1Sa44aJ23oXg7QIMMx3fFGvND1L1A=",
            "compatible_architectures": null,
            "compatible_runtimes": [
              "python3.12"
            ],
            "created_date": "2025-10-28T00:52:42.791+0000",
            "description": "",
            "filename": "./../Server/layers/rds/rds.zip",
            "id": "arn:aws:lambda:us-east-2:857360184083:layer:rds:120",
            "layer_arn": "arn:aws:lambda:us-east-2:857360184083:layer:rds",
            "layer_name": "rds",
            "license_info": "",
            "s3_bucket": null,
            "s3_key": null,
            "s3_object_version": null,
            "signing_job_arn": "",
            "signing_profile_version_arn": "",
            "skip_destroy": false,
            "source_code_hash": "JOJKovDitZjDmb1Sa44aJ23oXg7QIMMx3fFGvND1L1A=",
            "source_code_size": 8773063,
            "version": "120"
          },
          "sensitive_attributes": [],
          "identity_schema_version": 0,
          "private": "bnVsbA==",
          "dependencies": [
            "data.archive_file.rds_layer"
          ],
          "create_before_destroy": true
        }
      ]
    },
    {
      "mode": "managed",
      "type": "aws_lambda_layer_version",
      "name": "user_auth",
      "provider": "provider[\"registry.terraform.io/hashicorp/aws\"]",
      "instances": [
        {
          "schema_version": 0,
          "attributes": {
            "arn": "arn:aws:lambda:us-east-2:857360184083:layer:user_auth:3",
            "code_sha256": "EHyLkszx8zVc8vKpcVyAcaTgjISPdIHi5RrO7vN6rN0=",
            "compatible_architectures": [],
            "compatible_runtimes": [
              "python3.12"
            ],
            "created_date": "2025-10-06T19:29:14.316+0000",
            "description": "",
            "filename": "./../Server/layers/user_auth/user_auth.zip",
            "id": "arn:aws:lambda:us-east-2:857360184083:layer:user_auth:3",
            "layer_arn": "arn:aws:lambda:us-east-2:857360184083:layer:user_auth",
            "layer_name": "user_auth",
            "license_info": "",
            "s3_bucket": null,
            "s3_key": null,
            "s3_object_version": null,
            "signing_job_arn": "",
            "signing_profile_version_arn": "",
            "skip_destroy": false,
            "source_code_hash": "EHyLkszx8zVc8vKpcVyAcaTgjISPdIHi5RrO7vN6rN0=",
            "source_code_size": 4133,
            "version": "3"
          },
          "sensitive_attributes": [],
          "identity_schema_version": 0,
          "private": "bnVsbA==",
          "dependencies": [
            "data.archive_file.user_auth_layer"
          ],
          "create_before_destroy": true
        }
      ]
    },
    {
      "mode": "managed",
      "type": "aws_lambda_permission",
      "name": "api_gateway",
      "provider": "provider[\"registry.terraform.io/hashicorp/aws\"]",
      "instances": [
        {
          "index_key": "athletes/input_times",
          "schema_version": 0,
          "attributes": {
            "action": "lambda:InvokeFunction",
            "event_source_token": null,
            "function_name": "input_times",
            "function_url_auth_type": null,
            "id": "AllowAPIGatewayInvoke-input_times",
            "principal": "apigateway.amazonaws.com",
            "principal_org_id": null,
            "qualifier": "",
            "source_account": null,
            "source_arn": "arn:aws:execute-api:us-east-2:857360184083:buzzzp4ywk/*/*",
            "statement_id": "AllowAPIGatewayInvoke-input_times",
            "statement_id_prefix": ""
          },
          "sensitive_attributes": [],
          "identity_schema_version": 0,
          "private": "bnVsbA==",
          "dependencies": [
            "aws_api_gateway_rest_api.main",
            "aws_db_instance.default",
            "aws_db_subnet_group.rds_private",
            "aws_iam_role.lambda_role",
            "aws_iam_role_policy_attachment.lambda_rds_auth",
            "aws_lambda_function.lambdas",
            "aws_lambda_layer_version.rds",
            "aws_lambda_layer_version.user_auth",
            "aws_security_group.lambda_sg",
            "aws_subnet.private_subnet1",
            "aws_subnet.private_subnet2",
            "data.archive_file.lambda_archives",
            "data.archive_file.rds_layer",
            "data.archive_file.user_auth_layer",
            "data.aws_availability_zones.available",
            "data.aws_caller_identity.current",
            "data.aws_vpc.default"
          ]
        },
        {
          "index_key": "athletes/remove_inputs",
          "schema_version": 0,
          "attributes": {
            "action": "lambda:InvokeFunction",
            "event_source_token": null,
            "function_name": "remove_inputs",
            "function_url_auth_type": null,
            "id": "AllowAPIGatewayInvoke-remove_inputs",
            "principal": "apigateway.amazonaws.com",
            "principal_org_id": null,
            "qualifier": "",
            "source_account": null,
            "source_arn": "arn:aws:execute-api:us-east-2:857360184083:buzzzp4ywk/*/*",
            "statement_id": "AllowAPIGatewayInvoke-remove_inputs",
            "statement_id_prefix": ""
          },
          "sensitive_attributes": [],
          "identity_schema_version": 0,
          "private": "bnVsbA==",
          "dependencies": [
            "aws_api_gateway_rest_api.main",
            "aws_db_instance.default",
            "aws_db_subnet_group.rds_private",
            "aws_iam_role.lambda_role",
            "aws_iam_role_policy_attachment.lambda_rds_auth",
            "aws_lambda_function.lambdas",
            "aws_lambda_layer_version.rds",
            "aws_lambda_layer_version.user_auth",
            "aws_security_group.lambda_sg",
            "aws_subnet.private_subnet1",
            "aws_subnet.private_subnet2",
            "data.archive_file.lambda_archives",
            "data.archive_file.rds_layer",
            "data.archive_file.user_auth_layer",
            "data.aws_availability_zones.available",
            "data.aws_caller_identity.current",
            "data.aws_vpc.default"
          ]
        },
        {
          "index_key": "athletes/view_workout_inputs",
          "schema_version": 0,
          "attributes": {
            "action": "lambda:InvokeFunction",
            "event_source_token": null,
            "function_name": "view_workout_inputs",
            "function_url_auth_type": null,
            "id": "AllowAPIGatewayInvoke-view_workout_inputs",
            "principal": "apigateway.amazonaws.com",
            "principal_org_id": null,
            "qualifier": "",
            "source_account": null,
            "source_arn": "arn:aws:execute-api:us-east-2:857360184083:buzzzp4ywk/*/*",
            "statement_id": "AllowAPIGatewayInvoke-view_workout_inputs",
            "statement_id_prefix": ""
          },
          "sensitive_attributes": [],
          "identity_schema_version": 0,
          "private": "bnVsbA==",
          "dependencies": [
            "aws_api_gateway_rest_api.main",
            "aws_db_instance.default",
            "aws_db_subnet_group.rds_private",
            "aws_iam_role.lambda_role",
            "aws_iam_role_policy_attachment.lambda_rds_auth",
            "aws_lambda_function.lambdas",
            "aws_lambda_layer_version.rds",
            "aws_lambda_layer_version.user_auth",
            "aws_security_group.lambda_sg",
            "aws_subnet.private_subnet1",
            "aws_subnet.private_subnet2",
            "data.archive_file.lambda_archives",
            "data.archive_file.rds_layer",
            "data.archive_file.user_auth_layer",
            "data.aws_availability_zones.available",
            "data.aws_caller_identity.current",
            "data.aws_vpc.default"
          ]
        },
        {
          "index_key": "general/create_user",
          "schema_version": 0,
          "attributes": {
            "action": "lambda:InvokeFunction",
            "event_source_token": null,
            "function_name": "create_user",
            "function_url_auth_type": null,
            "id": "AllowAPIGatewayInvoke-create_user",
            "principal": "apigateway.amazonaws.com",
            "principal_org_id": null,
            "qualifier": "",
            "source_account": null,
            "source_arn": "arn:aws:execute-api:us-east-2:857360184083:buzzzp4ywk/*/*",
            "statement_id": "AllowAPIGatewayInvoke-create_user",
            "statement_id_prefix": ""
          },
          "sensitive_attributes": [],
          "identity_schema_version": 0,
          "private": "bnVsbA==",
          "dependencies": [
            "aws_api_gateway_rest_api.main",
            "aws_db_instance.default",
            "aws_db_subnet_group.rds_private",
            "aws_iam_role.lambda_role",
            "aws_iam_role_policy_attachment.lambda_rds_auth",
            "aws_lambda_function.lambdas",
            "aws_lambda_layer_version.rds",
            "aws_lambda_layer_version.user_auth",
            "aws_security_group.lambda_sg",
            "aws_subnet.private_subnet1",
            "aws_subnet.private_subnet2",
            "data.archive_file.lambda_archives",
            "data.archive_file.rds_layer",
            "data.archive_file.user_auth_layer",
            "data.aws_availability_zones.available",
            "data.aws_caller_identity.current",
            "data.aws_vpc.default"
          ]
        },
        {
          "index_key": "general/get_mutual_inputs",
          "schema_version": 0,
          "attributes": {
            "action": "lambda:InvokeFunction",
            "event_source_token": null,
            "function_name": "get_mutual_inputs",
            "function_url_auth_type": null,
            "id": "AllowAPIGatewayInvoke-get_mutual_inputs",
            "principal": "apigateway.amazonaws.com",
            "principal_org_id": null,
            "qualifier": "",
            "source_account": null,
            "source_arn": "arn:aws:execute-api:us-east-2:857360184083:buzzzp4ywk/*/*",
            "statement_id": "AllowAPIGatewayInvoke-get_mutual_inputs",
            "statement_id_prefix": ""
          },
          "sensitive_attributes": [],
          "identity_schema_version": 0,
          "private": "bnVsbA==",
          "dependencies": [
            "aws_api_gateway_rest_api.main",
            "aws_db_instance.default",
            "aws_db_subnet_group.rds_private",
            "aws_iam_role.lambda_role",
            "aws_iam_role_policy_attachment.lambda_rds_auth",
            "aws_lambda_function.lambdas",
            "aws_lambda_layer_version.rds",
            "aws_lambda_layer_version.user_auth",
            "aws_security_group.lambda_sg",
            "aws_subnet.private_subnet1",
            "aws_subnet.private_subnet2",
            "data.archive_file.lambda_archives",
            "data.archive_file.rds_layer",
            "data.archive_file.user_auth_layer",
            "data.aws_availability_zones.available",
            "data.aws_caller_identity.current",
            "data.aws_vpc.default"
          ]
        },
        {
          "index_key": "general/get_user",
          "schema_version": 0,
          "attributes": {
            "action": "lambda:InvokeFunction",
            "event_source_token": null,
            "function_name": "get_user",
            "function_url_auth_type": null,
            "id": "AllowAPIGatewayInvoke-get_user",
            "principal": "apigateway.amazonaws.com",
            "principal_org_id": null,
            "qualifier": "",
            "source_account": null,
            "source_arn": "arn:aws:execute-api:us-east-2:857360184083:buzzzp4ywk/*/*",
            "statement_id": "AllowAPIGatewayInvoke-get_user",
            "statement_id_prefix": ""
          },
          "sensitive_attributes": [],
          "identity_schema_version": 0,
          "private": "bnVsbA==",
          "dependencies": [
            "aws_api_gateway_rest_api.main",
            "aws_db_instance.default",
            "aws_db_subnet_group.rds_private",
            "aws_iam_role.lambda_role",
            "aws_iam_role_policy_attachment.lambda_rds_auth",
            "aws_lambda_function.lambdas",
            "aws_lambda_layer_version.rds",
            "aws_lambda_layer_version.user_auth",
            "aws_security_group.lambda_sg",
            "aws_subnet.private_subnet1",
            "aws_subnet.private_subnet2",
            "data.archive_file.lambda_archives",
            "data.archive_file.rds_layer",
            "data.archive_file.user_auth_layer",
            "data.aws_availability_zones.available",
            "data.aws_caller_identity.current",
            "data.aws_vpc.default"
          ]
        },
        {
          "index_key": "general/mass_input",
          "schema_version": 0,
          "attributes": {
            "action": "lambda:InvokeFunction",
            "event_source_token": null,
            "function_name": "mass_input",
            "function_url_auth_type": null,
            "id": "AllowAPIGatewayInvoke-mass_input",
            "principal": "apigateway.amazonaws.com",
            "principal_org_id": null,
            "qualifier": "",
            "source_account": null,
            "source_arn": "arn:aws:execute-api:us-east-2:857360184083:buzzzp4ywk/*/*",
            "statement_id": "AllowAPIGatewayInvoke-mass_input",
            "statement_id_prefix": ""
          },
          "sensitive_attributes": [],
          "identity_schema_version": 0,
          "private": "bnVsbA==",
          "dependencies": [
            "aws_api_gateway_rest_api.main",
            "aws_db_instance.default",
            "aws_db_subnet_group.rds_private",
            "aws_iam_role.lambda_role",
            "aws_iam_role_policy_attachment.lambda_rds_auth",
            "aws_lambda_function.lambdas",
            "aws_lambda_layer_version.rds",
            "aws_lambda_layer_version.user_auth",
            "aws_security_group.lambda_sg",
            "aws_subnet.private_subnet1",
            "aws_subnet.private_subnet2",
            "data.archive_file.lambda_archives",
            "data.archive_file.rds_layer",
            "data.archive_file.user_auth_layer",
            "data.aws_availability_zones.available",
            "data.aws_caller_identity.current",
            "data.aws_vpc.default"
          ]
        },
        {
          "index_key": "general/update_user_profile",
          "schema_version": 0,
          "attributes": {
            "action": "lambda:InvokeFunction",
            "event_source_token": null,
            "function_name": "update_user_profile",
            "function_url_auth_type": null,
            "id": "AllowAPIGatewayInvoke-update_user_profile",
            "principal": "apigateway.amazonaws.com",
            "principal_org_id": null,
            "qualifier": "",
            "source_account": null,
            "source_arn": "arn:aws:execute-api:us-east-2:857360184083:buzzzp4ywk/*/*",
            "statement_id": "AllowAPIGatewayInvoke-update_user_profile",
            "statement_id_prefix": ""
          },
          "sensitive_attributes": [],
          "identity_schema_version": 0,
          "private": "bnVsbA==",
          "dependencies": [
            "aws_api_gateway_rest_api.main",
            "aws_db_instance.default",
            "aws_db_subnet_group.rds_private",
            "aws_iam_role.lambda_role",
            "aws_iam_role_policy_attachment.lambda_rds_auth",
            "aws_lambda_function.lambdas",
            "aws_lambda_layer_version.rds",
            "aws_lambda_layer_version.user_auth",
            "aws_security_group.lambda_sg",
            "aws_subnet.private_subnet1",
            "aws_subnet.private_subnet2",
            "data.archive_file.lambda_archives",
            "data.archive_file.rds_layer",
            "data.archive_file.user_auth_layer",
            "data.aws_availability_zones.available",
            "data.aws_caller_identity.current",
            "data.aws_vpc.default"
          ]
        },
        {
          "index_key": "graph/get_avg_velocity",
          "schema_version": 0,
          "attributes": {
            "action": "lambda:InvokeFunction",
            "event_source_token": null,
            "function_name": "get_avg_velocity",
            "function_url_auth_type": null,
            "id": "AllowAPIGatewayInvoke-get_avg_velocity",
            "principal": "apigateway.amazonaws.com",
            "principal_org_id": null,
            "qualifier": "",
            "source_account": null,
            "source_arn": "arn:aws:execute-api:us-east-2:857360184083:buzzzp4ywk/*/*",
            "statement_id": "AllowAPIGatewayInvoke-get_avg_velocity",
            "statement_id_prefix": ""
          },
          "sensitive_attributes": [],
          "identity_schema_version": 0,
          "private": "bnVsbA==",
          "dependencies": [
            "aws_api_gateway_rest_api.main",
            "aws_db_instance.default",
            "aws_db_subnet_group.rds_private",
            "aws_iam_role.lambda_role",
            "aws_iam_role_policy_attachment.lambda_rds_auth",
            "aws_lambda_function.lambdas",
            "aws_lambda_layer_version.rds",
            "aws_lambda_layer_version.user_auth",
            "aws_security_group.lambda_sg",
            "aws_subnet.private_subnet1",
            "aws_subnet.private_subnet2",
            "data.archive_file.lambda_archives",
            "data.archive_file.rds_layer",
            "data.archive_file.user_auth_layer",
            "data.aws_availability_zones.available",
            "data.aws_caller_identity.current",
            "data.aws_vpc.default"
          ]
        },
        {
          "index_key": "graph/get_work_rest_ratio",
          "schema_version": 0,
          "attributes": {
            "action": "lambda:InvokeFunction",
            "event_source_token": null,
            "function_name": "get_work_rest_ratio",
            "function_url_auth_type": null,
            "id": "AllowAPIGatewayInvoke-get_work_rest_ratio",
            "principal": "apigateway.amazonaws.com",
            "principal_org_id": null,
            "qualifier": "",
            "source_account": null,
            "source_arn": "arn:aws:execute-api:us-east-2:857360184083:buzzzp4ywk/*/*",
            "statement_id": "AllowAPIGatewayInvoke-get_work_rest_ratio",
            "statement_id_prefix": ""
          },
          "sensitive_attributes": [],
          "identity_schema_version": 0,
          "private": "bnVsbA==",
          "dependencies": [
            "aws_api_gateway_rest_api.main",
            "aws_db_instance.default",
            "aws_db_subnet_group.rds_private",
            "aws_iam_role.lambda_role",
            "aws_iam_role_policy_attachment.lambda_rds_auth",
            "aws_lambda_function.lambdas",
            "aws_lambda_layer_version.rds",
            "aws_lambda_layer_version.user_auth",
            "aws_security_group.lambda_sg",
            "aws_subnet.private_subnet1",
            "aws_subnet.private_subnet2",
            "data.archive_file.lambda_archives",
            "data.archive_file.rds_layer",
            "data.archive_file.user_auth_layer",
            "data.aws_availability_zones.available",
            "data.aws_caller_identity.current",
            "data.aws_vpc.default"
          ]
        },
        {
          "index_key": "history/fetch_historical_data",
          "schema_version": 0,
          "attributes": {
            "action": "lambda:InvokeFunction",
            "event_source_token": null,
            "function_name": "fetch_historical_data",
            "function_url_auth_type": null,
            "id": "AllowAPIGatewayInvoke-fetch_historical_data",
            "principal": "apigateway.amazonaws.com",
            "principal_org_id": null,
            "qualifier": "",
            "source_account": null,
            "source_arn": "arn:aws:execute-api:us-east-2:857360184083:buzzzp4ywk/*/*",
            "statement_id": "AllowAPIGatewayInvoke-fetch_historical_data",
            "statement_id_prefix": ""
          },
          "sensitive_attributes": [],
          "identity_schema_version": 0,
          "private": "bnVsbA==",
          "dependencies": [
            "aws_api_gateway_rest_api.main",
            "aws_db_instance.default",
            "aws_db_subnet_group.rds_private",
            "aws_iam_role.lambda_role",
            "aws_iam_role_policy_attachment.lambda_rds_auth",
            "aws_lambda_function.lambdas",
            "aws_lambda_layer_version.rds",
            "aws_lambda_layer_version.user_auth",
            "aws_security_group.lambda_sg",
            "aws_subnet.private_subnet1",
            "aws_subnet.private_subnet2",
            "data.archive_file.lambda_archives",
            "data.archive_file.rds_layer",
            "data.archive_file.user_auth_layer",
            "data.aws_availability_zones.available",
            "data.aws_caller_identity.current",
            "data.aws_vpc.default"
          ]
        },
        {
          "index_key": "history/get_available_history_dates",
          "schema_version": 0,
          "attributes": {
            "action": "lambda:InvokeFunction",
            "event_source_token": null,
            "function_name": "get_available_history_dates",
            "function_url_auth_type": null,
            "id": "AllowAPIGatewayInvoke-get_available_history_dates",
            "principal": "apigateway.amazonaws.com",
            "principal_org_id": null,
            "qualifier": "",
            "source_account": null,
            "source_arn": "arn:aws:execute-api:us-east-2:857360184083:buzzzp4ywk/*/*",
            "statement_id": "AllowAPIGatewayInvoke-get_available_history_dates",
            "statement_id_prefix": ""
          },
          "sensitive_attributes": [],
          "identity_schema_version": 0,
          "private": "bnVsbA==",
          "dependencies": [
            "aws_api_gateway_rest_api.main",
            "aws_db_instance.default",
            "aws_db_subnet_group.rds_private",
            "aws_iam_role.lambda_role",
            "aws_iam_role_policy_attachment.lambda_rds_auth",
            "aws_lambda_function.lambdas",
            "aws_lambda_layer_version.rds",
            "aws_lambda_layer_version.user_auth",
            "aws_security_group.lambda_sg",
            "aws_subnet.private_subnet1",
            "aws_subnet.private_subnet2",
            "data.archive_file.lambda_archives",
            "data.archive_file.rds_layer",
            "data.archive_file.user_auth_layer",
            "data.aws_availability_zones.available",
            "data.aws_caller_identity.current",
            "data.aws_vpc.default"
          ]
        },
        {
          "index_key": "history/get_earliest_date_available",
          "schema_version": 0,
          "attributes": {
            "action": "lambda:InvokeFunction",
            "event_source_token": null,
            "function_name": "get_earliest_date_available",
            "function_url_auth_type": null,
            "id": "AllowAPIGatewayInvoke-get_earliest_date_available",
            "principal": "apigateway.amazonaws.com",
            "principal_org_id": null,
            "qualifier": "",
            "source_account": null,
            "source_arn": "arn:aws:execute-api:us-east-2:857360184083:buzzzp4ywk/*/*",
            "statement_id": "AllowAPIGatewayInvoke-get_earliest_date_available",
            "statement_id_prefix": ""
          },
          "sensitive_attributes": [],
          "identity_schema_version": 0,
          "private": "bnVsbA==",
          "dependencies": [
            "aws_api_gateway_rest_api.main",
            "aws_db_instance.default",
            "aws_db_subnet_group.rds_private",
            "aws_iam_role.lambda_role",
            "aws_iam_role_policy_attachment.lambda_rds_auth",
            "aws_lambda_function.lambdas",
            "aws_lambda_layer_version.rds",
            "aws_lambda_layer_version.user_auth",
            "aws_security_group.lambda_sg",
            "aws_subnet.private_subnet1",
            "aws_subnet.private_subnet2",
            "data.archive_file.lambda_archives",
            "data.archive_file.rds_layer",
            "data.archive_file.user_auth_layer",
            "data.aws_availability_zones.available",
            "data.aws_caller_identity.current",
            "data.aws_vpc.default"
          ]
        },
        {
          "index_key": "relations/add_relation",
          "schema_version": 0,
          "attributes": {
            "action": "lambda:InvokeFunction",
            "event_source_token": null,
            "function_name": "add_relation",
            "function_url_auth_type": null,
            "id": "AllowAPIGatewayInvoke-add_relation",
            "principal": "apigateway.amazonaws.com",
            "principal_org_id": null,
            "qualifier": "",
            "source_account": null,
            "source_arn": "arn:aws:execute-api:us-east-2:857360184083:buzzzp4ywk/*/*",
            "statement_id": "AllowAPIGatewayInvoke-add_relation",
            "statement_id_prefix": ""
          },
          "sensitive_attributes": [],
          "identity_schema_version": 0,
          "private": "bnVsbA==",
          "dependencies": [
            "aws_api_gateway_rest_api.main",
            "aws_db_instance.default",
            "aws_db_subnet_group.rds_private",
            "aws_iam_role.lambda_role",
            "aws_iam_role_policy_attachment.lambda_rds_auth",
            "aws_lambda_function.lambdas",
            "aws_lambda_layer_version.rds",
            "aws_lambda_layer_version.user_auth",
            "aws_security_group.lambda_sg",
            "aws_subnet.private_subnet1",
            "aws_subnet.private_subnet2",
            "data.archive_file.lambda_archives",
            "data.archive_file.rds_layer",
            "data.archive_file.user_auth_layer",
            "data.aws_availability_zones.available",
            "data.aws_caller_identity.current",
            "data.aws_vpc.default"
          ]
        },
        {
          "index_key": "relations/get_mutual_athletes",
          "schema_version": 0,
          "attributes": {
            "action": "lambda:InvokeFunction",
            "event_source_token": null,
            "function_name": "get_mutual_athletes",
            "function_url_auth_type": null,
            "id": "AllowAPIGatewayInvoke-get_mutual_athletes",
            "principal": "apigateway.amazonaws.com",
            "principal_org_id": null,
            "qualifier": "",
            "source_account": null,
            "source_arn": "arn:aws:execute-api:us-east-2:857360184083:buzzzp4ywk/*/*",
            "statement_id": "AllowAPIGatewayInvoke-get_mutual_athletes",
            "statement_id_prefix": ""
          },
          "sensitive_attributes": [],
          "identity_schema_version": 0,
          "private": "bnVsbA==",
          "dependencies": [
            "aws_api_gateway_rest_api.main",
            "aws_db_instance.default",
            "aws_db_subnet_group.rds_private",
            "aws_iam_role.lambda_role",
            "aws_iam_role_policy_attachment.lambda_rds_auth",
            "aws_lambda_function.lambdas",
            "aws_lambda_layer_version.rds",
            "aws_lambda_layer_version.user_auth",
            "aws_security_group.lambda_sg",
            "aws_subnet.private_subnet1",
            "aws_subnet.private_subnet2",
            "data.archive_file.lambda_archives",
            "data.archive_file.rds_layer",
            "data.archive_file.user_auth_layer",
            "data.aws_availability_zones.available",
            "data.aws_caller_identity.current",
            "data.aws_vpc.default"
          ]
        },
        {
          "index_key": "relations/get_mutual_user_relations",
          "schema_version": 0,
          "attributes": {
            "action": "lambda:InvokeFunction",
            "event_source_token": null,
            "function_name": "get_mutual_user_relations",
            "function_url_auth_type": null,
            "id": "AllowAPIGatewayInvoke-get_mutual_user_relations",
            "principal": "apigateway.amazonaws.com",
            "principal_org_id": null,
            "qualifier": "",
            "source_account": null,
            "source_arn": "arn:aws:execute-api:us-east-2:857360184083:buzzzp4ywk/*/*",
            "statement_id": "AllowAPIGatewayInvoke-get_mutual_user_relations",
            "statement_id_prefix": ""
          },
          "sensitive_attributes": [],
          "identity_schema_version": 0,
          "private": "bnVsbA==",
          "dependencies": [
            "aws_api_gateway_rest_api.main",
            "aws_db_instance.default",
            "aws_db_subnet_group.rds_private",
            "aws_iam_role.lambda_role",
            "aws_iam_role_policy_attachment.lambda_rds_auth",
            "aws_lambda_function.lambdas",
            "aws_lambda_layer_version.rds",
            "aws_lambda_layer_version.user_auth",
            "aws_security_group.lambda_sg",
            "aws_subnet.private_subnet1",
            "aws_subnet.private_subnet2",
            "data.archive_file.lambda_archives",
            "data.archive_file.rds_layer",
            "data.archive_file.user_auth_layer",
            "data.aws_availability_zones.available",
            "data.aws_caller_identity.current",
            "data.aws_vpc.default"
          ]
        },
        {
          "index_key": "relations/get_relation_invites",
          "schema_version": 0,
          "attributes": {
            "action": "lambda:InvokeFunction",
            "event_source_token": null,
            "function_name": "get_relation_invites",
            "function_url_auth_type": null,
            "id": "AllowAPIGatewayInvoke-get_relation_invites",
            "principal": "apigateway.amazonaws.com",
            "principal_org_id": null,
            "qualifier": "",
            "source_account": null,
            "source_arn": "arn:aws:execute-api:us-east-2:857360184083:buzzzp4ywk/*/*",
            "statement_id": "AllowAPIGatewayInvoke-get_relation_invites",
            "statement_id_prefix": ""
          },
          "sensitive_attributes": [],
          "identity_schema_version": 0,
          "private": "bnVsbA==",
          "dependencies": [
            "aws_api_gateway_rest_api.main",
            "aws_db_instance.default",
            "aws_db_subnet_group.rds_private",
            "aws_iam_role.lambda_role",
            "aws_iam_role_policy_attachment.lambda_rds_auth",
            "aws_lambda_function.lambdas",
            "aws_lambda_layer_version.rds",
            "aws_lambda_layer_version.user_auth",
            "aws_security_group.lambda_sg",
            "aws_subnet.private_subnet1",
            "aws_subnet.private_subnet2",
            "data.archive_file.lambda_archives",
            "data.archive_file.rds_layer",
            "data.archive_file.user_auth_layer",
            "data.aws_availability_zones.available",
            "data.aws_caller_identity.current",
            "data.aws_vpc.default"
          ]
        },
        {
          "index_key": "relations/get_relation_invites_count",
          "schema_version": 0,
          "attributes": {
            "action": "lambda:InvokeFunction",
            "event_source_token": null,
            "function_name": "get_relation_invites_count",
            "function_url_auth_type": null,
            "id": "AllowAPIGatewayInvoke-get_relation_invites_count",
            "principal": "apigateway.amazonaws.com",
            "principal_org_id": null,
            "qualifier": "",
            "source_account": null,
            "source_arn": "arn:aws:execute-api:us-east-2:857360184083:buzzzp4ywk/*/*",
            "statement_id": "AllowAPIGatewayInvoke-get_relation_invites_count",
            "statement_id_prefix": ""
          },
          "sensitive_attributes": [],
          "identity_schema_version": 0,
          "private": "bnVsbA==",
          "dependencies": [
            "aws_api_gateway_rest_api.main",
            "aws_db_instance.default",
            "aws_db_subnet_group.rds_private",
            "aws_iam_role.lambda_role",
            "aws_iam_role_policy_attachment.lambda_rds_auth",
            "aws_lambda_function.lambdas",
            "aws_lambda_layer_version.rds",
            "aws_lambda_layer_version.user_auth",
            "aws_security_group.lambda_sg",
            "aws_subnet.private_subnet1",
            "aws_subnet.private_subnet2",
            "data.archive_file.lambda_archives",
            "data.archive_file.rds_layer",
            "data.archive_file.user_auth_layer",
            "data.aws_availability_zones.available",
            "data.aws_caller_identity.current",
            "data.aws_vpc.default"
          ]
        },
        {
          "index_key": "relations/remove_user_relation",
          "schema_version": 0,
          "attributes": {
            "action": "lambda:InvokeFunction",
            "event_source_token": null,
            "function_name": "remove_user_relation",
            "function_url_auth_type": null,
            "id": "AllowAPIGatewayInvoke-remove_user_relation",
            "principal": "apigateway.amazonaws.com",
            "principal_org_id": null,
            "qualifier": "",
            "source_account": null,
            "source_arn": "arn:aws:execute-api:us-east-2:857360184083:buzzzp4ywk/*/*",
            "statement_id": "AllowAPIGatewayInvoke-remove_user_relation",
            "statement_id_prefix": ""
          },
          "sensitive_attributes": [],
          "identity_schema_version": 0,
          "private": "bnVsbA==",
          "dependencies": [
            "aws_api_gateway_rest_api.main",
            "aws_db_instance.default",
            "aws_db_subnet_group.rds_private",
            "aws_iam_role.lambda_role",
            "aws_iam_role_policy_attachment.lambda_rds_auth",
            "aws_lambda_function.lambdas",
            "aws_lambda_layer_version.rds",
            "aws_lambda_layer_version.user_auth",
            "aws_security_group.lambda_sg",
            "aws_subnet.private_subnet1",
            "aws_subnet.private_subnet2",
            "data.archive_file.lambda_archives",
            "data.archive_file.rds_layer",
            "data.archive_file.user_auth_layer",
            "data.aws_availability_zones.available",
            "data.aws_caller_identity.current",
            "data.aws_vpc.default"
          ]
        },
        {
          "index_key": "relations/search_user_relation",
          "schema_version": 0,
          "attributes": {
            "action": "lambda:InvokeFunction",
            "event_source_token": null,
            "function_name": "search_user_relation",
            "function_url_auth_type": null,
            "id": "AllowAPIGatewayInvoke-search_user_relation",
            "principal": "apigateway.amazonaws.com",
            "principal_org_id": null,
            "qualifier": "",
            "source_account": null,
            "source_arn": "arn:aws:execute-api:us-east-2:857360184083:buzzzp4ywk/*/*",
            "statement_id": "AllowAPIGatewayInvoke-search_user_relation",
            "statement_id_prefix": ""
          },
          "sensitive_attributes": [],
          "identity_schema_version": 0,
          "private": "bnVsbA==",
          "dependencies": [
            "aws_api_gateway_rest_api.main",
            "aws_db_instance.default",
            "aws_db_subnet_group.rds_private",
            "aws_iam_role.lambda_role",
            "aws_iam_role_policy_attachment.lambda_rds_auth",
            "aws_lambda_function.lambdas",
            "aws_lambda_layer_version.rds",
            "aws_lambda_layer_version.user_auth",
            "aws_security_group.lambda_sg",
            "aws_subnet.private_subnet1",
            "aws_subnet.private_subnet2",
            "data.archive_file.lambda_archives",
            "data.archive_file.rds_layer",
            "data.archive_file.user_auth_layer",
            "data.aws_availability_zones.available",
            "data.aws_caller_identity.current",
            "data.aws_vpc.default"
          ]
        }
      ]
    },
    {
      "mode": "managed",
      "type": "aws_route_table",
      "name": "bastion_route_table",
      "provider": "provider[\"registry.terraform.io/hashicorp/aws\"]",
      "instances": [
        {
          "schema_version": 0,
          "attributes": {
            "arn": "arn:aws:ec2:us-east-2:857360184083:route-table/rtb-0749d84630ed47c21",
            "id": "rtb-0749d84630ed47c21",
            "owner_id": "857360184083",
            "propagating_vgws": [],
            "route": [
              {
                "carrier_gateway_id": "",
                "cidr_block": "0.0.0.0/0",
                "core_network_arn": "",
                "destination_prefix_list_id": "",
                "egress_only_gateway_id": "",
                "gateway_id": "igw-0c9633e3942b979dc",
                "ipv6_cidr_block": "",
                "local_gateway_id": "",
                "nat_gateway_id": "",
                "network_interface_id": "",
                "transit_gateway_id": "",
                "vpc_endpoint_id": "",
                "vpc_peering_connection_id": ""
              }
            ],
            "tags": {
              "Name": "bastion-public-route-table"
            },
            "tags_all": {
              "Name": "bastion-public-route-table"
            },
            "timeouts": null,
            "vpc_id": "vpc-00ce2d8f8e6ecb305"
          },
          "sensitive_attributes": [],
          "identity_schema_version": 0,
          "private": "eyJlMmJmYjczMC1lY2FhLTExZTYtOGY4OC0zNDM2M2JjN2M0YzAiOnsiY3JlYXRlIjozMDAwMDAwMDAwMDAsImRlbGV0ZSI6MzAwMDAwMDAwMDAwLCJ1cGRhdGUiOjEyMDAwMDAwMDAwMH19",
          "dependencies": [
            "data.aws_internet_gateway.default",
            "data.aws_vpc.default"
          ]
        }
      ]
    },
    {
      "mode": "managed",
      "type": "aws_route_table_association",
      "name": "bastion_igw_association",
      "provider": "provider[\"registry.terraform.io/hashicorp/aws\"]",
      "instances": [
        {
          "schema_version": 0,
          "attributes": {
            "gateway_id": "",
            "id": "rtbassoc-0d994f0e68cda0332",
            "route_table_id": "rtb-0749d84630ed47c21",
            "subnet_id": "subnet-0a37539e495043deb",
            "timeouts": null
          },
          "sensitive_attributes": [],
          "identity_schema_version": 0,
          "private": "eyJlMmJmYjczMC1lY2FhLTExZTYtOGY4OC0zNDM2M2JjN2M0YzAiOnsiY3JlYXRlIjozMDAwMDAwMDAwMDAsImRlbGV0ZSI6MzAwMDAwMDAwMDAwLCJ1cGRhdGUiOjEyMDAwMDAwMDAwMH19",
          "dependencies": [
            "aws_route_table.bastion_route_table",
            "aws_subnet.bastion_subnet",
            "data.aws_availability_zones.available",
            "data.aws_internet_gateway.default",
            "data.aws_vpc.default"
          ]
        }
      ]
    },
    {
      "mode": "managed",
      "type": "aws_security_group",
      "name": "bastion_sg",
      "provider": "provider[\"registry.terraform.io/hashicorp/aws\"]",
      "instances": [
        {
          "schema_version": 1,
          "attributes": {
            "arn": "arn:aws:ec2:us-east-2:857360184083:security-group/sg-07f631b6aeb37d86b",
            "description": "Security group for the bastion host",
            "egress": [
              {
                "cidr_blocks": [
                  "0.0.0.0/0"
                ],
                "description": "",
                "from_port": 0,
                "ipv6_cidr_blocks": [],
                "prefix_list_ids": [],
                "protocol": "-1",
                "security_groups": [],
                "self": false,
                "to_port": 0
              },
              {
                "cidr_blocks": [],
                "description": "",
                "from_port": 5432,
                "ipv6_cidr_blocks": [],
                "prefix_list_ids": [],
                "protocol": "tcp",
                "security_groups": [
                  "sg-0b98a1e54096ed585"
                ],
                "self": false,
                "to_port": 5432
              }
            ],
            "id": "sg-07f631b6aeb37d86b",
            "ingress": [
              {
                "cidr_blocks": [
                  "98.10.39.224/32"
                ],
                "description": "",
                "from_port": 22,
                "ipv6_cidr_blocks": [],
                "prefix_list_ids": [],
                "protocol": "tcp",
                "security_groups": [],
                "self": false,
                "to_port": 22
              }
            ],
            "name": "bastion-security-group",
            "name_prefix": "",
            "owner_id": "857360184083",
            "revoke_rules_on_delete": false,
            "tags": null,
            "tags_all": {},
            "timeouts": null,
            "vpc_id": "vpc-00ce2d8f8e6ecb305"
          },
          "sensitive_attributes": [],
          "identity_schema_version": 0,
          "private": "eyJlMmJmYjczMC1lY2FhLTExZTYtOGY4OC0zNDM2M2JjN2M0YzAiOnsiY3JlYXRlIjo2MDAwMDAwMDAwMDAsImRlbGV0ZSI6OTAwMDAwMDAwMDAwfSwic2NoZW1hX3ZlcnNpb24iOiIxIn0=",
          "dependencies": [
            "data.aws_security_group.default",
            "data.aws_vpc.default",
            "data.http.myip"
          ]
        }
      ]
    },
    {
      "mode": "managed",
      "type": "aws_security_group",
      "name": "bedrock_vpc_endpoint",
      "provider": "provider[\"registry.terraform.io/hashicorp/aws\"]",
      "instances": [
        {
          "schema_version": 1,
          "attributes": {
            "arn": "arn:aws:ec2:us-east-2:857360184083:security-group/sg-02576f57f4c3c968b",
            "description": "Security group for Bedrock VPC endpoint",
            "egress": [
              {
                "cidr_blocks": [
                  "0.0.0.0/0"
                ],
                "description": "Allow all outbound",
                "from_port": 0,
                "ipv6_cidr_blocks": [],
                "prefix_list_ids": [],
                "protocol": "-1",
                "security_groups": [],
                "self": false,
                "to_port": 0
              }
            ],
            "id": "sg-02576f57f4c3c968b",
            "ingress": [
              {
                "cidr_blocks": [],
                "description": "HTTPS from Lambda",
                "from_port": 443,
                "ipv6_cidr_blocks": [],
                "prefix_list_ids": [],
                "protocol": "tcp",
                "security_groups": [
                  "sg-0bd1fa78c58ba0495"
                ],
                "self": false,
                "to_port": 443
              }
            ],
            "name": "bedrock-vpc-endpoint-sg",
            "name_prefix": "",
            "owner_id": "857360184083",
            "revoke_rules_on_delete": false,
            "tags": {
              "Name": "bedrock-vpc-endpoint-sg"
            },
            "tags_all": {
              "Name": "bedrock-vpc-endpoint-sg"
            },
            "timeouts": null,
            "vpc_id": "vpc-00ce2d8f8e6ecb305"
          },
          "sensitive_attributes": [],
          "identity_schema_version": 0,
          "private": "eyJlMmJmYjczMC1lY2FhLTExZTYtOGY4OC0zNDM2M2JjN2M0YzAiOnsiY3JlYXRlIjo2MDAwMDAwMDAwMDAsImRlbGV0ZSI6OTAwMDAwMDAwMDAwfSwic2NoZW1hX3ZlcnNpb24iOiIxIn0=",
          "dependencies": [
            "aws_security_group.lambda_sg",
            "data.aws_vpc.default"
          ]
        }
      ]
    },
    {
      "mode": "managed",
      "type": "aws_security_group",
      "name": "lambda_sg",
      "provider": "provider[\"registry.terraform.io/hashicorp/aws\"]",
      "instances": [
        {
          "schema_version": 1,
          "attributes": {
            "arn": "arn:aws:ec2:us-east-2:857360184083:security-group/sg-0bd1fa78c58ba0495",
            "description": "Security group for Lambda functions",
            "egress": [
              {
                "cidr_blocks": [
                  "0.0.0.0/0"
                ],
                "description": "",
                "from_port": 0,
                "ipv6_cidr_blocks": [],
                "prefix_list_ids": [],
                "protocol": "-1",
                "security_groups": [],
                "self": false,
                "to_port": 0
              }
            ],
            "id": "sg-0bd1fa78c58ba0495",
            "ingress": [],
            "name": "lambda_sg",
            "name_prefix": "",
            "owner_id": "857360184083",
            "revoke_rules_on_delete": false,
            "tags": {},
            "tags_all": {},
            "timeouts": null,
            "vpc_id": "vpc-00ce2d8f8e6ecb305"
          },
          "sensitive_attributes": [],
          "identity_schema_version": 0,
          "private": "eyJlMmJmYjczMC1lY2FhLTExZTYtOGY4OC0zNDM2M2JjN2M0YzAiOnsiY3JlYXRlIjo2MDAwMDAwMDAwMDAsImRlbGV0ZSI6OTAwMDAwMDAwMDAwfSwic2NoZW1hX3ZlcnNpb24iOiIxIn0=",
          "dependencies": [
            "data.aws_vpc.default"
          ],
          "create_before_destroy": true
        }
      ]
    },
    {
      "mode": "managed",
      "type": "aws_security_group_rule",
      "name": "allow_bastion_to_rds",
      "provider": "provider[\"registry.terraform.io/hashicorp/aws\"]",
      "instances": [
        {
          "schema_version": 2,
          "attributes": {
            "cidr_blocks": null,
            "description": null,
            "from_port": 5432,
            "id": "sgrule-580084625",
            "ipv6_cidr_blocks": null,
            "prefix_list_ids": null,
            "protocol": "tcp",
            "security_group_id": "sg-0b98a1e54096ed585",
            "security_group_rule_id": "sgr-0ad04032b0369d2f9",
            "self": false,
            "source_security_group_id": "sg-07f631b6aeb37d86b",
            "timeouts": null,
            "to_port": 5432,
            "type": "ingress"
          },
          "sensitive_attributes": [],
          "identity_schema_version": 0,
          "private": "eyJlMmJmYjczMC1lY2FhLTExZTYtOGY4OC0zNDM2M2JjN2M0YzAiOnsiY3JlYXRlIjozMDAwMDAwMDAwMDB9LCJzY2hlbWFfdmVyc2lvbiI6IjIifQ==",
          "dependencies": [
            "aws_security_group.bastion_sg",
            "data.aws_security_group.default",
            "data.aws_vpc.default",
            "data.http.myip"
          ]
        }
      ]
    },
    {
      "mode": "managed",
      "type": "aws_security_group_rule",
      "name": "allow_lambda_to_rds",
      "provider": "provider[\"registry.terraform.io/hashicorp/aws\"]",
      "instances": [
        {
          "schema_version": 2,
          "attributes": {
            "cidr_blocks": null,
            "description": null,
            "from_port": 5432,
            "id": "sgrule-2700203219",
            "ipv6_cidr_blocks": null,
            "prefix_list_ids": null,
            "protocol": "tcp",
            "security_group_id": "sg-0b98a1e54096ed585",
            "security_group_rule_id": "sgr-04a8157666dc0e688",
            "self": false,
            "source_security_group_id": "sg-0bd1fa78c58ba0495",
            "timeouts": null,
            "to_port": 5432,
            "type": "ingress"
          },
          "sensitive_attributes": [],
          "identity_schema_version": 0,
          "private": "eyJlMmJmYjczMC1lY2FhLTExZTYtOGY4OC0zNDM2M2JjN2M0YzAiOnsiY3JlYXRlIjozMDAwMDAwMDAwMDB9LCJzY2hlbWFfdmVyc2lvbiI6IjIifQ==",
          "dependencies": [
            "aws_security_group.lambda_sg",
            "data.aws_security_group.default",
            "data.aws_vpc.default"
          ]
        }
      ]
    },
    {
      "mode": "managed",
      "type": "aws_subnet",
      "name": "bastion_subnet",
      "provider": "provider[\"registry.terraform.io/hashicorp/aws\"]",
      "instances": [
        {
          "schema_version": 1,
          "attributes": {
            "arn": "arn:aws:ec2:us-east-2:857360184083:subnet/subnet-0a37539e495043deb",
            "assign_ipv6_address_on_creation": false,
            "availability_zone": "us-east-2a",
            "availability_zone_id": "use2-az1",
            "cidr_block": "172.31.80.0/20",
            "customer_owned_ipv4_pool": "",
            "enable_dns64": false,
            "enable_lni_at_device_index": 0,
            "enable_resource_name_dns_a_record_on_launch": false,
            "enable_resource_name_dns_aaaa_record_on_launch": false,
            "id": "subnet-0a37539e495043deb",
            "ipv6_cidr_block": "",
            "ipv6_cidr_block_association_id": "",
            "ipv6_native": false,
            "map_customer_owned_ip_on_launch": false,
            "map_public_ip_on_launch": false,
            "outpost_arn": "",
            "owner_id": "857360184083",
            "private_dns_hostname_type_on_launch": "ip-name",
            "tags": {
              "Name": "bastion-public-subnet-1",
              "type": "public"
            },
            "tags_all": {
              "Name": "bastion-public-subnet-1",
              "type": "public"
            },
            "timeouts": null,
            "vpc_id": "vpc-00ce2d8f8e6ecb305"
          },
          "sensitive_attributes": [],
          "identity_schema_version": 0,
          "private": "eyJlMmJmYjczMC1lY2FhLTExZTYtOGY4OC0zNDM2M2JjN2M0YzAiOnsiY3JlYXRlIjo2MDAwMDAwMDAwMDAsImRlbGV0ZSI6MTIwMDAwMDAwMDAwMH0sInNjaGVtYV92ZXJzaW9uIjoiMSJ9",
          "dependencies": [
            "data.aws_availability_zones.available",
            "data.aws_vpc.default"
          ]
        }
      ]
    },
    {
      "mode": "managed",
      "type": "aws_subnet",
      "name": "private_subnet1",
      "provider": "provider[\"registry.terraform.io/hashicorp/aws\"]",
      "instances": [
        {
          "schema_version": 1,
          "attributes": {
            "arn": "arn:aws:ec2:us-east-2:857360184083:subnet/subnet-0db35c13edd7c98e9",
            "assign_ipv6_address_on_creation": false,
            "availability_zone": "us-east-2a",
            "availability_zone_id": "use2-az1",
            "cidr_block": "172.31.48.0/20",
            "customer_owned_ipv4_pool": "",
            "enable_dns64": false,
            "enable_lni_at_device_index": 0,
            "enable_resource_name_dns_a_record_on_launch": false,
            "enable_resource_name_dns_aaaa_record_on_launch": false,
            "id": "subnet-0db35c13edd7c98e9",
            "ipv6_cidr_block": "",
            "ipv6_cidr_block_association_id": "",
            "ipv6_native": false,
            "map_customer_owned_ip_on_launch": false,
            "map_public_ip_on_launch": false,
            "outpost_arn": "",
            "owner_id": "857360184083",
            "private_dns_hostname_type_on_launch": "ip-name",
            "tags": {
              "Name": "trackme-private-subnet-1",
              "type": "private"
            },
            "tags_all": {
              "Name": "trackme-private-subnet-1",
              "type": "private"
            },
            "timeouts": null,
            "vpc_id": "vpc-00ce2d8f8e6ecb305"
          },
          "sensitive_attributes": [],
          "identity_schema_version": 0,
          "private": "eyJlMmJmYjczMC1lY2FhLTExZTYtOGY4OC0zNDM2M2JjN2M0YzAiOnsiY3JlYXRlIjo2MDAwMDAwMDAwMDAsImRlbGV0ZSI6MTIwMDAwMDAwMDAwMH0sInNjaGVtYV92ZXJzaW9uIjoiMSJ9",
          "dependencies": [
            "data.aws_availability_zones.available",
            "data.aws_vpc.default"
          ],
          "create_before_destroy": true
        }
      ]
    },
    {
      "mode": "managed",
      "type": "aws_subnet",
      "name": "private_subnet2",
      "provider": "provider[\"registry.terraform.io/hashicorp/aws\"]",
      "instances": [
        {
          "schema_version": 1,
          "attributes": {
            "arn": "arn:aws:ec2:us-east-2:857360184083:subnet/subnet-09b6e632d01fcb525",
            "assign_ipv6_address_on_creation": false,
            "availability_zone": "us-east-2b",
            "availability_zone_id": "use2-az2",
            "cidr_block": "172.31.64.0/20",
            "customer_owned_ipv4_pool": "",
            "enable_dns64": false,
            "enable_lni_at_device_index": 0,
            "enable_resource_name_dns_a_record_on_launch": false,
            "enable_resource_name_dns_aaaa_record_on_launch": false,
            "id": "subnet-09b6e632d01fcb525",
            "ipv6_cidr_block": "",
            "ipv6_cidr_block_association_id": "",
            "ipv6_native": false,
            "map_customer_owned_ip_on_launch": false,
            "map_public_ip_on_launch": false,
            "outpost_arn": "",
            "owner_id": "857360184083",
            "private_dns_hostname_type_on_launch": "ip-name",
            "tags": {
              "Name": "trackme-private-subnet-2",
              "type": "private"
            },
            "tags_all": {
              "Name": "trackme-private-subnet-2",
              "type": "private"
            },
            "timeouts": null,
            "vpc_id": "vpc-00ce2d8f8e6ecb305"
          },
          "sensitive_attributes": [],
          "identity_schema_version": 0,
          "private": "eyJlMmJmYjczMC1lY2FhLTExZTYtOGY4OC0zNDM2M2JjN2M0YzAiOnsiY3JlYXRlIjo2MDAwMDAwMDAwMDAsImRlbGV0ZSI6MTIwMDAwMDAwMDAwMH0sInNjaGVtYV92ZXJzaW9uIjoiMSJ9",
          "dependencies": [
            "data.aws_availability_zones.available",
            "data.aws_vpc.default"
          ],
          "create_before_destroy": true
        }
      ]
    }
  ],
  "check_results": null
}
