{
  "version": 4,
  "terraform_version": "1.12.2",
  "serial": 2159,
  "lineage": "5aa0c656-ee90-4c87-1f03-c8b5ac9787c5",
  "outputs": {
    "api_gateway_url": {
      "value": "https://fyc4wanzoa.execute-api.us-east-2.amazonaws.com/prod",
      "type": "string"
    },
    "bastion_host_public_ip": {
      "value": "3.143.255.169",
      "type": "string"
    },
    "rds_endpoint": {
      "value": "trackmedb.c9goe0ioosh0.us-east-2.rds.amazonaws.com:5432",
      "type": "string"
    }
  },
  "resources": [
    {
      "mode": "data",
      "type": "archive_file",
      "name": "lambda_archives",
      "provider": "provider[\"registry.terraform.io/hashicorp/archive\"]",
      "instances": [
        {
          "index_key": "accept_athlete_request",
          "schema_version": 0,
          "attributes": {
            "exclude_symlink_directories": null,
            "excludes": null,
            "id": "28661158738705f5140ade3289a4e4e57f505baf",
            "output_base64sha256": "1Rv1ivpbOTy2KtrcDMF6sJf7mYqSlcrMsOO5MUPLZcI=",
            "output_base64sha512": "Wh6SkiCPCGqR/vTGpbcNHwitTgz8l0nmYmMs9rBvLYgv6nAbATe1mix4KQPI90Ga6t8Zk0RoIfpAM3/ERCeB4A==",
            "output_file_mode": null,
            "output_md5": "67d2d8e777f8262ac959bae9d7644432",
            "output_path": "./../Server/lambdas/coach/zips/accept_athlete_request.zip",
            "output_sha": "28661158738705f5140ade3289a4e4e57f505baf",
            "output_sha256": "d51bf58afa5b393cb62adadc0cc17ab097fb998a9295caccb0e3b93143cb65c2",
            "output_sha512": "5a1e9292208f086a91fef4c6a5b70d1f08ad4e0cfc9749e662632cf6b06f2d882fea701b0137b59a2c782903c8f7419aeadf1993446821fa40337fc4442781e0",
            "output_size": 2197,
            "source": [],
            "source_content": null,
            "source_content_filename": null,
            "source_dir": "./../Server/lambdas/coach/accept_athlete_request",
            "source_file": null,
            "type": "zip"
          },
          "sensitive_attributes": [],
          "identity_schema_version": 0
        },
        {
          "index_key": "accept_coach_invite",
          "schema_version": 0,
          "attributes": {
            "exclude_symlink_directories": null,
            "excludes": null,
            "id": "b73fa62f498b59b9f252d1f25b926ccfc4555618",
            "output_base64sha256": "shtSB2FvDjagAlLUOi2CFvxvzxJoQjeI1REiXxtiqsE=",
            "output_base64sha512": "E1JWvudfjmeFf6SyylrGvB6SGjsWRgZGcBzF28XOJ+JqLqBE6dpyjcity9pmwxrw7FTKw0P/ya+SZY0D+5t4fw==",
            "output_file_mode": null,
            "output_md5": "4bc0c935739916dd4859774e948e6eb9",
            "output_path": "./../Server/lambdas/athlete/zips/accept_coach_invite.zip",
            "output_sha": "b73fa62f498b59b9f252d1f25b926ccfc4555618",
            "output_sha256": "b21b5207616f0e36a00252d43a2d8216fc6fcf1268423788d511225f1b62aac1",
            "output_sha512": "135256bee75f8e67857fa4b2ca5ac6bc1e921a3b16460646701cc5dbc5ce27e26a2ea044e9da728dc8adcbda66c31af0ec54cac343ffc9af92658d03fb9b787f",
            "output_size": 2177,
            "source": [],
            "source_content": null,
            "source_content_filename": null,
            "source_dir": "./../Server/lambdas/athlete/accept_coach_invite",
            "source_file": null,
            "type": "zip"
          },
          "sensitive_attributes": [],
          "identity_schema_version": 0
        },
        {
          "index_key": "add_athlete_to_group",
          "schema_version": 0,
          "attributes": {
            "exclude_symlink_directories": null,
            "excludes": null,
            "id": "cf3f732bf1dc838e2982765bb016051b07c7cc43",
            "output_base64sha256": "FnNBbDLog8iVQm3/pCoJX4lA3BHaGxvzwMQdR2Fgy8Q=",
            "output_base64sha512": "NXGX9HWk2IS4P8gV92qUgtkEW7UZoXeBOjyd+lHdjuyOiH2e/8lo1kFZEnk+tc6d3kIAypB24+i+aNAANKVR0g==",
            "output_file_mode": null,
            "output_md5": "688636b27cbe36e7b740ecbb367da020",
            "output_path": "./../Server/lambdas/coach/zips/add_athlete_to_group.zip",
            "output_sha": "cf3f732bf1dc838e2982765bb016051b07c7cc43",
            "output_sha256": "1673416c32e883c895426dffa42a095f8940dc11da1b1bf3c0c41d476160cbc4",
            "output_sha512": "357197f475a4d884b83fc815f76a9482d9045bb519a177813a3c9dfa51dd8eec8e887d9effc968d6415912793eb5ce9dde4200ca9076e3e8be68d00034a551d2",
            "output_size": 2692,
            "source": [],
            "source_content": null,
            "source_content_filename": null,
            "source_dir": "./../Server/lambdas/coach/add_athlete_to_group",
            "source_file": null,
            "type": "zip"
          },
          "sensitive_attributes": [],
          "identity_schema_version": 0
        },
        {
          "index_key": "assign_group_workout",
          "schema_version": 0,
          "attributes": {
            "exclude_symlink_directories": null,
            "excludes": null,
            "id": "ec42aee56eafc1f1bfd7efaf277459047beb7f53",
            "output_base64sha256": "KCC7XoCrdkMZUdxmckeWaTB7P62razyoIv4fR2MF4u0=",
            "output_base64sha512": "VzwqNFL0ClavLoSKjrIzBNSw1gYZPgG4wumzSfDVgCMPK+S7jY0d6vV+jovRhHnid9h9bwEtFnlqN/475r6aFA==",
            "output_file_mode": null,
            "output_md5": "3bc040b531021d478f344d93821fea4e",
            "output_path": "./../Server/lambdas/coach/zips/assign_group_workout.zip",
            "output_sha": "ec42aee56eafc1f1bfd7efaf277459047beb7f53",
            "output_sha256": "2820bb5e80ab76431951dc6672479669307b3fadab6b3ca822fe1f476305e2ed",
            "output_sha512": "573c2a3452f40a56af2e848a8eb23304d4b0d606193e01b8c2e9b349f0d580230f2be4bb8d8d1deaf57e8e8bd18479e277d87d6f012d16796a37fe3be6be9a14",
            "output_size": 3463,
            "source": [],
            "source_content": null,
            "source_content_filename": null,
            "source_dir": "./../Server/lambdas/coach/assign_group_workout",
            "source_file": null,
            "type": "zip"
          },
          "sensitive_attributes": [],
          "identity_schema_version": 0
        },
        {
          "index_key": "assign_group_workout_template",
          "schema_version": 0,
          "attributes": {
            "exclude_symlink_directories": null,
            "excludes": null,
            "id": "0eccfb6f5cc81c74cff26d48b672a1580db8e896",
            "output_base64sha256": "ZpS5TH9XrmNYZvxt0FHvtBic1bAShwAT3/Utn0OOPgA=",
            "output_base64sha512": "ezJQdHcRlxET9aZXz6zg6HBCTgNYdDF2V7vpmu36cYt+smm0qA13kFfKlFPyN19CqGAkbUMZA3ubcMSVjd5GmA==",
            "output_file_mode": null,
            "output_md5": "5f4926098836bfe3adfae080cd25964a",
            "output_path": "./../Server/lambdas/coach/zips/assign_group_workout_template.zip",
            "output_sha": "0eccfb6f5cc81c74cff26d48b672a1580db8e896",
            "output_sha256": "6694b94c7f57ae635866fc6dd051efb4189cd5b012870013dff52d9f438e3e00",
            "output_sha512": "7b3250747711971113f5a657cface0e870424e035874317657bbe99aedfa718b7eb269b4a80d779057ca9453f2375f42a860246d4319037b9b70c4958dde4698",
            "output_size": 3773,
            "source": [],
            "source_content": null,
            "source_content_filename": null,
            "source_dir": "./../Server/lambdas/coach/assign_group_workout_template",
            "source_file": null,
            "type": "zip"
          },
          "sensitive_attributes": [],
          "identity_schema_version": 0
        },
        {
          "index_key": "create_athlete",
          "schema_version": 0,
          "attributes": {
            "exclude_symlink_directories": null,
            "excludes": null,
            "id": "74fcbf3c19a69aa355fbba523a7c9640d712786b",
            "output_base64sha256": "43AdzdhQ3KKr3+QGGj0H6Hl9kunmq7VGcnh6wAylCdQ=",
            "output_base64sha512": "yxdT/mc27WRQg9sQRz/LE4utF5zQP2Su5DTICo44tzXTypP0Au+dl4cCXRuYoAbbLBPL1xMBRLJAaFavocEKeg==",
            "output_file_mode": null,
            "output_md5": "28cf680dcd478eb9ad3e51d407188877",
            "output_path": "./../Server/lambdas/athlete/zips/create_athlete.zip",
            "output_sha": "74fcbf3c19a69aa355fbba523a7c9640d712786b",
            "output_sha256": "e3701dcdd850dca2abdfe4061a3d07e8797d92e9e6abb54672787ac00ca509d4",
            "output_sha512": "cb1753fe6736ed645083db10473fcb138bad179cd03f64aee434c80a8e38b735d3ca93f402ef9d9787025d1b98a006db2c13cbd7130144b2406856afa1c10a7a",
            "output_size": 2111,
            "source": [],
            "source_content": null,
            "source_content_filename": null,
            "source_dir": "./../Server/lambdas/athlete/create_athlete",
            "source_file": null,
            "type": "zip"
          },
          "sensitive_attributes": [],
          "identity_schema_version": 0
        },
        {
          "index_key": "create_coach",
          "schema_version": 0,
          "attributes": {
            "exclude_symlink_directories": null,
            "excludes": null,
            "id": "99a49f90796f6df8e73cf14b11d064682cdb5f73",
            "output_base64sha256": "97psz+EJIP+5n81jNh6EtlA7NPgMKj333nTtPcPt+i8=",
            "output_base64sha512": "CEzodd4oUCRBVAavo4WyvI2lulCvDdtI7VmXOzSeyU68eQ3O4ocN1ErbWNnNQcAI8T1k4XBk3BbOrDZfr7hQOQ==",
            "output_file_mode": null,
            "output_md5": "2482452afb8232244eb2bc764d273e83",
            "output_path": "./../Server/lambdas/coach/zips/create_coach.zip",
            "output_sha": "99a49f90796f6df8e73cf14b11d064682cdb5f73",
            "output_sha256": "f7ba6ccfe10920ffb99fcd63361e84b6503b34f80c2a3df7de74ed3dc3edfa2f",
            "output_sha512": "084ce875de285024415406afa385b2bc8da5ba50af0ddb48ed59973b349ec94ebc790dcee2870dd44adb58d9cd41c008f13d64e17064dc16ceac365fafb85039",
            "output_size": 2132,
            "source": [],
            "source_content": null,
            "source_content_filename": null,
            "source_dir": "./../Server/lambdas/coach/create_coach",
            "source_file": null,
            "type": "zip"
          },
          "sensitive_attributes": [],
          "identity_schema_version": 0
        },
        {
          "index_key": "create_group",
          "schema_version": 0,
          "attributes": {
            "exclude_symlink_directories": null,
            "excludes": null,
            "id": "4b2a4c7d56c9cbb7cc8a737b759546d8d1653a9c",
            "output_base64sha256": "Z5JJ6WqN0vDtONykflTA/BJItxHcbahYpXAWcieVXqw=",
            "output_base64sha512": "YbcW4o+MVAcD+7DCJCQAIjGRPk5UqT7IPqOsVm+zW+viNvstv0BE7dpufUKJ8qoAWD6pWfPDO7mMZTLWUmCklg==",
            "output_file_mode": null,
            "output_md5": "18e5b041654048b8072c8b4628678bcb",
            "output_path": "./../Server/lambdas/coach/zips/create_group.zip",
            "output_sha": "4b2a4c7d56c9cbb7cc8a737b759546d8d1653a9c",
            "output_sha256": "679249e96a8dd2f0ed38dca47e54c0fc1248b711dc6da858a570167227955eac",
            "output_sha512": "61b716e28f8c540703fbb0c22424002231913e4e54a93ec83ea3ac566fb35bebe236fb2dbf4044edda6e7d4289f2aa00583ea959f3c33bb98c6532d65260a496",
            "output_size": 2851,
            "source": [],
            "source_content": null,
            "source_content_filename": null,
            "source_dir": "./../Server/lambdas/coach/create_group",
            "source_file": null,
            "type": "zip"
          },
          "sensitive_attributes": [],
          "identity_schema_version": 0
        },
        {
          "index_key": "create_workout_template",
          "schema_version": 0,
          "attributes": {
            "exclude_symlink_directories": null,
            "excludes": null,
            "id": "5f2e5290f88d5028af756946ec999e321381b76d",
            "output_base64sha256": "jCUdgrSgQym4atuCfxRL3qHFHOWO1xGWf32dRPRM+aE=",
            "output_base64sha512": "F65ZYDOteJKqvkfhNyRZUbf3SgQN0gOmMFBh4wYSwZ9E6XG6RoAEeDlYeWSEgkQLHEiJj1byo8j7piW11Tqbuw==",
            "output_file_mode": null,
            "output_md5": "34b4b565eff0438b22654cb534cd974c",
            "output_path": "./../Server/lambdas/coach/zips/create_workout_template.zip",
            "output_sha": "5f2e5290f88d5028af756946ec999e321381b76d",
            "output_sha256": "8c251d82b4a04329b86adb827f144bdea1c51ce58ed711967f7d9d44f44cf9a1",
            "output_sha512": "17ae596033ad7892aabe47e137245951b7f74a040dd203a6305061e30612c19f44e971ba46800478395879648482440b1c48898f56f2a3c8fba625b5d53a9bbb",
            "output_size": 4089,
            "source": [],
            "source_content": null,
            "source_content_filename": null,
            "source_dir": "./../Server/lambdas/coach/create_workout_template",
            "source_file": null,
            "type": "zip"
          },
          "sensitive_attributes": [],
          "identity_schema_version": 0
        },
        {
          "index_key": "decline_athlete_request",
          "schema_version": 0,
          "attributes": {
            "exclude_symlink_directories": null,
            "excludes": null,
            "id": "acb112b2acb6790396d4bf1f5b30f9eba04a5c92",
            "output_base64sha256": "FG1PV16j08xTHpekQfWoy4AZC7JDnlyNQxyluZfYK1s=",
            "output_base64sha512": "+A7WfgIOTiJyrgr9zNABZZWYN2ocwTEERG+Hn447dzq/KhSgNCsItG6dv69nqvFCnzIbUT5aqZZjql3rPxtbdg==",
            "output_file_mode": null,
            "output_md5": "1bc3433a9c976c94d53fd14446061ab9",
            "output_path": "./../Server/lambdas/coach/zips/decline_athlete_request.zip",
            "output_sha": "acb112b2acb6790396d4bf1f5b30f9eba04a5c92",
            "output_sha256": "146d4f575ea3d3cc531e97a441f5a8cb80190bb2439e5c8d431ca5b997d82b5b",
            "output_sha512": "f80ed67e020e4e2272ae0afdccd001659598376a1cc13104446f879f8e3b773abf2a14a0342b08b46e9dbfaf67aaf1429f321b513e5aa99663aa5deb3f1b5b76",
            "output_size": 2079,
            "source": [],
            "source_content": null,
            "source_content_filename": null,
            "source_dir": "./../Server/lambdas/coach/decline_athlete_request",
            "source_file": null,
            "type": "zip"
          },
          "sensitive_attributes": [],
          "identity_schema_version": 0
        },
        {
          "index_key": "decline_coach_invite",
          "schema_version": 0,
          "attributes": {
            "exclude_symlink_directories": null,
            "excludes": null,
            "id": "a27e6d9c700713dcfbfcb791f56e37c63d49d19e",
            "output_base64sha256": "wa0bR02at6U+b5r0sn4LXrUeOnXf5UZnU4rl3y1hL4c=",
            "output_base64sha512": "iU/gbwKltwQxYVts3OEdIkTggdb4cZvfy9ZMuPl2p54NF3Y2oYuyRwsNTvkr0x+piNM0gENeBIT/CIDvmiYu3Q==",
            "output_file_mode": null,
            "output_md5": "51f40ca20d40bc9829433d5411eb942a",
            "output_path": "./../Server/lambdas/athlete/zips/decline_coach_invite.zip",
            "output_sha": "a27e6d9c700713dcfbfcb791f56e37c63d49d19e",
            "output_sha256": "c1ad1b474d9ab7a53e6f9af4b27e0b5eb51e3a75dfe54667538ae5df2d612f87",
            "output_sha512": "894fe06f02a5b70431615b6cdce11d2244e081d6f8719bdfcbd64cb8f976a79e0d177636a18bb2470b0d4ef92bd31fa988d33480435e0484ff0880ef9a262edd",
            "output_size": 2062,
            "source": [],
            "source_content": null,
            "source_content_filename": null,
            "source_dir": "./../Server/lambdas/athlete/decline_coach_invite",
            "source_file": null,
            "type": "zip"
          },
          "sensitive_attributes": [],
          "identity_schema_version": 0
        },
        {
          "index_key": "delete_group",
          "schema_version": 0,
          "attributes": {
            "exclude_symlink_directories": null,
            "excludes": null,
            "id": "543f64213a21e30392d317a52af2a3fc9213664a",
            "output_base64sha256": "7hvNKwfUpOqB1wc4SA4OEnzUAD/Urvmojqj/1WXZlrI=",
            "output_base64sha512": "lx69JjOUvcbNw4ijrrbPpHeTkLWcg4rct/6D4NrkCbo37zAS5Xw41JYK1lbY4lDen/tilc3LKq2LwmnypipaBA==",
            "output_file_mode": null,
            "output_md5": "d97d25fa8e75bf33ff55546d4e45a462",
            "output_path": "./../Server/lambdas/coach/zips/delete_group.zip",
            "output_sha": "543f64213a21e30392d317a52af2a3fc9213664a",
            "output_sha256": "ee1bcd2b07d4a4ea81d70738480e0e127cd4003fd4aef9a88ea8ffd565d996b2",
            "output_sha512": "971ebd263394bdc6cdc388a3aeb6cfa4779390b59c838adcb7fe83e0dae409ba37ef3012e57c38d4960ad656d8e250de9ffb6295cdcb2aad8bc269f2a62a5a04",
            "output_size": 2034,
            "source": [],
            "source_content": null,
            "source_content_filename": null,
            "source_dir": "./../Server/lambdas/coach/delete_group",
            "source_file": null,
            "type": "zip"
          },
          "sensitive_attributes": [],
          "identity_schema_version": 0
        },
        {
          "index_key": "delete_group_workout",
          "schema_version": 0,
          "attributes": {
            "exclude_symlink_directories": null,
            "excludes": null,
            "id": "1f6d837daebc0324e96aa84cbb0154de8fef3c52",
            "output_base64sha256": "R1O9VzS8//Eqy443g7ywNeG5SR9QStiGsSZy5zpUqBc=",
            "output_base64sha512": "NrHJ5ijtC4EHq0dPO0mups6foZcyeGcaLJ8ZB24eYuEheFwgLo9fxhmDSPbcXvXvK4kG9VSfsLavSwQvovvhkg==",
            "output_file_mode": null,
            "output_md5": "4e01da26b6fb705afb50a91f9ff5e3c2",
            "output_path": "./../Server/lambdas/coach/zips/delete_group_workout.zip",
            "output_sha": "1f6d837daebc0324e96aa84cbb0154de8fef3c52",
            "output_sha256": "4753bd5734bcfff12acb8e3783bcb035e1b9491f504ad886b12672e73a54a817",
            "output_sha512": "36b1c9e628ed0b8107ab474f3b49aea6ce9fa1973278671a2c9f19076e1e62e121785c202e8f5fc6198348f6dc5ef5ef2b8906f5549fb0b6af4b042fa2fbe192",
            "output_size": 2103,
            "source": [],
            "source_content": null,
            "source_content_filename": null,
            "source_dir": "./../Server/lambdas/coach/delete_group_workout",
            "source_file": null,
            "type": "zip"
          },
          "sensitive_attributes": [],
          "identity_schema_version": 0
        },
        {
          "index_key": "delete_workout_template",
          "schema_version": 0,
          "attributes": {
            "exclude_symlink_directories": null,
            "excludes": null,
            "id": "78c36cff9630024de94ebc9fefd30ba789855af7",
            "output_base64sha256": "gwt578nhbJheY8myiO4cqXDd9eiYQ7tNWICYxr6grOA=",
            "output_base64sha512": "f4FdpepeuuFEJXBoho8Az/nAzZkaTl2DQ8zm3eA37Xx4b27JIEIGW4I/ygZz1ZChuir542DnLzlejG6qls5UMA==",
            "output_file_mode": null,
            "output_md5": "95bf6f0d6ee30940d7a96d096187206d",
            "output_path": "./../Server/lambdas/coach/zips/delete_workout_template.zip",
            "output_sha": "78c36cff9630024de94ebc9fefd30ba789855af7",
            "output_sha256": "830b79efc9e16c985e63c9b288ee1ca970ddf5e89843bb4d588098c6bea0ace0",
            "output_sha512": "7f815da5ea5ebae144257068868f00cff9c0cd991a4e5d8343cce6dde037ed7c786f6ec92042065b823fca0673d590a1ba2af9e360e72f395e8c6eaa96ce5430",
            "output_size": 3177,
            "source": [],
            "source_content": null,
            "source_content_filename": null,
            "source_dir": "./../Server/lambdas/coach/delete_workout_template",
            "source_file": null,
            "type": "zip"
          },
          "sensitive_attributes": [],
          "identity_schema_version": 0
        },
        {
          "index_key": "fetch_historical_data",
          "schema_version": 0,
          "attributes": {
            "exclude_symlink_directories": null,
            "excludes": null,
            "id": "a63bc7db62364c506c96b3d7ed063c53586acf98",
            "output_base64sha256": "fuuvN2qHCbpsruRWSZo3/cEaxKiKr7KYJ45rHD/NMNU=",
            "output_base64sha512": "bjoJXpawrXT0zBAqj3AI9VjT5PgGl76jujhJZL7AvEd0mVIEFjv8G1Nn0TopAtBSUkEoBakrXUHD1S0+SODuLQ==",
            "output_file_mode": null,
            "output_md5": "e73a253054f4908a1e3904c0a40488fd",
            "output_path": "./../Server/lambdas/coach/zips/fetch_historical_data.zip",
            "output_sha": "a63bc7db62364c506c96b3d7ed063c53586acf98",
            "output_sha256": "7eebaf376a8709ba6caee456499a37fdc11ac4a88aafb298278e6b1c3fcd30d5",
            "output_sha512": "6e3a095e96b0ad74f4cc102a8f7008f558d3e4f80697bea3ba384964bec0bc4774995204163bfc1b5367d13a2902d05252412805a92b5d41c3d52d3e48e0ee2d",
            "output_size": 3163,
            "source": [],
            "source_content": null,
            "source_content_filename": null,
            "source_dir": "./../Server/lambdas/coach/fetch_historical_data",
            "source_file": null,
            "type": "zip"
          },
          "sensitive_attributes": [],
          "identity_schema_version": 0
        },
        {
          "index_key": "get_absent_group_athletes",
          "schema_version": 0,
          "attributes": {
            "exclude_symlink_directories": null,
            "excludes": null,
            "id": "80980f24843b5eca44eb0c19a44eb5e11e19cda0",
            "output_base64sha256": "neAD8CSnPQWYl7ndE8OOdD/nobJQLzJ3F5SpO6ePd18=",
            "output_base64sha512": "/BRnrKV3QdSOUoPxL6kixh5xWP6CnU55DfgYdM/wfCEu8RcKaO6v+olcDLdfL2G0P2PARhRW7EKRO9//MvsJQg==",
            "output_file_mode": null,
            "output_md5": "6ead64716637af428045b9ed3ee0a8a7",
            "output_path": "./../Server/lambdas/coach/zips/get_absent_group_athletes.zip",
            "output_sha": "80980f24843b5eca44eb0c19a44eb5e11e19cda0",
            "output_sha256": "9de003f024a73d059897b9dd13c38e743fe7a1b2502f32771794a93ba78f775f",
            "output_sha512": "fc1467aca57741d48e5283f12fa922c61e7158fe829d4e790df81874cff07c212ef1170a68eeaffa895c0cb75f2f61b43f63c0461456ec42913bdfff32fb0942",
            "output_size": 2259,
            "source": [],
            "source_content": null,
            "source_content_filename": null,
            "source_dir": "./../Server/lambdas/coach/get_absent_group_athletes",
            "source_file": null,
            "type": "zip"
          },
          "sensitive_attributes": [],
          "identity_schema_version": 0
        },
        {
          "index_key": "get_athletes",
          "schema_version": 0,
          "attributes": {
            "exclude_symlink_directories": null,
            "excludes": null,
            "id": "8f5ffd6abb7aa01241b96c121dcf480f11b1cf86",
            "output_base64sha256": "K+yf2ofwUgd9khLs7GWIdI/mleNZ5fE8flcBKnvs8Pc=",
            "output_base64sha512": "f/c/+LmJj2F+eYBSEo55VGF8V5eiaO+QsoxiPoQ5ihtvHAio4ss50dnkJeRTdO+BtY/ak6mOFZ3Z9oa0/sPwuw==",
            "output_file_mode": null,
            "output_md5": "880a963823cb038b32b0cbc191511fa8",
            "output_path": "./../Server/lambdas/coach/zips/get_athletes.zip",
            "output_sha": "8f5ffd6abb7aa01241b96c121dcf480f11b1cf86",
            "output_sha256": "2bec9fda87f052077d9212ecec6588748fe695e359e5f13c7e57012a7becf0f7",
            "output_sha512": "7ff73ff8b9898f617e798052128e7954617c5797a268ef90b28c623e84398a1b6f1c08a8e2cb39d1d9e425e45374ef81b58fda93a98e159dd9f686b4fec3f0bb",
            "output_size": 2041,
            "source": [],
            "source_content": null,
            "source_content_filename": null,
            "source_dir": "./../Server/lambdas/coach/get_athletes",
            "source_file": null,
            "type": "zip"
          },
          "sensitive_attributes": [],
          "identity_schema_version": 0
        },
        {
          "index_key": "get_athletes_for_group",
          "schema_version": 0,
          "attributes": {
            "exclude_symlink_directories": null,
            "excludes": null,
            "id": "227eef226558cc7f17bc1732896763df1d1dcb48",
            "output_base64sha256": "PORg7fJJptuGDOujyr/SF6vkTQiWxW7wjFkNVQqPNXk=",
            "output_base64sha512": "WDCU4u3riO0t6vOpGtT6IBtkBAYIfLRqnQ8QzKFm5c50jqccM7g+pCj5QtmWe1Da4s2eT9q4X35W1Fp6MMqDcA==",
            "output_file_mode": null,
            "output_md5": "4bc826382ec3ca8c15eddcdf4a22fc3b",
            "output_path": "./../Server/lambdas/general/zips/get_athletes_for_group.zip",
            "output_sha": "227eef226558cc7f17bc1732896763df1d1dcb48",
            "output_sha256": "3ce460edf249a6db860ceba3cabfd217abe44d0896c56ef08c590d550a8f3579",
            "output_sha512": "583094e2edeb88ed2deaf3a91ad4fa201b640406087cb46a9d0f10cca166e5ce748ea71c33b83ea428f942d9967b50dae2cd9e4fdab85f7e56d45a7a30ca8370",
            "output_size": 2093,
            "source": [],
            "source_content": null,
            "source_content_filename": null,
            "source_dir": "./../Server/lambdas/general/get_athletes_for_group",
            "source_file": null,
            "type": "zip"
          },
          "sensitive_attributes": [],
          "identity_schema_version": 0
        },
        {
          "index_key": "get_available_history_dates",
          "schema_version": 0,
          "attributes": {
            "exclude_symlink_directories": null,
            "excludes": null,
            "id": "4e67f393dc01d678ce7e7c0d552cd973d2fee54d",
            "output_base64sha256": "awS28KT/J8Ghd5BUNdk2L1Qyn71tZp4EUu31isOh7W4=",
            "output_base64sha512": "QeuvqdAYmBR9MqneCFKJ4pj3C732XuipFZevARBHQO6J66QEJyoaPLoB7Lk2wK7FCIPkWUIfgFJmCQg3HVr2wg==",
            "output_file_mode": null,
            "output_md5": "4b9ca64285ea642ce867beac1c01b7dc",
            "output_path": "./../Server/lambdas/coach/zips/get_available_history_dates.zip",
            "output_sha": "4e67f393dc01d678ce7e7c0d552cd973d2fee54d",
            "output_sha256": "6b04b6f0a4ff27c1a177905435d9362f54329fbd6d669e0452edf58ac3a1ed6e",
            "output_sha512": "41ebafa9d01898147d32a9de085289e298f70bbdf65ee8a91597af01104740ee89eba404272a1a3cba01ecb936c0aec50883e459421f8052660908371d5af6c2",
            "output_size": 2631,
            "source": [],
            "source_content": null,
            "source_content_filename": null,
            "source_dir": "./../Server/lambdas/coach/get_available_history_dates",
            "source_file": null,
            "type": "zip"
          },
          "sensitive_attributes": [],
          "identity_schema_version": 0
        },
        {
          "index_key": "get_coach_invites",
          "schema_version": 0,
          "attributes": {
            "exclude_symlink_directories": null,
            "excludes": null,
            "id": "fd0224c55bb7bb35f38ee46e440c92e4962c00f6",
            "output_base64sha256": "nwwYs0LG0zG9Beb0ghzW65QLh0SX1zLF3PEfHdUcfS4=",
            "output_base64sha512": "7MBQ/H+uT13AmbpLQkNnCcjEoAo3EdFJK3bWQMWbjJfXP5/SU/oV8bSwwtBWGcMBFJn+uuhGWpZLp4FoDMvHHg==",
            "output_file_mode": null,
            "output_md5": "5afca91283e660ce7619c0902c2debd6",
            "output_path": "./../Server/lambdas/athlete/zips/get_coach_invites.zip",
            "output_sha": "fd0224c55bb7bb35f38ee46e440c92e4962c00f6",
            "output_sha256": "9f0c18b342c6d331bd05e6f4821cd6eb940b874497d732c5dcf11f1dd51c7d2e",
            "output_sha512": "ecc050fc7fae4f5dc099ba4b42436709c8c4a00a3711d1492b76d640c59b8c97d73f9fd253fa15f1b4b0c2d05619c3011499febae8465a964ba781680ccbc71e",
            "output_size": 3090,
            "source": [],
            "source_content": null,
            "source_content_filename": null,
            "source_dir": "./../Server/lambdas/athlete/get_coach_invites",
            "source_file": null,
            "type": "zip"
          },
          "sensitive_attributes": [],
          "identity_schema_version": 0
        },
        {
          "index_key": "get_coaches",
          "schema_version": 0,
          "attributes": {
            "exclude_symlink_directories": null,
            "excludes": null,
            "id": "7c0a17c18dac045d6ad23e5e4311bf8ea98c658b",
            "output_base64sha256": "DMxPWw+iO/BeAUHHDS9rWAET+ZuOxJGqANif25OsqD4=",
            "output_base64sha512": "e6N2fu9Oj69Eni3R0Po67MWhvfLMMIw3omEhor4pDzkxgpYuk+R5q1pzGNIfSz532Z+AmVzpqVpeoxSgkLJFng==",
            "output_file_mode": null,
            "output_md5": "fc509f460354434693ac624c58229999",
            "output_path": "./../Server/lambdas/athlete/zips/get_coaches.zip",
            "output_sha": "7c0a17c18dac045d6ad23e5e4311bf8ea98c658b",
            "output_sha256": "0ccc4f5b0fa23bf05e0141c70d2f6b580113f99b8ec491aa00d89fdb93aca83e",
            "output_sha512": "7ba3767eef4e8faf449e2dd1d0fa3aecc5a1bdf2cc308c37a26121a2be290f393182962e93e479ab5a7318d21f4b3e77d99f80995ce9a95a5ea314a090b2459e",
            "output_size": 1997,
            "source": [],
            "source_content": null,
            "source_content_filename": null,
            "source_dir": "./../Server/lambdas/athlete/get_coaches",
            "source_file": null,
            "type": "zip"
          },
          "sensitive_attributes": [],
          "identity_schema_version": 0
        },
        {
          "index_key": "get_group_workout",
          "schema_version": 0,
          "attributes": {
            "exclude_symlink_directories": null,
            "excludes": null,
            "id": "e1d7c380e3cbe5039791d6ec93350cae19455988",
            "output_base64sha256": "WOY4DmJmtKYxPljPgzHE0K+TpdFOYtTMfYiE9rLhgq8=",
            "output_base64sha512": "RjB3dqEjdmiJYz2n/+wDBIaz85h9sf4C6fAWbh9Exs8qW40VB3IADG5Nv32bKQoEzp8VIi7Owgq5o7n4mC+SzQ==",
            "output_file_mode": null,
            "output_md5": "597af3c0358ae96d344818b15f2d72b8",
            "output_path": "./../Server/lambdas/general/zips/get_group_workout.zip",
            "output_sha": "e1d7c380e3cbe5039791d6ec93350cae19455988",
            "output_sha256": "58e6380e6266b4a6313e58cf8331c4d0af93a5d14e62d4cc7d8884f6b2e182af",
            "output_sha512": "46307776a123766889633da7ffec030486b3f3987db1fe02e9f0166e1f44c6cf2a5b8d150772000c6e4dbf7d9b290a04ce9f15222ecec20ab9a3b9f8982f92cd",
            "output_size": 2587,
            "source": [],
            "source_content": null,
            "source_content_filename": null,
            "source_dir": "./../Server/lambdas/general/get_group_workout",
            "source_file": null,
            "type": "zip"
          },
          "sensitive_attributes": [],
          "identity_schema_version": 0
        },
        {
          "index_key": "get_groups",
          "schema_version": 0,
          "attributes": {
            "exclude_symlink_directories": null,
            "excludes": null,
            "id": "96a30932b400dbb8ddfaf6a95cab70889dbec71b",
            "output_base64sha256": "+G5fozYa2ZL9KqV81Qq7ZvjtXT0PJkOitxu7sj1uE60=",
            "output_base64sha512": "e2AxbzMNmkaoAnFDDAGS2GHXkpQIjcNUdy3xwxdvKmuyqybqtV7F27spBUA9GCGu4zbQRSnj9fr2z6rzO3MIPQ==",
            "output_file_mode": null,
            "output_md5": "309d625fa70b3da271761076d25f7533",
            "output_path": "./../Server/lambdas/general/zips/get_groups.zip",
            "output_sha": "96a30932b400dbb8ddfaf6a95cab70889dbec71b",
            "output_sha256": "f86e5fa3361ad992fd2aa57cd50abb66f8ed5d3d0f2643a2b71bbbb23d6e13ad",
            "output_sha512": "7b60316f330d9a46a80271430c0192d861d79294088dc354772df1c3176f2a6bb2ab26eab55ec5dbbb2905403d1821aee336d04529e3f5faf6cfaaf33b73083d",
            "output_size": 2255,
            "source": [],
            "source_content": null,
            "source_content_filename": null,
            "source_dir": "./../Server/lambdas/general/get_groups",
            "source_file": null,
            "type": "zip"
          },
          "sensitive_attributes": [],
          "identity_schema_version": 0
        },
        {
          "index_key": "get_pending_proposals",
          "schema_version": 0,
          "attributes": {
            "exclude_symlink_directories": null,
            "excludes": null,
            "id": "e0d5b7a9b77e691985a2e45972b0381ac3765499",
            "output_base64sha256": "3o5gLiyNhNns87yNWs9XUekNrCIE4b6N8XB2YTnC+2M=",
            "output_base64sha512": "as9NoJ23sTlIzeQntiJY+CEL4igfQBtbs8INcJHJ3HsaQPEPOp6x2t2YNvCRt3mWaSofhKYciZXt3jtfbqWJRA==",
            "output_file_mode": null,
            "output_md5": "fe2bec925d5992a3267e65d01e7830db",
            "output_path": "./../Server/lambdas/general/zips/get_pending_proposals.zip",
            "output_sha": "e0d5b7a9b77e691985a2e45972b0381ac3765499",
            "output_sha256": "de8e602e2c8d84d9ecf3bc8d5acf5751e90dac2204e1be8df170766139c2fb63",
            "output_sha512": "6acf4da09db7b13948cde427b62258f8210be2281f401b5bb3c20d7091c9dc7b1a40f10f3a9eb1dadd9836f091b77996692a1f84a61c8995edde3b5f6ea58944",
            "output_size": 2152,
            "source": [],
            "source_content": null,
            "source_content_filename": null,
            "source_dir": "./../Server/lambdas/general/get_pending_proposals",
            "source_file": null,
            "type": "zip"
          },
          "sensitive_attributes": [],
          "identity_schema_version": 0
        },
        {
          "index_key": "get_user",
          "schema_version": 0,
          "attributes": {
            "exclude_symlink_directories": null,
            "excludes": null,
            "id": "17a23c8c4f86f187ba2faecf3b34ce0f75136810",
            "output_base64sha256": "hMR/jOIRkIGNUExUQks1hHel+oVl1LXE3DLmwbFerUk=",
            "output_base64sha512": "1ckx4PB6oZ9iCJJIZmcyh7S9vbK50CaVrOoeIzKXW6JgC5O6r/kEusgLktIJl+nc7hRsVVhxcd7UQl8i+322UA==",
            "output_file_mode": null,
            "output_md5": "016b3b83f879caba47528e1f6e011759",
            "output_path": "./../Server/lambdas/general/zips/get_user.zip",
            "output_sha": "17a23c8c4f86f187ba2faecf3b34ce0f75136810",
            "output_sha256": "84c47f8ce21190818d504c54424b358477a5fa8565d4b5c4dc32e6c1b15ead49",
            "output_sha512": "d5c931e0f07aa19f6208924866673287b4bdbdb2b9d02695acea1e2332975ba2600b93baaff904bac80b92d20997e9dcee146c55587171ded4425f22fb7db650",
            "output_size": 2393,
            "source": [],
            "source_content": null,
            "source_content_filename": null,
            "source_dir": "./../Server/lambdas/general/get_user",
            "source_file": null,
            "type": "zip"
          },
          "sensitive_attributes": [],
          "identity_schema_version": 0
        },
        {
          "index_key": "get_weekly_schedule",
          "schema_version": 0,
          "attributes": {
            "exclude_symlink_directories": null,
            "excludes": null,
            "id": "fd2187c0f5524e157cf0b51254f52e09174ac7cb",
            "output_base64sha256": "3DEv1txhNKYJg5gcAcvM43NF50GYedb7vXQtDnXFpM4=",
            "output_base64sha512": "/7x6ot4+e/aT/gSrXGwYpQzTXNgwEUKZTSYk8zWhOJkJA6aPQG6cu6TMM5n3ppI3vzXiQMgUrWyLoOns4jiPTw==",
            "output_file_mode": null,
            "output_md5": "69a9acef8ad9340d16676b4d3ee5405d",
            "output_path": "./../Server/lambdas/general/zips/get_weekly_schedule.zip",
            "output_sha": "fd2187c0f5524e157cf0b51254f52e09174ac7cb",
            "output_sha256": "dc312fd6dc6134a60983981c01cbcce37345e7419879d6fbbd742d0e75c5a4ce",
            "output_sha512": "ffbc7aa2de3e7bf693fe04ab5c6c18a50cd35cd8301142994d2624f335a138990903a68f406e9cbba4cc3399f7a69237bf35e240c814ad6c8ba0e9ece2388f4f",
            "output_size": 3038,
            "source": [],
            "source_content": null,
            "source_content_filename": null,
            "source_dir": "./../Server/lambdas/general/get_weekly_schedule",
            "source_file": null,
            "type": "zip"
          },
          "sensitive_attributes": [],
          "identity_schema_version": 0
        },
        {
          "index_key": "get_workout_templates",
          "schema_version": 0,
          "attributes": {
            "exclude_symlink_directories": null,
            "excludes": null,
            "id": "28056063bde9269fb267996e8ddb28b2d14b0c7a",
            "output_base64sha256": "lBEsspZ3J0RaRJAbwgplA7fbeFf1XGQAWSpwvz8ma2Q=",
            "output_base64sha512": "M58Fs2QqEpRt1TdFjbFI7EjZleDr+Y8HXGBKbxx2uB09PAhq6nTBf5oP06C/0zA+MfUXsIlMxejkT2lBOPmoig==",
            "output_file_mode": null,
            "output_md5": "0eb5a109901101e32fef3cfe98a4fff0",
            "output_path": "./../Server/lambdas/coach/zips/get_workout_templates.zip",
            "output_sha": "28056063bde9269fb267996e8ddb28b2d14b0c7a",
            "output_sha256": "94112cb2967727445a44901bc20a6503b7db7857f55c6400592a70bf3f266b64",
            "output_sha512": "339f05b3642a12946dd537458db148ec48d995e0ebf98f075c604a6f1c76b81d3d3c086aea74c17f9a0fd3a0bfd3303e31f517b0894cc5e8e44f694138f9a88a",
            "output_size": 3481,
            "source": [],
            "source_content": null,
            "source_content_filename": null,
            "source_dir": "./../Server/lambdas/coach/get_workout_templates",
            "source_file": null,
            "type": "zip"
          },
          "sensitive_attributes": [],
          "identity_schema_version": 0
        },
        {
          "index_key": "input_times",
          "schema_version": 0,
          "attributes": {
            "exclude_symlink_directories": null,
            "excludes": null,
            "id": "9ba9872fe414ce287bc377355bac1e2432f6cef7",
            "output_base64sha256": "QIdcZJSq/LvFDnCQAMZBD7MISAY1MtaAZY5q0m7Rnz4=",
            "output_base64sha512": "fRcP+cWMP+l6JQM3BqfA0t27c5Nrk+TGZO5RHPWKpTNfsarO/+sqcAAkkjzSaRgXm90XpgdqMKjU2i7KDrBt3g==",
            "output_file_mode": null,
            "output_md5": "f58782ec5083091186c6c5cda632b666",
            "output_path": "./../Server/lambdas/athlete/zips/input_times.zip",
            "output_sha": "9ba9872fe414ce287bc377355bac1e2432f6cef7",
            "output_sha256": "40875c6494aafcbbc50e709000c6410fb30848063532d680658e6ad26ed19f3e",
            "output_sha512": "7d170ff9c58c3fe97a25033706a7c0d2ddbb73936b93e4c664ee511cf58aa5335fb1aaceffeb2a700024923cd26918179bdd17a6076a30a8d4da2eca0eb06dde",
            "output_size": 2998,
            "source": [],
            "source_content": null,
            "source_content_filename": null,
            "source_dir": "./../Server/lambdas/athlete/input_times",
            "source_file": null,
            "type": "zip"
          },
          "sensitive_attributes": [],
          "identity_schema_version": 0
        },
        {
          "index_key": "invite_athlete",
          "schema_version": 0,
          "attributes": {
            "exclude_symlink_directories": null,
            "excludes": null,
            "id": "1e3cd2f8cc80d5b07582453dc61bcb07f4b106d9",
            "output_base64sha256": "PunfD67Z7zPcM+3eOmKZRs2f4423XwcTJB6GaBW1wSs=",
            "output_base64sha512": "6nz971pSwJBfY9HvgqZF2HOrTIQlN7zjDxAoJgfmNkQBfIZ6amK7tHm561CzhyUs/j9kEvC1z78V29XcMiRZEg==",
            "output_file_mode": null,
            "output_md5": "504585e8cbd597d090691f8dac6b2b9f",
            "output_path": "./../Server/lambdas/coach/zips/invite_athlete.zip",
            "output_sha": "1e3cd2f8cc80d5b07582453dc61bcb07f4b106d9",
            "output_sha256": "3ee9df0faed9ef33dc33edde3a629946cd9fe38db75f0713241e866815b5c12b",
            "output_sha512": "ea7cfdef5a52c0905f63d1ef82a645d873ab4c842537bce30f10282607e63644017c867a6a62bbb479b9eb50b387252cfe3f6412f0b5cfbf15dbd5dc32245912",
            "output_size": 2086,
            "source": [],
            "source_content": null,
            "source_content_filename": null,
            "source_dir": "./../Server/lambdas/coach/invite_athlete",
            "source_file": null,
            "type": "zip"
          },
          "sensitive_attributes": [],
          "identity_schema_version": 0
        },
        {
          "index_key": "mass_input",
          "schema_version": 0,
          "attributes": {
            "exclude_symlink_directories": null,
            "excludes": null,
            "id": "975c533b100eae46e089abf0011f7ec5caa4cd1a",
            "output_base64sha256": "WEL6Xo+1Eq8agWcVfkJBB75sroxIX/svgi4ivqQqqnM=",
            "output_base64sha512": "QWPvfK/3mIBZV+ROKiDN/5oL6M+E8I8+VSiKhFVtQtlvUT7V3YesjXJuCJ2E+yN0U0svL72FUst+5easGdKVWQ==",
            "output_file_mode": null,
            "output_md5": "39d913f6bfa834da802c5b3e5d79bcb2",
            "output_path": "./../Server/lambdas/general/zips/mass_input.zip",
            "output_sha": "975c533b100eae46e089abf0011f7ec5caa4cd1a",
            "output_sha256": "5842fa5e8fb512af1a8167157e424107be6cae8c485ffb2f822e22bea42aaa73",
            "output_sha512": "4163ef7caff798805957e44e2a20cdff9a0be8cf84f08f3e55288a84556d42d96f513ed5dd87ac8d726e089d84fb2374534b2f2fbd8552cb7ee5e6ac19d29559",
            "output_size": 3147,
            "source": [],
            "source_content": null,
            "source_content_filename": null,
            "source_dir": "./../Server/lambdas/general/mass_input",
            "source_file": null,
            "type": "zip"
          },
          "sensitive_attributes": [],
          "identity_schema_version": 0
        },
        {
          "index_key": "remove_coach_athlete",
          "schema_version": 0,
          "attributes": {
            "exclude_symlink_directories": null,
            "excludes": null,
            "id": "e30c8315c9bc1e71551a3c9fa865564674e37585",
            "output_base64sha256": "CBHKoKHTcKz2zYQujuVytNJo7zRtsrTu5YBb52vwjAc=",
            "output_base64sha512": "MnZFQE5Tbbmk9Vqq9iJk0sWH5oMW6SZoQFjCDd+DuNCdjqTC4Qt7c7owuh49t3I/WWU3o2V1EX2Jhh/QUQXseQ==",
            "output_file_mode": null,
            "output_md5": "8d856dd7af385a0ece37070f8ecad1ed",
            "output_path": "./../Server/lambdas/general/zips/remove_coach_athlete.zip",
            "output_sha": "e30c8315c9bc1e71551a3c9fa865564674e37585",
            "output_sha256": "0811caa0a1d370acf6cd842e8ee572b4d268ef346db2b4eee5805be76bf08c07",
            "output_sha512": "327645404e536db9a4f55aaaf62264d2c587e68316e926684058c20ddf83b8d09d8ea4c2e10b7b73ba30ba1e3db7723f596537a36575117d89861fd05105ec79",
            "output_size": 2308,
            "source": [],
            "source_content": null,
            "source_content_filename": null,
            "source_dir": "./../Server/lambdas/general/remove_coach_athlete",
            "source_file": null,
            "type": "zip"
          },
          "sensitive_attributes": [],
          "identity_schema_version": 0
        },
        {
          "index_key": "remove_group_athlete",
          "schema_version": 0,
          "attributes": {
            "exclude_symlink_directories": null,
            "excludes": null,
            "id": "f45abc515ddc42d3d8d42e58d289bc2cb76dfa17",
            "output_base64sha256": "t+kVyhlX/0V/6CE6xJme5erbpBZ/cyqK/GLPdtwHKf8=",
            "output_base64sha512": "6vu9QJEp2eRg+ZLBWb5czUHThhN8/0YkSKXx0dpVn0/TWKHa4k2h4JGqZm1ri5hOSsdaXn0RNM7ktx4PWtiCJA==",
            "output_file_mode": null,
            "output_md5": "f14207a5ff8126aeb9fbcba31eebbb1e",
            "output_path": "./../Server/lambdas/coach/zips/remove_group_athlete.zip",
            "output_sha": "f45abc515ddc42d3d8d42e58d289bc2cb76dfa17",
            "output_sha256": "b7e915ca1957ff457fe8213ac4999ee5eadba4167f732a8afc62cf76dc0729ff",
            "output_sha512": "eafbbd409129d9e460f992c159be5ccd41d386137cff462448a5f1d1da559f4fd358a1dae24da1e091aa666d6b8b984e4ac75a5e7d1134cee4b71e0f5ad88224",
            "output_size": 2238,
            "source": [],
            "source_content": null,
            "source_content_filename": null,
            "source_dir": "./../Server/lambdas/coach/remove_group_athlete",
            "source_file": null,
            "type": "zip"
          },
          "sensitive_attributes": [],
          "identity_schema_version": 0
        },
        {
          "index_key": "remove_inputs",
          "schema_version": 0,
          "attributes": {
            "exclude_symlink_directories": null,
            "excludes": null,
            "id": "f7ce30fbd7c53fe0a9505290ce213bb058c20054",
            "output_base64sha256": "fqCJo7s2qYqnxuY0RW1xG7/Of2kDskdtsMGR31j2xTU=",
            "output_base64sha512": "mBteff7hwR3xCW9QvzK+ftFXb3DJj3a/iFBZADu3gx/kK846mF0TKWtSDerdc/XQ5VFEf/TUuabW3hC+DSp/6A==",
            "output_file_mode": null,
            "output_md5": "f7ed793a1bf9a9e4e5f79e618b76b597",
            "output_path": "./../Server/lambdas/athlete/zips/remove_inputs.zip",
            "output_sha": "f7ce30fbd7c53fe0a9505290ce213bb058c20054",
            "output_sha256": "7ea089a3bb36a98aa7c6e634456d711bbfce7f6903b2476db0c191df58f6c535",
            "output_sha512": "981b5e7dfee1c11df1096f50bf32be7ed1576f70c98f76bf885059003bb7831fe42bce3a985d13296b520deadd73f5d0e551447ff4d4b9a6d6de10be0d2a7fe8",
            "output_size": 2007,
            "source": [],
            "source_content": null,
            "source_content_filename": null,
            "source_dir": "./../Server/lambdas/athlete/remove_inputs",
            "source_file": null,
            "type": "zip"
          },
          "sensitive_attributes": [],
          "identity_schema_version": 0
        },
        {
          "index_key": "request_coach",
          "schema_version": 0,
          "attributes": {
            "exclude_symlink_directories": null,
            "excludes": null,
            "id": "2176dd09a77fc63100e10f876d1b3c086ff45fb4",
            "output_base64sha256": "C0LFvjx2H09OerPlo5ICcxloj+HPY9fXYkJuPXdBabs=",
            "output_base64sha512": "8xH9pKedtLJLoci0e2yxWwP+toylVBmUGlhKTk2u74KrUtC0OxsNUN7JoXf3vvezbItiRDNBApAv+Cjr0aT0Og==",
            "output_file_mode": null,
            "output_md5": "d0cbe3eb13b1b288f17f97bcccb297ed",
            "output_path": "./../Server/lambdas/athlete/zips/request_coach.zip",
            "output_sha": "2176dd09a77fc63100e10f876d1b3c086ff45fb4",
            "output_sha256": "0b42c5be3c761f4f4e7ab3e5a392027319688fe1cf63d7d762426e3d774169bb",
            "output_sha512": "f311fda4a79db4b24ba1c8b47b6cb15b03feb68ca55419941a584a4e4daeef82ab52d0b43b1b0d50dec9a177f7bef7b36c8b6244334102902ff828ebd1a4f43a",
            "output_size": 2096,
            "source": [],
            "source_content": null,
            "source_content_filename": null,
            "source_dir": "./../Server/lambdas/athlete/request_coach",
            "source_file": null,
            "type": "zip"
          },
          "sensitive_attributes": [],
          "identity_schema_version": 0
        },
        {
          "index_key": "search_athletes",
          "schema_version": 0,
          "attributes": {
            "exclude_symlink_directories": null,
            "excludes": null,
            "id": "a23e9d78dc43c6d30d35e35d4d9bf0e5284b19bd",
            "output_base64sha256": "FBIwFr1EEpzIi/RtgJipLShIUeHyF1dqA83CPqCG2hc=",
            "output_base64sha512": "gHy3slclMW881IQBUjpL5Fo4aUqRKTehjRxiiahNnhbtVJlHjjZ4lyfRSkNnwgyCzevgQMqoZ1KxtoLCL7rnWA==",
            "output_file_mode": null,
            "output_md5": "4dfc6e48e6a3955c6b42f5d20a92bf47",
            "output_path": "./../Server/lambdas/coach/zips/search_athletes.zip",
            "output_sha": "a23e9d78dc43c6d30d35e35d4d9bf0e5284b19bd",
            "output_sha256": "14123016bd44129cc88bf46d8098a92d284851e1f217576a03cdc23ea086da17",
            "output_sha512": "807cb7b25725316f3cd48401523a4be45a38694a912937a18d1c6289a84d9e16ed5499478e36789727d14a4367c20c82cdebe040caa86752b1b682c22fbae758",
            "output_size": 2820,
            "source": [],
            "source_content": null,
            "source_content_filename": null,
            "source_dir": "./../Server/lambdas/coach/search_athletes",
            "source_file": null,
            "type": "zip"
          },
          "sensitive_attributes": [],
          "identity_schema_version": 0
        },
        {
          "index_key": "search_coaches",
          "schema_version": 0,
          "attributes": {
            "exclude_symlink_directories": null,
            "excludes": null,
            "id": "434fac8f18c9ec4129f7945f8525133441992893",
            "output_base64sha256": "lzYW/uiCQ9Tiyh/8kbDla5Mc72uUOewI5A4K5aXXa/M=",
            "output_base64sha512": "LMv+3zXES42nRBmxaQIxhWSvUcL0uvg71iSznro8ch5zOEAhiGFlZRXZ/3tPUf7Zyr2etTpKDkAzB8VhICLsXg==",
            "output_file_mode": null,
            "output_md5": "3f68445b79ec066af36e239de0a809aa",
            "output_path": "./../Server/lambdas/athlete/zips/search_coaches.zip",
            "output_sha": "434fac8f18c9ec4129f7945f8525133441992893",
            "output_sha256": "973616fee88243d4e2ca1ffc91b0e56b931cef6b9439ec08e40e0ae5a5d76bf3",
            "output_sha512": "2ccbfedf35c44b8da74419b16902318564af51c2f4baf83bd624b39eba3c721e733840218861656515d9ff7b4f51fed9cabd9eb53a4a0e403307c5612022ec5e",
            "output_size": 2834,
            "source": [],
            "source_content": null,
            "source_content_filename": null,
            "source_dir": "./../Server/lambdas/athlete/search_coaches",
            "source_file": null,
            "type": "zip"
          },
          "sensitive_attributes": [],
          "identity_schema_version": 0
        },
        {
          "index_key": "search_input_history_date",
          "schema_version": 0,
          "attributes": {
            "exclude_symlink_directories": null,
            "excludes": null,
            "id": "18ea166defc2e051fc4f4a44d3106c15b8b17270",
            "output_base64sha256": "Dh/T5iZ7QhxVLHGxVI2dZTlwaobbZH4ACaU8W1RmU6Q=",
            "output_base64sha512": "HnKU55guv8v/OcMjc7mwH0Ww+HwHSSLFW02EVHeLskqgNPgD6rtzncwLyXsbUCvwHCBF4kcgZYwh8Smv6Uhn7g==",
            "output_file_mode": null,
            "output_md5": "0668082d776fa92249f7f169e1bf8a9c",
            "output_path": "./../Server/lambdas/athlete/zips/search_input_history_date.zip",
            "output_sha": "18ea166defc2e051fc4f4a44d3106c15b8b17270",
            "output_sha256": "0e1fd3e6267b421c552c71b1548d9d6539706a86db647e0009a53c5b546653a4",
            "output_sha512": "1e7294e7982ebfcbff39c32373b9b01f45b0f87c074922c55b4d8454778bb24aa034f803eabb739dcc0bc97b1b502bf01c2045e24720658c21f129afe94867ee",
            "output_size": 3124,
            "source": [],
            "source_content": null,
            "source_content_filename": null,
            "source_dir": "./../Server/lambdas/athlete/search_input_history_date",
            "source_file": null,
            "type": "zip"
          },
          "sensitive_attributes": [],
          "identity_schema_version": 0
        },
        {
          "index_key": "update_athlete_profile",
          "schema_version": 0,
          "attributes": {
            "exclude_symlink_directories": null,
            "excludes": null,
            "id": "e3cf21d3a6d7383c24bdfd9472c4f3d628b851de",
            "output_base64sha256": "XZvDjv7m5/wAuaJ2F2z2Azq/p0+jBRw9j7+AwjYTJ6s=",
            "output_base64sha512": "QzRrtjr9HgCJgzQHvrxid5yy+E99PheztRlVa+weipg82MqfEob7nojI/prHjrhP6+OaH8JX+txZQR5L4jhFYQ==",
            "output_file_mode": null,
            "output_md5": "e2df70c55b246aaf8fec650fac8a1782",
            "output_path": "./../Server/lambdas/athlete/zips/update_athlete_profile.zip",
            "output_sha": "e3cf21d3a6d7383c24bdfd9472c4f3d628b851de",
            "output_sha256": "5d9bc38efee6e7fc00b9a276176cf6033abfa74fa3051c3d8fbf80c2361327ab",
            "output_sha512": "43346bb63afd1e0089833407bebc62779cb2f84f7d3e17b3b519556bec1e8a983cd8ca9f1286fb9e88c8fe9ac78eb84febe39a1fc257fadc59411e4be2384561",
            "output_size": 2506,
            "source": [],
            "source_content": null,
            "source_content_filename": null,
            "source_dir": "./../Server/lambdas/athlete/update_athlete_profile",
            "source_file": null,
            "type": "zip"
          },
          "sensitive_attributes": [],
          "identity_schema_version": 0
        },
        {
          "index_key": "update_coach_profile",
          "schema_version": 0,
          "attributes": {
            "exclude_symlink_directories": null,
            "excludes": null,
            "id": "f38cba88a33844ea988746cb232e5bd295ebdc2b",
            "output_base64sha256": "/9HeKk0VFk6Mx4n2TOD+/cft9AfM7/nK+etyiOxKV6M=",
            "output_base64sha512": "taR7eCC2wwK+pLgZACZlHdkJ8ws5y3MxakkIh3p9Iv0tIP9/9dbdINnk9imH2Af/rgVk9wNoVxGjzkcSqgRD4g==",
            "output_file_mode": null,
            "output_md5": "0494d90f903165eb94ebe781a1da6f6b",
            "output_path": "./../Server/lambdas/coach/zips/update_coach_profile.zip",
            "output_sha": "f38cba88a33844ea988746cb232e5bd295ebdc2b",
            "output_sha256": "ffd1de2a4d15164e8cc789f64ce0fefdc7edf407cceff9caf9eb7288ec4a57a3",
            "output_sha512": "b5a47b7820b6c302bea4b8190026651dd909f30b39cb73316a4908877a7d22fd2d20ff7ff5d6dd20d9e4f62987d807ffae0564f703685711a3ce4712aa0443e2",
            "output_size": 2369,
            "source": [],
            "source_content": null,
            "source_content_filename": null,
            "source_dir": "./../Server/lambdas/coach/update_coach_profile",
            "source_file": null,
            "type": "zip"
          },
          "sensitive_attributes": [],
          "identity_schema_version": 0
        },
        {
          "index_key": "view_athlete_requests",
          "schema_version": 0,
          "attributes": {
            "exclude_symlink_directories": null,
            "excludes": null,
            "id": "79e086b413b68e43b25948d0b506d8b6dccf7a66",
            "output_base64sha256": "E5dCilnTpShSGsFjvNznx5emdNMU//Yi9yMp7HpbY4Q=",
            "output_base64sha512": "YrlKV5OG8TO6xK7J3iHlty+sA+9N2scdFCiqVNDUhrGfKWQF+knIaHy4ktX7iqPlQW0PbvEAkVji2GUVrbYFug==",
            "output_file_mode": null,
            "output_md5": "1e7c70220d9bab8d3ebf90bf0c912569",
            "output_path": "./../Server/lambdas/coach/zips/view_athlete_requests.zip",
            "output_sha": "79e086b413b68e43b25948d0b506d8b6dccf7a66",
            "output_sha256": "1397428a59d3a528521ac163bcdce7c797a674d314fff622f72329ec7a5b6384",
            "output_sha512": "62b94a579386f133bac4aec9de21e5b72fac03ef4ddac71d1428aa54d0d486b19f296405fa49c8687cb892d5fb8aa3e5416d0f6ef1009158e2d86515adb605ba",
            "output_size": 2135,
            "source": [],
            "source_content": null,
            "source_content_filename": null,
            "source_dir": "./../Server/lambdas/coach/view_athlete_requests",
            "source_file": null,
            "type": "zip"
          },
          "sensitive_attributes": [],
          "identity_schema_version": 0
        },
        {
          "index_key": "view_coach_invites",
          "schema_version": 0,
          "attributes": {
            "exclude_symlink_directories": null,
            "excludes": null,
            "id": "53a39b8e1d84de721cae0ceffdacee612d501344",
            "output_base64sha256": "HfJszHUBY+tT0NvFex08XG5WxDuvWV/sBagbug+6A/k=",
            "output_base64sha512": "dNVzryeyzYNVmuUO/intAUKgIiJ57dOWPfYxA5/JAoOkHYt98j7S8AGRAt7PLkFhoveqcmyjoj6UgnJM0TKg+A==",
            "output_file_mode": null,
            "output_md5": "2286c3d8736ab2a2166a8cc2773c1025",
            "output_path": "./../Server/lambdas/athlete/zips/view_coach_invites.zip",
            "output_sha": "53a39b8e1d84de721cae0ceffdacee612d501344",
            "output_sha256": "1df26ccc750163eb53d0dbc57b1d3c5c6e56c43baf595fec05a81bba0fba03f9",
            "output_sha512": "74d573af27b2cd83559ae50efe29ed0142a0222279edd3963df631039fc90283a41d8b7df23ed2f0019102decf2e4161a2f7aa726ca3a23e9482724cd132a0f8",
            "output_size": 2016,
            "source": [],
            "source_content": null,
            "source_content_filename": null,
            "source_dir": "./../Server/lambdas/athlete/view_coach_invites",
            "source_file": null,
            "type": "zip"
          },
          "sensitive_attributes": [],
          "identity_schema_version": 0
        },
        {
          "index_key": "view_group_inputs",
          "schema_version": 0,
          "attributes": {
            "exclude_symlink_directories": null,
            "excludes": null,
            "id": "f03b0578ac2470d36363f837c39ae401c69d8980",
            "output_base64sha256": "1rhrUC8aVhbPCYA/aEoLn6+mVUDOBgH31zs58SPY4ZU=",
            "output_base64sha512": "DXLHoMmmEi7CiOdSS0578cGBVZ4kAeMZQkgFkG+P3Px0scWWwUGyCZBvNj8eSrYfZzG7qmkalo16fbvP+ywO3A==",
            "output_file_mode": null,
            "output_md5": "871acd8e6ad6588ccf66273a3ae63f78",
            "output_path": "./../Server/lambdas/general/zips/view_group_inputs.zip",
            "output_sha": "f03b0578ac2470d36363f837c39ae401c69d8980",
            "output_sha256": "d6b86b502f1a5616cf09803f684a0b9fafa65540ce0601f7d73b39f123d8e195",
            "output_sha512": "0d72c7a0c9a6122ec288e7524b4e7bf1c181559e2401e319424805906f8fdcfc74b1c596c141b209906f363f1e4ab61f6731bbaa691a968d7a7dbbcffb2c0edc",
            "output_size": 2543,
            "source": [],
            "source_content": null,
            "source_content_filename": null,
            "source_dir": "./../Server/lambdas/general/view_group_inputs",
            "source_file": null,
            "type": "zip"
          },
          "sensitive_attributes": [],
          "identity_schema_version": 0
        },
        {
          "index_key": "view_workout_inputs",
          "schema_version": 0,
          "attributes": {
            "exclude_symlink_directories": null,
            "excludes": null,
            "id": "6ff65a71a5c31a50b026dba7ff0a8aec39648a05",
            "output_base64sha256": "jdX4p8FUeibwVAV6krO6Wh5nspgVDJZCOFdQnj6L0x8=",
            "output_base64sha512": "/4J76XMzNk8dpyxJuE3Rzc+LyOOYg3VPnWqSyxyUddTPM4sQlLVhcIXBOfmV8BSrwIrnNfQYYdj92EHsJ2ZAUg==",
            "output_file_mode": null,
            "output_md5": "2a723182f58c74ba3ecb78042eee254d",
            "output_path": "./../Server/lambdas/athlete/zips/view_workout_inputs.zip",
            "output_sha": "6ff65a71a5c31a50b026dba7ff0a8aec39648a05",
            "output_sha256": "8dd5f8a7c1547a26f054057a92b3ba5a1e67b298150c96423857509e3e8bd31f",
            "output_sha512": "ff827be97333364f1da72c49b84dd1cdcf8bc8e39883754f9d6a92cb1c9475d4cf338b1094b5617085c139f995f014abc08ae735f41861d8fdd841ec27664052",
            "output_size": 2868,
            "source": [],
            "source_content": null,
            "source_content_filename": null,
            "source_dir": "./../Server/lambdas/athlete/view_workout_inputs",
            "source_file": null,
            "type": "zip"
          },
          "sensitive_attributes": [],
          "identity_schema_version": 0
        }
      ]
    },
    {
      "mode": "data",
      "type": "archive_file",
      "name": "rds_layer",
      "provider": "provider[\"registry.terraform.io/hashicorp/archive\"]",
      "instances": [
        {
          "schema_version": 0,
          "attributes": {
            "exclude_symlink_directories": null,
            "excludes": null,
            "id": "abf7c8c2967805b65361e0347c0eb6404a1d1526",
            "output_base64sha256": "4dg7f1MNGg9lHKn3Ltsn4i8I/2eJx8FO3EfzHZ5zWTY=",
            "output_base64sha512": "6LV97prI/afYjk4bZnzvwoPj8gIZ4Xsls5IZ0K96qUyqqB69F3uuR2BYY+ZAgHYk//9KUoyK5/Ty4MxOh1sACQ==",
            "output_file_mode": null,
            "output_md5": "f2eda37d67c51f6a99944cd2f18f3429",
            "output_path": "./../Server/layers/rds/rds.zip",
            "output_sha": "abf7c8c2967805b65361e0347c0eb6404a1d1526",
            "output_sha256": "e1d83b7f530d1a0f651ca9f72edb27e22f08ff6789c7c14edc47f31d9e735936",
            "output_sha512": "e8b57dee9ac8fda7d88e4e1b667cefc283e3f20219e17b25b39219d0af7aa94caaa81ebd177bae47605863e640807624ffff4a528c8ae7f4f2e0cc4e875b0009",
            "output_size": 6383117,
            "source": [],
            "source_content": null,
            "source_content_filename": null,
            "source_dir": "./../Server/layers/rds/",
            "source_file": null,
            "type": "zip"
          },
          "sensitive_attributes": [],
          "identity_schema_version": 0
        }
      ]
    },
    {
      "mode": "data",
      "type": "archive_file",
      "name": "user_auth_layer",
      "provider": "provider[\"registry.terraform.io/hashicorp/archive\"]",
      "instances": [
        {
          "schema_version": 0,
          "attributes": {
            "exclude_symlink_directories": null,
            "excludes": null,
            "id": "7a15eb744746de4363fdc8b5facd63a33ed6e74b",
            "output_base64sha256": "MKenRUDuk3odKnwAuL2NUiKxZ5a7llXF+jdKYesEFcU=",
            "output_base64sha512": "DqC3PyEbZn9iBNtdxLicb/0eXEYjJuGMIHWNKyxBbHGe+S+YnGSIZ4P3QHPIV1gV/KUYaMiY83Bt8vAHm7ePSg==",
            "output_file_mode": null,
            "output_md5": "5038103b424741839323e1dd4e3be340",
            "output_path": "./../Server/layers/user_auth/user_auth.zip",
            "output_sha": "7a15eb744746de4363fdc8b5facd63a33ed6e74b",
            "output_sha256": "30a7a74540ee937a1d2a7c00b8bd8d5222b16796bb9655c5fa374a61eb0415c5",
            "output_sha512": "0ea0b73f211b667f6204db5dc4b89c6ffd1e5c462326e18c20758d2b2c416c719ef92f989c64886783f74073c8575815fca51868c898f3706df2f0079bb78f4a",
            "output_size": 3709,
            "source": [],
            "source_content": null,
            "source_content_filename": null,
            "source_dir": "./../Server/layers/user_auth/",
            "source_file": null,
            "type": "zip"
          },
          "sensitive_attributes": [],
          "identity_schema_version": 0
        }
      ]
    },
    {
      "mode": "data",
      "type": "aws_ami",
      "name": "amazon_linux",
      "provider": "provider[\"registry.terraform.io/hashicorp/aws\"]",
      "instances": [
        {
          "schema_version": 0,
          "attributes": {
            "architecture": "arm64",
            "arn": "arn:aws:ec2:us-east-2::image/ami-0d9f12bc70e655ed6",
            "block_device_mappings": [
              {
                "device_name": "/dev/xvda",
                "ebs": {
                  "delete_on_termination": "true",
                  "encrypted": "false",
                  "iops": "0",
                  "snapshot_id": "snap-04d3f40582bfd9e95",
                  "throughput": "0",
                  "volume_initialization_rate": "0",
                  "volume_size": "8",
                  "volume_type": "gp2"
                },
                "no_device": "",
                "virtual_name": ""
              }
            ],
            "boot_mode": "",
            "creation_date": "2025-09-10T18:54:24.000Z",
            "deprecation_time": "2025-12-09T18:54:00.000Z",
            "description": "Amazon Linux 2 LTS Arm64 AMI 2.0.20250915.0 arm64 HVM gp2",
            "ena_support": true,
            "executable_users": null,
            "filter": [
              {
                "name": "architecture",
                "values": [
                  "arm64"
                ]
              },
              {
                "name": "name",
                "values": [
                  "amzn2-ami-hvm-*-arm64-gp2"
                ]
              },
              {
                "name": "virtualization-type",
                "values": [
                  "hvm"
                ]
              }
            ],
            "hypervisor": "xen",
            "id": "ami-0d9f12bc70e655ed6",
            "image_id": "ami-0d9f12bc70e655ed6",
            "image_location": "amazon/amzn2-ami-hvm-2.0.20250915.0-arm64-gp2",
            "image_owner_alias": "amazon",
            "image_type": "machine",
            "imds_support": "",
            "include_deprecated": false,
            "kernel_id": "",
            "last_launched_time": "",
            "most_recent": true,
            "name": "amzn2-ami-hvm-2.0.20250915.0-arm64-gp2",
            "name_regex": null,
            "owner_id": "137112412989",
            "owners": [
              "amazon"
            ],
            "platform": "",
            "platform_details": "Linux/UNIX",
            "product_codes": [],
            "public": true,
            "ramdisk_id": "",
            "root_device_name": "/dev/xvda",
            "root_device_type": "ebs",
            "root_snapshot_id": "snap-04d3f40582bfd9e95",
            "sriov_net_support": "simple",
            "state": "available",
            "state_reason": {
              "code": "UNSET",
              "message": "UNSET"
            },
            "tags": {},
            "timeouts": null,
            "tpm_support": "",
            "uefi_data": null,
            "usage_operation": "RunInstances",
            "virtualization_type": "hvm"
          },
          "sensitive_attributes": [],
          "identity_schema_version": 0
        }
      ]
    },
    {
      "mode": "data",
      "type": "aws_availability_zones",
      "name": "available",
      "provider": "provider[\"registry.terraform.io/hashicorp/aws\"]",
      "instances": [
        {
          "schema_version": 0,
          "attributes": {
            "all_availability_zones": null,
            "exclude_names": null,
            "exclude_zone_ids": null,
            "filter": null,
            "group_names": [
              "us-east-2-zg-1"
            ],
            "id": "us-east-2",
            "names": [
              "us-east-2a",
              "us-east-2b",
              "us-east-2c"
            ],
            "state": "available",
            "timeouts": null,
            "zone_ids": [
              "use2-az1",
              "use2-az2",
              "use2-az3"
            ]
          },
          "sensitive_attributes": [],
          "identity_schema_version": 0
        }
      ]
    },
    {
      "mode": "data",
      "type": "aws_internet_gateway",
      "name": "default",
      "provider": "provider[\"registry.terraform.io/hashicorp/aws\"]",
      "instances": [
        {
          "schema_version": 0,
          "attributes": {
            "arn": "arn:aws:ec2:us-east-2:857360184083:internet-gateway/igw-0c9633e3942b979dc",
            "attachments": [
              {
                "state": "available",
                "vpc_id": "vpc-00ce2d8f8e6ecb305"
              }
            ],
            "filter": [
              {
                "name": "attachment.vpc-id",
                "values": [
                  "vpc-00ce2d8f8e6ecb305"
                ]
              }
            ],
            "id": "igw-0c9633e3942b979dc",
            "internet_gateway_id": "igw-0c9633e3942b979dc",
            "owner_id": "857360184083",
            "tags": {},
            "timeouts": null
          },
          "sensitive_attributes": [],
          "identity_schema_version": 0
        }
      ]
    },
    {
      "mode": "data",
      "type": "aws_security_group",
      "name": "default",
      "provider": "provider[\"registry.terraform.io/hashicorp/aws\"]",
      "instances": [
        {
          "schema_version": 0,
          "attributes": {
            "arn": "arn:aws:ec2:us-east-2:857360184083:security-group/sg-0b98a1e54096ed585",
            "description": "default VPC security group",
            "filter": null,
            "id": "sg-0b98a1e54096ed585",
            "name": "default",
            "tags": {},
            "timeouts": null,
            "vpc_id": "vpc-00ce2d8f8e6ecb305"
          },
          "sensitive_attributes": [],
          "identity_schema_version": 0
        }
      ]
    },
    {
      "mode": "data",
      "type": "aws_vpc",
      "name": "default",
      "provider": "provider[\"registry.terraform.io/hashicorp/aws\"]",
      "instances": [
        {
          "schema_version": 0,
          "attributes": {
            "arn": "arn:aws:ec2:us-east-2:857360184083:vpc/vpc-00ce2d8f8e6ecb305",
            "cidr_block": "172.31.0.0/16",
            "cidr_block_associations": [
              {
                "association_id": "vpc-cidr-assoc-0824e376e57726d1c",
                "cidr_block": "172.31.0.0/16",
                "state": "associated"
              }
            ],
            "default": true,
            "dhcp_options_id": "dopt-024f2ebd35a6606db",
            "enable_dns_hostnames": true,
            "enable_dns_support": true,
            "enable_network_address_usage_metrics": false,
            "filter": null,
            "id": "vpc-00ce2d8f8e6ecb305",
            "instance_tenancy": "default",
            "ipv6_association_id": "",
            "ipv6_cidr_block": "",
            "main_route_table_id": "rtb-0dc932c2d3b50c3ef",
            "owner_id": "857360184083",
            "state": null,
            "tags": {},
            "timeouts": null
          },
          "sensitive_attributes": [],
          "identity_schema_version": 0
        }
      ]
    },
    {
      "mode": "data",
      "type": "http",
      "name": "myip",
      "provider": "provider[\"registry.terraform.io/hashicorp/http\"]",
      "instances": [
        {
          "schema_version": 0,
          "attributes": {
            "body": "98.10.39.224\n",
            "ca_cert_pem": null,
            "client_cert_pem": null,
            "client_key_pem": null,
            "id": "https://ipv4.icanhazip.com",
            "insecure": null,
            "method": null,
            "request_body": null,
            "request_headers": null,
            "request_timeout_ms": null,
            "response_body": "98.10.39.224\n",
            "response_body_base64": "OTguMTAuMzkuMjI0Cg==",
            "response_headers": {
              "Access-Control-Allow-Methods": "GET",
              "Access-Control-Allow-Origin": "*",
              "Alt-Svc": "h3=\":443\"; ma=86400",
              "Cf-Ray": "9877f1ae7d531492-EWR",
              "Content-Length": "13",
              "Content-Type": "text/plain",
              "Date": "Wed, 01 Oct 2025 00:46:37 GMT",
              "Server": "cloudflare",
              "Set-Cookie": "__cf_bm=g44G2c.OHLEH6UDC8ckDwWQEzpw7QJHYR7XpTVQ1V5c-1759279597-1.0.1.1-oCG3rrVTmhr.cajCgQt1v9lEOWLyngn8ODh.yusmthdgGyKpv_zPZit0JiIph.iUr0gQZTanvdSBI1I7fgSmIdzOnIrYVvAvfM.dmA5.D3Q; path=/; expires=Wed, 01-Oct-25 01:16:37 GMT; domain=.icanhazip.com; HttpOnly; Secure; SameSite=None",
              "Vary": "Accept-Encoding"
            },
            "retry": null,
            "status_code": 200,
            "url": "https://ipv4.icanhazip.com"
          },
          "sensitive_attributes": [],
          "identity_schema_version": 0
        }
      ]
    },
    {
      "mode": "managed",
      "type": "aws_db_instance",
      "name": "default",
      "provider": "provider[\"registry.terraform.io/hashicorp/aws\"]",
      "instances": [
        {
          "schema_version": 2,
          "attributes": {
            "address": "trackmedb.c9goe0ioosh0.us-east-2.rds.amazonaws.com",
            "allocated_storage": 20,
            "allow_major_version_upgrade": null,
            "apply_immediately": false,
            "arn": "arn:aws:rds:us-east-2:857360184083:db:trackmedb",
            "auto_minor_version_upgrade": true,
            "availability_zone": "us-east-2a",
            "backup_retention_period": 0,
            "backup_target": "region",
            "backup_window": "05:17-05:47",
            "blue_green_update": [],
            "ca_cert_identifier": "rds-ca-rsa2048-g1",
            "character_set_name": "",
            "copy_tags_to_snapshot": false,
            "custom_iam_instance_profile": "",
            "customer_owned_ip_enabled": false,
            "database_insights_mode": "standard",
            "db_name": "trackme",
            "db_subnet_group_name": "trackme-db-subnet-group",
            "dedicated_log_volume": false,
            "delete_automated_backups": true,
            "deletion_protection": false,
            "domain": "",
            "domain_auth_secret_arn": "",
            "domain_dns_ips": [],
            "domain_fqdn": "",
            "domain_iam_role_name": "",
            "domain_ou": "",
            "enabled_cloudwatch_logs_exports": [],
            "endpoint": "trackmedb.c9goe0ioosh0.us-east-2.rds.amazonaws.com:5432",
            "engine": "postgres",
            "engine_lifecycle_support": "open-source-rds-extended-support",
            "engine_version": "17.5",
            "engine_version_actual": "17.5",
            "final_snapshot_identifier": null,
            "hosted_zone_id": "Z2XHWR1WZ565X2",
            "iam_database_authentication_enabled": false,
            "id": "db-SF4YG732X4EN6WMSNXVOI6CRRI",
            "identifier": "trackmedb",
            "identifier_prefix": "",
            "instance_class": "db.t3.micro",
            "iops": 0,
            "kms_key_id": "",
            "latest_restorable_time": "",
            "license_model": "postgresql-license",
            "listener_endpoint": [],
            "maintenance_window": "sun:07:38-sun:08:08",
            "manage_master_user_password": null,
            "master_user_secret": [],
            "master_user_secret_kms_key_id": null,
            "max_allocated_storage": 0,
            "monitoring_interval": 0,
            "monitoring_role_arn": "",
            "multi_az": false,
            "nchar_character_set_name": "",
            "network_type": "IPV4",
            "option_group_name": "default:postgres-17",
            "parameter_group_name": "default.postgres17",
            "password": "Mojito#2025",
            "password_wo": null,
            "password_wo_version": null,
            "performance_insights_enabled": false,
            "performance_insights_kms_key_id": "",
            "performance_insights_retention_period": 0,
            "port": 5432,
            "publicly_accessible": false,
            "replica_mode": "",
            "replicas": [],
            "replicate_source_db": "",
            "resource_id": "db-SF4YG732X4EN6WMSNXVOI6CRRI",
            "restore_to_point_in_time": [],
            "s3_import": [],
            "skip_final_snapshot": true,
            "snapshot_identifier": null,
            "status": "available",
            "storage_encrypted": false,
            "storage_throughput": 0,
            "storage_type": "gp2",
            "tags": {},
            "tags_all": {},
            "timeouts": null,
            "timezone": "",
            "upgrade_storage_config": null,
            "username": "trackme_admin",
            "vpc_security_group_ids": [
              "sg-0b98a1e54096ed585"
            ]
          },
          "sensitive_attributes": [
            [
              {
                "type": "get_attr",
                "value": "password"
              }
            ],
            [
              {
                "type": "get_attr",
                "value": "password_wo"
              }
            ]
          ],
          "identity_schema_version": 0,
          "private": "eyJlMmJmYjczMC1lY2FhLTExZTYtOGY4OC0zNDM2M2JjN2M0YzAiOnsiY3JlYXRlIjozMDAwMDAwMDAwMDAwLCJkZWxldGUiOjM2MDAwMDAwMDAwMDAsInVwZGF0ZSI6NDgwMDAwMDAwMDAwMH0sInNjaGVtYV92ZXJzaW9uIjoiMiJ9",
          "dependencies": [
            "aws_db_subnet_group.rds_private",
            "aws_subnet.private_subnet1",
            "aws_subnet.private_subnet2",
            "data.aws_availability_zones.available",
            "data.aws_vpc.default"
          ],
          "create_before_destroy": true
        }
      ]
    },
    {
      "mode": "managed",
      "type": "aws_db_subnet_group",
      "name": "rds_private",
      "provider": "provider[\"registry.terraform.io/hashicorp/aws\"]",
      "instances": [
        {
          "schema_version": 0,
          "attributes": {
            "arn": "arn:aws:rds:us-east-2:857360184083:subgrp:trackme-db-subnet-group",
            "description": "Managed by Terraform",
            "id": "trackme-db-subnet-group",
            "name": "trackme-db-subnet-group",
            "name_prefix": "",
            "subnet_ids": [
              "subnet-09b6e632d01fcb525",
              "subnet-0db35c13edd7c98e9"
            ],
            "supported_network_types": [
              "IPV4"
            ],
            "tags": {
              "Name": "trackme-db-subnet-group"
            },
            "tags_all": {
              "Name": "trackme-db-subnet-group"
            },
            "vpc_id": "vpc-00ce2d8f8e6ecb305"
          },
          "sensitive_attributes": [],
          "identity_schema_version": 0,
          "private": "bnVsbA==",
          "dependencies": [
            "aws_subnet.private_subnet1",
            "aws_subnet.private_subnet2",
            "data.aws_availability_zones.available",
            "data.aws_vpc.default"
          ],
          "create_before_destroy": true
        }
      ]
    },
    {
      "mode": "managed",
      "type": "aws_iam_role",
      "name": "lambda_role",
      "provider": "provider[\"registry.terraform.io/hashicorp/aws\"]",
      "instances": [
        {
          "schema_version": 0,
          "attributes": {
            "arn": "arn:aws:iam::857360184083:role/lambda_role",
            "assume_role_policy": "{\"Statement\":[{\"Action\":\"sts:AssumeRole\",\"Effect\":\"Allow\",\"Principal\":{\"Service\":\"lambda.amazonaws.com\"}}],\"Version\":\"2012-10-17\"}",
            "create_date": "2025-09-19T19:08:55Z",
            "description": "",
            "force_detach_policies": false,
            "id": "lambda_role",
            "inline_policy": [
              {
                "name": "lambda_vpc_policy",
                "policy": "{\"Version\":\"2012-10-17\",\"Statement\":[{\"Action\":[\"ec2:CreateNetworkInterface\",\"ec2:DescribeNetworkInterfaces\",\"ec2:DeleteNetworkInterface\"],\"Effect\":\"Allow\",\"Resource\":\"*\"}]}"
              }
            ],
            "managed_policy_arns": [
              "arn:aws:iam::aws:policy/AmazonRDSFullAccess",
              "arn:aws:iam::aws:policy/service-role/AWSLambdaBasicExecutionRole"
            ],
            "max_session_duration": 3600,
            "name": "lambda_role",
            "name_prefix": "",
            "path": "/",
            "permissions_boundary": "",
            "tags": {},
            "tags_all": {},
            "unique_id": "AROA4PHVGGMJSPGWSCNME"
          },
          "sensitive_attributes": [],
          "identity_schema_version": 0,
          "private": "bnVsbA==",
          "create_before_destroy": true
        }
      ]
    },
    {
      "mode": "managed",
      "type": "aws_iam_role_policy",
      "name": "lambda_vpc",
      "provider": "provider[\"registry.terraform.io/hashicorp/aws\"]",
      "instances": [
        {
          "schema_version": 0,
          "attributes": {
            "id": "lambda_role:lambda_vpc_policy",
            "name": "lambda_vpc_policy",
            "name_prefix": "",
            "policy": "{\"Version\":\"2012-10-17\",\"Statement\":[{\"Action\":[\"ec2:CreateNetworkInterface\",\"ec2:DescribeNetworkInterfaces\",\"ec2:DeleteNetworkInterface\"],\"Effect\":\"Allow\",\"Resource\":\"*\"}]}",
            "role": "lambda_role"
          },
          "sensitive_attributes": [],
          "identity_schema_version": 0,
          "private": "bnVsbA==",
          "dependencies": [
            "aws_iam_role.lambda_role"
          ]
        }
      ]
    },
    {
      "mode": "managed",
      "type": "aws_iam_role_policy_attachment",
      "name": "lambda_logs",
      "provider": "provider[\"registry.terraform.io/hashicorp/aws\"]",
      "instances": [
        {
          "schema_version": 0,
          "attributes": {
            "id": "lambda_role-20250919190856091400000003",
            "policy_arn": "arn:aws:iam::aws:policy/service-role/AWSLambdaBasicExecutionRole",
            "role": "lambda_role"
          },
          "sensitive_attributes": [],
          "identity_schema_version": 0,
          "private": "bnVsbA==",
          "dependencies": [
            "aws_iam_role.lambda_role"
          ]
        }
      ]
    },
    {
      "mode": "managed",
      "type": "aws_iam_role_policy_attachment",
      "name": "lambda_rds_auth",
      "provider": "provider[\"registry.terraform.io/hashicorp/aws\"]",
      "instances": [
        {
          "schema_version": 0,
          "attributes": {
            "id": "lambda_role-20250919190855916500000002",
            "policy_arn": "arn:aws:iam::aws:policy/AmazonRDSFullAccess",
            "role": "lambda_role"
          },
          "sensitive_attributes": [],
          "identity_schema_version": 0,
          "private": "bnVsbA==",
          "dependencies": [
            "aws_iam_role.lambda_role"
          ],
          "create_before_destroy": true
        }
      ]
    },
    {
      "mode": "managed",
      "type": "aws_instance",
      "name": "bastion_host",
      "provider": "provider[\"registry.terraform.io/hashicorp/aws\"]",
      "instances": [
        {
          "schema_version": 1,
          "attributes": {
            "ami": "ami-0d9f12bc70e655ed6",
            "arn": "arn:aws:ec2:us-east-2:857360184083:instance/i-0f969a9c02410b9c1",
            "associate_public_ip_address": true,
            "availability_zone": "us-east-2a",
            "capacity_reservation_specification": [
              {
                "capacity_reservation_preference": "open",
                "capacity_reservation_target": []
              }
            ],
            "cpu_core_count": 2,
            "cpu_options": [
              {
                "amd_sev_snp": "",
                "core_count": 2,
                "threads_per_core": 1
              }
            ],
            "cpu_threads_per_core": 1,
            "credit_specification": [
              {
                "cpu_credits": "unlimited"
              }
            ],
            "disable_api_stop": false,
            "disable_api_termination": false,
            "ebs_block_device": [],
            "ebs_optimized": false,
            "enable_primary_ipv6": null,
            "enclave_options": [
              {
                "enabled": false
              }
            ],
            "ephemeral_block_device": [],
            "get_password_data": false,
            "hibernation": false,
            "host_id": "",
            "host_resource_group_arn": null,
            "iam_instance_profile": "",
            "id": "i-0f969a9c02410b9c1",
            "instance_initiated_shutdown_behavior": "stop",
            "instance_lifecycle": "",
            "instance_market_options": [],
            "instance_state": "running",
            "instance_type": "t4g.micro",
            "ipv6_address_count": 0,
            "ipv6_addresses": [],
            "key_name": "TrackMe-RDS-Bastion",
            "launch_template": [],
            "maintenance_options": [
              {
                "auto_recovery": "default"
              }
            ],
            "metadata_options": [
              {
                "http_endpoint": "enabled",
                "http_protocol_ipv6": "disabled",
                "http_put_response_hop_limit": 1,
                "http_tokens": "optional",
                "instance_metadata_tags": "disabled"
              }
            ],
            "monitoring": false,
            "network_interface": [],
            "outpost_arn": "",
            "password_data": "",
            "placement_group": "",
            "placement_partition_number": 0,
            "primary_network_interface_id": "eni-0ce0861eee7e11663",
            "private_dns": "ip-172-31-92-131.us-east-2.compute.internal",
            "private_dns_name_options": [
              {
                "enable_resource_name_dns_a_record": false,
                "enable_resource_name_dns_aaaa_record": false,
                "hostname_type": "ip-name"
              }
            ],
            "private_ip": "172.31.92.131",
            "public_dns": "ec2-3-143-255-169.us-east-2.compute.amazonaws.com",
            "public_ip": "3.143.255.169",
            "root_block_device": [
              {
                "delete_on_termination": true,
                "device_name": "/dev/xvda",
                "encrypted": false,
                "iops": 100,
                "kms_key_id": "",
                "tags": {},
                "tags_all": {},
                "throughput": 0,
                "volume_id": "vol-099551aea12cc5ac6",
                "volume_size": 8,
                "volume_type": "gp2"
              }
            ],
            "secondary_private_ips": [],
            "security_groups": [
              "bastion-security-group"
            ],
            "source_dest_check": true,
            "spot_instance_request_id": "",
            "subnet_id": "subnet-03bd14806d15005e8",
            "tags": {
              "Name": "trackme-bastion-host"
            },
            "tags_all": {
              "Name": "trackme-bastion-host"
            },
            "tenancy": "default",
            "timeouts": null,
            "user_data": "816f476d2012e9e6945857a9f0252defa2b2e892",
            "user_data_base64": null,
            "user_data_replace_on_change": false,
            "volume_tags": null,
            "vpc_security_group_ids": [
              "sg-065c33c42218e09fe"
            ]
          },
          "sensitive_attributes": [],
          "identity_schema_version": 0,
          "private": "eyJlMmJmYjczMC1lY2FhLTExZTYtOGY4OC0zNDM2M2JjN2M0YzAiOnsiY3JlYXRlIjo2MDAwMDAwMDAwMDAsImRlbGV0ZSI6MTIwMDAwMDAwMDAwMCwicmVhZCI6OTAwMDAwMDAwMDAwLCJ1cGRhdGUiOjYwMDAwMDAwMDAwMH0sInNjaGVtYV92ZXJzaW9uIjoiMSJ9",
          "dependencies": [
            "aws_security_group.bastion_sg",
            "aws_subnet.bastion_subnet",
            "data.aws_ami.amazon_linux",
            "data.aws_availability_zones.available",
            "data.aws_security_group.default",
            "data.aws_vpc.default",
            "data.http.myip"
          ]
        }
      ]
    },
    {
      "mode": "managed",
      "type": "aws_lambda_function",
      "name": "lambdas",
      "provider": "provider[\"registry.terraform.io/hashicorp/aws\"]",
      "instances": [
        {
          "index_key": "accept_athlete_request",
          "schema_version": 0,
          "attributes": {
            "architectures": [
              "x86_64"
            ],
            "arn": "arn:aws:lambda:us-east-2:857360184083:function:accept_athlete_request",
            "code_sha256": "1Rv1ivpbOTy2KtrcDMF6sJf7mYqSlcrMsOO5MUPLZcI=",
            "code_signing_config_arn": "",
            "dead_letter_config": [],
            "description": "",
            "environment": [
              {
                "variables": {
                  "ENVIRONMENT": "production",
                  "RDS_DBNAME": "trackme",
                  "RDS_ENDPOINT": "trackmedb.c9goe0ioosh0.us-east-2.rds.amazonaws.com",
                  "RDS_PASSWORD": "Mojito#2025",
                  "RDS_PORT": "5432",
                  "RDS_REGION": "us-east-2",
                  "RDS_USER": "trackme_admin"
                }
              }
            ],
            "ephemeral_storage": [
              {
                "size": 512
              }
            ],
            "file_system_config": [],
            "filename": "./../Server/lambdas/coach/zips/accept_athlete_request.zip",
            "function_name": "accept_athlete_request",
            "handler": "accept_athlete_request.accept_athlete_request",
            "id": "accept_athlete_request",
            "image_config": [],
            "image_uri": "",
            "invoke_arn": "arn:aws:apigateway:us-east-2:lambda:path/2015-03-31/functions/arn:aws:lambda:us-east-2:857360184083:function:accept_athlete_request/invocations",
            "kms_key_arn": "",
            "last_modified": "2025-10-01T00:47:09.000+0000",
            "layers": [
              "arn:aws:lambda:us-east-2:857360184083:layer:rds:38",
              "arn:aws:lambda:us-east-2:857360184083:layer:user_auth:1"
            ],
            "logging_config": [
              {
                "application_log_level": "",
                "log_format": "Text",
                "log_group": "/aws/lambda/accept_athlete_request",
                "system_log_level": ""
              }
            ],
            "memory_size": 128,
            "package_type": "Zip",
            "publish": false,
            "qualified_arn": "arn:aws:lambda:us-east-2:857360184083:function:accept_athlete_request:$LATEST",
            "qualified_invoke_arn": "arn:aws:apigateway:us-east-2:lambda:path/2015-03-31/functions/arn:aws:lambda:us-east-2:857360184083:function:accept_athlete_request:$LATEST/invocations",
            "replace_security_groups_on_destroy": null,
            "replacement_security_group_ids": null,
            "reserved_concurrent_executions": -1,
            "role": "arn:aws:iam::857360184083:role/lambda_role",
            "runtime": "python3.12",
            "s3_bucket": null,
            "s3_key": null,
            "s3_object_version": null,
            "signing_job_arn": "",
            "signing_profile_version_arn": "",
            "skip_destroy": false,
            "snap_start": [],
            "source_code_hash": "1Rv1ivpbOTy2KtrcDMF6sJf7mYqSlcrMsOO5MUPLZcI=",
            "source_code_size": 2197,
            "tags": {},
            "tags_all": {},
            "timeout": 5,
            "timeouts": null,
            "tracing_config": [
              {
                "mode": "PassThrough"
              }
            ],
            "version": "$LATEST",
            "vpc_config": [
              {
                "ipv6_allowed_for_dual_stack": false,
                "security_group_ids": [
                  "sg-0bd1fa78c58ba0495"
                ],
                "subnet_ids": [
                  "subnet-09b6e632d01fcb525",
                  "subnet-0db35c13edd7c98e9"
                ],
                "vpc_id": "vpc-00ce2d8f8e6ecb305"
              }
            ]
          },
          "sensitive_attributes": [
            [
              {
                "type": "get_attr",
                "value": "environment"
              },
              {
                "type": "index",
                "value": {
                  "value": 0,
                  "type": "number"
                }
              },
              {
                "type": "get_attr",
                "value": "variables"
              },
              {
                "type": "index",
                "value": {
                  "value": "RDS_PASSWORD",
                  "type": "string"
                }
              }
            ]
          ],
          "identity_schema_version": 0,
          "private": "eyJlMmJmYjczMC1lY2FhLTExZTYtOGY4OC0zNDM2M2JjN2M0YzAiOnsiY3JlYXRlIjo2MDAwMDAwMDAwMDAsImRlbGV0ZSI6NjAwMDAwMDAwMDAwLCJ1cGRhdGUiOjYwMDAwMDAwMDAwMH19",
          "dependencies": [
            "aws_db_instance.default",
            "aws_db_subnet_group.rds_private",
            "aws_iam_role.lambda_role",
            "aws_iam_role_policy_attachment.lambda_rds_auth",
            "aws_lambda_layer_version.rds",
            "aws_lambda_layer_version.user_auth",
            "aws_security_group.lambda_sg",
            "aws_subnet.private_subnet1",
            "aws_subnet.private_subnet2",
            "data.archive_file.lambda_archives",
            "data.archive_file.rds_layer",
            "data.archive_file.user_auth_layer",
            "data.aws_availability_zones.available",
            "data.aws_vpc.default"
          ],
          "create_before_destroy": true
        },
        {
          "index_key": "accept_coach_invite",
          "schema_version": 0,
          "attributes": {
            "architectures": [
              "x86_64"
            ],
            "arn": "arn:aws:lambda:us-east-2:857360184083:function:accept_coach_invite",
            "code_sha256": "shtSB2FvDjagAlLUOi2CFvxvzxJoQjeI1REiXxtiqsE=",
            "code_signing_config_arn": "",
            "dead_letter_config": [],
            "description": "",
            "environment": [
              {
                "variables": {
                  "ENVIRONMENT": "production",
                  "RDS_DBNAME": "trackme",
                  "RDS_ENDPOINT": "trackmedb.c9goe0ioosh0.us-east-2.rds.amazonaws.com",
                  "RDS_PASSWORD": "Mojito#2025",
                  "RDS_PORT": "5432",
                  "RDS_REGION": "us-east-2",
                  "RDS_USER": "trackme_admin"
                }
              }
            ],
            "ephemeral_storage": [
              {
                "size": 512
              }
            ],
            "file_system_config": [],
            "filename": "./../Server/lambdas/athlete/zips/accept_coach_invite.zip",
            "function_name": "accept_coach_invite",
            "handler": "accept_coach_invite.accept_coach_invite",
            "id": "accept_coach_invite",
            "image_config": [],
            "image_uri": "",
            "invoke_arn": "arn:aws:apigateway:us-east-2:lambda:path/2015-03-31/functions/arn:aws:lambda:us-east-2:857360184083:function:accept_coach_invite/invocations",
            "kms_key_arn": "",
            "last_modified": "2025-10-01T00:47:04.000+0000",
            "layers": [
              "arn:aws:lambda:us-east-2:857360184083:layer:rds:38",
              "arn:aws:lambda:us-east-2:857360184083:layer:user_auth:1"
            ],
            "logging_config": [
              {
                "application_log_level": "",
                "log_format": "Text",
                "log_group": "/aws/lambda/accept_coach_invite",
                "system_log_level": ""
              }
            ],
            "memory_size": 128,
            "package_type": "Zip",
            "publish": false,
            "qualified_arn": "arn:aws:lambda:us-east-2:857360184083:function:accept_coach_invite:$LATEST",
            "qualified_invoke_arn": "arn:aws:apigateway:us-east-2:lambda:path/2015-03-31/functions/arn:aws:lambda:us-east-2:857360184083:function:accept_coach_invite:$LATEST/invocations",
            "replace_security_groups_on_destroy": null,
            "replacement_security_group_ids": null,
            "reserved_concurrent_executions": -1,
            "role": "arn:aws:iam::857360184083:role/lambda_role",
            "runtime": "python3.12",
            "s3_bucket": null,
            "s3_key": null,
            "s3_object_version": null,
            "signing_job_arn": "",
            "signing_profile_version_arn": "",
            "skip_destroy": false,
            "snap_start": [],
            "source_code_hash": "shtSB2FvDjagAlLUOi2CFvxvzxJoQjeI1REiXxtiqsE=",
            "source_code_size": 2177,
            "tags": {},
            "tags_all": {},
            "timeout": 5,
            "timeouts": null,
            "tracing_config": [
              {
                "mode": "PassThrough"
              }
            ],
            "version": "$LATEST",
            "vpc_config": [
              {
                "ipv6_allowed_for_dual_stack": false,
                "security_group_ids": [
                  "sg-0bd1fa78c58ba0495"
                ],
                "subnet_ids": [
                  "subnet-09b6e632d01fcb525",
                  "subnet-0db35c13edd7c98e9"
                ],
                "vpc_id": "vpc-00ce2d8f8e6ecb305"
              }
            ]
          },
          "sensitive_attributes": [
            [
              {
                "type": "get_attr",
                "value": "environment"
              },
              {
                "type": "index",
                "value": {
                  "value": 0,
                  "type": "number"
                }
              },
              {
                "type": "get_attr",
                "value": "variables"
              },
              {
                "type": "index",
                "value": {
                  "value": "RDS_PASSWORD",
                  "type": "string"
                }
              }
            ]
          ],
          "identity_schema_version": 0,
          "private": "eyJlMmJmYjczMC1lY2FhLTExZTYtOGY4OC0zNDM2M2JjN2M0YzAiOnsiY3JlYXRlIjo2MDAwMDAwMDAwMDAsImRlbGV0ZSI6NjAwMDAwMDAwMDAwLCJ1cGRhdGUiOjYwMDAwMDAwMDAwMH19",
          "dependencies": [
            "aws_db_instance.default",
            "aws_db_subnet_group.rds_private",
            "aws_iam_role.lambda_role",
            "aws_iam_role_policy_attachment.lambda_rds_auth",
            "aws_lambda_layer_version.rds",
            "aws_lambda_layer_version.user_auth",
            "aws_security_group.lambda_sg",
            "aws_subnet.private_subnet1",
            "aws_subnet.private_subnet2",
            "data.archive_file.lambda_archives",
            "data.archive_file.rds_layer",
            "data.archive_file.user_auth_layer",
            "data.aws_availability_zones.available",
            "data.aws_vpc.default"
          ],
          "create_before_destroy": true
        },
        {
          "index_key": "add_athlete_to_group",
          "schema_version": 0,
          "attributes": {
            "architectures": [
              "x86_64"
            ],
            "arn": "arn:aws:lambda:us-east-2:857360184083:function:add_athlete_to_group",
            "code_sha256": "FnNBbDLog8iVQm3/pCoJX4lA3BHaGxvzwMQdR2Fgy8Q=",
            "code_signing_config_arn": "",
            "dead_letter_config": [],
            "description": "",
            "environment": [
              {
                "variables": {
                  "ENVIRONMENT": "production",
                  "RDS_DBNAME": "trackme",
                  "RDS_ENDPOINT": "trackmedb.c9goe0ioosh0.us-east-2.rds.amazonaws.com",
                  "RDS_PASSWORD": "Mojito#2025",
                  "RDS_PORT": "5432",
                  "RDS_REGION": "us-east-2",
                  "RDS_USER": "trackme_admin"
                }
              }
            ],
            "ephemeral_storage": [
              {
                "size": 512
              }
            ],
            "file_system_config": [],
            "filename": "./../Server/lambdas/coach/zips/add_athlete_to_group.zip",
            "function_name": "add_athlete_to_group",
            "handler": "add_athlete_to_group.add_athlete_to_group",
            "id": "add_athlete_to_group",
            "image_config": [],
            "image_uri": "",
            "invoke_arn": "arn:aws:apigateway:us-east-2:lambda:path/2015-03-31/functions/arn:aws:lambda:us-east-2:857360184083:function:add_athlete_to_group/invocations",
            "kms_key_arn": "",
            "last_modified": "2025-10-01T00:47:04.000+0000",
            "layers": [
              "arn:aws:lambda:us-east-2:857360184083:layer:rds:38",
              "arn:aws:lambda:us-east-2:857360184083:layer:user_auth:1"
            ],
            "logging_config": [
              {
                "application_log_level": "",
                "log_format": "Text",
                "log_group": "/aws/lambda/add_athlete_to_group",
                "system_log_level": ""
              }
            ],
            "memory_size": 128,
            "package_type": "Zip",
            "publish": false,
            "qualified_arn": "arn:aws:lambda:us-east-2:857360184083:function:add_athlete_to_group:$LATEST",
            "qualified_invoke_arn": "arn:aws:apigateway:us-east-2:lambda:path/2015-03-31/functions/arn:aws:lambda:us-east-2:857360184083:function:add_athlete_to_group:$LATEST/invocations",
            "replace_security_groups_on_destroy": null,
            "replacement_security_group_ids": null,
            "reserved_concurrent_executions": -1,
            "role": "arn:aws:iam::857360184083:role/lambda_role",
            "runtime": "python3.12",
            "s3_bucket": null,
            "s3_key": null,
            "s3_object_version": null,
            "signing_job_arn": "",
            "signing_profile_version_arn": "",
            "skip_destroy": false,
            "snap_start": [],
            "source_code_hash": "FnNBbDLog8iVQm3/pCoJX4lA3BHaGxvzwMQdR2Fgy8Q=",
            "source_code_size": 2692,
            "tags": {},
            "tags_all": {},
            "timeout": 5,
            "timeouts": null,
            "tracing_config": [
              {
                "mode": "PassThrough"
              }
            ],
            "version": "$LATEST",
            "vpc_config": [
              {
                "ipv6_allowed_for_dual_stack": false,
                "security_group_ids": [
                  "sg-0bd1fa78c58ba0495"
                ],
                "subnet_ids": [
                  "subnet-09b6e632d01fcb525",
                  "subnet-0db35c13edd7c98e9"
                ],
                "vpc_id": "vpc-00ce2d8f8e6ecb305"
              }
            ]
          },
          "sensitive_attributes": [
            [
              {
                "type": "get_attr",
                "value": "environment"
              },
              {
                "type": "index",
                "value": {
                  "value": 0,
                  "type": "number"
                }
              },
              {
                "type": "get_attr",
                "value": "variables"
              },
              {
                "type": "index",
                "value": {
                  "value": "RDS_PASSWORD",
                  "type": "string"
                }
              }
            ]
          ],
          "identity_schema_version": 0,
          "private": "eyJlMmJmYjczMC1lY2FhLTExZTYtOGY4OC0zNDM2M2JjN2M0YzAiOnsiY3JlYXRlIjo2MDAwMDAwMDAwMDAsImRlbGV0ZSI6NjAwMDAwMDAwMDAwLCJ1cGRhdGUiOjYwMDAwMDAwMDAwMH19",
          "dependencies": [
            "aws_db_instance.default",
            "aws_db_subnet_group.rds_private",
            "aws_iam_role.lambda_role",
            "aws_iam_role_policy_attachment.lambda_rds_auth",
            "aws_lambda_layer_version.rds",
            "aws_lambda_layer_version.user_auth",
            "aws_security_group.lambda_sg",
            "aws_subnet.private_subnet1",
            "aws_subnet.private_subnet2",
            "data.archive_file.lambda_archives",
            "data.archive_file.rds_layer",
            "data.archive_file.user_auth_layer",
            "data.aws_availability_zones.available",
            "data.aws_vpc.default"
          ],
          "create_before_destroy": true
        },
        {
          "index_key": "assign_group_workout",
          "schema_version": 0,
          "attributes": {
            "architectures": [
              "x86_64"
            ],
            "arn": "arn:aws:lambda:us-east-2:857360184083:function:assign_group_workout",
            "code_sha256": "KCC7XoCrdkMZUdxmckeWaTB7P62razyoIv4fR2MF4u0=",
            "code_signing_config_arn": "",
            "dead_letter_config": [],
            "description": "",
            "environment": [
              {
                "variables": {
                  "ENVIRONMENT": "production",
                  "RDS_DBNAME": "trackme",
                  "RDS_ENDPOINT": "trackmedb.c9goe0ioosh0.us-east-2.rds.amazonaws.com",
                  "RDS_PASSWORD": "Mojito#2025",
                  "RDS_PORT": "5432",
                  "RDS_REGION": "us-east-2",
                  "RDS_USER": "trackme_admin"
                }
              }
            ],
            "ephemeral_storage": [
              {
                "size": 512
              }
            ],
            "file_system_config": [],
            "filename": "./../Server/lambdas/coach/zips/assign_group_workout.zip",
            "function_name": "assign_group_workout",
            "handler": "assign_group_workout.assign_group_workout",
            "id": "assign_group_workout",
            "image_config": [],
            "image_uri": "",
            "invoke_arn": "arn:aws:apigateway:us-east-2:lambda:path/2015-03-31/functions/arn:aws:lambda:us-east-2:857360184083:function:assign_group_workout/invocations",
            "kms_key_arn": "",
            "last_modified": "2025-10-01T00:47:40.000+0000",
            "layers": [
              "arn:aws:lambda:us-east-2:857360184083:layer:rds:38",
              "arn:aws:lambda:us-east-2:857360184083:layer:user_auth:1"
            ],
            "logging_config": [
              {
                "application_log_level": "",
                "log_format": "Text",
                "log_group": "/aws/lambda/assign_group_workout",
                "system_log_level": ""
              }
            ],
            "memory_size": 128,
            "package_type": "Zip",
            "publish": false,
            "qualified_arn": "arn:aws:lambda:us-east-2:857360184083:function:assign_group_workout:$LATEST",
            "qualified_invoke_arn": "arn:aws:apigateway:us-east-2:lambda:path/2015-03-31/functions/arn:aws:lambda:us-east-2:857360184083:function:assign_group_workout:$LATEST/invocations",
            "replace_security_groups_on_destroy": null,
            "replacement_security_group_ids": null,
            "reserved_concurrent_executions": -1,
            "role": "arn:aws:iam::857360184083:role/lambda_role",
            "runtime": "python3.12",
            "s3_bucket": null,
            "s3_key": null,
            "s3_object_version": null,
            "signing_job_arn": "",
            "signing_profile_version_arn": "",
            "skip_destroy": false,
            "snap_start": [],
            "source_code_hash": "KCC7XoCrdkMZUdxmckeWaTB7P62razyoIv4fR2MF4u0=",
            "source_code_size": 3463,
            "tags": {},
            "tags_all": {},
            "timeout": 5,
            "timeouts": null,
            "tracing_config": [
              {
                "mode": "PassThrough"
              }
            ],
            "version": "$LATEST",
            "vpc_config": [
              {
                "ipv6_allowed_for_dual_stack": false,
                "security_group_ids": [
                  "sg-0bd1fa78c58ba0495"
                ],
                "subnet_ids": [
                  "subnet-09b6e632d01fcb525",
                  "subnet-0db35c13edd7c98e9"
                ],
                "vpc_id": "vpc-00ce2d8f8e6ecb305"
              }
            ]
          },
          "sensitive_attributes": [
            [
              {
                "type": "get_attr",
                "value": "environment"
              },
              {
                "type": "index",
                "value": {
                  "value": 0,
                  "type": "number"
                }
              },
              {
                "type": "get_attr",
                "value": "variables"
              },
              {
                "type": "index",
                "value": {
                  "value": "RDS_PASSWORD",
                  "type": "string"
                }
              }
            ]
          ],
          "identity_schema_version": 0,
          "private": "eyJlMmJmYjczMC1lY2FhLTExZTYtOGY4OC0zNDM2M2JjN2M0YzAiOnsiY3JlYXRlIjo2MDAwMDAwMDAwMDAsImRlbGV0ZSI6NjAwMDAwMDAwMDAwLCJ1cGRhdGUiOjYwMDAwMDAwMDAwMH19",
          "dependencies": [
            "aws_db_instance.default",
            "aws_db_subnet_group.rds_private",
            "aws_iam_role.lambda_role",
            "aws_iam_role_policy_attachment.lambda_rds_auth",
            "aws_lambda_layer_version.rds",
            "aws_lambda_layer_version.user_auth",
            "aws_security_group.lambda_sg",
            "aws_subnet.private_subnet1",
            "aws_subnet.private_subnet2",
            "data.archive_file.lambda_archives",
            "data.archive_file.rds_layer",
            "data.archive_file.user_auth_layer",
            "data.aws_availability_zones.available",
            "data.aws_vpc.default"
          ],
          "create_before_destroy": true
        },
        {
          "index_key": "assign_group_workout_template",
          "schema_version": 0,
          "attributes": {
            "architectures": [
              "x86_64"
            ],
            "arn": "arn:aws:lambda:us-east-2:857360184083:function:assign_group_workout_template",
            "code_sha256": "ZpS5TH9XrmNYZvxt0FHvtBic1bAShwAT3/Utn0OOPgA=",
            "code_signing_config_arn": "",
            "dead_letter_config": [],
            "description": "",
            "environment": [
              {
                "variables": {
                  "ENVIRONMENT": "production",
                  "RDS_DBNAME": "trackme",
                  "RDS_ENDPOINT": "trackmedb.c9goe0ioosh0.us-east-2.rds.amazonaws.com",
                  "RDS_PASSWORD": "Mojito#2025",
                  "RDS_PORT": "5432",
                  "RDS_REGION": "us-east-2",
                  "RDS_USER": "trackme_admin"
                }
              }
            ],
            "ephemeral_storage": [
              {
                "size": 512
              }
            ],
            "file_system_config": [],
            "filename": "./../Server/lambdas/coach/zips/assign_group_workout_template.zip",
            "function_name": "assign_group_workout_template",
            "handler": "assign_group_workout_template.assign_group_workout_template",
            "id": "assign_group_workout_template",
            "image_config": [],
            "image_uri": "",
            "invoke_arn": "arn:aws:apigateway:us-east-2:lambda:path/2015-03-31/functions/arn:aws:lambda:us-east-2:857360184083:function:assign_group_workout_template/invocations",
            "kms_key_arn": "",
            "last_modified": "2025-10-01T00:47:26.000+0000",
            "layers": [
              "arn:aws:lambda:us-east-2:857360184083:layer:rds:38",
              "arn:aws:lambda:us-east-2:857360184083:layer:user_auth:1"
            ],
            "logging_config": [
              {
                "application_log_level": "",
                "log_format": "Text",
                "log_group": "/aws/lambda/assign_group_workout_template",
                "system_log_level": ""
              }
            ],
            "memory_size": 128,
            "package_type": "Zip",
            "publish": false,
            "qualified_arn": "arn:aws:lambda:us-east-2:857360184083:function:assign_group_workout_template:$LATEST",
            "qualified_invoke_arn": "arn:aws:apigateway:us-east-2:lambda:path/2015-03-31/functions/arn:aws:lambda:us-east-2:857360184083:function:assign_group_workout_template:$LATEST/invocations",
            "replace_security_groups_on_destroy": null,
            "replacement_security_group_ids": null,
            "reserved_concurrent_executions": -1,
            "role": "arn:aws:iam::857360184083:role/lambda_role",
            "runtime": "python3.12",
            "s3_bucket": null,
            "s3_key": null,
            "s3_object_version": null,
            "signing_job_arn": "",
            "signing_profile_version_arn": "",
            "skip_destroy": false,
            "snap_start": [],
            "source_code_hash": "ZpS5TH9XrmNYZvxt0FHvtBic1bAShwAT3/Utn0OOPgA=",
            "source_code_size": 3773,
            "tags": {},
            "tags_all": {},
            "timeout": 5,
            "timeouts": null,
            "tracing_config": [
              {
                "mode": "PassThrough"
              }
            ],
            "version": "$LATEST",
            "vpc_config": [
              {
                "ipv6_allowed_for_dual_stack": false,
                "security_group_ids": [
                  "sg-0bd1fa78c58ba0495"
                ],
                "subnet_ids": [
                  "subnet-09b6e632d01fcb525",
                  "subnet-0db35c13edd7c98e9"
                ],
                "vpc_id": "vpc-00ce2d8f8e6ecb305"
              }
            ]
          },
          "sensitive_attributes": [
            [
              {
                "type": "get_attr",
                "value": "environment"
              },
              {
                "type": "index",
                "value": {
                  "value": 0,
                  "type": "number"
                }
              },
              {
                "type": "get_attr",
                "value": "variables"
              },
              {
                "type": "index",
                "value": {
                  "value": "RDS_PASSWORD",
                  "type": "string"
                }
              }
            ]
          ],
          "identity_schema_version": 0,
          "private": "eyJlMmJmYjczMC1lY2FhLTExZTYtOGY4OC0zNDM2M2JjN2M0YzAiOnsiY3JlYXRlIjo2MDAwMDAwMDAwMDAsImRlbGV0ZSI6NjAwMDAwMDAwMDAwLCJ1cGRhdGUiOjYwMDAwMDAwMDAwMH19",
          "dependencies": [
            "aws_db_instance.default",
            "aws_db_subnet_group.rds_private",
            "aws_iam_role.lambda_role",
            "aws_iam_role_policy_attachment.lambda_rds_auth",
            "aws_lambda_layer_version.rds",
            "aws_lambda_layer_version.user_auth",
            "aws_security_group.lambda_sg",
            "aws_subnet.private_subnet1",
            "aws_subnet.private_subnet2",
            "data.archive_file.lambda_archives",
            "data.archive_file.rds_layer",
            "data.archive_file.user_auth_layer",
            "data.aws_availability_zones.available",
            "data.aws_vpc.default"
          ],
          "create_before_destroy": true
        },
        {
          "index_key": "create_athlete",
          "schema_version": 0,
          "attributes": {
            "architectures": [
              "x86_64"
            ],
            "arn": "arn:aws:lambda:us-east-2:857360184083:function:create_athlete",
            "code_sha256": "43AdzdhQ3KKr3+QGGj0H6Hl9kunmq7VGcnh6wAylCdQ=",
            "code_signing_config_arn": "",
            "dead_letter_config": [],
            "description": "",
            "environment": [
              {
                "variables": {
                  "ENVIRONMENT": "production",
                  "RDS_DBNAME": "trackme",
                  "RDS_ENDPOINT": "trackmedb.c9goe0ioosh0.us-east-2.rds.amazonaws.com",
                  "RDS_PASSWORD": "Mojito#2025",
                  "RDS_PORT": "5432",
                  "RDS_REGION": "us-east-2",
                  "RDS_USER": "trackme_admin"
                }
              }
            ],
            "ephemeral_storage": [
              {
                "size": 512
              }
            ],
            "file_system_config": [],
            "filename": "./../Server/lambdas/athlete/zips/create_athlete.zip",
            "function_name": "create_athlete",
            "handler": "create_athlete.create_athlete",
            "id": "create_athlete",
            "image_config": [],
            "image_uri": "",
            "invoke_arn": "arn:aws:apigateway:us-east-2:lambda:path/2015-03-31/functions/arn:aws:lambda:us-east-2:857360184083:function:create_athlete/invocations",
            "kms_key_arn": "",
            "last_modified": "2025-10-01T00:47:11.000+0000",
            "layers": [
              "arn:aws:lambda:us-east-2:857360184083:layer:rds:38",
              "arn:aws:lambda:us-east-2:857360184083:layer:user_auth:1"
            ],
            "logging_config": [
              {
                "application_log_level": "",
                "log_format": "Text",
                "log_group": "/aws/lambda/create_athlete",
                "system_log_level": ""
              }
            ],
            "memory_size": 128,
            "package_type": "Zip",
            "publish": false,
            "qualified_arn": "arn:aws:lambda:us-east-2:857360184083:function:create_athlete:$LATEST",
            "qualified_invoke_arn": "arn:aws:apigateway:us-east-2:lambda:path/2015-03-31/functions/arn:aws:lambda:us-east-2:857360184083:function:create_athlete:$LATEST/invocations",
            "replace_security_groups_on_destroy": null,
            "replacement_security_group_ids": null,
            "reserved_concurrent_executions": -1,
            "role": "arn:aws:iam::857360184083:role/lambda_role",
            "runtime": "python3.12",
            "s3_bucket": null,
            "s3_key": null,
            "s3_object_version": null,
            "signing_job_arn": "",
            "signing_profile_version_arn": "",
            "skip_destroy": false,
            "snap_start": [],
            "source_code_hash": "43AdzdhQ3KKr3+QGGj0H6Hl9kunmq7VGcnh6wAylCdQ=",
            "source_code_size": 2111,
            "tags": {},
            "tags_all": {},
            "timeout": 5,
            "timeouts": null,
            "tracing_config": [
              {
                "mode": "PassThrough"
              }
            ],
            "version": "$LATEST",
            "vpc_config": [
              {
                "ipv6_allowed_for_dual_stack": false,
                "security_group_ids": [
                  "sg-0bd1fa78c58ba0495"
                ],
                "subnet_ids": [
                  "subnet-09b6e632d01fcb525",
                  "subnet-0db35c13edd7c98e9"
                ],
                "vpc_id": "vpc-00ce2d8f8e6ecb305"
              }
            ]
          },
          "sensitive_attributes": [
            [
              {
                "type": "get_attr",
                "value": "environment"
              },
              {
                "type": "index",
                "value": {
                  "value": 0,
                  "type": "number"
                }
              },
              {
                "type": "get_attr",
                "value": "variables"
              },
              {
                "type": "index",
                "value": {
                  "value": "RDS_PASSWORD",
                  "type": "string"
                }
              }
            ]
          ],
          "identity_schema_version": 0,
          "private": "eyJlMmJmYjczMC1lY2FhLTExZTYtOGY4OC0zNDM2M2JjN2M0YzAiOnsiY3JlYXRlIjo2MDAwMDAwMDAwMDAsImRlbGV0ZSI6NjAwMDAwMDAwMDAwLCJ1cGRhdGUiOjYwMDAwMDAwMDAwMH19",
          "dependencies": [
            "aws_db_instance.default",
            "aws_db_subnet_group.rds_private",
            "aws_iam_role.lambda_role",
            "aws_iam_role_policy_attachment.lambda_rds_auth",
            "aws_lambda_layer_version.rds",
            "aws_lambda_layer_version.user_auth",
            "aws_security_group.lambda_sg",
            "aws_subnet.private_subnet1",
            "aws_subnet.private_subnet2",
            "data.archive_file.lambda_archives",
            "data.archive_file.rds_layer",
            "data.archive_file.user_auth_layer",
            "data.aws_availability_zones.available",
            "data.aws_vpc.default"
          ],
          "create_before_destroy": true
        },
        {
          "index_key": "create_coach",
          "schema_version": 0,
          "attributes": {
            "architectures": [
              "x86_64"
            ],
            "arn": "arn:aws:lambda:us-east-2:857360184083:function:create_coach",
            "code_sha256": "97psz+EJIP+5n81jNh6EtlA7NPgMKj333nTtPcPt+i8=",
            "code_signing_config_arn": "",
            "dead_letter_config": [],
            "description": "",
            "environment": [
              {
                "variables": {
                  "ENVIRONMENT": "production",
                  "RDS_DBNAME": "trackme",
                  "RDS_ENDPOINT": "trackmedb.c9goe0ioosh0.us-east-2.rds.amazonaws.com",
                  "RDS_PASSWORD": "Mojito#2025",
                  "RDS_PORT": "5432",
                  "RDS_REGION": "us-east-2",
                  "RDS_USER": "trackme_admin"
                }
              }
            ],
            "ephemeral_storage": [
              {
                "size": 512
              }
            ],
            "file_system_config": [],
            "filename": "./../Server/lambdas/coach/zips/create_coach.zip",
            "function_name": "create_coach",
            "handler": "create_coach.create_coach",
            "id": "create_coach",
            "image_config": [],
            "image_uri": "",
            "invoke_arn": "arn:aws:apigateway:us-east-2:lambda:path/2015-03-31/functions/arn:aws:lambda:us-east-2:857360184083:function:create_coach/invocations",
            "kms_key_arn": "",
            "last_modified": "2025-10-01T00:47:15.000+0000",
            "layers": [
              "arn:aws:lambda:us-east-2:857360184083:layer:rds:38",
              "arn:aws:lambda:us-east-2:857360184083:layer:user_auth:1"
            ],
            "logging_config": [
              {
                "application_log_level": "",
                "log_format": "Text",
                "log_group": "/aws/lambda/create_coach",
                "system_log_level": ""
              }
            ],
            "memory_size": 128,
            "package_type": "Zip",
            "publish": false,
            "qualified_arn": "arn:aws:lambda:us-east-2:857360184083:function:create_coach:$LATEST",
            "qualified_invoke_arn": "arn:aws:apigateway:us-east-2:lambda:path/2015-03-31/functions/arn:aws:lambda:us-east-2:857360184083:function:create_coach:$LATEST/invocations",
            "replace_security_groups_on_destroy": null,
            "replacement_security_group_ids": null,
            "reserved_concurrent_executions": -1,
            "role": "arn:aws:iam::857360184083:role/lambda_role",
            "runtime": "python3.12",
            "s3_bucket": null,
            "s3_key": null,
            "s3_object_version": null,
            "signing_job_arn": "",
            "signing_profile_version_arn": "",
            "skip_destroy": false,
            "snap_start": [],
            "source_code_hash": "97psz+EJIP+5n81jNh6EtlA7NPgMKj333nTtPcPt+i8=",
            "source_code_size": 2132,
            "tags": {},
            "tags_all": {},
            "timeout": 5,
            "timeouts": null,
            "tracing_config": [
              {
                "mode": "PassThrough"
              }
            ],
            "version": "$LATEST",
            "vpc_config": [
              {
                "ipv6_allowed_for_dual_stack": false,
                "security_group_ids": [
                  "sg-0bd1fa78c58ba0495"
                ],
                "subnet_ids": [
                  "subnet-09b6e632d01fcb525",
                  "subnet-0db35c13edd7c98e9"
                ],
                "vpc_id": "vpc-00ce2d8f8e6ecb305"
              }
            ]
          },
          "sensitive_attributes": [
            [
              {
                "type": "get_attr",
                "value": "environment"
              },
              {
                "type": "index",
                "value": {
                  "value": 0,
                  "type": "number"
                }
              },
              {
                "type": "get_attr",
                "value": "variables"
              },
              {
                "type": "index",
                "value": {
                  "value": "RDS_PASSWORD",
                  "type": "string"
                }
              }
            ]
          ],
          "identity_schema_version": 0,
          "private": "eyJlMmJmYjczMC1lY2FhLTExZTYtOGY4OC0zNDM2M2JjN2M0YzAiOnsiY3JlYXRlIjo2MDAwMDAwMDAwMDAsImRlbGV0ZSI6NjAwMDAwMDAwMDAwLCJ1cGRhdGUiOjYwMDAwMDAwMDAwMH19",
          "dependencies": [
            "aws_db_instance.default",
            "aws_db_subnet_group.rds_private",
            "aws_iam_role.lambda_role",
            "aws_iam_role_policy_attachment.lambda_rds_auth",
            "aws_lambda_layer_version.rds",
            "aws_lambda_layer_version.user_auth",
            "aws_security_group.lambda_sg",
            "aws_subnet.private_subnet1",
            "aws_subnet.private_subnet2",
            "data.archive_file.lambda_archives",
            "data.archive_file.rds_layer",
            "data.archive_file.user_auth_layer",
            "data.aws_availability_zones.available",
            "data.aws_vpc.default"
          ],
          "create_before_destroy": true
        },
        {
          "index_key": "create_group",
          "schema_version": 0,
          "attributes": {
            "architectures": [
              "x86_64"
            ],
            "arn": "arn:aws:lambda:us-east-2:857360184083:function:create_group",
            "code_sha256": "Z5JJ6WqN0vDtONykflTA/BJItxHcbahYpXAWcieVXqw=",
            "code_signing_config_arn": "",
            "dead_letter_config": [],
            "description": "",
            "environment": [
              {
                "variables": {
                  "ENVIRONMENT": "production",
                  "RDS_DBNAME": "trackme",
                  "RDS_ENDPOINT": "trackmedb.c9goe0ioosh0.us-east-2.rds.amazonaws.com",
                  "RDS_PASSWORD": "Mojito#2025",
                  "RDS_PORT": "5432",
                  "RDS_REGION": "us-east-2",
                  "RDS_USER": "trackme_admin"
                }
              }
            ],
            "ephemeral_storage": [
              {
                "size": 512
              }
            ],
            "file_system_config": [],
            "filename": "./../Server/lambdas/coach/zips/create_group.zip",
            "function_name": "create_group",
            "handler": "create_group.create_group",
            "id": "create_group",
            "image_config": [],
            "image_uri": "",
            "invoke_arn": "arn:aws:apigateway:us-east-2:lambda:path/2015-03-31/functions/arn:aws:lambda:us-east-2:857360184083:function:create_group/invocations",
            "kms_key_arn": "",
            "last_modified": "2025-10-01T00:47:15.000+0000",
            "layers": [
              "arn:aws:lambda:us-east-2:857360184083:layer:rds:38",
              "arn:aws:lambda:us-east-2:857360184083:layer:user_auth:1"
            ],
            "logging_config": [
              {
                "application_log_level": "",
                "log_format": "Text",
                "log_group": "/aws/lambda/create_group",
                "system_log_level": ""
              }
            ],
            "memory_size": 128,
            "package_type": "Zip",
            "publish": false,
            "qualified_arn": "arn:aws:lambda:us-east-2:857360184083:function:create_group:$LATEST",
            "qualified_invoke_arn": "arn:aws:apigateway:us-east-2:lambda:path/2015-03-31/functions/arn:aws:lambda:us-east-2:857360184083:function:create_group:$LATEST/invocations",
            "replace_security_groups_on_destroy": null,
            "replacement_security_group_ids": null,
            "reserved_concurrent_executions": -1,
            "role": "arn:aws:iam::857360184083:role/lambda_role",
            "runtime": "python3.12",
            "s3_bucket": null,
            "s3_key": null,
            "s3_object_version": null,
            "signing_job_arn": "",
            "signing_profile_version_arn": "",
            "skip_destroy": false,
            "snap_start": [],
            "source_code_hash": "Z5JJ6WqN0vDtONykflTA/BJItxHcbahYpXAWcieVXqw=",
            "source_code_size": 2851,
            "tags": {},
            "tags_all": {},
            "timeout": 5,
            "timeouts": null,
            "tracing_config": [
              {
                "mode": "PassThrough"
              }
            ],
            "version": "$LATEST",
            "vpc_config": [
              {
                "ipv6_allowed_for_dual_stack": false,
                "security_group_ids": [
                  "sg-0bd1fa78c58ba0495"
                ],
                "subnet_ids": [
                  "subnet-09b6e632d01fcb525",
                  "subnet-0db35c13edd7c98e9"
                ],
                "vpc_id": "vpc-00ce2d8f8e6ecb305"
              }
            ]
          },
          "sensitive_attributes": [
            [
              {
                "type": "get_attr",
                "value": "environment"
              },
              {
                "type": "index",
                "value": {
                  "value": 0,
                  "type": "number"
                }
              },
              {
                "type": "get_attr",
                "value": "variables"
              },
              {
                "type": "index",
                "value": {
                  "value": "RDS_PASSWORD",
                  "type": "string"
                }
              }
            ]
          ],
          "identity_schema_version": 0,
          "private": "eyJlMmJmYjczMC1lY2FhLTExZTYtOGY4OC0zNDM2M2JjN2M0YzAiOnsiY3JlYXRlIjo2MDAwMDAwMDAwMDAsImRlbGV0ZSI6NjAwMDAwMDAwMDAwLCJ1cGRhdGUiOjYwMDAwMDAwMDAwMH19",
          "dependencies": [
            "aws_db_instance.default",
            "aws_db_subnet_group.rds_private",
            "aws_iam_role.lambda_role",
            "aws_iam_role_policy_attachment.lambda_rds_auth",
            "aws_lambda_layer_version.rds",
            "aws_lambda_layer_version.user_auth",
            "aws_security_group.lambda_sg",
            "aws_subnet.private_subnet1",
            "aws_subnet.private_subnet2",
            "data.archive_file.lambda_archives",
            "data.archive_file.rds_layer",
            "data.archive_file.user_auth_layer",
            "data.aws_availability_zones.available",
            "data.aws_vpc.default"
          ],
          "create_before_destroy": true
        },
        {
          "index_key": "create_workout_template",
          "schema_version": 0,
          "attributes": {
            "architectures": [
              "x86_64"
            ],
            "arn": "arn:aws:lambda:us-east-2:857360184083:function:create_workout_template",
            "code_sha256": "jCUdgrSgQym4atuCfxRL3qHFHOWO1xGWf32dRPRM+aE=",
            "code_signing_config_arn": "",
            "dead_letter_config": [],
            "description": "",
            "environment": [
              {
                "variables": {
                  "ENVIRONMENT": "production",
                  "RDS_DBNAME": "trackme",
                  "RDS_ENDPOINT": "trackmedb.c9goe0ioosh0.us-east-2.rds.amazonaws.com",
                  "RDS_PASSWORD": "Mojito#2025",
                  "RDS_PORT": "5432",
                  "RDS_REGION": "us-east-2",
                  "RDS_USER": "trackme_admin"
                }
              }
            ],
            "ephemeral_storage": [
              {
                "size": 512
              }
            ],
            "file_system_config": [],
            "filename": "./../Server/lambdas/coach/zips/create_workout_template.zip",
            "function_name": "create_workout_template",
            "handler": "create_workout_template.create_workout_template",
            "id": "create_workout_template",
            "image_config": [],
            "image_uri": "",
            "invoke_arn": "arn:aws:apigateway:us-east-2:lambda:path/2015-03-31/functions/arn:aws:lambda:us-east-2:857360184083:function:create_workout_template/invocations",
            "kms_key_arn": "",
            "last_modified": "2025-10-01T00:47:45.000+0000",
            "layers": [
              "arn:aws:lambda:us-east-2:857360184083:layer:rds:38",
              "arn:aws:lambda:us-east-2:857360184083:layer:user_auth:1"
            ],
            "logging_config": [
              {
                "application_log_level": "",
                "log_format": "Text",
                "log_group": "/aws/lambda/create_workout_template",
                "system_log_level": ""
              }
            ],
            "memory_size": 128,
            "package_type": "Zip",
            "publish": false,
            "qualified_arn": "arn:aws:lambda:us-east-2:857360184083:function:create_workout_template:$LATEST",
            "qualified_invoke_arn": "arn:aws:apigateway:us-east-2:lambda:path/2015-03-31/functions/arn:aws:lambda:us-east-2:857360184083:function:create_workout_template:$LATEST/invocations",
            "replace_security_groups_on_destroy": null,
            "replacement_security_group_ids": null,
            "reserved_concurrent_executions": -1,
            "role": "arn:aws:iam::857360184083:role/lambda_role",
            "runtime": "python3.12",
            "s3_bucket": null,
            "s3_key": null,
            "s3_object_version": null,
            "signing_job_arn": "",
            "signing_profile_version_arn": "",
            "skip_destroy": false,
            "snap_start": [],
            "source_code_hash": "jCUdgrSgQym4atuCfxRL3qHFHOWO1xGWf32dRPRM+aE=",
            "source_code_size": 4089,
            "tags": {},
            "tags_all": {},
            "timeout": 5,
            "timeouts": null,
            "tracing_config": [
              {
                "mode": "PassThrough"
              }
            ],
            "version": "$LATEST",
            "vpc_config": [
              {
                "ipv6_allowed_for_dual_stack": false,
                "security_group_ids": [
                  "sg-0bd1fa78c58ba0495"
                ],
                "subnet_ids": [
                  "subnet-09b6e632d01fcb525",
                  "subnet-0db35c13edd7c98e9"
                ],
                "vpc_id": "vpc-00ce2d8f8e6ecb305"
              }
            ]
          },
          "sensitive_attributes": [
            [
              {
                "type": "get_attr",
                "value": "environment"
              },
              {
                "type": "index",
                "value": {
                  "value": 0,
                  "type": "number"
                }
              },
              {
                "type": "get_attr",
                "value": "variables"
              },
              {
                "type": "index",
                "value": {
                  "value": "RDS_PASSWORD",
                  "type": "string"
                }
              }
            ]
          ],
          "identity_schema_version": 0,
          "private": "eyJlMmJmYjczMC1lY2FhLTExZTYtOGY4OC0zNDM2M2JjN2M0YzAiOnsiY3JlYXRlIjo2MDAwMDAwMDAwMDAsImRlbGV0ZSI6NjAwMDAwMDAwMDAwLCJ1cGRhdGUiOjYwMDAwMDAwMDAwMH19",
          "dependencies": [
            "aws_db_instance.default",
            "aws_db_subnet_group.rds_private",
            "aws_iam_role.lambda_role",
            "aws_iam_role_policy_attachment.lambda_rds_auth",
            "aws_lambda_layer_version.rds",
            "aws_lambda_layer_version.user_auth",
            "aws_security_group.lambda_sg",
            "aws_subnet.private_subnet1",
            "aws_subnet.private_subnet2",
            "data.archive_file.lambda_archives",
            "data.archive_file.rds_layer",
            "data.archive_file.user_auth_layer",
            "data.aws_availability_zones.available",
            "data.aws_vpc.default"
          ],
          "create_before_destroy": true
        },
        {
          "index_key": "decline_athlete_request",
          "schema_version": 0,
          "attributes": {
            "architectures": [
              "x86_64"
            ],
            "arn": "arn:aws:lambda:us-east-2:857360184083:function:decline_athlete_request",
            "code_sha256": "FG1PV16j08xTHpekQfWoy4AZC7JDnlyNQxyluZfYK1s=",
            "code_signing_config_arn": "",
            "dead_letter_config": [],
            "description": "",
            "environment": [
              {
                "variables": {
                  "ENVIRONMENT": "production",
                  "RDS_DBNAME": "trackme",
                  "RDS_ENDPOINT": "trackmedb.c9goe0ioosh0.us-east-2.rds.amazonaws.com",
                  "RDS_PASSWORD": "Mojito#2025",
                  "RDS_PORT": "5432",
                  "RDS_REGION": "us-east-2",
                  "RDS_USER": "trackme_admin"
                }
              }
            ],
            "ephemeral_storage": [
              {
                "size": 512
              }
            ],
            "file_system_config": [],
            "filename": "./../Server/lambdas/coach/zips/decline_athlete_request.zip",
            "function_name": "decline_athlete_request",
            "handler": "decline_athlete_request.decline_athlete_request",
            "id": "decline_athlete_request",
            "image_config": [],
            "image_uri": "",
            "invoke_arn": "arn:aws:apigateway:us-east-2:lambda:path/2015-03-31/functions/arn:aws:lambda:us-east-2:857360184083:function:decline_athlete_request/invocations",
            "kms_key_arn": "",
            "last_modified": "2025-10-01T00:47:04.000+0000",
            "layers": [
              "arn:aws:lambda:us-east-2:857360184083:layer:rds:38",
              "arn:aws:lambda:us-east-2:857360184083:layer:user_auth:1"
            ],
            "logging_config": [
              {
                "application_log_level": "",
                "log_format": "Text",
                "log_group": "/aws/lambda/decline_athlete_request",
                "system_log_level": ""
              }
            ],
            "memory_size": 128,
            "package_type": "Zip",
            "publish": false,
            "qualified_arn": "arn:aws:lambda:us-east-2:857360184083:function:decline_athlete_request:$LATEST",
            "qualified_invoke_arn": "arn:aws:apigateway:us-east-2:lambda:path/2015-03-31/functions/arn:aws:lambda:us-east-2:857360184083:function:decline_athlete_request:$LATEST/invocations",
            "replace_security_groups_on_destroy": null,
            "replacement_security_group_ids": null,
            "reserved_concurrent_executions": -1,
            "role": "arn:aws:iam::857360184083:role/lambda_role",
            "runtime": "python3.12",
            "s3_bucket": null,
            "s3_key": null,
            "s3_object_version": null,
            "signing_job_arn": "",
            "signing_profile_version_arn": "",
            "skip_destroy": false,
            "snap_start": [],
            "source_code_hash": "FG1PV16j08xTHpekQfWoy4AZC7JDnlyNQxyluZfYK1s=",
            "source_code_size": 2079,
            "tags": {},
            "tags_all": {},
            "timeout": 5,
            "timeouts": null,
            "tracing_config": [
              {
                "mode": "PassThrough"
              }
            ],
            "version": "$LATEST",
            "vpc_config": [
              {
                "ipv6_allowed_for_dual_stack": false,
                "security_group_ids": [
                  "sg-0bd1fa78c58ba0495"
                ],
                "subnet_ids": [
                  "subnet-09b6e632d01fcb525",
                  "subnet-0db35c13edd7c98e9"
                ],
                "vpc_id": "vpc-00ce2d8f8e6ecb305"
              }
            ]
          },
          "sensitive_attributes": [
            [
              {
                "type": "get_attr",
                "value": "environment"
              },
              {
                "type": "index",
                "value": {
                  "value": 0,
                  "type": "number"
                }
              },
              {
                "type": "get_attr",
                "value": "variables"
              },
              {
                "type": "index",
                "value": {
                  "value": "RDS_PASSWORD",
                  "type": "string"
                }
              }
            ]
          ],
          "identity_schema_version": 0,
          "private": "eyJlMmJmYjczMC1lY2FhLTExZTYtOGY4OC0zNDM2M2JjN2M0YzAiOnsiY3JlYXRlIjo2MDAwMDAwMDAwMDAsImRlbGV0ZSI6NjAwMDAwMDAwMDAwLCJ1cGRhdGUiOjYwMDAwMDAwMDAwMH19",
          "dependencies": [
            "aws_db_instance.default",
            "aws_db_subnet_group.rds_private",
            "aws_iam_role.lambda_role",
            "aws_iam_role_policy_attachment.lambda_rds_auth",
            "aws_lambda_layer_version.rds",
            "aws_lambda_layer_version.user_auth",
            "aws_security_group.lambda_sg",
            "aws_subnet.private_subnet1",
            "aws_subnet.private_subnet2",
            "data.archive_file.lambda_archives",
            "data.archive_file.rds_layer",
            "data.archive_file.user_auth_layer",
            "data.aws_availability_zones.available",
            "data.aws_vpc.default"
          ],
          "create_before_destroy": true
        },
        {
          "index_key": "decline_coach_invite",
          "schema_version": 0,
          "attributes": {
            "architectures": [
              "x86_64"
            ],
            "arn": "arn:aws:lambda:us-east-2:857360184083:function:decline_coach_invite",
            "code_sha256": "wa0bR02at6U+b5r0sn4LXrUeOnXf5UZnU4rl3y1hL4c=",
            "code_signing_config_arn": "",
            "dead_letter_config": [],
            "description": "",
            "environment": [
              {
                "variables": {
                  "ENVIRONMENT": "production",
                  "RDS_DBNAME": "trackme",
                  "RDS_ENDPOINT": "trackmedb.c9goe0ioosh0.us-east-2.rds.amazonaws.com",
                  "RDS_PASSWORD": "Mojito#2025",
                  "RDS_PORT": "5432",
                  "RDS_REGION": "us-east-2",
                  "RDS_USER": "trackme_admin"
                }
              }
            ],
            "ephemeral_storage": [
              {
                "size": 512
              }
            ],
            "file_system_config": [],
            "filename": "./../Server/lambdas/athlete/zips/decline_coach_invite.zip",
            "function_name": "decline_coach_invite",
            "handler": "decline_coach_invite.decline_coach_invite",
            "id": "decline_coach_invite",
            "image_config": [],
            "image_uri": "",
            "invoke_arn": "arn:aws:apigateway:us-east-2:lambda:path/2015-03-31/functions/arn:aws:lambda:us-east-2:857360184083:function:decline_coach_invite/invocations",
            "kms_key_arn": "",
            "last_modified": "2025-10-01T00:46:58.000+0000",
            "layers": [
              "arn:aws:lambda:us-east-2:857360184083:layer:rds:38",
              "arn:aws:lambda:us-east-2:857360184083:layer:user_auth:1"
            ],
            "logging_config": [
              {
                "application_log_level": "",
                "log_format": "Text",
                "log_group": "/aws/lambda/decline_coach_invite",
                "system_log_level": ""
              }
            ],
            "memory_size": 128,
            "package_type": "Zip",
            "publish": false,
            "qualified_arn": "arn:aws:lambda:us-east-2:857360184083:function:decline_coach_invite:$LATEST",
            "qualified_invoke_arn": "arn:aws:apigateway:us-east-2:lambda:path/2015-03-31/functions/arn:aws:lambda:us-east-2:857360184083:function:decline_coach_invite:$LATEST/invocations",
            "replace_security_groups_on_destroy": null,
            "replacement_security_group_ids": null,
            "reserved_concurrent_executions": -1,
            "role": "arn:aws:iam::857360184083:role/lambda_role",
            "runtime": "python3.12",
            "s3_bucket": null,
            "s3_key": null,
            "s3_object_version": null,
            "signing_job_arn": "",
            "signing_profile_version_arn": "",
            "skip_destroy": false,
            "snap_start": [],
            "source_code_hash": "wa0bR02at6U+b5r0sn4LXrUeOnXf5UZnU4rl3y1hL4c=",
            "source_code_size": 2062,
            "tags": {},
            "tags_all": {},
            "timeout": 5,
            "timeouts": null,
            "tracing_config": [
              {
                "mode": "PassThrough"
              }
            ],
            "version": "$LATEST",
            "vpc_config": [
              {
                "ipv6_allowed_for_dual_stack": false,
                "security_group_ids": [
                  "sg-0bd1fa78c58ba0495"
                ],
                "subnet_ids": [
                  "subnet-09b6e632d01fcb525",
                  "subnet-0db35c13edd7c98e9"
                ],
                "vpc_id": "vpc-00ce2d8f8e6ecb305"
              }
            ]
          },
          "sensitive_attributes": [
            [
              {
                "type": "get_attr",
                "value": "environment"
              },
              {
                "type": "index",
                "value": {
                  "value": 0,
                  "type": "number"
                }
              },
              {
                "type": "get_attr",
                "value": "variables"
              },
              {
                "type": "index",
                "value": {
                  "value": "RDS_PASSWORD",
                  "type": "string"
                }
              }
            ]
          ],
          "identity_schema_version": 0,
          "private": "eyJlMmJmYjczMC1lY2FhLTExZTYtOGY4OC0zNDM2M2JjN2M0YzAiOnsiY3JlYXRlIjo2MDAwMDAwMDAwMDAsImRlbGV0ZSI6NjAwMDAwMDAwMDAwLCJ1cGRhdGUiOjYwMDAwMDAwMDAwMH19",
          "dependencies": [
            "aws_db_instance.default",
            "aws_db_subnet_group.rds_private",
            "aws_iam_role.lambda_role",
            "aws_iam_role_policy_attachment.lambda_rds_auth",
            "aws_lambda_layer_version.rds",
            "aws_lambda_layer_version.user_auth",
            "aws_security_group.lambda_sg",
            "aws_subnet.private_subnet1",
            "aws_subnet.private_subnet2",
            "data.archive_file.lambda_archives",
            "data.archive_file.rds_layer",
            "data.archive_file.user_auth_layer",
            "data.aws_availability_zones.available",
            "data.aws_vpc.default"
          ],
          "create_before_destroy": true
        },
        {
          "index_key": "delete_group",
          "schema_version": 0,
          "attributes": {
            "architectures": [
              "x86_64"
            ],
            "arn": "arn:aws:lambda:us-east-2:857360184083:function:delete_group",
            "code_sha256": "7hvNKwfUpOqB1wc4SA4OEnzUAD/Urvmojqj/1WXZlrI=",
            "code_signing_config_arn": "",
            "dead_letter_config": [],
            "description": "",
            "environment": [
              {
                "variables": {
                  "ENVIRONMENT": "production",
                  "RDS_DBNAME": "trackme",
                  "RDS_ENDPOINT": "trackmedb.c9goe0ioosh0.us-east-2.rds.amazonaws.com",
                  "RDS_PASSWORD": "Mojito#2025",
                  "RDS_PORT": "5432",
                  "RDS_REGION": "us-east-2",
                  "RDS_USER": "trackme_admin"
                }
              }
            ],
            "ephemeral_storage": [
              {
                "size": 512
              }
            ],
            "file_system_config": [],
            "filename": "./../Server/lambdas/coach/zips/delete_group.zip",
            "function_name": "delete_group",
            "handler": "delete_group.delete_group",
            "id": "delete_group",
            "image_config": [],
            "image_uri": "",
            "invoke_arn": "arn:aws:apigateway:us-east-2:lambda:path/2015-03-31/functions/arn:aws:lambda:us-east-2:857360184083:function:delete_group/invocations",
            "kms_key_arn": "",
            "last_modified": "2025-10-01T00:46:58.000+0000",
            "layers": [
              "arn:aws:lambda:us-east-2:857360184083:layer:rds:38",
              "arn:aws:lambda:us-east-2:857360184083:layer:user_auth:1"
            ],
            "logging_config": [
              {
                "application_log_level": "",
                "log_format": "Text",
                "log_group": "/aws/lambda/delete_group",
                "system_log_level": ""
              }
            ],
            "memory_size": 128,
            "package_type": "Zip",
            "publish": false,
            "qualified_arn": "arn:aws:lambda:us-east-2:857360184083:function:delete_group:$LATEST",
            "qualified_invoke_arn": "arn:aws:apigateway:us-east-2:lambda:path/2015-03-31/functions/arn:aws:lambda:us-east-2:857360184083:function:delete_group:$LATEST/invocations",
            "replace_security_groups_on_destroy": null,
            "replacement_security_group_ids": null,
            "reserved_concurrent_executions": -1,
            "role": "arn:aws:iam::857360184083:role/lambda_role",
            "runtime": "python3.12",
            "s3_bucket": null,
            "s3_key": null,
            "s3_object_version": null,
            "signing_job_arn": "",
            "signing_profile_version_arn": "",
            "skip_destroy": false,
            "snap_start": [],
            "source_code_hash": "7hvNKwfUpOqB1wc4SA4OEnzUAD/Urvmojqj/1WXZlrI=",
            "source_code_size": 2034,
            "tags": {},
            "tags_all": {},
            "timeout": 5,
            "timeouts": null,
            "tracing_config": [
              {
                "mode": "PassThrough"
              }
            ],
            "version": "$LATEST",
            "vpc_config": [
              {
                "ipv6_allowed_for_dual_stack": false,
                "security_group_ids": [
                  "sg-0bd1fa78c58ba0495"
                ],
                "subnet_ids": [
                  "subnet-09b6e632d01fcb525",
                  "subnet-0db35c13edd7c98e9"
                ],
                "vpc_id": "vpc-00ce2d8f8e6ecb305"
              }
            ]
          },
          "sensitive_attributes": [
            [
              {
                "type": "get_attr",
                "value": "environment"
              },
              {
                "type": "index",
                "value": {
                  "value": 0,
                  "type": "number"
                }
              },
              {
                "type": "get_attr",
                "value": "variables"
              },
              {
                "type": "index",
                "value": {
                  "value": "RDS_PASSWORD",
                  "type": "string"
                }
              }
            ]
          ],
          "identity_schema_version": 0,
          "private": "eyJlMmJmYjczMC1lY2FhLTExZTYtOGY4OC0zNDM2M2JjN2M0YzAiOnsiY3JlYXRlIjo2MDAwMDAwMDAwMDAsImRlbGV0ZSI6NjAwMDAwMDAwMDAwLCJ1cGRhdGUiOjYwMDAwMDAwMDAwMH19",
          "dependencies": [
            "aws_db_instance.default",
            "aws_db_subnet_group.rds_private",
            "aws_iam_role.lambda_role",
            "aws_iam_role_policy_attachment.lambda_rds_auth",
            "aws_lambda_layer_version.rds",
            "aws_lambda_layer_version.user_auth",
            "aws_security_group.lambda_sg",
            "aws_subnet.private_subnet1",
            "aws_subnet.private_subnet2",
            "data.archive_file.lambda_archives",
            "data.archive_file.rds_layer",
            "data.archive_file.user_auth_layer",
            "data.aws_availability_zones.available",
            "data.aws_vpc.default"
          ],
          "create_before_destroy": true
        },
        {
          "index_key": "delete_group_workout",
          "schema_version": 0,
          "attributes": {
            "architectures": [
              "x86_64"
            ],
            "arn": "arn:aws:lambda:us-east-2:857360184083:function:delete_group_workout",
            "code_sha256": "R1O9VzS8//Eqy443g7ywNeG5SR9QStiGsSZy5zpUqBc=",
            "code_signing_config_arn": "",
            "dead_letter_config": [],
            "description": "",
            "environment": [
              {
                "variables": {
                  "ENVIRONMENT": "production",
                  "RDS_DBNAME": "trackme",
                  "RDS_ENDPOINT": "trackmedb.c9goe0ioosh0.us-east-2.rds.amazonaws.com",
                  "RDS_PASSWORD": "Mojito#2025",
                  "RDS_PORT": "5432",
                  "RDS_REGION": "us-east-2",
                  "RDS_USER": "trackme_admin"
                }
              }
            ],
            "ephemeral_storage": [
              {
                "size": 512
              }
            ],
            "file_system_config": [],
            "filename": "./../Server/lambdas/coach/zips/delete_group_workout.zip",
            "function_name": "delete_group_workout",
            "handler": "delete_group_workout.delete_group_workout",
            "id": "delete_group_workout",
            "image_config": [],
            "image_uri": "",
            "invoke_arn": "arn:aws:apigateway:us-east-2:lambda:path/2015-03-31/functions/arn:aws:lambda:us-east-2:857360184083:function:delete_group_workout/invocations",
            "kms_key_arn": "",
            "last_modified": "2025-10-01T00:47:26.000+0000",
            "layers": [
              "arn:aws:lambda:us-east-2:857360184083:layer:rds:38",
              "arn:aws:lambda:us-east-2:857360184083:layer:user_auth:1"
            ],
            "logging_config": [
              {
                "application_log_level": "",
                "log_format": "Text",
                "log_group": "/aws/lambda/delete_group_workout",
                "system_log_level": ""
              }
            ],
            "memory_size": 128,
            "package_type": "Zip",
            "publish": false,
            "qualified_arn": "arn:aws:lambda:us-east-2:857360184083:function:delete_group_workout:$LATEST",
            "qualified_invoke_arn": "arn:aws:apigateway:us-east-2:lambda:path/2015-03-31/functions/arn:aws:lambda:us-east-2:857360184083:function:delete_group_workout:$LATEST/invocations",
            "replace_security_groups_on_destroy": null,
            "replacement_security_group_ids": null,
            "reserved_concurrent_executions": -1,
            "role": "arn:aws:iam::857360184083:role/lambda_role",
            "runtime": "python3.12",
            "s3_bucket": null,
            "s3_key": null,
            "s3_object_version": null,
            "signing_job_arn": "",
            "signing_profile_version_arn": "",
            "skip_destroy": false,
            "snap_start": [],
            "source_code_hash": "R1O9VzS8//Eqy443g7ywNeG5SR9QStiGsSZy5zpUqBc=",
            "source_code_size": 2103,
            "tags": {},
            "tags_all": {},
            "timeout": 5,
            "timeouts": null,
            "tracing_config": [
              {
                "mode": "PassThrough"
              }
            ],
            "version": "$LATEST",
            "vpc_config": [
              {
                "ipv6_allowed_for_dual_stack": false,
                "security_group_ids": [
                  "sg-0bd1fa78c58ba0495"
                ],
                "subnet_ids": [
                  "subnet-09b6e632d01fcb525",
                  "subnet-0db35c13edd7c98e9"
                ],
                "vpc_id": "vpc-00ce2d8f8e6ecb305"
              }
            ]
          },
          "sensitive_attributes": [
            [
              {
                "type": "get_attr",
                "value": "environment"
              },
              {
                "type": "index",
                "value": {
                  "value": 0,
                  "type": "number"
                }
              },
              {
                "type": "get_attr",
                "value": "variables"
              },
              {
                "type": "index",
                "value": {
                  "value": "RDS_PASSWORD",
                  "type": "string"
                }
              }
            ]
          ],
          "identity_schema_version": 0,
          "private": "eyJlMmJmYjczMC1lY2FhLTExZTYtOGY4OC0zNDM2M2JjN2M0YzAiOnsiY3JlYXRlIjo2MDAwMDAwMDAwMDAsImRlbGV0ZSI6NjAwMDAwMDAwMDAwLCJ1cGRhdGUiOjYwMDAwMDAwMDAwMH19",
          "dependencies": [
            "aws_db_instance.default",
            "aws_db_subnet_group.rds_private",
            "aws_iam_role.lambda_role",
            "aws_iam_role_policy_attachment.lambda_rds_auth",
            "aws_lambda_layer_version.rds",
            "aws_lambda_layer_version.user_auth",
            "aws_security_group.lambda_sg",
            "aws_subnet.private_subnet1",
            "aws_subnet.private_subnet2",
            "data.archive_file.lambda_archives",
            "data.archive_file.rds_layer",
            "data.archive_file.user_auth_layer",
            "data.aws_availability_zones.available",
            "data.aws_vpc.default"
          ],
          "create_before_destroy": true
        },
        {
          "index_key": "delete_workout_template",
          "schema_version": 0,
          "attributes": {
            "architectures": [
              "x86_64"
            ],
            "arn": "arn:aws:lambda:us-east-2:857360184083:function:delete_workout_template",
            "code_sha256": "gwt578nhbJheY8myiO4cqXDd9eiYQ7tNWICYxr6grOA=",
            "code_signing_config_arn": "",
            "dead_letter_config": [],
            "description": "",
            "environment": [
              {
                "variables": {
                  "ENVIRONMENT": "production",
                  "RDS_DBNAME": "trackme",
                  "RDS_ENDPOINT": "trackmedb.c9goe0ioosh0.us-east-2.rds.amazonaws.com",
                  "RDS_PASSWORD": "Mojito#2025",
                  "RDS_PORT": "5432",
                  "RDS_REGION": "us-east-2",
                  "RDS_USER": "trackme_admin"
                }
              }
            ],
            "ephemeral_storage": [
              {
                "size": 512
              }
            ],
            "file_system_config": [],
            "filename": "./../Server/lambdas/coach/zips/delete_workout_template.zip",
            "function_name": "delete_workout_template",
            "handler": "delete_workout_template.delete_workout_template",
            "id": "delete_workout_template",
            "image_config": [],
            "image_uri": "",
            "invoke_arn": "arn:aws:apigateway:us-east-2:lambda:path/2015-03-31/functions/arn:aws:lambda:us-east-2:857360184083:function:delete_workout_template/invocations",
            "kms_key_arn": "",
            "last_modified": "2025-10-01T00:47:21.000+0000",
            "layers": [
              "arn:aws:lambda:us-east-2:857360184083:layer:rds:38",
              "arn:aws:lambda:us-east-2:857360184083:layer:user_auth:1"
            ],
            "logging_config": [
              {
                "application_log_level": "",
                "log_format": "Text",
                "log_group": "/aws/lambda/delete_workout_template",
                "system_log_level": ""
              }
            ],
            "memory_size": 128,
            "package_type": "Zip",
            "publish": false,
            "qualified_arn": "arn:aws:lambda:us-east-2:857360184083:function:delete_workout_template:$LATEST",
            "qualified_invoke_arn": "arn:aws:apigateway:us-east-2:lambda:path/2015-03-31/functions/arn:aws:lambda:us-east-2:857360184083:function:delete_workout_template:$LATEST/invocations",
            "replace_security_groups_on_destroy": null,
            "replacement_security_group_ids": null,
            "reserved_concurrent_executions": -1,
            "role": "arn:aws:iam::857360184083:role/lambda_role",
            "runtime": "python3.12",
            "s3_bucket": null,
            "s3_key": null,
            "s3_object_version": null,
            "signing_job_arn": "",
            "signing_profile_version_arn": "",
            "skip_destroy": false,
            "snap_start": [],
            "source_code_hash": "gwt578nhbJheY8myiO4cqXDd9eiYQ7tNWICYxr6grOA=",
            "source_code_size": 3177,
            "tags": {},
            "tags_all": {},
            "timeout": 5,
            "timeouts": null,
            "tracing_config": [
              {
                "mode": "PassThrough"
              }
            ],
            "version": "$LATEST",
            "vpc_config": [
              {
                "ipv6_allowed_for_dual_stack": false,
                "security_group_ids": [
                  "sg-0bd1fa78c58ba0495"
                ],
                "subnet_ids": [
                  "subnet-09b6e632d01fcb525",
                  "subnet-0db35c13edd7c98e9"
                ],
                "vpc_id": "vpc-00ce2d8f8e6ecb305"
              }
            ]
          },
          "sensitive_attributes": [
            [
              {
                "type": "get_attr",
                "value": "environment"
              },
              {
                "type": "index",
                "value": {
                  "value": 0,
                  "type": "number"
                }
              },
              {
                "type": "get_attr",
                "value": "variables"
              },
              {
                "type": "index",
                "value": {
                  "value": "RDS_PASSWORD",
                  "type": "string"
                }
              }
            ]
          ],
          "identity_schema_version": 0,
          "private": "eyJlMmJmYjczMC1lY2FhLTExZTYtOGY4OC0zNDM2M2JjN2M0YzAiOnsiY3JlYXRlIjo2MDAwMDAwMDAwMDAsImRlbGV0ZSI6NjAwMDAwMDAwMDAwLCJ1cGRhdGUiOjYwMDAwMDAwMDAwMH19",
          "dependencies": [
            "aws_db_instance.default",
            "aws_db_subnet_group.rds_private",
            "aws_iam_role.lambda_role",
            "aws_iam_role_policy_attachment.lambda_rds_auth",
            "aws_lambda_layer_version.rds",
            "aws_lambda_layer_version.user_auth",
            "aws_security_group.lambda_sg",
            "aws_subnet.private_subnet1",
            "aws_subnet.private_subnet2",
            "data.archive_file.lambda_archives",
            "data.archive_file.rds_layer",
            "data.archive_file.user_auth_layer",
            "data.aws_availability_zones.available",
            "data.aws_vpc.default"
          ],
          "create_before_destroy": true
        },
        {
          "index_key": "fetch_historical_data",
          "schema_version": 0,
          "attributes": {
            "architectures": [
              "x86_64"
            ],
            "arn": "arn:aws:lambda:us-east-2:857360184083:function:fetch_historical_data",
            "code_sha256": "fuuvN2qHCbpsruRWSZo3/cEaxKiKr7KYJ45rHD/NMNU=",
            "code_signing_config_arn": "",
            "dead_letter_config": [],
            "description": "",
            "environment": [
              {
                "variables": {
                  "ENVIRONMENT": "production",
                  "RDS_DBNAME": "trackme",
                  "RDS_ENDPOINT": "trackmedb.c9goe0ioosh0.us-east-2.rds.amazonaws.com",
                  "RDS_PASSWORD": "Mojito#2025",
                  "RDS_PORT": "5432",
                  "RDS_REGION": "us-east-2",
                  "RDS_USER": "trackme_admin"
                }
              }
            ],
            "ephemeral_storage": [
              {
                "size": 512
              }
            ],
            "file_system_config": [],
            "filename": "./../Server/lambdas/coach/zips/fetch_historical_data.zip",
            "function_name": "fetch_historical_data",
            "handler": "fetch_historical_data.fetch_historical_data",
            "id": "fetch_historical_data",
            "image_config": [],
            "image_uri": "",
            "invoke_arn": "arn:aws:apigateway:us-east-2:lambda:path/2015-03-31/functions/arn:aws:lambda:us-east-2:857360184083:function:fetch_historical_data/invocations",
            "kms_key_arn": "",
            "last_modified": "2025-10-01T00:47:34.000+0000",
            "layers": [
              "arn:aws:lambda:us-east-2:857360184083:layer:rds:38",
              "arn:aws:lambda:us-east-2:857360184083:layer:user_auth:1"
            ],
            "logging_config": [
              {
                "application_log_level": "",
                "log_format": "Text",
                "log_group": "/aws/lambda/fetch_historical_data",
                "system_log_level": ""
              }
            ],
            "memory_size": 128,
            "package_type": "Zip",
            "publish": false,
            "qualified_arn": "arn:aws:lambda:us-east-2:857360184083:function:fetch_historical_data:$LATEST",
            "qualified_invoke_arn": "arn:aws:apigateway:us-east-2:lambda:path/2015-03-31/functions/arn:aws:lambda:us-east-2:857360184083:function:fetch_historical_data:$LATEST/invocations",
            "replace_security_groups_on_destroy": null,
            "replacement_security_group_ids": null,
            "reserved_concurrent_executions": -1,
            "role": "arn:aws:iam::857360184083:role/lambda_role",
            "runtime": "python3.12",
            "s3_bucket": null,
            "s3_key": null,
            "s3_object_version": null,
            "signing_job_arn": "",
            "signing_profile_version_arn": "",
            "skip_destroy": false,
            "snap_start": [],
            "source_code_hash": "fuuvN2qHCbpsruRWSZo3/cEaxKiKr7KYJ45rHD/NMNU=",
            "source_code_size": 3163,
            "tags": {},
            "tags_all": {},
            "timeout": 5,
            "timeouts": null,
            "tracing_config": [
              {
                "mode": "PassThrough"
              }
            ],
            "version": "$LATEST",
            "vpc_config": [
              {
                "ipv6_allowed_for_dual_stack": false,
                "security_group_ids": [
                  "sg-0bd1fa78c58ba0495"
                ],
                "subnet_ids": [
                  "subnet-09b6e632d01fcb525",
                  "subnet-0db35c13edd7c98e9"
                ],
                "vpc_id": "vpc-00ce2d8f8e6ecb305"
              }
            ]
          },
          "sensitive_attributes": [
            [
              {
                "type": "get_attr",
                "value": "environment"
              },
              {
                "type": "index",
                "value": {
                  "value": 0,
                  "type": "number"
                }
              },
              {
                "type": "get_attr",
                "value": "variables"
              },
              {
                "type": "index",
                "value": {
                  "value": "RDS_PASSWORD",
                  "type": "string"
                }
              }
            ]
          ],
          "identity_schema_version": 0,
          "private": "eyJlMmJmYjczMC1lY2FhLTExZTYtOGY4OC0zNDM2M2JjN2M0YzAiOnsiY3JlYXRlIjo2MDAwMDAwMDAwMDAsImRlbGV0ZSI6NjAwMDAwMDAwMDAwLCJ1cGRhdGUiOjYwMDAwMDAwMDAwMH19",
          "dependencies": [
            "aws_db_instance.default",
            "aws_db_subnet_group.rds_private",
            "aws_iam_role.lambda_role",
            "aws_iam_role_policy_attachment.lambda_rds_auth",
            "aws_lambda_layer_version.rds",
            "aws_lambda_layer_version.user_auth",
            "aws_security_group.lambda_sg",
            "aws_subnet.private_subnet1",
            "aws_subnet.private_subnet2",
            "data.archive_file.lambda_archives",
            "data.archive_file.rds_layer",
            "data.archive_file.user_auth_layer",
            "data.aws_availability_zones.available",
            "data.aws_vpc.default"
          ],
          "create_before_destroy": true
        },
        {
          "index_key": "get_absent_group_athletes",
          "schema_version": 0,
          "attributes": {
            "architectures": [
              "x86_64"
            ],
            "arn": "arn:aws:lambda:us-east-2:857360184083:function:get_absent_group_athletes",
            "code_sha256": "neAD8CSnPQWYl7ndE8OOdD/nobJQLzJ3F5SpO6ePd18=",
            "code_signing_config_arn": "",
            "dead_letter_config": [],
            "description": "",
            "environment": [
              {
                "variables": {
                  "ENVIRONMENT": "production",
                  "RDS_DBNAME": "trackme",
                  "RDS_ENDPOINT": "trackmedb.c9goe0ioosh0.us-east-2.rds.amazonaws.com",
                  "RDS_PASSWORD": "Mojito#2025",
                  "RDS_PORT": "5432",
                  "RDS_REGION": "us-east-2",
                  "RDS_USER": "trackme_admin"
                }
              }
            ],
            "ephemeral_storage": [
              {
                "size": 512
              }
            ],
            "file_system_config": [],
            "filename": "./../Server/lambdas/coach/zips/get_absent_group_athletes.zip",
            "function_name": "get_absent_group_athletes",
            "handler": "get_absent_group_athletes.get_absent_group_athletes",
            "id": "get_absent_group_athletes",
            "image_config": [],
            "image_uri": "",
            "invoke_arn": "arn:aws:apigateway:us-east-2:lambda:path/2015-03-31/functions/arn:aws:lambda:us-east-2:857360184083:function:get_absent_group_athletes/invocations",
            "kms_key_arn": "",
            "last_modified": "2025-10-01T00:46:58.000+0000",
            "layers": [
              "arn:aws:lambda:us-east-2:857360184083:layer:rds:38",
              "arn:aws:lambda:us-east-2:857360184083:layer:user_auth:1"
            ],
            "logging_config": [
              {
                "application_log_level": "",
                "log_format": "Text",
                "log_group": "/aws/lambda/get_absent_group_athletes",
                "system_log_level": ""
              }
            ],
            "memory_size": 128,
            "package_type": "Zip",
            "publish": false,
            "qualified_arn": "arn:aws:lambda:us-east-2:857360184083:function:get_absent_group_athletes:$LATEST",
            "qualified_invoke_arn": "arn:aws:apigateway:us-east-2:lambda:path/2015-03-31/functions/arn:aws:lambda:us-east-2:857360184083:function:get_absent_group_athletes:$LATEST/invocations",
            "replace_security_groups_on_destroy": null,
            "replacement_security_group_ids": null,
            "reserved_concurrent_executions": -1,
            "role": "arn:aws:iam::857360184083:role/lambda_role",
            "runtime": "python3.12",
            "s3_bucket": null,
            "s3_key": null,
            "s3_object_version": null,
            "signing_job_arn": "",
            "signing_profile_version_arn": "",
            "skip_destroy": false,
            "snap_start": [],
            "source_code_hash": "neAD8CSnPQWYl7ndE8OOdD/nobJQLzJ3F5SpO6ePd18=",
            "source_code_size": 2259,
            "tags": {},
            "tags_all": {},
            "timeout": 5,
            "timeouts": null,
            "tracing_config": [
              {
                "mode": "PassThrough"
              }
            ],
            "version": "$LATEST",
            "vpc_config": [
              {
                "ipv6_allowed_for_dual_stack": false,
                "security_group_ids": [
                  "sg-0bd1fa78c58ba0495"
                ],
                "subnet_ids": [
                  "subnet-09b6e632d01fcb525",
                  "subnet-0db35c13edd7c98e9"
                ],
                "vpc_id": "vpc-00ce2d8f8e6ecb305"
              }
            ]
          },
          "sensitive_attributes": [
            [
              {
                "type": "get_attr",
                "value": "environment"
              },
              {
                "type": "index",
                "value": {
                  "value": 0,
                  "type": "number"
                }
              },
              {
                "type": "get_attr",
                "value": "variables"
              },
              {
                "type": "index",
                "value": {
                  "value": "RDS_PASSWORD",
                  "type": "string"
                }
              }
            ]
          ],
          "identity_schema_version": 0,
          "private": "eyJlMmJmYjczMC1lY2FhLTExZTYtOGY4OC0zNDM2M2JjN2M0YzAiOnsiY3JlYXRlIjo2MDAwMDAwMDAwMDAsImRlbGV0ZSI6NjAwMDAwMDAwMDAwLCJ1cGRhdGUiOjYwMDAwMDAwMDAwMH19",
          "dependencies": [
            "aws_db_instance.default",
            "aws_db_subnet_group.rds_private",
            "aws_iam_role.lambda_role",
            "aws_iam_role_policy_attachment.lambda_rds_auth",
            "aws_lambda_layer_version.rds",
            "aws_lambda_layer_version.user_auth",
            "aws_security_group.lambda_sg",
            "aws_subnet.private_subnet1",
            "aws_subnet.private_subnet2",
            "data.archive_file.lambda_archives",
            "data.archive_file.rds_layer",
            "data.archive_file.user_auth_layer",
            "data.aws_availability_zones.available",
            "data.aws_vpc.default"
          ],
          "create_before_destroy": true
        },
        {
          "index_key": "get_athletes",
          "schema_version": 0,
          "attributes": {
            "architectures": [
              "x86_64"
            ],
            "arn": "arn:aws:lambda:us-east-2:857360184083:function:get_athletes",
            "code_sha256": "K+yf2ofwUgd9khLs7GWIdI/mleNZ5fE8flcBKnvs8Pc=",
            "code_signing_config_arn": "",
            "dead_letter_config": [],
            "description": "",
            "environment": [
              {
                "variables": {
                  "ENVIRONMENT": "production",
                  "RDS_DBNAME": "trackme",
                  "RDS_ENDPOINT": "trackmedb.c9goe0ioosh0.us-east-2.rds.amazonaws.com",
                  "RDS_PASSWORD": "Mojito#2025",
                  "RDS_PORT": "5432",
                  "RDS_REGION": "us-east-2",
                  "RDS_USER": "trackme_admin"
                }
              }
            ],
            "ephemeral_storage": [
              {
                "size": 512
              }
            ],
            "file_system_config": [],
            "filename": "./../Server/lambdas/coach/zips/get_athletes.zip",
            "function_name": "get_athletes",
            "handler": "get_athletes.get_athletes",
            "id": "get_athletes",
            "image_config": [],
            "image_uri": "",
            "invoke_arn": "arn:aws:apigateway:us-east-2:lambda:path/2015-03-31/functions/arn:aws:lambda:us-east-2:857360184083:function:get_athletes/invocations",
            "kms_key_arn": "",
            "last_modified": "2025-10-01T00:47:20.000+0000",
            "layers": [
              "arn:aws:lambda:us-east-2:857360184083:layer:rds:38",
              "arn:aws:lambda:us-east-2:857360184083:layer:user_auth:1"
            ],
            "logging_config": [
              {
                "application_log_level": "",
                "log_format": "Text",
                "log_group": "/aws/lambda/get_athletes",
                "system_log_level": ""
              }
            ],
            "memory_size": 128,
            "package_type": "Zip",
            "publish": false,
            "qualified_arn": "arn:aws:lambda:us-east-2:857360184083:function:get_athletes:$LATEST",
            "qualified_invoke_arn": "arn:aws:apigateway:us-east-2:lambda:path/2015-03-31/functions/arn:aws:lambda:us-east-2:857360184083:function:get_athletes:$LATEST/invocations",
            "replace_security_groups_on_destroy": null,
            "replacement_security_group_ids": null,
            "reserved_concurrent_executions": -1,
            "role": "arn:aws:iam::857360184083:role/lambda_role",
            "runtime": "python3.12",
            "s3_bucket": null,
            "s3_key": null,
            "s3_object_version": null,
            "signing_job_arn": "",
            "signing_profile_version_arn": "",
            "skip_destroy": false,
            "snap_start": [],
            "source_code_hash": "K+yf2ofwUgd9khLs7GWIdI/mleNZ5fE8flcBKnvs8Pc=",
            "source_code_size": 2041,
            "tags": {},
            "tags_all": {},
            "timeout": 5,
            "timeouts": null,
            "tracing_config": [
              {
                "mode": "PassThrough"
              }
            ],
            "version": "$LATEST",
            "vpc_config": [
              {
                "ipv6_allowed_for_dual_stack": false,
                "security_group_ids": [
                  "sg-0bd1fa78c58ba0495"
                ],
                "subnet_ids": [
                  "subnet-09b6e632d01fcb525",
                  "subnet-0db35c13edd7c98e9"
                ],
                "vpc_id": "vpc-00ce2d8f8e6ecb305"
              }
            ]
          },
          "sensitive_attributes": [
            [
              {
                "type": "get_attr",
                "value": "environment"
              },
              {
                "type": "index",
                "value": {
                  "value": 0,
                  "type": "number"
                }
              },
              {
                "type": "get_attr",
                "value": "variables"
              },
              {
                "type": "index",
                "value": {
                  "value": "RDS_PASSWORD",
                  "type": "string"
                }
              }
            ]
          ],
          "identity_schema_version": 0,
          "private": "eyJlMmJmYjczMC1lY2FhLTExZTYtOGY4OC0zNDM2M2JjN2M0YzAiOnsiY3JlYXRlIjo2MDAwMDAwMDAwMDAsImRlbGV0ZSI6NjAwMDAwMDAwMDAwLCJ1cGRhdGUiOjYwMDAwMDAwMDAwMH19",
          "dependencies": [
            "aws_db_instance.default",
            "aws_db_subnet_group.rds_private",
            "aws_iam_role.lambda_role",
            "aws_iam_role_policy_attachment.lambda_rds_auth",
            "aws_lambda_layer_version.rds",
            "aws_lambda_layer_version.user_auth",
            "aws_security_group.lambda_sg",
            "aws_subnet.private_subnet1",
            "aws_subnet.private_subnet2",
            "data.archive_file.lambda_archives",
            "data.archive_file.rds_layer",
            "data.archive_file.user_auth_layer",
            "data.aws_availability_zones.available",
            "data.aws_vpc.default"
          ],
          "create_before_destroy": true
        },
        {
          "index_key": "get_athletes_for_group",
          "schema_version": 0,
          "attributes": {
            "architectures": [
              "x86_64"
            ],
            "arn": "arn:aws:lambda:us-east-2:857360184083:function:get_athletes_for_group",
            "code_sha256": "PORg7fJJptuGDOujyr/SF6vkTQiWxW7wjFkNVQqPNXk=",
            "code_signing_config_arn": "",
            "dead_letter_config": [],
            "description": "",
            "environment": [
              {
                "variables": {
                  "ENVIRONMENT": "production",
                  "RDS_DBNAME": "trackme",
                  "RDS_ENDPOINT": "trackmedb.c9goe0ioosh0.us-east-2.rds.amazonaws.com",
                  "RDS_PASSWORD": "Mojito#2025",
                  "RDS_PORT": "5432",
                  "RDS_REGION": "us-east-2",
                  "RDS_USER": "trackme_admin"
                }
              }
            ],
            "ephemeral_storage": [
              {
                "size": 512
              }
            ],
            "file_system_config": [],
            "filename": "./../Server/lambdas/general/zips/get_athletes_for_group.zip",
            "function_name": "get_athletes_for_group",
            "handler": "get_athletes_for_group.get_athletes_for_group",
            "id": "get_athletes_for_group",
            "image_config": [],
            "image_uri": "",
            "invoke_arn": "arn:aws:apigateway:us-east-2:lambda:path/2015-03-31/functions/arn:aws:lambda:us-east-2:857360184083:function:get_athletes_for_group/invocations",
            "kms_key_arn": "",
            "last_modified": "2025-10-01T00:47:51.000+0000",
            "layers": [
              "arn:aws:lambda:us-east-2:857360184083:layer:rds:38",
              "arn:aws:lambda:us-east-2:857360184083:layer:user_auth:1"
            ],
            "logging_config": [
              {
                "application_log_level": "",
                "log_format": "Text",
                "log_group": "/aws/lambda/get_athletes_for_group",
                "system_log_level": ""
              }
            ],
            "memory_size": 128,
            "package_type": "Zip",
            "publish": false,
            "qualified_arn": "arn:aws:lambda:us-east-2:857360184083:function:get_athletes_for_group:$LATEST",
            "qualified_invoke_arn": "arn:aws:apigateway:us-east-2:lambda:path/2015-03-31/functions/arn:aws:lambda:us-east-2:857360184083:function:get_athletes_for_group:$LATEST/invocations",
            "replace_security_groups_on_destroy": null,
            "replacement_security_group_ids": null,
            "reserved_concurrent_executions": -1,
            "role": "arn:aws:iam::857360184083:role/lambda_role",
            "runtime": "python3.12",
            "s3_bucket": null,
            "s3_key": null,
            "s3_object_version": null,
            "signing_job_arn": "",
            "signing_profile_version_arn": "",
            "skip_destroy": false,
            "snap_start": [],
            "source_code_hash": "PORg7fJJptuGDOujyr/SF6vkTQiWxW7wjFkNVQqPNXk=",
            "source_code_size": 2093,
            "tags": {},
            "tags_all": {},
            "timeout": 5,
            "timeouts": null,
            "tracing_config": [
              {
                "mode": "PassThrough"
              }
            ],
            "version": "$LATEST",
            "vpc_config": [
              {
                "ipv6_allowed_for_dual_stack": false,
                "security_group_ids": [
                  "sg-0bd1fa78c58ba0495"
                ],
                "subnet_ids": [
                  "subnet-09b6e632d01fcb525",
                  "subnet-0db35c13edd7c98e9"
                ],
                "vpc_id": "vpc-00ce2d8f8e6ecb305"
              }
            ]
          },
          "sensitive_attributes": [
            [
              {
                "type": "get_attr",
                "value": "environment"
              },
              {
                "type": "index",
                "value": {
                  "value": 0,
                  "type": "number"
                }
              },
              {
                "type": "get_attr",
                "value": "variables"
              },
              {
                "type": "index",
                "value": {
                  "value": "RDS_PASSWORD",
                  "type": "string"
                }
              }
            ]
          ],
          "identity_schema_version": 0,
          "private": "eyJlMmJmYjczMC1lY2FhLTExZTYtOGY4OC0zNDM2M2JjN2M0YzAiOnsiY3JlYXRlIjo2MDAwMDAwMDAwMDAsImRlbGV0ZSI6NjAwMDAwMDAwMDAwLCJ1cGRhdGUiOjYwMDAwMDAwMDAwMH19",
          "dependencies": [
            "aws_db_instance.default",
            "aws_db_subnet_group.rds_private",
            "aws_iam_role.lambda_role",
            "aws_iam_role_policy_attachment.lambda_rds_auth",
            "aws_lambda_layer_version.rds",
            "aws_lambda_layer_version.user_auth",
            "aws_security_group.lambda_sg",
            "aws_subnet.private_subnet1",
            "aws_subnet.private_subnet2",
            "data.archive_file.lambda_archives",
            "data.archive_file.rds_layer",
            "data.archive_file.user_auth_layer",
            "data.aws_availability_zones.available",
            "data.aws_vpc.default"
          ],
          "create_before_destroy": true
        },
        {
          "index_key": "get_available_history_dates",
          "schema_version": 0,
          "attributes": {
            "architectures": [
              "x86_64"
            ],
            "arn": "arn:aws:lambda:us-east-2:857360184083:function:get_available_history_dates",
            "code_sha256": "awS28KT/J8Ghd5BUNdk2L1Qyn71tZp4EUu31isOh7W4=",
            "code_signing_config_arn": "",
            "dead_letter_config": [],
            "description": "",
            "environment": [
              {
                "variables": {
                  "ENVIRONMENT": "production",
                  "RDS_DBNAME": "trackme",
                  "RDS_ENDPOINT": "trackmedb.c9goe0ioosh0.us-east-2.rds.amazonaws.com",
                  "RDS_PASSWORD": "Mojito#2025",
                  "RDS_PORT": "5432",
                  "RDS_REGION": "us-east-2",
                  "RDS_USER": "trackme_admin"
                }
              }
            ],
            "ephemeral_storage": [
              {
                "size": 512
              }
            ],
            "file_system_config": [],
            "filename": "./../Server/lambdas/coach/zips/get_available_history_dates.zip",
            "function_name": "get_available_history_dates",
            "handler": "get_available_history_dates.get_available_history_dates",
            "id": "get_available_history_dates",
            "image_config": [],
            "image_uri": "",
            "invoke_arn": "arn:aws:apigateway:us-east-2:lambda:path/2015-03-31/functions/arn:aws:lambda:us-east-2:857360184083:function:get_available_history_dates/invocations",
            "kms_key_arn": "",
            "last_modified": "2025-10-01T00:47:06.000+0000",
            "layers": [
              "arn:aws:lambda:us-east-2:857360184083:layer:rds:38",
              "arn:aws:lambda:us-east-2:857360184083:layer:user_auth:1"
            ],
            "logging_config": [
              {
                "application_log_level": "",
                "log_format": "Text",
                "log_group": "/aws/lambda/get_available_history_dates",
                "system_log_level": ""
              }
            ],
            "memory_size": 128,
            "package_type": "Zip",
            "publish": false,
            "qualified_arn": "arn:aws:lambda:us-east-2:857360184083:function:get_available_history_dates:$LATEST",
            "qualified_invoke_arn": "arn:aws:apigateway:us-east-2:lambda:path/2015-03-31/functions/arn:aws:lambda:us-east-2:857360184083:function:get_available_history_dates:$LATEST/invocations",
            "replace_security_groups_on_destroy": null,
            "replacement_security_group_ids": null,
            "reserved_concurrent_executions": -1,
            "role": "arn:aws:iam::857360184083:role/lambda_role",
            "runtime": "python3.12",
            "s3_bucket": null,
            "s3_key": null,
            "s3_object_version": null,
            "signing_job_arn": "",
            "signing_profile_version_arn": "",
            "skip_destroy": false,
            "snap_start": [],
            "source_code_hash": "awS28KT/J8Ghd5BUNdk2L1Qyn71tZp4EUu31isOh7W4=",
            "source_code_size": 2631,
            "tags": {},
            "tags_all": {},
            "timeout": 5,
            "timeouts": null,
            "tracing_config": [
              {
                "mode": "PassThrough"
              }
            ],
            "version": "$LATEST",
            "vpc_config": [
              {
                "ipv6_allowed_for_dual_stack": false,
                "security_group_ids": [
                  "sg-0bd1fa78c58ba0495"
                ],
                "subnet_ids": [
                  "subnet-09b6e632d01fcb525",
                  "subnet-0db35c13edd7c98e9"
                ],
                "vpc_id": "vpc-00ce2d8f8e6ecb305"
              }
            ]
          },
          "sensitive_attributes": [
            [
              {
                "type": "get_attr",
                "value": "environment"
              },
              {
                "type": "index",
                "value": {
                  "value": 0,
                  "type": "number"
                }
              },
              {
                "type": "get_attr",
                "value": "variables"
              },
              {
                "type": "index",
                "value": {
                  "value": "RDS_PASSWORD",
                  "type": "string"
                }
              }
            ]
          ],
          "identity_schema_version": 0,
          "private": "eyJlMmJmYjczMC1lY2FhLTExZTYtOGY4OC0zNDM2M2JjN2M0YzAiOnsiY3JlYXRlIjo2MDAwMDAwMDAwMDAsImRlbGV0ZSI6NjAwMDAwMDAwMDAwLCJ1cGRhdGUiOjYwMDAwMDAwMDAwMH19",
          "dependencies": [
            "aws_db_instance.default",
            "aws_db_subnet_group.rds_private",
            "aws_iam_role.lambda_role",
            "aws_iam_role_policy_attachment.lambda_rds_auth",
            "aws_lambda_layer_version.rds",
            "aws_lambda_layer_version.user_auth",
            "aws_security_group.lambda_sg",
            "aws_subnet.private_subnet1",
            "aws_subnet.private_subnet2",
            "data.archive_file.lambda_archives",
            "data.archive_file.rds_layer",
            "data.archive_file.user_auth_layer",
            "data.aws_availability_zones.available",
            "data.aws_vpc.default"
          ],
          "create_before_destroy": true
        },
        {
          "index_key": "get_coach_invites",
          "schema_version": 0,
          "attributes": {
            "architectures": [
              "x86_64"
            ],
            "arn": "arn:aws:lambda:us-east-2:857360184083:function:get_coach_invites",
            "code_sha256": "nwwYs0LG0zG9Beb0ghzW65QLh0SX1zLF3PEfHdUcfS4=",
            "code_signing_config_arn": "",
            "dead_letter_config": [],
            "description": "",
            "environment": [
              {
                "variables": {
                  "ENVIRONMENT": "production",
                  "RDS_DBNAME": "trackme",
                  "RDS_ENDPOINT": "trackmedb.c9goe0ioosh0.us-east-2.rds.amazonaws.com",
                  "RDS_PASSWORD": "Mojito#2025",
                  "RDS_PORT": "5432",
                  "RDS_REGION": "us-east-2",
                  "RDS_USER": "trackme_admin"
                }
              }
            ],
            "ephemeral_storage": [
              {
                "size": 512
              }
            ],
            "file_system_config": [],
            "filename": "./../Server/lambdas/athlete/zips/get_coach_invites.zip",
            "function_name": "get_coach_invites",
            "handler": "get_coach_invites.get_coach_invites",
            "id": "get_coach_invites",
            "image_config": [],
            "image_uri": "",
            "invoke_arn": "arn:aws:apigateway:us-east-2:lambda:path/2015-03-31/functions/arn:aws:lambda:us-east-2:857360184083:function:get_coach_invites/invocations",
            "kms_key_arn": "",
            "last_modified": "2025-10-01T00:47:09.000+0000",
            "layers": [
              "arn:aws:lambda:us-east-2:857360184083:layer:rds:38",
              "arn:aws:lambda:us-east-2:857360184083:layer:user_auth:1"
            ],
            "logging_config": [
              {
                "application_log_level": "",
                "log_format": "Text",
                "log_group": "/aws/lambda/get_coach_invites",
                "system_log_level": ""
              }
            ],
            "memory_size": 128,
            "package_type": "Zip",
            "publish": false,
            "qualified_arn": "arn:aws:lambda:us-east-2:857360184083:function:get_coach_invites:$LATEST",
            "qualified_invoke_arn": "arn:aws:apigateway:us-east-2:lambda:path/2015-03-31/functions/arn:aws:lambda:us-east-2:857360184083:function:get_coach_invites:$LATEST/invocations",
            "replace_security_groups_on_destroy": null,
            "replacement_security_group_ids": null,
            "reserved_concurrent_executions": -1,
            "role": "arn:aws:iam::857360184083:role/lambda_role",
            "runtime": "python3.12",
            "s3_bucket": null,
            "s3_key": null,
            "s3_object_version": null,
            "signing_job_arn": "",
            "signing_profile_version_arn": "",
            "skip_destroy": false,
            "snap_start": [],
            "source_code_hash": "nwwYs0LG0zG9Beb0ghzW65QLh0SX1zLF3PEfHdUcfS4=",
            "source_code_size": 3090,
            "tags": {},
            "tags_all": {},
            "timeout": 5,
            "timeouts": null,
            "tracing_config": [
              {
                "mode": "PassThrough"
              }
            ],
            "version": "$LATEST",
            "vpc_config": [
              {
                "ipv6_allowed_for_dual_stack": false,
                "security_group_ids": [
                  "sg-0bd1fa78c58ba0495"
                ],
                "subnet_ids": [
                  "subnet-09b6e632d01fcb525",
                  "subnet-0db35c13edd7c98e9"
                ],
                "vpc_id": "vpc-00ce2d8f8e6ecb305"
              }
            ]
          },
          "sensitive_attributes": [
            [
              {
                "type": "get_attr",
                "value": "environment"
              },
              {
                "type": "index",
                "value": {
                  "value": 0,
                  "type": "number"
                }
              },
              {
                "type": "get_attr",
                "value": "variables"
              },
              {
                "type": "index",
                "value": {
                  "value": "RDS_PASSWORD",
                  "type": "string"
                }
              }
            ]
          ],
          "identity_schema_version": 0,
          "private": "eyJlMmJmYjczMC1lY2FhLTExZTYtOGY4OC0zNDM2M2JjN2M0YzAiOnsiY3JlYXRlIjo2MDAwMDAwMDAwMDAsImRlbGV0ZSI6NjAwMDAwMDAwMDAwLCJ1cGRhdGUiOjYwMDAwMDAwMDAwMH19",
          "dependencies": [
            "aws_db_instance.default",
            "aws_db_subnet_group.rds_private",
            "aws_iam_role.lambda_role",
            "aws_iam_role_policy_attachment.lambda_rds_auth",
            "aws_lambda_layer_version.rds",
            "aws_lambda_layer_version.user_auth",
            "aws_security_group.lambda_sg",
            "aws_subnet.private_subnet1",
            "aws_subnet.private_subnet2",
            "data.archive_file.lambda_archives",
            "data.archive_file.rds_layer",
            "data.archive_file.user_auth_layer",
            "data.aws_availability_zones.available",
            "data.aws_vpc.default"
          ],
          "create_before_destroy": true
        },
        {
          "index_key": "get_coaches",
          "schema_version": 0,
          "attributes": {
            "architectures": [
              "x86_64"
            ],
            "arn": "arn:aws:lambda:us-east-2:857360184083:function:get_coaches",
            "code_sha256": "DMxPWw+iO/BeAUHHDS9rWAET+ZuOxJGqANif25OsqD4=",
            "code_signing_config_arn": "",
            "dead_letter_config": [],
            "description": "",
            "environment": [
              {
                "variables": {
                  "ENVIRONMENT": "production",
                  "RDS_DBNAME": "trackme",
                  "RDS_ENDPOINT": "trackmedb.c9goe0ioosh0.us-east-2.rds.amazonaws.com",
                  "RDS_PASSWORD": "Mojito#2025",
                  "RDS_PORT": "5432",
                  "RDS_REGION": "us-east-2",
                  "RDS_USER": "trackme_admin"
                }
              }
            ],
            "ephemeral_storage": [
              {
                "size": 512
              }
            ],
            "file_system_config": [],
            "filename": "./../Server/lambdas/athlete/zips/get_coaches.zip",
            "function_name": "get_coaches",
            "handler": "get_coaches.get_coaches",
            "id": "get_coaches",
            "image_config": [],
            "image_uri": "",
            "invoke_arn": "arn:aws:apigateway:us-east-2:lambda:path/2015-03-31/functions/arn:aws:lambda:us-east-2:857360184083:function:get_coaches/invocations",
            "kms_key_arn": "",
            "last_modified": "2025-10-01T00:47:09.000+0000",
            "layers": [
              "arn:aws:lambda:us-east-2:857360184083:layer:rds:38",
              "arn:aws:lambda:us-east-2:857360184083:layer:user_auth:1"
            ],
            "logging_config": [
              {
                "application_log_level": "",
                "log_format": "Text",
                "log_group": "/aws/lambda/get_coaches",
                "system_log_level": ""
              }
            ],
            "memory_size": 128,
            "package_type": "Zip",
            "publish": false,
            "qualified_arn": "arn:aws:lambda:us-east-2:857360184083:function:get_coaches:$LATEST",
            "qualified_invoke_arn": "arn:aws:apigateway:us-east-2:lambda:path/2015-03-31/functions/arn:aws:lambda:us-east-2:857360184083:function:get_coaches:$LATEST/invocations",
            "replace_security_groups_on_destroy": null,
            "replacement_security_group_ids": null,
            "reserved_concurrent_executions": -1,
            "role": "arn:aws:iam::857360184083:role/lambda_role",
            "runtime": "python3.12",
            "s3_bucket": null,
            "s3_key": null,
            "s3_object_version": null,
            "signing_job_arn": "",
            "signing_profile_version_arn": "",
            "skip_destroy": false,
            "snap_start": [],
            "source_code_hash": "DMxPWw+iO/BeAUHHDS9rWAET+ZuOxJGqANif25OsqD4=",
            "source_code_size": 1997,
            "tags": {},
            "tags_all": {},
            "timeout": 5,
            "timeouts": null,
            "tracing_config": [
              {
                "mode": "PassThrough"
              }
            ],
            "version": "$LATEST",
            "vpc_config": [
              {
                "ipv6_allowed_for_dual_stack": false,
                "security_group_ids": [
                  "sg-0bd1fa78c58ba0495"
                ],
                "subnet_ids": [
                  "subnet-09b6e632d01fcb525",
                  "subnet-0db35c13edd7c98e9"
                ],
                "vpc_id": "vpc-00ce2d8f8e6ecb305"
              }
            ]
          },
          "sensitive_attributes": [
            [
              {
                "type": "get_attr",
                "value": "environment"
              },
              {
                "type": "index",
                "value": {
                  "value": 0,
                  "type": "number"
                }
              },
              {
                "type": "get_attr",
                "value": "variables"
              },
              {
                "type": "index",
                "value": {
                  "value": "RDS_PASSWORD",
                  "type": "string"
                }
              }
            ]
          ],
          "identity_schema_version": 0,
          "private": "eyJlMmJmYjczMC1lY2FhLTExZTYtOGY4OC0zNDM2M2JjN2M0YzAiOnsiY3JlYXRlIjo2MDAwMDAwMDAwMDAsImRlbGV0ZSI6NjAwMDAwMDAwMDAwLCJ1cGRhdGUiOjYwMDAwMDAwMDAwMH19",
          "dependencies": [
            "aws_db_instance.default",
            "aws_db_subnet_group.rds_private",
            "aws_iam_role.lambda_role",
            "aws_iam_role_policy_attachment.lambda_rds_auth",
            "aws_lambda_layer_version.rds",
            "aws_lambda_layer_version.user_auth",
            "aws_security_group.lambda_sg",
            "aws_subnet.private_subnet1",
            "aws_subnet.private_subnet2",
            "data.archive_file.lambda_archives",
            "data.archive_file.rds_layer",
            "data.archive_file.user_auth_layer",
            "data.aws_availability_zones.available",
            "data.aws_vpc.default"
          ],
          "create_before_destroy": true
        },
        {
          "index_key": "get_group_workout",
          "schema_version": 0,
          "attributes": {
            "architectures": [
              "x86_64"
            ],
            "arn": "arn:aws:lambda:us-east-2:857360184083:function:get_group_workout",
            "code_sha256": "WOY4DmJmtKYxPljPgzHE0K+TpdFOYtTMfYiE9rLhgq8=",
            "code_signing_config_arn": "",
            "dead_letter_config": [],
            "description": "",
            "environment": [
              {
                "variables": {
                  "ENVIRONMENT": "production",
                  "RDS_DBNAME": "trackme",
                  "RDS_ENDPOINT": "trackmedb.c9goe0ioosh0.us-east-2.rds.amazonaws.com",
                  "RDS_PASSWORD": "Mojito#2025",
                  "RDS_PORT": "5432",
                  "RDS_REGION": "us-east-2",
                  "RDS_USER": "trackme_admin"
                }
              }
            ],
            "ephemeral_storage": [
              {
                "size": 512
              }
            ],
            "file_system_config": [],
            "filename": "./../Server/lambdas/general/zips/get_group_workout.zip",
            "function_name": "get_group_workout",
            "handler": "get_group_workout.get_group_workout",
            "id": "get_group_workout",
            "image_config": [],
            "image_uri": "",
            "invoke_arn": "arn:aws:apigateway:us-east-2:lambda:path/2015-03-31/functions/arn:aws:lambda:us-east-2:857360184083:function:get_group_workout/invocations",
            "kms_key_arn": "",
            "last_modified": "2025-10-01T00:47:03.000+0000",
            "layers": [
              "arn:aws:lambda:us-east-2:857360184083:layer:rds:38",
              "arn:aws:lambda:us-east-2:857360184083:layer:user_auth:1"
            ],
            "logging_config": [
              {
                "application_log_level": "",
                "log_format": "Text",
                "log_group": "/aws/lambda/get_group_workout",
                "system_log_level": ""
              }
            ],
            "memory_size": 128,
            "package_type": "Zip",
            "publish": false,
            "qualified_arn": "arn:aws:lambda:us-east-2:857360184083:function:get_group_workout:$LATEST",
            "qualified_invoke_arn": "arn:aws:apigateway:us-east-2:lambda:path/2015-03-31/functions/arn:aws:lambda:us-east-2:857360184083:function:get_group_workout:$LATEST/invocations",
            "replace_security_groups_on_destroy": null,
            "replacement_security_group_ids": null,
            "reserved_concurrent_executions": -1,
            "role": "arn:aws:iam::857360184083:role/lambda_role",
            "runtime": "python3.12",
            "s3_bucket": null,
            "s3_key": null,
            "s3_object_version": null,
            "signing_job_arn": "",
            "signing_profile_version_arn": "",
            "skip_destroy": false,
            "snap_start": [],
            "source_code_hash": "WOY4DmJmtKYxPljPgzHE0K+TpdFOYtTMfYiE9rLhgq8=",
            "source_code_size": 2587,
            "tags": {},
            "tags_all": {},
            "timeout": 5,
            "timeouts": null,
            "tracing_config": [
              {
                "mode": "PassThrough"
              }
            ],
            "version": "$LATEST",
            "vpc_config": [
              {
                "ipv6_allowed_for_dual_stack": false,
                "security_group_ids": [
                  "sg-0bd1fa78c58ba0495"
                ],
                "subnet_ids": [
                  "subnet-09b6e632d01fcb525",
                  "subnet-0db35c13edd7c98e9"
                ],
                "vpc_id": "vpc-00ce2d8f8e6ecb305"
              }
            ]
          },
          "sensitive_attributes": [
            [
              {
                "type": "get_attr",
                "value": "environment"
              },
              {
                "type": "index",
                "value": {
                  "value": 0,
                  "type": "number"
                }
              },
              {
                "type": "get_attr",
                "value": "variables"
              },
              {
                "type": "index",
                "value": {
                  "value": "RDS_PASSWORD",
                  "type": "string"
                }
              }
            ]
          ],
          "identity_schema_version": 0,
          "private": "eyJlMmJmYjczMC1lY2FhLTExZTYtOGY4OC0zNDM2M2JjN2M0YzAiOnsiY3JlYXRlIjo2MDAwMDAwMDAwMDAsImRlbGV0ZSI6NjAwMDAwMDAwMDAwLCJ1cGRhdGUiOjYwMDAwMDAwMDAwMH19",
          "dependencies": [
            "aws_db_instance.default",
            "aws_db_subnet_group.rds_private",
            "aws_iam_role.lambda_role",
            "aws_iam_role_policy_attachment.lambda_rds_auth",
            "aws_lambda_layer_version.rds",
            "aws_lambda_layer_version.user_auth",
            "aws_security_group.lambda_sg",
            "aws_subnet.private_subnet1",
            "aws_subnet.private_subnet2",
            "data.archive_file.lambda_archives",
            "data.archive_file.rds_layer",
            "data.archive_file.user_auth_layer",
            "data.aws_availability_zones.available",
            "data.aws_vpc.default"
          ],
          "create_before_destroy": true
        },
        {
          "index_key": "get_groups",
          "schema_version": 0,
          "attributes": {
            "architectures": [
              "x86_64"
            ],
            "arn": "arn:aws:lambda:us-east-2:857360184083:function:get_groups",
            "code_sha256": "+G5fozYa2ZL9KqV81Qq7ZvjtXT0PJkOitxu7sj1uE60=",
            "code_signing_config_arn": "",
            "dead_letter_config": [],
            "description": "",
            "environment": [
              {
                "variables": {
                  "ENVIRONMENT": "production",
                  "RDS_DBNAME": "trackme",
                  "RDS_ENDPOINT": "trackmedb.c9goe0ioosh0.us-east-2.rds.amazonaws.com",
                  "RDS_PASSWORD": "Mojito#2025",
                  "RDS_PORT": "5432",
                  "RDS_REGION": "us-east-2",
                  "RDS_USER": "trackme_admin"
                }
              }
            ],
            "ephemeral_storage": [
              {
                "size": 512
              }
            ],
            "file_system_config": [],
            "filename": "./../Server/lambdas/general/zips/get_groups.zip",
            "function_name": "get_groups",
            "handler": "get_groups.get_groups",
            "id": "get_groups",
            "image_config": [],
            "image_uri": "",
            "invoke_arn": "arn:aws:apigateway:us-east-2:lambda:path/2015-03-31/functions/arn:aws:lambda:us-east-2:857360184083:function:get_groups/invocations",
            "kms_key_arn": "",
            "last_modified": "2025-10-01T00:46:58.000+0000",
            "layers": [
              "arn:aws:lambda:us-east-2:857360184083:layer:rds:38",
              "arn:aws:lambda:us-east-2:857360184083:layer:user_auth:1"
            ],
            "logging_config": [
              {
                "application_log_level": "",
                "log_format": "Text",
                "log_group": "/aws/lambda/get_groups",
                "system_log_level": ""
              }
            ],
            "memory_size": 128,
            "package_type": "Zip",
            "publish": false,
            "qualified_arn": "arn:aws:lambda:us-east-2:857360184083:function:get_groups:$LATEST",
            "qualified_invoke_arn": "arn:aws:apigateway:us-east-2:lambda:path/2015-03-31/functions/arn:aws:lambda:us-east-2:857360184083:function:get_groups:$LATEST/invocations",
            "replace_security_groups_on_destroy": null,
            "replacement_security_group_ids": null,
            "reserved_concurrent_executions": -1,
            "role": "arn:aws:iam::857360184083:role/lambda_role",
            "runtime": "python3.12",
            "s3_bucket": null,
            "s3_key": null,
            "s3_object_version": null,
            "signing_job_arn": "",
            "signing_profile_version_arn": "",
            "skip_destroy": false,
            "snap_start": [],
            "source_code_hash": "+G5fozYa2ZL9KqV81Qq7ZvjtXT0PJkOitxu7sj1uE60=",
            "source_code_size": 2255,
            "tags": {},
            "tags_all": {},
            "timeout": 5,
            "timeouts": null,
            "tracing_config": [
              {
                "mode": "PassThrough"
              }
            ],
            "version": "$LATEST",
            "vpc_config": [
              {
                "ipv6_allowed_for_dual_stack": false,
                "security_group_ids": [
                  "sg-0bd1fa78c58ba0495"
                ],
                "subnet_ids": [
                  "subnet-09b6e632d01fcb525",
                  "subnet-0db35c13edd7c98e9"
                ],
                "vpc_id": "vpc-00ce2d8f8e6ecb305"
              }
            ]
          },
          "sensitive_attributes": [
            [
              {
                "type": "get_attr",
                "value": "environment"
              },
              {
                "type": "index",
                "value": {
                  "value": 0,
                  "type": "number"
                }
              },
              {
                "type": "get_attr",
                "value": "variables"
              },
              {
                "type": "index",
                "value": {
                  "value": "RDS_PASSWORD",
                  "type": "string"
                }
              }
            ]
          ],
          "identity_schema_version": 0,
          "private": "eyJlMmJmYjczMC1lY2FhLTExZTYtOGY4OC0zNDM2M2JjN2M0YzAiOnsiY3JlYXRlIjo2MDAwMDAwMDAwMDAsImRlbGV0ZSI6NjAwMDAwMDAwMDAwLCJ1cGRhdGUiOjYwMDAwMDAwMDAwMH19",
          "dependencies": [
            "aws_db_instance.default",
            "aws_db_subnet_group.rds_private",
            "aws_iam_role.lambda_role",
            "aws_iam_role_policy_attachment.lambda_rds_auth",
            "aws_lambda_layer_version.rds",
            "aws_lambda_layer_version.user_auth",
            "aws_security_group.lambda_sg",
            "aws_subnet.private_subnet1",
            "aws_subnet.private_subnet2",
            "data.archive_file.lambda_archives",
            "data.archive_file.rds_layer",
            "data.archive_file.user_auth_layer",
            "data.aws_availability_zones.available",
            "data.aws_vpc.default"
          ],
          "create_before_destroy": true
        },
        {
          "index_key": "get_pending_proposals",
          "schema_version": 0,
          "attributes": {
            "architectures": [
              "x86_64"
            ],
            "arn": "arn:aws:lambda:us-east-2:857360184083:function:get_pending_proposals",
            "code_sha256": "3o5gLiyNhNns87yNWs9XUekNrCIE4b6N8XB2YTnC+2M=",
            "code_signing_config_arn": "",
            "dead_letter_config": [],
            "description": "",
            "environment": [
              {
                "variables": {
                  "ENVIRONMENT": "production",
                  "RDS_DBNAME": "trackme",
                  "RDS_ENDPOINT": "trackmedb.c9goe0ioosh0.us-east-2.rds.amazonaws.com",
                  "RDS_PASSWORD": "Mojito#2025",
                  "RDS_PORT": "5432",
                  "RDS_REGION": "us-east-2",
                  "RDS_USER": "trackme_admin"
                }
              }
            ],
            "ephemeral_storage": [
              {
                "size": 512
              }
            ],
            "file_system_config": [],
            "filename": "./../Server/lambdas/general/zips/get_pending_proposals.zip",
            "function_name": "get_pending_proposals",
            "handler": "get_pending_proposals.get_pending_proposals",
            "id": "get_pending_proposals",
            "image_config": [],
            "image_uri": "",
            "invoke_arn": "arn:aws:apigateway:us-east-2:lambda:path/2015-03-31/functions/arn:aws:lambda:us-east-2:857360184083:function:get_pending_proposals/invocations",
            "kms_key_arn": "",
            "last_modified": "2025-10-01T00:46:58.000+0000",
            "layers": [
              "arn:aws:lambda:us-east-2:857360184083:layer:rds:38",
              "arn:aws:lambda:us-east-2:857360184083:layer:user_auth:1"
            ],
            "logging_config": [
              {
                "application_log_level": "",
                "log_format": "Text",
                "log_group": "/aws/lambda/get_pending_proposals",
                "system_log_level": ""
              }
            ],
            "memory_size": 128,
            "package_type": "Zip",
            "publish": false,
            "qualified_arn": "arn:aws:lambda:us-east-2:857360184083:function:get_pending_proposals:$LATEST",
            "qualified_invoke_arn": "arn:aws:apigateway:us-east-2:lambda:path/2015-03-31/functions/arn:aws:lambda:us-east-2:857360184083:function:get_pending_proposals:$LATEST/invocations",
            "replace_security_groups_on_destroy": null,
            "replacement_security_group_ids": null,
            "reserved_concurrent_executions": -1,
            "role": "arn:aws:iam::857360184083:role/lambda_role",
            "runtime": "python3.12",
            "s3_bucket": null,
            "s3_key": null,
            "s3_object_version": null,
            "signing_job_arn": "",
            "signing_profile_version_arn": "",
            "skip_destroy": false,
            "snap_start": [],
            "source_code_hash": "3o5gLiyNhNns87yNWs9XUekNrCIE4b6N8XB2YTnC+2M=",
            "source_code_size": 2152,
            "tags": {},
            "tags_all": {},
            "timeout": 5,
            "timeouts": null,
            "tracing_config": [
              {
                "mode": "PassThrough"
              }
            ],
            "version": "$LATEST",
            "vpc_config": [
              {
                "ipv6_allowed_for_dual_stack": false,
                "security_group_ids": [
                  "sg-0bd1fa78c58ba0495"
                ],
                "subnet_ids": [
                  "subnet-09b6e632d01fcb525",
                  "subnet-0db35c13edd7c98e9"
                ],
                "vpc_id": "vpc-00ce2d8f8e6ecb305"
              }
            ]
          },
          "sensitive_attributes": [
            [
              {
                "type": "get_attr",
                "value": "environment"
              },
              {
                "type": "index",
                "value": {
                  "value": 0,
                  "type": "number"
                }
              },
              {
                "type": "get_attr",
                "value": "variables"
              },
              {
                "type": "index",
                "value": {
                  "value": "RDS_PASSWORD",
                  "type": "string"
                }
              }
            ]
          ],
          "identity_schema_version": 0,
          "private": "eyJlMmJmYjczMC1lY2FhLTExZTYtOGY4OC0zNDM2M2JjN2M0YzAiOnsiY3JlYXRlIjo2MDAwMDAwMDAwMDAsImRlbGV0ZSI6NjAwMDAwMDAwMDAwLCJ1cGRhdGUiOjYwMDAwMDAwMDAwMH19",
          "dependencies": [
            "aws_db_instance.default",
            "aws_db_subnet_group.rds_private",
            "aws_iam_role.lambda_role",
            "aws_iam_role_policy_attachment.lambda_rds_auth",
            "aws_lambda_layer_version.rds",
            "aws_lambda_layer_version.user_auth",
            "aws_security_group.lambda_sg",
            "aws_subnet.private_subnet1",
            "aws_subnet.private_subnet2",
            "data.archive_file.lambda_archives",
            "data.archive_file.rds_layer",
            "data.archive_file.user_auth_layer",
            "data.aws_availability_zones.available",
            "data.aws_vpc.default"
          ],
          "create_before_destroy": true
        },
        {
          "index_key": "get_user",
          "schema_version": 0,
          "attributes": {
            "architectures": [
              "x86_64"
            ],
            "arn": "arn:aws:lambda:us-east-2:857360184083:function:get_user",
            "code_sha256": "hMR/jOIRkIGNUExUQks1hHel+oVl1LXE3DLmwbFerUk=",
            "code_signing_config_arn": "",
            "dead_letter_config": [],
            "description": "",
            "environment": [
              {
                "variables": {
                  "ENVIRONMENT": "production",
                  "RDS_DBNAME": "trackme",
                  "RDS_ENDPOINT": "trackmedb.c9goe0ioosh0.us-east-2.rds.amazonaws.com",
                  "RDS_PASSWORD": "Mojito#2025",
                  "RDS_PORT": "5432",
                  "RDS_REGION": "us-east-2",
                  "RDS_USER": "trackme_admin"
                }
              }
            ],
            "ephemeral_storage": [
              {
                "size": 512
              }
            ],
            "file_system_config": [],
            "filename": "./../Server/lambdas/general/zips/get_user.zip",
            "function_name": "get_user",
            "handler": "get_user.get_user",
            "id": "get_user",
            "image_config": [],
            "image_uri": "",
            "invoke_arn": "arn:aws:apigateway:us-east-2:lambda:path/2015-03-31/functions/arn:aws:lambda:us-east-2:857360184083:function:get_user/invocations",
            "kms_key_arn": "",
            "last_modified": "2025-10-01T00:47:26.000+0000",
            "layers": [
              "arn:aws:lambda:us-east-2:857360184083:layer:rds:38",
              "arn:aws:lambda:us-east-2:857360184083:layer:user_auth:1"
            ],
            "logging_config": [
              {
                "application_log_level": "",
                "log_format": "Text",
                "log_group": "/aws/lambda/get_user",
                "system_log_level": ""
              }
            ],
            "memory_size": 128,
            "package_type": "Zip",
            "publish": false,
            "qualified_arn": "arn:aws:lambda:us-east-2:857360184083:function:get_user:$LATEST",
            "qualified_invoke_arn": "arn:aws:apigateway:us-east-2:lambda:path/2015-03-31/functions/arn:aws:lambda:us-east-2:857360184083:function:get_user:$LATEST/invocations",
            "replace_security_groups_on_destroy": null,
            "replacement_security_group_ids": null,
            "reserved_concurrent_executions": -1,
            "role": "arn:aws:iam::857360184083:role/lambda_role",
            "runtime": "python3.12",
            "s3_bucket": null,
            "s3_key": null,
            "s3_object_version": null,
            "signing_job_arn": "",
            "signing_profile_version_arn": "",
            "skip_destroy": false,
            "snap_start": [],
            "source_code_hash": "hMR/jOIRkIGNUExUQks1hHel+oVl1LXE3DLmwbFerUk=",
            "source_code_size": 2393,
            "tags": {},
            "tags_all": {},
            "timeout": 5,
            "timeouts": null,
            "tracing_config": [
              {
                "mode": "PassThrough"
              }
            ],
            "version": "$LATEST",
            "vpc_config": [
              {
                "ipv6_allowed_for_dual_stack": false,
                "security_group_ids": [
                  "sg-0bd1fa78c58ba0495"
                ],
                "subnet_ids": [
                  "subnet-09b6e632d01fcb525",
                  "subnet-0db35c13edd7c98e9"
                ],
                "vpc_id": "vpc-00ce2d8f8e6ecb305"
              }
            ]
          },
          "sensitive_attributes": [
            [
              {
                "type": "get_attr",
                "value": "environment"
              },
              {
                "type": "index",
                "value": {
                  "value": 0,
                  "type": "number"
                }
              },
              {
                "type": "get_attr",
                "value": "variables"
              },
              {
                "type": "index",
                "value": {
                  "value": "RDS_PASSWORD",
                  "type": "string"
                }
              }
            ]
          ],
          "identity_schema_version": 0,
          "private": "eyJlMmJmYjczMC1lY2FhLTExZTYtOGY4OC0zNDM2M2JjN2M0YzAiOnsiY3JlYXRlIjo2MDAwMDAwMDAwMDAsImRlbGV0ZSI6NjAwMDAwMDAwMDAwLCJ1cGRhdGUiOjYwMDAwMDAwMDAwMH19",
          "dependencies": [
            "aws_db_instance.default",
            "aws_db_subnet_group.rds_private",
            "aws_iam_role.lambda_role",
            "aws_iam_role_policy_attachment.lambda_rds_auth",
            "aws_lambda_layer_version.rds",
            "aws_lambda_layer_version.user_auth",
            "aws_security_group.lambda_sg",
            "aws_subnet.private_subnet1",
            "aws_subnet.private_subnet2",
            "data.archive_file.lambda_archives",
            "data.archive_file.rds_layer",
            "data.archive_file.user_auth_layer",
            "data.aws_availability_zones.available",
            "data.aws_vpc.default"
          ],
          "create_before_destroy": true
        },
        {
          "index_key": "get_weekly_schedule",
          "schema_version": 0,
          "attributes": {
            "architectures": [
              "x86_64"
            ],
            "arn": "arn:aws:lambda:us-east-2:857360184083:function:get_weekly_schedule",
            "code_sha256": "3DEv1txhNKYJg5gcAcvM43NF50GYedb7vXQtDnXFpM4=",
            "code_signing_config_arn": "",
            "dead_letter_config": [],
            "description": "",
            "environment": [
              {
                "variables": {
                  "ENVIRONMENT": "production",
                  "RDS_DBNAME": "trackme",
                  "RDS_ENDPOINT": "trackmedb.c9goe0ioosh0.us-east-2.rds.amazonaws.com",
                  "RDS_PASSWORD": "Mojito#2025",
                  "RDS_PORT": "5432",
                  "RDS_REGION": "us-east-2",
                  "RDS_USER": "trackme_admin"
                }
              }
            ],
            "ephemeral_storage": [
              {
                "size": 512
              }
            ],
            "file_system_config": [],
            "filename": "./../Server/lambdas/general/zips/get_weekly_schedule.zip",
            "function_name": "get_weekly_schedule",
            "handler": "get_weekly_schedule.get_weekly_schedule",
            "id": "get_weekly_schedule",
            "image_config": [],
            "image_uri": "",
            "invoke_arn": "arn:aws:apigateway:us-east-2:lambda:path/2015-03-31/functions/arn:aws:lambda:us-east-2:857360184083:function:get_weekly_schedule/invocations",
            "kms_key_arn": "",
            "last_modified": "2025-10-01T00:47:26.878+0000",
            "layers": [
              "arn:aws:lambda:us-east-2:857360184083:layer:rds:38",
              "arn:aws:lambda:us-east-2:857360184083:layer:user_auth:1"
            ],
            "logging_config": [
              {
                "application_log_level": "",
                "log_format": "Text",
                "log_group": "/aws/lambda/get_weekly_schedule",
                "system_log_level": ""
              }
            ],
            "memory_size": 128,
            "package_type": "Zip",
            "publish": false,
            "qualified_arn": "arn:aws:lambda:us-east-2:857360184083:function:get_weekly_schedule:$LATEST",
            "qualified_invoke_arn": "arn:aws:apigateway:us-east-2:lambda:path/2015-03-31/functions/arn:aws:lambda:us-east-2:857360184083:function:get_weekly_schedule:$LATEST/invocations",
            "replace_security_groups_on_destroy": null,
            "replacement_security_group_ids": null,
            "reserved_concurrent_executions": -1,
            "role": "arn:aws:iam::857360184083:role/lambda_role",
            "runtime": "python3.12",
            "s3_bucket": null,
            "s3_key": null,
            "s3_object_version": null,
            "signing_job_arn": "",
            "signing_profile_version_arn": "",
            "skip_destroy": false,
            "snap_start": [],
            "source_code_hash": "3DEv1txhNKYJg5gcAcvM43NF50GYedb7vXQtDnXFpM4=",
            "source_code_size": 3038,
            "tags": null,
            "tags_all": {},
            "timeout": 5,
            "timeouts": null,
            "tracing_config": [
              {
                "mode": "PassThrough"
              }
            ],
            "version": "$LATEST",
            "vpc_config": [
              {
                "ipv6_allowed_for_dual_stack": false,
                "security_group_ids": [
                  "sg-0bd1fa78c58ba0495"
                ],
                "subnet_ids": [
                  "subnet-09b6e632d01fcb525",
                  "subnet-0db35c13edd7c98e9"
                ],
                "vpc_id": "vpc-00ce2d8f8e6ecb305"
              }
            ]
          },
          "sensitive_attributes": [
            [
              {
                "type": "get_attr",
                "value": "environment"
              },
              {
                "type": "index",
                "value": {
                  "value": 0,
                  "type": "number"
                }
              },
              {
                "type": "get_attr",
                "value": "variables"
              },
              {
                "type": "index",
                "value": {
                  "value": "RDS_PASSWORD",
                  "type": "string"
                }
              }
            ]
          ],
          "identity_schema_version": 0,
          "private": "eyJlMmJmYjczMC1lY2FhLTExZTYtOGY4OC0zNDM2M2JjN2M0YzAiOnsiY3JlYXRlIjo2MDAwMDAwMDAwMDAsImRlbGV0ZSI6NjAwMDAwMDAwMDAwLCJ1cGRhdGUiOjYwMDAwMDAwMDAwMH19",
          "dependencies": [
            "aws_db_instance.default",
            "aws_db_subnet_group.rds_private",
            "aws_iam_role.lambda_role",
            "aws_iam_role_policy_attachment.lambda_rds_auth",
            "aws_lambda_layer_version.rds",
            "aws_lambda_layer_version.user_auth",
            "aws_security_group.lambda_sg",
            "aws_subnet.private_subnet1",
            "aws_subnet.private_subnet2",
            "data.archive_file.lambda_archives",
            "data.archive_file.rds_layer",
            "data.archive_file.user_auth_layer",
            "data.aws_availability_zones.available",
            "data.aws_vpc.default"
          ],
          "create_before_destroy": true
        },
        {
          "index_key": "get_workout_templates",
          "schema_version": 0,
          "attributes": {
            "architectures": [
              "x86_64"
            ],
            "arn": "arn:aws:lambda:us-east-2:857360184083:function:get_workout_templates",
            "code_sha256": "lBEsspZ3J0RaRJAbwgplA7fbeFf1XGQAWSpwvz8ma2Q=",
            "code_signing_config_arn": "",
            "dead_letter_config": [],
            "description": "",
            "environment": [
              {
                "variables": {
                  "ENVIRONMENT": "production",
                  "RDS_DBNAME": "trackme",
                  "RDS_ENDPOINT": "trackmedb.c9goe0ioosh0.us-east-2.rds.amazonaws.com",
                  "RDS_PASSWORD": "Mojito#2025",
                  "RDS_PORT": "5432",
                  "RDS_REGION": "us-east-2",
                  "RDS_USER": "trackme_admin"
                }
              }
            ],
            "ephemeral_storage": [
              {
                "size": 512
              }
            ],
            "file_system_config": [],
            "filename": "./../Server/lambdas/coach/zips/get_workout_templates.zip",
            "function_name": "get_workout_templates",
            "handler": "get_workout_templates.get_workout_templates",
            "id": "get_workout_templates",
            "image_config": [],
            "image_uri": "",
            "invoke_arn": "arn:aws:apigateway:us-east-2:lambda:path/2015-03-31/functions/arn:aws:lambda:us-east-2:857360184083:function:get_workout_templates/invocations",
            "kms_key_arn": "",
            "last_modified": "2025-10-01T00:47:15.000+0000",
            "layers": [
              "arn:aws:lambda:us-east-2:857360184083:layer:rds:38",
              "arn:aws:lambda:us-east-2:857360184083:layer:user_auth:1"
            ],
            "logging_config": [
              {
                "application_log_level": "",
                "log_format": "Text",
                "log_group": "/aws/lambda/get_workout_templates",
                "system_log_level": ""
              }
            ],
            "memory_size": 128,
            "package_type": "Zip",
            "publish": false,
            "qualified_arn": "arn:aws:lambda:us-east-2:857360184083:function:get_workout_templates:$LATEST",
            "qualified_invoke_arn": "arn:aws:apigateway:us-east-2:lambda:path/2015-03-31/functions/arn:aws:lambda:us-east-2:857360184083:function:get_workout_templates:$LATEST/invocations",
            "replace_security_groups_on_destroy": null,
            "replacement_security_group_ids": null,
            "reserved_concurrent_executions": -1,
            "role": "arn:aws:iam::857360184083:role/lambda_role",
            "runtime": "python3.12",
            "s3_bucket": null,
            "s3_key": null,
            "s3_object_version": null,
            "signing_job_arn": "",
            "signing_profile_version_arn": "",
            "skip_destroy": false,
            "snap_start": [],
            "source_code_hash": "lBEsspZ3J0RaRJAbwgplA7fbeFf1XGQAWSpwvz8ma2Q=",
            "source_code_size": 3481,
            "tags": {},
            "tags_all": {},
            "timeout": 5,
            "timeouts": null,
            "tracing_config": [
              {
                "mode": "PassThrough"
              }
            ],
            "version": "$LATEST",
            "vpc_config": [
              {
                "ipv6_allowed_for_dual_stack": false,
                "security_group_ids": [
                  "sg-0bd1fa78c58ba0495"
                ],
                "subnet_ids": [
                  "subnet-09b6e632d01fcb525",
                  "subnet-0db35c13edd7c98e9"
                ],
                "vpc_id": "vpc-00ce2d8f8e6ecb305"
              }
            ]
          },
          "sensitive_attributes": [
            [
              {
                "type": "get_attr",
                "value": "environment"
              },
              {
                "type": "index",
                "value": {
                  "value": 0,
                  "type": "number"
                }
              },
              {
                "type": "get_attr",
                "value": "variables"
              },
              {
                "type": "index",
                "value": {
                  "value": "RDS_PASSWORD",
                  "type": "string"
                }
              }
            ]
          ],
          "identity_schema_version": 0,
          "private": "eyJlMmJmYjczMC1lY2FhLTExZTYtOGY4OC0zNDM2M2JjN2M0YzAiOnsiY3JlYXRlIjo2MDAwMDAwMDAwMDAsImRlbGV0ZSI6NjAwMDAwMDAwMDAwLCJ1cGRhdGUiOjYwMDAwMDAwMDAwMH19",
          "dependencies": [
            "aws_db_instance.default",
            "aws_db_subnet_group.rds_private",
            "aws_iam_role.lambda_role",
            "aws_iam_role_policy_attachment.lambda_rds_auth",
            "aws_lambda_layer_version.rds",
            "aws_lambda_layer_version.user_auth",
            "aws_security_group.lambda_sg",
            "aws_subnet.private_subnet1",
            "aws_subnet.private_subnet2",
            "data.archive_file.lambda_archives",
            "data.archive_file.rds_layer",
            "data.archive_file.user_auth_layer",
            "data.aws_availability_zones.available",
            "data.aws_vpc.default"
          ],
          "create_before_destroy": true
        },
        {
          "index_key": "input_times",
          "schema_version": 0,
          "attributes": {
            "architectures": [
              "x86_64"
            ],
            "arn": "arn:aws:lambda:us-east-2:857360184083:function:input_times",
            "code_sha256": "QIdcZJSq/LvFDnCQAMZBD7MISAY1MtaAZY5q0m7Rnz4=",
            "code_signing_config_arn": "",
            "dead_letter_config": [],
            "description": "",
            "environment": [
              {
                "variables": {
                  "ENVIRONMENT": "production",
                  "RDS_DBNAME": "trackme",
                  "RDS_ENDPOINT": "trackmedb.c9goe0ioosh0.us-east-2.rds.amazonaws.com",
                  "RDS_PASSWORD": "Mojito#2025",
                  "RDS_PORT": "5432",
                  "RDS_REGION": "us-east-2",
                  "RDS_USER": "trackme_admin"
                }
              }
            ],
            "ephemeral_storage": [
              {
                "size": 512
              }
            ],
            "file_system_config": [],
            "filename": "./../Server/lambdas/athlete/zips/input_times.zip",
            "function_name": "input_times",
            "handler": "input_times.input_times",
            "id": "input_times",
            "image_config": [],
            "image_uri": "",
            "invoke_arn": "arn:aws:apigateway:us-east-2:lambda:path/2015-03-31/functions/arn:aws:lambda:us-east-2:857360184083:function:input_times/invocations",
            "kms_key_arn": "",
            "last_modified": "2025-10-01T00:47:23.000+0000",
            "layers": [
              "arn:aws:lambda:us-east-2:857360184083:layer:rds:38",
              "arn:aws:lambda:us-east-2:857360184083:layer:user_auth:1"
            ],
            "logging_config": [
              {
                "application_log_level": "",
                "log_format": "Text",
                "log_group": "/aws/lambda/input_times",
                "system_log_level": ""
              }
            ],
            "memory_size": 128,
            "package_type": "Zip",
            "publish": false,
            "qualified_arn": "arn:aws:lambda:us-east-2:857360184083:function:input_times:$LATEST",
            "qualified_invoke_arn": "arn:aws:apigateway:us-east-2:lambda:path/2015-03-31/functions/arn:aws:lambda:us-east-2:857360184083:function:input_times:$LATEST/invocations",
            "replace_security_groups_on_destroy": null,
            "replacement_security_group_ids": null,
            "reserved_concurrent_executions": -1,
            "role": "arn:aws:iam::857360184083:role/lambda_role",
            "runtime": "python3.12",
            "s3_bucket": null,
            "s3_key": null,
            "s3_object_version": null,
            "signing_job_arn": "",
            "signing_profile_version_arn": "",
            "skip_destroy": false,
            "snap_start": [],
            "source_code_hash": "QIdcZJSq/LvFDnCQAMZBD7MISAY1MtaAZY5q0m7Rnz4=",
            "source_code_size": 2998,
            "tags": {},
            "tags_all": {},
            "timeout": 5,
            "timeouts": null,
            "tracing_config": [
              {
                "mode": "PassThrough"
              }
            ],
            "version": "$LATEST",
            "vpc_config": [
              {
                "ipv6_allowed_for_dual_stack": false,
                "security_group_ids": [
                  "sg-0bd1fa78c58ba0495"
                ],
                "subnet_ids": [
                  "subnet-09b6e632d01fcb525",
                  "subnet-0db35c13edd7c98e9"
                ],
                "vpc_id": "vpc-00ce2d8f8e6ecb305"
              }
            ]
          },
          "sensitive_attributes": [
            [
              {
                "type": "get_attr",
                "value": "environment"
              },
              {
                "type": "index",
                "value": {
                  "value": 0,
                  "type": "number"
                }
              },
              {
                "type": "get_attr",
                "value": "variables"
              },
              {
                "type": "index",
                "value": {
                  "value": "RDS_PASSWORD",
                  "type": "string"
                }
              }
            ]
          ],
          "identity_schema_version": 0,
          "private": "eyJlMmJmYjczMC1lY2FhLTExZTYtOGY4OC0zNDM2M2JjN2M0YzAiOnsiY3JlYXRlIjo2MDAwMDAwMDAwMDAsImRlbGV0ZSI6NjAwMDAwMDAwMDAwLCJ1cGRhdGUiOjYwMDAwMDAwMDAwMH19",
          "dependencies": [
            "aws_db_instance.default",
            "aws_db_subnet_group.rds_private",
            "aws_iam_role.lambda_role",
            "aws_iam_role_policy_attachment.lambda_rds_auth",
            "aws_lambda_layer_version.rds",
            "aws_lambda_layer_version.user_auth",
            "aws_security_group.lambda_sg",
            "aws_subnet.private_subnet1",
            "aws_subnet.private_subnet2",
            "data.archive_file.lambda_archives",
            "data.archive_file.rds_layer",
            "data.archive_file.user_auth_layer",
            "data.aws_availability_zones.available",
            "data.aws_vpc.default"
          ],
          "create_before_destroy": true
        },
        {
          "index_key": "invite_athlete",
          "schema_version": 0,
          "attributes": {
            "architectures": [
              "x86_64"
            ],
            "arn": "arn:aws:lambda:us-east-2:857360184083:function:invite_athlete",
            "code_sha256": "PunfD67Z7zPcM+3eOmKZRs2f4423XwcTJB6GaBW1wSs=",
            "code_signing_config_arn": "",
            "dead_letter_config": [],
            "description": "",
            "environment": [
              {
                "variables": {
                  "ENVIRONMENT": "production",
                  "RDS_DBNAME": "trackme",
                  "RDS_ENDPOINT": "trackmedb.c9goe0ioosh0.us-east-2.rds.amazonaws.com",
                  "RDS_PASSWORD": "Mojito#2025",
                  "RDS_PORT": "5432",
                  "RDS_REGION": "us-east-2",
                  "RDS_USER": "trackme_admin"
                }
              }
            ],
            "ephemeral_storage": [
              {
                "size": 512
              }
            ],
            "file_system_config": [],
            "filename": "./../Server/lambdas/coach/zips/invite_athlete.zip",
            "function_name": "invite_athlete",
            "handler": "invite_athlete.invite_athlete",
            "id": "invite_athlete",
            "image_config": [],
            "image_uri": "",
            "invoke_arn": "arn:aws:apigateway:us-east-2:lambda:path/2015-03-31/functions/arn:aws:lambda:us-east-2:857360184083:function:invite_athlete/invocations",
            "kms_key_arn": "",
            "last_modified": "2025-10-01T00:47:04.000+0000",
            "layers": [
              "arn:aws:lambda:us-east-2:857360184083:layer:rds:38",
              "arn:aws:lambda:us-east-2:857360184083:layer:user_auth:1"
            ],
            "logging_config": [
              {
                "application_log_level": "",
                "log_format": "Text",
                "log_group": "/aws/lambda/invite_athlete",
                "system_log_level": ""
              }
            ],
            "memory_size": 128,
            "package_type": "Zip",
            "publish": false,
            "qualified_arn": "arn:aws:lambda:us-east-2:857360184083:function:invite_athlete:$LATEST",
            "qualified_invoke_arn": "arn:aws:apigateway:us-east-2:lambda:path/2015-03-31/functions/arn:aws:lambda:us-east-2:857360184083:function:invite_athlete:$LATEST/invocations",
            "replace_security_groups_on_destroy": null,
            "replacement_security_group_ids": null,
            "reserved_concurrent_executions": -1,
            "role": "arn:aws:iam::857360184083:role/lambda_role",
            "runtime": "python3.12",
            "s3_bucket": null,
            "s3_key": null,
            "s3_object_version": null,
            "signing_job_arn": "",
            "signing_profile_version_arn": "",
            "skip_destroy": false,
            "snap_start": [],
            "source_code_hash": "PunfD67Z7zPcM+3eOmKZRs2f4423XwcTJB6GaBW1wSs=",
            "source_code_size": 2086,
            "tags": {},
            "tags_all": {},
            "timeout": 5,
            "timeouts": null,
            "tracing_config": [
              {
                "mode": "PassThrough"
              }
            ],
            "version": "$LATEST",
            "vpc_config": [
              {
                "ipv6_allowed_for_dual_stack": false,
                "security_group_ids": [
                  "sg-0bd1fa78c58ba0495"
                ],
                "subnet_ids": [
                  "subnet-09b6e632d01fcb525",
                  "subnet-0db35c13edd7c98e9"
                ],
                "vpc_id": "vpc-00ce2d8f8e6ecb305"
              }
            ]
          },
          "sensitive_attributes": [
            [
              {
                "type": "get_attr",
                "value": "environment"
              },
              {
                "type": "index",
                "value": {
                  "value": 0,
                  "type": "number"
                }
              },
              {
                "type": "get_attr",
                "value": "variables"
              },
              {
                "type": "index",
                "value": {
                  "value": "RDS_PASSWORD",
                  "type": "string"
                }
              }
            ]
          ],
          "identity_schema_version": 0,
          "private": "eyJlMmJmYjczMC1lY2FhLTExZTYtOGY4OC0zNDM2M2JjN2M0YzAiOnsiY3JlYXRlIjo2MDAwMDAwMDAwMDAsImRlbGV0ZSI6NjAwMDAwMDAwMDAwLCJ1cGRhdGUiOjYwMDAwMDAwMDAwMH19",
          "dependencies": [
            "aws_db_instance.default",
            "aws_db_subnet_group.rds_private",
            "aws_iam_role.lambda_role",
            "aws_iam_role_policy_attachment.lambda_rds_auth",
            "aws_lambda_layer_version.rds",
            "aws_lambda_layer_version.user_auth",
            "aws_security_group.lambda_sg",
            "aws_subnet.private_subnet1",
            "aws_subnet.private_subnet2",
            "data.archive_file.lambda_archives",
            "data.archive_file.rds_layer",
            "data.archive_file.user_auth_layer",
            "data.aws_availability_zones.available",
            "data.aws_vpc.default"
          ],
          "create_before_destroy": true
        },
        {
          "index_key": "mass_input",
          "schema_version": 0,
          "attributes": {
            "architectures": [
              "x86_64"
            ],
            "arn": "arn:aws:lambda:us-east-2:857360184083:function:mass_input",
            "code_sha256": "WEL6Xo+1Eq8agWcVfkJBB75sroxIX/svgi4ivqQqqnM=",
            "code_signing_config_arn": "",
            "dead_letter_config": [],
            "description": "",
            "environment": [
              {
                "variables": {
                  "ENVIRONMENT": "production",
                  "RDS_DBNAME": "trackme",
                  "RDS_ENDPOINT": "trackmedb.c9goe0ioosh0.us-east-2.rds.amazonaws.com",
                  "RDS_PASSWORD": "Mojito#2025",
                  "RDS_PORT": "5432",
                  "RDS_REGION": "us-east-2",
                  "RDS_USER": "trackme_admin"
                }
              }
            ],
            "ephemeral_storage": [
              {
                "size": 512
              }
            ],
            "file_system_config": [],
            "filename": "./../Server/lambdas/general/zips/mass_input.zip",
            "function_name": "mass_input",
            "handler": "mass_input.mass_input",
            "id": "mass_input",
            "image_config": [],
            "image_uri": "",
            "invoke_arn": "arn:aws:apigateway:us-east-2:lambda:path/2015-03-31/functions/arn:aws:lambda:us-east-2:857360184083:function:mass_input/invocations",
            "kms_key_arn": "",
            "last_modified": "2025-10-01T00:47:04.000+0000",
            "layers": [
              "arn:aws:lambda:us-east-2:857360184083:layer:rds:38",
              "arn:aws:lambda:us-east-2:857360184083:layer:user_auth:1"
            ],
            "logging_config": [
              {
                "application_log_level": "",
                "log_format": "Text",
                "log_group": "/aws/lambda/mass_input",
                "system_log_level": ""
              }
            ],
            "memory_size": 128,
            "package_type": "Zip",
            "publish": false,
            "qualified_arn": "arn:aws:lambda:us-east-2:857360184083:function:mass_input:$LATEST",
            "qualified_invoke_arn": "arn:aws:apigateway:us-east-2:lambda:path/2015-03-31/functions/arn:aws:lambda:us-east-2:857360184083:function:mass_input:$LATEST/invocations",
            "replace_security_groups_on_destroy": null,
            "replacement_security_group_ids": null,
            "reserved_concurrent_executions": -1,
            "role": "arn:aws:iam::857360184083:role/lambda_role",
            "runtime": "python3.12",
            "s3_bucket": null,
            "s3_key": null,
            "s3_object_version": null,
            "signing_job_arn": "",
            "signing_profile_version_arn": "",
            "skip_destroy": false,
            "snap_start": [],
            "source_code_hash": "WEL6Xo+1Eq8agWcVfkJBB75sroxIX/svgi4ivqQqqnM=",
            "source_code_size": 3147,
            "tags": {},
            "tags_all": {},
            "timeout": 5,
            "timeouts": null,
            "tracing_config": [
              {
                "mode": "PassThrough"
              }
            ],
            "version": "$LATEST",
            "vpc_config": [
              {
                "ipv6_allowed_for_dual_stack": false,
                "security_group_ids": [
                  "sg-0bd1fa78c58ba0495"
                ],
                "subnet_ids": [
                  "subnet-09b6e632d01fcb525",
                  "subnet-0db35c13edd7c98e9"
                ],
                "vpc_id": "vpc-00ce2d8f8e6ecb305"
              }
            ]
          },
          "sensitive_attributes": [
            [
              {
                "type": "get_attr",
                "value": "environment"
              },
              {
                "type": "index",
                "value": {
                  "value": 0,
                  "type": "number"
                }
              },
              {
                "type": "get_attr",
                "value": "variables"
              },
              {
                "type": "index",
                "value": {
                  "value": "RDS_PASSWORD",
                  "type": "string"
                }
              }
            ]
          ],
          "identity_schema_version": 0,
          "private": "eyJlMmJmYjczMC1lY2FhLTExZTYtOGY4OC0zNDM2M2JjN2M0YzAiOnsiY3JlYXRlIjo2MDAwMDAwMDAwMDAsImRlbGV0ZSI6NjAwMDAwMDAwMDAwLCJ1cGRhdGUiOjYwMDAwMDAwMDAwMH19",
          "dependencies": [
            "aws_db_instance.default",
            "aws_db_subnet_group.rds_private",
            "aws_iam_role.lambda_role",
            "aws_iam_role_policy_attachment.lambda_rds_auth",
            "aws_lambda_layer_version.rds",
            "aws_lambda_layer_version.user_auth",
            "aws_security_group.lambda_sg",
            "aws_subnet.private_subnet1",
            "aws_subnet.private_subnet2",
            "data.archive_file.lambda_archives",
            "data.archive_file.rds_layer",
            "data.archive_file.user_auth_layer",
            "data.aws_availability_zones.available",
            "data.aws_vpc.default"
          ],
          "create_before_destroy": true
        },
        {
          "index_key": "remove_coach_athlete",
          "schema_version": 0,
          "attributes": {
            "architectures": [
              "x86_64"
            ],
            "arn": "arn:aws:lambda:us-east-2:857360184083:function:remove_coach_athlete",
            "code_sha256": "CBHKoKHTcKz2zYQujuVytNJo7zRtsrTu5YBb52vwjAc=",
            "code_signing_config_arn": "",
            "dead_letter_config": [],
            "description": "",
            "environment": [
              {
                "variables": {
                  "ENVIRONMENT": "production",
                  "RDS_DBNAME": "trackme",
                  "RDS_ENDPOINT": "trackmedb.c9goe0ioosh0.us-east-2.rds.amazonaws.com",
                  "RDS_PASSWORD": "Mojito#2025",
                  "RDS_PORT": "5432",
                  "RDS_REGION": "us-east-2",
                  "RDS_USER": "trackme_admin"
                }
              }
            ],
            "ephemeral_storage": [
              {
                "size": 512
              }
            ],
            "file_system_config": [],
            "filename": "./../Server/lambdas/general/zips/remove_coach_athlete.zip",
            "function_name": "remove_coach_athlete",
            "handler": "remove_coach_athlete.remove_coach_athlete",
            "id": "remove_coach_athlete",
            "image_config": [],
            "image_uri": "",
            "invoke_arn": "arn:aws:apigateway:us-east-2:lambda:path/2015-03-31/functions/arn:aws:lambda:us-east-2:857360184083:function:remove_coach_athlete/invocations",
            "kms_key_arn": "",
            "last_modified": "2025-10-01T00:47:09.000+0000",
            "layers": [
              "arn:aws:lambda:us-east-2:857360184083:layer:rds:38",
              "arn:aws:lambda:us-east-2:857360184083:layer:user_auth:1"
            ],
            "logging_config": [
              {
                "application_log_level": "",
                "log_format": "Text",
                "log_group": "/aws/lambda/remove_coach_athlete",
                "system_log_level": ""
              }
            ],
            "memory_size": 128,
            "package_type": "Zip",
            "publish": false,
            "qualified_arn": "arn:aws:lambda:us-east-2:857360184083:function:remove_coach_athlete:$LATEST",
            "qualified_invoke_arn": "arn:aws:apigateway:us-east-2:lambda:path/2015-03-31/functions/arn:aws:lambda:us-east-2:857360184083:function:remove_coach_athlete:$LATEST/invocations",
            "replace_security_groups_on_destroy": null,
            "replacement_security_group_ids": null,
            "reserved_concurrent_executions": -1,
            "role": "arn:aws:iam::857360184083:role/lambda_role",
            "runtime": "python3.12",
            "s3_bucket": null,
            "s3_key": null,
            "s3_object_version": null,
            "signing_job_arn": "",
            "signing_profile_version_arn": "",
            "skip_destroy": false,
            "snap_start": [],
            "source_code_hash": "CBHKoKHTcKz2zYQujuVytNJo7zRtsrTu5YBb52vwjAc=",
            "source_code_size": 2308,
            "tags": {},
            "tags_all": {},
            "timeout": 5,
            "timeouts": null,
            "tracing_config": [
              {
                "mode": "PassThrough"
              }
            ],
            "version": "$LATEST",
            "vpc_config": [
              {
                "ipv6_allowed_for_dual_stack": false,
                "security_group_ids": [
                  "sg-0bd1fa78c58ba0495"
                ],
                "subnet_ids": [
                  "subnet-09b6e632d01fcb525",
                  "subnet-0db35c13edd7c98e9"
                ],
                "vpc_id": "vpc-00ce2d8f8e6ecb305"
              }
            ]
          },
          "sensitive_attributes": [
            [
              {
                "type": "get_attr",
                "value": "environment"
              },
              {
                "type": "index",
                "value": {
                  "value": 0,
                  "type": "number"
                }
              },
              {
                "type": "get_attr",
                "value": "variables"
              },
              {
                "type": "index",
                "value": {
                  "value": "RDS_PASSWORD",
                  "type": "string"
                }
              }
            ]
          ],
          "identity_schema_version": 0,
          "private": "eyJlMmJmYjczMC1lY2FhLTExZTYtOGY4OC0zNDM2M2JjN2M0YzAiOnsiY3JlYXRlIjo2MDAwMDAwMDAwMDAsImRlbGV0ZSI6NjAwMDAwMDAwMDAwLCJ1cGRhdGUiOjYwMDAwMDAwMDAwMH19",
          "dependencies": [
            "aws_db_instance.default",
            "aws_db_subnet_group.rds_private",
            "aws_iam_role.lambda_role",
            "aws_iam_role_policy_attachment.lambda_rds_auth",
            "aws_lambda_layer_version.rds",
            "aws_lambda_layer_version.user_auth",
            "aws_security_group.lambda_sg",
            "aws_subnet.private_subnet1",
            "aws_subnet.private_subnet2",
            "data.archive_file.lambda_archives",
            "data.archive_file.rds_layer",
            "data.archive_file.user_auth_layer",
            "data.aws_availability_zones.available",
            "data.aws_vpc.default"
          ],
          "create_before_destroy": true
        },
        {
          "index_key": "remove_group_athlete",
          "schema_version": 0,
          "attributes": {
            "architectures": [
              "x86_64"
            ],
            "arn": "arn:aws:lambda:us-east-2:857360184083:function:remove_group_athlete",
            "code_sha256": "t+kVyhlX/0V/6CE6xJme5erbpBZ/cyqK/GLPdtwHKf8=",
            "code_signing_config_arn": "",
            "dead_letter_config": [],
            "description": "",
            "environment": [
              {
                "variables": {
                  "ENVIRONMENT": "production",
                  "RDS_DBNAME": "trackme",
                  "RDS_ENDPOINT": "trackmedb.c9goe0ioosh0.us-east-2.rds.amazonaws.com",
                  "RDS_PASSWORD": "Mojito#2025",
                  "RDS_PORT": "5432",
                  "RDS_REGION": "us-east-2",
                  "RDS_USER": "trackme_admin"
                }
              }
            ],
            "ephemeral_storage": [
              {
                "size": 512
              }
            ],
            "file_system_config": [],
            "filename": "./../Server/lambdas/coach/zips/remove_group_athlete.zip",
            "function_name": "remove_group_athlete",
            "handler": "remove_group_athlete.remove_group_athlete",
            "id": "remove_group_athlete",
            "image_config": [],
            "image_uri": "",
            "invoke_arn": "arn:aws:apigateway:us-east-2:lambda:path/2015-03-31/functions/arn:aws:lambda:us-east-2:857360184083:function:remove_group_athlete/invocations",
            "kms_key_arn": "",
            "last_modified": "2025-10-01T00:47:15.000+0000",
            "layers": [
              "arn:aws:lambda:us-east-2:857360184083:layer:rds:38",
              "arn:aws:lambda:us-east-2:857360184083:layer:user_auth:1"
            ],
            "logging_config": [
              {
                "application_log_level": "",
                "log_format": "Text",
                "log_group": "/aws/lambda/remove_group_athlete",
                "system_log_level": ""
              }
            ],
            "memory_size": 128,
            "package_type": "Zip",
            "publish": false,
            "qualified_arn": "arn:aws:lambda:us-east-2:857360184083:function:remove_group_athlete:$LATEST",
            "qualified_invoke_arn": "arn:aws:apigateway:us-east-2:lambda:path/2015-03-31/functions/arn:aws:lambda:us-east-2:857360184083:function:remove_group_athlete:$LATEST/invocations",
            "replace_security_groups_on_destroy": null,
            "replacement_security_group_ids": null,
            "reserved_concurrent_executions": -1,
            "role": "arn:aws:iam::857360184083:role/lambda_role",
            "runtime": "python3.12",
            "s3_bucket": null,
            "s3_key": null,
            "s3_object_version": null,
            "signing_job_arn": "",
            "signing_profile_version_arn": "",
            "skip_destroy": false,
            "snap_start": [],
            "source_code_hash": "t+kVyhlX/0V/6CE6xJme5erbpBZ/cyqK/GLPdtwHKf8=",
            "source_code_size": 2238,
            "tags": {},
            "tags_all": {},
            "timeout": 5,
            "timeouts": null,
            "tracing_config": [
              {
                "mode": "PassThrough"
              }
            ],
            "version": "$LATEST",
            "vpc_config": [
              {
                "ipv6_allowed_for_dual_stack": false,
                "security_group_ids": [
                  "sg-0bd1fa78c58ba0495"
                ],
                "subnet_ids": [
                  "subnet-09b6e632d01fcb525",
                  "subnet-0db35c13edd7c98e9"
                ],
                "vpc_id": "vpc-00ce2d8f8e6ecb305"
              }
            ]
          },
          "sensitive_attributes": [
            [
              {
                "type": "get_attr",
                "value": "environment"
              },
              {
                "type": "index",
                "value": {
                  "value": 0,
                  "type": "number"
                }
              },
              {
                "type": "get_attr",
                "value": "variables"
              },
              {
                "type": "index",
                "value": {
                  "value": "RDS_PASSWORD",
                  "type": "string"
                }
              }
            ]
          ],
          "identity_schema_version": 0,
          "private": "eyJlMmJmYjczMC1lY2FhLTExZTYtOGY4OC0zNDM2M2JjN2M0YzAiOnsiY3JlYXRlIjo2MDAwMDAwMDAwMDAsImRlbGV0ZSI6NjAwMDAwMDAwMDAwLCJ1cGRhdGUiOjYwMDAwMDAwMDAwMH19",
          "dependencies": [
            "aws_db_instance.default",
            "aws_db_subnet_group.rds_private",
            "aws_iam_role.lambda_role",
            "aws_iam_role_policy_attachment.lambda_rds_auth",
            "aws_lambda_layer_version.rds",
            "aws_lambda_layer_version.user_auth",
            "aws_security_group.lambda_sg",
            "aws_subnet.private_subnet1",
            "aws_subnet.private_subnet2",
            "data.archive_file.lambda_archives",
            "data.archive_file.rds_layer",
            "data.archive_file.user_auth_layer",
            "data.aws_availability_zones.available",
            "data.aws_vpc.default"
          ],
          "create_before_destroy": true
        },
        {
          "index_key": "remove_inputs",
          "schema_version": 0,
          "attributes": {
            "architectures": [
              "x86_64"
            ],
            "arn": "arn:aws:lambda:us-east-2:857360184083:function:remove_inputs",
            "code_sha256": "fqCJo7s2qYqnxuY0RW1xG7/Of2kDskdtsMGR31j2xTU=",
            "code_signing_config_arn": "",
            "dead_letter_config": [],
            "description": "",
            "environment": [
              {
                "variables": {
                  "ENVIRONMENT": "production",
                  "RDS_DBNAME": "trackme",
                  "RDS_ENDPOINT": "trackmedb.c9goe0ioosh0.us-east-2.rds.amazonaws.com",
                  "RDS_PASSWORD": "Mojito#2025",
                  "RDS_PORT": "5432",
                  "RDS_REGION": "us-east-2",
                  "RDS_USER": "trackme_admin"
                }
              }
            ],
            "ephemeral_storage": [
              {
                "size": 512
              }
            ],
            "file_system_config": [],
            "filename": "./../Server/lambdas/athlete/zips/remove_inputs.zip",
            "function_name": "remove_inputs",
            "handler": "remove_inputs.remove_inputs",
            "id": "remove_inputs",
            "image_config": [],
            "image_uri": "",
            "invoke_arn": "arn:aws:apigateway:us-east-2:lambda:path/2015-03-31/functions/arn:aws:lambda:us-east-2:857360184083:function:remove_inputs/invocations",
            "kms_key_arn": "",
            "last_modified": "2025-10-01T00:47:09.000+0000",
            "layers": [
              "arn:aws:lambda:us-east-2:857360184083:layer:rds:38",
              "arn:aws:lambda:us-east-2:857360184083:layer:user_auth:1"
            ],
            "logging_config": [
              {
                "application_log_level": "",
                "log_format": "Text",
                "log_group": "/aws/lambda/remove_inputs",
                "system_log_level": ""
              }
            ],
            "memory_size": 128,
            "package_type": "Zip",
            "publish": false,
            "qualified_arn": "arn:aws:lambda:us-east-2:857360184083:function:remove_inputs:$LATEST",
            "qualified_invoke_arn": "arn:aws:apigateway:us-east-2:lambda:path/2015-03-31/functions/arn:aws:lambda:us-east-2:857360184083:function:remove_inputs:$LATEST/invocations",
            "replace_security_groups_on_destroy": null,
            "replacement_security_group_ids": null,
            "reserved_concurrent_executions": -1,
            "role": "arn:aws:iam::857360184083:role/lambda_role",
            "runtime": "python3.12",
            "s3_bucket": null,
            "s3_key": null,
            "s3_object_version": null,
            "signing_job_arn": "",
            "signing_profile_version_arn": "",
            "skip_destroy": false,
            "snap_start": [],
            "source_code_hash": "fqCJo7s2qYqnxuY0RW1xG7/Of2kDskdtsMGR31j2xTU=",
            "source_code_size": 2007,
            "tags": {},
            "tags_all": {},
            "timeout": 5,
            "timeouts": null,
            "tracing_config": [
              {
                "mode": "PassThrough"
              }
            ],
            "version": "$LATEST",
            "vpc_config": [
              {
                "ipv6_allowed_for_dual_stack": false,
                "security_group_ids": [
                  "sg-0bd1fa78c58ba0495"
                ],
                "subnet_ids": [
                  "subnet-09b6e632d01fcb525",
                  "subnet-0db35c13edd7c98e9"
                ],
                "vpc_id": "vpc-00ce2d8f8e6ecb305"
              }
            ]
          },
          "sensitive_attributes": [
            [
              {
                "type": "get_attr",
                "value": "environment"
              },
              {
                "type": "index",
                "value": {
                  "value": 0,
                  "type": "number"
                }
              },
              {
                "type": "get_attr",
                "value": "variables"
              },
              {
                "type": "index",
                "value": {
                  "value": "RDS_PASSWORD",
                  "type": "string"
                }
              }
            ]
          ],
          "identity_schema_version": 0,
          "private": "eyJlMmJmYjczMC1lY2FhLTExZTYtOGY4OC0zNDM2M2JjN2M0YzAiOnsiY3JlYXRlIjo2MDAwMDAwMDAwMDAsImRlbGV0ZSI6NjAwMDAwMDAwMDAwLCJ1cGRhdGUiOjYwMDAwMDAwMDAwMH19",
          "dependencies": [
            "aws_db_instance.default",
            "aws_db_subnet_group.rds_private",
            "aws_iam_role.lambda_role",
            "aws_iam_role_policy_attachment.lambda_rds_auth",
            "aws_lambda_layer_version.rds",
            "aws_lambda_layer_version.user_auth",
            "aws_security_group.lambda_sg",
            "aws_subnet.private_subnet1",
            "aws_subnet.private_subnet2",
            "data.archive_file.lambda_archives",
            "data.archive_file.rds_layer",
            "data.archive_file.user_auth_layer",
            "data.aws_availability_zones.available",
            "data.aws_vpc.default"
          ],
          "create_before_destroy": true
        },
        {
          "index_key": "request_coach",
          "schema_version": 0,
          "attributes": {
            "architectures": [
              "x86_64"
            ],
            "arn": "arn:aws:lambda:us-east-2:857360184083:function:request_coach",
            "code_sha256": "C0LFvjx2H09OerPlo5ICcxloj+HPY9fXYkJuPXdBabs=",
            "code_signing_config_arn": "",
            "dead_letter_config": [],
            "description": "",
            "environment": [
              {
                "variables": {
                  "ENVIRONMENT": "production",
                  "RDS_DBNAME": "trackme",
                  "RDS_ENDPOINT": "trackmedb.c9goe0ioosh0.us-east-2.rds.amazonaws.com",
                  "RDS_PASSWORD": "Mojito#2025",
                  "RDS_PORT": "5432",
                  "RDS_REGION": "us-east-2",
                  "RDS_USER": "trackme_admin"
                }
              }
            ],
            "ephemeral_storage": [
              {
                "size": 512
              }
            ],
            "file_system_config": [],
            "filename": "./../Server/lambdas/athlete/zips/request_coach.zip",
            "function_name": "request_coach",
            "handler": "request_coach.request_coach",
            "id": "request_coach",
            "image_config": [],
            "image_uri": "",
            "invoke_arn": "arn:aws:apigateway:us-east-2:lambda:path/2015-03-31/functions/arn:aws:lambda:us-east-2:857360184083:function:request_coach/invocations",
            "kms_key_arn": "",
            "last_modified": "2025-10-01T00:47:21.000+0000",
            "layers": [
              "arn:aws:lambda:us-east-2:857360184083:layer:rds:38",
              "arn:aws:lambda:us-east-2:857360184083:layer:user_auth:1"
            ],
            "logging_config": [
              {
                "application_log_level": "",
                "log_format": "Text",
                "log_group": "/aws/lambda/request_coach",
                "system_log_level": ""
              }
            ],
            "memory_size": 128,
            "package_type": "Zip",
            "publish": false,
            "qualified_arn": "arn:aws:lambda:us-east-2:857360184083:function:request_coach:$LATEST",
            "qualified_invoke_arn": "arn:aws:apigateway:us-east-2:lambda:path/2015-03-31/functions/arn:aws:lambda:us-east-2:857360184083:function:request_coach:$LATEST/invocations",
            "replace_security_groups_on_destroy": null,
            "replacement_security_group_ids": null,
            "reserved_concurrent_executions": -1,
            "role": "arn:aws:iam::857360184083:role/lambda_role",
            "runtime": "python3.12",
            "s3_bucket": null,
            "s3_key": null,
            "s3_object_version": null,
            "signing_job_arn": "",
            "signing_profile_version_arn": "",
            "skip_destroy": false,
            "snap_start": [],
            "source_code_hash": "C0LFvjx2H09OerPlo5ICcxloj+HPY9fXYkJuPXdBabs=",
            "source_code_size": 2096,
            "tags": {},
            "tags_all": {},
            "timeout": 5,
            "timeouts": null,
            "tracing_config": [
              {
                "mode": "PassThrough"
              }
            ],
            "version": "$LATEST",
            "vpc_config": [
              {
                "ipv6_allowed_for_dual_stack": false,
                "security_group_ids": [
                  "sg-0bd1fa78c58ba0495"
                ],
                "subnet_ids": [
                  "subnet-09b6e632d01fcb525",
                  "subnet-0db35c13edd7c98e9"
                ],
                "vpc_id": "vpc-00ce2d8f8e6ecb305"
              }
            ]
          },
          "sensitive_attributes": [
            [
              {
                "type": "get_attr",
                "value": "environment"
              },
              {
                "type": "index",
                "value": {
                  "value": 0,
                  "type": "number"
                }
              },
              {
                "type": "get_attr",
                "value": "variables"
              },
              {
                "type": "index",
                "value": {
                  "value": "RDS_PASSWORD",
                  "type": "string"
                }
              }
            ]
          ],
          "identity_schema_version": 0,
          "private": "eyJlMmJmYjczMC1lY2FhLTExZTYtOGY4OC0zNDM2M2JjN2M0YzAiOnsiY3JlYXRlIjo2MDAwMDAwMDAwMDAsImRlbGV0ZSI6NjAwMDAwMDAwMDAwLCJ1cGRhdGUiOjYwMDAwMDAwMDAwMH19",
          "dependencies": [
            "aws_db_instance.default",
            "aws_db_subnet_group.rds_private",
            "aws_iam_role.lambda_role",
            "aws_iam_role_policy_attachment.lambda_rds_auth",
            "aws_lambda_layer_version.rds",
            "aws_lambda_layer_version.user_auth",
            "aws_security_group.lambda_sg",
            "aws_subnet.private_subnet1",
            "aws_subnet.private_subnet2",
            "data.archive_file.lambda_archives",
            "data.archive_file.rds_layer",
            "data.archive_file.user_auth_layer",
            "data.aws_availability_zones.available",
            "data.aws_vpc.default"
          ],
          "create_before_destroy": true
        },
        {
          "index_key": "search_athletes",
          "schema_version": 0,
          "attributes": {
            "architectures": [
              "x86_64"
            ],
            "arn": "arn:aws:lambda:us-east-2:857360184083:function:search_athletes",
            "code_sha256": "FBIwFr1EEpzIi/RtgJipLShIUeHyF1dqA83CPqCG2hc=",
            "code_signing_config_arn": "",
            "dead_letter_config": [],
            "description": "",
            "environment": [
              {
                "variables": {
                  "ENVIRONMENT": "production",
                  "RDS_DBNAME": "trackme",
                  "RDS_ENDPOINT": "trackmedb.c9goe0ioosh0.us-east-2.rds.amazonaws.com",
                  "RDS_PASSWORD": "Mojito#2025",
                  "RDS_PORT": "5432",
                  "RDS_REGION": "us-east-2",
                  "RDS_USER": "trackme_admin"
                }
              }
            ],
            "ephemeral_storage": [
              {
                "size": 512
              }
            ],
            "file_system_config": [],
            "filename": "./../Server/lambdas/coach/zips/search_athletes.zip",
            "function_name": "search_athletes",
            "handler": "search_athletes.search_athletes",
            "id": "search_athletes",
            "image_config": [],
            "image_uri": "",
            "invoke_arn": "arn:aws:apigateway:us-east-2:lambda:path/2015-03-31/functions/arn:aws:lambda:us-east-2:857360184083:function:search_athletes/invocations",
            "kms_key_arn": "",
            "last_modified": "2025-10-01T00:47:17.000+0000",
            "layers": [
              "arn:aws:lambda:us-east-2:857360184083:layer:rds:38",
              "arn:aws:lambda:us-east-2:857360184083:layer:user_auth:1"
            ],
            "logging_config": [
              {
                "application_log_level": "",
                "log_format": "Text",
                "log_group": "/aws/lambda/search_athletes",
                "system_log_level": ""
              }
            ],
            "memory_size": 128,
            "package_type": "Zip",
            "publish": false,
            "qualified_arn": "arn:aws:lambda:us-east-2:857360184083:function:search_athletes:$LATEST",
            "qualified_invoke_arn": "arn:aws:apigateway:us-east-2:lambda:path/2015-03-31/functions/arn:aws:lambda:us-east-2:857360184083:function:search_athletes:$LATEST/invocations",
            "replace_security_groups_on_destroy": null,
            "replacement_security_group_ids": null,
            "reserved_concurrent_executions": -1,
            "role": "arn:aws:iam::857360184083:role/lambda_role",
            "runtime": "python3.12",
            "s3_bucket": null,
            "s3_key": null,
            "s3_object_version": null,
            "signing_job_arn": "",
            "signing_profile_version_arn": "",
            "skip_destroy": false,
            "snap_start": [],
            "source_code_hash": "FBIwFr1EEpzIi/RtgJipLShIUeHyF1dqA83CPqCG2hc=",
            "source_code_size": 2820,
            "tags": {},
            "tags_all": {},
            "timeout": 5,
            "timeouts": null,
            "tracing_config": [
              {
                "mode": "PassThrough"
              }
            ],
            "version": "$LATEST",
            "vpc_config": [
              {
                "ipv6_allowed_for_dual_stack": false,
                "security_group_ids": [
                  "sg-0bd1fa78c58ba0495"
                ],
                "subnet_ids": [
                  "subnet-09b6e632d01fcb525",
                  "subnet-0db35c13edd7c98e9"
                ],
                "vpc_id": "vpc-00ce2d8f8e6ecb305"
              }
            ]
          },
          "sensitive_attributes": [
            [
              {
                "type": "get_attr",
                "value": "environment"
              },
              {
                "type": "index",
                "value": {
                  "value": 0,
                  "type": "number"
                }
              },
              {
                "type": "get_attr",
                "value": "variables"
              },
              {
                "type": "index",
                "value": {
                  "value": "RDS_PASSWORD",
                  "type": "string"
                }
              }
            ]
          ],
          "identity_schema_version": 0,
          "private": "eyJlMmJmYjczMC1lY2FhLTExZTYtOGY4OC0zNDM2M2JjN2M0YzAiOnsiY3JlYXRlIjo2MDAwMDAwMDAwMDAsImRlbGV0ZSI6NjAwMDAwMDAwMDAwLCJ1cGRhdGUiOjYwMDAwMDAwMDAwMH19",
          "dependencies": [
            "aws_db_instance.default",
            "aws_db_subnet_group.rds_private",
            "aws_iam_role.lambda_role",
            "aws_iam_role_policy_attachment.lambda_rds_auth",
            "aws_lambda_layer_version.rds",
            "aws_lambda_layer_version.user_auth",
            "aws_security_group.lambda_sg",
            "aws_subnet.private_subnet1",
            "aws_subnet.private_subnet2",
            "data.archive_file.lambda_archives",
            "data.archive_file.rds_layer",
            "data.archive_file.user_auth_layer",
            "data.aws_availability_zones.available",
            "data.aws_vpc.default"
          ],
          "create_before_destroy": true
        },
        {
          "index_key": "search_coaches",
          "schema_version": 0,
          "attributes": {
            "architectures": [
              "x86_64"
            ],
            "arn": "arn:aws:lambda:us-east-2:857360184083:function:search_coaches",
            "code_sha256": "lzYW/uiCQ9Tiyh/8kbDla5Mc72uUOewI5A4K5aXXa/M=",
            "code_signing_config_arn": "",
            "dead_letter_config": [],
            "description": "",
            "environment": [
              {
                "variables": {
                  "ENVIRONMENT": "production",
                  "RDS_DBNAME": "trackme",
                  "RDS_ENDPOINT": "trackmedb.c9goe0ioosh0.us-east-2.rds.amazonaws.com",
                  "RDS_PASSWORD": "Mojito#2025",
                  "RDS_PORT": "5432",
                  "RDS_REGION": "us-east-2",
                  "RDS_USER": "trackme_admin"
                }
              }
            ],
            "ephemeral_storage": [
              {
                "size": 512
              }
            ],
            "file_system_config": [],
            "filename": "./../Server/lambdas/athlete/zips/search_coaches.zip",
            "function_name": "search_coaches",
            "handler": "search_coaches.search_coaches",
            "id": "search_coaches",
            "image_config": [],
            "image_uri": "",
            "invoke_arn": "arn:aws:apigateway:us-east-2:lambda:path/2015-03-31/functions/arn:aws:lambda:us-east-2:857360184083:function:search_coaches/invocations",
            "kms_key_arn": "",
            "last_modified": "2025-10-01T00:47:29.000+0000",
            "layers": [
              "arn:aws:lambda:us-east-2:857360184083:layer:rds:38",
              "arn:aws:lambda:us-east-2:857360184083:layer:user_auth:1"
            ],
            "logging_config": [
              {
                "application_log_level": "",
                "log_format": "Text",
                "log_group": "/aws/lambda/search_coaches",
                "system_log_level": ""
              }
            ],
            "memory_size": 128,
            "package_type": "Zip",
            "publish": false,
            "qualified_arn": "arn:aws:lambda:us-east-2:857360184083:function:search_coaches:$LATEST",
            "qualified_invoke_arn": "arn:aws:apigateway:us-east-2:lambda:path/2015-03-31/functions/arn:aws:lambda:us-east-2:857360184083:function:search_coaches:$LATEST/invocations",
            "replace_security_groups_on_destroy": null,
            "replacement_security_group_ids": null,
            "reserved_concurrent_executions": -1,
            "role": "arn:aws:iam::857360184083:role/lambda_role",
            "runtime": "python3.12",
            "s3_bucket": null,
            "s3_key": null,
            "s3_object_version": null,
            "signing_job_arn": "",
            "signing_profile_version_arn": "",
            "skip_destroy": false,
            "snap_start": [],
            "source_code_hash": "lzYW/uiCQ9Tiyh/8kbDla5Mc72uUOewI5A4K5aXXa/M=",
            "source_code_size": 2834,
            "tags": {},
            "tags_all": {},
            "timeout": 5,
            "timeouts": null,
            "tracing_config": [
              {
                "mode": "PassThrough"
              }
            ],
            "version": "$LATEST",
            "vpc_config": [
              {
                "ipv6_allowed_for_dual_stack": false,
                "security_group_ids": [
                  "sg-0bd1fa78c58ba0495"
                ],
                "subnet_ids": [
                  "subnet-09b6e632d01fcb525",
                  "subnet-0db35c13edd7c98e9"
                ],
                "vpc_id": "vpc-00ce2d8f8e6ecb305"
              }
            ]
          },
          "sensitive_attributes": [
            [
              {
                "type": "get_attr",
                "value": "environment"
              },
              {
                "type": "index",
                "value": {
                  "value": 0,
                  "type": "number"
                }
              },
              {
                "type": "get_attr",
                "value": "variables"
              },
              {
                "type": "index",
                "value": {
                  "value": "RDS_PASSWORD",
                  "type": "string"
                }
              }
            ]
          ],
          "identity_schema_version": 0,
          "private": "eyJlMmJmYjczMC1lY2FhLTExZTYtOGY4OC0zNDM2M2JjN2M0YzAiOnsiY3JlYXRlIjo2MDAwMDAwMDAwMDAsImRlbGV0ZSI6NjAwMDAwMDAwMDAwLCJ1cGRhdGUiOjYwMDAwMDAwMDAwMH19",
          "dependencies": [
            "aws_db_instance.default",
            "aws_db_subnet_group.rds_private",
            "aws_iam_role.lambda_role",
            "aws_iam_role_policy_attachment.lambda_rds_auth",
            "aws_lambda_layer_version.rds",
            "aws_lambda_layer_version.user_auth",
            "aws_security_group.lambda_sg",
            "aws_subnet.private_subnet1",
            "aws_subnet.private_subnet2",
            "data.archive_file.lambda_archives",
            "data.archive_file.rds_layer",
            "data.archive_file.user_auth_layer",
            "data.aws_availability_zones.available",
            "data.aws_vpc.default"
          ],
          "create_before_destroy": true
        },
        {
          "index_key": "search_input_history_date",
          "schema_version": 0,
          "attributes": {
            "architectures": [
              "x86_64"
            ],
            "arn": "arn:aws:lambda:us-east-2:857360184083:function:search_input_history_date",
            "code_sha256": "Dh/T5iZ7QhxVLHGxVI2dZTlwaobbZH4ACaU8W1RmU6Q=",
            "code_signing_config_arn": "",
            "dead_letter_config": [],
            "description": "",
            "environment": [
              {
                "variables": {
                  "ENVIRONMENT": "production",
                  "RDS_DBNAME": "trackme",
                  "RDS_ENDPOINT": "trackmedb.c9goe0ioosh0.us-east-2.rds.amazonaws.com",
                  "RDS_PASSWORD": "Mojito#2025",
                  "RDS_PORT": "5432",
                  "RDS_REGION": "us-east-2",
                  "RDS_USER": "trackme_admin"
                }
              }
            ],
            "ephemeral_storage": [
              {
                "size": 512
              }
            ],
            "file_system_config": [],
            "filename": "./../Server/lambdas/athlete/zips/search_input_history_date.zip",
            "function_name": "search_input_history_date",
            "handler": "search_input_history_date.search_input_history_date",
            "id": "search_input_history_date",
            "image_config": [],
            "image_uri": "",
            "invoke_arn": "arn:aws:apigateway:us-east-2:lambda:path/2015-03-31/functions/arn:aws:lambda:us-east-2:857360184083:function:search_input_history_date/invocations",
            "kms_key_arn": "",
            "last_modified": "2025-10-01T00:46:58.000+0000",
            "layers": [
              "arn:aws:lambda:us-east-2:857360184083:layer:rds:38",
              "arn:aws:lambda:us-east-2:857360184083:layer:user_auth:1"
            ],
            "logging_config": [
              {
                "application_log_level": "",
                "log_format": "Text",
                "log_group": "/aws/lambda/search_input_history_date",
                "system_log_level": ""
              }
            ],
            "memory_size": 128,
            "package_type": "Zip",
            "publish": false,
            "qualified_arn": "arn:aws:lambda:us-east-2:857360184083:function:search_input_history_date:$LATEST",
            "qualified_invoke_arn": "arn:aws:apigateway:us-east-2:lambda:path/2015-03-31/functions/arn:aws:lambda:us-east-2:857360184083:function:search_input_history_date:$LATEST/invocations",
            "replace_security_groups_on_destroy": null,
            "replacement_security_group_ids": null,
            "reserved_concurrent_executions": -1,
            "role": "arn:aws:iam::857360184083:role/lambda_role",
            "runtime": "python3.12",
            "s3_bucket": null,
            "s3_key": null,
            "s3_object_version": null,
            "signing_job_arn": "",
            "signing_profile_version_arn": "",
            "skip_destroy": false,
            "snap_start": [],
            "source_code_hash": "Dh/T5iZ7QhxVLHGxVI2dZTlwaobbZH4ACaU8W1RmU6Q=",
            "source_code_size": 3124,
            "tags": {},
            "tags_all": {},
            "timeout": 5,
            "timeouts": null,
            "tracing_config": [
              {
                "mode": "PassThrough"
              }
            ],
            "version": "$LATEST",
            "vpc_config": [
              {
                "ipv6_allowed_for_dual_stack": false,
                "security_group_ids": [
                  "sg-0bd1fa78c58ba0495"
                ],
                "subnet_ids": [
                  "subnet-09b6e632d01fcb525",
                  "subnet-0db35c13edd7c98e9"
                ],
                "vpc_id": "vpc-00ce2d8f8e6ecb305"
              }
            ]
          },
          "sensitive_attributes": [
            [
              {
                "type": "get_attr",
                "value": "environment"
              },
              {
                "type": "index",
                "value": {
                  "value": 0,
                  "type": "number"
                }
              },
              {
                "type": "get_attr",
                "value": "variables"
              },
              {
                "type": "index",
                "value": {
                  "value": "RDS_PASSWORD",
                  "type": "string"
                }
              }
            ]
          ],
          "identity_schema_version": 0,
          "private": "eyJlMmJmYjczMC1lY2FhLTExZTYtOGY4OC0zNDM2M2JjN2M0YzAiOnsiY3JlYXRlIjo2MDAwMDAwMDAwMDAsImRlbGV0ZSI6NjAwMDAwMDAwMDAwLCJ1cGRhdGUiOjYwMDAwMDAwMDAwMH19",
          "dependencies": [
            "aws_db_instance.default",
            "aws_db_subnet_group.rds_private",
            "aws_iam_role.lambda_role",
            "aws_iam_role_policy_attachment.lambda_rds_auth",
            "aws_lambda_layer_version.rds",
            "aws_lambda_layer_version.user_auth",
            "aws_security_group.lambda_sg",
            "aws_subnet.private_subnet1",
            "aws_subnet.private_subnet2",
            "data.archive_file.lambda_archives",
            "data.archive_file.rds_layer",
            "data.archive_file.user_auth_layer",
            "data.aws_availability_zones.available",
            "data.aws_vpc.default"
          ],
          "create_before_destroy": true
        },
        {
          "index_key": "update_athlete_profile",
          "schema_version": 0,
          "attributes": {
            "architectures": [
              "x86_64"
            ],
            "arn": "arn:aws:lambda:us-east-2:857360184083:function:update_athlete_profile",
            "code_sha256": "XZvDjv7m5/wAuaJ2F2z2Azq/p0+jBRw9j7+AwjYTJ6s=",
            "code_signing_config_arn": "",
            "dead_letter_config": [],
            "description": "",
            "environment": [
              {
                "variables": {
                  "ENVIRONMENT": "production",
                  "RDS_DBNAME": "trackme",
                  "RDS_ENDPOINT": "trackmedb.c9goe0ioosh0.us-east-2.rds.amazonaws.com",
                  "RDS_PASSWORD": "Mojito#2025",
                  "RDS_PORT": "5432",
                  "RDS_REGION": "us-east-2",
                  "RDS_USER": "trackme_admin"
                }
              }
            ],
            "ephemeral_storage": [
              {
                "size": 512
              }
            ],
            "file_system_config": [],
            "filename": "./../Server/lambdas/athlete/zips/update_athlete_profile.zip",
            "function_name": "update_athlete_profile",
            "handler": "update_athlete_profile.update_athlete_profile",
            "id": "update_athlete_profile",
            "image_config": [],
            "image_uri": "",
            "invoke_arn": "arn:aws:apigateway:us-east-2:lambda:path/2015-03-31/functions/arn:aws:lambda:us-east-2:857360184083:function:update_athlete_profile/invocations",
            "kms_key_arn": "",
            "last_modified": "2025-10-01T00:47:09.000+0000",
            "layers": [
              "arn:aws:lambda:us-east-2:857360184083:layer:rds:38",
              "arn:aws:lambda:us-east-2:857360184083:layer:user_auth:1"
            ],
            "logging_config": [
              {
                "application_log_level": "",
                "log_format": "Text",
                "log_group": "/aws/lambda/update_athlete_profile",
                "system_log_level": ""
              }
            ],
            "memory_size": 128,
            "package_type": "Zip",
            "publish": false,
            "qualified_arn": "arn:aws:lambda:us-east-2:857360184083:function:update_athlete_profile:$LATEST",
            "qualified_invoke_arn": "arn:aws:apigateway:us-east-2:lambda:path/2015-03-31/functions/arn:aws:lambda:us-east-2:857360184083:function:update_athlete_profile:$LATEST/invocations",
            "replace_security_groups_on_destroy": null,
            "replacement_security_group_ids": null,
            "reserved_concurrent_executions": -1,
            "role": "arn:aws:iam::857360184083:role/lambda_role",
            "runtime": "python3.12",
            "s3_bucket": null,
            "s3_key": null,
            "s3_object_version": null,
            "signing_job_arn": "",
            "signing_profile_version_arn": "",
            "skip_destroy": false,
            "snap_start": [],
            "source_code_hash": "XZvDjv7m5/wAuaJ2F2z2Azq/p0+jBRw9j7+AwjYTJ6s=",
            "source_code_size": 2506,
            "tags": {},
            "tags_all": {},
            "timeout": 5,
            "timeouts": null,
            "tracing_config": [
              {
                "mode": "PassThrough"
              }
            ],
            "version": "$LATEST",
            "vpc_config": [
              {
                "ipv6_allowed_for_dual_stack": false,
                "security_group_ids": [
                  "sg-0bd1fa78c58ba0495"
                ],
                "subnet_ids": [
                  "subnet-09b6e632d01fcb525",
                  "subnet-0db35c13edd7c98e9"
                ],
                "vpc_id": "vpc-00ce2d8f8e6ecb305"
              }
            ]
          },
          "sensitive_attributes": [
            [
              {
                "type": "get_attr",
                "value": "environment"
              },
              {
                "type": "index",
                "value": {
                  "value": 0,
                  "type": "number"
                }
              },
              {
                "type": "get_attr",
                "value": "variables"
              },
              {
                "type": "index",
                "value": {
                  "value": "RDS_PASSWORD",
                  "type": "string"
                }
              }
            ]
          ],
          "identity_schema_version": 0,
          "private": "eyJlMmJmYjczMC1lY2FhLTExZTYtOGY4OC0zNDM2M2JjN2M0YzAiOnsiY3JlYXRlIjo2MDAwMDAwMDAwMDAsImRlbGV0ZSI6NjAwMDAwMDAwMDAwLCJ1cGRhdGUiOjYwMDAwMDAwMDAwMH19",
          "dependencies": [
            "aws_db_instance.default",
            "aws_db_subnet_group.rds_private",
            "aws_iam_role.lambda_role",
            "aws_iam_role_policy_attachment.lambda_rds_auth",
            "aws_lambda_layer_version.rds",
            "aws_lambda_layer_version.user_auth",
            "aws_security_group.lambda_sg",
            "aws_subnet.private_subnet1",
            "aws_subnet.private_subnet2",
            "data.archive_file.lambda_archives",
            "data.archive_file.rds_layer",
            "data.archive_file.user_auth_layer",
            "data.aws_availability_zones.available",
            "data.aws_vpc.default"
          ],
          "create_before_destroy": true
        },
        {
          "index_key": "update_coach_profile",
          "schema_version": 0,
          "attributes": {
            "architectures": [
              "x86_64"
            ],
            "arn": "arn:aws:lambda:us-east-2:857360184083:function:update_coach_profile",
            "code_sha256": "/9HeKk0VFk6Mx4n2TOD+/cft9AfM7/nK+etyiOxKV6M=",
            "code_signing_config_arn": "",
            "dead_letter_config": [],
            "description": "",
            "environment": [
              {
                "variables": {
                  "ENVIRONMENT": "production",
                  "RDS_DBNAME": "trackme",
                  "RDS_ENDPOINT": "trackmedb.c9goe0ioosh0.us-east-2.rds.amazonaws.com",
                  "RDS_PASSWORD": "Mojito#2025",
                  "RDS_PORT": "5432",
                  "RDS_REGION": "us-east-2",
                  "RDS_USER": "trackme_admin"
                }
              }
            ],
            "ephemeral_storage": [
              {
                "size": 512
              }
            ],
            "file_system_config": [],
            "filename": "./../Server/lambdas/coach/zips/update_coach_profile.zip",
            "function_name": "update_coach_profile",
            "handler": "update_coach_profile.update_coach_profile",
            "id": "update_coach_profile",
            "image_config": [],
            "image_uri": "",
            "invoke_arn": "arn:aws:apigateway:us-east-2:lambda:path/2015-03-31/functions/arn:aws:lambda:us-east-2:857360184083:function:update_coach_profile/invocations",
            "kms_key_arn": "",
            "last_modified": "2025-10-01T00:46:58.000+0000",
            "layers": [
              "arn:aws:lambda:us-east-2:857360184083:layer:rds:38",
              "arn:aws:lambda:us-east-2:857360184083:layer:user_auth:1"
            ],
            "logging_config": [
              {
                "application_log_level": "",
                "log_format": "Text",
                "log_group": "/aws/lambda/update_coach_profile",
                "system_log_level": ""
              }
            ],
            "memory_size": 128,
            "package_type": "Zip",
            "publish": false,
            "qualified_arn": "arn:aws:lambda:us-east-2:857360184083:function:update_coach_profile:$LATEST",
            "qualified_invoke_arn": "arn:aws:apigateway:us-east-2:lambda:path/2015-03-31/functions/arn:aws:lambda:us-east-2:857360184083:function:update_coach_profile:$LATEST/invocations",
            "replace_security_groups_on_destroy": null,
            "replacement_security_group_ids": null,
            "reserved_concurrent_executions": -1,
            "role": "arn:aws:iam::857360184083:role/lambda_role",
            "runtime": "python3.12",
            "s3_bucket": null,
            "s3_key": null,
            "s3_object_version": null,
            "signing_job_arn": "",
            "signing_profile_version_arn": "",
            "skip_destroy": false,
            "snap_start": [],
            "source_code_hash": "/9HeKk0VFk6Mx4n2TOD+/cft9AfM7/nK+etyiOxKV6M=",
            "source_code_size": 2369,
            "tags": {},
            "tags_all": {},
            "timeout": 5,
            "timeouts": null,
            "tracing_config": [
              {
                "mode": "PassThrough"
              }
            ],
            "version": "$LATEST",
            "vpc_config": [
              {
                "ipv6_allowed_for_dual_stack": false,
                "security_group_ids": [
                  "sg-0bd1fa78c58ba0495"
                ],
                "subnet_ids": [
                  "subnet-09b6e632d01fcb525",
                  "subnet-0db35c13edd7c98e9"
                ],
                "vpc_id": "vpc-00ce2d8f8e6ecb305"
              }
            ]
          },
          "sensitive_attributes": [
            [
              {
                "type": "get_attr",
                "value": "environment"
              },
              {
                "type": "index",
                "value": {
                  "value": 0,
                  "type": "number"
                }
              },
              {
                "type": "get_attr",
                "value": "variables"
              },
              {
                "type": "index",
                "value": {
                  "value": "RDS_PASSWORD",
                  "type": "string"
                }
              }
            ]
          ],
          "identity_schema_version": 0,
          "private": "eyJlMmJmYjczMC1lY2FhLTExZTYtOGY4OC0zNDM2M2JjN2M0YzAiOnsiY3JlYXRlIjo2MDAwMDAwMDAwMDAsImRlbGV0ZSI6NjAwMDAwMDAwMDAwLCJ1cGRhdGUiOjYwMDAwMDAwMDAwMH19",
          "dependencies": [
            "aws_db_instance.default",
            "aws_db_subnet_group.rds_private",
            "aws_iam_role.lambda_role",
            "aws_iam_role_policy_attachment.lambda_rds_auth",
            "aws_lambda_layer_version.rds",
            "aws_lambda_layer_version.user_auth",
            "aws_security_group.lambda_sg",
            "aws_subnet.private_subnet1",
            "aws_subnet.private_subnet2",
            "data.archive_file.lambda_archives",
            "data.archive_file.rds_layer",
            "data.archive_file.user_auth_layer",
            "data.aws_availability_zones.available",
            "data.aws_vpc.default"
          ],
          "create_before_destroy": true
        },
        {
          "index_key": "view_athlete_requests",
          "schema_version": 0,
          "attributes": {
            "architectures": [
              "x86_64"
            ],
            "arn": "arn:aws:lambda:us-east-2:857360184083:function:view_athlete_requests",
            "code_sha256": "E5dCilnTpShSGsFjvNznx5emdNMU//Yi9yMp7HpbY4Q=",
            "code_signing_config_arn": "",
            "dead_letter_config": [],
            "description": "",
            "environment": [
              {
                "variables": {
                  "ENVIRONMENT": "production",
                  "RDS_DBNAME": "trackme",
                  "RDS_ENDPOINT": "trackmedb.c9goe0ioosh0.us-east-2.rds.amazonaws.com",
                  "RDS_PASSWORD": "Mojito#2025",
                  "RDS_PORT": "5432",
                  "RDS_REGION": "us-east-2",
                  "RDS_USER": "trackme_admin"
                }
              }
            ],
            "ephemeral_storage": [
              {
                "size": 512
              }
            ],
            "file_system_config": [],
            "filename": "./../Server/lambdas/coach/zips/view_athlete_requests.zip",
            "function_name": "view_athlete_requests",
            "handler": "view_athlete_requests.view_athlete_requests",
            "id": "view_athlete_requests",
            "image_config": [],
            "image_uri": "",
            "invoke_arn": "arn:aws:apigateway:us-east-2:lambda:path/2015-03-31/functions/arn:aws:lambda:us-east-2:857360184083:function:view_athlete_requests/invocations",
            "kms_key_arn": "",
            "last_modified": "2025-10-01T00:47:09.000+0000",
            "layers": [
              "arn:aws:lambda:us-east-2:857360184083:layer:rds:38",
              "arn:aws:lambda:us-east-2:857360184083:layer:user_auth:1"
            ],
            "logging_config": [
              {
                "application_log_level": "",
                "log_format": "Text",
                "log_group": "/aws/lambda/view_athlete_requests",
                "system_log_level": ""
              }
            ],
            "memory_size": 128,
            "package_type": "Zip",
            "publish": false,
            "qualified_arn": "arn:aws:lambda:us-east-2:857360184083:function:view_athlete_requests:$LATEST",
            "qualified_invoke_arn": "arn:aws:apigateway:us-east-2:lambda:path/2015-03-31/functions/arn:aws:lambda:us-east-2:857360184083:function:view_athlete_requests:$LATEST/invocations",
            "replace_security_groups_on_destroy": null,
            "replacement_security_group_ids": null,
            "reserved_concurrent_executions": -1,
            "role": "arn:aws:iam::857360184083:role/lambda_role",
            "runtime": "python3.12",
            "s3_bucket": null,
            "s3_key": null,
            "s3_object_version": null,
            "signing_job_arn": "",
            "signing_profile_version_arn": "",
            "skip_destroy": false,
            "snap_start": [],
            "source_code_hash": "E5dCilnTpShSGsFjvNznx5emdNMU//Yi9yMp7HpbY4Q=",
            "source_code_size": 2135,
            "tags": {},
            "tags_all": {},
            "timeout": 5,
            "timeouts": null,
            "tracing_config": [
              {
                "mode": "PassThrough"
              }
            ],
            "version": "$LATEST",
            "vpc_config": [
              {
                "ipv6_allowed_for_dual_stack": false,
                "security_group_ids": [
                  "sg-0bd1fa78c58ba0495"
                ],
                "subnet_ids": [
                  "subnet-09b6e632d01fcb525",
                  "subnet-0db35c13edd7c98e9"
                ],
                "vpc_id": "vpc-00ce2d8f8e6ecb305"
              }
            ]
          },
          "sensitive_attributes": [
            [
              {
                "type": "get_attr",
                "value": "environment"
              },
              {
                "type": "index",
                "value": {
                  "value": 0,
                  "type": "number"
                }
              },
              {
                "type": "get_attr",
                "value": "variables"
              },
              {
                "type": "index",
                "value": {
                  "value": "RDS_PASSWORD",
                  "type": "string"
                }
              }
            ]
          ],
          "identity_schema_version": 0,
          "private": "eyJlMmJmYjczMC1lY2FhLTExZTYtOGY4OC0zNDM2M2JjN2M0YzAiOnsiY3JlYXRlIjo2MDAwMDAwMDAwMDAsImRlbGV0ZSI6NjAwMDAwMDAwMDAwLCJ1cGRhdGUiOjYwMDAwMDAwMDAwMH19",
          "dependencies": [
            "aws_db_instance.default",
            "aws_db_subnet_group.rds_private",
            "aws_iam_role.lambda_role",
            "aws_iam_role_policy_attachment.lambda_rds_auth",
            "aws_lambda_layer_version.rds",
            "aws_lambda_layer_version.user_auth",
            "aws_security_group.lambda_sg",
            "aws_subnet.private_subnet1",
            "aws_subnet.private_subnet2",
            "data.archive_file.lambda_archives",
            "data.archive_file.rds_layer",
            "data.archive_file.user_auth_layer",
            "data.aws_availability_zones.available",
            "data.aws_vpc.default"
          ],
          "create_before_destroy": true
        },
        {
          "index_key": "view_coach_invites",
          "schema_version": 0,
          "attributes": {
            "architectures": [
              "x86_64"
            ],
            "arn": "arn:aws:lambda:us-east-2:857360184083:function:view_coach_invites",
            "code_sha256": "HfJszHUBY+tT0NvFex08XG5WxDuvWV/sBagbug+6A/k=",
            "code_signing_config_arn": "",
            "dead_letter_config": [],
            "description": "",
            "environment": [
              {
                "variables": {
                  "ENVIRONMENT": "production",
                  "RDS_DBNAME": "trackme",
                  "RDS_ENDPOINT": "trackmedb.c9goe0ioosh0.us-east-2.rds.amazonaws.com",
                  "RDS_PASSWORD": "Mojito#2025",
                  "RDS_PORT": "5432",
                  "RDS_REGION": "us-east-2",
                  "RDS_USER": "trackme_admin"
                }
              }
            ],
            "ephemeral_storage": [
              {
                "size": 512
              }
            ],
            "file_system_config": [],
            "filename": "./../Server/lambdas/athlete/zips/view_coach_invites.zip",
            "function_name": "view_coach_invites",
            "handler": "view_coach_invites.view_coach_invites",
            "id": "view_coach_invites",
            "image_config": [],
            "image_uri": "",
            "invoke_arn": "arn:aws:apigateway:us-east-2:lambda:path/2015-03-31/functions/arn:aws:lambda:us-east-2:857360184083:function:view_coach_invites/invocations",
            "kms_key_arn": "",
            "last_modified": "2025-10-01T00:47:15.000+0000",
            "layers": [
              "arn:aws:lambda:us-east-2:857360184083:layer:rds:38",
              "arn:aws:lambda:us-east-2:857360184083:layer:user_auth:1"
            ],
            "logging_config": [
              {
                "application_log_level": "",
                "log_format": "Text",
                "log_group": "/aws/lambda/view_coach_invites",
                "system_log_level": ""
              }
            ],
            "memory_size": 128,
            "package_type": "Zip",
            "publish": false,
            "qualified_arn": "arn:aws:lambda:us-east-2:857360184083:function:view_coach_invites:$LATEST",
            "qualified_invoke_arn": "arn:aws:apigateway:us-east-2:lambda:path/2015-03-31/functions/arn:aws:lambda:us-east-2:857360184083:function:view_coach_invites:$LATEST/invocations",
            "replace_security_groups_on_destroy": null,
            "replacement_security_group_ids": null,
            "reserved_concurrent_executions": -1,
            "role": "arn:aws:iam::857360184083:role/lambda_role",
            "runtime": "python3.12",
            "s3_bucket": null,
            "s3_key": null,
            "s3_object_version": null,
            "signing_job_arn": "",
            "signing_profile_version_arn": "",
            "skip_destroy": false,
            "snap_start": [],
            "source_code_hash": "HfJszHUBY+tT0NvFex08XG5WxDuvWV/sBagbug+6A/k=",
            "source_code_size": 2016,
            "tags": {},
            "tags_all": {},
            "timeout": 5,
            "timeouts": null,
            "tracing_config": [
              {
                "mode": "PassThrough"
              }
            ],
            "version": "$LATEST",
            "vpc_config": [
              {
                "ipv6_allowed_for_dual_stack": false,
                "security_group_ids": [
                  "sg-0bd1fa78c58ba0495"
                ],
                "subnet_ids": [
                  "subnet-09b6e632d01fcb525",
                  "subnet-0db35c13edd7c98e9"
                ],
                "vpc_id": "vpc-00ce2d8f8e6ecb305"
              }
            ]
          },
          "sensitive_attributes": [
            [
              {
                "type": "get_attr",
                "value": "environment"
              },
              {
                "type": "index",
                "value": {
                  "value": 0,
                  "type": "number"
                }
              },
              {
                "type": "get_attr",
                "value": "variables"
              },
              {
                "type": "index",
                "value": {
                  "value": "RDS_PASSWORD",
                  "type": "string"
                }
              }
            ]
          ],
          "identity_schema_version": 0,
          "private": "eyJlMmJmYjczMC1lY2FhLTExZTYtOGY4OC0zNDM2M2JjN2M0YzAiOnsiY3JlYXRlIjo2MDAwMDAwMDAwMDAsImRlbGV0ZSI6NjAwMDAwMDAwMDAwLCJ1cGRhdGUiOjYwMDAwMDAwMDAwMH19",
          "dependencies": [
            "aws_db_instance.default",
            "aws_db_subnet_group.rds_private",
            "aws_iam_role.lambda_role",
            "aws_iam_role_policy_attachment.lambda_rds_auth",
            "aws_lambda_layer_version.rds",
            "aws_lambda_layer_version.user_auth",
            "aws_security_group.lambda_sg",
            "aws_subnet.private_subnet1",
            "aws_subnet.private_subnet2",
            "data.archive_file.lambda_archives",
            "data.archive_file.rds_layer",
            "data.archive_file.user_auth_layer",
            "data.aws_availability_zones.available",
            "data.aws_vpc.default"
          ]
        },
        {
          "index_key": "view_group_inputs",
          "schema_version": 0,
          "attributes": {
            "architectures": [
              "x86_64"
            ],
            "arn": "arn:aws:lambda:us-east-2:857360184083:function:view_group_inputs",
            "code_sha256": "1rhrUC8aVhbPCYA/aEoLn6+mVUDOBgH31zs58SPY4ZU=",
            "code_signing_config_arn": "",
            "dead_letter_config": [],
            "description": "",
            "environment": [
              {
                "variables": {
                  "ENVIRONMENT": "production",
                  "RDS_DBNAME": "trackme",
                  "RDS_ENDPOINT": "trackmedb.c9goe0ioosh0.us-east-2.rds.amazonaws.com",
                  "RDS_PASSWORD": "Mojito#2025",
                  "RDS_PORT": "5432",
                  "RDS_REGION": "us-east-2",
                  "RDS_USER": "trackme_admin"
                }
              }
            ],
            "ephemeral_storage": [
              {
                "size": 512
              }
            ],
            "file_system_config": [],
            "filename": "./../Server/lambdas/general/zips/view_group_inputs.zip",
            "function_name": "view_group_inputs",
            "handler": "view_group_inputs.view_group_inputs",
            "id": "view_group_inputs",
            "image_config": [],
            "image_uri": "",
            "invoke_arn": "arn:aws:apigateway:us-east-2:lambda:path/2015-03-31/functions/arn:aws:lambda:us-east-2:857360184083:function:view_group_inputs/invocations",
            "kms_key_arn": "",
            "last_modified": "2025-10-01T00:47:20.000+0000",
            "layers": [
              "arn:aws:lambda:us-east-2:857360184083:layer:rds:38",
              "arn:aws:lambda:us-east-2:857360184083:layer:user_auth:1"
            ],
            "logging_config": [
              {
                "application_log_level": "",
                "log_format": "Text",
                "log_group": "/aws/lambda/view_group_inputs",
                "system_log_level": ""
              }
            ],
            "memory_size": 128,
            "package_type": "Zip",
            "publish": false,
            "qualified_arn": "arn:aws:lambda:us-east-2:857360184083:function:view_group_inputs:$LATEST",
            "qualified_invoke_arn": "arn:aws:apigateway:us-east-2:lambda:path/2015-03-31/functions/arn:aws:lambda:us-east-2:857360184083:function:view_group_inputs:$LATEST/invocations",
            "replace_security_groups_on_destroy": null,
            "replacement_security_group_ids": null,
            "reserved_concurrent_executions": -1,
            "role": "arn:aws:iam::857360184083:role/lambda_role",
            "runtime": "python3.12",
            "s3_bucket": null,
            "s3_key": null,
            "s3_object_version": null,
            "signing_job_arn": "",
            "signing_profile_version_arn": "",
            "skip_destroy": false,
            "snap_start": [],
            "source_code_hash": "1rhrUC8aVhbPCYA/aEoLn6+mVUDOBgH31zs58SPY4ZU=",
            "source_code_size": 2543,
            "tags": {},
            "tags_all": {},
            "timeout": 5,
            "timeouts": null,
            "tracing_config": [
              {
                "mode": "PassThrough"
              }
            ],
            "version": "$LATEST",
            "vpc_config": [
              {
                "ipv6_allowed_for_dual_stack": false,
                "security_group_ids": [
                  "sg-0bd1fa78c58ba0495"
                ],
                "subnet_ids": [
                  "subnet-09b6e632d01fcb525",
                  "subnet-0db35c13edd7c98e9"
                ],
                "vpc_id": "vpc-00ce2d8f8e6ecb305"
              }
            ]
          },
          "sensitive_attributes": [
            [
              {
                "type": "get_attr",
                "value": "environment"
              },
              {
                "type": "index",
                "value": {
                  "value": 0,
                  "type": "number"
                }
              },
              {
                "type": "get_attr",
                "value": "variables"
              },
              {
                "type": "index",
                "value": {
                  "value": "RDS_PASSWORD",
                  "type": "string"
                }
              }
            ]
          ],
          "identity_schema_version": 0,
          "private": "eyJlMmJmYjczMC1lY2FhLTExZTYtOGY4OC0zNDM2M2JjN2M0YzAiOnsiY3JlYXRlIjo2MDAwMDAwMDAwMDAsImRlbGV0ZSI6NjAwMDAwMDAwMDAwLCJ1cGRhdGUiOjYwMDAwMDAwMDAwMH19",
          "dependencies": [
            "aws_db_instance.default",
            "aws_db_subnet_group.rds_private",
            "aws_iam_role.lambda_role",
            "aws_iam_role_policy_attachment.lambda_rds_auth",
            "aws_lambda_layer_version.rds",
            "aws_lambda_layer_version.user_auth",
            "aws_security_group.lambda_sg",
            "aws_subnet.private_subnet1",
            "aws_subnet.private_subnet2",
            "data.archive_file.lambda_archives",
            "data.archive_file.rds_layer",
            "data.archive_file.user_auth_layer",
            "data.aws_availability_zones.available",
            "data.aws_vpc.default"
          ],
          "create_before_destroy": true
        },
        {
          "index_key": "view_workout_inputs",
          "schema_version": 0,
          "attributes": {
            "architectures": [
              "x86_64"
            ],
            "arn": "arn:aws:lambda:us-east-2:857360184083:function:view_workout_inputs",
            "code_sha256": "jdX4p8FUeibwVAV6krO6Wh5nspgVDJZCOFdQnj6L0x8=",
            "code_signing_config_arn": "",
            "dead_letter_config": [],
            "description": "",
            "environment": [
              {
                "variables": {
                  "ENVIRONMENT": "production",
                  "RDS_DBNAME": "trackme",
                  "RDS_ENDPOINT": "trackmedb.c9goe0ioosh0.us-east-2.rds.amazonaws.com",
                  "RDS_PASSWORD": "Mojito#2025",
                  "RDS_PORT": "5432",
                  "RDS_REGION": "us-east-2",
                  "RDS_USER": "trackme_admin"
                }
              }
            ],
            "ephemeral_storage": [
              {
                "size": 512
              }
            ],
            "file_system_config": [],
            "filename": "./../Server/lambdas/athlete/zips/view_workout_inputs.zip",
            "function_name": "view_workout_inputs",
            "handler": "view_workout_inputs.view_workout_inputs",
            "id": "view_workout_inputs",
            "image_config": [],
            "image_uri": "",
            "invoke_arn": "arn:aws:apigateway:us-east-2:lambda:path/2015-03-31/functions/arn:aws:lambda:us-east-2:857360184083:function:view_workout_inputs/invocations",
            "kms_key_arn": "",
            "last_modified": "2025-10-01T00:47:27.000+0000",
            "layers": [
              "arn:aws:lambda:us-east-2:857360184083:layer:rds:38",
              "arn:aws:lambda:us-east-2:857360184083:layer:user_auth:1"
            ],
            "logging_config": [
              {
                "application_log_level": "",
                "log_format": "Text",
                "log_group": "/aws/lambda/view_workout_inputs",
                "system_log_level": ""
              }
            ],
            "memory_size": 128,
            "package_type": "Zip",
            "publish": false,
            "qualified_arn": "arn:aws:lambda:us-east-2:857360184083:function:view_workout_inputs:$LATEST",
            "qualified_invoke_arn": "arn:aws:apigateway:us-east-2:lambda:path/2015-03-31/functions/arn:aws:lambda:us-east-2:857360184083:function:view_workout_inputs:$LATEST/invocations",
            "replace_security_groups_on_destroy": null,
            "replacement_security_group_ids": null,
            "reserved_concurrent_executions": -1,
            "role": "arn:aws:iam::857360184083:role/lambda_role",
            "runtime": "python3.12",
            "s3_bucket": null,
            "s3_key": null,
            "s3_object_version": null,
            "signing_job_arn": "",
            "signing_profile_version_arn": "",
            "skip_destroy": false,
            "snap_start": [],
            "source_code_hash": "jdX4p8FUeibwVAV6krO6Wh5nspgVDJZCOFdQnj6L0x8=",
            "source_code_size": 2868,
            "tags": {},
            "tags_all": {},
            "timeout": 5,
            "timeouts": null,
            "tracing_config": [
              {
                "mode": "PassThrough"
              }
            ],
            "version": "$LATEST",
            "vpc_config": [
              {
                "ipv6_allowed_for_dual_stack": false,
                "security_group_ids": [
                  "sg-0bd1fa78c58ba0495"
                ],
                "subnet_ids": [
                  "subnet-09b6e632d01fcb525",
                  "subnet-0db35c13edd7c98e9"
                ],
                "vpc_id": "vpc-00ce2d8f8e6ecb305"
              }
            ]
          },
          "sensitive_attributes": [
            [
              {
                "type": "get_attr",
                "value": "environment"
              },
              {
                "type": "index",
                "value": {
                  "value": 0,
                  "type": "number"
                }
              },
              {
                "type": "get_attr",
                "value": "variables"
              },
              {
                "type": "index",
                "value": {
                  "value": "RDS_PASSWORD",
                  "type": "string"
                }
              }
            ]
          ],
          "identity_schema_version": 0,
          "private": "eyJlMmJmYjczMC1lY2FhLTExZTYtOGY4OC0zNDM2M2JjN2M0YzAiOnsiY3JlYXRlIjo2MDAwMDAwMDAwMDAsImRlbGV0ZSI6NjAwMDAwMDAwMDAwLCJ1cGRhdGUiOjYwMDAwMDAwMDAwMH19",
          "dependencies": [
            "aws_db_instance.default",
            "aws_db_subnet_group.rds_private",
            "aws_iam_role.lambda_role",
            "aws_iam_role_policy_attachment.lambda_rds_auth",
            "aws_lambda_layer_version.rds",
            "aws_lambda_layer_version.user_auth",
            "aws_security_group.lambda_sg",
            "aws_subnet.private_subnet1",
            "aws_subnet.private_subnet2",
            "data.archive_file.lambda_archives",
            "data.archive_file.rds_layer",
            "data.archive_file.user_auth_layer",
            "data.aws_availability_zones.available",
            "data.aws_vpc.default"
          ],
          "create_before_destroy": true
        }
      ]
    },
    {
      "mode": "managed",
      "type": "aws_lambda_layer_version",
      "name": "rds",
      "provider": "provider[\"registry.terraform.io/hashicorp/aws\"]",
      "instances": [
        {
          "schema_version": 0,
          "attributes": {
            "arn": "arn:aws:lambda:us-east-2:857360184083:layer:rds:38",
            "code_sha256": "4dg7f1MNGg9lHKn3Ltsn4i8I/2eJx8FO3EfzHZ5zWTY=",
            "compatible_architectures": null,
            "compatible_runtimes": [
              "python3.12"
            ],
            "created_date": "2025-10-01T00:46:57.967+0000",
            "description": "",
            "filename": "./../Server/layers/rds/rds.zip",
            "id": "arn:aws:lambda:us-east-2:857360184083:layer:rds:38",
            "layer_arn": "arn:aws:lambda:us-east-2:857360184083:layer:rds",
            "layer_name": "rds",
            "license_info": "",
            "s3_bucket": null,
            "s3_key": null,
            "s3_object_version": null,
            "signing_job_arn": "",
            "signing_profile_version_arn": "",
            "skip_destroy": false,
            "source_code_hash": "4dg7f1MNGg9lHKn3Ltsn4i8I/2eJx8FO3EfzHZ5zWTY=",
            "source_code_size": 6383117,
            "version": "38"
          },
          "sensitive_attributes": [],
          "identity_schema_version": 0,
          "private": "bnVsbA==",
          "dependencies": [
            "data.archive_file.rds_layer"
          ],
          "create_before_destroy": true
        }
      ]
    },
    {
      "mode": "managed",
      "type": "aws_lambda_layer_version",
      "name": "user_auth",
      "provider": "provider[\"registry.terraform.io/hashicorp/aws\"]",
      "instances": [
        {
          "schema_version": 0,
          "attributes": {
            "arn": "arn:aws:lambda:us-east-2:857360184083:layer:user_auth:1",
            "code_sha256": "MKenRUDuk3odKnwAuL2NUiKxZ5a7llXF+jdKYesEFcU=",
            "compatible_architectures": [],
            "compatible_runtimes": [
              "python3.12"
            ],
            "created_date": "2025-09-24T16:41:25.727+0000",
            "description": "",
            "filename": "./../Server/layers/user_auth/user_auth.zip",
            "id": "arn:aws:lambda:us-east-2:857360184083:layer:user_auth:1",
            "layer_arn": "arn:aws:lambda:us-east-2:857360184083:layer:user_auth",
            "layer_name": "user_auth",
            "license_info": "",
            "s3_bucket": null,
            "s3_key": null,
            "s3_object_version": null,
            "signing_job_arn": "",
            "signing_profile_version_arn": "",
            "skip_destroy": false,
            "source_code_hash": "MKenRUDuk3odKnwAuL2NUiKxZ5a7llXF+jdKYesEFcU=",
            "source_code_size": 3709,
            "version": "1"
          },
          "sensitive_attributes": [],
          "identity_schema_version": 0,
          "private": "bnVsbA==",
          "dependencies": [
            "data.archive_file.user_auth_layer"
          ],
          "create_before_destroy": true
        }
      ]
    },
    {
      "mode": "managed",
      "type": "aws_route_table",
      "name": "bastion_route_table",
      "provider": "provider[\"registry.terraform.io/hashicorp/aws\"]",
      "instances": [
        {
          "schema_version": 0,
          "attributes": {
            "arn": "arn:aws:ec2:us-east-2:857360184083:route-table/rtb-07d85cbefc6cb3df3",
            "id": "rtb-07d85cbefc6cb3df3",
            "owner_id": "857360184083",
            "propagating_vgws": [],
            "route": [
              {
                "carrier_gateway_id": "",
                "cidr_block": "0.0.0.0/0",
                "core_network_arn": "",
                "destination_prefix_list_id": "",
                "egress_only_gateway_id": "",
                "gateway_id": "igw-0c9633e3942b979dc",
                "ipv6_cidr_block": "",
                "local_gateway_id": "",
                "nat_gateway_id": "",
                "network_interface_id": "",
                "transit_gateway_id": "",
                "vpc_endpoint_id": "",
                "vpc_peering_connection_id": ""
              }
            ],
            "tags": {
              "Name": "bastion-public-route-table"
            },
            "tags_all": {
              "Name": "bastion-public-route-table"
            },
            "timeouts": null,
            "vpc_id": "vpc-00ce2d8f8e6ecb305"
          },
          "sensitive_attributes": [],
          "identity_schema_version": 0,
          "private": "eyJlMmJmYjczMC1lY2FhLTExZTYtOGY4OC0zNDM2M2JjN2M0YzAiOnsiY3JlYXRlIjozMDAwMDAwMDAwMDAsImRlbGV0ZSI6MzAwMDAwMDAwMDAwLCJ1cGRhdGUiOjEyMDAwMDAwMDAwMH19",
          "dependencies": [
            "data.aws_internet_gateway.default",
            "data.aws_vpc.default"
          ]
        }
      ]
    },
    {
      "mode": "managed",
      "type": "aws_route_table_association",
      "name": "bastion_igw_association",
      "provider": "provider[\"registry.terraform.io/hashicorp/aws\"]",
      "instances": [
        {
          "schema_version": 0,
          "attributes": {
            "gateway_id": "",
            "id": "rtbassoc-025d9d654bc5895ef",
            "route_table_id": "rtb-07d85cbefc6cb3df3",
            "subnet_id": "subnet-03bd14806d15005e8",
            "timeouts": null
          },
          "sensitive_attributes": [],
          "identity_schema_version": 0,
          "private": "eyJlMmJmYjczMC1lY2FhLTExZTYtOGY4OC0zNDM2M2JjN2M0YzAiOnsiY3JlYXRlIjozMDAwMDAwMDAwMDAsImRlbGV0ZSI6MzAwMDAwMDAwMDAwLCJ1cGRhdGUiOjEyMDAwMDAwMDAwMH19",
          "dependencies": [
            "aws_route_table.bastion_route_table",
            "aws_subnet.bastion_subnet",
            "data.aws_availability_zones.available",
            "data.aws_internet_gateway.default",
            "data.aws_vpc.default"
          ]
        }
      ]
    },
    {
      "mode": "managed",
      "type": "aws_security_group",
      "name": "bastion_sg",
      "provider": "provider[\"registry.terraform.io/hashicorp/aws\"]",
      "instances": [
        {
          "schema_version": 1,
          "attributes": {
            "arn": "arn:aws:ec2:us-east-2:857360184083:security-group/sg-065c33c42218e09fe",
            "description": "Security group for the bastion host",
            "egress": [
              {
                "cidr_blocks": [
                  "0.0.0.0/0"
                ],
                "description": "",
                "from_port": 0,
                "ipv6_cidr_blocks": [],
                "prefix_list_ids": [],
                "protocol": "-1",
                "security_groups": [],
                "self": false,
                "to_port": 0
              },
              {
                "cidr_blocks": [],
                "description": "",
                "from_port": 5432,
                "ipv6_cidr_blocks": [],
                "prefix_list_ids": [],
                "protocol": "tcp",
                "security_groups": [
                  "sg-0b98a1e54096ed585"
                ],
                "self": false,
                "to_port": 5432
              }
            ],
            "id": "sg-065c33c42218e09fe",
            "ingress": [
              {
                "cidr_blocks": [
                  "98.10.39.224/32"
                ],
                "description": "",
                "from_port": 22,
                "ipv6_cidr_blocks": [],
                "prefix_list_ids": [],
                "protocol": "tcp",
                "security_groups": [],
                "self": false,
                "to_port": 22
              }
            ],
            "name": "bastion-security-group",
            "name_prefix": "",
            "owner_id": "857360184083",
            "revoke_rules_on_delete": false,
            "tags": {},
            "tags_all": {},
            "timeouts": null,
            "vpc_id": "vpc-00ce2d8f8e6ecb305"
          },
          "sensitive_attributes": [],
          "identity_schema_version": 0,
          "private": "eyJlMmJmYjczMC1lY2FhLTExZTYtOGY4OC0zNDM2M2JjN2M0YzAiOnsiY3JlYXRlIjo2MDAwMDAwMDAwMDAsImRlbGV0ZSI6OTAwMDAwMDAwMDAwfSwic2NoZW1hX3ZlcnNpb24iOiIxIn0=",
          "dependencies": [
            "data.aws_security_group.default",
            "data.aws_vpc.default",
            "data.http.myip"
          ]
        }
      ]
    },
    {
      "mode": "managed",
      "type": "aws_security_group",
      "name": "lambda_sg",
      "provider": "provider[\"registry.terraform.io/hashicorp/aws\"]",
      "instances": [
        {
          "schema_version": 1,
          "attributes": {
            "arn": "arn:aws:ec2:us-east-2:857360184083:security-group/sg-0bd1fa78c58ba0495",
            "description": "Security group for Lambda functions",
            "egress": [
              {
                "cidr_blocks": [
                  "0.0.0.0/0"
                ],
                "description": "",
                "from_port": 0,
                "ipv6_cidr_blocks": [],
                "prefix_list_ids": [],
                "protocol": "-1",
                "security_groups": [],
                "self": false,
                "to_port": 0
              }
            ],
            "id": "sg-0bd1fa78c58ba0495",
            "ingress": [],
            "name": "lambda_sg",
            "name_prefix": "",
            "owner_id": "857360184083",
            "revoke_rules_on_delete": false,
            "tags": {},
            "tags_all": {},
            "timeouts": null,
            "vpc_id": "vpc-00ce2d8f8e6ecb305"
          },
          "sensitive_attributes": [],
          "identity_schema_version": 0,
          "private": "eyJlMmJmYjczMC1lY2FhLTExZTYtOGY4OC0zNDM2M2JjN2M0YzAiOnsiY3JlYXRlIjo2MDAwMDAwMDAwMDAsImRlbGV0ZSI6OTAwMDAwMDAwMDAwfSwic2NoZW1hX3ZlcnNpb24iOiIxIn0=",
          "dependencies": [
            "data.aws_vpc.default"
          ],
          "create_before_destroy": true
        }
      ]
    },
    {
      "mode": "managed",
      "type": "aws_security_group_rule",
      "name": "allow_bastion_to_rds",
      "provider": "provider[\"registry.terraform.io/hashicorp/aws\"]",
      "instances": [
        {
          "schema_version": 2,
          "attributes": {
            "cidr_blocks": null,
            "description": null,
            "from_port": 5432,
            "id": "sgrule-3403227553",
            "ipv6_cidr_blocks": null,
            "prefix_list_ids": null,
            "protocol": "tcp",
            "security_group_id": "sg-0b98a1e54096ed585",
            "security_group_rule_id": "sgr-01d030f3959c13177",
            "self": false,
            "source_security_group_id": "sg-065c33c42218e09fe",
            "timeouts": null,
            "to_port": 5432,
            "type": "ingress"
          },
          "sensitive_attributes": [],
          "identity_schema_version": 0,
          "private": "eyJlMmJmYjczMC1lY2FhLTExZTYtOGY4OC0zNDM2M2JjN2M0YzAiOnsiY3JlYXRlIjozMDAwMDAwMDAwMDB9LCJzY2hlbWFfdmVyc2lvbiI6IjIifQ==",
          "dependencies": [
            "aws_security_group.bastion_sg",
            "data.aws_security_group.default",
            "data.aws_vpc.default",
            "data.http.myip"
          ]
        }
      ]
    },
    {
      "mode": "managed",
      "type": "aws_security_group_rule",
      "name": "allow_lambda_to_rds",
      "provider": "provider[\"registry.terraform.io/hashicorp/aws\"]",
      "instances": [
        {
          "schema_version": 2,
          "attributes": {
            "cidr_blocks": null,
            "description": null,
            "from_port": 5432,
            "id": "sgrule-2700203219",
            "ipv6_cidr_blocks": null,
            "prefix_list_ids": null,
            "protocol": "tcp",
            "security_group_id": "sg-0b98a1e54096ed585",
            "security_group_rule_id": "sgr-04a8157666dc0e688",
            "self": false,
            "source_security_group_id": "sg-0bd1fa78c58ba0495",
            "timeouts": null,
            "to_port": 5432,
            "type": "ingress"
          },
          "sensitive_attributes": [],
          "identity_schema_version": 0,
          "private": "eyJlMmJmYjczMC1lY2FhLTExZTYtOGY4OC0zNDM2M2JjN2M0YzAiOnsiY3JlYXRlIjozMDAwMDAwMDAwMDB9LCJzY2hlbWFfdmVyc2lvbiI6IjIifQ==",
          "dependencies": [
            "aws_security_group.lambda_sg",
            "data.aws_security_group.default",
            "data.aws_vpc.default"
          ]
        }
      ]
    },
    {
      "mode": "managed",
      "type": "aws_subnet",
      "name": "bastion_subnet",
      "provider": "provider[\"registry.terraform.io/hashicorp/aws\"]",
      "instances": [
        {
          "schema_version": 1,
          "attributes": {
            "arn": "arn:aws:ec2:us-east-2:857360184083:subnet/subnet-03bd14806d15005e8",
            "assign_ipv6_address_on_creation": false,
            "availability_zone": "us-east-2a",
            "availability_zone_id": "use2-az1",
            "cidr_block": "172.31.80.0/20",
            "customer_owned_ipv4_pool": "",
            "enable_dns64": false,
            "enable_lni_at_device_index": 0,
            "enable_resource_name_dns_a_record_on_launch": false,
            "enable_resource_name_dns_aaaa_record_on_launch": false,
            "id": "subnet-03bd14806d15005e8",
            "ipv6_cidr_block": "",
            "ipv6_cidr_block_association_id": "",
            "ipv6_native": false,
            "map_customer_owned_ip_on_launch": false,
            "map_public_ip_on_launch": false,
            "outpost_arn": "",
            "owner_id": "857360184083",
            "private_dns_hostname_type_on_launch": "ip-name",
            "tags": {
              "Name": "bastion-public-subnet-1",
              "type": "public"
            },
            "tags_all": {
              "Name": "bastion-public-subnet-1",
              "type": "public"
            },
            "timeouts": null,
            "vpc_id": "vpc-00ce2d8f8e6ecb305"
          },
          "sensitive_attributes": [],
          "identity_schema_version": 0,
          "private": "eyJlMmJmYjczMC1lY2FhLTExZTYtOGY4OC0zNDM2M2JjN2M0YzAiOnsiY3JlYXRlIjo2MDAwMDAwMDAwMDAsImRlbGV0ZSI6MTIwMDAwMDAwMDAwMH0sInNjaGVtYV92ZXJzaW9uIjoiMSJ9",
          "dependencies": [
            "data.aws_availability_zones.available",
            "data.aws_vpc.default"
          ]
        }
      ]
    },
    {
      "mode": "managed",
      "type": "aws_subnet",
      "name": "private_subnet1",
      "provider": "provider[\"registry.terraform.io/hashicorp/aws\"]",
      "instances": [
        {
          "schema_version": 1,
          "attributes": {
            "arn": "arn:aws:ec2:us-east-2:857360184083:subnet/subnet-0db35c13edd7c98e9",
            "assign_ipv6_address_on_creation": false,
            "availability_zone": "us-east-2a",
            "availability_zone_id": "use2-az1",
            "cidr_block": "172.31.48.0/20",
            "customer_owned_ipv4_pool": "",
            "enable_dns64": false,
            "enable_lni_at_device_index": 0,
            "enable_resource_name_dns_a_record_on_launch": false,
            "enable_resource_name_dns_aaaa_record_on_launch": false,
            "id": "subnet-0db35c13edd7c98e9",
            "ipv6_cidr_block": "",
            "ipv6_cidr_block_association_id": "",
            "ipv6_native": false,
            "map_customer_owned_ip_on_launch": false,
            "map_public_ip_on_launch": false,
            "outpost_arn": "",
            "owner_id": "857360184083",
            "private_dns_hostname_type_on_launch": "ip-name",
            "tags": {
              "Name": "trackme-private-subnet-1",
              "type": "private"
            },
            "tags_all": {
              "Name": "trackme-private-subnet-1",
              "type": "private"
            },
            "timeouts": null,
            "vpc_id": "vpc-00ce2d8f8e6ecb305"
          },
          "sensitive_attributes": [],
          "identity_schema_version": 0,
          "private": "eyJlMmJmYjczMC1lY2FhLTExZTYtOGY4OC0zNDM2M2JjN2M0YzAiOnsiY3JlYXRlIjo2MDAwMDAwMDAwMDAsImRlbGV0ZSI6MTIwMDAwMDAwMDAwMH0sInNjaGVtYV92ZXJzaW9uIjoiMSJ9",
          "dependencies": [
            "data.aws_availability_zones.available",
            "data.aws_vpc.default"
          ],
          "create_before_destroy": true
        }
      ]
    },
    {
      "mode": "managed",
      "type": "aws_subnet",
      "name": "private_subnet2",
      "provider": "provider[\"registry.terraform.io/hashicorp/aws\"]",
      "instances": [
        {
          "schema_version": 1,
          "attributes": {
            "arn": "arn:aws:ec2:us-east-2:857360184083:subnet/subnet-09b6e632d01fcb525",
            "assign_ipv6_address_on_creation": false,
            "availability_zone": "us-east-2b",
            "availability_zone_id": "use2-az2",
            "cidr_block": "172.31.64.0/20",
            "customer_owned_ipv4_pool": "",
            "enable_dns64": false,
            "enable_lni_at_device_index": 0,
            "enable_resource_name_dns_a_record_on_launch": false,
            "enable_resource_name_dns_aaaa_record_on_launch": false,
            "id": "subnet-09b6e632d01fcb525",
            "ipv6_cidr_block": "",
            "ipv6_cidr_block_association_id": "",
            "ipv6_native": false,
            "map_customer_owned_ip_on_launch": false,
            "map_public_ip_on_launch": false,
            "outpost_arn": "",
            "owner_id": "857360184083",
            "private_dns_hostname_type_on_launch": "ip-name",
            "tags": {
              "Name": "trackme-private-subnet-2",
              "type": "private"
            },
            "tags_all": {
              "Name": "trackme-private-subnet-2",
              "type": "private"
            },
            "timeouts": null,
            "vpc_id": "vpc-00ce2d8f8e6ecb305"
          },
          "sensitive_attributes": [],
          "identity_schema_version": 0,
          "private": "eyJlMmJmYjczMC1lY2FhLTExZTYtOGY4OC0zNDM2M2JjN2M0YzAiOnsiY3JlYXRlIjo2MDAwMDAwMDAwMDAsImRlbGV0ZSI6MTIwMDAwMDAwMDAwMH0sInNjaGVtYV92ZXJzaW9uIjoiMSJ9",
          "dependencies": [
            "data.aws_availability_zones.available",
            "data.aws_vpc.default"
          ],
          "create_before_destroy": true
        }
      ]
    },
    {
      "mode": "managed",
      "type": "null_resource",
      "name": "setup_rds_table",
      "provider": "provider[\"registry.terraform.io/hashicorp/null\"]",
      "instances": [
        {
          "schema_version": 0,
          "attributes": {
            "id": "1550406955320267106",
            "triggers": {
              "schema_hash": "218d8b1351710ac259644805d1bad16c"
            }
          },
          "sensitive_attributes": [],
          "identity_schema_version": 0,
          "dependencies": [
            "aws_db_instance.default",
            "aws_db_subnet_group.rds_private",
            "aws_instance.bastion_host",
            "aws_security_group.bastion_sg",
            "aws_subnet.bastion_subnet",
            "aws_subnet.private_subnet1",
            "aws_subnet.private_subnet2",
            "data.aws_ami.amazon_linux",
            "data.aws_availability_zones.available",
            "data.aws_security_group.default",
            "data.aws_vpc.default",
            "data.http.myip"
          ]
        }
      ]
    }
  ],
  "check_results": null
}
