{
  "version": 4,
  "terraform_version": "1.12.2",
  "serial": 1523,
  "lineage": "5aa0c656-ee90-4c87-1f03-c8b5ac9787c5",
  "outputs": {
    "api_gateway_url": {
      "value": "https://fyc4wanzoa.execute-api.us-east-2.amazonaws.com/prod",
      "type": "string"
    },
    "bastion_host_public_ip": {
      "value": "3.17.176.110",
      "type": "string"
    },
    "rds_endpoint": {
      "value": "trackmedb.c9goe0ioosh0.us-east-2.rds.amazonaws.com:5432",
      "type": "string"
    }
  },
  "resources": [
    {
      "mode": "data",
      "type": "archive_file",
      "name": "lambda_archives",
      "provider": "provider[\"registry.terraform.io/hashicorp/archive\"]",
      "instances": [
        {
          "index_key": "accept_athlete_request",
          "schema_version": 0,
          "attributes": {
            "exclude_symlink_directories": null,
            "excludes": null,
            "id": "de7bdd5fdf523b4d281c749783ddfa0f0747c298",
            "output_base64sha256": "TiPNq9zTm6mbnSXK52F49INgrE9Me85poI/LdR50nM8=",
            "output_base64sha512": "02Ys9SD69RxjslnaQcKXaLealr/bTfl1UMF5OjH+YxdZrxZ2R3UL1eOyZZ1CHzfBUeeaN9iAR6XZAZvOQGoIew==",
            "output_file_mode": null,
            "output_md5": "6743c5b7f2f4db968a1379d1089f023e",
            "output_path": "./../Server/lambdas/coach/zips/accept_athlete_request.zip",
            "output_sha": "de7bdd5fdf523b4d281c749783ddfa0f0747c298",
            "output_sha256": "4e23cdabdcd39ba99b9d25cae76178f48360ac4f4c7bce69a08fcb751e749ccf",
            "output_sha512": "d3662cf520faf51c63b259da41c29768b79a96bfdb4df97550c1793a31fe631759af167647750bd5e3b2659d421f37c151e79a37d88047a5d9019bce406a087b",
            "output_size": 2100,
            "source": [],
            "source_content": null,
            "source_content_filename": null,
            "source_dir": "./../Server/lambdas/coach/accept_athlete_request",
            "source_file": null,
            "type": "zip"
          },
          "sensitive_attributes": [],
          "identity_schema_version": 0
        },
        {
          "index_key": "accept_coach_invite",
          "schema_version": 0,
          "attributes": {
            "exclude_symlink_directories": null,
            "excludes": null,
            "id": "f74c81b6c3013b886b460732c5a47461963b5053",
            "output_base64sha256": "UjhfhhgSkquI+6wSs0XNQEDox6XU0U4ay2lrgtBGcIw=",
            "output_base64sha512": "UYD36sK3nujhOWGl+lqSLYCp4cqBaAJXQLVBh6gsTMSejGL56z7eAimN3UQqEbqW1r3rUsi7fZbImlcUSUw+Rw==",
            "output_file_mode": null,
            "output_md5": "9d9169c3243fd8529bdaac84feef8d90",
            "output_path": "./../Server/lambdas/athlete/zips/accept_coach_invite.zip",
            "output_sha": "f74c81b6c3013b886b460732c5a47461963b5053",
            "output_sha256": "52385f86181292ab88fbac12b345cd4040e8c7a5d4d14e1acb696b82d046708c",
            "output_sha512": "5180f7eac2b79ee8e13961a5fa5a922d80a9e1ca8168025740b54187a82c4cc49e8c62f9eb3ede02298ddd442a11ba96d6bdeb52c8bb7d96c89a5714494c3e47",
            "output_size": 2085,
            "source": [],
            "source_content": null,
            "source_content_filename": null,
            "source_dir": "./../Server/lambdas/athlete/accept_coach_invite",
            "source_file": null,
            "type": "zip"
          },
          "sensitive_attributes": [],
          "identity_schema_version": 0
        },
        {
          "index_key": "add_athlete_to_group",
          "schema_version": 0,
          "attributes": {
            "exclude_symlink_directories": null,
            "excludes": null,
            "id": "dc664f10116b9aa9ad04c802781f9ca875b59385",
            "output_base64sha256": "PSzfQYhVUja9AcJwcgVmf3L8BV8hjho2LP+K+2rhJBo=",
            "output_base64sha512": "d5wjYlmoKB6yZH5/Q1NvfXmsQistLwPgGggtXf7Nxgf8CuITepTkMgI6hq94/WJ5tArNTLl+9G7+8ZyyF3n+hg==",
            "output_file_mode": null,
            "output_md5": "5932d811dbc5371d569d1e5ecc0e8498",
            "output_path": "./../Server/lambdas/coach/zips/add_athlete_to_group.zip",
            "output_sha": "dc664f10116b9aa9ad04c802781f9ca875b59385",
            "output_sha256": "3d2cdf4188555236bd01c2707205667f72fc055f218e1a362cff8afb6ae1241a",
            "output_sha512": "779c236259a8281eb2647e7f43536f7d79ac422b2d2f03e01a082d5dfecdc607fc0ae2137a94e432023a86af78fd6279b40acd4cb97ef46efef19cb21779fe86",
            "output_size": 2594,
            "source": [],
            "source_content": null,
            "source_content_filename": null,
            "source_dir": "./../Server/lambdas/coach/add_athlete_to_group",
            "source_file": null,
            "type": "zip"
          },
          "sensitive_attributes": [],
          "identity_schema_version": 0
        },
        {
          "index_key": "assign_group_workout",
          "schema_version": 0,
          "attributes": {
            "exclude_symlink_directories": null,
            "excludes": null,
            "id": "10fc48ef56b5fc8578f01badb79b8e557d25bedc",
            "output_base64sha256": "uUjSUIltRD0qKhRB/s8zlU1B+lde4Pu/yoUcUI+xEOM=",
            "output_base64sha512": "el8okEHVYCZIIDIy6+iPW2vXw+vpd2O5IFxXwjgCaRL0X7aS72pNiVwnaQYQq0xllabytxVzGsXi2t65XWlbHQ==",
            "output_file_mode": null,
            "output_md5": "cb1a777201f35f32c1e6f7327ef7e7e3",
            "output_path": "./../Server/lambdas/coach/zips/assign_group_workout.zip",
            "output_sha": "10fc48ef56b5fc8578f01badb79b8e557d25bedc",
            "output_sha256": "b948d250896d443d2a2a1441fecf33954d41fa575ee0fbbfca851c508fb110e3",
            "output_sha512": "7a5f289041d5602648203232ebe88f5b6bd7c3ebe97763b9205c57c238026912f45fb692ef6a4d895c27690610ab4c6595a6f2b715731ac5e2dadeb95d695b1d",
            "output_size": 2829,
            "source": [],
            "source_content": null,
            "source_content_filename": null,
            "source_dir": "./../Server/lambdas/coach/assign_group_workout",
            "source_file": null,
            "type": "zip"
          },
          "sensitive_attributes": [],
          "identity_schema_version": 0
        },
        {
          "index_key": "assign_group_workout_template",
          "schema_version": 0,
          "attributes": {
            "exclude_symlink_directories": null,
            "excludes": null,
            "id": "22d155bba3913c58fb635c9c92861e354eba202d",
            "output_base64sha256": "uNMWSjqsb4o+X5dKd1M2ZS78VdQG0U+MGj1OnmTbkYQ=",
            "output_base64sha512": "1MH/jLBJa4aak/FvYe2ubE6qvupCT09Idui91C11sSUVPAMEcbi3PZ/l2i+G3+bc4oiH9KFJ99qAQxP9IDzAGg==",
            "output_file_mode": null,
            "output_md5": "6c23ca8a6d1a60d77cae353ba9583b80",
            "output_path": "./../Server/lambdas/coach/zips/assign_group_workout_template.zip",
            "output_sha": "22d155bba3913c58fb635c9c92861e354eba202d",
            "output_sha256": "b8d3164a3aac6f8a3e5f974a775336652efc55d406d14f8c1a3d4e9e64db9184",
            "output_sha512": "d4c1ff8cb0496b869a93f16f61edae6c4eaabeea424f4f4876e8bdd42d75b125153c030471b8b73d9fe5da2f86dfe6dce28887f4a149f7da804313fd203cc01a",
            "output_size": 3579,
            "source": [],
            "source_content": null,
            "source_content_filename": null,
            "source_dir": "./../Server/lambdas/coach/assign_group_workout_template",
            "source_file": null,
            "type": "zip"
          },
          "sensitive_attributes": [],
          "identity_schema_version": 0
        },
        {
          "index_key": "create_athlete",
          "schema_version": 0,
          "attributes": {
            "exclude_symlink_directories": null,
            "excludes": null,
            "id": "56f79b58b3d6a684e861d934f2b6195b2327d77b",
            "output_base64sha256": "NAK29Dm8t2anfKMsh9fOcVfUBes+Fe9Fog7MWJadaT8=",
            "output_base64sha512": "KpNvIyMguUsdMmo88rBWLI4auM0ZtUQKgQXJXclok/w2C82iOiNYkJPKdbUuMlKbfHL2RsLoG3u9ivIURaG82g==",
            "output_file_mode": null,
            "output_md5": "1203ed6eac869c412abeae76518f2b60",
            "output_path": "./../Server/lambdas/athlete/zips/create_athlete.zip",
            "output_sha": "56f79b58b3d6a684e861d934f2b6195b2327d77b",
            "output_sha256": "3402b6f439bcb766a77ca32c87d7ce7157d405eb3e15ef45a20ecc58969d693f",
            "output_sha512": "2a936f232320b94b1d326a3cf2b0562c8e1ab8cd19b5440a8105c95dc96893fc360bcda23a23589093ca75b52e32529b7c72f646c2e81b7bbd8af21445a1bcda",
            "output_size": 2088,
            "source": [],
            "source_content": null,
            "source_content_filename": null,
            "source_dir": "./../Server/lambdas/athlete/create_athlete",
            "source_file": null,
            "type": "zip"
          },
          "sensitive_attributes": [],
          "identity_schema_version": 0
        },
        {
          "index_key": "create_coach",
          "schema_version": 0,
          "attributes": {
            "exclude_symlink_directories": null,
            "excludes": null,
            "id": "2132c1903aeecfa9c3ae32f398fdda82090cb729",
            "output_base64sha256": "wp4LkYlTzABfDj6bmpBcdV1Edomc7T2D7rRsCNuwe2M=",
            "output_base64sha512": "z6RnA2PwSusQRfKaoZUGz88ue03b/D5pd+TlczfqziuqVApFCuyfz3KKrmkw0EmbhU76zw8m9hNjqGubLV78ZA==",
            "output_file_mode": null,
            "output_md5": "144549c85f05f8fd4a04eac53931c31d",
            "output_path": "./../Server/lambdas/coach/zips/create_coach.zip",
            "output_sha": "2132c1903aeecfa9c3ae32f398fdda82090cb729",
            "output_sha256": "c29e0b918953cc005f0e3e9b9a905c755d4476899ced3d83eeb46c08dbb07b63",
            "output_sha512": "cfa4670363f04aeb1045f29aa19506cfcf2e7b4ddbfc3e6977e4e57337eace2baa540a450aec9fcf728aae6930d0499b854efacf0f26f61363a86b9b2d5efc64",
            "output_size": 2086,
            "source": [],
            "source_content": null,
            "source_content_filename": null,
            "source_dir": "./../Server/lambdas/coach/create_coach",
            "source_file": null,
            "type": "zip"
          },
          "sensitive_attributes": [],
          "identity_schema_version": 0
        },
        {
          "index_key": "create_group",
          "schema_version": 0,
          "attributes": {
            "exclude_symlink_directories": null,
            "excludes": null,
            "id": "70090057af2d006ad2f7eb2d15783e578e6a946c",
            "output_base64sha256": "+gAZx78eUdHoIgJ9IVIkRmKgKXDV5EF+obKnVPMMjLc=",
            "output_base64sha512": "nnqA2nPQwMW3rv53rPZhAO8eF4Ne1wDvHzSniF08Ty59fO/Ekyk3LIjLGe72/+3L9cPqdXE20blA91BUyeumJA==",
            "output_file_mode": null,
            "output_md5": "dffe1f6aa7081b8cacf4f50a79907894",
            "output_path": "./../Server/lambdas/coach/zips/create_group.zip",
            "output_sha": "70090057af2d006ad2f7eb2d15783e578e6a946c",
            "output_sha256": "fa0019c7bf1e51d1e822027d2152244662a02970d5e4417ea1b2a754f30c8cb7",
            "output_sha512": "9e7a80da73d0c0c5b7aefe77acf66100ef1e17835ed700ef1f34a7885d3c4f2e7d7cefc49329372c88cb19eef6ffedcbf5c3ea757136d1b940f75054c9eba624",
            "output_size": 2676,
            "source": [],
            "source_content": null,
            "source_content_filename": null,
            "source_dir": "./../Server/lambdas/coach/create_group",
            "source_file": null,
            "type": "zip"
          },
          "sensitive_attributes": [],
          "identity_schema_version": 0
        },
        {
          "index_key": "create_workout_template",
          "schema_version": 0,
          "attributes": {
            "exclude_symlink_directories": null,
            "excludes": null,
            "id": "774e688c77951011891c3601b7ed6a083a10d20b",
            "output_base64sha256": "Pt+6Ay1ubGFCDN0RVuNNOeNEYhMMTz1mPK7ZDkCFoEE=",
            "output_base64sha512": "7JoRiOs08g/3npRguYMxzNTV3LA8b2jeIhuzjxsPSxf26hHLx/T/Q3yX3dfhQJ6ZJzckSh+6zcFK9f29vLE2NA==",
            "output_file_mode": null,
            "output_md5": "967050fe3a47b5ed72283214efc23f7d",
            "output_path": "./../Server/lambdas/coach/zips/create_workout_template.zip",
            "output_sha": "774e688c77951011891c3601b7ed6a083a10d20b",
            "output_sha256": "3edfba032d6e6c61420cdd1156e34d39e34462130c4f3d663caed90e4085a041",
            "output_sha512": "ec9a1188eb34f20ff79e9460b98331ccd4d5dcb03c6f68de221bb38f1b0f4b17f6ea11cbc7f4ff437c97ddd7e1409e992737244a1fbacdc14af5fdbdbcb13634",
            "output_size": 4003,
            "source": [],
            "source_content": null,
            "source_content_filename": null,
            "source_dir": "./../Server/lambdas/coach/create_workout_template",
            "source_file": null,
            "type": "zip"
          },
          "sensitive_attributes": [],
          "identity_schema_version": 0
        },
        {
          "index_key": "decline_athlete_request",
          "schema_version": 0,
          "attributes": {
            "exclude_symlink_directories": null,
            "excludes": null,
            "id": "f3c379a754efa36d5a44d8359c31331c962e0c40",
            "output_base64sha256": "1ReBXpoqFOflCvNrxo1oTdWYnPAXasCLGUNjKFYbHLA=",
            "output_base64sha512": "7F3uVEzijxIPHAE0AA80TPwmDhFQdRnaAiN+60UDgE+ou7GbgMYomjFvDzLVlm8PtY3HVlEFg0ZVml1urdiv+Q==",
            "output_file_mode": null,
            "output_md5": "dab601044d7c6e47ad4fecc191a398a5",
            "output_path": "./../Server/lambdas/coach/zips/decline_athlete_request.zip",
            "output_sha": "f3c379a754efa36d5a44d8359c31331c962e0c40",
            "output_sha256": "d517815e9a2a14e7e50af36bc68d684dd5989cf0176ac08b19436328561b1cb0",
            "output_sha512": "ec5dee544ce28f120f1c0134000f344cfc260e11507519da02237eeb4503804fa8bbb19b80c6289a316f0f32d5966f0fb58dc75651058346559a5d6eadd8aff9",
            "output_size": 1986,
            "source": [],
            "source_content": null,
            "source_content_filename": null,
            "source_dir": "./../Server/lambdas/coach/decline_athlete_request",
            "source_file": null,
            "type": "zip"
          },
          "sensitive_attributes": [],
          "identity_schema_version": 0
        },
        {
          "index_key": "decline_coach_invite",
          "schema_version": 0,
          "attributes": {
            "exclude_symlink_directories": null,
            "excludes": null,
            "id": "d47d74b605401cb0b7a34d2da994d8c6c9787ed2",
            "output_base64sha256": "itD6YzPYqB86rn79WAh73Ytv9gLWh25CIEwkfF9eWk0=",
            "output_base64sha512": "Zut8KU/3Jzn728DCIZSqiWYGGx4bass5LSXVzNxIa78eWiQe2a+2bcU+LZWTVPwa8BIimtq9nk9bANe28MvjxQ==",
            "output_file_mode": null,
            "output_md5": "787bb6bcc24b481894b613183b477264",
            "output_path": "./../Server/lambdas/athlete/zips/decline_coach_invite.zip",
            "output_sha": "d47d74b605401cb0b7a34d2da994d8c6c9787ed2",
            "output_sha256": "8ad0fa6333d8a81f3aae7efd58087bdd8b6ff602d6876e42204c247c5f5e5a4d",
            "output_sha512": "66eb7c294ff72739fbdbc0c22194aa8966061b1e1b6acb392d25d5ccdc486bbf1e5a241ed9afb66dc53e2d959354fc1af012229adabd9e4f5b00d7b6f0cbe3c5",
            "output_size": 1972,
            "source": [],
            "source_content": null,
            "source_content_filename": null,
            "source_dir": "./../Server/lambdas/athlete/decline_coach_invite",
            "source_file": null,
            "type": "zip"
          },
          "sensitive_attributes": [],
          "identity_schema_version": 0
        },
        {
          "index_key": "delete_group",
          "schema_version": 0,
          "attributes": {
            "exclude_symlink_directories": null,
            "excludes": null,
            "id": "0d81ef00c5bcb6e8b809386de0311c8be2fccfcc",
            "output_base64sha256": "mpuTaifLdAaQWKCujAwxhQppN9qHw4r2gKgjl6Kyq0M=",
            "output_base64sha512": "qP081eoPMp/8h0Z4YSqMU8YF5W1QJ7FMSEW5UTEy0xU3IbPLEFMANyCZ/VaS8E7w4pwwRVM1lIK2lSoDelWcJg==",
            "output_file_mode": null,
            "output_md5": "4db6825b52682c862500943cea738c34",
            "output_path": "./../Server/lambdas/coach/zips/delete_group.zip",
            "output_sha": "0d81ef00c5bcb6e8b809386de0311c8be2fccfcc",
            "output_sha256": "9a9b936a27cb74069058a0ae8c0c31850a6937da87c38af680a82397a2b2ab43",
            "output_sha512": "a8fd3cd5ea0f329ffc874678612a8c53c605e56d5027b14c4845b9513132d3153721b3cb105300372099fd5692f04ef0e29c304553359482b6952a037a559c26",
            "output_size": 1884,
            "source": [],
            "source_content": null,
            "source_content_filename": null,
            "source_dir": "./../Server/lambdas/coach/delete_group",
            "source_file": null,
            "type": "zip"
          },
          "sensitive_attributes": [],
          "identity_schema_version": 0
        },
        {
          "index_key": "delete_group_workout",
          "schema_version": 0,
          "attributes": {
            "exclude_symlink_directories": null,
            "excludes": null,
            "id": "22aa9042d068d860a94673c8b1adc71b2c6d4cc7",
            "output_base64sha256": "SXK9C475qujqI67ov5C42EKUTs5699MUtsinfRRfubY=",
            "output_base64sha512": "d2KnXzvbqsM2V4h48GLshGrO71HzKyGsMTzv/EW1Yg89o8d5+/3vPK3kRkvDA4Z0FI9mgQCluTLTaZMfsaJULg==",
            "output_file_mode": null,
            "output_md5": "54fcb80c782a7d74be3901c908ca5d01",
            "output_path": "./../Server/lambdas/coach/zips/delete_group_workout.zip",
            "output_sha": "22aa9042d068d860a94673c8b1adc71b2c6d4cc7",
            "output_sha256": "4972bd0b8ef9aae8ea23aee8bf90b8d842944ece7af7d314b6c8a77d145fb9b6",
            "output_sha512": "7762a75f3bdbaac336578878f062ec846aceef51f32b21ac313ceffc45b5620f3da3c779fbfdef3cade4464bc3038674148f668100a5b932d369931fb1a2542e",
            "output_size": 1888,
            "source": [],
            "source_content": null,
            "source_content_filename": null,
            "source_dir": "./../Server/lambdas/coach/delete_group_workout",
            "source_file": null,
            "type": "zip"
          },
          "sensitive_attributes": [],
          "identity_schema_version": 0
        },
        {
          "index_key": "delete_workout_template",
          "schema_version": 0,
          "attributes": {
            "exclude_symlink_directories": null,
            "excludes": null,
            "id": "ad3c249c941255d5f289fa1d382d719cebc15bac",
            "output_base64sha256": "R/TzPFV6KDPyVluAd01XYHswTigVGKw/GPBRjkrPk10=",
            "output_base64sha512": "c6IkUmKIvcHW3a79UnM4i2puevOxOy2+toNd9Y7ZaKEmJehN3MVNI7A03w3bR64UlX4JR8qlirfxJM4LhdtG1A==",
            "output_file_mode": null,
            "output_md5": "3e725a32abe6f94d0a1c9e19aa791ffe",
            "output_path": "./../Server/lambdas/coach/zips/delete_workout_template.zip",
            "output_sha": "ad3c249c941255d5f289fa1d382d719cebc15bac",
            "output_sha256": "47f4f33c557a2833f2565b80774d57607b304e281518ac3f18f0518e4acf935d",
            "output_sha512": "73a224526288bdc1d6ddaefd5273388b6a6e7af3b13b2dbeb6835df58ed968a12625e84ddcc54d23b034df0ddb47ae14957e0947caa58ab7f124ce0b85db46d4",
            "output_size": 3082,
            "source": [],
            "source_content": null,
            "source_content_filename": null,
            "source_dir": "./../Server/lambdas/coach/delete_workout_template",
            "source_file": null,
            "type": "zip"
          },
          "sensitive_attributes": [],
          "identity_schema_version": 0
        },
        {
          "index_key": "fetch_historical_data",
          "schema_version": 0,
          "attributes": {
            "exclude_symlink_directories": null,
            "excludes": null,
            "id": "2df7274459767960ef881510361a04b6169062c8",
            "output_base64sha256": "ROchdcAcU5g2dVGN5bqWnASXxwDiBxAcd+ZX9XK7srQ=",
            "output_base64sha512": "lTnrEC9KwiQhG3OzLSsS4BgZKr1UxEc7cHmTelmAHB1KgY6NNQ+e4Q9tQkEvdoWBBBC3nqUIhSVwmqCAij/vjg==",
            "output_file_mode": null,
            "output_md5": "9129b59404124e361fd6e90cbbe63ce7",
            "output_path": "./../Server/lambdas/coach/zips/fetch_historical_data.zip",
            "output_sha": "2df7274459767960ef881510361a04b6169062c8",
            "output_sha256": "44e72175c01c53983675518de5ba969c0497c700e207101c77e657f572bbb2b4",
            "output_sha512": "9539eb102f4ac224211b73b32d2b12e018192abd54c4473b7079937a59801c1d4a818e8d350f9ee10f6d42412f7685810410b79ea5088525709aa0808a3fef8e",
            "output_size": 3081,
            "source": [],
            "source_content": null,
            "source_content_filename": null,
            "source_dir": "./../Server/lambdas/coach/fetch_historical_data",
            "source_file": null,
            "type": "zip"
          },
          "sensitive_attributes": [],
          "identity_schema_version": 0
        },
        {
          "index_key": "get_absent_group_athletes",
          "schema_version": 0,
          "attributes": {
            "exclude_symlink_directories": null,
            "excludes": null,
            "id": "eb13a1096d91241f09bf403dcff94ef1fe17dbf3",
            "output_base64sha256": "IDAvM7WPXhoTxF/lw8pLjTA54gaWP1JGcb9HZjMDyZ0=",
            "output_base64sha512": "h+F7v+2pua7C7HjGVpxOzNDCk9oNwguE2nTu1Aip7ynJhUr/SkFIAnCY2/YtWJ3ZiQ4QN6hX2UnxO5EtK8nz7Q==",
            "output_file_mode": null,
            "output_md5": "86f77756020052448267f048ea03ef74",
            "output_path": "./../Server/lambdas/coach/zips/get_absent_group_athletes.zip",
            "output_sha": "eb13a1096d91241f09bf403dcff94ef1fe17dbf3",
            "output_sha256": "20302f33b58f5e1a13c45fe5c3ca4b8d3039e206963f524671bf47663303c99d",
            "output_sha512": "87e17bbfeda9b9aec2ec78c6569c4eccd0c293da0dc20b84da74eed408a9ef29c9854aff4a4148027098dbf62d589dd9890e1037a857d949f13b912d2bc9f3ed",
            "output_size": 2165,
            "source": [],
            "source_content": null,
            "source_content_filename": null,
            "source_dir": "./../Server/lambdas/coach/get_absent_group_athletes",
            "source_file": null,
            "type": "zip"
          },
          "sensitive_attributes": [],
          "identity_schema_version": 0
        },
        {
          "index_key": "get_athletes",
          "schema_version": 0,
          "attributes": {
            "exclude_symlink_directories": null,
            "excludes": null,
            "id": "e22dac3cddb01f7af2643a78ab98e4567eda46cd",
            "output_base64sha256": "7EDWGGo55Xh9WRB1fMgecC+j8yorBclCukJX/K5G7G4=",
            "output_base64sha512": "FYOd+O6gL0cYemR+e0Py5CZP1LpwJXfppApON9p9oax89TAE7lgGtfWnPTTF9jeGQZWCCAa8n91d+QEQx8uvMw==",
            "output_file_mode": null,
            "output_md5": "9f51efd5dd0d553ba9f307e3e34c056e",
            "output_path": "./../Server/lambdas/coach/zips/get_athletes.zip",
            "output_sha": "e22dac3cddb01f7af2643a78ab98e4567eda46cd",
            "output_sha256": "ec40d6186a39e5787d5910757cc81e702fa3f32a2b05c942ba4257fcae46ec6e",
            "output_sha512": "15839df8eea02f47187a647e7b43f2e4264fd4ba702577e9a40a4e37da7da1ac7cf53004ee5806b5f5a73d34c5f637864195820806bc9fdd5df90110c7cbaf33",
            "output_size": 2048,
            "source": [],
            "source_content": null,
            "source_content_filename": null,
            "source_dir": "./../Server/lambdas/coach/get_athletes",
            "source_file": null,
            "type": "zip"
          },
          "sensitive_attributes": [],
          "identity_schema_version": 0
        },
        {
          "index_key": "get_athletes_for_group",
          "schema_version": 0,
          "attributes": {
            "exclude_symlink_directories": null,
            "excludes": null,
            "id": "4010431b965128072db132c8f23b4d8eb91b8cee",
            "output_base64sha256": "73TiQuRBWTEWerVerpG96BiufNbYRsYk1es76jCRZzQ=",
            "output_base64sha512": "bg7hlXsvKrxfwsyBAbDZ9pkQmmS8e7ydYSNdQ/a/tGMaFRIvI/0z39fFHv4Qr+LYHeBwDq7p3iNbi5bd5YbBbA==",
            "output_file_mode": null,
            "output_md5": "8335df4a93f4ee60f48efce4fa4521ce",
            "output_path": "./../Server/lambdas/general/zips/get_athletes_for_group.zip",
            "output_sha": "4010431b965128072db132c8f23b4d8eb91b8cee",
            "output_sha256": "ef74e242e4415931167ab55eae91bde818ae7cd6d846c624d5eb3bea30916734",
            "output_sha512": "6e0ee1957b2f2abc5fc2cc8101b0d9f699109a64bc7bbc9d61235d43f6bfb4631a15122f23fd33dfd7c51efe10afe2d81de0700eaee9de235b8b96dde586c16c",
            "output_size": 2083,
            "source": [],
            "source_content": null,
            "source_content_filename": null,
            "source_dir": "./../Server/lambdas/general/get_athletes_for_group",
            "source_file": null,
            "type": "zip"
          },
          "sensitive_attributes": [],
          "identity_schema_version": 0
        },
        {
          "index_key": "get_available_history_dates",
          "schema_version": 0,
          "attributes": {
            "exclude_symlink_directories": null,
            "excludes": null,
            "id": "208e2222a4fccd4c654ddb2be1f5f854b05ab59f",
            "output_base64sha256": "kd6eeNQLcIH/SEV/9sOqn2Fa8+UiBOLlh1D+ub8caK4=",
            "output_base64sha512": "uZ8GzQjlB8D1pHT7LZ4E4UzugEu1/1TFrK4vYrRG8wdfVUwQqceUpnoP+iOKIpAn//i/B4Us+9uLrPbNAcG70A==",
            "output_file_mode": null,
            "output_md5": "53d50ebf8eea453f44dc069aa69dca04",
            "output_path": "./../Server/lambdas/coach/zips/get_available_history_dates.zip",
            "output_sha": "208e2222a4fccd4c654ddb2be1f5f854b05ab59f",
            "output_sha256": "91de9e78d40b7081ff48457ff6c3aa9f615af3e52204e2e58750feb9bf1c68ae",
            "output_sha512": "b99f06cd08e507c0f5a474fb2d9e04e14cee804bb5ff54c5acae2f62b446f3075f554c10a9c794a67a0ffa238a229027fff8bf07852cfbdb8bacf6cd01c1bbd0",
            "output_size": 2526,
            "source": [],
            "source_content": null,
            "source_content_filename": null,
            "source_dir": "./../Server/lambdas/coach/get_available_history_dates",
            "source_file": null,
            "type": "zip"
          },
          "sensitive_attributes": [],
          "identity_schema_version": 0
        },
        {
          "index_key": "get_coach_invites",
          "schema_version": 0,
          "attributes": {
            "exclude_symlink_directories": null,
            "excludes": null,
            "id": "249fbe7f49ec4470165c9efac9762fcfa7538ea9",
            "output_base64sha256": "hnXkv9jO2IwOeVQIdWC6afkvy8MTS9K+4Bov9Hfx4sA=",
            "output_base64sha512": "lU5RyWbsjVh4zFWU76gONpPceT6DHjK8doeupleHqN+mdRpXvHtVyWf929gXRkiyJHt+9K5ZoPdShfLoxVvzQg==",
            "output_file_mode": null,
            "output_md5": "8e90bd9a4d42301b57d17c9552b7a422",
            "output_path": "./../Server/lambdas/athlete/zips/get_coach_invites.zip",
            "output_sha": "249fbe7f49ec4470165c9efac9762fcfa7538ea9",
            "output_sha256": "8675e4bfd8ced88c0e7954087560ba69f92fcbc3134bd2bee01a2ff477f1e2c0",
            "output_sha512": "954e51c966ec8d5878cc5594efa80e3693dc793e831e32bc7687aea65787a8dfa6751a57bc7b55c967fddbd8174648b2247b7ef4ae59a0f75285f2e8c55bf342",
            "output_size": 3114,
            "source": [],
            "source_content": null,
            "source_content_filename": null,
            "source_dir": "./../Server/lambdas/athlete/get_coach_invites",
            "source_file": null,
            "type": "zip"
          },
          "sensitive_attributes": [],
          "identity_schema_version": 0
        },
        {
          "index_key": "get_coaches",
          "schema_version": 0,
          "attributes": {
            "exclude_symlink_directories": null,
            "excludes": null,
            "id": "e3e476eb298536769d2a51f32393f9618e6b0b0c",
            "output_base64sha256": "BiGusnFXK7N9uZu+hilKmf4a7OCSvGe5Fqt6cWBIXyk=",
            "output_base64sha512": "K8d4sajsJhDgqLLNhf7ww7Y8wxOzW4Z0jRalOgLGVgiv7fHbug3G2UdpzeP9ZgLAgt/4hsB+St2+1Wzen0MKvQ==",
            "output_file_mode": null,
            "output_md5": "35284763479175e1477dc87e3ebe489b",
            "output_path": "./../Server/lambdas/athlete/zips/get_coaches.zip",
            "output_sha": "e3e476eb298536769d2a51f32393f9618e6b0b0c",
            "output_sha256": "0621aeb271572bb37db99bbe86294a99fe1aece092bc67b916ab7a7160485f29",
            "output_sha512": "2bc778b1a8ec2610e0a8b2cd85fef0c3b63cc313b35b86748d16a53a02c65608afedf1dbba0dc6d94769cde3fd6602c082dff886c07e4addbed56cde9f430abd",
            "output_size": 2003,
            "source": [],
            "source_content": null,
            "source_content_filename": null,
            "source_dir": "./../Server/lambdas/athlete/get_coaches",
            "source_file": null,
            "type": "zip"
          },
          "sensitive_attributes": [],
          "identity_schema_version": 0
        },
        {
          "index_key": "get_group_workout",
          "schema_version": 0,
          "attributes": {
            "exclude_symlink_directories": null,
            "excludes": null,
            "id": "7c55095cb39ef3d2b44dccc66632a1b9e11f526c",
            "output_base64sha256": "C0b9lG7rG1WTOFUy0DZ9vqwGEy4dK56FOIJ30oemUTU=",
            "output_base64sha512": "TLeT9k6RRqGq9URYf+t/Qnc23BFv6s6O8DsabGvBd65A4rIq49gkNRucdtp/+dAJU0pGfxluO6io4jAQxSvb+Q==",
            "output_file_mode": null,
            "output_md5": "6df32b98d0dd2ea7bfd044f34a9bbbca",
            "output_path": "./../Server/lambdas/general/zips/get_group_workout.zip",
            "output_sha": "7c55095cb39ef3d2b44dccc66632a1b9e11f526c",
            "output_sha256": "0b46fd946eeb1b5593385532d0367dbeac06132e1d2b9e85388277d287a65135",
            "output_sha512": "4cb793f64e9146a1aaf544587feb7f427736dc116feace8ef03b1a6c6bc177ae40e2b22ae3d824351b9c76da7ff9d009534a467f196e3ba8a8e23010c52bdbf9",
            "output_size": 2592,
            "source": [],
            "source_content": null,
            "source_content_filename": null,
            "source_dir": "./../Server/lambdas/general/get_group_workout",
            "source_file": null,
            "type": "zip"
          },
          "sensitive_attributes": [],
          "identity_schema_version": 0
        },
        {
          "index_key": "get_groups",
          "schema_version": 0,
          "attributes": {
            "exclude_symlink_directories": null,
            "excludes": null,
            "id": "848ae8ffe177bc9d375751d6e8daa9555b2926c6",
            "output_base64sha256": "r0GQ/PWaJKRkQ5IwMpOExzaI0k/ZFirkNWwtxj7YzY0=",
            "output_base64sha512": "ba8fU3Q8J/pz8AO9zK69mEZuSL8D6Pqp5gt4XEFCe9/0At2culGGce1C1mwJcolcoQDbk/GLxRNzrzo6y6JOQQ==",
            "output_file_mode": null,
            "output_md5": "afe61465758374e5259f267aed74856b",
            "output_path": "./../Server/lambdas/general/zips/get_groups.zip",
            "output_sha": "848ae8ffe177bc9d375751d6e8daa9555b2926c6",
            "output_sha256": "af4190fcf59a24a464439230329384c73688d24fd9162ae4356c2dc63ed8cd8d",
            "output_sha512": "6daf1f53743c27fa73f003bdccaebd98466e48bf03e8faa9e60b785c41427bdff402dd9cba518671ed42d66c0972895ca100db93f18bc51373af3a3acba24e41",
            "output_size": 2276,
            "source": [],
            "source_content": null,
            "source_content_filename": null,
            "source_dir": "./../Server/lambdas/general/get_groups",
            "source_file": null,
            "type": "zip"
          },
          "sensitive_attributes": [],
          "identity_schema_version": 0
        },
        {
          "index_key": "get_pending_proposals",
          "schema_version": 0,
          "attributes": {
            "exclude_symlink_directories": null,
            "excludes": null,
            "id": "d0d4bf6c933a77cddc0c4b1ac7365d1cd32facc8",
            "output_base64sha256": "VOW6WrdrZKcONaHr9vBlyzgLM4+8/NGffC7vN8BHdIs=",
            "output_base64sha512": "6rpYXv+gzH9pnZuYh4MabseCXB869Vb9wH1jwl2mJaVkeU9S/ut5WwA1Ocf2HSiVOVVKEAfxp2z/FEKRMP7uFw==",
            "output_file_mode": null,
            "output_md5": "b843f77e358697988ccb095321d0f2de",
            "output_path": "./../Server/lambdas/general/zips/get_pending_proposals.zip",
            "output_sha": "d0d4bf6c933a77cddc0c4b1ac7365d1cd32facc8",
            "output_sha256": "54e5ba5ab76b64a70e35a1ebf6f065cb380b338fbcfcd19f7c2eef37c047748b",
            "output_sha512": "eaba585effa0cc7f699d9b9887831a6ec7825c1f3af556fdc07d63c25da625a564794f52feeb795b003539c7f61d289539554a1007f1a76cff14429130feee17",
            "output_size": 2163,
            "source": [],
            "source_content": null,
            "source_content_filename": null,
            "source_dir": "./../Server/lambdas/general/get_pending_proposals",
            "source_file": null,
            "type": "zip"
          },
          "sensitive_attributes": [],
          "identity_schema_version": 0
        },
        {
          "index_key": "get_user",
          "schema_version": 0,
          "attributes": {
            "exclude_symlink_directories": null,
            "excludes": null,
            "id": "8e8fa028d34b8ec87321871450474f7cf68d1345",
            "output_base64sha256": "Y6mWHuPP9T3sWlCIOzlwyhEraHWlu0A0n6S+kUidqto=",
            "output_base64sha512": "XxMP+qHWCS+Z6nYuW2SB4zRDRo/QTYrgI3Cum/JxRRyvaQ+2AalNgx6P/cg2dCLp0GStsX2HmOYcAKS3IW8lKw==",
            "output_file_mode": null,
            "output_md5": "962eaae05780e8ccef5540478acb3674",
            "output_path": "./../Server/lambdas/general/zips/get_user.zip",
            "output_sha": "8e8fa028d34b8ec87321871450474f7cf68d1345",
            "output_sha256": "63a9961ee3cff53dec5a50883b3970ca112b6875a5bb40349fa4be91489daada",
            "output_sha512": "5f130ffaa1d6092f99ea762e5b6481e33443468fd04d8ae02370ae9bf271451caf690fb601a94d831e8ffdc8367422e9d064adb17d8798e61c00a4b7216f252b",
            "output_size": 2418,
            "source": [],
            "source_content": null,
            "source_content_filename": null,
            "source_dir": "./../Server/lambdas/general/get_user",
            "source_file": null,
            "type": "zip"
          },
          "sensitive_attributes": [],
          "identity_schema_version": 0
        },
        {
          "index_key": "get_workout_templates",
          "schema_version": 0,
          "attributes": {
            "exclude_symlink_directories": null,
            "excludes": null,
            "id": "5891b1e27ebb7dbd98f75d6cad8977af35d33b3e",
            "output_base64sha256": "8gbyImL0vcLPdGYFIELO7mcmy956SnNADfLIfZhvoUw=",
            "output_base64sha512": "7AAK5pLJ8CzIVDPKTkcWOhAbJ+sbu//BiLiP6FxPt90mHzie42upJTtB1vZeHvx36DSzlihTJIoDEAoj+lGZ2Q==",
            "output_file_mode": null,
            "output_md5": "48e0c67214cb8e1984bef929ba0f31ea",
            "output_path": "./../Server/lambdas/coach/zips/get_workout_templates.zip",
            "output_sha": "5891b1e27ebb7dbd98f75d6cad8977af35d33b3e",
            "output_sha256": "f206f22262f4bdc2cf7466052042ceee6726cbde7a4a73400df2c87d986fa14c",
            "output_sha512": "ec000ae692c9f02cc85433ca4e47163a101b27eb1bbbffc188b88fe85c4fb7dd261f389ee36ba9253b41d6f65e1efc77e834b3962853248a03100a23fa5199d9",
            "output_size": 3495,
            "source": [],
            "source_content": null,
            "source_content_filename": null,
            "source_dir": "./../Server/lambdas/coach/get_workout_templates",
            "source_file": null,
            "type": "zip"
          },
          "sensitive_attributes": [],
          "identity_schema_version": 0
        },
        {
          "index_key": "input_times",
          "schema_version": 0,
          "attributes": {
            "exclude_symlink_directories": null,
            "excludes": null,
            "id": "84dbb2a08ec2e10abe371651bb0348a2341534fb",
            "output_base64sha256": "j4iA4/KVwkE3nMAC3R75fTThyIlPzfk1gEW03taCrns=",
            "output_base64sha512": "x9nGR07KlBCZA7z9NCtoyio1r2UadXMa/gl1of4knianzuCh+mEvPdZquh8LkPuktoimMwp1+zy7fZwrYxgatw==",
            "output_file_mode": null,
            "output_md5": "af943e82e231cdc634aacd2793bb487c",
            "output_path": "./../Server/lambdas/athlete/zips/input_times.zip",
            "output_sha": "84dbb2a08ec2e10abe371651bb0348a2341534fb",
            "output_sha256": "8f8880e3f295c241379cc002dd1ef97d34e1c8894fcdf9358045b4ded682ae7b",
            "output_sha512": "c7d9c6474eca94109903bcfd342b68ca2a35af651a75731afe0975a1fe249e26a7cee0a1fa612f3dd66aba1f0b90fba4b688a6330a75fb3cbb7d9c2b63181ab7",
            "output_size": 2571,
            "source": [],
            "source_content": null,
            "source_content_filename": null,
            "source_dir": "./../Server/lambdas/athlete/input_times",
            "source_file": null,
            "type": "zip"
          },
          "sensitive_attributes": [],
          "identity_schema_version": 0
        },
        {
          "index_key": "invite_athlete",
          "schema_version": 0,
          "attributes": {
            "exclude_symlink_directories": null,
            "excludes": null,
            "id": "76e1997626b445dbdc047ddfbce4283fdbfc2a59",
            "output_base64sha256": "VyR0uVOIHCVAxBs7J9nsBaoijdsxwC0E9B3yCY0ycZ0=",
            "output_base64sha512": "IWdWivSClhtLTovE2yxVjys+B42B153eomTX67QQZZ9IvwLwLH1BnpOwYKiIph91bQw30v9n4Kn1R+jj9p0bIA==",
            "output_file_mode": null,
            "output_md5": "bb6a52a95bd1e4e99a4ff70f6037c4c6",
            "output_path": "./../Server/lambdas/coach/zips/invite_athlete.zip",
            "output_sha": "76e1997626b445dbdc047ddfbce4283fdbfc2a59",
            "output_sha256": "572474b953881c2540c41b3b27d9ec05aa228ddb31c02d04f41df2098d32719d",
            "output_sha512": "2167568af482961b4b4e8bc4db2c558f2b3e078d81d79ddea264d7ebb410659f48bf02f02c7d419e93b060a888a61f756d0c37d2ff67e0a9f547e8e3f69d1b20",
            "output_size": 1991,
            "source": [],
            "source_content": null,
            "source_content_filename": null,
            "source_dir": "./../Server/lambdas/coach/invite_athlete",
            "source_file": null,
            "type": "zip"
          },
          "sensitive_attributes": [],
          "identity_schema_version": 0
        },
        {
          "index_key": "remove_coach_athlete",
          "schema_version": 0,
          "attributes": {
            "exclude_symlink_directories": null,
            "excludes": null,
            "id": "2bbb71e7ac194d741ff4a37f8e04d2040c233105",
            "output_base64sha256": "PEQsJKh4NM5oYCZmQwanTPgPm0rg6fTe2gJOJL+y5vo=",
            "output_base64sha512": "cPON5vXXKVy3m2osEz3ySPoIolbtQ/ETCqN+KpZ+uRY33B7Jzu4AwwNxijPiWe5rVCOn7tjEdLGBjrllchVffQ==",
            "output_file_mode": null,
            "output_md5": "d17dd4cdb44007de51c515ca33d6f063",
            "output_path": "./../Server/lambdas/general/zips/remove_coach_athlete.zip",
            "output_sha": "2bbb71e7ac194d741ff4a37f8e04d2040c233105",
            "output_sha256": "3c442c24a87834ce686026664306a74cf80f9b4ae0e9f4deda024e24bfb2e6fa",
            "output_sha512": "70f38de6f5d7295cb79b6a2c133df248fa08a256ed43f1130aa37e2a967eb91637dc1ec9ceee00c303718a33e259ee6b5423a7eed8c474b1818eb96572155f7d",
            "output_size": 1984,
            "source": [],
            "source_content": null,
            "source_content_filename": null,
            "source_dir": "./../Server/lambdas/general/remove_coach_athlete",
            "source_file": null,
            "type": "zip"
          },
          "sensitive_attributes": [],
          "identity_schema_version": 0
        },
        {
          "index_key": "remove_group_athlete",
          "schema_version": 0,
          "attributes": {
            "exclude_symlink_directories": null,
            "excludes": null,
            "id": "d9d93b5dbf45a79f09c18572151dc2ed2ab01f8e",
            "output_base64sha256": "X0B2KsE6sJ1LJ/YGI/+6Db1shtr2MSrEaVhuqjkhr0Q=",
            "output_base64sha512": "/sVTSHml0Y5jHcXcaA3ygr4ZAYFwsmAXVU93q4DYdLMlWBWN9KHOPZJucMVF6VrHRq2VK8ko5R+WAjYORqLy7A==",
            "output_file_mode": null,
            "output_md5": "5507e603fbc124d6ebe3a0f02854ec95",
            "output_path": "./../Server/lambdas/coach/zips/remove_group_athlete.zip",
            "output_sha": "d9d93b5dbf45a79f09c18572151dc2ed2ab01f8e",
            "output_sha256": "5f40762ac13ab09d4b27f60623ffba0dbd6c86daf6312ac469586eaa3921af44",
            "output_sha512": "fec5534879a5d18e631dc5dc680df282be19018170b26017554f77ab80d874b32558158df4a1ce3d926e70c545e95ac746ad952bc928e51f9602360e46a2f2ec",
            "output_size": 2018,
            "source": [],
            "source_content": null,
            "source_content_filename": null,
            "source_dir": "./../Server/lambdas/coach/remove_group_athlete",
            "source_file": null,
            "type": "zip"
          },
          "sensitive_attributes": [],
          "identity_schema_version": 0
        },
        {
          "index_key": "request_coach",
          "schema_version": 0,
          "attributes": {
            "exclude_symlink_directories": null,
            "excludes": null,
            "id": "216878ea22a0f9567148877f8b71424c970d9edb",
            "output_base64sha256": "HnRnXSmZlMmyxxn6W/lHibWN/NBPWOkXZWAy+7VZxrg=",
            "output_base64sha512": "evT8mYQvO++1PxeMuiZtAGIcB3wMkn7+l4ODQyRcyHVC6q7D1kfvRSO32iRJ05cXzMhZsnuU7rOvUmiWuJFhIg==",
            "output_file_mode": null,
            "output_md5": "4abc3d6401c532af5ca5bcfa5355a101",
            "output_path": "./../Server/lambdas/athlete/zips/request_coach.zip",
            "output_sha": "216878ea22a0f9567148877f8b71424c970d9edb",
            "output_sha256": "1e74675d299994c9b2c719fa5bf94789b58dfcd04f58e917656032fbb559c6b8",
            "output_sha512": "7af4fc99842f3befb53f178cba266d00621c077c0c927efe97838343245cc87542eaaec3d647ef4523b7da2449d39717ccc859b27b94eeb3af526896b8916122",
            "output_size": 2005,
            "source": [],
            "source_content": null,
            "source_content_filename": null,
            "source_dir": "./../Server/lambdas/athlete/request_coach",
            "source_file": null,
            "type": "zip"
          },
          "sensitive_attributes": [],
          "identity_schema_version": 0
        },
        {
          "index_key": "search_athletes",
          "schema_version": 0,
          "attributes": {
            "exclude_symlink_directories": null,
            "excludes": null,
            "id": "3709f677feca4b83eae01ba62d00cccc9ab4df65",
            "output_base64sha256": "KU5ZC2n+uGNZopgmzQIikHeFfMbVENqdPTOwfP+51Y4=",
            "output_base64sha512": "xe2bzuBBr91SqC9RUY8HrTUBC0pAwLAj2rnfzhN4VF763EAhX9FjGhI6j1RI4K2dAprEpWChjZluTy9eB91ijw==",
            "output_file_mode": null,
            "output_md5": "ee331aecd5333639aeb8f577ce18a7e0",
            "output_path": "./../Server/lambdas/coach/zips/search_athletes.zip",
            "output_sha": "3709f677feca4b83eae01ba62d00cccc9ab4df65",
            "output_sha256": "294e590b69feb86359a29826cd02229077857cc6d510da9d3d33b07cffb9d58e",
            "output_sha512": "c5ed9bcee041afdd52a82f51518f07ad35010b4a40c0b023dab9dfce1378545efadc40215fd1631a123a8f5448e0ad9d029ac4a560a18d996e4f2f5e07dd628f",
            "output_size": 2740,
            "source": [],
            "source_content": null,
            "source_content_filename": null,
            "source_dir": "./../Server/lambdas/coach/search_athletes",
            "source_file": null,
            "type": "zip"
          },
          "sensitive_attributes": [],
          "identity_schema_version": 0
        },
        {
          "index_key": "search_coaches",
          "schema_version": 0,
          "attributes": {
            "exclude_symlink_directories": null,
            "excludes": null,
            "id": "e8d48b7f5cb6a6e9e3f7e6ccd36664226bd8b326",
            "output_base64sha256": "0BVhVgK3dtOua1RVsVlT7kyr6dfp9FT7ga626hRdRQk=",
            "output_base64sha512": "F5bhF78GYpzQ74JoEn0tyR/Vpi0PoYCexko79R7W/PBap+xjwnqQKV1agbanipA0ykoqZKndTtrdmgCS1378nA==",
            "output_file_mode": null,
            "output_md5": "cbbac684157abb518887c0dd85ad85fc",
            "output_path": "./../Server/lambdas/athlete/zips/search_coaches.zip",
            "output_sha": "e8d48b7f5cb6a6e9e3f7e6ccd36664226bd8b326",
            "output_sha256": "d015615602b776d3ae6b5455b15953ee4cabe9d7e9f454fb81aeb6ea145d4509",
            "output_sha512": "1796e117bf06629cd0ef8268127d2dc91fd5a62d0fa1809ec64a3bf51ed6fcf05aa7ec63c27a90295d5a81b6a78a9034ca4a2a64a9dd4edadd9a0092d77efc9c",
            "output_size": 2754,
            "source": [],
            "source_content": null,
            "source_content_filename": null,
            "source_dir": "./../Server/lambdas/athlete/search_coaches",
            "source_file": null,
            "type": "zip"
          },
          "sensitive_attributes": [],
          "identity_schema_version": 0
        },
        {
          "index_key": "search_input_history_date",
          "schema_version": 0,
          "attributes": {
            "exclude_symlink_directories": null,
            "excludes": null,
            "id": "5506529a173898bae289d27763baa6d52e7cb7f6",
            "output_base64sha256": "wySCZDkMwo2jCprFmuBzPIY6th4oWcpKw7rtVVSCZf4=",
            "output_base64sha512": "zs2fVb8sDvQAs9LMS4lXi+epFaAgP2W40wLK7ttjcUtsFt3lMZsGcATIAMTNP2Rl0nrgBx4FcoUvmao6rJ+LgA==",
            "output_file_mode": null,
            "output_md5": "c033c709fbfabf90768ca792d729c158",
            "output_path": "./../Server/lambdas/athlete/zips/search_input_history_date.zip",
            "output_sha": "5506529a173898bae289d27763baa6d52e7cb7f6",
            "output_sha256": "c3248264390cc28da30a9ac59ae0733c863ab61e2859ca4ac3baed55548265fe",
            "output_sha512": "cecd9f55bf2c0ef400b3d2cc4b89578be7a915a0203f65b8d302caeedb63714b6c16dde5319b067004c800c4cd3f6465d27ae0071e0572852f99aa3aac9f8b80",
            "output_size": 3018,
            "source": [],
            "source_content": null,
            "source_content_filename": null,
            "source_dir": "./../Server/lambdas/athlete/search_input_history_date",
            "source_file": null,
            "type": "zip"
          },
          "sensitive_attributes": [],
          "identity_schema_version": 0
        },
        {
          "index_key": "update_athlete_profile",
          "schema_version": 0,
          "attributes": {
            "exclude_symlink_directories": null,
            "excludes": null,
            "id": "fe82e962eb343d3708e08faa48807c29a15a84cc",
            "output_base64sha256": "pTsVf59OBtrVCZHUDClcbggUzbavZVQAnhVPJfMC+ZU=",
            "output_base64sha512": "NFamKcJWo9MrGTPrzZmxhtcbtRSNlbgUbE4IMKVO5NsuGKBF1miMrF7ttIYtqPBzci7x9d8aC+e8TNaJSMX9BQ==",
            "output_file_mode": null,
            "output_md5": "07dc320aa0f2e20ac9f4bd6a26922f3c",
            "output_path": "./../Server/lambdas/athlete/zips/update_athlete_profile.zip",
            "output_sha": "fe82e962eb343d3708e08faa48807c29a15a84cc",
            "output_sha256": "a53b157f9f4e06dad50991d40c295c6e0814cdb6af6554009e154f25f302f995",
            "output_sha512": "3456a629c256a3d32b1933ebcd99b186d71bb5148d95b8146c4e0830a54ee4db2e18a045d6688cac5eedb4862da8f073722ef1f5df1a0be7bc4cd68948c5fd05",
            "output_size": 2426,
            "source": [],
            "source_content": null,
            "source_content_filename": null,
            "source_dir": "./../Server/lambdas/athlete/update_athlete_profile",
            "source_file": null,
            "type": "zip"
          },
          "sensitive_attributes": [],
          "identity_schema_version": 0
        },
        {
          "index_key": "update_coach_profile",
          "schema_version": 0,
          "attributes": {
            "exclude_symlink_directories": null,
            "excludes": null,
            "id": "2fd3e55751b171f9e9cbe4e497c64fdc0c78ad4a",
            "output_base64sha256": "1mJcRsAJyUw5bmlJzlAtvDEJuwQZ924WhpRRBQ+JuDw=",
            "output_base64sha512": "+5qEsLkbr7sovnxOtfiusskHeYvbIALR5zdPG7dQiVdJcNAupOxgrS79FDDxAoUKhdYl14M8NvsfMvmuVEMWjg==",
            "output_file_mode": null,
            "output_md5": "bade4d5f95922b0f10d4af4bc1a86c53",
            "output_path": "./../Server/lambdas/coach/zips/update_coach_profile.zip",
            "output_sha": "2fd3e55751b171f9e9cbe4e497c64fdc0c78ad4a",
            "output_sha256": "d6625c46c009c94c396e6949ce502dbc3109bb0419f76e16869451050f89b83c",
            "output_sha512": "fb9a84b0b91bafbb28be7c4eb5f8aeb2c907798bdb2002d1e7374f1bb75089574970d02ea4ec60ad2efd1430f102850a85d625d7833c36fb1f32f9ae5443168e",
            "output_size": 2276,
            "source": [],
            "source_content": null,
            "source_content_filename": null,
            "source_dir": "./../Server/lambdas/coach/update_coach_profile",
            "source_file": null,
            "type": "zip"
          },
          "sensitive_attributes": [],
          "identity_schema_version": 0
        },
        {
          "index_key": "view_athlete_requests",
          "schema_version": 0,
          "attributes": {
            "exclude_symlink_directories": null,
            "excludes": null,
            "id": "36c09b9eb5d70ed5ccc0cde6c0beb0a5176f9b32",
            "output_base64sha256": "R4copbAJF9+QaFM2hmWqj/L2diAy0mUF00w1bPsRk20=",
            "output_base64sha512": "rmJaf3Q0AY7uHLXfrJjq0EQpRNlY6x8+TakZUsRicxrh8ZIJKlH05D1Y3cpBtkdtcG9C8lHYFyaC7zMc7MYHHQ==",
            "output_file_mode": null,
            "output_md5": "f92ae3d8561df8979b2ee605ecb42663",
            "output_path": "./../Server/lambdas/coach/zips/view_athlete_requests.zip",
            "output_sha": "36c09b9eb5d70ed5ccc0cde6c0beb0a5176f9b32",
            "output_sha256": "478728a5b00917df906853368665aa8ff2f6762032d26505d34c356cfb11936d",
            "output_sha512": "ae625a7f7434018eee1cb5dfac98ead0442944d958eb1f3e4da91952c462731ae1f192092a51f4e43d58ddca41b6476d706f42f251d8172682ef331cecc6071d",
            "output_size": 2147,
            "source": [],
            "source_content": null,
            "source_content_filename": null,
            "source_dir": "./../Server/lambdas/coach/view_athlete_requests",
            "source_file": null,
            "type": "zip"
          },
          "sensitive_attributes": [],
          "identity_schema_version": 0
        },
        {
          "index_key": "view_coach_invites",
          "schema_version": 0,
          "attributes": {
            "exclude_symlink_directories": null,
            "excludes": null,
            "id": "ba7e46a5c80c8fb828e78a0a6c5a74e2704ccf42",
            "output_base64sha256": "RnDDOQ0nGiycY4oQxOLsFUjZZZX4lKT5H/JQy+LKsrg=",
            "output_base64sha512": "wmIZv1Nt+IJD8unsZ+6/TeRlYDIIwfdP40b372tUqVFUy1aE7iRYh7gtOUgHqxNLjQxfRA7jVDDtAyaXoURPIg==",
            "output_file_mode": null,
            "output_md5": "c1eb5d194644653f6f36b7b1b7967615",
            "output_path": "./../Server/lambdas/athlete/zips/view_coach_invites.zip",
            "output_sha": "ba7e46a5c80c8fb828e78a0a6c5a74e2704ccf42",
            "output_sha256": "4670c3390d271a2c9c638a10c4e2ec1548d96595f894a4f91ff250cbe2cab2b8",
            "output_sha512": "c26219bf536df88243f2e9ec67eebf4de465603208c1f74fe346f7ef6b54a95154cb5684ee245887b82d394807ab134b8d0c5f440ee35430ed032697a1444f22",
            "output_size": 1992,
            "source": [],
            "source_content": null,
            "source_content_filename": null,
            "source_dir": "./../Server/lambdas/athlete/view_coach_invites",
            "source_file": null,
            "type": "zip"
          },
          "sensitive_attributes": [],
          "identity_schema_version": 0
        },
        {
          "index_key": "view_group_inputs",
          "schema_version": 0,
          "attributes": {
            "exclude_symlink_directories": null,
            "excludes": null,
            "id": "a5eeeb5ae4b83da00f91f943027d5439109370b7",
            "output_base64sha256": "dwHzl4X02CnrqpzRbO/nFKyHvutNqTnLwZ34o+ZqiTU=",
            "output_base64sha512": "xg5hCd2eZC3r84q2H1h31yZBzMcWaqFVDKvaVrbfEu6fgJACJeU2lQDMa4eo9+0QytjxszSyP2PFYaVTo2kbfw==",
            "output_file_mode": null,
            "output_md5": "f085adaa1f78fc8cad1f1a4d7f21e750",
            "output_path": "./../Server/lambdas/general/zips/view_group_inputs.zip",
            "output_sha": "a5eeeb5ae4b83da00f91f943027d5439109370b7",
            "output_sha256": "7701f39785f4d829ebaa9cd16cefe714ac87beeb4da939cbc19df8a3e66a8935",
            "output_sha512": "c60e6109dd9e642debf38ab61f5877d72641ccc7166aa1550cabda56b6df12ee9f80900225e5369500cc6b87a8f7ed10cad8f1b334b23f63c561a553a3691b7f",
            "output_size": 2487,
            "source": [],
            "source_content": null,
            "source_content_filename": null,
            "source_dir": "./../Server/lambdas/general/view_group_inputs",
            "source_file": null,
            "type": "zip"
          },
          "sensitive_attributes": [],
          "identity_schema_version": 0
        },
        {
          "index_key": "view_workout_inputs",
          "schema_version": 0,
          "attributes": {
            "exclude_symlink_directories": null,
            "excludes": null,
            "id": "f53f6b15675379f879bf0fc630eefafb7c525ead",
            "output_base64sha256": "Ru6j6wnbfBGFUCzOzR3Ggy6YlhhytFYHuSvINDz2zm0=",
            "output_base64sha512": "Y7KwK0Lcp1ZuazQTrTrrw3dIh1sQIi2VfGn5ZJlI6hS22duHh2SyLuC1/Q+SPVVJUReaJ8/zVNc3EW4EJxt7dA==",
            "output_file_mode": null,
            "output_md5": "ac1e614d9da030b26dd23c1a08ebf9f9",
            "output_path": "./../Server/lambdas/athlete/zips/view_workout_inputs.zip",
            "output_sha": "f53f6b15675379f879bf0fc630eefafb7c525ead",
            "output_sha256": "46eea3eb09db7c1185502ccecd1dc6832e98961872b45607b92bc8343cf6ce6d",
            "output_sha512": "63b2b02b42dca7566e6b3413ad3aebc37748875b10222d957c69f9649948ea14b6d9db878764b22ee0b5fd0f923d554951179a27cff354d737116e04271b7b74",
            "output_size": 2751,
            "source": [],
            "source_content": null,
            "source_content_filename": null,
            "source_dir": "./../Server/lambdas/athlete/view_workout_inputs",
            "source_file": null,
            "type": "zip"
          },
          "sensitive_attributes": [],
          "identity_schema_version": 0
        }
      ]
    },
    {
      "mode": "data",
      "type": "archive_file",
      "name": "rds_layer",
      "provider": "provider[\"registry.terraform.io/hashicorp/archive\"]",
      "instances": [
        {
          "schema_version": 0,
          "attributes": {
            "exclude_symlink_directories": null,
            "excludes": null,
            "id": "bab6946f79a3408b35a263c371ef62ee203d1c47",
            "output_base64sha256": "QBw0Xk0UVXcuP+yRtVUJOFxeYmKqOCgm6ccyiCkoTi0=",
            "output_base64sha512": "ReVjfUNOMpgMKDICjYzoqyV3sXp4uYTH6EiYOf2/eeFPPCt4nG7pLIGQq2QZI4mnScw8I9kcNiRK/22Bt77Bfg==",
            "output_file_mode": null,
            "output_md5": "dfb482f18911b2fd783fcebdc7b5cb5f",
            "output_path": "./../Server/layers/rds/rds.zip",
            "output_sha": "bab6946f79a3408b35a263c371ef62ee203d1c47",
            "output_sha256": "401c345e4d1455772e3fec91b55509385c5e6262aa382826e9c7328829284e2d",
            "output_sha512": "45e5637d434e32980c2832028d8ce8ab2577b17a78b984c7e8489839fdbf79e14f3c2b789c6ee92c8190ab64192389a749cc3c23d91c36244aff6d81b7bec17e",
            "output_size": 6383105,
            "source": [],
            "source_content": null,
            "source_content_filename": null,
            "source_dir": "./../Server/layers/rds/",
            "source_file": null,
            "type": "zip"
          },
          "sensitive_attributes": [],
          "identity_schema_version": 0
        }
      ]
    },
    {
      "mode": "data",
      "type": "aws_ami",
      "name": "amazon_linux",
      "provider": "provider[\"registry.terraform.io/hashicorp/aws\"]",
      "instances": [
        {
          "schema_version": 0,
          "attributes": {
            "architecture": "arm64",
            "arn": "arn:aws:ec2:us-east-2::image/ami-0d9f12bc70e655ed6",
            "block_device_mappings": [
              {
                "device_name": "/dev/xvda",
                "ebs": {
                  "delete_on_termination": "true",
                  "encrypted": "false",
                  "iops": "0",
                  "snapshot_id": "snap-04d3f40582bfd9e95",
                  "throughput": "0",
                  "volume_initialization_rate": "0",
                  "volume_size": "8",
                  "volume_type": "gp2"
                },
                "no_device": "",
                "virtual_name": ""
              }
            ],
            "boot_mode": "",
            "creation_date": "2025-09-10T18:54:24.000Z",
            "deprecation_time": "2025-12-09T18:54:00.000Z",
            "description": "Amazon Linux 2 LTS Arm64 AMI 2.0.20250915.0 arm64 HVM gp2",
            "ena_support": true,
            "executable_users": null,
            "filter": [
              {
                "name": "architecture",
                "values": [
                  "arm64"
                ]
              },
              {
                "name": "name",
                "values": [
                  "amzn2-ami-hvm-*-arm64-gp2"
                ]
              },
              {
                "name": "virtualization-type",
                "values": [
                  "hvm"
                ]
              }
            ],
            "hypervisor": "xen",
            "id": "ami-0d9f12bc70e655ed6",
            "image_id": "ami-0d9f12bc70e655ed6",
            "image_location": "amazon/amzn2-ami-hvm-2.0.20250915.0-arm64-gp2",
            "image_owner_alias": "amazon",
            "image_type": "machine",
            "imds_support": "",
            "include_deprecated": false,
            "kernel_id": "",
            "last_launched_time": "",
            "most_recent": true,
            "name": "amzn2-ami-hvm-2.0.20250915.0-arm64-gp2",
            "name_regex": null,
            "owner_id": "137112412989",
            "owners": [
              "amazon"
            ],
            "platform": "",
            "platform_details": "Linux/UNIX",
            "product_codes": [],
            "public": true,
            "ramdisk_id": "",
            "root_device_name": "/dev/xvda",
            "root_device_type": "ebs",
            "root_snapshot_id": "snap-04d3f40582bfd9e95",
            "sriov_net_support": "simple",
            "state": "available",
            "state_reason": {
              "code": "UNSET",
              "message": "UNSET"
            },
            "tags": {},
            "timeouts": null,
            "tpm_support": "",
            "uefi_data": null,
            "usage_operation": "RunInstances",
            "virtualization_type": "hvm"
          },
          "sensitive_attributes": [],
          "identity_schema_version": 0
        }
      ]
    },
    {
      "mode": "data",
      "type": "aws_availability_zones",
      "name": "available",
      "provider": "provider[\"registry.terraform.io/hashicorp/aws\"]",
      "instances": [
        {
          "schema_version": 0,
          "attributes": {
            "all_availability_zones": null,
            "exclude_names": null,
            "exclude_zone_ids": null,
            "filter": null,
            "group_names": [
              "us-east-2-zg-1"
            ],
            "id": "us-east-2",
            "names": [
              "us-east-2a",
              "us-east-2b",
              "us-east-2c"
            ],
            "state": "available",
            "timeouts": null,
            "zone_ids": [
              "use2-az1",
              "use2-az2",
              "use2-az3"
            ]
          },
          "sensitive_attributes": [],
          "identity_schema_version": 0
        }
      ]
    },
    {
      "mode": "data",
      "type": "aws_internet_gateway",
      "name": "default",
      "provider": "provider[\"registry.terraform.io/hashicorp/aws\"]",
      "instances": [
        {
          "schema_version": 0,
          "attributes": {
            "arn": "arn:aws:ec2:us-east-2:857360184083:internet-gateway/igw-0c9633e3942b979dc",
            "attachments": [
              {
                "state": "available",
                "vpc_id": "vpc-00ce2d8f8e6ecb305"
              }
            ],
            "filter": [
              {
                "name": "attachment.vpc-id",
                "values": [
                  "vpc-00ce2d8f8e6ecb305"
                ]
              }
            ],
            "id": "igw-0c9633e3942b979dc",
            "internet_gateway_id": "igw-0c9633e3942b979dc",
            "owner_id": "857360184083",
            "tags": {},
            "timeouts": null
          },
          "sensitive_attributes": [],
          "identity_schema_version": 0
        }
      ]
    },
    {
      "mode": "data",
      "type": "aws_security_group",
      "name": "default",
      "provider": "provider[\"registry.terraform.io/hashicorp/aws\"]",
      "instances": [
        {
          "schema_version": 0,
          "attributes": {
            "arn": "arn:aws:ec2:us-east-2:857360184083:security-group/sg-0b98a1e54096ed585",
            "description": "default VPC security group",
            "filter": null,
            "id": "sg-0b98a1e54096ed585",
            "name": "default",
            "tags": {},
            "timeouts": null,
            "vpc_id": "vpc-00ce2d8f8e6ecb305"
          },
          "sensitive_attributes": [],
          "identity_schema_version": 0
        }
      ]
    },
    {
      "mode": "data",
      "type": "aws_vpc",
      "name": "default",
      "provider": "provider[\"registry.terraform.io/hashicorp/aws\"]",
      "instances": [
        {
          "schema_version": 0,
          "attributes": {
            "arn": "arn:aws:ec2:us-east-2:857360184083:vpc/vpc-00ce2d8f8e6ecb305",
            "cidr_block": "172.31.0.0/16",
            "cidr_block_associations": [
              {
                "association_id": "vpc-cidr-assoc-0824e376e57726d1c",
                "cidr_block": "172.31.0.0/16",
                "state": "associated"
              }
            ],
            "default": true,
            "dhcp_options_id": "dopt-024f2ebd35a6606db",
            "enable_dns_hostnames": true,
            "enable_dns_support": true,
            "enable_network_address_usage_metrics": false,
            "filter": null,
            "id": "vpc-00ce2d8f8e6ecb305",
            "instance_tenancy": "default",
            "ipv6_association_id": "",
            "ipv6_cidr_block": "",
            "main_route_table_id": "rtb-0dc932c2d3b50c3ef",
            "owner_id": "857360184083",
            "state": null,
            "tags": {},
            "timeouts": null
          },
          "sensitive_attributes": [],
          "identity_schema_version": 0
        }
      ]
    },
    {
      "mode": "data",
      "type": "http",
      "name": "myip",
      "provider": "provider[\"registry.terraform.io/hashicorp/http\"]",
      "instances": [
        {
          "schema_version": 0,
          "attributes": {
            "body": "98.10.39.224\n",
            "ca_cert_pem": null,
            "client_cert_pem": null,
            "client_key_pem": null,
            "id": "https://ipv4.icanhazip.com",
            "insecure": null,
            "method": null,
            "request_body": null,
            "request_headers": null,
            "request_timeout_ms": null,
            "response_body": "98.10.39.224\n",
            "response_body_base64": "OTguMTAuMzkuMjI0Cg==",
            "response_headers": {
              "Access-Control-Allow-Methods": "GET",
              "Access-Control-Allow-Origin": "*",
              "Alt-Svc": "h3=\":443\"; ma=86400",
              "Cf-Ray": "982af7dbbcfd42ab-EWR",
              "Content-Length": "13",
              "Content-Type": "text/plain",
              "Date": "Sun, 21 Sep 2025 16:34:07 GMT",
              "Server": "cloudflare",
              "Set-Cookie": "__cf_bm=wPw3hV.W8u_xMstPVtDZgC7paLJbtbqpp1u2YtoJWIo-1758472447-1.0.1.1-tS01rzt2eVYoz1J7YK.sMh1tsu.RIU3fMpyAPgLL6seCX3j3Smizp5_xbR0ibUCvkBCpTJ3BgpdNWN6ZAk876QhAT5459.svmqqGsj3q0pQ; path=/; expires=Sun, 21-Sep-25 17:04:07 GMT; domain=.icanhazip.com; HttpOnly; Secure; SameSite=None",
              "Vary": "Accept-Encoding"
            },
            "retry": null,
            "status_code": 200,
            "url": "https://ipv4.icanhazip.com"
          },
          "sensitive_attributes": [],
          "identity_schema_version": 0
        }
      ]
    },
    {
      "mode": "managed",
      "type": "aws_api_gateway_authorizer",
      "name": "cognito_authorizer",
      "provider": "provider[\"registry.terraform.io/hashicorp/aws\"]",
      "instances": [
        {
          "schema_version": 0,
          "attributes": {
            "arn": "arn:aws:apigateway:us-east-2::/restapis/fyc4wanzoa/authorizers/d3rj84",
            "authorizer_credentials": "",
            "authorizer_result_ttl_in_seconds": 300,
            "authorizer_uri": "",
            "id": "d3rj84",
            "identity_source": "method.request.header.Authorization",
            "identity_validation_expression": "",
            "name": "cognito-authorizer",
            "provider_arns": [
              "arn:aws:cognito-idp:us-east-2:857360184083:userpool/us-east-2_nrBHXHxW5"
            ],
            "rest_api_id": "fyc4wanzoa",
            "type": "COGNITO_USER_POOLS"
          },
          "sensitive_attributes": [],
          "identity_schema_version": 0,
          "private": "bnVsbA==",
          "dependencies": [
            "aws_api_gateway_rest_api.main"
          ],
          "create_before_destroy": true
        }
      ]
    },
    {
      "mode": "managed",
      "type": "aws_api_gateway_deployment",
      "name": "main",
      "provider": "provider[\"registry.terraform.io/hashicorp/aws\"]",
      "instances": [
        {
          "schema_version": 0,
          "attributes": {
            "canary_settings": [],
            "created_date": "2025-09-21T16:34:56Z",
            "description": "",
            "execution_arn": "arn:aws:execute-api:us-east-2:857360184083:fyc4wanzoa/",
            "id": "ilumr0",
            "invoke_url": "https://fyc4wanzoa.execute-api.us-east-2.amazonaws.com/",
            "rest_api_id": "fyc4wanzoa",
            "stage_description": null,
            "stage_name": null,
            "triggers": {
              "redeployment": "2025-09-21T16:34:56Z"
            },
            "variables": null
          },
          "sensitive_attributes": [],
          "identity_schema_version": 0,
          "private": "bnVsbA==",
          "dependencies": [
            "aws_api_gateway_authorizer.cognito_authorizer",
            "aws_api_gateway_integration.main",
            "aws_api_gateway_method.main",
            "aws_api_gateway_resource.athletes",
            "aws_api_gateway_resource.coaches",
            "aws_api_gateway_resource.general",
            "aws_api_gateway_resource.subresources",
            "aws_api_gateway_rest_api.main",
            "aws_db_instance.default",
            "aws_db_subnet_group.rds_private",
            "aws_iam_role.lambda_role",
            "aws_iam_role_policy_attachment.lambda_rds_auth",
            "aws_lambda_function.lambdas",
            "aws_lambda_layer_version.rds",
            "aws_security_group.lambda_sg",
            "aws_subnet.private_subnet1",
            "aws_subnet.private_subnet2",
            "data.archive_file.lambda_archives",
            "data.archive_file.rds_layer",
            "data.aws_availability_zones.available",
            "data.aws_vpc.default"
          ],
          "create_before_destroy": true
        }
      ]
    },
    {
      "mode": "managed",
      "type": "aws_api_gateway_integration",
      "name": "main",
      "provider": "provider[\"registry.terraform.io/hashicorp/aws\"]",
      "instances": [
        {
          "index_key": "athletes/accept_coach_invite",
          "schema_version": 0,
          "attributes": {
            "cache_key_parameters": [],
            "cache_namespace": "wnxrol",
            "connection_id": "",
            "connection_type": "INTERNET",
            "content_handling": "",
            "credentials": "",
            "http_method": "POST",
            "id": "agi-fyc4wanzoa-wnxrol-POST",
            "integration_http_method": "POST",
            "passthrough_behavior": "WHEN_NO_MATCH",
            "request_parameters": {},
            "request_templates": {},
            "resource_id": "wnxrol",
            "rest_api_id": "fyc4wanzoa",
            "timeout_milliseconds": 29000,
            "tls_config": [],
            "type": "AWS_PROXY",
            "uri": "arn:aws:apigateway:us-east-2:lambda:path/2015-03-31/functions/arn:aws:lambda:us-east-2:857360184083:function:accept_coach_invite/invocations"
          },
          "sensitive_attributes": [],
          "identity_schema_version": 0,
          "private": "bnVsbA==",
          "dependencies": [
            "aws_api_gateway_authorizer.cognito_authorizer",
            "aws_api_gateway_method.main",
            "aws_api_gateway_resource.athletes",
            "aws_api_gateway_resource.coaches",
            "aws_api_gateway_resource.general",
            "aws_api_gateway_resource.subresources",
            "aws_api_gateway_rest_api.main",
            "aws_db_instance.default",
            "aws_db_subnet_group.rds_private",
            "aws_iam_role.lambda_role",
            "aws_iam_role_policy_attachment.lambda_rds_auth",
            "aws_lambda_function.lambdas",
            "aws_lambda_layer_version.rds",
            "aws_security_group.lambda_sg",
            "aws_subnet.private_subnet1",
            "aws_subnet.private_subnet2",
            "data.archive_file.lambda_archives",
            "data.archive_file.rds_layer",
            "data.aws_availability_zones.available",
            "data.aws_vpc.default"
          ],
          "create_before_destroy": true
        },
        {
          "index_key": "athletes/create_athlete",
          "schema_version": 0,
          "attributes": {
            "cache_key_parameters": [],
            "cache_namespace": "3962hb",
            "connection_id": "",
            "connection_type": "INTERNET",
            "content_handling": "",
            "credentials": "",
            "http_method": "POST",
            "id": "agi-fyc4wanzoa-3962hb-POST",
            "integration_http_method": "POST",
            "passthrough_behavior": "WHEN_NO_MATCH",
            "request_parameters": {},
            "request_templates": {},
            "resource_id": "3962hb",
            "rest_api_id": "fyc4wanzoa",
            "timeout_milliseconds": 29000,
            "tls_config": [],
            "type": "AWS_PROXY",
            "uri": "arn:aws:apigateway:us-east-2:lambda:path/2015-03-31/functions/arn:aws:lambda:us-east-2:857360184083:function:create_athlete/invocations"
          },
          "sensitive_attributes": [],
          "identity_schema_version": 0,
          "private": "bnVsbA==",
          "dependencies": [
            "aws_api_gateway_authorizer.cognito_authorizer",
            "aws_api_gateway_method.main",
            "aws_api_gateway_resource.athletes",
            "aws_api_gateway_resource.coaches",
            "aws_api_gateway_resource.general",
            "aws_api_gateway_resource.subresources",
            "aws_api_gateway_rest_api.main",
            "aws_db_instance.default",
            "aws_db_subnet_group.rds_private",
            "aws_iam_role.lambda_role",
            "aws_iam_role_policy_attachment.lambda_rds_auth",
            "aws_lambda_function.lambdas",
            "aws_lambda_layer_version.rds",
            "aws_security_group.lambda_sg",
            "aws_subnet.private_subnet1",
            "aws_subnet.private_subnet2",
            "data.archive_file.lambda_archives",
            "data.archive_file.rds_layer",
            "data.aws_availability_zones.available",
            "data.aws_vpc.default"
          ],
          "create_before_destroy": true
        },
        {
          "index_key": "athletes/decline_coach_invite",
          "schema_version": 0,
          "attributes": {
            "cache_key_parameters": [],
            "cache_namespace": "3sc7wo",
            "connection_id": "",
            "connection_type": "INTERNET",
            "content_handling": "",
            "credentials": "",
            "http_method": "DELETE",
            "id": "agi-fyc4wanzoa-3sc7wo-DELETE",
            "integration_http_method": "POST",
            "passthrough_behavior": "WHEN_NO_MATCH",
            "request_parameters": {},
            "request_templates": {},
            "resource_id": "3sc7wo",
            "rest_api_id": "fyc4wanzoa",
            "timeout_milliseconds": 29000,
            "tls_config": [],
            "type": "AWS_PROXY",
            "uri": "arn:aws:apigateway:us-east-2:lambda:path/2015-03-31/functions/arn:aws:lambda:us-east-2:857360184083:function:decline_coach_invite/invocations"
          },
          "sensitive_attributes": [],
          "identity_schema_version": 0,
          "private": "bnVsbA==",
          "dependencies": [
            "aws_api_gateway_authorizer.cognito_authorizer",
            "aws_api_gateway_method.main",
            "aws_api_gateway_resource.athletes",
            "aws_api_gateway_resource.coaches",
            "aws_api_gateway_resource.general",
            "aws_api_gateway_resource.subresources",
            "aws_api_gateway_rest_api.main",
            "aws_db_instance.default",
            "aws_db_subnet_group.rds_private",
            "aws_iam_role.lambda_role",
            "aws_iam_role_policy_attachment.lambda_rds_auth",
            "aws_lambda_function.lambdas",
            "aws_lambda_layer_version.rds",
            "aws_security_group.lambda_sg",
            "aws_subnet.private_subnet1",
            "aws_subnet.private_subnet2",
            "data.archive_file.lambda_archives",
            "data.archive_file.rds_layer",
            "data.aws_availability_zones.available",
            "data.aws_vpc.default"
          ],
          "create_before_destroy": true
        },
        {
          "index_key": "athletes/get_coach_invites",
          "schema_version": 0,
          "attributes": {
            "cache_key_parameters": [],
            "cache_namespace": "3mokzl",
            "connection_id": "",
            "connection_type": "INTERNET",
            "content_handling": "",
            "credentials": "",
            "http_method": "GET",
            "id": "agi-fyc4wanzoa-3mokzl-GET",
            "integration_http_method": "POST",
            "passthrough_behavior": "WHEN_NO_MATCH",
            "request_parameters": {},
            "request_templates": {},
            "resource_id": "3mokzl",
            "rest_api_id": "fyc4wanzoa",
            "timeout_milliseconds": 29000,
            "tls_config": [],
            "type": "AWS_PROXY",
            "uri": "arn:aws:apigateway:us-east-2:lambda:path/2015-03-31/functions/arn:aws:lambda:us-east-2:857360184083:function:get_coach_invites/invocations"
          },
          "sensitive_attributes": [],
          "identity_schema_version": 0,
          "private": "bnVsbA==",
          "dependencies": [
            "aws_api_gateway_authorizer.cognito_authorizer",
            "aws_api_gateway_method.main",
            "aws_api_gateway_resource.athletes",
            "aws_api_gateway_resource.coaches",
            "aws_api_gateway_resource.general",
            "aws_api_gateway_resource.subresources",
            "aws_api_gateway_rest_api.main",
            "aws_db_instance.default",
            "aws_db_subnet_group.rds_private",
            "aws_iam_role.lambda_role",
            "aws_iam_role_policy_attachment.lambda_rds_auth",
            "aws_lambda_function.lambdas",
            "aws_lambda_layer_version.rds",
            "aws_security_group.lambda_sg",
            "aws_subnet.private_subnet1",
            "aws_subnet.private_subnet2",
            "data.archive_file.lambda_archives",
            "data.archive_file.rds_layer",
            "data.aws_availability_zones.available",
            "data.aws_vpc.default"
          ],
          "create_before_destroy": true
        },
        {
          "index_key": "athletes/get_coaches",
          "schema_version": 0,
          "attributes": {
            "cache_key_parameters": [],
            "cache_namespace": "5ka4g5",
            "connection_id": "",
            "connection_type": "INTERNET",
            "content_handling": "",
            "credentials": "",
            "http_method": "GET",
            "id": "agi-fyc4wanzoa-5ka4g5-GET",
            "integration_http_method": "POST",
            "passthrough_behavior": "WHEN_NO_MATCH",
            "request_parameters": {},
            "request_templates": {},
            "resource_id": "5ka4g5",
            "rest_api_id": "fyc4wanzoa",
            "timeout_milliseconds": 29000,
            "tls_config": [],
            "type": "AWS_PROXY",
            "uri": "arn:aws:apigateway:us-east-2:lambda:path/2015-03-31/functions/arn:aws:lambda:us-east-2:857360184083:function:get_coaches/invocations"
          },
          "sensitive_attributes": [],
          "identity_schema_version": 0,
          "private": "bnVsbA==",
          "dependencies": [
            "aws_api_gateway_authorizer.cognito_authorizer",
            "aws_api_gateway_method.main",
            "aws_api_gateway_resource.athletes",
            "aws_api_gateway_resource.coaches",
            "aws_api_gateway_resource.general",
            "aws_api_gateway_resource.subresources",
            "aws_api_gateway_rest_api.main",
            "aws_db_instance.default",
            "aws_db_subnet_group.rds_private",
            "aws_iam_role.lambda_role",
            "aws_iam_role_policy_attachment.lambda_rds_auth",
            "aws_lambda_function.lambdas",
            "aws_lambda_layer_version.rds",
            "aws_security_group.lambda_sg",
            "aws_subnet.private_subnet1",
            "aws_subnet.private_subnet2",
            "data.archive_file.lambda_archives",
            "data.archive_file.rds_layer",
            "data.aws_availability_zones.available",
            "data.aws_vpc.default"
          ],
          "create_before_destroy": true
        },
        {
          "index_key": "athletes/input_times",
          "schema_version": 0,
          "attributes": {
            "cache_key_parameters": [],
            "cache_namespace": "nxe1ed",
            "connection_id": "",
            "connection_type": "INTERNET",
            "content_handling": "",
            "credentials": "",
            "http_method": "POST",
            "id": "agi-fyc4wanzoa-nxe1ed-POST",
            "integration_http_method": "POST",
            "passthrough_behavior": "WHEN_NO_MATCH",
            "request_parameters": {},
            "request_templates": {},
            "resource_id": "nxe1ed",
            "rest_api_id": "fyc4wanzoa",
            "timeout_milliseconds": 29000,
            "tls_config": [],
            "type": "AWS_PROXY",
            "uri": "arn:aws:apigateway:us-east-2:lambda:path/2015-03-31/functions/arn:aws:lambda:us-east-2:857360184083:function:input_times/invocations"
          },
          "sensitive_attributes": [],
          "identity_schema_version": 0,
          "private": "bnVsbA==",
          "dependencies": [
            "aws_api_gateway_authorizer.cognito_authorizer",
            "aws_api_gateway_method.main",
            "aws_api_gateway_resource.athletes",
            "aws_api_gateway_resource.coaches",
            "aws_api_gateway_resource.general",
            "aws_api_gateway_resource.subresources",
            "aws_api_gateway_rest_api.main",
            "aws_db_instance.default",
            "aws_db_subnet_group.rds_private",
            "aws_iam_role.lambda_role",
            "aws_iam_role_policy_attachment.lambda_rds_auth",
            "aws_lambda_function.lambdas",
            "aws_lambda_layer_version.rds",
            "aws_security_group.lambda_sg",
            "aws_subnet.private_subnet1",
            "aws_subnet.private_subnet2",
            "data.archive_file.lambda_archives",
            "data.archive_file.rds_layer",
            "data.aws_availability_zones.available",
            "data.aws_vpc.default"
          ],
          "create_before_destroy": true
        },
        {
          "index_key": "athletes/request_coach",
          "schema_version": 0,
          "attributes": {
            "cache_key_parameters": [],
            "cache_namespace": "zpopwx",
            "connection_id": "",
            "connection_type": "INTERNET",
            "content_handling": "",
            "credentials": "",
            "http_method": "POST",
            "id": "agi-fyc4wanzoa-zpopwx-POST",
            "integration_http_method": "POST",
            "passthrough_behavior": "WHEN_NO_MATCH",
            "request_parameters": {},
            "request_templates": {},
            "resource_id": "zpopwx",
            "rest_api_id": "fyc4wanzoa",
            "timeout_milliseconds": 29000,
            "tls_config": [],
            "type": "AWS_PROXY",
            "uri": "arn:aws:apigateway:us-east-2:lambda:path/2015-03-31/functions/arn:aws:lambda:us-east-2:857360184083:function:request_coach/invocations"
          },
          "sensitive_attributes": [],
          "identity_schema_version": 0,
          "private": "bnVsbA==",
          "dependencies": [
            "aws_api_gateway_authorizer.cognito_authorizer",
            "aws_api_gateway_method.main",
            "aws_api_gateway_resource.athletes",
            "aws_api_gateway_resource.coaches",
            "aws_api_gateway_resource.general",
            "aws_api_gateway_resource.subresources",
            "aws_api_gateway_rest_api.main",
            "aws_db_instance.default",
            "aws_db_subnet_group.rds_private",
            "aws_iam_role.lambda_role",
            "aws_iam_role_policy_attachment.lambda_rds_auth",
            "aws_lambda_function.lambdas",
            "aws_lambda_layer_version.rds",
            "aws_security_group.lambda_sg",
            "aws_subnet.private_subnet1",
            "aws_subnet.private_subnet2",
            "data.archive_file.lambda_archives",
            "data.archive_file.rds_layer",
            "data.aws_availability_zones.available",
            "data.aws_vpc.default"
          ],
          "create_before_destroy": true
        },
        {
          "index_key": "athletes/search_coaches",
          "schema_version": 0,
          "attributes": {
            "cache_key_parameters": [],
            "cache_namespace": "lyzagd",
            "connection_id": "",
            "connection_type": "INTERNET",
            "content_handling": "",
            "credentials": "",
            "http_method": "GET",
            "id": "agi-fyc4wanzoa-lyzagd-GET",
            "integration_http_method": "POST",
            "passthrough_behavior": "WHEN_NO_MATCH",
            "request_parameters": {},
            "request_templates": {},
            "resource_id": "lyzagd",
            "rest_api_id": "fyc4wanzoa",
            "timeout_milliseconds": 29000,
            "tls_config": [],
            "type": "AWS_PROXY",
            "uri": "arn:aws:apigateway:us-east-2:lambda:path/2015-03-31/functions/arn:aws:lambda:us-east-2:857360184083:function:search_coaches/invocations"
          },
          "sensitive_attributes": [],
          "identity_schema_version": 0,
          "private": "bnVsbA==",
          "dependencies": [
            "aws_api_gateway_authorizer.cognito_authorizer",
            "aws_api_gateway_method.main",
            "aws_api_gateway_resource.athletes",
            "aws_api_gateway_resource.coaches",
            "aws_api_gateway_resource.general",
            "aws_api_gateway_resource.subresources",
            "aws_api_gateway_rest_api.main",
            "aws_db_instance.default",
            "aws_db_subnet_group.rds_private",
            "aws_iam_role.lambda_role",
            "aws_iam_role_policy_attachment.lambda_rds_auth",
            "aws_lambda_function.lambdas",
            "aws_lambda_layer_version.rds",
            "aws_security_group.lambda_sg",
            "aws_subnet.private_subnet1",
            "aws_subnet.private_subnet2",
            "data.archive_file.lambda_archives",
            "data.archive_file.rds_layer",
            "data.aws_availability_zones.available",
            "data.aws_vpc.default"
          ],
          "create_before_destroy": true
        },
        {
          "index_key": "athletes/search_input_history_date",
          "schema_version": 0,
          "attributes": {
            "cache_key_parameters": [],
            "cache_namespace": "jf7v1q",
            "connection_id": "",
            "connection_type": "INTERNET",
            "content_handling": "",
            "credentials": "",
            "http_method": "GET",
            "id": "agi-fyc4wanzoa-jf7v1q-GET",
            "integration_http_method": "POST",
            "passthrough_behavior": "WHEN_NO_MATCH",
            "request_parameters": {},
            "request_templates": {},
            "resource_id": "jf7v1q",
            "rest_api_id": "fyc4wanzoa",
            "timeout_milliseconds": 29000,
            "tls_config": [],
            "type": "AWS_PROXY",
            "uri": "arn:aws:apigateway:us-east-2:lambda:path/2015-03-31/functions/arn:aws:lambda:us-east-2:857360184083:function:search_input_history_date/invocations"
          },
          "sensitive_attributes": [],
          "identity_schema_version": 0,
          "private": "bnVsbA==",
          "dependencies": [
            "aws_api_gateway_authorizer.cognito_authorizer",
            "aws_api_gateway_method.main",
            "aws_api_gateway_resource.athletes",
            "aws_api_gateway_resource.coaches",
            "aws_api_gateway_resource.general",
            "aws_api_gateway_resource.subresources",
            "aws_api_gateway_rest_api.main",
            "aws_db_instance.default",
            "aws_db_subnet_group.rds_private",
            "aws_iam_role.lambda_role",
            "aws_iam_role_policy_attachment.lambda_rds_auth",
            "aws_lambda_function.lambdas",
            "aws_lambda_layer_version.rds",
            "aws_security_group.lambda_sg",
            "aws_subnet.private_subnet1",
            "aws_subnet.private_subnet2",
            "data.archive_file.lambda_archives",
            "data.archive_file.rds_layer",
            "data.aws_availability_zones.available",
            "data.aws_vpc.default"
          ],
          "create_before_destroy": true
        },
        {
          "index_key": "athletes/update_athlete_profile",
          "schema_version": 0,
          "attributes": {
            "cache_key_parameters": [],
            "cache_namespace": "5d4v2s",
            "connection_id": "",
            "connection_type": "INTERNET",
            "content_handling": "",
            "credentials": "",
            "http_method": "POST",
            "id": "agi-fyc4wanzoa-5d4v2s-POST",
            "integration_http_method": "POST",
            "passthrough_behavior": "WHEN_NO_MATCH",
            "request_parameters": {},
            "request_templates": {},
            "resource_id": "5d4v2s",
            "rest_api_id": "fyc4wanzoa",
            "timeout_milliseconds": 29000,
            "tls_config": [],
            "type": "AWS_PROXY",
            "uri": "arn:aws:apigateway:us-east-2:lambda:path/2015-03-31/functions/arn:aws:lambda:us-east-2:857360184083:function:update_athlete_profile/invocations"
          },
          "sensitive_attributes": [],
          "identity_schema_version": 0,
          "private": "bnVsbA==",
          "dependencies": [
            "aws_api_gateway_authorizer.cognito_authorizer",
            "aws_api_gateway_method.main",
            "aws_api_gateway_resource.athletes",
            "aws_api_gateway_resource.coaches",
            "aws_api_gateway_resource.general",
            "aws_api_gateway_resource.subresources",
            "aws_api_gateway_rest_api.main",
            "aws_db_instance.default",
            "aws_db_subnet_group.rds_private",
            "aws_iam_role.lambda_role",
            "aws_iam_role_policy_attachment.lambda_rds_auth",
            "aws_lambda_function.lambdas",
            "aws_lambda_layer_version.rds",
            "aws_security_group.lambda_sg",
            "aws_subnet.private_subnet1",
            "aws_subnet.private_subnet2",
            "data.archive_file.lambda_archives",
            "data.archive_file.rds_layer",
            "data.aws_availability_zones.available",
            "data.aws_vpc.default"
          ],
          "create_before_destroy": true
        },
        {
          "index_key": "athletes/view_workout_inputs",
          "schema_version": 0,
          "attributes": {
            "cache_key_parameters": [],
            "cache_namespace": "2ddnei",
            "connection_id": "",
            "connection_type": "INTERNET",
            "content_handling": "",
            "credentials": "",
            "http_method": "GET",
            "id": "agi-fyc4wanzoa-2ddnei-GET",
            "integration_http_method": "POST",
            "passthrough_behavior": "WHEN_NO_MATCH",
            "request_parameters": {},
            "request_templates": {},
            "resource_id": "2ddnei",
            "rest_api_id": "fyc4wanzoa",
            "timeout_milliseconds": 29000,
            "tls_config": [],
            "type": "AWS_PROXY",
            "uri": "arn:aws:apigateway:us-east-2:lambda:path/2015-03-31/functions/arn:aws:lambda:us-east-2:857360184083:function:view_workout_inputs/invocations"
          },
          "sensitive_attributes": [],
          "identity_schema_version": 0,
          "private": "bnVsbA==",
          "dependencies": [
            "aws_api_gateway_authorizer.cognito_authorizer",
            "aws_api_gateway_method.main",
            "aws_api_gateway_resource.athletes",
            "aws_api_gateway_resource.coaches",
            "aws_api_gateway_resource.general",
            "aws_api_gateway_resource.subresources",
            "aws_api_gateway_rest_api.main",
            "aws_db_instance.default",
            "aws_db_subnet_group.rds_private",
            "aws_iam_role.lambda_role",
            "aws_iam_role_policy_attachment.lambda_rds_auth",
            "aws_lambda_function.lambdas",
            "aws_lambda_layer_version.rds",
            "aws_security_group.lambda_sg",
            "aws_subnet.private_subnet1",
            "aws_subnet.private_subnet2",
            "data.archive_file.lambda_archives",
            "data.archive_file.rds_layer",
            "data.aws_availability_zones.available",
            "data.aws_vpc.default"
          ],
          "create_before_destroy": true
        },
        {
          "index_key": "coaches/accept_athlete_request",
          "schema_version": 0,
          "attributes": {
            "cache_key_parameters": [],
            "cache_namespace": "9q5y47",
            "connection_id": "",
            "connection_type": "INTERNET",
            "content_handling": "",
            "credentials": "",
            "http_method": "POST",
            "id": "agi-fyc4wanzoa-9q5y47-POST",
            "integration_http_method": "POST",
            "passthrough_behavior": "WHEN_NO_MATCH",
            "request_parameters": {},
            "request_templates": {},
            "resource_id": "9q5y47",
            "rest_api_id": "fyc4wanzoa",
            "timeout_milliseconds": 29000,
            "tls_config": [],
            "type": "AWS_PROXY",
            "uri": "arn:aws:apigateway:us-east-2:lambda:path/2015-03-31/functions/arn:aws:lambda:us-east-2:857360184083:function:accept_athlete_request/invocations"
          },
          "sensitive_attributes": [],
          "identity_schema_version": 0,
          "private": "bnVsbA==",
          "dependencies": [
            "aws_api_gateway_authorizer.cognito_authorizer",
            "aws_api_gateway_method.main",
            "aws_api_gateway_resource.athletes",
            "aws_api_gateway_resource.coaches",
            "aws_api_gateway_resource.general",
            "aws_api_gateway_resource.subresources",
            "aws_api_gateway_rest_api.main",
            "aws_db_instance.default",
            "aws_db_subnet_group.rds_private",
            "aws_iam_role.lambda_role",
            "aws_iam_role_policy_attachment.lambda_rds_auth",
            "aws_lambda_function.lambdas",
            "aws_lambda_layer_version.rds",
            "aws_security_group.lambda_sg",
            "aws_subnet.private_subnet1",
            "aws_subnet.private_subnet2",
            "data.archive_file.lambda_archives",
            "data.archive_file.rds_layer",
            "data.aws_availability_zones.available",
            "data.aws_vpc.default"
          ],
          "create_before_destroy": true
        },
        {
          "index_key": "coaches/add_athlete_to_group",
          "schema_version": 0,
          "attributes": {
            "cache_key_parameters": [],
            "cache_namespace": "fkinp0",
            "connection_id": "",
            "connection_type": "INTERNET",
            "content_handling": "",
            "credentials": "",
            "http_method": "POST",
            "id": "agi-fyc4wanzoa-fkinp0-POST",
            "integration_http_method": "POST",
            "passthrough_behavior": "WHEN_NO_MATCH",
            "request_parameters": {},
            "request_templates": {},
            "resource_id": "fkinp0",
            "rest_api_id": "fyc4wanzoa",
            "timeout_milliseconds": 29000,
            "tls_config": [],
            "type": "AWS_PROXY",
            "uri": "arn:aws:apigateway:us-east-2:lambda:path/2015-03-31/functions/arn:aws:lambda:us-east-2:857360184083:function:add_athlete_to_group/invocations"
          },
          "sensitive_attributes": [],
          "identity_schema_version": 0,
          "private": "bnVsbA==",
          "dependencies": [
            "aws_api_gateway_authorizer.cognito_authorizer",
            "aws_api_gateway_method.main",
            "aws_api_gateway_resource.athletes",
            "aws_api_gateway_resource.coaches",
            "aws_api_gateway_resource.general",
            "aws_api_gateway_resource.subresources",
            "aws_api_gateway_rest_api.main",
            "aws_db_instance.default",
            "aws_db_subnet_group.rds_private",
            "aws_iam_role.lambda_role",
            "aws_iam_role_policy_attachment.lambda_rds_auth",
            "aws_lambda_function.lambdas",
            "aws_lambda_layer_version.rds",
            "aws_security_group.lambda_sg",
            "aws_subnet.private_subnet1",
            "aws_subnet.private_subnet2",
            "data.archive_file.lambda_archives",
            "data.archive_file.rds_layer",
            "data.aws_availability_zones.available",
            "data.aws_vpc.default"
          ],
          "create_before_destroy": true
        },
        {
          "index_key": "coaches/assign_group_workout",
          "schema_version": 0,
          "attributes": {
            "cache_key_parameters": [],
            "cache_namespace": "vlm5eu",
            "connection_id": "",
            "connection_type": "INTERNET",
            "content_handling": "",
            "credentials": "",
            "http_method": "POST",
            "id": "agi-fyc4wanzoa-vlm5eu-POST",
            "integration_http_method": "POST",
            "passthrough_behavior": "WHEN_NO_MATCH",
            "request_parameters": {},
            "request_templates": {},
            "resource_id": "vlm5eu",
            "rest_api_id": "fyc4wanzoa",
            "timeout_milliseconds": 29000,
            "tls_config": [],
            "type": "AWS_PROXY",
            "uri": "arn:aws:apigateway:us-east-2:lambda:path/2015-03-31/functions/arn:aws:lambda:us-east-2:857360184083:function:assign_group_workout/invocations"
          },
          "sensitive_attributes": [],
          "identity_schema_version": 0,
          "private": "bnVsbA==",
          "dependencies": [
            "aws_api_gateway_authorizer.cognito_authorizer",
            "aws_api_gateway_method.main",
            "aws_api_gateway_resource.athletes",
            "aws_api_gateway_resource.coaches",
            "aws_api_gateway_resource.general",
            "aws_api_gateway_resource.subresources",
            "aws_api_gateway_rest_api.main",
            "aws_db_instance.default",
            "aws_db_subnet_group.rds_private",
            "aws_iam_role.lambda_role",
            "aws_iam_role_policy_attachment.lambda_rds_auth",
            "aws_lambda_function.lambdas",
            "aws_lambda_layer_version.rds",
            "aws_security_group.lambda_sg",
            "aws_subnet.private_subnet1",
            "aws_subnet.private_subnet2",
            "data.archive_file.lambda_archives",
            "data.archive_file.rds_layer",
            "data.aws_availability_zones.available",
            "data.aws_vpc.default"
          ],
          "create_before_destroy": true
        },
        {
          "index_key": "coaches/assign_group_workout_template",
          "schema_version": 0,
          "attributes": {
            "cache_key_parameters": [],
            "cache_namespace": "9h7v2c",
            "connection_id": "",
            "connection_type": "INTERNET",
            "content_handling": "",
            "credentials": "",
            "http_method": "POST",
            "id": "agi-fyc4wanzoa-9h7v2c-POST",
            "integration_http_method": "POST",
            "passthrough_behavior": "WHEN_NO_MATCH",
            "request_parameters": {},
            "request_templates": {},
            "resource_id": "9h7v2c",
            "rest_api_id": "fyc4wanzoa",
            "timeout_milliseconds": 29000,
            "tls_config": [],
            "type": "AWS_PROXY",
            "uri": "arn:aws:apigateway:us-east-2:lambda:path/2015-03-31/functions/arn:aws:lambda:us-east-2:857360184083:function:assign_group_workout_template/invocations"
          },
          "sensitive_attributes": [],
          "identity_schema_version": 0,
          "private": "bnVsbA==",
          "dependencies": [
            "aws_api_gateway_authorizer.cognito_authorizer",
            "aws_api_gateway_method.main",
            "aws_api_gateway_resource.athletes",
            "aws_api_gateway_resource.coaches",
            "aws_api_gateway_resource.general",
            "aws_api_gateway_resource.subresources",
            "aws_api_gateway_rest_api.main",
            "aws_db_instance.default",
            "aws_db_subnet_group.rds_private",
            "aws_iam_role.lambda_role",
            "aws_iam_role_policy_attachment.lambda_rds_auth",
            "aws_lambda_function.lambdas",
            "aws_lambda_layer_version.rds",
            "aws_security_group.lambda_sg",
            "aws_subnet.private_subnet1",
            "aws_subnet.private_subnet2",
            "data.archive_file.lambda_archives",
            "data.archive_file.rds_layer",
            "data.aws_availability_zones.available",
            "data.aws_vpc.default"
          ],
          "create_before_destroy": true
        },
        {
          "index_key": "coaches/create_coach",
          "schema_version": 0,
          "attributes": {
            "cache_key_parameters": [],
            "cache_namespace": "5glor0",
            "connection_id": "",
            "connection_type": "INTERNET",
            "content_handling": "",
            "credentials": "",
            "http_method": "POST",
            "id": "agi-fyc4wanzoa-5glor0-POST",
            "integration_http_method": "POST",
            "passthrough_behavior": "WHEN_NO_MATCH",
            "request_parameters": {},
            "request_templates": {},
            "resource_id": "5glor0",
            "rest_api_id": "fyc4wanzoa",
            "timeout_milliseconds": 29000,
            "tls_config": [],
            "type": "AWS_PROXY",
            "uri": "arn:aws:apigateway:us-east-2:lambda:path/2015-03-31/functions/arn:aws:lambda:us-east-2:857360184083:function:create_coach/invocations"
          },
          "sensitive_attributes": [],
          "identity_schema_version": 0,
          "private": "bnVsbA==",
          "dependencies": [
            "aws_api_gateway_authorizer.cognito_authorizer",
            "aws_api_gateway_method.main",
            "aws_api_gateway_resource.athletes",
            "aws_api_gateway_resource.coaches",
            "aws_api_gateway_resource.general",
            "aws_api_gateway_resource.subresources",
            "aws_api_gateway_rest_api.main",
            "aws_db_instance.default",
            "aws_db_subnet_group.rds_private",
            "aws_iam_role.lambda_role",
            "aws_iam_role_policy_attachment.lambda_rds_auth",
            "aws_lambda_function.lambdas",
            "aws_lambda_layer_version.rds",
            "aws_security_group.lambda_sg",
            "aws_subnet.private_subnet1",
            "aws_subnet.private_subnet2",
            "data.archive_file.lambda_archives",
            "data.archive_file.rds_layer",
            "data.aws_availability_zones.available",
            "data.aws_vpc.default"
          ],
          "create_before_destroy": true
        },
        {
          "index_key": "coaches/create_group",
          "schema_version": 0,
          "attributes": {
            "cache_key_parameters": [],
            "cache_namespace": "9cji1a",
            "connection_id": "",
            "connection_type": "INTERNET",
            "content_handling": "",
            "credentials": "",
            "http_method": "POST",
            "id": "agi-fyc4wanzoa-9cji1a-POST",
            "integration_http_method": "POST",
            "passthrough_behavior": "WHEN_NO_MATCH",
            "request_parameters": {},
            "request_templates": {},
            "resource_id": "9cji1a",
            "rest_api_id": "fyc4wanzoa",
            "timeout_milliseconds": 29000,
            "tls_config": [],
            "type": "AWS_PROXY",
            "uri": "arn:aws:apigateway:us-east-2:lambda:path/2015-03-31/functions/arn:aws:lambda:us-east-2:857360184083:function:create_group/invocations"
          },
          "sensitive_attributes": [],
          "identity_schema_version": 0,
          "private": "bnVsbA==",
          "dependencies": [
            "aws_api_gateway_authorizer.cognito_authorizer",
            "aws_api_gateway_method.main",
            "aws_api_gateway_resource.athletes",
            "aws_api_gateway_resource.coaches",
            "aws_api_gateway_resource.general",
            "aws_api_gateway_resource.subresources",
            "aws_api_gateway_rest_api.main",
            "aws_db_instance.default",
            "aws_db_subnet_group.rds_private",
            "aws_iam_role.lambda_role",
            "aws_iam_role_policy_attachment.lambda_rds_auth",
            "aws_lambda_function.lambdas",
            "aws_lambda_layer_version.rds",
            "aws_security_group.lambda_sg",
            "aws_subnet.private_subnet1",
            "aws_subnet.private_subnet2",
            "data.archive_file.lambda_archives",
            "data.archive_file.rds_layer",
            "data.aws_availability_zones.available",
            "data.aws_vpc.default"
          ],
          "create_before_destroy": true
        },
        {
          "index_key": "coaches/create_workout_template",
          "schema_version": 0,
          "attributes": {
            "cache_key_parameters": [],
            "cache_namespace": "75n4j3",
            "connection_id": "",
            "connection_type": "INTERNET",
            "content_handling": "",
            "credentials": "",
            "http_method": "POST",
            "id": "agi-fyc4wanzoa-75n4j3-POST",
            "integration_http_method": "POST",
            "passthrough_behavior": "WHEN_NO_MATCH",
            "request_parameters": {},
            "request_templates": {},
            "resource_id": "75n4j3",
            "rest_api_id": "fyc4wanzoa",
            "timeout_milliseconds": 29000,
            "tls_config": [],
            "type": "AWS_PROXY",
            "uri": "arn:aws:apigateway:us-east-2:lambda:path/2015-03-31/functions/arn:aws:lambda:us-east-2:857360184083:function:create_workout_template/invocations"
          },
          "sensitive_attributes": [],
          "identity_schema_version": 0,
          "private": "bnVsbA==",
          "dependencies": [
            "aws_api_gateway_authorizer.cognito_authorizer",
            "aws_api_gateway_method.main",
            "aws_api_gateway_resource.athletes",
            "aws_api_gateway_resource.coaches",
            "aws_api_gateway_resource.general",
            "aws_api_gateway_resource.subresources",
            "aws_api_gateway_rest_api.main",
            "aws_db_instance.default",
            "aws_db_subnet_group.rds_private",
            "aws_iam_role.lambda_role",
            "aws_iam_role_policy_attachment.lambda_rds_auth",
            "aws_lambda_function.lambdas",
            "aws_lambda_layer_version.rds",
            "aws_security_group.lambda_sg",
            "aws_subnet.private_subnet1",
            "aws_subnet.private_subnet2",
            "data.archive_file.lambda_archives",
            "data.archive_file.rds_layer",
            "data.aws_availability_zones.available",
            "data.aws_vpc.default"
          ],
          "create_before_destroy": true
        },
        {
          "index_key": "coaches/decline_athlete_request",
          "schema_version": 0,
          "attributes": {
            "cache_key_parameters": [],
            "cache_namespace": "o54nfi",
            "connection_id": "",
            "connection_type": "INTERNET",
            "content_handling": "",
            "credentials": "",
            "http_method": "DELETE",
            "id": "agi-fyc4wanzoa-o54nfi-DELETE",
            "integration_http_method": "POST",
            "passthrough_behavior": "WHEN_NO_MATCH",
            "request_parameters": {},
            "request_templates": {},
            "resource_id": "o54nfi",
            "rest_api_id": "fyc4wanzoa",
            "timeout_milliseconds": 29000,
            "tls_config": [],
            "type": "AWS_PROXY",
            "uri": "arn:aws:apigateway:us-east-2:lambda:path/2015-03-31/functions/arn:aws:lambda:us-east-2:857360184083:function:decline_athlete_request/invocations"
          },
          "sensitive_attributes": [],
          "identity_schema_version": 0,
          "private": "bnVsbA==",
          "dependencies": [
            "aws_api_gateway_authorizer.cognito_authorizer",
            "aws_api_gateway_method.main",
            "aws_api_gateway_resource.athletes",
            "aws_api_gateway_resource.coaches",
            "aws_api_gateway_resource.general",
            "aws_api_gateway_resource.subresources",
            "aws_api_gateway_rest_api.main",
            "aws_db_instance.default",
            "aws_db_subnet_group.rds_private",
            "aws_iam_role.lambda_role",
            "aws_iam_role_policy_attachment.lambda_rds_auth",
            "aws_lambda_function.lambdas",
            "aws_lambda_layer_version.rds",
            "aws_security_group.lambda_sg",
            "aws_subnet.private_subnet1",
            "aws_subnet.private_subnet2",
            "data.archive_file.lambda_archives",
            "data.archive_file.rds_layer",
            "data.aws_availability_zones.available",
            "data.aws_vpc.default"
          ],
          "create_before_destroy": true
        },
        {
          "index_key": "coaches/delete_group",
          "schema_version": 0,
          "attributes": {
            "cache_key_parameters": [],
            "cache_namespace": "7eywmd",
            "connection_id": "",
            "connection_type": "INTERNET",
            "content_handling": "",
            "credentials": "",
            "http_method": "DELETE",
            "id": "agi-fyc4wanzoa-7eywmd-DELETE",
            "integration_http_method": "POST",
            "passthrough_behavior": "WHEN_NO_MATCH",
            "request_parameters": {},
            "request_templates": {},
            "resource_id": "7eywmd",
            "rest_api_id": "fyc4wanzoa",
            "timeout_milliseconds": 29000,
            "tls_config": [],
            "type": "AWS_PROXY",
            "uri": "arn:aws:apigateway:us-east-2:lambda:path/2015-03-31/functions/arn:aws:lambda:us-east-2:857360184083:function:delete_group/invocations"
          },
          "sensitive_attributes": [],
          "identity_schema_version": 0,
          "private": "bnVsbA==",
          "dependencies": [
            "aws_api_gateway_authorizer.cognito_authorizer",
            "aws_api_gateway_method.main",
            "aws_api_gateway_resource.athletes",
            "aws_api_gateway_resource.coaches",
            "aws_api_gateway_resource.general",
            "aws_api_gateway_resource.subresources",
            "aws_api_gateway_rest_api.main",
            "aws_db_instance.default",
            "aws_db_subnet_group.rds_private",
            "aws_iam_role.lambda_role",
            "aws_iam_role_policy_attachment.lambda_rds_auth",
            "aws_lambda_function.lambdas",
            "aws_lambda_layer_version.rds",
            "aws_security_group.lambda_sg",
            "aws_subnet.private_subnet1",
            "aws_subnet.private_subnet2",
            "data.archive_file.lambda_archives",
            "data.archive_file.rds_layer",
            "data.aws_availability_zones.available",
            "data.aws_vpc.default"
          ],
          "create_before_destroy": true
        },
        {
          "index_key": "coaches/delete_group_workout",
          "schema_version": 0,
          "attributes": {
            "cache_key_parameters": [],
            "cache_namespace": "qp6t2m",
            "connection_id": "",
            "connection_type": "INTERNET",
            "content_handling": "",
            "credentials": "",
            "http_method": "DELETE",
            "id": "agi-fyc4wanzoa-qp6t2m-DELETE",
            "integration_http_method": "POST",
            "passthrough_behavior": "WHEN_NO_MATCH",
            "request_parameters": {},
            "request_templates": {},
            "resource_id": "qp6t2m",
            "rest_api_id": "fyc4wanzoa",
            "timeout_milliseconds": 29000,
            "tls_config": [],
            "type": "AWS_PROXY",
            "uri": "arn:aws:apigateway:us-east-2:lambda:path/2015-03-31/functions/arn:aws:lambda:us-east-2:857360184083:function:delete_group_workout/invocations"
          },
          "sensitive_attributes": [],
          "identity_schema_version": 0,
          "private": "bnVsbA==",
          "dependencies": [
            "aws_api_gateway_authorizer.cognito_authorizer",
            "aws_api_gateway_method.main",
            "aws_api_gateway_resource.athletes",
            "aws_api_gateway_resource.coaches",
            "aws_api_gateway_resource.general",
            "aws_api_gateway_resource.subresources",
            "aws_api_gateway_rest_api.main",
            "aws_db_instance.default",
            "aws_db_subnet_group.rds_private",
            "aws_iam_role.lambda_role",
            "aws_iam_role_policy_attachment.lambda_rds_auth",
            "aws_lambda_function.lambdas",
            "aws_lambda_layer_version.rds",
            "aws_security_group.lambda_sg",
            "aws_subnet.private_subnet1",
            "aws_subnet.private_subnet2",
            "data.archive_file.lambda_archives",
            "data.archive_file.rds_layer",
            "data.aws_availability_zones.available",
            "data.aws_vpc.default"
          ],
          "create_before_destroy": true
        },
        {
          "index_key": "coaches/delete_workout_template",
          "schema_version": 0,
          "attributes": {
            "cache_key_parameters": [],
            "cache_namespace": "q80ac6",
            "connection_id": "",
            "connection_type": "INTERNET",
            "content_handling": "",
            "credentials": "",
            "http_method": "DELETE",
            "id": "agi-fyc4wanzoa-q80ac6-DELETE",
            "integration_http_method": "POST",
            "passthrough_behavior": "WHEN_NO_MATCH",
            "request_parameters": {},
            "request_templates": {},
            "resource_id": "q80ac6",
            "rest_api_id": "fyc4wanzoa",
            "timeout_milliseconds": 29000,
            "tls_config": [],
            "type": "AWS_PROXY",
            "uri": "arn:aws:apigateway:us-east-2:lambda:path/2015-03-31/functions/arn:aws:lambda:us-east-2:857360184083:function:delete_workout_template/invocations"
          },
          "sensitive_attributes": [],
          "identity_schema_version": 0,
          "private": "bnVsbA==",
          "dependencies": [
            "aws_api_gateway_authorizer.cognito_authorizer",
            "aws_api_gateway_method.main",
            "aws_api_gateway_resource.athletes",
            "aws_api_gateway_resource.coaches",
            "aws_api_gateway_resource.general",
            "aws_api_gateway_resource.subresources",
            "aws_api_gateway_rest_api.main",
            "aws_db_instance.default",
            "aws_db_subnet_group.rds_private",
            "aws_iam_role.lambda_role",
            "aws_iam_role_policy_attachment.lambda_rds_auth",
            "aws_lambda_function.lambdas",
            "aws_lambda_layer_version.rds",
            "aws_security_group.lambda_sg",
            "aws_subnet.private_subnet1",
            "aws_subnet.private_subnet2",
            "data.archive_file.lambda_archives",
            "data.archive_file.rds_layer",
            "data.aws_availability_zones.available",
            "data.aws_vpc.default"
          ],
          "create_before_destroy": true
        },
        {
          "index_key": "coaches/get_absent_group_athletes",
          "schema_version": 0,
          "attributes": {
            "cache_key_parameters": [],
            "cache_namespace": "v76136",
            "connection_id": "",
            "connection_type": "INTERNET",
            "content_handling": "",
            "credentials": "",
            "http_method": "GET",
            "id": "agi-fyc4wanzoa-v76136-GET",
            "integration_http_method": "POST",
            "passthrough_behavior": "WHEN_NO_MATCH",
            "request_parameters": {},
            "request_templates": {},
            "resource_id": "v76136",
            "rest_api_id": "fyc4wanzoa",
            "timeout_milliseconds": 29000,
            "tls_config": [],
            "type": "AWS_PROXY",
            "uri": "arn:aws:apigateway:us-east-2:lambda:path/2015-03-31/functions/arn:aws:lambda:us-east-2:857360184083:function:get_absent_group_athletes/invocations"
          },
          "sensitive_attributes": [],
          "identity_schema_version": 0,
          "private": "bnVsbA==",
          "dependencies": [
            "aws_api_gateway_authorizer.cognito_authorizer",
            "aws_api_gateway_method.main",
            "aws_api_gateway_resource.athletes",
            "aws_api_gateway_resource.coaches",
            "aws_api_gateway_resource.general",
            "aws_api_gateway_resource.subresources",
            "aws_api_gateway_rest_api.main",
            "aws_db_instance.default",
            "aws_db_subnet_group.rds_private",
            "aws_iam_role.lambda_role",
            "aws_iam_role_policy_attachment.lambda_rds_auth",
            "aws_lambda_function.lambdas",
            "aws_lambda_layer_version.rds",
            "aws_security_group.lambda_sg",
            "aws_subnet.private_subnet1",
            "aws_subnet.private_subnet2",
            "data.archive_file.lambda_archives",
            "data.archive_file.rds_layer",
            "data.aws_availability_zones.available",
            "data.aws_vpc.default"
          ],
          "create_before_destroy": true
        },
        {
          "index_key": "coaches/get_athletes",
          "schema_version": 0,
          "attributes": {
            "cache_key_parameters": [],
            "cache_namespace": "d7av9n",
            "connection_id": "",
            "connection_type": "INTERNET",
            "content_handling": "",
            "credentials": "",
            "http_method": "GET",
            "id": "agi-fyc4wanzoa-d7av9n-GET",
            "integration_http_method": "POST",
            "passthrough_behavior": "WHEN_NO_MATCH",
            "request_parameters": {},
            "request_templates": {},
            "resource_id": "d7av9n",
            "rest_api_id": "fyc4wanzoa",
            "timeout_milliseconds": 29000,
            "tls_config": [],
            "type": "AWS_PROXY",
            "uri": "arn:aws:apigateway:us-east-2:lambda:path/2015-03-31/functions/arn:aws:lambda:us-east-2:857360184083:function:get_athletes/invocations"
          },
          "sensitive_attributes": [],
          "identity_schema_version": 0,
          "private": "bnVsbA==",
          "dependencies": [
            "aws_api_gateway_authorizer.cognito_authorizer",
            "aws_api_gateway_method.main",
            "aws_api_gateway_resource.athletes",
            "aws_api_gateway_resource.coaches",
            "aws_api_gateway_resource.general",
            "aws_api_gateway_resource.subresources",
            "aws_api_gateway_rest_api.main",
            "aws_db_instance.default",
            "aws_db_subnet_group.rds_private",
            "aws_iam_role.lambda_role",
            "aws_iam_role_policy_attachment.lambda_rds_auth",
            "aws_lambda_function.lambdas",
            "aws_lambda_layer_version.rds",
            "aws_security_group.lambda_sg",
            "aws_subnet.private_subnet1",
            "aws_subnet.private_subnet2",
            "data.archive_file.lambda_archives",
            "data.archive_file.rds_layer",
            "data.aws_availability_zones.available",
            "data.aws_vpc.default"
          ],
          "create_before_destroy": true
        },
        {
          "index_key": "coaches/get_available_history_dates",
          "schema_version": 0,
          "attributes": {
            "cache_key_parameters": [],
            "cache_namespace": "wur8oc",
            "connection_id": "",
            "connection_type": "INTERNET",
            "content_handling": "",
            "credentials": "",
            "http_method": "GET",
            "id": "agi-fyc4wanzoa-wur8oc-GET",
            "integration_http_method": "POST",
            "passthrough_behavior": "WHEN_NO_MATCH",
            "request_parameters": {},
            "request_templates": {},
            "resource_id": "wur8oc",
            "rest_api_id": "fyc4wanzoa",
            "timeout_milliseconds": 29000,
            "tls_config": [],
            "type": "AWS_PROXY",
            "uri": "arn:aws:apigateway:us-east-2:lambda:path/2015-03-31/functions/arn:aws:lambda:us-east-2:857360184083:function:get_available_history_dates/invocations"
          },
          "sensitive_attributes": [],
          "identity_schema_version": 0,
          "private": "bnVsbA==",
          "dependencies": [
            "aws_api_gateway_authorizer.cognito_authorizer",
            "aws_api_gateway_method.main",
            "aws_api_gateway_resource.athletes",
            "aws_api_gateway_resource.coaches",
            "aws_api_gateway_resource.general",
            "aws_api_gateway_resource.subresources",
            "aws_api_gateway_rest_api.main",
            "aws_db_instance.default",
            "aws_db_subnet_group.rds_private",
            "aws_iam_role.lambda_role",
            "aws_iam_role_policy_attachment.lambda_rds_auth",
            "aws_lambda_function.lambdas",
            "aws_lambda_layer_version.rds",
            "aws_security_group.lambda_sg",
            "aws_subnet.private_subnet1",
            "aws_subnet.private_subnet2",
            "data.archive_file.lambda_archives",
            "data.archive_file.rds_layer",
            "data.aws_availability_zones.available",
            "data.aws_vpc.default"
          ],
          "create_before_destroy": true
        },
        {
          "index_key": "coaches/get_workout_templates",
          "schema_version": 0,
          "attributes": {
            "cache_key_parameters": [],
            "cache_namespace": "ox2ge6",
            "connection_id": "",
            "connection_type": "INTERNET",
            "content_handling": "",
            "credentials": "",
            "http_method": "GET",
            "id": "agi-fyc4wanzoa-ox2ge6-GET",
            "integration_http_method": "POST",
            "passthrough_behavior": "WHEN_NO_MATCH",
            "request_parameters": {},
            "request_templates": {},
            "resource_id": "ox2ge6",
            "rest_api_id": "fyc4wanzoa",
            "timeout_milliseconds": 29000,
            "tls_config": [],
            "type": "AWS_PROXY",
            "uri": "arn:aws:apigateway:us-east-2:lambda:path/2015-03-31/functions/arn:aws:lambda:us-east-2:857360184083:function:get_workout_templates/invocations"
          },
          "sensitive_attributes": [],
          "identity_schema_version": 0,
          "private": "bnVsbA==",
          "dependencies": [
            "aws_api_gateway_authorizer.cognito_authorizer",
            "aws_api_gateway_method.main",
            "aws_api_gateway_resource.athletes",
            "aws_api_gateway_resource.coaches",
            "aws_api_gateway_resource.general",
            "aws_api_gateway_resource.subresources",
            "aws_api_gateway_rest_api.main",
            "aws_db_instance.default",
            "aws_db_subnet_group.rds_private",
            "aws_iam_role.lambda_role",
            "aws_iam_role_policy_attachment.lambda_rds_auth",
            "aws_lambda_function.lambdas",
            "aws_lambda_layer_version.rds",
            "aws_security_group.lambda_sg",
            "aws_subnet.private_subnet1",
            "aws_subnet.private_subnet2",
            "data.archive_file.lambda_archives",
            "data.archive_file.rds_layer",
            "data.aws_availability_zones.available",
            "data.aws_vpc.default"
          ],
          "create_before_destroy": true
        },
        {
          "index_key": "coaches/invite_athlete",
          "schema_version": 0,
          "attributes": {
            "cache_key_parameters": [],
            "cache_namespace": "jpqcjn",
            "connection_id": "",
            "connection_type": "INTERNET",
            "content_handling": "",
            "credentials": "",
            "http_method": "POST",
            "id": "agi-fyc4wanzoa-jpqcjn-POST",
            "integration_http_method": "POST",
            "passthrough_behavior": "WHEN_NO_MATCH",
            "request_parameters": {},
            "request_templates": {},
            "resource_id": "jpqcjn",
            "rest_api_id": "fyc4wanzoa",
            "timeout_milliseconds": 29000,
            "tls_config": [],
            "type": "AWS_PROXY",
            "uri": "arn:aws:apigateway:us-east-2:lambda:path/2015-03-31/functions/arn:aws:lambda:us-east-2:857360184083:function:invite_athlete/invocations"
          },
          "sensitive_attributes": [],
          "identity_schema_version": 0,
          "private": "bnVsbA==",
          "dependencies": [
            "aws_api_gateway_authorizer.cognito_authorizer",
            "aws_api_gateway_method.main",
            "aws_api_gateway_resource.athletes",
            "aws_api_gateway_resource.coaches",
            "aws_api_gateway_resource.general",
            "aws_api_gateway_resource.subresources",
            "aws_api_gateway_rest_api.main",
            "aws_db_instance.default",
            "aws_db_subnet_group.rds_private",
            "aws_iam_role.lambda_role",
            "aws_iam_role_policy_attachment.lambda_rds_auth",
            "aws_lambda_function.lambdas",
            "aws_lambda_layer_version.rds",
            "aws_security_group.lambda_sg",
            "aws_subnet.private_subnet1",
            "aws_subnet.private_subnet2",
            "data.archive_file.lambda_archives",
            "data.archive_file.rds_layer",
            "data.aws_availability_zones.available",
            "data.aws_vpc.default"
          ],
          "create_before_destroy": true
        },
        {
          "index_key": "coaches/remove_group_athlete",
          "schema_version": 0,
          "attributes": {
            "cache_key_parameters": [],
            "cache_namespace": "sccl0g",
            "connection_id": "",
            "connection_type": "INTERNET",
            "content_handling": "",
            "credentials": "",
            "http_method": "DELETE",
            "id": "agi-fyc4wanzoa-sccl0g-DELETE",
            "integration_http_method": "POST",
            "passthrough_behavior": "WHEN_NO_MATCH",
            "request_parameters": {},
            "request_templates": {},
            "resource_id": "sccl0g",
            "rest_api_id": "fyc4wanzoa",
            "timeout_milliseconds": 29000,
            "tls_config": [],
            "type": "AWS_PROXY",
            "uri": "arn:aws:apigateway:us-east-2:lambda:path/2015-03-31/functions/arn:aws:lambda:us-east-2:857360184083:function:remove_group_athlete/invocations"
          },
          "sensitive_attributes": [],
          "identity_schema_version": 0,
          "private": "bnVsbA==",
          "dependencies": [
            "aws_api_gateway_authorizer.cognito_authorizer",
            "aws_api_gateway_method.main",
            "aws_api_gateway_resource.athletes",
            "aws_api_gateway_resource.coaches",
            "aws_api_gateway_resource.general",
            "aws_api_gateway_resource.subresources",
            "aws_api_gateway_rest_api.main",
            "aws_db_instance.default",
            "aws_db_subnet_group.rds_private",
            "aws_iam_role.lambda_role",
            "aws_iam_role_policy_attachment.lambda_rds_auth",
            "aws_lambda_function.lambdas",
            "aws_lambda_layer_version.rds",
            "aws_security_group.lambda_sg",
            "aws_subnet.private_subnet1",
            "aws_subnet.private_subnet2",
            "data.archive_file.lambda_archives",
            "data.archive_file.rds_layer",
            "data.aws_availability_zones.available",
            "data.aws_vpc.default"
          ],
          "create_before_destroy": true
        },
        {
          "index_key": "coaches/search_athletes",
          "schema_version": 0,
          "attributes": {
            "cache_key_parameters": [],
            "cache_namespace": "zflfz0",
            "connection_id": "",
            "connection_type": "INTERNET",
            "content_handling": "",
            "credentials": "",
            "http_method": "GET",
            "id": "agi-fyc4wanzoa-zflfz0-GET",
            "integration_http_method": "POST",
            "passthrough_behavior": "WHEN_NO_MATCH",
            "request_parameters": {},
            "request_templates": {},
            "resource_id": "zflfz0",
            "rest_api_id": "fyc4wanzoa",
            "timeout_milliseconds": 29000,
            "tls_config": [],
            "type": "AWS_PROXY",
            "uri": "arn:aws:apigateway:us-east-2:lambda:path/2015-03-31/functions/arn:aws:lambda:us-east-2:857360184083:function:search_athletes/invocations"
          },
          "sensitive_attributes": [],
          "identity_schema_version": 0,
          "private": "bnVsbA==",
          "dependencies": [
            "aws_api_gateway_authorizer.cognito_authorizer",
            "aws_api_gateway_method.main",
            "aws_api_gateway_resource.athletes",
            "aws_api_gateway_resource.coaches",
            "aws_api_gateway_resource.general",
            "aws_api_gateway_resource.subresources",
            "aws_api_gateway_rest_api.main",
            "aws_db_instance.default",
            "aws_db_subnet_group.rds_private",
            "aws_iam_role.lambda_role",
            "aws_iam_role_policy_attachment.lambda_rds_auth",
            "aws_lambda_function.lambdas",
            "aws_lambda_layer_version.rds",
            "aws_security_group.lambda_sg",
            "aws_subnet.private_subnet1",
            "aws_subnet.private_subnet2",
            "data.archive_file.lambda_archives",
            "data.archive_file.rds_layer",
            "data.aws_availability_zones.available",
            "data.aws_vpc.default"
          ],
          "create_before_destroy": true
        },
        {
          "index_key": "coaches/update_coach_profile",
          "schema_version": 0,
          "attributes": {
            "cache_key_parameters": [],
            "cache_namespace": "x8ig5c",
            "connection_id": "",
            "connection_type": "INTERNET",
            "content_handling": "",
            "credentials": "",
            "http_method": "POST",
            "id": "agi-fyc4wanzoa-x8ig5c-POST",
            "integration_http_method": "POST",
            "passthrough_behavior": "WHEN_NO_MATCH",
            "request_parameters": {},
            "request_templates": {},
            "resource_id": "x8ig5c",
            "rest_api_id": "fyc4wanzoa",
            "timeout_milliseconds": 29000,
            "tls_config": [],
            "type": "AWS_PROXY",
            "uri": "arn:aws:apigateway:us-east-2:lambda:path/2015-03-31/functions/arn:aws:lambda:us-east-2:857360184083:function:update_coach_profile/invocations"
          },
          "sensitive_attributes": [],
          "identity_schema_version": 0,
          "private": "bnVsbA==",
          "dependencies": [
            "aws_api_gateway_authorizer.cognito_authorizer",
            "aws_api_gateway_method.main",
            "aws_api_gateway_resource.athletes",
            "aws_api_gateway_resource.coaches",
            "aws_api_gateway_resource.general",
            "aws_api_gateway_resource.subresources",
            "aws_api_gateway_rest_api.main",
            "aws_db_instance.default",
            "aws_db_subnet_group.rds_private",
            "aws_iam_role.lambda_role",
            "aws_iam_role_policy_attachment.lambda_rds_auth",
            "aws_lambda_function.lambdas",
            "aws_lambda_layer_version.rds",
            "aws_security_group.lambda_sg",
            "aws_subnet.private_subnet1",
            "aws_subnet.private_subnet2",
            "data.archive_file.lambda_archives",
            "data.archive_file.rds_layer",
            "data.aws_availability_zones.available",
            "data.aws_vpc.default"
          ],
          "create_before_destroy": true
        },
        {
          "index_key": "coaches/view_athlete_requests",
          "schema_version": 0,
          "attributes": {
            "cache_key_parameters": [],
            "cache_namespace": "g82ihy",
            "connection_id": "",
            "connection_type": "INTERNET",
            "content_handling": "",
            "credentials": "",
            "http_method": "GET",
            "id": "agi-fyc4wanzoa-g82ihy-GET",
            "integration_http_method": "POST",
            "passthrough_behavior": "WHEN_NO_MATCH",
            "request_parameters": {},
            "request_templates": {},
            "resource_id": "g82ihy",
            "rest_api_id": "fyc4wanzoa",
            "timeout_milliseconds": 29000,
            "tls_config": [],
            "type": "AWS_PROXY",
            "uri": "arn:aws:apigateway:us-east-2:lambda:path/2015-03-31/functions/arn:aws:lambda:us-east-2:857360184083:function:view_athlete_requests/invocations"
          },
          "sensitive_attributes": [],
          "identity_schema_version": 0,
          "private": "bnVsbA==",
          "dependencies": [
            "aws_api_gateway_authorizer.cognito_authorizer",
            "aws_api_gateway_method.main",
            "aws_api_gateway_resource.athletes",
            "aws_api_gateway_resource.coaches",
            "aws_api_gateway_resource.general",
            "aws_api_gateway_resource.subresources",
            "aws_api_gateway_rest_api.main",
            "aws_db_instance.default",
            "aws_db_subnet_group.rds_private",
            "aws_iam_role.lambda_role",
            "aws_iam_role_policy_attachment.lambda_rds_auth",
            "aws_lambda_function.lambdas",
            "aws_lambda_layer_version.rds",
            "aws_security_group.lambda_sg",
            "aws_subnet.private_subnet1",
            "aws_subnet.private_subnet2",
            "data.archive_file.lambda_archives",
            "data.archive_file.rds_layer",
            "data.aws_availability_zones.available",
            "data.aws_vpc.default"
          ],
          "create_before_destroy": true
        },
        {
          "index_key": "general/fetch_historical_data",
          "schema_version": 0,
          "attributes": {
            "cache_key_parameters": [],
            "cache_namespace": "zroyvl",
            "connection_id": "",
            "connection_type": "INTERNET",
            "content_handling": "",
            "credentials": "",
            "http_method": "GET",
            "id": "agi-fyc4wanzoa-zroyvl-GET",
            "integration_http_method": "POST",
            "passthrough_behavior": "WHEN_NO_MATCH",
            "request_parameters": {},
            "request_templates": {},
            "resource_id": "zroyvl",
            "rest_api_id": "fyc4wanzoa",
            "timeout_milliseconds": 29000,
            "tls_config": [],
            "type": "AWS_PROXY",
            "uri": "arn:aws:apigateway:us-east-2:lambda:path/2015-03-31/functions/arn:aws:lambda:us-east-2:857360184083:function:fetch_historical_data/invocations"
          },
          "sensitive_attributes": [],
          "identity_schema_version": 0,
          "private": "bnVsbA==",
          "dependencies": [
            "aws_api_gateway_authorizer.cognito_authorizer",
            "aws_api_gateway_method.main",
            "aws_api_gateway_resource.athletes",
            "aws_api_gateway_resource.coaches",
            "aws_api_gateway_resource.general",
            "aws_api_gateway_resource.subresources",
            "aws_api_gateway_rest_api.main",
            "aws_db_instance.default",
            "aws_db_subnet_group.rds_private",
            "aws_iam_role.lambda_role",
            "aws_iam_role_policy_attachment.lambda_rds_auth",
            "aws_lambda_function.lambdas",
            "aws_lambda_layer_version.rds",
            "aws_security_group.lambda_sg",
            "aws_subnet.private_subnet1",
            "aws_subnet.private_subnet2",
            "data.archive_file.lambda_archives",
            "data.archive_file.rds_layer",
            "data.aws_availability_zones.available",
            "data.aws_vpc.default"
          ],
          "create_before_destroy": true
        },
        {
          "index_key": "general/get_athletes_for_group",
          "schema_version": 0,
          "attributes": {
            "cache_key_parameters": [],
            "cache_namespace": "uhqhpb",
            "connection_id": "",
            "connection_type": "INTERNET",
            "content_handling": "",
            "credentials": "",
            "http_method": "GET",
            "id": "agi-fyc4wanzoa-uhqhpb-GET",
            "integration_http_method": "POST",
            "passthrough_behavior": "WHEN_NO_MATCH",
            "request_parameters": {},
            "request_templates": {},
            "resource_id": "uhqhpb",
            "rest_api_id": "fyc4wanzoa",
            "timeout_milliseconds": 29000,
            "tls_config": [],
            "type": "AWS_PROXY",
            "uri": "arn:aws:apigateway:us-east-2:lambda:path/2015-03-31/functions/arn:aws:lambda:us-east-2:857360184083:function:get_athletes_for_group/invocations"
          },
          "sensitive_attributes": [],
          "identity_schema_version": 0,
          "private": "bnVsbA==",
          "dependencies": [
            "aws_api_gateway_authorizer.cognito_authorizer",
            "aws_api_gateway_method.main",
            "aws_api_gateway_resource.athletes",
            "aws_api_gateway_resource.coaches",
            "aws_api_gateway_resource.general",
            "aws_api_gateway_resource.subresources",
            "aws_api_gateway_rest_api.main",
            "aws_db_instance.default",
            "aws_db_subnet_group.rds_private",
            "aws_iam_role.lambda_role",
            "aws_iam_role_policy_attachment.lambda_rds_auth",
            "aws_lambda_function.lambdas",
            "aws_lambda_layer_version.rds",
            "aws_security_group.lambda_sg",
            "aws_subnet.private_subnet1",
            "aws_subnet.private_subnet2",
            "data.archive_file.lambda_archives",
            "data.archive_file.rds_layer",
            "data.aws_availability_zones.available",
            "data.aws_vpc.default"
          ],
          "create_before_destroy": true
        },
        {
          "index_key": "general/get_group_workout",
          "schema_version": 0,
          "attributes": {
            "cache_key_parameters": [],
            "cache_namespace": "s2ofb7",
            "connection_id": "",
            "connection_type": "INTERNET",
            "content_handling": "",
            "credentials": "",
            "http_method": "GET",
            "id": "agi-fyc4wanzoa-s2ofb7-GET",
            "integration_http_method": "POST",
            "passthrough_behavior": "WHEN_NO_MATCH",
            "request_parameters": {},
            "request_templates": {},
            "resource_id": "s2ofb7",
            "rest_api_id": "fyc4wanzoa",
            "timeout_milliseconds": 29000,
            "tls_config": [],
            "type": "AWS_PROXY",
            "uri": "arn:aws:apigateway:us-east-2:lambda:path/2015-03-31/functions/arn:aws:lambda:us-east-2:857360184083:function:get_group_workout/invocations"
          },
          "sensitive_attributes": [],
          "identity_schema_version": 0,
          "private": "bnVsbA==",
          "dependencies": [
            "aws_api_gateway_authorizer.cognito_authorizer",
            "aws_api_gateway_method.main",
            "aws_api_gateway_resource.athletes",
            "aws_api_gateway_resource.coaches",
            "aws_api_gateway_resource.general",
            "aws_api_gateway_resource.subresources",
            "aws_api_gateway_rest_api.main",
            "aws_db_instance.default",
            "aws_db_subnet_group.rds_private",
            "aws_iam_role.lambda_role",
            "aws_iam_role_policy_attachment.lambda_rds_auth",
            "aws_lambda_function.lambdas",
            "aws_lambda_layer_version.rds",
            "aws_security_group.lambda_sg",
            "aws_subnet.private_subnet1",
            "aws_subnet.private_subnet2",
            "data.archive_file.lambda_archives",
            "data.archive_file.rds_layer",
            "data.aws_availability_zones.available",
            "data.aws_vpc.default"
          ],
          "create_before_destroy": true
        },
        {
          "index_key": "general/get_groups",
          "schema_version": 0,
          "attributes": {
            "cache_key_parameters": [],
            "cache_namespace": "lvs279",
            "connection_id": "",
            "connection_type": "INTERNET",
            "content_handling": "",
            "credentials": "",
            "http_method": "GET",
            "id": "agi-fyc4wanzoa-lvs279-GET",
            "integration_http_method": "POST",
            "passthrough_behavior": "WHEN_NO_MATCH",
            "request_parameters": {},
            "request_templates": {},
            "resource_id": "lvs279",
            "rest_api_id": "fyc4wanzoa",
            "timeout_milliseconds": 29000,
            "tls_config": [],
            "type": "AWS_PROXY",
            "uri": "arn:aws:apigateway:us-east-2:lambda:path/2015-03-31/functions/arn:aws:lambda:us-east-2:857360184083:function:get_groups/invocations"
          },
          "sensitive_attributes": [],
          "identity_schema_version": 0,
          "private": "bnVsbA==",
          "dependencies": [
            "aws_api_gateway_authorizer.cognito_authorizer",
            "aws_api_gateway_method.main",
            "aws_api_gateway_resource.athletes",
            "aws_api_gateway_resource.coaches",
            "aws_api_gateway_resource.general",
            "aws_api_gateway_resource.subresources",
            "aws_api_gateway_rest_api.main",
            "aws_db_instance.default",
            "aws_db_subnet_group.rds_private",
            "aws_iam_role.lambda_role",
            "aws_iam_role_policy_attachment.lambda_rds_auth",
            "aws_lambda_function.lambdas",
            "aws_lambda_layer_version.rds",
            "aws_security_group.lambda_sg",
            "aws_subnet.private_subnet1",
            "aws_subnet.private_subnet2",
            "data.archive_file.lambda_archives",
            "data.archive_file.rds_layer",
            "data.aws_availability_zones.available",
            "data.aws_vpc.default"
          ],
          "create_before_destroy": true
        },
        {
          "index_key": "general/get_pending_proposals",
          "schema_version": 0,
          "attributes": {
            "cache_key_parameters": [],
            "cache_namespace": "4wow8t",
            "connection_id": "",
            "connection_type": "INTERNET",
            "content_handling": "",
            "credentials": "",
            "http_method": "GET",
            "id": "agi-fyc4wanzoa-4wow8t-GET",
            "integration_http_method": "POST",
            "passthrough_behavior": "WHEN_NO_MATCH",
            "request_parameters": {},
            "request_templates": {},
            "resource_id": "4wow8t",
            "rest_api_id": "fyc4wanzoa",
            "timeout_milliseconds": 29000,
            "tls_config": [],
            "type": "AWS_PROXY",
            "uri": "arn:aws:apigateway:us-east-2:lambda:path/2015-03-31/functions/arn:aws:lambda:us-east-2:857360184083:function:get_pending_proposals/invocations"
          },
          "sensitive_attributes": [],
          "identity_schema_version": 0,
          "private": "bnVsbA==",
          "dependencies": [
            "aws_api_gateway_authorizer.cognito_authorizer",
            "aws_api_gateway_method.main",
            "aws_api_gateway_resource.athletes",
            "aws_api_gateway_resource.coaches",
            "aws_api_gateway_resource.general",
            "aws_api_gateway_resource.subresources",
            "aws_api_gateway_rest_api.main",
            "aws_db_instance.default",
            "aws_db_subnet_group.rds_private",
            "aws_iam_role.lambda_role",
            "aws_iam_role_policy_attachment.lambda_rds_auth",
            "aws_lambda_function.lambdas",
            "aws_lambda_layer_version.rds",
            "aws_security_group.lambda_sg",
            "aws_subnet.private_subnet1",
            "aws_subnet.private_subnet2",
            "data.archive_file.lambda_archives",
            "data.archive_file.rds_layer",
            "data.aws_availability_zones.available",
            "data.aws_vpc.default"
          ],
          "create_before_destroy": true
        },
        {
          "index_key": "general/get_user",
          "schema_version": 0,
          "attributes": {
            "cache_key_parameters": [],
            "cache_namespace": "ebpcad",
            "connection_id": "",
            "connection_type": "INTERNET",
            "content_handling": "",
            "credentials": "",
            "http_method": "GET",
            "id": "agi-fyc4wanzoa-ebpcad-GET",
            "integration_http_method": "POST",
            "passthrough_behavior": "WHEN_NO_MATCH",
            "request_parameters": {},
            "request_templates": {},
            "resource_id": "ebpcad",
            "rest_api_id": "fyc4wanzoa",
            "timeout_milliseconds": 29000,
            "tls_config": [],
            "type": "AWS_PROXY",
            "uri": "arn:aws:apigateway:us-east-2:lambda:path/2015-03-31/functions/arn:aws:lambda:us-east-2:857360184083:function:get_user/invocations"
          },
          "sensitive_attributes": [],
          "identity_schema_version": 0,
          "private": "bnVsbA==",
          "dependencies": [
            "aws_api_gateway_authorizer.cognito_authorizer",
            "aws_api_gateway_method.main",
            "aws_api_gateway_resource.athletes",
            "aws_api_gateway_resource.coaches",
            "aws_api_gateway_resource.general",
            "aws_api_gateway_resource.subresources",
            "aws_api_gateway_rest_api.main",
            "aws_db_instance.default",
            "aws_db_subnet_group.rds_private",
            "aws_iam_role.lambda_role",
            "aws_iam_role_policy_attachment.lambda_rds_auth",
            "aws_lambda_function.lambdas",
            "aws_lambda_layer_version.rds",
            "aws_security_group.lambda_sg",
            "aws_subnet.private_subnet1",
            "aws_subnet.private_subnet2",
            "data.archive_file.lambda_archives",
            "data.archive_file.rds_layer",
            "data.aws_availability_zones.available",
            "data.aws_vpc.default"
          ],
          "create_before_destroy": true
        },
        {
          "index_key": "general/remove_coach_athlete",
          "schema_version": 0,
          "attributes": {
            "cache_key_parameters": [],
            "cache_namespace": "g3wlud",
            "connection_id": "",
            "connection_type": "INTERNET",
            "content_handling": "",
            "credentials": "",
            "http_method": "DELETE",
            "id": "agi-fyc4wanzoa-g3wlud-DELETE",
            "integration_http_method": "POST",
            "passthrough_behavior": "WHEN_NO_MATCH",
            "request_parameters": {},
            "request_templates": {},
            "resource_id": "g3wlud",
            "rest_api_id": "fyc4wanzoa",
            "timeout_milliseconds": 29000,
            "tls_config": [],
            "type": "AWS_PROXY",
            "uri": "arn:aws:apigateway:us-east-2:lambda:path/2015-03-31/functions/arn:aws:lambda:us-east-2:857360184083:function:remove_coach_athlete/invocations"
          },
          "sensitive_attributes": [],
          "identity_schema_version": 0,
          "private": "bnVsbA==",
          "dependencies": [
            "aws_api_gateway_authorizer.cognito_authorizer",
            "aws_api_gateway_method.main",
            "aws_api_gateway_resource.athletes",
            "aws_api_gateway_resource.coaches",
            "aws_api_gateway_resource.general",
            "aws_api_gateway_resource.subresources",
            "aws_api_gateway_rest_api.main",
            "aws_db_instance.default",
            "aws_db_subnet_group.rds_private",
            "aws_iam_role.lambda_role",
            "aws_iam_role_policy_attachment.lambda_rds_auth",
            "aws_lambda_function.lambdas",
            "aws_lambda_layer_version.rds",
            "aws_security_group.lambda_sg",
            "aws_subnet.private_subnet1",
            "aws_subnet.private_subnet2",
            "data.archive_file.lambda_archives",
            "data.archive_file.rds_layer",
            "data.aws_availability_zones.available",
            "data.aws_vpc.default"
          ],
          "create_before_destroy": true
        },
        {
          "index_key": "general/view_group_inputs",
          "schema_version": 0,
          "attributes": {
            "cache_key_parameters": [],
            "cache_namespace": "nd8wl3",
            "connection_id": "",
            "connection_type": "INTERNET",
            "content_handling": "",
            "credentials": "",
            "http_method": "GET",
            "id": "agi-fyc4wanzoa-nd8wl3-GET",
            "integration_http_method": "POST",
            "passthrough_behavior": "WHEN_NO_MATCH",
            "request_parameters": {},
            "request_templates": {},
            "resource_id": "nd8wl3",
            "rest_api_id": "fyc4wanzoa",
            "timeout_milliseconds": 29000,
            "tls_config": [],
            "type": "AWS_PROXY",
            "uri": "arn:aws:apigateway:us-east-2:lambda:path/2015-03-31/functions/arn:aws:lambda:us-east-2:857360184083:function:view_group_inputs/invocations"
          },
          "sensitive_attributes": [],
          "identity_schema_version": 0,
          "private": "bnVsbA==",
          "dependencies": [
            "aws_api_gateway_authorizer.cognito_authorizer",
            "aws_api_gateway_method.main",
            "aws_api_gateway_resource.athletes",
            "aws_api_gateway_resource.coaches",
            "aws_api_gateway_resource.general",
            "aws_api_gateway_resource.subresources",
            "aws_api_gateway_rest_api.main",
            "aws_db_instance.default",
            "aws_db_subnet_group.rds_private",
            "aws_iam_role.lambda_role",
            "aws_iam_role_policy_attachment.lambda_rds_auth",
            "aws_lambda_function.lambdas",
            "aws_lambda_layer_version.rds",
            "aws_security_group.lambda_sg",
            "aws_subnet.private_subnet1",
            "aws_subnet.private_subnet2",
            "data.archive_file.lambda_archives",
            "data.archive_file.rds_layer",
            "data.aws_availability_zones.available",
            "data.aws_vpc.default"
          ],
          "create_before_destroy": true
        }
      ]
    },
    {
      "mode": "managed",
      "type": "aws_api_gateway_method",
      "name": "main",
      "provider": "provider[\"registry.terraform.io/hashicorp/aws\"]",
      "instances": [
        {
          "index_key": "athletes/accept_coach_invite",
          "schema_version": 0,
          "attributes": {
            "api_key_required": false,
            "authorization": "COGNITO_USER_POOLS",
            "authorization_scopes": [],
            "authorizer_id": "d3rj84",
            "http_method": "POST",
            "id": "agm-fyc4wanzoa-wnxrol-POST",
            "operation_name": "",
            "request_models": {},
            "request_parameters": {},
            "request_validator_id": "",
            "resource_id": "wnxrol",
            "rest_api_id": "fyc4wanzoa"
          },
          "sensitive_attributes": [],
          "identity_schema_version": 0,
          "private": "bnVsbA==",
          "dependencies": [
            "aws_api_gateway_authorizer.cognito_authorizer",
            "aws_api_gateway_resource.athletes",
            "aws_api_gateway_resource.coaches",
            "aws_api_gateway_resource.general",
            "aws_api_gateway_resource.subresources",
            "aws_api_gateway_rest_api.main",
            "aws_db_instance.default",
            "aws_db_subnet_group.rds_private",
            "aws_iam_role.lambda_role",
            "aws_iam_role_policy_attachment.lambda_rds_auth",
            "aws_lambda_function.lambdas",
            "aws_lambda_layer_version.rds",
            "aws_security_group.lambda_sg",
            "aws_subnet.private_subnet1",
            "aws_subnet.private_subnet2",
            "data.archive_file.lambda_archives",
            "data.archive_file.rds_layer",
            "data.aws_availability_zones.available",
            "data.aws_vpc.default"
          ],
          "create_before_destroy": true
        },
        {
          "index_key": "athletes/create_athlete",
          "schema_version": 0,
          "attributes": {
            "api_key_required": false,
            "authorization": "COGNITO_USER_POOLS",
            "authorization_scopes": [],
            "authorizer_id": "d3rj84",
            "http_method": "POST",
            "id": "agm-fyc4wanzoa-3962hb-POST",
            "operation_name": "",
            "request_models": {},
            "request_parameters": {},
            "request_validator_id": "",
            "resource_id": "3962hb",
            "rest_api_id": "fyc4wanzoa"
          },
          "sensitive_attributes": [],
          "identity_schema_version": 0,
          "private": "bnVsbA==",
          "dependencies": [
            "aws_api_gateway_authorizer.cognito_authorizer",
            "aws_api_gateway_resource.athletes",
            "aws_api_gateway_resource.coaches",
            "aws_api_gateway_resource.general",
            "aws_api_gateway_resource.subresources",
            "aws_api_gateway_rest_api.main",
            "aws_db_instance.default",
            "aws_db_subnet_group.rds_private",
            "aws_iam_role.lambda_role",
            "aws_iam_role_policy_attachment.lambda_rds_auth",
            "aws_lambda_function.lambdas",
            "aws_lambda_layer_version.rds",
            "aws_security_group.lambda_sg",
            "aws_subnet.private_subnet1",
            "aws_subnet.private_subnet2",
            "data.archive_file.lambda_archives",
            "data.archive_file.rds_layer",
            "data.aws_availability_zones.available",
            "data.aws_vpc.default"
          ],
          "create_before_destroy": true
        },
        {
          "index_key": "athletes/decline_coach_invite",
          "schema_version": 0,
          "attributes": {
            "api_key_required": false,
            "authorization": "COGNITO_USER_POOLS",
            "authorization_scopes": [],
            "authorizer_id": "d3rj84",
            "http_method": "DELETE",
            "id": "agm-fyc4wanzoa-3sc7wo-DELETE",
            "operation_name": "",
            "request_models": {},
            "request_parameters": {},
            "request_validator_id": "",
            "resource_id": "3sc7wo",
            "rest_api_id": "fyc4wanzoa"
          },
          "sensitive_attributes": [],
          "identity_schema_version": 0,
          "private": "bnVsbA==",
          "dependencies": [
            "aws_api_gateway_authorizer.cognito_authorizer",
            "aws_api_gateway_resource.athletes",
            "aws_api_gateway_resource.coaches",
            "aws_api_gateway_resource.general",
            "aws_api_gateway_resource.subresources",
            "aws_api_gateway_rest_api.main",
            "aws_db_instance.default",
            "aws_db_subnet_group.rds_private",
            "aws_iam_role.lambda_role",
            "aws_iam_role_policy_attachment.lambda_rds_auth",
            "aws_lambda_function.lambdas",
            "aws_lambda_layer_version.rds",
            "aws_security_group.lambda_sg",
            "aws_subnet.private_subnet1",
            "aws_subnet.private_subnet2",
            "data.archive_file.lambda_archives",
            "data.archive_file.rds_layer",
            "data.aws_availability_zones.available",
            "data.aws_vpc.default"
          ],
          "create_before_destroy": true
        },
        {
          "index_key": "athletes/get_coach_invites",
          "schema_version": 0,
          "attributes": {
            "api_key_required": false,
            "authorization": "COGNITO_USER_POOLS",
            "authorization_scopes": [],
            "authorizer_id": "d3rj84",
            "http_method": "GET",
            "id": "agm-fyc4wanzoa-3mokzl-GET",
            "operation_name": "",
            "request_models": {},
            "request_parameters": {},
            "request_validator_id": "",
            "resource_id": "3mokzl",
            "rest_api_id": "fyc4wanzoa"
          },
          "sensitive_attributes": [],
          "identity_schema_version": 0,
          "private": "bnVsbA==",
          "dependencies": [
            "aws_api_gateway_authorizer.cognito_authorizer",
            "aws_api_gateway_resource.athletes",
            "aws_api_gateway_resource.coaches",
            "aws_api_gateway_resource.general",
            "aws_api_gateway_resource.subresources",
            "aws_api_gateway_rest_api.main",
            "aws_db_instance.default",
            "aws_db_subnet_group.rds_private",
            "aws_iam_role.lambda_role",
            "aws_iam_role_policy_attachment.lambda_rds_auth",
            "aws_lambda_function.lambdas",
            "aws_lambda_layer_version.rds",
            "aws_security_group.lambda_sg",
            "aws_subnet.private_subnet1",
            "aws_subnet.private_subnet2",
            "data.archive_file.lambda_archives",
            "data.archive_file.rds_layer",
            "data.aws_availability_zones.available",
            "data.aws_vpc.default"
          ],
          "create_before_destroy": true
        },
        {
          "index_key": "athletes/get_coaches",
          "schema_version": 0,
          "attributes": {
            "api_key_required": false,
            "authorization": "COGNITO_USER_POOLS",
            "authorization_scopes": [],
            "authorizer_id": "d3rj84",
            "http_method": "GET",
            "id": "agm-fyc4wanzoa-5ka4g5-GET",
            "operation_name": "",
            "request_models": {},
            "request_parameters": {},
            "request_validator_id": "",
            "resource_id": "5ka4g5",
            "rest_api_id": "fyc4wanzoa"
          },
          "sensitive_attributes": [],
          "identity_schema_version": 0,
          "private": "bnVsbA==",
          "dependencies": [
            "aws_api_gateway_authorizer.cognito_authorizer",
            "aws_api_gateway_resource.athletes",
            "aws_api_gateway_resource.coaches",
            "aws_api_gateway_resource.general",
            "aws_api_gateway_resource.subresources",
            "aws_api_gateway_rest_api.main",
            "aws_db_instance.default",
            "aws_db_subnet_group.rds_private",
            "aws_iam_role.lambda_role",
            "aws_iam_role_policy_attachment.lambda_rds_auth",
            "aws_lambda_function.lambdas",
            "aws_lambda_layer_version.rds",
            "aws_security_group.lambda_sg",
            "aws_subnet.private_subnet1",
            "aws_subnet.private_subnet2",
            "data.archive_file.lambda_archives",
            "data.archive_file.rds_layer",
            "data.aws_availability_zones.available",
            "data.aws_vpc.default"
          ],
          "create_before_destroy": true
        },
        {
          "index_key": "athletes/input_times",
          "schema_version": 0,
          "attributes": {
            "api_key_required": false,
            "authorization": "COGNITO_USER_POOLS",
            "authorization_scopes": [],
            "authorizer_id": "d3rj84",
            "http_method": "POST",
            "id": "agm-fyc4wanzoa-nxe1ed-POST",
            "operation_name": "",
            "request_models": {},
            "request_parameters": {},
            "request_validator_id": "",
            "resource_id": "nxe1ed",
            "rest_api_id": "fyc4wanzoa"
          },
          "sensitive_attributes": [],
          "identity_schema_version": 0,
          "private": "bnVsbA==",
          "dependencies": [
            "aws_api_gateway_authorizer.cognito_authorizer",
            "aws_api_gateway_resource.athletes",
            "aws_api_gateway_resource.coaches",
            "aws_api_gateway_resource.general",
            "aws_api_gateway_resource.subresources",
            "aws_api_gateway_rest_api.main",
            "aws_db_instance.default",
            "aws_db_subnet_group.rds_private",
            "aws_iam_role.lambda_role",
            "aws_iam_role_policy_attachment.lambda_rds_auth",
            "aws_lambda_function.lambdas",
            "aws_lambda_layer_version.rds",
            "aws_security_group.lambda_sg",
            "aws_subnet.private_subnet1",
            "aws_subnet.private_subnet2",
            "data.archive_file.lambda_archives",
            "data.archive_file.rds_layer",
            "data.aws_availability_zones.available",
            "data.aws_vpc.default"
          ],
          "create_before_destroy": true
        },
        {
          "index_key": "athletes/request_coach",
          "schema_version": 0,
          "attributes": {
            "api_key_required": false,
            "authorization": "COGNITO_USER_POOLS",
            "authorization_scopes": [],
            "authorizer_id": "d3rj84",
            "http_method": "POST",
            "id": "agm-fyc4wanzoa-zpopwx-POST",
            "operation_name": "",
            "request_models": {},
            "request_parameters": {},
            "request_validator_id": "",
            "resource_id": "zpopwx",
            "rest_api_id": "fyc4wanzoa"
          },
          "sensitive_attributes": [],
          "identity_schema_version": 0,
          "private": "bnVsbA==",
          "dependencies": [
            "aws_api_gateway_authorizer.cognito_authorizer",
            "aws_api_gateway_resource.athletes",
            "aws_api_gateway_resource.coaches",
            "aws_api_gateway_resource.general",
            "aws_api_gateway_resource.subresources",
            "aws_api_gateway_rest_api.main",
            "aws_db_instance.default",
            "aws_db_subnet_group.rds_private",
            "aws_iam_role.lambda_role",
            "aws_iam_role_policy_attachment.lambda_rds_auth",
            "aws_lambda_function.lambdas",
            "aws_lambda_layer_version.rds",
            "aws_security_group.lambda_sg",
            "aws_subnet.private_subnet1",
            "aws_subnet.private_subnet2",
            "data.archive_file.lambda_archives",
            "data.archive_file.rds_layer",
            "data.aws_availability_zones.available",
            "data.aws_vpc.default"
          ],
          "create_before_destroy": true
        },
        {
          "index_key": "athletes/search_coaches",
          "schema_version": 0,
          "attributes": {
            "api_key_required": false,
            "authorization": "COGNITO_USER_POOLS",
            "authorization_scopes": [],
            "authorizer_id": "d3rj84",
            "http_method": "GET",
            "id": "agm-fyc4wanzoa-lyzagd-GET",
            "operation_name": "",
            "request_models": {},
            "request_parameters": {},
            "request_validator_id": "",
            "resource_id": "lyzagd",
            "rest_api_id": "fyc4wanzoa"
          },
          "sensitive_attributes": [],
          "identity_schema_version": 0,
          "private": "bnVsbA==",
          "dependencies": [
            "aws_api_gateway_authorizer.cognito_authorizer",
            "aws_api_gateway_resource.athletes",
            "aws_api_gateway_resource.coaches",
            "aws_api_gateway_resource.general",
            "aws_api_gateway_resource.subresources",
            "aws_api_gateway_rest_api.main",
            "aws_db_instance.default",
            "aws_db_subnet_group.rds_private",
            "aws_iam_role.lambda_role",
            "aws_iam_role_policy_attachment.lambda_rds_auth",
            "aws_lambda_function.lambdas",
            "aws_lambda_layer_version.rds",
            "aws_security_group.lambda_sg",
            "aws_subnet.private_subnet1",
            "aws_subnet.private_subnet2",
            "data.archive_file.lambda_archives",
            "data.archive_file.rds_layer",
            "data.aws_availability_zones.available",
            "data.aws_vpc.default"
          ],
          "create_before_destroy": true
        },
        {
          "index_key": "athletes/search_input_history_date",
          "schema_version": 0,
          "attributes": {
            "api_key_required": false,
            "authorization": "COGNITO_USER_POOLS",
            "authorization_scopes": [],
            "authorizer_id": "d3rj84",
            "http_method": "GET",
            "id": "agm-fyc4wanzoa-jf7v1q-GET",
            "operation_name": "",
            "request_models": {},
            "request_parameters": {},
            "request_validator_id": "",
            "resource_id": "jf7v1q",
            "rest_api_id": "fyc4wanzoa"
          },
          "sensitive_attributes": [],
          "identity_schema_version": 0,
          "private": "bnVsbA==",
          "dependencies": [
            "aws_api_gateway_authorizer.cognito_authorizer",
            "aws_api_gateway_resource.athletes",
            "aws_api_gateway_resource.coaches",
            "aws_api_gateway_resource.general",
            "aws_api_gateway_resource.subresources",
            "aws_api_gateway_rest_api.main",
            "aws_db_instance.default",
            "aws_db_subnet_group.rds_private",
            "aws_iam_role.lambda_role",
            "aws_iam_role_policy_attachment.lambda_rds_auth",
            "aws_lambda_function.lambdas",
            "aws_lambda_layer_version.rds",
            "aws_security_group.lambda_sg",
            "aws_subnet.private_subnet1",
            "aws_subnet.private_subnet2",
            "data.archive_file.lambda_archives",
            "data.archive_file.rds_layer",
            "data.aws_availability_zones.available",
            "data.aws_vpc.default"
          ],
          "create_before_destroy": true
        },
        {
          "index_key": "athletes/update_athlete_profile",
          "schema_version": 0,
          "attributes": {
            "api_key_required": false,
            "authorization": "COGNITO_USER_POOLS",
            "authorization_scopes": [],
            "authorizer_id": "d3rj84",
            "http_method": "POST",
            "id": "agm-fyc4wanzoa-5d4v2s-POST",
            "operation_name": "",
            "request_models": {},
            "request_parameters": {},
            "request_validator_id": "",
            "resource_id": "5d4v2s",
            "rest_api_id": "fyc4wanzoa"
          },
          "sensitive_attributes": [],
          "identity_schema_version": 0,
          "private": "bnVsbA==",
          "dependencies": [
            "aws_api_gateway_authorizer.cognito_authorizer",
            "aws_api_gateway_resource.athletes",
            "aws_api_gateway_resource.coaches",
            "aws_api_gateway_resource.general",
            "aws_api_gateway_resource.subresources",
            "aws_api_gateway_rest_api.main",
            "aws_db_instance.default",
            "aws_db_subnet_group.rds_private",
            "aws_iam_role.lambda_role",
            "aws_iam_role_policy_attachment.lambda_rds_auth",
            "aws_lambda_function.lambdas",
            "aws_lambda_layer_version.rds",
            "aws_security_group.lambda_sg",
            "aws_subnet.private_subnet1",
            "aws_subnet.private_subnet2",
            "data.archive_file.lambda_archives",
            "data.archive_file.rds_layer",
            "data.aws_availability_zones.available",
            "data.aws_vpc.default"
          ],
          "create_before_destroy": true
        },
        {
          "index_key": "athletes/view_workout_inputs",
          "schema_version": 0,
          "attributes": {
            "api_key_required": false,
            "authorization": "COGNITO_USER_POOLS",
            "authorization_scopes": [],
            "authorizer_id": "d3rj84",
            "http_method": "GET",
            "id": "agm-fyc4wanzoa-2ddnei-GET",
            "operation_name": "",
            "request_models": {},
            "request_parameters": {},
            "request_validator_id": "",
            "resource_id": "2ddnei",
            "rest_api_id": "fyc4wanzoa"
          },
          "sensitive_attributes": [],
          "identity_schema_version": 0,
          "private": "bnVsbA==",
          "dependencies": [
            "aws_api_gateway_authorizer.cognito_authorizer",
            "aws_api_gateway_resource.athletes",
            "aws_api_gateway_resource.coaches",
            "aws_api_gateway_resource.general",
            "aws_api_gateway_resource.subresources",
            "aws_api_gateway_rest_api.main",
            "aws_db_instance.default",
            "aws_db_subnet_group.rds_private",
            "aws_iam_role.lambda_role",
            "aws_iam_role_policy_attachment.lambda_rds_auth",
            "aws_lambda_function.lambdas",
            "aws_lambda_layer_version.rds",
            "aws_security_group.lambda_sg",
            "aws_subnet.private_subnet1",
            "aws_subnet.private_subnet2",
            "data.archive_file.lambda_archives",
            "data.archive_file.rds_layer",
            "data.aws_availability_zones.available",
            "data.aws_vpc.default"
          ],
          "create_before_destroy": true
        },
        {
          "index_key": "coaches/accept_athlete_request",
          "schema_version": 0,
          "attributes": {
            "api_key_required": false,
            "authorization": "COGNITO_USER_POOLS",
            "authorization_scopes": [],
            "authorizer_id": "d3rj84",
            "http_method": "POST",
            "id": "agm-fyc4wanzoa-9q5y47-POST",
            "operation_name": "",
            "request_models": {},
            "request_parameters": {},
            "request_validator_id": "",
            "resource_id": "9q5y47",
            "rest_api_id": "fyc4wanzoa"
          },
          "sensitive_attributes": [],
          "identity_schema_version": 0,
          "private": "bnVsbA==",
          "dependencies": [
            "aws_api_gateway_authorizer.cognito_authorizer",
            "aws_api_gateway_resource.athletes",
            "aws_api_gateway_resource.coaches",
            "aws_api_gateway_resource.general",
            "aws_api_gateway_resource.subresources",
            "aws_api_gateway_rest_api.main",
            "aws_db_instance.default",
            "aws_db_subnet_group.rds_private",
            "aws_iam_role.lambda_role",
            "aws_iam_role_policy_attachment.lambda_rds_auth",
            "aws_lambda_function.lambdas",
            "aws_lambda_layer_version.rds",
            "aws_security_group.lambda_sg",
            "aws_subnet.private_subnet1",
            "aws_subnet.private_subnet2",
            "data.archive_file.lambda_archives",
            "data.archive_file.rds_layer",
            "data.aws_availability_zones.available",
            "data.aws_vpc.default"
          ],
          "create_before_destroy": true
        },
        {
          "index_key": "coaches/add_athlete_to_group",
          "schema_version": 0,
          "attributes": {
            "api_key_required": false,
            "authorization": "COGNITO_USER_POOLS",
            "authorization_scopes": [],
            "authorizer_id": "d3rj84",
            "http_method": "POST",
            "id": "agm-fyc4wanzoa-fkinp0-POST",
            "operation_name": "",
            "request_models": {},
            "request_parameters": {},
            "request_validator_id": "",
            "resource_id": "fkinp0",
            "rest_api_id": "fyc4wanzoa"
          },
          "sensitive_attributes": [],
          "identity_schema_version": 0,
          "private": "bnVsbA==",
          "dependencies": [
            "aws_api_gateway_authorizer.cognito_authorizer",
            "aws_api_gateway_resource.athletes",
            "aws_api_gateway_resource.coaches",
            "aws_api_gateway_resource.general",
            "aws_api_gateway_resource.subresources",
            "aws_api_gateway_rest_api.main",
            "aws_db_instance.default",
            "aws_db_subnet_group.rds_private",
            "aws_iam_role.lambda_role",
            "aws_iam_role_policy_attachment.lambda_rds_auth",
            "aws_lambda_function.lambdas",
            "aws_lambda_layer_version.rds",
            "aws_security_group.lambda_sg",
            "aws_subnet.private_subnet1",
            "aws_subnet.private_subnet2",
            "data.archive_file.lambda_archives",
            "data.archive_file.rds_layer",
            "data.aws_availability_zones.available",
            "data.aws_vpc.default"
          ],
          "create_before_destroy": true
        },
        {
          "index_key": "coaches/assign_group_workout",
          "schema_version": 0,
          "attributes": {
            "api_key_required": false,
            "authorization": "COGNITO_USER_POOLS",
            "authorization_scopes": [],
            "authorizer_id": "d3rj84",
            "http_method": "POST",
            "id": "agm-fyc4wanzoa-vlm5eu-POST",
            "operation_name": "",
            "request_models": {},
            "request_parameters": {},
            "request_validator_id": "",
            "resource_id": "vlm5eu",
            "rest_api_id": "fyc4wanzoa"
          },
          "sensitive_attributes": [],
          "identity_schema_version": 0,
          "private": "bnVsbA==",
          "dependencies": [
            "aws_api_gateway_authorizer.cognito_authorizer",
            "aws_api_gateway_resource.athletes",
            "aws_api_gateway_resource.coaches",
            "aws_api_gateway_resource.general",
            "aws_api_gateway_resource.subresources",
            "aws_api_gateway_rest_api.main",
            "aws_db_instance.default",
            "aws_db_subnet_group.rds_private",
            "aws_iam_role.lambda_role",
            "aws_iam_role_policy_attachment.lambda_rds_auth",
            "aws_lambda_function.lambdas",
            "aws_lambda_layer_version.rds",
            "aws_security_group.lambda_sg",
            "aws_subnet.private_subnet1",
            "aws_subnet.private_subnet2",
            "data.archive_file.lambda_archives",
            "data.archive_file.rds_layer",
            "data.aws_availability_zones.available",
            "data.aws_vpc.default"
          ],
          "create_before_destroy": true
        },
        {
          "index_key": "coaches/assign_group_workout_template",
          "schema_version": 0,
          "attributes": {
            "api_key_required": false,
            "authorization": "COGNITO_USER_POOLS",
            "authorization_scopes": [],
            "authorizer_id": "d3rj84",
            "http_method": "POST",
            "id": "agm-fyc4wanzoa-9h7v2c-POST",
            "operation_name": "",
            "request_models": {},
            "request_parameters": {},
            "request_validator_id": "",
            "resource_id": "9h7v2c",
            "rest_api_id": "fyc4wanzoa"
          },
          "sensitive_attributes": [],
          "identity_schema_version": 0,
          "private": "bnVsbA==",
          "dependencies": [
            "aws_api_gateway_authorizer.cognito_authorizer",
            "aws_api_gateway_resource.athletes",
            "aws_api_gateway_resource.coaches",
            "aws_api_gateway_resource.general",
            "aws_api_gateway_resource.subresources",
            "aws_api_gateway_rest_api.main",
            "aws_db_instance.default",
            "aws_db_subnet_group.rds_private",
            "aws_iam_role.lambda_role",
            "aws_iam_role_policy_attachment.lambda_rds_auth",
            "aws_lambda_function.lambdas",
            "aws_lambda_layer_version.rds",
            "aws_security_group.lambda_sg",
            "aws_subnet.private_subnet1",
            "aws_subnet.private_subnet2",
            "data.archive_file.lambda_archives",
            "data.archive_file.rds_layer",
            "data.aws_availability_zones.available",
            "data.aws_vpc.default"
          ],
          "create_before_destroy": true
        },
        {
          "index_key": "coaches/create_coach",
          "schema_version": 0,
          "attributes": {
            "api_key_required": false,
            "authorization": "COGNITO_USER_POOLS",
            "authorization_scopes": [],
            "authorizer_id": "d3rj84",
            "http_method": "POST",
            "id": "agm-fyc4wanzoa-5glor0-POST",
            "operation_name": "",
            "request_models": {},
            "request_parameters": {},
            "request_validator_id": "",
            "resource_id": "5glor0",
            "rest_api_id": "fyc4wanzoa"
          },
          "sensitive_attributes": [],
          "identity_schema_version": 0,
          "private": "bnVsbA==",
          "dependencies": [
            "aws_api_gateway_authorizer.cognito_authorizer",
            "aws_api_gateway_resource.athletes",
            "aws_api_gateway_resource.coaches",
            "aws_api_gateway_resource.general",
            "aws_api_gateway_resource.subresources",
            "aws_api_gateway_rest_api.main",
            "aws_db_instance.default",
            "aws_db_subnet_group.rds_private",
            "aws_iam_role.lambda_role",
            "aws_iam_role_policy_attachment.lambda_rds_auth",
            "aws_lambda_function.lambdas",
            "aws_lambda_layer_version.rds",
            "aws_security_group.lambda_sg",
            "aws_subnet.private_subnet1",
            "aws_subnet.private_subnet2",
            "data.archive_file.lambda_archives",
            "data.archive_file.rds_layer",
            "data.aws_availability_zones.available",
            "data.aws_vpc.default"
          ],
          "create_before_destroy": true
        },
        {
          "index_key": "coaches/create_group",
          "schema_version": 0,
          "attributes": {
            "api_key_required": false,
            "authorization": "COGNITO_USER_POOLS",
            "authorization_scopes": [],
            "authorizer_id": "d3rj84",
            "http_method": "POST",
            "id": "agm-fyc4wanzoa-9cji1a-POST",
            "operation_name": "",
            "request_models": {},
            "request_parameters": {},
            "request_validator_id": "",
            "resource_id": "9cji1a",
            "rest_api_id": "fyc4wanzoa"
          },
          "sensitive_attributes": [],
          "identity_schema_version": 0,
          "private": "bnVsbA==",
          "dependencies": [
            "aws_api_gateway_authorizer.cognito_authorizer",
            "aws_api_gateway_resource.athletes",
            "aws_api_gateway_resource.coaches",
            "aws_api_gateway_resource.general",
            "aws_api_gateway_resource.subresources",
            "aws_api_gateway_rest_api.main",
            "aws_db_instance.default",
            "aws_db_subnet_group.rds_private",
            "aws_iam_role.lambda_role",
            "aws_iam_role_policy_attachment.lambda_rds_auth",
            "aws_lambda_function.lambdas",
            "aws_lambda_layer_version.rds",
            "aws_security_group.lambda_sg",
            "aws_subnet.private_subnet1",
            "aws_subnet.private_subnet2",
            "data.archive_file.lambda_archives",
            "data.archive_file.rds_layer",
            "data.aws_availability_zones.available",
            "data.aws_vpc.default"
          ],
          "create_before_destroy": true
        },
        {
          "index_key": "coaches/create_workout_template",
          "schema_version": 0,
          "attributes": {
            "api_key_required": false,
            "authorization": "COGNITO_USER_POOLS",
            "authorization_scopes": [],
            "authorizer_id": "d3rj84",
            "http_method": "POST",
            "id": "agm-fyc4wanzoa-75n4j3-POST",
            "operation_name": "",
            "request_models": {},
            "request_parameters": {},
            "request_validator_id": "",
            "resource_id": "75n4j3",
            "rest_api_id": "fyc4wanzoa"
          },
          "sensitive_attributes": [],
          "identity_schema_version": 0,
          "private": "bnVsbA==",
          "dependencies": [
            "aws_api_gateway_authorizer.cognito_authorizer",
            "aws_api_gateway_resource.athletes",
            "aws_api_gateway_resource.coaches",
            "aws_api_gateway_resource.general",
            "aws_api_gateway_resource.subresources",
            "aws_api_gateway_rest_api.main",
            "aws_db_instance.default",
            "aws_db_subnet_group.rds_private",
            "aws_iam_role.lambda_role",
            "aws_iam_role_policy_attachment.lambda_rds_auth",
            "aws_lambda_function.lambdas",
            "aws_lambda_layer_version.rds",
            "aws_security_group.lambda_sg",
            "aws_subnet.private_subnet1",
            "aws_subnet.private_subnet2",
            "data.archive_file.lambda_archives",
            "data.archive_file.rds_layer",
            "data.aws_availability_zones.available",
            "data.aws_vpc.default"
          ],
          "create_before_destroy": true
        },
        {
          "index_key": "coaches/decline_athlete_request",
          "schema_version": 0,
          "attributes": {
            "api_key_required": false,
            "authorization": "COGNITO_USER_POOLS",
            "authorization_scopes": [],
            "authorizer_id": "d3rj84",
            "http_method": "DELETE",
            "id": "agm-fyc4wanzoa-o54nfi-DELETE",
            "operation_name": "",
            "request_models": {},
            "request_parameters": {},
            "request_validator_id": "",
            "resource_id": "o54nfi",
            "rest_api_id": "fyc4wanzoa"
          },
          "sensitive_attributes": [],
          "identity_schema_version": 0,
          "private": "bnVsbA==",
          "dependencies": [
            "aws_api_gateway_authorizer.cognito_authorizer",
            "aws_api_gateway_resource.athletes",
            "aws_api_gateway_resource.coaches",
            "aws_api_gateway_resource.general",
            "aws_api_gateway_resource.subresources",
            "aws_api_gateway_rest_api.main",
            "aws_db_instance.default",
            "aws_db_subnet_group.rds_private",
            "aws_iam_role.lambda_role",
            "aws_iam_role_policy_attachment.lambda_rds_auth",
            "aws_lambda_function.lambdas",
            "aws_lambda_layer_version.rds",
            "aws_security_group.lambda_sg",
            "aws_subnet.private_subnet1",
            "aws_subnet.private_subnet2",
            "data.archive_file.lambda_archives",
            "data.archive_file.rds_layer",
            "data.aws_availability_zones.available",
            "data.aws_vpc.default"
          ],
          "create_before_destroy": true
        },
        {
          "index_key": "coaches/delete_group",
          "schema_version": 0,
          "attributes": {
            "api_key_required": false,
            "authorization": "COGNITO_USER_POOLS",
            "authorization_scopes": [],
            "authorizer_id": "d3rj84",
            "http_method": "DELETE",
            "id": "agm-fyc4wanzoa-7eywmd-DELETE",
            "operation_name": "",
            "request_models": {},
            "request_parameters": {},
            "request_validator_id": "",
            "resource_id": "7eywmd",
            "rest_api_id": "fyc4wanzoa"
          },
          "sensitive_attributes": [],
          "identity_schema_version": 0,
          "private": "bnVsbA==",
          "dependencies": [
            "aws_api_gateway_authorizer.cognito_authorizer",
            "aws_api_gateway_resource.athletes",
            "aws_api_gateway_resource.coaches",
            "aws_api_gateway_resource.general",
            "aws_api_gateway_resource.subresources",
            "aws_api_gateway_rest_api.main",
            "aws_db_instance.default",
            "aws_db_subnet_group.rds_private",
            "aws_iam_role.lambda_role",
            "aws_iam_role_policy_attachment.lambda_rds_auth",
            "aws_lambda_function.lambdas",
            "aws_lambda_layer_version.rds",
            "aws_security_group.lambda_sg",
            "aws_subnet.private_subnet1",
            "aws_subnet.private_subnet2",
            "data.archive_file.lambda_archives",
            "data.archive_file.rds_layer",
            "data.aws_availability_zones.available",
            "data.aws_vpc.default"
          ],
          "create_before_destroy": true
        },
        {
          "index_key": "coaches/delete_group_workout",
          "schema_version": 0,
          "attributes": {
            "api_key_required": false,
            "authorization": "COGNITO_USER_POOLS",
            "authorization_scopes": [],
            "authorizer_id": "d3rj84",
            "http_method": "DELETE",
            "id": "agm-fyc4wanzoa-qp6t2m-DELETE",
            "operation_name": "",
            "request_models": {},
            "request_parameters": {},
            "request_validator_id": "",
            "resource_id": "qp6t2m",
            "rest_api_id": "fyc4wanzoa"
          },
          "sensitive_attributes": [],
          "identity_schema_version": 0,
          "private": "bnVsbA==",
          "dependencies": [
            "aws_api_gateway_authorizer.cognito_authorizer",
            "aws_api_gateway_resource.athletes",
            "aws_api_gateway_resource.coaches",
            "aws_api_gateway_resource.general",
            "aws_api_gateway_resource.subresources",
            "aws_api_gateway_rest_api.main",
            "aws_db_instance.default",
            "aws_db_subnet_group.rds_private",
            "aws_iam_role.lambda_role",
            "aws_iam_role_policy_attachment.lambda_rds_auth",
            "aws_lambda_function.lambdas",
            "aws_lambda_layer_version.rds",
            "aws_security_group.lambda_sg",
            "aws_subnet.private_subnet1",
            "aws_subnet.private_subnet2",
            "data.archive_file.lambda_archives",
            "data.archive_file.rds_layer",
            "data.aws_availability_zones.available",
            "data.aws_vpc.default"
          ],
          "create_before_destroy": true
        },
        {
          "index_key": "coaches/delete_workout_template",
          "schema_version": 0,
          "attributes": {
            "api_key_required": false,
            "authorization": "COGNITO_USER_POOLS",
            "authorization_scopes": [],
            "authorizer_id": "d3rj84",
            "http_method": "DELETE",
            "id": "agm-fyc4wanzoa-q80ac6-DELETE",
            "operation_name": "",
            "request_models": {},
            "request_parameters": {},
            "request_validator_id": "",
            "resource_id": "q80ac6",
            "rest_api_id": "fyc4wanzoa"
          },
          "sensitive_attributes": [],
          "identity_schema_version": 0,
          "private": "bnVsbA==",
          "dependencies": [
            "aws_api_gateway_authorizer.cognito_authorizer",
            "aws_api_gateway_resource.athletes",
            "aws_api_gateway_resource.coaches",
            "aws_api_gateway_resource.general",
            "aws_api_gateway_resource.subresources",
            "aws_api_gateway_rest_api.main",
            "aws_db_instance.default",
            "aws_db_subnet_group.rds_private",
            "aws_iam_role.lambda_role",
            "aws_iam_role_policy_attachment.lambda_rds_auth",
            "aws_lambda_function.lambdas",
            "aws_lambda_layer_version.rds",
            "aws_security_group.lambda_sg",
            "aws_subnet.private_subnet1",
            "aws_subnet.private_subnet2",
            "data.archive_file.lambda_archives",
            "data.archive_file.rds_layer",
            "data.aws_availability_zones.available",
            "data.aws_vpc.default"
          ],
          "create_before_destroy": true
        },
        {
          "index_key": "coaches/get_absent_group_athletes",
          "schema_version": 0,
          "attributes": {
            "api_key_required": false,
            "authorization": "COGNITO_USER_POOLS",
            "authorization_scopes": [],
            "authorizer_id": "d3rj84",
            "http_method": "GET",
            "id": "agm-fyc4wanzoa-v76136-GET",
            "operation_name": "",
            "request_models": {},
            "request_parameters": {},
            "request_validator_id": "",
            "resource_id": "v76136",
            "rest_api_id": "fyc4wanzoa"
          },
          "sensitive_attributes": [],
          "identity_schema_version": 0,
          "private": "bnVsbA==",
          "dependencies": [
            "aws_api_gateway_authorizer.cognito_authorizer",
            "aws_api_gateway_resource.athletes",
            "aws_api_gateway_resource.coaches",
            "aws_api_gateway_resource.general",
            "aws_api_gateway_resource.subresources",
            "aws_api_gateway_rest_api.main",
            "aws_db_instance.default",
            "aws_db_subnet_group.rds_private",
            "aws_iam_role.lambda_role",
            "aws_iam_role_policy_attachment.lambda_rds_auth",
            "aws_lambda_function.lambdas",
            "aws_lambda_layer_version.rds",
            "aws_security_group.lambda_sg",
            "aws_subnet.private_subnet1",
            "aws_subnet.private_subnet2",
            "data.archive_file.lambda_archives",
            "data.archive_file.rds_layer",
            "data.aws_availability_zones.available",
            "data.aws_vpc.default"
          ],
          "create_before_destroy": true
        },
        {
          "index_key": "coaches/get_athletes",
          "schema_version": 0,
          "attributes": {
            "api_key_required": false,
            "authorization": "COGNITO_USER_POOLS",
            "authorization_scopes": [],
            "authorizer_id": "d3rj84",
            "http_method": "GET",
            "id": "agm-fyc4wanzoa-d7av9n-GET",
            "operation_name": "",
            "request_models": {},
            "request_parameters": {},
            "request_validator_id": "",
            "resource_id": "d7av9n",
            "rest_api_id": "fyc4wanzoa"
          },
          "sensitive_attributes": [],
          "identity_schema_version": 0,
          "private": "bnVsbA==",
          "dependencies": [
            "aws_api_gateway_authorizer.cognito_authorizer",
            "aws_api_gateway_resource.athletes",
            "aws_api_gateway_resource.coaches",
            "aws_api_gateway_resource.general",
            "aws_api_gateway_resource.subresources",
            "aws_api_gateway_rest_api.main",
            "aws_db_instance.default",
            "aws_db_subnet_group.rds_private",
            "aws_iam_role.lambda_role",
            "aws_iam_role_policy_attachment.lambda_rds_auth",
            "aws_lambda_function.lambdas",
            "aws_lambda_layer_version.rds",
            "aws_security_group.lambda_sg",
            "aws_subnet.private_subnet1",
            "aws_subnet.private_subnet2",
            "data.archive_file.lambda_archives",
            "data.archive_file.rds_layer",
            "data.aws_availability_zones.available",
            "data.aws_vpc.default"
          ],
          "create_before_destroy": true
        },
        {
          "index_key": "coaches/get_available_history_dates",
          "schema_version": 0,
          "attributes": {
            "api_key_required": false,
            "authorization": "COGNITO_USER_POOLS",
            "authorization_scopes": [],
            "authorizer_id": "d3rj84",
            "http_method": "GET",
            "id": "agm-fyc4wanzoa-wur8oc-GET",
            "operation_name": "",
            "request_models": {},
            "request_parameters": {},
            "request_validator_id": "",
            "resource_id": "wur8oc",
            "rest_api_id": "fyc4wanzoa"
          },
          "sensitive_attributes": [],
          "identity_schema_version": 0,
          "private": "bnVsbA==",
          "dependencies": [
            "aws_api_gateway_authorizer.cognito_authorizer",
            "aws_api_gateway_resource.athletes",
            "aws_api_gateway_resource.coaches",
            "aws_api_gateway_resource.general",
            "aws_api_gateway_resource.subresources",
            "aws_api_gateway_rest_api.main",
            "aws_db_instance.default",
            "aws_db_subnet_group.rds_private",
            "aws_iam_role.lambda_role",
            "aws_iam_role_policy_attachment.lambda_rds_auth",
            "aws_lambda_function.lambdas",
            "aws_lambda_layer_version.rds",
            "aws_security_group.lambda_sg",
            "aws_subnet.private_subnet1",
            "aws_subnet.private_subnet2",
            "data.archive_file.lambda_archives",
            "data.archive_file.rds_layer",
            "data.aws_availability_zones.available",
            "data.aws_vpc.default"
          ],
          "create_before_destroy": true
        },
        {
          "index_key": "coaches/get_workout_templates",
          "schema_version": 0,
          "attributes": {
            "api_key_required": false,
            "authorization": "COGNITO_USER_POOLS",
            "authorization_scopes": [],
            "authorizer_id": "d3rj84",
            "http_method": "GET",
            "id": "agm-fyc4wanzoa-ox2ge6-GET",
            "operation_name": "",
            "request_models": {},
            "request_parameters": {},
            "request_validator_id": "",
            "resource_id": "ox2ge6",
            "rest_api_id": "fyc4wanzoa"
          },
          "sensitive_attributes": [],
          "identity_schema_version": 0,
          "private": "bnVsbA==",
          "dependencies": [
            "aws_api_gateway_authorizer.cognito_authorizer",
            "aws_api_gateway_resource.athletes",
            "aws_api_gateway_resource.coaches",
            "aws_api_gateway_resource.general",
            "aws_api_gateway_resource.subresources",
            "aws_api_gateway_rest_api.main",
            "aws_db_instance.default",
            "aws_db_subnet_group.rds_private",
            "aws_iam_role.lambda_role",
            "aws_iam_role_policy_attachment.lambda_rds_auth",
            "aws_lambda_function.lambdas",
            "aws_lambda_layer_version.rds",
            "aws_security_group.lambda_sg",
            "aws_subnet.private_subnet1",
            "aws_subnet.private_subnet2",
            "data.archive_file.lambda_archives",
            "data.archive_file.rds_layer",
            "data.aws_availability_zones.available",
            "data.aws_vpc.default"
          ],
          "create_before_destroy": true
        },
        {
          "index_key": "coaches/invite_athlete",
          "schema_version": 0,
          "attributes": {
            "api_key_required": false,
            "authorization": "COGNITO_USER_POOLS",
            "authorization_scopes": [],
            "authorizer_id": "d3rj84",
            "http_method": "POST",
            "id": "agm-fyc4wanzoa-jpqcjn-POST",
            "operation_name": "",
            "request_models": {},
            "request_parameters": {},
            "request_validator_id": "",
            "resource_id": "jpqcjn",
            "rest_api_id": "fyc4wanzoa"
          },
          "sensitive_attributes": [],
          "identity_schema_version": 0,
          "private": "bnVsbA==",
          "dependencies": [
            "aws_api_gateway_authorizer.cognito_authorizer",
            "aws_api_gateway_resource.athletes",
            "aws_api_gateway_resource.coaches",
            "aws_api_gateway_resource.general",
            "aws_api_gateway_resource.subresources",
            "aws_api_gateway_rest_api.main",
            "aws_db_instance.default",
            "aws_db_subnet_group.rds_private",
            "aws_iam_role.lambda_role",
            "aws_iam_role_policy_attachment.lambda_rds_auth",
            "aws_lambda_function.lambdas",
            "aws_lambda_layer_version.rds",
            "aws_security_group.lambda_sg",
            "aws_subnet.private_subnet1",
            "aws_subnet.private_subnet2",
            "data.archive_file.lambda_archives",
            "data.archive_file.rds_layer",
            "data.aws_availability_zones.available",
            "data.aws_vpc.default"
          ],
          "create_before_destroy": true
        },
        {
          "index_key": "coaches/remove_group_athlete",
          "schema_version": 0,
          "attributes": {
            "api_key_required": false,
            "authorization": "COGNITO_USER_POOLS",
            "authorization_scopes": [],
            "authorizer_id": "d3rj84",
            "http_method": "DELETE",
            "id": "agm-fyc4wanzoa-sccl0g-DELETE",
            "operation_name": "",
            "request_models": {},
            "request_parameters": {},
            "request_validator_id": "",
            "resource_id": "sccl0g",
            "rest_api_id": "fyc4wanzoa"
          },
          "sensitive_attributes": [],
          "identity_schema_version": 0,
          "private": "bnVsbA==",
          "dependencies": [
            "aws_api_gateway_authorizer.cognito_authorizer",
            "aws_api_gateway_resource.athletes",
            "aws_api_gateway_resource.coaches",
            "aws_api_gateway_resource.general",
            "aws_api_gateway_resource.subresources",
            "aws_api_gateway_rest_api.main",
            "aws_db_instance.default",
            "aws_db_subnet_group.rds_private",
            "aws_iam_role.lambda_role",
            "aws_iam_role_policy_attachment.lambda_rds_auth",
            "aws_lambda_function.lambdas",
            "aws_lambda_layer_version.rds",
            "aws_security_group.lambda_sg",
            "aws_subnet.private_subnet1",
            "aws_subnet.private_subnet2",
            "data.archive_file.lambda_archives",
            "data.archive_file.rds_layer",
            "data.aws_availability_zones.available",
            "data.aws_vpc.default"
          ],
          "create_before_destroy": true
        },
        {
          "index_key": "coaches/search_athletes",
          "schema_version": 0,
          "attributes": {
            "api_key_required": false,
            "authorization": "COGNITO_USER_POOLS",
            "authorization_scopes": [],
            "authorizer_id": "d3rj84",
            "http_method": "GET",
            "id": "agm-fyc4wanzoa-zflfz0-GET",
            "operation_name": "",
            "request_models": {},
            "request_parameters": {},
            "request_validator_id": "",
            "resource_id": "zflfz0",
            "rest_api_id": "fyc4wanzoa"
          },
          "sensitive_attributes": [],
          "identity_schema_version": 0,
          "private": "bnVsbA==",
          "dependencies": [
            "aws_api_gateway_authorizer.cognito_authorizer",
            "aws_api_gateway_resource.athletes",
            "aws_api_gateway_resource.coaches",
            "aws_api_gateway_resource.general",
            "aws_api_gateway_resource.subresources",
            "aws_api_gateway_rest_api.main",
            "aws_db_instance.default",
            "aws_db_subnet_group.rds_private",
            "aws_iam_role.lambda_role",
            "aws_iam_role_policy_attachment.lambda_rds_auth",
            "aws_lambda_function.lambdas",
            "aws_lambda_layer_version.rds",
            "aws_security_group.lambda_sg",
            "aws_subnet.private_subnet1",
            "aws_subnet.private_subnet2",
            "data.archive_file.lambda_archives",
            "data.archive_file.rds_layer",
            "data.aws_availability_zones.available",
            "data.aws_vpc.default"
          ],
          "create_before_destroy": true
        },
        {
          "index_key": "coaches/update_coach_profile",
          "schema_version": 0,
          "attributes": {
            "api_key_required": false,
            "authorization": "COGNITO_USER_POOLS",
            "authorization_scopes": [],
            "authorizer_id": "d3rj84",
            "http_method": "POST",
            "id": "agm-fyc4wanzoa-x8ig5c-POST",
            "operation_name": "",
            "request_models": {},
            "request_parameters": {},
            "request_validator_id": "",
            "resource_id": "x8ig5c",
            "rest_api_id": "fyc4wanzoa"
          },
          "sensitive_attributes": [],
          "identity_schema_version": 0,
          "private": "bnVsbA==",
          "dependencies": [
            "aws_api_gateway_authorizer.cognito_authorizer",
            "aws_api_gateway_resource.athletes",
            "aws_api_gateway_resource.coaches",
            "aws_api_gateway_resource.general",
            "aws_api_gateway_resource.subresources",
            "aws_api_gateway_rest_api.main",
            "aws_db_instance.default",
            "aws_db_subnet_group.rds_private",
            "aws_iam_role.lambda_role",
            "aws_iam_role_policy_attachment.lambda_rds_auth",
            "aws_lambda_function.lambdas",
            "aws_lambda_layer_version.rds",
            "aws_security_group.lambda_sg",
            "aws_subnet.private_subnet1",
            "aws_subnet.private_subnet2",
            "data.archive_file.lambda_archives",
            "data.archive_file.rds_layer",
            "data.aws_availability_zones.available",
            "data.aws_vpc.default"
          ],
          "create_before_destroy": true
        },
        {
          "index_key": "coaches/view_athlete_requests",
          "schema_version": 0,
          "attributes": {
            "api_key_required": false,
            "authorization": "COGNITO_USER_POOLS",
            "authorization_scopes": [],
            "authorizer_id": "d3rj84",
            "http_method": "GET",
            "id": "agm-fyc4wanzoa-g82ihy-GET",
            "operation_name": "",
            "request_models": {},
            "request_parameters": {},
            "request_validator_id": "",
            "resource_id": "g82ihy",
            "rest_api_id": "fyc4wanzoa"
          },
          "sensitive_attributes": [],
          "identity_schema_version": 0,
          "private": "bnVsbA==",
          "dependencies": [
            "aws_api_gateway_authorizer.cognito_authorizer",
            "aws_api_gateway_resource.athletes",
            "aws_api_gateway_resource.coaches",
            "aws_api_gateway_resource.general",
            "aws_api_gateway_resource.subresources",
            "aws_api_gateway_rest_api.main",
            "aws_db_instance.default",
            "aws_db_subnet_group.rds_private",
            "aws_iam_role.lambda_role",
            "aws_iam_role_policy_attachment.lambda_rds_auth",
            "aws_lambda_function.lambdas",
            "aws_lambda_layer_version.rds",
            "aws_security_group.lambda_sg",
            "aws_subnet.private_subnet1",
            "aws_subnet.private_subnet2",
            "data.archive_file.lambda_archives",
            "data.archive_file.rds_layer",
            "data.aws_availability_zones.available",
            "data.aws_vpc.default"
          ],
          "create_before_destroy": true
        },
        {
          "index_key": "general/fetch_historical_data",
          "schema_version": 0,
          "attributes": {
            "api_key_required": false,
            "authorization": "COGNITO_USER_POOLS",
            "authorization_scopes": [],
            "authorizer_id": "d3rj84",
            "http_method": "GET",
            "id": "agm-fyc4wanzoa-zroyvl-GET",
            "operation_name": "",
            "request_models": {},
            "request_parameters": {},
            "request_validator_id": "",
            "resource_id": "zroyvl",
            "rest_api_id": "fyc4wanzoa"
          },
          "sensitive_attributes": [],
          "identity_schema_version": 0,
          "private": "bnVsbA==",
          "dependencies": [
            "aws_api_gateway_authorizer.cognito_authorizer",
            "aws_api_gateway_resource.athletes",
            "aws_api_gateway_resource.coaches",
            "aws_api_gateway_resource.general",
            "aws_api_gateway_resource.subresources",
            "aws_api_gateway_rest_api.main",
            "aws_db_instance.default",
            "aws_db_subnet_group.rds_private",
            "aws_iam_role.lambda_role",
            "aws_iam_role_policy_attachment.lambda_rds_auth",
            "aws_lambda_function.lambdas",
            "aws_lambda_layer_version.rds",
            "aws_security_group.lambda_sg",
            "aws_subnet.private_subnet1",
            "aws_subnet.private_subnet2",
            "data.archive_file.lambda_archives",
            "data.archive_file.rds_layer",
            "data.aws_availability_zones.available",
            "data.aws_vpc.default"
          ],
          "create_before_destroy": true
        },
        {
          "index_key": "general/get_athletes_for_group",
          "schema_version": 0,
          "attributes": {
            "api_key_required": false,
            "authorization": "COGNITO_USER_POOLS",
            "authorization_scopes": [],
            "authorizer_id": "d3rj84",
            "http_method": "GET",
            "id": "agm-fyc4wanzoa-uhqhpb-GET",
            "operation_name": "",
            "request_models": {},
            "request_parameters": {},
            "request_validator_id": "",
            "resource_id": "uhqhpb",
            "rest_api_id": "fyc4wanzoa"
          },
          "sensitive_attributes": [],
          "identity_schema_version": 0,
          "private": "bnVsbA==",
          "dependencies": [
            "aws_api_gateway_authorizer.cognito_authorizer",
            "aws_api_gateway_resource.athletes",
            "aws_api_gateway_resource.coaches",
            "aws_api_gateway_resource.general",
            "aws_api_gateway_resource.subresources",
            "aws_api_gateway_rest_api.main",
            "aws_db_instance.default",
            "aws_db_subnet_group.rds_private",
            "aws_iam_role.lambda_role",
            "aws_iam_role_policy_attachment.lambda_rds_auth",
            "aws_lambda_function.lambdas",
            "aws_lambda_layer_version.rds",
            "aws_security_group.lambda_sg",
            "aws_subnet.private_subnet1",
            "aws_subnet.private_subnet2",
            "data.archive_file.lambda_archives",
            "data.archive_file.rds_layer",
            "data.aws_availability_zones.available",
            "data.aws_vpc.default"
          ],
          "create_before_destroy": true
        },
        {
          "index_key": "general/get_group_workout",
          "schema_version": 0,
          "attributes": {
            "api_key_required": false,
            "authorization": "COGNITO_USER_POOLS",
            "authorization_scopes": [],
            "authorizer_id": "d3rj84",
            "http_method": "GET",
            "id": "agm-fyc4wanzoa-s2ofb7-GET",
            "operation_name": "",
            "request_models": {},
            "request_parameters": {},
            "request_validator_id": "",
            "resource_id": "s2ofb7",
            "rest_api_id": "fyc4wanzoa"
          },
          "sensitive_attributes": [],
          "identity_schema_version": 0,
          "private": "bnVsbA==",
          "dependencies": [
            "aws_api_gateway_authorizer.cognito_authorizer",
            "aws_api_gateway_resource.athletes",
            "aws_api_gateway_resource.coaches",
            "aws_api_gateway_resource.general",
            "aws_api_gateway_resource.subresources",
            "aws_api_gateway_rest_api.main",
            "aws_db_instance.default",
            "aws_db_subnet_group.rds_private",
            "aws_iam_role.lambda_role",
            "aws_iam_role_policy_attachment.lambda_rds_auth",
            "aws_lambda_function.lambdas",
            "aws_lambda_layer_version.rds",
            "aws_security_group.lambda_sg",
            "aws_subnet.private_subnet1",
            "aws_subnet.private_subnet2",
            "data.archive_file.lambda_archives",
            "data.archive_file.rds_layer",
            "data.aws_availability_zones.available",
            "data.aws_vpc.default"
          ],
          "create_before_destroy": true
        },
        {
          "index_key": "general/get_groups",
          "schema_version": 0,
          "attributes": {
            "api_key_required": false,
            "authorization": "COGNITO_USER_POOLS",
            "authorization_scopes": [],
            "authorizer_id": "d3rj84",
            "http_method": "GET",
            "id": "agm-fyc4wanzoa-lvs279-GET",
            "operation_name": "",
            "request_models": {},
            "request_parameters": {},
            "request_validator_id": "",
            "resource_id": "lvs279",
            "rest_api_id": "fyc4wanzoa"
          },
          "sensitive_attributes": [],
          "identity_schema_version": 0,
          "private": "bnVsbA==",
          "dependencies": [
            "aws_api_gateway_authorizer.cognito_authorizer",
            "aws_api_gateway_resource.athletes",
            "aws_api_gateway_resource.coaches",
            "aws_api_gateway_resource.general",
            "aws_api_gateway_resource.subresources",
            "aws_api_gateway_rest_api.main",
            "aws_db_instance.default",
            "aws_db_subnet_group.rds_private",
            "aws_iam_role.lambda_role",
            "aws_iam_role_policy_attachment.lambda_rds_auth",
            "aws_lambda_function.lambdas",
            "aws_lambda_layer_version.rds",
            "aws_security_group.lambda_sg",
            "aws_subnet.private_subnet1",
            "aws_subnet.private_subnet2",
            "data.archive_file.lambda_archives",
            "data.archive_file.rds_layer",
            "data.aws_availability_zones.available",
            "data.aws_vpc.default"
          ],
          "create_before_destroy": true
        },
        {
          "index_key": "general/get_pending_proposals",
          "schema_version": 0,
          "attributes": {
            "api_key_required": false,
            "authorization": "COGNITO_USER_POOLS",
            "authorization_scopes": [],
            "authorizer_id": "d3rj84",
            "http_method": "GET",
            "id": "agm-fyc4wanzoa-4wow8t-GET",
            "operation_name": "",
            "request_models": {},
            "request_parameters": {},
            "request_validator_id": "",
            "resource_id": "4wow8t",
            "rest_api_id": "fyc4wanzoa"
          },
          "sensitive_attributes": [],
          "identity_schema_version": 0,
          "private": "bnVsbA==",
          "dependencies": [
            "aws_api_gateway_authorizer.cognito_authorizer",
            "aws_api_gateway_resource.athletes",
            "aws_api_gateway_resource.coaches",
            "aws_api_gateway_resource.general",
            "aws_api_gateway_resource.subresources",
            "aws_api_gateway_rest_api.main",
            "aws_db_instance.default",
            "aws_db_subnet_group.rds_private",
            "aws_iam_role.lambda_role",
            "aws_iam_role_policy_attachment.lambda_rds_auth",
            "aws_lambda_function.lambdas",
            "aws_lambda_layer_version.rds",
            "aws_security_group.lambda_sg",
            "aws_subnet.private_subnet1",
            "aws_subnet.private_subnet2",
            "data.archive_file.lambda_archives",
            "data.archive_file.rds_layer",
            "data.aws_availability_zones.available",
            "data.aws_vpc.default"
          ],
          "create_before_destroy": true
        },
        {
          "index_key": "general/get_user",
          "schema_version": 0,
          "attributes": {
            "api_key_required": false,
            "authorization": "COGNITO_USER_POOLS",
            "authorization_scopes": [],
            "authorizer_id": "d3rj84",
            "http_method": "GET",
            "id": "agm-fyc4wanzoa-ebpcad-GET",
            "operation_name": "",
            "request_models": {},
            "request_parameters": {},
            "request_validator_id": "",
            "resource_id": "ebpcad",
            "rest_api_id": "fyc4wanzoa"
          },
          "sensitive_attributes": [],
          "identity_schema_version": 0,
          "private": "bnVsbA==",
          "dependencies": [
            "aws_api_gateway_authorizer.cognito_authorizer",
            "aws_api_gateway_resource.athletes",
            "aws_api_gateway_resource.coaches",
            "aws_api_gateway_resource.general",
            "aws_api_gateway_resource.subresources",
            "aws_api_gateway_rest_api.main",
            "aws_db_instance.default",
            "aws_db_subnet_group.rds_private",
            "aws_iam_role.lambda_role",
            "aws_iam_role_policy_attachment.lambda_rds_auth",
            "aws_lambda_function.lambdas",
            "aws_lambda_layer_version.rds",
            "aws_security_group.lambda_sg",
            "aws_subnet.private_subnet1",
            "aws_subnet.private_subnet2",
            "data.archive_file.lambda_archives",
            "data.archive_file.rds_layer",
            "data.aws_availability_zones.available",
            "data.aws_vpc.default"
          ],
          "create_before_destroy": true
        },
        {
          "index_key": "general/remove_coach_athlete",
          "schema_version": 0,
          "attributes": {
            "api_key_required": false,
            "authorization": "COGNITO_USER_POOLS",
            "authorization_scopes": [],
            "authorizer_id": "d3rj84",
            "http_method": "DELETE",
            "id": "agm-fyc4wanzoa-g3wlud-DELETE",
            "operation_name": "",
            "request_models": {},
            "request_parameters": {},
            "request_validator_id": "",
            "resource_id": "g3wlud",
            "rest_api_id": "fyc4wanzoa"
          },
          "sensitive_attributes": [],
          "identity_schema_version": 0,
          "private": "bnVsbA==",
          "dependencies": [
            "aws_api_gateway_authorizer.cognito_authorizer",
            "aws_api_gateway_resource.athletes",
            "aws_api_gateway_resource.coaches",
            "aws_api_gateway_resource.general",
            "aws_api_gateway_resource.subresources",
            "aws_api_gateway_rest_api.main",
            "aws_db_instance.default",
            "aws_db_subnet_group.rds_private",
            "aws_iam_role.lambda_role",
            "aws_iam_role_policy_attachment.lambda_rds_auth",
            "aws_lambda_function.lambdas",
            "aws_lambda_layer_version.rds",
            "aws_security_group.lambda_sg",
            "aws_subnet.private_subnet1",
            "aws_subnet.private_subnet2",
            "data.archive_file.lambda_archives",
            "data.archive_file.rds_layer",
            "data.aws_availability_zones.available",
            "data.aws_vpc.default"
          ],
          "create_before_destroy": true
        },
        {
          "index_key": "general/view_group_inputs",
          "schema_version": 0,
          "attributes": {
            "api_key_required": false,
            "authorization": "COGNITO_USER_POOLS",
            "authorization_scopes": [],
            "authorizer_id": "d3rj84",
            "http_method": "GET",
            "id": "agm-fyc4wanzoa-nd8wl3-GET",
            "operation_name": "",
            "request_models": {},
            "request_parameters": {},
            "request_validator_id": "",
            "resource_id": "nd8wl3",
            "rest_api_id": "fyc4wanzoa"
          },
          "sensitive_attributes": [],
          "identity_schema_version": 0,
          "private": "bnVsbA==",
          "dependencies": [
            "aws_api_gateway_authorizer.cognito_authorizer",
            "aws_api_gateway_resource.athletes",
            "aws_api_gateway_resource.coaches",
            "aws_api_gateway_resource.general",
            "aws_api_gateway_resource.subresources",
            "aws_api_gateway_rest_api.main",
            "aws_db_instance.default",
            "aws_db_subnet_group.rds_private",
            "aws_iam_role.lambda_role",
            "aws_iam_role_policy_attachment.lambda_rds_auth",
            "aws_lambda_function.lambdas",
            "aws_lambda_layer_version.rds",
            "aws_security_group.lambda_sg",
            "aws_subnet.private_subnet1",
            "aws_subnet.private_subnet2",
            "data.archive_file.lambda_archives",
            "data.archive_file.rds_layer",
            "data.aws_availability_zones.available",
            "data.aws_vpc.default"
          ],
          "create_before_destroy": true
        }
      ]
    },
    {
      "mode": "managed",
      "type": "aws_api_gateway_resource",
      "name": "athletes",
      "provider": "provider[\"registry.terraform.io/hashicorp/aws\"]",
      "instances": [
        {
          "schema_version": 0,
          "attributes": {
            "id": "qexblo",
            "parent_id": "1h3t8tuz42",
            "path": "/athletes",
            "path_part": "athletes",
            "rest_api_id": "fyc4wanzoa"
          },
          "sensitive_attributes": [],
          "identity_schema_version": 0,
          "private": "bnVsbA==",
          "dependencies": [
            "aws_api_gateway_rest_api.main"
          ],
          "create_before_destroy": true
        }
      ]
    },
    {
      "mode": "managed",
      "type": "aws_api_gateway_resource",
      "name": "coaches",
      "provider": "provider[\"registry.terraform.io/hashicorp/aws\"]",
      "instances": [
        {
          "schema_version": 0,
          "attributes": {
            "id": "lk8iqw",
            "parent_id": "1h3t8tuz42",
            "path": "/coaches",
            "path_part": "coaches",
            "rest_api_id": "fyc4wanzoa"
          },
          "sensitive_attributes": [],
          "identity_schema_version": 0,
          "private": "bnVsbA==",
          "dependencies": [
            "aws_api_gateway_rest_api.main"
          ],
          "create_before_destroy": true
        }
      ]
    },
    {
      "mode": "managed",
      "type": "aws_api_gateway_resource",
      "name": "general",
      "provider": "provider[\"registry.terraform.io/hashicorp/aws\"]",
      "instances": [
        {
          "schema_version": 0,
          "attributes": {
            "id": "wyttri",
            "parent_id": "1h3t8tuz42",
            "path": "/general",
            "path_part": "general",
            "rest_api_id": "fyc4wanzoa"
          },
          "sensitive_attributes": [],
          "identity_schema_version": 0,
          "private": "bnVsbA==",
          "dependencies": [
            "aws_api_gateway_rest_api.main"
          ],
          "create_before_destroy": true
        }
      ]
    },
    {
      "mode": "managed",
      "type": "aws_api_gateway_resource",
      "name": "subresources",
      "provider": "provider[\"registry.terraform.io/hashicorp/aws\"]",
      "instances": [
        {
          "index_key": "athletes/accept_coach_invite",
          "schema_version": 0,
          "attributes": {
            "id": "wnxrol",
            "parent_id": "qexblo",
            "path": "/athletes/accept_coach_invite",
            "path_part": "accept_coach_invite",
            "rest_api_id": "fyc4wanzoa"
          },
          "sensitive_attributes": [],
          "identity_schema_version": 0,
          "private": "bnVsbA==",
          "dependencies": [
            "aws_api_gateway_resource.athletes",
            "aws_api_gateway_resource.coaches",
            "aws_api_gateway_resource.general",
            "aws_api_gateway_rest_api.main",
            "aws_db_instance.default",
            "aws_db_subnet_group.rds_private",
            "aws_iam_role.lambda_role",
            "aws_iam_role_policy_attachment.lambda_rds_auth",
            "aws_lambda_function.lambdas",
            "aws_lambda_layer_version.rds",
            "aws_security_group.lambda_sg",
            "aws_subnet.private_subnet1",
            "aws_subnet.private_subnet2",
            "data.archive_file.lambda_archives",
            "data.archive_file.rds_layer",
            "data.aws_availability_zones.available",
            "data.aws_vpc.default"
          ],
          "create_before_destroy": true
        },
        {
          "index_key": "athletes/create_athlete",
          "schema_version": 0,
          "attributes": {
            "id": "3962hb",
            "parent_id": "qexblo",
            "path": "/athletes/create_athlete",
            "path_part": "create_athlete",
            "rest_api_id": "fyc4wanzoa"
          },
          "sensitive_attributes": [],
          "identity_schema_version": 0,
          "private": "bnVsbA==",
          "dependencies": [
            "aws_api_gateway_resource.athletes",
            "aws_api_gateway_resource.coaches",
            "aws_api_gateway_resource.general",
            "aws_api_gateway_rest_api.main",
            "aws_db_instance.default",
            "aws_db_subnet_group.rds_private",
            "aws_iam_role.lambda_role",
            "aws_iam_role_policy_attachment.lambda_rds_auth",
            "aws_lambda_function.lambdas",
            "aws_lambda_layer_version.rds",
            "aws_security_group.lambda_sg",
            "aws_subnet.private_subnet1",
            "aws_subnet.private_subnet2",
            "data.archive_file.lambda_archives",
            "data.archive_file.rds_layer",
            "data.aws_availability_zones.available",
            "data.aws_vpc.default"
          ],
          "create_before_destroy": true
        },
        {
          "index_key": "athletes/decline_coach_invite",
          "schema_version": 0,
          "attributes": {
            "id": "3sc7wo",
            "parent_id": "qexblo",
            "path": "/athletes/decline_coach_invite",
            "path_part": "decline_coach_invite",
            "rest_api_id": "fyc4wanzoa"
          },
          "sensitive_attributes": [],
          "identity_schema_version": 0,
          "private": "bnVsbA==",
          "dependencies": [
            "aws_api_gateway_resource.athletes",
            "aws_api_gateway_resource.coaches",
            "aws_api_gateway_resource.general",
            "aws_api_gateway_rest_api.main",
            "aws_db_instance.default",
            "aws_db_subnet_group.rds_private",
            "aws_iam_role.lambda_role",
            "aws_iam_role_policy_attachment.lambda_rds_auth",
            "aws_lambda_function.lambdas",
            "aws_lambda_layer_version.rds",
            "aws_security_group.lambda_sg",
            "aws_subnet.private_subnet1",
            "aws_subnet.private_subnet2",
            "data.archive_file.lambda_archives",
            "data.archive_file.rds_layer",
            "data.aws_availability_zones.available",
            "data.aws_vpc.default"
          ],
          "create_before_destroy": true
        },
        {
          "index_key": "athletes/get_coach_invites",
          "schema_version": 0,
          "attributes": {
            "id": "3mokzl",
            "parent_id": "qexblo",
            "path": "/athletes/get_coach_invites",
            "path_part": "get_coach_invites",
            "rest_api_id": "fyc4wanzoa"
          },
          "sensitive_attributes": [],
          "identity_schema_version": 0,
          "private": "bnVsbA==",
          "dependencies": [
            "aws_api_gateway_resource.athletes",
            "aws_api_gateway_resource.coaches",
            "aws_api_gateway_resource.general",
            "aws_api_gateway_rest_api.main",
            "aws_db_instance.default",
            "aws_db_subnet_group.rds_private",
            "aws_iam_role.lambda_role",
            "aws_iam_role_policy_attachment.lambda_rds_auth",
            "aws_lambda_function.lambdas",
            "aws_lambda_layer_version.rds",
            "aws_security_group.lambda_sg",
            "aws_subnet.private_subnet1",
            "aws_subnet.private_subnet2",
            "data.archive_file.lambda_archives",
            "data.archive_file.rds_layer",
            "data.aws_availability_zones.available",
            "data.aws_vpc.default"
          ],
          "create_before_destroy": true
        },
        {
          "index_key": "athletes/get_coaches",
          "schema_version": 0,
          "attributes": {
            "id": "5ka4g5",
            "parent_id": "qexblo",
            "path": "/athletes/get_coaches",
            "path_part": "get_coaches",
            "rest_api_id": "fyc4wanzoa"
          },
          "sensitive_attributes": [],
          "identity_schema_version": 0,
          "private": "bnVsbA==",
          "dependencies": [
            "aws_api_gateway_resource.athletes",
            "aws_api_gateway_resource.coaches",
            "aws_api_gateway_resource.general",
            "aws_api_gateway_rest_api.main",
            "aws_db_instance.default",
            "aws_db_subnet_group.rds_private",
            "aws_iam_role.lambda_role",
            "aws_iam_role_policy_attachment.lambda_rds_auth",
            "aws_lambda_function.lambdas",
            "aws_lambda_layer_version.rds",
            "aws_security_group.lambda_sg",
            "aws_subnet.private_subnet1",
            "aws_subnet.private_subnet2",
            "data.archive_file.lambda_archives",
            "data.archive_file.rds_layer",
            "data.aws_availability_zones.available",
            "data.aws_vpc.default"
          ],
          "create_before_destroy": true
        },
        {
          "index_key": "athletes/input_times",
          "schema_version": 0,
          "attributes": {
            "id": "nxe1ed",
            "parent_id": "qexblo",
            "path": "/athletes/input_times",
            "path_part": "input_times",
            "rest_api_id": "fyc4wanzoa"
          },
          "sensitive_attributes": [],
          "identity_schema_version": 0,
          "private": "bnVsbA==",
          "dependencies": [
            "aws_api_gateway_resource.athletes",
            "aws_api_gateway_resource.coaches",
            "aws_api_gateway_resource.general",
            "aws_api_gateway_rest_api.main",
            "aws_db_instance.default",
            "aws_db_subnet_group.rds_private",
            "aws_iam_role.lambda_role",
            "aws_iam_role_policy_attachment.lambda_rds_auth",
            "aws_lambda_function.lambdas",
            "aws_lambda_layer_version.rds",
            "aws_security_group.lambda_sg",
            "aws_subnet.private_subnet1",
            "aws_subnet.private_subnet2",
            "data.archive_file.lambda_archives",
            "data.archive_file.rds_layer",
            "data.aws_availability_zones.available",
            "data.aws_vpc.default"
          ],
          "create_before_destroy": true
        },
        {
          "index_key": "athletes/request_coach",
          "schema_version": 0,
          "attributes": {
            "id": "zpopwx",
            "parent_id": "qexblo",
            "path": "/athletes/request_coach",
            "path_part": "request_coach",
            "rest_api_id": "fyc4wanzoa"
          },
          "sensitive_attributes": [],
          "identity_schema_version": 0,
          "private": "bnVsbA==",
          "dependencies": [
            "aws_api_gateway_resource.athletes",
            "aws_api_gateway_resource.coaches",
            "aws_api_gateway_resource.general",
            "aws_api_gateway_rest_api.main",
            "aws_db_instance.default",
            "aws_db_subnet_group.rds_private",
            "aws_iam_role.lambda_role",
            "aws_iam_role_policy_attachment.lambda_rds_auth",
            "aws_lambda_function.lambdas",
            "aws_lambda_layer_version.rds",
            "aws_security_group.lambda_sg",
            "aws_subnet.private_subnet1",
            "aws_subnet.private_subnet2",
            "data.archive_file.lambda_archives",
            "data.archive_file.rds_layer",
            "data.aws_availability_zones.available",
            "data.aws_vpc.default"
          ],
          "create_before_destroy": true
        },
        {
          "index_key": "athletes/search_coaches",
          "schema_version": 0,
          "attributes": {
            "id": "lyzagd",
            "parent_id": "qexblo",
            "path": "/athletes/search_coaches",
            "path_part": "search_coaches",
            "rest_api_id": "fyc4wanzoa"
          },
          "sensitive_attributes": [],
          "identity_schema_version": 0,
          "private": "bnVsbA==",
          "dependencies": [
            "aws_api_gateway_resource.athletes",
            "aws_api_gateway_resource.coaches",
            "aws_api_gateway_resource.general",
            "aws_api_gateway_rest_api.main",
            "aws_db_instance.default",
            "aws_db_subnet_group.rds_private",
            "aws_iam_role.lambda_role",
            "aws_iam_role_policy_attachment.lambda_rds_auth",
            "aws_lambda_function.lambdas",
            "aws_lambda_layer_version.rds",
            "aws_security_group.lambda_sg",
            "aws_subnet.private_subnet1",
            "aws_subnet.private_subnet2",
            "data.archive_file.lambda_archives",
            "data.archive_file.rds_layer",
            "data.aws_availability_zones.available",
            "data.aws_vpc.default"
          ],
          "create_before_destroy": true
        },
        {
          "index_key": "athletes/search_input_history_date",
          "schema_version": 0,
          "attributes": {
            "id": "jf7v1q",
            "parent_id": "qexblo",
            "path": "/athletes/search_input_history_date",
            "path_part": "search_input_history_date",
            "rest_api_id": "fyc4wanzoa"
          },
          "sensitive_attributes": [],
          "identity_schema_version": 0,
          "private": "bnVsbA==",
          "dependencies": [
            "aws_api_gateway_resource.athletes",
            "aws_api_gateway_resource.coaches",
            "aws_api_gateway_resource.general",
            "aws_api_gateway_rest_api.main",
            "aws_db_instance.default",
            "aws_db_subnet_group.rds_private",
            "aws_iam_role.lambda_role",
            "aws_iam_role_policy_attachment.lambda_rds_auth",
            "aws_lambda_function.lambdas",
            "aws_lambda_layer_version.rds",
            "aws_security_group.lambda_sg",
            "aws_subnet.private_subnet1",
            "aws_subnet.private_subnet2",
            "data.archive_file.lambda_archives",
            "data.archive_file.rds_layer",
            "data.aws_availability_zones.available",
            "data.aws_vpc.default"
          ],
          "create_before_destroy": true
        },
        {
          "index_key": "athletes/update_athlete_profile",
          "schema_version": 0,
          "attributes": {
            "id": "5d4v2s",
            "parent_id": "qexblo",
            "path": "/athletes/update_athlete_profile",
            "path_part": "update_athlete_profile",
            "rest_api_id": "fyc4wanzoa"
          },
          "sensitive_attributes": [],
          "identity_schema_version": 0,
          "private": "bnVsbA==",
          "dependencies": [
            "aws_api_gateway_resource.athletes",
            "aws_api_gateway_resource.coaches",
            "aws_api_gateway_resource.general",
            "aws_api_gateway_rest_api.main",
            "aws_db_instance.default",
            "aws_db_subnet_group.rds_private",
            "aws_iam_role.lambda_role",
            "aws_iam_role_policy_attachment.lambda_rds_auth",
            "aws_lambda_function.lambdas",
            "aws_lambda_layer_version.rds",
            "aws_security_group.lambda_sg",
            "aws_subnet.private_subnet1",
            "aws_subnet.private_subnet2",
            "data.archive_file.lambda_archives",
            "data.archive_file.rds_layer",
            "data.aws_availability_zones.available",
            "data.aws_vpc.default"
          ],
          "create_before_destroy": true
        },
        {
          "index_key": "athletes/view_workout_inputs",
          "schema_version": 0,
          "attributes": {
            "id": "2ddnei",
            "parent_id": "qexblo",
            "path": "/athletes/view_workout_inputs",
            "path_part": "view_workout_inputs",
            "rest_api_id": "fyc4wanzoa"
          },
          "sensitive_attributes": [],
          "identity_schema_version": 0,
          "private": "bnVsbA==",
          "dependencies": [
            "aws_api_gateway_resource.athletes",
            "aws_api_gateway_resource.coaches",
            "aws_api_gateway_resource.general",
            "aws_api_gateway_rest_api.main",
            "aws_db_instance.default",
            "aws_db_subnet_group.rds_private",
            "aws_iam_role.lambda_role",
            "aws_iam_role_policy_attachment.lambda_rds_auth",
            "aws_lambda_function.lambdas",
            "aws_lambda_layer_version.rds",
            "aws_security_group.lambda_sg",
            "aws_subnet.private_subnet1",
            "aws_subnet.private_subnet2",
            "data.archive_file.lambda_archives",
            "data.archive_file.rds_layer",
            "data.aws_availability_zones.available",
            "data.aws_vpc.default"
          ],
          "create_before_destroy": true
        },
        {
          "index_key": "coaches/accept_athlete_request",
          "schema_version": 0,
          "attributes": {
            "id": "9q5y47",
            "parent_id": "lk8iqw",
            "path": "/coaches/accept_athlete_request",
            "path_part": "accept_athlete_request",
            "rest_api_id": "fyc4wanzoa"
          },
          "sensitive_attributes": [],
          "identity_schema_version": 0,
          "private": "bnVsbA==",
          "dependencies": [
            "aws_api_gateway_resource.athletes",
            "aws_api_gateway_resource.coaches",
            "aws_api_gateway_resource.general",
            "aws_api_gateway_rest_api.main",
            "aws_db_instance.default",
            "aws_db_subnet_group.rds_private",
            "aws_iam_role.lambda_role",
            "aws_iam_role_policy_attachment.lambda_rds_auth",
            "aws_lambda_function.lambdas",
            "aws_lambda_layer_version.rds",
            "aws_security_group.lambda_sg",
            "aws_subnet.private_subnet1",
            "aws_subnet.private_subnet2",
            "data.archive_file.lambda_archives",
            "data.archive_file.rds_layer",
            "data.aws_availability_zones.available",
            "data.aws_vpc.default"
          ],
          "create_before_destroy": true
        },
        {
          "index_key": "coaches/add_athlete_to_group",
          "schema_version": 0,
          "attributes": {
            "id": "fkinp0",
            "parent_id": "lk8iqw",
            "path": "/coaches/add_athlete_to_group",
            "path_part": "add_athlete_to_group",
            "rest_api_id": "fyc4wanzoa"
          },
          "sensitive_attributes": [],
          "identity_schema_version": 0,
          "private": "bnVsbA==",
          "dependencies": [
            "aws_api_gateway_resource.athletes",
            "aws_api_gateway_resource.coaches",
            "aws_api_gateway_resource.general",
            "aws_api_gateway_rest_api.main",
            "aws_db_instance.default",
            "aws_db_subnet_group.rds_private",
            "aws_iam_role.lambda_role",
            "aws_iam_role_policy_attachment.lambda_rds_auth",
            "aws_lambda_function.lambdas",
            "aws_lambda_layer_version.rds",
            "aws_security_group.lambda_sg",
            "aws_subnet.private_subnet1",
            "aws_subnet.private_subnet2",
            "data.archive_file.lambda_archives",
            "data.archive_file.rds_layer",
            "data.aws_availability_zones.available",
            "data.aws_vpc.default"
          ],
          "create_before_destroy": true
        },
        {
          "index_key": "coaches/assign_group_workout",
          "schema_version": 0,
          "attributes": {
            "id": "vlm5eu",
            "parent_id": "lk8iqw",
            "path": "/coaches/assign_group_workout",
            "path_part": "assign_group_workout",
            "rest_api_id": "fyc4wanzoa"
          },
          "sensitive_attributes": [],
          "identity_schema_version": 0,
          "private": "bnVsbA==",
          "dependencies": [
            "aws_api_gateway_resource.athletes",
            "aws_api_gateway_resource.coaches",
            "aws_api_gateway_resource.general",
            "aws_api_gateway_rest_api.main",
            "aws_db_instance.default",
            "aws_db_subnet_group.rds_private",
            "aws_iam_role.lambda_role",
            "aws_iam_role_policy_attachment.lambda_rds_auth",
            "aws_lambda_function.lambdas",
            "aws_lambda_layer_version.rds",
            "aws_security_group.lambda_sg",
            "aws_subnet.private_subnet1",
            "aws_subnet.private_subnet2",
            "data.archive_file.lambda_archives",
            "data.archive_file.rds_layer",
            "data.aws_availability_zones.available",
            "data.aws_vpc.default"
          ],
          "create_before_destroy": true
        },
        {
          "index_key": "coaches/assign_group_workout_template",
          "schema_version": 0,
          "attributes": {
            "id": "9h7v2c",
            "parent_id": "lk8iqw",
            "path": "/coaches/assign_group_workout_template",
            "path_part": "assign_group_workout_template",
            "rest_api_id": "fyc4wanzoa"
          },
          "sensitive_attributes": [],
          "identity_schema_version": 0,
          "private": "bnVsbA==",
          "dependencies": [
            "aws_api_gateway_resource.athletes",
            "aws_api_gateway_resource.coaches",
            "aws_api_gateway_resource.general",
            "aws_api_gateway_rest_api.main",
            "aws_db_instance.default",
            "aws_db_subnet_group.rds_private",
            "aws_iam_role.lambda_role",
            "aws_iam_role_policy_attachment.lambda_rds_auth",
            "aws_lambda_function.lambdas",
            "aws_lambda_layer_version.rds",
            "aws_security_group.lambda_sg",
            "aws_subnet.private_subnet1",
            "aws_subnet.private_subnet2",
            "data.archive_file.lambda_archives",
            "data.archive_file.rds_layer",
            "data.aws_availability_zones.available",
            "data.aws_vpc.default"
          ],
          "create_before_destroy": true
        },
        {
          "index_key": "coaches/create_coach",
          "schema_version": 0,
          "attributes": {
            "id": "5glor0",
            "parent_id": "lk8iqw",
            "path": "/coaches/create_coach",
            "path_part": "create_coach",
            "rest_api_id": "fyc4wanzoa"
          },
          "sensitive_attributes": [],
          "identity_schema_version": 0,
          "private": "bnVsbA==",
          "dependencies": [
            "aws_api_gateway_resource.athletes",
            "aws_api_gateway_resource.coaches",
            "aws_api_gateway_resource.general",
            "aws_api_gateway_rest_api.main",
            "aws_db_instance.default",
            "aws_db_subnet_group.rds_private",
            "aws_iam_role.lambda_role",
            "aws_iam_role_policy_attachment.lambda_rds_auth",
            "aws_lambda_function.lambdas",
            "aws_lambda_layer_version.rds",
            "aws_security_group.lambda_sg",
            "aws_subnet.private_subnet1",
            "aws_subnet.private_subnet2",
            "data.archive_file.lambda_archives",
            "data.archive_file.rds_layer",
            "data.aws_availability_zones.available",
            "data.aws_vpc.default"
          ],
          "create_before_destroy": true
        },
        {
          "index_key": "coaches/create_group",
          "schema_version": 0,
          "attributes": {
            "id": "9cji1a",
            "parent_id": "lk8iqw",
            "path": "/coaches/create_group",
            "path_part": "create_group",
            "rest_api_id": "fyc4wanzoa"
          },
          "sensitive_attributes": [],
          "identity_schema_version": 0,
          "private": "bnVsbA==",
          "dependencies": [
            "aws_api_gateway_resource.athletes",
            "aws_api_gateway_resource.coaches",
            "aws_api_gateway_resource.general",
            "aws_api_gateway_rest_api.main",
            "aws_db_instance.default",
            "aws_db_subnet_group.rds_private",
            "aws_iam_role.lambda_role",
            "aws_iam_role_policy_attachment.lambda_rds_auth",
            "aws_lambda_function.lambdas",
            "aws_lambda_layer_version.rds",
            "aws_security_group.lambda_sg",
            "aws_subnet.private_subnet1",
            "aws_subnet.private_subnet2",
            "data.archive_file.lambda_archives",
            "data.archive_file.rds_layer",
            "data.aws_availability_zones.available",
            "data.aws_vpc.default"
          ],
          "create_before_destroy": true
        },
        {
          "index_key": "coaches/create_workout_template",
          "schema_version": 0,
          "attributes": {
            "id": "75n4j3",
            "parent_id": "lk8iqw",
            "path": "/coaches/create_workout_template",
            "path_part": "create_workout_template",
            "rest_api_id": "fyc4wanzoa"
          },
          "sensitive_attributes": [],
          "identity_schema_version": 0,
          "private": "bnVsbA==",
          "dependencies": [
            "aws_api_gateway_resource.athletes",
            "aws_api_gateway_resource.coaches",
            "aws_api_gateway_resource.general",
            "aws_api_gateway_rest_api.main",
            "aws_db_instance.default",
            "aws_db_subnet_group.rds_private",
            "aws_iam_role.lambda_role",
            "aws_iam_role_policy_attachment.lambda_rds_auth",
            "aws_lambda_function.lambdas",
            "aws_lambda_layer_version.rds",
            "aws_security_group.lambda_sg",
            "aws_subnet.private_subnet1",
            "aws_subnet.private_subnet2",
            "data.archive_file.lambda_archives",
            "data.archive_file.rds_layer",
            "data.aws_availability_zones.available",
            "data.aws_vpc.default"
          ],
          "create_before_destroy": true
        },
        {
          "index_key": "coaches/decline_athlete_request",
          "schema_version": 0,
          "attributes": {
            "id": "o54nfi",
            "parent_id": "lk8iqw",
            "path": "/coaches/decline_athlete_request",
            "path_part": "decline_athlete_request",
            "rest_api_id": "fyc4wanzoa"
          },
          "sensitive_attributes": [],
          "identity_schema_version": 0,
          "private": "bnVsbA==",
          "dependencies": [
            "aws_api_gateway_resource.athletes",
            "aws_api_gateway_resource.coaches",
            "aws_api_gateway_resource.general",
            "aws_api_gateway_rest_api.main",
            "aws_db_instance.default",
            "aws_db_subnet_group.rds_private",
            "aws_iam_role.lambda_role",
            "aws_iam_role_policy_attachment.lambda_rds_auth",
            "aws_lambda_function.lambdas",
            "aws_lambda_layer_version.rds",
            "aws_security_group.lambda_sg",
            "aws_subnet.private_subnet1",
            "aws_subnet.private_subnet2",
            "data.archive_file.lambda_archives",
            "data.archive_file.rds_layer",
            "data.aws_availability_zones.available",
            "data.aws_vpc.default"
          ],
          "create_before_destroy": true
        },
        {
          "index_key": "coaches/delete_group",
          "schema_version": 0,
          "attributes": {
            "id": "7eywmd",
            "parent_id": "lk8iqw",
            "path": "/coaches/delete_group",
            "path_part": "delete_group",
            "rest_api_id": "fyc4wanzoa"
          },
          "sensitive_attributes": [],
          "identity_schema_version": 0,
          "private": "bnVsbA==",
          "dependencies": [
            "aws_api_gateway_resource.athletes",
            "aws_api_gateway_resource.coaches",
            "aws_api_gateway_resource.general",
            "aws_api_gateway_rest_api.main",
            "aws_db_instance.default",
            "aws_db_subnet_group.rds_private",
            "aws_iam_role.lambda_role",
            "aws_iam_role_policy_attachment.lambda_rds_auth",
            "aws_lambda_function.lambdas",
            "aws_lambda_layer_version.rds",
            "aws_security_group.lambda_sg",
            "aws_subnet.private_subnet1",
            "aws_subnet.private_subnet2",
            "data.archive_file.lambda_archives",
            "data.archive_file.rds_layer",
            "data.aws_availability_zones.available",
            "data.aws_vpc.default"
          ],
          "create_before_destroy": true
        },
        {
          "index_key": "coaches/delete_group_workout",
          "schema_version": 0,
          "attributes": {
            "id": "qp6t2m",
            "parent_id": "lk8iqw",
            "path": "/coaches/delete_group_workout",
            "path_part": "delete_group_workout",
            "rest_api_id": "fyc4wanzoa"
          },
          "sensitive_attributes": [],
          "identity_schema_version": 0,
          "private": "bnVsbA==",
          "dependencies": [
            "aws_api_gateway_resource.athletes",
            "aws_api_gateway_resource.coaches",
            "aws_api_gateway_resource.general",
            "aws_api_gateway_rest_api.main",
            "aws_db_instance.default",
            "aws_db_subnet_group.rds_private",
            "aws_iam_role.lambda_role",
            "aws_iam_role_policy_attachment.lambda_rds_auth",
            "aws_lambda_function.lambdas",
            "aws_lambda_layer_version.rds",
            "aws_security_group.lambda_sg",
            "aws_subnet.private_subnet1",
            "aws_subnet.private_subnet2",
            "data.archive_file.lambda_archives",
            "data.archive_file.rds_layer",
            "data.aws_availability_zones.available",
            "data.aws_vpc.default"
          ],
          "create_before_destroy": true
        },
        {
          "index_key": "coaches/delete_workout_template",
          "schema_version": 0,
          "attributes": {
            "id": "q80ac6",
            "parent_id": "lk8iqw",
            "path": "/coaches/delete_workout_template",
            "path_part": "delete_workout_template",
            "rest_api_id": "fyc4wanzoa"
          },
          "sensitive_attributes": [],
          "identity_schema_version": 0,
          "private": "bnVsbA==",
          "dependencies": [
            "aws_api_gateway_resource.athletes",
            "aws_api_gateway_resource.coaches",
            "aws_api_gateway_resource.general",
            "aws_api_gateway_rest_api.main",
            "aws_db_instance.default",
            "aws_db_subnet_group.rds_private",
            "aws_iam_role.lambda_role",
            "aws_iam_role_policy_attachment.lambda_rds_auth",
            "aws_lambda_function.lambdas",
            "aws_lambda_layer_version.rds",
            "aws_security_group.lambda_sg",
            "aws_subnet.private_subnet1",
            "aws_subnet.private_subnet2",
            "data.archive_file.lambda_archives",
            "data.archive_file.rds_layer",
            "data.aws_availability_zones.available",
            "data.aws_vpc.default"
          ],
          "create_before_destroy": true
        },
        {
          "index_key": "coaches/get_absent_group_athletes",
          "schema_version": 0,
          "attributes": {
            "id": "v76136",
            "parent_id": "lk8iqw",
            "path": "/coaches/get_absent_group_athletes",
            "path_part": "get_absent_group_athletes",
            "rest_api_id": "fyc4wanzoa"
          },
          "sensitive_attributes": [],
          "identity_schema_version": 0,
          "private": "bnVsbA==",
          "dependencies": [
            "aws_api_gateway_resource.athletes",
            "aws_api_gateway_resource.coaches",
            "aws_api_gateway_resource.general",
            "aws_api_gateway_rest_api.main",
            "aws_db_instance.default",
            "aws_db_subnet_group.rds_private",
            "aws_iam_role.lambda_role",
            "aws_iam_role_policy_attachment.lambda_rds_auth",
            "aws_lambda_function.lambdas",
            "aws_lambda_layer_version.rds",
            "aws_security_group.lambda_sg",
            "aws_subnet.private_subnet1",
            "aws_subnet.private_subnet2",
            "data.archive_file.lambda_archives",
            "data.archive_file.rds_layer",
            "data.aws_availability_zones.available",
            "data.aws_vpc.default"
          ],
          "create_before_destroy": true
        },
        {
          "index_key": "coaches/get_athletes",
          "schema_version": 0,
          "attributes": {
            "id": "d7av9n",
            "parent_id": "lk8iqw",
            "path": "/coaches/get_athletes",
            "path_part": "get_athletes",
            "rest_api_id": "fyc4wanzoa"
          },
          "sensitive_attributes": [],
          "identity_schema_version": 0,
          "private": "bnVsbA==",
          "dependencies": [
            "aws_api_gateway_resource.athletes",
            "aws_api_gateway_resource.coaches",
            "aws_api_gateway_resource.general",
            "aws_api_gateway_rest_api.main",
            "aws_db_instance.default",
            "aws_db_subnet_group.rds_private",
            "aws_iam_role.lambda_role",
            "aws_iam_role_policy_attachment.lambda_rds_auth",
            "aws_lambda_function.lambdas",
            "aws_lambda_layer_version.rds",
            "aws_security_group.lambda_sg",
            "aws_subnet.private_subnet1",
            "aws_subnet.private_subnet2",
            "data.archive_file.lambda_archives",
            "data.archive_file.rds_layer",
            "data.aws_availability_zones.available",
            "data.aws_vpc.default"
          ],
          "create_before_destroy": true
        },
        {
          "index_key": "coaches/get_available_history_dates",
          "schema_version": 0,
          "attributes": {
            "id": "wur8oc",
            "parent_id": "lk8iqw",
            "path": "/coaches/get_available_history_dates",
            "path_part": "get_available_history_dates",
            "rest_api_id": "fyc4wanzoa"
          },
          "sensitive_attributes": [],
          "identity_schema_version": 0,
          "private": "bnVsbA==",
          "dependencies": [
            "aws_api_gateway_resource.athletes",
            "aws_api_gateway_resource.coaches",
            "aws_api_gateway_resource.general",
            "aws_api_gateway_rest_api.main",
            "aws_db_instance.default",
            "aws_db_subnet_group.rds_private",
            "aws_iam_role.lambda_role",
            "aws_iam_role_policy_attachment.lambda_rds_auth",
            "aws_lambda_function.lambdas",
            "aws_lambda_layer_version.rds",
            "aws_security_group.lambda_sg",
            "aws_subnet.private_subnet1",
            "aws_subnet.private_subnet2",
            "data.archive_file.lambda_archives",
            "data.archive_file.rds_layer",
            "data.aws_availability_zones.available",
            "data.aws_vpc.default"
          ],
          "create_before_destroy": true
        },
        {
          "index_key": "coaches/get_workout_templates",
          "schema_version": 0,
          "attributes": {
            "id": "ox2ge6",
            "parent_id": "lk8iqw",
            "path": "/coaches/get_workout_templates",
            "path_part": "get_workout_templates",
            "rest_api_id": "fyc4wanzoa"
          },
          "sensitive_attributes": [],
          "identity_schema_version": 0,
          "private": "bnVsbA==",
          "dependencies": [
            "aws_api_gateway_resource.athletes",
            "aws_api_gateway_resource.coaches",
            "aws_api_gateway_resource.general",
            "aws_api_gateway_rest_api.main",
            "aws_db_instance.default",
            "aws_db_subnet_group.rds_private",
            "aws_iam_role.lambda_role",
            "aws_iam_role_policy_attachment.lambda_rds_auth",
            "aws_lambda_function.lambdas",
            "aws_lambda_layer_version.rds",
            "aws_security_group.lambda_sg",
            "aws_subnet.private_subnet1",
            "aws_subnet.private_subnet2",
            "data.archive_file.lambda_archives",
            "data.archive_file.rds_layer",
            "data.aws_availability_zones.available",
            "data.aws_vpc.default"
          ],
          "create_before_destroy": true
        },
        {
          "index_key": "coaches/invite_athlete",
          "schema_version": 0,
          "attributes": {
            "id": "jpqcjn",
            "parent_id": "lk8iqw",
            "path": "/coaches/invite_athlete",
            "path_part": "invite_athlete",
            "rest_api_id": "fyc4wanzoa"
          },
          "sensitive_attributes": [],
          "identity_schema_version": 0,
          "private": "bnVsbA==",
          "dependencies": [
            "aws_api_gateway_resource.athletes",
            "aws_api_gateway_resource.coaches",
            "aws_api_gateway_resource.general",
            "aws_api_gateway_rest_api.main",
            "aws_db_instance.default",
            "aws_db_subnet_group.rds_private",
            "aws_iam_role.lambda_role",
            "aws_iam_role_policy_attachment.lambda_rds_auth",
            "aws_lambda_function.lambdas",
            "aws_lambda_layer_version.rds",
            "aws_security_group.lambda_sg",
            "aws_subnet.private_subnet1",
            "aws_subnet.private_subnet2",
            "data.archive_file.lambda_archives",
            "data.archive_file.rds_layer",
            "data.aws_availability_zones.available",
            "data.aws_vpc.default"
          ],
          "create_before_destroy": true
        },
        {
          "index_key": "coaches/remove_group_athlete",
          "schema_version": 0,
          "attributes": {
            "id": "sccl0g",
            "parent_id": "lk8iqw",
            "path": "/coaches/remove_group_athlete",
            "path_part": "remove_group_athlete",
            "rest_api_id": "fyc4wanzoa"
          },
          "sensitive_attributes": [],
          "identity_schema_version": 0,
          "private": "bnVsbA==",
          "dependencies": [
            "aws_api_gateway_resource.athletes",
            "aws_api_gateway_resource.coaches",
            "aws_api_gateway_resource.general",
            "aws_api_gateway_rest_api.main",
            "aws_db_instance.default",
            "aws_db_subnet_group.rds_private",
            "aws_iam_role.lambda_role",
            "aws_iam_role_policy_attachment.lambda_rds_auth",
            "aws_lambda_function.lambdas",
            "aws_lambda_layer_version.rds",
            "aws_security_group.lambda_sg",
            "aws_subnet.private_subnet1",
            "aws_subnet.private_subnet2",
            "data.archive_file.lambda_archives",
            "data.archive_file.rds_layer",
            "data.aws_availability_zones.available",
            "data.aws_vpc.default"
          ],
          "create_before_destroy": true
        },
        {
          "index_key": "coaches/search_athletes",
          "schema_version": 0,
          "attributes": {
            "id": "zflfz0",
            "parent_id": "lk8iqw",
            "path": "/coaches/search_athletes",
            "path_part": "search_athletes",
            "rest_api_id": "fyc4wanzoa"
          },
          "sensitive_attributes": [],
          "identity_schema_version": 0,
          "private": "bnVsbA==",
          "dependencies": [
            "aws_api_gateway_resource.athletes",
            "aws_api_gateway_resource.coaches",
            "aws_api_gateway_resource.general",
            "aws_api_gateway_rest_api.main",
            "aws_db_instance.default",
            "aws_db_subnet_group.rds_private",
            "aws_iam_role.lambda_role",
            "aws_iam_role_policy_attachment.lambda_rds_auth",
            "aws_lambda_function.lambdas",
            "aws_lambda_layer_version.rds",
            "aws_security_group.lambda_sg",
            "aws_subnet.private_subnet1",
            "aws_subnet.private_subnet2",
            "data.archive_file.lambda_archives",
            "data.archive_file.rds_layer",
            "data.aws_availability_zones.available",
            "data.aws_vpc.default"
          ],
          "create_before_destroy": true
        },
        {
          "index_key": "coaches/update_coach_profile",
          "schema_version": 0,
          "attributes": {
            "id": "x8ig5c",
            "parent_id": "lk8iqw",
            "path": "/coaches/update_coach_profile",
            "path_part": "update_coach_profile",
            "rest_api_id": "fyc4wanzoa"
          },
          "sensitive_attributes": [],
          "identity_schema_version": 0,
          "private": "bnVsbA==",
          "dependencies": [
            "aws_api_gateway_resource.athletes",
            "aws_api_gateway_resource.coaches",
            "aws_api_gateway_resource.general",
            "aws_api_gateway_rest_api.main",
            "aws_db_instance.default",
            "aws_db_subnet_group.rds_private",
            "aws_iam_role.lambda_role",
            "aws_iam_role_policy_attachment.lambda_rds_auth",
            "aws_lambda_function.lambdas",
            "aws_lambda_layer_version.rds",
            "aws_security_group.lambda_sg",
            "aws_subnet.private_subnet1",
            "aws_subnet.private_subnet2",
            "data.archive_file.lambda_archives",
            "data.archive_file.rds_layer",
            "data.aws_availability_zones.available",
            "data.aws_vpc.default"
          ],
          "create_before_destroy": true
        },
        {
          "index_key": "coaches/view_athlete_requests",
          "schema_version": 0,
          "attributes": {
            "id": "g82ihy",
            "parent_id": "lk8iqw",
            "path": "/coaches/view_athlete_requests",
            "path_part": "view_athlete_requests",
            "rest_api_id": "fyc4wanzoa"
          },
          "sensitive_attributes": [],
          "identity_schema_version": 0,
          "private": "bnVsbA==",
          "dependencies": [
            "aws_api_gateway_resource.athletes",
            "aws_api_gateway_resource.coaches",
            "aws_api_gateway_resource.general",
            "aws_api_gateway_rest_api.main",
            "aws_db_instance.default",
            "aws_db_subnet_group.rds_private",
            "aws_iam_role.lambda_role",
            "aws_iam_role_policy_attachment.lambda_rds_auth",
            "aws_lambda_function.lambdas",
            "aws_lambda_layer_version.rds",
            "aws_security_group.lambda_sg",
            "aws_subnet.private_subnet1",
            "aws_subnet.private_subnet2",
            "data.archive_file.lambda_archives",
            "data.archive_file.rds_layer",
            "data.aws_availability_zones.available",
            "data.aws_vpc.default"
          ],
          "create_before_destroy": true
        },
        {
          "index_key": "general/fetch_historical_data",
          "schema_version": 0,
          "attributes": {
            "id": "zroyvl",
            "parent_id": "wyttri",
            "path": "/general/fetch_historical_data",
            "path_part": "fetch_historical_data",
            "rest_api_id": "fyc4wanzoa"
          },
          "sensitive_attributes": [],
          "identity_schema_version": 0,
          "private": "bnVsbA==",
          "dependencies": [
            "aws_api_gateway_resource.athletes",
            "aws_api_gateway_resource.coaches",
            "aws_api_gateway_resource.general",
            "aws_api_gateway_rest_api.main",
            "aws_db_instance.default",
            "aws_db_subnet_group.rds_private",
            "aws_iam_role.lambda_role",
            "aws_iam_role_policy_attachment.lambda_rds_auth",
            "aws_lambda_function.lambdas",
            "aws_lambda_layer_version.rds",
            "aws_security_group.lambda_sg",
            "aws_subnet.private_subnet1",
            "aws_subnet.private_subnet2",
            "data.archive_file.lambda_archives",
            "data.archive_file.rds_layer",
            "data.aws_availability_zones.available",
            "data.aws_vpc.default"
          ],
          "create_before_destroy": true
        },
        {
          "index_key": "general/get_athletes_for_group",
          "schema_version": 0,
          "attributes": {
            "id": "uhqhpb",
            "parent_id": "wyttri",
            "path": "/general/get_athletes_for_group",
            "path_part": "get_athletes_for_group",
            "rest_api_id": "fyc4wanzoa"
          },
          "sensitive_attributes": [],
          "identity_schema_version": 0,
          "private": "bnVsbA==",
          "dependencies": [
            "aws_api_gateway_resource.athletes",
            "aws_api_gateway_resource.coaches",
            "aws_api_gateway_resource.general",
            "aws_api_gateway_rest_api.main",
            "aws_db_instance.default",
            "aws_db_subnet_group.rds_private",
            "aws_iam_role.lambda_role",
            "aws_iam_role_policy_attachment.lambda_rds_auth",
            "aws_lambda_function.lambdas",
            "aws_lambda_layer_version.rds",
            "aws_security_group.lambda_sg",
            "aws_subnet.private_subnet1",
            "aws_subnet.private_subnet2",
            "data.archive_file.lambda_archives",
            "data.archive_file.rds_layer",
            "data.aws_availability_zones.available",
            "data.aws_vpc.default"
          ],
          "create_before_destroy": true
        },
        {
          "index_key": "general/get_group_workout",
          "schema_version": 0,
          "attributes": {
            "id": "s2ofb7",
            "parent_id": "wyttri",
            "path": "/general/get_group_workout",
            "path_part": "get_group_workout",
            "rest_api_id": "fyc4wanzoa"
          },
          "sensitive_attributes": [],
          "identity_schema_version": 0,
          "private": "bnVsbA==",
          "dependencies": [
            "aws_api_gateway_resource.athletes",
            "aws_api_gateway_resource.coaches",
            "aws_api_gateway_resource.general",
            "aws_api_gateway_rest_api.main",
            "aws_db_instance.default",
            "aws_db_subnet_group.rds_private",
            "aws_iam_role.lambda_role",
            "aws_iam_role_policy_attachment.lambda_rds_auth",
            "aws_lambda_function.lambdas",
            "aws_lambda_layer_version.rds",
            "aws_security_group.lambda_sg",
            "aws_subnet.private_subnet1",
            "aws_subnet.private_subnet2",
            "data.archive_file.lambda_archives",
            "data.archive_file.rds_layer",
            "data.aws_availability_zones.available",
            "data.aws_vpc.default"
          ],
          "create_before_destroy": true
        },
        {
          "index_key": "general/get_groups",
          "schema_version": 0,
          "attributes": {
            "id": "lvs279",
            "parent_id": "wyttri",
            "path": "/general/get_groups",
            "path_part": "get_groups",
            "rest_api_id": "fyc4wanzoa"
          },
          "sensitive_attributes": [],
          "identity_schema_version": 0,
          "private": "bnVsbA==",
          "dependencies": [
            "aws_api_gateway_resource.athletes",
            "aws_api_gateway_resource.coaches",
            "aws_api_gateway_resource.general",
            "aws_api_gateway_rest_api.main",
            "aws_db_instance.default",
            "aws_db_subnet_group.rds_private",
            "aws_iam_role.lambda_role",
            "aws_iam_role_policy_attachment.lambda_rds_auth",
            "aws_lambda_function.lambdas",
            "aws_lambda_layer_version.rds",
            "aws_security_group.lambda_sg",
            "aws_subnet.private_subnet1",
            "aws_subnet.private_subnet2",
            "data.archive_file.lambda_archives",
            "data.archive_file.rds_layer",
            "data.aws_availability_zones.available",
            "data.aws_vpc.default"
          ],
          "create_before_destroy": true
        },
        {
          "index_key": "general/get_pending_proposals",
          "schema_version": 0,
          "attributes": {
            "id": "4wow8t",
            "parent_id": "wyttri",
            "path": "/general/get_pending_proposals",
            "path_part": "get_pending_proposals",
            "rest_api_id": "fyc4wanzoa"
          },
          "sensitive_attributes": [],
          "identity_schema_version": 0,
          "private": "bnVsbA==",
          "dependencies": [
            "aws_api_gateway_resource.athletes",
            "aws_api_gateway_resource.coaches",
            "aws_api_gateway_resource.general",
            "aws_api_gateway_rest_api.main",
            "aws_db_instance.default",
            "aws_db_subnet_group.rds_private",
            "aws_iam_role.lambda_role",
            "aws_iam_role_policy_attachment.lambda_rds_auth",
            "aws_lambda_function.lambdas",
            "aws_lambda_layer_version.rds",
            "aws_security_group.lambda_sg",
            "aws_subnet.private_subnet1",
            "aws_subnet.private_subnet2",
            "data.archive_file.lambda_archives",
            "data.archive_file.rds_layer",
            "data.aws_availability_zones.available",
            "data.aws_vpc.default"
          ],
          "create_before_destroy": true
        },
        {
          "index_key": "general/get_user",
          "schema_version": 0,
          "attributes": {
            "id": "ebpcad",
            "parent_id": "wyttri",
            "path": "/general/get_user",
            "path_part": "get_user",
            "rest_api_id": "fyc4wanzoa"
          },
          "sensitive_attributes": [],
          "identity_schema_version": 0,
          "private": "bnVsbA==",
          "dependencies": [
            "aws_api_gateway_resource.athletes",
            "aws_api_gateway_resource.coaches",
            "aws_api_gateway_resource.general",
            "aws_api_gateway_rest_api.main",
            "aws_db_instance.default",
            "aws_db_subnet_group.rds_private",
            "aws_iam_role.lambda_role",
            "aws_iam_role_policy_attachment.lambda_rds_auth",
            "aws_lambda_function.lambdas",
            "aws_lambda_layer_version.rds",
            "aws_security_group.lambda_sg",
            "aws_subnet.private_subnet1",
            "aws_subnet.private_subnet2",
            "data.archive_file.lambda_archives",
            "data.archive_file.rds_layer",
            "data.aws_availability_zones.available",
            "data.aws_vpc.default"
          ],
          "create_before_destroy": true
        },
        {
          "index_key": "general/remove_coach_athlete",
          "schema_version": 0,
          "attributes": {
            "id": "g3wlud",
            "parent_id": "wyttri",
            "path": "/general/remove_coach_athlete",
            "path_part": "remove_coach_athlete",
            "rest_api_id": "fyc4wanzoa"
          },
          "sensitive_attributes": [],
          "identity_schema_version": 0,
          "private": "bnVsbA==",
          "dependencies": [
            "aws_api_gateway_resource.athletes",
            "aws_api_gateway_resource.coaches",
            "aws_api_gateway_resource.general",
            "aws_api_gateway_rest_api.main",
            "aws_db_instance.default",
            "aws_db_subnet_group.rds_private",
            "aws_iam_role.lambda_role",
            "aws_iam_role_policy_attachment.lambda_rds_auth",
            "aws_lambda_function.lambdas",
            "aws_lambda_layer_version.rds",
            "aws_security_group.lambda_sg",
            "aws_subnet.private_subnet1",
            "aws_subnet.private_subnet2",
            "data.archive_file.lambda_archives",
            "data.archive_file.rds_layer",
            "data.aws_availability_zones.available",
            "data.aws_vpc.default"
          ],
          "create_before_destroy": true
        },
        {
          "index_key": "general/view_group_inputs",
          "schema_version": 0,
          "attributes": {
            "id": "nd8wl3",
            "parent_id": "wyttri",
            "path": "/general/view_group_inputs",
            "path_part": "view_group_inputs",
            "rest_api_id": "fyc4wanzoa"
          },
          "sensitive_attributes": [],
          "identity_schema_version": 0,
          "private": "bnVsbA==",
          "dependencies": [
            "aws_api_gateway_resource.athletes",
            "aws_api_gateway_resource.coaches",
            "aws_api_gateway_resource.general",
            "aws_api_gateway_rest_api.main",
            "aws_db_instance.default",
            "aws_db_subnet_group.rds_private",
            "aws_iam_role.lambda_role",
            "aws_iam_role_policy_attachment.lambda_rds_auth",
            "aws_lambda_function.lambdas",
            "aws_lambda_layer_version.rds",
            "aws_security_group.lambda_sg",
            "aws_subnet.private_subnet1",
            "aws_subnet.private_subnet2",
            "data.archive_file.lambda_archives",
            "data.archive_file.rds_layer",
            "data.aws_availability_zones.available",
            "data.aws_vpc.default"
          ],
          "create_before_destroy": true
        }
      ]
    },
    {
      "mode": "managed",
      "type": "aws_api_gateway_rest_api",
      "name": "main",
      "provider": "provider[\"registry.terraform.io/hashicorp/aws\"]",
      "instances": [
        {
          "schema_version": 0,
          "attributes": {
            "api_key_source": "HEADER",
            "arn": "arn:aws:apigateway:us-east-2::/restapis/fyc4wanzoa",
            "binary_media_types": [],
            "body": null,
            "created_date": "2025-09-19T19:08:56Z",
            "description": "Trackme API Gateway",
            "disable_execute_api_endpoint": false,
            "endpoint_configuration": [
              {
                "ip_address_type": "ipv4",
                "types": [
                  "EDGE"
                ],
                "vpc_endpoint_ids": []
              }
            ],
            "execution_arn": "arn:aws:execute-api:us-east-2:857360184083:fyc4wanzoa",
            "fail_on_warnings": null,
            "id": "fyc4wanzoa",
            "minimum_compression_size": "",
            "name": "trackme-api",
            "parameters": null,
            "policy": "",
            "put_rest_api_mode": null,
            "root_resource_id": "1h3t8tuz42",
            "tags": {},
            "tags_all": {}
          },
          "sensitive_attributes": [],
          "identity_schema_version": 0,
          "private": "bnVsbA==",
          "create_before_destroy": true
        }
      ]
    },
    {
      "mode": "managed",
      "type": "aws_api_gateway_stage",
      "name": "main",
      "provider": "provider[\"registry.terraform.io/hashicorp/aws\"]",
      "instances": [
        {
          "schema_version": 0,
          "attributes": {
            "access_log_settings": [],
            "arn": "arn:aws:apigateway:us-east-2::/restapis/fyc4wanzoa/stages/prod",
            "cache_cluster_enabled": false,
            "cache_cluster_size": "",
            "canary_settings": [],
            "client_certificate_id": "",
            "deployment_id": "ilumr0",
            "description": "",
            "documentation_version": "",
            "execution_arn": "arn:aws:execute-api:us-east-2:857360184083:fyc4wanzoa/prod",
            "id": "ags-fyc4wanzoa-prod",
            "invoke_url": "https://fyc4wanzoa.execute-api.us-east-2.amazonaws.com/prod",
            "rest_api_id": "fyc4wanzoa",
            "stage_name": "prod",
            "tags": {},
            "tags_all": {},
            "variables": {},
            "web_acl_arn": "",
            "xray_tracing_enabled": false
          },
          "sensitive_attributes": [],
          "identity_schema_version": 0,
          "private": "bnVsbA==",
          "dependencies": [
            "aws_api_gateway_authorizer.cognito_authorizer",
            "aws_api_gateway_deployment.main",
            "aws_api_gateway_integration.main",
            "aws_api_gateway_method.main",
            "aws_api_gateway_resource.athletes",
            "aws_api_gateway_resource.coaches",
            "aws_api_gateway_resource.general",
            "aws_api_gateway_resource.subresources",
            "aws_api_gateway_rest_api.main",
            "aws_db_instance.default",
            "aws_db_subnet_group.rds_private",
            "aws_iam_role.lambda_role",
            "aws_iam_role_policy_attachment.lambda_rds_auth",
            "aws_lambda_function.lambdas",
            "aws_lambda_layer_version.rds",
            "aws_security_group.lambda_sg",
            "aws_subnet.private_subnet1",
            "aws_subnet.private_subnet2",
            "data.archive_file.lambda_archives",
            "data.archive_file.rds_layer",
            "data.aws_availability_zones.available",
            "data.aws_vpc.default"
          ]
        }
      ]
    },
    {
      "mode": "managed",
      "type": "aws_db_instance",
      "name": "default",
      "provider": "provider[\"registry.terraform.io/hashicorp/aws\"]",
      "instances": [
        {
          "schema_version": 2,
          "attributes": {
            "address": "trackmedb.c9goe0ioosh0.us-east-2.rds.amazonaws.com",
            "allocated_storage": 20,
            "allow_major_version_upgrade": null,
            "apply_immediately": false,
            "arn": "arn:aws:rds:us-east-2:857360184083:db:trackmedb",
            "auto_minor_version_upgrade": true,
            "availability_zone": "us-east-2a",
            "backup_retention_period": 0,
            "backup_target": "region",
            "backup_window": "05:17-05:47",
            "blue_green_update": [],
            "ca_cert_identifier": "rds-ca-rsa2048-g1",
            "character_set_name": "",
            "copy_tags_to_snapshot": false,
            "custom_iam_instance_profile": "",
            "customer_owned_ip_enabled": false,
            "database_insights_mode": "standard",
            "db_name": "trackme",
            "db_subnet_group_name": "trackme-db-subnet-group",
            "dedicated_log_volume": false,
            "delete_automated_backups": true,
            "deletion_protection": false,
            "domain": "",
            "domain_auth_secret_arn": "",
            "domain_dns_ips": [],
            "domain_fqdn": "",
            "domain_iam_role_name": "",
            "domain_ou": "",
            "enabled_cloudwatch_logs_exports": [],
            "endpoint": "trackmedb.c9goe0ioosh0.us-east-2.rds.amazonaws.com:5432",
            "engine": "postgres",
            "engine_lifecycle_support": "open-source-rds-extended-support",
            "engine_version": "17.5",
            "engine_version_actual": "17.5",
            "final_snapshot_identifier": null,
            "hosted_zone_id": "Z2XHWR1WZ565X2",
            "iam_database_authentication_enabled": false,
            "id": "db-SF4YG732X4EN6WMSNXVOI6CRRI",
            "identifier": "trackmedb",
            "identifier_prefix": "",
            "instance_class": "db.t3.micro",
            "iops": 0,
            "kms_key_id": "",
            "latest_restorable_time": "",
            "license_model": "postgresql-license",
            "listener_endpoint": [],
            "maintenance_window": "sun:07:38-sun:08:08",
            "manage_master_user_password": null,
            "master_user_secret": [],
            "master_user_secret_kms_key_id": null,
            "max_allocated_storage": 0,
            "monitoring_interval": 0,
            "monitoring_role_arn": "",
            "multi_az": false,
            "nchar_character_set_name": "",
            "network_type": "IPV4",
            "option_group_name": "default:postgres-17",
            "parameter_group_name": "default.postgres17",
            "password": "Mojito#2025",
            "password_wo": null,
            "password_wo_version": null,
            "performance_insights_enabled": false,
            "performance_insights_kms_key_id": "",
            "performance_insights_retention_period": 0,
            "port": 5432,
            "publicly_accessible": false,
            "replica_mode": "",
            "replicas": [],
            "replicate_source_db": "",
            "resource_id": "db-SF4YG732X4EN6WMSNXVOI6CRRI",
            "restore_to_point_in_time": [],
            "s3_import": [],
            "skip_final_snapshot": true,
            "snapshot_identifier": null,
            "status": "available",
            "storage_encrypted": false,
            "storage_throughput": 0,
            "storage_type": "gp2",
            "tags": {},
            "tags_all": {},
            "timeouts": null,
            "timezone": "",
            "upgrade_storage_config": null,
            "username": "trackme_admin",
            "vpc_security_group_ids": [
              "sg-0b98a1e54096ed585"
            ]
          },
          "sensitive_attributes": [
            [
              {
                "type": "get_attr",
                "value": "password"
              }
            ],
            [
              {
                "type": "get_attr",
                "value": "password_wo"
              }
            ]
          ],
          "identity_schema_version": 0,
          "private": "eyJlMmJmYjczMC1lY2FhLTExZTYtOGY4OC0zNDM2M2JjN2M0YzAiOnsiY3JlYXRlIjozMDAwMDAwMDAwMDAwLCJkZWxldGUiOjM2MDAwMDAwMDAwMDAsInVwZGF0ZSI6NDgwMDAwMDAwMDAwMH0sInNjaGVtYV92ZXJzaW9uIjoiMiJ9",
          "dependencies": [
            "aws_db_subnet_group.rds_private",
            "aws_subnet.private_subnet1",
            "aws_subnet.private_subnet2",
            "data.aws_availability_zones.available",
            "data.aws_vpc.default"
          ],
          "create_before_destroy": true
        }
      ]
    },
    {
      "mode": "managed",
      "type": "aws_db_subnet_group",
      "name": "rds_private",
      "provider": "provider[\"registry.terraform.io/hashicorp/aws\"]",
      "instances": [
        {
          "schema_version": 0,
          "attributes": {
            "arn": "arn:aws:rds:us-east-2:857360184083:subgrp:trackme-db-subnet-group",
            "description": "Managed by Terraform",
            "id": "trackme-db-subnet-group",
            "name": "trackme-db-subnet-group",
            "name_prefix": "",
            "subnet_ids": [
              "subnet-09b6e632d01fcb525",
              "subnet-0db35c13edd7c98e9"
            ],
            "supported_network_types": [
              "IPV4"
            ],
            "tags": {
              "Name": "trackme-db-subnet-group"
            },
            "tags_all": {
              "Name": "trackme-db-subnet-group"
            },
            "vpc_id": "vpc-00ce2d8f8e6ecb305"
          },
          "sensitive_attributes": [],
          "identity_schema_version": 0,
          "private": "bnVsbA==",
          "dependencies": [
            "aws_subnet.private_subnet1",
            "aws_subnet.private_subnet2",
            "data.aws_availability_zones.available",
            "data.aws_vpc.default"
          ],
          "create_before_destroy": true
        }
      ]
    },
    {
      "mode": "managed",
      "type": "aws_iam_role",
      "name": "lambda_role",
      "provider": "provider[\"registry.terraform.io/hashicorp/aws\"]",
      "instances": [
        {
          "schema_version": 0,
          "attributes": {
            "arn": "arn:aws:iam::857360184083:role/lambda_role",
            "assume_role_policy": "{\"Statement\":[{\"Action\":\"sts:AssumeRole\",\"Effect\":\"Allow\",\"Principal\":{\"Service\":\"lambda.amazonaws.com\"}}],\"Version\":\"2012-10-17\"}",
            "create_date": "2025-09-19T19:08:55Z",
            "description": "",
            "force_detach_policies": false,
            "id": "lambda_role",
            "inline_policy": [
              {
                "name": "lambda_vpc_policy",
                "policy": "{\"Version\":\"2012-10-17\",\"Statement\":[{\"Action\":[\"ec2:CreateNetworkInterface\",\"ec2:DescribeNetworkInterfaces\",\"ec2:DeleteNetworkInterface\"],\"Effect\":\"Allow\",\"Resource\":\"*\"}]}"
              }
            ],
            "managed_policy_arns": [
              "arn:aws:iam::aws:policy/AmazonRDSFullAccess",
              "arn:aws:iam::aws:policy/service-role/AWSLambdaBasicExecutionRole"
            ],
            "max_session_duration": 3600,
            "name": "lambda_role",
            "name_prefix": "",
            "path": "/",
            "permissions_boundary": "",
            "tags": {},
            "tags_all": {},
            "unique_id": "AROA4PHVGGMJSPGWSCNME"
          },
          "sensitive_attributes": [],
          "identity_schema_version": 0,
          "private": "bnVsbA==",
          "create_before_destroy": true
        }
      ]
    },
    {
      "mode": "managed",
      "type": "aws_iam_role_policy",
      "name": "lambda_vpc",
      "provider": "provider[\"registry.terraform.io/hashicorp/aws\"]",
      "instances": [
        {
          "schema_version": 0,
          "attributes": {
            "id": "lambda_role:lambda_vpc_policy",
            "name": "lambda_vpc_policy",
            "name_prefix": "",
            "policy": "{\"Version\":\"2012-10-17\",\"Statement\":[{\"Action\":[\"ec2:CreateNetworkInterface\",\"ec2:DescribeNetworkInterfaces\",\"ec2:DeleteNetworkInterface\"],\"Effect\":\"Allow\",\"Resource\":\"*\"}]}",
            "role": "lambda_role"
          },
          "sensitive_attributes": [],
          "identity_schema_version": 0,
          "private": "bnVsbA==",
          "dependencies": [
            "aws_iam_role.lambda_role"
          ]
        }
      ]
    },
    {
      "mode": "managed",
      "type": "aws_iam_role_policy_attachment",
      "name": "lambda_logs",
      "provider": "provider[\"registry.terraform.io/hashicorp/aws\"]",
      "instances": [
        {
          "schema_version": 0,
          "attributes": {
            "id": "lambda_role-20250919190856091400000003",
            "policy_arn": "arn:aws:iam::aws:policy/service-role/AWSLambdaBasicExecutionRole",
            "role": "lambda_role"
          },
          "sensitive_attributes": [],
          "identity_schema_version": 0,
          "private": "bnVsbA==",
          "dependencies": [
            "aws_iam_role.lambda_role"
          ]
        }
      ]
    },
    {
      "mode": "managed",
      "type": "aws_iam_role_policy_attachment",
      "name": "lambda_rds_auth",
      "provider": "provider[\"registry.terraform.io/hashicorp/aws\"]",
      "instances": [
        {
          "schema_version": 0,
          "attributes": {
            "id": "lambda_role-20250919190855916500000002",
            "policy_arn": "arn:aws:iam::aws:policy/AmazonRDSFullAccess",
            "role": "lambda_role"
          },
          "sensitive_attributes": [],
          "identity_schema_version": 0,
          "private": "bnVsbA==",
          "dependencies": [
            "aws_iam_role.lambda_role"
          ],
          "create_before_destroy": true
        }
      ]
    },
    {
      "mode": "managed",
      "type": "aws_instance",
      "name": "bastion_host",
      "provider": "provider[\"registry.terraform.io/hashicorp/aws\"]",
      "instances": [
        {
          "schema_version": 1,
          "attributes": {
            "ami": "ami-0d9f12bc70e655ed6",
            "arn": "arn:aws:ec2:us-east-2:857360184083:instance/i-0a84ad6fbcadf13f1",
            "associate_public_ip_address": true,
            "availability_zone": "us-east-2a",
            "capacity_reservation_specification": [
              {
                "capacity_reservation_preference": "open",
                "capacity_reservation_target": []
              }
            ],
            "cpu_core_count": 2,
            "cpu_options": [
              {
                "amd_sev_snp": "",
                "core_count": 2,
                "threads_per_core": 1
              }
            ],
            "cpu_threads_per_core": 1,
            "credit_specification": [
              {
                "cpu_credits": "unlimited"
              }
            ],
            "disable_api_stop": false,
            "disable_api_termination": false,
            "ebs_block_device": [],
            "ebs_optimized": false,
            "enable_primary_ipv6": null,
            "enclave_options": [
              {
                "enabled": false
              }
            ],
            "ephemeral_block_device": [],
            "get_password_data": false,
            "hibernation": false,
            "host_id": "",
            "host_resource_group_arn": null,
            "iam_instance_profile": "",
            "id": "i-0a84ad6fbcadf13f1",
            "instance_initiated_shutdown_behavior": "stop",
            "instance_lifecycle": "",
            "instance_market_options": [],
            "instance_state": "running",
            "instance_type": "t4g.micro",
            "ipv6_address_count": 0,
            "ipv6_addresses": [],
            "key_name": "TrackMe-RDS-Bastion",
            "launch_template": [],
            "maintenance_options": [
              {
                "auto_recovery": "default"
              }
            ],
            "metadata_options": [
              {
                "http_endpoint": "enabled",
                "http_protocol_ipv6": "disabled",
                "http_put_response_hop_limit": 1,
                "http_tokens": "optional",
                "instance_metadata_tags": "disabled"
              }
            ],
            "monitoring": false,
            "network_interface": [],
            "outpost_arn": "",
            "password_data": "",
            "placement_group": "",
            "placement_partition_number": 0,
            "primary_network_interface_id": "eni-0b68fcdeec510f59d",
            "private_dns": "ip-172-31-93-72.us-east-2.compute.internal",
            "private_dns_name_options": [
              {
                "enable_resource_name_dns_a_record": false,
                "enable_resource_name_dns_aaaa_record": false,
                "hostname_type": "ip-name"
              }
            ],
            "private_ip": "172.31.93.72",
            "public_dns": "ec2-3-17-176-110.us-east-2.compute.amazonaws.com",
            "public_ip": "3.17.176.110",
            "root_block_device": [
              {
                "delete_on_termination": true,
                "device_name": "/dev/xvda",
                "encrypted": false,
                "iops": 100,
                "kms_key_id": "",
                "tags": {},
                "tags_all": {},
                "throughput": 0,
                "volume_id": "vol-0773ad81cda72d0d5",
                "volume_size": 8,
                "volume_type": "gp2"
              }
            ],
            "secondary_private_ips": [],
            "security_groups": [
              "bastion-security-group"
            ],
            "source_dest_check": true,
            "spot_instance_request_id": "",
            "subnet_id": "subnet-03bd14806d15005e8",
            "tags": {
              "Name": "trackme-bastion-host"
            },
            "tags_all": {
              "Name": "trackme-bastion-host"
            },
            "tenancy": "default",
            "timeouts": null,
            "user_data": "816f476d2012e9e6945857a9f0252defa2b2e892",
            "user_data_base64": null,
            "user_data_replace_on_change": false,
            "volume_tags": null,
            "vpc_security_group_ids": [
              "sg-065c33c42218e09fe"
            ]
          },
          "sensitive_attributes": [],
          "identity_schema_version": 0,
          "private": "eyJlMmJmYjczMC1lY2FhLTExZTYtOGY4OC0zNDM2M2JjN2M0YzAiOnsiY3JlYXRlIjo2MDAwMDAwMDAwMDAsImRlbGV0ZSI6MTIwMDAwMDAwMDAwMCwicmVhZCI6OTAwMDAwMDAwMDAwLCJ1cGRhdGUiOjYwMDAwMDAwMDAwMH0sInNjaGVtYV92ZXJzaW9uIjoiMSJ9",
          "dependencies": [
            "aws_security_group.bastion_sg",
            "aws_subnet.bastion_subnet",
            "data.aws_ami.amazon_linux",
            "data.aws_availability_zones.available",
            "data.aws_security_group.default",
            "data.aws_vpc.default",
            "data.http.myip"
          ]
        }
      ]
    },
    {
      "mode": "managed",
      "type": "aws_lambda_function",
      "name": "lambdas",
      "provider": "provider[\"registry.terraform.io/hashicorp/aws\"]",
      "instances": [
        {
          "index_key": "accept_athlete_request",
          "schema_version": 0,
          "attributes": {
            "architectures": [
              "x86_64"
            ],
            "arn": "arn:aws:lambda:us-east-2:857360184083:function:accept_athlete_request",
            "code_sha256": "TiPNq9zTm6mbnSXK52F49INgrE9Me85poI/LdR50nM8=",
            "code_signing_config_arn": "",
            "dead_letter_config": [],
            "description": "",
            "environment": [
              {
                "variables": {
                  "ENVIRONMENT": "production",
                  "RDS_DBNAME": "trackme",
                  "RDS_ENDPOINT": "trackmedb.c9goe0ioosh0.us-east-2.rds.amazonaws.com",
                  "RDS_PASSWORD": "Mojito#2025",
                  "RDS_PORT": "5432",
                  "RDS_REGION": "us-east-2",
                  "RDS_USER": "trackme_admin"
                }
              }
            ],
            "ephemeral_storage": [
              {
                "size": 512
              }
            ],
            "file_system_config": [],
            "filename": "./../Server/lambdas/coach/zips/accept_athlete_request.zip",
            "function_name": "accept_athlete_request",
            "handler": "accept_athlete_request.accept_athlete_request",
            "id": "accept_athlete_request",
            "image_config": [],
            "image_uri": "",
            "invoke_arn": "arn:aws:apigateway:us-east-2:lambda:path/2015-03-31/functions/arn:aws:lambda:us-east-2:857360184083:function:accept_athlete_request/invocations",
            "kms_key_arn": "",
            "last_modified": "2025-09-21T16:34:48.000+0000",
            "layers": [
              "arn:aws:lambda:us-east-2:857360184083:layer:rds:29"
            ],
            "logging_config": [
              {
                "application_log_level": "",
                "log_format": "Text",
                "log_group": "/aws/lambda/accept_athlete_request",
                "system_log_level": ""
              }
            ],
            "memory_size": 128,
            "package_type": "Zip",
            "publish": false,
            "qualified_arn": "arn:aws:lambda:us-east-2:857360184083:function:accept_athlete_request:$LATEST",
            "qualified_invoke_arn": "arn:aws:apigateway:us-east-2:lambda:path/2015-03-31/functions/arn:aws:lambda:us-east-2:857360184083:function:accept_athlete_request:$LATEST/invocations",
            "replace_security_groups_on_destroy": null,
            "replacement_security_group_ids": null,
            "reserved_concurrent_executions": -1,
            "role": "arn:aws:iam::857360184083:role/lambda_role",
            "runtime": "python3.12",
            "s3_bucket": null,
            "s3_key": null,
            "s3_object_version": null,
            "signing_job_arn": "",
            "signing_profile_version_arn": "",
            "skip_destroy": false,
            "snap_start": [],
            "source_code_hash": "TiPNq9zTm6mbnSXK52F49INgrE9Me85poI/LdR50nM8=",
            "source_code_size": 2100,
            "tags": {},
            "tags_all": {},
            "timeout": 5,
            "timeouts": null,
            "tracing_config": [
              {
                "mode": "PassThrough"
              }
            ],
            "version": "$LATEST",
            "vpc_config": [
              {
                "ipv6_allowed_for_dual_stack": false,
                "security_group_ids": [
                  "sg-0bd1fa78c58ba0495"
                ],
                "subnet_ids": [
                  "subnet-09b6e632d01fcb525",
                  "subnet-0db35c13edd7c98e9"
                ],
                "vpc_id": "vpc-00ce2d8f8e6ecb305"
              }
            ]
          },
          "sensitive_attributes": [
            [
              {
                "type": "get_attr",
                "value": "environment"
              },
              {
                "type": "index",
                "value": {
                  "value": 0,
                  "type": "number"
                }
              },
              {
                "type": "get_attr",
                "value": "variables"
              },
              {
                "type": "index",
                "value": {
                  "value": "RDS_PASSWORD",
                  "type": "string"
                }
              }
            ]
          ],
          "identity_schema_version": 0,
          "private": "eyJlMmJmYjczMC1lY2FhLTExZTYtOGY4OC0zNDM2M2JjN2M0YzAiOnsiY3JlYXRlIjo2MDAwMDAwMDAwMDAsImRlbGV0ZSI6NjAwMDAwMDAwMDAwLCJ1cGRhdGUiOjYwMDAwMDAwMDAwMH19",
          "dependencies": [
            "aws_db_instance.default",
            "aws_db_subnet_group.rds_private",
            "aws_iam_role.lambda_role",
            "aws_iam_role_policy_attachment.lambda_rds_auth",
            "aws_lambda_layer_version.rds",
            "aws_security_group.lambda_sg",
            "aws_subnet.private_subnet1",
            "aws_subnet.private_subnet2",
            "data.archive_file.lambda_archives",
            "data.archive_file.rds_layer",
            "data.aws_availability_zones.available",
            "data.aws_vpc.default"
          ],
          "create_before_destroy": true
        },
        {
          "index_key": "accept_coach_invite",
          "schema_version": 0,
          "attributes": {
            "architectures": [
              "x86_64"
            ],
            "arn": "arn:aws:lambda:us-east-2:857360184083:function:accept_coach_invite",
            "code_sha256": "UjhfhhgSkquI+6wSs0XNQEDox6XU0U4ay2lrgtBGcIw=",
            "code_signing_config_arn": "",
            "dead_letter_config": [],
            "description": "",
            "environment": [
              {
                "variables": {
                  "ENVIRONMENT": "production",
                  "RDS_DBNAME": "trackme",
                  "RDS_ENDPOINT": "trackmedb.c9goe0ioosh0.us-east-2.rds.amazonaws.com",
                  "RDS_PASSWORD": "Mojito#2025",
                  "RDS_PORT": "5432",
                  "RDS_REGION": "us-east-2",
                  "RDS_USER": "trackme_admin"
                }
              }
            ],
            "ephemeral_storage": [
              {
                "size": 512
              }
            ],
            "file_system_config": [],
            "filename": "./../Server/lambdas/athlete/zips/accept_coach_invite.zip",
            "function_name": "accept_coach_invite",
            "handler": "accept_coach_invite.accept_coach_invite",
            "id": "accept_coach_invite",
            "image_config": [],
            "image_uri": "",
            "invoke_arn": "arn:aws:apigateway:us-east-2:lambda:path/2015-03-31/functions/arn:aws:lambda:us-east-2:857360184083:function:accept_coach_invite/invocations",
            "kms_key_arn": "",
            "last_modified": "2025-09-21T16:34:50.000+0000",
            "layers": [
              "arn:aws:lambda:us-east-2:857360184083:layer:rds:29"
            ],
            "logging_config": [
              {
                "application_log_level": "",
                "log_format": "Text",
                "log_group": "/aws/lambda/accept_coach_invite",
                "system_log_level": ""
              }
            ],
            "memory_size": 128,
            "package_type": "Zip",
            "publish": false,
            "qualified_arn": "arn:aws:lambda:us-east-2:857360184083:function:accept_coach_invite:$LATEST",
            "qualified_invoke_arn": "arn:aws:apigateway:us-east-2:lambda:path/2015-03-31/functions/arn:aws:lambda:us-east-2:857360184083:function:accept_coach_invite:$LATEST/invocations",
            "replace_security_groups_on_destroy": null,
            "replacement_security_group_ids": null,
            "reserved_concurrent_executions": -1,
            "role": "arn:aws:iam::857360184083:role/lambda_role",
            "runtime": "python3.12",
            "s3_bucket": null,
            "s3_key": null,
            "s3_object_version": null,
            "signing_job_arn": "",
            "signing_profile_version_arn": "",
            "skip_destroy": false,
            "snap_start": [],
            "source_code_hash": "UjhfhhgSkquI+6wSs0XNQEDox6XU0U4ay2lrgtBGcIw=",
            "source_code_size": 2085,
            "tags": {},
            "tags_all": {},
            "timeout": 5,
            "timeouts": null,
            "tracing_config": [
              {
                "mode": "PassThrough"
              }
            ],
            "version": "$LATEST",
            "vpc_config": [
              {
                "ipv6_allowed_for_dual_stack": false,
                "security_group_ids": [
                  "sg-0bd1fa78c58ba0495"
                ],
                "subnet_ids": [
                  "subnet-09b6e632d01fcb525",
                  "subnet-0db35c13edd7c98e9"
                ],
                "vpc_id": "vpc-00ce2d8f8e6ecb305"
              }
            ]
          },
          "sensitive_attributes": [
            [
              {
                "type": "get_attr",
                "value": "environment"
              },
              {
                "type": "index",
                "value": {
                  "value": 0,
                  "type": "number"
                }
              },
              {
                "type": "get_attr",
                "value": "variables"
              },
              {
                "type": "index",
                "value": {
                  "value": "RDS_PASSWORD",
                  "type": "string"
                }
              }
            ]
          ],
          "identity_schema_version": 0,
          "private": "eyJlMmJmYjczMC1lY2FhLTExZTYtOGY4OC0zNDM2M2JjN2M0YzAiOnsiY3JlYXRlIjo2MDAwMDAwMDAwMDAsImRlbGV0ZSI6NjAwMDAwMDAwMDAwLCJ1cGRhdGUiOjYwMDAwMDAwMDAwMH19",
          "dependencies": [
            "aws_db_instance.default",
            "aws_db_subnet_group.rds_private",
            "aws_iam_role.lambda_role",
            "aws_iam_role_policy_attachment.lambda_rds_auth",
            "aws_lambda_layer_version.rds",
            "aws_security_group.lambda_sg",
            "aws_subnet.private_subnet1",
            "aws_subnet.private_subnet2",
            "data.archive_file.lambda_archives",
            "data.archive_file.rds_layer",
            "data.aws_availability_zones.available",
            "data.aws_vpc.default"
          ],
          "create_before_destroy": true
        },
        {
          "index_key": "add_athlete_to_group",
          "schema_version": 0,
          "attributes": {
            "architectures": [
              "x86_64"
            ],
            "arn": "arn:aws:lambda:us-east-2:857360184083:function:add_athlete_to_group",
            "code_sha256": "PSzfQYhVUja9AcJwcgVmf3L8BV8hjho2LP+K+2rhJBo=",
            "code_signing_config_arn": "",
            "dead_letter_config": [],
            "description": "",
            "environment": [
              {
                "variables": {
                  "ENVIRONMENT": "production",
                  "RDS_DBNAME": "trackme",
                  "RDS_ENDPOINT": "trackmedb.c9goe0ioosh0.us-east-2.rds.amazonaws.com",
                  "RDS_PASSWORD": "Mojito#2025",
                  "RDS_PORT": "5432",
                  "RDS_REGION": "us-east-2",
                  "RDS_USER": "trackme_admin"
                }
              }
            ],
            "ephemeral_storage": [
              {
                "size": 512
              }
            ],
            "file_system_config": [],
            "filename": "./../Server/lambdas/coach/zips/add_athlete_to_group.zip",
            "function_name": "add_athlete_to_group",
            "handler": "add_athlete_to_group.add_athlete_to_group",
            "id": "add_athlete_to_group",
            "image_config": [],
            "image_uri": "",
            "invoke_arn": "arn:aws:apigateway:us-east-2:lambda:path/2015-03-31/functions/arn:aws:lambda:us-east-2:857360184083:function:add_athlete_to_group/invocations",
            "kms_key_arn": "",
            "last_modified": "2025-09-21T16:34:50.000+0000",
            "layers": [
              "arn:aws:lambda:us-east-2:857360184083:layer:rds:29"
            ],
            "logging_config": [
              {
                "application_log_level": "",
                "log_format": "Text",
                "log_group": "/aws/lambda/add_athlete_to_group",
                "system_log_level": ""
              }
            ],
            "memory_size": 128,
            "package_type": "Zip",
            "publish": false,
            "qualified_arn": "arn:aws:lambda:us-east-2:857360184083:function:add_athlete_to_group:$LATEST",
            "qualified_invoke_arn": "arn:aws:apigateway:us-east-2:lambda:path/2015-03-31/functions/arn:aws:lambda:us-east-2:857360184083:function:add_athlete_to_group:$LATEST/invocations",
            "replace_security_groups_on_destroy": null,
            "replacement_security_group_ids": null,
            "reserved_concurrent_executions": -1,
            "role": "arn:aws:iam::857360184083:role/lambda_role",
            "runtime": "python3.12",
            "s3_bucket": null,
            "s3_key": null,
            "s3_object_version": null,
            "signing_job_arn": "",
            "signing_profile_version_arn": "",
            "skip_destroy": false,
            "snap_start": [],
            "source_code_hash": "PSzfQYhVUja9AcJwcgVmf3L8BV8hjho2LP+K+2rhJBo=",
            "source_code_size": 2594,
            "tags": {},
            "tags_all": {},
            "timeout": 5,
            "timeouts": null,
            "tracing_config": [
              {
                "mode": "PassThrough"
              }
            ],
            "version": "$LATEST",
            "vpc_config": [
              {
                "ipv6_allowed_for_dual_stack": false,
                "security_group_ids": [
                  "sg-0bd1fa78c58ba0495"
                ],
                "subnet_ids": [
                  "subnet-09b6e632d01fcb525",
                  "subnet-0db35c13edd7c98e9"
                ],
                "vpc_id": "vpc-00ce2d8f8e6ecb305"
              }
            ]
          },
          "sensitive_attributes": [
            [
              {
                "type": "get_attr",
                "value": "environment"
              },
              {
                "type": "index",
                "value": {
                  "value": 0,
                  "type": "number"
                }
              },
              {
                "type": "get_attr",
                "value": "variables"
              },
              {
                "type": "index",
                "value": {
                  "value": "RDS_PASSWORD",
                  "type": "string"
                }
              }
            ]
          ],
          "identity_schema_version": 0,
          "private": "eyJlMmJmYjczMC1lY2FhLTExZTYtOGY4OC0zNDM2M2JjN2M0YzAiOnsiY3JlYXRlIjo2MDAwMDAwMDAwMDAsImRlbGV0ZSI6NjAwMDAwMDAwMDAwLCJ1cGRhdGUiOjYwMDAwMDAwMDAwMH19",
          "dependencies": [
            "aws_db_instance.default",
            "aws_db_subnet_group.rds_private",
            "aws_iam_role.lambda_role",
            "aws_iam_role_policy_attachment.lambda_rds_auth",
            "aws_lambda_layer_version.rds",
            "aws_security_group.lambda_sg",
            "aws_subnet.private_subnet1",
            "aws_subnet.private_subnet2",
            "data.archive_file.lambda_archives",
            "data.archive_file.rds_layer",
            "data.aws_availability_zones.available",
            "data.aws_vpc.default"
          ],
          "create_before_destroy": true
        },
        {
          "index_key": "assign_group_workout",
          "schema_version": 0,
          "attributes": {
            "architectures": [
              "x86_64"
            ],
            "arn": "arn:aws:lambda:us-east-2:857360184083:function:assign_group_workout",
            "code_sha256": "uUjSUIltRD0qKhRB/s8zlU1B+lde4Pu/yoUcUI+xEOM=",
            "code_signing_config_arn": "",
            "dead_letter_config": [],
            "description": "",
            "environment": [
              {
                "variables": {
                  "ENVIRONMENT": "production",
                  "RDS_DBNAME": "trackme",
                  "RDS_ENDPOINT": "trackmedb.c9goe0ioosh0.us-east-2.rds.amazonaws.com",
                  "RDS_PASSWORD": "Mojito#2025",
                  "RDS_PORT": "5432",
                  "RDS_REGION": "us-east-2",
                  "RDS_USER": "trackme_admin"
                }
              }
            ],
            "ephemeral_storage": [
              {
                "size": 512
              }
            ],
            "file_system_config": [],
            "filename": "./../Server/lambdas/coach/zips/assign_group_workout.zip",
            "function_name": "assign_group_workout",
            "handler": "assign_group_workout.assign_group_workout",
            "id": "assign_group_workout",
            "image_config": [],
            "image_uri": "",
            "invoke_arn": "arn:aws:apigateway:us-east-2:lambda:path/2015-03-31/functions/arn:aws:lambda:us-east-2:857360184083:function:assign_group_workout/invocations",
            "kms_key_arn": "",
            "last_modified": "2025-09-21T16:34:36.000+0000",
            "layers": [
              "arn:aws:lambda:us-east-2:857360184083:layer:rds:29"
            ],
            "logging_config": [
              {
                "application_log_level": "",
                "log_format": "Text",
                "log_group": "/aws/lambda/assign_group_workout",
                "system_log_level": ""
              }
            ],
            "memory_size": 128,
            "package_type": "Zip",
            "publish": false,
            "qualified_arn": "arn:aws:lambda:us-east-2:857360184083:function:assign_group_workout:$LATEST",
            "qualified_invoke_arn": "arn:aws:apigateway:us-east-2:lambda:path/2015-03-31/functions/arn:aws:lambda:us-east-2:857360184083:function:assign_group_workout:$LATEST/invocations",
            "replace_security_groups_on_destroy": null,
            "replacement_security_group_ids": null,
            "reserved_concurrent_executions": -1,
            "role": "arn:aws:iam::857360184083:role/lambda_role",
            "runtime": "python3.12",
            "s3_bucket": null,
            "s3_key": null,
            "s3_object_version": null,
            "signing_job_arn": "",
            "signing_profile_version_arn": "",
            "skip_destroy": false,
            "snap_start": [],
            "source_code_hash": "uUjSUIltRD0qKhRB/s8zlU1B+lde4Pu/yoUcUI+xEOM=",
            "source_code_size": 2829,
            "tags": {},
            "tags_all": {},
            "timeout": 5,
            "timeouts": null,
            "tracing_config": [
              {
                "mode": "PassThrough"
              }
            ],
            "version": "$LATEST",
            "vpc_config": [
              {
                "ipv6_allowed_for_dual_stack": false,
                "security_group_ids": [
                  "sg-0bd1fa78c58ba0495"
                ],
                "subnet_ids": [
                  "subnet-09b6e632d01fcb525",
                  "subnet-0db35c13edd7c98e9"
                ],
                "vpc_id": "vpc-00ce2d8f8e6ecb305"
              }
            ]
          },
          "sensitive_attributes": [
            [
              {
                "type": "get_attr",
                "value": "environment"
              },
              {
                "type": "index",
                "value": {
                  "value": 0,
                  "type": "number"
                }
              },
              {
                "type": "get_attr",
                "value": "variables"
              },
              {
                "type": "index",
                "value": {
                  "value": "RDS_PASSWORD",
                  "type": "string"
                }
              }
            ]
          ],
          "identity_schema_version": 0,
          "private": "eyJlMmJmYjczMC1lY2FhLTExZTYtOGY4OC0zNDM2M2JjN2M0YzAiOnsiY3JlYXRlIjo2MDAwMDAwMDAwMDAsImRlbGV0ZSI6NjAwMDAwMDAwMDAwLCJ1cGRhdGUiOjYwMDAwMDAwMDAwMH19",
          "dependencies": [
            "aws_db_instance.default",
            "aws_db_subnet_group.rds_private",
            "aws_iam_role.lambda_role",
            "aws_iam_role_policy_attachment.lambda_rds_auth",
            "aws_lambda_layer_version.rds",
            "aws_security_group.lambda_sg",
            "aws_subnet.private_subnet1",
            "aws_subnet.private_subnet2",
            "data.archive_file.lambda_archives",
            "data.archive_file.rds_layer",
            "data.aws_availability_zones.available",
            "data.aws_vpc.default"
          ],
          "create_before_destroy": true
        },
        {
          "index_key": "assign_group_workout_template",
          "schema_version": 0,
          "attributes": {
            "architectures": [
              "x86_64"
            ],
            "arn": "arn:aws:lambda:us-east-2:857360184083:function:assign_group_workout_template",
            "code_sha256": "uNMWSjqsb4o+X5dKd1M2ZS78VdQG0U+MGj1OnmTbkYQ=",
            "code_signing_config_arn": "",
            "dead_letter_config": [],
            "description": "",
            "environment": [
              {
                "variables": {
                  "ENVIRONMENT": "production",
                  "RDS_DBNAME": "trackme",
                  "RDS_ENDPOINT": "trackmedb.c9goe0ioosh0.us-east-2.rds.amazonaws.com",
                  "RDS_PASSWORD": "Mojito#2025",
                  "RDS_PORT": "5432",
                  "RDS_REGION": "us-east-2",
                  "RDS_USER": "trackme_admin"
                }
              }
            ],
            "ephemeral_storage": [
              {
                "size": 512
              }
            ],
            "file_system_config": [],
            "filename": "./../Server/lambdas/coach/zips/assign_group_workout_template.zip",
            "function_name": "assign_group_workout_template",
            "handler": "assign_group_workout_template.assign_group_workout_template",
            "id": "assign_group_workout_template",
            "image_config": [],
            "image_uri": "",
            "invoke_arn": "arn:aws:apigateway:us-east-2:lambda:path/2015-03-31/functions/arn:aws:lambda:us-east-2:857360184083:function:assign_group_workout_template/invocations",
            "kms_key_arn": "",
            "last_modified": "2025-09-21T16:34:30.000+0000",
            "layers": [
              "arn:aws:lambda:us-east-2:857360184083:layer:rds:29"
            ],
            "logging_config": [
              {
                "application_log_level": "",
                "log_format": "Text",
                "log_group": "/aws/lambda/assign_group_workout_template",
                "system_log_level": ""
              }
            ],
            "memory_size": 128,
            "package_type": "Zip",
            "publish": false,
            "qualified_arn": "arn:aws:lambda:us-east-2:857360184083:function:assign_group_workout_template:$LATEST",
            "qualified_invoke_arn": "arn:aws:apigateway:us-east-2:lambda:path/2015-03-31/functions/arn:aws:lambda:us-east-2:857360184083:function:assign_group_workout_template:$LATEST/invocations",
            "replace_security_groups_on_destroy": null,
            "replacement_security_group_ids": null,
            "reserved_concurrent_executions": -1,
            "role": "arn:aws:iam::857360184083:role/lambda_role",
            "runtime": "python3.12",
            "s3_bucket": null,
            "s3_key": null,
            "s3_object_version": null,
            "signing_job_arn": "",
            "signing_profile_version_arn": "",
            "skip_destroy": false,
            "snap_start": [],
            "source_code_hash": "uNMWSjqsb4o+X5dKd1M2ZS78VdQG0U+MGj1OnmTbkYQ=",
            "source_code_size": 3579,
            "tags": {},
            "tags_all": {},
            "timeout": 5,
            "timeouts": null,
            "tracing_config": [
              {
                "mode": "PassThrough"
              }
            ],
            "version": "$LATEST",
            "vpc_config": [
              {
                "ipv6_allowed_for_dual_stack": false,
                "security_group_ids": [
                  "sg-0bd1fa78c58ba0495"
                ],
                "subnet_ids": [
                  "subnet-09b6e632d01fcb525",
                  "subnet-0db35c13edd7c98e9"
                ],
                "vpc_id": "vpc-00ce2d8f8e6ecb305"
              }
            ]
          },
          "sensitive_attributes": [
            [
              {
                "type": "get_attr",
                "value": "environment"
              },
              {
                "type": "index",
                "value": {
                  "value": 0,
                  "type": "number"
                }
              },
              {
                "type": "get_attr",
                "value": "variables"
              },
              {
                "type": "index",
                "value": {
                  "value": "RDS_PASSWORD",
                  "type": "string"
                }
              }
            ]
          ],
          "identity_schema_version": 0,
          "private": "eyJlMmJmYjczMC1lY2FhLTExZTYtOGY4OC0zNDM2M2JjN2M0YzAiOnsiY3JlYXRlIjo2MDAwMDAwMDAwMDAsImRlbGV0ZSI6NjAwMDAwMDAwMDAwLCJ1cGRhdGUiOjYwMDAwMDAwMDAwMH19",
          "dependencies": [
            "aws_db_instance.default",
            "aws_db_subnet_group.rds_private",
            "aws_iam_role.lambda_role",
            "aws_iam_role_policy_attachment.lambda_rds_auth",
            "aws_lambda_layer_version.rds",
            "aws_security_group.lambda_sg",
            "aws_subnet.private_subnet1",
            "aws_subnet.private_subnet2",
            "data.archive_file.lambda_archives",
            "data.archive_file.rds_layer",
            "data.aws_availability_zones.available",
            "data.aws_vpc.default"
          ],
          "create_before_destroy": true
        },
        {
          "index_key": "create_athlete",
          "schema_version": 0,
          "attributes": {
            "architectures": [
              "x86_64"
            ],
            "arn": "arn:aws:lambda:us-east-2:857360184083:function:create_athlete",
            "code_sha256": "NAK29Dm8t2anfKMsh9fOcVfUBes+Fe9Fog7MWJadaT8=",
            "code_signing_config_arn": "",
            "dead_letter_config": [],
            "description": "",
            "environment": [
              {
                "variables": {
                  "ENVIRONMENT": "production",
                  "RDS_DBNAME": "trackme",
                  "RDS_ENDPOINT": "trackmedb.c9goe0ioosh0.us-east-2.rds.amazonaws.com",
                  "RDS_PASSWORD": "Mojito#2025",
                  "RDS_PORT": "5432",
                  "RDS_REGION": "us-east-2",
                  "RDS_USER": "trackme_admin"
                }
              }
            ],
            "ephemeral_storage": [
              {
                "size": 512
              }
            ],
            "file_system_config": [],
            "filename": "./../Server/lambdas/athlete/zips/create_athlete.zip",
            "function_name": "create_athlete",
            "handler": "create_athlete.create_athlete",
            "id": "create_athlete",
            "image_config": [],
            "image_uri": "",
            "invoke_arn": "arn:aws:apigateway:us-east-2:lambda:path/2015-03-31/functions/arn:aws:lambda:us-east-2:857360184083:function:create_athlete/invocations",
            "kms_key_arn": "",
            "last_modified": "2025-09-21T16:34:36.000+0000",
            "layers": [
              "arn:aws:lambda:us-east-2:857360184083:layer:rds:29"
            ],
            "logging_config": [
              {
                "application_log_level": "",
                "log_format": "Text",
                "log_group": "/aws/lambda/create_athlete",
                "system_log_level": ""
              }
            ],
            "memory_size": 128,
            "package_type": "Zip",
            "publish": false,
            "qualified_arn": "arn:aws:lambda:us-east-2:857360184083:function:create_athlete:$LATEST",
            "qualified_invoke_arn": "arn:aws:apigateway:us-east-2:lambda:path/2015-03-31/functions/arn:aws:lambda:us-east-2:857360184083:function:create_athlete:$LATEST/invocations",
            "replace_security_groups_on_destroy": null,
            "replacement_security_group_ids": null,
            "reserved_concurrent_executions": -1,
            "role": "arn:aws:iam::857360184083:role/lambda_role",
            "runtime": "python3.12",
            "s3_bucket": null,
            "s3_key": null,
            "s3_object_version": null,
            "signing_job_arn": "",
            "signing_profile_version_arn": "",
            "skip_destroy": false,
            "snap_start": [],
            "source_code_hash": "NAK29Dm8t2anfKMsh9fOcVfUBes+Fe9Fog7MWJadaT8=",
            "source_code_size": 2088,
            "tags": {},
            "tags_all": {},
            "timeout": 5,
            "timeouts": null,
            "tracing_config": [
              {
                "mode": "PassThrough"
              }
            ],
            "version": "$LATEST",
            "vpc_config": [
              {
                "ipv6_allowed_for_dual_stack": false,
                "security_group_ids": [
                  "sg-0bd1fa78c58ba0495"
                ],
                "subnet_ids": [
                  "subnet-09b6e632d01fcb525",
                  "subnet-0db35c13edd7c98e9"
                ],
                "vpc_id": "vpc-00ce2d8f8e6ecb305"
              }
            ]
          },
          "sensitive_attributes": [
            [
              {
                "type": "get_attr",
                "value": "environment"
              },
              {
                "type": "index",
                "value": {
                  "value": 0,
                  "type": "number"
                }
              },
              {
                "type": "get_attr",
                "value": "variables"
              },
              {
                "type": "index",
                "value": {
                  "value": "RDS_PASSWORD",
                  "type": "string"
                }
              }
            ]
          ],
          "identity_schema_version": 0,
          "private": "eyJlMmJmYjczMC1lY2FhLTExZTYtOGY4OC0zNDM2M2JjN2M0YzAiOnsiY3JlYXRlIjo2MDAwMDAwMDAwMDAsImRlbGV0ZSI6NjAwMDAwMDAwMDAwLCJ1cGRhdGUiOjYwMDAwMDAwMDAwMH19",
          "dependencies": [
            "aws_db_instance.default",
            "aws_db_subnet_group.rds_private",
            "aws_iam_role.lambda_role",
            "aws_iam_role_policy_attachment.lambda_rds_auth",
            "aws_lambda_layer_version.rds",
            "aws_security_group.lambda_sg",
            "aws_subnet.private_subnet1",
            "aws_subnet.private_subnet2",
            "data.archive_file.lambda_archives",
            "data.archive_file.rds_layer",
            "data.aws_availability_zones.available",
            "data.aws_vpc.default"
          ],
          "create_before_destroy": true
        },
        {
          "index_key": "create_coach",
          "schema_version": 0,
          "attributes": {
            "architectures": [
              "x86_64"
            ],
            "arn": "arn:aws:lambda:us-east-2:857360184083:function:create_coach",
            "code_sha256": "wp4LkYlTzABfDj6bmpBcdV1Edomc7T2D7rRsCNuwe2M=",
            "code_signing_config_arn": "",
            "dead_letter_config": [],
            "description": "",
            "environment": [
              {
                "variables": {
                  "ENVIRONMENT": "production",
                  "RDS_DBNAME": "trackme",
                  "RDS_ENDPOINT": "trackmedb.c9goe0ioosh0.us-east-2.rds.amazonaws.com",
                  "RDS_PASSWORD": "Mojito#2025",
                  "RDS_PORT": "5432",
                  "RDS_REGION": "us-east-2",
                  "RDS_USER": "trackme_admin"
                }
              }
            ],
            "ephemeral_storage": [
              {
                "size": 512
              }
            ],
            "file_system_config": [],
            "filename": "./../Server/lambdas/coach/zips/create_coach.zip",
            "function_name": "create_coach",
            "handler": "create_coach.create_coach",
            "id": "create_coach",
            "image_config": [],
            "image_uri": "",
            "invoke_arn": "arn:aws:apigateway:us-east-2:lambda:path/2015-03-31/functions/arn:aws:lambda:us-east-2:857360184083:function:create_coach/invocations",
            "kms_key_arn": "",
            "last_modified": "2025-09-21T16:34:42.000+0000",
            "layers": [
              "arn:aws:lambda:us-east-2:857360184083:layer:rds:29"
            ],
            "logging_config": [
              {
                "application_log_level": "",
                "log_format": "Text",
                "log_group": "/aws/lambda/create_coach",
                "system_log_level": ""
              }
            ],
            "memory_size": 128,
            "package_type": "Zip",
            "publish": false,
            "qualified_arn": "arn:aws:lambda:us-east-2:857360184083:function:create_coach:$LATEST",
            "qualified_invoke_arn": "arn:aws:apigateway:us-east-2:lambda:path/2015-03-31/functions/arn:aws:lambda:us-east-2:857360184083:function:create_coach:$LATEST/invocations",
            "replace_security_groups_on_destroy": null,
            "replacement_security_group_ids": null,
            "reserved_concurrent_executions": -1,
            "role": "arn:aws:iam::857360184083:role/lambda_role",
            "runtime": "python3.12",
            "s3_bucket": null,
            "s3_key": null,
            "s3_object_version": null,
            "signing_job_arn": "",
            "signing_profile_version_arn": "",
            "skip_destroy": false,
            "snap_start": [],
            "source_code_hash": "wp4LkYlTzABfDj6bmpBcdV1Edomc7T2D7rRsCNuwe2M=",
            "source_code_size": 2086,
            "tags": {},
            "tags_all": {},
            "timeout": 5,
            "timeouts": null,
            "tracing_config": [
              {
                "mode": "PassThrough"
              }
            ],
            "version": "$LATEST",
            "vpc_config": [
              {
                "ipv6_allowed_for_dual_stack": false,
                "security_group_ids": [
                  "sg-0bd1fa78c58ba0495"
                ],
                "subnet_ids": [
                  "subnet-09b6e632d01fcb525",
                  "subnet-0db35c13edd7c98e9"
                ],
                "vpc_id": "vpc-00ce2d8f8e6ecb305"
              }
            ]
          },
          "sensitive_attributes": [
            [
              {
                "type": "get_attr",
                "value": "environment"
              },
              {
                "type": "index",
                "value": {
                  "value": 0,
                  "type": "number"
                }
              },
              {
                "type": "get_attr",
                "value": "variables"
              },
              {
                "type": "index",
                "value": {
                  "value": "RDS_PASSWORD",
                  "type": "string"
                }
              }
            ]
          ],
          "identity_schema_version": 0,
          "private": "eyJlMmJmYjczMC1lY2FhLTExZTYtOGY4OC0zNDM2M2JjN2M0YzAiOnsiY3JlYXRlIjo2MDAwMDAwMDAwMDAsImRlbGV0ZSI6NjAwMDAwMDAwMDAwLCJ1cGRhdGUiOjYwMDAwMDAwMDAwMH19",
          "dependencies": [
            "aws_db_instance.default",
            "aws_db_subnet_group.rds_private",
            "aws_iam_role.lambda_role",
            "aws_iam_role_policy_attachment.lambda_rds_auth",
            "aws_lambda_layer_version.rds",
            "aws_security_group.lambda_sg",
            "aws_subnet.private_subnet1",
            "aws_subnet.private_subnet2",
            "data.archive_file.lambda_archives",
            "data.archive_file.rds_layer",
            "data.aws_availability_zones.available",
            "data.aws_vpc.default"
          ],
          "create_before_destroy": true
        },
        {
          "index_key": "create_group",
          "schema_version": 0,
          "attributes": {
            "architectures": [
              "x86_64"
            ],
            "arn": "arn:aws:lambda:us-east-2:857360184083:function:create_group",
            "code_sha256": "+gAZx78eUdHoIgJ9IVIkRmKgKXDV5EF+obKnVPMMjLc=",
            "code_signing_config_arn": "",
            "dead_letter_config": [],
            "description": "",
            "environment": [
              {
                "variables": {
                  "ENVIRONMENT": "production",
                  "RDS_DBNAME": "trackme",
                  "RDS_ENDPOINT": "trackmedb.c9goe0ioosh0.us-east-2.rds.amazonaws.com",
                  "RDS_PASSWORD": "Mojito#2025",
                  "RDS_PORT": "5432",
                  "RDS_REGION": "us-east-2",
                  "RDS_USER": "trackme_admin"
                }
              }
            ],
            "ephemeral_storage": [
              {
                "size": 512
              }
            ],
            "file_system_config": [],
            "filename": "./../Server/lambdas/coach/zips/create_group.zip",
            "function_name": "create_group",
            "handler": "create_group.create_group",
            "id": "create_group",
            "image_config": [],
            "image_uri": "",
            "invoke_arn": "arn:aws:apigateway:us-east-2:lambda:path/2015-03-31/functions/arn:aws:lambda:us-east-2:857360184083:function:create_group/invocations",
            "kms_key_arn": "",
            "last_modified": "2025-09-21T16:34:38.000+0000",
            "layers": [
              "arn:aws:lambda:us-east-2:857360184083:layer:rds:29"
            ],
            "logging_config": [
              {
                "application_log_level": "",
                "log_format": "Text",
                "log_group": "/aws/lambda/create_group",
                "system_log_level": ""
              }
            ],
            "memory_size": 128,
            "package_type": "Zip",
            "publish": false,
            "qualified_arn": "arn:aws:lambda:us-east-2:857360184083:function:create_group:$LATEST",
            "qualified_invoke_arn": "arn:aws:apigateway:us-east-2:lambda:path/2015-03-31/functions/arn:aws:lambda:us-east-2:857360184083:function:create_group:$LATEST/invocations",
            "replace_security_groups_on_destroy": null,
            "replacement_security_group_ids": null,
            "reserved_concurrent_executions": -1,
            "role": "arn:aws:iam::857360184083:role/lambda_role",
            "runtime": "python3.12",
            "s3_bucket": null,
            "s3_key": null,
            "s3_object_version": null,
            "signing_job_arn": "",
            "signing_profile_version_arn": "",
            "skip_destroy": false,
            "snap_start": [],
            "source_code_hash": "+gAZx78eUdHoIgJ9IVIkRmKgKXDV5EF+obKnVPMMjLc=",
            "source_code_size": 2676,
            "tags": {},
            "tags_all": {},
            "timeout": 5,
            "timeouts": null,
            "tracing_config": [
              {
                "mode": "PassThrough"
              }
            ],
            "version": "$LATEST",
            "vpc_config": [
              {
                "ipv6_allowed_for_dual_stack": false,
                "security_group_ids": [
                  "sg-0bd1fa78c58ba0495"
                ],
                "subnet_ids": [
                  "subnet-09b6e632d01fcb525",
                  "subnet-0db35c13edd7c98e9"
                ],
                "vpc_id": "vpc-00ce2d8f8e6ecb305"
              }
            ]
          },
          "sensitive_attributes": [
            [
              {
                "type": "get_attr",
                "value": "environment"
              },
              {
                "type": "index",
                "value": {
                  "value": 0,
                  "type": "number"
                }
              },
              {
                "type": "get_attr",
                "value": "variables"
              },
              {
                "type": "index",
                "value": {
                  "value": "RDS_PASSWORD",
                  "type": "string"
                }
              }
            ]
          ],
          "identity_schema_version": 0,
          "private": "eyJlMmJmYjczMC1lY2FhLTExZTYtOGY4OC0zNDM2M2JjN2M0YzAiOnsiY3JlYXRlIjo2MDAwMDAwMDAwMDAsImRlbGV0ZSI6NjAwMDAwMDAwMDAwLCJ1cGRhdGUiOjYwMDAwMDAwMDAwMH19",
          "dependencies": [
            "aws_db_instance.default",
            "aws_db_subnet_group.rds_private",
            "aws_iam_role.lambda_role",
            "aws_iam_role_policy_attachment.lambda_rds_auth",
            "aws_lambda_layer_version.rds",
            "aws_security_group.lambda_sg",
            "aws_subnet.private_subnet1",
            "aws_subnet.private_subnet2",
            "data.archive_file.lambda_archives",
            "data.archive_file.rds_layer",
            "data.aws_availability_zones.available",
            "data.aws_vpc.default"
          ],
          "create_before_destroy": true
        },
        {
          "index_key": "create_workout_template",
          "schema_version": 0,
          "attributes": {
            "architectures": [
              "x86_64"
            ],
            "arn": "arn:aws:lambda:us-east-2:857360184083:function:create_workout_template",
            "code_sha256": "Pt+6Ay1ubGFCDN0RVuNNOeNEYhMMTz1mPK7ZDkCFoEE=",
            "code_signing_config_arn": "",
            "dead_letter_config": [],
            "description": "",
            "environment": [
              {
                "variables": {
                  "ENVIRONMENT": "production",
                  "RDS_DBNAME": "trackme",
                  "RDS_ENDPOINT": "trackmedb.c9goe0ioosh0.us-east-2.rds.amazonaws.com",
                  "RDS_PASSWORD": "Mojito#2025",
                  "RDS_PORT": "5432",
                  "RDS_REGION": "us-east-2",
                  "RDS_USER": "trackme_admin"
                }
              }
            ],
            "ephemeral_storage": [
              {
                "size": 512
              }
            ],
            "file_system_config": [],
            "filename": "./../Server/lambdas/coach/zips/create_workout_template.zip",
            "function_name": "create_workout_template",
            "handler": "create_workout_template.create_workout_template",
            "id": "create_workout_template",
            "image_config": [],
            "image_uri": "",
            "invoke_arn": "arn:aws:apigateway:us-east-2:lambda:path/2015-03-31/functions/arn:aws:lambda:us-east-2:857360184083:function:create_workout_template/invocations",
            "kms_key_arn": "",
            "last_modified": "2025-09-21T16:34:48.000+0000",
            "layers": [
              "arn:aws:lambda:us-east-2:857360184083:layer:rds:29"
            ],
            "logging_config": [
              {
                "application_log_level": "",
                "log_format": "Text",
                "log_group": "/aws/lambda/create_workout_template",
                "system_log_level": ""
              }
            ],
            "memory_size": 128,
            "package_type": "Zip",
            "publish": false,
            "qualified_arn": "arn:aws:lambda:us-east-2:857360184083:function:create_workout_template:$LATEST",
            "qualified_invoke_arn": "arn:aws:apigateway:us-east-2:lambda:path/2015-03-31/functions/arn:aws:lambda:us-east-2:857360184083:function:create_workout_template:$LATEST/invocations",
            "replace_security_groups_on_destroy": null,
            "replacement_security_group_ids": null,
            "reserved_concurrent_executions": -1,
            "role": "arn:aws:iam::857360184083:role/lambda_role",
            "runtime": "python3.12",
            "s3_bucket": null,
            "s3_key": null,
            "s3_object_version": null,
            "signing_job_arn": "",
            "signing_profile_version_arn": "",
            "skip_destroy": false,
            "snap_start": [],
            "source_code_hash": "Pt+6Ay1ubGFCDN0RVuNNOeNEYhMMTz1mPK7ZDkCFoEE=",
            "source_code_size": 4003,
            "tags": {},
            "tags_all": {},
            "timeout": 5,
            "timeouts": null,
            "tracing_config": [
              {
                "mode": "PassThrough"
              }
            ],
            "version": "$LATEST",
            "vpc_config": [
              {
                "ipv6_allowed_for_dual_stack": false,
                "security_group_ids": [
                  "sg-0bd1fa78c58ba0495"
                ],
                "subnet_ids": [
                  "subnet-09b6e632d01fcb525",
                  "subnet-0db35c13edd7c98e9"
                ],
                "vpc_id": "vpc-00ce2d8f8e6ecb305"
              }
            ]
          },
          "sensitive_attributes": [
            [
              {
                "type": "get_attr",
                "value": "environment"
              },
              {
                "type": "index",
                "value": {
                  "value": 0,
                  "type": "number"
                }
              },
              {
                "type": "get_attr",
                "value": "variables"
              },
              {
                "type": "index",
                "value": {
                  "value": "RDS_PASSWORD",
                  "type": "string"
                }
              }
            ]
          ],
          "identity_schema_version": 0,
          "private": "eyJlMmJmYjczMC1lY2FhLTExZTYtOGY4OC0zNDM2M2JjN2M0YzAiOnsiY3JlYXRlIjo2MDAwMDAwMDAwMDAsImRlbGV0ZSI6NjAwMDAwMDAwMDAwLCJ1cGRhdGUiOjYwMDAwMDAwMDAwMH19",
          "dependencies": [
            "aws_db_instance.default",
            "aws_db_subnet_group.rds_private",
            "aws_iam_role.lambda_role",
            "aws_iam_role_policy_attachment.lambda_rds_auth",
            "aws_lambda_layer_version.rds",
            "aws_security_group.lambda_sg",
            "aws_subnet.private_subnet1",
            "aws_subnet.private_subnet2",
            "data.archive_file.lambda_archives",
            "data.archive_file.rds_layer",
            "data.aws_availability_zones.available",
            "data.aws_vpc.default"
          ],
          "create_before_destroy": true
        },
        {
          "index_key": "decline_athlete_request",
          "schema_version": 0,
          "attributes": {
            "architectures": [
              "x86_64"
            ],
            "arn": "arn:aws:lambda:us-east-2:857360184083:function:decline_athlete_request",
            "code_sha256": "1ReBXpoqFOflCvNrxo1oTdWYnPAXasCLGUNjKFYbHLA=",
            "code_signing_config_arn": "",
            "dead_letter_config": [],
            "description": "",
            "environment": [
              {
                "variables": {
                  "ENVIRONMENT": "production",
                  "RDS_DBNAME": "trackme",
                  "RDS_ENDPOINT": "trackmedb.c9goe0ioosh0.us-east-2.rds.amazonaws.com",
                  "RDS_PASSWORD": "Mojito#2025",
                  "RDS_PORT": "5432",
                  "RDS_REGION": "us-east-2",
                  "RDS_USER": "trackme_admin"
                }
              }
            ],
            "ephemeral_storage": [
              {
                "size": 512
              }
            ],
            "file_system_config": [],
            "filename": "./../Server/lambdas/coach/zips/decline_athlete_request.zip",
            "function_name": "decline_athlete_request",
            "handler": "decline_athlete_request.decline_athlete_request",
            "id": "decline_athlete_request",
            "image_config": [],
            "image_uri": "",
            "invoke_arn": "arn:aws:apigateway:us-east-2:lambda:path/2015-03-31/functions/arn:aws:lambda:us-east-2:857360184083:function:decline_athlete_request/invocations",
            "kms_key_arn": "",
            "last_modified": "2025-09-21T16:34:42.000+0000",
            "layers": [
              "arn:aws:lambda:us-east-2:857360184083:layer:rds:29"
            ],
            "logging_config": [
              {
                "application_log_level": "",
                "log_format": "Text",
                "log_group": "/aws/lambda/decline_athlete_request",
                "system_log_level": ""
              }
            ],
            "memory_size": 128,
            "package_type": "Zip",
            "publish": false,
            "qualified_arn": "arn:aws:lambda:us-east-2:857360184083:function:decline_athlete_request:$LATEST",
            "qualified_invoke_arn": "arn:aws:apigateway:us-east-2:lambda:path/2015-03-31/functions/arn:aws:lambda:us-east-2:857360184083:function:decline_athlete_request:$LATEST/invocations",
            "replace_security_groups_on_destroy": null,
            "replacement_security_group_ids": null,
            "reserved_concurrent_executions": -1,
            "role": "arn:aws:iam::857360184083:role/lambda_role",
            "runtime": "python3.12",
            "s3_bucket": null,
            "s3_key": null,
            "s3_object_version": null,
            "signing_job_arn": "",
            "signing_profile_version_arn": "",
            "skip_destroy": false,
            "snap_start": [],
            "source_code_hash": "1ReBXpoqFOflCvNrxo1oTdWYnPAXasCLGUNjKFYbHLA=",
            "source_code_size": 1986,
            "tags": {},
            "tags_all": {},
            "timeout": 5,
            "timeouts": null,
            "tracing_config": [
              {
                "mode": "PassThrough"
              }
            ],
            "version": "$LATEST",
            "vpc_config": [
              {
                "ipv6_allowed_for_dual_stack": false,
                "security_group_ids": [
                  "sg-0bd1fa78c58ba0495"
                ],
                "subnet_ids": [
                  "subnet-09b6e632d01fcb525",
                  "subnet-0db35c13edd7c98e9"
                ],
                "vpc_id": "vpc-00ce2d8f8e6ecb305"
              }
            ]
          },
          "sensitive_attributes": [
            [
              {
                "type": "get_attr",
                "value": "environment"
              },
              {
                "type": "index",
                "value": {
                  "value": 0,
                  "type": "number"
                }
              },
              {
                "type": "get_attr",
                "value": "variables"
              },
              {
                "type": "index",
                "value": {
                  "value": "RDS_PASSWORD",
                  "type": "string"
                }
              }
            ]
          ],
          "identity_schema_version": 0,
          "private": "eyJlMmJmYjczMC1lY2FhLTExZTYtOGY4OC0zNDM2M2JjN2M0YzAiOnsiY3JlYXRlIjo2MDAwMDAwMDAwMDAsImRlbGV0ZSI6NjAwMDAwMDAwMDAwLCJ1cGRhdGUiOjYwMDAwMDAwMDAwMH19",
          "dependencies": [
            "aws_db_instance.default",
            "aws_db_subnet_group.rds_private",
            "aws_iam_role.lambda_role",
            "aws_iam_role_policy_attachment.lambda_rds_auth",
            "aws_lambda_layer_version.rds",
            "aws_security_group.lambda_sg",
            "aws_subnet.private_subnet1",
            "aws_subnet.private_subnet2",
            "data.archive_file.lambda_archives",
            "data.archive_file.rds_layer",
            "data.aws_availability_zones.available",
            "data.aws_vpc.default"
          ],
          "create_before_destroy": true
        },
        {
          "index_key": "decline_coach_invite",
          "schema_version": 0,
          "attributes": {
            "architectures": [
              "x86_64"
            ],
            "arn": "arn:aws:lambda:us-east-2:857360184083:function:decline_coach_invite",
            "code_sha256": "itD6YzPYqB86rn79WAh73Ytv9gLWh25CIEwkfF9eWk0=",
            "code_signing_config_arn": "",
            "dead_letter_config": [],
            "description": "",
            "environment": [
              {
                "variables": {
                  "ENVIRONMENT": "production",
                  "RDS_DBNAME": "trackme",
                  "RDS_ENDPOINT": "trackmedb.c9goe0ioosh0.us-east-2.rds.amazonaws.com",
                  "RDS_PASSWORD": "Mojito#2025",
                  "RDS_PORT": "5432",
                  "RDS_REGION": "us-east-2",
                  "RDS_USER": "trackme_admin"
                }
              }
            ],
            "ephemeral_storage": [
              {
                "size": 512
              }
            ],
            "file_system_config": [],
            "filename": "./../Server/lambdas/athlete/zips/decline_coach_invite.zip",
            "function_name": "decline_coach_invite",
            "handler": "decline_coach_invite.decline_coach_invite",
            "id": "decline_coach_invite",
            "image_config": [],
            "image_uri": "",
            "invoke_arn": "arn:aws:apigateway:us-east-2:lambda:path/2015-03-31/functions/arn:aws:lambda:us-east-2:857360184083:function:decline_coach_invite/invocations",
            "kms_key_arn": "",
            "last_modified": "2025-09-21T16:34:42.000+0000",
            "layers": [
              "arn:aws:lambda:us-east-2:857360184083:layer:rds:29"
            ],
            "logging_config": [
              {
                "application_log_level": "",
                "log_format": "Text",
                "log_group": "/aws/lambda/decline_coach_invite",
                "system_log_level": ""
              }
            ],
            "memory_size": 128,
            "package_type": "Zip",
            "publish": false,
            "qualified_arn": "arn:aws:lambda:us-east-2:857360184083:function:decline_coach_invite:$LATEST",
            "qualified_invoke_arn": "arn:aws:apigateway:us-east-2:lambda:path/2015-03-31/functions/arn:aws:lambda:us-east-2:857360184083:function:decline_coach_invite:$LATEST/invocations",
            "replace_security_groups_on_destroy": null,
            "replacement_security_group_ids": null,
            "reserved_concurrent_executions": -1,
            "role": "arn:aws:iam::857360184083:role/lambda_role",
            "runtime": "python3.12",
            "s3_bucket": null,
            "s3_key": null,
            "s3_object_version": null,
            "signing_job_arn": "",
            "signing_profile_version_arn": "",
            "skip_destroy": false,
            "snap_start": [],
            "source_code_hash": "itD6YzPYqB86rn79WAh73Ytv9gLWh25CIEwkfF9eWk0=",
            "source_code_size": 1972,
            "tags": {},
            "tags_all": {},
            "timeout": 5,
            "timeouts": null,
            "tracing_config": [
              {
                "mode": "PassThrough"
              }
            ],
            "version": "$LATEST",
            "vpc_config": [
              {
                "ipv6_allowed_for_dual_stack": false,
                "security_group_ids": [
                  "sg-0bd1fa78c58ba0495"
                ],
                "subnet_ids": [
                  "subnet-09b6e632d01fcb525",
                  "subnet-0db35c13edd7c98e9"
                ],
                "vpc_id": "vpc-00ce2d8f8e6ecb305"
              }
            ]
          },
          "sensitive_attributes": [
            [
              {
                "type": "get_attr",
                "value": "environment"
              },
              {
                "type": "index",
                "value": {
                  "value": 0,
                  "type": "number"
                }
              },
              {
                "type": "get_attr",
                "value": "variables"
              },
              {
                "type": "index",
                "value": {
                  "value": "RDS_PASSWORD",
                  "type": "string"
                }
              }
            ]
          ],
          "identity_schema_version": 0,
          "private": "eyJlMmJmYjczMC1lY2FhLTExZTYtOGY4OC0zNDM2M2JjN2M0YzAiOnsiY3JlYXRlIjo2MDAwMDAwMDAwMDAsImRlbGV0ZSI6NjAwMDAwMDAwMDAwLCJ1cGRhdGUiOjYwMDAwMDAwMDAwMH19",
          "dependencies": [
            "aws_db_instance.default",
            "aws_db_subnet_group.rds_private",
            "aws_iam_role.lambda_role",
            "aws_iam_role_policy_attachment.lambda_rds_auth",
            "aws_lambda_layer_version.rds",
            "aws_security_group.lambda_sg",
            "aws_subnet.private_subnet1",
            "aws_subnet.private_subnet2",
            "data.archive_file.lambda_archives",
            "data.archive_file.rds_layer",
            "data.aws_availability_zones.available",
            "data.aws_vpc.default"
          ],
          "create_before_destroy": true
        },
        {
          "index_key": "delete_group",
          "schema_version": 0,
          "attributes": {
            "architectures": [
              "x86_64"
            ],
            "arn": "arn:aws:lambda:us-east-2:857360184083:function:delete_group",
            "code_sha256": "mpuTaifLdAaQWKCujAwxhQppN9qHw4r2gKgjl6Kyq0M=",
            "code_signing_config_arn": "",
            "dead_letter_config": [],
            "description": "",
            "environment": [
              {
                "variables": {
                  "ENVIRONMENT": "production",
                  "RDS_DBNAME": "trackme",
                  "RDS_ENDPOINT": "trackmedb.c9goe0ioosh0.us-east-2.rds.amazonaws.com",
                  "RDS_PASSWORD": "Mojito#2025",
                  "RDS_PORT": "5432",
                  "RDS_REGION": "us-east-2",
                  "RDS_USER": "trackme_admin"
                }
              }
            ],
            "ephemeral_storage": [
              {
                "size": 512
              }
            ],
            "file_system_config": [],
            "filename": "./../Server/lambdas/coach/zips/delete_group.zip",
            "function_name": "delete_group",
            "handler": "delete_group.delete_group",
            "id": "delete_group",
            "image_config": [],
            "image_uri": "",
            "invoke_arn": "arn:aws:apigateway:us-east-2:lambda:path/2015-03-31/functions/arn:aws:lambda:us-east-2:857360184083:function:delete_group/invocations",
            "kms_key_arn": "",
            "last_modified": "2025-09-21T16:34:44.000+0000",
            "layers": [
              "arn:aws:lambda:us-east-2:857360184083:layer:rds:29"
            ],
            "logging_config": [
              {
                "application_log_level": "",
                "log_format": "Text",
                "log_group": "/aws/lambda/delete_group",
                "system_log_level": ""
              }
            ],
            "memory_size": 128,
            "package_type": "Zip",
            "publish": false,
            "qualified_arn": "arn:aws:lambda:us-east-2:857360184083:function:delete_group:$LATEST",
            "qualified_invoke_arn": "arn:aws:apigateway:us-east-2:lambda:path/2015-03-31/functions/arn:aws:lambda:us-east-2:857360184083:function:delete_group:$LATEST/invocations",
            "replace_security_groups_on_destroy": null,
            "replacement_security_group_ids": null,
            "reserved_concurrent_executions": -1,
            "role": "arn:aws:iam::857360184083:role/lambda_role",
            "runtime": "python3.12",
            "s3_bucket": null,
            "s3_key": null,
            "s3_object_version": null,
            "signing_job_arn": "",
            "signing_profile_version_arn": "",
            "skip_destroy": false,
            "snap_start": [],
            "source_code_hash": "mpuTaifLdAaQWKCujAwxhQppN9qHw4r2gKgjl6Kyq0M=",
            "source_code_size": 1884,
            "tags": {},
            "tags_all": {},
            "timeout": 5,
            "timeouts": null,
            "tracing_config": [
              {
                "mode": "PassThrough"
              }
            ],
            "version": "$LATEST",
            "vpc_config": [
              {
                "ipv6_allowed_for_dual_stack": false,
                "security_group_ids": [
                  "sg-0bd1fa78c58ba0495"
                ],
                "subnet_ids": [
                  "subnet-09b6e632d01fcb525",
                  "subnet-0db35c13edd7c98e9"
                ],
                "vpc_id": "vpc-00ce2d8f8e6ecb305"
              }
            ]
          },
          "sensitive_attributes": [
            [
              {
                "type": "get_attr",
                "value": "environment"
              },
              {
                "type": "index",
                "value": {
                  "value": 0,
                  "type": "number"
                }
              },
              {
                "type": "get_attr",
                "value": "variables"
              },
              {
                "type": "index",
                "value": {
                  "value": "RDS_PASSWORD",
                  "type": "string"
                }
              }
            ]
          ],
          "identity_schema_version": 0,
          "private": "eyJlMmJmYjczMC1lY2FhLTExZTYtOGY4OC0zNDM2M2JjN2M0YzAiOnsiY3JlYXRlIjo2MDAwMDAwMDAwMDAsImRlbGV0ZSI6NjAwMDAwMDAwMDAwLCJ1cGRhdGUiOjYwMDAwMDAwMDAwMH19",
          "dependencies": [
            "aws_db_instance.default",
            "aws_db_subnet_group.rds_private",
            "aws_iam_role.lambda_role",
            "aws_iam_role_policy_attachment.lambda_rds_auth",
            "aws_lambda_layer_version.rds",
            "aws_security_group.lambda_sg",
            "aws_subnet.private_subnet1",
            "aws_subnet.private_subnet2",
            "data.archive_file.lambda_archives",
            "data.archive_file.rds_layer",
            "data.aws_availability_zones.available",
            "data.aws_vpc.default"
          ],
          "create_before_destroy": true
        },
        {
          "index_key": "delete_group_workout",
          "schema_version": 0,
          "attributes": {
            "architectures": [
              "x86_64"
            ],
            "arn": "arn:aws:lambda:us-east-2:857360184083:function:delete_group_workout",
            "code_sha256": "SXK9C475qujqI67ov5C42EKUTs5699MUtsinfRRfubY=",
            "code_signing_config_arn": "",
            "dead_letter_config": [],
            "description": "",
            "environment": [
              {
                "variables": {
                  "ENVIRONMENT": "production",
                  "RDS_DBNAME": "trackme",
                  "RDS_ENDPOINT": "trackmedb.c9goe0ioosh0.us-east-2.rds.amazonaws.com",
                  "RDS_PASSWORD": "Mojito#2025",
                  "RDS_PORT": "5432",
                  "RDS_REGION": "us-east-2",
                  "RDS_USER": "trackme_admin"
                }
              }
            ],
            "ephemeral_storage": [
              {
                "size": 512
              }
            ],
            "file_system_config": [],
            "filename": "./../Server/lambdas/coach/zips/delete_group_workout.zip",
            "function_name": "delete_group_workout",
            "handler": "delete_group_workout.delete_group_workout",
            "id": "delete_group_workout",
            "image_config": [],
            "image_uri": "",
            "invoke_arn": "arn:aws:apigateway:us-east-2:lambda:path/2015-03-31/functions/arn:aws:lambda:us-east-2:857360184083:function:delete_group_workout/invocations",
            "kms_key_arn": "",
            "last_modified": "2025-09-21T16:34:30.000+0000",
            "layers": [
              "arn:aws:lambda:us-east-2:857360184083:layer:rds:29"
            ],
            "logging_config": [
              {
                "application_log_level": "",
                "log_format": "Text",
                "log_group": "/aws/lambda/delete_group_workout",
                "system_log_level": ""
              }
            ],
            "memory_size": 128,
            "package_type": "Zip",
            "publish": false,
            "qualified_arn": "arn:aws:lambda:us-east-2:857360184083:function:delete_group_workout:$LATEST",
            "qualified_invoke_arn": "arn:aws:apigateway:us-east-2:lambda:path/2015-03-31/functions/arn:aws:lambda:us-east-2:857360184083:function:delete_group_workout:$LATEST/invocations",
            "replace_security_groups_on_destroy": null,
            "replacement_security_group_ids": null,
            "reserved_concurrent_executions": -1,
            "role": "arn:aws:iam::857360184083:role/lambda_role",
            "runtime": "python3.12",
            "s3_bucket": null,
            "s3_key": null,
            "s3_object_version": null,
            "signing_job_arn": "",
            "signing_profile_version_arn": "",
            "skip_destroy": false,
            "snap_start": [],
            "source_code_hash": "SXK9C475qujqI67ov5C42EKUTs5699MUtsinfRRfubY=",
            "source_code_size": 1888,
            "tags": {},
            "tags_all": {},
            "timeout": 5,
            "timeouts": null,
            "tracing_config": [
              {
                "mode": "PassThrough"
              }
            ],
            "version": "$LATEST",
            "vpc_config": [
              {
                "ipv6_allowed_for_dual_stack": false,
                "security_group_ids": [
                  "sg-0bd1fa78c58ba0495"
                ],
                "subnet_ids": [
                  "subnet-09b6e632d01fcb525",
                  "subnet-0db35c13edd7c98e9"
                ],
                "vpc_id": "vpc-00ce2d8f8e6ecb305"
              }
            ]
          },
          "sensitive_attributes": [
            [
              {
                "type": "get_attr",
                "value": "environment"
              },
              {
                "type": "index",
                "value": {
                  "value": 0,
                  "type": "number"
                }
              },
              {
                "type": "get_attr",
                "value": "variables"
              },
              {
                "type": "index",
                "value": {
                  "value": "RDS_PASSWORD",
                  "type": "string"
                }
              }
            ]
          ],
          "identity_schema_version": 0,
          "private": "eyJlMmJmYjczMC1lY2FhLTExZTYtOGY4OC0zNDM2M2JjN2M0YzAiOnsiY3JlYXRlIjo2MDAwMDAwMDAwMDAsImRlbGV0ZSI6NjAwMDAwMDAwMDAwLCJ1cGRhdGUiOjYwMDAwMDAwMDAwMH19",
          "dependencies": [
            "aws_db_instance.default",
            "aws_db_subnet_group.rds_private",
            "aws_iam_role.lambda_role",
            "aws_iam_role_policy_attachment.lambda_rds_auth",
            "aws_lambda_layer_version.rds",
            "aws_security_group.lambda_sg",
            "aws_subnet.private_subnet1",
            "aws_subnet.private_subnet2",
            "data.archive_file.lambda_archives",
            "data.archive_file.rds_layer",
            "data.aws_availability_zones.available",
            "data.aws_vpc.default"
          ],
          "create_before_destroy": true
        },
        {
          "index_key": "delete_workout_template",
          "schema_version": 0,
          "attributes": {
            "architectures": [
              "x86_64"
            ],
            "arn": "arn:aws:lambda:us-east-2:857360184083:function:delete_workout_template",
            "code_sha256": "R/TzPFV6KDPyVluAd01XYHswTigVGKw/GPBRjkrPk10=",
            "code_signing_config_arn": "",
            "dead_letter_config": [],
            "description": "",
            "environment": [
              {
                "variables": {
                  "ENVIRONMENT": "production",
                  "RDS_DBNAME": "trackme",
                  "RDS_ENDPOINT": "trackmedb.c9goe0ioosh0.us-east-2.rds.amazonaws.com",
                  "RDS_PASSWORD": "Mojito#2025",
                  "RDS_PORT": "5432",
                  "RDS_REGION": "us-east-2",
                  "RDS_USER": "trackme_admin"
                }
              }
            ],
            "ephemeral_storage": [
              {
                "size": 512
              }
            ],
            "file_system_config": [],
            "filename": "./../Server/lambdas/coach/zips/delete_workout_template.zip",
            "function_name": "delete_workout_template",
            "handler": "delete_workout_template.delete_workout_template",
            "id": "delete_workout_template",
            "image_config": [],
            "image_uri": "",
            "invoke_arn": "arn:aws:apigateway:us-east-2:lambda:path/2015-03-31/functions/arn:aws:lambda:us-east-2:857360184083:function:delete_workout_template/invocations",
            "kms_key_arn": "",
            "last_modified": "2025-09-21T16:34:42.000+0000",
            "layers": [
              "arn:aws:lambda:us-east-2:857360184083:layer:rds:29"
            ],
            "logging_config": [
              {
                "application_log_level": "",
                "log_format": "Text",
                "log_group": "/aws/lambda/delete_workout_template",
                "system_log_level": ""
              }
            ],
            "memory_size": 128,
            "package_type": "Zip",
            "publish": false,
            "qualified_arn": "arn:aws:lambda:us-east-2:857360184083:function:delete_workout_template:$LATEST",
            "qualified_invoke_arn": "arn:aws:apigateway:us-east-2:lambda:path/2015-03-31/functions/arn:aws:lambda:us-east-2:857360184083:function:delete_workout_template:$LATEST/invocations",
            "replace_security_groups_on_destroy": null,
            "replacement_security_group_ids": null,
            "reserved_concurrent_executions": -1,
            "role": "arn:aws:iam::857360184083:role/lambda_role",
            "runtime": "python3.12",
            "s3_bucket": null,
            "s3_key": null,
            "s3_object_version": null,
            "signing_job_arn": "",
            "signing_profile_version_arn": "",
            "skip_destroy": false,
            "snap_start": [],
            "source_code_hash": "R/TzPFV6KDPyVluAd01XYHswTigVGKw/GPBRjkrPk10=",
            "source_code_size": 3082,
            "tags": {},
            "tags_all": {},
            "timeout": 5,
            "timeouts": null,
            "tracing_config": [
              {
                "mode": "PassThrough"
              }
            ],
            "version": "$LATEST",
            "vpc_config": [
              {
                "ipv6_allowed_for_dual_stack": false,
                "security_group_ids": [
                  "sg-0bd1fa78c58ba0495"
                ],
                "subnet_ids": [
                  "subnet-09b6e632d01fcb525",
                  "subnet-0db35c13edd7c98e9"
                ],
                "vpc_id": "vpc-00ce2d8f8e6ecb305"
              }
            ]
          },
          "sensitive_attributes": [
            [
              {
                "type": "get_attr",
                "value": "environment"
              },
              {
                "type": "index",
                "value": {
                  "value": 0,
                  "type": "number"
                }
              },
              {
                "type": "get_attr",
                "value": "variables"
              },
              {
                "type": "index",
                "value": {
                  "value": "RDS_PASSWORD",
                  "type": "string"
                }
              }
            ]
          ],
          "identity_schema_version": 0,
          "private": "eyJlMmJmYjczMC1lY2FhLTExZTYtOGY4OC0zNDM2M2JjN2M0YzAiOnsiY3JlYXRlIjo2MDAwMDAwMDAwMDAsImRlbGV0ZSI6NjAwMDAwMDAwMDAwLCJ1cGRhdGUiOjYwMDAwMDAwMDAwMH19",
          "dependencies": [
            "aws_db_instance.default",
            "aws_db_subnet_group.rds_private",
            "aws_iam_role.lambda_role",
            "aws_iam_role_policy_attachment.lambda_rds_auth",
            "aws_lambda_layer_version.rds",
            "aws_security_group.lambda_sg",
            "aws_subnet.private_subnet1",
            "aws_subnet.private_subnet2",
            "data.archive_file.lambda_archives",
            "data.archive_file.rds_layer",
            "data.aws_availability_zones.available",
            "data.aws_vpc.default"
          ],
          "create_before_destroy": true
        },
        {
          "index_key": "fetch_historical_data",
          "schema_version": 0,
          "attributes": {
            "architectures": [
              "x86_64"
            ],
            "arn": "arn:aws:lambda:us-east-2:857360184083:function:fetch_historical_data",
            "code_sha256": "ROchdcAcU5g2dVGN5bqWnASXxwDiBxAcd+ZX9XK7srQ=",
            "code_signing_config_arn": "",
            "dead_letter_config": [],
            "description": "",
            "environment": [
              {
                "variables": {
                  "ENVIRONMENT": "production",
                  "RDS_DBNAME": "trackme",
                  "RDS_ENDPOINT": "trackmedb.c9goe0ioosh0.us-east-2.rds.amazonaws.com",
                  "RDS_PASSWORD": "Mojito#2025",
                  "RDS_PORT": "5432",
                  "RDS_REGION": "us-east-2",
                  "RDS_USER": "trackme_admin"
                }
              }
            ],
            "ephemeral_storage": [
              {
                "size": 512
              }
            ],
            "file_system_config": [],
            "filename": "./../Server/lambdas/coach/zips/fetch_historical_data.zip",
            "function_name": "fetch_historical_data",
            "handler": "fetch_historical_data.fetch_historical_data",
            "id": "fetch_historical_data",
            "image_config": [],
            "image_uri": "",
            "invoke_arn": "arn:aws:apigateway:us-east-2:lambda:path/2015-03-31/functions/arn:aws:lambda:us-east-2:857360184083:function:fetch_historical_data/invocations",
            "kms_key_arn": "",
            "last_modified": "2025-09-21T16:34:42.000+0000",
            "layers": [
              "arn:aws:lambda:us-east-2:857360184083:layer:rds:29"
            ],
            "logging_config": [
              {
                "application_log_level": "",
                "log_format": "Text",
                "log_group": "/aws/lambda/fetch_historical_data",
                "system_log_level": ""
              }
            ],
            "memory_size": 128,
            "package_type": "Zip",
            "publish": false,
            "qualified_arn": "arn:aws:lambda:us-east-2:857360184083:function:fetch_historical_data:$LATEST",
            "qualified_invoke_arn": "arn:aws:apigateway:us-east-2:lambda:path/2015-03-31/functions/arn:aws:lambda:us-east-2:857360184083:function:fetch_historical_data:$LATEST/invocations",
            "replace_security_groups_on_destroy": null,
            "replacement_security_group_ids": null,
            "reserved_concurrent_executions": -1,
            "role": "arn:aws:iam::857360184083:role/lambda_role",
            "runtime": "python3.12",
            "s3_bucket": null,
            "s3_key": null,
            "s3_object_version": null,
            "signing_job_arn": "",
            "signing_profile_version_arn": "",
            "skip_destroy": false,
            "snap_start": [],
            "source_code_hash": "ROchdcAcU5g2dVGN5bqWnASXxwDiBxAcd+ZX9XK7srQ=",
            "source_code_size": 3081,
            "tags": {},
            "tags_all": {},
            "timeout": 5,
            "timeouts": null,
            "tracing_config": [
              {
                "mode": "PassThrough"
              }
            ],
            "version": "$LATEST",
            "vpc_config": [
              {
                "ipv6_allowed_for_dual_stack": false,
                "security_group_ids": [
                  "sg-0bd1fa78c58ba0495"
                ],
                "subnet_ids": [
                  "subnet-09b6e632d01fcb525",
                  "subnet-0db35c13edd7c98e9"
                ],
                "vpc_id": "vpc-00ce2d8f8e6ecb305"
              }
            ]
          },
          "sensitive_attributes": [
            [
              {
                "type": "get_attr",
                "value": "environment"
              },
              {
                "type": "index",
                "value": {
                  "value": 0,
                  "type": "number"
                }
              },
              {
                "type": "get_attr",
                "value": "variables"
              },
              {
                "type": "index",
                "value": {
                  "value": "RDS_PASSWORD",
                  "type": "string"
                }
              }
            ]
          ],
          "identity_schema_version": 0,
          "private": "eyJlMmJmYjczMC1lY2FhLTExZTYtOGY4OC0zNDM2M2JjN2M0YzAiOnsiY3JlYXRlIjo2MDAwMDAwMDAwMDAsImRlbGV0ZSI6NjAwMDAwMDAwMDAwLCJ1cGRhdGUiOjYwMDAwMDAwMDAwMH19",
          "dependencies": [
            "aws_db_instance.default",
            "aws_db_subnet_group.rds_private",
            "aws_iam_role.lambda_role",
            "aws_iam_role_policy_attachment.lambda_rds_auth",
            "aws_lambda_layer_version.rds",
            "aws_security_group.lambda_sg",
            "aws_subnet.private_subnet1",
            "aws_subnet.private_subnet2",
            "data.archive_file.lambda_archives",
            "data.archive_file.rds_layer",
            "data.aws_availability_zones.available",
            "data.aws_vpc.default"
          ],
          "create_before_destroy": true
        },
        {
          "index_key": "get_absent_group_athletes",
          "schema_version": 0,
          "attributes": {
            "architectures": [
              "x86_64"
            ],
            "arn": "arn:aws:lambda:us-east-2:857360184083:function:get_absent_group_athletes",
            "code_sha256": "IDAvM7WPXhoTxF/lw8pLjTA54gaWP1JGcb9HZjMDyZ0=",
            "code_signing_config_arn": "",
            "dead_letter_config": [],
            "description": "",
            "environment": [
              {
                "variables": {
                  "ENVIRONMENT": "production",
                  "RDS_DBNAME": "trackme",
                  "RDS_ENDPOINT": "trackmedb.c9goe0ioosh0.us-east-2.rds.amazonaws.com",
                  "RDS_PASSWORD": "Mojito#2025",
                  "RDS_PORT": "5432",
                  "RDS_REGION": "us-east-2",
                  "RDS_USER": "trackme_admin"
                }
              }
            ],
            "ephemeral_storage": [
              {
                "size": 512
              }
            ],
            "file_system_config": [],
            "filename": "./../Server/lambdas/coach/zips/get_absent_group_athletes.zip",
            "function_name": "get_absent_group_athletes",
            "handler": "get_absent_group_athletes.get_absent_group_athletes",
            "id": "get_absent_group_athletes",
            "image_config": [],
            "image_uri": "",
            "invoke_arn": "arn:aws:apigateway:us-east-2:lambda:path/2015-03-31/functions/arn:aws:lambda:us-east-2:857360184083:function:get_absent_group_athletes/invocations",
            "kms_key_arn": "",
            "last_modified": "2025-09-21T16:34:36.000+0000",
            "layers": [
              "arn:aws:lambda:us-east-2:857360184083:layer:rds:29"
            ],
            "logging_config": [
              {
                "application_log_level": "",
                "log_format": "Text",
                "log_group": "/aws/lambda/get_absent_group_athletes",
                "system_log_level": ""
              }
            ],
            "memory_size": 128,
            "package_type": "Zip",
            "publish": false,
            "qualified_arn": "arn:aws:lambda:us-east-2:857360184083:function:get_absent_group_athletes:$LATEST",
            "qualified_invoke_arn": "arn:aws:apigateway:us-east-2:lambda:path/2015-03-31/functions/arn:aws:lambda:us-east-2:857360184083:function:get_absent_group_athletes:$LATEST/invocations",
            "replace_security_groups_on_destroy": null,
            "replacement_security_group_ids": null,
            "reserved_concurrent_executions": -1,
            "role": "arn:aws:iam::857360184083:role/lambda_role",
            "runtime": "python3.12",
            "s3_bucket": null,
            "s3_key": null,
            "s3_object_version": null,
            "signing_job_arn": "",
            "signing_profile_version_arn": "",
            "skip_destroy": false,
            "snap_start": [],
            "source_code_hash": "IDAvM7WPXhoTxF/lw8pLjTA54gaWP1JGcb9HZjMDyZ0=",
            "source_code_size": 2165,
            "tags": {},
            "tags_all": {},
            "timeout": 5,
            "timeouts": null,
            "tracing_config": [
              {
                "mode": "PassThrough"
              }
            ],
            "version": "$LATEST",
            "vpc_config": [
              {
                "ipv6_allowed_for_dual_stack": false,
                "security_group_ids": [
                  "sg-0bd1fa78c58ba0495"
                ],
                "subnet_ids": [
                  "subnet-09b6e632d01fcb525",
                  "subnet-0db35c13edd7c98e9"
                ],
                "vpc_id": "vpc-00ce2d8f8e6ecb305"
              }
            ]
          },
          "sensitive_attributes": [
            [
              {
                "type": "get_attr",
                "value": "environment"
              },
              {
                "type": "index",
                "value": {
                  "value": 0,
                  "type": "number"
                }
              },
              {
                "type": "get_attr",
                "value": "variables"
              },
              {
                "type": "index",
                "value": {
                  "value": "RDS_PASSWORD",
                  "type": "string"
                }
              }
            ]
          ],
          "identity_schema_version": 0,
          "private": "eyJlMmJmYjczMC1lY2FhLTExZTYtOGY4OC0zNDM2M2JjN2M0YzAiOnsiY3JlYXRlIjo2MDAwMDAwMDAwMDAsImRlbGV0ZSI6NjAwMDAwMDAwMDAwLCJ1cGRhdGUiOjYwMDAwMDAwMDAwMH19",
          "dependencies": [
            "aws_db_instance.default",
            "aws_db_subnet_group.rds_private",
            "aws_iam_role.lambda_role",
            "aws_iam_role_policy_attachment.lambda_rds_auth",
            "aws_lambda_layer_version.rds",
            "aws_security_group.lambda_sg",
            "aws_subnet.private_subnet1",
            "aws_subnet.private_subnet2",
            "data.archive_file.lambda_archives",
            "data.archive_file.rds_layer",
            "data.aws_availability_zones.available",
            "data.aws_vpc.default"
          ],
          "create_before_destroy": true
        },
        {
          "index_key": "get_athletes",
          "schema_version": 0,
          "attributes": {
            "architectures": [
              "x86_64"
            ],
            "arn": "arn:aws:lambda:us-east-2:857360184083:function:get_athletes",
            "code_sha256": "7EDWGGo55Xh9WRB1fMgecC+j8yorBclCukJX/K5G7G4=",
            "code_signing_config_arn": "",
            "dead_letter_config": [],
            "description": "",
            "environment": [
              {
                "variables": {
                  "ENVIRONMENT": "production",
                  "RDS_DBNAME": "trackme",
                  "RDS_ENDPOINT": "trackmedb.c9goe0ioosh0.us-east-2.rds.amazonaws.com",
                  "RDS_PASSWORD": "Mojito#2025",
                  "RDS_PORT": "5432",
                  "RDS_REGION": "us-east-2",
                  "RDS_USER": "trackme_admin"
                }
              }
            ],
            "ephemeral_storage": [
              {
                "size": 512
              }
            ],
            "file_system_config": [],
            "filename": "./../Server/lambdas/coach/zips/get_athletes.zip",
            "function_name": "get_athletes",
            "handler": "get_athletes.get_athletes",
            "id": "get_athletes",
            "image_config": [],
            "image_uri": "",
            "invoke_arn": "arn:aws:apigateway:us-east-2:lambda:path/2015-03-31/functions/arn:aws:lambda:us-east-2:857360184083:function:get_athletes/invocations",
            "kms_key_arn": "",
            "last_modified": "2025-09-21T16:34:48.000+0000",
            "layers": [
              "arn:aws:lambda:us-east-2:857360184083:layer:rds:29"
            ],
            "logging_config": [
              {
                "application_log_level": "",
                "log_format": "Text",
                "log_group": "/aws/lambda/get_athletes",
                "system_log_level": ""
              }
            ],
            "memory_size": 128,
            "package_type": "Zip",
            "publish": false,
            "qualified_arn": "arn:aws:lambda:us-east-2:857360184083:function:get_athletes:$LATEST",
            "qualified_invoke_arn": "arn:aws:apigateway:us-east-2:lambda:path/2015-03-31/functions/arn:aws:lambda:us-east-2:857360184083:function:get_athletes:$LATEST/invocations",
            "replace_security_groups_on_destroy": null,
            "replacement_security_group_ids": null,
            "reserved_concurrent_executions": -1,
            "role": "arn:aws:iam::857360184083:role/lambda_role",
            "runtime": "python3.12",
            "s3_bucket": null,
            "s3_key": null,
            "s3_object_version": null,
            "signing_job_arn": "",
            "signing_profile_version_arn": "",
            "skip_destroy": false,
            "snap_start": [],
            "source_code_hash": "7EDWGGo55Xh9WRB1fMgecC+j8yorBclCukJX/K5G7G4=",
            "source_code_size": 2048,
            "tags": {},
            "tags_all": {},
            "timeout": 5,
            "timeouts": null,
            "tracing_config": [
              {
                "mode": "PassThrough"
              }
            ],
            "version": "$LATEST",
            "vpc_config": [
              {
                "ipv6_allowed_for_dual_stack": false,
                "security_group_ids": [
                  "sg-0bd1fa78c58ba0495"
                ],
                "subnet_ids": [
                  "subnet-09b6e632d01fcb525",
                  "subnet-0db35c13edd7c98e9"
                ],
                "vpc_id": "vpc-00ce2d8f8e6ecb305"
              }
            ]
          },
          "sensitive_attributes": [
            [
              {
                "type": "get_attr",
                "value": "environment"
              },
              {
                "type": "index",
                "value": {
                  "value": 0,
                  "type": "number"
                }
              },
              {
                "type": "get_attr",
                "value": "variables"
              },
              {
                "type": "index",
                "value": {
                  "value": "RDS_PASSWORD",
                  "type": "string"
                }
              }
            ]
          ],
          "identity_schema_version": 0,
          "private": "eyJlMmJmYjczMC1lY2FhLTExZTYtOGY4OC0zNDM2M2JjN2M0YzAiOnsiY3JlYXRlIjo2MDAwMDAwMDAwMDAsImRlbGV0ZSI6NjAwMDAwMDAwMDAwLCJ1cGRhdGUiOjYwMDAwMDAwMDAwMH19",
          "dependencies": [
            "aws_db_instance.default",
            "aws_db_subnet_group.rds_private",
            "aws_iam_role.lambda_role",
            "aws_iam_role_policy_attachment.lambda_rds_auth",
            "aws_lambda_layer_version.rds",
            "aws_security_group.lambda_sg",
            "aws_subnet.private_subnet1",
            "aws_subnet.private_subnet2",
            "data.archive_file.lambda_archives",
            "data.archive_file.rds_layer",
            "data.aws_availability_zones.available",
            "data.aws_vpc.default"
          ],
          "create_before_destroy": true
        },
        {
          "index_key": "get_athletes_for_group",
          "schema_version": 0,
          "attributes": {
            "architectures": [
              "x86_64"
            ],
            "arn": "arn:aws:lambda:us-east-2:857360184083:function:get_athletes_for_group",
            "code_sha256": "73TiQuRBWTEWerVerpG96BiufNbYRsYk1es76jCRZzQ=",
            "code_signing_config_arn": "",
            "dead_letter_config": [],
            "description": "",
            "environment": [
              {
                "variables": {
                  "ENVIRONMENT": "production",
                  "RDS_DBNAME": "trackme",
                  "RDS_ENDPOINT": "trackmedb.c9goe0ioosh0.us-east-2.rds.amazonaws.com",
                  "RDS_PASSWORD": "Mojito#2025",
                  "RDS_PORT": "5432",
                  "RDS_REGION": "us-east-2",
                  "RDS_USER": "trackme_admin"
                }
              }
            ],
            "ephemeral_storage": [
              {
                "size": 512
              }
            ],
            "file_system_config": [],
            "filename": "./../Server/lambdas/general/zips/get_athletes_for_group.zip",
            "function_name": "get_athletes_for_group",
            "handler": "get_athletes_for_group.get_athletes_for_group",
            "id": "get_athletes_for_group",
            "image_config": [],
            "image_uri": "",
            "invoke_arn": "arn:aws:apigateway:us-east-2:lambda:path/2015-03-31/functions/arn:aws:lambda:us-east-2:857360184083:function:get_athletes_for_group/invocations",
            "kms_key_arn": "",
            "last_modified": "2025-09-21T16:34:48.000+0000",
            "layers": [
              "arn:aws:lambda:us-east-2:857360184083:layer:rds:29"
            ],
            "logging_config": [
              {
                "application_log_level": "",
                "log_format": "Text",
                "log_group": "/aws/lambda/get_athletes_for_group",
                "system_log_level": ""
              }
            ],
            "memory_size": 128,
            "package_type": "Zip",
            "publish": false,
            "qualified_arn": "arn:aws:lambda:us-east-2:857360184083:function:get_athletes_for_group:$LATEST",
            "qualified_invoke_arn": "arn:aws:apigateway:us-east-2:lambda:path/2015-03-31/functions/arn:aws:lambda:us-east-2:857360184083:function:get_athletes_for_group:$LATEST/invocations",
            "replace_security_groups_on_destroy": null,
            "replacement_security_group_ids": null,
            "reserved_concurrent_executions": -1,
            "role": "arn:aws:iam::857360184083:role/lambda_role",
            "runtime": "python3.12",
            "s3_bucket": null,
            "s3_key": null,
            "s3_object_version": null,
            "signing_job_arn": "",
            "signing_profile_version_arn": "",
            "skip_destroy": false,
            "snap_start": [],
            "source_code_hash": "73TiQuRBWTEWerVerpG96BiufNbYRsYk1es76jCRZzQ=",
            "source_code_size": 2083,
            "tags": {},
            "tags_all": {},
            "timeout": 5,
            "timeouts": null,
            "tracing_config": [
              {
                "mode": "PassThrough"
              }
            ],
            "version": "$LATEST",
            "vpc_config": [
              {
                "ipv6_allowed_for_dual_stack": false,
                "security_group_ids": [
                  "sg-0bd1fa78c58ba0495"
                ],
                "subnet_ids": [
                  "subnet-09b6e632d01fcb525",
                  "subnet-0db35c13edd7c98e9"
                ],
                "vpc_id": "vpc-00ce2d8f8e6ecb305"
              }
            ]
          },
          "sensitive_attributes": [
            [
              {
                "type": "get_attr",
                "value": "environment"
              },
              {
                "type": "index",
                "value": {
                  "value": 0,
                  "type": "number"
                }
              },
              {
                "type": "get_attr",
                "value": "variables"
              },
              {
                "type": "index",
                "value": {
                  "value": "RDS_PASSWORD",
                  "type": "string"
                }
              }
            ]
          ],
          "identity_schema_version": 0,
          "private": "eyJlMmJmYjczMC1lY2FhLTExZTYtOGY4OC0zNDM2M2JjN2M0YzAiOnsiY3JlYXRlIjo2MDAwMDAwMDAwMDAsImRlbGV0ZSI6NjAwMDAwMDAwMDAwLCJ1cGRhdGUiOjYwMDAwMDAwMDAwMH19",
          "dependencies": [
            "aws_db_instance.default",
            "aws_db_subnet_group.rds_private",
            "aws_iam_role.lambda_role",
            "aws_iam_role_policy_attachment.lambda_rds_auth",
            "aws_lambda_layer_version.rds",
            "aws_security_group.lambda_sg",
            "aws_subnet.private_subnet1",
            "aws_subnet.private_subnet2",
            "data.archive_file.lambda_archives",
            "data.archive_file.rds_layer",
            "data.aws_availability_zones.available",
            "data.aws_vpc.default"
          ],
          "create_before_destroy": true
        },
        {
          "index_key": "get_available_history_dates",
          "schema_version": 0,
          "attributes": {
            "architectures": [
              "x86_64"
            ],
            "arn": "arn:aws:lambda:us-east-2:857360184083:function:get_available_history_dates",
            "code_sha256": "kd6eeNQLcIH/SEV/9sOqn2Fa8+UiBOLlh1D+ub8caK4=",
            "code_signing_config_arn": "",
            "dead_letter_config": [],
            "description": "",
            "environment": [
              {
                "variables": {
                  "ENVIRONMENT": "production",
                  "RDS_DBNAME": "trackme",
                  "RDS_ENDPOINT": "trackmedb.c9goe0ioosh0.us-east-2.rds.amazonaws.com",
                  "RDS_PASSWORD": "Mojito#2025",
                  "RDS_PORT": "5432",
                  "RDS_REGION": "us-east-2",
                  "RDS_USER": "trackme_admin"
                }
              }
            ],
            "ephemeral_storage": [
              {
                "size": 512
              }
            ],
            "file_system_config": [],
            "filename": "./../Server/lambdas/coach/zips/get_available_history_dates.zip",
            "function_name": "get_available_history_dates",
            "handler": "get_available_history_dates.get_available_history_dates",
            "id": "get_available_history_dates",
            "image_config": [],
            "image_uri": "",
            "invoke_arn": "arn:aws:apigateway:us-east-2:lambda:path/2015-03-31/functions/arn:aws:lambda:us-east-2:857360184083:function:get_available_history_dates/invocations",
            "kms_key_arn": "",
            "last_modified": "2025-09-21T16:34:36.000+0000",
            "layers": [
              "arn:aws:lambda:us-east-2:857360184083:layer:rds:29"
            ],
            "logging_config": [
              {
                "application_log_level": "",
                "log_format": "Text",
                "log_group": "/aws/lambda/get_available_history_dates",
                "system_log_level": ""
              }
            ],
            "memory_size": 128,
            "package_type": "Zip",
            "publish": false,
            "qualified_arn": "arn:aws:lambda:us-east-2:857360184083:function:get_available_history_dates:$LATEST",
            "qualified_invoke_arn": "arn:aws:apigateway:us-east-2:lambda:path/2015-03-31/functions/arn:aws:lambda:us-east-2:857360184083:function:get_available_history_dates:$LATEST/invocations",
            "replace_security_groups_on_destroy": null,
            "replacement_security_group_ids": null,
            "reserved_concurrent_executions": -1,
            "role": "arn:aws:iam::857360184083:role/lambda_role",
            "runtime": "python3.12",
            "s3_bucket": null,
            "s3_key": null,
            "s3_object_version": null,
            "signing_job_arn": "",
            "signing_profile_version_arn": "",
            "skip_destroy": false,
            "snap_start": [],
            "source_code_hash": "kd6eeNQLcIH/SEV/9sOqn2Fa8+UiBOLlh1D+ub8caK4=",
            "source_code_size": 2526,
            "tags": {},
            "tags_all": {},
            "timeout": 5,
            "timeouts": null,
            "tracing_config": [
              {
                "mode": "PassThrough"
              }
            ],
            "version": "$LATEST",
            "vpc_config": [
              {
                "ipv6_allowed_for_dual_stack": false,
                "security_group_ids": [
                  "sg-0bd1fa78c58ba0495"
                ],
                "subnet_ids": [
                  "subnet-09b6e632d01fcb525",
                  "subnet-0db35c13edd7c98e9"
                ],
                "vpc_id": "vpc-00ce2d8f8e6ecb305"
              }
            ]
          },
          "sensitive_attributes": [
            [
              {
                "type": "get_attr",
                "value": "environment"
              },
              {
                "type": "index",
                "value": {
                  "value": 0,
                  "type": "number"
                }
              },
              {
                "type": "get_attr",
                "value": "variables"
              },
              {
                "type": "index",
                "value": {
                  "value": "RDS_PASSWORD",
                  "type": "string"
                }
              }
            ]
          ],
          "identity_schema_version": 0,
          "private": "eyJlMmJmYjczMC1lY2FhLTExZTYtOGY4OC0zNDM2M2JjN2M0YzAiOnsiY3JlYXRlIjo2MDAwMDAwMDAwMDAsImRlbGV0ZSI6NjAwMDAwMDAwMDAwLCJ1cGRhdGUiOjYwMDAwMDAwMDAwMH19",
          "dependencies": [
            "aws_db_instance.default",
            "aws_db_subnet_group.rds_private",
            "aws_iam_role.lambda_role",
            "aws_iam_role_policy_attachment.lambda_rds_auth",
            "aws_lambda_layer_version.rds",
            "aws_security_group.lambda_sg",
            "aws_subnet.private_subnet1",
            "aws_subnet.private_subnet2",
            "data.archive_file.lambda_archives",
            "data.archive_file.rds_layer",
            "data.aws_availability_zones.available",
            "data.aws_vpc.default"
          ],
          "create_before_destroy": true
        },
        {
          "index_key": "get_coach_invites",
          "schema_version": 0,
          "attributes": {
            "architectures": [
              "x86_64"
            ],
            "arn": "arn:aws:lambda:us-east-2:857360184083:function:get_coach_invites",
            "code_sha256": "hnXkv9jO2IwOeVQIdWC6afkvy8MTS9K+4Bov9Hfx4sA=",
            "code_signing_config_arn": "",
            "dead_letter_config": [],
            "description": "",
            "environment": [
              {
                "variables": {
                  "ENVIRONMENT": "production",
                  "RDS_DBNAME": "trackme",
                  "RDS_ENDPOINT": "trackmedb.c9goe0ioosh0.us-east-2.rds.amazonaws.com",
                  "RDS_PASSWORD": "Mojito#2025",
                  "RDS_PORT": "5432",
                  "RDS_REGION": "us-east-2",
                  "RDS_USER": "trackme_admin"
                }
              }
            ],
            "ephemeral_storage": [
              {
                "size": 512
              }
            ],
            "file_system_config": [],
            "filename": "./../Server/lambdas/athlete/zips/get_coach_invites.zip",
            "function_name": "get_coach_invites",
            "handler": "get_coach_invites.get_coach_invites",
            "id": "get_coach_invites",
            "image_config": [],
            "image_uri": "",
            "invoke_arn": "arn:aws:apigateway:us-east-2:lambda:path/2015-03-31/functions/arn:aws:lambda:us-east-2:857360184083:function:get_coach_invites/invocations",
            "kms_key_arn": "",
            "last_modified": "2025-09-21T16:34:38.000+0000",
            "layers": [
              "arn:aws:lambda:us-east-2:857360184083:layer:rds:29"
            ],
            "logging_config": [
              {
                "application_log_level": "",
                "log_format": "Text",
                "log_group": "/aws/lambda/get_coach_invites",
                "system_log_level": ""
              }
            ],
            "memory_size": 128,
            "package_type": "Zip",
            "publish": false,
            "qualified_arn": "arn:aws:lambda:us-east-2:857360184083:function:get_coach_invites:$LATEST",
            "qualified_invoke_arn": "arn:aws:apigateway:us-east-2:lambda:path/2015-03-31/functions/arn:aws:lambda:us-east-2:857360184083:function:get_coach_invites:$LATEST/invocations",
            "replace_security_groups_on_destroy": null,
            "replacement_security_group_ids": null,
            "reserved_concurrent_executions": -1,
            "role": "arn:aws:iam::857360184083:role/lambda_role",
            "runtime": "python3.12",
            "s3_bucket": null,
            "s3_key": null,
            "s3_object_version": null,
            "signing_job_arn": "",
            "signing_profile_version_arn": "",
            "skip_destroy": false,
            "snap_start": [],
            "source_code_hash": "hnXkv9jO2IwOeVQIdWC6afkvy8MTS9K+4Bov9Hfx4sA=",
            "source_code_size": 3114,
            "tags": {},
            "tags_all": {},
            "timeout": 5,
            "timeouts": null,
            "tracing_config": [
              {
                "mode": "PassThrough"
              }
            ],
            "version": "$LATEST",
            "vpc_config": [
              {
                "ipv6_allowed_for_dual_stack": false,
                "security_group_ids": [
                  "sg-0bd1fa78c58ba0495"
                ],
                "subnet_ids": [
                  "subnet-09b6e632d01fcb525",
                  "subnet-0db35c13edd7c98e9"
                ],
                "vpc_id": "vpc-00ce2d8f8e6ecb305"
              }
            ]
          },
          "sensitive_attributes": [
            [
              {
                "type": "get_attr",
                "value": "environment"
              },
              {
                "type": "index",
                "value": {
                  "value": 0,
                  "type": "number"
                }
              },
              {
                "type": "get_attr",
                "value": "variables"
              },
              {
                "type": "index",
                "value": {
                  "value": "RDS_PASSWORD",
                  "type": "string"
                }
              }
            ]
          ],
          "identity_schema_version": 0,
          "private": "eyJlMmJmYjczMC1lY2FhLTExZTYtOGY4OC0zNDM2M2JjN2M0YzAiOnsiY3JlYXRlIjo2MDAwMDAwMDAwMDAsImRlbGV0ZSI6NjAwMDAwMDAwMDAwLCJ1cGRhdGUiOjYwMDAwMDAwMDAwMH19",
          "dependencies": [
            "aws_db_instance.default",
            "aws_db_subnet_group.rds_private",
            "aws_iam_role.lambda_role",
            "aws_iam_role_policy_attachment.lambda_rds_auth",
            "aws_lambda_layer_version.rds",
            "aws_security_group.lambda_sg",
            "aws_subnet.private_subnet1",
            "aws_subnet.private_subnet2",
            "data.archive_file.lambda_archives",
            "data.archive_file.rds_layer",
            "data.aws_availability_zones.available",
            "data.aws_vpc.default"
          ],
          "create_before_destroy": true
        },
        {
          "index_key": "get_coaches",
          "schema_version": 0,
          "attributes": {
            "architectures": [
              "x86_64"
            ],
            "arn": "arn:aws:lambda:us-east-2:857360184083:function:get_coaches",
            "code_sha256": "BiGusnFXK7N9uZu+hilKmf4a7OCSvGe5Fqt6cWBIXyk=",
            "code_signing_config_arn": "",
            "dead_letter_config": [],
            "description": "",
            "environment": [
              {
                "variables": {
                  "ENVIRONMENT": "production",
                  "RDS_DBNAME": "trackme",
                  "RDS_ENDPOINT": "trackmedb.c9goe0ioosh0.us-east-2.rds.amazonaws.com",
                  "RDS_PASSWORD": "Mojito#2025",
                  "RDS_PORT": "5432",
                  "RDS_REGION": "us-east-2",
                  "RDS_USER": "trackme_admin"
                }
              }
            ],
            "ephemeral_storage": [
              {
                "size": 512
              }
            ],
            "file_system_config": [],
            "filename": "./../Server/lambdas/athlete/zips/get_coaches.zip",
            "function_name": "get_coaches",
            "handler": "get_coaches.get_coaches",
            "id": "get_coaches",
            "image_config": [],
            "image_uri": "",
            "invoke_arn": "arn:aws:apigateway:us-east-2:lambda:path/2015-03-31/functions/arn:aws:lambda:us-east-2:857360184083:function:get_coaches/invocations",
            "kms_key_arn": "",
            "last_modified": "2025-09-21T16:34:30.000+0000",
            "layers": [
              "arn:aws:lambda:us-east-2:857360184083:layer:rds:29"
            ],
            "logging_config": [
              {
                "application_log_level": "",
                "log_format": "Text",
                "log_group": "/aws/lambda/get_coaches",
                "system_log_level": ""
              }
            ],
            "memory_size": 128,
            "package_type": "Zip",
            "publish": false,
            "qualified_arn": "arn:aws:lambda:us-east-2:857360184083:function:get_coaches:$LATEST",
            "qualified_invoke_arn": "arn:aws:apigateway:us-east-2:lambda:path/2015-03-31/functions/arn:aws:lambda:us-east-2:857360184083:function:get_coaches:$LATEST/invocations",
            "replace_security_groups_on_destroy": null,
            "replacement_security_group_ids": null,
            "reserved_concurrent_executions": -1,
            "role": "arn:aws:iam::857360184083:role/lambda_role",
            "runtime": "python3.12",
            "s3_bucket": null,
            "s3_key": null,
            "s3_object_version": null,
            "signing_job_arn": "",
            "signing_profile_version_arn": "",
            "skip_destroy": false,
            "snap_start": [],
            "source_code_hash": "BiGusnFXK7N9uZu+hilKmf4a7OCSvGe5Fqt6cWBIXyk=",
            "source_code_size": 2003,
            "tags": {},
            "tags_all": {},
            "timeout": 5,
            "timeouts": null,
            "tracing_config": [
              {
                "mode": "PassThrough"
              }
            ],
            "version": "$LATEST",
            "vpc_config": [
              {
                "ipv6_allowed_for_dual_stack": false,
                "security_group_ids": [
                  "sg-0bd1fa78c58ba0495"
                ],
                "subnet_ids": [
                  "subnet-09b6e632d01fcb525",
                  "subnet-0db35c13edd7c98e9"
                ],
                "vpc_id": "vpc-00ce2d8f8e6ecb305"
              }
            ]
          },
          "sensitive_attributes": [
            [
              {
                "type": "get_attr",
                "value": "environment"
              },
              {
                "type": "index",
                "value": {
                  "value": 0,
                  "type": "number"
                }
              },
              {
                "type": "get_attr",
                "value": "variables"
              },
              {
                "type": "index",
                "value": {
                  "value": "RDS_PASSWORD",
                  "type": "string"
                }
              }
            ]
          ],
          "identity_schema_version": 0,
          "private": "eyJlMmJmYjczMC1lY2FhLTExZTYtOGY4OC0zNDM2M2JjN2M0YzAiOnsiY3JlYXRlIjo2MDAwMDAwMDAwMDAsImRlbGV0ZSI6NjAwMDAwMDAwMDAwLCJ1cGRhdGUiOjYwMDAwMDAwMDAwMH19",
          "dependencies": [
            "aws_db_instance.default",
            "aws_db_subnet_group.rds_private",
            "aws_iam_role.lambda_role",
            "aws_iam_role_policy_attachment.lambda_rds_auth",
            "aws_lambda_layer_version.rds",
            "aws_security_group.lambda_sg",
            "aws_subnet.private_subnet1",
            "aws_subnet.private_subnet2",
            "data.archive_file.lambda_archives",
            "data.archive_file.rds_layer",
            "data.aws_availability_zones.available",
            "data.aws_vpc.default"
          ],
          "create_before_destroy": true
        },
        {
          "index_key": "get_group_workout",
          "schema_version": 0,
          "attributes": {
            "architectures": [
              "x86_64"
            ],
            "arn": "arn:aws:lambda:us-east-2:857360184083:function:get_group_workout",
            "code_sha256": "C0b9lG7rG1WTOFUy0DZ9vqwGEy4dK56FOIJ30oemUTU=",
            "code_signing_config_arn": "",
            "dead_letter_config": [],
            "description": "",
            "environment": [
              {
                "variables": {
                  "ENVIRONMENT": "production",
                  "RDS_DBNAME": "trackme",
                  "RDS_ENDPOINT": "trackmedb.c9goe0ioosh0.us-east-2.rds.amazonaws.com",
                  "RDS_PASSWORD": "Mojito#2025",
                  "RDS_PORT": "5432",
                  "RDS_REGION": "us-east-2",
                  "RDS_USER": "trackme_admin"
                }
              }
            ],
            "ephemeral_storage": [
              {
                "size": 512
              }
            ],
            "file_system_config": [],
            "filename": "./../Server/lambdas/general/zips/get_group_workout.zip",
            "function_name": "get_group_workout",
            "handler": "get_group_workout.get_group_workout",
            "id": "get_group_workout",
            "image_config": [],
            "image_uri": "",
            "invoke_arn": "arn:aws:apigateway:us-east-2:lambda:path/2015-03-31/functions/arn:aws:lambda:us-east-2:857360184083:function:get_group_workout/invocations",
            "kms_key_arn": "",
            "last_modified": "2025-09-21T16:34:30.000+0000",
            "layers": [
              "arn:aws:lambda:us-east-2:857360184083:layer:rds:29"
            ],
            "logging_config": [
              {
                "application_log_level": "",
                "log_format": "Text",
                "log_group": "/aws/lambda/get_group_workout",
                "system_log_level": ""
              }
            ],
            "memory_size": 128,
            "package_type": "Zip",
            "publish": false,
            "qualified_arn": "arn:aws:lambda:us-east-2:857360184083:function:get_group_workout:$LATEST",
            "qualified_invoke_arn": "arn:aws:apigateway:us-east-2:lambda:path/2015-03-31/functions/arn:aws:lambda:us-east-2:857360184083:function:get_group_workout:$LATEST/invocations",
            "replace_security_groups_on_destroy": null,
            "replacement_security_group_ids": null,
            "reserved_concurrent_executions": -1,
            "role": "arn:aws:iam::857360184083:role/lambda_role",
            "runtime": "python3.12",
            "s3_bucket": null,
            "s3_key": null,
            "s3_object_version": null,
            "signing_job_arn": "",
            "signing_profile_version_arn": "",
            "skip_destroy": false,
            "snap_start": [],
            "source_code_hash": "C0b9lG7rG1WTOFUy0DZ9vqwGEy4dK56FOIJ30oemUTU=",
            "source_code_size": 2592,
            "tags": {},
            "tags_all": {},
            "timeout": 5,
            "timeouts": null,
            "tracing_config": [
              {
                "mode": "PassThrough"
              }
            ],
            "version": "$LATEST",
            "vpc_config": [
              {
                "ipv6_allowed_for_dual_stack": false,
                "security_group_ids": [
                  "sg-0bd1fa78c58ba0495"
                ],
                "subnet_ids": [
                  "subnet-09b6e632d01fcb525",
                  "subnet-0db35c13edd7c98e9"
                ],
                "vpc_id": "vpc-00ce2d8f8e6ecb305"
              }
            ]
          },
          "sensitive_attributes": [
            [
              {
                "type": "get_attr",
                "value": "environment"
              },
              {
                "type": "index",
                "value": {
                  "value": 0,
                  "type": "number"
                }
              },
              {
                "type": "get_attr",
                "value": "variables"
              },
              {
                "type": "index",
                "value": {
                  "value": "RDS_PASSWORD",
                  "type": "string"
                }
              }
            ]
          ],
          "identity_schema_version": 0,
          "private": "eyJlMmJmYjczMC1lY2FhLTExZTYtOGY4OC0zNDM2M2JjN2M0YzAiOnsiY3JlYXRlIjo2MDAwMDAwMDAwMDAsImRlbGV0ZSI6NjAwMDAwMDAwMDAwLCJ1cGRhdGUiOjYwMDAwMDAwMDAwMH19",
          "dependencies": [
            "aws_db_instance.default",
            "aws_db_subnet_group.rds_private",
            "aws_iam_role.lambda_role",
            "aws_iam_role_policy_attachment.lambda_rds_auth",
            "aws_lambda_layer_version.rds",
            "aws_security_group.lambda_sg",
            "aws_subnet.private_subnet1",
            "aws_subnet.private_subnet2",
            "data.archive_file.lambda_archives",
            "data.archive_file.rds_layer",
            "data.aws_availability_zones.available",
            "data.aws_vpc.default"
          ],
          "create_before_destroy": true
        },
        {
          "index_key": "get_groups",
          "schema_version": 0,
          "attributes": {
            "architectures": [
              "x86_64"
            ],
            "arn": "arn:aws:lambda:us-east-2:857360184083:function:get_groups",
            "code_sha256": "r0GQ/PWaJKRkQ5IwMpOExzaI0k/ZFirkNWwtxj7YzY0=",
            "code_signing_config_arn": "",
            "dead_letter_config": [],
            "description": "",
            "environment": [
              {
                "variables": {
                  "ENVIRONMENT": "production",
                  "RDS_DBNAME": "trackme",
                  "RDS_ENDPOINT": "trackmedb.c9goe0ioosh0.us-east-2.rds.amazonaws.com",
                  "RDS_PASSWORD": "Mojito#2025",
                  "RDS_PORT": "5432",
                  "RDS_REGION": "us-east-2",
                  "RDS_USER": "trackme_admin"
                }
              }
            ],
            "ephemeral_storage": [
              {
                "size": 512
              }
            ],
            "file_system_config": [],
            "filename": "./../Server/lambdas/general/zips/get_groups.zip",
            "function_name": "get_groups",
            "handler": "get_groups.get_groups",
            "id": "get_groups",
            "image_config": [],
            "image_uri": "",
            "invoke_arn": "arn:aws:apigateway:us-east-2:lambda:path/2015-03-31/functions/arn:aws:lambda:us-east-2:857360184083:function:get_groups/invocations",
            "kms_key_arn": "",
            "last_modified": "2025-09-21T16:34:36.000+0000",
            "layers": [
              "arn:aws:lambda:us-east-2:857360184083:layer:rds:29"
            ],
            "logging_config": [
              {
                "application_log_level": "",
                "log_format": "Text",
                "log_group": "/aws/lambda/get_groups",
                "system_log_level": ""
              }
            ],
            "memory_size": 128,
            "package_type": "Zip",
            "publish": false,
            "qualified_arn": "arn:aws:lambda:us-east-2:857360184083:function:get_groups:$LATEST",
            "qualified_invoke_arn": "arn:aws:apigateway:us-east-2:lambda:path/2015-03-31/functions/arn:aws:lambda:us-east-2:857360184083:function:get_groups:$LATEST/invocations",
            "replace_security_groups_on_destroy": null,
            "replacement_security_group_ids": null,
            "reserved_concurrent_executions": -1,
            "role": "arn:aws:iam::857360184083:role/lambda_role",
            "runtime": "python3.12",
            "s3_bucket": null,
            "s3_key": null,
            "s3_object_version": null,
            "signing_job_arn": "",
            "signing_profile_version_arn": "",
            "skip_destroy": false,
            "snap_start": [],
            "source_code_hash": "r0GQ/PWaJKRkQ5IwMpOExzaI0k/ZFirkNWwtxj7YzY0=",
            "source_code_size": 2276,
            "tags": {},
            "tags_all": {},
            "timeout": 5,
            "timeouts": null,
            "tracing_config": [
              {
                "mode": "PassThrough"
              }
            ],
            "version": "$LATEST",
            "vpc_config": [
              {
                "ipv6_allowed_for_dual_stack": false,
                "security_group_ids": [
                  "sg-0bd1fa78c58ba0495"
                ],
                "subnet_ids": [
                  "subnet-09b6e632d01fcb525",
                  "subnet-0db35c13edd7c98e9"
                ],
                "vpc_id": "vpc-00ce2d8f8e6ecb305"
              }
            ]
          },
          "sensitive_attributes": [
            [
              {
                "type": "get_attr",
                "value": "environment"
              },
              {
                "type": "index",
                "value": {
                  "value": 0,
                  "type": "number"
                }
              },
              {
                "type": "get_attr",
                "value": "variables"
              },
              {
                "type": "index",
                "value": {
                  "value": "RDS_PASSWORD",
                  "type": "string"
                }
              }
            ]
          ],
          "identity_schema_version": 0,
          "private": "eyJlMmJmYjczMC1lY2FhLTExZTYtOGY4OC0zNDM2M2JjN2M0YzAiOnsiY3JlYXRlIjo2MDAwMDAwMDAwMDAsImRlbGV0ZSI6NjAwMDAwMDAwMDAwLCJ1cGRhdGUiOjYwMDAwMDAwMDAwMH19",
          "dependencies": [
            "aws_db_instance.default",
            "aws_db_subnet_group.rds_private",
            "aws_iam_role.lambda_role",
            "aws_iam_role_policy_attachment.lambda_rds_auth",
            "aws_lambda_layer_version.rds",
            "aws_security_group.lambda_sg",
            "aws_subnet.private_subnet1",
            "aws_subnet.private_subnet2",
            "data.archive_file.lambda_archives",
            "data.archive_file.rds_layer",
            "data.aws_availability_zones.available",
            "data.aws_vpc.default"
          ],
          "create_before_destroy": true
        },
        {
          "index_key": "get_pending_proposals",
          "schema_version": 0,
          "attributes": {
            "architectures": [
              "x86_64"
            ],
            "arn": "arn:aws:lambda:us-east-2:857360184083:function:get_pending_proposals",
            "code_sha256": "VOW6WrdrZKcONaHr9vBlyzgLM4+8/NGffC7vN8BHdIs=",
            "code_signing_config_arn": "",
            "dead_letter_config": [],
            "description": "",
            "environment": [
              {
                "variables": {
                  "ENVIRONMENT": "production",
                  "RDS_DBNAME": "trackme",
                  "RDS_ENDPOINT": "trackmedb.c9goe0ioosh0.us-east-2.rds.amazonaws.com",
                  "RDS_PASSWORD": "Mojito#2025",
                  "RDS_PORT": "5432",
                  "RDS_REGION": "us-east-2",
                  "RDS_USER": "trackme_admin"
                }
              }
            ],
            "ephemeral_storage": [
              {
                "size": 512
              }
            ],
            "file_system_config": [],
            "filename": "./../Server/lambdas/general/zips/get_pending_proposals.zip",
            "function_name": "get_pending_proposals",
            "handler": "get_pending_proposals.get_pending_proposals",
            "id": "get_pending_proposals",
            "image_config": [],
            "image_uri": "",
            "invoke_arn": "arn:aws:apigateway:us-east-2:lambda:path/2015-03-31/functions/arn:aws:lambda:us-east-2:857360184083:function:get_pending_proposals/invocations",
            "kms_key_arn": "",
            "last_modified": "2025-09-21T16:34:36.000+0000",
            "layers": [
              "arn:aws:lambda:us-east-2:857360184083:layer:rds:29"
            ],
            "logging_config": [
              {
                "application_log_level": "",
                "log_format": "Text",
                "log_group": "/aws/lambda/get_pending_proposals",
                "system_log_level": ""
              }
            ],
            "memory_size": 128,
            "package_type": "Zip",
            "publish": false,
            "qualified_arn": "arn:aws:lambda:us-east-2:857360184083:function:get_pending_proposals:$LATEST",
            "qualified_invoke_arn": "arn:aws:apigateway:us-east-2:lambda:path/2015-03-31/functions/arn:aws:lambda:us-east-2:857360184083:function:get_pending_proposals:$LATEST/invocations",
            "replace_security_groups_on_destroy": null,
            "replacement_security_group_ids": null,
            "reserved_concurrent_executions": -1,
            "role": "arn:aws:iam::857360184083:role/lambda_role",
            "runtime": "python3.12",
            "s3_bucket": null,
            "s3_key": null,
            "s3_object_version": null,
            "signing_job_arn": "",
            "signing_profile_version_arn": "",
            "skip_destroy": false,
            "snap_start": [],
            "source_code_hash": "VOW6WrdrZKcONaHr9vBlyzgLM4+8/NGffC7vN8BHdIs=",
            "source_code_size": 2163,
            "tags": {},
            "tags_all": {},
            "timeout": 5,
            "timeouts": null,
            "tracing_config": [
              {
                "mode": "PassThrough"
              }
            ],
            "version": "$LATEST",
            "vpc_config": [
              {
                "ipv6_allowed_for_dual_stack": false,
                "security_group_ids": [
                  "sg-0bd1fa78c58ba0495"
                ],
                "subnet_ids": [
                  "subnet-09b6e632d01fcb525",
                  "subnet-0db35c13edd7c98e9"
                ],
                "vpc_id": "vpc-00ce2d8f8e6ecb305"
              }
            ]
          },
          "sensitive_attributes": [
            [
              {
                "type": "get_attr",
                "value": "environment"
              },
              {
                "type": "index",
                "value": {
                  "value": 0,
                  "type": "number"
                }
              },
              {
                "type": "get_attr",
                "value": "variables"
              },
              {
                "type": "index",
                "value": {
                  "value": "RDS_PASSWORD",
                  "type": "string"
                }
              }
            ]
          ],
          "identity_schema_version": 0,
          "private": "eyJlMmJmYjczMC1lY2FhLTExZTYtOGY4OC0zNDM2M2JjN2M0YzAiOnsiY3JlYXRlIjo2MDAwMDAwMDAwMDAsImRlbGV0ZSI6NjAwMDAwMDAwMDAwLCJ1cGRhdGUiOjYwMDAwMDAwMDAwMH19",
          "dependencies": [
            "aws_db_instance.default",
            "aws_db_subnet_group.rds_private",
            "aws_iam_role.lambda_role",
            "aws_iam_role_policy_attachment.lambda_rds_auth",
            "aws_lambda_layer_version.rds",
            "aws_security_group.lambda_sg",
            "aws_subnet.private_subnet1",
            "aws_subnet.private_subnet2",
            "data.archive_file.lambda_archives",
            "data.archive_file.rds_layer",
            "data.aws_availability_zones.available",
            "data.aws_vpc.default"
          ],
          "create_before_destroy": true
        },
        {
          "index_key": "get_user",
          "schema_version": 0,
          "attributes": {
            "architectures": [
              "x86_64"
            ],
            "arn": "arn:aws:lambda:us-east-2:857360184083:function:get_user",
            "code_sha256": "Y6mWHuPP9T3sWlCIOzlwyhEraHWlu0A0n6S+kUidqto=",
            "code_signing_config_arn": "",
            "dead_letter_config": [],
            "description": "",
            "environment": [
              {
                "variables": {
                  "ENVIRONMENT": "production",
                  "RDS_DBNAME": "trackme",
                  "RDS_ENDPOINT": "trackmedb.c9goe0ioosh0.us-east-2.rds.amazonaws.com",
                  "RDS_PASSWORD": "Mojito#2025",
                  "RDS_PORT": "5432",
                  "RDS_REGION": "us-east-2",
                  "RDS_USER": "trackme_admin"
                }
              }
            ],
            "ephemeral_storage": [
              {
                "size": 512
              }
            ],
            "file_system_config": [],
            "filename": "./../Server/lambdas/general/zips/get_user.zip",
            "function_name": "get_user",
            "handler": "get_user.get_user",
            "id": "get_user",
            "image_config": [],
            "image_uri": "",
            "invoke_arn": "arn:aws:apigateway:us-east-2:lambda:path/2015-03-31/functions/arn:aws:lambda:us-east-2:857360184083:function:get_user/invocations",
            "kms_key_arn": "",
            "last_modified": "2025-09-21T16:34:30.000+0000",
            "layers": [
              "arn:aws:lambda:us-east-2:857360184083:layer:rds:29"
            ],
            "logging_config": [
              {
                "application_log_level": "",
                "log_format": "Text",
                "log_group": "/aws/lambda/get_user",
                "system_log_level": ""
              }
            ],
            "memory_size": 128,
            "package_type": "Zip",
            "publish": false,
            "qualified_arn": "arn:aws:lambda:us-east-2:857360184083:function:get_user:$LATEST",
            "qualified_invoke_arn": "arn:aws:apigateway:us-east-2:lambda:path/2015-03-31/functions/arn:aws:lambda:us-east-2:857360184083:function:get_user:$LATEST/invocations",
            "replace_security_groups_on_destroy": null,
            "replacement_security_group_ids": null,
            "reserved_concurrent_executions": -1,
            "role": "arn:aws:iam::857360184083:role/lambda_role",
            "runtime": "python3.12",
            "s3_bucket": null,
            "s3_key": null,
            "s3_object_version": null,
            "signing_job_arn": "",
            "signing_profile_version_arn": "",
            "skip_destroy": false,
            "snap_start": [],
            "source_code_hash": "Y6mWHuPP9T3sWlCIOzlwyhEraHWlu0A0n6S+kUidqto=",
            "source_code_size": 2418,
            "tags": {},
            "tags_all": {},
            "timeout": 5,
            "timeouts": null,
            "tracing_config": [
              {
                "mode": "PassThrough"
              }
            ],
            "version": "$LATEST",
            "vpc_config": [
              {
                "ipv6_allowed_for_dual_stack": false,
                "security_group_ids": [
                  "sg-0bd1fa78c58ba0495"
                ],
                "subnet_ids": [
                  "subnet-09b6e632d01fcb525",
                  "subnet-0db35c13edd7c98e9"
                ],
                "vpc_id": "vpc-00ce2d8f8e6ecb305"
              }
            ]
          },
          "sensitive_attributes": [
            [
              {
                "type": "get_attr",
                "value": "environment"
              },
              {
                "type": "index",
                "value": {
                  "value": 0,
                  "type": "number"
                }
              },
              {
                "type": "get_attr",
                "value": "variables"
              },
              {
                "type": "index",
                "value": {
                  "value": "RDS_PASSWORD",
                  "type": "string"
                }
              }
            ]
          ],
          "identity_schema_version": 0,
          "private": "eyJlMmJmYjczMC1lY2FhLTExZTYtOGY4OC0zNDM2M2JjN2M0YzAiOnsiY3JlYXRlIjo2MDAwMDAwMDAwMDAsImRlbGV0ZSI6NjAwMDAwMDAwMDAwLCJ1cGRhdGUiOjYwMDAwMDAwMDAwMH19",
          "dependencies": [
            "aws_db_instance.default",
            "aws_db_subnet_group.rds_private",
            "aws_iam_role.lambda_role",
            "aws_iam_role_policy_attachment.lambda_rds_auth",
            "aws_lambda_layer_version.rds",
            "aws_security_group.lambda_sg",
            "aws_subnet.private_subnet1",
            "aws_subnet.private_subnet2",
            "data.archive_file.lambda_archives",
            "data.archive_file.rds_layer",
            "data.aws_availability_zones.available",
            "data.aws_vpc.default"
          ],
          "create_before_destroy": true
        },
        {
          "index_key": "get_workout_templates",
          "schema_version": 0,
          "attributes": {
            "architectures": [
              "x86_64"
            ],
            "arn": "arn:aws:lambda:us-east-2:857360184083:function:get_workout_templates",
            "code_sha256": "8gbyImL0vcLPdGYFIELO7mcmy956SnNADfLIfZhvoUw=",
            "code_signing_config_arn": "",
            "dead_letter_config": [],
            "description": "",
            "environment": [
              {
                "variables": {
                  "ENVIRONMENT": "production",
                  "RDS_DBNAME": "trackme",
                  "RDS_ENDPOINT": "trackmedb.c9goe0ioosh0.us-east-2.rds.amazonaws.com",
                  "RDS_PASSWORD": "Mojito#2025",
                  "RDS_PORT": "5432",
                  "RDS_REGION": "us-east-2",
                  "RDS_USER": "trackme_admin"
                }
              }
            ],
            "ephemeral_storage": [
              {
                "size": 512
              }
            ],
            "file_system_config": [],
            "filename": "./../Server/lambdas/coach/zips/get_workout_templates.zip",
            "function_name": "get_workout_templates",
            "handler": "get_workout_templates.get_workout_templates",
            "id": "get_workout_templates",
            "image_config": [],
            "image_uri": "",
            "invoke_arn": "arn:aws:apigateway:us-east-2:lambda:path/2015-03-31/functions/arn:aws:lambda:us-east-2:857360184083:function:get_workout_templates/invocations",
            "kms_key_arn": "",
            "last_modified": "2025-09-21T16:34:48.000+0000",
            "layers": [
              "arn:aws:lambda:us-east-2:857360184083:layer:rds:29"
            ],
            "logging_config": [
              {
                "application_log_level": "",
                "log_format": "Text",
                "log_group": "/aws/lambda/get_workout_templates",
                "system_log_level": ""
              }
            ],
            "memory_size": 128,
            "package_type": "Zip",
            "publish": false,
            "qualified_arn": "arn:aws:lambda:us-east-2:857360184083:function:get_workout_templates:$LATEST",
            "qualified_invoke_arn": "arn:aws:apigateway:us-east-2:lambda:path/2015-03-31/functions/arn:aws:lambda:us-east-2:857360184083:function:get_workout_templates:$LATEST/invocations",
            "replace_security_groups_on_destroy": null,
            "replacement_security_group_ids": null,
            "reserved_concurrent_executions": -1,
            "role": "arn:aws:iam::857360184083:role/lambda_role",
            "runtime": "python3.12",
            "s3_bucket": null,
            "s3_key": null,
            "s3_object_version": null,
            "signing_job_arn": "",
            "signing_profile_version_arn": "",
            "skip_destroy": false,
            "snap_start": [],
            "source_code_hash": "8gbyImL0vcLPdGYFIELO7mcmy956SnNADfLIfZhvoUw=",
            "source_code_size": 3495,
            "tags": {},
            "tags_all": {},
            "timeout": 5,
            "timeouts": null,
            "tracing_config": [
              {
                "mode": "PassThrough"
              }
            ],
            "version": "$LATEST",
            "vpc_config": [
              {
                "ipv6_allowed_for_dual_stack": false,
                "security_group_ids": [
                  "sg-0bd1fa78c58ba0495"
                ],
                "subnet_ids": [
                  "subnet-09b6e632d01fcb525",
                  "subnet-0db35c13edd7c98e9"
                ],
                "vpc_id": "vpc-00ce2d8f8e6ecb305"
              }
            ]
          },
          "sensitive_attributes": [
            [
              {
                "type": "get_attr",
                "value": "environment"
              },
              {
                "type": "index",
                "value": {
                  "value": 0,
                  "type": "number"
                }
              },
              {
                "type": "get_attr",
                "value": "variables"
              },
              {
                "type": "index",
                "value": {
                  "value": "RDS_PASSWORD",
                  "type": "string"
                }
              }
            ]
          ],
          "identity_schema_version": 0,
          "private": "eyJlMmJmYjczMC1lY2FhLTExZTYtOGY4OC0zNDM2M2JjN2M0YzAiOnsiY3JlYXRlIjo2MDAwMDAwMDAwMDAsImRlbGV0ZSI6NjAwMDAwMDAwMDAwLCJ1cGRhdGUiOjYwMDAwMDAwMDAwMH19",
          "dependencies": [
            "aws_db_instance.default",
            "aws_db_subnet_group.rds_private",
            "aws_iam_role.lambda_role",
            "aws_iam_role_policy_attachment.lambda_rds_auth",
            "aws_lambda_layer_version.rds",
            "aws_security_group.lambda_sg",
            "aws_subnet.private_subnet1",
            "aws_subnet.private_subnet2",
            "data.archive_file.lambda_archives",
            "data.archive_file.rds_layer",
            "data.aws_availability_zones.available",
            "data.aws_vpc.default"
          ],
          "create_before_destroy": true
        },
        {
          "index_key": "input_times",
          "schema_version": 0,
          "attributes": {
            "architectures": [
              "x86_64"
            ],
            "arn": "arn:aws:lambda:us-east-2:857360184083:function:input_times",
            "code_sha256": "j4iA4/KVwkE3nMAC3R75fTThyIlPzfk1gEW03taCrns=",
            "code_signing_config_arn": "",
            "dead_letter_config": [],
            "description": "",
            "environment": [
              {
                "variables": {
                  "ENVIRONMENT": "production",
                  "RDS_DBNAME": "trackme",
                  "RDS_ENDPOINT": "trackmedb.c9goe0ioosh0.us-east-2.rds.amazonaws.com",
                  "RDS_PASSWORD": "Mojito#2025",
                  "RDS_PORT": "5432",
                  "RDS_REGION": "us-east-2",
                  "RDS_USER": "trackme_admin"
                }
              }
            ],
            "ephemeral_storage": [
              {
                "size": 512
              }
            ],
            "file_system_config": [],
            "filename": "./../Server/lambdas/athlete/zips/input_times.zip",
            "function_name": "input_times",
            "handler": "input_times.input_times",
            "id": "input_times",
            "image_config": [],
            "image_uri": "",
            "invoke_arn": "arn:aws:apigateway:us-east-2:lambda:path/2015-03-31/functions/arn:aws:lambda:us-east-2:857360184083:function:input_times/invocations",
            "kms_key_arn": "",
            "last_modified": "2025-09-21T16:34:42.000+0000",
            "layers": [
              "arn:aws:lambda:us-east-2:857360184083:layer:rds:29"
            ],
            "logging_config": [
              {
                "application_log_level": "",
                "log_format": "Text",
                "log_group": "/aws/lambda/input_times",
                "system_log_level": ""
              }
            ],
            "memory_size": 128,
            "package_type": "Zip",
            "publish": false,
            "qualified_arn": "arn:aws:lambda:us-east-2:857360184083:function:input_times:$LATEST",
            "qualified_invoke_arn": "arn:aws:apigateway:us-east-2:lambda:path/2015-03-31/functions/arn:aws:lambda:us-east-2:857360184083:function:input_times:$LATEST/invocations",
            "replace_security_groups_on_destroy": null,
            "replacement_security_group_ids": null,
            "reserved_concurrent_executions": -1,
            "role": "arn:aws:iam::857360184083:role/lambda_role",
            "runtime": "python3.12",
            "s3_bucket": null,
            "s3_key": null,
            "s3_object_version": null,
            "signing_job_arn": "",
            "signing_profile_version_arn": "",
            "skip_destroy": false,
            "snap_start": [],
            "source_code_hash": "j4iA4/KVwkE3nMAC3R75fTThyIlPzfk1gEW03taCrns=",
            "source_code_size": 2571,
            "tags": {},
            "tags_all": {},
            "timeout": 5,
            "timeouts": null,
            "tracing_config": [
              {
                "mode": "PassThrough"
              }
            ],
            "version": "$LATEST",
            "vpc_config": [
              {
                "ipv6_allowed_for_dual_stack": false,
                "security_group_ids": [
                  "sg-0bd1fa78c58ba0495"
                ],
                "subnet_ids": [
                  "subnet-09b6e632d01fcb525",
                  "subnet-0db35c13edd7c98e9"
                ],
                "vpc_id": "vpc-00ce2d8f8e6ecb305"
              }
            ]
          },
          "sensitive_attributes": [
            [
              {
                "type": "get_attr",
                "value": "environment"
              },
              {
                "type": "index",
                "value": {
                  "value": 0,
                  "type": "number"
                }
              },
              {
                "type": "get_attr",
                "value": "variables"
              },
              {
                "type": "index",
                "value": {
                  "value": "RDS_PASSWORD",
                  "type": "string"
                }
              }
            ]
          ],
          "identity_schema_version": 0,
          "private": "eyJlMmJmYjczMC1lY2FhLTExZTYtOGY4OC0zNDM2M2JjN2M0YzAiOnsiY3JlYXRlIjo2MDAwMDAwMDAwMDAsImRlbGV0ZSI6NjAwMDAwMDAwMDAwLCJ1cGRhdGUiOjYwMDAwMDAwMDAwMH19",
          "dependencies": [
            "aws_db_instance.default",
            "aws_db_subnet_group.rds_private",
            "aws_iam_role.lambda_role",
            "aws_iam_role_policy_attachment.lambda_rds_auth",
            "aws_lambda_layer_version.rds",
            "aws_security_group.lambda_sg",
            "aws_subnet.private_subnet1",
            "aws_subnet.private_subnet2",
            "data.archive_file.lambda_archives",
            "data.archive_file.rds_layer",
            "data.aws_availability_zones.available",
            "data.aws_vpc.default"
          ],
          "create_before_destroy": true
        },
        {
          "index_key": "invite_athlete",
          "schema_version": 0,
          "attributes": {
            "architectures": [
              "x86_64"
            ],
            "arn": "arn:aws:lambda:us-east-2:857360184083:function:invite_athlete",
            "code_sha256": "VyR0uVOIHCVAxBs7J9nsBaoijdsxwC0E9B3yCY0ycZ0=",
            "code_signing_config_arn": "",
            "dead_letter_config": [],
            "description": "",
            "environment": [
              {
                "variables": {
                  "ENVIRONMENT": "production",
                  "RDS_DBNAME": "trackme",
                  "RDS_ENDPOINT": "trackmedb.c9goe0ioosh0.us-east-2.rds.amazonaws.com",
                  "RDS_PASSWORD": "Mojito#2025",
                  "RDS_PORT": "5432",
                  "RDS_REGION": "us-east-2",
                  "RDS_USER": "trackme_admin"
                }
              }
            ],
            "ephemeral_storage": [
              {
                "size": 512
              }
            ],
            "file_system_config": [],
            "filename": "./../Server/lambdas/coach/zips/invite_athlete.zip",
            "function_name": "invite_athlete",
            "handler": "invite_athlete.invite_athlete",
            "id": "invite_athlete",
            "image_config": [],
            "image_uri": "",
            "invoke_arn": "arn:aws:apigateway:us-east-2:lambda:path/2015-03-31/functions/arn:aws:lambda:us-east-2:857360184083:function:invite_athlete/invocations",
            "kms_key_arn": "",
            "last_modified": "2025-09-21T16:34:36.000+0000",
            "layers": [
              "arn:aws:lambda:us-east-2:857360184083:layer:rds:29"
            ],
            "logging_config": [
              {
                "application_log_level": "",
                "log_format": "Text",
                "log_group": "/aws/lambda/invite_athlete",
                "system_log_level": ""
              }
            ],
            "memory_size": 128,
            "package_type": "Zip",
            "publish": false,
            "qualified_arn": "arn:aws:lambda:us-east-2:857360184083:function:invite_athlete:$LATEST",
            "qualified_invoke_arn": "arn:aws:apigateway:us-east-2:lambda:path/2015-03-31/functions/arn:aws:lambda:us-east-2:857360184083:function:invite_athlete:$LATEST/invocations",
            "replace_security_groups_on_destroy": null,
            "replacement_security_group_ids": null,
            "reserved_concurrent_executions": -1,
            "role": "arn:aws:iam::857360184083:role/lambda_role",
            "runtime": "python3.12",
            "s3_bucket": null,
            "s3_key": null,
            "s3_object_version": null,
            "signing_job_arn": "",
            "signing_profile_version_arn": "",
            "skip_destroy": false,
            "snap_start": [],
            "source_code_hash": "VyR0uVOIHCVAxBs7J9nsBaoijdsxwC0E9B3yCY0ycZ0=",
            "source_code_size": 1991,
            "tags": {},
            "tags_all": {},
            "timeout": 5,
            "timeouts": null,
            "tracing_config": [
              {
                "mode": "PassThrough"
              }
            ],
            "version": "$LATEST",
            "vpc_config": [
              {
                "ipv6_allowed_for_dual_stack": false,
                "security_group_ids": [
                  "sg-0bd1fa78c58ba0495"
                ],
                "subnet_ids": [
                  "subnet-09b6e632d01fcb525",
                  "subnet-0db35c13edd7c98e9"
                ],
                "vpc_id": "vpc-00ce2d8f8e6ecb305"
              }
            ]
          },
          "sensitive_attributes": [
            [
              {
                "type": "get_attr",
                "value": "environment"
              },
              {
                "type": "index",
                "value": {
                  "value": 0,
                  "type": "number"
                }
              },
              {
                "type": "get_attr",
                "value": "variables"
              },
              {
                "type": "index",
                "value": {
                  "value": "RDS_PASSWORD",
                  "type": "string"
                }
              }
            ]
          ],
          "identity_schema_version": 0,
          "private": "eyJlMmJmYjczMC1lY2FhLTExZTYtOGY4OC0zNDM2M2JjN2M0YzAiOnsiY3JlYXRlIjo2MDAwMDAwMDAwMDAsImRlbGV0ZSI6NjAwMDAwMDAwMDAwLCJ1cGRhdGUiOjYwMDAwMDAwMDAwMH19",
          "dependencies": [
            "aws_db_instance.default",
            "aws_db_subnet_group.rds_private",
            "aws_iam_role.lambda_role",
            "aws_iam_role_policy_attachment.lambda_rds_auth",
            "aws_lambda_layer_version.rds",
            "aws_security_group.lambda_sg",
            "aws_subnet.private_subnet1",
            "aws_subnet.private_subnet2",
            "data.archive_file.lambda_archives",
            "data.archive_file.rds_layer",
            "data.aws_availability_zones.available",
            "data.aws_vpc.default"
          ],
          "create_before_destroy": true
        },
        {
          "index_key": "remove_coach_athlete",
          "schema_version": 0,
          "attributes": {
            "architectures": [
              "x86_64"
            ],
            "arn": "arn:aws:lambda:us-east-2:857360184083:function:remove_coach_athlete",
            "code_sha256": "PEQsJKh4NM5oYCZmQwanTPgPm0rg6fTe2gJOJL+y5vo=",
            "code_signing_config_arn": "",
            "dead_letter_config": [],
            "description": "",
            "environment": [
              {
                "variables": {
                  "ENVIRONMENT": "production",
                  "RDS_DBNAME": "trackme",
                  "RDS_ENDPOINT": "trackmedb.c9goe0ioosh0.us-east-2.rds.amazonaws.com",
                  "RDS_PASSWORD": "Mojito#2025",
                  "RDS_PORT": "5432",
                  "RDS_REGION": "us-east-2",
                  "RDS_USER": "trackme_admin"
                }
              }
            ],
            "ephemeral_storage": [
              {
                "size": 512
              }
            ],
            "file_system_config": [],
            "filename": "./../Server/lambdas/general/zips/remove_coach_athlete.zip",
            "function_name": "remove_coach_athlete",
            "handler": "remove_coach_athlete.remove_coach_athlete",
            "id": "remove_coach_athlete",
            "image_config": [],
            "image_uri": "",
            "invoke_arn": "arn:aws:apigateway:us-east-2:lambda:path/2015-03-31/functions/arn:aws:lambda:us-east-2:857360184083:function:remove_coach_athlete/invocations",
            "kms_key_arn": "",
            "last_modified": "2025-09-21T16:34:42.000+0000",
            "layers": [
              "arn:aws:lambda:us-east-2:857360184083:layer:rds:29"
            ],
            "logging_config": [
              {
                "application_log_level": "",
                "log_format": "Text",
                "log_group": "/aws/lambda/remove_coach_athlete",
                "system_log_level": ""
              }
            ],
            "memory_size": 128,
            "package_type": "Zip",
            "publish": false,
            "qualified_arn": "arn:aws:lambda:us-east-2:857360184083:function:remove_coach_athlete:$LATEST",
            "qualified_invoke_arn": "arn:aws:apigateway:us-east-2:lambda:path/2015-03-31/functions/arn:aws:lambda:us-east-2:857360184083:function:remove_coach_athlete:$LATEST/invocations",
            "replace_security_groups_on_destroy": null,
            "replacement_security_group_ids": null,
            "reserved_concurrent_executions": -1,
            "role": "arn:aws:iam::857360184083:role/lambda_role",
            "runtime": "python3.12",
            "s3_bucket": null,
            "s3_key": null,
            "s3_object_version": null,
            "signing_job_arn": "",
            "signing_profile_version_arn": "",
            "skip_destroy": false,
            "snap_start": [],
            "source_code_hash": "PEQsJKh4NM5oYCZmQwanTPgPm0rg6fTe2gJOJL+y5vo=",
            "source_code_size": 1984,
            "tags": {},
            "tags_all": {},
            "timeout": 5,
            "timeouts": null,
            "tracing_config": [
              {
                "mode": "PassThrough"
              }
            ],
            "version": "$LATEST",
            "vpc_config": [
              {
                "ipv6_allowed_for_dual_stack": false,
                "security_group_ids": [
                  "sg-0bd1fa78c58ba0495"
                ],
                "subnet_ids": [
                  "subnet-09b6e632d01fcb525",
                  "subnet-0db35c13edd7c98e9"
                ],
                "vpc_id": "vpc-00ce2d8f8e6ecb305"
              }
            ]
          },
          "sensitive_attributes": [
            [
              {
                "type": "get_attr",
                "value": "environment"
              },
              {
                "type": "index",
                "value": {
                  "value": 0,
                  "type": "number"
                }
              },
              {
                "type": "get_attr",
                "value": "variables"
              },
              {
                "type": "index",
                "value": {
                  "value": "RDS_PASSWORD",
                  "type": "string"
                }
              }
            ]
          ],
          "identity_schema_version": 0,
          "private": "eyJlMmJmYjczMC1lY2FhLTExZTYtOGY4OC0zNDM2M2JjN2M0YzAiOnsiY3JlYXRlIjo2MDAwMDAwMDAwMDAsImRlbGV0ZSI6NjAwMDAwMDAwMDAwLCJ1cGRhdGUiOjYwMDAwMDAwMDAwMH19",
          "dependencies": [
            "aws_db_instance.default",
            "aws_db_subnet_group.rds_private",
            "aws_iam_role.lambda_role",
            "aws_iam_role_policy_attachment.lambda_rds_auth",
            "aws_lambda_layer_version.rds",
            "aws_security_group.lambda_sg",
            "aws_subnet.private_subnet1",
            "aws_subnet.private_subnet2",
            "data.archive_file.lambda_archives",
            "data.archive_file.rds_layer",
            "data.aws_availability_zones.available",
            "data.aws_vpc.default"
          ],
          "create_before_destroy": true
        },
        {
          "index_key": "remove_group_athlete",
          "schema_version": 0,
          "attributes": {
            "architectures": [
              "x86_64"
            ],
            "arn": "arn:aws:lambda:us-east-2:857360184083:function:remove_group_athlete",
            "code_sha256": "X0B2KsE6sJ1LJ/YGI/+6Db1shtr2MSrEaVhuqjkhr0Q=",
            "code_signing_config_arn": "",
            "dead_letter_config": [],
            "description": "",
            "environment": [
              {
                "variables": {
                  "ENVIRONMENT": "production",
                  "RDS_DBNAME": "trackme",
                  "RDS_ENDPOINT": "trackmedb.c9goe0ioosh0.us-east-2.rds.amazonaws.com",
                  "RDS_PASSWORD": "Mojito#2025",
                  "RDS_PORT": "5432",
                  "RDS_REGION": "us-east-2",
                  "RDS_USER": "trackme_admin"
                }
              }
            ],
            "ephemeral_storage": [
              {
                "size": 512
              }
            ],
            "file_system_config": [],
            "filename": "./../Server/lambdas/coach/zips/remove_group_athlete.zip",
            "function_name": "remove_group_athlete",
            "handler": "remove_group_athlete.remove_group_athlete",
            "id": "remove_group_athlete",
            "image_config": [],
            "image_uri": "",
            "invoke_arn": "arn:aws:apigateway:us-east-2:lambda:path/2015-03-31/functions/arn:aws:lambda:us-east-2:857360184083:function:remove_group_athlete/invocations",
            "kms_key_arn": "",
            "last_modified": "2025-09-21T16:34:30.000+0000",
            "layers": [
              "arn:aws:lambda:us-east-2:857360184083:layer:rds:29"
            ],
            "logging_config": [
              {
                "application_log_level": "",
                "log_format": "Text",
                "log_group": "/aws/lambda/remove_group_athlete",
                "system_log_level": ""
              }
            ],
            "memory_size": 128,
            "package_type": "Zip",
            "publish": false,
            "qualified_arn": "arn:aws:lambda:us-east-2:857360184083:function:remove_group_athlete:$LATEST",
            "qualified_invoke_arn": "arn:aws:apigateway:us-east-2:lambda:path/2015-03-31/functions/arn:aws:lambda:us-east-2:857360184083:function:remove_group_athlete:$LATEST/invocations",
            "replace_security_groups_on_destroy": null,
            "replacement_security_group_ids": null,
            "reserved_concurrent_executions": -1,
            "role": "arn:aws:iam::857360184083:role/lambda_role",
            "runtime": "python3.12",
            "s3_bucket": null,
            "s3_key": null,
            "s3_object_version": null,
            "signing_job_arn": "",
            "signing_profile_version_arn": "",
            "skip_destroy": false,
            "snap_start": [],
            "source_code_hash": "X0B2KsE6sJ1LJ/YGI/+6Db1shtr2MSrEaVhuqjkhr0Q=",
            "source_code_size": 2018,
            "tags": {},
            "tags_all": {},
            "timeout": 5,
            "timeouts": null,
            "tracing_config": [
              {
                "mode": "PassThrough"
              }
            ],
            "version": "$LATEST",
            "vpc_config": [
              {
                "ipv6_allowed_for_dual_stack": false,
                "security_group_ids": [
                  "sg-0bd1fa78c58ba0495"
                ],
                "subnet_ids": [
                  "subnet-09b6e632d01fcb525",
                  "subnet-0db35c13edd7c98e9"
                ],
                "vpc_id": "vpc-00ce2d8f8e6ecb305"
              }
            ]
          },
          "sensitive_attributes": [
            [
              {
                "type": "get_attr",
                "value": "environment"
              },
              {
                "type": "index",
                "value": {
                  "value": 0,
                  "type": "number"
                }
              },
              {
                "type": "get_attr",
                "value": "variables"
              },
              {
                "type": "index",
                "value": {
                  "value": "RDS_PASSWORD",
                  "type": "string"
                }
              }
            ]
          ],
          "identity_schema_version": 0,
          "private": "eyJlMmJmYjczMC1lY2FhLTExZTYtOGY4OC0zNDM2M2JjN2M0YzAiOnsiY3JlYXRlIjo2MDAwMDAwMDAwMDAsImRlbGV0ZSI6NjAwMDAwMDAwMDAwLCJ1cGRhdGUiOjYwMDAwMDAwMDAwMH19",
          "dependencies": [
            "aws_db_instance.default",
            "aws_db_subnet_group.rds_private",
            "aws_iam_role.lambda_role",
            "aws_iam_role_policy_attachment.lambda_rds_auth",
            "aws_lambda_layer_version.rds",
            "aws_security_group.lambda_sg",
            "aws_subnet.private_subnet1",
            "aws_subnet.private_subnet2",
            "data.archive_file.lambda_archives",
            "data.archive_file.rds_layer",
            "data.aws_availability_zones.available",
            "data.aws_vpc.default"
          ],
          "create_before_destroy": true
        },
        {
          "index_key": "request_coach",
          "schema_version": 0,
          "attributes": {
            "architectures": [
              "x86_64"
            ],
            "arn": "arn:aws:lambda:us-east-2:857360184083:function:request_coach",
            "code_sha256": "HnRnXSmZlMmyxxn6W/lHibWN/NBPWOkXZWAy+7VZxrg=",
            "code_signing_config_arn": "",
            "dead_letter_config": [],
            "description": "",
            "environment": [
              {
                "variables": {
                  "ENVIRONMENT": "production",
                  "RDS_DBNAME": "trackme",
                  "RDS_ENDPOINT": "trackmedb.c9goe0ioosh0.us-east-2.rds.amazonaws.com",
                  "RDS_PASSWORD": "Mojito#2025",
                  "RDS_PORT": "5432",
                  "RDS_REGION": "us-east-2",
                  "RDS_USER": "trackme_admin"
                }
              }
            ],
            "ephemeral_storage": [
              {
                "size": 512
              }
            ],
            "file_system_config": [],
            "filename": "./../Server/lambdas/athlete/zips/request_coach.zip",
            "function_name": "request_coach",
            "handler": "request_coach.request_coach",
            "id": "request_coach",
            "image_config": [],
            "image_uri": "",
            "invoke_arn": "arn:aws:apigateway:us-east-2:lambda:path/2015-03-31/functions/arn:aws:lambda:us-east-2:857360184083:function:request_coach/invocations",
            "kms_key_arn": "",
            "last_modified": "2025-09-21T16:34:33.000+0000",
            "layers": [
              "arn:aws:lambda:us-east-2:857360184083:layer:rds:29"
            ],
            "logging_config": [
              {
                "application_log_level": "",
                "log_format": "Text",
                "log_group": "/aws/lambda/request_coach",
                "system_log_level": ""
              }
            ],
            "memory_size": 128,
            "package_type": "Zip",
            "publish": false,
            "qualified_arn": "arn:aws:lambda:us-east-2:857360184083:function:request_coach:$LATEST",
            "qualified_invoke_arn": "arn:aws:apigateway:us-east-2:lambda:path/2015-03-31/functions/arn:aws:lambda:us-east-2:857360184083:function:request_coach:$LATEST/invocations",
            "replace_security_groups_on_destroy": null,
            "replacement_security_group_ids": null,
            "reserved_concurrent_executions": -1,
            "role": "arn:aws:iam::857360184083:role/lambda_role",
            "runtime": "python3.12",
            "s3_bucket": null,
            "s3_key": null,
            "s3_object_version": null,
            "signing_job_arn": "",
            "signing_profile_version_arn": "",
            "skip_destroy": false,
            "snap_start": [],
            "source_code_hash": "HnRnXSmZlMmyxxn6W/lHibWN/NBPWOkXZWAy+7VZxrg=",
            "source_code_size": 2005,
            "tags": {},
            "tags_all": {},
            "timeout": 5,
            "timeouts": null,
            "tracing_config": [
              {
                "mode": "PassThrough"
              }
            ],
            "version": "$LATEST",
            "vpc_config": [
              {
                "ipv6_allowed_for_dual_stack": false,
                "security_group_ids": [
                  "sg-0bd1fa78c58ba0495"
                ],
                "subnet_ids": [
                  "subnet-09b6e632d01fcb525",
                  "subnet-0db35c13edd7c98e9"
                ],
                "vpc_id": "vpc-00ce2d8f8e6ecb305"
              }
            ]
          },
          "sensitive_attributes": [
            [
              {
                "type": "get_attr",
                "value": "environment"
              },
              {
                "type": "index",
                "value": {
                  "value": 0,
                  "type": "number"
                }
              },
              {
                "type": "get_attr",
                "value": "variables"
              },
              {
                "type": "index",
                "value": {
                  "value": "RDS_PASSWORD",
                  "type": "string"
                }
              }
            ]
          ],
          "identity_schema_version": 0,
          "private": "eyJlMmJmYjczMC1lY2FhLTExZTYtOGY4OC0zNDM2M2JjN2M0YzAiOnsiY3JlYXRlIjo2MDAwMDAwMDAwMDAsImRlbGV0ZSI6NjAwMDAwMDAwMDAwLCJ1cGRhdGUiOjYwMDAwMDAwMDAwMH19",
          "dependencies": [
            "aws_db_instance.default",
            "aws_db_subnet_group.rds_private",
            "aws_iam_role.lambda_role",
            "aws_iam_role_policy_attachment.lambda_rds_auth",
            "aws_lambda_layer_version.rds",
            "aws_security_group.lambda_sg",
            "aws_subnet.private_subnet1",
            "aws_subnet.private_subnet2",
            "data.archive_file.lambda_archives",
            "data.archive_file.rds_layer",
            "data.aws_availability_zones.available",
            "data.aws_vpc.default"
          ],
          "create_before_destroy": true
        },
        {
          "index_key": "search_athletes",
          "schema_version": 0,
          "attributes": {
            "architectures": [
              "x86_64"
            ],
            "arn": "arn:aws:lambda:us-east-2:857360184083:function:search_athletes",
            "code_sha256": "KU5ZC2n+uGNZopgmzQIikHeFfMbVENqdPTOwfP+51Y4=",
            "code_signing_config_arn": "",
            "dead_letter_config": [],
            "description": "",
            "environment": [
              {
                "variables": {
                  "ENVIRONMENT": "production",
                  "RDS_DBNAME": "trackme",
                  "RDS_ENDPOINT": "trackmedb.c9goe0ioosh0.us-east-2.rds.amazonaws.com",
                  "RDS_PASSWORD": "Mojito#2025",
                  "RDS_PORT": "5432",
                  "RDS_REGION": "us-east-2",
                  "RDS_USER": "trackme_admin"
                }
              }
            ],
            "ephemeral_storage": [
              {
                "size": 512
              }
            ],
            "file_system_config": [],
            "filename": "./../Server/lambdas/coach/zips/search_athletes.zip",
            "function_name": "search_athletes",
            "handler": "search_athletes.search_athletes",
            "id": "search_athletes",
            "image_config": [],
            "image_uri": "",
            "invoke_arn": "arn:aws:apigateway:us-east-2:lambda:path/2015-03-31/functions/arn:aws:lambda:us-east-2:857360184083:function:search_athletes/invocations",
            "kms_key_arn": "",
            "last_modified": "2025-09-21T16:34:36.000+0000",
            "layers": [
              "arn:aws:lambda:us-east-2:857360184083:layer:rds:29"
            ],
            "logging_config": [
              {
                "application_log_level": "",
                "log_format": "Text",
                "log_group": "/aws/lambda/search_athletes",
                "system_log_level": ""
              }
            ],
            "memory_size": 128,
            "package_type": "Zip",
            "publish": false,
            "qualified_arn": "arn:aws:lambda:us-east-2:857360184083:function:search_athletes:$LATEST",
            "qualified_invoke_arn": "arn:aws:apigateway:us-east-2:lambda:path/2015-03-31/functions/arn:aws:lambda:us-east-2:857360184083:function:search_athletes:$LATEST/invocations",
            "replace_security_groups_on_destroy": null,
            "replacement_security_group_ids": null,
            "reserved_concurrent_executions": -1,
            "role": "arn:aws:iam::857360184083:role/lambda_role",
            "runtime": "python3.12",
            "s3_bucket": null,
            "s3_key": null,
            "s3_object_version": null,
            "signing_job_arn": "",
            "signing_profile_version_arn": "",
            "skip_destroy": false,
            "snap_start": [],
            "source_code_hash": "KU5ZC2n+uGNZopgmzQIikHeFfMbVENqdPTOwfP+51Y4=",
            "source_code_size": 2740,
            "tags": {},
            "tags_all": {},
            "timeout": 5,
            "timeouts": null,
            "tracing_config": [
              {
                "mode": "PassThrough"
              }
            ],
            "version": "$LATEST",
            "vpc_config": [
              {
                "ipv6_allowed_for_dual_stack": false,
                "security_group_ids": [
                  "sg-0bd1fa78c58ba0495"
                ],
                "subnet_ids": [
                  "subnet-09b6e632d01fcb525",
                  "subnet-0db35c13edd7c98e9"
                ],
                "vpc_id": "vpc-00ce2d8f8e6ecb305"
              }
            ]
          },
          "sensitive_attributes": [
            [
              {
                "type": "get_attr",
                "value": "environment"
              },
              {
                "type": "index",
                "value": {
                  "value": 0,
                  "type": "number"
                }
              },
              {
                "type": "get_attr",
                "value": "variables"
              },
              {
                "type": "index",
                "value": {
                  "value": "RDS_PASSWORD",
                  "type": "string"
                }
              }
            ]
          ],
          "identity_schema_version": 0,
          "private": "eyJlMmJmYjczMC1lY2FhLTExZTYtOGY4OC0zNDM2M2JjN2M0YzAiOnsiY3JlYXRlIjo2MDAwMDAwMDAwMDAsImRlbGV0ZSI6NjAwMDAwMDAwMDAwLCJ1cGRhdGUiOjYwMDAwMDAwMDAwMH19",
          "dependencies": [
            "aws_db_instance.default",
            "aws_db_subnet_group.rds_private",
            "aws_iam_role.lambda_role",
            "aws_iam_role_policy_attachment.lambda_rds_auth",
            "aws_lambda_layer_version.rds",
            "aws_security_group.lambda_sg",
            "aws_subnet.private_subnet1",
            "aws_subnet.private_subnet2",
            "data.archive_file.lambda_archives",
            "data.archive_file.rds_layer",
            "data.aws_availability_zones.available",
            "data.aws_vpc.default"
          ],
          "create_before_destroy": true
        },
        {
          "index_key": "search_coaches",
          "schema_version": 0,
          "attributes": {
            "architectures": [
              "x86_64"
            ],
            "arn": "arn:aws:lambda:us-east-2:857360184083:function:search_coaches",
            "code_sha256": "0BVhVgK3dtOua1RVsVlT7kyr6dfp9FT7ga626hRdRQk=",
            "code_signing_config_arn": "",
            "dead_letter_config": [],
            "description": "",
            "environment": [
              {
                "variables": {
                  "ENVIRONMENT": "production",
                  "RDS_DBNAME": "trackme",
                  "RDS_ENDPOINT": "trackmedb.c9goe0ioosh0.us-east-2.rds.amazonaws.com",
                  "RDS_PASSWORD": "Mojito#2025",
                  "RDS_PORT": "5432",
                  "RDS_REGION": "us-east-2",
                  "RDS_USER": "trackme_admin"
                }
              }
            ],
            "ephemeral_storage": [
              {
                "size": 512
              }
            ],
            "file_system_config": [],
            "filename": "./../Server/lambdas/athlete/zips/search_coaches.zip",
            "function_name": "search_coaches",
            "handler": "search_coaches.search_coaches",
            "id": "search_coaches",
            "image_config": [],
            "image_uri": "",
            "invoke_arn": "arn:aws:apigateway:us-east-2:lambda:path/2015-03-31/functions/arn:aws:lambda:us-east-2:857360184083:function:search_coaches/invocations",
            "kms_key_arn": "",
            "last_modified": "2025-09-21T16:34:48.000+0000",
            "layers": [
              "arn:aws:lambda:us-east-2:857360184083:layer:rds:29"
            ],
            "logging_config": [
              {
                "application_log_level": "",
                "log_format": "Text",
                "log_group": "/aws/lambda/search_coaches",
                "system_log_level": ""
              }
            ],
            "memory_size": 128,
            "package_type": "Zip",
            "publish": false,
            "qualified_arn": "arn:aws:lambda:us-east-2:857360184083:function:search_coaches:$LATEST",
            "qualified_invoke_arn": "arn:aws:apigateway:us-east-2:lambda:path/2015-03-31/functions/arn:aws:lambda:us-east-2:857360184083:function:search_coaches:$LATEST/invocations",
            "replace_security_groups_on_destroy": null,
            "replacement_security_group_ids": null,
            "reserved_concurrent_executions": -1,
            "role": "arn:aws:iam::857360184083:role/lambda_role",
            "runtime": "python3.12",
            "s3_bucket": null,
            "s3_key": null,
            "s3_object_version": null,
            "signing_job_arn": "",
            "signing_profile_version_arn": "",
            "skip_destroy": false,
            "snap_start": [],
            "source_code_hash": "0BVhVgK3dtOua1RVsVlT7kyr6dfp9FT7ga626hRdRQk=",
            "source_code_size": 2754,
            "tags": {},
            "tags_all": {},
            "timeout": 5,
            "timeouts": null,
            "tracing_config": [
              {
                "mode": "PassThrough"
              }
            ],
            "version": "$LATEST",
            "vpc_config": [
              {
                "ipv6_allowed_for_dual_stack": false,
                "security_group_ids": [
                  "sg-0bd1fa78c58ba0495"
                ],
                "subnet_ids": [
                  "subnet-09b6e632d01fcb525",
                  "subnet-0db35c13edd7c98e9"
                ],
                "vpc_id": "vpc-00ce2d8f8e6ecb305"
              }
            ]
          },
          "sensitive_attributes": [
            [
              {
                "type": "get_attr",
                "value": "environment"
              },
              {
                "type": "index",
                "value": {
                  "value": 0,
                  "type": "number"
                }
              },
              {
                "type": "get_attr",
                "value": "variables"
              },
              {
                "type": "index",
                "value": {
                  "value": "RDS_PASSWORD",
                  "type": "string"
                }
              }
            ]
          ],
          "identity_schema_version": 0,
          "private": "eyJlMmJmYjczMC1lY2FhLTExZTYtOGY4OC0zNDM2M2JjN2M0YzAiOnsiY3JlYXRlIjo2MDAwMDAwMDAwMDAsImRlbGV0ZSI6NjAwMDAwMDAwMDAwLCJ1cGRhdGUiOjYwMDAwMDAwMDAwMH19",
          "dependencies": [
            "aws_db_instance.default",
            "aws_db_subnet_group.rds_private",
            "aws_iam_role.lambda_role",
            "aws_iam_role_policy_attachment.lambda_rds_auth",
            "aws_lambda_layer_version.rds",
            "aws_security_group.lambda_sg",
            "aws_subnet.private_subnet1",
            "aws_subnet.private_subnet2",
            "data.archive_file.lambda_archives",
            "data.archive_file.rds_layer",
            "data.aws_availability_zones.available",
            "data.aws_vpc.default"
          ],
          "create_before_destroy": true
        },
        {
          "index_key": "search_input_history_date",
          "schema_version": 0,
          "attributes": {
            "architectures": [
              "x86_64"
            ],
            "arn": "arn:aws:lambda:us-east-2:857360184083:function:search_input_history_date",
            "code_sha256": "wySCZDkMwo2jCprFmuBzPIY6th4oWcpKw7rtVVSCZf4=",
            "code_signing_config_arn": "",
            "dead_letter_config": [],
            "description": "",
            "environment": [
              {
                "variables": {
                  "ENVIRONMENT": "production",
                  "RDS_DBNAME": "trackme",
                  "RDS_ENDPOINT": "trackmedb.c9goe0ioosh0.us-east-2.rds.amazonaws.com",
                  "RDS_PASSWORD": "Mojito#2025",
                  "RDS_PORT": "5432",
                  "RDS_REGION": "us-east-2",
                  "RDS_USER": "trackme_admin"
                }
              }
            ],
            "ephemeral_storage": [
              {
                "size": 512
              }
            ],
            "file_system_config": [],
            "filename": "./../Server/lambdas/athlete/zips/search_input_history_date.zip",
            "function_name": "search_input_history_date",
            "handler": "search_input_history_date.search_input_history_date",
            "id": "search_input_history_date",
            "image_config": [],
            "image_uri": "",
            "invoke_arn": "arn:aws:apigateway:us-east-2:lambda:path/2015-03-31/functions/arn:aws:lambda:us-east-2:857360184083:function:search_input_history_date/invocations",
            "kms_key_arn": "",
            "last_modified": "2025-09-21T16:34:48.000+0000",
            "layers": [
              "arn:aws:lambda:us-east-2:857360184083:layer:rds:29"
            ],
            "logging_config": [
              {
                "application_log_level": "",
                "log_format": "Text",
                "log_group": "/aws/lambda/search_input_history_date",
                "system_log_level": ""
              }
            ],
            "memory_size": 128,
            "package_type": "Zip",
            "publish": false,
            "qualified_arn": "arn:aws:lambda:us-east-2:857360184083:function:search_input_history_date:$LATEST",
            "qualified_invoke_arn": "arn:aws:apigateway:us-east-2:lambda:path/2015-03-31/functions/arn:aws:lambda:us-east-2:857360184083:function:search_input_history_date:$LATEST/invocations",
            "replace_security_groups_on_destroy": null,
            "replacement_security_group_ids": null,
            "reserved_concurrent_executions": -1,
            "role": "arn:aws:iam::857360184083:role/lambda_role",
            "runtime": "python3.12",
            "s3_bucket": null,
            "s3_key": null,
            "s3_object_version": null,
            "signing_job_arn": "",
            "signing_profile_version_arn": "",
            "skip_destroy": false,
            "snap_start": [],
            "source_code_hash": "wySCZDkMwo2jCprFmuBzPIY6th4oWcpKw7rtVVSCZf4=",
            "source_code_size": 3018,
            "tags": {},
            "tags_all": {},
            "timeout": 5,
            "timeouts": null,
            "tracing_config": [
              {
                "mode": "PassThrough"
              }
            ],
            "version": "$LATEST",
            "vpc_config": [
              {
                "ipv6_allowed_for_dual_stack": false,
                "security_group_ids": [
                  "sg-0bd1fa78c58ba0495"
                ],
                "subnet_ids": [
                  "subnet-09b6e632d01fcb525",
                  "subnet-0db35c13edd7c98e9"
                ],
                "vpc_id": "vpc-00ce2d8f8e6ecb305"
              }
            ]
          },
          "sensitive_attributes": [
            [
              {
                "type": "get_attr",
                "value": "environment"
              },
              {
                "type": "index",
                "value": {
                  "value": 0,
                  "type": "number"
                }
              },
              {
                "type": "get_attr",
                "value": "variables"
              },
              {
                "type": "index",
                "value": {
                  "value": "RDS_PASSWORD",
                  "type": "string"
                }
              }
            ]
          ],
          "identity_schema_version": 0,
          "private": "eyJlMmJmYjczMC1lY2FhLTExZTYtOGY4OC0zNDM2M2JjN2M0YzAiOnsiY3JlYXRlIjo2MDAwMDAwMDAwMDAsImRlbGV0ZSI6NjAwMDAwMDAwMDAwLCJ1cGRhdGUiOjYwMDAwMDAwMDAwMH19",
          "dependencies": [
            "aws_db_instance.default",
            "aws_db_subnet_group.rds_private",
            "aws_iam_role.lambda_role",
            "aws_iam_role_policy_attachment.lambda_rds_auth",
            "aws_lambda_layer_version.rds",
            "aws_security_group.lambda_sg",
            "aws_subnet.private_subnet1",
            "aws_subnet.private_subnet2",
            "data.archive_file.lambda_archives",
            "data.archive_file.rds_layer",
            "data.aws_availability_zones.available",
            "data.aws_vpc.default"
          ],
          "create_before_destroy": true
        },
        {
          "index_key": "update_athlete_profile",
          "schema_version": 0,
          "attributes": {
            "architectures": [
              "x86_64"
            ],
            "arn": "arn:aws:lambda:us-east-2:857360184083:function:update_athlete_profile",
            "code_sha256": "pTsVf59OBtrVCZHUDClcbggUzbavZVQAnhVPJfMC+ZU=",
            "code_signing_config_arn": "",
            "dead_letter_config": [],
            "description": "",
            "environment": [
              {
                "variables": {
                  "ENVIRONMENT": "production",
                  "RDS_DBNAME": "trackme",
                  "RDS_ENDPOINT": "trackmedb.c9goe0ioosh0.us-east-2.rds.amazonaws.com",
                  "RDS_PASSWORD": "Mojito#2025",
                  "RDS_PORT": "5432",
                  "RDS_REGION": "us-east-2",
                  "RDS_USER": "trackme_admin"
                }
              }
            ],
            "ephemeral_storage": [
              {
                "size": 512
              }
            ],
            "file_system_config": [],
            "filename": "./../Server/lambdas/athlete/zips/update_athlete_profile.zip",
            "function_name": "update_athlete_profile",
            "handler": "update_athlete_profile.update_athlete_profile",
            "id": "update_athlete_profile",
            "image_config": [],
            "image_uri": "",
            "invoke_arn": "arn:aws:apigateway:us-east-2:lambda:path/2015-03-31/functions/arn:aws:lambda:us-east-2:857360184083:function:update_athlete_profile/invocations",
            "kms_key_arn": "",
            "last_modified": "2025-09-21T16:34:48.000+0000",
            "layers": [
              "arn:aws:lambda:us-east-2:857360184083:layer:rds:29"
            ],
            "logging_config": [
              {
                "application_log_level": "",
                "log_format": "Text",
                "log_group": "/aws/lambda/update_athlete_profile",
                "system_log_level": ""
              }
            ],
            "memory_size": 128,
            "package_type": "Zip",
            "publish": false,
            "qualified_arn": "arn:aws:lambda:us-east-2:857360184083:function:update_athlete_profile:$LATEST",
            "qualified_invoke_arn": "arn:aws:apigateway:us-east-2:lambda:path/2015-03-31/functions/arn:aws:lambda:us-east-2:857360184083:function:update_athlete_profile:$LATEST/invocations",
            "replace_security_groups_on_destroy": null,
            "replacement_security_group_ids": null,
            "reserved_concurrent_executions": -1,
            "role": "arn:aws:iam::857360184083:role/lambda_role",
            "runtime": "python3.12",
            "s3_bucket": null,
            "s3_key": null,
            "s3_object_version": null,
            "signing_job_arn": "",
            "signing_profile_version_arn": "",
            "skip_destroy": false,
            "snap_start": [],
            "source_code_hash": "pTsVf59OBtrVCZHUDClcbggUzbavZVQAnhVPJfMC+ZU=",
            "source_code_size": 2426,
            "tags": {},
            "tags_all": {},
            "timeout": 5,
            "timeouts": null,
            "tracing_config": [
              {
                "mode": "PassThrough"
              }
            ],
            "version": "$LATEST",
            "vpc_config": [
              {
                "ipv6_allowed_for_dual_stack": false,
                "security_group_ids": [
                  "sg-0bd1fa78c58ba0495"
                ],
                "subnet_ids": [
                  "subnet-09b6e632d01fcb525",
                  "subnet-0db35c13edd7c98e9"
                ],
                "vpc_id": "vpc-00ce2d8f8e6ecb305"
              }
            ]
          },
          "sensitive_attributes": [
            [
              {
                "type": "get_attr",
                "value": "environment"
              },
              {
                "type": "index",
                "value": {
                  "value": 0,
                  "type": "number"
                }
              },
              {
                "type": "get_attr",
                "value": "variables"
              },
              {
                "type": "index",
                "value": {
                  "value": "RDS_PASSWORD",
                  "type": "string"
                }
              }
            ]
          ],
          "identity_schema_version": 0,
          "private": "eyJlMmJmYjczMC1lY2FhLTExZTYtOGY4OC0zNDM2M2JjN2M0YzAiOnsiY3JlYXRlIjo2MDAwMDAwMDAwMDAsImRlbGV0ZSI6NjAwMDAwMDAwMDAwLCJ1cGRhdGUiOjYwMDAwMDAwMDAwMH19",
          "dependencies": [
            "aws_db_instance.default",
            "aws_db_subnet_group.rds_private",
            "aws_iam_role.lambda_role",
            "aws_iam_role_policy_attachment.lambda_rds_auth",
            "aws_lambda_layer_version.rds",
            "aws_security_group.lambda_sg",
            "aws_subnet.private_subnet1",
            "aws_subnet.private_subnet2",
            "data.archive_file.lambda_archives",
            "data.archive_file.rds_layer",
            "data.aws_availability_zones.available",
            "data.aws_vpc.default"
          ],
          "create_before_destroy": true
        },
        {
          "index_key": "update_coach_profile",
          "schema_version": 0,
          "attributes": {
            "architectures": [
              "x86_64"
            ],
            "arn": "arn:aws:lambda:us-east-2:857360184083:function:update_coach_profile",
            "code_sha256": "1mJcRsAJyUw5bmlJzlAtvDEJuwQZ924WhpRRBQ+JuDw=",
            "code_signing_config_arn": "",
            "dead_letter_config": [],
            "description": "",
            "environment": [
              {
                "variables": {
                  "ENVIRONMENT": "production",
                  "RDS_DBNAME": "trackme",
                  "RDS_ENDPOINT": "trackmedb.c9goe0ioosh0.us-east-2.rds.amazonaws.com",
                  "RDS_PASSWORD": "Mojito#2025",
                  "RDS_PORT": "5432",
                  "RDS_REGION": "us-east-2",
                  "RDS_USER": "trackme_admin"
                }
              }
            ],
            "ephemeral_storage": [
              {
                "size": 512
              }
            ],
            "file_system_config": [],
            "filename": "./../Server/lambdas/coach/zips/update_coach_profile.zip",
            "function_name": "update_coach_profile",
            "handler": "update_coach_profile.update_coach_profile",
            "id": "update_coach_profile",
            "image_config": [],
            "image_uri": "",
            "invoke_arn": "arn:aws:apigateway:us-east-2:lambda:path/2015-03-31/functions/arn:aws:lambda:us-east-2:857360184083:function:update_coach_profile/invocations",
            "kms_key_arn": "",
            "last_modified": "2025-09-21T16:34:32.000+0000",
            "layers": [
              "arn:aws:lambda:us-east-2:857360184083:layer:rds:29"
            ],
            "logging_config": [
              {
                "application_log_level": "",
                "log_format": "Text",
                "log_group": "/aws/lambda/update_coach_profile",
                "system_log_level": ""
              }
            ],
            "memory_size": 128,
            "package_type": "Zip",
            "publish": false,
            "qualified_arn": "arn:aws:lambda:us-east-2:857360184083:function:update_coach_profile:$LATEST",
            "qualified_invoke_arn": "arn:aws:apigateway:us-east-2:lambda:path/2015-03-31/functions/arn:aws:lambda:us-east-2:857360184083:function:update_coach_profile:$LATEST/invocations",
            "replace_security_groups_on_destroy": null,
            "replacement_security_group_ids": null,
            "reserved_concurrent_executions": -1,
            "role": "arn:aws:iam::857360184083:role/lambda_role",
            "runtime": "python3.12",
            "s3_bucket": null,
            "s3_key": null,
            "s3_object_version": null,
            "signing_job_arn": "",
            "signing_profile_version_arn": "",
            "skip_destroy": false,
            "snap_start": [],
            "source_code_hash": "1mJcRsAJyUw5bmlJzlAtvDEJuwQZ924WhpRRBQ+JuDw=",
            "source_code_size": 2276,
            "tags": {},
            "tags_all": {},
            "timeout": 5,
            "timeouts": null,
            "tracing_config": [
              {
                "mode": "PassThrough"
              }
            ],
            "version": "$LATEST",
            "vpc_config": [
              {
                "ipv6_allowed_for_dual_stack": false,
                "security_group_ids": [
                  "sg-0bd1fa78c58ba0495"
                ],
                "subnet_ids": [
                  "subnet-09b6e632d01fcb525",
                  "subnet-0db35c13edd7c98e9"
                ],
                "vpc_id": "vpc-00ce2d8f8e6ecb305"
              }
            ]
          },
          "sensitive_attributes": [
            [
              {
                "type": "get_attr",
                "value": "environment"
              },
              {
                "type": "index",
                "value": {
                  "value": 0,
                  "type": "number"
                }
              },
              {
                "type": "get_attr",
                "value": "variables"
              },
              {
                "type": "index",
                "value": {
                  "value": "RDS_PASSWORD",
                  "type": "string"
                }
              }
            ]
          ],
          "identity_schema_version": 0,
          "private": "eyJlMmJmYjczMC1lY2FhLTExZTYtOGY4OC0zNDM2M2JjN2M0YzAiOnsiY3JlYXRlIjo2MDAwMDAwMDAwMDAsImRlbGV0ZSI6NjAwMDAwMDAwMDAwLCJ1cGRhdGUiOjYwMDAwMDAwMDAwMH19",
          "dependencies": [
            "aws_db_instance.default",
            "aws_db_subnet_group.rds_private",
            "aws_iam_role.lambda_role",
            "aws_iam_role_policy_attachment.lambda_rds_auth",
            "aws_lambda_layer_version.rds",
            "aws_security_group.lambda_sg",
            "aws_subnet.private_subnet1",
            "aws_subnet.private_subnet2",
            "data.archive_file.lambda_archives",
            "data.archive_file.rds_layer",
            "data.aws_availability_zones.available",
            "data.aws_vpc.default"
          ],
          "create_before_destroy": true
        },
        {
          "index_key": "view_athlete_requests",
          "schema_version": 0,
          "attributes": {
            "architectures": [
              "x86_64"
            ],
            "arn": "arn:aws:lambda:us-east-2:857360184083:function:view_athlete_requests",
            "code_sha256": "R4copbAJF9+QaFM2hmWqj/L2diAy0mUF00w1bPsRk20=",
            "code_signing_config_arn": "",
            "dead_letter_config": [],
            "description": "",
            "environment": [
              {
                "variables": {
                  "ENVIRONMENT": "production",
                  "RDS_DBNAME": "trackme",
                  "RDS_ENDPOINT": "trackmedb.c9goe0ioosh0.us-east-2.rds.amazonaws.com",
                  "RDS_PASSWORD": "Mojito#2025",
                  "RDS_PORT": "5432",
                  "RDS_REGION": "us-east-2",
                  "RDS_USER": "trackme_admin"
                }
              }
            ],
            "ephemeral_storage": [
              {
                "size": 512
              }
            ],
            "file_system_config": [],
            "filename": "./../Server/lambdas/coach/zips/view_athlete_requests.zip",
            "function_name": "view_athlete_requests",
            "handler": "view_athlete_requests.view_athlete_requests",
            "id": "view_athlete_requests",
            "image_config": [],
            "image_uri": "",
            "invoke_arn": "arn:aws:apigateway:us-east-2:lambda:path/2015-03-31/functions/arn:aws:lambda:us-east-2:857360184083:function:view_athlete_requests/invocations",
            "kms_key_arn": "",
            "last_modified": "2025-09-21T16:34:42.000+0000",
            "layers": [
              "arn:aws:lambda:us-east-2:857360184083:layer:rds:29"
            ],
            "logging_config": [
              {
                "application_log_level": "",
                "log_format": "Text",
                "log_group": "/aws/lambda/view_athlete_requests",
                "system_log_level": ""
              }
            ],
            "memory_size": 128,
            "package_type": "Zip",
            "publish": false,
            "qualified_arn": "arn:aws:lambda:us-east-2:857360184083:function:view_athlete_requests:$LATEST",
            "qualified_invoke_arn": "arn:aws:apigateway:us-east-2:lambda:path/2015-03-31/functions/arn:aws:lambda:us-east-2:857360184083:function:view_athlete_requests:$LATEST/invocations",
            "replace_security_groups_on_destroy": null,
            "replacement_security_group_ids": null,
            "reserved_concurrent_executions": -1,
            "role": "arn:aws:iam::857360184083:role/lambda_role",
            "runtime": "python3.12",
            "s3_bucket": null,
            "s3_key": null,
            "s3_object_version": null,
            "signing_job_arn": "",
            "signing_profile_version_arn": "",
            "skip_destroy": false,
            "snap_start": [],
            "source_code_hash": "R4copbAJF9+QaFM2hmWqj/L2diAy0mUF00w1bPsRk20=",
            "source_code_size": 2147,
            "tags": {},
            "tags_all": {},
            "timeout": 5,
            "timeouts": null,
            "tracing_config": [
              {
                "mode": "PassThrough"
              }
            ],
            "version": "$LATEST",
            "vpc_config": [
              {
                "ipv6_allowed_for_dual_stack": false,
                "security_group_ids": [
                  "sg-0bd1fa78c58ba0495"
                ],
                "subnet_ids": [
                  "subnet-09b6e632d01fcb525",
                  "subnet-0db35c13edd7c98e9"
                ],
                "vpc_id": "vpc-00ce2d8f8e6ecb305"
              }
            ]
          },
          "sensitive_attributes": [
            [
              {
                "type": "get_attr",
                "value": "environment"
              },
              {
                "type": "index",
                "value": {
                  "value": 0,
                  "type": "number"
                }
              },
              {
                "type": "get_attr",
                "value": "variables"
              },
              {
                "type": "index",
                "value": {
                  "value": "RDS_PASSWORD",
                  "type": "string"
                }
              }
            ]
          ],
          "identity_schema_version": 0,
          "private": "eyJlMmJmYjczMC1lY2FhLTExZTYtOGY4OC0zNDM2M2JjN2M0YzAiOnsiY3JlYXRlIjo2MDAwMDAwMDAwMDAsImRlbGV0ZSI6NjAwMDAwMDAwMDAwLCJ1cGRhdGUiOjYwMDAwMDAwMDAwMH19",
          "dependencies": [
            "aws_db_instance.default",
            "aws_db_subnet_group.rds_private",
            "aws_iam_role.lambda_role",
            "aws_iam_role_policy_attachment.lambda_rds_auth",
            "aws_lambda_layer_version.rds",
            "aws_security_group.lambda_sg",
            "aws_subnet.private_subnet1",
            "aws_subnet.private_subnet2",
            "data.archive_file.lambda_archives",
            "data.archive_file.rds_layer",
            "data.aws_availability_zones.available",
            "data.aws_vpc.default"
          ],
          "create_before_destroy": true
        },
        {
          "index_key": "view_coach_invites",
          "schema_version": 0,
          "attributes": {
            "architectures": [
              "x86_64"
            ],
            "arn": "arn:aws:lambda:us-east-2:857360184083:function:view_coach_invites",
            "code_sha256": "RnDDOQ0nGiycY4oQxOLsFUjZZZX4lKT5H/JQy+LKsrg=",
            "code_signing_config_arn": "",
            "dead_letter_config": [],
            "description": "",
            "environment": [
              {
                "variables": {
                  "ENVIRONMENT": "production",
                  "RDS_DBNAME": "trackme",
                  "RDS_ENDPOINT": "trackmedb.c9goe0ioosh0.us-east-2.rds.amazonaws.com",
                  "RDS_PASSWORD": "Mojito#2025",
                  "RDS_PORT": "5432",
                  "RDS_REGION": "us-east-2",
                  "RDS_USER": "trackme_admin"
                }
              }
            ],
            "ephemeral_storage": [
              {
                "size": 512
              }
            ],
            "file_system_config": [],
            "filename": "./../Server/lambdas/athlete/zips/view_coach_invites.zip",
            "function_name": "view_coach_invites",
            "handler": "view_coach_invites.view_coach_invites",
            "id": "view_coach_invites",
            "image_config": [],
            "image_uri": "",
            "invoke_arn": "arn:aws:apigateway:us-east-2:lambda:path/2015-03-31/functions/arn:aws:lambda:us-east-2:857360184083:function:view_coach_invites/invocations",
            "kms_key_arn": "",
            "last_modified": "2025-09-21T16:34:30.000+0000",
            "layers": [
              "arn:aws:lambda:us-east-2:857360184083:layer:rds:29"
            ],
            "logging_config": [
              {
                "application_log_level": "",
                "log_format": "Text",
                "log_group": "/aws/lambda/view_coach_invites",
                "system_log_level": ""
              }
            ],
            "memory_size": 128,
            "package_type": "Zip",
            "publish": false,
            "qualified_arn": "arn:aws:lambda:us-east-2:857360184083:function:view_coach_invites:$LATEST",
            "qualified_invoke_arn": "arn:aws:apigateway:us-east-2:lambda:path/2015-03-31/functions/arn:aws:lambda:us-east-2:857360184083:function:view_coach_invites:$LATEST/invocations",
            "replace_security_groups_on_destroy": null,
            "replacement_security_group_ids": null,
            "reserved_concurrent_executions": -1,
            "role": "arn:aws:iam::857360184083:role/lambda_role",
            "runtime": "python3.12",
            "s3_bucket": null,
            "s3_key": null,
            "s3_object_version": null,
            "signing_job_arn": "",
            "signing_profile_version_arn": "",
            "skip_destroy": false,
            "snap_start": [],
            "source_code_hash": "RnDDOQ0nGiycY4oQxOLsFUjZZZX4lKT5H/JQy+LKsrg=",
            "source_code_size": 1992,
            "tags": {},
            "tags_all": {},
            "timeout": 5,
            "timeouts": null,
            "tracing_config": [
              {
                "mode": "PassThrough"
              }
            ],
            "version": "$LATEST",
            "vpc_config": [
              {
                "ipv6_allowed_for_dual_stack": false,
                "security_group_ids": [
                  "sg-0bd1fa78c58ba0495"
                ],
                "subnet_ids": [
                  "subnet-09b6e632d01fcb525",
                  "subnet-0db35c13edd7c98e9"
                ],
                "vpc_id": "vpc-00ce2d8f8e6ecb305"
              }
            ]
          },
          "sensitive_attributes": [
            [
              {
                "type": "get_attr",
                "value": "environment"
              },
              {
                "type": "index",
                "value": {
                  "value": 0,
                  "type": "number"
                }
              },
              {
                "type": "get_attr",
                "value": "variables"
              },
              {
                "type": "index",
                "value": {
                  "value": "RDS_PASSWORD",
                  "type": "string"
                }
              }
            ]
          ],
          "identity_schema_version": 0,
          "private": "eyJlMmJmYjczMC1lY2FhLTExZTYtOGY4OC0zNDM2M2JjN2M0YzAiOnsiY3JlYXRlIjo2MDAwMDAwMDAwMDAsImRlbGV0ZSI6NjAwMDAwMDAwMDAwLCJ1cGRhdGUiOjYwMDAwMDAwMDAwMH19",
          "dependencies": [
            "aws_db_instance.default",
            "aws_db_subnet_group.rds_private",
            "aws_iam_role.lambda_role",
            "aws_iam_role_policy_attachment.lambda_rds_auth",
            "aws_lambda_layer_version.rds",
            "aws_security_group.lambda_sg",
            "aws_subnet.private_subnet1",
            "aws_subnet.private_subnet2",
            "data.archive_file.lambda_archives",
            "data.archive_file.rds_layer",
            "data.aws_availability_zones.available",
            "data.aws_vpc.default"
          ]
        },
        {
          "index_key": "view_group_inputs",
          "schema_version": 0,
          "attributes": {
            "architectures": [
              "x86_64"
            ],
            "arn": "arn:aws:lambda:us-east-2:857360184083:function:view_group_inputs",
            "code_sha256": "dwHzl4X02CnrqpzRbO/nFKyHvutNqTnLwZ34o+ZqiTU=",
            "code_signing_config_arn": "",
            "dead_letter_config": [],
            "description": "",
            "environment": [
              {
                "variables": {
                  "ENVIRONMENT": "production",
                  "RDS_DBNAME": "trackme",
                  "RDS_ENDPOINT": "trackmedb.c9goe0ioosh0.us-east-2.rds.amazonaws.com",
                  "RDS_PASSWORD": "Mojito#2025",
                  "RDS_PORT": "5432",
                  "RDS_REGION": "us-east-2",
                  "RDS_USER": "trackme_admin"
                }
              }
            ],
            "ephemeral_storage": [
              {
                "size": 512
              }
            ],
            "file_system_config": [],
            "filename": "./../Server/lambdas/general/zips/view_group_inputs.zip",
            "function_name": "view_group_inputs",
            "handler": "view_group_inputs.view_group_inputs",
            "id": "view_group_inputs",
            "image_config": [],
            "image_uri": "",
            "invoke_arn": "arn:aws:apigateway:us-east-2:lambda:path/2015-03-31/functions/arn:aws:lambda:us-east-2:857360184083:function:view_group_inputs/invocations",
            "kms_key_arn": "",
            "last_modified": "2025-09-21T16:34:44.000+0000",
            "layers": [
              "arn:aws:lambda:us-east-2:857360184083:layer:rds:29"
            ],
            "logging_config": [
              {
                "application_log_level": "",
                "log_format": "Text",
                "log_group": "/aws/lambda/view_group_inputs",
                "system_log_level": ""
              }
            ],
            "memory_size": 128,
            "package_type": "Zip",
            "publish": false,
            "qualified_arn": "arn:aws:lambda:us-east-2:857360184083:function:view_group_inputs:$LATEST",
            "qualified_invoke_arn": "arn:aws:apigateway:us-east-2:lambda:path/2015-03-31/functions/arn:aws:lambda:us-east-2:857360184083:function:view_group_inputs:$LATEST/invocations",
            "replace_security_groups_on_destroy": null,
            "replacement_security_group_ids": null,
            "reserved_concurrent_executions": -1,
            "role": "arn:aws:iam::857360184083:role/lambda_role",
            "runtime": "python3.12",
            "s3_bucket": null,
            "s3_key": null,
            "s3_object_version": null,
            "signing_job_arn": "",
            "signing_profile_version_arn": "",
            "skip_destroy": false,
            "snap_start": [],
            "source_code_hash": "dwHzl4X02CnrqpzRbO/nFKyHvutNqTnLwZ34o+ZqiTU=",
            "source_code_size": 2487,
            "tags": {},
            "tags_all": {},
            "timeout": 5,
            "timeouts": null,
            "tracing_config": [
              {
                "mode": "PassThrough"
              }
            ],
            "version": "$LATEST",
            "vpc_config": [
              {
                "ipv6_allowed_for_dual_stack": false,
                "security_group_ids": [
                  "sg-0bd1fa78c58ba0495"
                ],
                "subnet_ids": [
                  "subnet-09b6e632d01fcb525",
                  "subnet-0db35c13edd7c98e9"
                ],
                "vpc_id": "vpc-00ce2d8f8e6ecb305"
              }
            ]
          },
          "sensitive_attributes": [
            [
              {
                "type": "get_attr",
                "value": "environment"
              },
              {
                "type": "index",
                "value": {
                  "value": 0,
                  "type": "number"
                }
              },
              {
                "type": "get_attr",
                "value": "variables"
              },
              {
                "type": "index",
                "value": {
                  "value": "RDS_PASSWORD",
                  "type": "string"
                }
              }
            ]
          ],
          "identity_schema_version": 0,
          "private": "eyJlMmJmYjczMC1lY2FhLTExZTYtOGY4OC0zNDM2M2JjN2M0YzAiOnsiY3JlYXRlIjo2MDAwMDAwMDAwMDAsImRlbGV0ZSI6NjAwMDAwMDAwMDAwLCJ1cGRhdGUiOjYwMDAwMDAwMDAwMH19",
          "dependencies": [
            "aws_db_instance.default",
            "aws_db_subnet_group.rds_private",
            "aws_iam_role.lambda_role",
            "aws_iam_role_policy_attachment.lambda_rds_auth",
            "aws_lambda_layer_version.rds",
            "aws_security_group.lambda_sg",
            "aws_subnet.private_subnet1",
            "aws_subnet.private_subnet2",
            "data.archive_file.lambda_archives",
            "data.archive_file.rds_layer",
            "data.aws_availability_zones.available",
            "data.aws_vpc.default"
          ],
          "create_before_destroy": true
        },
        {
          "index_key": "view_workout_inputs",
          "schema_version": 0,
          "attributes": {
            "architectures": [
              "x86_64"
            ],
            "arn": "arn:aws:lambda:us-east-2:857360184083:function:view_workout_inputs",
            "code_sha256": "Ru6j6wnbfBGFUCzOzR3Ggy6YlhhytFYHuSvINDz2zm0=",
            "code_signing_config_arn": "",
            "dead_letter_config": [],
            "description": "",
            "environment": [
              {
                "variables": {
                  "ENVIRONMENT": "production",
                  "RDS_DBNAME": "trackme",
                  "RDS_ENDPOINT": "trackmedb.c9goe0ioosh0.us-east-2.rds.amazonaws.com",
                  "RDS_PASSWORD": "Mojito#2025",
                  "RDS_PORT": "5432",
                  "RDS_REGION": "us-east-2",
                  "RDS_USER": "trackme_admin"
                }
              }
            ],
            "ephemeral_storage": [
              {
                "size": 512
              }
            ],
            "file_system_config": [],
            "filename": "./../Server/lambdas/athlete/zips/view_workout_inputs.zip",
            "function_name": "view_workout_inputs",
            "handler": "view_workout_inputs.view_workout_inputs",
            "id": "view_workout_inputs",
            "image_config": [],
            "image_uri": "",
            "invoke_arn": "arn:aws:apigateway:us-east-2:lambda:path/2015-03-31/functions/arn:aws:lambda:us-east-2:857360184083:function:view_workout_inputs/invocations",
            "kms_key_arn": "",
            "last_modified": "2025-09-21T16:34:30.000+0000",
            "layers": [
              "arn:aws:lambda:us-east-2:857360184083:layer:rds:29"
            ],
            "logging_config": [
              {
                "application_log_level": "",
                "log_format": "Text",
                "log_group": "/aws/lambda/view_workout_inputs",
                "system_log_level": ""
              }
            ],
            "memory_size": 128,
            "package_type": "Zip",
            "publish": false,
            "qualified_arn": "arn:aws:lambda:us-east-2:857360184083:function:view_workout_inputs:$LATEST",
            "qualified_invoke_arn": "arn:aws:apigateway:us-east-2:lambda:path/2015-03-31/functions/arn:aws:lambda:us-east-2:857360184083:function:view_workout_inputs:$LATEST/invocations",
            "replace_security_groups_on_destroy": null,
            "replacement_security_group_ids": null,
            "reserved_concurrent_executions": -1,
            "role": "arn:aws:iam::857360184083:role/lambda_role",
            "runtime": "python3.12",
            "s3_bucket": null,
            "s3_key": null,
            "s3_object_version": null,
            "signing_job_arn": "",
            "signing_profile_version_arn": "",
            "skip_destroy": false,
            "snap_start": [],
            "source_code_hash": "Ru6j6wnbfBGFUCzOzR3Ggy6YlhhytFYHuSvINDz2zm0=",
            "source_code_size": 2751,
            "tags": {},
            "tags_all": {},
            "timeout": 5,
            "timeouts": null,
            "tracing_config": [
              {
                "mode": "PassThrough"
              }
            ],
            "version": "$LATEST",
            "vpc_config": [
              {
                "ipv6_allowed_for_dual_stack": false,
                "security_group_ids": [
                  "sg-0bd1fa78c58ba0495"
                ],
                "subnet_ids": [
                  "subnet-09b6e632d01fcb525",
                  "subnet-0db35c13edd7c98e9"
                ],
                "vpc_id": "vpc-00ce2d8f8e6ecb305"
              }
            ]
          },
          "sensitive_attributes": [
            [
              {
                "type": "get_attr",
                "value": "environment"
              },
              {
                "type": "index",
                "value": {
                  "value": 0,
                  "type": "number"
                }
              },
              {
                "type": "get_attr",
                "value": "variables"
              },
              {
                "type": "index",
                "value": {
                  "value": "RDS_PASSWORD",
                  "type": "string"
                }
              }
            ]
          ],
          "identity_schema_version": 0,
          "private": "eyJlMmJmYjczMC1lY2FhLTExZTYtOGY4OC0zNDM2M2JjN2M0YzAiOnsiY3JlYXRlIjo2MDAwMDAwMDAwMDAsImRlbGV0ZSI6NjAwMDAwMDAwMDAwLCJ1cGRhdGUiOjYwMDAwMDAwMDAwMH19",
          "dependencies": [
            "aws_db_instance.default",
            "aws_db_subnet_group.rds_private",
            "aws_iam_role.lambda_role",
            "aws_iam_role_policy_attachment.lambda_rds_auth",
            "aws_lambda_layer_version.rds",
            "aws_security_group.lambda_sg",
            "aws_subnet.private_subnet1",
            "aws_subnet.private_subnet2",
            "data.archive_file.lambda_archives",
            "data.archive_file.rds_layer",
            "data.aws_availability_zones.available",
            "data.aws_vpc.default"
          ],
          "create_before_destroy": true
        }
      ]
    },
    {
      "mode": "managed",
      "type": "aws_lambda_layer_version",
      "name": "rds",
      "provider": "provider[\"registry.terraform.io/hashicorp/aws\"]",
      "instances": [
        {
          "schema_version": 0,
          "attributes": {
            "arn": "arn:aws:lambda:us-east-2:857360184083:layer:rds:29",
            "code_sha256": "QBw0Xk0UVXcuP+yRtVUJOFxeYmKqOCgm6ccyiCkoTi0=",
            "compatible_architectures": null,
            "compatible_runtimes": [
              "python3.12"
            ],
            "created_date": "2025-09-21T16:34:30.590+0000",
            "description": "",
            "filename": "./../Server/layers/rds/rds.zip",
            "id": "arn:aws:lambda:us-east-2:857360184083:layer:rds:29",
            "layer_arn": "arn:aws:lambda:us-east-2:857360184083:layer:rds",
            "layer_name": "rds",
            "license_info": "",
            "s3_bucket": null,
            "s3_key": null,
            "s3_object_version": null,
            "signing_job_arn": "",
            "signing_profile_version_arn": "",
            "skip_destroy": false,
            "source_code_hash": "QBw0Xk0UVXcuP+yRtVUJOFxeYmKqOCgm6ccyiCkoTi0=",
            "source_code_size": 6383105,
            "version": "29"
          },
          "sensitive_attributes": [],
          "identity_schema_version": 0,
          "private": "bnVsbA==",
          "dependencies": [
            "data.archive_file.rds_layer"
          ],
          "create_before_destroy": true
        }
      ]
    },
    {
      "mode": "managed",
      "type": "aws_lambda_permission",
      "name": "api_gateway",
      "provider": "provider[\"registry.terraform.io/hashicorp/aws\"]",
      "instances": [
        {
          "index_key": "athletes/accept_coach_invite",
          "schema_version": 0,
          "attributes": {
            "action": "lambda:InvokeFunction",
            "event_source_token": null,
            "function_name": "accept_coach_invite",
            "function_url_auth_type": null,
            "id": "AllowAPIGatewayInvoke-accept_coach_invite",
            "principal": "apigateway.amazonaws.com",
            "principal_org_id": null,
            "qualifier": "",
            "source_account": null,
            "source_arn": "arn:aws:execute-api:us-east-2:857360184083:fyc4wanzoa/*/*",
            "statement_id": "AllowAPIGatewayInvoke-accept_coach_invite",
            "statement_id_prefix": ""
          },
          "sensitive_attributes": [],
          "identity_schema_version": 0,
          "private": "bnVsbA==",
          "dependencies": [
            "aws_api_gateway_rest_api.main",
            "aws_db_instance.default",
            "aws_db_subnet_group.rds_private",
            "aws_iam_role.lambda_role",
            "aws_iam_role_policy_attachment.lambda_rds_auth",
            "aws_lambda_function.lambdas",
            "aws_lambda_layer_version.rds",
            "aws_security_group.lambda_sg",
            "aws_subnet.private_subnet1",
            "aws_subnet.private_subnet2",
            "data.archive_file.lambda_archives",
            "data.archive_file.rds_layer",
            "data.aws_availability_zones.available",
            "data.aws_vpc.default"
          ]
        },
        {
          "index_key": "athletes/create_athlete",
          "schema_version": 0,
          "attributes": {
            "action": "lambda:InvokeFunction",
            "event_source_token": null,
            "function_name": "create_athlete",
            "function_url_auth_type": null,
            "id": "AllowAPIGatewayInvoke-create_athlete",
            "principal": "apigateway.amazonaws.com",
            "principal_org_id": null,
            "qualifier": "",
            "source_account": null,
            "source_arn": "arn:aws:execute-api:us-east-2:857360184083:fyc4wanzoa/*/*",
            "statement_id": "AllowAPIGatewayInvoke-create_athlete",
            "statement_id_prefix": ""
          },
          "sensitive_attributes": [],
          "identity_schema_version": 0,
          "private": "bnVsbA==",
          "dependencies": [
            "aws_api_gateway_rest_api.main",
            "aws_db_instance.default",
            "aws_db_subnet_group.rds_private",
            "aws_iam_role.lambda_role",
            "aws_iam_role_policy_attachment.lambda_rds_auth",
            "aws_lambda_function.lambdas",
            "aws_lambda_layer_version.rds",
            "aws_security_group.lambda_sg",
            "aws_subnet.private_subnet1",
            "aws_subnet.private_subnet2",
            "data.archive_file.lambda_archives",
            "data.archive_file.rds_layer",
            "data.aws_availability_zones.available",
            "data.aws_vpc.default"
          ]
        },
        {
          "index_key": "athletes/decline_coach_invite",
          "schema_version": 0,
          "attributes": {
            "action": "lambda:InvokeFunction",
            "event_source_token": null,
            "function_name": "decline_coach_invite",
            "function_url_auth_type": null,
            "id": "AllowAPIGatewayInvoke-decline_coach_invite",
            "principal": "apigateway.amazonaws.com",
            "principal_org_id": null,
            "qualifier": "",
            "source_account": null,
            "source_arn": "arn:aws:execute-api:us-east-2:857360184083:fyc4wanzoa/*/*",
            "statement_id": "AllowAPIGatewayInvoke-decline_coach_invite",
            "statement_id_prefix": ""
          },
          "sensitive_attributes": [],
          "identity_schema_version": 0,
          "private": "bnVsbA==",
          "dependencies": [
            "aws_api_gateway_rest_api.main",
            "aws_db_instance.default",
            "aws_db_subnet_group.rds_private",
            "aws_iam_role.lambda_role",
            "aws_iam_role_policy_attachment.lambda_rds_auth",
            "aws_lambda_function.lambdas",
            "aws_lambda_layer_version.rds",
            "aws_security_group.lambda_sg",
            "aws_subnet.private_subnet1",
            "aws_subnet.private_subnet2",
            "data.archive_file.lambda_archives",
            "data.archive_file.rds_layer",
            "data.aws_availability_zones.available",
            "data.aws_vpc.default"
          ]
        },
        {
          "index_key": "athletes/get_coach_invites",
          "schema_version": 0,
          "attributes": {
            "action": "lambda:InvokeFunction",
            "event_source_token": null,
            "function_name": "get_coach_invites",
            "function_url_auth_type": null,
            "id": "AllowAPIGatewayInvoke-get_coach_invites",
            "principal": "apigateway.amazonaws.com",
            "principal_org_id": null,
            "qualifier": "",
            "source_account": null,
            "source_arn": "arn:aws:execute-api:us-east-2:857360184083:fyc4wanzoa/*/*",
            "statement_id": "AllowAPIGatewayInvoke-get_coach_invites",
            "statement_id_prefix": ""
          },
          "sensitive_attributes": [],
          "identity_schema_version": 0,
          "private": "bnVsbA==",
          "dependencies": [
            "aws_api_gateway_rest_api.main",
            "aws_db_instance.default",
            "aws_db_subnet_group.rds_private",
            "aws_iam_role.lambda_role",
            "aws_iam_role_policy_attachment.lambda_rds_auth",
            "aws_lambda_function.lambdas",
            "aws_lambda_layer_version.rds",
            "aws_security_group.lambda_sg",
            "aws_subnet.private_subnet1",
            "aws_subnet.private_subnet2",
            "data.archive_file.lambda_archives",
            "data.archive_file.rds_layer",
            "data.aws_availability_zones.available",
            "data.aws_vpc.default"
          ]
        },
        {
          "index_key": "athletes/get_coaches",
          "schema_version": 0,
          "attributes": {
            "action": "lambda:InvokeFunction",
            "event_source_token": null,
            "function_name": "get_coaches",
            "function_url_auth_type": null,
            "id": "AllowAPIGatewayInvoke-get_coaches",
            "principal": "apigateway.amazonaws.com",
            "principal_org_id": null,
            "qualifier": "",
            "source_account": null,
            "source_arn": "arn:aws:execute-api:us-east-2:857360184083:fyc4wanzoa/*/*",
            "statement_id": "AllowAPIGatewayInvoke-get_coaches",
            "statement_id_prefix": ""
          },
          "sensitive_attributes": [],
          "identity_schema_version": 0,
          "private": "bnVsbA==",
          "dependencies": [
            "aws_api_gateway_rest_api.main",
            "aws_db_instance.default",
            "aws_db_subnet_group.rds_private",
            "aws_iam_role.lambda_role",
            "aws_iam_role_policy_attachment.lambda_rds_auth",
            "aws_lambda_function.lambdas",
            "aws_lambda_layer_version.rds",
            "aws_security_group.lambda_sg",
            "aws_subnet.private_subnet1",
            "aws_subnet.private_subnet2",
            "data.archive_file.lambda_archives",
            "data.archive_file.rds_layer",
            "data.aws_availability_zones.available",
            "data.aws_vpc.default"
          ]
        },
        {
          "index_key": "athletes/input_times",
          "schema_version": 0,
          "attributes": {
            "action": "lambda:InvokeFunction",
            "event_source_token": null,
            "function_name": "input_times",
            "function_url_auth_type": null,
            "id": "AllowAPIGatewayInvoke-input_times",
            "principal": "apigateway.amazonaws.com",
            "principal_org_id": null,
            "qualifier": "",
            "source_account": null,
            "source_arn": "arn:aws:execute-api:us-east-2:857360184083:fyc4wanzoa/*/*",
            "statement_id": "AllowAPIGatewayInvoke-input_times",
            "statement_id_prefix": ""
          },
          "sensitive_attributes": [],
          "identity_schema_version": 0,
          "private": "bnVsbA==",
          "dependencies": [
            "aws_api_gateway_rest_api.main",
            "aws_db_instance.default",
            "aws_db_subnet_group.rds_private",
            "aws_iam_role.lambda_role",
            "aws_iam_role_policy_attachment.lambda_rds_auth",
            "aws_lambda_function.lambdas",
            "aws_lambda_layer_version.rds",
            "aws_security_group.lambda_sg",
            "aws_subnet.private_subnet1",
            "aws_subnet.private_subnet2",
            "data.archive_file.lambda_archives",
            "data.archive_file.rds_layer",
            "data.aws_availability_zones.available",
            "data.aws_vpc.default"
          ]
        },
        {
          "index_key": "athletes/request_coach",
          "schema_version": 0,
          "attributes": {
            "action": "lambda:InvokeFunction",
            "event_source_token": null,
            "function_name": "request_coach",
            "function_url_auth_type": null,
            "id": "AllowAPIGatewayInvoke-request_coach",
            "principal": "apigateway.amazonaws.com",
            "principal_org_id": null,
            "qualifier": "",
            "source_account": null,
            "source_arn": "arn:aws:execute-api:us-east-2:857360184083:fyc4wanzoa/*/*",
            "statement_id": "AllowAPIGatewayInvoke-request_coach",
            "statement_id_prefix": ""
          },
          "sensitive_attributes": [],
          "identity_schema_version": 0,
          "private": "bnVsbA==",
          "dependencies": [
            "aws_api_gateway_rest_api.main",
            "aws_db_instance.default",
            "aws_db_subnet_group.rds_private",
            "aws_iam_role.lambda_role",
            "aws_iam_role_policy_attachment.lambda_rds_auth",
            "aws_lambda_function.lambdas",
            "aws_lambda_layer_version.rds",
            "aws_security_group.lambda_sg",
            "aws_subnet.private_subnet1",
            "aws_subnet.private_subnet2",
            "data.archive_file.lambda_archives",
            "data.archive_file.rds_layer",
            "data.aws_availability_zones.available",
            "data.aws_vpc.default"
          ]
        },
        {
          "index_key": "athletes/search_coaches",
          "schema_version": 0,
          "attributes": {
            "action": "lambda:InvokeFunction",
            "event_source_token": null,
            "function_name": "search_coaches",
            "function_url_auth_type": null,
            "id": "AllowAPIGatewayInvoke-search_coaches",
            "principal": "apigateway.amazonaws.com",
            "principal_org_id": null,
            "qualifier": "",
            "source_account": null,
            "source_arn": "arn:aws:execute-api:us-east-2:857360184083:fyc4wanzoa/*/*",
            "statement_id": "AllowAPIGatewayInvoke-search_coaches",
            "statement_id_prefix": ""
          },
          "sensitive_attributes": [],
          "identity_schema_version": 0,
          "private": "bnVsbA==",
          "dependencies": [
            "aws_api_gateway_rest_api.main",
            "aws_db_instance.default",
            "aws_db_subnet_group.rds_private",
            "aws_iam_role.lambda_role",
            "aws_iam_role_policy_attachment.lambda_rds_auth",
            "aws_lambda_function.lambdas",
            "aws_lambda_layer_version.rds",
            "aws_security_group.lambda_sg",
            "aws_subnet.private_subnet1",
            "aws_subnet.private_subnet2",
            "data.archive_file.lambda_archives",
            "data.archive_file.rds_layer",
            "data.aws_availability_zones.available",
            "data.aws_vpc.default"
          ]
        },
        {
          "index_key": "athletes/search_input_history_date",
          "schema_version": 0,
          "attributes": {
            "action": "lambda:InvokeFunction",
            "event_source_token": null,
            "function_name": "search_input_history_date",
            "function_url_auth_type": null,
            "id": "AllowAPIGatewayInvoke-search_input_history_date",
            "principal": "apigateway.amazonaws.com",
            "principal_org_id": null,
            "qualifier": "",
            "source_account": null,
            "source_arn": "arn:aws:execute-api:us-east-2:857360184083:fyc4wanzoa/*/*",
            "statement_id": "AllowAPIGatewayInvoke-search_input_history_date",
            "statement_id_prefix": ""
          },
          "sensitive_attributes": [],
          "identity_schema_version": 0,
          "private": "bnVsbA==",
          "dependencies": [
            "aws_api_gateway_rest_api.main",
            "aws_db_instance.default",
            "aws_db_subnet_group.rds_private",
            "aws_iam_role.lambda_role",
            "aws_iam_role_policy_attachment.lambda_rds_auth",
            "aws_lambda_function.lambdas",
            "aws_lambda_layer_version.rds",
            "aws_security_group.lambda_sg",
            "aws_subnet.private_subnet1",
            "aws_subnet.private_subnet2",
            "data.archive_file.lambda_archives",
            "data.archive_file.rds_layer",
            "data.aws_availability_zones.available",
            "data.aws_vpc.default"
          ]
        },
        {
          "index_key": "athletes/update_athlete_profile",
          "schema_version": 0,
          "attributes": {
            "action": "lambda:InvokeFunction",
            "event_source_token": null,
            "function_name": "update_athlete_profile",
            "function_url_auth_type": null,
            "id": "AllowAPIGatewayInvoke-update_athlete_profile",
            "principal": "apigateway.amazonaws.com",
            "principal_org_id": null,
            "qualifier": "",
            "source_account": null,
            "source_arn": "arn:aws:execute-api:us-east-2:857360184083:fyc4wanzoa/*/*",
            "statement_id": "AllowAPIGatewayInvoke-update_athlete_profile",
            "statement_id_prefix": ""
          },
          "sensitive_attributes": [],
          "identity_schema_version": 0,
          "private": "bnVsbA==",
          "dependencies": [
            "aws_api_gateway_rest_api.main",
            "aws_db_instance.default",
            "aws_db_subnet_group.rds_private",
            "aws_iam_role.lambda_role",
            "aws_iam_role_policy_attachment.lambda_rds_auth",
            "aws_lambda_function.lambdas",
            "aws_lambda_layer_version.rds",
            "aws_security_group.lambda_sg",
            "aws_subnet.private_subnet1",
            "aws_subnet.private_subnet2",
            "data.archive_file.lambda_archives",
            "data.archive_file.rds_layer",
            "data.aws_availability_zones.available",
            "data.aws_vpc.default"
          ]
        },
        {
          "index_key": "athletes/view_workout_inputs",
          "schema_version": 0,
          "attributes": {
            "action": "lambda:InvokeFunction",
            "event_source_token": null,
            "function_name": "view_workout_inputs",
            "function_url_auth_type": null,
            "id": "AllowAPIGatewayInvoke-view_workout_inputs",
            "principal": "apigateway.amazonaws.com",
            "principal_org_id": null,
            "qualifier": "",
            "source_account": null,
            "source_arn": "arn:aws:execute-api:us-east-2:857360184083:fyc4wanzoa/*/*",
            "statement_id": "AllowAPIGatewayInvoke-view_workout_inputs",
            "statement_id_prefix": ""
          },
          "sensitive_attributes": [],
          "identity_schema_version": 0,
          "private": "bnVsbA==",
          "dependencies": [
            "aws_api_gateway_rest_api.main",
            "aws_db_instance.default",
            "aws_db_subnet_group.rds_private",
            "aws_iam_role.lambda_role",
            "aws_iam_role_policy_attachment.lambda_rds_auth",
            "aws_lambda_function.lambdas",
            "aws_lambda_layer_version.rds",
            "aws_security_group.lambda_sg",
            "aws_subnet.private_subnet1",
            "aws_subnet.private_subnet2",
            "data.archive_file.lambda_archives",
            "data.archive_file.rds_layer",
            "data.aws_availability_zones.available",
            "data.aws_vpc.default"
          ]
        },
        {
          "index_key": "coaches/accept_athlete_request",
          "schema_version": 0,
          "attributes": {
            "action": "lambda:InvokeFunction",
            "event_source_token": null,
            "function_name": "accept_athlete_request",
            "function_url_auth_type": null,
            "id": "AllowAPIGatewayInvoke-accept_athlete_request",
            "principal": "apigateway.amazonaws.com",
            "principal_org_id": null,
            "qualifier": "",
            "source_account": null,
            "source_arn": "arn:aws:execute-api:us-east-2:857360184083:fyc4wanzoa/*/*",
            "statement_id": "AllowAPIGatewayInvoke-accept_athlete_request",
            "statement_id_prefix": ""
          },
          "sensitive_attributes": [],
          "identity_schema_version": 0,
          "private": "bnVsbA==",
          "dependencies": [
            "aws_api_gateway_rest_api.main",
            "aws_db_instance.default",
            "aws_db_subnet_group.rds_private",
            "aws_iam_role.lambda_role",
            "aws_iam_role_policy_attachment.lambda_rds_auth",
            "aws_lambda_function.lambdas",
            "aws_lambda_layer_version.rds",
            "aws_security_group.lambda_sg",
            "aws_subnet.private_subnet1",
            "aws_subnet.private_subnet2",
            "data.archive_file.lambda_archives",
            "data.archive_file.rds_layer",
            "data.aws_availability_zones.available",
            "data.aws_vpc.default"
          ]
        },
        {
          "index_key": "coaches/add_athlete_to_group",
          "schema_version": 0,
          "attributes": {
            "action": "lambda:InvokeFunction",
            "event_source_token": null,
            "function_name": "add_athlete_to_group",
            "function_url_auth_type": null,
            "id": "AllowAPIGatewayInvoke-add_athlete_to_group",
            "principal": "apigateway.amazonaws.com",
            "principal_org_id": null,
            "qualifier": "",
            "source_account": null,
            "source_arn": "arn:aws:execute-api:us-east-2:857360184083:fyc4wanzoa/*/*",
            "statement_id": "AllowAPIGatewayInvoke-add_athlete_to_group",
            "statement_id_prefix": ""
          },
          "sensitive_attributes": [],
          "identity_schema_version": 0,
          "private": "bnVsbA==",
          "dependencies": [
            "aws_api_gateway_rest_api.main",
            "aws_db_instance.default",
            "aws_db_subnet_group.rds_private",
            "aws_iam_role.lambda_role",
            "aws_iam_role_policy_attachment.lambda_rds_auth",
            "aws_lambda_function.lambdas",
            "aws_lambda_layer_version.rds",
            "aws_security_group.lambda_sg",
            "aws_subnet.private_subnet1",
            "aws_subnet.private_subnet2",
            "data.archive_file.lambda_archives",
            "data.archive_file.rds_layer",
            "data.aws_availability_zones.available",
            "data.aws_vpc.default"
          ]
        },
        {
          "index_key": "coaches/assign_group_workout",
          "schema_version": 0,
          "attributes": {
            "action": "lambda:InvokeFunction",
            "event_source_token": null,
            "function_name": "assign_group_workout",
            "function_url_auth_type": null,
            "id": "AllowAPIGatewayInvoke-assign_group_workout",
            "principal": "apigateway.amazonaws.com",
            "principal_org_id": null,
            "qualifier": "",
            "source_account": null,
            "source_arn": "arn:aws:execute-api:us-east-2:857360184083:fyc4wanzoa/*/*",
            "statement_id": "AllowAPIGatewayInvoke-assign_group_workout",
            "statement_id_prefix": ""
          },
          "sensitive_attributes": [],
          "identity_schema_version": 0,
          "private": "bnVsbA==",
          "dependencies": [
            "aws_api_gateway_rest_api.main",
            "aws_db_instance.default",
            "aws_db_subnet_group.rds_private",
            "aws_iam_role.lambda_role",
            "aws_iam_role_policy_attachment.lambda_rds_auth",
            "aws_lambda_function.lambdas",
            "aws_lambda_layer_version.rds",
            "aws_security_group.lambda_sg",
            "aws_subnet.private_subnet1",
            "aws_subnet.private_subnet2",
            "data.archive_file.lambda_archives",
            "data.archive_file.rds_layer",
            "data.aws_availability_zones.available",
            "data.aws_vpc.default"
          ]
        },
        {
          "index_key": "coaches/assign_group_workout_template",
          "schema_version": 0,
          "attributes": {
            "action": "lambda:InvokeFunction",
            "event_source_token": null,
            "function_name": "assign_group_workout_template",
            "function_url_auth_type": null,
            "id": "AllowAPIGatewayInvoke-assign_group_workout_template",
            "principal": "apigateway.amazonaws.com",
            "principal_org_id": null,
            "qualifier": "",
            "source_account": null,
            "source_arn": "arn:aws:execute-api:us-east-2:857360184083:fyc4wanzoa/*/*",
            "statement_id": "AllowAPIGatewayInvoke-assign_group_workout_template",
            "statement_id_prefix": ""
          },
          "sensitive_attributes": [],
          "identity_schema_version": 0,
          "private": "bnVsbA==",
          "dependencies": [
            "aws_api_gateway_rest_api.main",
            "aws_db_instance.default",
            "aws_db_subnet_group.rds_private",
            "aws_iam_role.lambda_role",
            "aws_iam_role_policy_attachment.lambda_rds_auth",
            "aws_lambda_function.lambdas",
            "aws_lambda_layer_version.rds",
            "aws_security_group.lambda_sg",
            "aws_subnet.private_subnet1",
            "aws_subnet.private_subnet2",
            "data.archive_file.lambda_archives",
            "data.archive_file.rds_layer",
            "data.aws_availability_zones.available",
            "data.aws_vpc.default"
          ]
        },
        {
          "index_key": "coaches/create_coach",
          "schema_version": 0,
          "attributes": {
            "action": "lambda:InvokeFunction",
            "event_source_token": null,
            "function_name": "create_coach",
            "function_url_auth_type": null,
            "id": "AllowAPIGatewayInvoke-create_coach",
            "principal": "apigateway.amazonaws.com",
            "principal_org_id": null,
            "qualifier": "",
            "source_account": null,
            "source_arn": "arn:aws:execute-api:us-east-2:857360184083:fyc4wanzoa/*/*",
            "statement_id": "AllowAPIGatewayInvoke-create_coach",
            "statement_id_prefix": ""
          },
          "sensitive_attributes": [],
          "identity_schema_version": 0,
          "private": "bnVsbA==",
          "dependencies": [
            "aws_api_gateway_rest_api.main",
            "aws_db_instance.default",
            "aws_db_subnet_group.rds_private",
            "aws_iam_role.lambda_role",
            "aws_iam_role_policy_attachment.lambda_rds_auth",
            "aws_lambda_function.lambdas",
            "aws_lambda_layer_version.rds",
            "aws_security_group.lambda_sg",
            "aws_subnet.private_subnet1",
            "aws_subnet.private_subnet2",
            "data.archive_file.lambda_archives",
            "data.archive_file.rds_layer",
            "data.aws_availability_zones.available",
            "data.aws_vpc.default"
          ]
        },
        {
          "index_key": "coaches/create_group",
          "schema_version": 0,
          "attributes": {
            "action": "lambda:InvokeFunction",
            "event_source_token": null,
            "function_name": "create_group",
            "function_url_auth_type": null,
            "id": "AllowAPIGatewayInvoke-create_group",
            "principal": "apigateway.amazonaws.com",
            "principal_org_id": null,
            "qualifier": "",
            "source_account": null,
            "source_arn": "arn:aws:execute-api:us-east-2:857360184083:fyc4wanzoa/*/*",
            "statement_id": "AllowAPIGatewayInvoke-create_group",
            "statement_id_prefix": ""
          },
          "sensitive_attributes": [],
          "identity_schema_version": 0,
          "private": "bnVsbA==",
          "dependencies": [
            "aws_api_gateway_rest_api.main",
            "aws_db_instance.default",
            "aws_db_subnet_group.rds_private",
            "aws_iam_role.lambda_role",
            "aws_iam_role_policy_attachment.lambda_rds_auth",
            "aws_lambda_function.lambdas",
            "aws_lambda_layer_version.rds",
            "aws_security_group.lambda_sg",
            "aws_subnet.private_subnet1",
            "aws_subnet.private_subnet2",
            "data.archive_file.lambda_archives",
            "data.archive_file.rds_layer",
            "data.aws_availability_zones.available",
            "data.aws_vpc.default"
          ]
        },
        {
          "index_key": "coaches/create_workout_template",
          "schema_version": 0,
          "attributes": {
            "action": "lambda:InvokeFunction",
            "event_source_token": null,
            "function_name": "create_workout_template",
            "function_url_auth_type": null,
            "id": "AllowAPIGatewayInvoke-create_workout_template",
            "principal": "apigateway.amazonaws.com",
            "principal_org_id": null,
            "qualifier": "",
            "source_account": null,
            "source_arn": "arn:aws:execute-api:us-east-2:857360184083:fyc4wanzoa/*/*",
            "statement_id": "AllowAPIGatewayInvoke-create_workout_template",
            "statement_id_prefix": ""
          },
          "sensitive_attributes": [],
          "identity_schema_version": 0,
          "private": "bnVsbA==",
          "dependencies": [
            "aws_api_gateway_rest_api.main",
            "aws_db_instance.default",
            "aws_db_subnet_group.rds_private",
            "aws_iam_role.lambda_role",
            "aws_iam_role_policy_attachment.lambda_rds_auth",
            "aws_lambda_function.lambdas",
            "aws_lambda_layer_version.rds",
            "aws_security_group.lambda_sg",
            "aws_subnet.private_subnet1",
            "aws_subnet.private_subnet2",
            "data.archive_file.lambda_archives",
            "data.archive_file.rds_layer",
            "data.aws_availability_zones.available",
            "data.aws_vpc.default"
          ]
        },
        {
          "index_key": "coaches/decline_athlete_request",
          "schema_version": 0,
          "attributes": {
            "action": "lambda:InvokeFunction",
            "event_source_token": null,
            "function_name": "decline_athlete_request",
            "function_url_auth_type": null,
            "id": "AllowAPIGatewayInvoke-decline_athlete_request",
            "principal": "apigateway.amazonaws.com",
            "principal_org_id": null,
            "qualifier": "",
            "source_account": null,
            "source_arn": "arn:aws:execute-api:us-east-2:857360184083:fyc4wanzoa/*/*",
            "statement_id": "AllowAPIGatewayInvoke-decline_athlete_request",
            "statement_id_prefix": ""
          },
          "sensitive_attributes": [],
          "identity_schema_version": 0,
          "private": "bnVsbA==",
          "dependencies": [
            "aws_api_gateway_rest_api.main",
            "aws_db_instance.default",
            "aws_db_subnet_group.rds_private",
            "aws_iam_role.lambda_role",
            "aws_iam_role_policy_attachment.lambda_rds_auth",
            "aws_lambda_function.lambdas",
            "aws_lambda_layer_version.rds",
            "aws_security_group.lambda_sg",
            "aws_subnet.private_subnet1",
            "aws_subnet.private_subnet2",
            "data.archive_file.lambda_archives",
            "data.archive_file.rds_layer",
            "data.aws_availability_zones.available",
            "data.aws_vpc.default"
          ]
        },
        {
          "index_key": "coaches/delete_group",
          "schema_version": 0,
          "attributes": {
            "action": "lambda:InvokeFunction",
            "event_source_token": null,
            "function_name": "delete_group",
            "function_url_auth_type": null,
            "id": "AllowAPIGatewayInvoke-delete_group",
            "principal": "apigateway.amazonaws.com",
            "principal_org_id": null,
            "qualifier": "",
            "source_account": null,
            "source_arn": "arn:aws:execute-api:us-east-2:857360184083:fyc4wanzoa/*/*",
            "statement_id": "AllowAPIGatewayInvoke-delete_group",
            "statement_id_prefix": ""
          },
          "sensitive_attributes": [],
          "identity_schema_version": 0,
          "private": "bnVsbA==",
          "dependencies": [
            "aws_api_gateway_rest_api.main",
            "aws_db_instance.default",
            "aws_db_subnet_group.rds_private",
            "aws_iam_role.lambda_role",
            "aws_iam_role_policy_attachment.lambda_rds_auth",
            "aws_lambda_function.lambdas",
            "aws_lambda_layer_version.rds",
            "aws_security_group.lambda_sg",
            "aws_subnet.private_subnet1",
            "aws_subnet.private_subnet2",
            "data.archive_file.lambda_archives",
            "data.archive_file.rds_layer",
            "data.aws_availability_zones.available",
            "data.aws_vpc.default"
          ]
        },
        {
          "index_key": "coaches/delete_group_workout",
          "schema_version": 0,
          "attributes": {
            "action": "lambda:InvokeFunction",
            "event_source_token": null,
            "function_name": "delete_group_workout",
            "function_url_auth_type": null,
            "id": "AllowAPIGatewayInvoke-delete_group_workout",
            "principal": "apigateway.amazonaws.com",
            "principal_org_id": null,
            "qualifier": "",
            "source_account": null,
            "source_arn": "arn:aws:execute-api:us-east-2:857360184083:fyc4wanzoa/*/*",
            "statement_id": "AllowAPIGatewayInvoke-delete_group_workout",
            "statement_id_prefix": ""
          },
          "sensitive_attributes": [],
          "identity_schema_version": 0,
          "private": "bnVsbA==",
          "dependencies": [
            "aws_api_gateway_rest_api.main",
            "aws_db_instance.default",
            "aws_db_subnet_group.rds_private",
            "aws_iam_role.lambda_role",
            "aws_iam_role_policy_attachment.lambda_rds_auth",
            "aws_lambda_function.lambdas",
            "aws_lambda_layer_version.rds",
            "aws_security_group.lambda_sg",
            "aws_subnet.private_subnet1",
            "aws_subnet.private_subnet2",
            "data.archive_file.lambda_archives",
            "data.archive_file.rds_layer",
            "data.aws_availability_zones.available",
            "data.aws_vpc.default"
          ]
        },
        {
          "index_key": "coaches/delete_workout_template",
          "schema_version": 0,
          "attributes": {
            "action": "lambda:InvokeFunction",
            "event_source_token": null,
            "function_name": "delete_workout_template",
            "function_url_auth_type": null,
            "id": "AllowAPIGatewayInvoke-delete_workout_template",
            "principal": "apigateway.amazonaws.com",
            "principal_org_id": null,
            "qualifier": "",
            "source_account": null,
            "source_arn": "arn:aws:execute-api:us-east-2:857360184083:fyc4wanzoa/*/*",
            "statement_id": "AllowAPIGatewayInvoke-delete_workout_template",
            "statement_id_prefix": ""
          },
          "sensitive_attributes": [],
          "identity_schema_version": 0,
          "private": "bnVsbA==",
          "dependencies": [
            "aws_api_gateway_rest_api.main",
            "aws_db_instance.default",
            "aws_db_subnet_group.rds_private",
            "aws_iam_role.lambda_role",
            "aws_iam_role_policy_attachment.lambda_rds_auth",
            "aws_lambda_function.lambdas",
            "aws_lambda_layer_version.rds",
            "aws_security_group.lambda_sg",
            "aws_subnet.private_subnet1",
            "aws_subnet.private_subnet2",
            "data.archive_file.lambda_archives",
            "data.archive_file.rds_layer",
            "data.aws_availability_zones.available",
            "data.aws_vpc.default"
          ]
        },
        {
          "index_key": "coaches/get_absent_group_athletes",
          "schema_version": 0,
          "attributes": {
            "action": "lambda:InvokeFunction",
            "event_source_token": null,
            "function_name": "get_absent_group_athletes",
            "function_url_auth_type": null,
            "id": "AllowAPIGatewayInvoke-get_absent_group_athletes",
            "principal": "apigateway.amazonaws.com",
            "principal_org_id": null,
            "qualifier": "",
            "source_account": null,
            "source_arn": "arn:aws:execute-api:us-east-2:857360184083:fyc4wanzoa/*/*",
            "statement_id": "AllowAPIGatewayInvoke-get_absent_group_athletes",
            "statement_id_prefix": ""
          },
          "sensitive_attributes": [],
          "identity_schema_version": 0,
          "private": "bnVsbA==",
          "dependencies": [
            "aws_api_gateway_rest_api.main",
            "aws_db_instance.default",
            "aws_db_subnet_group.rds_private",
            "aws_iam_role.lambda_role",
            "aws_iam_role_policy_attachment.lambda_rds_auth",
            "aws_lambda_function.lambdas",
            "aws_lambda_layer_version.rds",
            "aws_security_group.lambda_sg",
            "aws_subnet.private_subnet1",
            "aws_subnet.private_subnet2",
            "data.archive_file.lambda_archives",
            "data.archive_file.rds_layer",
            "data.aws_availability_zones.available",
            "data.aws_vpc.default"
          ]
        },
        {
          "index_key": "coaches/get_athletes",
          "schema_version": 0,
          "attributes": {
            "action": "lambda:InvokeFunction",
            "event_source_token": null,
            "function_name": "get_athletes",
            "function_url_auth_type": null,
            "id": "AllowAPIGatewayInvoke-get_athletes",
            "principal": "apigateway.amazonaws.com",
            "principal_org_id": null,
            "qualifier": "",
            "source_account": null,
            "source_arn": "arn:aws:execute-api:us-east-2:857360184083:fyc4wanzoa/*/*",
            "statement_id": "AllowAPIGatewayInvoke-get_athletes",
            "statement_id_prefix": ""
          },
          "sensitive_attributes": [],
          "identity_schema_version": 0,
          "private": "bnVsbA==",
          "dependencies": [
            "aws_api_gateway_rest_api.main",
            "aws_db_instance.default",
            "aws_db_subnet_group.rds_private",
            "aws_iam_role.lambda_role",
            "aws_iam_role_policy_attachment.lambda_rds_auth",
            "aws_lambda_function.lambdas",
            "aws_lambda_layer_version.rds",
            "aws_security_group.lambda_sg",
            "aws_subnet.private_subnet1",
            "aws_subnet.private_subnet2",
            "data.archive_file.lambda_archives",
            "data.archive_file.rds_layer",
            "data.aws_availability_zones.available",
            "data.aws_vpc.default"
          ]
        },
        {
          "index_key": "coaches/get_available_history_dates",
          "schema_version": 0,
          "attributes": {
            "action": "lambda:InvokeFunction",
            "event_source_token": null,
            "function_name": "get_available_history_dates",
            "function_url_auth_type": null,
            "id": "AllowAPIGatewayInvoke-get_available_history_dates",
            "principal": "apigateway.amazonaws.com",
            "principal_org_id": null,
            "qualifier": "",
            "source_account": null,
            "source_arn": "arn:aws:execute-api:us-east-2:857360184083:fyc4wanzoa/*/*",
            "statement_id": "AllowAPIGatewayInvoke-get_available_history_dates",
            "statement_id_prefix": ""
          },
          "sensitive_attributes": [],
          "identity_schema_version": 0,
          "private": "bnVsbA==",
          "dependencies": [
            "aws_api_gateway_rest_api.main",
            "aws_db_instance.default",
            "aws_db_subnet_group.rds_private",
            "aws_iam_role.lambda_role",
            "aws_iam_role_policy_attachment.lambda_rds_auth",
            "aws_lambda_function.lambdas",
            "aws_lambda_layer_version.rds",
            "aws_security_group.lambda_sg",
            "aws_subnet.private_subnet1",
            "aws_subnet.private_subnet2",
            "data.archive_file.lambda_archives",
            "data.archive_file.rds_layer",
            "data.aws_availability_zones.available",
            "data.aws_vpc.default"
          ]
        },
        {
          "index_key": "coaches/get_workout_templates",
          "schema_version": 0,
          "attributes": {
            "action": "lambda:InvokeFunction",
            "event_source_token": null,
            "function_name": "get_workout_templates",
            "function_url_auth_type": null,
            "id": "AllowAPIGatewayInvoke-get_workout_templates",
            "principal": "apigateway.amazonaws.com",
            "principal_org_id": null,
            "qualifier": "",
            "source_account": null,
            "source_arn": "arn:aws:execute-api:us-east-2:857360184083:fyc4wanzoa/*/*",
            "statement_id": "AllowAPIGatewayInvoke-get_workout_templates",
            "statement_id_prefix": ""
          },
          "sensitive_attributes": [],
          "identity_schema_version": 0,
          "private": "bnVsbA==",
          "dependencies": [
            "aws_api_gateway_rest_api.main",
            "aws_db_instance.default",
            "aws_db_subnet_group.rds_private",
            "aws_iam_role.lambda_role",
            "aws_iam_role_policy_attachment.lambda_rds_auth",
            "aws_lambda_function.lambdas",
            "aws_lambda_layer_version.rds",
            "aws_security_group.lambda_sg",
            "aws_subnet.private_subnet1",
            "aws_subnet.private_subnet2",
            "data.archive_file.lambda_archives",
            "data.archive_file.rds_layer",
            "data.aws_availability_zones.available",
            "data.aws_vpc.default"
          ]
        },
        {
          "index_key": "coaches/invite_athlete",
          "schema_version": 0,
          "attributes": {
            "action": "lambda:InvokeFunction",
            "event_source_token": null,
            "function_name": "invite_athlete",
            "function_url_auth_type": null,
            "id": "AllowAPIGatewayInvoke-invite_athlete",
            "principal": "apigateway.amazonaws.com",
            "principal_org_id": null,
            "qualifier": "",
            "source_account": null,
            "source_arn": "arn:aws:execute-api:us-east-2:857360184083:fyc4wanzoa/*/*",
            "statement_id": "AllowAPIGatewayInvoke-invite_athlete",
            "statement_id_prefix": ""
          },
          "sensitive_attributes": [],
          "identity_schema_version": 0,
          "private": "bnVsbA==",
          "dependencies": [
            "aws_api_gateway_rest_api.main",
            "aws_db_instance.default",
            "aws_db_subnet_group.rds_private",
            "aws_iam_role.lambda_role",
            "aws_iam_role_policy_attachment.lambda_rds_auth",
            "aws_lambda_function.lambdas",
            "aws_lambda_layer_version.rds",
            "aws_security_group.lambda_sg",
            "aws_subnet.private_subnet1",
            "aws_subnet.private_subnet2",
            "data.archive_file.lambda_archives",
            "data.archive_file.rds_layer",
            "data.aws_availability_zones.available",
            "data.aws_vpc.default"
          ]
        },
        {
          "index_key": "coaches/remove_group_athlete",
          "schema_version": 0,
          "attributes": {
            "action": "lambda:InvokeFunction",
            "event_source_token": null,
            "function_name": "remove_group_athlete",
            "function_url_auth_type": null,
            "id": "AllowAPIGatewayInvoke-remove_group_athlete",
            "principal": "apigateway.amazonaws.com",
            "principal_org_id": null,
            "qualifier": "",
            "source_account": null,
            "source_arn": "arn:aws:execute-api:us-east-2:857360184083:fyc4wanzoa/*/*",
            "statement_id": "AllowAPIGatewayInvoke-remove_group_athlete",
            "statement_id_prefix": ""
          },
          "sensitive_attributes": [],
          "identity_schema_version": 0,
          "private": "bnVsbA==",
          "dependencies": [
            "aws_api_gateway_rest_api.main",
            "aws_db_instance.default",
            "aws_db_subnet_group.rds_private",
            "aws_iam_role.lambda_role",
            "aws_iam_role_policy_attachment.lambda_rds_auth",
            "aws_lambda_function.lambdas",
            "aws_lambda_layer_version.rds",
            "aws_security_group.lambda_sg",
            "aws_subnet.private_subnet1",
            "aws_subnet.private_subnet2",
            "data.archive_file.lambda_archives",
            "data.archive_file.rds_layer",
            "data.aws_availability_zones.available",
            "data.aws_vpc.default"
          ]
        },
        {
          "index_key": "coaches/search_athletes",
          "schema_version": 0,
          "attributes": {
            "action": "lambda:InvokeFunction",
            "event_source_token": null,
            "function_name": "search_athletes",
            "function_url_auth_type": null,
            "id": "AllowAPIGatewayInvoke-search_athletes",
            "principal": "apigateway.amazonaws.com",
            "principal_org_id": null,
            "qualifier": "",
            "source_account": null,
            "source_arn": "arn:aws:execute-api:us-east-2:857360184083:fyc4wanzoa/*/*",
            "statement_id": "AllowAPIGatewayInvoke-search_athletes",
            "statement_id_prefix": ""
          },
          "sensitive_attributes": [],
          "identity_schema_version": 0,
          "private": "bnVsbA==",
          "dependencies": [
            "aws_api_gateway_rest_api.main",
            "aws_db_instance.default",
            "aws_db_subnet_group.rds_private",
            "aws_iam_role.lambda_role",
            "aws_iam_role_policy_attachment.lambda_rds_auth",
            "aws_lambda_function.lambdas",
            "aws_lambda_layer_version.rds",
            "aws_security_group.lambda_sg",
            "aws_subnet.private_subnet1",
            "aws_subnet.private_subnet2",
            "data.archive_file.lambda_archives",
            "data.archive_file.rds_layer",
            "data.aws_availability_zones.available",
            "data.aws_vpc.default"
          ]
        },
        {
          "index_key": "coaches/update_coach_profile",
          "schema_version": 0,
          "attributes": {
            "action": "lambda:InvokeFunction",
            "event_source_token": null,
            "function_name": "update_coach_profile",
            "function_url_auth_type": null,
            "id": "AllowAPIGatewayInvoke-update_coach_profile",
            "principal": "apigateway.amazonaws.com",
            "principal_org_id": null,
            "qualifier": "",
            "source_account": null,
            "source_arn": "arn:aws:execute-api:us-east-2:857360184083:fyc4wanzoa/*/*",
            "statement_id": "AllowAPIGatewayInvoke-update_coach_profile",
            "statement_id_prefix": ""
          },
          "sensitive_attributes": [],
          "identity_schema_version": 0,
          "private": "bnVsbA==",
          "dependencies": [
            "aws_api_gateway_rest_api.main",
            "aws_db_instance.default",
            "aws_db_subnet_group.rds_private",
            "aws_iam_role.lambda_role",
            "aws_iam_role_policy_attachment.lambda_rds_auth",
            "aws_lambda_function.lambdas",
            "aws_lambda_layer_version.rds",
            "aws_security_group.lambda_sg",
            "aws_subnet.private_subnet1",
            "aws_subnet.private_subnet2",
            "data.archive_file.lambda_archives",
            "data.archive_file.rds_layer",
            "data.aws_availability_zones.available",
            "data.aws_vpc.default"
          ]
        },
        {
          "index_key": "coaches/view_athlete_requests",
          "schema_version": 0,
          "attributes": {
            "action": "lambda:InvokeFunction",
            "event_source_token": null,
            "function_name": "view_athlete_requests",
            "function_url_auth_type": null,
            "id": "AllowAPIGatewayInvoke-view_athlete_requests",
            "principal": "apigateway.amazonaws.com",
            "principal_org_id": null,
            "qualifier": "",
            "source_account": null,
            "source_arn": "arn:aws:execute-api:us-east-2:857360184083:fyc4wanzoa/*/*",
            "statement_id": "AllowAPIGatewayInvoke-view_athlete_requests",
            "statement_id_prefix": ""
          },
          "sensitive_attributes": [],
          "identity_schema_version": 0,
          "private": "bnVsbA==",
          "dependencies": [
            "aws_api_gateway_rest_api.main",
            "aws_db_instance.default",
            "aws_db_subnet_group.rds_private",
            "aws_iam_role.lambda_role",
            "aws_iam_role_policy_attachment.lambda_rds_auth",
            "aws_lambda_function.lambdas",
            "aws_lambda_layer_version.rds",
            "aws_security_group.lambda_sg",
            "aws_subnet.private_subnet1",
            "aws_subnet.private_subnet2",
            "data.archive_file.lambda_archives",
            "data.archive_file.rds_layer",
            "data.aws_availability_zones.available",
            "data.aws_vpc.default"
          ]
        },
        {
          "index_key": "general/fetch_historical_data",
          "schema_version": 0,
          "attributes": {
            "action": "lambda:InvokeFunction",
            "event_source_token": null,
            "function_name": "fetch_historical_data",
            "function_url_auth_type": null,
            "id": "AllowAPIGatewayInvoke-fetch_historical_data",
            "principal": "apigateway.amazonaws.com",
            "principal_org_id": null,
            "qualifier": "",
            "source_account": null,
            "source_arn": "arn:aws:execute-api:us-east-2:857360184083:fyc4wanzoa/*/*",
            "statement_id": "AllowAPIGatewayInvoke-fetch_historical_data",
            "statement_id_prefix": ""
          },
          "sensitive_attributes": [],
          "identity_schema_version": 0,
          "private": "bnVsbA==",
          "dependencies": [
            "aws_api_gateway_rest_api.main",
            "aws_db_instance.default",
            "aws_db_subnet_group.rds_private",
            "aws_iam_role.lambda_role",
            "aws_iam_role_policy_attachment.lambda_rds_auth",
            "aws_lambda_function.lambdas",
            "aws_lambda_layer_version.rds",
            "aws_security_group.lambda_sg",
            "aws_subnet.private_subnet1",
            "aws_subnet.private_subnet2",
            "data.archive_file.lambda_archives",
            "data.archive_file.rds_layer",
            "data.aws_availability_zones.available",
            "data.aws_vpc.default"
          ]
        },
        {
          "index_key": "general/get_athletes_for_group",
          "schema_version": 0,
          "attributes": {
            "action": "lambda:InvokeFunction",
            "event_source_token": null,
            "function_name": "get_athletes_for_group",
            "function_url_auth_type": null,
            "id": "AllowAPIGatewayInvoke-get_athletes_for_group",
            "principal": "apigateway.amazonaws.com",
            "principal_org_id": null,
            "qualifier": "",
            "source_account": null,
            "source_arn": "arn:aws:execute-api:us-east-2:857360184083:fyc4wanzoa/*/*",
            "statement_id": "AllowAPIGatewayInvoke-get_athletes_for_group",
            "statement_id_prefix": ""
          },
          "sensitive_attributes": [],
          "identity_schema_version": 0,
          "private": "bnVsbA==",
          "dependencies": [
            "aws_api_gateway_rest_api.main",
            "aws_db_instance.default",
            "aws_db_subnet_group.rds_private",
            "aws_iam_role.lambda_role",
            "aws_iam_role_policy_attachment.lambda_rds_auth",
            "aws_lambda_function.lambdas",
            "aws_lambda_layer_version.rds",
            "aws_security_group.lambda_sg",
            "aws_subnet.private_subnet1",
            "aws_subnet.private_subnet2",
            "data.archive_file.lambda_archives",
            "data.archive_file.rds_layer",
            "data.aws_availability_zones.available",
            "data.aws_vpc.default"
          ]
        },
        {
          "index_key": "general/get_group_workout",
          "schema_version": 0,
          "attributes": {
            "action": "lambda:InvokeFunction",
            "event_source_token": null,
            "function_name": "get_group_workout",
            "function_url_auth_type": null,
            "id": "AllowAPIGatewayInvoke-get_group_workout",
            "principal": "apigateway.amazonaws.com",
            "principal_org_id": null,
            "qualifier": "",
            "source_account": null,
            "source_arn": "arn:aws:execute-api:us-east-2:857360184083:fyc4wanzoa/*/*",
            "statement_id": "AllowAPIGatewayInvoke-get_group_workout",
            "statement_id_prefix": ""
          },
          "sensitive_attributes": [],
          "identity_schema_version": 0,
          "private": "bnVsbA==",
          "dependencies": [
            "aws_api_gateway_rest_api.main",
            "aws_db_instance.default",
            "aws_db_subnet_group.rds_private",
            "aws_iam_role.lambda_role",
            "aws_iam_role_policy_attachment.lambda_rds_auth",
            "aws_lambda_function.lambdas",
            "aws_lambda_layer_version.rds",
            "aws_security_group.lambda_sg",
            "aws_subnet.private_subnet1",
            "aws_subnet.private_subnet2",
            "data.archive_file.lambda_archives",
            "data.archive_file.rds_layer",
            "data.aws_availability_zones.available",
            "data.aws_vpc.default"
          ]
        },
        {
          "index_key": "general/get_groups",
          "schema_version": 0,
          "attributes": {
            "action": "lambda:InvokeFunction",
            "event_source_token": null,
            "function_name": "get_groups",
            "function_url_auth_type": null,
            "id": "AllowAPIGatewayInvoke-get_groups",
            "principal": "apigateway.amazonaws.com",
            "principal_org_id": null,
            "qualifier": "",
            "source_account": null,
            "source_arn": "arn:aws:execute-api:us-east-2:857360184083:fyc4wanzoa/*/*",
            "statement_id": "AllowAPIGatewayInvoke-get_groups",
            "statement_id_prefix": ""
          },
          "sensitive_attributes": [],
          "identity_schema_version": 0,
          "private": "bnVsbA==",
          "dependencies": [
            "aws_api_gateway_rest_api.main",
            "aws_db_instance.default",
            "aws_db_subnet_group.rds_private",
            "aws_iam_role.lambda_role",
            "aws_iam_role_policy_attachment.lambda_rds_auth",
            "aws_lambda_function.lambdas",
            "aws_lambda_layer_version.rds",
            "aws_security_group.lambda_sg",
            "aws_subnet.private_subnet1",
            "aws_subnet.private_subnet2",
            "data.archive_file.lambda_archives",
            "data.archive_file.rds_layer",
            "data.aws_availability_zones.available",
            "data.aws_vpc.default"
          ]
        },
        {
          "index_key": "general/get_pending_proposals",
          "schema_version": 0,
          "attributes": {
            "action": "lambda:InvokeFunction",
            "event_source_token": null,
            "function_name": "get_pending_proposals",
            "function_url_auth_type": null,
            "id": "AllowAPIGatewayInvoke-get_pending_proposals",
            "principal": "apigateway.amazonaws.com",
            "principal_org_id": null,
            "qualifier": "",
            "source_account": null,
            "source_arn": "arn:aws:execute-api:us-east-2:857360184083:fyc4wanzoa/*/*",
            "statement_id": "AllowAPIGatewayInvoke-get_pending_proposals",
            "statement_id_prefix": ""
          },
          "sensitive_attributes": [],
          "identity_schema_version": 0,
          "private": "bnVsbA==",
          "dependencies": [
            "aws_api_gateway_rest_api.main",
            "aws_db_instance.default",
            "aws_db_subnet_group.rds_private",
            "aws_iam_role.lambda_role",
            "aws_iam_role_policy_attachment.lambda_rds_auth",
            "aws_lambda_function.lambdas",
            "aws_lambda_layer_version.rds",
            "aws_security_group.lambda_sg",
            "aws_subnet.private_subnet1",
            "aws_subnet.private_subnet2",
            "data.archive_file.lambda_archives",
            "data.archive_file.rds_layer",
            "data.aws_availability_zones.available",
            "data.aws_vpc.default"
          ]
        },
        {
          "index_key": "general/get_user",
          "schema_version": 0,
          "attributes": {
            "action": "lambda:InvokeFunction",
            "event_source_token": null,
            "function_name": "get_user",
            "function_url_auth_type": null,
            "id": "AllowAPIGatewayInvoke-get_user",
            "principal": "apigateway.amazonaws.com",
            "principal_org_id": null,
            "qualifier": "",
            "source_account": null,
            "source_arn": "arn:aws:execute-api:us-east-2:857360184083:fyc4wanzoa/*/*",
            "statement_id": "AllowAPIGatewayInvoke-get_user",
            "statement_id_prefix": ""
          },
          "sensitive_attributes": [],
          "identity_schema_version": 0,
          "private": "bnVsbA==",
          "dependencies": [
            "aws_api_gateway_rest_api.main",
            "aws_db_instance.default",
            "aws_db_subnet_group.rds_private",
            "aws_iam_role.lambda_role",
            "aws_iam_role_policy_attachment.lambda_rds_auth",
            "aws_lambda_function.lambdas",
            "aws_lambda_layer_version.rds",
            "aws_security_group.lambda_sg",
            "aws_subnet.private_subnet1",
            "aws_subnet.private_subnet2",
            "data.archive_file.lambda_archives",
            "data.archive_file.rds_layer",
            "data.aws_availability_zones.available",
            "data.aws_vpc.default"
          ]
        },
        {
          "index_key": "general/remove_coach_athlete",
          "schema_version": 0,
          "attributes": {
            "action": "lambda:InvokeFunction",
            "event_source_token": null,
            "function_name": "remove_coach_athlete",
            "function_url_auth_type": null,
            "id": "AllowAPIGatewayInvoke-remove_coach_athlete",
            "principal": "apigateway.amazonaws.com",
            "principal_org_id": null,
            "qualifier": "",
            "source_account": null,
            "source_arn": "arn:aws:execute-api:us-east-2:857360184083:fyc4wanzoa/*/*",
            "statement_id": "AllowAPIGatewayInvoke-remove_coach_athlete",
            "statement_id_prefix": ""
          },
          "sensitive_attributes": [],
          "identity_schema_version": 0,
          "private": "bnVsbA==",
          "dependencies": [
            "aws_api_gateway_rest_api.main",
            "aws_db_instance.default",
            "aws_db_subnet_group.rds_private",
            "aws_iam_role.lambda_role",
            "aws_iam_role_policy_attachment.lambda_rds_auth",
            "aws_lambda_function.lambdas",
            "aws_lambda_layer_version.rds",
            "aws_security_group.lambda_sg",
            "aws_subnet.private_subnet1",
            "aws_subnet.private_subnet2",
            "data.archive_file.lambda_archives",
            "data.archive_file.rds_layer",
            "data.aws_availability_zones.available",
            "data.aws_vpc.default"
          ]
        },
        {
          "index_key": "general/view_group_inputs",
          "schema_version": 0,
          "attributes": {
            "action": "lambda:InvokeFunction",
            "event_source_token": null,
            "function_name": "view_group_inputs",
            "function_url_auth_type": null,
            "id": "AllowAPIGatewayInvoke-view_group_inputs",
            "principal": "apigateway.amazonaws.com",
            "principal_org_id": null,
            "qualifier": "",
            "source_account": null,
            "source_arn": "arn:aws:execute-api:us-east-2:857360184083:fyc4wanzoa/*/*",
            "statement_id": "AllowAPIGatewayInvoke-view_group_inputs",
            "statement_id_prefix": ""
          },
          "sensitive_attributes": [],
          "identity_schema_version": 0,
          "private": "bnVsbA==",
          "dependencies": [
            "aws_api_gateway_rest_api.main",
            "aws_db_instance.default",
            "aws_db_subnet_group.rds_private",
            "aws_iam_role.lambda_role",
            "aws_iam_role_policy_attachment.lambda_rds_auth",
            "aws_lambda_function.lambdas",
            "aws_lambda_layer_version.rds",
            "aws_security_group.lambda_sg",
            "aws_subnet.private_subnet1",
            "aws_subnet.private_subnet2",
            "data.archive_file.lambda_archives",
            "data.archive_file.rds_layer",
            "data.aws_availability_zones.available",
            "data.aws_vpc.default"
          ]
        }
      ]
    },
    {
      "mode": "managed",
      "type": "aws_route_table",
      "name": "bastion_route_table",
      "provider": "provider[\"registry.terraform.io/hashicorp/aws\"]",
      "instances": [
        {
          "schema_version": 0,
          "attributes": {
            "arn": "arn:aws:ec2:us-east-2:857360184083:route-table/rtb-07d85cbefc6cb3df3",
            "id": "rtb-07d85cbefc6cb3df3",
            "owner_id": "857360184083",
            "propagating_vgws": [],
            "route": [
              {
                "carrier_gateway_id": "",
                "cidr_block": "0.0.0.0/0",
                "core_network_arn": "",
                "destination_prefix_list_id": "",
                "egress_only_gateway_id": "",
                "gateway_id": "igw-0c9633e3942b979dc",
                "ipv6_cidr_block": "",
                "local_gateway_id": "",
                "nat_gateway_id": "",
                "network_interface_id": "",
                "transit_gateway_id": "",
                "vpc_endpoint_id": "",
                "vpc_peering_connection_id": ""
              }
            ],
            "tags": {
              "Name": "bastion-public-route-table"
            },
            "tags_all": {
              "Name": "bastion-public-route-table"
            },
            "timeouts": null,
            "vpc_id": "vpc-00ce2d8f8e6ecb305"
          },
          "sensitive_attributes": [],
          "identity_schema_version": 0,
          "private": "eyJlMmJmYjczMC1lY2FhLTExZTYtOGY4OC0zNDM2M2JjN2M0YzAiOnsiY3JlYXRlIjozMDAwMDAwMDAwMDAsImRlbGV0ZSI6MzAwMDAwMDAwMDAwLCJ1cGRhdGUiOjEyMDAwMDAwMDAwMH19",
          "dependencies": [
            "data.aws_internet_gateway.default",
            "data.aws_vpc.default"
          ]
        }
      ]
    },
    {
      "mode": "managed",
      "type": "aws_route_table_association",
      "name": "bastion_igw_association",
      "provider": "provider[\"registry.terraform.io/hashicorp/aws\"]",
      "instances": [
        {
          "schema_version": 0,
          "attributes": {
            "gateway_id": "",
            "id": "rtbassoc-025d9d654bc5895ef",
            "route_table_id": "rtb-07d85cbefc6cb3df3",
            "subnet_id": "subnet-03bd14806d15005e8",
            "timeouts": null
          },
          "sensitive_attributes": [],
          "identity_schema_version": 0,
          "private": "eyJlMmJmYjczMC1lY2FhLTExZTYtOGY4OC0zNDM2M2JjN2M0YzAiOnsiY3JlYXRlIjozMDAwMDAwMDAwMDAsImRlbGV0ZSI6MzAwMDAwMDAwMDAwLCJ1cGRhdGUiOjEyMDAwMDAwMDAwMH19",
          "dependencies": [
            "aws_route_table.bastion_route_table",
            "aws_subnet.bastion_subnet",
            "data.aws_availability_zones.available",
            "data.aws_internet_gateway.default",
            "data.aws_vpc.default"
          ]
        }
      ]
    },
    {
      "mode": "managed",
      "type": "aws_security_group",
      "name": "bastion_sg",
      "provider": "provider[\"registry.terraform.io/hashicorp/aws\"]",
      "instances": [
        {
          "schema_version": 1,
          "attributes": {
            "arn": "arn:aws:ec2:us-east-2:857360184083:security-group/sg-065c33c42218e09fe",
            "description": "Security group for the bastion host",
            "egress": [
              {
                "cidr_blocks": [
                  "0.0.0.0/0"
                ],
                "description": "",
                "from_port": 0,
                "ipv6_cidr_blocks": [],
                "prefix_list_ids": [],
                "protocol": "-1",
                "security_groups": [],
                "self": false,
                "to_port": 0
              },
              {
                "cidr_blocks": [],
                "description": "",
                "from_port": 5432,
                "ipv6_cidr_blocks": [],
                "prefix_list_ids": [],
                "protocol": "tcp",
                "security_groups": [
                  "sg-0b98a1e54096ed585"
                ],
                "self": false,
                "to_port": 5432
              }
            ],
            "id": "sg-065c33c42218e09fe",
            "ingress": [
              {
                "cidr_blocks": [
                  "98.10.39.224/32"
                ],
                "description": "",
                "from_port": 22,
                "ipv6_cidr_blocks": [],
                "prefix_list_ids": [],
                "protocol": "tcp",
                "security_groups": [],
                "self": false,
                "to_port": 22
              }
            ],
            "name": "bastion-security-group",
            "name_prefix": "",
            "owner_id": "857360184083",
            "revoke_rules_on_delete": false,
            "tags": {},
            "tags_all": {},
            "timeouts": null,
            "vpc_id": "vpc-00ce2d8f8e6ecb305"
          },
          "sensitive_attributes": [],
          "identity_schema_version": 0,
          "private": "eyJlMmJmYjczMC1lY2FhLTExZTYtOGY4OC0zNDM2M2JjN2M0YzAiOnsiY3JlYXRlIjo2MDAwMDAwMDAwMDAsImRlbGV0ZSI6OTAwMDAwMDAwMDAwfSwic2NoZW1hX3ZlcnNpb24iOiIxIn0=",
          "dependencies": [
            "data.aws_security_group.default",
            "data.aws_vpc.default",
            "data.http.myip"
          ]
        }
      ]
    },
    {
      "mode": "managed",
      "type": "aws_security_group",
      "name": "lambda_sg",
      "provider": "provider[\"registry.terraform.io/hashicorp/aws\"]",
      "instances": [
        {
          "schema_version": 1,
          "attributes": {
            "arn": "arn:aws:ec2:us-east-2:857360184083:security-group/sg-0bd1fa78c58ba0495",
            "description": "Security group for Lambda functions",
            "egress": [
              {
                "cidr_blocks": [
                  "0.0.0.0/0"
                ],
                "description": "",
                "from_port": 0,
                "ipv6_cidr_blocks": [],
                "prefix_list_ids": [],
                "protocol": "-1",
                "security_groups": [],
                "self": false,
                "to_port": 0
              }
            ],
            "id": "sg-0bd1fa78c58ba0495",
            "ingress": [],
            "name": "lambda_sg",
            "name_prefix": "",
            "owner_id": "857360184083",
            "revoke_rules_on_delete": false,
            "tags": {},
            "tags_all": {},
            "timeouts": null,
            "vpc_id": "vpc-00ce2d8f8e6ecb305"
          },
          "sensitive_attributes": [],
          "identity_schema_version": 0,
          "private": "eyJlMmJmYjczMC1lY2FhLTExZTYtOGY4OC0zNDM2M2JjN2M0YzAiOnsiY3JlYXRlIjo2MDAwMDAwMDAwMDAsImRlbGV0ZSI6OTAwMDAwMDAwMDAwfSwic2NoZW1hX3ZlcnNpb24iOiIxIn0=",
          "dependencies": [
            "data.aws_vpc.default"
          ],
          "create_before_destroy": true
        }
      ]
    },
    {
      "mode": "managed",
      "type": "aws_security_group_rule",
      "name": "allow_bastion_to_rds",
      "provider": "provider[\"registry.terraform.io/hashicorp/aws\"]",
      "instances": [
        {
          "schema_version": 2,
          "attributes": {
            "cidr_blocks": null,
            "description": null,
            "from_port": 5432,
            "id": "sgrule-3403227553",
            "ipv6_cidr_blocks": null,
            "prefix_list_ids": null,
            "protocol": "tcp",
            "security_group_id": "sg-0b98a1e54096ed585",
            "security_group_rule_id": "sgr-01d030f3959c13177",
            "self": false,
            "source_security_group_id": "sg-065c33c42218e09fe",
            "timeouts": null,
            "to_port": 5432,
            "type": "ingress"
          },
          "sensitive_attributes": [],
          "identity_schema_version": 0,
          "private": "eyJlMmJmYjczMC1lY2FhLTExZTYtOGY4OC0zNDM2M2JjN2M0YzAiOnsiY3JlYXRlIjozMDAwMDAwMDAwMDB9LCJzY2hlbWFfdmVyc2lvbiI6IjIifQ==",
          "dependencies": [
            "aws_security_group.bastion_sg",
            "data.aws_security_group.default",
            "data.aws_vpc.default",
            "data.http.myip"
          ]
        }
      ]
    },
    {
      "mode": "managed",
      "type": "aws_security_group_rule",
      "name": "allow_lambda_to_rds",
      "provider": "provider[\"registry.terraform.io/hashicorp/aws\"]",
      "instances": [
        {
          "schema_version": 2,
          "attributes": {
            "cidr_blocks": null,
            "description": null,
            "from_port": 5432,
            "id": "sgrule-2700203219",
            "ipv6_cidr_blocks": null,
            "prefix_list_ids": null,
            "protocol": "tcp",
            "security_group_id": "sg-0b98a1e54096ed585",
            "security_group_rule_id": "sgr-04a8157666dc0e688",
            "self": false,
            "source_security_group_id": "sg-0bd1fa78c58ba0495",
            "timeouts": null,
            "to_port": 5432,
            "type": "ingress"
          },
          "sensitive_attributes": [],
          "identity_schema_version": 0,
          "private": "eyJlMmJmYjczMC1lY2FhLTExZTYtOGY4OC0zNDM2M2JjN2M0YzAiOnsiY3JlYXRlIjozMDAwMDAwMDAwMDB9LCJzY2hlbWFfdmVyc2lvbiI6IjIifQ==",
          "dependencies": [
            "aws_security_group.lambda_sg",
            "data.aws_security_group.default",
            "data.aws_vpc.default"
          ]
        }
      ]
    },
    {
      "mode": "managed",
      "type": "aws_subnet",
      "name": "bastion_subnet",
      "provider": "provider[\"registry.terraform.io/hashicorp/aws\"]",
      "instances": [
        {
          "schema_version": 1,
          "attributes": {
            "arn": "arn:aws:ec2:us-east-2:857360184083:subnet/subnet-03bd14806d15005e8",
            "assign_ipv6_address_on_creation": false,
            "availability_zone": "us-east-2a",
            "availability_zone_id": "use2-az1",
            "cidr_block": "172.31.80.0/20",
            "customer_owned_ipv4_pool": "",
            "enable_dns64": false,
            "enable_lni_at_device_index": 0,
            "enable_resource_name_dns_a_record_on_launch": false,
            "enable_resource_name_dns_aaaa_record_on_launch": false,
            "id": "subnet-03bd14806d15005e8",
            "ipv6_cidr_block": "",
            "ipv6_cidr_block_association_id": "",
            "ipv6_native": false,
            "map_customer_owned_ip_on_launch": false,
            "map_public_ip_on_launch": false,
            "outpost_arn": "",
            "owner_id": "857360184083",
            "private_dns_hostname_type_on_launch": "ip-name",
            "tags": {
              "Name": "bastion-public-subnet-1",
              "type": "public"
            },
            "tags_all": {
              "Name": "bastion-public-subnet-1",
              "type": "public"
            },
            "timeouts": null,
            "vpc_id": "vpc-00ce2d8f8e6ecb305"
          },
          "sensitive_attributes": [],
          "identity_schema_version": 0,
          "private": "eyJlMmJmYjczMC1lY2FhLTExZTYtOGY4OC0zNDM2M2JjN2M0YzAiOnsiY3JlYXRlIjo2MDAwMDAwMDAwMDAsImRlbGV0ZSI6MTIwMDAwMDAwMDAwMH0sInNjaGVtYV92ZXJzaW9uIjoiMSJ9",
          "dependencies": [
            "data.aws_availability_zones.available",
            "data.aws_vpc.default"
          ]
        }
      ]
    },
    {
      "mode": "managed",
      "type": "aws_subnet",
      "name": "private_subnet1",
      "provider": "provider[\"registry.terraform.io/hashicorp/aws\"]",
      "instances": [
        {
          "schema_version": 1,
          "attributes": {
            "arn": "arn:aws:ec2:us-east-2:857360184083:subnet/subnet-0db35c13edd7c98e9",
            "assign_ipv6_address_on_creation": false,
            "availability_zone": "us-east-2a",
            "availability_zone_id": "use2-az1",
            "cidr_block": "172.31.48.0/20",
            "customer_owned_ipv4_pool": "",
            "enable_dns64": false,
            "enable_lni_at_device_index": 0,
            "enable_resource_name_dns_a_record_on_launch": false,
            "enable_resource_name_dns_aaaa_record_on_launch": false,
            "id": "subnet-0db35c13edd7c98e9",
            "ipv6_cidr_block": "",
            "ipv6_cidr_block_association_id": "",
            "ipv6_native": false,
            "map_customer_owned_ip_on_launch": false,
            "map_public_ip_on_launch": false,
            "outpost_arn": "",
            "owner_id": "857360184083",
            "private_dns_hostname_type_on_launch": "ip-name",
            "tags": {
              "Name": "trackme-private-subnet-1",
              "type": "private"
            },
            "tags_all": {
              "Name": "trackme-private-subnet-1",
              "type": "private"
            },
            "timeouts": null,
            "vpc_id": "vpc-00ce2d8f8e6ecb305"
          },
          "sensitive_attributes": [],
          "identity_schema_version": 0,
          "private": "eyJlMmJmYjczMC1lY2FhLTExZTYtOGY4OC0zNDM2M2JjN2M0YzAiOnsiY3JlYXRlIjo2MDAwMDAwMDAwMDAsImRlbGV0ZSI6MTIwMDAwMDAwMDAwMH0sInNjaGVtYV92ZXJzaW9uIjoiMSJ9",
          "dependencies": [
            "data.aws_availability_zones.available",
            "data.aws_vpc.default"
          ],
          "create_before_destroy": true
        }
      ]
    },
    {
      "mode": "managed",
      "type": "aws_subnet",
      "name": "private_subnet2",
      "provider": "provider[\"registry.terraform.io/hashicorp/aws\"]",
      "instances": [
        {
          "schema_version": 1,
          "attributes": {
            "arn": "arn:aws:ec2:us-east-2:857360184083:subnet/subnet-09b6e632d01fcb525",
            "assign_ipv6_address_on_creation": false,
            "availability_zone": "us-east-2b",
            "availability_zone_id": "use2-az2",
            "cidr_block": "172.31.64.0/20",
            "customer_owned_ipv4_pool": "",
            "enable_dns64": false,
            "enable_lni_at_device_index": 0,
            "enable_resource_name_dns_a_record_on_launch": false,
            "enable_resource_name_dns_aaaa_record_on_launch": false,
            "id": "subnet-09b6e632d01fcb525",
            "ipv6_cidr_block": "",
            "ipv6_cidr_block_association_id": "",
            "ipv6_native": false,
            "map_customer_owned_ip_on_launch": false,
            "map_public_ip_on_launch": false,
            "outpost_arn": "",
            "owner_id": "857360184083",
            "private_dns_hostname_type_on_launch": "ip-name",
            "tags": {
              "Name": "trackme-private-subnet-2",
              "type": "private"
            },
            "tags_all": {
              "Name": "trackme-private-subnet-2",
              "type": "private"
            },
            "timeouts": null,
            "vpc_id": "vpc-00ce2d8f8e6ecb305"
          },
          "sensitive_attributes": [],
          "identity_schema_version": 0,
          "private": "eyJlMmJmYjczMC1lY2FhLTExZTYtOGY4OC0zNDM2M2JjN2M0YzAiOnsiY3JlYXRlIjo2MDAwMDAwMDAwMDAsImRlbGV0ZSI6MTIwMDAwMDAwMDAwMH0sInNjaGVtYV92ZXJzaW9uIjoiMSJ9",
          "dependencies": [
            "data.aws_availability_zones.available",
            "data.aws_vpc.default"
          ],
          "create_before_destroy": true
        }
      ]
    },
    {
      "mode": "managed",
      "type": "null_resource",
      "name": "setup_rds_table",
      "provider": "provider[\"registry.terraform.io/hashicorp/null\"]",
      "instances": [
        {
          "schema_version": 0,
          "attributes": {
            "id": "6490222682426806786",
            "triggers": {
              "schema_hash": "5e47f2750567d999ef62d981c8c96ad2"
            }
          },
          "sensitive_attributes": [],
          "identity_schema_version": 0,
          "dependencies": [
            "aws_db_instance.default",
            "aws_db_subnet_group.rds_private",
            "aws_instance.bastion_host",
            "aws_security_group.bastion_sg",
            "aws_subnet.bastion_subnet",
            "aws_subnet.private_subnet1",
            "aws_subnet.private_subnet2",
            "data.aws_ami.amazon_linux",
            "data.aws_availability_zones.available",
            "data.aws_security_group.default",
            "data.aws_vpc.default",
            "data.http.myip"
          ]
        }
      ]
    }
  ],
  "check_results": null
}
