{
  "version": 4,
  "terraform_version": "1.12.2",
  "serial": 3126,
  "lineage": "5aa0c656-ee90-4c87-1f03-c8b5ac9787c5",
  "outputs": {
    "api_gateway_url": {
      "value": "https://buzzzp4ywk.execute-api.us-east-2.amazonaws.com/prod",
      "type": "string"
    },
    "bastion_host_public_ip": {
      "value": "3.144.224.80",
      "type": "string"
    },
    "rds_endpoint": {
      "value": "trackmedb.c9goe0ioosh0.us-east-2.rds.amazonaws.com:5432",
      "type": "string"
    }
  },
  "resources": [
    {
      "mode": "data",
      "type": "archive_file",
      "name": "lambda_archives",
      "provider": "provider[\"registry.terraform.io/hashicorp/archive\"]",
      "instances": [
        {
          "index_key": "add_athlete_to_group",
          "schema_version": 0,
          "attributes": {
            "exclude_symlink_directories": null,
            "excludes": null,
            "id": "411fdca2be006fe4b289e499fa2c97c5e0e38f00",
            "output_base64sha256": "YUoL7frGy7BwdLDFdaulCPUCfQhfelLZT61iKaTOZJo=",
            "output_base64sha512": "v5jJmOBYRJl5J3y2Oe4zb22w0h5BQOooyew0vrFrvnS/O8bOEOrA3KQsWdTrE2uQ52kg91MwygS2NyKYwym3Ag==",
            "output_file_mode": null,
            "output_md5": "924bf2d43657cc45da9617e3c172b3aa",
            "output_path": "./../Server/lambdas/coach/zips/add_athlete_to_group.zip",
            "output_sha": "411fdca2be006fe4b289e499fa2c97c5e0e38f00",
            "output_sha256": "614a0bedfac6cbb07074b0c575aba508f5027d085f7a52d94fad6229a4ce649a",
            "output_sha512": "bf98c998e058449979277cb639ee336f6db0d21e4140ea28c9ec34beb16bbe74bf3bc6ce10eac0dca42c59d4eb136b90e76920f75330ca04b6372298c329b702",
            "output_size": 2863,
            "source": [],
            "source_content": null,
            "source_content_filename": null,
            "source_dir": "./../Server/lambdas/coach/add_athlete_to_group",
            "source_file": null,
            "type": "zip"
          },
          "sensitive_attributes": [],
          "identity_schema_version": 0
        },
        {
          "index_key": "add_relation",
          "schema_version": 0,
          "attributes": {
            "exclude_symlink_directories": null,
            "excludes": null,
            "id": "e9bd124583ccf03baa65b49b2c9ea002e050cc89",
            "output_base64sha256": "ockak+TvtJc0VjaFfU57SglhA/WgQWrRJ1xDHWQOw50=",
            "output_base64sha512": "ynfJ+ue0yXegntS29j+g1JA1uXO7sPDIvFLRGfSnU+5/5jFZi5KIbrpYBwWsQ3g1ruKlO4NDC6q7n9RuGWy+eg==",
            "output_file_mode": null,
            "output_md5": "c169adf9d31d043f95f9d9f0aa68f3cc",
            "output_path": "./../Server/lambdas/relations/zips/add_relation.zip",
            "output_sha": "e9bd124583ccf03baa65b49b2c9ea002e050cc89",
            "output_sha256": "a1c91a93e4efb497345636857d4e7b4a096103f5a0416ad1275c431d640ec39d",
            "output_sha512": "ca77c9fae7b4c977a09ed4b6f63fa0d49035b973bbb0f0c8bc52d119f4a753ee7fe631598b92886eba580705ac437835aee2a53b83430baabb9fd46e196cbe7a",
            "output_size": 1996,
            "source": [],
            "source_content": null,
            "source_content_filename": null,
            "source_dir": "./../Server/lambdas/relations/add_relation",
            "source_file": null,
            "type": "zip"
          },
          "sensitive_attributes": [],
          "identity_schema_version": 0
        },
        {
          "index_key": "assign_group_workout",
          "schema_version": 0,
          "attributes": {
            "exclude_symlink_directories": null,
            "excludes": null,
            "id": "a10f4ec07681692464b09471a22a881b13822913",
            "output_base64sha256": "Upb/3HytE3t6RvFj9ktlcyOJCE1USjCeHUVfj0cN3r8=",
            "output_base64sha512": "6CEqG1/STfYy3Js5i0i93QR5NlRtDtYoGs7Y1vTobVPh2DU49b1gZcgUk1Ql5vAL02LqCEllPVMuNEiJj7dS6g==",
            "output_file_mode": null,
            "output_md5": "25d73ba642d72625bbf54bb14e91609a",
            "output_path": "./../Server/lambdas/coach/zips/assign_group_workout.zip",
            "output_sha": "a10f4ec07681692464b09471a22a881b13822913",
            "output_sha256": "5296ffdc7cad137b7a46f163f64b65732389084d544a309e1d455f8f470ddebf",
            "output_sha512": "e8212a1b5fd24df632dc9b398b48bddd047936546d0ed6281aced8d6f4e86d53e1d83538f5bd6065c814935425e6f00bd362ea0849653d532e3448898fb752ea",
            "output_size": 3505,
            "source": [],
            "source_content": null,
            "source_content_filename": null,
            "source_dir": "./../Server/lambdas/coach/assign_group_workout",
            "source_file": null,
            "type": "zip"
          },
          "sensitive_attributes": [],
          "identity_schema_version": 0
        },
        {
          "index_key": "assign_group_workout_template",
          "schema_version": 0,
          "attributes": {
            "exclude_symlink_directories": null,
            "excludes": null,
            "id": "d15ffef072cf76acef1d992c65eb3df69e89f330",
            "output_base64sha256": "Dq5CapfEEYYULcsXmdVd29FEr7MDMU0H+AQA2ikSTCc=",
            "output_base64sha512": "zrkuR7h7iNYSQQ6MSEL2ag7H8G3wtS0zwwhIMauEsW3JVvqA/gV+Bzonudg7HlNEh4jxE4IN4j5PrAwfNECbvA==",
            "output_file_mode": null,
            "output_md5": "0fa3a5037890232e643e0b72e8f30534",
            "output_path": "./../Server/lambdas/coach/zips/assign_group_workout_template.zip",
            "output_sha": "d15ffef072cf76acef1d992c65eb3df69e89f330",
            "output_sha256": "0eae426a97c41186142dcb1799d55ddbd144afb303314d07f80400da29124c27",
            "output_sha512": "ceb92e47b87b88d612410e8c4842f66a0ec7f06df0b52d33c3084831ab84b16dc956fa80fe057e073a27b9d83b1e53448788f113820de23e4fac0c1f34409bbc",
            "output_size": 3794,
            "source": [],
            "source_content": null,
            "source_content_filename": null,
            "source_dir": "./../Server/lambdas/coach/assign_group_workout_template",
            "source_file": null,
            "type": "zip"
          },
          "sensitive_attributes": [],
          "identity_schema_version": 0
        },
        {
          "index_key": "create_group",
          "schema_version": 0,
          "attributes": {
            "exclude_symlink_directories": null,
            "excludes": null,
            "id": "0db731e681c37a96e25813a681d888faf634c009",
            "output_base64sha256": "ADsaSN8fl63TL30ssoUkw2dFCLxq6mGNU0WQXVIbwXI=",
            "output_base64sha512": "o50gNXsTaieo4zupw537djqDXMrtOzqLTgtfDZojCV2FPndwbC1SKVTPtGpLKeOsJhBFzI82M+dbDHR+FkuWQA==",
            "output_file_mode": null,
            "output_md5": "6d46946993ecd700b6ea93c5b15fcbf7",
            "output_path": "./../Server/lambdas/coach/zips/create_group.zip",
            "output_sha": "0db731e681c37a96e25813a681d888faf634c009",
            "output_sha256": "003b1a48df1f97add32f7d2cb28524c3674508bc6aea618d5345905d521bc172",
            "output_sha512": "a39d20357b136a27a8e33ba9c39dfb763a835ccaed3b3a8b4e0b5f0d9a23095d853e77706c2d522954cfb46a4b29e3ac261045cc8f3633e75b0c747e164b9640",
            "output_size": 2871,
            "source": [],
            "source_content": null,
            "source_content_filename": null,
            "source_dir": "./../Server/lambdas/coach/create_group",
            "source_file": null,
            "type": "zip"
          },
          "sensitive_attributes": [],
          "identity_schema_version": 0
        },
        {
          "index_key": "create_user",
          "schema_version": 0,
          "attributes": {
            "exclude_symlink_directories": null,
            "excludes": null,
            "id": "85718c4d631eb2e79430f5eb68ca4278729e8d5e",
            "output_base64sha256": "tev/eBZ2eMdBQPM1+IXW4oyaAuxgOOLFQhJMImTUfyI=",
            "output_base64sha512": "TKvsuv/MGGjMxtnl7dn0oTAOpqL9ojn2HE8llGiQKNt+0/me0vXSEzd0NUQijCp2MGjeK9ITxt4mX8Sb6VzZ1Q==",
            "output_file_mode": null,
            "output_md5": "e8d4fbc1c10bcecc22a40a8106f608b2",
            "output_path": "./../Server/lambdas/general/zips/create_user.zip",
            "output_sha": "85718c4d631eb2e79430f5eb68ca4278729e8d5e",
            "output_sha256": "b5ebff78167678c74140f335f885d6e28c9a02ec6038e2c542124c2264d47f22",
            "output_sha512": "4cabecbaffcc1868ccc6d9e5edd9f4a1300ea6a2fda239f61c4f2594689028db7ed3f99ed2f5d21337743544228c2a763068de2bd213c6de265fc49be95cd9d5",
            "output_size": 1899,
            "source": [],
            "source_content": null,
            "source_content_filename": null,
            "source_dir": "./../Server/lambdas/general/create_user",
            "source_file": null,
            "type": "zip"
          },
          "sensitive_attributes": [],
          "identity_schema_version": 0
        },
        {
          "index_key": "create_workout_template",
          "schema_version": 0,
          "attributes": {
            "exclude_symlink_directories": null,
            "excludes": null,
            "id": "9e844ea8af3513d00659f5d2c4b90e8630090256",
            "output_base64sha256": "17ztHsAEQYURXVqcm/YPswKFPl4E+HNdVcT4Pm9NApw=",
            "output_base64sha512": "3ki5jhgsvqIlJIVh/PuI5pp/JKR/pOb1FvG9SXQpuSDq/MCFBnsJ926mzrVqE7Dfwmiot9Lze7tRDTeYxhfIRA==",
            "output_file_mode": null,
            "output_md5": "d2d075426494edbeada4ea88377a3066",
            "output_path": "./../Server/lambdas/coach/zips/create_workout_template.zip",
            "output_sha": "9e844ea8af3513d00659f5d2c4b90e8630090256",
            "output_sha256": "d7bced1ec0044185115d5a9c9bf60fb302853e5e04f8735d55c4f83e6f4d029c",
            "output_sha512": "de48b98e182cbea225248561fcfb88e69a7f24a47fa4e6f516f1bd497429b920eafcc085067b09f76ea6ceb56a13b0dfc268a8b7d2f37bbb510d3798c617c844",
            "output_size": 4114,
            "source": [],
            "source_content": null,
            "source_content_filename": null,
            "source_dir": "./../Server/lambdas/coach/create_workout_template",
            "source_file": null,
            "type": "zip"
          },
          "sensitive_attributes": [],
          "identity_schema_version": 0
        },
        {
          "index_key": "delete_group",
          "schema_version": 0,
          "attributes": {
            "exclude_symlink_directories": null,
            "excludes": null,
            "id": "b65884be32bafa7b80fa4c9feaf00dd171e383c9",
            "output_base64sha256": "nw3wJj79Gpl1kS6lYtpTyS9fBpMD1V1GcHurkQ5VEBc=",
            "output_base64sha512": "pI4EnqiX7+0YxvPaygTUyAGXKNzfRiJrabjr572bkZ/e1xi3x2rwXmwABtez1FWO8FehuDuyDJyUMA/I2pKMDQ==",
            "output_file_mode": null,
            "output_md5": "3fd158c23784d1e13ce4ea513aab2d29",
            "output_path": "./../Server/lambdas/coach/zips/delete_group.zip",
            "output_sha": "b65884be32bafa7b80fa4c9feaf00dd171e383c9",
            "output_sha256": "9f0df0263efd1a9975912ea562da53c92f5f069303d55d46707bab910e551017",
            "output_sha512": "a48e049ea897efed18c6f3daca04d4c8019728dcdf46226b69b8ebe7bd9b919fded718b7c76af05e6c0006d7b3d4558ef057a1b83bb20c9c94300fc8da928c0d",
            "output_size": 2065,
            "source": [],
            "source_content": null,
            "source_content_filename": null,
            "source_dir": "./../Server/lambdas/coach/delete_group",
            "source_file": null,
            "type": "zip"
          },
          "sensitive_attributes": [],
          "identity_schema_version": 0
        },
        {
          "index_key": "delete_group_workout",
          "schema_version": 0,
          "attributes": {
            "exclude_symlink_directories": null,
            "excludes": null,
            "id": "93344c30187e6e3258edaab63b89ab6ffab41b10",
            "output_base64sha256": "AvXEdalxMBOG76CZMRJso3GhnwBvy/EPjO+1dy5So2Q=",
            "output_base64sha512": "TE1vnmOBVkyr8P/6ql1Sr0HAqXsvNqQG5EvvTj+Eam339BdW6zfPMZUqK0q97fxfYaAhi08A9ij7MelqdSBL3g==",
            "output_file_mode": null,
            "output_md5": "5879b4ab5d59cde55fafb6e4ee8e52e7",
            "output_path": "./../Server/lambdas/coach/zips/delete_group_workout.zip",
            "output_sha": "93344c30187e6e3258edaab63b89ab6ffab41b10",
            "output_sha256": "02f5c475a971301386efa09931126ca371a19f006fcbf10f8cefb5772e52a364",
            "output_sha512": "4c4d6f9e6381564cabf0fffaaa5d52af41c0a97b2f36a406e44bef4e3f846a6df7f41756eb37cf31952a2b4abdedfc5f61a0218b4f00f628fb31e96a75204bde",
            "output_size": 2130,
            "source": [],
            "source_content": null,
            "source_content_filename": null,
            "source_dir": "./../Server/lambdas/coach/delete_group_workout",
            "source_file": null,
            "type": "zip"
          },
          "sensitive_attributes": [],
          "identity_schema_version": 0
        },
        {
          "index_key": "delete_workout_template",
          "schema_version": 0,
          "attributes": {
            "exclude_symlink_directories": null,
            "excludes": null,
            "id": "424dfb1a865af9994538c3a20b550bf889216285",
            "output_base64sha256": "/pwnrZrTD6D1vF06YBs1hYW8zB/zP8Tj85bQARQE/Zs=",
            "output_base64sha512": "aj+QMA9qso8Mavvg7H/CiMhfMuVlqDEG6eimiusM39NHcC3WsFu7fVLLyVsK1MBBisRLPiGEkdYQYuwGhwaXUQ==",
            "output_file_mode": null,
            "output_md5": "4cc5eb459132063a80169f7dca031d62",
            "output_path": "./../Server/lambdas/coach/zips/delete_workout_template.zip",
            "output_sha": "424dfb1a865af9994538c3a20b550bf889216285",
            "output_sha256": "fe9c27ad9ad30fa0f5bc5d3a601b358585bccc1ff33fc4e3f396d0011404fd9b",
            "output_sha512": "6a3f90300f6ab28f0c6afbe0ec7fc288c85f32e565a83106e9e8a68aeb0cdfd347702dd6b05bbb7d52cbc95b0ad4c0418ac44b3e218491d61062ec0687069751",
            "output_size": 3199,
            "source": [],
            "source_content": null,
            "source_content_filename": null,
            "source_dir": "./../Server/lambdas/coach/delete_workout_template",
            "source_file": null,
            "type": "zip"
          },
          "sensitive_attributes": [],
          "identity_schema_version": 0
        },
        {
          "index_key": "fetch_historical_data",
          "schema_version": 0,
          "attributes": {
            "exclude_symlink_directories": null,
            "excludes": null,
            "id": "7b7d20caf7cf5d9ca40304c30cca76cffb747835",
            "output_base64sha256": "MldwtM4Ft9qswiM6Q7XhQgOOo3K5ZYsXDNIFMgPIe/w=",
            "output_base64sha512": "84ITT4nzfAeJFRAzuDu4uPxGczETzT8NOLxO/lMaNmdTEQaMrI6lWFuzWgNrC+F1EUaiaUipvxLDoaDeBJMUhQ==",
            "output_file_mode": null,
            "output_md5": "b4d1bc3905188120151b33bfc13ff316",
            "output_path": "./../Server/lambdas/coach/zips/fetch_historical_data.zip",
            "output_sha": "7b7d20caf7cf5d9ca40304c30cca76cffb747835",
            "output_sha256": "325770b4ce05b7daacc2233a43b5e142038ea372b9658b170cd2053203c87bfc",
            "output_sha512": "f382134f89f37c0789151033b83bb8b8fc46733113cd3f0d38bc4efe531a36675311068cac8ea5585bb35a036b0be1751146a26948a9bf12c3a1a0de04931485",
            "output_size": 3583,
            "source": [],
            "source_content": null,
            "source_content_filename": null,
            "source_dir": "./../Server/lambdas/coach/fetch_historical_data",
            "source_file": null,
            "type": "zip"
          },
          "sensitive_attributes": [],
          "identity_schema_version": 0
        },
        {
          "index_key": "get_absent_group_athletes",
          "schema_version": 0,
          "attributes": {
            "exclude_symlink_directories": null,
            "excludes": null,
            "id": "7343d6018e783a02e312ef87609c5b1ad4f299f2",
            "output_base64sha256": "AZn/CeLRUQt9oqerCqj4E+yZZnNOBfxnXAYSVABDno0=",
            "output_base64sha512": "7LYZeWIhy8Kb2k0NNou1cnPbxV5nCNt2TCLUo/9YQxTrdlggv08UWWNY++1yo3NMTHxbNZTJGdBTLlhGszjiDg==",
            "output_file_mode": null,
            "output_md5": "c754cdb035ac1ecc8104b76e0ab53596",
            "output_path": "./../Server/lambdas/coach/zips/get_absent_group_athletes.zip",
            "output_sha": "7343d6018e783a02e312ef87609c5b1ad4f299f2",
            "output_sha256": "0199ff09e2d1510b7da2a7ab0aa8f813ec9966734e05fc675c06125400439e8d",
            "output_sha512": "ecb619796221cbc29bda4d0d368bb57273dbc55e6708db764c22d4a3ff584314eb765820bf4f14596358fbed72a3734c4c7c5b3594c919d0532e5846b338e20e",
            "output_size": 2390,
            "source": [],
            "source_content": null,
            "source_content_filename": null,
            "source_dir": "./../Server/lambdas/coach/get_absent_group_athletes",
            "source_file": null,
            "type": "zip"
          },
          "sensitive_attributes": [],
          "identity_schema_version": 0
        },
        {
          "index_key": "get_athletes_for_group",
          "schema_version": 0,
          "attributes": {
            "exclude_symlink_directories": null,
            "excludes": null,
            "id": "58698e1f64ee9630cf98fb347b175b275c3bef3b",
            "output_base64sha256": "hx/+ycD9LD7E5WZqx8MFYpbJg3/ccVS+J+UWI3YQRq4=",
            "output_base64sha512": "JjSnBDtPt2yh9120+aHWNtG/cMjp0L+CuEWGhCByIwLx2Rwuwv+VBP6GL1Eti+MVvj7NMq2sp9dg/aBdFbXvWg==",
            "output_file_mode": null,
            "output_md5": "45f369a950958d4ccd443da441b036d3",
            "output_path": "./../Server/lambdas/general/zips/get_athletes_for_group.zip",
            "output_sha": "58698e1f64ee9630cf98fb347b175b275c3bef3b",
            "output_sha256": "871ffec9c0fd2c3ec4e5666ac7c3056296c9837fdc7154be27e51623761046ae",
            "output_sha512": "2634a7043b4fb76ca1f75db4f9a1d636d1bf70c8e9d0bf82b845868420722302f1d91c2ec2ff9504fe862f512d8be315be3ecd32adaca7d760fda05d15b5ef5a",
            "output_size": 2142,
            "source": [],
            "source_content": null,
            "source_content_filename": null,
            "source_dir": "./../Server/lambdas/general/get_athletes_for_group",
            "source_file": null,
            "type": "zip"
          },
          "sensitive_attributes": [],
          "identity_schema_version": 0
        },
        {
          "index_key": "get_available_history_dates",
          "schema_version": 0,
          "attributes": {
            "exclude_symlink_directories": null,
            "excludes": null,
            "id": "da835c8e2956994d14e0ad105ece9f7ab6b85bdf",
            "output_base64sha256": "/jRmntwN/kWjghiUPXCfpLZKss4+GGgailZC26yA5Xo=",
            "output_base64sha512": "zKYITSrPZb9X61HmAk1a7XCpVlHfrA2i482VGgV+b6KKsde8vUkvfe9QzBT8U1ifpVL49rzA7o7FvLAOu7YWxg==",
            "output_file_mode": null,
            "output_md5": "fe09f71d09f46b966707faf50143dcfe",
            "output_path": "./../Server/lambdas/coach/zips/get_available_history_dates.zip",
            "output_sha": "da835c8e2956994d14e0ad105ece9f7ab6b85bdf",
            "output_sha256": "fe34669edc0dfe45a38218943d709fa4b64ab2ce3e18681a8a5642dbac80e57a",
            "output_sha512": "cca6084d2acf65bf57eb51e6024d5aed70a95651dfac0da2e3cd951a057e6fa28ab1d7bcbd492f7def50cc14fc53589fa552f8f6bcc0ee8ec5bcb00ebbb616c6",
            "output_size": 2658,
            "source": [],
            "source_content": null,
            "source_content_filename": null,
            "source_dir": "./../Server/lambdas/coach/get_available_history_dates",
            "source_file": null,
            "type": "zip"
          },
          "sensitive_attributes": [],
          "identity_schema_version": 0
        },
        {
          "index_key": "get_group_workout",
          "schema_version": 0,
          "attributes": {
            "exclude_symlink_directories": null,
            "excludes": null,
            "id": "33801b99d932a6677b7d78498ae6167f152f4f77",
            "output_base64sha256": "3N9274JfsxdIxCBjnXtKBpOEF/ymSav70fYTBCkiZIc=",
            "output_base64sha512": "OS2kW1masbrO1xqEsrX4QTFy7zjPlVq3VU5XxoqqT1kkBcXpIGMYEpGU40CwLgUmlxvqmX8RPAjeWkNJ9an5Og==",
            "output_file_mode": null,
            "output_md5": "6f3514a2656c73007e60dbb2994491af",
            "output_path": "./../Server/lambdas/general/zips/get_group_workout.zip",
            "output_sha": "33801b99d932a6677b7d78498ae6167f152f4f77",
            "output_sha256": "dcdf76ef825fb31748c420639d7b4a06938417fca649abfbd1f6130429226487",
            "output_sha512": "392da45b599ab1baced71a84b2b5f8413172ef38cf955ab7554e57c68aaa4f592405c5e9206318129194e340b02e0526971bea997f113c08de5a4349f5a9f93a",
            "output_size": 2628,
            "source": [],
            "source_content": null,
            "source_content_filename": null,
            "source_dir": "./../Server/lambdas/general/get_group_workout",
            "source_file": null,
            "type": "zip"
          },
          "sensitive_attributes": [],
          "identity_schema_version": 0
        },
        {
          "index_key": "get_groups",
          "schema_version": 0,
          "attributes": {
            "exclude_symlink_directories": null,
            "excludes": null,
            "id": "d5d2d1650ce2afa569ee65e61dd3c8d1f2e4172d",
            "output_base64sha256": "LfD62x7dR72c2gEiLzrCeYR214Jl59YLtKyIO566TkQ=",
            "output_base64sha512": "cdybfeTDr6t1ZS/cvsYeZXA9Eq2E6CvekgjWPwkvUlrS7FBLnLtO2+OXBIm7uEqDyTA4mSPHoM86N5tDxNtWlw==",
            "output_file_mode": null,
            "output_md5": "242f246ef537dbe21d0fc587ecbffd9a",
            "output_path": "./../Server/lambdas/general/zips/get_groups.zip",
            "output_sha": "d5d2d1650ce2afa569ee65e61dd3c8d1f2e4172d",
            "output_sha256": "2df0fadb1edd47bd9cda01222f3ac2798476d78265e7d60bb4ac883b9eba4e44",
            "output_sha512": "71dc9b7de4c3afab75652fdcbec61e65703d12ad84e82bde9208d63f092f525ad2ec504b9cbb4edbe3970489bbb84a83c930389923c7a0cf3a379b43c4db5697",
            "output_size": 2290,
            "source": [],
            "source_content": null,
            "source_content_filename": null,
            "source_dir": "./../Server/lambdas/general/get_groups",
            "source_file": null,
            "type": "zip"
          },
          "sensitive_attributes": [],
          "identity_schema_version": 0
        },
        {
          "index_key": "get_mutual_user_relations",
          "schema_version": 0,
          "attributes": {
            "exclude_symlink_directories": null,
            "excludes": null,
            "id": "2376162b8d1e9f830b6b3ec42085b2c6cf7e6906",
            "output_base64sha256": "V5mVgPipD/I+1zLAdurq6vBx5n7Zw3Di2uNraBjyKEY=",
            "output_base64sha512": "sud9eDiXUJYJJ6n57ZEaCbyKpwGfb/jdGQi4anZ6HwrPQUkdmD7Te4kHSkdpih4BSJ8kMPb/zANxwwXspFr3/w==",
            "output_file_mode": null,
            "output_md5": "3b93b871d4501f8a2bc753ef9416d616",
            "output_path": "./../Server/lambdas/relations/zips/get_mutual_user_relations.zip",
            "output_sha": "2376162b8d1e9f830b6b3ec42085b2c6cf7e6906",
            "output_sha256": "57999580f8a90ff23ed732c076eaeaeaf071e67ed9c370e2dae36b6818f22846",
            "output_sha512": "b2e77d78389750960927a9f9ed911a09bc8aa7019f6ff8dd1908b86a767a1f0acf41491d983ed37b89074a47698a1e01489f2430f6ffcc0371c305eca45af7ff",
            "output_size": 2382,
            "source": [],
            "source_content": null,
            "source_content_filename": null,
            "source_dir": "./../Server/lambdas/relations/get_mutual_user_relations",
            "source_file": null,
            "type": "zip"
          },
          "sensitive_attributes": [],
          "identity_schema_version": 0
        },
        {
          "index_key": "get_relation_invites",
          "schema_version": 0,
          "attributes": {
            "exclude_symlink_directories": null,
            "excludes": null,
            "id": "444cd3dbbbcf616e222f68a0f7509d0c971905c8",
            "output_base64sha256": "qAgZ6viY71ETMC5C7q7n+KUcy7kOx1pQuZQchW3PpDI=",
            "output_base64sha512": "cOa1beulW8oDX/DOSK+Os7i6/H9nLAwBAtQXtI7bcKdTSvA/eEJ4yBwzndtBxRUYwNqsIT/GdIhODK5VTh8wSQ==",
            "output_file_mode": null,
            "output_md5": "43f8345ed4ea5d9cd6ff06668a5468ad",
            "output_path": "./../Server/lambdas/relations/zips/get_relation_invites.zip",
            "output_sha": "444cd3dbbbcf616e222f68a0f7509d0c971905c8",
            "output_sha256": "a80819eaf898ef5113302e42eeaee7f8a51ccbb90ec75a50b9941c856dcfa432",
            "output_sha512": "70e6b56deba55bca035ff0ce48af8eb3b8bafc7f672c0c0102d417b48edb70a7534af03f784278c81c339ddb41c51518c0daac213fc674884e0cae554e1f3049",
            "output_size": 2102,
            "source": [],
            "source_content": null,
            "source_content_filename": null,
            "source_dir": "./../Server/lambdas/relations/get_relation_invites",
            "source_file": null,
            "type": "zip"
          },
          "sensitive_attributes": [],
          "identity_schema_version": 0
        },
        {
          "index_key": "get_relation_invites_count",
          "schema_version": 0,
          "attributes": {
            "exclude_symlink_directories": null,
            "excludes": null,
            "id": "42a496c61bf6976d362a1f8b0f0cbda4cbe0b702",
            "output_base64sha256": "DvD5YliNCoc6fN+tB1unLUUvqD6KEIBAZp/fxmlg/qQ=",
            "output_base64sha512": "YrzDahcEnP7Q7xBU4wKR0a021/GxSbPfdP3gHYltdUBg8hA2kCs+Rkgx5hxh2RLmBz1oVovZD/nAnb0A/zZXoA==",
            "output_file_mode": null,
            "output_md5": "615f36128874c310e157937039a99b26",
            "output_path": "./../Server/lambdas/relations/zips/get_relation_invites_count.zip",
            "output_sha": "42a496c61bf6976d362a1f8b0f0cbda4cbe0b702",
            "output_sha256": "0ef0f962588d0a873a7cdfad075ba72d452fa83e8a108040669fdfc66960fea4",
            "output_sha512": "62bcc36a17049cfed0ef1054e30291d1ad36d7f1b149b3df74fde01d896d754060f21036902b3e464831e61c61d912e6073d68568bd90ff9c09dbd00ff3657a0",
            "output_size": 2134,
            "source": [],
            "source_content": null,
            "source_content_filename": null,
            "source_dir": "./../Server/lambdas/relations/get_relation_invites_count",
            "source_file": null,
            "type": "zip"
          },
          "sensitive_attributes": [],
          "identity_schema_version": 0
        },
        {
          "index_key": "get_user",
          "schema_version": 0,
          "attributes": {
            "exclude_symlink_directories": null,
            "excludes": null,
            "id": "0f38d76206e071e508786029eb161c5fc60b27cc",
            "output_base64sha256": "UhXrAF1sqt1ev3TyLI66Awln83IZYtFpOZ3FIYFlVuE=",
            "output_base64sha512": "bWaHs+fmMNwv8zbGWeE+sWU4EauhfmBcKJFPsSPRJSSGbzL7JvCoYBq9wiOcTgeq1p0QBAs9l1XlUSACbVavqA==",
            "output_file_mode": null,
            "output_md5": "27dd65d83fed87bbb4a918014aa6d110",
            "output_path": "./../Server/lambdas/general/zips/get_user.zip",
            "output_sha": "0f38d76206e071e508786029eb161c5fc60b27cc",
            "output_sha256": "5215eb005d6caadd5ebf74f22c8eba030967f3721962d169399dc521816556e1",
            "output_sha512": "6d6687b3e7e630dc2ff336c659e13eb1653811aba17e605c28914fb123d12524866f32fb26f0a8601abdc2239c4e07aad69d10040b3d9755e55120026d56afa8",
            "output_size": 1977,
            "source": [],
            "source_content": null,
            "source_content_filename": null,
            "source_dir": "./../Server/lambdas/general/get_user",
            "source_file": null,
            "type": "zip"
          },
          "sensitive_attributes": [],
          "identity_schema_version": 0
        },
        {
          "index_key": "get_weekly_schedule",
          "schema_version": 0,
          "attributes": {
            "exclude_symlink_directories": null,
            "excludes": null,
            "id": "6c64558435befc7f0616fccb8f643243d685e22f",
            "output_base64sha256": "bSra2uv4dzcBBdwWUxWi4gntan9gBprIrCOst6flwuA=",
            "output_base64sha512": "SQp+61Y6dVNO56S3+dkf4NZBTqD1UiNxZGbLTTb9G7HOXWXc+560aBWJIk9fWsH/zSeT+HsD6dpFLNLViTaHAQ==",
            "output_file_mode": null,
            "output_md5": "a7d94f36a05519dbbabfe912c7f419db",
            "output_path": "./../Server/lambdas/general/zips/get_weekly_schedule.zip",
            "output_sha": "6c64558435befc7f0616fccb8f643243d685e22f",
            "output_sha256": "6d2adadaebf877370105dc165315a2e209ed6a7f60069ac8ac23acb7a7e5c2e0",
            "output_sha512": "490a7eeb563a75534ee7a4b7f9d91fe0d6414ea0f55223716466cb4d36fd1bb1ce5d65dcfb9eb4681589224f5f5ac1ffcd2793f87b03e9da452cd2d589368701",
            "output_size": 3064,
            "source": [],
            "source_content": null,
            "source_content_filename": null,
            "source_dir": "./../Server/lambdas/general/get_weekly_schedule",
            "source_file": null,
            "type": "zip"
          },
          "sensitive_attributes": [],
          "identity_schema_version": 0
        },
        {
          "index_key": "get_workout_templates",
          "schema_version": 0,
          "attributes": {
            "exclude_symlink_directories": null,
            "excludes": null,
            "id": "9d987efe8fdb19de02e5666c7aaaa93f4ad1843f",
            "output_base64sha256": "D0E2awFliGHmE6Kdvs8JdJ2We6SGaoduHPLAO998qUE=",
            "output_base64sha512": "H2mBQxQ8KPYx9S7wRyPH7IjEVdk12q5oB02kDFHfXpkfcFoLD7QNnOXip4RQ4wEmiygE0AQGqsfLjciz9wqBzg==",
            "output_file_mode": null,
            "output_md5": "5af0328bc359bbc28f34b611f0c859ec",
            "output_path": "./../Server/lambdas/coach/zips/get_workout_templates.zip",
            "output_sha": "9d987efe8fdb19de02e5666c7aaaa93f4ad1843f",
            "output_sha256": "0f41366b01658861e613a29dbecf09749d967ba4866a876e1cf2c03bdf7ca941",
            "output_sha512": "1f698143143c28f631f52ef04723c7ec88c455d935daae68074da40c51df5e991f705a0b0fb40d9ce5e2a78450e301268b2804d00406aac7cb8dc8b3f70a81ce",
            "output_size": 3514,
            "source": [],
            "source_content": null,
            "source_content_filename": null,
            "source_dir": "./../Server/lambdas/coach/get_workout_templates",
            "source_file": null,
            "type": "zip"
          },
          "sensitive_attributes": [],
          "identity_schema_version": 0
        },
        {
          "index_key": "input_times",
          "schema_version": 0,
          "attributes": {
            "exclude_symlink_directories": null,
            "excludes": null,
            "id": "3254acd116e2151378c03281bc839fd5b966291e",
            "output_base64sha256": "OztiWJ4r4NtmiJ4TyZjdjCIiEFO2ODUDBGz+EqEi6wM=",
            "output_base64sha512": "dyzVHq+Ize+96J+1oryyo2ffv+vT3m9L2yGKK/cK8ZpSTbHw2515tmOZCoFioJv5Uzisihoy9XgKGpqjo/09tA==",
            "output_file_mode": null,
            "output_md5": "0c7355b0c5e47b37e5b2fc7b46153d89",
            "output_path": "./../Server/lambdas/athlete/zips/input_times.zip",
            "output_sha": "3254acd116e2151378c03281bc839fd5b966291e",
            "output_sha256": "3b3b62589e2be0db66889e13c998dd8c22221053b6383503046cfe12a122eb03",
            "output_sha512": "772cd51eaf88cdefbde89fb5a2bcb2a367dfbfebd3de6f4bdb218a2bf70af19a524db1f0db9d79b663990a8162a09bf95338ac8a1a32f5780a1a9aa3a3fd3db4",
            "output_size": 3465,
            "source": [],
            "source_content": null,
            "source_content_filename": null,
            "source_dir": "./../Server/lambdas/athlete/input_times",
            "source_file": null,
            "type": "zip"
          },
          "sensitive_attributes": [],
          "identity_schema_version": 0
        },
        {
          "index_key": "mass_input",
          "schema_version": 0,
          "attributes": {
            "exclude_symlink_directories": null,
            "excludes": null,
            "id": "261d996138add55e8ba4c1707fbfe84870428624",
            "output_base64sha256": "wBj8r6aWfxmXK0C1TtCmsbmhdytbqZ2WhAuew5Mh6rY=",
            "output_base64sha512": "cOEFAtPysnmtlodOPEfhcc1rtwordlVx1ig4HJdtHSxJ2IsNjgSWcW5dTo1AQBTU9frs2rE9ZGFKn7ju4V1BUg==",
            "output_file_mode": null,
            "output_md5": "990c193abe8e870ad7c1b68c59a8f7ef",
            "output_path": "./../Server/lambdas/general/zips/mass_input.zip",
            "output_sha": "261d996138add55e8ba4c1707fbfe84870428624",
            "output_sha256": "c018fcafa6967f19972b40b54ed0a6b1b9a1772b5ba99d96840b9ec39321eab6",
            "output_sha512": "70e10502d3f2b279ad96874e3c47e171cd6bb70a2b765571d628381c976d1d2c49d88b0d8e0496716e5d4e8d404014d4f5faecdab13d64614a9fb8eee15d4152",
            "output_size": 3170,
            "source": [],
            "source_content": null,
            "source_content_filename": null,
            "source_dir": "./../Server/lambdas/general/mass_input",
            "source_file": null,
            "type": "zip"
          },
          "sensitive_attributes": [],
          "identity_schema_version": 0
        },
        {
          "index_key": "remove_group_athlete",
          "schema_version": 0,
          "attributes": {
            "exclude_symlink_directories": null,
            "excludes": null,
            "id": "66648db6b5379af295c9825bc39e4b6ab329b8eb",
            "output_base64sha256": "K1TmB6w8C8GezDKLVHKR3zLL7fAjJJyCUjyPbEkH6PI=",
            "output_base64sha512": "F+xO/MDPUi9jd69XTgntaZeZ/Oeh2F+AAvirPDcVZyYqQNawy/kArugdukG1ICS5Dza3j0SssdHE1ImUlE/rig==",
            "output_file_mode": null,
            "output_md5": "bd49e6a713aa4f8407e2dcdea8943218",
            "output_path": "./../Server/lambdas/coach/zips/remove_group_athlete.zip",
            "output_sha": "66648db6b5379af295c9825bc39e4b6ab329b8eb",
            "output_sha256": "2b54e607ac3c0bc19ecc328b547291df32cbedf023249c82523c8f6c4907e8f2",
            "output_sha512": "17ec4efcc0cf522f6377af574e09ed699799fce7a1d85f8002f8ab3c371567262a40d6b0cbf900aee81dba41b52024b90f36b78f44acb1d1c4d48994944feb8a",
            "output_size": 2268,
            "source": [],
            "source_content": null,
            "source_content_filename": null,
            "source_dir": "./../Server/lambdas/coach/remove_group_athlete",
            "source_file": null,
            "type": "zip"
          },
          "sensitive_attributes": [],
          "identity_schema_version": 0
        },
        {
          "index_key": "remove_inputs",
          "schema_version": 0,
          "attributes": {
            "exclude_symlink_directories": null,
            "excludes": null,
            "id": "e8e90bc60ee4a1bca67982076ddd4944f30de457",
            "output_base64sha256": "zVqcVLe0dHyfnxKcAOCDkTUDjaI80NUpvXpnUSVtN5A=",
            "output_base64sha512": "GcKH0dGfAGfLjLrkTxydE5/awgwrPee8KIVeCnj8XisBCKl/MfxX2O+sYDoua27oc1H8iChDyz7wvduGdHn2mg==",
            "output_file_mode": null,
            "output_md5": "83ac7ba635b3d8e3e62065d1d1e9fa47",
            "output_path": "./../Server/lambdas/athlete/zips/remove_inputs.zip",
            "output_sha": "e8e90bc60ee4a1bca67982076ddd4944f30de457",
            "output_sha256": "cd5a9c54b7b4747c9f9f129c00e0839135038da23cd0d529bd7a6751256d3790",
            "output_sha512": "19c287d1d19f0067cb8cbae44f1c9d139fdac20c2b3de7bc28855e0a78fc5e2b0108a97f31fc57d8efac603a2e6b6ee87351fc882843cb3ef0bddb867479f69a",
            "output_size": 2417,
            "source": [],
            "source_content": null,
            "source_content_filename": null,
            "source_dir": "./../Server/lambdas/athlete/remove_inputs",
            "source_file": null,
            "type": "zip"
          },
          "sensitive_attributes": [],
          "identity_schema_version": 0
        },
        {
          "index_key": "remove_user_relation",
          "schema_version": 0,
          "attributes": {
            "exclude_symlink_directories": null,
            "excludes": null,
            "id": "b8b7aec18252846cb9a4b9fbe9b52d718f83933b",
            "output_base64sha256": "VdKwL1TbMIV0ra6ZWNIF5fi4SaCj3kHZ4gJ1J8Vn+9A=",
            "output_base64sha512": "Nk3TEurrZyFSybMVLJD+Htb6vZeTTXduXVdsdYKcgCSeRM1AGyAwee96PhttUbHpG3oxwTfrNDk/CE0GXtq6NQ==",
            "output_file_mode": null,
            "output_md5": "0f50e43d5cf0267952212ef9f93ca903",
            "output_path": "./../Server/lambdas/relations/zips/remove_user_relation.zip",
            "output_sha": "b8b7aec18252846cb9a4b9fbe9b52d718f83933b",
            "output_sha256": "55d2b02f54db308574adae9958d205e5f8b849a0a3de41d9e2027527c567fbd0",
            "output_sha512": "364dd312eaeb672152c9b3152c90fe1ed6fabd97934d776e5d576c75829c80249e44cd401b203079ef7a3e1b6d51b1e91b7a31c137eb34393f084d065edaba35",
            "output_size": 2441,
            "source": [],
            "source_content": null,
            "source_content_filename": null,
            "source_dir": "./../Server/lambdas/relations/remove_user_relation",
            "source_file": null,
            "type": "zip"
          },
          "sensitive_attributes": [],
          "identity_schema_version": 0
        },
        {
          "index_key": "search_input_history_date",
          "schema_version": 0,
          "attributes": {
            "exclude_symlink_directories": null,
            "excludes": null,
            "id": "5948bfecedc2011fe5fb7cfa5974fbbbb4d998ae",
            "output_base64sha256": "WPpTUhGw5w5DPCSmXuswCKP13y52nj0bVobuf0u9zbg=",
            "output_base64sha512": "KT9axiFue7a2Hj9LLPvbt2zx4FHaxrG/bYNK8qr5KULrmYn7i1mr8u2ZAkRcMqsBi3/hRDERN00iNlfzyj8l/w==",
            "output_file_mode": null,
            "output_md5": "6e0bab9663eba6f7baa697d75d4fb2b2",
            "output_path": "./../Server/lambdas/athlete/zips/search_input_history_date.zip",
            "output_sha": "5948bfecedc2011fe5fb7cfa5974fbbbb4d998ae",
            "output_sha256": "58fa535211b0e70e433c24a65eeb3008a3f5df2e769e3d1b5686ee7f4bbdcdb8",
            "output_sha512": "293f5ac6216e7bb6b61e3f4b2cfbdbb76cf1e051dac6b1bf6d834af2aaf92942eb9989fb8b59abf2ed9902445c32ab018b7fe1443111374d223657f3ca3f25ff",
            "output_size": 3262,
            "source": [],
            "source_content": null,
            "source_content_filename": null,
            "source_dir": "./../Server/lambdas/athlete/search_input_history_date",
            "source_file": null,
            "type": "zip"
          },
          "sensitive_attributes": [],
          "identity_schema_version": 0
        },
        {
          "index_key": "search_user_relation",
          "schema_version": 0,
          "attributes": {
            "exclude_symlink_directories": null,
            "excludes": null,
            "id": "deaef1d16db238184fa382c991776281982cfde5",
            "output_base64sha256": "MN8omODyVQDQWKpfrh4uRtzQmr7J9Zo9yMPMkPNlnX4=",
            "output_base64sha512": "kLr0EuqK4+Mo48Wut53JT3mlXpxW3h/xc2+Z5fOJ5RQeDFoHJY6e6/p+7lhoVeZZpx4Sp9CkkKYWlDgvYKeYOw==",
            "output_file_mode": null,
            "output_md5": "357cdbefac52e403048562c1468d6cd0",
            "output_path": "./../Server/lambdas/relations/zips/search_user_relation.zip",
            "output_sha": "deaef1d16db238184fa382c991776281982cfde5",
            "output_sha256": "30df2898e0f25500d058aa5fae1e2e46dcd09abec9f59a3dc8c3cc90f3659d7e",
            "output_sha512": "90baf412ea8ae3e328e3c5aeb79dc94f79a55e9c56de1ff1736f99e5f389e5141e0c5a07258e9eebfa7eee586855e659a71e12a7d0a490a61694382f60a7983b",
            "output_size": 2833,
            "source": [],
            "source_content": null,
            "source_content_filename": null,
            "source_dir": "./../Server/lambdas/relations/search_user_relation",
            "source_file": null,
            "type": "zip"
          },
          "sensitive_attributes": [],
          "identity_schema_version": 0
        },
        {
          "index_key": "update_user_profile",
          "schema_version": 0,
          "attributes": {
            "exclude_symlink_directories": null,
            "excludes": null,
            "id": "1b80a55021b1feba46cb9928b891d7c28ca1f17d",
            "output_base64sha256": "+grktWgnKLChO0O8u6o6MmQxiyBMocc0tFwxldDtia0=",
            "output_base64sha512": "rkiTb3FsjO8K0BXOVLgrBqwIICXUvLulGrvORQvTluudZjn1CrEwpN5wkYR2CtyFimY914cONbfFkAQG28IZyw==",
            "output_file_mode": null,
            "output_md5": "1c3a6b6408635735ffc814bd75563f51",
            "output_path": "./../Server/lambdas/general/zips/update_user_profile.zip",
            "output_sha": "1b80a55021b1feba46cb9928b891d7c28ca1f17d",
            "output_sha256": "fa0ae4b5682728b0a13b43bcbbaa3a3264318b204ca1c734b45c3195d0ed89ad",
            "output_sha512": "ae48936f716c8cef0ad015ce54b82b06ac082025d4bcbba51abbce450bd396eb9d6639f50ab130a4de709184760adc858a663dd7870e35b7c5900406dbc219cb",
            "output_size": 2172,
            "source": [],
            "source_content": null,
            "source_content_filename": null,
            "source_dir": "./../Server/lambdas/general/update_user_profile",
            "source_file": null,
            "type": "zip"
          },
          "sensitive_attributes": [],
          "identity_schema_version": 0
        },
        {
          "index_key": "view_group_inputs",
          "schema_version": 0,
          "attributes": {
            "exclude_symlink_directories": null,
            "excludes": null,
            "id": "177b30d39f65f7744dea6863873ad8e0b2856129",
            "output_base64sha256": "MOdsXZPYAgW4hIYDyXp7v682WO+IJTR764Dty3M6FUc=",
            "output_base64sha512": "kuXYPmqZcnvFBjXmIr17cUc3BDo70qIMlarvKtWofyfP7eBYR1Rceo0w7wMumhmFN70tbcY6O9N6YGMbJSycBQ==",
            "output_file_mode": null,
            "output_md5": "1a502b088eb5e4bef581033c9600c38f",
            "output_path": "./../Server/lambdas/general/zips/view_group_inputs.zip",
            "output_sha": "177b30d39f65f7744dea6863873ad8e0b2856129",
            "output_sha256": "30e76c5d93d80205b8848603c97a7bbfaf3658ef8825347beb80edcb733a1547",
            "output_sha512": "92e5d83e6a99727bc50635e622bd7b714737043a3bd2a20c95aaef2ad5a87f27cfede05847545c7a8d30ef032e9a198537bd2d6dc63a3bd37a60631b252c9c05",
            "output_size": 2730,
            "source": [],
            "source_content": null,
            "source_content_filename": null,
            "source_dir": "./../Server/lambdas/general/view_group_inputs",
            "source_file": null,
            "type": "zip"
          },
          "sensitive_attributes": [],
          "identity_schema_version": 0
        },
        {
          "index_key": "view_workout_inputs",
          "schema_version": 0,
          "attributes": {
            "exclude_symlink_directories": null,
            "excludes": null,
            "id": "309890c87dd060afba18f835ed39d913956d8963",
            "output_base64sha256": "JpGOpwnF0eOlTfj0VpyXBvy26tqMKtE8j0Xr7wo7qHM=",
            "output_base64sha512": "EVonb33UvVLsL6UEqxQN0Ecz8McFeDN6WLXdGBJ3tKZJV80ODianrLbX+n/Hesu4K72Eoa5h8rJTaK/lLQB3nw==",
            "output_file_mode": null,
            "output_md5": "30dd53d7f6ee46dd76d0bba8dafd42ae",
            "output_path": "./../Server/lambdas/athlete/zips/view_workout_inputs.zip",
            "output_sha": "309890c87dd060afba18f835ed39d913956d8963",
            "output_sha256": "26918ea709c5d1e3a54df8f4569c9706fcb6eada8c2ad13c8f45ebef0a3ba873",
            "output_sha512": "115a276f7dd4bd52ec2fa504ab140dd04733f0c70578337a58b5dd181277b4a64957cd0e0e26a7acb6d7fa7fc77acbb82bbd84a1ae61f2b25368afe52d00779f",
            "output_size": 3052,
            "source": [],
            "source_content": null,
            "source_content_filename": null,
            "source_dir": "./../Server/lambdas/athlete/view_workout_inputs",
            "source_file": null,
            "type": "zip"
          },
          "sensitive_attributes": [],
          "identity_schema_version": 0
        }
      ]
    },
    {
      "mode": "data",
      "type": "archive_file",
      "name": "rds_layer",
      "provider": "provider[\"registry.terraform.io/hashicorp/archive\"]",
      "instances": [
        {
          "schema_version": 0,
          "attributes": {
            "exclude_symlink_directories": null,
            "excludes": null,
            "id": "7b0816f1b69066ca43df9b9425eabaedb8b0219c",
            "output_base64sha256": "nVywa6vN3IMW192OIXbyOY8MduN2jYTUQyiJ9xXTN18=",
            "output_base64sha512": "tTnIpH480F7hEP1P58GgTB6e/EtVnLUvSnebKy6Z9rQb0z6CiTTM/FgTnyy8QiiolR0OG4fk697HzBgbH+1C1w==",
            "output_file_mode": null,
            "output_md5": "3e2dfbf552caabc3ca6be233607152fa",
            "output_path": "./../Server/layers/rds/rds.zip",
            "output_sha": "7b0816f1b69066ca43df9b9425eabaedb8b0219c",
            "output_sha256": "9d5cb06babcddc8316d7dd8e2176f2398f0c76e3768d84d4432889f715d3375f",
            "output_sha512": "b539c8a47e3cd05ee110fd4fe7c1a04c1e9efc4b559cb52f4a779b2b2e99f6b41bd33e828934ccfc58139f2cbc4228a8951d0e1b87e4ebdec7cc181b1fed42d7",
            "output_size": 6383075,
            "source": [],
            "source_content": null,
            "source_content_filename": null,
            "source_dir": "./../Server/layers/rds/",
            "source_file": null,
            "type": "zip"
          },
          "sensitive_attributes": [],
          "identity_schema_version": 0
        }
      ]
    },
    {
      "mode": "data",
      "type": "archive_file",
      "name": "user_auth_layer",
      "provider": "provider[\"registry.terraform.io/hashicorp/archive\"]",
      "instances": [
        {
          "schema_version": 0,
          "attributes": {
            "exclude_symlink_directories": null,
            "excludes": null,
            "id": "947b1885d89e5bc6187eb8ceb21ee20c96c15e57",
            "output_base64sha256": "prdyIj+ZBlL7ZrjxRYidTiPu7QPpn435NdPOOLGCftU=",
            "output_base64sha512": "m6xc6lmzs6htW3s3EhnK9buteIY8RSVTgOIakVBM96ghyZiuDLk9Q2In+Ftx2o1nnxZjaiBBKKJOUF0sIkUL5Q==",
            "output_file_mode": null,
            "output_md5": "cd201c691cc7090d95c7b1b384a2eb03",
            "output_path": "./../Server/layers/user_auth/user_auth.zip",
            "output_sha": "947b1885d89e5bc6187eb8ceb21ee20c96c15e57",
            "output_sha256": "a6b772223f990652fb66b8f145889d4e23eeed03e99f8df935d3ce38b1827ed5",
            "output_sha512": "9bac5cea59b3b3a86d5b7b371219caf5bbad78863c45255380e21a91504cf7a821c998ae0cb93d436227f85b71da8d679f16636a204128a24e505d2c22450be5",
            "output_size": 3859,
            "source": [],
            "source_content": null,
            "source_content_filename": null,
            "source_dir": "./../Server/layers/user_auth/",
            "source_file": null,
            "type": "zip"
          },
          "sensitive_attributes": [],
          "identity_schema_version": 0
        }
      ]
    },
    {
      "mode": "data",
      "type": "aws_ami",
      "name": "amazon_linux",
      "provider": "provider[\"registry.terraform.io/hashicorp/aws\"]",
      "instances": [
        {
          "schema_version": 0,
          "attributes": {
            "architecture": "arm64",
            "arn": "arn:aws:ec2:us-east-2::image/ami-0faafd0adf1a8fb7b",
            "block_device_mappings": [
              {
                "device_name": "/dev/xvda",
                "ebs": {
                  "delete_on_termination": "true",
                  "encrypted": "false",
                  "iops": "0",
                  "snapshot_id": "snap-0d26a81de6c08c53b",
                  "throughput": "0",
                  "volume_initialization_rate": "0",
                  "volume_size": "8",
                  "volume_type": "gp2"
                },
                "no_device": "",
                "virtual_name": ""
              }
            ],
            "boot_mode": "",
            "creation_date": "2025-10-03T00:17:05.000Z",
            "deprecation_time": "2026-01-01T00:00:00.000Z",
            "description": "Amazon Linux 2 LTS Arm64 AMI 2.0.20250929.2 arm64 HVM gp2",
            "ena_support": true,
            "executable_users": null,
            "filter": [
              {
                "name": "architecture",
                "values": [
                  "arm64"
                ]
              },
              {
                "name": "name",
                "values": [
                  "amzn2-ami-hvm-*-arm64-gp2"
                ]
              },
              {
                "name": "virtualization-type",
                "values": [
                  "hvm"
                ]
              }
            ],
            "hypervisor": "xen",
            "id": "ami-0faafd0adf1a8fb7b",
            "image_id": "ami-0faafd0adf1a8fb7b",
            "image_location": "amazon/amzn2-ami-hvm-2.0.20250929.2-arm64-gp2",
            "image_owner_alias": "amazon",
            "image_type": "machine",
            "imds_support": "",
            "include_deprecated": false,
            "kernel_id": "",
            "last_launched_time": "",
            "most_recent": true,
            "name": "amzn2-ami-hvm-2.0.20250929.2-arm64-gp2",
            "name_regex": null,
            "owner_id": "137112412989",
            "owners": [
              "amazon"
            ],
            "platform": "",
            "platform_details": "Linux/UNIX",
            "product_codes": [],
            "public": true,
            "ramdisk_id": "",
            "root_device_name": "/dev/xvda",
            "root_device_type": "ebs",
            "root_snapshot_id": "snap-0d26a81de6c08c53b",
            "sriov_net_support": "simple",
            "state": "available",
            "state_reason": {
              "code": "UNSET",
              "message": "UNSET"
            },
            "tags": {},
            "timeouts": null,
            "tpm_support": "",
            "uefi_data": null,
            "usage_operation": "RunInstances",
            "virtualization_type": "hvm"
          },
          "sensitive_attributes": [],
          "identity_schema_version": 0
        }
      ]
    },
    {
      "mode": "data",
      "type": "aws_availability_zones",
      "name": "available",
      "provider": "provider[\"registry.terraform.io/hashicorp/aws\"]",
      "instances": [
        {
          "schema_version": 0,
          "attributes": {
            "all_availability_zones": null,
            "exclude_names": null,
            "exclude_zone_ids": null,
            "filter": null,
            "group_names": [
              "us-east-2-zg-1"
            ],
            "id": "us-east-2",
            "names": [
              "us-east-2a",
              "us-east-2b",
              "us-east-2c"
            ],
            "state": "available",
            "timeouts": null,
            "zone_ids": [
              "use2-az1",
              "use2-az2",
              "use2-az3"
            ]
          },
          "sensitive_attributes": [],
          "identity_schema_version": 0
        }
      ]
    },
    {
      "mode": "data",
      "type": "aws_caller_identity",
      "name": "current",
      "provider": "provider[\"registry.terraform.io/hashicorp/aws\"]",
      "instances": [
        {
          "schema_version": 0,
          "attributes": {
            "account_id": "857360184083",
            "arn": "arn:aws:iam::857360184083:user/admin",
            "id": "857360184083",
            "user_id": "AIDA4PHVGGMJ722SDMI3F"
          },
          "sensitive_attributes": [],
          "identity_schema_version": 0
        }
      ]
    },
    {
      "mode": "data",
      "type": "aws_internet_gateway",
      "name": "default",
      "provider": "provider[\"registry.terraform.io/hashicorp/aws\"]",
      "instances": [
        {
          "schema_version": 0,
          "attributes": {
            "arn": "arn:aws:ec2:us-east-2:857360184083:internet-gateway/igw-0c9633e3942b979dc",
            "attachments": [
              {
                "state": "available",
                "vpc_id": "vpc-00ce2d8f8e6ecb305"
              }
            ],
            "filter": [
              {
                "name": "attachment.vpc-id",
                "values": [
                  "vpc-00ce2d8f8e6ecb305"
                ]
              }
            ],
            "id": "igw-0c9633e3942b979dc",
            "internet_gateway_id": "igw-0c9633e3942b979dc",
            "owner_id": "857360184083",
            "tags": {},
            "timeouts": null
          },
          "sensitive_attributes": [],
          "identity_schema_version": 0
        }
      ]
    },
    {
      "mode": "data",
      "type": "aws_security_group",
      "name": "default",
      "provider": "provider[\"registry.terraform.io/hashicorp/aws\"]",
      "instances": [
        {
          "schema_version": 0,
          "attributes": {
            "arn": "arn:aws:ec2:us-east-2:857360184083:security-group/sg-0b98a1e54096ed585",
            "description": "default VPC security group",
            "filter": null,
            "id": "sg-0b98a1e54096ed585",
            "name": "default",
            "tags": {},
            "timeouts": null,
            "vpc_id": "vpc-00ce2d8f8e6ecb305"
          },
          "sensitive_attributes": [],
          "identity_schema_version": 0
        }
      ]
    },
    {
      "mode": "data",
      "type": "aws_vpc",
      "name": "default",
      "provider": "provider[\"registry.terraform.io/hashicorp/aws\"]",
      "instances": [
        {
          "schema_version": 0,
          "attributes": {
            "arn": "arn:aws:ec2:us-east-2:857360184083:vpc/vpc-00ce2d8f8e6ecb305",
            "cidr_block": "172.31.0.0/16",
            "cidr_block_associations": [
              {
                "association_id": "vpc-cidr-assoc-0824e376e57726d1c",
                "cidr_block": "172.31.0.0/16",
                "state": "associated"
              }
            ],
            "default": true,
            "dhcp_options_id": "dopt-024f2ebd35a6606db",
            "enable_dns_hostnames": true,
            "enable_dns_support": true,
            "enable_network_address_usage_metrics": false,
            "filter": null,
            "id": "vpc-00ce2d8f8e6ecb305",
            "instance_tenancy": "default",
            "ipv6_association_id": "",
            "ipv6_cidr_block": "",
            "main_route_table_id": "rtb-0dc932c2d3b50c3ef",
            "owner_id": "857360184083",
            "state": null,
            "tags": {},
            "timeouts": null
          },
          "sensitive_attributes": [],
          "identity_schema_version": 0
        }
      ]
    },
    {
      "mode": "data",
      "type": "http",
      "name": "myip",
      "provider": "provider[\"registry.terraform.io/hashicorp/http\"]",
      "instances": [
        {
          "schema_version": 0,
          "attributes": {
            "body": "98.10.39.224\n",
            "ca_cert_pem": null,
            "client_cert_pem": null,
            "client_key_pem": null,
            "id": "https://ipv4.icanhazip.com",
            "insecure": null,
            "method": null,
            "request_body": null,
            "request_headers": null,
            "request_timeout_ms": null,
            "response_body": "98.10.39.224\n",
            "response_body_base64": "OTguMTAuMzkuMjI0Cg==",
            "response_headers": {
              "Access-Control-Allow-Methods": "GET",
              "Access-Control-Allow-Origin": "*",
              "Alt-Svc": "h3=\":443\"; ma=86400",
              "Cf-Ray": "98a7886b0a94430f-EWR",
              "Content-Length": "13",
              "Content-Type": "text/plain",
              "Date": "Mon, 06 Oct 2025 19:23:22 GMT",
              "Server": "cloudflare",
              "Set-Cookie": "__cf_bm=xhD4AnnLyRfqRVHN1mvHQrzVf6UWKc0Y_Mm2PgVJPZM-1759778602-1.0.1.1-PqUKZnHMMqR_VLAseKBw24y_c4E1MbwLWtbzlqK2H72Bw3rlVdR1dee7p1VIYQakDiMClLXSfqDdwptijf.ARz8Ktnq2o7jjmMoF.OBhblw; path=/; expires=Mon, 06-Oct-25 19:53:22 GMT; domain=.icanhazip.com; HttpOnly; Secure; SameSite=None",
              "Vary": "Accept-Encoding"
            },
            "retry": null,
            "status_code": 200,
            "url": "https://ipv4.icanhazip.com"
          },
          "sensitive_attributes": [],
          "identity_schema_version": 0
        }
      ]
    },
    {
      "mode": "managed",
      "type": "aws_api_gateway_authorizer",
      "name": "cognito_authorizer",
      "provider": "provider[\"registry.terraform.io/hashicorp/aws\"]",
      "instances": [
        {
          "schema_version": 0,
          "attributes": {
            "arn": "arn:aws:apigateway:us-east-2::/restapis/buzzzp4ywk/authorizers/6bclv1",
            "authorizer_credentials": "",
            "authorizer_result_ttl_in_seconds": 300,
            "authorizer_uri": "",
            "id": "6bclv1",
            "identity_source": "method.request.header.Authorization",
            "identity_validation_expression": "",
            "name": "cognito-authorizer",
            "provider_arns": [
              "arn:aws:cognito-idp:us-east-2:857360184083:userpool/us-east-2_nrBHXHxW5"
            ],
            "rest_api_id": "buzzzp4ywk",
            "type": "COGNITO_USER_POOLS"
          },
          "sensitive_attributes": [],
          "identity_schema_version": 0,
          "private": "bnVsbA==",
          "dependencies": [
            "aws_api_gateway_rest_api.main"
          ],
          "create_before_destroy": true
        }
      ]
    },
    {
      "mode": "managed",
      "type": "aws_api_gateway_deployment",
      "name": "main",
      "provider": "provider[\"registry.terraform.io/hashicorp/aws\"]",
      "instances": [
        {
          "schema_version": 0,
          "attributes": {
            "canary_settings": [],
            "created_date": "2025-10-05T19:06:10Z",
            "description": "",
            "execution_arn": "arn:aws:execute-api:us-east-2:857360184083:buzzzp4ywk/",
            "id": "mfyx5l",
            "invoke_url": "https://buzzzp4ywk.execute-api.us-east-2.amazonaws.com/",
            "rest_api_id": "buzzzp4ywk",
            "stage_description": null,
            "stage_name": null,
            "triggers": {
              "redeployment": "e091377b73d8beddae1da7f0e1c3c633747a4984"
            },
            "variables": null
          },
          "sensitive_attributes": [],
          "identity_schema_version": 0,
          "private": "bnVsbA==",
          "dependencies": [
            "aws_api_gateway_authorizer.cognito_authorizer",
            "aws_api_gateway_integration.main",
            "aws_api_gateway_integration.options",
            "aws_api_gateway_integration_response.options",
            "aws_api_gateway_method.main",
            "aws_api_gateway_method.options",
            "aws_api_gateway_method_response.options",
            "aws_api_gateway_resource.athletes",
            "aws_api_gateway_resource.coaches",
            "aws_api_gateway_resource.general",
            "aws_api_gateway_resource.relations",
            "aws_api_gateway_resource.subresources",
            "aws_api_gateway_rest_api.main",
            "aws_db_instance.default",
            "aws_db_subnet_group.rds_private",
            "aws_iam_role.lambda_role",
            "aws_iam_role_policy_attachment.lambda_rds_auth",
            "aws_lambda_function.lambdas",
            "aws_lambda_layer_version.rds",
            "aws_lambda_layer_version.user_auth",
            "aws_security_group.lambda_sg",
            "aws_subnet.private_subnet1",
            "aws_subnet.private_subnet2",
            "data.archive_file.lambda_archives",
            "data.archive_file.rds_layer",
            "data.archive_file.user_auth_layer",
            "data.aws_availability_zones.available",
            "data.aws_vpc.default"
          ],
          "create_before_destroy": true
        }
      ]
    },
    {
      "mode": "managed",
      "type": "aws_api_gateway_integration",
      "name": "main",
      "provider": "provider[\"registry.terraform.io/hashicorp/aws\"]",
      "instances": [
        {
          "index_key": "athletes/input_times",
          "schema_version": 0,
          "attributes": {
            "cache_key_parameters": [],
            "cache_namespace": "akxhzs",
            "connection_id": "",
            "connection_type": "INTERNET",
            "content_handling": "",
            "credentials": "",
            "http_method": "POST",
            "id": "agi-buzzzp4ywk-akxhzs-POST",
            "integration_http_method": "POST",
            "passthrough_behavior": "WHEN_NO_MATCH",
            "request_parameters": {},
            "request_templates": {},
            "resource_id": "akxhzs",
            "rest_api_id": "buzzzp4ywk",
            "timeout_milliseconds": 29000,
            "tls_config": [],
            "type": "AWS_PROXY",
            "uri": "arn:aws:apigateway:us-east-2:lambda:path/2015-03-31/functions/arn:aws:lambda:us-east-2:857360184083:function:input_times/invocations"
          },
          "sensitive_attributes": [],
          "identity_schema_version": 0,
          "private": "bnVsbA==",
          "dependencies": [
            "aws_api_gateway_authorizer.cognito_authorizer",
            "aws_api_gateway_method.main",
            "aws_api_gateway_resource.athletes",
            "aws_api_gateway_resource.coaches",
            "aws_api_gateway_resource.general",
            "aws_api_gateway_resource.relations",
            "aws_api_gateway_resource.subresources",
            "aws_api_gateway_rest_api.main",
            "aws_db_instance.default",
            "aws_db_subnet_group.rds_private",
            "aws_iam_role.lambda_role",
            "aws_iam_role_policy_attachment.lambda_rds_auth",
            "aws_lambda_function.lambdas",
            "aws_lambda_layer_version.rds",
            "aws_lambda_layer_version.user_auth",
            "aws_security_group.lambda_sg",
            "aws_subnet.private_subnet1",
            "aws_subnet.private_subnet2",
            "data.archive_file.lambda_archives",
            "data.archive_file.rds_layer",
            "data.archive_file.user_auth_layer",
            "data.aws_availability_zones.available",
            "data.aws_vpc.default"
          ],
          "create_before_destroy": true
        },
        {
          "index_key": "athletes/remove_inputs",
          "schema_version": 0,
          "attributes": {
            "cache_key_parameters": [],
            "cache_namespace": "6emjgf",
            "connection_id": "",
            "connection_type": "INTERNET",
            "content_handling": "",
            "credentials": "",
            "http_method": "POST",
            "id": "agi-buzzzp4ywk-6emjgf-POST",
            "integration_http_method": "POST",
            "passthrough_behavior": "WHEN_NO_MATCH",
            "request_parameters": {},
            "request_templates": {},
            "resource_id": "6emjgf",
            "rest_api_id": "buzzzp4ywk",
            "timeout_milliseconds": 29000,
            "tls_config": [],
            "type": "AWS_PROXY",
            "uri": "arn:aws:apigateway:us-east-2:lambda:path/2015-03-31/functions/arn:aws:lambda:us-east-2:857360184083:function:remove_inputs/invocations"
          },
          "sensitive_attributes": [],
          "identity_schema_version": 0,
          "private": "bnVsbA==",
          "dependencies": [
            "aws_api_gateway_authorizer.cognito_authorizer",
            "aws_api_gateway_method.main",
            "aws_api_gateway_resource.athletes",
            "aws_api_gateway_resource.coaches",
            "aws_api_gateway_resource.general",
            "aws_api_gateway_resource.relations",
            "aws_api_gateway_resource.subresources",
            "aws_api_gateway_rest_api.main",
            "aws_db_instance.default",
            "aws_db_subnet_group.rds_private",
            "aws_iam_role.lambda_role",
            "aws_iam_role_policy_attachment.lambda_rds_auth",
            "aws_lambda_function.lambdas",
            "aws_lambda_layer_version.rds",
            "aws_lambda_layer_version.user_auth",
            "aws_security_group.lambda_sg",
            "aws_subnet.private_subnet1",
            "aws_subnet.private_subnet2",
            "data.archive_file.lambda_archives",
            "data.archive_file.rds_layer",
            "data.archive_file.user_auth_layer",
            "data.aws_availability_zones.available",
            "data.aws_vpc.default"
          ],
          "create_before_destroy": true
        },
        {
          "index_key": "athletes/search_input_history_date",
          "schema_version": 0,
          "attributes": {
            "cache_key_parameters": [],
            "cache_namespace": "l00oeq",
            "connection_id": "",
            "connection_type": "INTERNET",
            "content_handling": "",
            "credentials": "",
            "http_method": "GET",
            "id": "agi-buzzzp4ywk-l00oeq-GET",
            "integration_http_method": "POST",
            "passthrough_behavior": "WHEN_NO_MATCH",
            "request_parameters": {},
            "request_templates": {},
            "resource_id": "l00oeq",
            "rest_api_id": "buzzzp4ywk",
            "timeout_milliseconds": 29000,
            "tls_config": [],
            "type": "AWS_PROXY",
            "uri": "arn:aws:apigateway:us-east-2:lambda:path/2015-03-31/functions/arn:aws:lambda:us-east-2:857360184083:function:search_input_history_date/invocations"
          },
          "sensitive_attributes": [],
          "identity_schema_version": 0,
          "private": "bnVsbA==",
          "dependencies": [
            "aws_api_gateway_authorizer.cognito_authorizer",
            "aws_api_gateway_method.main",
            "aws_api_gateway_resource.athletes",
            "aws_api_gateway_resource.coaches",
            "aws_api_gateway_resource.general",
            "aws_api_gateway_resource.relations",
            "aws_api_gateway_resource.subresources",
            "aws_api_gateway_rest_api.main",
            "aws_db_instance.default",
            "aws_db_subnet_group.rds_private",
            "aws_iam_role.lambda_role",
            "aws_iam_role_policy_attachment.lambda_rds_auth",
            "aws_lambda_function.lambdas",
            "aws_lambda_layer_version.rds",
            "aws_lambda_layer_version.user_auth",
            "aws_security_group.lambda_sg",
            "aws_subnet.private_subnet1",
            "aws_subnet.private_subnet2",
            "data.archive_file.lambda_archives",
            "data.archive_file.rds_layer",
            "data.archive_file.user_auth_layer",
            "data.aws_availability_zones.available",
            "data.aws_vpc.default"
          ],
          "create_before_destroy": true
        },
        {
          "index_key": "athletes/view_workout_inputs",
          "schema_version": 0,
          "attributes": {
            "cache_key_parameters": [],
            "cache_namespace": "wqltih",
            "connection_id": "",
            "connection_type": "INTERNET",
            "content_handling": "",
            "credentials": "",
            "http_method": "GET",
            "id": "agi-buzzzp4ywk-wqltih-GET",
            "integration_http_method": "POST",
            "passthrough_behavior": "WHEN_NO_MATCH",
            "request_parameters": {},
            "request_templates": {},
            "resource_id": "wqltih",
            "rest_api_id": "buzzzp4ywk",
            "timeout_milliseconds": 29000,
            "tls_config": [],
            "type": "AWS_PROXY",
            "uri": "arn:aws:apigateway:us-east-2:lambda:path/2015-03-31/functions/arn:aws:lambda:us-east-2:857360184083:function:view_workout_inputs/invocations"
          },
          "sensitive_attributes": [],
          "identity_schema_version": 0,
          "private": "bnVsbA==",
          "dependencies": [
            "aws_api_gateway_authorizer.cognito_authorizer",
            "aws_api_gateway_method.main",
            "aws_api_gateway_resource.athletes",
            "aws_api_gateway_resource.coaches",
            "aws_api_gateway_resource.general",
            "aws_api_gateway_resource.relations",
            "aws_api_gateway_resource.subresources",
            "aws_api_gateway_rest_api.main",
            "aws_db_instance.default",
            "aws_db_subnet_group.rds_private",
            "aws_iam_role.lambda_role",
            "aws_iam_role_policy_attachment.lambda_rds_auth",
            "aws_lambda_function.lambdas",
            "aws_lambda_layer_version.rds",
            "aws_lambda_layer_version.user_auth",
            "aws_security_group.lambda_sg",
            "aws_subnet.private_subnet1",
            "aws_subnet.private_subnet2",
            "data.archive_file.lambda_archives",
            "data.archive_file.rds_layer",
            "data.archive_file.user_auth_layer",
            "data.aws_availability_zones.available",
            "data.aws_vpc.default"
          ],
          "create_before_destroy": true
        },
        {
          "index_key": "coaches/add_athlete_to_group",
          "schema_version": 0,
          "attributes": {
            "cache_key_parameters": [],
            "cache_namespace": "wz3zfq",
            "connection_id": "",
            "connection_type": "INTERNET",
            "content_handling": "",
            "credentials": "",
            "http_method": "POST",
            "id": "agi-buzzzp4ywk-wz3zfq-POST",
            "integration_http_method": "POST",
            "passthrough_behavior": "WHEN_NO_MATCH",
            "request_parameters": {},
            "request_templates": {},
            "resource_id": "wz3zfq",
            "rest_api_id": "buzzzp4ywk",
            "timeout_milliseconds": 29000,
            "tls_config": [],
            "type": "AWS_PROXY",
            "uri": "arn:aws:apigateway:us-east-2:lambda:path/2015-03-31/functions/arn:aws:lambda:us-east-2:857360184083:function:add_athlete_to_group/invocations"
          },
          "sensitive_attributes": [],
          "identity_schema_version": 0,
          "private": "bnVsbA==",
          "dependencies": [
            "aws_api_gateway_authorizer.cognito_authorizer",
            "aws_api_gateway_method.main",
            "aws_api_gateway_resource.athletes",
            "aws_api_gateway_resource.coaches",
            "aws_api_gateway_resource.general",
            "aws_api_gateway_resource.relations",
            "aws_api_gateway_resource.subresources",
            "aws_api_gateway_rest_api.main",
            "aws_db_instance.default",
            "aws_db_subnet_group.rds_private",
            "aws_iam_role.lambda_role",
            "aws_iam_role_policy_attachment.lambda_rds_auth",
            "aws_lambda_function.lambdas",
            "aws_lambda_layer_version.rds",
            "aws_lambda_layer_version.user_auth",
            "aws_security_group.lambda_sg",
            "aws_subnet.private_subnet1",
            "aws_subnet.private_subnet2",
            "data.archive_file.lambda_archives",
            "data.archive_file.rds_layer",
            "data.archive_file.user_auth_layer",
            "data.aws_availability_zones.available",
            "data.aws_vpc.default"
          ],
          "create_before_destroy": true
        },
        {
          "index_key": "coaches/assign_group_workout",
          "schema_version": 0,
          "attributes": {
            "cache_key_parameters": [],
            "cache_namespace": "d0t6xd",
            "connection_id": "",
            "connection_type": "INTERNET",
            "content_handling": "",
            "credentials": "",
            "http_method": "POST",
            "id": "agi-buzzzp4ywk-d0t6xd-POST",
            "integration_http_method": "POST",
            "passthrough_behavior": "WHEN_NO_MATCH",
            "request_parameters": {},
            "request_templates": {},
            "resource_id": "d0t6xd",
            "rest_api_id": "buzzzp4ywk",
            "timeout_milliseconds": 29000,
            "tls_config": [],
            "type": "AWS_PROXY",
            "uri": "arn:aws:apigateway:us-east-2:lambda:path/2015-03-31/functions/arn:aws:lambda:us-east-2:857360184083:function:assign_group_workout/invocations"
          },
          "sensitive_attributes": [],
          "identity_schema_version": 0,
          "private": "bnVsbA==",
          "dependencies": [
            "aws_api_gateway_authorizer.cognito_authorizer",
            "aws_api_gateway_method.main",
            "aws_api_gateway_resource.athletes",
            "aws_api_gateway_resource.coaches",
            "aws_api_gateway_resource.general",
            "aws_api_gateway_resource.relations",
            "aws_api_gateway_resource.subresources",
            "aws_api_gateway_rest_api.main",
            "aws_db_instance.default",
            "aws_db_subnet_group.rds_private",
            "aws_iam_role.lambda_role",
            "aws_iam_role_policy_attachment.lambda_rds_auth",
            "aws_lambda_function.lambdas",
            "aws_lambda_layer_version.rds",
            "aws_lambda_layer_version.user_auth",
            "aws_security_group.lambda_sg",
            "aws_subnet.private_subnet1",
            "aws_subnet.private_subnet2",
            "data.archive_file.lambda_archives",
            "data.archive_file.rds_layer",
            "data.archive_file.user_auth_layer",
            "data.aws_availability_zones.available",
            "data.aws_vpc.default"
          ],
          "create_before_destroy": true
        },
        {
          "index_key": "coaches/assign_group_workout_template",
          "schema_version": 0,
          "attributes": {
            "cache_key_parameters": [],
            "cache_namespace": "nl1j88",
            "connection_id": "",
            "connection_type": "INTERNET",
            "content_handling": "",
            "credentials": "",
            "http_method": "POST",
            "id": "agi-buzzzp4ywk-nl1j88-POST",
            "integration_http_method": "POST",
            "passthrough_behavior": "WHEN_NO_MATCH",
            "request_parameters": {},
            "request_templates": {},
            "resource_id": "nl1j88",
            "rest_api_id": "buzzzp4ywk",
            "timeout_milliseconds": 29000,
            "tls_config": [],
            "type": "AWS_PROXY",
            "uri": "arn:aws:apigateway:us-east-2:lambda:path/2015-03-31/functions/arn:aws:lambda:us-east-2:857360184083:function:assign_group_workout_template/invocations"
          },
          "sensitive_attributes": [],
          "identity_schema_version": 0,
          "private": "bnVsbA==",
          "dependencies": [
            "aws_api_gateway_authorizer.cognito_authorizer",
            "aws_api_gateway_method.main",
            "aws_api_gateway_resource.athletes",
            "aws_api_gateway_resource.coaches",
            "aws_api_gateway_resource.general",
            "aws_api_gateway_resource.relations",
            "aws_api_gateway_resource.subresources",
            "aws_api_gateway_rest_api.main",
            "aws_db_instance.default",
            "aws_db_subnet_group.rds_private",
            "aws_iam_role.lambda_role",
            "aws_iam_role_policy_attachment.lambda_rds_auth",
            "aws_lambda_function.lambdas",
            "aws_lambda_layer_version.rds",
            "aws_lambda_layer_version.user_auth",
            "aws_security_group.lambda_sg",
            "aws_subnet.private_subnet1",
            "aws_subnet.private_subnet2",
            "data.archive_file.lambda_archives",
            "data.archive_file.rds_layer",
            "data.archive_file.user_auth_layer",
            "data.aws_availability_zones.available",
            "data.aws_vpc.default"
          ],
          "create_before_destroy": true
        },
        {
          "index_key": "coaches/create_group",
          "schema_version": 0,
          "attributes": {
            "cache_key_parameters": [],
            "cache_namespace": "x30w08",
            "connection_id": "",
            "connection_type": "INTERNET",
            "content_handling": "",
            "credentials": "",
            "http_method": "POST",
            "id": "agi-buzzzp4ywk-x30w08-POST",
            "integration_http_method": "POST",
            "passthrough_behavior": "WHEN_NO_MATCH",
            "request_parameters": {},
            "request_templates": {},
            "resource_id": "x30w08",
            "rest_api_id": "buzzzp4ywk",
            "timeout_milliseconds": 29000,
            "tls_config": [],
            "type": "AWS_PROXY",
            "uri": "arn:aws:apigateway:us-east-2:lambda:path/2015-03-31/functions/arn:aws:lambda:us-east-2:857360184083:function:create_group/invocations"
          },
          "sensitive_attributes": [],
          "identity_schema_version": 0,
          "private": "bnVsbA==",
          "dependencies": [
            "aws_api_gateway_authorizer.cognito_authorizer",
            "aws_api_gateway_method.main",
            "aws_api_gateway_resource.athletes",
            "aws_api_gateway_resource.coaches",
            "aws_api_gateway_resource.general",
            "aws_api_gateway_resource.relations",
            "aws_api_gateway_resource.subresources",
            "aws_api_gateway_rest_api.main",
            "aws_db_instance.default",
            "aws_db_subnet_group.rds_private",
            "aws_iam_role.lambda_role",
            "aws_iam_role_policy_attachment.lambda_rds_auth",
            "aws_lambda_function.lambdas",
            "aws_lambda_layer_version.rds",
            "aws_lambda_layer_version.user_auth",
            "aws_security_group.lambda_sg",
            "aws_subnet.private_subnet1",
            "aws_subnet.private_subnet2",
            "data.archive_file.lambda_archives",
            "data.archive_file.rds_layer",
            "data.archive_file.user_auth_layer",
            "data.aws_availability_zones.available",
            "data.aws_vpc.default"
          ],
          "create_before_destroy": true
        },
        {
          "index_key": "coaches/create_workout_template",
          "schema_version": 0,
          "attributes": {
            "cache_key_parameters": [],
            "cache_namespace": "6cxvjn",
            "connection_id": "",
            "connection_type": "INTERNET",
            "content_handling": "",
            "credentials": "",
            "http_method": "POST",
            "id": "agi-buzzzp4ywk-6cxvjn-POST",
            "integration_http_method": "POST",
            "passthrough_behavior": "WHEN_NO_MATCH",
            "request_parameters": {},
            "request_templates": {},
            "resource_id": "6cxvjn",
            "rest_api_id": "buzzzp4ywk",
            "timeout_milliseconds": 29000,
            "tls_config": [],
            "type": "AWS_PROXY",
            "uri": "arn:aws:apigateway:us-east-2:lambda:path/2015-03-31/functions/arn:aws:lambda:us-east-2:857360184083:function:create_workout_template/invocations"
          },
          "sensitive_attributes": [],
          "identity_schema_version": 0,
          "private": "bnVsbA==",
          "dependencies": [
            "aws_api_gateway_authorizer.cognito_authorizer",
            "aws_api_gateway_method.main",
            "aws_api_gateway_resource.athletes",
            "aws_api_gateway_resource.coaches",
            "aws_api_gateway_resource.general",
            "aws_api_gateway_resource.relations",
            "aws_api_gateway_resource.subresources",
            "aws_api_gateway_rest_api.main",
            "aws_db_instance.default",
            "aws_db_subnet_group.rds_private",
            "aws_iam_role.lambda_role",
            "aws_iam_role_policy_attachment.lambda_rds_auth",
            "aws_lambda_function.lambdas",
            "aws_lambda_layer_version.rds",
            "aws_lambda_layer_version.user_auth",
            "aws_security_group.lambda_sg",
            "aws_subnet.private_subnet1",
            "aws_subnet.private_subnet2",
            "data.archive_file.lambda_archives",
            "data.archive_file.rds_layer",
            "data.archive_file.user_auth_layer",
            "data.aws_availability_zones.available",
            "data.aws_vpc.default"
          ],
          "create_before_destroy": true
        },
        {
          "index_key": "coaches/delete_group",
          "schema_version": 0,
          "attributes": {
            "cache_key_parameters": [],
            "cache_namespace": "qbwhq3",
            "connection_id": "",
            "connection_type": "INTERNET",
            "content_handling": "",
            "credentials": "",
            "http_method": "DELETE",
            "id": "agi-buzzzp4ywk-qbwhq3-DELETE",
            "integration_http_method": "POST",
            "passthrough_behavior": "WHEN_NO_MATCH",
            "request_parameters": {},
            "request_templates": {},
            "resource_id": "qbwhq3",
            "rest_api_id": "buzzzp4ywk",
            "timeout_milliseconds": 29000,
            "tls_config": [],
            "type": "AWS_PROXY",
            "uri": "arn:aws:apigateway:us-east-2:lambda:path/2015-03-31/functions/arn:aws:lambda:us-east-2:857360184083:function:delete_group/invocations"
          },
          "sensitive_attributes": [],
          "identity_schema_version": 0,
          "private": "bnVsbA==",
          "dependencies": [
            "aws_api_gateway_authorizer.cognito_authorizer",
            "aws_api_gateway_method.main",
            "aws_api_gateway_resource.athletes",
            "aws_api_gateway_resource.coaches",
            "aws_api_gateway_resource.general",
            "aws_api_gateway_resource.relations",
            "aws_api_gateway_resource.subresources",
            "aws_api_gateway_rest_api.main",
            "aws_db_instance.default",
            "aws_db_subnet_group.rds_private",
            "aws_iam_role.lambda_role",
            "aws_iam_role_policy_attachment.lambda_rds_auth",
            "aws_lambda_function.lambdas",
            "aws_lambda_layer_version.rds",
            "aws_lambda_layer_version.user_auth",
            "aws_security_group.lambda_sg",
            "aws_subnet.private_subnet1",
            "aws_subnet.private_subnet2",
            "data.archive_file.lambda_archives",
            "data.archive_file.rds_layer",
            "data.archive_file.user_auth_layer",
            "data.aws_availability_zones.available",
            "data.aws_vpc.default"
          ],
          "create_before_destroy": true
        },
        {
          "index_key": "coaches/delete_group_workout",
          "schema_version": 0,
          "attributes": {
            "cache_key_parameters": [],
            "cache_namespace": "zay0w3",
            "connection_id": "",
            "connection_type": "INTERNET",
            "content_handling": "",
            "credentials": "",
            "http_method": "DELETE",
            "id": "agi-buzzzp4ywk-zay0w3-DELETE",
            "integration_http_method": "POST",
            "passthrough_behavior": "WHEN_NO_MATCH",
            "request_parameters": {},
            "request_templates": {},
            "resource_id": "zay0w3",
            "rest_api_id": "buzzzp4ywk",
            "timeout_milliseconds": 29000,
            "tls_config": [],
            "type": "AWS_PROXY",
            "uri": "arn:aws:apigateway:us-east-2:lambda:path/2015-03-31/functions/arn:aws:lambda:us-east-2:857360184083:function:delete_group_workout/invocations"
          },
          "sensitive_attributes": [],
          "identity_schema_version": 0,
          "private": "bnVsbA==",
          "dependencies": [
            "aws_api_gateway_authorizer.cognito_authorizer",
            "aws_api_gateway_method.main",
            "aws_api_gateway_resource.athletes",
            "aws_api_gateway_resource.coaches",
            "aws_api_gateway_resource.general",
            "aws_api_gateway_resource.relations",
            "aws_api_gateway_resource.subresources",
            "aws_api_gateway_rest_api.main",
            "aws_db_instance.default",
            "aws_db_subnet_group.rds_private",
            "aws_iam_role.lambda_role",
            "aws_iam_role_policy_attachment.lambda_rds_auth",
            "aws_lambda_function.lambdas",
            "aws_lambda_layer_version.rds",
            "aws_lambda_layer_version.user_auth",
            "aws_security_group.lambda_sg",
            "aws_subnet.private_subnet1",
            "aws_subnet.private_subnet2",
            "data.archive_file.lambda_archives",
            "data.archive_file.rds_layer",
            "data.archive_file.user_auth_layer",
            "data.aws_availability_zones.available",
            "data.aws_vpc.default"
          ],
          "create_before_destroy": true
        },
        {
          "index_key": "coaches/delete_workout_template",
          "schema_version": 0,
          "attributes": {
            "cache_key_parameters": [],
            "cache_namespace": "63809l",
            "connection_id": "",
            "connection_type": "INTERNET",
            "content_handling": "",
            "credentials": "",
            "http_method": "DELETE",
            "id": "agi-buzzzp4ywk-63809l-DELETE",
            "integration_http_method": "POST",
            "passthrough_behavior": "WHEN_NO_MATCH",
            "request_parameters": {},
            "request_templates": {},
            "resource_id": "63809l",
            "rest_api_id": "buzzzp4ywk",
            "timeout_milliseconds": 29000,
            "tls_config": [],
            "type": "AWS_PROXY",
            "uri": "arn:aws:apigateway:us-east-2:lambda:path/2015-03-31/functions/arn:aws:lambda:us-east-2:857360184083:function:delete_workout_template/invocations"
          },
          "sensitive_attributes": [],
          "identity_schema_version": 0,
          "private": "bnVsbA==",
          "dependencies": [
            "aws_api_gateway_authorizer.cognito_authorizer",
            "aws_api_gateway_method.main",
            "aws_api_gateway_resource.athletes",
            "aws_api_gateway_resource.coaches",
            "aws_api_gateway_resource.general",
            "aws_api_gateway_resource.relations",
            "aws_api_gateway_resource.subresources",
            "aws_api_gateway_rest_api.main",
            "aws_db_instance.default",
            "aws_db_subnet_group.rds_private",
            "aws_iam_role.lambda_role",
            "aws_iam_role_policy_attachment.lambda_rds_auth",
            "aws_lambda_function.lambdas",
            "aws_lambda_layer_version.rds",
            "aws_lambda_layer_version.user_auth",
            "aws_security_group.lambda_sg",
            "aws_subnet.private_subnet1",
            "aws_subnet.private_subnet2",
            "data.archive_file.lambda_archives",
            "data.archive_file.rds_layer",
            "data.archive_file.user_auth_layer",
            "data.aws_availability_zones.available",
            "data.aws_vpc.default"
          ],
          "create_before_destroy": true
        },
        {
          "index_key": "coaches/fetch_historical_data",
          "schema_version": 0,
          "attributes": {
            "cache_key_parameters": [],
            "cache_namespace": "q5mjqd",
            "connection_id": "",
            "connection_type": "INTERNET",
            "content_handling": "",
            "credentials": "",
            "http_method": "GET",
            "id": "agi-buzzzp4ywk-q5mjqd-GET",
            "integration_http_method": "POST",
            "passthrough_behavior": "WHEN_NO_MATCH",
            "request_parameters": {},
            "request_templates": {},
            "resource_id": "q5mjqd",
            "rest_api_id": "buzzzp4ywk",
            "timeout_milliseconds": 29000,
            "tls_config": [],
            "type": "AWS_PROXY",
            "uri": "arn:aws:apigateway:us-east-2:lambda:path/2015-03-31/functions/arn:aws:lambda:us-east-2:857360184083:function:fetch_historical_data/invocations"
          },
          "sensitive_attributes": [],
          "identity_schema_version": 0,
          "private": "bnVsbA==",
          "dependencies": [
            "aws_api_gateway_authorizer.cognito_authorizer",
            "aws_api_gateway_method.main",
            "aws_api_gateway_resource.athletes",
            "aws_api_gateway_resource.coaches",
            "aws_api_gateway_resource.general",
            "aws_api_gateway_resource.relations",
            "aws_api_gateway_resource.subresources",
            "aws_api_gateway_rest_api.main",
            "aws_db_instance.default",
            "aws_db_subnet_group.rds_private",
            "aws_iam_role.lambda_role",
            "aws_iam_role_policy_attachment.lambda_rds_auth",
            "aws_lambda_function.lambdas",
            "aws_lambda_layer_version.rds",
            "aws_lambda_layer_version.user_auth",
            "aws_security_group.lambda_sg",
            "aws_subnet.private_subnet1",
            "aws_subnet.private_subnet2",
            "data.archive_file.lambda_archives",
            "data.archive_file.rds_layer",
            "data.archive_file.user_auth_layer",
            "data.aws_availability_zones.available",
            "data.aws_vpc.default"
          ],
          "create_before_destroy": true
        },
        {
          "index_key": "coaches/get_absent_group_athletes",
          "schema_version": 0,
          "attributes": {
            "cache_key_parameters": [],
            "cache_namespace": "td0207",
            "connection_id": "",
            "connection_type": "INTERNET",
            "content_handling": "",
            "credentials": "",
            "http_method": "GET",
            "id": "agi-buzzzp4ywk-td0207-GET",
            "integration_http_method": "POST",
            "passthrough_behavior": "WHEN_NO_MATCH",
            "request_parameters": {},
            "request_templates": {},
            "resource_id": "td0207",
            "rest_api_id": "buzzzp4ywk",
            "timeout_milliseconds": 29000,
            "tls_config": [],
            "type": "AWS_PROXY",
            "uri": "arn:aws:apigateway:us-east-2:lambda:path/2015-03-31/functions/arn:aws:lambda:us-east-2:857360184083:function:get_absent_group_athletes/invocations"
          },
          "sensitive_attributes": [],
          "identity_schema_version": 0,
          "private": "bnVsbA==",
          "dependencies": [
            "aws_api_gateway_authorizer.cognito_authorizer",
            "aws_api_gateway_method.main",
            "aws_api_gateway_resource.athletes",
            "aws_api_gateway_resource.coaches",
            "aws_api_gateway_resource.general",
            "aws_api_gateway_resource.relations",
            "aws_api_gateway_resource.subresources",
            "aws_api_gateway_rest_api.main",
            "aws_db_instance.default",
            "aws_db_subnet_group.rds_private",
            "aws_iam_role.lambda_role",
            "aws_iam_role_policy_attachment.lambda_rds_auth",
            "aws_lambda_function.lambdas",
            "aws_lambda_layer_version.rds",
            "aws_lambda_layer_version.user_auth",
            "aws_security_group.lambda_sg",
            "aws_subnet.private_subnet1",
            "aws_subnet.private_subnet2",
            "data.archive_file.lambda_archives",
            "data.archive_file.rds_layer",
            "data.archive_file.user_auth_layer",
            "data.aws_availability_zones.available",
            "data.aws_vpc.default"
          ],
          "create_before_destroy": true
        },
        {
          "index_key": "coaches/get_available_history_dates",
          "schema_version": 0,
          "attributes": {
            "cache_key_parameters": [],
            "cache_namespace": "j8bnua",
            "connection_id": "",
            "connection_type": "INTERNET",
            "content_handling": "",
            "credentials": "",
            "http_method": "GET",
            "id": "agi-buzzzp4ywk-j8bnua-GET",
            "integration_http_method": "POST",
            "passthrough_behavior": "WHEN_NO_MATCH",
            "request_parameters": {},
            "request_templates": {},
            "resource_id": "j8bnua",
            "rest_api_id": "buzzzp4ywk",
            "timeout_milliseconds": 29000,
            "tls_config": [],
            "type": "AWS_PROXY",
            "uri": "arn:aws:apigateway:us-east-2:lambda:path/2015-03-31/functions/arn:aws:lambda:us-east-2:857360184083:function:get_available_history_dates/invocations"
          },
          "sensitive_attributes": [],
          "identity_schema_version": 0,
          "private": "bnVsbA==",
          "dependencies": [
            "aws_api_gateway_authorizer.cognito_authorizer",
            "aws_api_gateway_method.main",
            "aws_api_gateway_resource.athletes",
            "aws_api_gateway_resource.coaches",
            "aws_api_gateway_resource.general",
            "aws_api_gateway_resource.relations",
            "aws_api_gateway_resource.subresources",
            "aws_api_gateway_rest_api.main",
            "aws_db_instance.default",
            "aws_db_subnet_group.rds_private",
            "aws_iam_role.lambda_role",
            "aws_iam_role_policy_attachment.lambda_rds_auth",
            "aws_lambda_function.lambdas",
            "aws_lambda_layer_version.rds",
            "aws_lambda_layer_version.user_auth",
            "aws_security_group.lambda_sg",
            "aws_subnet.private_subnet1",
            "aws_subnet.private_subnet2",
            "data.archive_file.lambda_archives",
            "data.archive_file.rds_layer",
            "data.archive_file.user_auth_layer",
            "data.aws_availability_zones.available",
            "data.aws_vpc.default"
          ],
          "create_before_destroy": true
        },
        {
          "index_key": "coaches/get_workout_templates",
          "schema_version": 0,
          "attributes": {
            "cache_key_parameters": [],
            "cache_namespace": "nw96aq",
            "connection_id": "",
            "connection_type": "INTERNET",
            "content_handling": "",
            "credentials": "",
            "http_method": "GET",
            "id": "agi-buzzzp4ywk-nw96aq-GET",
            "integration_http_method": "POST",
            "passthrough_behavior": "WHEN_NO_MATCH",
            "request_parameters": {},
            "request_templates": {},
            "resource_id": "nw96aq",
            "rest_api_id": "buzzzp4ywk",
            "timeout_milliseconds": 29000,
            "tls_config": [],
            "type": "AWS_PROXY",
            "uri": "arn:aws:apigateway:us-east-2:lambda:path/2015-03-31/functions/arn:aws:lambda:us-east-2:857360184083:function:get_workout_templates/invocations"
          },
          "sensitive_attributes": [],
          "identity_schema_version": 0,
          "private": "bnVsbA==",
          "dependencies": [
            "aws_api_gateway_authorizer.cognito_authorizer",
            "aws_api_gateway_method.main",
            "aws_api_gateway_resource.athletes",
            "aws_api_gateway_resource.coaches",
            "aws_api_gateway_resource.general",
            "aws_api_gateway_resource.relations",
            "aws_api_gateway_resource.subresources",
            "aws_api_gateway_rest_api.main",
            "aws_db_instance.default",
            "aws_db_subnet_group.rds_private",
            "aws_iam_role.lambda_role",
            "aws_iam_role_policy_attachment.lambda_rds_auth",
            "aws_lambda_function.lambdas",
            "aws_lambda_layer_version.rds",
            "aws_lambda_layer_version.user_auth",
            "aws_security_group.lambda_sg",
            "aws_subnet.private_subnet1",
            "aws_subnet.private_subnet2",
            "data.archive_file.lambda_archives",
            "data.archive_file.rds_layer",
            "data.archive_file.user_auth_layer",
            "data.aws_availability_zones.available",
            "data.aws_vpc.default"
          ],
          "create_before_destroy": true
        },
        {
          "index_key": "coaches/remove_group_athlete",
          "schema_version": 0,
          "attributes": {
            "cache_key_parameters": [],
            "cache_namespace": "0aq10y",
            "connection_id": "",
            "connection_type": "INTERNET",
            "content_handling": "",
            "credentials": "",
            "http_method": "DELETE",
            "id": "agi-buzzzp4ywk-0aq10y-DELETE",
            "integration_http_method": "POST",
            "passthrough_behavior": "WHEN_NO_MATCH",
            "request_parameters": {},
            "request_templates": {},
            "resource_id": "0aq10y",
            "rest_api_id": "buzzzp4ywk",
            "timeout_milliseconds": 29000,
            "tls_config": [],
            "type": "AWS_PROXY",
            "uri": "arn:aws:apigateway:us-east-2:lambda:path/2015-03-31/functions/arn:aws:lambda:us-east-2:857360184083:function:remove_group_athlete/invocations"
          },
          "sensitive_attributes": [],
          "identity_schema_version": 0,
          "private": "bnVsbA==",
          "dependencies": [
            "aws_api_gateway_authorizer.cognito_authorizer",
            "aws_api_gateway_method.main",
            "aws_api_gateway_resource.athletes",
            "aws_api_gateway_resource.coaches",
            "aws_api_gateway_resource.general",
            "aws_api_gateway_resource.relations",
            "aws_api_gateway_resource.subresources",
            "aws_api_gateway_rest_api.main",
            "aws_db_instance.default",
            "aws_db_subnet_group.rds_private",
            "aws_iam_role.lambda_role",
            "aws_iam_role_policy_attachment.lambda_rds_auth",
            "aws_lambda_function.lambdas",
            "aws_lambda_layer_version.rds",
            "aws_lambda_layer_version.user_auth",
            "aws_security_group.lambda_sg",
            "aws_subnet.private_subnet1",
            "aws_subnet.private_subnet2",
            "data.archive_file.lambda_archives",
            "data.archive_file.rds_layer",
            "data.archive_file.user_auth_layer",
            "data.aws_availability_zones.available",
            "data.aws_vpc.default"
          ],
          "create_before_destroy": true
        },
        {
          "index_key": "general/create_user",
          "schema_version": 0,
          "attributes": {
            "cache_key_parameters": [],
            "cache_namespace": "3ux4l0",
            "connection_id": "",
            "connection_type": "INTERNET",
            "content_handling": "",
            "credentials": "",
            "http_method": "POST",
            "id": "agi-buzzzp4ywk-3ux4l0-POST",
            "integration_http_method": "POST",
            "passthrough_behavior": "WHEN_NO_MATCH",
            "request_parameters": {},
            "request_templates": {},
            "resource_id": "3ux4l0",
            "rest_api_id": "buzzzp4ywk",
            "timeout_milliseconds": 29000,
            "tls_config": [],
            "type": "AWS_PROXY",
            "uri": "arn:aws:apigateway:us-east-2:lambda:path/2015-03-31/functions/arn:aws:lambda:us-east-2:857360184083:function:create_user/invocations"
          },
          "sensitive_attributes": [],
          "identity_schema_version": 0,
          "private": "bnVsbA==",
          "dependencies": [
            "aws_api_gateway_authorizer.cognito_authorizer",
            "aws_api_gateway_method.main",
            "aws_api_gateway_resource.athletes",
            "aws_api_gateway_resource.coaches",
            "aws_api_gateway_resource.general",
            "aws_api_gateway_resource.relations",
            "aws_api_gateway_resource.subresources",
            "aws_api_gateway_rest_api.main",
            "aws_db_instance.default",
            "aws_db_subnet_group.rds_private",
            "aws_iam_role.lambda_role",
            "aws_iam_role_policy_attachment.lambda_rds_auth",
            "aws_lambda_function.lambdas",
            "aws_lambda_layer_version.rds",
            "aws_lambda_layer_version.user_auth",
            "aws_security_group.lambda_sg",
            "aws_subnet.private_subnet1",
            "aws_subnet.private_subnet2",
            "data.archive_file.lambda_archives",
            "data.archive_file.rds_layer",
            "data.archive_file.user_auth_layer",
            "data.aws_availability_zones.available",
            "data.aws_vpc.default"
          ],
          "create_before_destroy": true
        },
        {
          "index_key": "general/get_athletes_for_group",
          "schema_version": 0,
          "attributes": {
            "cache_key_parameters": [],
            "cache_namespace": "1g3n72",
            "connection_id": "",
            "connection_type": "INTERNET",
            "content_handling": "",
            "credentials": "",
            "http_method": "GET",
            "id": "agi-buzzzp4ywk-1g3n72-GET",
            "integration_http_method": "POST",
            "passthrough_behavior": "WHEN_NO_MATCH",
            "request_parameters": {},
            "request_templates": {},
            "resource_id": "1g3n72",
            "rest_api_id": "buzzzp4ywk",
            "timeout_milliseconds": 29000,
            "tls_config": [],
            "type": "AWS_PROXY",
            "uri": "arn:aws:apigateway:us-east-2:lambda:path/2015-03-31/functions/arn:aws:lambda:us-east-2:857360184083:function:get_athletes_for_group/invocations"
          },
          "sensitive_attributes": [],
          "identity_schema_version": 0,
          "private": "bnVsbA==",
          "dependencies": [
            "aws_api_gateway_authorizer.cognito_authorizer",
            "aws_api_gateway_method.main",
            "aws_api_gateway_resource.athletes",
            "aws_api_gateway_resource.coaches",
            "aws_api_gateway_resource.general",
            "aws_api_gateway_resource.relations",
            "aws_api_gateway_resource.subresources",
            "aws_api_gateway_rest_api.main",
            "aws_db_instance.default",
            "aws_db_subnet_group.rds_private",
            "aws_iam_role.lambda_role",
            "aws_iam_role_policy_attachment.lambda_rds_auth",
            "aws_lambda_function.lambdas",
            "aws_lambda_layer_version.rds",
            "aws_lambda_layer_version.user_auth",
            "aws_security_group.lambda_sg",
            "aws_subnet.private_subnet1",
            "aws_subnet.private_subnet2",
            "data.archive_file.lambda_archives",
            "data.archive_file.rds_layer",
            "data.archive_file.user_auth_layer",
            "data.aws_availability_zones.available",
            "data.aws_vpc.default"
          ],
          "create_before_destroy": true
        },
        {
          "index_key": "general/get_group_workout",
          "schema_version": 0,
          "attributes": {
            "cache_key_parameters": [],
            "cache_namespace": "26g1pa",
            "connection_id": "",
            "connection_type": "INTERNET",
            "content_handling": "",
            "credentials": "",
            "http_method": "GET",
            "id": "agi-buzzzp4ywk-26g1pa-GET",
            "integration_http_method": "POST",
            "passthrough_behavior": "WHEN_NO_MATCH",
            "request_parameters": {},
            "request_templates": {},
            "resource_id": "26g1pa",
            "rest_api_id": "buzzzp4ywk",
            "timeout_milliseconds": 29000,
            "tls_config": [],
            "type": "AWS_PROXY",
            "uri": "arn:aws:apigateway:us-east-2:lambda:path/2015-03-31/functions/arn:aws:lambda:us-east-2:857360184083:function:get_group_workout/invocations"
          },
          "sensitive_attributes": [],
          "identity_schema_version": 0,
          "private": "bnVsbA==",
          "dependencies": [
            "aws_api_gateway_authorizer.cognito_authorizer",
            "aws_api_gateway_method.main",
            "aws_api_gateway_resource.athletes",
            "aws_api_gateway_resource.coaches",
            "aws_api_gateway_resource.general",
            "aws_api_gateway_resource.relations",
            "aws_api_gateway_resource.subresources",
            "aws_api_gateway_rest_api.main",
            "aws_db_instance.default",
            "aws_db_subnet_group.rds_private",
            "aws_iam_role.lambda_role",
            "aws_iam_role_policy_attachment.lambda_rds_auth",
            "aws_lambda_function.lambdas",
            "aws_lambda_layer_version.rds",
            "aws_lambda_layer_version.user_auth",
            "aws_security_group.lambda_sg",
            "aws_subnet.private_subnet1",
            "aws_subnet.private_subnet2",
            "data.archive_file.lambda_archives",
            "data.archive_file.rds_layer",
            "data.archive_file.user_auth_layer",
            "data.aws_availability_zones.available",
            "data.aws_vpc.default"
          ],
          "create_before_destroy": true
        },
        {
          "index_key": "general/get_groups",
          "schema_version": 0,
          "attributes": {
            "cache_key_parameters": [],
            "cache_namespace": "db44ui",
            "connection_id": "",
            "connection_type": "INTERNET",
            "content_handling": "",
            "credentials": "",
            "http_method": "GET",
            "id": "agi-buzzzp4ywk-db44ui-GET",
            "integration_http_method": "POST",
            "passthrough_behavior": "WHEN_NO_MATCH",
            "request_parameters": {},
            "request_templates": {},
            "resource_id": "db44ui",
            "rest_api_id": "buzzzp4ywk",
            "timeout_milliseconds": 29000,
            "tls_config": [],
            "type": "AWS_PROXY",
            "uri": "arn:aws:apigateway:us-east-2:lambda:path/2015-03-31/functions/arn:aws:lambda:us-east-2:857360184083:function:get_groups/invocations"
          },
          "sensitive_attributes": [],
          "identity_schema_version": 0,
          "private": "bnVsbA==",
          "dependencies": [
            "aws_api_gateway_authorizer.cognito_authorizer",
            "aws_api_gateway_method.main",
            "aws_api_gateway_resource.athletes",
            "aws_api_gateway_resource.coaches",
            "aws_api_gateway_resource.general",
            "aws_api_gateway_resource.relations",
            "aws_api_gateway_resource.subresources",
            "aws_api_gateway_rest_api.main",
            "aws_db_instance.default",
            "aws_db_subnet_group.rds_private",
            "aws_iam_role.lambda_role",
            "aws_iam_role_policy_attachment.lambda_rds_auth",
            "aws_lambda_function.lambdas",
            "aws_lambda_layer_version.rds",
            "aws_lambda_layer_version.user_auth",
            "aws_security_group.lambda_sg",
            "aws_subnet.private_subnet1",
            "aws_subnet.private_subnet2",
            "data.archive_file.lambda_archives",
            "data.archive_file.rds_layer",
            "data.archive_file.user_auth_layer",
            "data.aws_availability_zones.available",
            "data.aws_vpc.default"
          ],
          "create_before_destroy": true
        },
        {
          "index_key": "general/get_user",
          "schema_version": 0,
          "attributes": {
            "cache_key_parameters": [],
            "cache_namespace": "ofzmk1",
            "connection_id": "",
            "connection_type": "INTERNET",
            "content_handling": "",
            "credentials": "",
            "http_method": "GET",
            "id": "agi-buzzzp4ywk-ofzmk1-GET",
            "integration_http_method": "POST",
            "passthrough_behavior": "WHEN_NO_MATCH",
            "request_parameters": {},
            "request_templates": {},
            "resource_id": "ofzmk1",
            "rest_api_id": "buzzzp4ywk",
            "timeout_milliseconds": 29000,
            "tls_config": [],
            "type": "AWS_PROXY",
            "uri": "arn:aws:apigateway:us-east-2:lambda:path/2015-03-31/functions/arn:aws:lambda:us-east-2:857360184083:function:get_user/invocations"
          },
          "sensitive_attributes": [],
          "identity_schema_version": 0,
          "private": "bnVsbA==",
          "dependencies": [
            "aws_api_gateway_authorizer.cognito_authorizer",
            "aws_api_gateway_method.main",
            "aws_api_gateway_resource.athletes",
            "aws_api_gateway_resource.coaches",
            "aws_api_gateway_resource.general",
            "aws_api_gateway_resource.relations",
            "aws_api_gateway_resource.subresources",
            "aws_api_gateway_rest_api.main",
            "aws_db_instance.default",
            "aws_db_subnet_group.rds_private",
            "aws_iam_role.lambda_role",
            "aws_iam_role_policy_attachment.lambda_rds_auth",
            "aws_lambda_function.lambdas",
            "aws_lambda_layer_version.rds",
            "aws_lambda_layer_version.user_auth",
            "aws_security_group.lambda_sg",
            "aws_subnet.private_subnet1",
            "aws_subnet.private_subnet2",
            "data.archive_file.lambda_archives",
            "data.archive_file.rds_layer",
            "data.archive_file.user_auth_layer",
            "data.aws_availability_zones.available",
            "data.aws_vpc.default"
          ],
          "create_before_destroy": true
        },
        {
          "index_key": "general/get_weekly_schedule",
          "schema_version": 0,
          "attributes": {
            "cache_key_parameters": [],
            "cache_namespace": "8t33db",
            "connection_id": "",
            "connection_type": "INTERNET",
            "content_handling": "",
            "credentials": "",
            "http_method": "GET",
            "id": "agi-buzzzp4ywk-8t33db-GET",
            "integration_http_method": "POST",
            "passthrough_behavior": "WHEN_NO_MATCH",
            "request_parameters": {},
            "request_templates": {},
            "resource_id": "8t33db",
            "rest_api_id": "buzzzp4ywk",
            "timeout_milliseconds": 29000,
            "tls_config": [],
            "type": "AWS_PROXY",
            "uri": "arn:aws:apigateway:us-east-2:lambda:path/2015-03-31/functions/arn:aws:lambda:us-east-2:857360184083:function:get_weekly_schedule/invocations"
          },
          "sensitive_attributes": [],
          "identity_schema_version": 0,
          "private": "bnVsbA==",
          "dependencies": [
            "aws_api_gateway_authorizer.cognito_authorizer",
            "aws_api_gateway_method.main",
            "aws_api_gateway_resource.athletes",
            "aws_api_gateway_resource.coaches",
            "aws_api_gateway_resource.general",
            "aws_api_gateway_resource.relations",
            "aws_api_gateway_resource.subresources",
            "aws_api_gateway_rest_api.main",
            "aws_db_instance.default",
            "aws_db_subnet_group.rds_private",
            "aws_iam_role.lambda_role",
            "aws_iam_role_policy_attachment.lambda_rds_auth",
            "aws_lambda_function.lambdas",
            "aws_lambda_layer_version.rds",
            "aws_lambda_layer_version.user_auth",
            "aws_security_group.lambda_sg",
            "aws_subnet.private_subnet1",
            "aws_subnet.private_subnet2",
            "data.archive_file.lambda_archives",
            "data.archive_file.rds_layer",
            "data.archive_file.user_auth_layer",
            "data.aws_availability_zones.available",
            "data.aws_vpc.default"
          ],
          "create_before_destroy": true
        },
        {
          "index_key": "general/mass_input",
          "schema_version": 0,
          "attributes": {
            "cache_key_parameters": [],
            "cache_namespace": "ozp6d8",
            "connection_id": "",
            "connection_type": "INTERNET",
            "content_handling": "",
            "credentials": "",
            "http_method": "POST",
            "id": "agi-buzzzp4ywk-ozp6d8-POST",
            "integration_http_method": "POST",
            "passthrough_behavior": "WHEN_NO_MATCH",
            "request_parameters": {},
            "request_templates": {},
            "resource_id": "ozp6d8",
            "rest_api_id": "buzzzp4ywk",
            "timeout_milliseconds": 29000,
            "tls_config": [],
            "type": "AWS_PROXY",
            "uri": "arn:aws:apigateway:us-east-2:lambda:path/2015-03-31/functions/arn:aws:lambda:us-east-2:857360184083:function:mass_input/invocations"
          },
          "sensitive_attributes": [],
          "identity_schema_version": 0,
          "private": "bnVsbA==",
          "dependencies": [
            "aws_api_gateway_authorizer.cognito_authorizer",
            "aws_api_gateway_method.main",
            "aws_api_gateway_resource.athletes",
            "aws_api_gateway_resource.coaches",
            "aws_api_gateway_resource.general",
            "aws_api_gateway_resource.relations",
            "aws_api_gateway_resource.subresources",
            "aws_api_gateway_rest_api.main",
            "aws_db_instance.default",
            "aws_db_subnet_group.rds_private",
            "aws_iam_role.lambda_role",
            "aws_iam_role_policy_attachment.lambda_rds_auth",
            "aws_lambda_function.lambdas",
            "aws_lambda_layer_version.rds",
            "aws_lambda_layer_version.user_auth",
            "aws_security_group.lambda_sg",
            "aws_subnet.private_subnet1",
            "aws_subnet.private_subnet2",
            "data.archive_file.lambda_archives",
            "data.archive_file.rds_layer",
            "data.archive_file.user_auth_layer",
            "data.aws_availability_zones.available",
            "data.aws_vpc.default"
          ],
          "create_before_destroy": true
        },
        {
          "index_key": "general/update_user_profile",
          "schema_version": 0,
          "attributes": {
            "cache_key_parameters": [],
            "cache_namespace": "82va20",
            "connection_id": "",
            "connection_type": "INTERNET",
            "content_handling": "",
            "credentials": "",
            "http_method": "POST",
            "id": "agi-buzzzp4ywk-82va20-POST",
            "integration_http_method": "POST",
            "passthrough_behavior": "WHEN_NO_MATCH",
            "request_parameters": {},
            "request_templates": {},
            "resource_id": "82va20",
            "rest_api_id": "buzzzp4ywk",
            "timeout_milliseconds": 29000,
            "tls_config": [],
            "type": "AWS_PROXY",
            "uri": "arn:aws:apigateway:us-east-2:lambda:path/2015-03-31/functions/arn:aws:lambda:us-east-2:857360184083:function:update_user_profile/invocations"
          },
          "sensitive_attributes": [],
          "identity_schema_version": 0,
          "private": "bnVsbA==",
          "dependencies": [
            "aws_api_gateway_authorizer.cognito_authorizer",
            "aws_api_gateway_method.main",
            "aws_api_gateway_resource.athletes",
            "aws_api_gateway_resource.coaches",
            "aws_api_gateway_resource.general",
            "aws_api_gateway_resource.relations",
            "aws_api_gateway_resource.subresources",
            "aws_api_gateway_rest_api.main",
            "aws_db_instance.default",
            "aws_db_subnet_group.rds_private",
            "aws_iam_role.lambda_role",
            "aws_iam_role_policy_attachment.lambda_rds_auth",
            "aws_lambda_function.lambdas",
            "aws_lambda_layer_version.rds",
            "aws_lambda_layer_version.user_auth",
            "aws_security_group.lambda_sg",
            "aws_subnet.private_subnet1",
            "aws_subnet.private_subnet2",
            "data.archive_file.lambda_archives",
            "data.archive_file.rds_layer",
            "data.archive_file.user_auth_layer",
            "data.aws_availability_zones.available",
            "data.aws_vpc.default"
          ],
          "create_before_destroy": true
        },
        {
          "index_key": "general/view_group_inputs",
          "schema_version": 0,
          "attributes": {
            "cache_key_parameters": [],
            "cache_namespace": "cgp43o",
            "connection_id": "",
            "connection_type": "INTERNET",
            "content_handling": "",
            "credentials": "",
            "http_method": "GET",
            "id": "agi-buzzzp4ywk-cgp43o-GET",
            "integration_http_method": "POST",
            "passthrough_behavior": "WHEN_NO_MATCH",
            "request_parameters": {},
            "request_templates": {},
            "resource_id": "cgp43o",
            "rest_api_id": "buzzzp4ywk",
            "timeout_milliseconds": 29000,
            "tls_config": [],
            "type": "AWS_PROXY",
            "uri": "arn:aws:apigateway:us-east-2:lambda:path/2015-03-31/functions/arn:aws:lambda:us-east-2:857360184083:function:view_group_inputs/invocations"
          },
          "sensitive_attributes": [],
          "identity_schema_version": 0,
          "private": "bnVsbA==",
          "dependencies": [
            "aws_api_gateway_authorizer.cognito_authorizer",
            "aws_api_gateway_method.main",
            "aws_api_gateway_resource.athletes",
            "aws_api_gateway_resource.coaches",
            "aws_api_gateway_resource.general",
            "aws_api_gateway_resource.relations",
            "aws_api_gateway_resource.subresources",
            "aws_api_gateway_rest_api.main",
            "aws_db_instance.default",
            "aws_db_subnet_group.rds_private",
            "aws_iam_role.lambda_role",
            "aws_iam_role_policy_attachment.lambda_rds_auth",
            "aws_lambda_function.lambdas",
            "aws_lambda_layer_version.rds",
            "aws_lambda_layer_version.user_auth",
            "aws_security_group.lambda_sg",
            "aws_subnet.private_subnet1",
            "aws_subnet.private_subnet2",
            "data.archive_file.lambda_archives",
            "data.archive_file.rds_layer",
            "data.archive_file.user_auth_layer",
            "data.aws_availability_zones.available",
            "data.aws_vpc.default"
          ],
          "create_before_destroy": true
        },
        {
          "index_key": "relations/add_relation",
          "schema_version": 0,
          "attributes": {
            "cache_key_parameters": [],
            "cache_namespace": "zs7qut",
            "connection_id": "",
            "connection_type": "INTERNET",
            "content_handling": "",
            "credentials": "",
            "http_method": "POST",
            "id": "agi-buzzzp4ywk-zs7qut-POST",
            "integration_http_method": "POST",
            "passthrough_behavior": "WHEN_NO_MATCH",
            "request_parameters": {},
            "request_templates": {},
            "resource_id": "zs7qut",
            "rest_api_id": "buzzzp4ywk",
            "timeout_milliseconds": 29000,
            "tls_config": [],
            "type": "AWS_PROXY",
            "uri": "arn:aws:apigateway:us-east-2:lambda:path/2015-03-31/functions/arn:aws:lambda:us-east-2:857360184083:function:add_relation/invocations"
          },
          "sensitive_attributes": [],
          "identity_schema_version": 0,
          "private": "bnVsbA==",
          "dependencies": [
            "aws_api_gateway_authorizer.cognito_authorizer",
            "aws_api_gateway_method.main",
            "aws_api_gateway_resource.athletes",
            "aws_api_gateway_resource.coaches",
            "aws_api_gateway_resource.general",
            "aws_api_gateway_resource.relations",
            "aws_api_gateway_resource.subresources",
            "aws_api_gateway_rest_api.main",
            "aws_db_instance.default",
            "aws_db_subnet_group.rds_private",
            "aws_iam_role.lambda_role",
            "aws_iam_role_policy_attachment.lambda_rds_auth",
            "aws_lambda_function.lambdas",
            "aws_lambda_layer_version.rds",
            "aws_lambda_layer_version.user_auth",
            "aws_security_group.lambda_sg",
            "aws_subnet.private_subnet1",
            "aws_subnet.private_subnet2",
            "data.archive_file.lambda_archives",
            "data.archive_file.rds_layer",
            "data.archive_file.user_auth_layer",
            "data.aws_availability_zones.available",
            "data.aws_vpc.default"
          ],
          "create_before_destroy": true
        },
        {
          "index_key": "relations/get_mutual_user_relations",
          "schema_version": 0,
          "attributes": {
            "cache_key_parameters": [],
            "cache_namespace": "h1iinp",
            "connection_id": "",
            "connection_type": "INTERNET",
            "content_handling": "",
            "credentials": "",
            "http_method": "GET",
            "id": "agi-buzzzp4ywk-h1iinp-GET",
            "integration_http_method": "POST",
            "passthrough_behavior": "WHEN_NO_MATCH",
            "request_parameters": {},
            "request_templates": {},
            "resource_id": "h1iinp",
            "rest_api_id": "buzzzp4ywk",
            "timeout_milliseconds": 29000,
            "tls_config": [],
            "type": "AWS_PROXY",
            "uri": "arn:aws:apigateway:us-east-2:lambda:path/2015-03-31/functions/arn:aws:lambda:us-east-2:857360184083:function:get_mutual_user_relations/invocations"
          },
          "sensitive_attributes": [],
          "identity_schema_version": 0,
          "private": "bnVsbA==",
          "dependencies": [
            "aws_api_gateway_authorizer.cognito_authorizer",
            "aws_api_gateway_method.main",
            "aws_api_gateway_resource.athletes",
            "aws_api_gateway_resource.coaches",
            "aws_api_gateway_resource.general",
            "aws_api_gateway_resource.relations",
            "aws_api_gateway_resource.subresources",
            "aws_api_gateway_rest_api.main",
            "aws_db_instance.default",
            "aws_db_subnet_group.rds_private",
            "aws_iam_role.lambda_role",
            "aws_iam_role_policy_attachment.lambda_rds_auth",
            "aws_lambda_function.lambdas",
            "aws_lambda_layer_version.rds",
            "aws_lambda_layer_version.user_auth",
            "aws_security_group.lambda_sg",
            "aws_subnet.private_subnet1",
            "aws_subnet.private_subnet2",
            "data.archive_file.lambda_archives",
            "data.archive_file.rds_layer",
            "data.archive_file.user_auth_layer",
            "data.aws_availability_zones.available",
            "data.aws_vpc.default"
          ],
          "create_before_destroy": true
        },
        {
          "index_key": "relations/get_relation_invites",
          "schema_version": 0,
          "attributes": {
            "cache_key_parameters": [],
            "cache_namespace": "q4nprh",
            "connection_id": "",
            "connection_type": "INTERNET",
            "content_handling": "",
            "credentials": "",
            "http_method": "GET",
            "id": "agi-buzzzp4ywk-q4nprh-GET",
            "integration_http_method": "POST",
            "passthrough_behavior": "WHEN_NO_MATCH",
            "request_parameters": {},
            "request_templates": {},
            "resource_id": "q4nprh",
            "rest_api_id": "buzzzp4ywk",
            "timeout_milliseconds": 29000,
            "tls_config": [],
            "type": "AWS_PROXY",
            "uri": "arn:aws:apigateway:us-east-2:lambda:path/2015-03-31/functions/arn:aws:lambda:us-east-2:857360184083:function:get_relation_invites/invocations"
          },
          "sensitive_attributes": [],
          "identity_schema_version": 0,
          "private": "bnVsbA==",
          "dependencies": [
            "aws_api_gateway_authorizer.cognito_authorizer",
            "aws_api_gateway_method.main",
            "aws_api_gateway_resource.athletes",
            "aws_api_gateway_resource.coaches",
            "aws_api_gateway_resource.general",
            "aws_api_gateway_resource.relations",
            "aws_api_gateway_resource.subresources",
            "aws_api_gateway_rest_api.main",
            "aws_db_instance.default",
            "aws_db_subnet_group.rds_private",
            "aws_iam_role.lambda_role",
            "aws_iam_role_policy_attachment.lambda_rds_auth",
            "aws_lambda_function.lambdas",
            "aws_lambda_layer_version.rds",
            "aws_lambda_layer_version.user_auth",
            "aws_security_group.lambda_sg",
            "aws_subnet.private_subnet1",
            "aws_subnet.private_subnet2",
            "data.archive_file.lambda_archives",
            "data.archive_file.rds_layer",
            "data.archive_file.user_auth_layer",
            "data.aws_availability_zones.available",
            "data.aws_vpc.default"
          ],
          "create_before_destroy": true
        },
        {
          "index_key": "relations/get_relation_invites_count",
          "schema_version": 0,
          "attributes": {
            "cache_key_parameters": [],
            "cache_namespace": "7mmdfl",
            "connection_id": "",
            "connection_type": "INTERNET",
            "content_handling": "",
            "credentials": "",
            "http_method": "GET",
            "id": "agi-buzzzp4ywk-7mmdfl-GET",
            "integration_http_method": "POST",
            "passthrough_behavior": "WHEN_NO_MATCH",
            "request_parameters": {},
            "request_templates": {},
            "resource_id": "7mmdfl",
            "rest_api_id": "buzzzp4ywk",
            "timeout_milliseconds": 29000,
            "tls_config": [],
            "type": "AWS_PROXY",
            "uri": "arn:aws:apigateway:us-east-2:lambda:path/2015-03-31/functions/arn:aws:lambda:us-east-2:857360184083:function:get_relation_invites_count/invocations"
          },
          "sensitive_attributes": [],
          "identity_schema_version": 0,
          "private": "bnVsbA==",
          "dependencies": [
            "aws_api_gateway_authorizer.cognito_authorizer",
            "aws_api_gateway_method.main",
            "aws_api_gateway_resource.athletes",
            "aws_api_gateway_resource.coaches",
            "aws_api_gateway_resource.general",
            "aws_api_gateway_resource.relations",
            "aws_api_gateway_resource.subresources",
            "aws_api_gateway_rest_api.main",
            "aws_db_instance.default",
            "aws_db_subnet_group.rds_private",
            "aws_iam_role.lambda_role",
            "aws_iam_role_policy_attachment.lambda_rds_auth",
            "aws_lambda_function.lambdas",
            "aws_lambda_layer_version.rds",
            "aws_lambda_layer_version.user_auth",
            "aws_security_group.lambda_sg",
            "aws_subnet.private_subnet1",
            "aws_subnet.private_subnet2",
            "data.archive_file.lambda_archives",
            "data.archive_file.rds_layer",
            "data.archive_file.user_auth_layer",
            "data.aws_availability_zones.available",
            "data.aws_vpc.default"
          ],
          "create_before_destroy": true
        },
        {
          "index_key": "relations/remove_user_relation",
          "schema_version": 0,
          "attributes": {
            "cache_key_parameters": [],
            "cache_namespace": "xzk7ie",
            "connection_id": "",
            "connection_type": "INTERNET",
            "content_handling": "",
            "credentials": "",
            "http_method": "DELETE",
            "id": "agi-buzzzp4ywk-xzk7ie-DELETE",
            "integration_http_method": "POST",
            "passthrough_behavior": "WHEN_NO_MATCH",
            "request_parameters": {},
            "request_templates": {},
            "resource_id": "xzk7ie",
            "rest_api_id": "buzzzp4ywk",
            "timeout_milliseconds": 29000,
            "tls_config": [],
            "type": "AWS_PROXY",
            "uri": "arn:aws:apigateway:us-east-2:lambda:path/2015-03-31/functions/arn:aws:lambda:us-east-2:857360184083:function:remove_user_relation/invocations"
          },
          "sensitive_attributes": [],
          "identity_schema_version": 0,
          "private": "bnVsbA==",
          "dependencies": [
            "aws_api_gateway_authorizer.cognito_authorizer",
            "aws_api_gateway_method.main",
            "aws_api_gateway_resource.athletes",
            "aws_api_gateway_resource.coaches",
            "aws_api_gateway_resource.general",
            "aws_api_gateway_resource.relations",
            "aws_api_gateway_resource.subresources",
            "aws_api_gateway_rest_api.main",
            "aws_db_instance.default",
            "aws_db_subnet_group.rds_private",
            "aws_iam_role.lambda_role",
            "aws_iam_role_policy_attachment.lambda_rds_auth",
            "aws_lambda_function.lambdas",
            "aws_lambda_layer_version.rds",
            "aws_lambda_layer_version.user_auth",
            "aws_security_group.lambda_sg",
            "aws_subnet.private_subnet1",
            "aws_subnet.private_subnet2",
            "data.archive_file.lambda_archives",
            "data.archive_file.rds_layer",
            "data.archive_file.user_auth_layer",
            "data.aws_availability_zones.available",
            "data.aws_vpc.default"
          ],
          "create_before_destroy": true
        },
        {
          "index_key": "relations/search_user_relation",
          "schema_version": 0,
          "attributes": {
            "cache_key_parameters": [],
            "cache_namespace": "vodnr3",
            "connection_id": "",
            "connection_type": "INTERNET",
            "content_handling": "",
            "credentials": "",
            "http_method": "GET",
            "id": "agi-buzzzp4ywk-vodnr3-GET",
            "integration_http_method": "POST",
            "passthrough_behavior": "WHEN_NO_MATCH",
            "request_parameters": {},
            "request_templates": {},
            "resource_id": "vodnr3",
            "rest_api_id": "buzzzp4ywk",
            "timeout_milliseconds": 29000,
            "tls_config": [],
            "type": "AWS_PROXY",
            "uri": "arn:aws:apigateway:us-east-2:lambda:path/2015-03-31/functions/arn:aws:lambda:us-east-2:857360184083:function:search_user_relation/invocations"
          },
          "sensitive_attributes": [],
          "identity_schema_version": 0,
          "private": "bnVsbA==",
          "dependencies": [
            "aws_api_gateway_authorizer.cognito_authorizer",
            "aws_api_gateway_method.main",
            "aws_api_gateway_resource.athletes",
            "aws_api_gateway_resource.coaches",
            "aws_api_gateway_resource.general",
            "aws_api_gateway_resource.relations",
            "aws_api_gateway_resource.subresources",
            "aws_api_gateway_rest_api.main",
            "aws_db_instance.default",
            "aws_db_subnet_group.rds_private",
            "aws_iam_role.lambda_role",
            "aws_iam_role_policy_attachment.lambda_rds_auth",
            "aws_lambda_function.lambdas",
            "aws_lambda_layer_version.rds",
            "aws_lambda_layer_version.user_auth",
            "aws_security_group.lambda_sg",
            "aws_subnet.private_subnet1",
            "aws_subnet.private_subnet2",
            "data.archive_file.lambda_archives",
            "data.archive_file.rds_layer",
            "data.archive_file.user_auth_layer",
            "data.aws_availability_zones.available",
            "data.aws_vpc.default"
          ],
          "create_before_destroy": true
        }
      ]
    },
    {
      "mode": "managed",
      "type": "aws_api_gateway_integration",
      "name": "options",
      "provider": "provider[\"registry.terraform.io/hashicorp/aws\"]",
      "instances": [
        {
          "index_key": "athletes/input_times",
          "schema_version": 0,
          "attributes": {
            "cache_key_parameters": [],
            "cache_namespace": "akxhzs",
            "connection_id": "",
            "connection_type": "INTERNET",
            "content_handling": "",
            "credentials": "",
            "http_method": "OPTIONS",
            "id": "agi-buzzzp4ywk-akxhzs-OPTIONS",
            "integration_http_method": "",
            "passthrough_behavior": "WHEN_NO_MATCH",
            "request_parameters": {},
            "request_templates": {
              "application/json": "{\"statusCode\": 200}"
            },
            "resource_id": "akxhzs",
            "rest_api_id": "buzzzp4ywk",
            "timeout_milliseconds": 29000,
            "tls_config": [],
            "type": "MOCK",
            "uri": ""
          },
          "sensitive_attributes": [],
          "identity_schema_version": 0,
          "private": "bnVsbA==",
          "dependencies": [
            "aws_api_gateway_method.options",
            "aws_api_gateway_resource.athletes",
            "aws_api_gateway_resource.coaches",
            "aws_api_gateway_resource.general",
            "aws_api_gateway_resource.relations",
            "aws_api_gateway_resource.subresources",
            "aws_api_gateway_rest_api.main",
            "aws_db_instance.default",
            "aws_db_subnet_group.rds_private",
            "aws_iam_role.lambda_role",
            "aws_iam_role_policy_attachment.lambda_rds_auth",
            "aws_lambda_function.lambdas",
            "aws_lambda_layer_version.rds",
            "aws_lambda_layer_version.user_auth",
            "aws_security_group.lambda_sg",
            "aws_subnet.private_subnet1",
            "aws_subnet.private_subnet2",
            "data.archive_file.lambda_archives",
            "data.archive_file.rds_layer",
            "data.archive_file.user_auth_layer",
            "data.aws_availability_zones.available",
            "data.aws_vpc.default"
          ],
          "create_before_destroy": true
        },
        {
          "index_key": "athletes/remove_inputs",
          "schema_version": 0,
          "attributes": {
            "cache_key_parameters": [],
            "cache_namespace": "6emjgf",
            "connection_id": "",
            "connection_type": "INTERNET",
            "content_handling": "",
            "credentials": "",
            "http_method": "OPTIONS",
            "id": "agi-buzzzp4ywk-6emjgf-OPTIONS",
            "integration_http_method": "",
            "passthrough_behavior": "WHEN_NO_MATCH",
            "request_parameters": {},
            "request_templates": {
              "application/json": "{\"statusCode\": 200}"
            },
            "resource_id": "6emjgf",
            "rest_api_id": "buzzzp4ywk",
            "timeout_milliseconds": 29000,
            "tls_config": [],
            "type": "MOCK",
            "uri": ""
          },
          "sensitive_attributes": [],
          "identity_schema_version": 0,
          "private": "bnVsbA==",
          "dependencies": [
            "aws_api_gateway_method.options",
            "aws_api_gateway_resource.athletes",
            "aws_api_gateway_resource.coaches",
            "aws_api_gateway_resource.general",
            "aws_api_gateway_resource.relations",
            "aws_api_gateway_resource.subresources",
            "aws_api_gateway_rest_api.main",
            "aws_db_instance.default",
            "aws_db_subnet_group.rds_private",
            "aws_iam_role.lambda_role",
            "aws_iam_role_policy_attachment.lambda_rds_auth",
            "aws_lambda_function.lambdas",
            "aws_lambda_layer_version.rds",
            "aws_lambda_layer_version.user_auth",
            "aws_security_group.lambda_sg",
            "aws_subnet.private_subnet1",
            "aws_subnet.private_subnet2",
            "data.archive_file.lambda_archives",
            "data.archive_file.rds_layer",
            "data.archive_file.user_auth_layer",
            "data.aws_availability_zones.available",
            "data.aws_vpc.default"
          ],
          "create_before_destroy": true
        },
        {
          "index_key": "athletes/search_input_history_date",
          "schema_version": 0,
          "attributes": {
            "cache_key_parameters": [],
            "cache_namespace": "l00oeq",
            "connection_id": "",
            "connection_type": "INTERNET",
            "content_handling": "",
            "credentials": "",
            "http_method": "OPTIONS",
            "id": "agi-buzzzp4ywk-l00oeq-OPTIONS",
            "integration_http_method": "",
            "passthrough_behavior": "WHEN_NO_MATCH",
            "request_parameters": {},
            "request_templates": {
              "application/json": "{\"statusCode\": 200}"
            },
            "resource_id": "l00oeq",
            "rest_api_id": "buzzzp4ywk",
            "timeout_milliseconds": 29000,
            "tls_config": [],
            "type": "MOCK",
            "uri": ""
          },
          "sensitive_attributes": [],
          "identity_schema_version": 0,
          "private": "bnVsbA==",
          "dependencies": [
            "aws_api_gateway_method.options",
            "aws_api_gateway_resource.athletes",
            "aws_api_gateway_resource.coaches",
            "aws_api_gateway_resource.general",
            "aws_api_gateway_resource.relations",
            "aws_api_gateway_resource.subresources",
            "aws_api_gateway_rest_api.main",
            "aws_db_instance.default",
            "aws_db_subnet_group.rds_private",
            "aws_iam_role.lambda_role",
            "aws_iam_role_policy_attachment.lambda_rds_auth",
            "aws_lambda_function.lambdas",
            "aws_lambda_layer_version.rds",
            "aws_lambda_layer_version.user_auth",
            "aws_security_group.lambda_sg",
            "aws_subnet.private_subnet1",
            "aws_subnet.private_subnet2",
            "data.archive_file.lambda_archives",
            "data.archive_file.rds_layer",
            "data.archive_file.user_auth_layer",
            "data.aws_availability_zones.available",
            "data.aws_vpc.default"
          ],
          "create_before_destroy": true
        },
        {
          "index_key": "athletes/view_workout_inputs",
          "schema_version": 0,
          "attributes": {
            "cache_key_parameters": [],
            "cache_namespace": "wqltih",
            "connection_id": "",
            "connection_type": "INTERNET",
            "content_handling": "",
            "credentials": "",
            "http_method": "OPTIONS",
            "id": "agi-buzzzp4ywk-wqltih-OPTIONS",
            "integration_http_method": "",
            "passthrough_behavior": "WHEN_NO_MATCH",
            "request_parameters": {},
            "request_templates": {
              "application/json": "{\"statusCode\": 200}"
            },
            "resource_id": "wqltih",
            "rest_api_id": "buzzzp4ywk",
            "timeout_milliseconds": 29000,
            "tls_config": [],
            "type": "MOCK",
            "uri": ""
          },
          "sensitive_attributes": [],
          "identity_schema_version": 0,
          "private": "bnVsbA==",
          "dependencies": [
            "aws_api_gateway_method.options",
            "aws_api_gateway_resource.athletes",
            "aws_api_gateway_resource.coaches",
            "aws_api_gateway_resource.general",
            "aws_api_gateway_resource.relations",
            "aws_api_gateway_resource.subresources",
            "aws_api_gateway_rest_api.main",
            "aws_db_instance.default",
            "aws_db_subnet_group.rds_private",
            "aws_iam_role.lambda_role",
            "aws_iam_role_policy_attachment.lambda_rds_auth",
            "aws_lambda_function.lambdas",
            "aws_lambda_layer_version.rds",
            "aws_lambda_layer_version.user_auth",
            "aws_security_group.lambda_sg",
            "aws_subnet.private_subnet1",
            "aws_subnet.private_subnet2",
            "data.archive_file.lambda_archives",
            "data.archive_file.rds_layer",
            "data.archive_file.user_auth_layer",
            "data.aws_availability_zones.available",
            "data.aws_vpc.default"
          ],
          "create_before_destroy": true
        },
        {
          "index_key": "coaches/add_athlete_to_group",
          "schema_version": 0,
          "attributes": {
            "cache_key_parameters": [],
            "cache_namespace": "wz3zfq",
            "connection_id": "",
            "connection_type": "INTERNET",
            "content_handling": "",
            "credentials": "",
            "http_method": "OPTIONS",
            "id": "agi-buzzzp4ywk-wz3zfq-OPTIONS",
            "integration_http_method": "",
            "passthrough_behavior": "WHEN_NO_MATCH",
            "request_parameters": {},
            "request_templates": {
              "application/json": "{\"statusCode\": 200}"
            },
            "resource_id": "wz3zfq",
            "rest_api_id": "buzzzp4ywk",
            "timeout_milliseconds": 29000,
            "tls_config": [],
            "type": "MOCK",
            "uri": ""
          },
          "sensitive_attributes": [],
          "identity_schema_version": 0,
          "private": "bnVsbA==",
          "dependencies": [
            "aws_api_gateway_method.options",
            "aws_api_gateway_resource.athletes",
            "aws_api_gateway_resource.coaches",
            "aws_api_gateway_resource.general",
            "aws_api_gateway_resource.relations",
            "aws_api_gateway_resource.subresources",
            "aws_api_gateway_rest_api.main",
            "aws_db_instance.default",
            "aws_db_subnet_group.rds_private",
            "aws_iam_role.lambda_role",
            "aws_iam_role_policy_attachment.lambda_rds_auth",
            "aws_lambda_function.lambdas",
            "aws_lambda_layer_version.rds",
            "aws_lambda_layer_version.user_auth",
            "aws_security_group.lambda_sg",
            "aws_subnet.private_subnet1",
            "aws_subnet.private_subnet2",
            "data.archive_file.lambda_archives",
            "data.archive_file.rds_layer",
            "data.archive_file.user_auth_layer",
            "data.aws_availability_zones.available",
            "data.aws_vpc.default"
          ],
          "create_before_destroy": true
        },
        {
          "index_key": "coaches/assign_group_workout",
          "schema_version": 0,
          "attributes": {
            "cache_key_parameters": [],
            "cache_namespace": "d0t6xd",
            "connection_id": "",
            "connection_type": "INTERNET",
            "content_handling": "",
            "credentials": "",
            "http_method": "OPTIONS",
            "id": "agi-buzzzp4ywk-d0t6xd-OPTIONS",
            "integration_http_method": "",
            "passthrough_behavior": "WHEN_NO_MATCH",
            "request_parameters": {},
            "request_templates": {
              "application/json": "{\"statusCode\": 200}"
            },
            "resource_id": "d0t6xd",
            "rest_api_id": "buzzzp4ywk",
            "timeout_milliseconds": 29000,
            "tls_config": [],
            "type": "MOCK",
            "uri": ""
          },
          "sensitive_attributes": [],
          "identity_schema_version": 0,
          "private": "bnVsbA==",
          "dependencies": [
            "aws_api_gateway_method.options",
            "aws_api_gateway_resource.athletes",
            "aws_api_gateway_resource.coaches",
            "aws_api_gateway_resource.general",
            "aws_api_gateway_resource.relations",
            "aws_api_gateway_resource.subresources",
            "aws_api_gateway_rest_api.main",
            "aws_db_instance.default",
            "aws_db_subnet_group.rds_private",
            "aws_iam_role.lambda_role",
            "aws_iam_role_policy_attachment.lambda_rds_auth",
            "aws_lambda_function.lambdas",
            "aws_lambda_layer_version.rds",
            "aws_lambda_layer_version.user_auth",
            "aws_security_group.lambda_sg",
            "aws_subnet.private_subnet1",
            "aws_subnet.private_subnet2",
            "data.archive_file.lambda_archives",
            "data.archive_file.rds_layer",
            "data.archive_file.user_auth_layer",
            "data.aws_availability_zones.available",
            "data.aws_vpc.default"
          ],
          "create_before_destroy": true
        },
        {
          "index_key": "coaches/assign_group_workout_template",
          "schema_version": 0,
          "attributes": {
            "cache_key_parameters": [],
            "cache_namespace": "nl1j88",
            "connection_id": "",
            "connection_type": "INTERNET",
            "content_handling": "",
            "credentials": "",
            "http_method": "OPTIONS",
            "id": "agi-buzzzp4ywk-nl1j88-OPTIONS",
            "integration_http_method": "",
            "passthrough_behavior": "WHEN_NO_MATCH",
            "request_parameters": {},
            "request_templates": {
              "application/json": "{\"statusCode\": 200}"
            },
            "resource_id": "nl1j88",
            "rest_api_id": "buzzzp4ywk",
            "timeout_milliseconds": 29000,
            "tls_config": [],
            "type": "MOCK",
            "uri": ""
          },
          "sensitive_attributes": [],
          "identity_schema_version": 0,
          "private": "bnVsbA==",
          "dependencies": [
            "aws_api_gateway_method.options",
            "aws_api_gateway_resource.athletes",
            "aws_api_gateway_resource.coaches",
            "aws_api_gateway_resource.general",
            "aws_api_gateway_resource.relations",
            "aws_api_gateway_resource.subresources",
            "aws_api_gateway_rest_api.main",
            "aws_db_instance.default",
            "aws_db_subnet_group.rds_private",
            "aws_iam_role.lambda_role",
            "aws_iam_role_policy_attachment.lambda_rds_auth",
            "aws_lambda_function.lambdas",
            "aws_lambda_layer_version.rds",
            "aws_lambda_layer_version.user_auth",
            "aws_security_group.lambda_sg",
            "aws_subnet.private_subnet1",
            "aws_subnet.private_subnet2",
            "data.archive_file.lambda_archives",
            "data.archive_file.rds_layer",
            "data.archive_file.user_auth_layer",
            "data.aws_availability_zones.available",
            "data.aws_vpc.default"
          ],
          "create_before_destroy": true
        },
        {
          "index_key": "coaches/create_group",
          "schema_version": 0,
          "attributes": {
            "cache_key_parameters": [],
            "cache_namespace": "x30w08",
            "connection_id": "",
            "connection_type": "INTERNET",
            "content_handling": "",
            "credentials": "",
            "http_method": "OPTIONS",
            "id": "agi-buzzzp4ywk-x30w08-OPTIONS",
            "integration_http_method": "",
            "passthrough_behavior": "WHEN_NO_MATCH",
            "request_parameters": {},
            "request_templates": {
              "application/json": "{\"statusCode\": 200}"
            },
            "resource_id": "x30w08",
            "rest_api_id": "buzzzp4ywk",
            "timeout_milliseconds": 29000,
            "tls_config": [],
            "type": "MOCK",
            "uri": ""
          },
          "sensitive_attributes": [],
          "identity_schema_version": 0,
          "private": "bnVsbA==",
          "dependencies": [
            "aws_api_gateway_method.options",
            "aws_api_gateway_resource.athletes",
            "aws_api_gateway_resource.coaches",
            "aws_api_gateway_resource.general",
            "aws_api_gateway_resource.relations",
            "aws_api_gateway_resource.subresources",
            "aws_api_gateway_rest_api.main",
            "aws_db_instance.default",
            "aws_db_subnet_group.rds_private",
            "aws_iam_role.lambda_role",
            "aws_iam_role_policy_attachment.lambda_rds_auth",
            "aws_lambda_function.lambdas",
            "aws_lambda_layer_version.rds",
            "aws_lambda_layer_version.user_auth",
            "aws_security_group.lambda_sg",
            "aws_subnet.private_subnet1",
            "aws_subnet.private_subnet2",
            "data.archive_file.lambda_archives",
            "data.archive_file.rds_layer",
            "data.archive_file.user_auth_layer",
            "data.aws_availability_zones.available",
            "data.aws_vpc.default"
          ],
          "create_before_destroy": true
        },
        {
          "index_key": "coaches/create_workout_template",
          "schema_version": 0,
          "attributes": {
            "cache_key_parameters": [],
            "cache_namespace": "6cxvjn",
            "connection_id": "",
            "connection_type": "INTERNET",
            "content_handling": "",
            "credentials": "",
            "http_method": "OPTIONS",
            "id": "agi-buzzzp4ywk-6cxvjn-OPTIONS",
            "integration_http_method": "",
            "passthrough_behavior": "WHEN_NO_MATCH",
            "request_parameters": {},
            "request_templates": {
              "application/json": "{\"statusCode\": 200}"
            },
            "resource_id": "6cxvjn",
            "rest_api_id": "buzzzp4ywk",
            "timeout_milliseconds": 29000,
            "tls_config": [],
            "type": "MOCK",
            "uri": ""
          },
          "sensitive_attributes": [],
          "identity_schema_version": 0,
          "private": "bnVsbA==",
          "dependencies": [
            "aws_api_gateway_method.options",
            "aws_api_gateway_resource.athletes",
            "aws_api_gateway_resource.coaches",
            "aws_api_gateway_resource.general",
            "aws_api_gateway_resource.relations",
            "aws_api_gateway_resource.subresources",
            "aws_api_gateway_rest_api.main",
            "aws_db_instance.default",
            "aws_db_subnet_group.rds_private",
            "aws_iam_role.lambda_role",
            "aws_iam_role_policy_attachment.lambda_rds_auth",
            "aws_lambda_function.lambdas",
            "aws_lambda_layer_version.rds",
            "aws_lambda_layer_version.user_auth",
            "aws_security_group.lambda_sg",
            "aws_subnet.private_subnet1",
            "aws_subnet.private_subnet2",
            "data.archive_file.lambda_archives",
            "data.archive_file.rds_layer",
            "data.archive_file.user_auth_layer",
            "data.aws_availability_zones.available",
            "data.aws_vpc.default"
          ],
          "create_before_destroy": true
        },
        {
          "index_key": "coaches/delete_group",
          "schema_version": 0,
          "attributes": {
            "cache_key_parameters": [],
            "cache_namespace": "qbwhq3",
            "connection_id": "",
            "connection_type": "INTERNET",
            "content_handling": "",
            "credentials": "",
            "http_method": "OPTIONS",
            "id": "agi-buzzzp4ywk-qbwhq3-OPTIONS",
            "integration_http_method": "",
            "passthrough_behavior": "WHEN_NO_MATCH",
            "request_parameters": {},
            "request_templates": {
              "application/json": "{\"statusCode\": 200}"
            },
            "resource_id": "qbwhq3",
            "rest_api_id": "buzzzp4ywk",
            "timeout_milliseconds": 29000,
            "tls_config": [],
            "type": "MOCK",
            "uri": ""
          },
          "sensitive_attributes": [],
          "identity_schema_version": 0,
          "private": "bnVsbA==",
          "dependencies": [
            "aws_api_gateway_method.options",
            "aws_api_gateway_resource.athletes",
            "aws_api_gateway_resource.coaches",
            "aws_api_gateway_resource.general",
            "aws_api_gateway_resource.relations",
            "aws_api_gateway_resource.subresources",
            "aws_api_gateway_rest_api.main",
            "aws_db_instance.default",
            "aws_db_subnet_group.rds_private",
            "aws_iam_role.lambda_role",
            "aws_iam_role_policy_attachment.lambda_rds_auth",
            "aws_lambda_function.lambdas",
            "aws_lambda_layer_version.rds",
            "aws_lambda_layer_version.user_auth",
            "aws_security_group.lambda_sg",
            "aws_subnet.private_subnet1",
            "aws_subnet.private_subnet2",
            "data.archive_file.lambda_archives",
            "data.archive_file.rds_layer",
            "data.archive_file.user_auth_layer",
            "data.aws_availability_zones.available",
            "data.aws_vpc.default"
          ],
          "create_before_destroy": true
        },
        {
          "index_key": "coaches/delete_group_workout",
          "schema_version": 0,
          "attributes": {
            "cache_key_parameters": [],
            "cache_namespace": "zay0w3",
            "connection_id": "",
            "connection_type": "INTERNET",
            "content_handling": "",
            "credentials": "",
            "http_method": "OPTIONS",
            "id": "agi-buzzzp4ywk-zay0w3-OPTIONS",
            "integration_http_method": "",
            "passthrough_behavior": "WHEN_NO_MATCH",
            "request_parameters": {},
            "request_templates": {
              "application/json": "{\"statusCode\": 200}"
            },
            "resource_id": "zay0w3",
            "rest_api_id": "buzzzp4ywk",
            "timeout_milliseconds": 29000,
            "tls_config": [],
            "type": "MOCK",
            "uri": ""
          },
          "sensitive_attributes": [],
          "identity_schema_version": 0,
          "private": "bnVsbA==",
          "dependencies": [
            "aws_api_gateway_method.options",
            "aws_api_gateway_resource.athletes",
            "aws_api_gateway_resource.coaches",
            "aws_api_gateway_resource.general",
            "aws_api_gateway_resource.relations",
            "aws_api_gateway_resource.subresources",
            "aws_api_gateway_rest_api.main",
            "aws_db_instance.default",
            "aws_db_subnet_group.rds_private",
            "aws_iam_role.lambda_role",
            "aws_iam_role_policy_attachment.lambda_rds_auth",
            "aws_lambda_function.lambdas",
            "aws_lambda_layer_version.rds",
            "aws_lambda_layer_version.user_auth",
            "aws_security_group.lambda_sg",
            "aws_subnet.private_subnet1",
            "aws_subnet.private_subnet2",
            "data.archive_file.lambda_archives",
            "data.archive_file.rds_layer",
            "data.archive_file.user_auth_layer",
            "data.aws_availability_zones.available",
            "data.aws_vpc.default"
          ],
          "create_before_destroy": true
        },
        {
          "index_key": "coaches/delete_workout_template",
          "schema_version": 0,
          "attributes": {
            "cache_key_parameters": [],
            "cache_namespace": "63809l",
            "connection_id": "",
            "connection_type": "INTERNET",
            "content_handling": "",
            "credentials": "",
            "http_method": "OPTIONS",
            "id": "agi-buzzzp4ywk-63809l-OPTIONS",
            "integration_http_method": "",
            "passthrough_behavior": "WHEN_NO_MATCH",
            "request_parameters": {},
            "request_templates": {
              "application/json": "{\"statusCode\": 200}"
            },
            "resource_id": "63809l",
            "rest_api_id": "buzzzp4ywk",
            "timeout_milliseconds": 29000,
            "tls_config": [],
            "type": "MOCK",
            "uri": ""
          },
          "sensitive_attributes": [],
          "identity_schema_version": 0,
          "private": "bnVsbA==",
          "dependencies": [
            "aws_api_gateway_method.options",
            "aws_api_gateway_resource.athletes",
            "aws_api_gateway_resource.coaches",
            "aws_api_gateway_resource.general",
            "aws_api_gateway_resource.relations",
            "aws_api_gateway_resource.subresources",
            "aws_api_gateway_rest_api.main",
            "aws_db_instance.default",
            "aws_db_subnet_group.rds_private",
            "aws_iam_role.lambda_role",
            "aws_iam_role_policy_attachment.lambda_rds_auth",
            "aws_lambda_function.lambdas",
            "aws_lambda_layer_version.rds",
            "aws_lambda_layer_version.user_auth",
            "aws_security_group.lambda_sg",
            "aws_subnet.private_subnet1",
            "aws_subnet.private_subnet2",
            "data.archive_file.lambda_archives",
            "data.archive_file.rds_layer",
            "data.archive_file.user_auth_layer",
            "data.aws_availability_zones.available",
            "data.aws_vpc.default"
          ],
          "create_before_destroy": true
        },
        {
          "index_key": "coaches/fetch_historical_data",
          "schema_version": 0,
          "attributes": {
            "cache_key_parameters": [],
            "cache_namespace": "q5mjqd",
            "connection_id": "",
            "connection_type": "INTERNET",
            "content_handling": "",
            "credentials": "",
            "http_method": "OPTIONS",
            "id": "agi-buzzzp4ywk-q5mjqd-OPTIONS",
            "integration_http_method": "",
            "passthrough_behavior": "WHEN_NO_MATCH",
            "request_parameters": {},
            "request_templates": {
              "application/json": "{\"statusCode\": 200}"
            },
            "resource_id": "q5mjqd",
            "rest_api_id": "buzzzp4ywk",
            "timeout_milliseconds": 29000,
            "tls_config": [],
            "type": "MOCK",
            "uri": ""
          },
          "sensitive_attributes": [],
          "identity_schema_version": 0,
          "private": "bnVsbA==",
          "dependencies": [
            "aws_api_gateway_method.options",
            "aws_api_gateway_resource.athletes",
            "aws_api_gateway_resource.coaches",
            "aws_api_gateway_resource.general",
            "aws_api_gateway_resource.relations",
            "aws_api_gateway_resource.subresources",
            "aws_api_gateway_rest_api.main",
            "aws_db_instance.default",
            "aws_db_subnet_group.rds_private",
            "aws_iam_role.lambda_role",
            "aws_iam_role_policy_attachment.lambda_rds_auth",
            "aws_lambda_function.lambdas",
            "aws_lambda_layer_version.rds",
            "aws_lambda_layer_version.user_auth",
            "aws_security_group.lambda_sg",
            "aws_subnet.private_subnet1",
            "aws_subnet.private_subnet2",
            "data.archive_file.lambda_archives",
            "data.archive_file.rds_layer",
            "data.archive_file.user_auth_layer",
            "data.aws_availability_zones.available",
            "data.aws_vpc.default"
          ],
          "create_before_destroy": true
        },
        {
          "index_key": "coaches/get_absent_group_athletes",
          "schema_version": 0,
          "attributes": {
            "cache_key_parameters": [],
            "cache_namespace": "td0207",
            "connection_id": "",
            "connection_type": "INTERNET",
            "content_handling": "",
            "credentials": "",
            "http_method": "OPTIONS",
            "id": "agi-buzzzp4ywk-td0207-OPTIONS",
            "integration_http_method": "",
            "passthrough_behavior": "WHEN_NO_MATCH",
            "request_parameters": {},
            "request_templates": {
              "application/json": "{\"statusCode\": 200}"
            },
            "resource_id": "td0207",
            "rest_api_id": "buzzzp4ywk",
            "timeout_milliseconds": 29000,
            "tls_config": [],
            "type": "MOCK",
            "uri": ""
          },
          "sensitive_attributes": [],
          "identity_schema_version": 0,
          "private": "bnVsbA==",
          "dependencies": [
            "aws_api_gateway_method.options",
            "aws_api_gateway_resource.athletes",
            "aws_api_gateway_resource.coaches",
            "aws_api_gateway_resource.general",
            "aws_api_gateway_resource.relations",
            "aws_api_gateway_resource.subresources",
            "aws_api_gateway_rest_api.main",
            "aws_db_instance.default",
            "aws_db_subnet_group.rds_private",
            "aws_iam_role.lambda_role",
            "aws_iam_role_policy_attachment.lambda_rds_auth",
            "aws_lambda_function.lambdas",
            "aws_lambda_layer_version.rds",
            "aws_lambda_layer_version.user_auth",
            "aws_security_group.lambda_sg",
            "aws_subnet.private_subnet1",
            "aws_subnet.private_subnet2",
            "data.archive_file.lambda_archives",
            "data.archive_file.rds_layer",
            "data.archive_file.user_auth_layer",
            "data.aws_availability_zones.available",
            "data.aws_vpc.default"
          ],
          "create_before_destroy": true
        },
        {
          "index_key": "coaches/get_available_history_dates",
          "schema_version": 0,
          "attributes": {
            "cache_key_parameters": [],
            "cache_namespace": "j8bnua",
            "connection_id": "",
            "connection_type": "INTERNET",
            "content_handling": "",
            "credentials": "",
            "http_method": "OPTIONS",
            "id": "agi-buzzzp4ywk-j8bnua-OPTIONS",
            "integration_http_method": "",
            "passthrough_behavior": "WHEN_NO_MATCH",
            "request_parameters": {},
            "request_templates": {
              "application/json": "{\"statusCode\": 200}"
            },
            "resource_id": "j8bnua",
            "rest_api_id": "buzzzp4ywk",
            "timeout_milliseconds": 29000,
            "tls_config": [],
            "type": "MOCK",
            "uri": ""
          },
          "sensitive_attributes": [],
          "identity_schema_version": 0,
          "private": "bnVsbA==",
          "dependencies": [
            "aws_api_gateway_method.options",
            "aws_api_gateway_resource.athletes",
            "aws_api_gateway_resource.coaches",
            "aws_api_gateway_resource.general",
            "aws_api_gateway_resource.relations",
            "aws_api_gateway_resource.subresources",
            "aws_api_gateway_rest_api.main",
            "aws_db_instance.default",
            "aws_db_subnet_group.rds_private",
            "aws_iam_role.lambda_role",
            "aws_iam_role_policy_attachment.lambda_rds_auth",
            "aws_lambda_function.lambdas",
            "aws_lambda_layer_version.rds",
            "aws_lambda_layer_version.user_auth",
            "aws_security_group.lambda_sg",
            "aws_subnet.private_subnet1",
            "aws_subnet.private_subnet2",
            "data.archive_file.lambda_archives",
            "data.archive_file.rds_layer",
            "data.archive_file.user_auth_layer",
            "data.aws_availability_zones.available",
            "data.aws_vpc.default"
          ],
          "create_before_destroy": true
        },
        {
          "index_key": "coaches/get_workout_templates",
          "schema_version": 0,
          "attributes": {
            "cache_key_parameters": [],
            "cache_namespace": "nw96aq",
            "connection_id": "",
            "connection_type": "INTERNET",
            "content_handling": "",
            "credentials": "",
            "http_method": "OPTIONS",
            "id": "agi-buzzzp4ywk-nw96aq-OPTIONS",
            "integration_http_method": "",
            "passthrough_behavior": "WHEN_NO_MATCH",
            "request_parameters": {},
            "request_templates": {
              "application/json": "{\"statusCode\": 200}"
            },
            "resource_id": "nw96aq",
            "rest_api_id": "buzzzp4ywk",
            "timeout_milliseconds": 29000,
            "tls_config": [],
            "type": "MOCK",
            "uri": ""
          },
          "sensitive_attributes": [],
          "identity_schema_version": 0,
          "private": "bnVsbA==",
          "dependencies": [
            "aws_api_gateway_method.options",
            "aws_api_gateway_resource.athletes",
            "aws_api_gateway_resource.coaches",
            "aws_api_gateway_resource.general",
            "aws_api_gateway_resource.relations",
            "aws_api_gateway_resource.subresources",
            "aws_api_gateway_rest_api.main",
            "aws_db_instance.default",
            "aws_db_subnet_group.rds_private",
            "aws_iam_role.lambda_role",
            "aws_iam_role_policy_attachment.lambda_rds_auth",
            "aws_lambda_function.lambdas",
            "aws_lambda_layer_version.rds",
            "aws_lambda_layer_version.user_auth",
            "aws_security_group.lambda_sg",
            "aws_subnet.private_subnet1",
            "aws_subnet.private_subnet2",
            "data.archive_file.lambda_archives",
            "data.archive_file.rds_layer",
            "data.archive_file.user_auth_layer",
            "data.aws_availability_zones.available",
            "data.aws_vpc.default"
          ],
          "create_before_destroy": true
        },
        {
          "index_key": "coaches/remove_group_athlete",
          "schema_version": 0,
          "attributes": {
            "cache_key_parameters": [],
            "cache_namespace": "0aq10y",
            "connection_id": "",
            "connection_type": "INTERNET",
            "content_handling": "",
            "credentials": "",
            "http_method": "OPTIONS",
            "id": "agi-buzzzp4ywk-0aq10y-OPTIONS",
            "integration_http_method": "",
            "passthrough_behavior": "WHEN_NO_MATCH",
            "request_parameters": {},
            "request_templates": {
              "application/json": "{\"statusCode\": 200}"
            },
            "resource_id": "0aq10y",
            "rest_api_id": "buzzzp4ywk",
            "timeout_milliseconds": 29000,
            "tls_config": [],
            "type": "MOCK",
            "uri": ""
          },
          "sensitive_attributes": [],
          "identity_schema_version": 0,
          "private": "bnVsbA==",
          "dependencies": [
            "aws_api_gateway_method.options",
            "aws_api_gateway_resource.athletes",
            "aws_api_gateway_resource.coaches",
            "aws_api_gateway_resource.general",
            "aws_api_gateway_resource.relations",
            "aws_api_gateway_resource.subresources",
            "aws_api_gateway_rest_api.main",
            "aws_db_instance.default",
            "aws_db_subnet_group.rds_private",
            "aws_iam_role.lambda_role",
            "aws_iam_role_policy_attachment.lambda_rds_auth",
            "aws_lambda_function.lambdas",
            "aws_lambda_layer_version.rds",
            "aws_lambda_layer_version.user_auth",
            "aws_security_group.lambda_sg",
            "aws_subnet.private_subnet1",
            "aws_subnet.private_subnet2",
            "data.archive_file.lambda_archives",
            "data.archive_file.rds_layer",
            "data.archive_file.user_auth_layer",
            "data.aws_availability_zones.available",
            "data.aws_vpc.default"
          ],
          "create_before_destroy": true
        },
        {
          "index_key": "general/create_user",
          "schema_version": 0,
          "attributes": {
            "cache_key_parameters": [],
            "cache_namespace": "3ux4l0",
            "connection_id": "",
            "connection_type": "INTERNET",
            "content_handling": "",
            "credentials": "",
            "http_method": "OPTIONS",
            "id": "agi-buzzzp4ywk-3ux4l0-OPTIONS",
            "integration_http_method": "",
            "passthrough_behavior": "WHEN_NO_MATCH",
            "request_parameters": {},
            "request_templates": {
              "application/json": "{\"statusCode\": 200}"
            },
            "resource_id": "3ux4l0",
            "rest_api_id": "buzzzp4ywk",
            "timeout_milliseconds": 29000,
            "tls_config": [],
            "type": "MOCK",
            "uri": ""
          },
          "sensitive_attributes": [],
          "identity_schema_version": 0,
          "private": "bnVsbA==",
          "dependencies": [
            "aws_api_gateway_method.options",
            "aws_api_gateway_resource.athletes",
            "aws_api_gateway_resource.coaches",
            "aws_api_gateway_resource.general",
            "aws_api_gateway_resource.relations",
            "aws_api_gateway_resource.subresources",
            "aws_api_gateway_rest_api.main",
            "aws_db_instance.default",
            "aws_db_subnet_group.rds_private",
            "aws_iam_role.lambda_role",
            "aws_iam_role_policy_attachment.lambda_rds_auth",
            "aws_lambda_function.lambdas",
            "aws_lambda_layer_version.rds",
            "aws_lambda_layer_version.user_auth",
            "aws_security_group.lambda_sg",
            "aws_subnet.private_subnet1",
            "aws_subnet.private_subnet2",
            "data.archive_file.lambda_archives",
            "data.archive_file.rds_layer",
            "data.archive_file.user_auth_layer",
            "data.aws_availability_zones.available",
            "data.aws_vpc.default"
          ],
          "create_before_destroy": true
        },
        {
          "index_key": "general/get_athletes_for_group",
          "schema_version": 0,
          "attributes": {
            "cache_key_parameters": [],
            "cache_namespace": "1g3n72",
            "connection_id": "",
            "connection_type": "INTERNET",
            "content_handling": "",
            "credentials": "",
            "http_method": "OPTIONS",
            "id": "agi-buzzzp4ywk-1g3n72-OPTIONS",
            "integration_http_method": "",
            "passthrough_behavior": "WHEN_NO_MATCH",
            "request_parameters": {},
            "request_templates": {
              "application/json": "{\"statusCode\": 200}"
            },
            "resource_id": "1g3n72",
            "rest_api_id": "buzzzp4ywk",
            "timeout_milliseconds": 29000,
            "tls_config": [],
            "type": "MOCK",
            "uri": ""
          },
          "sensitive_attributes": [],
          "identity_schema_version": 0,
          "private": "bnVsbA==",
          "dependencies": [
            "aws_api_gateway_method.options",
            "aws_api_gateway_resource.athletes",
            "aws_api_gateway_resource.coaches",
            "aws_api_gateway_resource.general",
            "aws_api_gateway_resource.relations",
            "aws_api_gateway_resource.subresources",
            "aws_api_gateway_rest_api.main",
            "aws_db_instance.default",
            "aws_db_subnet_group.rds_private",
            "aws_iam_role.lambda_role",
            "aws_iam_role_policy_attachment.lambda_rds_auth",
            "aws_lambda_function.lambdas",
            "aws_lambda_layer_version.rds",
            "aws_lambda_layer_version.user_auth",
            "aws_security_group.lambda_sg",
            "aws_subnet.private_subnet1",
            "aws_subnet.private_subnet2",
            "data.archive_file.lambda_archives",
            "data.archive_file.rds_layer",
            "data.archive_file.user_auth_layer",
            "data.aws_availability_zones.available",
            "data.aws_vpc.default"
          ],
          "create_before_destroy": true
        },
        {
          "index_key": "general/get_group_workout",
          "schema_version": 0,
          "attributes": {
            "cache_key_parameters": [],
            "cache_namespace": "26g1pa",
            "connection_id": "",
            "connection_type": "INTERNET",
            "content_handling": "",
            "credentials": "",
            "http_method": "OPTIONS",
            "id": "agi-buzzzp4ywk-26g1pa-OPTIONS",
            "integration_http_method": "",
            "passthrough_behavior": "WHEN_NO_MATCH",
            "request_parameters": {},
            "request_templates": {
              "application/json": "{\"statusCode\": 200}"
            },
            "resource_id": "26g1pa",
            "rest_api_id": "buzzzp4ywk",
            "timeout_milliseconds": 29000,
            "tls_config": [],
            "type": "MOCK",
            "uri": ""
          },
          "sensitive_attributes": [],
          "identity_schema_version": 0,
          "private": "bnVsbA==",
          "dependencies": [
            "aws_api_gateway_method.options",
            "aws_api_gateway_resource.athletes",
            "aws_api_gateway_resource.coaches",
            "aws_api_gateway_resource.general",
            "aws_api_gateway_resource.relations",
            "aws_api_gateway_resource.subresources",
            "aws_api_gateway_rest_api.main",
            "aws_db_instance.default",
            "aws_db_subnet_group.rds_private",
            "aws_iam_role.lambda_role",
            "aws_iam_role_policy_attachment.lambda_rds_auth",
            "aws_lambda_function.lambdas",
            "aws_lambda_layer_version.rds",
            "aws_lambda_layer_version.user_auth",
            "aws_security_group.lambda_sg",
            "aws_subnet.private_subnet1",
            "aws_subnet.private_subnet2",
            "data.archive_file.lambda_archives",
            "data.archive_file.rds_layer",
            "data.archive_file.user_auth_layer",
            "data.aws_availability_zones.available",
            "data.aws_vpc.default"
          ],
          "create_before_destroy": true
        },
        {
          "index_key": "general/get_groups",
          "schema_version": 0,
          "attributes": {
            "cache_key_parameters": [],
            "cache_namespace": "db44ui",
            "connection_id": "",
            "connection_type": "INTERNET",
            "content_handling": "",
            "credentials": "",
            "http_method": "OPTIONS",
            "id": "agi-buzzzp4ywk-db44ui-OPTIONS",
            "integration_http_method": "",
            "passthrough_behavior": "WHEN_NO_MATCH",
            "request_parameters": {},
            "request_templates": {
              "application/json": "{\"statusCode\": 200}"
            },
            "resource_id": "db44ui",
            "rest_api_id": "buzzzp4ywk",
            "timeout_milliseconds": 29000,
            "tls_config": [],
            "type": "MOCK",
            "uri": ""
          },
          "sensitive_attributes": [],
          "identity_schema_version": 0,
          "private": "bnVsbA==",
          "dependencies": [
            "aws_api_gateway_method.options",
            "aws_api_gateway_resource.athletes",
            "aws_api_gateway_resource.coaches",
            "aws_api_gateway_resource.general",
            "aws_api_gateway_resource.relations",
            "aws_api_gateway_resource.subresources",
            "aws_api_gateway_rest_api.main",
            "aws_db_instance.default",
            "aws_db_subnet_group.rds_private",
            "aws_iam_role.lambda_role",
            "aws_iam_role_policy_attachment.lambda_rds_auth",
            "aws_lambda_function.lambdas",
            "aws_lambda_layer_version.rds",
            "aws_lambda_layer_version.user_auth",
            "aws_security_group.lambda_sg",
            "aws_subnet.private_subnet1",
            "aws_subnet.private_subnet2",
            "data.archive_file.lambda_archives",
            "data.archive_file.rds_layer",
            "data.archive_file.user_auth_layer",
            "data.aws_availability_zones.available",
            "data.aws_vpc.default"
          ],
          "create_before_destroy": true
        },
        {
          "index_key": "general/get_user",
          "schema_version": 0,
          "attributes": {
            "cache_key_parameters": [],
            "cache_namespace": "ofzmk1",
            "connection_id": "",
            "connection_type": "INTERNET",
            "content_handling": "",
            "credentials": "",
            "http_method": "OPTIONS",
            "id": "agi-buzzzp4ywk-ofzmk1-OPTIONS",
            "integration_http_method": "",
            "passthrough_behavior": "WHEN_NO_MATCH",
            "request_parameters": {},
            "request_templates": {
              "application/json": "{\"statusCode\": 200}"
            },
            "resource_id": "ofzmk1",
            "rest_api_id": "buzzzp4ywk",
            "timeout_milliseconds": 29000,
            "tls_config": [],
            "type": "MOCK",
            "uri": ""
          },
          "sensitive_attributes": [],
          "identity_schema_version": 0,
          "private": "bnVsbA==",
          "dependencies": [
            "aws_api_gateway_method.options",
            "aws_api_gateway_resource.athletes",
            "aws_api_gateway_resource.coaches",
            "aws_api_gateway_resource.general",
            "aws_api_gateway_resource.relations",
            "aws_api_gateway_resource.subresources",
            "aws_api_gateway_rest_api.main",
            "aws_db_instance.default",
            "aws_db_subnet_group.rds_private",
            "aws_iam_role.lambda_role",
            "aws_iam_role_policy_attachment.lambda_rds_auth",
            "aws_lambda_function.lambdas",
            "aws_lambda_layer_version.rds",
            "aws_lambda_layer_version.user_auth",
            "aws_security_group.lambda_sg",
            "aws_subnet.private_subnet1",
            "aws_subnet.private_subnet2",
            "data.archive_file.lambda_archives",
            "data.archive_file.rds_layer",
            "data.archive_file.user_auth_layer",
            "data.aws_availability_zones.available",
            "data.aws_vpc.default"
          ],
          "create_before_destroy": true
        },
        {
          "index_key": "general/get_weekly_schedule",
          "schema_version": 0,
          "attributes": {
            "cache_key_parameters": [],
            "cache_namespace": "8t33db",
            "connection_id": "",
            "connection_type": "INTERNET",
            "content_handling": "",
            "credentials": "",
            "http_method": "OPTIONS",
            "id": "agi-buzzzp4ywk-8t33db-OPTIONS",
            "integration_http_method": "",
            "passthrough_behavior": "WHEN_NO_MATCH",
            "request_parameters": {},
            "request_templates": {
              "application/json": "{\"statusCode\": 200}"
            },
            "resource_id": "8t33db",
            "rest_api_id": "buzzzp4ywk",
            "timeout_milliseconds": 29000,
            "tls_config": [],
            "type": "MOCK",
            "uri": ""
          },
          "sensitive_attributes": [],
          "identity_schema_version": 0,
          "private": "bnVsbA==",
          "dependencies": [
            "aws_api_gateway_method.options",
            "aws_api_gateway_resource.athletes",
            "aws_api_gateway_resource.coaches",
            "aws_api_gateway_resource.general",
            "aws_api_gateway_resource.relations",
            "aws_api_gateway_resource.subresources",
            "aws_api_gateway_rest_api.main",
            "aws_db_instance.default",
            "aws_db_subnet_group.rds_private",
            "aws_iam_role.lambda_role",
            "aws_iam_role_policy_attachment.lambda_rds_auth",
            "aws_lambda_function.lambdas",
            "aws_lambda_layer_version.rds",
            "aws_lambda_layer_version.user_auth",
            "aws_security_group.lambda_sg",
            "aws_subnet.private_subnet1",
            "aws_subnet.private_subnet2",
            "data.archive_file.lambda_archives",
            "data.archive_file.rds_layer",
            "data.archive_file.user_auth_layer",
            "data.aws_availability_zones.available",
            "data.aws_vpc.default"
          ],
          "create_before_destroy": true
        },
        {
          "index_key": "general/mass_input",
          "schema_version": 0,
          "attributes": {
            "cache_key_parameters": [],
            "cache_namespace": "ozp6d8",
            "connection_id": "",
            "connection_type": "INTERNET",
            "content_handling": "",
            "credentials": "",
            "http_method": "OPTIONS",
            "id": "agi-buzzzp4ywk-ozp6d8-OPTIONS",
            "integration_http_method": "",
            "passthrough_behavior": "WHEN_NO_MATCH",
            "request_parameters": {},
            "request_templates": {
              "application/json": "{\"statusCode\": 200}"
            },
            "resource_id": "ozp6d8",
            "rest_api_id": "buzzzp4ywk",
            "timeout_milliseconds": 29000,
            "tls_config": [],
            "type": "MOCK",
            "uri": ""
          },
          "sensitive_attributes": [],
          "identity_schema_version": 0,
          "private": "bnVsbA==",
          "dependencies": [
            "aws_api_gateway_method.options",
            "aws_api_gateway_resource.athletes",
            "aws_api_gateway_resource.coaches",
            "aws_api_gateway_resource.general",
            "aws_api_gateway_resource.relations",
            "aws_api_gateway_resource.subresources",
            "aws_api_gateway_rest_api.main",
            "aws_db_instance.default",
            "aws_db_subnet_group.rds_private",
            "aws_iam_role.lambda_role",
            "aws_iam_role_policy_attachment.lambda_rds_auth",
            "aws_lambda_function.lambdas",
            "aws_lambda_layer_version.rds",
            "aws_lambda_layer_version.user_auth",
            "aws_security_group.lambda_sg",
            "aws_subnet.private_subnet1",
            "aws_subnet.private_subnet2",
            "data.archive_file.lambda_archives",
            "data.archive_file.rds_layer",
            "data.archive_file.user_auth_layer",
            "data.aws_availability_zones.available",
            "data.aws_vpc.default"
          ],
          "create_before_destroy": true
        },
        {
          "index_key": "general/update_user_profile",
          "schema_version": 0,
          "attributes": {
            "cache_key_parameters": [],
            "cache_namespace": "82va20",
            "connection_id": "",
            "connection_type": "INTERNET",
            "content_handling": "",
            "credentials": "",
            "http_method": "OPTIONS",
            "id": "agi-buzzzp4ywk-82va20-OPTIONS",
            "integration_http_method": "",
            "passthrough_behavior": "WHEN_NO_MATCH",
            "request_parameters": {},
            "request_templates": {
              "application/json": "{\"statusCode\": 200}"
            },
            "resource_id": "82va20",
            "rest_api_id": "buzzzp4ywk",
            "timeout_milliseconds": 29000,
            "tls_config": [],
            "type": "MOCK",
            "uri": ""
          },
          "sensitive_attributes": [],
          "identity_schema_version": 0,
          "private": "bnVsbA==",
          "dependencies": [
            "aws_api_gateway_method.options",
            "aws_api_gateway_resource.athletes",
            "aws_api_gateway_resource.coaches",
            "aws_api_gateway_resource.general",
            "aws_api_gateway_resource.relations",
            "aws_api_gateway_resource.subresources",
            "aws_api_gateway_rest_api.main",
            "aws_db_instance.default",
            "aws_db_subnet_group.rds_private",
            "aws_iam_role.lambda_role",
            "aws_iam_role_policy_attachment.lambda_rds_auth",
            "aws_lambda_function.lambdas",
            "aws_lambda_layer_version.rds",
            "aws_lambda_layer_version.user_auth",
            "aws_security_group.lambda_sg",
            "aws_subnet.private_subnet1",
            "aws_subnet.private_subnet2",
            "data.archive_file.lambda_archives",
            "data.archive_file.rds_layer",
            "data.archive_file.user_auth_layer",
            "data.aws_availability_zones.available",
            "data.aws_vpc.default"
          ],
          "create_before_destroy": true
        },
        {
          "index_key": "general/view_group_inputs",
          "schema_version": 0,
          "attributes": {
            "cache_key_parameters": [],
            "cache_namespace": "cgp43o",
            "connection_id": "",
            "connection_type": "INTERNET",
            "content_handling": "",
            "credentials": "",
            "http_method": "OPTIONS",
            "id": "agi-buzzzp4ywk-cgp43o-OPTIONS",
            "integration_http_method": "",
            "passthrough_behavior": "WHEN_NO_MATCH",
            "request_parameters": {},
            "request_templates": {
              "application/json": "{\"statusCode\": 200}"
            },
            "resource_id": "cgp43o",
            "rest_api_id": "buzzzp4ywk",
            "timeout_milliseconds": 29000,
            "tls_config": [],
            "type": "MOCK",
            "uri": ""
          },
          "sensitive_attributes": [],
          "identity_schema_version": 0,
          "private": "bnVsbA==",
          "dependencies": [
            "aws_api_gateway_method.options",
            "aws_api_gateway_resource.athletes",
            "aws_api_gateway_resource.coaches",
            "aws_api_gateway_resource.general",
            "aws_api_gateway_resource.relations",
            "aws_api_gateway_resource.subresources",
            "aws_api_gateway_rest_api.main",
            "aws_db_instance.default",
            "aws_db_subnet_group.rds_private",
            "aws_iam_role.lambda_role",
            "aws_iam_role_policy_attachment.lambda_rds_auth",
            "aws_lambda_function.lambdas",
            "aws_lambda_layer_version.rds",
            "aws_lambda_layer_version.user_auth",
            "aws_security_group.lambda_sg",
            "aws_subnet.private_subnet1",
            "aws_subnet.private_subnet2",
            "data.archive_file.lambda_archives",
            "data.archive_file.rds_layer",
            "data.archive_file.user_auth_layer",
            "data.aws_availability_zones.available",
            "data.aws_vpc.default"
          ],
          "create_before_destroy": true
        },
        {
          "index_key": "relations/add_relation",
          "schema_version": 0,
          "attributes": {
            "cache_key_parameters": [],
            "cache_namespace": "zs7qut",
            "connection_id": "",
            "connection_type": "INTERNET",
            "content_handling": "",
            "credentials": "",
            "http_method": "OPTIONS",
            "id": "agi-buzzzp4ywk-zs7qut-OPTIONS",
            "integration_http_method": "",
            "passthrough_behavior": "WHEN_NO_MATCH",
            "request_parameters": {},
            "request_templates": {
              "application/json": "{\"statusCode\": 200}"
            },
            "resource_id": "zs7qut",
            "rest_api_id": "buzzzp4ywk",
            "timeout_milliseconds": 29000,
            "tls_config": [],
            "type": "MOCK",
            "uri": ""
          },
          "sensitive_attributes": [],
          "identity_schema_version": 0,
          "private": "bnVsbA==",
          "dependencies": [
            "aws_api_gateway_method.options",
            "aws_api_gateway_resource.athletes",
            "aws_api_gateway_resource.coaches",
            "aws_api_gateway_resource.general",
            "aws_api_gateway_resource.relations",
            "aws_api_gateway_resource.subresources",
            "aws_api_gateway_rest_api.main",
            "aws_db_instance.default",
            "aws_db_subnet_group.rds_private",
            "aws_iam_role.lambda_role",
            "aws_iam_role_policy_attachment.lambda_rds_auth",
            "aws_lambda_function.lambdas",
            "aws_lambda_layer_version.rds",
            "aws_lambda_layer_version.user_auth",
            "aws_security_group.lambda_sg",
            "aws_subnet.private_subnet1",
            "aws_subnet.private_subnet2",
            "data.archive_file.lambda_archives",
            "data.archive_file.rds_layer",
            "data.archive_file.user_auth_layer",
            "data.aws_availability_zones.available",
            "data.aws_vpc.default"
          ],
          "create_before_destroy": true
        },
        {
          "index_key": "relations/get_mutual_user_relations",
          "schema_version": 0,
          "attributes": {
            "cache_key_parameters": [],
            "cache_namespace": "h1iinp",
            "connection_id": "",
            "connection_type": "INTERNET",
            "content_handling": "",
            "credentials": "",
            "http_method": "OPTIONS",
            "id": "agi-buzzzp4ywk-h1iinp-OPTIONS",
            "integration_http_method": "",
            "passthrough_behavior": "WHEN_NO_MATCH",
            "request_parameters": {},
            "request_templates": {
              "application/json": "{\"statusCode\": 200}"
            },
            "resource_id": "h1iinp",
            "rest_api_id": "buzzzp4ywk",
            "timeout_milliseconds": 29000,
            "tls_config": [],
            "type": "MOCK",
            "uri": ""
          },
          "sensitive_attributes": [],
          "identity_schema_version": 0,
          "private": "bnVsbA==",
          "dependencies": [
            "aws_api_gateway_method.options",
            "aws_api_gateway_resource.athletes",
            "aws_api_gateway_resource.coaches",
            "aws_api_gateway_resource.general",
            "aws_api_gateway_resource.relations",
            "aws_api_gateway_resource.subresources",
            "aws_api_gateway_rest_api.main",
            "aws_db_instance.default",
            "aws_db_subnet_group.rds_private",
            "aws_iam_role.lambda_role",
            "aws_iam_role_policy_attachment.lambda_rds_auth",
            "aws_lambda_function.lambdas",
            "aws_lambda_layer_version.rds",
            "aws_lambda_layer_version.user_auth",
            "aws_security_group.lambda_sg",
            "aws_subnet.private_subnet1",
            "aws_subnet.private_subnet2",
            "data.archive_file.lambda_archives",
            "data.archive_file.rds_layer",
            "data.archive_file.user_auth_layer",
            "data.aws_availability_zones.available",
            "data.aws_vpc.default"
          ],
          "create_before_destroy": true
        },
        {
          "index_key": "relations/get_relation_invites",
          "schema_version": 0,
          "attributes": {
            "cache_key_parameters": [],
            "cache_namespace": "q4nprh",
            "connection_id": "",
            "connection_type": "INTERNET",
            "content_handling": "",
            "credentials": "",
            "http_method": "OPTIONS",
            "id": "agi-buzzzp4ywk-q4nprh-OPTIONS",
            "integration_http_method": "",
            "passthrough_behavior": "WHEN_NO_MATCH",
            "request_parameters": {},
            "request_templates": {
              "application/json": "{\"statusCode\": 200}"
            },
            "resource_id": "q4nprh",
            "rest_api_id": "buzzzp4ywk",
            "timeout_milliseconds": 29000,
            "tls_config": [],
            "type": "MOCK",
            "uri": ""
          },
          "sensitive_attributes": [],
          "identity_schema_version": 0,
          "private": "bnVsbA==",
          "dependencies": [
            "aws_api_gateway_method.options",
            "aws_api_gateway_resource.athletes",
            "aws_api_gateway_resource.coaches",
            "aws_api_gateway_resource.general",
            "aws_api_gateway_resource.relations",
            "aws_api_gateway_resource.subresources",
            "aws_api_gateway_rest_api.main",
            "aws_db_instance.default",
            "aws_db_subnet_group.rds_private",
            "aws_iam_role.lambda_role",
            "aws_iam_role_policy_attachment.lambda_rds_auth",
            "aws_lambda_function.lambdas",
            "aws_lambda_layer_version.rds",
            "aws_lambda_layer_version.user_auth",
            "aws_security_group.lambda_sg",
            "aws_subnet.private_subnet1",
            "aws_subnet.private_subnet2",
            "data.archive_file.lambda_archives",
            "data.archive_file.rds_layer",
            "data.archive_file.user_auth_layer",
            "data.aws_availability_zones.available",
            "data.aws_vpc.default"
          ],
          "create_before_destroy": true
        },
        {
          "index_key": "relations/get_relation_invites_count",
          "schema_version": 0,
          "attributes": {
            "cache_key_parameters": [],
            "cache_namespace": "7mmdfl",
            "connection_id": "",
            "connection_type": "INTERNET",
            "content_handling": "",
            "credentials": "",
            "http_method": "OPTIONS",
            "id": "agi-buzzzp4ywk-7mmdfl-OPTIONS",
            "integration_http_method": "",
            "passthrough_behavior": "WHEN_NO_MATCH",
            "request_parameters": {},
            "request_templates": {
              "application/json": "{\"statusCode\": 200}"
            },
            "resource_id": "7mmdfl",
            "rest_api_id": "buzzzp4ywk",
            "timeout_milliseconds": 29000,
            "tls_config": [],
            "type": "MOCK",
            "uri": ""
          },
          "sensitive_attributes": [],
          "identity_schema_version": 0,
          "private": "bnVsbA==",
          "dependencies": [
            "aws_api_gateway_method.options",
            "aws_api_gateway_resource.athletes",
            "aws_api_gateway_resource.coaches",
            "aws_api_gateway_resource.general",
            "aws_api_gateway_resource.relations",
            "aws_api_gateway_resource.subresources",
            "aws_api_gateway_rest_api.main",
            "aws_db_instance.default",
            "aws_db_subnet_group.rds_private",
            "aws_iam_role.lambda_role",
            "aws_iam_role_policy_attachment.lambda_rds_auth",
            "aws_lambda_function.lambdas",
            "aws_lambda_layer_version.rds",
            "aws_lambda_layer_version.user_auth",
            "aws_security_group.lambda_sg",
            "aws_subnet.private_subnet1",
            "aws_subnet.private_subnet2",
            "data.archive_file.lambda_archives",
            "data.archive_file.rds_layer",
            "data.archive_file.user_auth_layer",
            "data.aws_availability_zones.available",
            "data.aws_vpc.default"
          ],
          "create_before_destroy": true
        },
        {
          "index_key": "relations/remove_user_relation",
          "schema_version": 0,
          "attributes": {
            "cache_key_parameters": [],
            "cache_namespace": "xzk7ie",
            "connection_id": "",
            "connection_type": "INTERNET",
            "content_handling": "",
            "credentials": "",
            "http_method": "OPTIONS",
            "id": "agi-buzzzp4ywk-xzk7ie-OPTIONS",
            "integration_http_method": "",
            "passthrough_behavior": "WHEN_NO_MATCH",
            "request_parameters": {},
            "request_templates": {
              "application/json": "{\"statusCode\": 200}"
            },
            "resource_id": "xzk7ie",
            "rest_api_id": "buzzzp4ywk",
            "timeout_milliseconds": 29000,
            "tls_config": [],
            "type": "MOCK",
            "uri": ""
          },
          "sensitive_attributes": [],
          "identity_schema_version": 0,
          "private": "bnVsbA==",
          "dependencies": [
            "aws_api_gateway_method.options",
            "aws_api_gateway_resource.athletes",
            "aws_api_gateway_resource.coaches",
            "aws_api_gateway_resource.general",
            "aws_api_gateway_resource.relations",
            "aws_api_gateway_resource.subresources",
            "aws_api_gateway_rest_api.main",
            "aws_db_instance.default",
            "aws_db_subnet_group.rds_private",
            "aws_iam_role.lambda_role",
            "aws_iam_role_policy_attachment.lambda_rds_auth",
            "aws_lambda_function.lambdas",
            "aws_lambda_layer_version.rds",
            "aws_lambda_layer_version.user_auth",
            "aws_security_group.lambda_sg",
            "aws_subnet.private_subnet1",
            "aws_subnet.private_subnet2",
            "data.archive_file.lambda_archives",
            "data.archive_file.rds_layer",
            "data.archive_file.user_auth_layer",
            "data.aws_availability_zones.available",
            "data.aws_vpc.default"
          ],
          "create_before_destroy": true
        },
        {
          "index_key": "relations/search_user_relation",
          "schema_version": 0,
          "attributes": {
            "cache_key_parameters": [],
            "cache_namespace": "vodnr3",
            "connection_id": "",
            "connection_type": "INTERNET",
            "content_handling": "",
            "credentials": "",
            "http_method": "OPTIONS",
            "id": "agi-buzzzp4ywk-vodnr3-OPTIONS",
            "integration_http_method": "",
            "passthrough_behavior": "WHEN_NO_MATCH",
            "request_parameters": {},
            "request_templates": {
              "application/json": "{\"statusCode\": 200}"
            },
            "resource_id": "vodnr3",
            "rest_api_id": "buzzzp4ywk",
            "timeout_milliseconds": 29000,
            "tls_config": [],
            "type": "MOCK",
            "uri": ""
          },
          "sensitive_attributes": [],
          "identity_schema_version": 0,
          "private": "bnVsbA==",
          "dependencies": [
            "aws_api_gateway_method.options",
            "aws_api_gateway_resource.athletes",
            "aws_api_gateway_resource.coaches",
            "aws_api_gateway_resource.general",
            "aws_api_gateway_resource.relations",
            "aws_api_gateway_resource.subresources",
            "aws_api_gateway_rest_api.main",
            "aws_db_instance.default",
            "aws_db_subnet_group.rds_private",
            "aws_iam_role.lambda_role",
            "aws_iam_role_policy_attachment.lambda_rds_auth",
            "aws_lambda_function.lambdas",
            "aws_lambda_layer_version.rds",
            "aws_lambda_layer_version.user_auth",
            "aws_security_group.lambda_sg",
            "aws_subnet.private_subnet1",
            "aws_subnet.private_subnet2",
            "data.archive_file.lambda_archives",
            "data.archive_file.rds_layer",
            "data.archive_file.user_auth_layer",
            "data.aws_availability_zones.available",
            "data.aws_vpc.default"
          ],
          "create_before_destroy": true
        }
      ]
    },
    {
      "mode": "managed",
      "type": "aws_api_gateway_integration_response",
      "name": "options",
      "provider": "provider[\"registry.terraform.io/hashicorp/aws\"]",
      "instances": [
        {
          "index_key": "athletes/input_times",
          "schema_version": 0,
          "attributes": {
            "content_handling": "",
            "http_method": "OPTIONS",
            "id": "agir-buzzzp4ywk-akxhzs-OPTIONS-200",
            "resource_id": "akxhzs",
            "response_parameters": {
              "method.response.header.Access-Control-Allow-Headers": "'Content-Type,X-Amz-Date,Authorization,X-Api-Key,X-Amz-Security-Token'",
              "method.response.header.Access-Control-Allow-Methods": "'GET,POST,PUT,DELETE,OPTIONS'",
              "method.response.header.Access-Control-Allow-Origin": "'*'"
            },
            "response_templates": {},
            "rest_api_id": "buzzzp4ywk",
            "selection_pattern": "",
            "status_code": "200"
          },
          "sensitive_attributes": [],
          "identity_schema_version": 0,
          "private": "bnVsbA==",
          "dependencies": [
            "aws_api_gateway_integration.options",
            "aws_api_gateway_method.options",
            "aws_api_gateway_method_response.options",
            "aws_api_gateway_resource.athletes",
            "aws_api_gateway_resource.coaches",
            "aws_api_gateway_resource.general",
            "aws_api_gateway_resource.relations",
            "aws_api_gateway_resource.subresources",
            "aws_api_gateway_rest_api.main",
            "aws_db_instance.default",
            "aws_db_subnet_group.rds_private",
            "aws_iam_role.lambda_role",
            "aws_iam_role_policy_attachment.lambda_rds_auth",
            "aws_lambda_function.lambdas",
            "aws_lambda_layer_version.rds",
            "aws_lambda_layer_version.user_auth",
            "aws_security_group.lambda_sg",
            "aws_subnet.private_subnet1",
            "aws_subnet.private_subnet2",
            "data.archive_file.lambda_archives",
            "data.archive_file.rds_layer",
            "data.archive_file.user_auth_layer",
            "data.aws_availability_zones.available",
            "data.aws_vpc.default"
          ],
          "create_before_destroy": true
        },
        {
          "index_key": "athletes/remove_inputs",
          "schema_version": 0,
          "attributes": {
            "content_handling": "",
            "http_method": "OPTIONS",
            "id": "agir-buzzzp4ywk-6emjgf-OPTIONS-200",
            "resource_id": "6emjgf",
            "response_parameters": {
              "method.response.header.Access-Control-Allow-Headers": "'Content-Type,X-Amz-Date,Authorization,X-Api-Key,X-Amz-Security-Token'",
              "method.response.header.Access-Control-Allow-Methods": "'GET,POST,PUT,DELETE,OPTIONS'",
              "method.response.header.Access-Control-Allow-Origin": "'*'"
            },
            "response_templates": {},
            "rest_api_id": "buzzzp4ywk",
            "selection_pattern": "",
            "status_code": "200"
          },
          "sensitive_attributes": [],
          "identity_schema_version": 0,
          "private": "bnVsbA==",
          "dependencies": [
            "aws_api_gateway_integration.options",
            "aws_api_gateway_method.options",
            "aws_api_gateway_method_response.options",
            "aws_api_gateway_resource.athletes",
            "aws_api_gateway_resource.coaches",
            "aws_api_gateway_resource.general",
            "aws_api_gateway_resource.relations",
            "aws_api_gateway_resource.subresources",
            "aws_api_gateway_rest_api.main",
            "aws_db_instance.default",
            "aws_db_subnet_group.rds_private",
            "aws_iam_role.lambda_role",
            "aws_iam_role_policy_attachment.lambda_rds_auth",
            "aws_lambda_function.lambdas",
            "aws_lambda_layer_version.rds",
            "aws_lambda_layer_version.user_auth",
            "aws_security_group.lambda_sg",
            "aws_subnet.private_subnet1",
            "aws_subnet.private_subnet2",
            "data.archive_file.lambda_archives",
            "data.archive_file.rds_layer",
            "data.archive_file.user_auth_layer",
            "data.aws_availability_zones.available",
            "data.aws_vpc.default"
          ],
          "create_before_destroy": true
        },
        {
          "index_key": "athletes/search_input_history_date",
          "schema_version": 0,
          "attributes": {
            "content_handling": "",
            "http_method": "OPTIONS",
            "id": "agir-buzzzp4ywk-l00oeq-OPTIONS-200",
            "resource_id": "l00oeq",
            "response_parameters": {
              "method.response.header.Access-Control-Allow-Headers": "'Content-Type,X-Amz-Date,Authorization,X-Api-Key,X-Amz-Security-Token'",
              "method.response.header.Access-Control-Allow-Methods": "'GET,POST,PUT,DELETE,OPTIONS'",
              "method.response.header.Access-Control-Allow-Origin": "'*'"
            },
            "response_templates": {},
            "rest_api_id": "buzzzp4ywk",
            "selection_pattern": "",
            "status_code": "200"
          },
          "sensitive_attributes": [],
          "identity_schema_version": 0,
          "private": "bnVsbA==",
          "dependencies": [
            "aws_api_gateway_integration.options",
            "aws_api_gateway_method.options",
            "aws_api_gateway_method_response.options",
            "aws_api_gateway_resource.athletes",
            "aws_api_gateway_resource.coaches",
            "aws_api_gateway_resource.general",
            "aws_api_gateway_resource.relations",
            "aws_api_gateway_resource.subresources",
            "aws_api_gateway_rest_api.main",
            "aws_db_instance.default",
            "aws_db_subnet_group.rds_private",
            "aws_iam_role.lambda_role",
            "aws_iam_role_policy_attachment.lambda_rds_auth",
            "aws_lambda_function.lambdas",
            "aws_lambda_layer_version.rds",
            "aws_lambda_layer_version.user_auth",
            "aws_security_group.lambda_sg",
            "aws_subnet.private_subnet1",
            "aws_subnet.private_subnet2",
            "data.archive_file.lambda_archives",
            "data.archive_file.rds_layer",
            "data.archive_file.user_auth_layer",
            "data.aws_availability_zones.available",
            "data.aws_vpc.default"
          ],
          "create_before_destroy": true
        },
        {
          "index_key": "athletes/view_workout_inputs",
          "schema_version": 0,
          "attributes": {
            "content_handling": "",
            "http_method": "OPTIONS",
            "id": "agir-buzzzp4ywk-wqltih-OPTIONS-200",
            "resource_id": "wqltih",
            "response_parameters": {
              "method.response.header.Access-Control-Allow-Headers": "'Content-Type,X-Amz-Date,Authorization,X-Api-Key,X-Amz-Security-Token'",
              "method.response.header.Access-Control-Allow-Methods": "'GET,POST,PUT,DELETE,OPTIONS'",
              "method.response.header.Access-Control-Allow-Origin": "'*'"
            },
            "response_templates": {},
            "rest_api_id": "buzzzp4ywk",
            "selection_pattern": "",
            "status_code": "200"
          },
          "sensitive_attributes": [],
          "identity_schema_version": 0,
          "private": "bnVsbA==",
          "dependencies": [
            "aws_api_gateway_integration.options",
            "aws_api_gateway_method.options",
            "aws_api_gateway_method_response.options",
            "aws_api_gateway_resource.athletes",
            "aws_api_gateway_resource.coaches",
            "aws_api_gateway_resource.general",
            "aws_api_gateway_resource.relations",
            "aws_api_gateway_resource.subresources",
            "aws_api_gateway_rest_api.main",
            "aws_db_instance.default",
            "aws_db_subnet_group.rds_private",
            "aws_iam_role.lambda_role",
            "aws_iam_role_policy_attachment.lambda_rds_auth",
            "aws_lambda_function.lambdas",
            "aws_lambda_layer_version.rds",
            "aws_lambda_layer_version.user_auth",
            "aws_security_group.lambda_sg",
            "aws_subnet.private_subnet1",
            "aws_subnet.private_subnet2",
            "data.archive_file.lambda_archives",
            "data.archive_file.rds_layer",
            "data.archive_file.user_auth_layer",
            "data.aws_availability_zones.available",
            "data.aws_vpc.default"
          ],
          "create_before_destroy": true
        },
        {
          "index_key": "coaches/add_athlete_to_group",
          "schema_version": 0,
          "attributes": {
            "content_handling": "",
            "http_method": "OPTIONS",
            "id": "agir-buzzzp4ywk-wz3zfq-OPTIONS-200",
            "resource_id": "wz3zfq",
            "response_parameters": {
              "method.response.header.Access-Control-Allow-Headers": "'Content-Type,X-Amz-Date,Authorization,X-Api-Key,X-Amz-Security-Token'",
              "method.response.header.Access-Control-Allow-Methods": "'GET,POST,PUT,DELETE,OPTIONS'",
              "method.response.header.Access-Control-Allow-Origin": "'*'"
            },
            "response_templates": {},
            "rest_api_id": "buzzzp4ywk",
            "selection_pattern": "",
            "status_code": "200"
          },
          "sensitive_attributes": [],
          "identity_schema_version": 0,
          "private": "bnVsbA==",
          "dependencies": [
            "aws_api_gateway_integration.options",
            "aws_api_gateway_method.options",
            "aws_api_gateway_method_response.options",
            "aws_api_gateway_resource.athletes",
            "aws_api_gateway_resource.coaches",
            "aws_api_gateway_resource.general",
            "aws_api_gateway_resource.relations",
            "aws_api_gateway_resource.subresources",
            "aws_api_gateway_rest_api.main",
            "aws_db_instance.default",
            "aws_db_subnet_group.rds_private",
            "aws_iam_role.lambda_role",
            "aws_iam_role_policy_attachment.lambda_rds_auth",
            "aws_lambda_function.lambdas",
            "aws_lambda_layer_version.rds",
            "aws_lambda_layer_version.user_auth",
            "aws_security_group.lambda_sg",
            "aws_subnet.private_subnet1",
            "aws_subnet.private_subnet2",
            "data.archive_file.lambda_archives",
            "data.archive_file.rds_layer",
            "data.archive_file.user_auth_layer",
            "data.aws_availability_zones.available",
            "data.aws_vpc.default"
          ],
          "create_before_destroy": true
        },
        {
          "index_key": "coaches/assign_group_workout",
          "schema_version": 0,
          "attributes": {
            "content_handling": "",
            "http_method": "OPTIONS",
            "id": "agir-buzzzp4ywk-d0t6xd-OPTIONS-200",
            "resource_id": "d0t6xd",
            "response_parameters": {
              "method.response.header.Access-Control-Allow-Headers": "'Content-Type,X-Amz-Date,Authorization,X-Api-Key,X-Amz-Security-Token'",
              "method.response.header.Access-Control-Allow-Methods": "'GET,POST,PUT,DELETE,OPTIONS'",
              "method.response.header.Access-Control-Allow-Origin": "'*'"
            },
            "response_templates": {},
            "rest_api_id": "buzzzp4ywk",
            "selection_pattern": "",
            "status_code": "200"
          },
          "sensitive_attributes": [],
          "identity_schema_version": 0,
          "private": "bnVsbA==",
          "dependencies": [
            "aws_api_gateway_integration.options",
            "aws_api_gateway_method.options",
            "aws_api_gateway_method_response.options",
            "aws_api_gateway_resource.athletes",
            "aws_api_gateway_resource.coaches",
            "aws_api_gateway_resource.general",
            "aws_api_gateway_resource.relations",
            "aws_api_gateway_resource.subresources",
            "aws_api_gateway_rest_api.main",
            "aws_db_instance.default",
            "aws_db_subnet_group.rds_private",
            "aws_iam_role.lambda_role",
            "aws_iam_role_policy_attachment.lambda_rds_auth",
            "aws_lambda_function.lambdas",
            "aws_lambda_layer_version.rds",
            "aws_lambda_layer_version.user_auth",
            "aws_security_group.lambda_sg",
            "aws_subnet.private_subnet1",
            "aws_subnet.private_subnet2",
            "data.archive_file.lambda_archives",
            "data.archive_file.rds_layer",
            "data.archive_file.user_auth_layer",
            "data.aws_availability_zones.available",
            "data.aws_vpc.default"
          ],
          "create_before_destroy": true
        },
        {
          "index_key": "coaches/assign_group_workout_template",
          "schema_version": 0,
          "attributes": {
            "content_handling": "",
            "http_method": "OPTIONS",
            "id": "agir-buzzzp4ywk-nl1j88-OPTIONS-200",
            "resource_id": "nl1j88",
            "response_parameters": {
              "method.response.header.Access-Control-Allow-Headers": "'Content-Type,X-Amz-Date,Authorization,X-Api-Key,X-Amz-Security-Token'",
              "method.response.header.Access-Control-Allow-Methods": "'GET,POST,PUT,DELETE,OPTIONS'",
              "method.response.header.Access-Control-Allow-Origin": "'*'"
            },
            "response_templates": {},
            "rest_api_id": "buzzzp4ywk",
            "selection_pattern": "",
            "status_code": "200"
          },
          "sensitive_attributes": [],
          "identity_schema_version": 0,
          "private": "bnVsbA==",
          "dependencies": [
            "aws_api_gateway_integration.options",
            "aws_api_gateway_method.options",
            "aws_api_gateway_method_response.options",
            "aws_api_gateway_resource.athletes",
            "aws_api_gateway_resource.coaches",
            "aws_api_gateway_resource.general",
            "aws_api_gateway_resource.relations",
            "aws_api_gateway_resource.subresources",
            "aws_api_gateway_rest_api.main",
            "aws_db_instance.default",
            "aws_db_subnet_group.rds_private",
            "aws_iam_role.lambda_role",
            "aws_iam_role_policy_attachment.lambda_rds_auth",
            "aws_lambda_function.lambdas",
            "aws_lambda_layer_version.rds",
            "aws_lambda_layer_version.user_auth",
            "aws_security_group.lambda_sg",
            "aws_subnet.private_subnet1",
            "aws_subnet.private_subnet2",
            "data.archive_file.lambda_archives",
            "data.archive_file.rds_layer",
            "data.archive_file.user_auth_layer",
            "data.aws_availability_zones.available",
            "data.aws_vpc.default"
          ],
          "create_before_destroy": true
        },
        {
          "index_key": "coaches/create_group",
          "schema_version": 0,
          "attributes": {
            "content_handling": "",
            "http_method": "OPTIONS",
            "id": "agir-buzzzp4ywk-x30w08-OPTIONS-200",
            "resource_id": "x30w08",
            "response_parameters": {
              "method.response.header.Access-Control-Allow-Headers": "'Content-Type,X-Amz-Date,Authorization,X-Api-Key,X-Amz-Security-Token'",
              "method.response.header.Access-Control-Allow-Methods": "'GET,POST,PUT,DELETE,OPTIONS'",
              "method.response.header.Access-Control-Allow-Origin": "'*'"
            },
            "response_templates": {},
            "rest_api_id": "buzzzp4ywk",
            "selection_pattern": "",
            "status_code": "200"
          },
          "sensitive_attributes": [],
          "identity_schema_version": 0,
          "private": "bnVsbA==",
          "dependencies": [
            "aws_api_gateway_integration.options",
            "aws_api_gateway_method.options",
            "aws_api_gateway_method_response.options",
            "aws_api_gateway_resource.athletes",
            "aws_api_gateway_resource.coaches",
            "aws_api_gateway_resource.general",
            "aws_api_gateway_resource.relations",
            "aws_api_gateway_resource.subresources",
            "aws_api_gateway_rest_api.main",
            "aws_db_instance.default",
            "aws_db_subnet_group.rds_private",
            "aws_iam_role.lambda_role",
            "aws_iam_role_policy_attachment.lambda_rds_auth",
            "aws_lambda_function.lambdas",
            "aws_lambda_layer_version.rds",
            "aws_lambda_layer_version.user_auth",
            "aws_security_group.lambda_sg",
            "aws_subnet.private_subnet1",
            "aws_subnet.private_subnet2",
            "data.archive_file.lambda_archives",
            "data.archive_file.rds_layer",
            "data.archive_file.user_auth_layer",
            "data.aws_availability_zones.available",
            "data.aws_vpc.default"
          ],
          "create_before_destroy": true
        },
        {
          "index_key": "coaches/create_workout_template",
          "schema_version": 0,
          "attributes": {
            "content_handling": "",
            "http_method": "OPTIONS",
            "id": "agir-buzzzp4ywk-6cxvjn-OPTIONS-200",
            "resource_id": "6cxvjn",
            "response_parameters": {
              "method.response.header.Access-Control-Allow-Headers": "'Content-Type,X-Amz-Date,Authorization,X-Api-Key,X-Amz-Security-Token'",
              "method.response.header.Access-Control-Allow-Methods": "'GET,POST,PUT,DELETE,OPTIONS'",
              "method.response.header.Access-Control-Allow-Origin": "'*'"
            },
            "response_templates": {},
            "rest_api_id": "buzzzp4ywk",
            "selection_pattern": "",
            "status_code": "200"
          },
          "sensitive_attributes": [],
          "identity_schema_version": 0,
          "private": "bnVsbA==",
          "dependencies": [
            "aws_api_gateway_integration.options",
            "aws_api_gateway_method.options",
            "aws_api_gateway_method_response.options",
            "aws_api_gateway_resource.athletes",
            "aws_api_gateway_resource.coaches",
            "aws_api_gateway_resource.general",
            "aws_api_gateway_resource.relations",
            "aws_api_gateway_resource.subresources",
            "aws_api_gateway_rest_api.main",
            "aws_db_instance.default",
            "aws_db_subnet_group.rds_private",
            "aws_iam_role.lambda_role",
            "aws_iam_role_policy_attachment.lambda_rds_auth",
            "aws_lambda_function.lambdas",
            "aws_lambda_layer_version.rds",
            "aws_lambda_layer_version.user_auth",
            "aws_security_group.lambda_sg",
            "aws_subnet.private_subnet1",
            "aws_subnet.private_subnet2",
            "data.archive_file.lambda_archives",
            "data.archive_file.rds_layer",
            "data.archive_file.user_auth_layer",
            "data.aws_availability_zones.available",
            "data.aws_vpc.default"
          ],
          "create_before_destroy": true
        },
        {
          "index_key": "coaches/delete_group",
          "schema_version": 0,
          "attributes": {
            "content_handling": "",
            "http_method": "OPTIONS",
            "id": "agir-buzzzp4ywk-qbwhq3-OPTIONS-200",
            "resource_id": "qbwhq3",
            "response_parameters": {
              "method.response.header.Access-Control-Allow-Headers": "'Content-Type,X-Amz-Date,Authorization,X-Api-Key,X-Amz-Security-Token'",
              "method.response.header.Access-Control-Allow-Methods": "'GET,POST,PUT,DELETE,OPTIONS'",
              "method.response.header.Access-Control-Allow-Origin": "'*'"
            },
            "response_templates": {},
            "rest_api_id": "buzzzp4ywk",
            "selection_pattern": "",
            "status_code": "200"
          },
          "sensitive_attributes": [],
          "identity_schema_version": 0,
          "private": "bnVsbA==",
          "dependencies": [
            "aws_api_gateway_integration.options",
            "aws_api_gateway_method.options",
            "aws_api_gateway_method_response.options",
            "aws_api_gateway_resource.athletes",
            "aws_api_gateway_resource.coaches",
            "aws_api_gateway_resource.general",
            "aws_api_gateway_resource.relations",
            "aws_api_gateway_resource.subresources",
            "aws_api_gateway_rest_api.main",
            "aws_db_instance.default",
            "aws_db_subnet_group.rds_private",
            "aws_iam_role.lambda_role",
            "aws_iam_role_policy_attachment.lambda_rds_auth",
            "aws_lambda_function.lambdas",
            "aws_lambda_layer_version.rds",
            "aws_lambda_layer_version.user_auth",
            "aws_security_group.lambda_sg",
            "aws_subnet.private_subnet1",
            "aws_subnet.private_subnet2",
            "data.archive_file.lambda_archives",
            "data.archive_file.rds_layer",
            "data.archive_file.user_auth_layer",
            "data.aws_availability_zones.available",
            "data.aws_vpc.default"
          ],
          "create_before_destroy": true
        },
        {
          "index_key": "coaches/delete_group_workout",
          "schema_version": 0,
          "attributes": {
            "content_handling": "",
            "http_method": "OPTIONS",
            "id": "agir-buzzzp4ywk-zay0w3-OPTIONS-200",
            "resource_id": "zay0w3",
            "response_parameters": {
              "method.response.header.Access-Control-Allow-Headers": "'Content-Type,X-Amz-Date,Authorization,X-Api-Key,X-Amz-Security-Token'",
              "method.response.header.Access-Control-Allow-Methods": "'GET,POST,PUT,DELETE,OPTIONS'",
              "method.response.header.Access-Control-Allow-Origin": "'*'"
            },
            "response_templates": {},
            "rest_api_id": "buzzzp4ywk",
            "selection_pattern": "",
            "status_code": "200"
          },
          "sensitive_attributes": [],
          "identity_schema_version": 0,
          "private": "bnVsbA==",
          "dependencies": [
            "aws_api_gateway_integration.options",
            "aws_api_gateway_method.options",
            "aws_api_gateway_method_response.options",
            "aws_api_gateway_resource.athletes",
            "aws_api_gateway_resource.coaches",
            "aws_api_gateway_resource.general",
            "aws_api_gateway_resource.relations",
            "aws_api_gateway_resource.subresources",
            "aws_api_gateway_rest_api.main",
            "aws_db_instance.default",
            "aws_db_subnet_group.rds_private",
            "aws_iam_role.lambda_role",
            "aws_iam_role_policy_attachment.lambda_rds_auth",
            "aws_lambda_function.lambdas",
            "aws_lambda_layer_version.rds",
            "aws_lambda_layer_version.user_auth",
            "aws_security_group.lambda_sg",
            "aws_subnet.private_subnet1",
            "aws_subnet.private_subnet2",
            "data.archive_file.lambda_archives",
            "data.archive_file.rds_layer",
            "data.archive_file.user_auth_layer",
            "data.aws_availability_zones.available",
            "data.aws_vpc.default"
          ],
          "create_before_destroy": true
        },
        {
          "index_key": "coaches/delete_workout_template",
          "schema_version": 0,
          "attributes": {
            "content_handling": "",
            "http_method": "OPTIONS",
            "id": "agir-buzzzp4ywk-63809l-OPTIONS-200",
            "resource_id": "63809l",
            "response_parameters": {
              "method.response.header.Access-Control-Allow-Headers": "'Content-Type,X-Amz-Date,Authorization,X-Api-Key,X-Amz-Security-Token'",
              "method.response.header.Access-Control-Allow-Methods": "'GET,POST,PUT,DELETE,OPTIONS'",
              "method.response.header.Access-Control-Allow-Origin": "'*'"
            },
            "response_templates": {},
            "rest_api_id": "buzzzp4ywk",
            "selection_pattern": "",
            "status_code": "200"
          },
          "sensitive_attributes": [],
          "identity_schema_version": 0,
          "private": "bnVsbA==",
          "dependencies": [
            "aws_api_gateway_integration.options",
            "aws_api_gateway_method.options",
            "aws_api_gateway_method_response.options",
            "aws_api_gateway_resource.athletes",
            "aws_api_gateway_resource.coaches",
            "aws_api_gateway_resource.general",
            "aws_api_gateway_resource.relations",
            "aws_api_gateway_resource.subresources",
            "aws_api_gateway_rest_api.main",
            "aws_db_instance.default",
            "aws_db_subnet_group.rds_private",
            "aws_iam_role.lambda_role",
            "aws_iam_role_policy_attachment.lambda_rds_auth",
            "aws_lambda_function.lambdas",
            "aws_lambda_layer_version.rds",
            "aws_lambda_layer_version.user_auth",
            "aws_security_group.lambda_sg",
            "aws_subnet.private_subnet1",
            "aws_subnet.private_subnet2",
            "data.archive_file.lambda_archives",
            "data.archive_file.rds_layer",
            "data.archive_file.user_auth_layer",
            "data.aws_availability_zones.available",
            "data.aws_vpc.default"
          ],
          "create_before_destroy": true
        },
        {
          "index_key": "coaches/fetch_historical_data",
          "schema_version": 0,
          "attributes": {
            "content_handling": "",
            "http_method": "OPTIONS",
            "id": "agir-buzzzp4ywk-q5mjqd-OPTIONS-200",
            "resource_id": "q5mjqd",
            "response_parameters": {
              "method.response.header.Access-Control-Allow-Headers": "'Content-Type,X-Amz-Date,Authorization,X-Api-Key,X-Amz-Security-Token'",
              "method.response.header.Access-Control-Allow-Methods": "'GET,POST,PUT,DELETE,OPTIONS'",
              "method.response.header.Access-Control-Allow-Origin": "'*'"
            },
            "response_templates": {},
            "rest_api_id": "buzzzp4ywk",
            "selection_pattern": "",
            "status_code": "200"
          },
          "sensitive_attributes": [],
          "identity_schema_version": 0,
          "private": "bnVsbA==",
          "dependencies": [
            "aws_api_gateway_integration.options",
            "aws_api_gateway_method.options",
            "aws_api_gateway_method_response.options",
            "aws_api_gateway_resource.athletes",
            "aws_api_gateway_resource.coaches",
            "aws_api_gateway_resource.general",
            "aws_api_gateway_resource.relations",
            "aws_api_gateway_resource.subresources",
            "aws_api_gateway_rest_api.main",
            "aws_db_instance.default",
            "aws_db_subnet_group.rds_private",
            "aws_iam_role.lambda_role",
            "aws_iam_role_policy_attachment.lambda_rds_auth",
            "aws_lambda_function.lambdas",
            "aws_lambda_layer_version.rds",
            "aws_lambda_layer_version.user_auth",
            "aws_security_group.lambda_sg",
            "aws_subnet.private_subnet1",
            "aws_subnet.private_subnet2",
            "data.archive_file.lambda_archives",
            "data.archive_file.rds_layer",
            "data.archive_file.user_auth_layer",
            "data.aws_availability_zones.available",
            "data.aws_vpc.default"
          ],
          "create_before_destroy": true
        },
        {
          "index_key": "coaches/get_absent_group_athletes",
          "schema_version": 0,
          "attributes": {
            "content_handling": "",
            "http_method": "OPTIONS",
            "id": "agir-buzzzp4ywk-td0207-OPTIONS-200",
            "resource_id": "td0207",
            "response_parameters": {
              "method.response.header.Access-Control-Allow-Headers": "'Content-Type,X-Amz-Date,Authorization,X-Api-Key,X-Amz-Security-Token'",
              "method.response.header.Access-Control-Allow-Methods": "'GET,POST,PUT,DELETE,OPTIONS'",
              "method.response.header.Access-Control-Allow-Origin": "'*'"
            },
            "response_templates": {},
            "rest_api_id": "buzzzp4ywk",
            "selection_pattern": "",
            "status_code": "200"
          },
          "sensitive_attributes": [],
          "identity_schema_version": 0,
          "private": "bnVsbA==",
          "dependencies": [
            "aws_api_gateway_integration.options",
            "aws_api_gateway_method.options",
            "aws_api_gateway_method_response.options",
            "aws_api_gateway_resource.athletes",
            "aws_api_gateway_resource.coaches",
            "aws_api_gateway_resource.general",
            "aws_api_gateway_resource.relations",
            "aws_api_gateway_resource.subresources",
            "aws_api_gateway_rest_api.main",
            "aws_db_instance.default",
            "aws_db_subnet_group.rds_private",
            "aws_iam_role.lambda_role",
            "aws_iam_role_policy_attachment.lambda_rds_auth",
            "aws_lambda_function.lambdas",
            "aws_lambda_layer_version.rds",
            "aws_lambda_layer_version.user_auth",
            "aws_security_group.lambda_sg",
            "aws_subnet.private_subnet1",
            "aws_subnet.private_subnet2",
            "data.archive_file.lambda_archives",
            "data.archive_file.rds_layer",
            "data.archive_file.user_auth_layer",
            "data.aws_availability_zones.available",
            "data.aws_vpc.default"
          ],
          "create_before_destroy": true
        },
        {
          "index_key": "coaches/get_available_history_dates",
          "schema_version": 0,
          "attributes": {
            "content_handling": "",
            "http_method": "OPTIONS",
            "id": "agir-buzzzp4ywk-j8bnua-OPTIONS-200",
            "resource_id": "j8bnua",
            "response_parameters": {
              "method.response.header.Access-Control-Allow-Headers": "'Content-Type,X-Amz-Date,Authorization,X-Api-Key,X-Amz-Security-Token'",
              "method.response.header.Access-Control-Allow-Methods": "'GET,POST,PUT,DELETE,OPTIONS'",
              "method.response.header.Access-Control-Allow-Origin": "'*'"
            },
            "response_templates": {},
            "rest_api_id": "buzzzp4ywk",
            "selection_pattern": "",
            "status_code": "200"
          },
          "sensitive_attributes": [],
          "identity_schema_version": 0,
          "private": "bnVsbA==",
          "dependencies": [
            "aws_api_gateway_integration.options",
            "aws_api_gateway_method.options",
            "aws_api_gateway_method_response.options",
            "aws_api_gateway_resource.athletes",
            "aws_api_gateway_resource.coaches",
            "aws_api_gateway_resource.general",
            "aws_api_gateway_resource.relations",
            "aws_api_gateway_resource.subresources",
            "aws_api_gateway_rest_api.main",
            "aws_db_instance.default",
            "aws_db_subnet_group.rds_private",
            "aws_iam_role.lambda_role",
            "aws_iam_role_policy_attachment.lambda_rds_auth",
            "aws_lambda_function.lambdas",
            "aws_lambda_layer_version.rds",
            "aws_lambda_layer_version.user_auth",
            "aws_security_group.lambda_sg",
            "aws_subnet.private_subnet1",
            "aws_subnet.private_subnet2",
            "data.archive_file.lambda_archives",
            "data.archive_file.rds_layer",
            "data.archive_file.user_auth_layer",
            "data.aws_availability_zones.available",
            "data.aws_vpc.default"
          ],
          "create_before_destroy": true
        },
        {
          "index_key": "coaches/get_workout_templates",
          "schema_version": 0,
          "attributes": {
            "content_handling": "",
            "http_method": "OPTIONS",
            "id": "agir-buzzzp4ywk-nw96aq-OPTIONS-200",
            "resource_id": "nw96aq",
            "response_parameters": {
              "method.response.header.Access-Control-Allow-Headers": "'Content-Type,X-Amz-Date,Authorization,X-Api-Key,X-Amz-Security-Token'",
              "method.response.header.Access-Control-Allow-Methods": "'GET,POST,PUT,DELETE,OPTIONS'",
              "method.response.header.Access-Control-Allow-Origin": "'*'"
            },
            "response_templates": {},
            "rest_api_id": "buzzzp4ywk",
            "selection_pattern": "",
            "status_code": "200"
          },
          "sensitive_attributes": [],
          "identity_schema_version": 0,
          "private": "bnVsbA==",
          "dependencies": [
            "aws_api_gateway_integration.options",
            "aws_api_gateway_method.options",
            "aws_api_gateway_method_response.options",
            "aws_api_gateway_resource.athletes",
            "aws_api_gateway_resource.coaches",
            "aws_api_gateway_resource.general",
            "aws_api_gateway_resource.relations",
            "aws_api_gateway_resource.subresources",
            "aws_api_gateway_rest_api.main",
            "aws_db_instance.default",
            "aws_db_subnet_group.rds_private",
            "aws_iam_role.lambda_role",
            "aws_iam_role_policy_attachment.lambda_rds_auth",
            "aws_lambda_function.lambdas",
            "aws_lambda_layer_version.rds",
            "aws_lambda_layer_version.user_auth",
            "aws_security_group.lambda_sg",
            "aws_subnet.private_subnet1",
            "aws_subnet.private_subnet2",
            "data.archive_file.lambda_archives",
            "data.archive_file.rds_layer",
            "data.archive_file.user_auth_layer",
            "data.aws_availability_zones.available",
            "data.aws_vpc.default"
          ],
          "create_before_destroy": true
        },
        {
          "index_key": "coaches/remove_group_athlete",
          "schema_version": 0,
          "attributes": {
            "content_handling": "",
            "http_method": "OPTIONS",
            "id": "agir-buzzzp4ywk-0aq10y-OPTIONS-200",
            "resource_id": "0aq10y",
            "response_parameters": {
              "method.response.header.Access-Control-Allow-Headers": "'Content-Type,X-Amz-Date,Authorization,X-Api-Key,X-Amz-Security-Token'",
              "method.response.header.Access-Control-Allow-Methods": "'GET,POST,PUT,DELETE,OPTIONS'",
              "method.response.header.Access-Control-Allow-Origin": "'*'"
            },
            "response_templates": {},
            "rest_api_id": "buzzzp4ywk",
            "selection_pattern": "",
            "status_code": "200"
          },
          "sensitive_attributes": [],
          "identity_schema_version": 0,
          "private": "bnVsbA==",
          "dependencies": [
            "aws_api_gateway_integration.options",
            "aws_api_gateway_method.options",
            "aws_api_gateway_method_response.options",
            "aws_api_gateway_resource.athletes",
            "aws_api_gateway_resource.coaches",
            "aws_api_gateway_resource.general",
            "aws_api_gateway_resource.relations",
            "aws_api_gateway_resource.subresources",
            "aws_api_gateway_rest_api.main",
            "aws_db_instance.default",
            "aws_db_subnet_group.rds_private",
            "aws_iam_role.lambda_role",
            "aws_iam_role_policy_attachment.lambda_rds_auth",
            "aws_lambda_function.lambdas",
            "aws_lambda_layer_version.rds",
            "aws_lambda_layer_version.user_auth",
            "aws_security_group.lambda_sg",
            "aws_subnet.private_subnet1",
            "aws_subnet.private_subnet2",
            "data.archive_file.lambda_archives",
            "data.archive_file.rds_layer",
            "data.archive_file.user_auth_layer",
            "data.aws_availability_zones.available",
            "data.aws_vpc.default"
          ],
          "create_before_destroy": true
        },
        {
          "index_key": "general/create_user",
          "schema_version": 0,
          "attributes": {
            "content_handling": "",
            "http_method": "OPTIONS",
            "id": "agir-buzzzp4ywk-3ux4l0-OPTIONS-200",
            "resource_id": "3ux4l0",
            "response_parameters": {
              "method.response.header.Access-Control-Allow-Headers": "'Content-Type,X-Amz-Date,Authorization,X-Api-Key,X-Amz-Security-Token'",
              "method.response.header.Access-Control-Allow-Methods": "'GET,POST,PUT,DELETE,OPTIONS'",
              "method.response.header.Access-Control-Allow-Origin": "'*'"
            },
            "response_templates": {},
            "rest_api_id": "buzzzp4ywk",
            "selection_pattern": "",
            "status_code": "200"
          },
          "sensitive_attributes": [],
          "identity_schema_version": 0,
          "private": "bnVsbA==",
          "dependencies": [
            "aws_api_gateway_integration.options",
            "aws_api_gateway_method.options",
            "aws_api_gateway_method_response.options",
            "aws_api_gateway_resource.athletes",
            "aws_api_gateway_resource.coaches",
            "aws_api_gateway_resource.general",
            "aws_api_gateway_resource.relations",
            "aws_api_gateway_resource.subresources",
            "aws_api_gateway_rest_api.main",
            "aws_db_instance.default",
            "aws_db_subnet_group.rds_private",
            "aws_iam_role.lambda_role",
            "aws_iam_role_policy_attachment.lambda_rds_auth",
            "aws_lambda_function.lambdas",
            "aws_lambda_layer_version.rds",
            "aws_lambda_layer_version.user_auth",
            "aws_security_group.lambda_sg",
            "aws_subnet.private_subnet1",
            "aws_subnet.private_subnet2",
            "data.archive_file.lambda_archives",
            "data.archive_file.rds_layer",
            "data.archive_file.user_auth_layer",
            "data.aws_availability_zones.available",
            "data.aws_vpc.default"
          ],
          "create_before_destroy": true
        },
        {
          "index_key": "general/get_athletes_for_group",
          "schema_version": 0,
          "attributes": {
            "content_handling": "",
            "http_method": "OPTIONS",
            "id": "agir-buzzzp4ywk-1g3n72-OPTIONS-200",
            "resource_id": "1g3n72",
            "response_parameters": {
              "method.response.header.Access-Control-Allow-Headers": "'Content-Type,X-Amz-Date,Authorization,X-Api-Key,X-Amz-Security-Token'",
              "method.response.header.Access-Control-Allow-Methods": "'GET,POST,PUT,DELETE,OPTIONS'",
              "method.response.header.Access-Control-Allow-Origin": "'*'"
            },
            "response_templates": {},
            "rest_api_id": "buzzzp4ywk",
            "selection_pattern": "",
            "status_code": "200"
          },
          "sensitive_attributes": [],
          "identity_schema_version": 0,
          "private": "bnVsbA==",
          "dependencies": [
            "aws_api_gateway_integration.options",
            "aws_api_gateway_method.options",
            "aws_api_gateway_method_response.options",
            "aws_api_gateway_resource.athletes",
            "aws_api_gateway_resource.coaches",
            "aws_api_gateway_resource.general",
            "aws_api_gateway_resource.relations",
            "aws_api_gateway_resource.subresources",
            "aws_api_gateway_rest_api.main",
            "aws_db_instance.default",
            "aws_db_subnet_group.rds_private",
            "aws_iam_role.lambda_role",
            "aws_iam_role_policy_attachment.lambda_rds_auth",
            "aws_lambda_function.lambdas",
            "aws_lambda_layer_version.rds",
            "aws_lambda_layer_version.user_auth",
            "aws_security_group.lambda_sg",
            "aws_subnet.private_subnet1",
            "aws_subnet.private_subnet2",
            "data.archive_file.lambda_archives",
            "data.archive_file.rds_layer",
            "data.archive_file.user_auth_layer",
            "data.aws_availability_zones.available",
            "data.aws_vpc.default"
          ],
          "create_before_destroy": true
        },
        {
          "index_key": "general/get_group_workout",
          "schema_version": 0,
          "attributes": {
            "content_handling": "",
            "http_method": "OPTIONS",
            "id": "agir-buzzzp4ywk-26g1pa-OPTIONS-200",
            "resource_id": "26g1pa",
            "response_parameters": {
              "method.response.header.Access-Control-Allow-Headers": "'Content-Type,X-Amz-Date,Authorization,X-Api-Key,X-Amz-Security-Token'",
              "method.response.header.Access-Control-Allow-Methods": "'GET,POST,PUT,DELETE,OPTIONS'",
              "method.response.header.Access-Control-Allow-Origin": "'*'"
            },
            "response_templates": {},
            "rest_api_id": "buzzzp4ywk",
            "selection_pattern": "",
            "status_code": "200"
          },
          "sensitive_attributes": [],
          "identity_schema_version": 0,
          "private": "bnVsbA==",
          "dependencies": [
            "aws_api_gateway_integration.options",
            "aws_api_gateway_method.options",
            "aws_api_gateway_method_response.options",
            "aws_api_gateway_resource.athletes",
            "aws_api_gateway_resource.coaches",
            "aws_api_gateway_resource.general",
            "aws_api_gateway_resource.relations",
            "aws_api_gateway_resource.subresources",
            "aws_api_gateway_rest_api.main",
            "aws_db_instance.default",
            "aws_db_subnet_group.rds_private",
            "aws_iam_role.lambda_role",
            "aws_iam_role_policy_attachment.lambda_rds_auth",
            "aws_lambda_function.lambdas",
            "aws_lambda_layer_version.rds",
            "aws_lambda_layer_version.user_auth",
            "aws_security_group.lambda_sg",
            "aws_subnet.private_subnet1",
            "aws_subnet.private_subnet2",
            "data.archive_file.lambda_archives",
            "data.archive_file.rds_layer",
            "data.archive_file.user_auth_layer",
            "data.aws_availability_zones.available",
            "data.aws_vpc.default"
          ],
          "create_before_destroy": true
        },
        {
          "index_key": "general/get_groups",
          "schema_version": 0,
          "attributes": {
            "content_handling": "",
            "http_method": "OPTIONS",
            "id": "agir-buzzzp4ywk-db44ui-OPTIONS-200",
            "resource_id": "db44ui",
            "response_parameters": {
              "method.response.header.Access-Control-Allow-Headers": "'Content-Type,X-Amz-Date,Authorization,X-Api-Key,X-Amz-Security-Token'",
              "method.response.header.Access-Control-Allow-Methods": "'GET,POST,PUT,DELETE,OPTIONS'",
              "method.response.header.Access-Control-Allow-Origin": "'*'"
            },
            "response_templates": {},
            "rest_api_id": "buzzzp4ywk",
            "selection_pattern": "",
            "status_code": "200"
          },
          "sensitive_attributes": [],
          "identity_schema_version": 0,
          "private": "bnVsbA==",
          "dependencies": [
            "aws_api_gateway_integration.options",
            "aws_api_gateway_method.options",
            "aws_api_gateway_method_response.options",
            "aws_api_gateway_resource.athletes",
            "aws_api_gateway_resource.coaches",
            "aws_api_gateway_resource.general",
            "aws_api_gateway_resource.relations",
            "aws_api_gateway_resource.subresources",
            "aws_api_gateway_rest_api.main",
            "aws_db_instance.default",
            "aws_db_subnet_group.rds_private",
            "aws_iam_role.lambda_role",
            "aws_iam_role_policy_attachment.lambda_rds_auth",
            "aws_lambda_function.lambdas",
            "aws_lambda_layer_version.rds",
            "aws_lambda_layer_version.user_auth",
            "aws_security_group.lambda_sg",
            "aws_subnet.private_subnet1",
            "aws_subnet.private_subnet2",
            "data.archive_file.lambda_archives",
            "data.archive_file.rds_layer",
            "data.archive_file.user_auth_layer",
            "data.aws_availability_zones.available",
            "data.aws_vpc.default"
          ],
          "create_before_destroy": true
        },
        {
          "index_key": "general/get_user",
          "schema_version": 0,
          "attributes": {
            "content_handling": "",
            "http_method": "OPTIONS",
            "id": "agir-buzzzp4ywk-ofzmk1-OPTIONS-200",
            "resource_id": "ofzmk1",
            "response_parameters": {
              "method.response.header.Access-Control-Allow-Headers": "'Content-Type,X-Amz-Date,Authorization,X-Api-Key,X-Amz-Security-Token'",
              "method.response.header.Access-Control-Allow-Methods": "'GET,POST,PUT,DELETE,OPTIONS'",
              "method.response.header.Access-Control-Allow-Origin": "'*'"
            },
            "response_templates": {},
            "rest_api_id": "buzzzp4ywk",
            "selection_pattern": "",
            "status_code": "200"
          },
          "sensitive_attributes": [],
          "identity_schema_version": 0,
          "private": "bnVsbA==",
          "dependencies": [
            "aws_api_gateway_integration.options",
            "aws_api_gateway_method.options",
            "aws_api_gateway_method_response.options",
            "aws_api_gateway_resource.athletes",
            "aws_api_gateway_resource.coaches",
            "aws_api_gateway_resource.general",
            "aws_api_gateway_resource.relations",
            "aws_api_gateway_resource.subresources",
            "aws_api_gateway_rest_api.main",
            "aws_db_instance.default",
            "aws_db_subnet_group.rds_private",
            "aws_iam_role.lambda_role",
            "aws_iam_role_policy_attachment.lambda_rds_auth",
            "aws_lambda_function.lambdas",
            "aws_lambda_layer_version.rds",
            "aws_lambda_layer_version.user_auth",
            "aws_security_group.lambda_sg",
            "aws_subnet.private_subnet1",
            "aws_subnet.private_subnet2",
            "data.archive_file.lambda_archives",
            "data.archive_file.rds_layer",
            "data.archive_file.user_auth_layer",
            "data.aws_availability_zones.available",
            "data.aws_vpc.default"
          ],
          "create_before_destroy": true
        },
        {
          "index_key": "general/get_weekly_schedule",
          "schema_version": 0,
          "attributes": {
            "content_handling": "",
            "http_method": "OPTIONS",
            "id": "agir-buzzzp4ywk-8t33db-OPTIONS-200",
            "resource_id": "8t33db",
            "response_parameters": {
              "method.response.header.Access-Control-Allow-Headers": "'Content-Type,X-Amz-Date,Authorization,X-Api-Key,X-Amz-Security-Token'",
              "method.response.header.Access-Control-Allow-Methods": "'GET,POST,PUT,DELETE,OPTIONS'",
              "method.response.header.Access-Control-Allow-Origin": "'*'"
            },
            "response_templates": {},
            "rest_api_id": "buzzzp4ywk",
            "selection_pattern": "",
            "status_code": "200"
          },
          "sensitive_attributes": [],
          "identity_schema_version": 0,
          "private": "bnVsbA==",
          "dependencies": [
            "aws_api_gateway_integration.options",
            "aws_api_gateway_method.options",
            "aws_api_gateway_method_response.options",
            "aws_api_gateway_resource.athletes",
            "aws_api_gateway_resource.coaches",
            "aws_api_gateway_resource.general",
            "aws_api_gateway_resource.relations",
            "aws_api_gateway_resource.subresources",
            "aws_api_gateway_rest_api.main",
            "aws_db_instance.default",
            "aws_db_subnet_group.rds_private",
            "aws_iam_role.lambda_role",
            "aws_iam_role_policy_attachment.lambda_rds_auth",
            "aws_lambda_function.lambdas",
            "aws_lambda_layer_version.rds",
            "aws_lambda_layer_version.user_auth",
            "aws_security_group.lambda_sg",
            "aws_subnet.private_subnet1",
            "aws_subnet.private_subnet2",
            "data.archive_file.lambda_archives",
            "data.archive_file.rds_layer",
            "data.archive_file.user_auth_layer",
            "data.aws_availability_zones.available",
            "data.aws_vpc.default"
          ],
          "create_before_destroy": true
        },
        {
          "index_key": "general/mass_input",
          "schema_version": 0,
          "attributes": {
            "content_handling": "",
            "http_method": "OPTIONS",
            "id": "agir-buzzzp4ywk-ozp6d8-OPTIONS-200",
            "resource_id": "ozp6d8",
            "response_parameters": {
              "method.response.header.Access-Control-Allow-Headers": "'Content-Type,X-Amz-Date,Authorization,X-Api-Key,X-Amz-Security-Token'",
              "method.response.header.Access-Control-Allow-Methods": "'GET,POST,PUT,DELETE,OPTIONS'",
              "method.response.header.Access-Control-Allow-Origin": "'*'"
            },
            "response_templates": {},
            "rest_api_id": "buzzzp4ywk",
            "selection_pattern": "",
            "status_code": "200"
          },
          "sensitive_attributes": [],
          "identity_schema_version": 0,
          "private": "bnVsbA==",
          "dependencies": [
            "aws_api_gateway_integration.options",
            "aws_api_gateway_method.options",
            "aws_api_gateway_method_response.options",
            "aws_api_gateway_resource.athletes",
            "aws_api_gateway_resource.coaches",
            "aws_api_gateway_resource.general",
            "aws_api_gateway_resource.relations",
            "aws_api_gateway_resource.subresources",
            "aws_api_gateway_rest_api.main",
            "aws_db_instance.default",
            "aws_db_subnet_group.rds_private",
            "aws_iam_role.lambda_role",
            "aws_iam_role_policy_attachment.lambda_rds_auth",
            "aws_lambda_function.lambdas",
            "aws_lambda_layer_version.rds",
            "aws_lambda_layer_version.user_auth",
            "aws_security_group.lambda_sg",
            "aws_subnet.private_subnet1",
            "aws_subnet.private_subnet2",
            "data.archive_file.lambda_archives",
            "data.archive_file.rds_layer",
            "data.archive_file.user_auth_layer",
            "data.aws_availability_zones.available",
            "data.aws_vpc.default"
          ],
          "create_before_destroy": true
        },
        {
          "index_key": "general/update_user_profile",
          "schema_version": 0,
          "attributes": {
            "content_handling": "",
            "http_method": "OPTIONS",
            "id": "agir-buzzzp4ywk-82va20-OPTIONS-200",
            "resource_id": "82va20",
            "response_parameters": {
              "method.response.header.Access-Control-Allow-Headers": "'Content-Type,X-Amz-Date,Authorization,X-Api-Key,X-Amz-Security-Token'",
              "method.response.header.Access-Control-Allow-Methods": "'GET,POST,PUT,DELETE,OPTIONS'",
              "method.response.header.Access-Control-Allow-Origin": "'*'"
            },
            "response_templates": {},
            "rest_api_id": "buzzzp4ywk",
            "selection_pattern": "",
            "status_code": "200"
          },
          "sensitive_attributes": [],
          "identity_schema_version": 0,
          "private": "bnVsbA==",
          "dependencies": [
            "aws_api_gateway_integration.options",
            "aws_api_gateway_method.options",
            "aws_api_gateway_method_response.options",
            "aws_api_gateway_resource.athletes",
            "aws_api_gateway_resource.coaches",
            "aws_api_gateway_resource.general",
            "aws_api_gateway_resource.relations",
            "aws_api_gateway_resource.subresources",
            "aws_api_gateway_rest_api.main",
            "aws_db_instance.default",
            "aws_db_subnet_group.rds_private",
            "aws_iam_role.lambda_role",
            "aws_iam_role_policy_attachment.lambda_rds_auth",
            "aws_lambda_function.lambdas",
            "aws_lambda_layer_version.rds",
            "aws_lambda_layer_version.user_auth",
            "aws_security_group.lambda_sg",
            "aws_subnet.private_subnet1",
            "aws_subnet.private_subnet2",
            "data.archive_file.lambda_archives",
            "data.archive_file.rds_layer",
            "data.archive_file.user_auth_layer",
            "data.aws_availability_zones.available",
            "data.aws_vpc.default"
          ],
          "create_before_destroy": true
        },
        {
          "index_key": "general/view_group_inputs",
          "schema_version": 0,
          "attributes": {
            "content_handling": "",
            "http_method": "OPTIONS",
            "id": "agir-buzzzp4ywk-cgp43o-OPTIONS-200",
            "resource_id": "cgp43o",
            "response_parameters": {
              "method.response.header.Access-Control-Allow-Headers": "'Content-Type,X-Amz-Date,Authorization,X-Api-Key,X-Amz-Security-Token'",
              "method.response.header.Access-Control-Allow-Methods": "'GET,POST,PUT,DELETE,OPTIONS'",
              "method.response.header.Access-Control-Allow-Origin": "'*'"
            },
            "response_templates": {},
            "rest_api_id": "buzzzp4ywk",
            "selection_pattern": "",
            "status_code": "200"
          },
          "sensitive_attributes": [],
          "identity_schema_version": 0,
          "private": "bnVsbA==",
          "dependencies": [
            "aws_api_gateway_integration.options",
            "aws_api_gateway_method.options",
            "aws_api_gateway_method_response.options",
            "aws_api_gateway_resource.athletes",
            "aws_api_gateway_resource.coaches",
            "aws_api_gateway_resource.general",
            "aws_api_gateway_resource.relations",
            "aws_api_gateway_resource.subresources",
            "aws_api_gateway_rest_api.main",
            "aws_db_instance.default",
            "aws_db_subnet_group.rds_private",
            "aws_iam_role.lambda_role",
            "aws_iam_role_policy_attachment.lambda_rds_auth",
            "aws_lambda_function.lambdas",
            "aws_lambda_layer_version.rds",
            "aws_lambda_layer_version.user_auth",
            "aws_security_group.lambda_sg",
            "aws_subnet.private_subnet1",
            "aws_subnet.private_subnet2",
            "data.archive_file.lambda_archives",
            "data.archive_file.rds_layer",
            "data.archive_file.user_auth_layer",
            "data.aws_availability_zones.available",
            "data.aws_vpc.default"
          ],
          "create_before_destroy": true
        },
        {
          "index_key": "relations/add_relation",
          "schema_version": 0,
          "attributes": {
            "content_handling": "",
            "http_method": "OPTIONS",
            "id": "agir-buzzzp4ywk-zs7qut-OPTIONS-200",
            "resource_id": "zs7qut",
            "response_parameters": {
              "method.response.header.Access-Control-Allow-Headers": "'Content-Type,X-Amz-Date,Authorization,X-Api-Key,X-Amz-Security-Token'",
              "method.response.header.Access-Control-Allow-Methods": "'GET,POST,PUT,DELETE,OPTIONS'",
              "method.response.header.Access-Control-Allow-Origin": "'*'"
            },
            "response_templates": {},
            "rest_api_id": "buzzzp4ywk",
            "selection_pattern": "",
            "status_code": "200"
          },
          "sensitive_attributes": [],
          "identity_schema_version": 0,
          "private": "bnVsbA==",
          "dependencies": [
            "aws_api_gateway_integration.options",
            "aws_api_gateway_method.options",
            "aws_api_gateway_method_response.options",
            "aws_api_gateway_resource.athletes",
            "aws_api_gateway_resource.coaches",
            "aws_api_gateway_resource.general",
            "aws_api_gateway_resource.relations",
            "aws_api_gateway_resource.subresources",
            "aws_api_gateway_rest_api.main",
            "aws_db_instance.default",
            "aws_db_subnet_group.rds_private",
            "aws_iam_role.lambda_role",
            "aws_iam_role_policy_attachment.lambda_rds_auth",
            "aws_lambda_function.lambdas",
            "aws_lambda_layer_version.rds",
            "aws_lambda_layer_version.user_auth",
            "aws_security_group.lambda_sg",
            "aws_subnet.private_subnet1",
            "aws_subnet.private_subnet2",
            "data.archive_file.lambda_archives",
            "data.archive_file.rds_layer",
            "data.archive_file.user_auth_layer",
            "data.aws_availability_zones.available",
            "data.aws_vpc.default"
          ],
          "create_before_destroy": true
        },
        {
          "index_key": "relations/get_mutual_user_relations",
          "schema_version": 0,
          "attributes": {
            "content_handling": "",
            "http_method": "OPTIONS",
            "id": "agir-buzzzp4ywk-h1iinp-OPTIONS-200",
            "resource_id": "h1iinp",
            "response_parameters": {
              "method.response.header.Access-Control-Allow-Headers": "'Content-Type,X-Amz-Date,Authorization,X-Api-Key,X-Amz-Security-Token'",
              "method.response.header.Access-Control-Allow-Methods": "'GET,POST,PUT,DELETE,OPTIONS'",
              "method.response.header.Access-Control-Allow-Origin": "'*'"
            },
            "response_templates": {},
            "rest_api_id": "buzzzp4ywk",
            "selection_pattern": "",
            "status_code": "200"
          },
          "sensitive_attributes": [],
          "identity_schema_version": 0,
          "private": "bnVsbA==",
          "dependencies": [
            "aws_api_gateway_integration.options",
            "aws_api_gateway_method.options",
            "aws_api_gateway_method_response.options",
            "aws_api_gateway_resource.athletes",
            "aws_api_gateway_resource.coaches",
            "aws_api_gateway_resource.general",
            "aws_api_gateway_resource.relations",
            "aws_api_gateway_resource.subresources",
            "aws_api_gateway_rest_api.main",
            "aws_db_instance.default",
            "aws_db_subnet_group.rds_private",
            "aws_iam_role.lambda_role",
            "aws_iam_role_policy_attachment.lambda_rds_auth",
            "aws_lambda_function.lambdas",
            "aws_lambda_layer_version.rds",
            "aws_lambda_layer_version.user_auth",
            "aws_security_group.lambda_sg",
            "aws_subnet.private_subnet1",
            "aws_subnet.private_subnet2",
            "data.archive_file.lambda_archives",
            "data.archive_file.rds_layer",
            "data.archive_file.user_auth_layer",
            "data.aws_availability_zones.available",
            "data.aws_vpc.default"
          ],
          "create_before_destroy": true
        },
        {
          "index_key": "relations/get_relation_invites",
          "schema_version": 0,
          "attributes": {
            "content_handling": "",
            "http_method": "OPTIONS",
            "id": "agir-buzzzp4ywk-q4nprh-OPTIONS-200",
            "resource_id": "q4nprh",
            "response_parameters": {
              "method.response.header.Access-Control-Allow-Headers": "'Content-Type,X-Amz-Date,Authorization,X-Api-Key,X-Amz-Security-Token'",
              "method.response.header.Access-Control-Allow-Methods": "'GET,POST,PUT,DELETE,OPTIONS'",
              "method.response.header.Access-Control-Allow-Origin": "'*'"
            },
            "response_templates": {},
            "rest_api_id": "buzzzp4ywk",
            "selection_pattern": "",
            "status_code": "200"
          },
          "sensitive_attributes": [],
          "identity_schema_version": 0,
          "private": "bnVsbA==",
          "dependencies": [
            "aws_api_gateway_integration.options",
            "aws_api_gateway_method.options",
            "aws_api_gateway_method_response.options",
            "aws_api_gateway_resource.athletes",
            "aws_api_gateway_resource.coaches",
            "aws_api_gateway_resource.general",
            "aws_api_gateway_resource.relations",
            "aws_api_gateway_resource.subresources",
            "aws_api_gateway_rest_api.main",
            "aws_db_instance.default",
            "aws_db_subnet_group.rds_private",
            "aws_iam_role.lambda_role",
            "aws_iam_role_policy_attachment.lambda_rds_auth",
            "aws_lambda_function.lambdas",
            "aws_lambda_layer_version.rds",
            "aws_lambda_layer_version.user_auth",
            "aws_security_group.lambda_sg",
            "aws_subnet.private_subnet1",
            "aws_subnet.private_subnet2",
            "data.archive_file.lambda_archives",
            "data.archive_file.rds_layer",
            "data.archive_file.user_auth_layer",
            "data.aws_availability_zones.available",
            "data.aws_vpc.default"
          ],
          "create_before_destroy": true
        },
        {
          "index_key": "relations/get_relation_invites_count",
          "schema_version": 0,
          "attributes": {
            "content_handling": "",
            "http_method": "OPTIONS",
            "id": "agir-buzzzp4ywk-7mmdfl-OPTIONS-200",
            "resource_id": "7mmdfl",
            "response_parameters": {
              "method.response.header.Access-Control-Allow-Headers": "'Content-Type,X-Amz-Date,Authorization,X-Api-Key,X-Amz-Security-Token'",
              "method.response.header.Access-Control-Allow-Methods": "'GET,POST,PUT,DELETE,OPTIONS'",
              "method.response.header.Access-Control-Allow-Origin": "'*'"
            },
            "response_templates": {},
            "rest_api_id": "buzzzp4ywk",
            "selection_pattern": "",
            "status_code": "200"
          },
          "sensitive_attributes": [],
          "identity_schema_version": 0,
          "private": "bnVsbA==",
          "dependencies": [
            "aws_api_gateway_integration.options",
            "aws_api_gateway_method.options",
            "aws_api_gateway_method_response.options",
            "aws_api_gateway_resource.athletes",
            "aws_api_gateway_resource.coaches",
            "aws_api_gateway_resource.general",
            "aws_api_gateway_resource.relations",
            "aws_api_gateway_resource.subresources",
            "aws_api_gateway_rest_api.main",
            "aws_db_instance.default",
            "aws_db_subnet_group.rds_private",
            "aws_iam_role.lambda_role",
            "aws_iam_role_policy_attachment.lambda_rds_auth",
            "aws_lambda_function.lambdas",
            "aws_lambda_layer_version.rds",
            "aws_lambda_layer_version.user_auth",
            "aws_security_group.lambda_sg",
            "aws_subnet.private_subnet1",
            "aws_subnet.private_subnet2",
            "data.archive_file.lambda_archives",
            "data.archive_file.rds_layer",
            "data.archive_file.user_auth_layer",
            "data.aws_availability_zones.available",
            "data.aws_vpc.default"
          ],
          "create_before_destroy": true
        },
        {
          "index_key": "relations/remove_user_relation",
          "schema_version": 0,
          "attributes": {
            "content_handling": "",
            "http_method": "OPTIONS",
            "id": "agir-buzzzp4ywk-xzk7ie-OPTIONS-200",
            "resource_id": "xzk7ie",
            "response_parameters": {
              "method.response.header.Access-Control-Allow-Headers": "'Content-Type,X-Amz-Date,Authorization,X-Api-Key,X-Amz-Security-Token'",
              "method.response.header.Access-Control-Allow-Methods": "'GET,POST,PUT,DELETE,OPTIONS'",
              "method.response.header.Access-Control-Allow-Origin": "'*'"
            },
            "response_templates": {},
            "rest_api_id": "buzzzp4ywk",
            "selection_pattern": "",
            "status_code": "200"
          },
          "sensitive_attributes": [],
          "identity_schema_version": 0,
          "private": "bnVsbA==",
          "dependencies": [
            "aws_api_gateway_integration.options",
            "aws_api_gateway_method.options",
            "aws_api_gateway_method_response.options",
            "aws_api_gateway_resource.athletes",
            "aws_api_gateway_resource.coaches",
            "aws_api_gateway_resource.general",
            "aws_api_gateway_resource.relations",
            "aws_api_gateway_resource.subresources",
            "aws_api_gateway_rest_api.main",
            "aws_db_instance.default",
            "aws_db_subnet_group.rds_private",
            "aws_iam_role.lambda_role",
            "aws_iam_role_policy_attachment.lambda_rds_auth",
            "aws_lambda_function.lambdas",
            "aws_lambda_layer_version.rds",
            "aws_lambda_layer_version.user_auth",
            "aws_security_group.lambda_sg",
            "aws_subnet.private_subnet1",
            "aws_subnet.private_subnet2",
            "data.archive_file.lambda_archives",
            "data.archive_file.rds_layer",
            "data.archive_file.user_auth_layer",
            "data.aws_availability_zones.available",
            "data.aws_vpc.default"
          ],
          "create_before_destroy": true
        },
        {
          "index_key": "relations/search_user_relation",
          "schema_version": 0,
          "attributes": {
            "content_handling": "",
            "http_method": "OPTIONS",
            "id": "agir-buzzzp4ywk-vodnr3-OPTIONS-200",
            "resource_id": "vodnr3",
            "response_parameters": {
              "method.response.header.Access-Control-Allow-Headers": "'Content-Type,X-Amz-Date,Authorization,X-Api-Key,X-Amz-Security-Token'",
              "method.response.header.Access-Control-Allow-Methods": "'GET,POST,PUT,DELETE,OPTIONS'",
              "method.response.header.Access-Control-Allow-Origin": "'*'"
            },
            "response_templates": {},
            "rest_api_id": "buzzzp4ywk",
            "selection_pattern": "",
            "status_code": "200"
          },
          "sensitive_attributes": [],
          "identity_schema_version": 0,
          "private": "bnVsbA==",
          "dependencies": [
            "aws_api_gateway_integration.options",
            "aws_api_gateway_method.options",
            "aws_api_gateway_method_response.options",
            "aws_api_gateway_resource.athletes",
            "aws_api_gateway_resource.coaches",
            "aws_api_gateway_resource.general",
            "aws_api_gateway_resource.relations",
            "aws_api_gateway_resource.subresources",
            "aws_api_gateway_rest_api.main",
            "aws_db_instance.default",
            "aws_db_subnet_group.rds_private",
            "aws_iam_role.lambda_role",
            "aws_iam_role_policy_attachment.lambda_rds_auth",
            "aws_lambda_function.lambdas",
            "aws_lambda_layer_version.rds",
            "aws_lambda_layer_version.user_auth",
            "aws_security_group.lambda_sg",
            "aws_subnet.private_subnet1",
            "aws_subnet.private_subnet2",
            "data.archive_file.lambda_archives",
            "data.archive_file.rds_layer",
            "data.archive_file.user_auth_layer",
            "data.aws_availability_zones.available",
            "data.aws_vpc.default"
          ],
          "create_before_destroy": true
        }
      ]
    },
    {
      "mode": "managed",
      "type": "aws_api_gateway_method",
      "name": "main",
      "provider": "provider[\"registry.terraform.io/hashicorp/aws\"]",
      "instances": [
        {
          "index_key": "athletes/input_times",
          "schema_version": 0,
          "attributes": {
            "api_key_required": false,
            "authorization": "COGNITO_USER_POOLS",
            "authorization_scopes": [],
            "authorizer_id": "6bclv1",
            "http_method": "POST",
            "id": "agm-buzzzp4ywk-akxhzs-POST",
            "operation_name": "",
            "request_models": {},
            "request_parameters": {},
            "request_validator_id": "",
            "resource_id": "akxhzs",
            "rest_api_id": "buzzzp4ywk"
          },
          "sensitive_attributes": [],
          "identity_schema_version": 0,
          "private": "bnVsbA==",
          "dependencies": [
            "aws_api_gateway_authorizer.cognito_authorizer",
            "aws_api_gateway_resource.athletes",
            "aws_api_gateway_resource.coaches",
            "aws_api_gateway_resource.general",
            "aws_api_gateway_resource.relations",
            "aws_api_gateway_resource.subresources",
            "aws_api_gateway_rest_api.main",
            "aws_db_instance.default",
            "aws_db_subnet_group.rds_private",
            "aws_iam_role.lambda_role",
            "aws_iam_role_policy_attachment.lambda_rds_auth",
            "aws_lambda_function.lambdas",
            "aws_lambda_layer_version.rds",
            "aws_lambda_layer_version.user_auth",
            "aws_security_group.lambda_sg",
            "aws_subnet.private_subnet1",
            "aws_subnet.private_subnet2",
            "data.archive_file.lambda_archives",
            "data.archive_file.rds_layer",
            "data.archive_file.user_auth_layer",
            "data.aws_availability_zones.available",
            "data.aws_vpc.default"
          ],
          "create_before_destroy": true
        },
        {
          "index_key": "athletes/remove_inputs",
          "schema_version": 0,
          "attributes": {
            "api_key_required": false,
            "authorization": "COGNITO_USER_POOLS",
            "authorization_scopes": [],
            "authorizer_id": "6bclv1",
            "http_method": "POST",
            "id": "agm-buzzzp4ywk-6emjgf-POST",
            "operation_name": "",
            "request_models": {},
            "request_parameters": {},
            "request_validator_id": "",
            "resource_id": "6emjgf",
            "rest_api_id": "buzzzp4ywk"
          },
          "sensitive_attributes": [],
          "identity_schema_version": 0,
          "private": "bnVsbA==",
          "dependencies": [
            "aws_api_gateway_authorizer.cognito_authorizer",
            "aws_api_gateway_resource.athletes",
            "aws_api_gateway_resource.coaches",
            "aws_api_gateway_resource.general",
            "aws_api_gateway_resource.relations",
            "aws_api_gateway_resource.subresources",
            "aws_api_gateway_rest_api.main",
            "aws_db_instance.default",
            "aws_db_subnet_group.rds_private",
            "aws_iam_role.lambda_role",
            "aws_iam_role_policy_attachment.lambda_rds_auth",
            "aws_lambda_function.lambdas",
            "aws_lambda_layer_version.rds",
            "aws_lambda_layer_version.user_auth",
            "aws_security_group.lambda_sg",
            "aws_subnet.private_subnet1",
            "aws_subnet.private_subnet2",
            "data.archive_file.lambda_archives",
            "data.archive_file.rds_layer",
            "data.archive_file.user_auth_layer",
            "data.aws_availability_zones.available",
            "data.aws_vpc.default"
          ],
          "create_before_destroy": true
        },
        {
          "index_key": "athletes/search_input_history_date",
          "schema_version": 0,
          "attributes": {
            "api_key_required": false,
            "authorization": "COGNITO_USER_POOLS",
            "authorization_scopes": [],
            "authorizer_id": "6bclv1",
            "http_method": "GET",
            "id": "agm-buzzzp4ywk-l00oeq-GET",
            "operation_name": "",
            "request_models": {},
            "request_parameters": {},
            "request_validator_id": "",
            "resource_id": "l00oeq",
            "rest_api_id": "buzzzp4ywk"
          },
          "sensitive_attributes": [],
          "identity_schema_version": 0,
          "private": "bnVsbA==",
          "dependencies": [
            "aws_api_gateway_authorizer.cognito_authorizer",
            "aws_api_gateway_resource.athletes",
            "aws_api_gateway_resource.coaches",
            "aws_api_gateway_resource.general",
            "aws_api_gateway_resource.relations",
            "aws_api_gateway_resource.subresources",
            "aws_api_gateway_rest_api.main",
            "aws_db_instance.default",
            "aws_db_subnet_group.rds_private",
            "aws_iam_role.lambda_role",
            "aws_iam_role_policy_attachment.lambda_rds_auth",
            "aws_lambda_function.lambdas",
            "aws_lambda_layer_version.rds",
            "aws_lambda_layer_version.user_auth",
            "aws_security_group.lambda_sg",
            "aws_subnet.private_subnet1",
            "aws_subnet.private_subnet2",
            "data.archive_file.lambda_archives",
            "data.archive_file.rds_layer",
            "data.archive_file.user_auth_layer",
            "data.aws_availability_zones.available",
            "data.aws_vpc.default"
          ],
          "create_before_destroy": true
        },
        {
          "index_key": "athletes/view_workout_inputs",
          "schema_version": 0,
          "attributes": {
            "api_key_required": false,
            "authorization": "COGNITO_USER_POOLS",
            "authorization_scopes": [],
            "authorizer_id": "6bclv1",
            "http_method": "GET",
            "id": "agm-buzzzp4ywk-wqltih-GET",
            "operation_name": "",
            "request_models": {},
            "request_parameters": {},
            "request_validator_id": "",
            "resource_id": "wqltih",
            "rest_api_id": "buzzzp4ywk"
          },
          "sensitive_attributes": [],
          "identity_schema_version": 0,
          "private": "bnVsbA==",
          "dependencies": [
            "aws_api_gateway_authorizer.cognito_authorizer",
            "aws_api_gateway_resource.athletes",
            "aws_api_gateway_resource.coaches",
            "aws_api_gateway_resource.general",
            "aws_api_gateway_resource.relations",
            "aws_api_gateway_resource.subresources",
            "aws_api_gateway_rest_api.main",
            "aws_db_instance.default",
            "aws_db_subnet_group.rds_private",
            "aws_iam_role.lambda_role",
            "aws_iam_role_policy_attachment.lambda_rds_auth",
            "aws_lambda_function.lambdas",
            "aws_lambda_layer_version.rds",
            "aws_lambda_layer_version.user_auth",
            "aws_security_group.lambda_sg",
            "aws_subnet.private_subnet1",
            "aws_subnet.private_subnet2",
            "data.archive_file.lambda_archives",
            "data.archive_file.rds_layer",
            "data.archive_file.user_auth_layer",
            "data.aws_availability_zones.available",
            "data.aws_vpc.default"
          ],
          "create_before_destroy": true
        },
        {
          "index_key": "coaches/add_athlete_to_group",
          "schema_version": 0,
          "attributes": {
            "api_key_required": false,
            "authorization": "COGNITO_USER_POOLS",
            "authorization_scopes": [],
            "authorizer_id": "6bclv1",
            "http_method": "POST",
            "id": "agm-buzzzp4ywk-wz3zfq-POST",
            "operation_name": "",
            "request_models": {},
            "request_parameters": {},
            "request_validator_id": "",
            "resource_id": "wz3zfq",
            "rest_api_id": "buzzzp4ywk"
          },
          "sensitive_attributes": [],
          "identity_schema_version": 0,
          "private": "bnVsbA==",
          "dependencies": [
            "aws_api_gateway_authorizer.cognito_authorizer",
            "aws_api_gateway_resource.athletes",
            "aws_api_gateway_resource.coaches",
            "aws_api_gateway_resource.general",
            "aws_api_gateway_resource.relations",
            "aws_api_gateway_resource.subresources",
            "aws_api_gateway_rest_api.main",
            "aws_db_instance.default",
            "aws_db_subnet_group.rds_private",
            "aws_iam_role.lambda_role",
            "aws_iam_role_policy_attachment.lambda_rds_auth",
            "aws_lambda_function.lambdas",
            "aws_lambda_layer_version.rds",
            "aws_lambda_layer_version.user_auth",
            "aws_security_group.lambda_sg",
            "aws_subnet.private_subnet1",
            "aws_subnet.private_subnet2",
            "data.archive_file.lambda_archives",
            "data.archive_file.rds_layer",
            "data.archive_file.user_auth_layer",
            "data.aws_availability_zones.available",
            "data.aws_vpc.default"
          ],
          "create_before_destroy": true
        },
        {
          "index_key": "coaches/assign_group_workout",
          "schema_version": 0,
          "attributes": {
            "api_key_required": false,
            "authorization": "COGNITO_USER_POOLS",
            "authorization_scopes": [],
            "authorizer_id": "6bclv1",
            "http_method": "POST",
            "id": "agm-buzzzp4ywk-d0t6xd-POST",
            "operation_name": "",
            "request_models": {},
            "request_parameters": {},
            "request_validator_id": "",
            "resource_id": "d0t6xd",
            "rest_api_id": "buzzzp4ywk"
          },
          "sensitive_attributes": [],
          "identity_schema_version": 0,
          "private": "bnVsbA==",
          "dependencies": [
            "aws_api_gateway_authorizer.cognito_authorizer",
            "aws_api_gateway_resource.athletes",
            "aws_api_gateway_resource.coaches",
            "aws_api_gateway_resource.general",
            "aws_api_gateway_resource.relations",
            "aws_api_gateway_resource.subresources",
            "aws_api_gateway_rest_api.main",
            "aws_db_instance.default",
            "aws_db_subnet_group.rds_private",
            "aws_iam_role.lambda_role",
            "aws_iam_role_policy_attachment.lambda_rds_auth",
            "aws_lambda_function.lambdas",
            "aws_lambda_layer_version.rds",
            "aws_lambda_layer_version.user_auth",
            "aws_security_group.lambda_sg",
            "aws_subnet.private_subnet1",
            "aws_subnet.private_subnet2",
            "data.archive_file.lambda_archives",
            "data.archive_file.rds_layer",
            "data.archive_file.user_auth_layer",
            "data.aws_availability_zones.available",
            "data.aws_vpc.default"
          ],
          "create_before_destroy": true
        },
        {
          "index_key": "coaches/assign_group_workout_template",
          "schema_version": 0,
          "attributes": {
            "api_key_required": false,
            "authorization": "COGNITO_USER_POOLS",
            "authorization_scopes": [],
            "authorizer_id": "6bclv1",
            "http_method": "POST",
            "id": "agm-buzzzp4ywk-nl1j88-POST",
            "operation_name": "",
            "request_models": {},
            "request_parameters": {},
            "request_validator_id": "",
            "resource_id": "nl1j88",
            "rest_api_id": "buzzzp4ywk"
          },
          "sensitive_attributes": [],
          "identity_schema_version": 0,
          "private": "bnVsbA==",
          "dependencies": [
            "aws_api_gateway_authorizer.cognito_authorizer",
            "aws_api_gateway_resource.athletes",
            "aws_api_gateway_resource.coaches",
            "aws_api_gateway_resource.general",
            "aws_api_gateway_resource.relations",
            "aws_api_gateway_resource.subresources",
            "aws_api_gateway_rest_api.main",
            "aws_db_instance.default",
            "aws_db_subnet_group.rds_private",
            "aws_iam_role.lambda_role",
            "aws_iam_role_policy_attachment.lambda_rds_auth",
            "aws_lambda_function.lambdas",
            "aws_lambda_layer_version.rds",
            "aws_lambda_layer_version.user_auth",
            "aws_security_group.lambda_sg",
            "aws_subnet.private_subnet1",
            "aws_subnet.private_subnet2",
            "data.archive_file.lambda_archives",
            "data.archive_file.rds_layer",
            "data.archive_file.user_auth_layer",
            "data.aws_availability_zones.available",
            "data.aws_vpc.default"
          ],
          "create_before_destroy": true
        },
        {
          "index_key": "coaches/create_group",
          "schema_version": 0,
          "attributes": {
            "api_key_required": false,
            "authorization": "COGNITO_USER_POOLS",
            "authorization_scopes": [],
            "authorizer_id": "6bclv1",
            "http_method": "POST",
            "id": "agm-buzzzp4ywk-x30w08-POST",
            "operation_name": "",
            "request_models": {},
            "request_parameters": {},
            "request_validator_id": "",
            "resource_id": "x30w08",
            "rest_api_id": "buzzzp4ywk"
          },
          "sensitive_attributes": [],
          "identity_schema_version": 0,
          "private": "bnVsbA==",
          "dependencies": [
            "aws_api_gateway_authorizer.cognito_authorizer",
            "aws_api_gateway_resource.athletes",
            "aws_api_gateway_resource.coaches",
            "aws_api_gateway_resource.general",
            "aws_api_gateway_resource.relations",
            "aws_api_gateway_resource.subresources",
            "aws_api_gateway_rest_api.main",
            "aws_db_instance.default",
            "aws_db_subnet_group.rds_private",
            "aws_iam_role.lambda_role",
            "aws_iam_role_policy_attachment.lambda_rds_auth",
            "aws_lambda_function.lambdas",
            "aws_lambda_layer_version.rds",
            "aws_lambda_layer_version.user_auth",
            "aws_security_group.lambda_sg",
            "aws_subnet.private_subnet1",
            "aws_subnet.private_subnet2",
            "data.archive_file.lambda_archives",
            "data.archive_file.rds_layer",
            "data.archive_file.user_auth_layer",
            "data.aws_availability_zones.available",
            "data.aws_vpc.default"
          ],
          "create_before_destroy": true
        },
        {
          "index_key": "coaches/create_workout_template",
          "schema_version": 0,
          "attributes": {
            "api_key_required": false,
            "authorization": "COGNITO_USER_POOLS",
            "authorization_scopes": [],
            "authorizer_id": "6bclv1",
            "http_method": "POST",
            "id": "agm-buzzzp4ywk-6cxvjn-POST",
            "operation_name": "",
            "request_models": {},
            "request_parameters": {},
            "request_validator_id": "",
            "resource_id": "6cxvjn",
            "rest_api_id": "buzzzp4ywk"
          },
          "sensitive_attributes": [],
          "identity_schema_version": 0,
          "private": "bnVsbA==",
          "dependencies": [
            "aws_api_gateway_authorizer.cognito_authorizer",
            "aws_api_gateway_resource.athletes",
            "aws_api_gateway_resource.coaches",
            "aws_api_gateway_resource.general",
            "aws_api_gateway_resource.relations",
            "aws_api_gateway_resource.subresources",
            "aws_api_gateway_rest_api.main",
            "aws_db_instance.default",
            "aws_db_subnet_group.rds_private",
            "aws_iam_role.lambda_role",
            "aws_iam_role_policy_attachment.lambda_rds_auth",
            "aws_lambda_function.lambdas",
            "aws_lambda_layer_version.rds",
            "aws_lambda_layer_version.user_auth",
            "aws_security_group.lambda_sg",
            "aws_subnet.private_subnet1",
            "aws_subnet.private_subnet2",
            "data.archive_file.lambda_archives",
            "data.archive_file.rds_layer",
            "data.archive_file.user_auth_layer",
            "data.aws_availability_zones.available",
            "data.aws_vpc.default"
          ],
          "create_before_destroy": true
        },
        {
          "index_key": "coaches/delete_group",
          "schema_version": 0,
          "attributes": {
            "api_key_required": false,
            "authorization": "COGNITO_USER_POOLS",
            "authorization_scopes": [],
            "authorizer_id": "6bclv1",
            "http_method": "DELETE",
            "id": "agm-buzzzp4ywk-qbwhq3-DELETE",
            "operation_name": "",
            "request_models": {},
            "request_parameters": {},
            "request_validator_id": "",
            "resource_id": "qbwhq3",
            "rest_api_id": "buzzzp4ywk"
          },
          "sensitive_attributes": [],
          "identity_schema_version": 0,
          "private": "bnVsbA==",
          "dependencies": [
            "aws_api_gateway_authorizer.cognito_authorizer",
            "aws_api_gateway_resource.athletes",
            "aws_api_gateway_resource.coaches",
            "aws_api_gateway_resource.general",
            "aws_api_gateway_resource.relations",
            "aws_api_gateway_resource.subresources",
            "aws_api_gateway_rest_api.main",
            "aws_db_instance.default",
            "aws_db_subnet_group.rds_private",
            "aws_iam_role.lambda_role",
            "aws_iam_role_policy_attachment.lambda_rds_auth",
            "aws_lambda_function.lambdas",
            "aws_lambda_layer_version.rds",
            "aws_lambda_layer_version.user_auth",
            "aws_security_group.lambda_sg",
            "aws_subnet.private_subnet1",
            "aws_subnet.private_subnet2",
            "data.archive_file.lambda_archives",
            "data.archive_file.rds_layer",
            "data.archive_file.user_auth_layer",
            "data.aws_availability_zones.available",
            "data.aws_vpc.default"
          ],
          "create_before_destroy": true
        },
        {
          "index_key": "coaches/delete_group_workout",
          "schema_version": 0,
          "attributes": {
            "api_key_required": false,
            "authorization": "COGNITO_USER_POOLS",
            "authorization_scopes": [],
            "authorizer_id": "6bclv1",
            "http_method": "DELETE",
            "id": "agm-buzzzp4ywk-zay0w3-DELETE",
            "operation_name": "",
            "request_models": {},
            "request_parameters": {},
            "request_validator_id": "",
            "resource_id": "zay0w3",
            "rest_api_id": "buzzzp4ywk"
          },
          "sensitive_attributes": [],
          "identity_schema_version": 0,
          "private": "bnVsbA==",
          "dependencies": [
            "aws_api_gateway_authorizer.cognito_authorizer",
            "aws_api_gateway_resource.athletes",
            "aws_api_gateway_resource.coaches",
            "aws_api_gateway_resource.general",
            "aws_api_gateway_resource.relations",
            "aws_api_gateway_resource.subresources",
            "aws_api_gateway_rest_api.main",
            "aws_db_instance.default",
            "aws_db_subnet_group.rds_private",
            "aws_iam_role.lambda_role",
            "aws_iam_role_policy_attachment.lambda_rds_auth",
            "aws_lambda_function.lambdas",
            "aws_lambda_layer_version.rds",
            "aws_lambda_layer_version.user_auth",
            "aws_security_group.lambda_sg",
            "aws_subnet.private_subnet1",
            "aws_subnet.private_subnet2",
            "data.archive_file.lambda_archives",
            "data.archive_file.rds_layer",
            "data.archive_file.user_auth_layer",
            "data.aws_availability_zones.available",
            "data.aws_vpc.default"
          ],
          "create_before_destroy": true
        },
        {
          "index_key": "coaches/delete_workout_template",
          "schema_version": 0,
          "attributes": {
            "api_key_required": false,
            "authorization": "COGNITO_USER_POOLS",
            "authorization_scopes": [],
            "authorizer_id": "6bclv1",
            "http_method": "DELETE",
            "id": "agm-buzzzp4ywk-63809l-DELETE",
            "operation_name": "",
            "request_models": {},
            "request_parameters": {},
            "request_validator_id": "",
            "resource_id": "63809l",
            "rest_api_id": "buzzzp4ywk"
          },
          "sensitive_attributes": [],
          "identity_schema_version": 0,
          "private": "bnVsbA==",
          "dependencies": [
            "aws_api_gateway_authorizer.cognito_authorizer",
            "aws_api_gateway_resource.athletes",
            "aws_api_gateway_resource.coaches",
            "aws_api_gateway_resource.general",
            "aws_api_gateway_resource.relations",
            "aws_api_gateway_resource.subresources",
            "aws_api_gateway_rest_api.main",
            "aws_db_instance.default",
            "aws_db_subnet_group.rds_private",
            "aws_iam_role.lambda_role",
            "aws_iam_role_policy_attachment.lambda_rds_auth",
            "aws_lambda_function.lambdas",
            "aws_lambda_layer_version.rds",
            "aws_lambda_layer_version.user_auth",
            "aws_security_group.lambda_sg",
            "aws_subnet.private_subnet1",
            "aws_subnet.private_subnet2",
            "data.archive_file.lambda_archives",
            "data.archive_file.rds_layer",
            "data.archive_file.user_auth_layer",
            "data.aws_availability_zones.available",
            "data.aws_vpc.default"
          ],
          "create_before_destroy": true
        },
        {
          "index_key": "coaches/fetch_historical_data",
          "schema_version": 0,
          "attributes": {
            "api_key_required": false,
            "authorization": "COGNITO_USER_POOLS",
            "authorization_scopes": [],
            "authorizer_id": "6bclv1",
            "http_method": "GET",
            "id": "agm-buzzzp4ywk-q5mjqd-GET",
            "operation_name": "",
            "request_models": {},
            "request_parameters": {},
            "request_validator_id": "",
            "resource_id": "q5mjqd",
            "rest_api_id": "buzzzp4ywk"
          },
          "sensitive_attributes": [],
          "identity_schema_version": 0,
          "private": "bnVsbA==",
          "dependencies": [
            "aws_api_gateway_authorizer.cognito_authorizer",
            "aws_api_gateway_resource.athletes",
            "aws_api_gateway_resource.coaches",
            "aws_api_gateway_resource.general",
            "aws_api_gateway_resource.relations",
            "aws_api_gateway_resource.subresources",
            "aws_api_gateway_rest_api.main",
            "aws_db_instance.default",
            "aws_db_subnet_group.rds_private",
            "aws_iam_role.lambda_role",
            "aws_iam_role_policy_attachment.lambda_rds_auth",
            "aws_lambda_function.lambdas",
            "aws_lambda_layer_version.rds",
            "aws_lambda_layer_version.user_auth",
            "aws_security_group.lambda_sg",
            "aws_subnet.private_subnet1",
            "aws_subnet.private_subnet2",
            "data.archive_file.lambda_archives",
            "data.archive_file.rds_layer",
            "data.archive_file.user_auth_layer",
            "data.aws_availability_zones.available",
            "data.aws_vpc.default"
          ],
          "create_before_destroy": true
        },
        {
          "index_key": "coaches/get_absent_group_athletes",
          "schema_version": 0,
          "attributes": {
            "api_key_required": false,
            "authorization": "COGNITO_USER_POOLS",
            "authorization_scopes": [],
            "authorizer_id": "6bclv1",
            "http_method": "GET",
            "id": "agm-buzzzp4ywk-td0207-GET",
            "operation_name": "",
            "request_models": {},
            "request_parameters": {},
            "request_validator_id": "",
            "resource_id": "td0207",
            "rest_api_id": "buzzzp4ywk"
          },
          "sensitive_attributes": [],
          "identity_schema_version": 0,
          "private": "bnVsbA==",
          "dependencies": [
            "aws_api_gateway_authorizer.cognito_authorizer",
            "aws_api_gateway_resource.athletes",
            "aws_api_gateway_resource.coaches",
            "aws_api_gateway_resource.general",
            "aws_api_gateway_resource.relations",
            "aws_api_gateway_resource.subresources",
            "aws_api_gateway_rest_api.main",
            "aws_db_instance.default",
            "aws_db_subnet_group.rds_private",
            "aws_iam_role.lambda_role",
            "aws_iam_role_policy_attachment.lambda_rds_auth",
            "aws_lambda_function.lambdas",
            "aws_lambda_layer_version.rds",
            "aws_lambda_layer_version.user_auth",
            "aws_security_group.lambda_sg",
            "aws_subnet.private_subnet1",
            "aws_subnet.private_subnet2",
            "data.archive_file.lambda_archives",
            "data.archive_file.rds_layer",
            "data.archive_file.user_auth_layer",
            "data.aws_availability_zones.available",
            "data.aws_vpc.default"
          ],
          "create_before_destroy": true
        },
        {
          "index_key": "coaches/get_available_history_dates",
          "schema_version": 0,
          "attributes": {
            "api_key_required": false,
            "authorization": "COGNITO_USER_POOLS",
            "authorization_scopes": [],
            "authorizer_id": "6bclv1",
            "http_method": "GET",
            "id": "agm-buzzzp4ywk-j8bnua-GET",
            "operation_name": "",
            "request_models": {},
            "request_parameters": {},
            "request_validator_id": "",
            "resource_id": "j8bnua",
            "rest_api_id": "buzzzp4ywk"
          },
          "sensitive_attributes": [],
          "identity_schema_version": 0,
          "private": "bnVsbA==",
          "dependencies": [
            "aws_api_gateway_authorizer.cognito_authorizer",
            "aws_api_gateway_resource.athletes",
            "aws_api_gateway_resource.coaches",
            "aws_api_gateway_resource.general",
            "aws_api_gateway_resource.relations",
            "aws_api_gateway_resource.subresources",
            "aws_api_gateway_rest_api.main",
            "aws_db_instance.default",
            "aws_db_subnet_group.rds_private",
            "aws_iam_role.lambda_role",
            "aws_iam_role_policy_attachment.lambda_rds_auth",
            "aws_lambda_function.lambdas",
            "aws_lambda_layer_version.rds",
            "aws_lambda_layer_version.user_auth",
            "aws_security_group.lambda_sg",
            "aws_subnet.private_subnet1",
            "aws_subnet.private_subnet2",
            "data.archive_file.lambda_archives",
            "data.archive_file.rds_layer",
            "data.archive_file.user_auth_layer",
            "data.aws_availability_zones.available",
            "data.aws_vpc.default"
          ],
          "create_before_destroy": true
        },
        {
          "index_key": "coaches/get_workout_templates",
          "schema_version": 0,
          "attributes": {
            "api_key_required": false,
            "authorization": "COGNITO_USER_POOLS",
            "authorization_scopes": [],
            "authorizer_id": "6bclv1",
            "http_method": "GET",
            "id": "agm-buzzzp4ywk-nw96aq-GET",
            "operation_name": "",
            "request_models": {},
            "request_parameters": {},
            "request_validator_id": "",
            "resource_id": "nw96aq",
            "rest_api_id": "buzzzp4ywk"
          },
          "sensitive_attributes": [],
          "identity_schema_version": 0,
          "private": "bnVsbA==",
          "dependencies": [
            "aws_api_gateway_authorizer.cognito_authorizer",
            "aws_api_gateway_resource.athletes",
            "aws_api_gateway_resource.coaches",
            "aws_api_gateway_resource.general",
            "aws_api_gateway_resource.relations",
            "aws_api_gateway_resource.subresources",
            "aws_api_gateway_rest_api.main",
            "aws_db_instance.default",
            "aws_db_subnet_group.rds_private",
            "aws_iam_role.lambda_role",
            "aws_iam_role_policy_attachment.lambda_rds_auth",
            "aws_lambda_function.lambdas",
            "aws_lambda_layer_version.rds",
            "aws_lambda_layer_version.user_auth",
            "aws_security_group.lambda_sg",
            "aws_subnet.private_subnet1",
            "aws_subnet.private_subnet2",
            "data.archive_file.lambda_archives",
            "data.archive_file.rds_layer",
            "data.archive_file.user_auth_layer",
            "data.aws_availability_zones.available",
            "data.aws_vpc.default"
          ],
          "create_before_destroy": true
        },
        {
          "index_key": "coaches/remove_group_athlete",
          "schema_version": 0,
          "attributes": {
            "api_key_required": false,
            "authorization": "COGNITO_USER_POOLS",
            "authorization_scopes": [],
            "authorizer_id": "6bclv1",
            "http_method": "DELETE",
            "id": "agm-buzzzp4ywk-0aq10y-DELETE",
            "operation_name": "",
            "request_models": {},
            "request_parameters": {},
            "request_validator_id": "",
            "resource_id": "0aq10y",
            "rest_api_id": "buzzzp4ywk"
          },
          "sensitive_attributes": [],
          "identity_schema_version": 0,
          "private": "bnVsbA==",
          "dependencies": [
            "aws_api_gateway_authorizer.cognito_authorizer",
            "aws_api_gateway_resource.athletes",
            "aws_api_gateway_resource.coaches",
            "aws_api_gateway_resource.general",
            "aws_api_gateway_resource.relations",
            "aws_api_gateway_resource.subresources",
            "aws_api_gateway_rest_api.main",
            "aws_db_instance.default",
            "aws_db_subnet_group.rds_private",
            "aws_iam_role.lambda_role",
            "aws_iam_role_policy_attachment.lambda_rds_auth",
            "aws_lambda_function.lambdas",
            "aws_lambda_layer_version.rds",
            "aws_lambda_layer_version.user_auth",
            "aws_security_group.lambda_sg",
            "aws_subnet.private_subnet1",
            "aws_subnet.private_subnet2",
            "data.archive_file.lambda_archives",
            "data.archive_file.rds_layer",
            "data.archive_file.user_auth_layer",
            "data.aws_availability_zones.available",
            "data.aws_vpc.default"
          ],
          "create_before_destroy": true
        },
        {
          "index_key": "general/create_user",
          "schema_version": 0,
          "attributes": {
            "api_key_required": false,
            "authorization": "COGNITO_USER_POOLS",
            "authorization_scopes": [],
            "authorizer_id": "6bclv1",
            "http_method": "POST",
            "id": "agm-buzzzp4ywk-3ux4l0-POST",
            "operation_name": "",
            "request_models": {},
            "request_parameters": {},
            "request_validator_id": "",
            "resource_id": "3ux4l0",
            "rest_api_id": "buzzzp4ywk"
          },
          "sensitive_attributes": [],
          "identity_schema_version": 0,
          "private": "bnVsbA==",
          "dependencies": [
            "aws_api_gateway_authorizer.cognito_authorizer",
            "aws_api_gateway_resource.athletes",
            "aws_api_gateway_resource.coaches",
            "aws_api_gateway_resource.general",
            "aws_api_gateway_resource.relations",
            "aws_api_gateway_resource.subresources",
            "aws_api_gateway_rest_api.main",
            "aws_db_instance.default",
            "aws_db_subnet_group.rds_private",
            "aws_iam_role.lambda_role",
            "aws_iam_role_policy_attachment.lambda_rds_auth",
            "aws_lambda_function.lambdas",
            "aws_lambda_layer_version.rds",
            "aws_lambda_layer_version.user_auth",
            "aws_security_group.lambda_sg",
            "aws_subnet.private_subnet1",
            "aws_subnet.private_subnet2",
            "data.archive_file.lambda_archives",
            "data.archive_file.rds_layer",
            "data.archive_file.user_auth_layer",
            "data.aws_availability_zones.available",
            "data.aws_vpc.default"
          ],
          "create_before_destroy": true
        },
        {
          "index_key": "general/get_athletes_for_group",
          "schema_version": 0,
          "attributes": {
            "api_key_required": false,
            "authorization": "COGNITO_USER_POOLS",
            "authorization_scopes": [],
            "authorizer_id": "6bclv1",
            "http_method": "GET",
            "id": "agm-buzzzp4ywk-1g3n72-GET",
            "operation_name": "",
            "request_models": {},
            "request_parameters": {},
            "request_validator_id": "",
            "resource_id": "1g3n72",
            "rest_api_id": "buzzzp4ywk"
          },
          "sensitive_attributes": [],
          "identity_schema_version": 0,
          "private": "bnVsbA==",
          "dependencies": [
            "aws_api_gateway_authorizer.cognito_authorizer",
            "aws_api_gateway_resource.athletes",
            "aws_api_gateway_resource.coaches",
            "aws_api_gateway_resource.general",
            "aws_api_gateway_resource.relations",
            "aws_api_gateway_resource.subresources",
            "aws_api_gateway_rest_api.main",
            "aws_db_instance.default",
            "aws_db_subnet_group.rds_private",
            "aws_iam_role.lambda_role",
            "aws_iam_role_policy_attachment.lambda_rds_auth",
            "aws_lambda_function.lambdas",
            "aws_lambda_layer_version.rds",
            "aws_lambda_layer_version.user_auth",
            "aws_security_group.lambda_sg",
            "aws_subnet.private_subnet1",
            "aws_subnet.private_subnet2",
            "data.archive_file.lambda_archives",
            "data.archive_file.rds_layer",
            "data.archive_file.user_auth_layer",
            "data.aws_availability_zones.available",
            "data.aws_vpc.default"
          ],
          "create_before_destroy": true
        },
        {
          "index_key": "general/get_group_workout",
          "schema_version": 0,
          "attributes": {
            "api_key_required": false,
            "authorization": "COGNITO_USER_POOLS",
            "authorization_scopes": [],
            "authorizer_id": "6bclv1",
            "http_method": "GET",
            "id": "agm-buzzzp4ywk-26g1pa-GET",
            "operation_name": "",
            "request_models": {},
            "request_parameters": {},
            "request_validator_id": "",
            "resource_id": "26g1pa",
            "rest_api_id": "buzzzp4ywk"
          },
          "sensitive_attributes": [],
          "identity_schema_version": 0,
          "private": "bnVsbA==",
          "dependencies": [
            "aws_api_gateway_authorizer.cognito_authorizer",
            "aws_api_gateway_resource.athletes",
            "aws_api_gateway_resource.coaches",
            "aws_api_gateway_resource.general",
            "aws_api_gateway_resource.relations",
            "aws_api_gateway_resource.subresources",
            "aws_api_gateway_rest_api.main",
            "aws_db_instance.default",
            "aws_db_subnet_group.rds_private",
            "aws_iam_role.lambda_role",
            "aws_iam_role_policy_attachment.lambda_rds_auth",
            "aws_lambda_function.lambdas",
            "aws_lambda_layer_version.rds",
            "aws_lambda_layer_version.user_auth",
            "aws_security_group.lambda_sg",
            "aws_subnet.private_subnet1",
            "aws_subnet.private_subnet2",
            "data.archive_file.lambda_archives",
            "data.archive_file.rds_layer",
            "data.archive_file.user_auth_layer",
            "data.aws_availability_zones.available",
            "data.aws_vpc.default"
          ],
          "create_before_destroy": true
        },
        {
          "index_key": "general/get_groups",
          "schema_version": 0,
          "attributes": {
            "api_key_required": false,
            "authorization": "COGNITO_USER_POOLS",
            "authorization_scopes": [],
            "authorizer_id": "6bclv1",
            "http_method": "GET",
            "id": "agm-buzzzp4ywk-db44ui-GET",
            "operation_name": "",
            "request_models": {},
            "request_parameters": {},
            "request_validator_id": "",
            "resource_id": "db44ui",
            "rest_api_id": "buzzzp4ywk"
          },
          "sensitive_attributes": [],
          "identity_schema_version": 0,
          "private": "bnVsbA==",
          "dependencies": [
            "aws_api_gateway_authorizer.cognito_authorizer",
            "aws_api_gateway_resource.athletes",
            "aws_api_gateway_resource.coaches",
            "aws_api_gateway_resource.general",
            "aws_api_gateway_resource.relations",
            "aws_api_gateway_resource.subresources",
            "aws_api_gateway_rest_api.main",
            "aws_db_instance.default",
            "aws_db_subnet_group.rds_private",
            "aws_iam_role.lambda_role",
            "aws_iam_role_policy_attachment.lambda_rds_auth",
            "aws_lambda_function.lambdas",
            "aws_lambda_layer_version.rds",
            "aws_lambda_layer_version.user_auth",
            "aws_security_group.lambda_sg",
            "aws_subnet.private_subnet1",
            "aws_subnet.private_subnet2",
            "data.archive_file.lambda_archives",
            "data.archive_file.rds_layer",
            "data.archive_file.user_auth_layer",
            "data.aws_availability_zones.available",
            "data.aws_vpc.default"
          ],
          "create_before_destroy": true
        },
        {
          "index_key": "general/get_user",
          "schema_version": 0,
          "attributes": {
            "api_key_required": false,
            "authorization": "COGNITO_USER_POOLS",
            "authorization_scopes": [],
            "authorizer_id": "6bclv1",
            "http_method": "GET",
            "id": "agm-buzzzp4ywk-ofzmk1-GET",
            "operation_name": "",
            "request_models": {},
            "request_parameters": {},
            "request_validator_id": "",
            "resource_id": "ofzmk1",
            "rest_api_id": "buzzzp4ywk"
          },
          "sensitive_attributes": [],
          "identity_schema_version": 0,
          "private": "bnVsbA==",
          "dependencies": [
            "aws_api_gateway_authorizer.cognito_authorizer",
            "aws_api_gateway_resource.athletes",
            "aws_api_gateway_resource.coaches",
            "aws_api_gateway_resource.general",
            "aws_api_gateway_resource.relations",
            "aws_api_gateway_resource.subresources",
            "aws_api_gateway_rest_api.main",
            "aws_db_instance.default",
            "aws_db_subnet_group.rds_private",
            "aws_iam_role.lambda_role",
            "aws_iam_role_policy_attachment.lambda_rds_auth",
            "aws_lambda_function.lambdas",
            "aws_lambda_layer_version.rds",
            "aws_lambda_layer_version.user_auth",
            "aws_security_group.lambda_sg",
            "aws_subnet.private_subnet1",
            "aws_subnet.private_subnet2",
            "data.archive_file.lambda_archives",
            "data.archive_file.rds_layer",
            "data.archive_file.user_auth_layer",
            "data.aws_availability_zones.available",
            "data.aws_vpc.default"
          ],
          "create_before_destroy": true
        },
        {
          "index_key": "general/get_weekly_schedule",
          "schema_version": 0,
          "attributes": {
            "api_key_required": false,
            "authorization": "COGNITO_USER_POOLS",
            "authorization_scopes": [],
            "authorizer_id": "6bclv1",
            "http_method": "GET",
            "id": "agm-buzzzp4ywk-8t33db-GET",
            "operation_name": "",
            "request_models": {},
            "request_parameters": {},
            "request_validator_id": "",
            "resource_id": "8t33db",
            "rest_api_id": "buzzzp4ywk"
          },
          "sensitive_attributes": [],
          "identity_schema_version": 0,
          "private": "bnVsbA==",
          "dependencies": [
            "aws_api_gateway_authorizer.cognito_authorizer",
            "aws_api_gateway_resource.athletes",
            "aws_api_gateway_resource.coaches",
            "aws_api_gateway_resource.general",
            "aws_api_gateway_resource.relations",
            "aws_api_gateway_resource.subresources",
            "aws_api_gateway_rest_api.main",
            "aws_db_instance.default",
            "aws_db_subnet_group.rds_private",
            "aws_iam_role.lambda_role",
            "aws_iam_role_policy_attachment.lambda_rds_auth",
            "aws_lambda_function.lambdas",
            "aws_lambda_layer_version.rds",
            "aws_lambda_layer_version.user_auth",
            "aws_security_group.lambda_sg",
            "aws_subnet.private_subnet1",
            "aws_subnet.private_subnet2",
            "data.archive_file.lambda_archives",
            "data.archive_file.rds_layer",
            "data.archive_file.user_auth_layer",
            "data.aws_availability_zones.available",
            "data.aws_vpc.default"
          ],
          "create_before_destroy": true
        },
        {
          "index_key": "general/mass_input",
          "schema_version": 0,
          "attributes": {
            "api_key_required": false,
            "authorization": "COGNITO_USER_POOLS",
            "authorization_scopes": [],
            "authorizer_id": "6bclv1",
            "http_method": "POST",
            "id": "agm-buzzzp4ywk-ozp6d8-POST",
            "operation_name": "",
            "request_models": {},
            "request_parameters": {},
            "request_validator_id": "",
            "resource_id": "ozp6d8",
            "rest_api_id": "buzzzp4ywk"
          },
          "sensitive_attributes": [],
          "identity_schema_version": 0,
          "private": "bnVsbA==",
          "dependencies": [
            "aws_api_gateway_authorizer.cognito_authorizer",
            "aws_api_gateway_resource.athletes",
            "aws_api_gateway_resource.coaches",
            "aws_api_gateway_resource.general",
            "aws_api_gateway_resource.relations",
            "aws_api_gateway_resource.subresources",
            "aws_api_gateway_rest_api.main",
            "aws_db_instance.default",
            "aws_db_subnet_group.rds_private",
            "aws_iam_role.lambda_role",
            "aws_iam_role_policy_attachment.lambda_rds_auth",
            "aws_lambda_function.lambdas",
            "aws_lambda_layer_version.rds",
            "aws_lambda_layer_version.user_auth",
            "aws_security_group.lambda_sg",
            "aws_subnet.private_subnet1",
            "aws_subnet.private_subnet2",
            "data.archive_file.lambda_archives",
            "data.archive_file.rds_layer",
            "data.archive_file.user_auth_layer",
            "data.aws_availability_zones.available",
            "data.aws_vpc.default"
          ],
          "create_before_destroy": true
        },
        {
          "index_key": "general/update_user_profile",
          "schema_version": 0,
          "attributes": {
            "api_key_required": false,
            "authorization": "COGNITO_USER_POOLS",
            "authorization_scopes": [],
            "authorizer_id": "6bclv1",
            "http_method": "POST",
            "id": "agm-buzzzp4ywk-82va20-POST",
            "operation_name": "",
            "request_models": {},
            "request_parameters": {},
            "request_validator_id": "",
            "resource_id": "82va20",
            "rest_api_id": "buzzzp4ywk"
          },
          "sensitive_attributes": [],
          "identity_schema_version": 0,
          "private": "bnVsbA==",
          "dependencies": [
            "aws_api_gateway_authorizer.cognito_authorizer",
            "aws_api_gateway_resource.athletes",
            "aws_api_gateway_resource.coaches",
            "aws_api_gateway_resource.general",
            "aws_api_gateway_resource.relations",
            "aws_api_gateway_resource.subresources",
            "aws_api_gateway_rest_api.main",
            "aws_db_instance.default",
            "aws_db_subnet_group.rds_private",
            "aws_iam_role.lambda_role",
            "aws_iam_role_policy_attachment.lambda_rds_auth",
            "aws_lambda_function.lambdas",
            "aws_lambda_layer_version.rds",
            "aws_lambda_layer_version.user_auth",
            "aws_security_group.lambda_sg",
            "aws_subnet.private_subnet1",
            "aws_subnet.private_subnet2",
            "data.archive_file.lambda_archives",
            "data.archive_file.rds_layer",
            "data.archive_file.user_auth_layer",
            "data.aws_availability_zones.available",
            "data.aws_vpc.default"
          ],
          "create_before_destroy": true
        },
        {
          "index_key": "general/view_group_inputs",
          "schema_version": 0,
          "attributes": {
            "api_key_required": false,
            "authorization": "COGNITO_USER_POOLS",
            "authorization_scopes": [],
            "authorizer_id": "6bclv1",
            "http_method": "GET",
            "id": "agm-buzzzp4ywk-cgp43o-GET",
            "operation_name": "",
            "request_models": {},
            "request_parameters": {},
            "request_validator_id": "",
            "resource_id": "cgp43o",
            "rest_api_id": "buzzzp4ywk"
          },
          "sensitive_attributes": [],
          "identity_schema_version": 0,
          "private": "bnVsbA==",
          "dependencies": [
            "aws_api_gateway_authorizer.cognito_authorizer",
            "aws_api_gateway_resource.athletes",
            "aws_api_gateway_resource.coaches",
            "aws_api_gateway_resource.general",
            "aws_api_gateway_resource.relations",
            "aws_api_gateway_resource.subresources",
            "aws_api_gateway_rest_api.main",
            "aws_db_instance.default",
            "aws_db_subnet_group.rds_private",
            "aws_iam_role.lambda_role",
            "aws_iam_role_policy_attachment.lambda_rds_auth",
            "aws_lambda_function.lambdas",
            "aws_lambda_layer_version.rds",
            "aws_lambda_layer_version.user_auth",
            "aws_security_group.lambda_sg",
            "aws_subnet.private_subnet1",
            "aws_subnet.private_subnet2",
            "data.archive_file.lambda_archives",
            "data.archive_file.rds_layer",
            "data.archive_file.user_auth_layer",
            "data.aws_availability_zones.available",
            "data.aws_vpc.default"
          ],
          "create_before_destroy": true
        },
        {
          "index_key": "relations/add_relation",
          "schema_version": 0,
          "attributes": {
            "api_key_required": false,
            "authorization": "COGNITO_USER_POOLS",
            "authorization_scopes": [],
            "authorizer_id": "6bclv1",
            "http_method": "POST",
            "id": "agm-buzzzp4ywk-zs7qut-POST",
            "operation_name": "",
            "request_models": {},
            "request_parameters": {},
            "request_validator_id": "",
            "resource_id": "zs7qut",
            "rest_api_id": "buzzzp4ywk"
          },
          "sensitive_attributes": [],
          "identity_schema_version": 0,
          "private": "bnVsbA==",
          "dependencies": [
            "aws_api_gateway_authorizer.cognito_authorizer",
            "aws_api_gateway_resource.athletes",
            "aws_api_gateway_resource.coaches",
            "aws_api_gateway_resource.general",
            "aws_api_gateway_resource.relations",
            "aws_api_gateway_resource.subresources",
            "aws_api_gateway_rest_api.main",
            "aws_db_instance.default",
            "aws_db_subnet_group.rds_private",
            "aws_iam_role.lambda_role",
            "aws_iam_role_policy_attachment.lambda_rds_auth",
            "aws_lambda_function.lambdas",
            "aws_lambda_layer_version.rds",
            "aws_lambda_layer_version.user_auth",
            "aws_security_group.lambda_sg",
            "aws_subnet.private_subnet1",
            "aws_subnet.private_subnet2",
            "data.archive_file.lambda_archives",
            "data.archive_file.rds_layer",
            "data.archive_file.user_auth_layer",
            "data.aws_availability_zones.available",
            "data.aws_vpc.default"
          ],
          "create_before_destroy": true
        },
        {
          "index_key": "relations/get_mutual_user_relations",
          "schema_version": 0,
          "attributes": {
            "api_key_required": false,
            "authorization": "COGNITO_USER_POOLS",
            "authorization_scopes": [],
            "authorizer_id": "6bclv1",
            "http_method": "GET",
            "id": "agm-buzzzp4ywk-h1iinp-GET",
            "operation_name": "",
            "request_models": {},
            "request_parameters": {},
            "request_validator_id": "",
            "resource_id": "h1iinp",
            "rest_api_id": "buzzzp4ywk"
          },
          "sensitive_attributes": [],
          "identity_schema_version": 0,
          "private": "bnVsbA==",
          "dependencies": [
            "aws_api_gateway_authorizer.cognito_authorizer",
            "aws_api_gateway_resource.athletes",
            "aws_api_gateway_resource.coaches",
            "aws_api_gateway_resource.general",
            "aws_api_gateway_resource.relations",
            "aws_api_gateway_resource.subresources",
            "aws_api_gateway_rest_api.main",
            "aws_db_instance.default",
            "aws_db_subnet_group.rds_private",
            "aws_iam_role.lambda_role",
            "aws_iam_role_policy_attachment.lambda_rds_auth",
            "aws_lambda_function.lambdas",
            "aws_lambda_layer_version.rds",
            "aws_lambda_layer_version.user_auth",
            "aws_security_group.lambda_sg",
            "aws_subnet.private_subnet1",
            "aws_subnet.private_subnet2",
            "data.archive_file.lambda_archives",
            "data.archive_file.rds_layer",
            "data.archive_file.user_auth_layer",
            "data.aws_availability_zones.available",
            "data.aws_vpc.default"
          ],
          "create_before_destroy": true
        },
        {
          "index_key": "relations/get_relation_invites",
          "schema_version": 0,
          "attributes": {
            "api_key_required": false,
            "authorization": "COGNITO_USER_POOLS",
            "authorization_scopes": [],
            "authorizer_id": "6bclv1",
            "http_method": "GET",
            "id": "agm-buzzzp4ywk-q4nprh-GET",
            "operation_name": "",
            "request_models": {},
            "request_parameters": {},
            "request_validator_id": "",
            "resource_id": "q4nprh",
            "rest_api_id": "buzzzp4ywk"
          },
          "sensitive_attributes": [],
          "identity_schema_version": 0,
          "private": "bnVsbA==",
          "dependencies": [
            "aws_api_gateway_authorizer.cognito_authorizer",
            "aws_api_gateway_resource.athletes",
            "aws_api_gateway_resource.coaches",
            "aws_api_gateway_resource.general",
            "aws_api_gateway_resource.relations",
            "aws_api_gateway_resource.subresources",
            "aws_api_gateway_rest_api.main",
            "aws_db_instance.default",
            "aws_db_subnet_group.rds_private",
            "aws_iam_role.lambda_role",
            "aws_iam_role_policy_attachment.lambda_rds_auth",
            "aws_lambda_function.lambdas",
            "aws_lambda_layer_version.rds",
            "aws_lambda_layer_version.user_auth",
            "aws_security_group.lambda_sg",
            "aws_subnet.private_subnet1",
            "aws_subnet.private_subnet2",
            "data.archive_file.lambda_archives",
            "data.archive_file.rds_layer",
            "data.archive_file.user_auth_layer",
            "data.aws_availability_zones.available",
            "data.aws_vpc.default"
          ],
          "create_before_destroy": true
        },
        {
          "index_key": "relations/get_relation_invites_count",
          "schema_version": 0,
          "attributes": {
            "api_key_required": false,
            "authorization": "COGNITO_USER_POOLS",
            "authorization_scopes": [],
            "authorizer_id": "6bclv1",
            "http_method": "GET",
            "id": "agm-buzzzp4ywk-7mmdfl-GET",
            "operation_name": "",
            "request_models": {},
            "request_parameters": {},
            "request_validator_id": "",
            "resource_id": "7mmdfl",
            "rest_api_id": "buzzzp4ywk"
          },
          "sensitive_attributes": [],
          "identity_schema_version": 0,
          "private": "bnVsbA==",
          "dependencies": [
            "aws_api_gateway_authorizer.cognito_authorizer",
            "aws_api_gateway_resource.athletes",
            "aws_api_gateway_resource.coaches",
            "aws_api_gateway_resource.general",
            "aws_api_gateway_resource.relations",
            "aws_api_gateway_resource.subresources",
            "aws_api_gateway_rest_api.main",
            "aws_db_instance.default",
            "aws_db_subnet_group.rds_private",
            "aws_iam_role.lambda_role",
            "aws_iam_role_policy_attachment.lambda_rds_auth",
            "aws_lambda_function.lambdas",
            "aws_lambda_layer_version.rds",
            "aws_lambda_layer_version.user_auth",
            "aws_security_group.lambda_sg",
            "aws_subnet.private_subnet1",
            "aws_subnet.private_subnet2",
            "data.archive_file.lambda_archives",
            "data.archive_file.rds_layer",
            "data.archive_file.user_auth_layer",
            "data.aws_availability_zones.available",
            "data.aws_vpc.default"
          ],
          "create_before_destroy": true
        },
        {
          "index_key": "relations/remove_user_relation",
          "schema_version": 0,
          "attributes": {
            "api_key_required": false,
            "authorization": "COGNITO_USER_POOLS",
            "authorization_scopes": [],
            "authorizer_id": "6bclv1",
            "http_method": "DELETE",
            "id": "agm-buzzzp4ywk-xzk7ie-DELETE",
            "operation_name": "",
            "request_models": {},
            "request_parameters": {},
            "request_validator_id": "",
            "resource_id": "xzk7ie",
            "rest_api_id": "buzzzp4ywk"
          },
          "sensitive_attributes": [],
          "identity_schema_version": 0,
          "private": "bnVsbA==",
          "dependencies": [
            "aws_api_gateway_authorizer.cognito_authorizer",
            "aws_api_gateway_resource.athletes",
            "aws_api_gateway_resource.coaches",
            "aws_api_gateway_resource.general",
            "aws_api_gateway_resource.relations",
            "aws_api_gateway_resource.subresources",
            "aws_api_gateway_rest_api.main",
            "aws_db_instance.default",
            "aws_db_subnet_group.rds_private",
            "aws_iam_role.lambda_role",
            "aws_iam_role_policy_attachment.lambda_rds_auth",
            "aws_lambda_function.lambdas",
            "aws_lambda_layer_version.rds",
            "aws_lambda_layer_version.user_auth",
            "aws_security_group.lambda_sg",
            "aws_subnet.private_subnet1",
            "aws_subnet.private_subnet2",
            "data.archive_file.lambda_archives",
            "data.archive_file.rds_layer",
            "data.archive_file.user_auth_layer",
            "data.aws_availability_zones.available",
            "data.aws_vpc.default"
          ],
          "create_before_destroy": true
        },
        {
          "index_key": "relations/search_user_relation",
          "schema_version": 0,
          "attributes": {
            "api_key_required": false,
            "authorization": "COGNITO_USER_POOLS",
            "authorization_scopes": [],
            "authorizer_id": "6bclv1",
            "http_method": "GET",
            "id": "agm-buzzzp4ywk-vodnr3-GET",
            "operation_name": "",
            "request_models": {},
            "request_parameters": {},
            "request_validator_id": "",
            "resource_id": "vodnr3",
            "rest_api_id": "buzzzp4ywk"
          },
          "sensitive_attributes": [],
          "identity_schema_version": 0,
          "private": "bnVsbA==",
          "dependencies": [
            "aws_api_gateway_authorizer.cognito_authorizer",
            "aws_api_gateway_resource.athletes",
            "aws_api_gateway_resource.coaches",
            "aws_api_gateway_resource.general",
            "aws_api_gateway_resource.relations",
            "aws_api_gateway_resource.subresources",
            "aws_api_gateway_rest_api.main",
            "aws_db_instance.default",
            "aws_db_subnet_group.rds_private",
            "aws_iam_role.lambda_role",
            "aws_iam_role_policy_attachment.lambda_rds_auth",
            "aws_lambda_function.lambdas",
            "aws_lambda_layer_version.rds",
            "aws_lambda_layer_version.user_auth",
            "aws_security_group.lambda_sg",
            "aws_subnet.private_subnet1",
            "aws_subnet.private_subnet2",
            "data.archive_file.lambda_archives",
            "data.archive_file.rds_layer",
            "data.archive_file.user_auth_layer",
            "data.aws_availability_zones.available",
            "data.aws_vpc.default"
          ],
          "create_before_destroy": true
        }
      ]
    },
    {
      "mode": "managed",
      "type": "aws_api_gateway_method",
      "name": "options",
      "provider": "provider[\"registry.terraform.io/hashicorp/aws\"]",
      "instances": [
        {
          "index_key": "athletes/input_times",
          "schema_version": 0,
          "attributes": {
            "api_key_required": false,
            "authorization": "NONE",
            "authorization_scopes": [],
            "authorizer_id": "",
            "http_method": "OPTIONS",
            "id": "agm-buzzzp4ywk-akxhzs-OPTIONS",
            "operation_name": "",
            "request_models": {},
            "request_parameters": {},
            "request_validator_id": "",
            "resource_id": "akxhzs",
            "rest_api_id": "buzzzp4ywk"
          },
          "sensitive_attributes": [],
          "identity_schema_version": 0,
          "private": "bnVsbA==",
          "dependencies": [
            "aws_api_gateway_resource.athletes",
            "aws_api_gateway_resource.coaches",
            "aws_api_gateway_resource.general",
            "aws_api_gateway_resource.relations",
            "aws_api_gateway_resource.subresources",
            "aws_api_gateway_rest_api.main",
            "aws_db_instance.default",
            "aws_db_subnet_group.rds_private",
            "aws_iam_role.lambda_role",
            "aws_iam_role_policy_attachment.lambda_rds_auth",
            "aws_lambda_function.lambdas",
            "aws_lambda_layer_version.rds",
            "aws_lambda_layer_version.user_auth",
            "aws_security_group.lambda_sg",
            "aws_subnet.private_subnet1",
            "aws_subnet.private_subnet2",
            "data.archive_file.lambda_archives",
            "data.archive_file.rds_layer",
            "data.archive_file.user_auth_layer",
            "data.aws_availability_zones.available",
            "data.aws_vpc.default"
          ],
          "create_before_destroy": true
        },
        {
          "index_key": "athletes/remove_inputs",
          "schema_version": 0,
          "attributes": {
            "api_key_required": false,
            "authorization": "NONE",
            "authorization_scopes": [],
            "authorizer_id": "",
            "http_method": "OPTIONS",
            "id": "agm-buzzzp4ywk-6emjgf-OPTIONS",
            "operation_name": "",
            "request_models": {},
            "request_parameters": {},
            "request_validator_id": "",
            "resource_id": "6emjgf",
            "rest_api_id": "buzzzp4ywk"
          },
          "sensitive_attributes": [],
          "identity_schema_version": 0,
          "private": "bnVsbA==",
          "dependencies": [
            "aws_api_gateway_resource.athletes",
            "aws_api_gateway_resource.coaches",
            "aws_api_gateway_resource.general",
            "aws_api_gateway_resource.relations",
            "aws_api_gateway_resource.subresources",
            "aws_api_gateway_rest_api.main",
            "aws_db_instance.default",
            "aws_db_subnet_group.rds_private",
            "aws_iam_role.lambda_role",
            "aws_iam_role_policy_attachment.lambda_rds_auth",
            "aws_lambda_function.lambdas",
            "aws_lambda_layer_version.rds",
            "aws_lambda_layer_version.user_auth",
            "aws_security_group.lambda_sg",
            "aws_subnet.private_subnet1",
            "aws_subnet.private_subnet2",
            "data.archive_file.lambda_archives",
            "data.archive_file.rds_layer",
            "data.archive_file.user_auth_layer",
            "data.aws_availability_zones.available",
            "data.aws_vpc.default"
          ],
          "create_before_destroy": true
        },
        {
          "index_key": "athletes/search_input_history_date",
          "schema_version": 0,
          "attributes": {
            "api_key_required": false,
            "authorization": "NONE",
            "authorization_scopes": [],
            "authorizer_id": "",
            "http_method": "OPTIONS",
            "id": "agm-buzzzp4ywk-l00oeq-OPTIONS",
            "operation_name": "",
            "request_models": {},
            "request_parameters": {},
            "request_validator_id": "",
            "resource_id": "l00oeq",
            "rest_api_id": "buzzzp4ywk"
          },
          "sensitive_attributes": [],
          "identity_schema_version": 0,
          "private": "bnVsbA==",
          "dependencies": [
            "aws_api_gateway_resource.athletes",
            "aws_api_gateway_resource.coaches",
            "aws_api_gateway_resource.general",
            "aws_api_gateway_resource.relations",
            "aws_api_gateway_resource.subresources",
            "aws_api_gateway_rest_api.main",
            "aws_db_instance.default",
            "aws_db_subnet_group.rds_private",
            "aws_iam_role.lambda_role",
            "aws_iam_role_policy_attachment.lambda_rds_auth",
            "aws_lambda_function.lambdas",
            "aws_lambda_layer_version.rds",
            "aws_lambda_layer_version.user_auth",
            "aws_security_group.lambda_sg",
            "aws_subnet.private_subnet1",
            "aws_subnet.private_subnet2",
            "data.archive_file.lambda_archives",
            "data.archive_file.rds_layer",
            "data.archive_file.user_auth_layer",
            "data.aws_availability_zones.available",
            "data.aws_vpc.default"
          ],
          "create_before_destroy": true
        },
        {
          "index_key": "athletes/view_workout_inputs",
          "schema_version": 0,
          "attributes": {
            "api_key_required": false,
            "authorization": "NONE",
            "authorization_scopes": [],
            "authorizer_id": "",
            "http_method": "OPTIONS",
            "id": "agm-buzzzp4ywk-wqltih-OPTIONS",
            "operation_name": "",
            "request_models": {},
            "request_parameters": {},
            "request_validator_id": "",
            "resource_id": "wqltih",
            "rest_api_id": "buzzzp4ywk"
          },
          "sensitive_attributes": [],
          "identity_schema_version": 0,
          "private": "bnVsbA==",
          "dependencies": [
            "aws_api_gateway_resource.athletes",
            "aws_api_gateway_resource.coaches",
            "aws_api_gateway_resource.general",
            "aws_api_gateway_resource.relations",
            "aws_api_gateway_resource.subresources",
            "aws_api_gateway_rest_api.main",
            "aws_db_instance.default",
            "aws_db_subnet_group.rds_private",
            "aws_iam_role.lambda_role",
            "aws_iam_role_policy_attachment.lambda_rds_auth",
            "aws_lambda_function.lambdas",
            "aws_lambda_layer_version.rds",
            "aws_lambda_layer_version.user_auth",
            "aws_security_group.lambda_sg",
            "aws_subnet.private_subnet1",
            "aws_subnet.private_subnet2",
            "data.archive_file.lambda_archives",
            "data.archive_file.rds_layer",
            "data.archive_file.user_auth_layer",
            "data.aws_availability_zones.available",
            "data.aws_vpc.default"
          ],
          "create_before_destroy": true
        },
        {
          "index_key": "coaches/add_athlete_to_group",
          "schema_version": 0,
          "attributes": {
            "api_key_required": false,
            "authorization": "NONE",
            "authorization_scopes": [],
            "authorizer_id": "",
            "http_method": "OPTIONS",
            "id": "agm-buzzzp4ywk-wz3zfq-OPTIONS",
            "operation_name": "",
            "request_models": {},
            "request_parameters": {},
            "request_validator_id": "",
            "resource_id": "wz3zfq",
            "rest_api_id": "buzzzp4ywk"
          },
          "sensitive_attributes": [],
          "identity_schema_version": 0,
          "private": "bnVsbA==",
          "dependencies": [
            "aws_api_gateway_resource.athletes",
            "aws_api_gateway_resource.coaches",
            "aws_api_gateway_resource.general",
            "aws_api_gateway_resource.relations",
            "aws_api_gateway_resource.subresources",
            "aws_api_gateway_rest_api.main",
            "aws_db_instance.default",
            "aws_db_subnet_group.rds_private",
            "aws_iam_role.lambda_role",
            "aws_iam_role_policy_attachment.lambda_rds_auth",
            "aws_lambda_function.lambdas",
            "aws_lambda_layer_version.rds",
            "aws_lambda_layer_version.user_auth",
            "aws_security_group.lambda_sg",
            "aws_subnet.private_subnet1",
            "aws_subnet.private_subnet2",
            "data.archive_file.lambda_archives",
            "data.archive_file.rds_layer",
            "data.archive_file.user_auth_layer",
            "data.aws_availability_zones.available",
            "data.aws_vpc.default"
          ],
          "create_before_destroy": true
        },
        {
          "index_key": "coaches/assign_group_workout",
          "schema_version": 0,
          "attributes": {
            "api_key_required": false,
            "authorization": "NONE",
            "authorization_scopes": [],
            "authorizer_id": "",
            "http_method": "OPTIONS",
            "id": "agm-buzzzp4ywk-d0t6xd-OPTIONS",
            "operation_name": "",
            "request_models": {},
            "request_parameters": {},
            "request_validator_id": "",
            "resource_id": "d0t6xd",
            "rest_api_id": "buzzzp4ywk"
          },
          "sensitive_attributes": [],
          "identity_schema_version": 0,
          "private": "bnVsbA==",
          "dependencies": [
            "aws_api_gateway_resource.athletes",
            "aws_api_gateway_resource.coaches",
            "aws_api_gateway_resource.general",
            "aws_api_gateway_resource.relations",
            "aws_api_gateway_resource.subresources",
            "aws_api_gateway_rest_api.main",
            "aws_db_instance.default",
            "aws_db_subnet_group.rds_private",
            "aws_iam_role.lambda_role",
            "aws_iam_role_policy_attachment.lambda_rds_auth",
            "aws_lambda_function.lambdas",
            "aws_lambda_layer_version.rds",
            "aws_lambda_layer_version.user_auth",
            "aws_security_group.lambda_sg",
            "aws_subnet.private_subnet1",
            "aws_subnet.private_subnet2",
            "data.archive_file.lambda_archives",
            "data.archive_file.rds_layer",
            "data.archive_file.user_auth_layer",
            "data.aws_availability_zones.available",
            "data.aws_vpc.default"
          ],
          "create_before_destroy": true
        },
        {
          "index_key": "coaches/assign_group_workout_template",
          "schema_version": 0,
          "attributes": {
            "api_key_required": false,
            "authorization": "NONE",
            "authorization_scopes": [],
            "authorizer_id": "",
            "http_method": "OPTIONS",
            "id": "agm-buzzzp4ywk-nl1j88-OPTIONS",
            "operation_name": "",
            "request_models": {},
            "request_parameters": {},
            "request_validator_id": "",
            "resource_id": "nl1j88",
            "rest_api_id": "buzzzp4ywk"
          },
          "sensitive_attributes": [],
          "identity_schema_version": 0,
          "private": "bnVsbA==",
          "dependencies": [
            "aws_api_gateway_resource.athletes",
            "aws_api_gateway_resource.coaches",
            "aws_api_gateway_resource.general",
            "aws_api_gateway_resource.relations",
            "aws_api_gateway_resource.subresources",
            "aws_api_gateway_rest_api.main",
            "aws_db_instance.default",
            "aws_db_subnet_group.rds_private",
            "aws_iam_role.lambda_role",
            "aws_iam_role_policy_attachment.lambda_rds_auth",
            "aws_lambda_function.lambdas",
            "aws_lambda_layer_version.rds",
            "aws_lambda_layer_version.user_auth",
            "aws_security_group.lambda_sg",
            "aws_subnet.private_subnet1",
            "aws_subnet.private_subnet2",
            "data.archive_file.lambda_archives",
            "data.archive_file.rds_layer",
            "data.archive_file.user_auth_layer",
            "data.aws_availability_zones.available",
            "data.aws_vpc.default"
          ],
          "create_before_destroy": true
        },
        {
          "index_key": "coaches/create_group",
          "schema_version": 0,
          "attributes": {
            "api_key_required": false,
            "authorization": "NONE",
            "authorization_scopes": [],
            "authorizer_id": "",
            "http_method": "OPTIONS",
            "id": "agm-buzzzp4ywk-x30w08-OPTIONS",
            "operation_name": "",
            "request_models": {},
            "request_parameters": {},
            "request_validator_id": "",
            "resource_id": "x30w08",
            "rest_api_id": "buzzzp4ywk"
          },
          "sensitive_attributes": [],
          "identity_schema_version": 0,
          "private": "bnVsbA==",
          "dependencies": [
            "aws_api_gateway_resource.athletes",
            "aws_api_gateway_resource.coaches",
            "aws_api_gateway_resource.general",
            "aws_api_gateway_resource.relations",
            "aws_api_gateway_resource.subresources",
            "aws_api_gateway_rest_api.main",
            "aws_db_instance.default",
            "aws_db_subnet_group.rds_private",
            "aws_iam_role.lambda_role",
            "aws_iam_role_policy_attachment.lambda_rds_auth",
            "aws_lambda_function.lambdas",
            "aws_lambda_layer_version.rds",
            "aws_lambda_layer_version.user_auth",
            "aws_security_group.lambda_sg",
            "aws_subnet.private_subnet1",
            "aws_subnet.private_subnet2",
            "data.archive_file.lambda_archives",
            "data.archive_file.rds_layer",
            "data.archive_file.user_auth_layer",
            "data.aws_availability_zones.available",
            "data.aws_vpc.default"
          ],
          "create_before_destroy": true
        },
        {
          "index_key": "coaches/create_workout_template",
          "schema_version": 0,
          "attributes": {
            "api_key_required": false,
            "authorization": "NONE",
            "authorization_scopes": [],
            "authorizer_id": "",
            "http_method": "OPTIONS",
            "id": "agm-buzzzp4ywk-6cxvjn-OPTIONS",
            "operation_name": "",
            "request_models": {},
            "request_parameters": {},
            "request_validator_id": "",
            "resource_id": "6cxvjn",
            "rest_api_id": "buzzzp4ywk"
          },
          "sensitive_attributes": [],
          "identity_schema_version": 0,
          "private": "bnVsbA==",
          "dependencies": [
            "aws_api_gateway_resource.athletes",
            "aws_api_gateway_resource.coaches",
            "aws_api_gateway_resource.general",
            "aws_api_gateway_resource.relations",
            "aws_api_gateway_resource.subresources",
            "aws_api_gateway_rest_api.main",
            "aws_db_instance.default",
            "aws_db_subnet_group.rds_private",
            "aws_iam_role.lambda_role",
            "aws_iam_role_policy_attachment.lambda_rds_auth",
            "aws_lambda_function.lambdas",
            "aws_lambda_layer_version.rds",
            "aws_lambda_layer_version.user_auth",
            "aws_security_group.lambda_sg",
            "aws_subnet.private_subnet1",
            "aws_subnet.private_subnet2",
            "data.archive_file.lambda_archives",
            "data.archive_file.rds_layer",
            "data.archive_file.user_auth_layer",
            "data.aws_availability_zones.available",
            "data.aws_vpc.default"
          ],
          "create_before_destroy": true
        },
        {
          "index_key": "coaches/delete_group",
          "schema_version": 0,
          "attributes": {
            "api_key_required": false,
            "authorization": "NONE",
            "authorization_scopes": [],
            "authorizer_id": "",
            "http_method": "OPTIONS",
            "id": "agm-buzzzp4ywk-qbwhq3-OPTIONS",
            "operation_name": "",
            "request_models": {},
            "request_parameters": {},
            "request_validator_id": "",
            "resource_id": "qbwhq3",
            "rest_api_id": "buzzzp4ywk"
          },
          "sensitive_attributes": [],
          "identity_schema_version": 0,
          "private": "bnVsbA==",
          "dependencies": [
            "aws_api_gateway_resource.athletes",
            "aws_api_gateway_resource.coaches",
            "aws_api_gateway_resource.general",
            "aws_api_gateway_resource.relations",
            "aws_api_gateway_resource.subresources",
            "aws_api_gateway_rest_api.main",
            "aws_db_instance.default",
            "aws_db_subnet_group.rds_private",
            "aws_iam_role.lambda_role",
            "aws_iam_role_policy_attachment.lambda_rds_auth",
            "aws_lambda_function.lambdas",
            "aws_lambda_layer_version.rds",
            "aws_lambda_layer_version.user_auth",
            "aws_security_group.lambda_sg",
            "aws_subnet.private_subnet1",
            "aws_subnet.private_subnet2",
            "data.archive_file.lambda_archives",
            "data.archive_file.rds_layer",
            "data.archive_file.user_auth_layer",
            "data.aws_availability_zones.available",
            "data.aws_vpc.default"
          ],
          "create_before_destroy": true
        },
        {
          "index_key": "coaches/delete_group_workout",
          "schema_version": 0,
          "attributes": {
            "api_key_required": false,
            "authorization": "NONE",
            "authorization_scopes": [],
            "authorizer_id": "",
            "http_method": "OPTIONS",
            "id": "agm-buzzzp4ywk-zay0w3-OPTIONS",
            "operation_name": "",
            "request_models": {},
            "request_parameters": {},
            "request_validator_id": "",
            "resource_id": "zay0w3",
            "rest_api_id": "buzzzp4ywk"
          },
          "sensitive_attributes": [],
          "identity_schema_version": 0,
          "private": "bnVsbA==",
          "dependencies": [
            "aws_api_gateway_resource.athletes",
            "aws_api_gateway_resource.coaches",
            "aws_api_gateway_resource.general",
            "aws_api_gateway_resource.relations",
            "aws_api_gateway_resource.subresources",
            "aws_api_gateway_rest_api.main",
            "aws_db_instance.default",
            "aws_db_subnet_group.rds_private",
            "aws_iam_role.lambda_role",
            "aws_iam_role_policy_attachment.lambda_rds_auth",
            "aws_lambda_function.lambdas",
            "aws_lambda_layer_version.rds",
            "aws_lambda_layer_version.user_auth",
            "aws_security_group.lambda_sg",
            "aws_subnet.private_subnet1",
            "aws_subnet.private_subnet2",
            "data.archive_file.lambda_archives",
            "data.archive_file.rds_layer",
            "data.archive_file.user_auth_layer",
            "data.aws_availability_zones.available",
            "data.aws_vpc.default"
          ],
          "create_before_destroy": true
        },
        {
          "index_key": "coaches/delete_workout_template",
          "schema_version": 0,
          "attributes": {
            "api_key_required": false,
            "authorization": "NONE",
            "authorization_scopes": [],
            "authorizer_id": "",
            "http_method": "OPTIONS",
            "id": "agm-buzzzp4ywk-63809l-OPTIONS",
            "operation_name": "",
            "request_models": {},
            "request_parameters": {},
            "request_validator_id": "",
            "resource_id": "63809l",
            "rest_api_id": "buzzzp4ywk"
          },
          "sensitive_attributes": [],
          "identity_schema_version": 0,
          "private": "bnVsbA==",
          "dependencies": [
            "aws_api_gateway_resource.athletes",
            "aws_api_gateway_resource.coaches",
            "aws_api_gateway_resource.general",
            "aws_api_gateway_resource.relations",
            "aws_api_gateway_resource.subresources",
            "aws_api_gateway_rest_api.main",
            "aws_db_instance.default",
            "aws_db_subnet_group.rds_private",
            "aws_iam_role.lambda_role",
            "aws_iam_role_policy_attachment.lambda_rds_auth",
            "aws_lambda_function.lambdas",
            "aws_lambda_layer_version.rds",
            "aws_lambda_layer_version.user_auth",
            "aws_security_group.lambda_sg",
            "aws_subnet.private_subnet1",
            "aws_subnet.private_subnet2",
            "data.archive_file.lambda_archives",
            "data.archive_file.rds_layer",
            "data.archive_file.user_auth_layer",
            "data.aws_availability_zones.available",
            "data.aws_vpc.default"
          ],
          "create_before_destroy": true
        },
        {
          "index_key": "coaches/fetch_historical_data",
          "schema_version": 0,
          "attributes": {
            "api_key_required": false,
            "authorization": "NONE",
            "authorization_scopes": [],
            "authorizer_id": "",
            "http_method": "OPTIONS",
            "id": "agm-buzzzp4ywk-q5mjqd-OPTIONS",
            "operation_name": "",
            "request_models": {},
            "request_parameters": {},
            "request_validator_id": "",
            "resource_id": "q5mjqd",
            "rest_api_id": "buzzzp4ywk"
          },
          "sensitive_attributes": [],
          "identity_schema_version": 0,
          "private": "bnVsbA==",
          "dependencies": [
            "aws_api_gateway_resource.athletes",
            "aws_api_gateway_resource.coaches",
            "aws_api_gateway_resource.general",
            "aws_api_gateway_resource.relations",
            "aws_api_gateway_resource.subresources",
            "aws_api_gateway_rest_api.main",
            "aws_db_instance.default",
            "aws_db_subnet_group.rds_private",
            "aws_iam_role.lambda_role",
            "aws_iam_role_policy_attachment.lambda_rds_auth",
            "aws_lambda_function.lambdas",
            "aws_lambda_layer_version.rds",
            "aws_lambda_layer_version.user_auth",
            "aws_security_group.lambda_sg",
            "aws_subnet.private_subnet1",
            "aws_subnet.private_subnet2",
            "data.archive_file.lambda_archives",
            "data.archive_file.rds_layer",
            "data.archive_file.user_auth_layer",
            "data.aws_availability_zones.available",
            "data.aws_vpc.default"
          ],
          "create_before_destroy": true
        },
        {
          "index_key": "coaches/get_absent_group_athletes",
          "schema_version": 0,
          "attributes": {
            "api_key_required": false,
            "authorization": "NONE",
            "authorization_scopes": [],
            "authorizer_id": "",
            "http_method": "OPTIONS",
            "id": "agm-buzzzp4ywk-td0207-OPTIONS",
            "operation_name": "",
            "request_models": {},
            "request_parameters": {},
            "request_validator_id": "",
            "resource_id": "td0207",
            "rest_api_id": "buzzzp4ywk"
          },
          "sensitive_attributes": [],
          "identity_schema_version": 0,
          "private": "bnVsbA==",
          "dependencies": [
            "aws_api_gateway_resource.athletes",
            "aws_api_gateway_resource.coaches",
            "aws_api_gateway_resource.general",
            "aws_api_gateway_resource.relations",
            "aws_api_gateway_resource.subresources",
            "aws_api_gateway_rest_api.main",
            "aws_db_instance.default",
            "aws_db_subnet_group.rds_private",
            "aws_iam_role.lambda_role",
            "aws_iam_role_policy_attachment.lambda_rds_auth",
            "aws_lambda_function.lambdas",
            "aws_lambda_layer_version.rds",
            "aws_lambda_layer_version.user_auth",
            "aws_security_group.lambda_sg",
            "aws_subnet.private_subnet1",
            "aws_subnet.private_subnet2",
            "data.archive_file.lambda_archives",
            "data.archive_file.rds_layer",
            "data.archive_file.user_auth_layer",
            "data.aws_availability_zones.available",
            "data.aws_vpc.default"
          ],
          "create_before_destroy": true
        },
        {
          "index_key": "coaches/get_available_history_dates",
          "schema_version": 0,
          "attributes": {
            "api_key_required": false,
            "authorization": "NONE",
            "authorization_scopes": [],
            "authorizer_id": "",
            "http_method": "OPTIONS",
            "id": "agm-buzzzp4ywk-j8bnua-OPTIONS",
            "operation_name": "",
            "request_models": {},
            "request_parameters": {},
            "request_validator_id": "",
            "resource_id": "j8bnua",
            "rest_api_id": "buzzzp4ywk"
          },
          "sensitive_attributes": [],
          "identity_schema_version": 0,
          "private": "bnVsbA==",
          "dependencies": [
            "aws_api_gateway_resource.athletes",
            "aws_api_gateway_resource.coaches",
            "aws_api_gateway_resource.general",
            "aws_api_gateway_resource.relations",
            "aws_api_gateway_resource.subresources",
            "aws_api_gateway_rest_api.main",
            "aws_db_instance.default",
            "aws_db_subnet_group.rds_private",
            "aws_iam_role.lambda_role",
            "aws_iam_role_policy_attachment.lambda_rds_auth",
            "aws_lambda_function.lambdas",
            "aws_lambda_layer_version.rds",
            "aws_lambda_layer_version.user_auth",
            "aws_security_group.lambda_sg",
            "aws_subnet.private_subnet1",
            "aws_subnet.private_subnet2",
            "data.archive_file.lambda_archives",
            "data.archive_file.rds_layer",
            "data.archive_file.user_auth_layer",
            "data.aws_availability_zones.available",
            "data.aws_vpc.default"
          ],
          "create_before_destroy": true
        },
        {
          "index_key": "coaches/get_workout_templates",
          "schema_version": 0,
          "attributes": {
            "api_key_required": false,
            "authorization": "NONE",
            "authorization_scopes": [],
            "authorizer_id": "",
            "http_method": "OPTIONS",
            "id": "agm-buzzzp4ywk-nw96aq-OPTIONS",
            "operation_name": "",
            "request_models": {},
            "request_parameters": {},
            "request_validator_id": "",
            "resource_id": "nw96aq",
            "rest_api_id": "buzzzp4ywk"
          },
          "sensitive_attributes": [],
          "identity_schema_version": 0,
          "private": "bnVsbA==",
          "dependencies": [
            "aws_api_gateway_resource.athletes",
            "aws_api_gateway_resource.coaches",
            "aws_api_gateway_resource.general",
            "aws_api_gateway_resource.relations",
            "aws_api_gateway_resource.subresources",
            "aws_api_gateway_rest_api.main",
            "aws_db_instance.default",
            "aws_db_subnet_group.rds_private",
            "aws_iam_role.lambda_role",
            "aws_iam_role_policy_attachment.lambda_rds_auth",
            "aws_lambda_function.lambdas",
            "aws_lambda_layer_version.rds",
            "aws_lambda_layer_version.user_auth",
            "aws_security_group.lambda_sg",
            "aws_subnet.private_subnet1",
            "aws_subnet.private_subnet2",
            "data.archive_file.lambda_archives",
            "data.archive_file.rds_layer",
            "data.archive_file.user_auth_layer",
            "data.aws_availability_zones.available",
            "data.aws_vpc.default"
          ],
          "create_before_destroy": true
        },
        {
          "index_key": "coaches/remove_group_athlete",
          "schema_version": 0,
          "attributes": {
            "api_key_required": false,
            "authorization": "NONE",
            "authorization_scopes": [],
            "authorizer_id": "",
            "http_method": "OPTIONS",
            "id": "agm-buzzzp4ywk-0aq10y-OPTIONS",
            "operation_name": "",
            "request_models": {},
            "request_parameters": {},
            "request_validator_id": "",
            "resource_id": "0aq10y",
            "rest_api_id": "buzzzp4ywk"
          },
          "sensitive_attributes": [],
          "identity_schema_version": 0,
          "private": "bnVsbA==",
          "dependencies": [
            "aws_api_gateway_resource.athletes",
            "aws_api_gateway_resource.coaches",
            "aws_api_gateway_resource.general",
            "aws_api_gateway_resource.relations",
            "aws_api_gateway_resource.subresources",
            "aws_api_gateway_rest_api.main",
            "aws_db_instance.default",
            "aws_db_subnet_group.rds_private",
            "aws_iam_role.lambda_role",
            "aws_iam_role_policy_attachment.lambda_rds_auth",
            "aws_lambda_function.lambdas",
            "aws_lambda_layer_version.rds",
            "aws_lambda_layer_version.user_auth",
            "aws_security_group.lambda_sg",
            "aws_subnet.private_subnet1",
            "aws_subnet.private_subnet2",
            "data.archive_file.lambda_archives",
            "data.archive_file.rds_layer",
            "data.archive_file.user_auth_layer",
            "data.aws_availability_zones.available",
            "data.aws_vpc.default"
          ],
          "create_before_destroy": true
        },
        {
          "index_key": "general/create_user",
          "schema_version": 0,
          "attributes": {
            "api_key_required": false,
            "authorization": "NONE",
            "authorization_scopes": [],
            "authorizer_id": "",
            "http_method": "OPTIONS",
            "id": "agm-buzzzp4ywk-3ux4l0-OPTIONS",
            "operation_name": "",
            "request_models": {},
            "request_parameters": {},
            "request_validator_id": "",
            "resource_id": "3ux4l0",
            "rest_api_id": "buzzzp4ywk"
          },
          "sensitive_attributes": [],
          "identity_schema_version": 0,
          "private": "bnVsbA==",
          "dependencies": [
            "aws_api_gateway_resource.athletes",
            "aws_api_gateway_resource.coaches",
            "aws_api_gateway_resource.general",
            "aws_api_gateway_resource.relations",
            "aws_api_gateway_resource.subresources",
            "aws_api_gateway_rest_api.main",
            "aws_db_instance.default",
            "aws_db_subnet_group.rds_private",
            "aws_iam_role.lambda_role",
            "aws_iam_role_policy_attachment.lambda_rds_auth",
            "aws_lambda_function.lambdas",
            "aws_lambda_layer_version.rds",
            "aws_lambda_layer_version.user_auth",
            "aws_security_group.lambda_sg",
            "aws_subnet.private_subnet1",
            "aws_subnet.private_subnet2",
            "data.archive_file.lambda_archives",
            "data.archive_file.rds_layer",
            "data.archive_file.user_auth_layer",
            "data.aws_availability_zones.available",
            "data.aws_vpc.default"
          ],
          "create_before_destroy": true
        },
        {
          "index_key": "general/get_athletes_for_group",
          "schema_version": 0,
          "attributes": {
            "api_key_required": false,
            "authorization": "NONE",
            "authorization_scopes": [],
            "authorizer_id": "",
            "http_method": "OPTIONS",
            "id": "agm-buzzzp4ywk-1g3n72-OPTIONS",
            "operation_name": "",
            "request_models": {},
            "request_parameters": {},
            "request_validator_id": "",
            "resource_id": "1g3n72",
            "rest_api_id": "buzzzp4ywk"
          },
          "sensitive_attributes": [],
          "identity_schema_version": 0,
          "private": "bnVsbA==",
          "dependencies": [
            "aws_api_gateway_resource.athletes",
            "aws_api_gateway_resource.coaches",
            "aws_api_gateway_resource.general",
            "aws_api_gateway_resource.relations",
            "aws_api_gateway_resource.subresources",
            "aws_api_gateway_rest_api.main",
            "aws_db_instance.default",
            "aws_db_subnet_group.rds_private",
            "aws_iam_role.lambda_role",
            "aws_iam_role_policy_attachment.lambda_rds_auth",
            "aws_lambda_function.lambdas",
            "aws_lambda_layer_version.rds",
            "aws_lambda_layer_version.user_auth",
            "aws_security_group.lambda_sg",
            "aws_subnet.private_subnet1",
            "aws_subnet.private_subnet2",
            "data.archive_file.lambda_archives",
            "data.archive_file.rds_layer",
            "data.archive_file.user_auth_layer",
            "data.aws_availability_zones.available",
            "data.aws_vpc.default"
          ],
          "create_before_destroy": true
        },
        {
          "index_key": "general/get_group_workout",
          "schema_version": 0,
          "attributes": {
            "api_key_required": false,
            "authorization": "NONE",
            "authorization_scopes": [],
            "authorizer_id": "",
            "http_method": "OPTIONS",
            "id": "agm-buzzzp4ywk-26g1pa-OPTIONS",
            "operation_name": "",
            "request_models": {},
            "request_parameters": {},
            "request_validator_id": "",
            "resource_id": "26g1pa",
            "rest_api_id": "buzzzp4ywk"
          },
          "sensitive_attributes": [],
          "identity_schema_version": 0,
          "private": "bnVsbA==",
          "dependencies": [
            "aws_api_gateway_resource.athletes",
            "aws_api_gateway_resource.coaches",
            "aws_api_gateway_resource.general",
            "aws_api_gateway_resource.relations",
            "aws_api_gateway_resource.subresources",
            "aws_api_gateway_rest_api.main",
            "aws_db_instance.default",
            "aws_db_subnet_group.rds_private",
            "aws_iam_role.lambda_role",
            "aws_iam_role_policy_attachment.lambda_rds_auth",
            "aws_lambda_function.lambdas",
            "aws_lambda_layer_version.rds",
            "aws_lambda_layer_version.user_auth",
            "aws_security_group.lambda_sg",
            "aws_subnet.private_subnet1",
            "aws_subnet.private_subnet2",
            "data.archive_file.lambda_archives",
            "data.archive_file.rds_layer",
            "data.archive_file.user_auth_layer",
            "data.aws_availability_zones.available",
            "data.aws_vpc.default"
          ],
          "create_before_destroy": true
        },
        {
          "index_key": "general/get_groups",
          "schema_version": 0,
          "attributes": {
            "api_key_required": false,
            "authorization": "NONE",
            "authorization_scopes": [],
            "authorizer_id": "",
            "http_method": "OPTIONS",
            "id": "agm-buzzzp4ywk-db44ui-OPTIONS",
            "operation_name": "",
            "request_models": {},
            "request_parameters": {},
            "request_validator_id": "",
            "resource_id": "db44ui",
            "rest_api_id": "buzzzp4ywk"
          },
          "sensitive_attributes": [],
          "identity_schema_version": 0,
          "private": "bnVsbA==",
          "dependencies": [
            "aws_api_gateway_resource.athletes",
            "aws_api_gateway_resource.coaches",
            "aws_api_gateway_resource.general",
            "aws_api_gateway_resource.relations",
            "aws_api_gateway_resource.subresources",
            "aws_api_gateway_rest_api.main",
            "aws_db_instance.default",
            "aws_db_subnet_group.rds_private",
            "aws_iam_role.lambda_role",
            "aws_iam_role_policy_attachment.lambda_rds_auth",
            "aws_lambda_function.lambdas",
            "aws_lambda_layer_version.rds",
            "aws_lambda_layer_version.user_auth",
            "aws_security_group.lambda_sg",
            "aws_subnet.private_subnet1",
            "aws_subnet.private_subnet2",
            "data.archive_file.lambda_archives",
            "data.archive_file.rds_layer",
            "data.archive_file.user_auth_layer",
            "data.aws_availability_zones.available",
            "data.aws_vpc.default"
          ],
          "create_before_destroy": true
        },
        {
          "index_key": "general/get_user",
          "schema_version": 0,
          "attributes": {
            "api_key_required": false,
            "authorization": "NONE",
            "authorization_scopes": [],
            "authorizer_id": "",
            "http_method": "OPTIONS",
            "id": "agm-buzzzp4ywk-ofzmk1-OPTIONS",
            "operation_name": "",
            "request_models": {},
            "request_parameters": {},
            "request_validator_id": "",
            "resource_id": "ofzmk1",
            "rest_api_id": "buzzzp4ywk"
          },
          "sensitive_attributes": [],
          "identity_schema_version": 0,
          "private": "bnVsbA==",
          "dependencies": [
            "aws_api_gateway_resource.athletes",
            "aws_api_gateway_resource.coaches",
            "aws_api_gateway_resource.general",
            "aws_api_gateway_resource.relations",
            "aws_api_gateway_resource.subresources",
            "aws_api_gateway_rest_api.main",
            "aws_db_instance.default",
            "aws_db_subnet_group.rds_private",
            "aws_iam_role.lambda_role",
            "aws_iam_role_policy_attachment.lambda_rds_auth",
            "aws_lambda_function.lambdas",
            "aws_lambda_layer_version.rds",
            "aws_lambda_layer_version.user_auth",
            "aws_security_group.lambda_sg",
            "aws_subnet.private_subnet1",
            "aws_subnet.private_subnet2",
            "data.archive_file.lambda_archives",
            "data.archive_file.rds_layer",
            "data.archive_file.user_auth_layer",
            "data.aws_availability_zones.available",
            "data.aws_vpc.default"
          ],
          "create_before_destroy": true
        },
        {
          "index_key": "general/get_weekly_schedule",
          "schema_version": 0,
          "attributes": {
            "api_key_required": false,
            "authorization": "NONE",
            "authorization_scopes": [],
            "authorizer_id": "",
            "http_method": "OPTIONS",
            "id": "agm-buzzzp4ywk-8t33db-OPTIONS",
            "operation_name": "",
            "request_models": {},
            "request_parameters": {},
            "request_validator_id": "",
            "resource_id": "8t33db",
            "rest_api_id": "buzzzp4ywk"
          },
          "sensitive_attributes": [],
          "identity_schema_version": 0,
          "private": "bnVsbA==",
          "dependencies": [
            "aws_api_gateway_resource.athletes",
            "aws_api_gateway_resource.coaches",
            "aws_api_gateway_resource.general",
            "aws_api_gateway_resource.relations",
            "aws_api_gateway_resource.subresources",
            "aws_api_gateway_rest_api.main",
            "aws_db_instance.default",
            "aws_db_subnet_group.rds_private",
            "aws_iam_role.lambda_role",
            "aws_iam_role_policy_attachment.lambda_rds_auth",
            "aws_lambda_function.lambdas",
            "aws_lambda_layer_version.rds",
            "aws_lambda_layer_version.user_auth",
            "aws_security_group.lambda_sg",
            "aws_subnet.private_subnet1",
            "aws_subnet.private_subnet2",
            "data.archive_file.lambda_archives",
            "data.archive_file.rds_layer",
            "data.archive_file.user_auth_layer",
            "data.aws_availability_zones.available",
            "data.aws_vpc.default"
          ],
          "create_before_destroy": true
        },
        {
          "index_key": "general/mass_input",
          "schema_version": 0,
          "attributes": {
            "api_key_required": false,
            "authorization": "NONE",
            "authorization_scopes": [],
            "authorizer_id": "",
            "http_method": "OPTIONS",
            "id": "agm-buzzzp4ywk-ozp6d8-OPTIONS",
            "operation_name": "",
            "request_models": {},
            "request_parameters": {},
            "request_validator_id": "",
            "resource_id": "ozp6d8",
            "rest_api_id": "buzzzp4ywk"
          },
          "sensitive_attributes": [],
          "identity_schema_version": 0,
          "private": "bnVsbA==",
          "dependencies": [
            "aws_api_gateway_resource.athletes",
            "aws_api_gateway_resource.coaches",
            "aws_api_gateway_resource.general",
            "aws_api_gateway_resource.relations",
            "aws_api_gateway_resource.subresources",
            "aws_api_gateway_rest_api.main",
            "aws_db_instance.default",
            "aws_db_subnet_group.rds_private",
            "aws_iam_role.lambda_role",
            "aws_iam_role_policy_attachment.lambda_rds_auth",
            "aws_lambda_function.lambdas",
            "aws_lambda_layer_version.rds",
            "aws_lambda_layer_version.user_auth",
            "aws_security_group.lambda_sg",
            "aws_subnet.private_subnet1",
            "aws_subnet.private_subnet2",
            "data.archive_file.lambda_archives",
            "data.archive_file.rds_layer",
            "data.archive_file.user_auth_layer",
            "data.aws_availability_zones.available",
            "data.aws_vpc.default"
          ],
          "create_before_destroy": true
        },
        {
          "index_key": "general/update_user_profile",
          "schema_version": 0,
          "attributes": {
            "api_key_required": false,
            "authorization": "NONE",
            "authorization_scopes": [],
            "authorizer_id": "",
            "http_method": "OPTIONS",
            "id": "agm-buzzzp4ywk-82va20-OPTIONS",
            "operation_name": "",
            "request_models": {},
            "request_parameters": {},
            "request_validator_id": "",
            "resource_id": "82va20",
            "rest_api_id": "buzzzp4ywk"
          },
          "sensitive_attributes": [],
          "identity_schema_version": 0,
          "private": "bnVsbA==",
          "dependencies": [
            "aws_api_gateway_resource.athletes",
            "aws_api_gateway_resource.coaches",
            "aws_api_gateway_resource.general",
            "aws_api_gateway_resource.relations",
            "aws_api_gateway_resource.subresources",
            "aws_api_gateway_rest_api.main",
            "aws_db_instance.default",
            "aws_db_subnet_group.rds_private",
            "aws_iam_role.lambda_role",
            "aws_iam_role_policy_attachment.lambda_rds_auth",
            "aws_lambda_function.lambdas",
            "aws_lambda_layer_version.rds",
            "aws_lambda_layer_version.user_auth",
            "aws_security_group.lambda_sg",
            "aws_subnet.private_subnet1",
            "aws_subnet.private_subnet2",
            "data.archive_file.lambda_archives",
            "data.archive_file.rds_layer",
            "data.archive_file.user_auth_layer",
            "data.aws_availability_zones.available",
            "data.aws_vpc.default"
          ],
          "create_before_destroy": true
        },
        {
          "index_key": "general/view_group_inputs",
          "schema_version": 0,
          "attributes": {
            "api_key_required": false,
            "authorization": "NONE",
            "authorization_scopes": [],
            "authorizer_id": "",
            "http_method": "OPTIONS",
            "id": "agm-buzzzp4ywk-cgp43o-OPTIONS",
            "operation_name": "",
            "request_models": {},
            "request_parameters": {},
            "request_validator_id": "",
            "resource_id": "cgp43o",
            "rest_api_id": "buzzzp4ywk"
          },
          "sensitive_attributes": [],
          "identity_schema_version": 0,
          "private": "bnVsbA==",
          "dependencies": [
            "aws_api_gateway_resource.athletes",
            "aws_api_gateway_resource.coaches",
            "aws_api_gateway_resource.general",
            "aws_api_gateway_resource.relations",
            "aws_api_gateway_resource.subresources",
            "aws_api_gateway_rest_api.main",
            "aws_db_instance.default",
            "aws_db_subnet_group.rds_private",
            "aws_iam_role.lambda_role",
            "aws_iam_role_policy_attachment.lambda_rds_auth",
            "aws_lambda_function.lambdas",
            "aws_lambda_layer_version.rds",
            "aws_lambda_layer_version.user_auth",
            "aws_security_group.lambda_sg",
            "aws_subnet.private_subnet1",
            "aws_subnet.private_subnet2",
            "data.archive_file.lambda_archives",
            "data.archive_file.rds_layer",
            "data.archive_file.user_auth_layer",
            "data.aws_availability_zones.available",
            "data.aws_vpc.default"
          ],
          "create_before_destroy": true
        },
        {
          "index_key": "relations/add_relation",
          "schema_version": 0,
          "attributes": {
            "api_key_required": false,
            "authorization": "NONE",
            "authorization_scopes": [],
            "authorizer_id": "",
            "http_method": "OPTIONS",
            "id": "agm-buzzzp4ywk-zs7qut-OPTIONS",
            "operation_name": "",
            "request_models": {},
            "request_parameters": {},
            "request_validator_id": "",
            "resource_id": "zs7qut",
            "rest_api_id": "buzzzp4ywk"
          },
          "sensitive_attributes": [],
          "identity_schema_version": 0,
          "private": "bnVsbA==",
          "dependencies": [
            "aws_api_gateway_resource.athletes",
            "aws_api_gateway_resource.coaches",
            "aws_api_gateway_resource.general",
            "aws_api_gateway_resource.relations",
            "aws_api_gateway_resource.subresources",
            "aws_api_gateway_rest_api.main",
            "aws_db_instance.default",
            "aws_db_subnet_group.rds_private",
            "aws_iam_role.lambda_role",
            "aws_iam_role_policy_attachment.lambda_rds_auth",
            "aws_lambda_function.lambdas",
            "aws_lambda_layer_version.rds",
            "aws_lambda_layer_version.user_auth",
            "aws_security_group.lambda_sg",
            "aws_subnet.private_subnet1",
            "aws_subnet.private_subnet2",
            "data.archive_file.lambda_archives",
            "data.archive_file.rds_layer",
            "data.archive_file.user_auth_layer",
            "data.aws_availability_zones.available",
            "data.aws_vpc.default"
          ],
          "create_before_destroy": true
        },
        {
          "index_key": "relations/get_mutual_user_relations",
          "schema_version": 0,
          "attributes": {
            "api_key_required": false,
            "authorization": "NONE",
            "authorization_scopes": [],
            "authorizer_id": "",
            "http_method": "OPTIONS",
            "id": "agm-buzzzp4ywk-h1iinp-OPTIONS",
            "operation_name": "",
            "request_models": {},
            "request_parameters": {},
            "request_validator_id": "",
            "resource_id": "h1iinp",
            "rest_api_id": "buzzzp4ywk"
          },
          "sensitive_attributes": [],
          "identity_schema_version": 0,
          "private": "bnVsbA==",
          "dependencies": [
            "aws_api_gateway_resource.athletes",
            "aws_api_gateway_resource.coaches",
            "aws_api_gateway_resource.general",
            "aws_api_gateway_resource.relations",
            "aws_api_gateway_resource.subresources",
            "aws_api_gateway_rest_api.main",
            "aws_db_instance.default",
            "aws_db_subnet_group.rds_private",
            "aws_iam_role.lambda_role",
            "aws_iam_role_policy_attachment.lambda_rds_auth",
            "aws_lambda_function.lambdas",
            "aws_lambda_layer_version.rds",
            "aws_lambda_layer_version.user_auth",
            "aws_security_group.lambda_sg",
            "aws_subnet.private_subnet1",
            "aws_subnet.private_subnet2",
            "data.archive_file.lambda_archives",
            "data.archive_file.rds_layer",
            "data.archive_file.user_auth_layer",
            "data.aws_availability_zones.available",
            "data.aws_vpc.default"
          ],
          "create_before_destroy": true
        },
        {
          "index_key": "relations/get_relation_invites",
          "schema_version": 0,
          "attributes": {
            "api_key_required": false,
            "authorization": "NONE",
            "authorization_scopes": [],
            "authorizer_id": "",
            "http_method": "OPTIONS",
            "id": "agm-buzzzp4ywk-q4nprh-OPTIONS",
            "operation_name": "",
            "request_models": {},
            "request_parameters": {},
            "request_validator_id": "",
            "resource_id": "q4nprh",
            "rest_api_id": "buzzzp4ywk"
          },
          "sensitive_attributes": [],
          "identity_schema_version": 0,
          "private": "bnVsbA==",
          "dependencies": [
            "aws_api_gateway_resource.athletes",
            "aws_api_gateway_resource.coaches",
            "aws_api_gateway_resource.general",
            "aws_api_gateway_resource.relations",
            "aws_api_gateway_resource.subresources",
            "aws_api_gateway_rest_api.main",
            "aws_db_instance.default",
            "aws_db_subnet_group.rds_private",
            "aws_iam_role.lambda_role",
            "aws_iam_role_policy_attachment.lambda_rds_auth",
            "aws_lambda_function.lambdas",
            "aws_lambda_layer_version.rds",
            "aws_lambda_layer_version.user_auth",
            "aws_security_group.lambda_sg",
            "aws_subnet.private_subnet1",
            "aws_subnet.private_subnet2",
            "data.archive_file.lambda_archives",
            "data.archive_file.rds_layer",
            "data.archive_file.user_auth_layer",
            "data.aws_availability_zones.available",
            "data.aws_vpc.default"
          ],
          "create_before_destroy": true
        },
        {
          "index_key": "relations/get_relation_invites_count",
          "schema_version": 0,
          "attributes": {
            "api_key_required": false,
            "authorization": "NONE",
            "authorization_scopes": [],
            "authorizer_id": "",
            "http_method": "OPTIONS",
            "id": "agm-buzzzp4ywk-7mmdfl-OPTIONS",
            "operation_name": "",
            "request_models": {},
            "request_parameters": {},
            "request_validator_id": "",
            "resource_id": "7mmdfl",
            "rest_api_id": "buzzzp4ywk"
          },
          "sensitive_attributes": [],
          "identity_schema_version": 0,
          "private": "bnVsbA==",
          "dependencies": [
            "aws_api_gateway_resource.athletes",
            "aws_api_gateway_resource.coaches",
            "aws_api_gateway_resource.general",
            "aws_api_gateway_resource.relations",
            "aws_api_gateway_resource.subresources",
            "aws_api_gateway_rest_api.main",
            "aws_db_instance.default",
            "aws_db_subnet_group.rds_private",
            "aws_iam_role.lambda_role",
            "aws_iam_role_policy_attachment.lambda_rds_auth",
            "aws_lambda_function.lambdas",
            "aws_lambda_layer_version.rds",
            "aws_lambda_layer_version.user_auth",
            "aws_security_group.lambda_sg",
            "aws_subnet.private_subnet1",
            "aws_subnet.private_subnet2",
            "data.archive_file.lambda_archives",
            "data.archive_file.rds_layer",
            "data.archive_file.user_auth_layer",
            "data.aws_availability_zones.available",
            "data.aws_vpc.default"
          ],
          "create_before_destroy": true
        },
        {
          "index_key": "relations/remove_user_relation",
          "schema_version": 0,
          "attributes": {
            "api_key_required": false,
            "authorization": "NONE",
            "authorization_scopes": [],
            "authorizer_id": "",
            "http_method": "OPTIONS",
            "id": "agm-buzzzp4ywk-xzk7ie-OPTIONS",
            "operation_name": "",
            "request_models": {},
            "request_parameters": {},
            "request_validator_id": "",
            "resource_id": "xzk7ie",
            "rest_api_id": "buzzzp4ywk"
          },
          "sensitive_attributes": [],
          "identity_schema_version": 0,
          "private": "bnVsbA==",
          "dependencies": [
            "aws_api_gateway_resource.athletes",
            "aws_api_gateway_resource.coaches",
            "aws_api_gateway_resource.general",
            "aws_api_gateway_resource.relations",
            "aws_api_gateway_resource.subresources",
            "aws_api_gateway_rest_api.main",
            "aws_db_instance.default",
            "aws_db_subnet_group.rds_private",
            "aws_iam_role.lambda_role",
            "aws_iam_role_policy_attachment.lambda_rds_auth",
            "aws_lambda_function.lambdas",
            "aws_lambda_layer_version.rds",
            "aws_lambda_layer_version.user_auth",
            "aws_security_group.lambda_sg",
            "aws_subnet.private_subnet1",
            "aws_subnet.private_subnet2",
            "data.archive_file.lambda_archives",
            "data.archive_file.rds_layer",
            "data.archive_file.user_auth_layer",
            "data.aws_availability_zones.available",
            "data.aws_vpc.default"
          ],
          "create_before_destroy": true
        },
        {
          "index_key": "relations/search_user_relation",
          "schema_version": 0,
          "attributes": {
            "api_key_required": false,
            "authorization": "NONE",
            "authorization_scopes": [],
            "authorizer_id": "",
            "http_method": "OPTIONS",
            "id": "agm-buzzzp4ywk-vodnr3-OPTIONS",
            "operation_name": "",
            "request_models": {},
            "request_parameters": {},
            "request_validator_id": "",
            "resource_id": "vodnr3",
            "rest_api_id": "buzzzp4ywk"
          },
          "sensitive_attributes": [],
          "identity_schema_version": 0,
          "private": "bnVsbA==",
          "dependencies": [
            "aws_api_gateway_resource.athletes",
            "aws_api_gateway_resource.coaches",
            "aws_api_gateway_resource.general",
            "aws_api_gateway_resource.relations",
            "aws_api_gateway_resource.subresources",
            "aws_api_gateway_rest_api.main",
            "aws_db_instance.default",
            "aws_db_subnet_group.rds_private",
            "aws_iam_role.lambda_role",
            "aws_iam_role_policy_attachment.lambda_rds_auth",
            "aws_lambda_function.lambdas",
            "aws_lambda_layer_version.rds",
            "aws_lambda_layer_version.user_auth",
            "aws_security_group.lambda_sg",
            "aws_subnet.private_subnet1",
            "aws_subnet.private_subnet2",
            "data.archive_file.lambda_archives",
            "data.archive_file.rds_layer",
            "data.archive_file.user_auth_layer",
            "data.aws_availability_zones.available",
            "data.aws_vpc.default"
          ],
          "create_before_destroy": true
        }
      ]
    },
    {
      "mode": "managed",
      "type": "aws_api_gateway_method_response",
      "name": "options",
      "provider": "provider[\"registry.terraform.io/hashicorp/aws\"]",
      "instances": [
        {
          "index_key": "athletes/input_times",
          "schema_version": 0,
          "attributes": {
            "http_method": "OPTIONS",
            "id": "agmr-buzzzp4ywk-akxhzs-OPTIONS-200",
            "resource_id": "akxhzs",
            "response_models": {},
            "response_parameters": {
              "method.response.header.Access-Control-Allow-Headers": true,
              "method.response.header.Access-Control-Allow-Methods": true,
              "method.response.header.Access-Control-Allow-Origin": true
            },
            "rest_api_id": "buzzzp4ywk",
            "status_code": "200"
          },
          "sensitive_attributes": [],
          "identity_schema_version": 0,
          "private": "bnVsbA==",
          "dependencies": [
            "aws_api_gateway_method.options",
            "aws_api_gateway_resource.athletes",
            "aws_api_gateway_resource.coaches",
            "aws_api_gateway_resource.general",
            "aws_api_gateway_resource.relations",
            "aws_api_gateway_resource.subresources",
            "aws_api_gateway_rest_api.main",
            "aws_db_instance.default",
            "aws_db_subnet_group.rds_private",
            "aws_iam_role.lambda_role",
            "aws_iam_role_policy_attachment.lambda_rds_auth",
            "aws_lambda_function.lambdas",
            "aws_lambda_layer_version.rds",
            "aws_lambda_layer_version.user_auth",
            "aws_security_group.lambda_sg",
            "aws_subnet.private_subnet1",
            "aws_subnet.private_subnet2",
            "data.archive_file.lambda_archives",
            "data.archive_file.rds_layer",
            "data.archive_file.user_auth_layer",
            "data.aws_availability_zones.available",
            "data.aws_vpc.default"
          ],
          "create_before_destroy": true
        },
        {
          "index_key": "athletes/remove_inputs",
          "schema_version": 0,
          "attributes": {
            "http_method": "OPTIONS",
            "id": "agmr-buzzzp4ywk-6emjgf-OPTIONS-200",
            "resource_id": "6emjgf",
            "response_models": {},
            "response_parameters": {
              "method.response.header.Access-Control-Allow-Headers": true,
              "method.response.header.Access-Control-Allow-Methods": true,
              "method.response.header.Access-Control-Allow-Origin": true
            },
            "rest_api_id": "buzzzp4ywk",
            "status_code": "200"
          },
          "sensitive_attributes": [],
          "identity_schema_version": 0,
          "private": "bnVsbA==",
          "dependencies": [
            "aws_api_gateway_method.options",
            "aws_api_gateway_resource.athletes",
            "aws_api_gateway_resource.coaches",
            "aws_api_gateway_resource.general",
            "aws_api_gateway_resource.relations",
            "aws_api_gateway_resource.subresources",
            "aws_api_gateway_rest_api.main",
            "aws_db_instance.default",
            "aws_db_subnet_group.rds_private",
            "aws_iam_role.lambda_role",
            "aws_iam_role_policy_attachment.lambda_rds_auth",
            "aws_lambda_function.lambdas",
            "aws_lambda_layer_version.rds",
            "aws_lambda_layer_version.user_auth",
            "aws_security_group.lambda_sg",
            "aws_subnet.private_subnet1",
            "aws_subnet.private_subnet2",
            "data.archive_file.lambda_archives",
            "data.archive_file.rds_layer",
            "data.archive_file.user_auth_layer",
            "data.aws_availability_zones.available",
            "data.aws_vpc.default"
          ],
          "create_before_destroy": true
        },
        {
          "index_key": "athletes/search_input_history_date",
          "schema_version": 0,
          "attributes": {
            "http_method": "OPTIONS",
            "id": "agmr-buzzzp4ywk-l00oeq-OPTIONS-200",
            "resource_id": "l00oeq",
            "response_models": {},
            "response_parameters": {
              "method.response.header.Access-Control-Allow-Headers": true,
              "method.response.header.Access-Control-Allow-Methods": true,
              "method.response.header.Access-Control-Allow-Origin": true
            },
            "rest_api_id": "buzzzp4ywk",
            "status_code": "200"
          },
          "sensitive_attributes": [],
          "identity_schema_version": 0,
          "private": "bnVsbA==",
          "dependencies": [
            "aws_api_gateway_method.options",
            "aws_api_gateway_resource.athletes",
            "aws_api_gateway_resource.coaches",
            "aws_api_gateway_resource.general",
            "aws_api_gateway_resource.relations",
            "aws_api_gateway_resource.subresources",
            "aws_api_gateway_rest_api.main",
            "aws_db_instance.default",
            "aws_db_subnet_group.rds_private",
            "aws_iam_role.lambda_role",
            "aws_iam_role_policy_attachment.lambda_rds_auth",
            "aws_lambda_function.lambdas",
            "aws_lambda_layer_version.rds",
            "aws_lambda_layer_version.user_auth",
            "aws_security_group.lambda_sg",
            "aws_subnet.private_subnet1",
            "aws_subnet.private_subnet2",
            "data.archive_file.lambda_archives",
            "data.archive_file.rds_layer",
            "data.archive_file.user_auth_layer",
            "data.aws_availability_zones.available",
            "data.aws_vpc.default"
          ],
          "create_before_destroy": true
        },
        {
          "index_key": "athletes/view_workout_inputs",
          "schema_version": 0,
          "attributes": {
            "http_method": "OPTIONS",
            "id": "agmr-buzzzp4ywk-wqltih-OPTIONS-200",
            "resource_id": "wqltih",
            "response_models": {},
            "response_parameters": {
              "method.response.header.Access-Control-Allow-Headers": true,
              "method.response.header.Access-Control-Allow-Methods": true,
              "method.response.header.Access-Control-Allow-Origin": true
            },
            "rest_api_id": "buzzzp4ywk",
            "status_code": "200"
          },
          "sensitive_attributes": [],
          "identity_schema_version": 0,
          "private": "bnVsbA==",
          "dependencies": [
            "aws_api_gateway_method.options",
            "aws_api_gateway_resource.athletes",
            "aws_api_gateway_resource.coaches",
            "aws_api_gateway_resource.general",
            "aws_api_gateway_resource.relations",
            "aws_api_gateway_resource.subresources",
            "aws_api_gateway_rest_api.main",
            "aws_db_instance.default",
            "aws_db_subnet_group.rds_private",
            "aws_iam_role.lambda_role",
            "aws_iam_role_policy_attachment.lambda_rds_auth",
            "aws_lambda_function.lambdas",
            "aws_lambda_layer_version.rds",
            "aws_lambda_layer_version.user_auth",
            "aws_security_group.lambda_sg",
            "aws_subnet.private_subnet1",
            "aws_subnet.private_subnet2",
            "data.archive_file.lambda_archives",
            "data.archive_file.rds_layer",
            "data.archive_file.user_auth_layer",
            "data.aws_availability_zones.available",
            "data.aws_vpc.default"
          ],
          "create_before_destroy": true
        },
        {
          "index_key": "coaches/add_athlete_to_group",
          "schema_version": 0,
          "attributes": {
            "http_method": "OPTIONS",
            "id": "agmr-buzzzp4ywk-wz3zfq-OPTIONS-200",
            "resource_id": "wz3zfq",
            "response_models": {},
            "response_parameters": {
              "method.response.header.Access-Control-Allow-Headers": true,
              "method.response.header.Access-Control-Allow-Methods": true,
              "method.response.header.Access-Control-Allow-Origin": true
            },
            "rest_api_id": "buzzzp4ywk",
            "status_code": "200"
          },
          "sensitive_attributes": [],
          "identity_schema_version": 0,
          "private": "bnVsbA==",
          "dependencies": [
            "aws_api_gateway_method.options",
            "aws_api_gateway_resource.athletes",
            "aws_api_gateway_resource.coaches",
            "aws_api_gateway_resource.general",
            "aws_api_gateway_resource.relations",
            "aws_api_gateway_resource.subresources",
            "aws_api_gateway_rest_api.main",
            "aws_db_instance.default",
            "aws_db_subnet_group.rds_private",
            "aws_iam_role.lambda_role",
            "aws_iam_role_policy_attachment.lambda_rds_auth",
            "aws_lambda_function.lambdas",
            "aws_lambda_layer_version.rds",
            "aws_lambda_layer_version.user_auth",
            "aws_security_group.lambda_sg",
            "aws_subnet.private_subnet1",
            "aws_subnet.private_subnet2",
            "data.archive_file.lambda_archives",
            "data.archive_file.rds_layer",
            "data.archive_file.user_auth_layer",
            "data.aws_availability_zones.available",
            "data.aws_vpc.default"
          ],
          "create_before_destroy": true
        },
        {
          "index_key": "coaches/assign_group_workout",
          "schema_version": 0,
          "attributes": {
            "http_method": "OPTIONS",
            "id": "agmr-buzzzp4ywk-d0t6xd-OPTIONS-200",
            "resource_id": "d0t6xd",
            "response_models": {},
            "response_parameters": {
              "method.response.header.Access-Control-Allow-Headers": true,
              "method.response.header.Access-Control-Allow-Methods": true,
              "method.response.header.Access-Control-Allow-Origin": true
            },
            "rest_api_id": "buzzzp4ywk",
            "status_code": "200"
          },
          "sensitive_attributes": [],
          "identity_schema_version": 0,
          "private": "bnVsbA==",
          "dependencies": [
            "aws_api_gateway_method.options",
            "aws_api_gateway_resource.athletes",
            "aws_api_gateway_resource.coaches",
            "aws_api_gateway_resource.general",
            "aws_api_gateway_resource.relations",
            "aws_api_gateway_resource.subresources",
            "aws_api_gateway_rest_api.main",
            "aws_db_instance.default",
            "aws_db_subnet_group.rds_private",
            "aws_iam_role.lambda_role",
            "aws_iam_role_policy_attachment.lambda_rds_auth",
            "aws_lambda_function.lambdas",
            "aws_lambda_layer_version.rds",
            "aws_lambda_layer_version.user_auth",
            "aws_security_group.lambda_sg",
            "aws_subnet.private_subnet1",
            "aws_subnet.private_subnet2",
            "data.archive_file.lambda_archives",
            "data.archive_file.rds_layer",
            "data.archive_file.user_auth_layer",
            "data.aws_availability_zones.available",
            "data.aws_vpc.default"
          ],
          "create_before_destroy": true
        },
        {
          "index_key": "coaches/assign_group_workout_template",
          "schema_version": 0,
          "attributes": {
            "http_method": "OPTIONS",
            "id": "agmr-buzzzp4ywk-nl1j88-OPTIONS-200",
            "resource_id": "nl1j88",
            "response_models": {},
            "response_parameters": {
              "method.response.header.Access-Control-Allow-Headers": true,
              "method.response.header.Access-Control-Allow-Methods": true,
              "method.response.header.Access-Control-Allow-Origin": true
            },
            "rest_api_id": "buzzzp4ywk",
            "status_code": "200"
          },
          "sensitive_attributes": [],
          "identity_schema_version": 0,
          "private": "bnVsbA==",
          "dependencies": [
            "aws_api_gateway_method.options",
            "aws_api_gateway_resource.athletes",
            "aws_api_gateway_resource.coaches",
            "aws_api_gateway_resource.general",
            "aws_api_gateway_resource.relations",
            "aws_api_gateway_resource.subresources",
            "aws_api_gateway_rest_api.main",
            "aws_db_instance.default",
            "aws_db_subnet_group.rds_private",
            "aws_iam_role.lambda_role",
            "aws_iam_role_policy_attachment.lambda_rds_auth",
            "aws_lambda_function.lambdas",
            "aws_lambda_layer_version.rds",
            "aws_lambda_layer_version.user_auth",
            "aws_security_group.lambda_sg",
            "aws_subnet.private_subnet1",
            "aws_subnet.private_subnet2",
            "data.archive_file.lambda_archives",
            "data.archive_file.rds_layer",
            "data.archive_file.user_auth_layer",
            "data.aws_availability_zones.available",
            "data.aws_vpc.default"
          ],
          "create_before_destroy": true
        },
        {
          "index_key": "coaches/create_group",
          "schema_version": 0,
          "attributes": {
            "http_method": "OPTIONS",
            "id": "agmr-buzzzp4ywk-x30w08-OPTIONS-200",
            "resource_id": "x30w08",
            "response_models": {},
            "response_parameters": {
              "method.response.header.Access-Control-Allow-Headers": true,
              "method.response.header.Access-Control-Allow-Methods": true,
              "method.response.header.Access-Control-Allow-Origin": true
            },
            "rest_api_id": "buzzzp4ywk",
            "status_code": "200"
          },
          "sensitive_attributes": [],
          "identity_schema_version": 0,
          "private": "bnVsbA==",
          "dependencies": [
            "aws_api_gateway_method.options",
            "aws_api_gateway_resource.athletes",
            "aws_api_gateway_resource.coaches",
            "aws_api_gateway_resource.general",
            "aws_api_gateway_resource.relations",
            "aws_api_gateway_resource.subresources",
            "aws_api_gateway_rest_api.main",
            "aws_db_instance.default",
            "aws_db_subnet_group.rds_private",
            "aws_iam_role.lambda_role",
            "aws_iam_role_policy_attachment.lambda_rds_auth",
            "aws_lambda_function.lambdas",
            "aws_lambda_layer_version.rds",
            "aws_lambda_layer_version.user_auth",
            "aws_security_group.lambda_sg",
            "aws_subnet.private_subnet1",
            "aws_subnet.private_subnet2",
            "data.archive_file.lambda_archives",
            "data.archive_file.rds_layer",
            "data.archive_file.user_auth_layer",
            "data.aws_availability_zones.available",
            "data.aws_vpc.default"
          ],
          "create_before_destroy": true
        },
        {
          "index_key": "coaches/create_workout_template",
          "schema_version": 0,
          "attributes": {
            "http_method": "OPTIONS",
            "id": "agmr-buzzzp4ywk-6cxvjn-OPTIONS-200",
            "resource_id": "6cxvjn",
            "response_models": {},
            "response_parameters": {
              "method.response.header.Access-Control-Allow-Headers": true,
              "method.response.header.Access-Control-Allow-Methods": true,
              "method.response.header.Access-Control-Allow-Origin": true
            },
            "rest_api_id": "buzzzp4ywk",
            "status_code": "200"
          },
          "sensitive_attributes": [],
          "identity_schema_version": 0,
          "private": "bnVsbA==",
          "dependencies": [
            "aws_api_gateway_method.options",
            "aws_api_gateway_resource.athletes",
            "aws_api_gateway_resource.coaches",
            "aws_api_gateway_resource.general",
            "aws_api_gateway_resource.relations",
            "aws_api_gateway_resource.subresources",
            "aws_api_gateway_rest_api.main",
            "aws_db_instance.default",
            "aws_db_subnet_group.rds_private",
            "aws_iam_role.lambda_role",
            "aws_iam_role_policy_attachment.lambda_rds_auth",
            "aws_lambda_function.lambdas",
            "aws_lambda_layer_version.rds",
            "aws_lambda_layer_version.user_auth",
            "aws_security_group.lambda_sg",
            "aws_subnet.private_subnet1",
            "aws_subnet.private_subnet2",
            "data.archive_file.lambda_archives",
            "data.archive_file.rds_layer",
            "data.archive_file.user_auth_layer",
            "data.aws_availability_zones.available",
            "data.aws_vpc.default"
          ],
          "create_before_destroy": true
        },
        {
          "index_key": "coaches/delete_group",
          "schema_version": 0,
          "attributes": {
            "http_method": "OPTIONS",
            "id": "agmr-buzzzp4ywk-qbwhq3-OPTIONS-200",
            "resource_id": "qbwhq3",
            "response_models": {},
            "response_parameters": {
              "method.response.header.Access-Control-Allow-Headers": true,
              "method.response.header.Access-Control-Allow-Methods": true,
              "method.response.header.Access-Control-Allow-Origin": true
            },
            "rest_api_id": "buzzzp4ywk",
            "status_code": "200"
          },
          "sensitive_attributes": [],
          "identity_schema_version": 0,
          "private": "bnVsbA==",
          "dependencies": [
            "aws_api_gateway_method.options",
            "aws_api_gateway_resource.athletes",
            "aws_api_gateway_resource.coaches",
            "aws_api_gateway_resource.general",
            "aws_api_gateway_resource.relations",
            "aws_api_gateway_resource.subresources",
            "aws_api_gateway_rest_api.main",
            "aws_db_instance.default",
            "aws_db_subnet_group.rds_private",
            "aws_iam_role.lambda_role",
            "aws_iam_role_policy_attachment.lambda_rds_auth",
            "aws_lambda_function.lambdas",
            "aws_lambda_layer_version.rds",
            "aws_lambda_layer_version.user_auth",
            "aws_security_group.lambda_sg",
            "aws_subnet.private_subnet1",
            "aws_subnet.private_subnet2",
            "data.archive_file.lambda_archives",
            "data.archive_file.rds_layer",
            "data.archive_file.user_auth_layer",
            "data.aws_availability_zones.available",
            "data.aws_vpc.default"
          ],
          "create_before_destroy": true
        },
        {
          "index_key": "coaches/delete_group_workout",
          "schema_version": 0,
          "attributes": {
            "http_method": "OPTIONS",
            "id": "agmr-buzzzp4ywk-zay0w3-OPTIONS-200",
            "resource_id": "zay0w3",
            "response_models": {},
            "response_parameters": {
              "method.response.header.Access-Control-Allow-Headers": true,
              "method.response.header.Access-Control-Allow-Methods": true,
              "method.response.header.Access-Control-Allow-Origin": true
            },
            "rest_api_id": "buzzzp4ywk",
            "status_code": "200"
          },
          "sensitive_attributes": [],
          "identity_schema_version": 0,
          "private": "bnVsbA==",
          "dependencies": [
            "aws_api_gateway_method.options",
            "aws_api_gateway_resource.athletes",
            "aws_api_gateway_resource.coaches",
            "aws_api_gateway_resource.general",
            "aws_api_gateway_resource.relations",
            "aws_api_gateway_resource.subresources",
            "aws_api_gateway_rest_api.main",
            "aws_db_instance.default",
            "aws_db_subnet_group.rds_private",
            "aws_iam_role.lambda_role",
            "aws_iam_role_policy_attachment.lambda_rds_auth",
            "aws_lambda_function.lambdas",
            "aws_lambda_layer_version.rds",
            "aws_lambda_layer_version.user_auth",
            "aws_security_group.lambda_sg",
            "aws_subnet.private_subnet1",
            "aws_subnet.private_subnet2",
            "data.archive_file.lambda_archives",
            "data.archive_file.rds_layer",
            "data.archive_file.user_auth_layer",
            "data.aws_availability_zones.available",
            "data.aws_vpc.default"
          ],
          "create_before_destroy": true
        },
        {
          "index_key": "coaches/delete_workout_template",
          "schema_version": 0,
          "attributes": {
            "http_method": "OPTIONS",
            "id": "agmr-buzzzp4ywk-63809l-OPTIONS-200",
            "resource_id": "63809l",
            "response_models": {},
            "response_parameters": {
              "method.response.header.Access-Control-Allow-Headers": true,
              "method.response.header.Access-Control-Allow-Methods": true,
              "method.response.header.Access-Control-Allow-Origin": true
            },
            "rest_api_id": "buzzzp4ywk",
            "status_code": "200"
          },
          "sensitive_attributes": [],
          "identity_schema_version": 0,
          "private": "bnVsbA==",
          "dependencies": [
            "aws_api_gateway_method.options",
            "aws_api_gateway_resource.athletes",
            "aws_api_gateway_resource.coaches",
            "aws_api_gateway_resource.general",
            "aws_api_gateway_resource.relations",
            "aws_api_gateway_resource.subresources",
            "aws_api_gateway_rest_api.main",
            "aws_db_instance.default",
            "aws_db_subnet_group.rds_private",
            "aws_iam_role.lambda_role",
            "aws_iam_role_policy_attachment.lambda_rds_auth",
            "aws_lambda_function.lambdas",
            "aws_lambda_layer_version.rds",
            "aws_lambda_layer_version.user_auth",
            "aws_security_group.lambda_sg",
            "aws_subnet.private_subnet1",
            "aws_subnet.private_subnet2",
            "data.archive_file.lambda_archives",
            "data.archive_file.rds_layer",
            "data.archive_file.user_auth_layer",
            "data.aws_availability_zones.available",
            "data.aws_vpc.default"
          ],
          "create_before_destroy": true
        },
        {
          "index_key": "coaches/fetch_historical_data",
          "schema_version": 0,
          "attributes": {
            "http_method": "OPTIONS",
            "id": "agmr-buzzzp4ywk-q5mjqd-OPTIONS-200",
            "resource_id": "q5mjqd",
            "response_models": {},
            "response_parameters": {
              "method.response.header.Access-Control-Allow-Headers": true,
              "method.response.header.Access-Control-Allow-Methods": true,
              "method.response.header.Access-Control-Allow-Origin": true
            },
            "rest_api_id": "buzzzp4ywk",
            "status_code": "200"
          },
          "sensitive_attributes": [],
          "identity_schema_version": 0,
          "private": "bnVsbA==",
          "dependencies": [
            "aws_api_gateway_method.options",
            "aws_api_gateway_resource.athletes",
            "aws_api_gateway_resource.coaches",
            "aws_api_gateway_resource.general",
            "aws_api_gateway_resource.relations",
            "aws_api_gateway_resource.subresources",
            "aws_api_gateway_rest_api.main",
            "aws_db_instance.default",
            "aws_db_subnet_group.rds_private",
            "aws_iam_role.lambda_role",
            "aws_iam_role_policy_attachment.lambda_rds_auth",
            "aws_lambda_function.lambdas",
            "aws_lambda_layer_version.rds",
            "aws_lambda_layer_version.user_auth",
            "aws_security_group.lambda_sg",
            "aws_subnet.private_subnet1",
            "aws_subnet.private_subnet2",
            "data.archive_file.lambda_archives",
            "data.archive_file.rds_layer",
            "data.archive_file.user_auth_layer",
            "data.aws_availability_zones.available",
            "data.aws_vpc.default"
          ],
          "create_before_destroy": true
        },
        {
          "index_key": "coaches/get_absent_group_athletes",
          "schema_version": 0,
          "attributes": {
            "http_method": "OPTIONS",
            "id": "agmr-buzzzp4ywk-td0207-OPTIONS-200",
            "resource_id": "td0207",
            "response_models": {},
            "response_parameters": {
              "method.response.header.Access-Control-Allow-Headers": true,
              "method.response.header.Access-Control-Allow-Methods": true,
              "method.response.header.Access-Control-Allow-Origin": true
            },
            "rest_api_id": "buzzzp4ywk",
            "status_code": "200"
          },
          "sensitive_attributes": [],
          "identity_schema_version": 0,
          "private": "bnVsbA==",
          "dependencies": [
            "aws_api_gateway_method.options",
            "aws_api_gateway_resource.athletes",
            "aws_api_gateway_resource.coaches",
            "aws_api_gateway_resource.general",
            "aws_api_gateway_resource.relations",
            "aws_api_gateway_resource.subresources",
            "aws_api_gateway_rest_api.main",
            "aws_db_instance.default",
            "aws_db_subnet_group.rds_private",
            "aws_iam_role.lambda_role",
            "aws_iam_role_policy_attachment.lambda_rds_auth",
            "aws_lambda_function.lambdas",
            "aws_lambda_layer_version.rds",
            "aws_lambda_layer_version.user_auth",
            "aws_security_group.lambda_sg",
            "aws_subnet.private_subnet1",
            "aws_subnet.private_subnet2",
            "data.archive_file.lambda_archives",
            "data.archive_file.rds_layer",
            "data.archive_file.user_auth_layer",
            "data.aws_availability_zones.available",
            "data.aws_vpc.default"
          ],
          "create_before_destroy": true
        },
        {
          "index_key": "coaches/get_available_history_dates",
          "schema_version": 0,
          "attributes": {
            "http_method": "OPTIONS",
            "id": "agmr-buzzzp4ywk-j8bnua-OPTIONS-200",
            "resource_id": "j8bnua",
            "response_models": {},
            "response_parameters": {
              "method.response.header.Access-Control-Allow-Headers": true,
              "method.response.header.Access-Control-Allow-Methods": true,
              "method.response.header.Access-Control-Allow-Origin": true
            },
            "rest_api_id": "buzzzp4ywk",
            "status_code": "200"
          },
          "sensitive_attributes": [],
          "identity_schema_version": 0,
          "private": "bnVsbA==",
          "dependencies": [
            "aws_api_gateway_method.options",
            "aws_api_gateway_resource.athletes",
            "aws_api_gateway_resource.coaches",
            "aws_api_gateway_resource.general",
            "aws_api_gateway_resource.relations",
            "aws_api_gateway_resource.subresources",
            "aws_api_gateway_rest_api.main",
            "aws_db_instance.default",
            "aws_db_subnet_group.rds_private",
            "aws_iam_role.lambda_role",
            "aws_iam_role_policy_attachment.lambda_rds_auth",
            "aws_lambda_function.lambdas",
            "aws_lambda_layer_version.rds",
            "aws_lambda_layer_version.user_auth",
            "aws_security_group.lambda_sg",
            "aws_subnet.private_subnet1",
            "aws_subnet.private_subnet2",
            "data.archive_file.lambda_archives",
            "data.archive_file.rds_layer",
            "data.archive_file.user_auth_layer",
            "data.aws_availability_zones.available",
            "data.aws_vpc.default"
          ],
          "create_before_destroy": true
        },
        {
          "index_key": "coaches/get_workout_templates",
          "schema_version": 0,
          "attributes": {
            "http_method": "OPTIONS",
            "id": "agmr-buzzzp4ywk-nw96aq-OPTIONS-200",
            "resource_id": "nw96aq",
            "response_models": {},
            "response_parameters": {
              "method.response.header.Access-Control-Allow-Headers": true,
              "method.response.header.Access-Control-Allow-Methods": true,
              "method.response.header.Access-Control-Allow-Origin": true
            },
            "rest_api_id": "buzzzp4ywk",
            "status_code": "200"
          },
          "sensitive_attributes": [],
          "identity_schema_version": 0,
          "private": "bnVsbA==",
          "dependencies": [
            "aws_api_gateway_method.options",
            "aws_api_gateway_resource.athletes",
            "aws_api_gateway_resource.coaches",
            "aws_api_gateway_resource.general",
            "aws_api_gateway_resource.relations",
            "aws_api_gateway_resource.subresources",
            "aws_api_gateway_rest_api.main",
            "aws_db_instance.default",
            "aws_db_subnet_group.rds_private",
            "aws_iam_role.lambda_role",
            "aws_iam_role_policy_attachment.lambda_rds_auth",
            "aws_lambda_function.lambdas",
            "aws_lambda_layer_version.rds",
            "aws_lambda_layer_version.user_auth",
            "aws_security_group.lambda_sg",
            "aws_subnet.private_subnet1",
            "aws_subnet.private_subnet2",
            "data.archive_file.lambda_archives",
            "data.archive_file.rds_layer",
            "data.archive_file.user_auth_layer",
            "data.aws_availability_zones.available",
            "data.aws_vpc.default"
          ],
          "create_before_destroy": true
        },
        {
          "index_key": "coaches/remove_group_athlete",
          "schema_version": 0,
          "attributes": {
            "http_method": "OPTIONS",
            "id": "agmr-buzzzp4ywk-0aq10y-OPTIONS-200",
            "resource_id": "0aq10y",
            "response_models": {},
            "response_parameters": {
              "method.response.header.Access-Control-Allow-Headers": true,
              "method.response.header.Access-Control-Allow-Methods": true,
              "method.response.header.Access-Control-Allow-Origin": true
            },
            "rest_api_id": "buzzzp4ywk",
            "status_code": "200"
          },
          "sensitive_attributes": [],
          "identity_schema_version": 0,
          "private": "bnVsbA==",
          "dependencies": [
            "aws_api_gateway_method.options",
            "aws_api_gateway_resource.athletes",
            "aws_api_gateway_resource.coaches",
            "aws_api_gateway_resource.general",
            "aws_api_gateway_resource.relations",
            "aws_api_gateway_resource.subresources",
            "aws_api_gateway_rest_api.main",
            "aws_db_instance.default",
            "aws_db_subnet_group.rds_private",
            "aws_iam_role.lambda_role",
            "aws_iam_role_policy_attachment.lambda_rds_auth",
            "aws_lambda_function.lambdas",
            "aws_lambda_layer_version.rds",
            "aws_lambda_layer_version.user_auth",
            "aws_security_group.lambda_sg",
            "aws_subnet.private_subnet1",
            "aws_subnet.private_subnet2",
            "data.archive_file.lambda_archives",
            "data.archive_file.rds_layer",
            "data.archive_file.user_auth_layer",
            "data.aws_availability_zones.available",
            "data.aws_vpc.default"
          ],
          "create_before_destroy": true
        },
        {
          "index_key": "general/create_user",
          "schema_version": 0,
          "attributes": {
            "http_method": "OPTIONS",
            "id": "agmr-buzzzp4ywk-3ux4l0-OPTIONS-200",
            "resource_id": "3ux4l0",
            "response_models": {},
            "response_parameters": {
              "method.response.header.Access-Control-Allow-Headers": true,
              "method.response.header.Access-Control-Allow-Methods": true,
              "method.response.header.Access-Control-Allow-Origin": true
            },
            "rest_api_id": "buzzzp4ywk",
            "status_code": "200"
          },
          "sensitive_attributes": [],
          "identity_schema_version": 0,
          "private": "bnVsbA==",
          "dependencies": [
            "aws_api_gateway_method.options",
            "aws_api_gateway_resource.athletes",
            "aws_api_gateway_resource.coaches",
            "aws_api_gateway_resource.general",
            "aws_api_gateway_resource.relations",
            "aws_api_gateway_resource.subresources",
            "aws_api_gateway_rest_api.main",
            "aws_db_instance.default",
            "aws_db_subnet_group.rds_private",
            "aws_iam_role.lambda_role",
            "aws_iam_role_policy_attachment.lambda_rds_auth",
            "aws_lambda_function.lambdas",
            "aws_lambda_layer_version.rds",
            "aws_lambda_layer_version.user_auth",
            "aws_security_group.lambda_sg",
            "aws_subnet.private_subnet1",
            "aws_subnet.private_subnet2",
            "data.archive_file.lambda_archives",
            "data.archive_file.rds_layer",
            "data.archive_file.user_auth_layer",
            "data.aws_availability_zones.available",
            "data.aws_vpc.default"
          ],
          "create_before_destroy": true
        },
        {
          "index_key": "general/get_athletes_for_group",
          "schema_version": 0,
          "attributes": {
            "http_method": "OPTIONS",
            "id": "agmr-buzzzp4ywk-1g3n72-OPTIONS-200",
            "resource_id": "1g3n72",
            "response_models": {},
            "response_parameters": {
              "method.response.header.Access-Control-Allow-Headers": true,
              "method.response.header.Access-Control-Allow-Methods": true,
              "method.response.header.Access-Control-Allow-Origin": true
            },
            "rest_api_id": "buzzzp4ywk",
            "status_code": "200"
          },
          "sensitive_attributes": [],
          "identity_schema_version": 0,
          "private": "bnVsbA==",
          "dependencies": [
            "aws_api_gateway_method.options",
            "aws_api_gateway_resource.athletes",
            "aws_api_gateway_resource.coaches",
            "aws_api_gateway_resource.general",
            "aws_api_gateway_resource.relations",
            "aws_api_gateway_resource.subresources",
            "aws_api_gateway_rest_api.main",
            "aws_db_instance.default",
            "aws_db_subnet_group.rds_private",
            "aws_iam_role.lambda_role",
            "aws_iam_role_policy_attachment.lambda_rds_auth",
            "aws_lambda_function.lambdas",
            "aws_lambda_layer_version.rds",
            "aws_lambda_layer_version.user_auth",
            "aws_security_group.lambda_sg",
            "aws_subnet.private_subnet1",
            "aws_subnet.private_subnet2",
            "data.archive_file.lambda_archives",
            "data.archive_file.rds_layer",
            "data.archive_file.user_auth_layer",
            "data.aws_availability_zones.available",
            "data.aws_vpc.default"
          ],
          "create_before_destroy": true
        },
        {
          "index_key": "general/get_group_workout",
          "schema_version": 0,
          "attributes": {
            "http_method": "OPTIONS",
            "id": "agmr-buzzzp4ywk-26g1pa-OPTIONS-200",
            "resource_id": "26g1pa",
            "response_models": {},
            "response_parameters": {
              "method.response.header.Access-Control-Allow-Headers": true,
              "method.response.header.Access-Control-Allow-Methods": true,
              "method.response.header.Access-Control-Allow-Origin": true
            },
            "rest_api_id": "buzzzp4ywk",
            "status_code": "200"
          },
          "sensitive_attributes": [],
          "identity_schema_version": 0,
          "private": "bnVsbA==",
          "dependencies": [
            "aws_api_gateway_method.options",
            "aws_api_gateway_resource.athletes",
            "aws_api_gateway_resource.coaches",
            "aws_api_gateway_resource.general",
            "aws_api_gateway_resource.relations",
            "aws_api_gateway_resource.subresources",
            "aws_api_gateway_rest_api.main",
            "aws_db_instance.default",
            "aws_db_subnet_group.rds_private",
            "aws_iam_role.lambda_role",
            "aws_iam_role_policy_attachment.lambda_rds_auth",
            "aws_lambda_function.lambdas",
            "aws_lambda_layer_version.rds",
            "aws_lambda_layer_version.user_auth",
            "aws_security_group.lambda_sg",
            "aws_subnet.private_subnet1",
            "aws_subnet.private_subnet2",
            "data.archive_file.lambda_archives",
            "data.archive_file.rds_layer",
            "data.archive_file.user_auth_layer",
            "data.aws_availability_zones.available",
            "data.aws_vpc.default"
          ],
          "create_before_destroy": true
        },
        {
          "index_key": "general/get_groups",
          "schema_version": 0,
          "attributes": {
            "http_method": "OPTIONS",
            "id": "agmr-buzzzp4ywk-db44ui-OPTIONS-200",
            "resource_id": "db44ui",
            "response_models": {},
            "response_parameters": {
              "method.response.header.Access-Control-Allow-Headers": true,
              "method.response.header.Access-Control-Allow-Methods": true,
              "method.response.header.Access-Control-Allow-Origin": true
            },
            "rest_api_id": "buzzzp4ywk",
            "status_code": "200"
          },
          "sensitive_attributes": [],
          "identity_schema_version": 0,
          "private": "bnVsbA==",
          "dependencies": [
            "aws_api_gateway_method.options",
            "aws_api_gateway_resource.athletes",
            "aws_api_gateway_resource.coaches",
            "aws_api_gateway_resource.general",
            "aws_api_gateway_resource.relations",
            "aws_api_gateway_resource.subresources",
            "aws_api_gateway_rest_api.main",
            "aws_db_instance.default",
            "aws_db_subnet_group.rds_private",
            "aws_iam_role.lambda_role",
            "aws_iam_role_policy_attachment.lambda_rds_auth",
            "aws_lambda_function.lambdas",
            "aws_lambda_layer_version.rds",
            "aws_lambda_layer_version.user_auth",
            "aws_security_group.lambda_sg",
            "aws_subnet.private_subnet1",
            "aws_subnet.private_subnet2",
            "data.archive_file.lambda_archives",
            "data.archive_file.rds_layer",
            "data.archive_file.user_auth_layer",
            "data.aws_availability_zones.available",
            "data.aws_vpc.default"
          ],
          "create_before_destroy": true
        },
        {
          "index_key": "general/get_user",
          "schema_version": 0,
          "attributes": {
            "http_method": "OPTIONS",
            "id": "agmr-buzzzp4ywk-ofzmk1-OPTIONS-200",
            "resource_id": "ofzmk1",
            "response_models": {},
            "response_parameters": {
              "method.response.header.Access-Control-Allow-Headers": true,
              "method.response.header.Access-Control-Allow-Methods": true,
              "method.response.header.Access-Control-Allow-Origin": true
            },
            "rest_api_id": "buzzzp4ywk",
            "status_code": "200"
          },
          "sensitive_attributes": [],
          "identity_schema_version": 0,
          "private": "bnVsbA==",
          "dependencies": [
            "aws_api_gateway_method.options",
            "aws_api_gateway_resource.athletes",
            "aws_api_gateway_resource.coaches",
            "aws_api_gateway_resource.general",
            "aws_api_gateway_resource.relations",
            "aws_api_gateway_resource.subresources",
            "aws_api_gateway_rest_api.main",
            "aws_db_instance.default",
            "aws_db_subnet_group.rds_private",
            "aws_iam_role.lambda_role",
            "aws_iam_role_policy_attachment.lambda_rds_auth",
            "aws_lambda_function.lambdas",
            "aws_lambda_layer_version.rds",
            "aws_lambda_layer_version.user_auth",
            "aws_security_group.lambda_sg",
            "aws_subnet.private_subnet1",
            "aws_subnet.private_subnet2",
            "data.archive_file.lambda_archives",
            "data.archive_file.rds_layer",
            "data.archive_file.user_auth_layer",
            "data.aws_availability_zones.available",
            "data.aws_vpc.default"
          ],
          "create_before_destroy": true
        },
        {
          "index_key": "general/get_weekly_schedule",
          "schema_version": 0,
          "attributes": {
            "http_method": "OPTIONS",
            "id": "agmr-buzzzp4ywk-8t33db-OPTIONS-200",
            "resource_id": "8t33db",
            "response_models": {},
            "response_parameters": {
              "method.response.header.Access-Control-Allow-Headers": true,
              "method.response.header.Access-Control-Allow-Methods": true,
              "method.response.header.Access-Control-Allow-Origin": true
            },
            "rest_api_id": "buzzzp4ywk",
            "status_code": "200"
          },
          "sensitive_attributes": [],
          "identity_schema_version": 0,
          "private": "bnVsbA==",
          "dependencies": [
            "aws_api_gateway_method.options",
            "aws_api_gateway_resource.athletes",
            "aws_api_gateway_resource.coaches",
            "aws_api_gateway_resource.general",
            "aws_api_gateway_resource.relations",
            "aws_api_gateway_resource.subresources",
            "aws_api_gateway_rest_api.main",
            "aws_db_instance.default",
            "aws_db_subnet_group.rds_private",
            "aws_iam_role.lambda_role",
            "aws_iam_role_policy_attachment.lambda_rds_auth",
            "aws_lambda_function.lambdas",
            "aws_lambda_layer_version.rds",
            "aws_lambda_layer_version.user_auth",
            "aws_security_group.lambda_sg",
            "aws_subnet.private_subnet1",
            "aws_subnet.private_subnet2",
            "data.archive_file.lambda_archives",
            "data.archive_file.rds_layer",
            "data.archive_file.user_auth_layer",
            "data.aws_availability_zones.available",
            "data.aws_vpc.default"
          ],
          "create_before_destroy": true
        },
        {
          "index_key": "general/mass_input",
          "schema_version": 0,
          "attributes": {
            "http_method": "OPTIONS",
            "id": "agmr-buzzzp4ywk-ozp6d8-OPTIONS-200",
            "resource_id": "ozp6d8",
            "response_models": {},
            "response_parameters": {
              "method.response.header.Access-Control-Allow-Headers": true,
              "method.response.header.Access-Control-Allow-Methods": true,
              "method.response.header.Access-Control-Allow-Origin": true
            },
            "rest_api_id": "buzzzp4ywk",
            "status_code": "200"
          },
          "sensitive_attributes": [],
          "identity_schema_version": 0,
          "private": "bnVsbA==",
          "dependencies": [
            "aws_api_gateway_method.options",
            "aws_api_gateway_resource.athletes",
            "aws_api_gateway_resource.coaches",
            "aws_api_gateway_resource.general",
            "aws_api_gateway_resource.relations",
            "aws_api_gateway_resource.subresources",
            "aws_api_gateway_rest_api.main",
            "aws_db_instance.default",
            "aws_db_subnet_group.rds_private",
            "aws_iam_role.lambda_role",
            "aws_iam_role_policy_attachment.lambda_rds_auth",
            "aws_lambda_function.lambdas",
            "aws_lambda_layer_version.rds",
            "aws_lambda_layer_version.user_auth",
            "aws_security_group.lambda_sg",
            "aws_subnet.private_subnet1",
            "aws_subnet.private_subnet2",
            "data.archive_file.lambda_archives",
            "data.archive_file.rds_layer",
            "data.archive_file.user_auth_layer",
            "data.aws_availability_zones.available",
            "data.aws_vpc.default"
          ],
          "create_before_destroy": true
        },
        {
          "index_key": "general/update_user_profile",
          "schema_version": 0,
          "attributes": {
            "http_method": "OPTIONS",
            "id": "agmr-buzzzp4ywk-82va20-OPTIONS-200",
            "resource_id": "82va20",
            "response_models": {},
            "response_parameters": {
              "method.response.header.Access-Control-Allow-Headers": true,
              "method.response.header.Access-Control-Allow-Methods": true,
              "method.response.header.Access-Control-Allow-Origin": true
            },
            "rest_api_id": "buzzzp4ywk",
            "status_code": "200"
          },
          "sensitive_attributes": [],
          "identity_schema_version": 0,
          "private": "bnVsbA==",
          "dependencies": [
            "aws_api_gateway_method.options",
            "aws_api_gateway_resource.athletes",
            "aws_api_gateway_resource.coaches",
            "aws_api_gateway_resource.general",
            "aws_api_gateway_resource.relations",
            "aws_api_gateway_resource.subresources",
            "aws_api_gateway_rest_api.main",
            "aws_db_instance.default",
            "aws_db_subnet_group.rds_private",
            "aws_iam_role.lambda_role",
            "aws_iam_role_policy_attachment.lambda_rds_auth",
            "aws_lambda_function.lambdas",
            "aws_lambda_layer_version.rds",
            "aws_lambda_layer_version.user_auth",
            "aws_security_group.lambda_sg",
            "aws_subnet.private_subnet1",
            "aws_subnet.private_subnet2",
            "data.archive_file.lambda_archives",
            "data.archive_file.rds_layer",
            "data.archive_file.user_auth_layer",
            "data.aws_availability_zones.available",
            "data.aws_vpc.default"
          ],
          "create_before_destroy": true
        },
        {
          "index_key": "general/view_group_inputs",
          "schema_version": 0,
          "attributes": {
            "http_method": "OPTIONS",
            "id": "agmr-buzzzp4ywk-cgp43o-OPTIONS-200",
            "resource_id": "cgp43o",
            "response_models": {},
            "response_parameters": {
              "method.response.header.Access-Control-Allow-Headers": true,
              "method.response.header.Access-Control-Allow-Methods": true,
              "method.response.header.Access-Control-Allow-Origin": true
            },
            "rest_api_id": "buzzzp4ywk",
            "status_code": "200"
          },
          "sensitive_attributes": [],
          "identity_schema_version": 0,
          "private": "bnVsbA==",
          "dependencies": [
            "aws_api_gateway_method.options",
            "aws_api_gateway_resource.athletes",
            "aws_api_gateway_resource.coaches",
            "aws_api_gateway_resource.general",
            "aws_api_gateway_resource.relations",
            "aws_api_gateway_resource.subresources",
            "aws_api_gateway_rest_api.main",
            "aws_db_instance.default",
            "aws_db_subnet_group.rds_private",
            "aws_iam_role.lambda_role",
            "aws_iam_role_policy_attachment.lambda_rds_auth",
            "aws_lambda_function.lambdas",
            "aws_lambda_layer_version.rds",
            "aws_lambda_layer_version.user_auth",
            "aws_security_group.lambda_sg",
            "aws_subnet.private_subnet1",
            "aws_subnet.private_subnet2",
            "data.archive_file.lambda_archives",
            "data.archive_file.rds_layer",
            "data.archive_file.user_auth_layer",
            "data.aws_availability_zones.available",
            "data.aws_vpc.default"
          ],
          "create_before_destroy": true
        },
        {
          "index_key": "relations/add_relation",
          "schema_version": 0,
          "attributes": {
            "http_method": "OPTIONS",
            "id": "agmr-buzzzp4ywk-zs7qut-OPTIONS-200",
            "resource_id": "zs7qut",
            "response_models": {},
            "response_parameters": {
              "method.response.header.Access-Control-Allow-Headers": true,
              "method.response.header.Access-Control-Allow-Methods": true,
              "method.response.header.Access-Control-Allow-Origin": true
            },
            "rest_api_id": "buzzzp4ywk",
            "status_code": "200"
          },
          "sensitive_attributes": [],
          "identity_schema_version": 0,
          "private": "bnVsbA==",
          "dependencies": [
            "aws_api_gateway_method.options",
            "aws_api_gateway_resource.athletes",
            "aws_api_gateway_resource.coaches",
            "aws_api_gateway_resource.general",
            "aws_api_gateway_resource.relations",
            "aws_api_gateway_resource.subresources",
            "aws_api_gateway_rest_api.main",
            "aws_db_instance.default",
            "aws_db_subnet_group.rds_private",
            "aws_iam_role.lambda_role",
            "aws_iam_role_policy_attachment.lambda_rds_auth",
            "aws_lambda_function.lambdas",
            "aws_lambda_layer_version.rds",
            "aws_lambda_layer_version.user_auth",
            "aws_security_group.lambda_sg",
            "aws_subnet.private_subnet1",
            "aws_subnet.private_subnet2",
            "data.archive_file.lambda_archives",
            "data.archive_file.rds_layer",
            "data.archive_file.user_auth_layer",
            "data.aws_availability_zones.available",
            "data.aws_vpc.default"
          ],
          "create_before_destroy": true
        },
        {
          "index_key": "relations/get_mutual_user_relations",
          "schema_version": 0,
          "attributes": {
            "http_method": "OPTIONS",
            "id": "agmr-buzzzp4ywk-h1iinp-OPTIONS-200",
            "resource_id": "h1iinp",
            "response_models": {},
            "response_parameters": {
              "method.response.header.Access-Control-Allow-Headers": true,
              "method.response.header.Access-Control-Allow-Methods": true,
              "method.response.header.Access-Control-Allow-Origin": true
            },
            "rest_api_id": "buzzzp4ywk",
            "status_code": "200"
          },
          "sensitive_attributes": [],
          "identity_schema_version": 0,
          "private": "bnVsbA==",
          "dependencies": [
            "aws_api_gateway_method.options",
            "aws_api_gateway_resource.athletes",
            "aws_api_gateway_resource.coaches",
            "aws_api_gateway_resource.general",
            "aws_api_gateway_resource.relations",
            "aws_api_gateway_resource.subresources",
            "aws_api_gateway_rest_api.main",
            "aws_db_instance.default",
            "aws_db_subnet_group.rds_private",
            "aws_iam_role.lambda_role",
            "aws_iam_role_policy_attachment.lambda_rds_auth",
            "aws_lambda_function.lambdas",
            "aws_lambda_layer_version.rds",
            "aws_lambda_layer_version.user_auth",
            "aws_security_group.lambda_sg",
            "aws_subnet.private_subnet1",
            "aws_subnet.private_subnet2",
            "data.archive_file.lambda_archives",
            "data.archive_file.rds_layer",
            "data.archive_file.user_auth_layer",
            "data.aws_availability_zones.available",
            "data.aws_vpc.default"
          ],
          "create_before_destroy": true
        },
        {
          "index_key": "relations/get_relation_invites",
          "schema_version": 0,
          "attributes": {
            "http_method": "OPTIONS",
            "id": "agmr-buzzzp4ywk-q4nprh-OPTIONS-200",
            "resource_id": "q4nprh",
            "response_models": {},
            "response_parameters": {
              "method.response.header.Access-Control-Allow-Headers": true,
              "method.response.header.Access-Control-Allow-Methods": true,
              "method.response.header.Access-Control-Allow-Origin": true
            },
            "rest_api_id": "buzzzp4ywk",
            "status_code": "200"
          },
          "sensitive_attributes": [],
          "identity_schema_version": 0,
          "private": "bnVsbA==",
          "dependencies": [
            "aws_api_gateway_method.options",
            "aws_api_gateway_resource.athletes",
            "aws_api_gateway_resource.coaches",
            "aws_api_gateway_resource.general",
            "aws_api_gateway_resource.relations",
            "aws_api_gateway_resource.subresources",
            "aws_api_gateway_rest_api.main",
            "aws_db_instance.default",
            "aws_db_subnet_group.rds_private",
            "aws_iam_role.lambda_role",
            "aws_iam_role_policy_attachment.lambda_rds_auth",
            "aws_lambda_function.lambdas",
            "aws_lambda_layer_version.rds",
            "aws_lambda_layer_version.user_auth",
            "aws_security_group.lambda_sg",
            "aws_subnet.private_subnet1",
            "aws_subnet.private_subnet2",
            "data.archive_file.lambda_archives",
            "data.archive_file.rds_layer",
            "data.archive_file.user_auth_layer",
            "data.aws_availability_zones.available",
            "data.aws_vpc.default"
          ],
          "create_before_destroy": true
        },
        {
          "index_key": "relations/get_relation_invites_count",
          "schema_version": 0,
          "attributes": {
            "http_method": "OPTIONS",
            "id": "agmr-buzzzp4ywk-7mmdfl-OPTIONS-200",
            "resource_id": "7mmdfl",
            "response_models": {},
            "response_parameters": {
              "method.response.header.Access-Control-Allow-Headers": true,
              "method.response.header.Access-Control-Allow-Methods": true,
              "method.response.header.Access-Control-Allow-Origin": true
            },
            "rest_api_id": "buzzzp4ywk",
            "status_code": "200"
          },
          "sensitive_attributes": [],
          "identity_schema_version": 0,
          "private": "bnVsbA==",
          "dependencies": [
            "aws_api_gateway_method.options",
            "aws_api_gateway_resource.athletes",
            "aws_api_gateway_resource.coaches",
            "aws_api_gateway_resource.general",
            "aws_api_gateway_resource.relations",
            "aws_api_gateway_resource.subresources",
            "aws_api_gateway_rest_api.main",
            "aws_db_instance.default",
            "aws_db_subnet_group.rds_private",
            "aws_iam_role.lambda_role",
            "aws_iam_role_policy_attachment.lambda_rds_auth",
            "aws_lambda_function.lambdas",
            "aws_lambda_layer_version.rds",
            "aws_lambda_layer_version.user_auth",
            "aws_security_group.lambda_sg",
            "aws_subnet.private_subnet1",
            "aws_subnet.private_subnet2",
            "data.archive_file.lambda_archives",
            "data.archive_file.rds_layer",
            "data.archive_file.user_auth_layer",
            "data.aws_availability_zones.available",
            "data.aws_vpc.default"
          ],
          "create_before_destroy": true
        },
        {
          "index_key": "relations/remove_user_relation",
          "schema_version": 0,
          "attributes": {
            "http_method": "OPTIONS",
            "id": "agmr-buzzzp4ywk-xzk7ie-OPTIONS-200",
            "resource_id": "xzk7ie",
            "response_models": {},
            "response_parameters": {
              "method.response.header.Access-Control-Allow-Headers": true,
              "method.response.header.Access-Control-Allow-Methods": true,
              "method.response.header.Access-Control-Allow-Origin": true
            },
            "rest_api_id": "buzzzp4ywk",
            "status_code": "200"
          },
          "sensitive_attributes": [],
          "identity_schema_version": 0,
          "private": "bnVsbA==",
          "dependencies": [
            "aws_api_gateway_method.options",
            "aws_api_gateway_resource.athletes",
            "aws_api_gateway_resource.coaches",
            "aws_api_gateway_resource.general",
            "aws_api_gateway_resource.relations",
            "aws_api_gateway_resource.subresources",
            "aws_api_gateway_rest_api.main",
            "aws_db_instance.default",
            "aws_db_subnet_group.rds_private",
            "aws_iam_role.lambda_role",
            "aws_iam_role_policy_attachment.lambda_rds_auth",
            "aws_lambda_function.lambdas",
            "aws_lambda_layer_version.rds",
            "aws_lambda_layer_version.user_auth",
            "aws_security_group.lambda_sg",
            "aws_subnet.private_subnet1",
            "aws_subnet.private_subnet2",
            "data.archive_file.lambda_archives",
            "data.archive_file.rds_layer",
            "data.archive_file.user_auth_layer",
            "data.aws_availability_zones.available",
            "data.aws_vpc.default"
          ],
          "create_before_destroy": true
        },
        {
          "index_key": "relations/search_user_relation",
          "schema_version": 0,
          "attributes": {
            "http_method": "OPTIONS",
            "id": "agmr-buzzzp4ywk-vodnr3-OPTIONS-200",
            "resource_id": "vodnr3",
            "response_models": {},
            "response_parameters": {
              "method.response.header.Access-Control-Allow-Headers": true,
              "method.response.header.Access-Control-Allow-Methods": true,
              "method.response.header.Access-Control-Allow-Origin": true
            },
            "rest_api_id": "buzzzp4ywk",
            "status_code": "200"
          },
          "sensitive_attributes": [],
          "identity_schema_version": 0,
          "private": "bnVsbA==",
          "dependencies": [
            "aws_api_gateway_method.options",
            "aws_api_gateway_resource.athletes",
            "aws_api_gateway_resource.coaches",
            "aws_api_gateway_resource.general",
            "aws_api_gateway_resource.relations",
            "aws_api_gateway_resource.subresources",
            "aws_api_gateway_rest_api.main",
            "aws_db_instance.default",
            "aws_db_subnet_group.rds_private",
            "aws_iam_role.lambda_role",
            "aws_iam_role_policy_attachment.lambda_rds_auth",
            "aws_lambda_function.lambdas",
            "aws_lambda_layer_version.rds",
            "aws_lambda_layer_version.user_auth",
            "aws_security_group.lambda_sg",
            "aws_subnet.private_subnet1",
            "aws_subnet.private_subnet2",
            "data.archive_file.lambda_archives",
            "data.archive_file.rds_layer",
            "data.archive_file.user_auth_layer",
            "data.aws_availability_zones.available",
            "data.aws_vpc.default"
          ],
          "create_before_destroy": true
        }
      ]
    },
    {
      "mode": "managed",
      "type": "aws_api_gateway_resource",
      "name": "athletes",
      "provider": "provider[\"registry.terraform.io/hashicorp/aws\"]",
      "instances": [
        {
          "schema_version": 0,
          "attributes": {
            "id": "ojfpb1",
            "parent_id": "u0sdo1pj4k",
            "path": "/athletes",
            "path_part": "athletes",
            "rest_api_id": "buzzzp4ywk"
          },
          "sensitive_attributes": [],
          "identity_schema_version": 0,
          "private": "bnVsbA==",
          "dependencies": [
            "aws_api_gateway_rest_api.main"
          ],
          "create_before_destroy": true
        }
      ]
    },
    {
      "mode": "managed",
      "type": "aws_api_gateway_resource",
      "name": "coaches",
      "provider": "provider[\"registry.terraform.io/hashicorp/aws\"]",
      "instances": [
        {
          "schema_version": 0,
          "attributes": {
            "id": "89yyuo",
            "parent_id": "u0sdo1pj4k",
            "path": "/coaches",
            "path_part": "coaches",
            "rest_api_id": "buzzzp4ywk"
          },
          "sensitive_attributes": [],
          "identity_schema_version": 0,
          "private": "bnVsbA==",
          "dependencies": [
            "aws_api_gateway_rest_api.main"
          ],
          "create_before_destroy": true
        }
      ]
    },
    {
      "mode": "managed",
      "type": "aws_api_gateway_resource",
      "name": "general",
      "provider": "provider[\"registry.terraform.io/hashicorp/aws\"]",
      "instances": [
        {
          "schema_version": 0,
          "attributes": {
            "id": "of8snb",
            "parent_id": "u0sdo1pj4k",
            "path": "/general",
            "path_part": "general",
            "rest_api_id": "buzzzp4ywk"
          },
          "sensitive_attributes": [],
          "identity_schema_version": 0,
          "private": "bnVsbA==",
          "dependencies": [
            "aws_api_gateway_rest_api.main"
          ],
          "create_before_destroy": true
        }
      ]
    },
    {
      "mode": "managed",
      "type": "aws_api_gateway_resource",
      "name": "relations",
      "provider": "provider[\"registry.terraform.io/hashicorp/aws\"]",
      "instances": [
        {
          "schema_version": 0,
          "attributes": {
            "id": "toj58s",
            "parent_id": "u0sdo1pj4k",
            "path": "/relations",
            "path_part": "relations",
            "rest_api_id": "buzzzp4ywk"
          },
          "sensitive_attributes": [],
          "identity_schema_version": 0,
          "private": "bnVsbA==",
          "dependencies": [
            "aws_api_gateway_rest_api.main"
          ],
          "create_before_destroy": true
        }
      ]
    },
    {
      "mode": "managed",
      "type": "aws_api_gateway_resource",
      "name": "subresources",
      "provider": "provider[\"registry.terraform.io/hashicorp/aws\"]",
      "instances": [
        {
          "index_key": "athletes/input_times",
          "schema_version": 0,
          "attributes": {
            "id": "akxhzs",
            "parent_id": "ojfpb1",
            "path": "/athletes/input_times",
            "path_part": "input_times",
            "rest_api_id": "buzzzp4ywk"
          },
          "sensitive_attributes": [],
          "identity_schema_version": 0,
          "private": "bnVsbA==",
          "dependencies": [
            "aws_api_gateway_resource.athletes",
            "aws_api_gateway_resource.coaches",
            "aws_api_gateway_resource.general",
            "aws_api_gateway_resource.relations",
            "aws_api_gateway_rest_api.main",
            "aws_db_instance.default",
            "aws_db_subnet_group.rds_private",
            "aws_iam_role.lambda_role",
            "aws_iam_role_policy_attachment.lambda_rds_auth",
            "aws_lambda_function.lambdas",
            "aws_lambda_layer_version.rds",
            "aws_lambda_layer_version.user_auth",
            "aws_security_group.lambda_sg",
            "aws_subnet.private_subnet1",
            "aws_subnet.private_subnet2",
            "data.archive_file.lambda_archives",
            "data.archive_file.rds_layer",
            "data.archive_file.user_auth_layer",
            "data.aws_availability_zones.available",
            "data.aws_vpc.default"
          ],
          "create_before_destroy": true
        },
        {
          "index_key": "athletes/remove_inputs",
          "schema_version": 0,
          "attributes": {
            "id": "6emjgf",
            "parent_id": "ojfpb1",
            "path": "/athletes/remove_inputs",
            "path_part": "remove_inputs",
            "rest_api_id": "buzzzp4ywk"
          },
          "sensitive_attributes": [],
          "identity_schema_version": 0,
          "private": "bnVsbA==",
          "dependencies": [
            "aws_api_gateway_resource.athletes",
            "aws_api_gateway_resource.coaches",
            "aws_api_gateway_resource.general",
            "aws_api_gateway_resource.relations",
            "aws_api_gateway_rest_api.main",
            "aws_db_instance.default",
            "aws_db_subnet_group.rds_private",
            "aws_iam_role.lambda_role",
            "aws_iam_role_policy_attachment.lambda_rds_auth",
            "aws_lambda_function.lambdas",
            "aws_lambda_layer_version.rds",
            "aws_lambda_layer_version.user_auth",
            "aws_security_group.lambda_sg",
            "aws_subnet.private_subnet1",
            "aws_subnet.private_subnet2",
            "data.archive_file.lambda_archives",
            "data.archive_file.rds_layer",
            "data.archive_file.user_auth_layer",
            "data.aws_availability_zones.available",
            "data.aws_vpc.default"
          ],
          "create_before_destroy": true
        },
        {
          "index_key": "athletes/search_input_history_date",
          "schema_version": 0,
          "attributes": {
            "id": "l00oeq",
            "parent_id": "ojfpb1",
            "path": "/athletes/search_input_history_date",
            "path_part": "search_input_history_date",
            "rest_api_id": "buzzzp4ywk"
          },
          "sensitive_attributes": [],
          "identity_schema_version": 0,
          "private": "bnVsbA==",
          "dependencies": [
            "aws_api_gateway_resource.athletes",
            "aws_api_gateway_resource.coaches",
            "aws_api_gateway_resource.general",
            "aws_api_gateway_resource.relations",
            "aws_api_gateway_rest_api.main",
            "aws_db_instance.default",
            "aws_db_subnet_group.rds_private",
            "aws_iam_role.lambda_role",
            "aws_iam_role_policy_attachment.lambda_rds_auth",
            "aws_lambda_function.lambdas",
            "aws_lambda_layer_version.rds",
            "aws_lambda_layer_version.user_auth",
            "aws_security_group.lambda_sg",
            "aws_subnet.private_subnet1",
            "aws_subnet.private_subnet2",
            "data.archive_file.lambda_archives",
            "data.archive_file.rds_layer",
            "data.archive_file.user_auth_layer",
            "data.aws_availability_zones.available",
            "data.aws_vpc.default"
          ],
          "create_before_destroy": true
        },
        {
          "index_key": "athletes/view_workout_inputs",
          "schema_version": 0,
          "attributes": {
            "id": "wqltih",
            "parent_id": "ojfpb1",
            "path": "/athletes/view_workout_inputs",
            "path_part": "view_workout_inputs",
            "rest_api_id": "buzzzp4ywk"
          },
          "sensitive_attributes": [],
          "identity_schema_version": 0,
          "private": "bnVsbA==",
          "dependencies": [
            "aws_api_gateway_resource.athletes",
            "aws_api_gateway_resource.coaches",
            "aws_api_gateway_resource.general",
            "aws_api_gateway_resource.relations",
            "aws_api_gateway_rest_api.main",
            "aws_db_instance.default",
            "aws_db_subnet_group.rds_private",
            "aws_iam_role.lambda_role",
            "aws_iam_role_policy_attachment.lambda_rds_auth",
            "aws_lambda_function.lambdas",
            "aws_lambda_layer_version.rds",
            "aws_lambda_layer_version.user_auth",
            "aws_security_group.lambda_sg",
            "aws_subnet.private_subnet1",
            "aws_subnet.private_subnet2",
            "data.archive_file.lambda_archives",
            "data.archive_file.rds_layer",
            "data.archive_file.user_auth_layer",
            "data.aws_availability_zones.available",
            "data.aws_vpc.default"
          ],
          "create_before_destroy": true
        },
        {
          "index_key": "coaches/add_athlete_to_group",
          "schema_version": 0,
          "attributes": {
            "id": "wz3zfq",
            "parent_id": "89yyuo",
            "path": "/coaches/add_athlete_to_group",
            "path_part": "add_athlete_to_group",
            "rest_api_id": "buzzzp4ywk"
          },
          "sensitive_attributes": [],
          "identity_schema_version": 0,
          "private": "bnVsbA==",
          "dependencies": [
            "aws_api_gateway_resource.athletes",
            "aws_api_gateway_resource.coaches",
            "aws_api_gateway_resource.general",
            "aws_api_gateway_resource.relations",
            "aws_api_gateway_rest_api.main",
            "aws_db_instance.default",
            "aws_db_subnet_group.rds_private",
            "aws_iam_role.lambda_role",
            "aws_iam_role_policy_attachment.lambda_rds_auth",
            "aws_lambda_function.lambdas",
            "aws_lambda_layer_version.rds",
            "aws_lambda_layer_version.user_auth",
            "aws_security_group.lambda_sg",
            "aws_subnet.private_subnet1",
            "aws_subnet.private_subnet2",
            "data.archive_file.lambda_archives",
            "data.archive_file.rds_layer",
            "data.archive_file.user_auth_layer",
            "data.aws_availability_zones.available",
            "data.aws_vpc.default"
          ],
          "create_before_destroy": true
        },
        {
          "index_key": "coaches/assign_group_workout",
          "schema_version": 0,
          "attributes": {
            "id": "d0t6xd",
            "parent_id": "89yyuo",
            "path": "/coaches/assign_group_workout",
            "path_part": "assign_group_workout",
            "rest_api_id": "buzzzp4ywk"
          },
          "sensitive_attributes": [],
          "identity_schema_version": 0,
          "private": "bnVsbA==",
          "dependencies": [
            "aws_api_gateway_resource.athletes",
            "aws_api_gateway_resource.coaches",
            "aws_api_gateway_resource.general",
            "aws_api_gateway_resource.relations",
            "aws_api_gateway_rest_api.main",
            "aws_db_instance.default",
            "aws_db_subnet_group.rds_private",
            "aws_iam_role.lambda_role",
            "aws_iam_role_policy_attachment.lambda_rds_auth",
            "aws_lambda_function.lambdas",
            "aws_lambda_layer_version.rds",
            "aws_lambda_layer_version.user_auth",
            "aws_security_group.lambda_sg",
            "aws_subnet.private_subnet1",
            "aws_subnet.private_subnet2",
            "data.archive_file.lambda_archives",
            "data.archive_file.rds_layer",
            "data.archive_file.user_auth_layer",
            "data.aws_availability_zones.available",
            "data.aws_vpc.default"
          ],
          "create_before_destroy": true
        },
        {
          "index_key": "coaches/assign_group_workout_template",
          "schema_version": 0,
          "attributes": {
            "id": "nl1j88",
            "parent_id": "89yyuo",
            "path": "/coaches/assign_group_workout_template",
            "path_part": "assign_group_workout_template",
            "rest_api_id": "buzzzp4ywk"
          },
          "sensitive_attributes": [],
          "identity_schema_version": 0,
          "private": "bnVsbA==",
          "dependencies": [
            "aws_api_gateway_resource.athletes",
            "aws_api_gateway_resource.coaches",
            "aws_api_gateway_resource.general",
            "aws_api_gateway_resource.relations",
            "aws_api_gateway_rest_api.main",
            "aws_db_instance.default",
            "aws_db_subnet_group.rds_private",
            "aws_iam_role.lambda_role",
            "aws_iam_role_policy_attachment.lambda_rds_auth",
            "aws_lambda_function.lambdas",
            "aws_lambda_layer_version.rds",
            "aws_lambda_layer_version.user_auth",
            "aws_security_group.lambda_sg",
            "aws_subnet.private_subnet1",
            "aws_subnet.private_subnet2",
            "data.archive_file.lambda_archives",
            "data.archive_file.rds_layer",
            "data.archive_file.user_auth_layer",
            "data.aws_availability_zones.available",
            "data.aws_vpc.default"
          ],
          "create_before_destroy": true
        },
        {
          "index_key": "coaches/create_group",
          "schema_version": 0,
          "attributes": {
            "id": "x30w08",
            "parent_id": "89yyuo",
            "path": "/coaches/create_group",
            "path_part": "create_group",
            "rest_api_id": "buzzzp4ywk"
          },
          "sensitive_attributes": [],
          "identity_schema_version": 0,
          "private": "bnVsbA==",
          "dependencies": [
            "aws_api_gateway_resource.athletes",
            "aws_api_gateway_resource.coaches",
            "aws_api_gateway_resource.general",
            "aws_api_gateway_resource.relations",
            "aws_api_gateway_rest_api.main",
            "aws_db_instance.default",
            "aws_db_subnet_group.rds_private",
            "aws_iam_role.lambda_role",
            "aws_iam_role_policy_attachment.lambda_rds_auth",
            "aws_lambda_function.lambdas",
            "aws_lambda_layer_version.rds",
            "aws_lambda_layer_version.user_auth",
            "aws_security_group.lambda_sg",
            "aws_subnet.private_subnet1",
            "aws_subnet.private_subnet2",
            "data.archive_file.lambda_archives",
            "data.archive_file.rds_layer",
            "data.archive_file.user_auth_layer",
            "data.aws_availability_zones.available",
            "data.aws_vpc.default"
          ],
          "create_before_destroy": true
        },
        {
          "index_key": "coaches/create_workout_template",
          "schema_version": 0,
          "attributes": {
            "id": "6cxvjn",
            "parent_id": "89yyuo",
            "path": "/coaches/create_workout_template",
            "path_part": "create_workout_template",
            "rest_api_id": "buzzzp4ywk"
          },
          "sensitive_attributes": [],
          "identity_schema_version": 0,
          "private": "bnVsbA==",
          "dependencies": [
            "aws_api_gateway_resource.athletes",
            "aws_api_gateway_resource.coaches",
            "aws_api_gateway_resource.general",
            "aws_api_gateway_resource.relations",
            "aws_api_gateway_rest_api.main",
            "aws_db_instance.default",
            "aws_db_subnet_group.rds_private",
            "aws_iam_role.lambda_role",
            "aws_iam_role_policy_attachment.lambda_rds_auth",
            "aws_lambda_function.lambdas",
            "aws_lambda_layer_version.rds",
            "aws_lambda_layer_version.user_auth",
            "aws_security_group.lambda_sg",
            "aws_subnet.private_subnet1",
            "aws_subnet.private_subnet2",
            "data.archive_file.lambda_archives",
            "data.archive_file.rds_layer",
            "data.archive_file.user_auth_layer",
            "data.aws_availability_zones.available",
            "data.aws_vpc.default"
          ],
          "create_before_destroy": true
        },
        {
          "index_key": "coaches/delete_group",
          "schema_version": 0,
          "attributes": {
            "id": "qbwhq3",
            "parent_id": "89yyuo",
            "path": "/coaches/delete_group",
            "path_part": "delete_group",
            "rest_api_id": "buzzzp4ywk"
          },
          "sensitive_attributes": [],
          "identity_schema_version": 0,
          "private": "bnVsbA==",
          "dependencies": [
            "aws_api_gateway_resource.athletes",
            "aws_api_gateway_resource.coaches",
            "aws_api_gateway_resource.general",
            "aws_api_gateway_resource.relations",
            "aws_api_gateway_rest_api.main",
            "aws_db_instance.default",
            "aws_db_subnet_group.rds_private",
            "aws_iam_role.lambda_role",
            "aws_iam_role_policy_attachment.lambda_rds_auth",
            "aws_lambda_function.lambdas",
            "aws_lambda_layer_version.rds",
            "aws_lambda_layer_version.user_auth",
            "aws_security_group.lambda_sg",
            "aws_subnet.private_subnet1",
            "aws_subnet.private_subnet2",
            "data.archive_file.lambda_archives",
            "data.archive_file.rds_layer",
            "data.archive_file.user_auth_layer",
            "data.aws_availability_zones.available",
            "data.aws_vpc.default"
          ],
          "create_before_destroy": true
        },
        {
          "index_key": "coaches/delete_group_workout",
          "schema_version": 0,
          "attributes": {
            "id": "zay0w3",
            "parent_id": "89yyuo",
            "path": "/coaches/delete_group_workout",
            "path_part": "delete_group_workout",
            "rest_api_id": "buzzzp4ywk"
          },
          "sensitive_attributes": [],
          "identity_schema_version": 0,
          "private": "bnVsbA==",
          "dependencies": [
            "aws_api_gateway_resource.athletes",
            "aws_api_gateway_resource.coaches",
            "aws_api_gateway_resource.general",
            "aws_api_gateway_resource.relations",
            "aws_api_gateway_rest_api.main",
            "aws_db_instance.default",
            "aws_db_subnet_group.rds_private",
            "aws_iam_role.lambda_role",
            "aws_iam_role_policy_attachment.lambda_rds_auth",
            "aws_lambda_function.lambdas",
            "aws_lambda_layer_version.rds",
            "aws_lambda_layer_version.user_auth",
            "aws_security_group.lambda_sg",
            "aws_subnet.private_subnet1",
            "aws_subnet.private_subnet2",
            "data.archive_file.lambda_archives",
            "data.archive_file.rds_layer",
            "data.archive_file.user_auth_layer",
            "data.aws_availability_zones.available",
            "data.aws_vpc.default"
          ],
          "create_before_destroy": true
        },
        {
          "index_key": "coaches/delete_workout_template",
          "schema_version": 0,
          "attributes": {
            "id": "63809l",
            "parent_id": "89yyuo",
            "path": "/coaches/delete_workout_template",
            "path_part": "delete_workout_template",
            "rest_api_id": "buzzzp4ywk"
          },
          "sensitive_attributes": [],
          "identity_schema_version": 0,
          "private": "bnVsbA==",
          "dependencies": [
            "aws_api_gateway_resource.athletes",
            "aws_api_gateway_resource.coaches",
            "aws_api_gateway_resource.general",
            "aws_api_gateway_resource.relations",
            "aws_api_gateway_rest_api.main",
            "aws_db_instance.default",
            "aws_db_subnet_group.rds_private",
            "aws_iam_role.lambda_role",
            "aws_iam_role_policy_attachment.lambda_rds_auth",
            "aws_lambda_function.lambdas",
            "aws_lambda_layer_version.rds",
            "aws_lambda_layer_version.user_auth",
            "aws_security_group.lambda_sg",
            "aws_subnet.private_subnet1",
            "aws_subnet.private_subnet2",
            "data.archive_file.lambda_archives",
            "data.archive_file.rds_layer",
            "data.archive_file.user_auth_layer",
            "data.aws_availability_zones.available",
            "data.aws_vpc.default"
          ],
          "create_before_destroy": true
        },
        {
          "index_key": "coaches/fetch_historical_data",
          "schema_version": 0,
          "attributes": {
            "id": "q5mjqd",
            "parent_id": "89yyuo",
            "path": "/coaches/fetch_historical_data",
            "path_part": "fetch_historical_data",
            "rest_api_id": "buzzzp4ywk"
          },
          "sensitive_attributes": [],
          "identity_schema_version": 0,
          "private": "bnVsbA==",
          "dependencies": [
            "aws_api_gateway_resource.athletes",
            "aws_api_gateway_resource.coaches",
            "aws_api_gateway_resource.general",
            "aws_api_gateway_resource.relations",
            "aws_api_gateway_rest_api.main",
            "aws_db_instance.default",
            "aws_db_subnet_group.rds_private",
            "aws_iam_role.lambda_role",
            "aws_iam_role_policy_attachment.lambda_rds_auth",
            "aws_lambda_function.lambdas",
            "aws_lambda_layer_version.rds",
            "aws_lambda_layer_version.user_auth",
            "aws_security_group.lambda_sg",
            "aws_subnet.private_subnet1",
            "aws_subnet.private_subnet2",
            "data.archive_file.lambda_archives",
            "data.archive_file.rds_layer",
            "data.archive_file.user_auth_layer",
            "data.aws_availability_zones.available",
            "data.aws_vpc.default"
          ],
          "create_before_destroy": true
        },
        {
          "index_key": "coaches/get_absent_group_athletes",
          "schema_version": 0,
          "attributes": {
            "id": "td0207",
            "parent_id": "89yyuo",
            "path": "/coaches/get_absent_group_athletes",
            "path_part": "get_absent_group_athletes",
            "rest_api_id": "buzzzp4ywk"
          },
          "sensitive_attributes": [],
          "identity_schema_version": 0,
          "private": "bnVsbA==",
          "dependencies": [
            "aws_api_gateway_resource.athletes",
            "aws_api_gateway_resource.coaches",
            "aws_api_gateway_resource.general",
            "aws_api_gateway_resource.relations",
            "aws_api_gateway_rest_api.main",
            "aws_db_instance.default",
            "aws_db_subnet_group.rds_private",
            "aws_iam_role.lambda_role",
            "aws_iam_role_policy_attachment.lambda_rds_auth",
            "aws_lambda_function.lambdas",
            "aws_lambda_layer_version.rds",
            "aws_lambda_layer_version.user_auth",
            "aws_security_group.lambda_sg",
            "aws_subnet.private_subnet1",
            "aws_subnet.private_subnet2",
            "data.archive_file.lambda_archives",
            "data.archive_file.rds_layer",
            "data.archive_file.user_auth_layer",
            "data.aws_availability_zones.available",
            "data.aws_vpc.default"
          ],
          "create_before_destroy": true
        },
        {
          "index_key": "coaches/get_available_history_dates",
          "schema_version": 0,
          "attributes": {
            "id": "j8bnua",
            "parent_id": "89yyuo",
            "path": "/coaches/get_available_history_dates",
            "path_part": "get_available_history_dates",
            "rest_api_id": "buzzzp4ywk"
          },
          "sensitive_attributes": [],
          "identity_schema_version": 0,
          "private": "bnVsbA==",
          "dependencies": [
            "aws_api_gateway_resource.athletes",
            "aws_api_gateway_resource.coaches",
            "aws_api_gateway_resource.general",
            "aws_api_gateway_resource.relations",
            "aws_api_gateway_rest_api.main",
            "aws_db_instance.default",
            "aws_db_subnet_group.rds_private",
            "aws_iam_role.lambda_role",
            "aws_iam_role_policy_attachment.lambda_rds_auth",
            "aws_lambda_function.lambdas",
            "aws_lambda_layer_version.rds",
            "aws_lambda_layer_version.user_auth",
            "aws_security_group.lambda_sg",
            "aws_subnet.private_subnet1",
            "aws_subnet.private_subnet2",
            "data.archive_file.lambda_archives",
            "data.archive_file.rds_layer",
            "data.archive_file.user_auth_layer",
            "data.aws_availability_zones.available",
            "data.aws_vpc.default"
          ],
          "create_before_destroy": true
        },
        {
          "index_key": "coaches/get_workout_templates",
          "schema_version": 0,
          "attributes": {
            "id": "nw96aq",
            "parent_id": "89yyuo",
            "path": "/coaches/get_workout_templates",
            "path_part": "get_workout_templates",
            "rest_api_id": "buzzzp4ywk"
          },
          "sensitive_attributes": [],
          "identity_schema_version": 0,
          "private": "bnVsbA==",
          "dependencies": [
            "aws_api_gateway_resource.athletes",
            "aws_api_gateway_resource.coaches",
            "aws_api_gateway_resource.general",
            "aws_api_gateway_resource.relations",
            "aws_api_gateway_rest_api.main",
            "aws_db_instance.default",
            "aws_db_subnet_group.rds_private",
            "aws_iam_role.lambda_role",
            "aws_iam_role_policy_attachment.lambda_rds_auth",
            "aws_lambda_function.lambdas",
            "aws_lambda_layer_version.rds",
            "aws_lambda_layer_version.user_auth",
            "aws_security_group.lambda_sg",
            "aws_subnet.private_subnet1",
            "aws_subnet.private_subnet2",
            "data.archive_file.lambda_archives",
            "data.archive_file.rds_layer",
            "data.archive_file.user_auth_layer",
            "data.aws_availability_zones.available",
            "data.aws_vpc.default"
          ],
          "create_before_destroy": true
        },
        {
          "index_key": "coaches/remove_group_athlete",
          "schema_version": 0,
          "attributes": {
            "id": "0aq10y",
            "parent_id": "89yyuo",
            "path": "/coaches/remove_group_athlete",
            "path_part": "remove_group_athlete",
            "rest_api_id": "buzzzp4ywk"
          },
          "sensitive_attributes": [],
          "identity_schema_version": 0,
          "private": "bnVsbA==",
          "dependencies": [
            "aws_api_gateway_resource.athletes",
            "aws_api_gateway_resource.coaches",
            "aws_api_gateway_resource.general",
            "aws_api_gateway_resource.relations",
            "aws_api_gateway_rest_api.main",
            "aws_db_instance.default",
            "aws_db_subnet_group.rds_private",
            "aws_iam_role.lambda_role",
            "aws_iam_role_policy_attachment.lambda_rds_auth",
            "aws_lambda_function.lambdas",
            "aws_lambda_layer_version.rds",
            "aws_lambda_layer_version.user_auth",
            "aws_security_group.lambda_sg",
            "aws_subnet.private_subnet1",
            "aws_subnet.private_subnet2",
            "data.archive_file.lambda_archives",
            "data.archive_file.rds_layer",
            "data.archive_file.user_auth_layer",
            "data.aws_availability_zones.available",
            "data.aws_vpc.default"
          ],
          "create_before_destroy": true
        },
        {
          "index_key": "general/create_user",
          "schema_version": 0,
          "attributes": {
            "id": "3ux4l0",
            "parent_id": "of8snb",
            "path": "/general/create_user",
            "path_part": "create_user",
            "rest_api_id": "buzzzp4ywk"
          },
          "sensitive_attributes": [],
          "identity_schema_version": 0,
          "private": "bnVsbA==",
          "dependencies": [
            "aws_api_gateway_resource.athletes",
            "aws_api_gateway_resource.coaches",
            "aws_api_gateway_resource.general",
            "aws_api_gateway_resource.relations",
            "aws_api_gateway_rest_api.main",
            "aws_db_instance.default",
            "aws_db_subnet_group.rds_private",
            "aws_iam_role.lambda_role",
            "aws_iam_role_policy_attachment.lambda_rds_auth",
            "aws_lambda_function.lambdas",
            "aws_lambda_layer_version.rds",
            "aws_lambda_layer_version.user_auth",
            "aws_security_group.lambda_sg",
            "aws_subnet.private_subnet1",
            "aws_subnet.private_subnet2",
            "data.archive_file.lambda_archives",
            "data.archive_file.rds_layer",
            "data.archive_file.user_auth_layer",
            "data.aws_availability_zones.available",
            "data.aws_vpc.default"
          ],
          "create_before_destroy": true
        },
        {
          "index_key": "general/get_athletes_for_group",
          "schema_version": 0,
          "attributes": {
            "id": "1g3n72",
            "parent_id": "of8snb",
            "path": "/general/get_athletes_for_group",
            "path_part": "get_athletes_for_group",
            "rest_api_id": "buzzzp4ywk"
          },
          "sensitive_attributes": [],
          "identity_schema_version": 0,
          "private": "bnVsbA==",
          "dependencies": [
            "aws_api_gateway_resource.athletes",
            "aws_api_gateway_resource.coaches",
            "aws_api_gateway_resource.general",
            "aws_api_gateway_resource.relations",
            "aws_api_gateway_rest_api.main",
            "aws_db_instance.default",
            "aws_db_subnet_group.rds_private",
            "aws_iam_role.lambda_role",
            "aws_iam_role_policy_attachment.lambda_rds_auth",
            "aws_lambda_function.lambdas",
            "aws_lambda_layer_version.rds",
            "aws_lambda_layer_version.user_auth",
            "aws_security_group.lambda_sg",
            "aws_subnet.private_subnet1",
            "aws_subnet.private_subnet2",
            "data.archive_file.lambda_archives",
            "data.archive_file.rds_layer",
            "data.archive_file.user_auth_layer",
            "data.aws_availability_zones.available",
            "data.aws_vpc.default"
          ],
          "create_before_destroy": true
        },
        {
          "index_key": "general/get_group_workout",
          "schema_version": 0,
          "attributes": {
            "id": "26g1pa",
            "parent_id": "of8snb",
            "path": "/general/get_group_workout",
            "path_part": "get_group_workout",
            "rest_api_id": "buzzzp4ywk"
          },
          "sensitive_attributes": [],
          "identity_schema_version": 0,
          "private": "bnVsbA==",
          "dependencies": [
            "aws_api_gateway_resource.athletes",
            "aws_api_gateway_resource.coaches",
            "aws_api_gateway_resource.general",
            "aws_api_gateway_resource.relations",
            "aws_api_gateway_rest_api.main",
            "aws_db_instance.default",
            "aws_db_subnet_group.rds_private",
            "aws_iam_role.lambda_role",
            "aws_iam_role_policy_attachment.lambda_rds_auth",
            "aws_lambda_function.lambdas",
            "aws_lambda_layer_version.rds",
            "aws_lambda_layer_version.user_auth",
            "aws_security_group.lambda_sg",
            "aws_subnet.private_subnet1",
            "aws_subnet.private_subnet2",
            "data.archive_file.lambda_archives",
            "data.archive_file.rds_layer",
            "data.archive_file.user_auth_layer",
            "data.aws_availability_zones.available",
            "data.aws_vpc.default"
          ],
          "create_before_destroy": true
        },
        {
          "index_key": "general/get_groups",
          "schema_version": 0,
          "attributes": {
            "id": "db44ui",
            "parent_id": "of8snb",
            "path": "/general/get_groups",
            "path_part": "get_groups",
            "rest_api_id": "buzzzp4ywk"
          },
          "sensitive_attributes": [],
          "identity_schema_version": 0,
          "private": "bnVsbA==",
          "dependencies": [
            "aws_api_gateway_resource.athletes",
            "aws_api_gateway_resource.coaches",
            "aws_api_gateway_resource.general",
            "aws_api_gateway_resource.relations",
            "aws_api_gateway_rest_api.main",
            "aws_db_instance.default",
            "aws_db_subnet_group.rds_private",
            "aws_iam_role.lambda_role",
            "aws_iam_role_policy_attachment.lambda_rds_auth",
            "aws_lambda_function.lambdas",
            "aws_lambda_layer_version.rds",
            "aws_lambda_layer_version.user_auth",
            "aws_security_group.lambda_sg",
            "aws_subnet.private_subnet1",
            "aws_subnet.private_subnet2",
            "data.archive_file.lambda_archives",
            "data.archive_file.rds_layer",
            "data.archive_file.user_auth_layer",
            "data.aws_availability_zones.available",
            "data.aws_vpc.default"
          ],
          "create_before_destroy": true
        },
        {
          "index_key": "general/get_user",
          "schema_version": 0,
          "attributes": {
            "id": "ofzmk1",
            "parent_id": "of8snb",
            "path": "/general/get_user",
            "path_part": "get_user",
            "rest_api_id": "buzzzp4ywk"
          },
          "sensitive_attributes": [],
          "identity_schema_version": 0,
          "private": "bnVsbA==",
          "dependencies": [
            "aws_api_gateway_resource.athletes",
            "aws_api_gateway_resource.coaches",
            "aws_api_gateway_resource.general",
            "aws_api_gateway_resource.relations",
            "aws_api_gateway_rest_api.main",
            "aws_db_instance.default",
            "aws_db_subnet_group.rds_private",
            "aws_iam_role.lambda_role",
            "aws_iam_role_policy_attachment.lambda_rds_auth",
            "aws_lambda_function.lambdas",
            "aws_lambda_layer_version.rds",
            "aws_lambda_layer_version.user_auth",
            "aws_security_group.lambda_sg",
            "aws_subnet.private_subnet1",
            "aws_subnet.private_subnet2",
            "data.archive_file.lambda_archives",
            "data.archive_file.rds_layer",
            "data.archive_file.user_auth_layer",
            "data.aws_availability_zones.available",
            "data.aws_vpc.default"
          ],
          "create_before_destroy": true
        },
        {
          "index_key": "general/get_weekly_schedule",
          "schema_version": 0,
          "attributes": {
            "id": "8t33db",
            "parent_id": "of8snb",
            "path": "/general/get_weekly_schedule",
            "path_part": "get_weekly_schedule",
            "rest_api_id": "buzzzp4ywk"
          },
          "sensitive_attributes": [],
          "identity_schema_version": 0,
          "private": "bnVsbA==",
          "dependencies": [
            "aws_api_gateway_resource.athletes",
            "aws_api_gateway_resource.coaches",
            "aws_api_gateway_resource.general",
            "aws_api_gateway_resource.relations",
            "aws_api_gateway_rest_api.main",
            "aws_db_instance.default",
            "aws_db_subnet_group.rds_private",
            "aws_iam_role.lambda_role",
            "aws_iam_role_policy_attachment.lambda_rds_auth",
            "aws_lambda_function.lambdas",
            "aws_lambda_layer_version.rds",
            "aws_lambda_layer_version.user_auth",
            "aws_security_group.lambda_sg",
            "aws_subnet.private_subnet1",
            "aws_subnet.private_subnet2",
            "data.archive_file.lambda_archives",
            "data.archive_file.rds_layer",
            "data.archive_file.user_auth_layer",
            "data.aws_availability_zones.available",
            "data.aws_vpc.default"
          ],
          "create_before_destroy": true
        },
        {
          "index_key": "general/mass_input",
          "schema_version": 0,
          "attributes": {
            "id": "ozp6d8",
            "parent_id": "of8snb",
            "path": "/general/mass_input",
            "path_part": "mass_input",
            "rest_api_id": "buzzzp4ywk"
          },
          "sensitive_attributes": [],
          "identity_schema_version": 0,
          "private": "bnVsbA==",
          "dependencies": [
            "aws_api_gateway_resource.athletes",
            "aws_api_gateway_resource.coaches",
            "aws_api_gateway_resource.general",
            "aws_api_gateway_resource.relations",
            "aws_api_gateway_rest_api.main",
            "aws_db_instance.default",
            "aws_db_subnet_group.rds_private",
            "aws_iam_role.lambda_role",
            "aws_iam_role_policy_attachment.lambda_rds_auth",
            "aws_lambda_function.lambdas",
            "aws_lambda_layer_version.rds",
            "aws_lambda_layer_version.user_auth",
            "aws_security_group.lambda_sg",
            "aws_subnet.private_subnet1",
            "aws_subnet.private_subnet2",
            "data.archive_file.lambda_archives",
            "data.archive_file.rds_layer",
            "data.archive_file.user_auth_layer",
            "data.aws_availability_zones.available",
            "data.aws_vpc.default"
          ],
          "create_before_destroy": true
        },
        {
          "index_key": "general/update_user_profile",
          "schema_version": 0,
          "attributes": {
            "id": "82va20",
            "parent_id": "of8snb",
            "path": "/general/update_user_profile",
            "path_part": "update_user_profile",
            "rest_api_id": "buzzzp4ywk"
          },
          "sensitive_attributes": [],
          "identity_schema_version": 0,
          "private": "bnVsbA==",
          "dependencies": [
            "aws_api_gateway_resource.athletes",
            "aws_api_gateway_resource.coaches",
            "aws_api_gateway_resource.general",
            "aws_api_gateway_resource.relations",
            "aws_api_gateway_rest_api.main",
            "aws_db_instance.default",
            "aws_db_subnet_group.rds_private",
            "aws_iam_role.lambda_role",
            "aws_iam_role_policy_attachment.lambda_rds_auth",
            "aws_lambda_function.lambdas",
            "aws_lambda_layer_version.rds",
            "aws_lambda_layer_version.user_auth",
            "aws_security_group.lambda_sg",
            "aws_subnet.private_subnet1",
            "aws_subnet.private_subnet2",
            "data.archive_file.lambda_archives",
            "data.archive_file.rds_layer",
            "data.archive_file.user_auth_layer",
            "data.aws_availability_zones.available",
            "data.aws_vpc.default"
          ],
          "create_before_destroy": true
        },
        {
          "index_key": "general/view_group_inputs",
          "schema_version": 0,
          "attributes": {
            "id": "cgp43o",
            "parent_id": "of8snb",
            "path": "/general/view_group_inputs",
            "path_part": "view_group_inputs",
            "rest_api_id": "buzzzp4ywk"
          },
          "sensitive_attributes": [],
          "identity_schema_version": 0,
          "private": "bnVsbA==",
          "dependencies": [
            "aws_api_gateway_resource.athletes",
            "aws_api_gateway_resource.coaches",
            "aws_api_gateway_resource.general",
            "aws_api_gateway_resource.relations",
            "aws_api_gateway_rest_api.main",
            "aws_db_instance.default",
            "aws_db_subnet_group.rds_private",
            "aws_iam_role.lambda_role",
            "aws_iam_role_policy_attachment.lambda_rds_auth",
            "aws_lambda_function.lambdas",
            "aws_lambda_layer_version.rds",
            "aws_lambda_layer_version.user_auth",
            "aws_security_group.lambda_sg",
            "aws_subnet.private_subnet1",
            "aws_subnet.private_subnet2",
            "data.archive_file.lambda_archives",
            "data.archive_file.rds_layer",
            "data.archive_file.user_auth_layer",
            "data.aws_availability_zones.available",
            "data.aws_vpc.default"
          ],
          "create_before_destroy": true
        },
        {
          "index_key": "relations/add_relation",
          "schema_version": 0,
          "attributes": {
            "id": "zs7qut",
            "parent_id": "toj58s",
            "path": "/relations/add_relation",
            "path_part": "add_relation",
            "rest_api_id": "buzzzp4ywk"
          },
          "sensitive_attributes": [],
          "identity_schema_version": 0,
          "private": "bnVsbA==",
          "dependencies": [
            "aws_api_gateway_resource.athletes",
            "aws_api_gateway_resource.coaches",
            "aws_api_gateway_resource.general",
            "aws_api_gateway_resource.relations",
            "aws_api_gateway_rest_api.main",
            "aws_db_instance.default",
            "aws_db_subnet_group.rds_private",
            "aws_iam_role.lambda_role",
            "aws_iam_role_policy_attachment.lambda_rds_auth",
            "aws_lambda_function.lambdas",
            "aws_lambda_layer_version.rds",
            "aws_lambda_layer_version.user_auth",
            "aws_security_group.lambda_sg",
            "aws_subnet.private_subnet1",
            "aws_subnet.private_subnet2",
            "data.archive_file.lambda_archives",
            "data.archive_file.rds_layer",
            "data.archive_file.user_auth_layer",
            "data.aws_availability_zones.available",
            "data.aws_vpc.default"
          ],
          "create_before_destroy": true
        },
        {
          "index_key": "relations/get_mutual_user_relations",
          "schema_version": 0,
          "attributes": {
            "id": "h1iinp",
            "parent_id": "toj58s",
            "path": "/relations/get_mutual_user_relations",
            "path_part": "get_mutual_user_relations",
            "rest_api_id": "buzzzp4ywk"
          },
          "sensitive_attributes": [],
          "identity_schema_version": 0,
          "private": "bnVsbA==",
          "dependencies": [
            "aws_api_gateway_resource.athletes",
            "aws_api_gateway_resource.coaches",
            "aws_api_gateway_resource.general",
            "aws_api_gateway_resource.relations",
            "aws_api_gateway_rest_api.main",
            "aws_db_instance.default",
            "aws_db_subnet_group.rds_private",
            "aws_iam_role.lambda_role",
            "aws_iam_role_policy_attachment.lambda_rds_auth",
            "aws_lambda_function.lambdas",
            "aws_lambda_layer_version.rds",
            "aws_lambda_layer_version.user_auth",
            "aws_security_group.lambda_sg",
            "aws_subnet.private_subnet1",
            "aws_subnet.private_subnet2",
            "data.archive_file.lambda_archives",
            "data.archive_file.rds_layer",
            "data.archive_file.user_auth_layer",
            "data.aws_availability_zones.available",
            "data.aws_vpc.default"
          ],
          "create_before_destroy": true
        },
        {
          "index_key": "relations/get_relation_invites",
          "schema_version": 0,
          "attributes": {
            "id": "q4nprh",
            "parent_id": "toj58s",
            "path": "/relations/get_relation_invites",
            "path_part": "get_relation_invites",
            "rest_api_id": "buzzzp4ywk"
          },
          "sensitive_attributes": [],
          "identity_schema_version": 0,
          "private": "bnVsbA==",
          "dependencies": [
            "aws_api_gateway_resource.athletes",
            "aws_api_gateway_resource.coaches",
            "aws_api_gateway_resource.general",
            "aws_api_gateway_resource.relations",
            "aws_api_gateway_rest_api.main",
            "aws_db_instance.default",
            "aws_db_subnet_group.rds_private",
            "aws_iam_role.lambda_role",
            "aws_iam_role_policy_attachment.lambda_rds_auth",
            "aws_lambda_function.lambdas",
            "aws_lambda_layer_version.rds",
            "aws_lambda_layer_version.user_auth",
            "aws_security_group.lambda_sg",
            "aws_subnet.private_subnet1",
            "aws_subnet.private_subnet2",
            "data.archive_file.lambda_archives",
            "data.archive_file.rds_layer",
            "data.archive_file.user_auth_layer",
            "data.aws_availability_zones.available",
            "data.aws_vpc.default"
          ],
          "create_before_destroy": true
        },
        {
          "index_key": "relations/get_relation_invites_count",
          "schema_version": 0,
          "attributes": {
            "id": "7mmdfl",
            "parent_id": "toj58s",
            "path": "/relations/get_relation_invites_count",
            "path_part": "get_relation_invites_count",
            "rest_api_id": "buzzzp4ywk"
          },
          "sensitive_attributes": [],
          "identity_schema_version": 0,
          "private": "bnVsbA==",
          "dependencies": [
            "aws_api_gateway_resource.athletes",
            "aws_api_gateway_resource.coaches",
            "aws_api_gateway_resource.general",
            "aws_api_gateway_resource.relations",
            "aws_api_gateway_rest_api.main",
            "aws_db_instance.default",
            "aws_db_subnet_group.rds_private",
            "aws_iam_role.lambda_role",
            "aws_iam_role_policy_attachment.lambda_rds_auth",
            "aws_lambda_function.lambdas",
            "aws_lambda_layer_version.rds",
            "aws_lambda_layer_version.user_auth",
            "aws_security_group.lambda_sg",
            "aws_subnet.private_subnet1",
            "aws_subnet.private_subnet2",
            "data.archive_file.lambda_archives",
            "data.archive_file.rds_layer",
            "data.archive_file.user_auth_layer",
            "data.aws_availability_zones.available",
            "data.aws_vpc.default"
          ],
          "create_before_destroy": true
        },
        {
          "index_key": "relations/remove_user_relation",
          "schema_version": 0,
          "attributes": {
            "id": "xzk7ie",
            "parent_id": "toj58s",
            "path": "/relations/remove_user_relation",
            "path_part": "remove_user_relation",
            "rest_api_id": "buzzzp4ywk"
          },
          "sensitive_attributes": [],
          "identity_schema_version": 0,
          "private": "bnVsbA==",
          "dependencies": [
            "aws_api_gateway_resource.athletes",
            "aws_api_gateway_resource.coaches",
            "aws_api_gateway_resource.general",
            "aws_api_gateway_resource.relations",
            "aws_api_gateway_rest_api.main",
            "aws_db_instance.default",
            "aws_db_subnet_group.rds_private",
            "aws_iam_role.lambda_role",
            "aws_iam_role_policy_attachment.lambda_rds_auth",
            "aws_lambda_function.lambdas",
            "aws_lambda_layer_version.rds",
            "aws_lambda_layer_version.user_auth",
            "aws_security_group.lambda_sg",
            "aws_subnet.private_subnet1",
            "aws_subnet.private_subnet2",
            "data.archive_file.lambda_archives",
            "data.archive_file.rds_layer",
            "data.archive_file.user_auth_layer",
            "data.aws_availability_zones.available",
            "data.aws_vpc.default"
          ],
          "create_before_destroy": true
        },
        {
          "index_key": "relations/search_user_relation",
          "schema_version": 0,
          "attributes": {
            "id": "vodnr3",
            "parent_id": "toj58s",
            "path": "/relations/search_user_relation",
            "path_part": "search_user_relation",
            "rest_api_id": "buzzzp4ywk"
          },
          "sensitive_attributes": [],
          "identity_schema_version": 0,
          "private": "bnVsbA==",
          "dependencies": [
            "aws_api_gateway_resource.athletes",
            "aws_api_gateway_resource.coaches",
            "aws_api_gateway_resource.general",
            "aws_api_gateway_resource.relations",
            "aws_api_gateway_rest_api.main",
            "aws_db_instance.default",
            "aws_db_subnet_group.rds_private",
            "aws_iam_role.lambda_role",
            "aws_iam_role_policy_attachment.lambda_rds_auth",
            "aws_lambda_function.lambdas",
            "aws_lambda_layer_version.rds",
            "aws_lambda_layer_version.user_auth",
            "aws_security_group.lambda_sg",
            "aws_subnet.private_subnet1",
            "aws_subnet.private_subnet2",
            "data.archive_file.lambda_archives",
            "data.archive_file.rds_layer",
            "data.archive_file.user_auth_layer",
            "data.aws_availability_zones.available",
            "data.aws_vpc.default"
          ],
          "create_before_destroy": true
        }
      ]
    },
    {
      "mode": "managed",
      "type": "aws_api_gateway_rest_api",
      "name": "main",
      "provider": "provider[\"registry.terraform.io/hashicorp/aws\"]",
      "instances": [
        {
          "schema_version": 0,
          "attributes": {
            "api_key_source": "HEADER",
            "arn": "arn:aws:apigateway:us-east-2::/restapis/buzzzp4ywk",
            "binary_media_types": [],
            "body": null,
            "created_date": "2025-10-04T23:24:10Z",
            "description": "Trackme API Gateway",
            "disable_execute_api_endpoint": false,
            "endpoint_configuration": [
              {
                "ip_address_type": "ipv4",
                "types": [
                  "EDGE"
                ],
                "vpc_endpoint_ids": []
              }
            ],
            "execution_arn": "arn:aws:execute-api:us-east-2:857360184083:buzzzp4ywk",
            "fail_on_warnings": null,
            "id": "buzzzp4ywk",
            "minimum_compression_size": "",
            "name": "trackme-api",
            "parameters": null,
            "policy": "",
            "put_rest_api_mode": null,
            "root_resource_id": "u0sdo1pj4k",
            "tags": {},
            "tags_all": {}
          },
          "sensitive_attributes": [],
          "identity_schema_version": 0,
          "private": "bnVsbA==",
          "create_before_destroy": true
        }
      ]
    },
    {
      "mode": "managed",
      "type": "aws_api_gateway_stage",
      "name": "main",
      "provider": "provider[\"registry.terraform.io/hashicorp/aws\"]",
      "instances": [
        {
          "schema_version": 0,
          "attributes": {
            "access_log_settings": [],
            "arn": "arn:aws:apigateway:us-east-2::/restapis/buzzzp4ywk/stages/prod",
            "cache_cluster_enabled": false,
            "cache_cluster_size": "",
            "canary_settings": [],
            "client_certificate_id": "",
            "deployment_id": "mfyx5l",
            "description": "",
            "documentation_version": "",
            "execution_arn": "arn:aws:execute-api:us-east-2:857360184083:buzzzp4ywk/prod",
            "id": "ags-buzzzp4ywk-prod",
            "invoke_url": "https://buzzzp4ywk.execute-api.us-east-2.amazonaws.com/prod",
            "rest_api_id": "buzzzp4ywk",
            "stage_name": "prod",
            "tags": {},
            "tags_all": {},
            "variables": {},
            "web_acl_arn": "",
            "xray_tracing_enabled": false
          },
          "sensitive_attributes": [],
          "identity_schema_version": 0,
          "private": "bnVsbA==",
          "dependencies": [
            "aws_api_gateway_authorizer.cognito_authorizer",
            "aws_api_gateway_deployment.main",
            "aws_api_gateway_integration.main",
            "aws_api_gateway_integration.options",
            "aws_api_gateway_integration_response.options",
            "aws_api_gateway_method.main",
            "aws_api_gateway_method.options",
            "aws_api_gateway_method_response.options",
            "aws_api_gateway_resource.athletes",
            "aws_api_gateway_resource.coaches",
            "aws_api_gateway_resource.general",
            "aws_api_gateway_resource.relations",
            "aws_api_gateway_resource.subresources",
            "aws_api_gateway_rest_api.main",
            "aws_db_instance.default",
            "aws_db_subnet_group.rds_private",
            "aws_iam_role.lambda_role",
            "aws_iam_role_policy_attachment.lambda_rds_auth",
            "aws_lambda_function.lambdas",
            "aws_lambda_layer_version.rds",
            "aws_lambda_layer_version.user_auth",
            "aws_security_group.lambda_sg",
            "aws_subnet.private_subnet1",
            "aws_subnet.private_subnet2",
            "data.archive_file.lambda_archives",
            "data.archive_file.rds_layer",
            "data.archive_file.user_auth_layer",
            "data.aws_availability_zones.available",
            "data.aws_vpc.default"
          ],
          "create_before_destroy": true
        }
      ]
    },
    {
      "mode": "managed",
      "type": "aws_db_instance",
      "name": "default",
      "provider": "provider[\"registry.terraform.io/hashicorp/aws\"]",
      "instances": [
        {
          "schema_version": 2,
          "attributes": {
            "address": "trackmedb.c9goe0ioosh0.us-east-2.rds.amazonaws.com",
            "allocated_storage": 20,
            "allow_major_version_upgrade": null,
            "apply_immediately": false,
            "arn": "arn:aws:rds:us-east-2:857360184083:db:trackmedb",
            "auto_minor_version_upgrade": true,
            "availability_zone": "us-east-2a",
            "backup_retention_period": 0,
            "backup_target": "region",
            "backup_window": "05:17-05:47",
            "blue_green_update": [],
            "ca_cert_identifier": "rds-ca-rsa2048-g1",
            "character_set_name": "",
            "copy_tags_to_snapshot": false,
            "custom_iam_instance_profile": "",
            "customer_owned_ip_enabled": false,
            "database_insights_mode": "standard",
            "db_name": "trackme",
            "db_subnet_group_name": "trackme-db-subnet-group",
            "dedicated_log_volume": false,
            "delete_automated_backups": true,
            "deletion_protection": false,
            "domain": "",
            "domain_auth_secret_arn": "",
            "domain_dns_ips": [],
            "domain_fqdn": "",
            "domain_iam_role_name": "",
            "domain_ou": "",
            "enabled_cloudwatch_logs_exports": [],
            "endpoint": "trackmedb.c9goe0ioosh0.us-east-2.rds.amazonaws.com:5432",
            "engine": "postgres",
            "engine_lifecycle_support": "open-source-rds-extended-support",
            "engine_version": "17.5",
            "engine_version_actual": "17.5",
            "final_snapshot_identifier": null,
            "hosted_zone_id": "Z2XHWR1WZ565X2",
            "iam_database_authentication_enabled": false,
            "id": "db-SF4YG732X4EN6WMSNXVOI6CRRI",
            "identifier": "trackmedb",
            "identifier_prefix": "",
            "instance_class": "db.t3.micro",
            "iops": 0,
            "kms_key_id": "",
            "latest_restorable_time": "",
            "license_model": "postgresql-license",
            "listener_endpoint": [],
            "maintenance_window": "sun:07:38-sun:08:08",
            "manage_master_user_password": null,
            "master_user_secret": [],
            "master_user_secret_kms_key_id": null,
            "max_allocated_storage": 0,
            "monitoring_interval": 0,
            "monitoring_role_arn": "",
            "multi_az": false,
            "nchar_character_set_name": "",
            "network_type": "IPV4",
            "option_group_name": "default:postgres-17",
            "parameter_group_name": "default.postgres17",
            "password": "Mojito#2025",
            "password_wo": null,
            "password_wo_version": null,
            "performance_insights_enabled": false,
            "performance_insights_kms_key_id": "",
            "performance_insights_retention_period": 0,
            "port": 5432,
            "publicly_accessible": false,
            "replica_mode": "",
            "replicas": [],
            "replicate_source_db": "",
            "resource_id": "db-SF4YG732X4EN6WMSNXVOI6CRRI",
            "restore_to_point_in_time": [],
            "s3_import": [],
            "skip_final_snapshot": true,
            "snapshot_identifier": null,
            "status": "available",
            "storage_encrypted": false,
            "storage_throughput": 0,
            "storage_type": "gp2",
            "tags": {},
            "tags_all": {},
            "timeouts": null,
            "timezone": "",
            "upgrade_storage_config": null,
            "username": "trackme_admin",
            "vpc_security_group_ids": [
              "sg-0b98a1e54096ed585"
            ]
          },
          "sensitive_attributes": [
            [
              {
                "type": "get_attr",
                "value": "password"
              }
            ],
            [
              {
                "type": "get_attr",
                "value": "password_wo"
              }
            ]
          ],
          "identity_schema_version": 0,
          "private": "eyJlMmJmYjczMC1lY2FhLTExZTYtOGY4OC0zNDM2M2JjN2M0YzAiOnsiY3JlYXRlIjozMDAwMDAwMDAwMDAwLCJkZWxldGUiOjM2MDAwMDAwMDAwMDAsInVwZGF0ZSI6NDgwMDAwMDAwMDAwMH0sInNjaGVtYV92ZXJzaW9uIjoiMiJ9",
          "dependencies": [
            "aws_db_subnet_group.rds_private",
            "aws_subnet.private_subnet1",
            "aws_subnet.private_subnet2",
            "data.aws_availability_zones.available",
            "data.aws_vpc.default"
          ],
          "create_before_destroy": true
        }
      ]
    },
    {
      "mode": "managed",
      "type": "aws_db_subnet_group",
      "name": "rds_private",
      "provider": "provider[\"registry.terraform.io/hashicorp/aws\"]",
      "instances": [
        {
          "schema_version": 0,
          "attributes": {
            "arn": "arn:aws:rds:us-east-2:857360184083:subgrp:trackme-db-subnet-group",
            "description": "Managed by Terraform",
            "id": "trackme-db-subnet-group",
            "name": "trackme-db-subnet-group",
            "name_prefix": "",
            "subnet_ids": [
              "subnet-09b6e632d01fcb525",
              "subnet-0db35c13edd7c98e9"
            ],
            "supported_network_types": [
              "IPV4"
            ],
            "tags": {
              "Name": "trackme-db-subnet-group"
            },
            "tags_all": {
              "Name": "trackme-db-subnet-group"
            },
            "vpc_id": "vpc-00ce2d8f8e6ecb305"
          },
          "sensitive_attributes": [],
          "identity_schema_version": 0,
          "private": "bnVsbA==",
          "dependencies": [
            "aws_subnet.private_subnet1",
            "aws_subnet.private_subnet2",
            "data.aws_availability_zones.available",
            "data.aws_vpc.default"
          ],
          "create_before_destroy": true
        }
      ]
    },
    {
      "mode": "managed",
      "type": "aws_iam_role",
      "name": "lambda_role",
      "provider": "provider[\"registry.terraform.io/hashicorp/aws\"]",
      "instances": [
        {
          "schema_version": 0,
          "attributes": {
            "arn": "arn:aws:iam::857360184083:role/lambda_role",
            "assume_role_policy": "{\"Statement\":[{\"Action\":\"sts:AssumeRole\",\"Effect\":\"Allow\",\"Principal\":{\"Service\":\"lambda.amazonaws.com\"}}],\"Version\":\"2012-10-17\"}",
            "create_date": "2025-09-19T19:08:55Z",
            "description": "",
            "force_detach_policies": false,
            "id": "lambda_role",
            "inline_policy": [
              {
                "name": "lambda_vpc_policy",
                "policy": "{\"Version\":\"2012-10-17\",\"Statement\":[{\"Action\":[\"ec2:CreateNetworkInterface\",\"ec2:DescribeNetworkInterfaces\",\"ec2:DeleteNetworkInterface\"],\"Effect\":\"Allow\",\"Resource\":\"*\"}]}"
              }
            ],
            "managed_policy_arns": [
              "arn:aws:iam::aws:policy/AmazonRDSFullAccess",
              "arn:aws:iam::aws:policy/service-role/AWSLambdaBasicExecutionRole"
            ],
            "max_session_duration": 3600,
            "name": "lambda_role",
            "name_prefix": "",
            "path": "/",
            "permissions_boundary": "",
            "tags": {},
            "tags_all": {},
            "unique_id": "AROA4PHVGGMJSPGWSCNME"
          },
          "sensitive_attributes": [],
          "identity_schema_version": 0,
          "private": "bnVsbA==",
          "create_before_destroy": true
        }
      ]
    },
    {
      "mode": "managed",
      "type": "aws_iam_role_policy",
      "name": "lambda_vpc",
      "provider": "provider[\"registry.terraform.io/hashicorp/aws\"]",
      "instances": [
        {
          "schema_version": 0,
          "attributes": {
            "id": "lambda_role:lambda_vpc_policy",
            "name": "lambda_vpc_policy",
            "name_prefix": "",
            "policy": "{\"Version\":\"2012-10-17\",\"Statement\":[{\"Action\":[\"ec2:CreateNetworkInterface\",\"ec2:DescribeNetworkInterfaces\",\"ec2:DeleteNetworkInterface\"],\"Effect\":\"Allow\",\"Resource\":\"*\"}]}",
            "role": "lambda_role"
          },
          "sensitive_attributes": [],
          "identity_schema_version": 0,
          "private": "bnVsbA==",
          "dependencies": [
            "aws_iam_role.lambda_role"
          ]
        }
      ]
    },
    {
      "mode": "managed",
      "type": "aws_iam_role_policy_attachment",
      "name": "lambda_logs",
      "provider": "provider[\"registry.terraform.io/hashicorp/aws\"]",
      "instances": [
        {
          "schema_version": 0,
          "attributes": {
            "id": "lambda_role-20250919190856091400000003",
            "policy_arn": "arn:aws:iam::aws:policy/service-role/AWSLambdaBasicExecutionRole",
            "role": "lambda_role"
          },
          "sensitive_attributes": [],
          "identity_schema_version": 0,
          "private": "bnVsbA==",
          "dependencies": [
            "aws_iam_role.lambda_role"
          ]
        }
      ]
    },
    {
      "mode": "managed",
      "type": "aws_iam_role_policy_attachment",
      "name": "lambda_rds_auth",
      "provider": "provider[\"registry.terraform.io/hashicorp/aws\"]",
      "instances": [
        {
          "schema_version": 0,
          "attributes": {
            "id": "lambda_role-20250919190855916500000002",
            "policy_arn": "arn:aws:iam::aws:policy/AmazonRDSFullAccess",
            "role": "lambda_role"
          },
          "sensitive_attributes": [],
          "identity_schema_version": 0,
          "private": "bnVsbA==",
          "dependencies": [
            "aws_iam_role.lambda_role"
          ],
          "create_before_destroy": true
        }
      ]
    },
    {
      "mode": "managed",
      "type": "aws_instance",
      "name": "bastion_host",
      "provider": "provider[\"registry.terraform.io/hashicorp/aws\"]",
      "instances": [
        {
          "schema_version": 1,
          "attributes": {
            "ami": "ami-0faafd0adf1a8fb7b",
            "arn": "arn:aws:ec2:us-east-2:857360184083:instance/i-04689f5662c3859b4",
            "associate_public_ip_address": true,
            "availability_zone": "us-east-2a",
            "capacity_reservation_specification": [
              {
                "capacity_reservation_preference": "open",
                "capacity_reservation_target": []
              }
            ],
            "cpu_core_count": 2,
            "cpu_options": [
              {
                "amd_sev_snp": "",
                "core_count": 2,
                "threads_per_core": 1
              }
            ],
            "cpu_threads_per_core": 1,
            "credit_specification": [
              {
                "cpu_credits": "unlimited"
              }
            ],
            "disable_api_stop": false,
            "disable_api_termination": false,
            "ebs_block_device": [],
            "ebs_optimized": false,
            "enable_primary_ipv6": null,
            "enclave_options": [
              {
                "enabled": false
              }
            ],
            "ephemeral_block_device": [],
            "get_password_data": false,
            "hibernation": false,
            "host_id": "",
            "host_resource_group_arn": null,
            "iam_instance_profile": "",
            "id": "i-04689f5662c3859b4",
            "instance_initiated_shutdown_behavior": "stop",
            "instance_lifecycle": "",
            "instance_market_options": [],
            "instance_state": "running",
            "instance_type": "t4g.micro",
            "ipv6_address_count": 0,
            "ipv6_addresses": [],
            "key_name": "TrackMe-RDS-Bastion",
            "launch_template": [],
            "maintenance_options": [
              {
                "auto_recovery": "default"
              }
            ],
            "metadata_options": [
              {
                "http_endpoint": "enabled",
                "http_protocol_ipv6": "disabled",
                "http_put_response_hop_limit": 1,
                "http_tokens": "optional",
                "instance_metadata_tags": "disabled"
              }
            ],
            "monitoring": false,
            "network_interface": [],
            "outpost_arn": "",
            "password_data": "",
            "placement_group": "",
            "placement_partition_number": 0,
            "primary_network_interface_id": "eni-06cdcb131d1348155",
            "private_dns": "ip-172-31-81-156.us-east-2.compute.internal",
            "private_dns_name_options": [
              {
                "enable_resource_name_dns_a_record": false,
                "enable_resource_name_dns_aaaa_record": false,
                "hostname_type": "ip-name"
              }
            ],
            "private_ip": "172.31.81.156",
            "public_dns": "ec2-3-144-224-80.us-east-2.compute.amazonaws.com",
            "public_ip": "3.144.224.80",
            "root_block_device": [
              {
                "delete_on_termination": true,
                "device_name": "/dev/xvda",
                "encrypted": false,
                "iops": 100,
                "kms_key_id": "",
                "tags": {},
                "tags_all": {},
                "throughput": 0,
                "volume_id": "vol-0f63fbe5596711e5d",
                "volume_size": 8,
                "volume_type": "gp2"
              }
            ],
            "secondary_private_ips": [],
            "security_groups": [
              "bastion-security-group"
            ],
            "source_dest_check": true,
            "spot_instance_request_id": "",
            "subnet_id": "subnet-03bd14806d15005e8",
            "tags": {
              "Name": "trackme-bastion-host"
            },
            "tags_all": {
              "Name": "trackme-bastion-host"
            },
            "tenancy": "default",
            "timeouts": null,
            "user_data": "816f476d2012e9e6945857a9f0252defa2b2e892",
            "user_data_base64": null,
            "user_data_replace_on_change": false,
            "volume_tags": null,
            "vpc_security_group_ids": [
              "sg-065c33c42218e09fe"
            ]
          },
          "sensitive_attributes": [],
          "identity_schema_version": 0,
          "private": "eyJlMmJmYjczMC1lY2FhLTExZTYtOGY4OC0zNDM2M2JjN2M0YzAiOnsiY3JlYXRlIjo2MDAwMDAwMDAwMDAsImRlbGV0ZSI6MTIwMDAwMDAwMDAwMCwicmVhZCI6OTAwMDAwMDAwMDAwLCJ1cGRhdGUiOjYwMDAwMDAwMDAwMH0sInNjaGVtYV92ZXJzaW9uIjoiMSJ9",
          "dependencies": [
            "aws_security_group.bastion_sg",
            "aws_subnet.bastion_subnet",
            "data.aws_ami.amazon_linux",
            "data.aws_availability_zones.available",
            "data.aws_security_group.default",
            "data.aws_vpc.default",
            "data.http.myip"
          ]
        }
      ]
    },
    {
      "mode": "managed",
      "type": "aws_lambda_function",
      "name": "lambdas",
      "provider": "provider[\"registry.terraform.io/hashicorp/aws\"]",
      "instances": [
        {
          "index_key": "add_athlete_to_group",
          "schema_version": 0,
          "attributes": {
            "architectures": [
              "x86_64"
            ],
            "arn": "arn:aws:lambda:us-east-2:857360184083:function:add_athlete_to_group",
            "code_sha256": "YUoL7frGy7BwdLDFdaulCPUCfQhfelLZT61iKaTOZJo=",
            "code_signing_config_arn": "",
            "dead_letter_config": [],
            "description": "",
            "environment": [
              {
                "variables": {
                  "ENVIRONMENT": "production",
                  "RDS_DBNAME": "trackme",
                  "RDS_ENDPOINT": "trackmedb.c9goe0ioosh0.us-east-2.rds.amazonaws.com",
                  "RDS_PASSWORD": "Mojito#2025",
                  "RDS_PORT": "5432",
                  "RDS_REGION": "us-east-2",
                  "RDS_USER": "trackme_admin"
                }
              }
            ],
            "ephemeral_storage": [
              {
                "size": 512
              }
            ],
            "file_system_config": [],
            "filename": "./../Server/lambdas/coach/zips/add_athlete_to_group.zip",
            "function_name": "add_athlete_to_group",
            "handler": "add_athlete_to_group.add_athlete_to_group",
            "id": "add_athlete_to_group",
            "image_config": [],
            "image_uri": "",
            "invoke_arn": "arn:aws:apigateway:us-east-2:lambda:path/2015-03-31/functions/arn:aws:lambda:us-east-2:857360184083:function:add_athlete_to_group/invocations",
            "kms_key_arn": "",
            "last_modified": "2025-10-06T19:24:07.000+0000",
            "layers": [
              "arn:aws:lambda:us-east-2:857360184083:layer:rds:43",
              "arn:aws:lambda:us-east-2:857360184083:layer:user_auth:2"
            ],
            "logging_config": [
              {
                "application_log_level": "",
                "log_format": "Text",
                "log_group": "/aws/lambda/add_athlete_to_group",
                "system_log_level": ""
              }
            ],
            "memory_size": 128,
            "package_type": "Zip",
            "publish": false,
            "qualified_arn": "arn:aws:lambda:us-east-2:857360184083:function:add_athlete_to_group:$LATEST",
            "qualified_invoke_arn": "arn:aws:apigateway:us-east-2:lambda:path/2015-03-31/functions/arn:aws:lambda:us-east-2:857360184083:function:add_athlete_to_group:$LATEST/invocations",
            "replace_security_groups_on_destroy": null,
            "replacement_security_group_ids": null,
            "reserved_concurrent_executions": -1,
            "role": "arn:aws:iam::857360184083:role/lambda_role",
            "runtime": "python3.12",
            "s3_bucket": null,
            "s3_key": null,
            "s3_object_version": null,
            "signing_job_arn": "",
            "signing_profile_version_arn": "",
            "skip_destroy": false,
            "snap_start": [],
            "source_code_hash": "YUoL7frGy7BwdLDFdaulCPUCfQhfelLZT61iKaTOZJo=",
            "source_code_size": 2863,
            "tags": {},
            "tags_all": {},
            "timeout": 5,
            "timeouts": null,
            "tracing_config": [
              {
                "mode": "PassThrough"
              }
            ],
            "version": "$LATEST",
            "vpc_config": [
              {
                "ipv6_allowed_for_dual_stack": false,
                "security_group_ids": [
                  "sg-0bd1fa78c58ba0495"
                ],
                "subnet_ids": [
                  "subnet-09b6e632d01fcb525",
                  "subnet-0db35c13edd7c98e9"
                ],
                "vpc_id": "vpc-00ce2d8f8e6ecb305"
              }
            ]
          },
          "sensitive_attributes": [
            [
              {
                "type": "get_attr",
                "value": "environment"
              },
              {
                "type": "index",
                "value": {
                  "value": 0,
                  "type": "number"
                }
              },
              {
                "type": "get_attr",
                "value": "variables"
              },
              {
                "type": "index",
                "value": {
                  "value": "RDS_PASSWORD",
                  "type": "string"
                }
              }
            ]
          ],
          "identity_schema_version": 0,
          "private": "eyJlMmJmYjczMC1lY2FhLTExZTYtOGY4OC0zNDM2M2JjN2M0YzAiOnsiY3JlYXRlIjo2MDAwMDAwMDAwMDAsImRlbGV0ZSI6NjAwMDAwMDAwMDAwLCJ1cGRhdGUiOjYwMDAwMDAwMDAwMH19",
          "dependencies": [
            "aws_db_instance.default",
            "aws_db_subnet_group.rds_private",
            "aws_iam_role.lambda_role",
            "aws_iam_role_policy_attachment.lambda_rds_auth",
            "aws_lambda_layer_version.rds",
            "aws_lambda_layer_version.user_auth",
            "aws_security_group.lambda_sg",
            "aws_subnet.private_subnet1",
            "aws_subnet.private_subnet2",
            "data.archive_file.lambda_archives",
            "data.archive_file.rds_layer",
            "data.archive_file.user_auth_layer",
            "data.aws_availability_zones.available",
            "data.aws_vpc.default"
          ],
          "create_before_destroy": true
        },
        {
          "index_key": "add_relation",
          "schema_version": 0,
          "attributes": {
            "architectures": [
              "x86_64"
            ],
            "arn": "arn:aws:lambda:us-east-2:857360184083:function:add_relation",
            "code_sha256": "ockak+TvtJc0VjaFfU57SglhA/WgQWrRJ1xDHWQOw50=",
            "code_signing_config_arn": "",
            "dead_letter_config": [],
            "description": "",
            "environment": [
              {
                "variables": {
                  "ENVIRONMENT": "production",
                  "RDS_DBNAME": "trackme",
                  "RDS_ENDPOINT": "trackmedb.c9goe0ioosh0.us-east-2.rds.amazonaws.com",
                  "RDS_PASSWORD": "Mojito#2025",
                  "RDS_PORT": "5432",
                  "RDS_REGION": "us-east-2",
                  "RDS_USER": "trackme_admin"
                }
              }
            ],
            "ephemeral_storage": [
              {
                "size": 512
              }
            ],
            "file_system_config": [],
            "filename": "./../Server/lambdas/relations/zips/add_relation.zip",
            "function_name": "add_relation",
            "handler": "add_relation.add_relation",
            "id": "add_relation",
            "image_config": [],
            "image_uri": "",
            "invoke_arn": "arn:aws:apigateway:us-east-2:lambda:path/2015-03-31/functions/arn:aws:lambda:us-east-2:857360184083:function:add_relation/invocations",
            "kms_key_arn": "",
            "last_modified": "2025-10-06T19:23:55.000+0000",
            "layers": [
              "arn:aws:lambda:us-east-2:857360184083:layer:rds:43",
              "arn:aws:lambda:us-east-2:857360184083:layer:user_auth:2"
            ],
            "logging_config": [
              {
                "application_log_level": "",
                "log_format": "Text",
                "log_group": "/aws/lambda/add_relation",
                "system_log_level": ""
              }
            ],
            "memory_size": 128,
            "package_type": "Zip",
            "publish": false,
            "qualified_arn": "arn:aws:lambda:us-east-2:857360184083:function:add_relation:$LATEST",
            "qualified_invoke_arn": "arn:aws:apigateway:us-east-2:lambda:path/2015-03-31/functions/arn:aws:lambda:us-east-2:857360184083:function:add_relation:$LATEST/invocations",
            "replace_security_groups_on_destroy": null,
            "replacement_security_group_ids": null,
            "reserved_concurrent_executions": -1,
            "role": "arn:aws:iam::857360184083:role/lambda_role",
            "runtime": "python3.12",
            "s3_bucket": null,
            "s3_key": null,
            "s3_object_version": null,
            "signing_job_arn": "",
            "signing_profile_version_arn": "",
            "skip_destroy": false,
            "snap_start": [],
            "source_code_hash": "ockak+TvtJc0VjaFfU57SglhA/WgQWrRJ1xDHWQOw50=",
            "source_code_size": 1996,
            "tags": {},
            "tags_all": {},
            "timeout": 5,
            "timeouts": null,
            "tracing_config": [
              {
                "mode": "PassThrough"
              }
            ],
            "version": "$LATEST",
            "vpc_config": [
              {
                "ipv6_allowed_for_dual_stack": false,
                "security_group_ids": [
                  "sg-0bd1fa78c58ba0495"
                ],
                "subnet_ids": [
                  "subnet-09b6e632d01fcb525",
                  "subnet-0db35c13edd7c98e9"
                ],
                "vpc_id": "vpc-00ce2d8f8e6ecb305"
              }
            ]
          },
          "sensitive_attributes": [
            [
              {
                "type": "get_attr",
                "value": "environment"
              },
              {
                "type": "index",
                "value": {
                  "value": 0,
                  "type": "number"
                }
              },
              {
                "type": "get_attr",
                "value": "variables"
              },
              {
                "type": "index",
                "value": {
                  "value": "RDS_PASSWORD",
                  "type": "string"
                }
              }
            ]
          ],
          "identity_schema_version": 0,
          "private": "eyJlMmJmYjczMC1lY2FhLTExZTYtOGY4OC0zNDM2M2JjN2M0YzAiOnsiY3JlYXRlIjo2MDAwMDAwMDAwMDAsImRlbGV0ZSI6NjAwMDAwMDAwMDAwLCJ1cGRhdGUiOjYwMDAwMDAwMDAwMH19",
          "dependencies": [
            "aws_db_instance.default",
            "aws_db_subnet_group.rds_private",
            "aws_iam_role.lambda_role",
            "aws_iam_role_policy_attachment.lambda_rds_auth",
            "aws_lambda_layer_version.rds",
            "aws_lambda_layer_version.user_auth",
            "aws_security_group.lambda_sg",
            "aws_subnet.private_subnet1",
            "aws_subnet.private_subnet2",
            "data.archive_file.lambda_archives",
            "data.archive_file.rds_layer",
            "data.archive_file.user_auth_layer",
            "data.aws_availability_zones.available",
            "data.aws_vpc.default"
          ],
          "create_before_destroy": true
        },
        {
          "index_key": "assign_group_workout",
          "schema_version": 0,
          "attributes": {
            "architectures": [
              "x86_64"
            ],
            "arn": "arn:aws:lambda:us-east-2:857360184083:function:assign_group_workout",
            "code_sha256": "Upb/3HytE3t6RvFj9ktlcyOJCE1USjCeHUVfj0cN3r8=",
            "code_signing_config_arn": "",
            "dead_letter_config": [],
            "description": "",
            "environment": [
              {
                "variables": {
                  "ENVIRONMENT": "production",
                  "RDS_DBNAME": "trackme",
                  "RDS_ENDPOINT": "trackmedb.c9goe0ioosh0.us-east-2.rds.amazonaws.com",
                  "RDS_PASSWORD": "Mojito#2025",
                  "RDS_PORT": "5432",
                  "RDS_REGION": "us-east-2",
                  "RDS_USER": "trackme_admin"
                }
              }
            ],
            "ephemeral_storage": [
              {
                "size": 512
              }
            ],
            "file_system_config": [],
            "filename": "./../Server/lambdas/coach/zips/assign_group_workout.zip",
            "function_name": "assign_group_workout",
            "handler": "assign_group_workout.assign_group_workout",
            "id": "assign_group_workout",
            "image_config": [],
            "image_uri": "",
            "invoke_arn": "arn:aws:apigateway:us-east-2:lambda:path/2015-03-31/functions/arn:aws:lambda:us-east-2:857360184083:function:assign_group_workout/invocations",
            "kms_key_arn": "",
            "last_modified": "2025-10-06T19:24:01.000+0000",
            "layers": [
              "arn:aws:lambda:us-east-2:857360184083:layer:rds:43",
              "arn:aws:lambda:us-east-2:857360184083:layer:user_auth:2"
            ],
            "logging_config": [
              {
                "application_log_level": "",
                "log_format": "Text",
                "log_group": "/aws/lambda/assign_group_workout",
                "system_log_level": ""
              }
            ],
            "memory_size": 128,
            "package_type": "Zip",
            "publish": false,
            "qualified_arn": "arn:aws:lambda:us-east-2:857360184083:function:assign_group_workout:$LATEST",
            "qualified_invoke_arn": "arn:aws:apigateway:us-east-2:lambda:path/2015-03-31/functions/arn:aws:lambda:us-east-2:857360184083:function:assign_group_workout:$LATEST/invocations",
            "replace_security_groups_on_destroy": null,
            "replacement_security_group_ids": null,
            "reserved_concurrent_executions": -1,
            "role": "arn:aws:iam::857360184083:role/lambda_role",
            "runtime": "python3.12",
            "s3_bucket": null,
            "s3_key": null,
            "s3_object_version": null,
            "signing_job_arn": "",
            "signing_profile_version_arn": "",
            "skip_destroy": false,
            "snap_start": [],
            "source_code_hash": "Upb/3HytE3t6RvFj9ktlcyOJCE1USjCeHUVfj0cN3r8=",
            "source_code_size": 3505,
            "tags": {},
            "tags_all": {},
            "timeout": 5,
            "timeouts": null,
            "tracing_config": [
              {
                "mode": "PassThrough"
              }
            ],
            "version": "$LATEST",
            "vpc_config": [
              {
                "ipv6_allowed_for_dual_stack": false,
                "security_group_ids": [
                  "sg-0bd1fa78c58ba0495"
                ],
                "subnet_ids": [
                  "subnet-09b6e632d01fcb525",
                  "subnet-0db35c13edd7c98e9"
                ],
                "vpc_id": "vpc-00ce2d8f8e6ecb305"
              }
            ]
          },
          "sensitive_attributes": [
            [
              {
                "type": "get_attr",
                "value": "environment"
              },
              {
                "type": "index",
                "value": {
                  "value": 0,
                  "type": "number"
                }
              },
              {
                "type": "get_attr",
                "value": "variables"
              },
              {
                "type": "index",
                "value": {
                  "value": "RDS_PASSWORD",
                  "type": "string"
                }
              }
            ]
          ],
          "identity_schema_version": 0,
          "private": "eyJlMmJmYjczMC1lY2FhLTExZTYtOGY4OC0zNDM2M2JjN2M0YzAiOnsiY3JlYXRlIjo2MDAwMDAwMDAwMDAsImRlbGV0ZSI6NjAwMDAwMDAwMDAwLCJ1cGRhdGUiOjYwMDAwMDAwMDAwMH19",
          "dependencies": [
            "aws_db_instance.default",
            "aws_db_subnet_group.rds_private",
            "aws_iam_role.lambda_role",
            "aws_iam_role_policy_attachment.lambda_rds_auth",
            "aws_lambda_layer_version.rds",
            "aws_lambda_layer_version.user_auth",
            "aws_security_group.lambda_sg",
            "aws_subnet.private_subnet1",
            "aws_subnet.private_subnet2",
            "data.archive_file.lambda_archives",
            "data.archive_file.rds_layer",
            "data.archive_file.user_auth_layer",
            "data.aws_availability_zones.available",
            "data.aws_vpc.default"
          ],
          "create_before_destroy": true
        },
        {
          "index_key": "assign_group_workout_template",
          "schema_version": 0,
          "attributes": {
            "architectures": [
              "x86_64"
            ],
            "arn": "arn:aws:lambda:us-east-2:857360184083:function:assign_group_workout_template",
            "code_sha256": "Dq5CapfEEYYULcsXmdVd29FEr7MDMU0H+AQA2ikSTCc=",
            "code_signing_config_arn": "",
            "dead_letter_config": [],
            "description": "",
            "environment": [
              {
                "variables": {
                  "ENVIRONMENT": "production",
                  "RDS_DBNAME": "trackme",
                  "RDS_ENDPOINT": "trackmedb.c9goe0ioosh0.us-east-2.rds.amazonaws.com",
                  "RDS_PASSWORD": "Mojito#2025",
                  "RDS_PORT": "5432",
                  "RDS_REGION": "us-east-2",
                  "RDS_USER": "trackme_admin"
                }
              }
            ],
            "ephemeral_storage": [
              {
                "size": 512
              }
            ],
            "file_system_config": [],
            "filename": "./../Server/lambdas/coach/zips/assign_group_workout_template.zip",
            "function_name": "assign_group_workout_template",
            "handler": "assign_group_workout_template.assign_group_workout_template",
            "id": "assign_group_workout_template",
            "image_config": [],
            "image_uri": "",
            "invoke_arn": "arn:aws:apigateway:us-east-2:lambda:path/2015-03-31/functions/arn:aws:lambda:us-east-2:857360184083:function:assign_group_workout_template/invocations",
            "kms_key_arn": "",
            "last_modified": "2025-10-06T19:24:07.000+0000",
            "layers": [
              "arn:aws:lambda:us-east-2:857360184083:layer:rds:43",
              "arn:aws:lambda:us-east-2:857360184083:layer:user_auth:2"
            ],
            "logging_config": [
              {
                "application_log_level": "",
                "log_format": "Text",
                "log_group": "/aws/lambda/assign_group_workout_template",
                "system_log_level": ""
              }
            ],
            "memory_size": 128,
            "package_type": "Zip",
            "publish": false,
            "qualified_arn": "arn:aws:lambda:us-east-2:857360184083:function:assign_group_workout_template:$LATEST",
            "qualified_invoke_arn": "arn:aws:apigateway:us-east-2:lambda:path/2015-03-31/functions/arn:aws:lambda:us-east-2:857360184083:function:assign_group_workout_template:$LATEST/invocations",
            "replace_security_groups_on_destroy": null,
            "replacement_security_group_ids": null,
            "reserved_concurrent_executions": -1,
            "role": "arn:aws:iam::857360184083:role/lambda_role",
            "runtime": "python3.12",
            "s3_bucket": null,
            "s3_key": null,
            "s3_object_version": null,
            "signing_job_arn": "",
            "signing_profile_version_arn": "",
            "skip_destroy": false,
            "snap_start": [],
            "source_code_hash": "Dq5CapfEEYYULcsXmdVd29FEr7MDMU0H+AQA2ikSTCc=",
            "source_code_size": 3794,
            "tags": {},
            "tags_all": {},
            "timeout": 5,
            "timeouts": null,
            "tracing_config": [
              {
                "mode": "PassThrough"
              }
            ],
            "version": "$LATEST",
            "vpc_config": [
              {
                "ipv6_allowed_for_dual_stack": false,
                "security_group_ids": [
                  "sg-0bd1fa78c58ba0495"
                ],
                "subnet_ids": [
                  "subnet-09b6e632d01fcb525",
                  "subnet-0db35c13edd7c98e9"
                ],
                "vpc_id": "vpc-00ce2d8f8e6ecb305"
              }
            ]
          },
          "sensitive_attributes": [
            [
              {
                "type": "get_attr",
                "value": "environment"
              },
              {
                "type": "index",
                "value": {
                  "value": 0,
                  "type": "number"
                }
              },
              {
                "type": "get_attr",
                "value": "variables"
              },
              {
                "type": "index",
                "value": {
                  "value": "RDS_PASSWORD",
                  "type": "string"
                }
              }
            ]
          ],
          "identity_schema_version": 0,
          "private": "eyJlMmJmYjczMC1lY2FhLTExZTYtOGY4OC0zNDM2M2JjN2M0YzAiOnsiY3JlYXRlIjo2MDAwMDAwMDAwMDAsImRlbGV0ZSI6NjAwMDAwMDAwMDAwLCJ1cGRhdGUiOjYwMDAwMDAwMDAwMH19",
          "dependencies": [
            "aws_db_instance.default",
            "aws_db_subnet_group.rds_private",
            "aws_iam_role.lambda_role",
            "aws_iam_role_policy_attachment.lambda_rds_auth",
            "aws_lambda_layer_version.rds",
            "aws_lambda_layer_version.user_auth",
            "aws_security_group.lambda_sg",
            "aws_subnet.private_subnet1",
            "aws_subnet.private_subnet2",
            "data.archive_file.lambda_archives",
            "data.archive_file.rds_layer",
            "data.archive_file.user_auth_layer",
            "data.aws_availability_zones.available",
            "data.aws_vpc.default"
          ],
          "create_before_destroy": true
        },
        {
          "index_key": "create_group",
          "schema_version": 0,
          "attributes": {
            "architectures": [
              "x86_64"
            ],
            "arn": "arn:aws:lambda:us-east-2:857360184083:function:create_group",
            "code_sha256": "ADsaSN8fl63TL30ssoUkw2dFCLxq6mGNU0WQXVIbwXI=",
            "code_signing_config_arn": "",
            "dead_letter_config": [],
            "description": "",
            "environment": [
              {
                "variables": {
                  "ENVIRONMENT": "production",
                  "RDS_DBNAME": "trackme",
                  "RDS_ENDPOINT": "trackmedb.c9goe0ioosh0.us-east-2.rds.amazonaws.com",
                  "RDS_PASSWORD": "Mojito#2025",
                  "RDS_PORT": "5432",
                  "RDS_REGION": "us-east-2",
                  "RDS_USER": "trackme_admin"
                }
              }
            ],
            "ephemeral_storage": [
              {
                "size": 512
              }
            ],
            "file_system_config": [],
            "filename": "./../Server/lambdas/coach/zips/create_group.zip",
            "function_name": "create_group",
            "handler": "create_group.create_group",
            "id": "create_group",
            "image_config": [],
            "image_uri": "",
            "invoke_arn": "arn:aws:apigateway:us-east-2:lambda:path/2015-03-31/functions/arn:aws:lambda:us-east-2:857360184083:function:create_group/invocations",
            "kms_key_arn": "",
            "last_modified": "2025-10-06T19:23:55.000+0000",
            "layers": [
              "arn:aws:lambda:us-east-2:857360184083:layer:rds:43",
              "arn:aws:lambda:us-east-2:857360184083:layer:user_auth:2"
            ],
            "logging_config": [
              {
                "application_log_level": "",
                "log_format": "Text",
                "log_group": "/aws/lambda/create_group",
                "system_log_level": ""
              }
            ],
            "memory_size": 128,
            "package_type": "Zip",
            "publish": false,
            "qualified_arn": "arn:aws:lambda:us-east-2:857360184083:function:create_group:$LATEST",
            "qualified_invoke_arn": "arn:aws:apigateway:us-east-2:lambda:path/2015-03-31/functions/arn:aws:lambda:us-east-2:857360184083:function:create_group:$LATEST/invocations",
            "replace_security_groups_on_destroy": null,
            "replacement_security_group_ids": null,
            "reserved_concurrent_executions": -1,
            "role": "arn:aws:iam::857360184083:role/lambda_role",
            "runtime": "python3.12",
            "s3_bucket": null,
            "s3_key": null,
            "s3_object_version": null,
            "signing_job_arn": "",
            "signing_profile_version_arn": "",
            "skip_destroy": false,
            "snap_start": [],
            "source_code_hash": "ADsaSN8fl63TL30ssoUkw2dFCLxq6mGNU0WQXVIbwXI=",
            "source_code_size": 2871,
            "tags": {},
            "tags_all": {},
            "timeout": 5,
            "timeouts": null,
            "tracing_config": [
              {
                "mode": "PassThrough"
              }
            ],
            "version": "$LATEST",
            "vpc_config": [
              {
                "ipv6_allowed_for_dual_stack": false,
                "security_group_ids": [
                  "sg-0bd1fa78c58ba0495"
                ],
                "subnet_ids": [
                  "subnet-09b6e632d01fcb525",
                  "subnet-0db35c13edd7c98e9"
                ],
                "vpc_id": "vpc-00ce2d8f8e6ecb305"
              }
            ]
          },
          "sensitive_attributes": [
            [
              {
                "type": "get_attr",
                "value": "environment"
              },
              {
                "type": "index",
                "value": {
                  "value": 0,
                  "type": "number"
                }
              },
              {
                "type": "get_attr",
                "value": "variables"
              },
              {
                "type": "index",
                "value": {
                  "value": "RDS_PASSWORD",
                  "type": "string"
                }
              }
            ]
          ],
          "identity_schema_version": 0,
          "private": "eyJlMmJmYjczMC1lY2FhLTExZTYtOGY4OC0zNDM2M2JjN2M0YzAiOnsiY3JlYXRlIjo2MDAwMDAwMDAwMDAsImRlbGV0ZSI6NjAwMDAwMDAwMDAwLCJ1cGRhdGUiOjYwMDAwMDAwMDAwMH19",
          "dependencies": [
            "aws_db_instance.default",
            "aws_db_subnet_group.rds_private",
            "aws_iam_role.lambda_role",
            "aws_iam_role_policy_attachment.lambda_rds_auth",
            "aws_lambda_layer_version.rds",
            "aws_lambda_layer_version.user_auth",
            "aws_security_group.lambda_sg",
            "aws_subnet.private_subnet1",
            "aws_subnet.private_subnet2",
            "data.archive_file.lambda_archives",
            "data.archive_file.rds_layer",
            "data.archive_file.user_auth_layer",
            "data.aws_availability_zones.available",
            "data.aws_vpc.default"
          ],
          "create_before_destroy": true
        },
        {
          "index_key": "create_user",
          "schema_version": 0,
          "attributes": {
            "architectures": [
              "x86_64"
            ],
            "arn": "arn:aws:lambda:us-east-2:857360184083:function:create_user",
            "code_sha256": "tev/eBZ2eMdBQPM1+IXW4oyaAuxgOOLFQhJMImTUfyI=",
            "code_signing_config_arn": "",
            "dead_letter_config": [],
            "description": "",
            "environment": [
              {
                "variables": {
                  "ENVIRONMENT": "production",
                  "RDS_DBNAME": "trackme",
                  "RDS_ENDPOINT": "trackmedb.c9goe0ioosh0.us-east-2.rds.amazonaws.com",
                  "RDS_PASSWORD": "Mojito#2025",
                  "RDS_PORT": "5432",
                  "RDS_REGION": "us-east-2",
                  "RDS_USER": "trackme_admin"
                }
              }
            ],
            "ephemeral_storage": [
              {
                "size": 512
              }
            ],
            "file_system_config": [],
            "filename": "./../Server/lambdas/general/zips/create_user.zip",
            "function_name": "create_user",
            "handler": "create_user.create_user",
            "id": "create_user",
            "image_config": [],
            "image_uri": "",
            "invoke_arn": "arn:aws:apigateway:us-east-2:lambda:path/2015-03-31/functions/arn:aws:lambda:us-east-2:857360184083:function:create_user/invocations",
            "kms_key_arn": "",
            "last_modified": "2025-10-06T19:24:07.000+0000",
            "layers": [
              "arn:aws:lambda:us-east-2:857360184083:layer:rds:43",
              "arn:aws:lambda:us-east-2:857360184083:layer:user_auth:2"
            ],
            "logging_config": [
              {
                "application_log_level": "",
                "log_format": "Text",
                "log_group": "/aws/lambda/create_user",
                "system_log_level": ""
              }
            ],
            "memory_size": 128,
            "package_type": "Zip",
            "publish": false,
            "qualified_arn": "arn:aws:lambda:us-east-2:857360184083:function:create_user:$LATEST",
            "qualified_invoke_arn": "arn:aws:apigateway:us-east-2:lambda:path/2015-03-31/functions/arn:aws:lambda:us-east-2:857360184083:function:create_user:$LATEST/invocations",
            "replace_security_groups_on_destroy": null,
            "replacement_security_group_ids": null,
            "reserved_concurrent_executions": -1,
            "role": "arn:aws:iam::857360184083:role/lambda_role",
            "runtime": "python3.12",
            "s3_bucket": null,
            "s3_key": null,
            "s3_object_version": null,
            "signing_job_arn": "",
            "signing_profile_version_arn": "",
            "skip_destroy": false,
            "snap_start": [],
            "source_code_hash": "tev/eBZ2eMdBQPM1+IXW4oyaAuxgOOLFQhJMImTUfyI=",
            "source_code_size": 1899,
            "tags": {},
            "tags_all": {},
            "timeout": 5,
            "timeouts": null,
            "tracing_config": [
              {
                "mode": "PassThrough"
              }
            ],
            "version": "$LATEST",
            "vpc_config": [
              {
                "ipv6_allowed_for_dual_stack": false,
                "security_group_ids": [
                  "sg-0bd1fa78c58ba0495"
                ],
                "subnet_ids": [
                  "subnet-09b6e632d01fcb525",
                  "subnet-0db35c13edd7c98e9"
                ],
                "vpc_id": "vpc-00ce2d8f8e6ecb305"
              }
            ]
          },
          "sensitive_attributes": [
            [
              {
                "type": "get_attr",
                "value": "environment"
              },
              {
                "type": "index",
                "value": {
                  "value": 0,
                  "type": "number"
                }
              },
              {
                "type": "get_attr",
                "value": "variables"
              },
              {
                "type": "index",
                "value": {
                  "value": "RDS_PASSWORD",
                  "type": "string"
                }
              }
            ]
          ],
          "identity_schema_version": 0,
          "private": "eyJlMmJmYjczMC1lY2FhLTExZTYtOGY4OC0zNDM2M2JjN2M0YzAiOnsiY3JlYXRlIjo2MDAwMDAwMDAwMDAsImRlbGV0ZSI6NjAwMDAwMDAwMDAwLCJ1cGRhdGUiOjYwMDAwMDAwMDAwMH19",
          "dependencies": [
            "aws_db_instance.default",
            "aws_db_subnet_group.rds_private",
            "aws_iam_role.lambda_role",
            "aws_iam_role_policy_attachment.lambda_rds_auth",
            "aws_lambda_layer_version.rds",
            "aws_lambda_layer_version.user_auth",
            "aws_security_group.lambda_sg",
            "aws_subnet.private_subnet1",
            "aws_subnet.private_subnet2",
            "data.archive_file.lambda_archives",
            "data.archive_file.rds_layer",
            "data.archive_file.user_auth_layer",
            "data.aws_availability_zones.available",
            "data.aws_vpc.default"
          ],
          "create_before_destroy": true
        },
        {
          "index_key": "create_workout_template",
          "schema_version": 0,
          "attributes": {
            "architectures": [
              "x86_64"
            ],
            "arn": "arn:aws:lambda:us-east-2:857360184083:function:create_workout_template",
            "code_sha256": "17ztHsAEQYURXVqcm/YPswKFPl4E+HNdVcT4Pm9NApw=",
            "code_signing_config_arn": "",
            "dead_letter_config": [],
            "description": "",
            "environment": [
              {
                "variables": {
                  "ENVIRONMENT": "production",
                  "RDS_DBNAME": "trackme",
                  "RDS_ENDPOINT": "trackmedb.c9goe0ioosh0.us-east-2.rds.amazonaws.com",
                  "RDS_PASSWORD": "Mojito#2025",
                  "RDS_PORT": "5432",
                  "RDS_REGION": "us-east-2",
                  "RDS_USER": "trackme_admin"
                }
              }
            ],
            "ephemeral_storage": [
              {
                "size": 512
              }
            ],
            "file_system_config": [],
            "filename": "./../Server/lambdas/coach/zips/create_workout_template.zip",
            "function_name": "create_workout_template",
            "handler": "create_workout_template.create_workout_template",
            "id": "create_workout_template",
            "image_config": [],
            "image_uri": "",
            "invoke_arn": "arn:aws:apigateway:us-east-2:lambda:path/2015-03-31/functions/arn:aws:lambda:us-east-2:857360184083:function:create_workout_template/invocations",
            "kms_key_arn": "",
            "last_modified": "2025-10-06T19:23:55.000+0000",
            "layers": [
              "arn:aws:lambda:us-east-2:857360184083:layer:rds:43",
              "arn:aws:lambda:us-east-2:857360184083:layer:user_auth:2"
            ],
            "logging_config": [
              {
                "application_log_level": "",
                "log_format": "Text",
                "log_group": "/aws/lambda/create_workout_template",
                "system_log_level": ""
              }
            ],
            "memory_size": 128,
            "package_type": "Zip",
            "publish": false,
            "qualified_arn": "arn:aws:lambda:us-east-2:857360184083:function:create_workout_template:$LATEST",
            "qualified_invoke_arn": "arn:aws:apigateway:us-east-2:lambda:path/2015-03-31/functions/arn:aws:lambda:us-east-2:857360184083:function:create_workout_template:$LATEST/invocations",
            "replace_security_groups_on_destroy": null,
            "replacement_security_group_ids": null,
            "reserved_concurrent_executions": -1,
            "role": "arn:aws:iam::857360184083:role/lambda_role",
            "runtime": "python3.12",
            "s3_bucket": null,
            "s3_key": null,
            "s3_object_version": null,
            "signing_job_arn": "",
            "signing_profile_version_arn": "",
            "skip_destroy": false,
            "snap_start": [],
            "source_code_hash": "17ztHsAEQYURXVqcm/YPswKFPl4E+HNdVcT4Pm9NApw=",
            "source_code_size": 4114,
            "tags": {},
            "tags_all": {},
            "timeout": 5,
            "timeouts": null,
            "tracing_config": [
              {
                "mode": "PassThrough"
              }
            ],
            "version": "$LATEST",
            "vpc_config": [
              {
                "ipv6_allowed_for_dual_stack": false,
                "security_group_ids": [
                  "sg-0bd1fa78c58ba0495"
                ],
                "subnet_ids": [
                  "subnet-09b6e632d01fcb525",
                  "subnet-0db35c13edd7c98e9"
                ],
                "vpc_id": "vpc-00ce2d8f8e6ecb305"
              }
            ]
          },
          "sensitive_attributes": [
            [
              {
                "type": "get_attr",
                "value": "environment"
              },
              {
                "type": "index",
                "value": {
                  "value": 0,
                  "type": "number"
                }
              },
              {
                "type": "get_attr",
                "value": "variables"
              },
              {
                "type": "index",
                "value": {
                  "value": "RDS_PASSWORD",
                  "type": "string"
                }
              }
            ]
          ],
          "identity_schema_version": 0,
          "private": "eyJlMmJmYjczMC1lY2FhLTExZTYtOGY4OC0zNDM2M2JjN2M0YzAiOnsiY3JlYXRlIjo2MDAwMDAwMDAwMDAsImRlbGV0ZSI6NjAwMDAwMDAwMDAwLCJ1cGRhdGUiOjYwMDAwMDAwMDAwMH19",
          "dependencies": [
            "aws_db_instance.default",
            "aws_db_subnet_group.rds_private",
            "aws_iam_role.lambda_role",
            "aws_iam_role_policy_attachment.lambda_rds_auth",
            "aws_lambda_layer_version.rds",
            "aws_lambda_layer_version.user_auth",
            "aws_security_group.lambda_sg",
            "aws_subnet.private_subnet1",
            "aws_subnet.private_subnet2",
            "data.archive_file.lambda_archives",
            "data.archive_file.rds_layer",
            "data.archive_file.user_auth_layer",
            "data.aws_availability_zones.available",
            "data.aws_vpc.default"
          ],
          "create_before_destroy": true
        },
        {
          "index_key": "delete_group",
          "schema_version": 0,
          "attributes": {
            "architectures": [
              "x86_64"
            ],
            "arn": "arn:aws:lambda:us-east-2:857360184083:function:delete_group",
            "code_sha256": "nw3wJj79Gpl1kS6lYtpTyS9fBpMD1V1GcHurkQ5VEBc=",
            "code_signing_config_arn": "",
            "dead_letter_config": [],
            "description": "",
            "environment": [
              {
                "variables": {
                  "ENVIRONMENT": "production",
                  "RDS_DBNAME": "trackme",
                  "RDS_ENDPOINT": "trackmedb.c9goe0ioosh0.us-east-2.rds.amazonaws.com",
                  "RDS_PASSWORD": "Mojito#2025",
                  "RDS_PORT": "5432",
                  "RDS_REGION": "us-east-2",
                  "RDS_USER": "trackme_admin"
                }
              }
            ],
            "ephemeral_storage": [
              {
                "size": 512
              }
            ],
            "file_system_config": [],
            "filename": "./../Server/lambdas/coach/zips/delete_group.zip",
            "function_name": "delete_group",
            "handler": "delete_group.delete_group",
            "id": "delete_group",
            "image_config": [],
            "image_uri": "",
            "invoke_arn": "arn:aws:apigateway:us-east-2:lambda:path/2015-03-31/functions/arn:aws:lambda:us-east-2:857360184083:function:delete_group/invocations",
            "kms_key_arn": "",
            "last_modified": "2025-10-06T19:24:07.000+0000",
            "layers": [
              "arn:aws:lambda:us-east-2:857360184083:layer:rds:43",
              "arn:aws:lambda:us-east-2:857360184083:layer:user_auth:2"
            ],
            "logging_config": [
              {
                "application_log_level": "",
                "log_format": "Text",
                "log_group": "/aws/lambda/delete_group",
                "system_log_level": ""
              }
            ],
            "memory_size": 128,
            "package_type": "Zip",
            "publish": false,
            "qualified_arn": "arn:aws:lambda:us-east-2:857360184083:function:delete_group:$LATEST",
            "qualified_invoke_arn": "arn:aws:apigateway:us-east-2:lambda:path/2015-03-31/functions/arn:aws:lambda:us-east-2:857360184083:function:delete_group:$LATEST/invocations",
            "replace_security_groups_on_destroy": null,
            "replacement_security_group_ids": null,
            "reserved_concurrent_executions": -1,
            "role": "arn:aws:iam::857360184083:role/lambda_role",
            "runtime": "python3.12",
            "s3_bucket": null,
            "s3_key": null,
            "s3_object_version": null,
            "signing_job_arn": "",
            "signing_profile_version_arn": "",
            "skip_destroy": false,
            "snap_start": [],
            "source_code_hash": "nw3wJj79Gpl1kS6lYtpTyS9fBpMD1V1GcHurkQ5VEBc=",
            "source_code_size": 2065,
            "tags": {},
            "tags_all": {},
            "timeout": 5,
            "timeouts": null,
            "tracing_config": [
              {
                "mode": "PassThrough"
              }
            ],
            "version": "$LATEST",
            "vpc_config": [
              {
                "ipv6_allowed_for_dual_stack": false,
                "security_group_ids": [
                  "sg-0bd1fa78c58ba0495"
                ],
                "subnet_ids": [
                  "subnet-09b6e632d01fcb525",
                  "subnet-0db35c13edd7c98e9"
                ],
                "vpc_id": "vpc-00ce2d8f8e6ecb305"
              }
            ]
          },
          "sensitive_attributes": [
            [
              {
                "type": "get_attr",
                "value": "environment"
              },
              {
                "type": "index",
                "value": {
                  "value": 0,
                  "type": "number"
                }
              },
              {
                "type": "get_attr",
                "value": "variables"
              },
              {
                "type": "index",
                "value": {
                  "value": "RDS_PASSWORD",
                  "type": "string"
                }
              }
            ]
          ],
          "identity_schema_version": 0,
          "private": "eyJlMmJmYjczMC1lY2FhLTExZTYtOGY4OC0zNDM2M2JjN2M0YzAiOnsiY3JlYXRlIjo2MDAwMDAwMDAwMDAsImRlbGV0ZSI6NjAwMDAwMDAwMDAwLCJ1cGRhdGUiOjYwMDAwMDAwMDAwMH19",
          "dependencies": [
            "aws_db_instance.default",
            "aws_db_subnet_group.rds_private",
            "aws_iam_role.lambda_role",
            "aws_iam_role_policy_attachment.lambda_rds_auth",
            "aws_lambda_layer_version.rds",
            "aws_lambda_layer_version.user_auth",
            "aws_security_group.lambda_sg",
            "aws_subnet.private_subnet1",
            "aws_subnet.private_subnet2",
            "data.archive_file.lambda_archives",
            "data.archive_file.rds_layer",
            "data.archive_file.user_auth_layer",
            "data.aws_availability_zones.available",
            "data.aws_vpc.default"
          ],
          "create_before_destroy": true
        },
        {
          "index_key": "delete_group_workout",
          "schema_version": 0,
          "attributes": {
            "architectures": [
              "x86_64"
            ],
            "arn": "arn:aws:lambda:us-east-2:857360184083:function:delete_group_workout",
            "code_sha256": "AvXEdalxMBOG76CZMRJso3GhnwBvy/EPjO+1dy5So2Q=",
            "code_signing_config_arn": "",
            "dead_letter_config": [],
            "description": "",
            "environment": [
              {
                "variables": {
                  "ENVIRONMENT": "production",
                  "RDS_DBNAME": "trackme",
                  "RDS_ENDPOINT": "trackmedb.c9goe0ioosh0.us-east-2.rds.amazonaws.com",
                  "RDS_PASSWORD": "Mojito#2025",
                  "RDS_PORT": "5432",
                  "RDS_REGION": "us-east-2",
                  "RDS_USER": "trackme_admin"
                }
              }
            ],
            "ephemeral_storage": [
              {
                "size": 512
              }
            ],
            "file_system_config": [],
            "filename": "./../Server/lambdas/coach/zips/delete_group_workout.zip",
            "function_name": "delete_group_workout",
            "handler": "delete_group_workout.delete_group_workout",
            "id": "delete_group_workout",
            "image_config": [],
            "image_uri": "",
            "invoke_arn": "arn:aws:apigateway:us-east-2:lambda:path/2015-03-31/functions/arn:aws:lambda:us-east-2:857360184083:function:delete_group_workout/invocations",
            "kms_key_arn": "",
            "last_modified": "2025-10-06T19:23:55.000+0000",
            "layers": [
              "arn:aws:lambda:us-east-2:857360184083:layer:rds:43",
              "arn:aws:lambda:us-east-2:857360184083:layer:user_auth:2"
            ],
            "logging_config": [
              {
                "application_log_level": "",
                "log_format": "Text",
                "log_group": "/aws/lambda/delete_group_workout",
                "system_log_level": ""
              }
            ],
            "memory_size": 128,
            "package_type": "Zip",
            "publish": false,
            "qualified_arn": "arn:aws:lambda:us-east-2:857360184083:function:delete_group_workout:$LATEST",
            "qualified_invoke_arn": "arn:aws:apigateway:us-east-2:lambda:path/2015-03-31/functions/arn:aws:lambda:us-east-2:857360184083:function:delete_group_workout:$LATEST/invocations",
            "replace_security_groups_on_destroy": null,
            "replacement_security_group_ids": null,
            "reserved_concurrent_executions": -1,
            "role": "arn:aws:iam::857360184083:role/lambda_role",
            "runtime": "python3.12",
            "s3_bucket": null,
            "s3_key": null,
            "s3_object_version": null,
            "signing_job_arn": "",
            "signing_profile_version_arn": "",
            "skip_destroy": false,
            "snap_start": [],
            "source_code_hash": "AvXEdalxMBOG76CZMRJso3GhnwBvy/EPjO+1dy5So2Q=",
            "source_code_size": 2130,
            "tags": {},
            "tags_all": {},
            "timeout": 5,
            "timeouts": null,
            "tracing_config": [
              {
                "mode": "PassThrough"
              }
            ],
            "version": "$LATEST",
            "vpc_config": [
              {
                "ipv6_allowed_for_dual_stack": false,
                "security_group_ids": [
                  "sg-0bd1fa78c58ba0495"
                ],
                "subnet_ids": [
                  "subnet-09b6e632d01fcb525",
                  "subnet-0db35c13edd7c98e9"
                ],
                "vpc_id": "vpc-00ce2d8f8e6ecb305"
              }
            ]
          },
          "sensitive_attributes": [
            [
              {
                "type": "get_attr",
                "value": "environment"
              },
              {
                "type": "index",
                "value": {
                  "value": 0,
                  "type": "number"
                }
              },
              {
                "type": "get_attr",
                "value": "variables"
              },
              {
                "type": "index",
                "value": {
                  "value": "RDS_PASSWORD",
                  "type": "string"
                }
              }
            ]
          ],
          "identity_schema_version": 0,
          "private": "eyJlMmJmYjczMC1lY2FhLTExZTYtOGY4OC0zNDM2M2JjN2M0YzAiOnsiY3JlYXRlIjo2MDAwMDAwMDAwMDAsImRlbGV0ZSI6NjAwMDAwMDAwMDAwLCJ1cGRhdGUiOjYwMDAwMDAwMDAwMH19",
          "dependencies": [
            "aws_db_instance.default",
            "aws_db_subnet_group.rds_private",
            "aws_iam_role.lambda_role",
            "aws_iam_role_policy_attachment.lambda_rds_auth",
            "aws_lambda_layer_version.rds",
            "aws_lambda_layer_version.user_auth",
            "aws_security_group.lambda_sg",
            "aws_subnet.private_subnet1",
            "aws_subnet.private_subnet2",
            "data.archive_file.lambda_archives",
            "data.archive_file.rds_layer",
            "data.archive_file.user_auth_layer",
            "data.aws_availability_zones.available",
            "data.aws_vpc.default"
          ],
          "create_before_destroy": true
        },
        {
          "index_key": "delete_workout_template",
          "schema_version": 0,
          "attributes": {
            "architectures": [
              "x86_64"
            ],
            "arn": "arn:aws:lambda:us-east-2:857360184083:function:delete_workout_template",
            "code_sha256": "/pwnrZrTD6D1vF06YBs1hYW8zB/zP8Tj85bQARQE/Zs=",
            "code_signing_config_arn": "",
            "dead_letter_config": [],
            "description": "",
            "environment": [
              {
                "variables": {
                  "ENVIRONMENT": "production",
                  "RDS_DBNAME": "trackme",
                  "RDS_ENDPOINT": "trackmedb.c9goe0ioosh0.us-east-2.rds.amazonaws.com",
                  "RDS_PASSWORD": "Mojito#2025",
                  "RDS_PORT": "5432",
                  "RDS_REGION": "us-east-2",
                  "RDS_USER": "trackme_admin"
                }
              }
            ],
            "ephemeral_storage": [
              {
                "size": 512
              }
            ],
            "file_system_config": [],
            "filename": "./../Server/lambdas/coach/zips/delete_workout_template.zip",
            "function_name": "delete_workout_template",
            "handler": "delete_workout_template.delete_workout_template",
            "id": "delete_workout_template",
            "image_config": [],
            "image_uri": "",
            "invoke_arn": "arn:aws:apigateway:us-east-2:lambda:path/2015-03-31/functions/arn:aws:lambda:us-east-2:857360184083:function:delete_workout_template/invocations",
            "kms_key_arn": "",
            "last_modified": "2025-10-06T19:24:01.000+0000",
            "layers": [
              "arn:aws:lambda:us-east-2:857360184083:layer:rds:43",
              "arn:aws:lambda:us-east-2:857360184083:layer:user_auth:2"
            ],
            "logging_config": [
              {
                "application_log_level": "",
                "log_format": "Text",
                "log_group": "/aws/lambda/delete_workout_template",
                "system_log_level": ""
              }
            ],
            "memory_size": 128,
            "package_type": "Zip",
            "publish": false,
            "qualified_arn": "arn:aws:lambda:us-east-2:857360184083:function:delete_workout_template:$LATEST",
            "qualified_invoke_arn": "arn:aws:apigateway:us-east-2:lambda:path/2015-03-31/functions/arn:aws:lambda:us-east-2:857360184083:function:delete_workout_template:$LATEST/invocations",
            "replace_security_groups_on_destroy": null,
            "replacement_security_group_ids": null,
            "reserved_concurrent_executions": -1,
            "role": "arn:aws:iam::857360184083:role/lambda_role",
            "runtime": "python3.12",
            "s3_bucket": null,
            "s3_key": null,
            "s3_object_version": null,
            "signing_job_arn": "",
            "signing_profile_version_arn": "",
            "skip_destroy": false,
            "snap_start": [],
            "source_code_hash": "/pwnrZrTD6D1vF06YBs1hYW8zB/zP8Tj85bQARQE/Zs=",
            "source_code_size": 3199,
            "tags": {},
            "tags_all": {},
            "timeout": 5,
            "timeouts": null,
            "tracing_config": [
              {
                "mode": "PassThrough"
              }
            ],
            "version": "$LATEST",
            "vpc_config": [
              {
                "ipv6_allowed_for_dual_stack": false,
                "security_group_ids": [
                  "sg-0bd1fa78c58ba0495"
                ],
                "subnet_ids": [
                  "subnet-09b6e632d01fcb525",
                  "subnet-0db35c13edd7c98e9"
                ],
                "vpc_id": "vpc-00ce2d8f8e6ecb305"
              }
            ]
          },
          "sensitive_attributes": [
            [
              {
                "type": "get_attr",
                "value": "environment"
              },
              {
                "type": "index",
                "value": {
                  "value": 0,
                  "type": "number"
                }
              },
              {
                "type": "get_attr",
                "value": "variables"
              },
              {
                "type": "index",
                "value": {
                  "value": "RDS_PASSWORD",
                  "type": "string"
                }
              }
            ]
          ],
          "identity_schema_version": 0,
          "private": "eyJlMmJmYjczMC1lY2FhLTExZTYtOGY4OC0zNDM2M2JjN2M0YzAiOnsiY3JlYXRlIjo2MDAwMDAwMDAwMDAsImRlbGV0ZSI6NjAwMDAwMDAwMDAwLCJ1cGRhdGUiOjYwMDAwMDAwMDAwMH19",
          "dependencies": [
            "aws_db_instance.default",
            "aws_db_subnet_group.rds_private",
            "aws_iam_role.lambda_role",
            "aws_iam_role_policy_attachment.lambda_rds_auth",
            "aws_lambda_layer_version.rds",
            "aws_lambda_layer_version.user_auth",
            "aws_security_group.lambda_sg",
            "aws_subnet.private_subnet1",
            "aws_subnet.private_subnet2",
            "data.archive_file.lambda_archives",
            "data.archive_file.rds_layer",
            "data.archive_file.user_auth_layer",
            "data.aws_availability_zones.available",
            "data.aws_vpc.default"
          ],
          "create_before_destroy": true
        },
        {
          "index_key": "fetch_historical_data",
          "schema_version": 0,
          "attributes": {
            "architectures": [
              "x86_64"
            ],
            "arn": "arn:aws:lambda:us-east-2:857360184083:function:fetch_historical_data",
            "code_sha256": "MldwtM4Ft9qswiM6Q7XhQgOOo3K5ZYsXDNIFMgPIe/w=",
            "code_signing_config_arn": "",
            "dead_letter_config": [],
            "description": "",
            "environment": [
              {
                "variables": {
                  "ENVIRONMENT": "production",
                  "RDS_DBNAME": "trackme",
                  "RDS_ENDPOINT": "trackmedb.c9goe0ioosh0.us-east-2.rds.amazonaws.com",
                  "RDS_PASSWORD": "Mojito#2025",
                  "RDS_PORT": "5432",
                  "RDS_REGION": "us-east-2",
                  "RDS_USER": "trackme_admin"
                }
              }
            ],
            "ephemeral_storage": [
              {
                "size": 512
              }
            ],
            "file_system_config": [],
            "filename": "./../Server/lambdas/coach/zips/fetch_historical_data.zip",
            "function_name": "fetch_historical_data",
            "handler": "fetch_historical_data.fetch_historical_data",
            "id": "fetch_historical_data",
            "image_config": [],
            "image_uri": "",
            "invoke_arn": "arn:aws:apigateway:us-east-2:lambda:path/2015-03-31/functions/arn:aws:lambda:us-east-2:857360184083:function:fetch_historical_data/invocations",
            "kms_key_arn": "",
            "last_modified": "2025-10-06T19:23:55.000+0000",
            "layers": [
              "arn:aws:lambda:us-east-2:857360184083:layer:rds:43",
              "arn:aws:lambda:us-east-2:857360184083:layer:user_auth:2"
            ],
            "logging_config": [
              {
                "application_log_level": "",
                "log_format": "Text",
                "log_group": "/aws/lambda/fetch_historical_data",
                "system_log_level": ""
              }
            ],
            "memory_size": 128,
            "package_type": "Zip",
            "publish": false,
            "qualified_arn": "arn:aws:lambda:us-east-2:857360184083:function:fetch_historical_data:$LATEST",
            "qualified_invoke_arn": "arn:aws:apigateway:us-east-2:lambda:path/2015-03-31/functions/arn:aws:lambda:us-east-2:857360184083:function:fetch_historical_data:$LATEST/invocations",
            "replace_security_groups_on_destroy": null,
            "replacement_security_group_ids": null,
            "reserved_concurrent_executions": -1,
            "role": "arn:aws:iam::857360184083:role/lambda_role",
            "runtime": "python3.12",
            "s3_bucket": null,
            "s3_key": null,
            "s3_object_version": null,
            "signing_job_arn": "",
            "signing_profile_version_arn": "",
            "skip_destroy": false,
            "snap_start": [],
            "source_code_hash": "MldwtM4Ft9qswiM6Q7XhQgOOo3K5ZYsXDNIFMgPIe/w=",
            "source_code_size": 3583,
            "tags": {},
            "tags_all": {},
            "timeout": 5,
            "timeouts": null,
            "tracing_config": [
              {
                "mode": "PassThrough"
              }
            ],
            "version": "$LATEST",
            "vpc_config": [
              {
                "ipv6_allowed_for_dual_stack": false,
                "security_group_ids": [
                  "sg-0bd1fa78c58ba0495"
                ],
                "subnet_ids": [
                  "subnet-09b6e632d01fcb525",
                  "subnet-0db35c13edd7c98e9"
                ],
                "vpc_id": "vpc-00ce2d8f8e6ecb305"
              }
            ]
          },
          "sensitive_attributes": [
            [
              {
                "type": "get_attr",
                "value": "environment"
              },
              {
                "type": "index",
                "value": {
                  "value": 0,
                  "type": "number"
                }
              },
              {
                "type": "get_attr",
                "value": "variables"
              },
              {
                "type": "index",
                "value": {
                  "value": "RDS_PASSWORD",
                  "type": "string"
                }
              }
            ]
          ],
          "identity_schema_version": 0,
          "private": "eyJlMmJmYjczMC1lY2FhLTExZTYtOGY4OC0zNDM2M2JjN2M0YzAiOnsiY3JlYXRlIjo2MDAwMDAwMDAwMDAsImRlbGV0ZSI6NjAwMDAwMDAwMDAwLCJ1cGRhdGUiOjYwMDAwMDAwMDAwMH19",
          "dependencies": [
            "aws_db_instance.default",
            "aws_db_subnet_group.rds_private",
            "aws_iam_role.lambda_role",
            "aws_iam_role_policy_attachment.lambda_rds_auth",
            "aws_lambda_layer_version.rds",
            "aws_lambda_layer_version.user_auth",
            "aws_security_group.lambda_sg",
            "aws_subnet.private_subnet1",
            "aws_subnet.private_subnet2",
            "data.archive_file.lambda_archives",
            "data.archive_file.rds_layer",
            "data.archive_file.user_auth_layer",
            "data.aws_availability_zones.available",
            "data.aws_vpc.default"
          ],
          "create_before_destroy": true
        },
        {
          "index_key": "get_absent_group_athletes",
          "schema_version": 0,
          "attributes": {
            "architectures": [
              "x86_64"
            ],
            "arn": "arn:aws:lambda:us-east-2:857360184083:function:get_absent_group_athletes",
            "code_sha256": "AZn/CeLRUQt9oqerCqj4E+yZZnNOBfxnXAYSVABDno0=",
            "code_signing_config_arn": "",
            "dead_letter_config": [],
            "description": "",
            "environment": [
              {
                "variables": {
                  "ENVIRONMENT": "production",
                  "RDS_DBNAME": "trackme",
                  "RDS_ENDPOINT": "trackmedb.c9goe0ioosh0.us-east-2.rds.amazonaws.com",
                  "RDS_PASSWORD": "Mojito#2025",
                  "RDS_PORT": "5432",
                  "RDS_REGION": "us-east-2",
                  "RDS_USER": "trackme_admin"
                }
              }
            ],
            "ephemeral_storage": [
              {
                "size": 512
              }
            ],
            "file_system_config": [],
            "filename": "./../Server/lambdas/coach/zips/get_absent_group_athletes.zip",
            "function_name": "get_absent_group_athletes",
            "handler": "get_absent_group_athletes.get_absent_group_athletes",
            "id": "get_absent_group_athletes",
            "image_config": [],
            "image_uri": "",
            "invoke_arn": "arn:aws:apigateway:us-east-2:lambda:path/2015-03-31/functions/arn:aws:lambda:us-east-2:857360184083:function:get_absent_group_athletes/invocations",
            "kms_key_arn": "",
            "last_modified": "2025-10-06T19:24:07.000+0000",
            "layers": [
              "arn:aws:lambda:us-east-2:857360184083:layer:rds:43",
              "arn:aws:lambda:us-east-2:857360184083:layer:user_auth:2"
            ],
            "logging_config": [
              {
                "application_log_level": "",
                "log_format": "Text",
                "log_group": "/aws/lambda/get_absent_group_athletes",
                "system_log_level": ""
              }
            ],
            "memory_size": 128,
            "package_type": "Zip",
            "publish": false,
            "qualified_arn": "arn:aws:lambda:us-east-2:857360184083:function:get_absent_group_athletes:$LATEST",
            "qualified_invoke_arn": "arn:aws:apigateway:us-east-2:lambda:path/2015-03-31/functions/arn:aws:lambda:us-east-2:857360184083:function:get_absent_group_athletes:$LATEST/invocations",
            "replace_security_groups_on_destroy": null,
            "replacement_security_group_ids": null,
            "reserved_concurrent_executions": -1,
            "role": "arn:aws:iam::857360184083:role/lambda_role",
            "runtime": "python3.12",
            "s3_bucket": null,
            "s3_key": null,
            "s3_object_version": null,
            "signing_job_arn": "",
            "signing_profile_version_arn": "",
            "skip_destroy": false,
            "snap_start": [],
            "source_code_hash": "AZn/CeLRUQt9oqerCqj4E+yZZnNOBfxnXAYSVABDno0=",
            "source_code_size": 2390,
            "tags": {},
            "tags_all": {},
            "timeout": 5,
            "timeouts": null,
            "tracing_config": [
              {
                "mode": "PassThrough"
              }
            ],
            "version": "$LATEST",
            "vpc_config": [
              {
                "ipv6_allowed_for_dual_stack": false,
                "security_group_ids": [
                  "sg-0bd1fa78c58ba0495"
                ],
                "subnet_ids": [
                  "subnet-09b6e632d01fcb525",
                  "subnet-0db35c13edd7c98e9"
                ],
                "vpc_id": "vpc-00ce2d8f8e6ecb305"
              }
            ]
          },
          "sensitive_attributes": [
            [
              {
                "type": "get_attr",
                "value": "environment"
              },
              {
                "type": "index",
                "value": {
                  "value": 0,
                  "type": "number"
                }
              },
              {
                "type": "get_attr",
                "value": "variables"
              },
              {
                "type": "index",
                "value": {
                  "value": "RDS_PASSWORD",
                  "type": "string"
                }
              }
            ]
          ],
          "identity_schema_version": 0,
          "private": "eyJlMmJmYjczMC1lY2FhLTExZTYtOGY4OC0zNDM2M2JjN2M0YzAiOnsiY3JlYXRlIjo2MDAwMDAwMDAwMDAsImRlbGV0ZSI6NjAwMDAwMDAwMDAwLCJ1cGRhdGUiOjYwMDAwMDAwMDAwMH19",
          "dependencies": [
            "aws_db_instance.default",
            "aws_db_subnet_group.rds_private",
            "aws_iam_role.lambda_role",
            "aws_iam_role_policy_attachment.lambda_rds_auth",
            "aws_lambda_layer_version.rds",
            "aws_lambda_layer_version.user_auth",
            "aws_security_group.lambda_sg",
            "aws_subnet.private_subnet1",
            "aws_subnet.private_subnet2",
            "data.archive_file.lambda_archives",
            "data.archive_file.rds_layer",
            "data.archive_file.user_auth_layer",
            "data.aws_availability_zones.available",
            "data.aws_vpc.default"
          ],
          "create_before_destroy": true
        },
        {
          "index_key": "get_athletes_for_group",
          "schema_version": 0,
          "attributes": {
            "architectures": [
              "x86_64"
            ],
            "arn": "arn:aws:lambda:us-east-2:857360184083:function:get_athletes_for_group",
            "code_sha256": "hx/+ycD9LD7E5WZqx8MFYpbJg3/ccVS+J+UWI3YQRq4=",
            "code_signing_config_arn": "",
            "dead_letter_config": [],
            "description": "",
            "environment": [
              {
                "variables": {
                  "ENVIRONMENT": "production",
                  "RDS_DBNAME": "trackme",
                  "RDS_ENDPOINT": "trackmedb.c9goe0ioosh0.us-east-2.rds.amazonaws.com",
                  "RDS_PASSWORD": "Mojito#2025",
                  "RDS_PORT": "5432",
                  "RDS_REGION": "us-east-2",
                  "RDS_USER": "trackme_admin"
                }
              }
            ],
            "ephemeral_storage": [
              {
                "size": 512
              }
            ],
            "file_system_config": [],
            "filename": "./../Server/lambdas/general/zips/get_athletes_for_group.zip",
            "function_name": "get_athletes_for_group",
            "handler": "get_athletes_for_group.get_athletes_for_group",
            "id": "get_athletes_for_group",
            "image_config": [],
            "image_uri": "",
            "invoke_arn": "arn:aws:apigateway:us-east-2:lambda:path/2015-03-31/functions/arn:aws:lambda:us-east-2:857360184083:function:get_athletes_for_group/invocations",
            "kms_key_arn": "",
            "last_modified": "2025-10-06T19:24:07.000+0000",
            "layers": [
              "arn:aws:lambda:us-east-2:857360184083:layer:rds:43",
              "arn:aws:lambda:us-east-2:857360184083:layer:user_auth:2"
            ],
            "logging_config": [
              {
                "application_log_level": "",
                "log_format": "Text",
                "log_group": "/aws/lambda/get_athletes_for_group",
                "system_log_level": ""
              }
            ],
            "memory_size": 128,
            "package_type": "Zip",
            "publish": false,
            "qualified_arn": "arn:aws:lambda:us-east-2:857360184083:function:get_athletes_for_group:$LATEST",
            "qualified_invoke_arn": "arn:aws:apigateway:us-east-2:lambda:path/2015-03-31/functions/arn:aws:lambda:us-east-2:857360184083:function:get_athletes_for_group:$LATEST/invocations",
            "replace_security_groups_on_destroy": null,
            "replacement_security_group_ids": null,
            "reserved_concurrent_executions": -1,
            "role": "arn:aws:iam::857360184083:role/lambda_role",
            "runtime": "python3.12",
            "s3_bucket": null,
            "s3_key": null,
            "s3_object_version": null,
            "signing_job_arn": "",
            "signing_profile_version_arn": "",
            "skip_destroy": false,
            "snap_start": [],
            "source_code_hash": "hx/+ycD9LD7E5WZqx8MFYpbJg3/ccVS+J+UWI3YQRq4=",
            "source_code_size": 2142,
            "tags": {},
            "tags_all": {},
            "timeout": 5,
            "timeouts": null,
            "tracing_config": [
              {
                "mode": "PassThrough"
              }
            ],
            "version": "$LATEST",
            "vpc_config": [
              {
                "ipv6_allowed_for_dual_stack": false,
                "security_group_ids": [
                  "sg-0bd1fa78c58ba0495"
                ],
                "subnet_ids": [
                  "subnet-09b6e632d01fcb525",
                  "subnet-0db35c13edd7c98e9"
                ],
                "vpc_id": "vpc-00ce2d8f8e6ecb305"
              }
            ]
          },
          "sensitive_attributes": [
            [
              {
                "type": "get_attr",
                "value": "environment"
              },
              {
                "type": "index",
                "value": {
                  "value": 0,
                  "type": "number"
                }
              },
              {
                "type": "get_attr",
                "value": "variables"
              },
              {
                "type": "index",
                "value": {
                  "value": "RDS_PASSWORD",
                  "type": "string"
                }
              }
            ]
          ],
          "identity_schema_version": 0,
          "private": "eyJlMmJmYjczMC1lY2FhLTExZTYtOGY4OC0zNDM2M2JjN2M0YzAiOnsiY3JlYXRlIjo2MDAwMDAwMDAwMDAsImRlbGV0ZSI6NjAwMDAwMDAwMDAwLCJ1cGRhdGUiOjYwMDAwMDAwMDAwMH19",
          "dependencies": [
            "aws_db_instance.default",
            "aws_db_subnet_group.rds_private",
            "aws_iam_role.lambda_role",
            "aws_iam_role_policy_attachment.lambda_rds_auth",
            "aws_lambda_layer_version.rds",
            "aws_lambda_layer_version.user_auth",
            "aws_security_group.lambda_sg",
            "aws_subnet.private_subnet1",
            "aws_subnet.private_subnet2",
            "data.archive_file.lambda_archives",
            "data.archive_file.rds_layer",
            "data.archive_file.user_auth_layer",
            "data.aws_availability_zones.available",
            "data.aws_vpc.default"
          ],
          "create_before_destroy": true
        },
        {
          "index_key": "get_available_history_dates",
          "schema_version": 0,
          "attributes": {
            "architectures": [
              "x86_64"
            ],
            "arn": "arn:aws:lambda:us-east-2:857360184083:function:get_available_history_dates",
            "code_sha256": "/jRmntwN/kWjghiUPXCfpLZKss4+GGgailZC26yA5Xo=",
            "code_signing_config_arn": "",
            "dead_letter_config": [],
            "description": "",
            "environment": [
              {
                "variables": {
                  "ENVIRONMENT": "production",
                  "RDS_DBNAME": "trackme",
                  "RDS_ENDPOINT": "trackmedb.c9goe0ioosh0.us-east-2.rds.amazonaws.com",
                  "RDS_PASSWORD": "Mojito#2025",
                  "RDS_PORT": "5432",
                  "RDS_REGION": "us-east-2",
                  "RDS_USER": "trackme_admin"
                }
              }
            ],
            "ephemeral_storage": [
              {
                "size": 512
              }
            ],
            "file_system_config": [],
            "filename": "./../Server/lambdas/coach/zips/get_available_history_dates.zip",
            "function_name": "get_available_history_dates",
            "handler": "get_available_history_dates.get_available_history_dates",
            "id": "get_available_history_dates",
            "image_config": [],
            "image_uri": "",
            "invoke_arn": "arn:aws:apigateway:us-east-2:lambda:path/2015-03-31/functions/arn:aws:lambda:us-east-2:857360184083:function:get_available_history_dates/invocations",
            "kms_key_arn": "",
            "last_modified": "2025-10-06T19:23:55.000+0000",
            "layers": [
              "arn:aws:lambda:us-east-2:857360184083:layer:rds:43",
              "arn:aws:lambda:us-east-2:857360184083:layer:user_auth:2"
            ],
            "logging_config": [
              {
                "application_log_level": "",
                "log_format": "Text",
                "log_group": "/aws/lambda/get_available_history_dates",
                "system_log_level": ""
              }
            ],
            "memory_size": 128,
            "package_type": "Zip",
            "publish": false,
            "qualified_arn": "arn:aws:lambda:us-east-2:857360184083:function:get_available_history_dates:$LATEST",
            "qualified_invoke_arn": "arn:aws:apigateway:us-east-2:lambda:path/2015-03-31/functions/arn:aws:lambda:us-east-2:857360184083:function:get_available_history_dates:$LATEST/invocations",
            "replace_security_groups_on_destroy": null,
            "replacement_security_group_ids": null,
            "reserved_concurrent_executions": -1,
            "role": "arn:aws:iam::857360184083:role/lambda_role",
            "runtime": "python3.12",
            "s3_bucket": null,
            "s3_key": null,
            "s3_object_version": null,
            "signing_job_arn": "",
            "signing_profile_version_arn": "",
            "skip_destroy": false,
            "snap_start": [],
            "source_code_hash": "/jRmntwN/kWjghiUPXCfpLZKss4+GGgailZC26yA5Xo=",
            "source_code_size": 2658,
            "tags": {},
            "tags_all": {},
            "timeout": 5,
            "timeouts": null,
            "tracing_config": [
              {
                "mode": "PassThrough"
              }
            ],
            "version": "$LATEST",
            "vpc_config": [
              {
                "ipv6_allowed_for_dual_stack": false,
                "security_group_ids": [
                  "sg-0bd1fa78c58ba0495"
                ],
                "subnet_ids": [
                  "subnet-09b6e632d01fcb525",
                  "subnet-0db35c13edd7c98e9"
                ],
                "vpc_id": "vpc-00ce2d8f8e6ecb305"
              }
            ]
          },
          "sensitive_attributes": [
            [
              {
                "type": "get_attr",
                "value": "environment"
              },
              {
                "type": "index",
                "value": {
                  "value": 0,
                  "type": "number"
                }
              },
              {
                "type": "get_attr",
                "value": "variables"
              },
              {
                "type": "index",
                "value": {
                  "value": "RDS_PASSWORD",
                  "type": "string"
                }
              }
            ]
          ],
          "identity_schema_version": 0,
          "private": "eyJlMmJmYjczMC1lY2FhLTExZTYtOGY4OC0zNDM2M2JjN2M0YzAiOnsiY3JlYXRlIjo2MDAwMDAwMDAwMDAsImRlbGV0ZSI6NjAwMDAwMDAwMDAwLCJ1cGRhdGUiOjYwMDAwMDAwMDAwMH19",
          "dependencies": [
            "aws_db_instance.default",
            "aws_db_subnet_group.rds_private",
            "aws_iam_role.lambda_role",
            "aws_iam_role_policy_attachment.lambda_rds_auth",
            "aws_lambda_layer_version.rds",
            "aws_lambda_layer_version.user_auth",
            "aws_security_group.lambda_sg",
            "aws_subnet.private_subnet1",
            "aws_subnet.private_subnet2",
            "data.archive_file.lambda_archives",
            "data.archive_file.rds_layer",
            "data.archive_file.user_auth_layer",
            "data.aws_availability_zones.available",
            "data.aws_vpc.default"
          ],
          "create_before_destroy": true
        },
        {
          "index_key": "get_group_workout",
          "schema_version": 0,
          "attributes": {
            "architectures": [
              "x86_64"
            ],
            "arn": "arn:aws:lambda:us-east-2:857360184083:function:get_group_workout",
            "code_sha256": "3N9274JfsxdIxCBjnXtKBpOEF/ymSav70fYTBCkiZIc=",
            "code_signing_config_arn": "",
            "dead_letter_config": [],
            "description": "",
            "environment": [
              {
                "variables": {
                  "ENVIRONMENT": "production",
                  "RDS_DBNAME": "trackme",
                  "RDS_ENDPOINT": "trackmedb.c9goe0ioosh0.us-east-2.rds.amazonaws.com",
                  "RDS_PASSWORD": "Mojito#2025",
                  "RDS_PORT": "5432",
                  "RDS_REGION": "us-east-2",
                  "RDS_USER": "trackme_admin"
                }
              }
            ],
            "ephemeral_storage": [
              {
                "size": 512
              }
            ],
            "file_system_config": [],
            "filename": "./../Server/lambdas/general/zips/get_group_workout.zip",
            "function_name": "get_group_workout",
            "handler": "get_group_workout.get_group_workout",
            "id": "get_group_workout",
            "image_config": [],
            "image_uri": "",
            "invoke_arn": "arn:aws:apigateway:us-east-2:lambda:path/2015-03-31/functions/arn:aws:lambda:us-east-2:857360184083:function:get_group_workout/invocations",
            "kms_key_arn": "",
            "last_modified": "2025-10-06T19:24:01.000+0000",
            "layers": [
              "arn:aws:lambda:us-east-2:857360184083:layer:rds:43",
              "arn:aws:lambda:us-east-2:857360184083:layer:user_auth:2"
            ],
            "logging_config": [
              {
                "application_log_level": "",
                "log_format": "Text",
                "log_group": "/aws/lambda/get_group_workout",
                "system_log_level": ""
              }
            ],
            "memory_size": 128,
            "package_type": "Zip",
            "publish": false,
            "qualified_arn": "arn:aws:lambda:us-east-2:857360184083:function:get_group_workout:$LATEST",
            "qualified_invoke_arn": "arn:aws:apigateway:us-east-2:lambda:path/2015-03-31/functions/arn:aws:lambda:us-east-2:857360184083:function:get_group_workout:$LATEST/invocations",
            "replace_security_groups_on_destroy": null,
            "replacement_security_group_ids": null,
            "reserved_concurrent_executions": -1,
            "role": "arn:aws:iam::857360184083:role/lambda_role",
            "runtime": "python3.12",
            "s3_bucket": null,
            "s3_key": null,
            "s3_object_version": null,
            "signing_job_arn": "",
            "signing_profile_version_arn": "",
            "skip_destroy": false,
            "snap_start": [],
            "source_code_hash": "3N9274JfsxdIxCBjnXtKBpOEF/ymSav70fYTBCkiZIc=",
            "source_code_size": 2628,
            "tags": {},
            "tags_all": {},
            "timeout": 5,
            "timeouts": null,
            "tracing_config": [
              {
                "mode": "PassThrough"
              }
            ],
            "version": "$LATEST",
            "vpc_config": [
              {
                "ipv6_allowed_for_dual_stack": false,
                "security_group_ids": [
                  "sg-0bd1fa78c58ba0495"
                ],
                "subnet_ids": [
                  "subnet-09b6e632d01fcb525",
                  "subnet-0db35c13edd7c98e9"
                ],
                "vpc_id": "vpc-00ce2d8f8e6ecb305"
              }
            ]
          },
          "sensitive_attributes": [
            [
              {
                "type": "get_attr",
                "value": "environment"
              },
              {
                "type": "index",
                "value": {
                  "value": 0,
                  "type": "number"
                }
              },
              {
                "type": "get_attr",
                "value": "variables"
              },
              {
                "type": "index",
                "value": {
                  "value": "RDS_PASSWORD",
                  "type": "string"
                }
              }
            ]
          ],
          "identity_schema_version": 0,
          "private": "eyJlMmJmYjczMC1lY2FhLTExZTYtOGY4OC0zNDM2M2JjN2M0YzAiOnsiY3JlYXRlIjo2MDAwMDAwMDAwMDAsImRlbGV0ZSI6NjAwMDAwMDAwMDAwLCJ1cGRhdGUiOjYwMDAwMDAwMDAwMH19",
          "dependencies": [
            "aws_db_instance.default",
            "aws_db_subnet_group.rds_private",
            "aws_iam_role.lambda_role",
            "aws_iam_role_policy_attachment.lambda_rds_auth",
            "aws_lambda_layer_version.rds",
            "aws_lambda_layer_version.user_auth",
            "aws_security_group.lambda_sg",
            "aws_subnet.private_subnet1",
            "aws_subnet.private_subnet2",
            "data.archive_file.lambda_archives",
            "data.archive_file.rds_layer",
            "data.archive_file.user_auth_layer",
            "data.aws_availability_zones.available",
            "data.aws_vpc.default"
          ],
          "create_before_destroy": true
        },
        {
          "index_key": "get_groups",
          "schema_version": 0,
          "attributes": {
            "architectures": [
              "x86_64"
            ],
            "arn": "arn:aws:lambda:us-east-2:857360184083:function:get_groups",
            "code_sha256": "LfD62x7dR72c2gEiLzrCeYR214Jl59YLtKyIO566TkQ=",
            "code_signing_config_arn": "",
            "dead_letter_config": [],
            "description": "",
            "environment": [
              {
                "variables": {
                  "ENVIRONMENT": "production",
                  "RDS_DBNAME": "trackme",
                  "RDS_ENDPOINT": "trackmedb.c9goe0ioosh0.us-east-2.rds.amazonaws.com",
                  "RDS_PASSWORD": "Mojito#2025",
                  "RDS_PORT": "5432",
                  "RDS_REGION": "us-east-2",
                  "RDS_USER": "trackme_admin"
                }
              }
            ],
            "ephemeral_storage": [
              {
                "size": 512
              }
            ],
            "file_system_config": [],
            "filename": "./../Server/lambdas/general/zips/get_groups.zip",
            "function_name": "get_groups",
            "handler": "get_groups.get_groups",
            "id": "get_groups",
            "image_config": [],
            "image_uri": "",
            "invoke_arn": "arn:aws:apigateway:us-east-2:lambda:path/2015-03-31/functions/arn:aws:lambda:us-east-2:857360184083:function:get_groups/invocations",
            "kms_key_arn": "",
            "last_modified": "2025-10-06T19:24:07.000+0000",
            "layers": [
              "arn:aws:lambda:us-east-2:857360184083:layer:rds:43",
              "arn:aws:lambda:us-east-2:857360184083:layer:user_auth:2"
            ],
            "logging_config": [
              {
                "application_log_level": "",
                "log_format": "Text",
                "log_group": "/aws/lambda/get_groups",
                "system_log_level": ""
              }
            ],
            "memory_size": 128,
            "package_type": "Zip",
            "publish": false,
            "qualified_arn": "arn:aws:lambda:us-east-2:857360184083:function:get_groups:$LATEST",
            "qualified_invoke_arn": "arn:aws:apigateway:us-east-2:lambda:path/2015-03-31/functions/arn:aws:lambda:us-east-2:857360184083:function:get_groups:$LATEST/invocations",
            "replace_security_groups_on_destroy": null,
            "replacement_security_group_ids": null,
            "reserved_concurrent_executions": -1,
            "role": "arn:aws:iam::857360184083:role/lambda_role",
            "runtime": "python3.12",
            "s3_bucket": null,
            "s3_key": null,
            "s3_object_version": null,
            "signing_job_arn": "",
            "signing_profile_version_arn": "",
            "skip_destroy": false,
            "snap_start": [],
            "source_code_hash": "LfD62x7dR72c2gEiLzrCeYR214Jl59YLtKyIO566TkQ=",
            "source_code_size": 2290,
            "tags": {},
            "tags_all": {},
            "timeout": 5,
            "timeouts": null,
            "tracing_config": [
              {
                "mode": "PassThrough"
              }
            ],
            "version": "$LATEST",
            "vpc_config": [
              {
                "ipv6_allowed_for_dual_stack": false,
                "security_group_ids": [
                  "sg-0bd1fa78c58ba0495"
                ],
                "subnet_ids": [
                  "subnet-09b6e632d01fcb525",
                  "subnet-0db35c13edd7c98e9"
                ],
                "vpc_id": "vpc-00ce2d8f8e6ecb305"
              }
            ]
          },
          "sensitive_attributes": [
            [
              {
                "type": "get_attr",
                "value": "environment"
              },
              {
                "type": "index",
                "value": {
                  "value": 0,
                  "type": "number"
                }
              },
              {
                "type": "get_attr",
                "value": "variables"
              },
              {
                "type": "index",
                "value": {
                  "value": "RDS_PASSWORD",
                  "type": "string"
                }
              }
            ]
          ],
          "identity_schema_version": 0,
          "private": "eyJlMmJmYjczMC1lY2FhLTExZTYtOGY4OC0zNDM2M2JjN2M0YzAiOnsiY3JlYXRlIjo2MDAwMDAwMDAwMDAsImRlbGV0ZSI6NjAwMDAwMDAwMDAwLCJ1cGRhdGUiOjYwMDAwMDAwMDAwMH19",
          "dependencies": [
            "aws_db_instance.default",
            "aws_db_subnet_group.rds_private",
            "aws_iam_role.lambda_role",
            "aws_iam_role_policy_attachment.lambda_rds_auth",
            "aws_lambda_layer_version.rds",
            "aws_lambda_layer_version.user_auth",
            "aws_security_group.lambda_sg",
            "aws_subnet.private_subnet1",
            "aws_subnet.private_subnet2",
            "data.archive_file.lambda_archives",
            "data.archive_file.rds_layer",
            "data.archive_file.user_auth_layer",
            "data.aws_availability_zones.available",
            "data.aws_vpc.default"
          ],
          "create_before_destroy": true
        },
        {
          "index_key": "get_mutual_user_relations",
          "schema_version": 0,
          "attributes": {
            "architectures": [
              "x86_64"
            ],
            "arn": "arn:aws:lambda:us-east-2:857360184083:function:get_mutual_user_relations",
            "code_sha256": "V5mVgPipD/I+1zLAdurq6vBx5n7Zw3Di2uNraBjyKEY=",
            "code_signing_config_arn": "",
            "dead_letter_config": [],
            "description": "",
            "environment": [
              {
                "variables": {
                  "ENVIRONMENT": "production",
                  "RDS_DBNAME": "trackme",
                  "RDS_ENDPOINT": "trackmedb.c9goe0ioosh0.us-east-2.rds.amazonaws.com",
                  "RDS_PASSWORD": "Mojito#2025",
                  "RDS_PORT": "5432",
                  "RDS_REGION": "us-east-2",
                  "RDS_USER": "trackme_admin"
                }
              }
            ],
            "ephemeral_storage": [
              {
                "size": 512
              }
            ],
            "file_system_config": [],
            "filename": "./../Server/lambdas/relations/zips/get_mutual_user_relations.zip",
            "function_name": "get_mutual_user_relations",
            "handler": "get_mutual_user_relations.get_mutual_user_relations",
            "id": "get_mutual_user_relations",
            "image_config": [],
            "image_uri": "",
            "invoke_arn": "arn:aws:apigateway:us-east-2:lambda:path/2015-03-31/functions/arn:aws:lambda:us-east-2:857360184083:function:get_mutual_user_relations/invocations",
            "kms_key_arn": "",
            "last_modified": "2025-10-06T19:24:12.000+0000",
            "layers": [
              "arn:aws:lambda:us-east-2:857360184083:layer:rds:43",
              "arn:aws:lambda:us-east-2:857360184083:layer:user_auth:2"
            ],
            "logging_config": [
              {
                "application_log_level": "",
                "log_format": "Text",
                "log_group": "/aws/lambda/get_mutual_user_relations",
                "system_log_level": ""
              }
            ],
            "memory_size": 128,
            "package_type": "Zip",
            "publish": false,
            "qualified_arn": "arn:aws:lambda:us-east-2:857360184083:function:get_mutual_user_relations:$LATEST",
            "qualified_invoke_arn": "arn:aws:apigateway:us-east-2:lambda:path/2015-03-31/functions/arn:aws:lambda:us-east-2:857360184083:function:get_mutual_user_relations:$LATEST/invocations",
            "replace_security_groups_on_destroy": null,
            "replacement_security_group_ids": null,
            "reserved_concurrent_executions": -1,
            "role": "arn:aws:iam::857360184083:role/lambda_role",
            "runtime": "python3.12",
            "s3_bucket": null,
            "s3_key": null,
            "s3_object_version": null,
            "signing_job_arn": "",
            "signing_profile_version_arn": "",
            "skip_destroy": false,
            "snap_start": [],
            "source_code_hash": "V5mVgPipD/I+1zLAdurq6vBx5n7Zw3Di2uNraBjyKEY=",
            "source_code_size": 2382,
            "tags": {},
            "tags_all": {},
            "timeout": 5,
            "timeouts": null,
            "tracing_config": [
              {
                "mode": "PassThrough"
              }
            ],
            "version": "$LATEST",
            "vpc_config": [
              {
                "ipv6_allowed_for_dual_stack": false,
                "security_group_ids": [
                  "sg-0bd1fa78c58ba0495"
                ],
                "subnet_ids": [
                  "subnet-09b6e632d01fcb525",
                  "subnet-0db35c13edd7c98e9"
                ],
                "vpc_id": "vpc-00ce2d8f8e6ecb305"
              }
            ]
          },
          "sensitive_attributes": [
            [
              {
                "type": "get_attr",
                "value": "environment"
              },
              {
                "type": "index",
                "value": {
                  "value": 0,
                  "type": "number"
                }
              },
              {
                "type": "get_attr",
                "value": "variables"
              },
              {
                "type": "index",
                "value": {
                  "value": "RDS_PASSWORD",
                  "type": "string"
                }
              }
            ]
          ],
          "identity_schema_version": 0,
          "private": "eyJlMmJmYjczMC1lY2FhLTExZTYtOGY4OC0zNDM2M2JjN2M0YzAiOnsiY3JlYXRlIjo2MDAwMDAwMDAwMDAsImRlbGV0ZSI6NjAwMDAwMDAwMDAwLCJ1cGRhdGUiOjYwMDAwMDAwMDAwMH19",
          "dependencies": [
            "aws_db_instance.default",
            "aws_db_subnet_group.rds_private",
            "aws_iam_role.lambda_role",
            "aws_iam_role_policy_attachment.lambda_rds_auth",
            "aws_lambda_layer_version.rds",
            "aws_lambda_layer_version.user_auth",
            "aws_security_group.lambda_sg",
            "aws_subnet.private_subnet1",
            "aws_subnet.private_subnet2",
            "data.archive_file.lambda_archives",
            "data.archive_file.rds_layer",
            "data.archive_file.user_auth_layer",
            "data.aws_availability_zones.available",
            "data.aws_vpc.default"
          ],
          "create_before_destroy": true
        },
        {
          "index_key": "get_relation_invites",
          "schema_version": 0,
          "attributes": {
            "architectures": [
              "x86_64"
            ],
            "arn": "arn:aws:lambda:us-east-2:857360184083:function:get_relation_invites",
            "code_sha256": "qAgZ6viY71ETMC5C7q7n+KUcy7kOx1pQuZQchW3PpDI=",
            "code_signing_config_arn": "",
            "dead_letter_config": [],
            "description": "",
            "environment": [
              {
                "variables": {
                  "ENVIRONMENT": "production",
                  "RDS_DBNAME": "trackme",
                  "RDS_ENDPOINT": "trackmedb.c9goe0ioosh0.us-east-2.rds.amazonaws.com",
                  "RDS_PASSWORD": "Mojito#2025",
                  "RDS_PORT": "5432",
                  "RDS_REGION": "us-east-2",
                  "RDS_USER": "trackme_admin"
                }
              }
            ],
            "ephemeral_storage": [
              {
                "size": 512
              }
            ],
            "file_system_config": [],
            "filename": "./../Server/lambdas/relations/zips/get_relation_invites.zip",
            "function_name": "get_relation_invites",
            "handler": "get_relation_invites.get_relation_invites",
            "id": "get_relation_invites",
            "image_config": [],
            "image_uri": "",
            "invoke_arn": "arn:aws:apigateway:us-east-2:lambda:path/2015-03-31/functions/arn:aws:lambda:us-east-2:857360184083:function:get_relation_invites/invocations",
            "kms_key_arn": "",
            "last_modified": "2025-10-06T19:24:01.000+0000",
            "layers": [
              "arn:aws:lambda:us-east-2:857360184083:layer:rds:43",
              "arn:aws:lambda:us-east-2:857360184083:layer:user_auth:2"
            ],
            "logging_config": [
              {
                "application_log_level": "",
                "log_format": "Text",
                "log_group": "/aws/lambda/get_relation_invites",
                "system_log_level": ""
              }
            ],
            "memory_size": 128,
            "package_type": "Zip",
            "publish": false,
            "qualified_arn": "arn:aws:lambda:us-east-2:857360184083:function:get_relation_invites:$LATEST",
            "qualified_invoke_arn": "arn:aws:apigateway:us-east-2:lambda:path/2015-03-31/functions/arn:aws:lambda:us-east-2:857360184083:function:get_relation_invites:$LATEST/invocations",
            "replace_security_groups_on_destroy": null,
            "replacement_security_group_ids": null,
            "reserved_concurrent_executions": -1,
            "role": "arn:aws:iam::857360184083:role/lambda_role",
            "runtime": "python3.12",
            "s3_bucket": null,
            "s3_key": null,
            "s3_object_version": null,
            "signing_job_arn": "",
            "signing_profile_version_arn": "",
            "skip_destroy": false,
            "snap_start": [],
            "source_code_hash": "qAgZ6viY71ETMC5C7q7n+KUcy7kOx1pQuZQchW3PpDI=",
            "source_code_size": 2102,
            "tags": {},
            "tags_all": {},
            "timeout": 5,
            "timeouts": null,
            "tracing_config": [
              {
                "mode": "PassThrough"
              }
            ],
            "version": "$LATEST",
            "vpc_config": [
              {
                "ipv6_allowed_for_dual_stack": false,
                "security_group_ids": [
                  "sg-0bd1fa78c58ba0495"
                ],
                "subnet_ids": [
                  "subnet-09b6e632d01fcb525",
                  "subnet-0db35c13edd7c98e9"
                ],
                "vpc_id": "vpc-00ce2d8f8e6ecb305"
              }
            ]
          },
          "sensitive_attributes": [
            [
              {
                "type": "get_attr",
                "value": "environment"
              },
              {
                "type": "index",
                "value": {
                  "value": 0,
                  "type": "number"
                }
              },
              {
                "type": "get_attr",
                "value": "variables"
              },
              {
                "type": "index",
                "value": {
                  "value": "RDS_PASSWORD",
                  "type": "string"
                }
              }
            ]
          ],
          "identity_schema_version": 0,
          "private": "eyJlMmJmYjczMC1lY2FhLTExZTYtOGY4OC0zNDM2M2JjN2M0YzAiOnsiY3JlYXRlIjo2MDAwMDAwMDAwMDAsImRlbGV0ZSI6NjAwMDAwMDAwMDAwLCJ1cGRhdGUiOjYwMDAwMDAwMDAwMH19",
          "dependencies": [
            "aws_db_instance.default",
            "aws_db_subnet_group.rds_private",
            "aws_iam_role.lambda_role",
            "aws_iam_role_policy_attachment.lambda_rds_auth",
            "aws_lambda_layer_version.rds",
            "aws_lambda_layer_version.user_auth",
            "aws_security_group.lambda_sg",
            "aws_subnet.private_subnet1",
            "aws_subnet.private_subnet2",
            "data.archive_file.lambda_archives",
            "data.archive_file.rds_layer",
            "data.archive_file.user_auth_layer",
            "data.aws_availability_zones.available",
            "data.aws_vpc.default"
          ],
          "create_before_destroy": true
        },
        {
          "index_key": "get_relation_invites_count",
          "schema_version": 0,
          "attributes": {
            "architectures": [
              "x86_64"
            ],
            "arn": "arn:aws:lambda:us-east-2:857360184083:function:get_relation_invites_count",
            "code_sha256": "DvD5YliNCoc6fN+tB1unLUUvqD6KEIBAZp/fxmlg/qQ=",
            "code_signing_config_arn": "",
            "dead_letter_config": [],
            "description": "",
            "environment": [
              {
                "variables": {
                  "ENVIRONMENT": "production",
                  "RDS_DBNAME": "trackme",
                  "RDS_ENDPOINT": "trackmedb.c9goe0ioosh0.us-east-2.rds.amazonaws.com",
                  "RDS_PASSWORD": "Mojito#2025",
                  "RDS_PORT": "5432",
                  "RDS_REGION": "us-east-2",
                  "RDS_USER": "trackme_admin"
                }
              }
            ],
            "ephemeral_storage": [
              {
                "size": 512
              }
            ],
            "file_system_config": [],
            "filename": "./../Server/lambdas/relations/zips/get_relation_invites_count.zip",
            "function_name": "get_relation_invites_count",
            "handler": "get_relation_invites_count.get_relation_invites_count",
            "id": "get_relation_invites_count",
            "image_config": [],
            "image_uri": "",
            "invoke_arn": "arn:aws:apigateway:us-east-2:lambda:path/2015-03-31/functions/arn:aws:lambda:us-east-2:857360184083:function:get_relation_invites_count/invocations",
            "kms_key_arn": "",
            "last_modified": "2025-10-06T19:23:55.000+0000",
            "layers": [
              "arn:aws:lambda:us-east-2:857360184083:layer:rds:43",
              "arn:aws:lambda:us-east-2:857360184083:layer:user_auth:2"
            ],
            "logging_config": [
              {
                "application_log_level": "",
                "log_format": "Text",
                "log_group": "/aws/lambda/get_relation_invites_count",
                "system_log_level": ""
              }
            ],
            "memory_size": 128,
            "package_type": "Zip",
            "publish": false,
            "qualified_arn": "arn:aws:lambda:us-east-2:857360184083:function:get_relation_invites_count:$LATEST",
            "qualified_invoke_arn": "arn:aws:apigateway:us-east-2:lambda:path/2015-03-31/functions/arn:aws:lambda:us-east-2:857360184083:function:get_relation_invites_count:$LATEST/invocations",
            "replace_security_groups_on_destroy": null,
            "replacement_security_group_ids": null,
            "reserved_concurrent_executions": -1,
            "role": "arn:aws:iam::857360184083:role/lambda_role",
            "runtime": "python3.12",
            "s3_bucket": null,
            "s3_key": null,
            "s3_object_version": null,
            "signing_job_arn": "",
            "signing_profile_version_arn": "",
            "skip_destroy": false,
            "snap_start": [],
            "source_code_hash": "DvD5YliNCoc6fN+tB1unLUUvqD6KEIBAZp/fxmlg/qQ=",
            "source_code_size": 2134,
            "tags": {},
            "tags_all": {},
            "timeout": 5,
            "timeouts": null,
            "tracing_config": [
              {
                "mode": "PassThrough"
              }
            ],
            "version": "$LATEST",
            "vpc_config": [
              {
                "ipv6_allowed_for_dual_stack": false,
                "security_group_ids": [
                  "sg-0bd1fa78c58ba0495"
                ],
                "subnet_ids": [
                  "subnet-09b6e632d01fcb525",
                  "subnet-0db35c13edd7c98e9"
                ],
                "vpc_id": "vpc-00ce2d8f8e6ecb305"
              }
            ]
          },
          "sensitive_attributes": [
            [
              {
                "type": "get_attr",
                "value": "environment"
              },
              {
                "type": "index",
                "value": {
                  "value": 0,
                  "type": "number"
                }
              },
              {
                "type": "get_attr",
                "value": "variables"
              },
              {
                "type": "index",
                "value": {
                  "value": "RDS_PASSWORD",
                  "type": "string"
                }
              }
            ]
          ],
          "identity_schema_version": 0,
          "private": "eyJlMmJmYjczMC1lY2FhLTExZTYtOGY4OC0zNDM2M2JjN2M0YzAiOnsiY3JlYXRlIjo2MDAwMDAwMDAwMDAsImRlbGV0ZSI6NjAwMDAwMDAwMDAwLCJ1cGRhdGUiOjYwMDAwMDAwMDAwMH19",
          "dependencies": [
            "aws_db_instance.default",
            "aws_db_subnet_group.rds_private",
            "aws_iam_role.lambda_role",
            "aws_iam_role_policy_attachment.lambda_rds_auth",
            "aws_lambda_layer_version.rds",
            "aws_lambda_layer_version.user_auth",
            "aws_security_group.lambda_sg",
            "aws_subnet.private_subnet1",
            "aws_subnet.private_subnet2",
            "data.archive_file.lambda_archives",
            "data.archive_file.rds_layer",
            "data.archive_file.user_auth_layer",
            "data.aws_availability_zones.available",
            "data.aws_vpc.default"
          ],
          "create_before_destroy": true
        },
        {
          "index_key": "get_user",
          "schema_version": 0,
          "attributes": {
            "architectures": [
              "x86_64"
            ],
            "arn": "arn:aws:lambda:us-east-2:857360184083:function:get_user",
            "code_sha256": "UhXrAF1sqt1ev3TyLI66Awln83IZYtFpOZ3FIYFlVuE=",
            "code_signing_config_arn": "",
            "dead_letter_config": [],
            "description": "",
            "environment": [
              {
                "variables": {
                  "ENVIRONMENT": "production",
                  "RDS_DBNAME": "trackme",
                  "RDS_ENDPOINT": "trackmedb.c9goe0ioosh0.us-east-2.rds.amazonaws.com",
                  "RDS_PASSWORD": "Mojito#2025",
                  "RDS_PORT": "5432",
                  "RDS_REGION": "us-east-2",
                  "RDS_USER": "trackme_admin"
                }
              }
            ],
            "ephemeral_storage": [
              {
                "size": 512
              }
            ],
            "file_system_config": [],
            "filename": "./../Server/lambdas/general/zips/get_user.zip",
            "function_name": "get_user",
            "handler": "get_user.get_user",
            "id": "get_user",
            "image_config": [],
            "image_uri": "",
            "invoke_arn": "arn:aws:apigateway:us-east-2:lambda:path/2015-03-31/functions/arn:aws:lambda:us-east-2:857360184083:function:get_user/invocations",
            "kms_key_arn": "",
            "last_modified": "2025-10-06T19:24:07.000+0000",
            "layers": [
              "arn:aws:lambda:us-east-2:857360184083:layer:rds:43",
              "arn:aws:lambda:us-east-2:857360184083:layer:user_auth:2"
            ],
            "logging_config": [
              {
                "application_log_level": "",
                "log_format": "Text",
                "log_group": "/aws/lambda/get_user",
                "system_log_level": ""
              }
            ],
            "memory_size": 128,
            "package_type": "Zip",
            "publish": false,
            "qualified_arn": "arn:aws:lambda:us-east-2:857360184083:function:get_user:$LATEST",
            "qualified_invoke_arn": "arn:aws:apigateway:us-east-2:lambda:path/2015-03-31/functions/arn:aws:lambda:us-east-2:857360184083:function:get_user:$LATEST/invocations",
            "replace_security_groups_on_destroy": null,
            "replacement_security_group_ids": null,
            "reserved_concurrent_executions": -1,
            "role": "arn:aws:iam::857360184083:role/lambda_role",
            "runtime": "python3.12",
            "s3_bucket": null,
            "s3_key": null,
            "s3_object_version": null,
            "signing_job_arn": "",
            "signing_profile_version_arn": "",
            "skip_destroy": false,
            "snap_start": [],
            "source_code_hash": "UhXrAF1sqt1ev3TyLI66Awln83IZYtFpOZ3FIYFlVuE=",
            "source_code_size": 1977,
            "tags": {},
            "tags_all": {},
            "timeout": 5,
            "timeouts": null,
            "tracing_config": [
              {
                "mode": "PassThrough"
              }
            ],
            "version": "$LATEST",
            "vpc_config": [
              {
                "ipv6_allowed_for_dual_stack": false,
                "security_group_ids": [
                  "sg-0bd1fa78c58ba0495"
                ],
                "subnet_ids": [
                  "subnet-09b6e632d01fcb525",
                  "subnet-0db35c13edd7c98e9"
                ],
                "vpc_id": "vpc-00ce2d8f8e6ecb305"
              }
            ]
          },
          "sensitive_attributes": [
            [
              {
                "type": "get_attr",
                "value": "environment"
              },
              {
                "type": "index",
                "value": {
                  "value": 0,
                  "type": "number"
                }
              },
              {
                "type": "get_attr",
                "value": "variables"
              },
              {
                "type": "index",
                "value": {
                  "value": "RDS_PASSWORD",
                  "type": "string"
                }
              }
            ]
          ],
          "identity_schema_version": 0,
          "private": "eyJlMmJmYjczMC1lY2FhLTExZTYtOGY4OC0zNDM2M2JjN2M0YzAiOnsiY3JlYXRlIjo2MDAwMDAwMDAwMDAsImRlbGV0ZSI6NjAwMDAwMDAwMDAwLCJ1cGRhdGUiOjYwMDAwMDAwMDAwMH19",
          "dependencies": [
            "aws_db_instance.default",
            "aws_db_subnet_group.rds_private",
            "aws_iam_role.lambda_role",
            "aws_iam_role_policy_attachment.lambda_rds_auth",
            "aws_lambda_layer_version.rds",
            "aws_lambda_layer_version.user_auth",
            "aws_security_group.lambda_sg",
            "aws_subnet.private_subnet1",
            "aws_subnet.private_subnet2",
            "data.archive_file.lambda_archives",
            "data.archive_file.rds_layer",
            "data.archive_file.user_auth_layer",
            "data.aws_availability_zones.available",
            "data.aws_vpc.default"
          ],
          "create_before_destroy": true
        },
        {
          "index_key": "get_weekly_schedule",
          "schema_version": 0,
          "attributes": {
            "architectures": [
              "x86_64"
            ],
            "arn": "arn:aws:lambda:us-east-2:857360184083:function:get_weekly_schedule",
            "code_sha256": "bSra2uv4dzcBBdwWUxWi4gntan9gBprIrCOst6flwuA=",
            "code_signing_config_arn": "",
            "dead_letter_config": [],
            "description": "",
            "environment": [
              {
                "variables": {
                  "ENVIRONMENT": "production",
                  "RDS_DBNAME": "trackme",
                  "RDS_ENDPOINT": "trackmedb.c9goe0ioosh0.us-east-2.rds.amazonaws.com",
                  "RDS_PASSWORD": "Mojito#2025",
                  "RDS_PORT": "5432",
                  "RDS_REGION": "us-east-2",
                  "RDS_USER": "trackme_admin"
                }
              }
            ],
            "ephemeral_storage": [
              {
                "size": 512
              }
            ],
            "file_system_config": [],
            "filename": "./../Server/lambdas/general/zips/get_weekly_schedule.zip",
            "function_name": "get_weekly_schedule",
            "handler": "get_weekly_schedule.get_weekly_schedule",
            "id": "get_weekly_schedule",
            "image_config": [],
            "image_uri": "",
            "invoke_arn": "arn:aws:apigateway:us-east-2:lambda:path/2015-03-31/functions/arn:aws:lambda:us-east-2:857360184083:function:get_weekly_schedule/invocations",
            "kms_key_arn": "",
            "last_modified": "2025-10-06T19:24:01.000+0000",
            "layers": [
              "arn:aws:lambda:us-east-2:857360184083:layer:rds:43",
              "arn:aws:lambda:us-east-2:857360184083:layer:user_auth:2"
            ],
            "logging_config": [
              {
                "application_log_level": "",
                "log_format": "Text",
                "log_group": "/aws/lambda/get_weekly_schedule",
                "system_log_level": ""
              }
            ],
            "memory_size": 128,
            "package_type": "Zip",
            "publish": false,
            "qualified_arn": "arn:aws:lambda:us-east-2:857360184083:function:get_weekly_schedule:$LATEST",
            "qualified_invoke_arn": "arn:aws:apigateway:us-east-2:lambda:path/2015-03-31/functions/arn:aws:lambda:us-east-2:857360184083:function:get_weekly_schedule:$LATEST/invocations",
            "replace_security_groups_on_destroy": null,
            "replacement_security_group_ids": null,
            "reserved_concurrent_executions": -1,
            "role": "arn:aws:iam::857360184083:role/lambda_role",
            "runtime": "python3.12",
            "s3_bucket": null,
            "s3_key": null,
            "s3_object_version": null,
            "signing_job_arn": "",
            "signing_profile_version_arn": "",
            "skip_destroy": false,
            "snap_start": [],
            "source_code_hash": "bSra2uv4dzcBBdwWUxWi4gntan9gBprIrCOst6flwuA=",
            "source_code_size": 3064,
            "tags": {},
            "tags_all": {},
            "timeout": 5,
            "timeouts": null,
            "tracing_config": [
              {
                "mode": "PassThrough"
              }
            ],
            "version": "$LATEST",
            "vpc_config": [
              {
                "ipv6_allowed_for_dual_stack": false,
                "security_group_ids": [
                  "sg-0bd1fa78c58ba0495"
                ],
                "subnet_ids": [
                  "subnet-09b6e632d01fcb525",
                  "subnet-0db35c13edd7c98e9"
                ],
                "vpc_id": "vpc-00ce2d8f8e6ecb305"
              }
            ]
          },
          "sensitive_attributes": [
            [
              {
                "type": "get_attr",
                "value": "environment"
              },
              {
                "type": "index",
                "value": {
                  "value": 0,
                  "type": "number"
                }
              },
              {
                "type": "get_attr",
                "value": "variables"
              },
              {
                "type": "index",
                "value": {
                  "value": "RDS_PASSWORD",
                  "type": "string"
                }
              }
            ]
          ],
          "identity_schema_version": 0,
          "private": "eyJlMmJmYjczMC1lY2FhLTExZTYtOGY4OC0zNDM2M2JjN2M0YzAiOnsiY3JlYXRlIjo2MDAwMDAwMDAwMDAsImRlbGV0ZSI6NjAwMDAwMDAwMDAwLCJ1cGRhdGUiOjYwMDAwMDAwMDAwMH19",
          "dependencies": [
            "aws_db_instance.default",
            "aws_db_subnet_group.rds_private",
            "aws_iam_role.lambda_role",
            "aws_iam_role_policy_attachment.lambda_rds_auth",
            "aws_lambda_layer_version.rds",
            "aws_lambda_layer_version.user_auth",
            "aws_security_group.lambda_sg",
            "aws_subnet.private_subnet1",
            "aws_subnet.private_subnet2",
            "data.archive_file.lambda_archives",
            "data.archive_file.rds_layer",
            "data.archive_file.user_auth_layer",
            "data.aws_availability_zones.available",
            "data.aws_vpc.default"
          ],
          "create_before_destroy": true
        },
        {
          "index_key": "get_workout_templates",
          "schema_version": 0,
          "attributes": {
            "architectures": [
              "x86_64"
            ],
            "arn": "arn:aws:lambda:us-east-2:857360184083:function:get_workout_templates",
            "code_sha256": "D0E2awFliGHmE6Kdvs8JdJ2We6SGaoduHPLAO998qUE=",
            "code_signing_config_arn": "",
            "dead_letter_config": [],
            "description": "",
            "environment": [
              {
                "variables": {
                  "ENVIRONMENT": "production",
                  "RDS_DBNAME": "trackme",
                  "RDS_ENDPOINT": "trackmedb.c9goe0ioosh0.us-east-2.rds.amazonaws.com",
                  "RDS_PASSWORD": "Mojito#2025",
                  "RDS_PORT": "5432",
                  "RDS_REGION": "us-east-2",
                  "RDS_USER": "trackme_admin"
                }
              }
            ],
            "ephemeral_storage": [
              {
                "size": 512
              }
            ],
            "file_system_config": [],
            "filename": "./../Server/lambdas/coach/zips/get_workout_templates.zip",
            "function_name": "get_workout_templates",
            "handler": "get_workout_templates.get_workout_templates",
            "id": "get_workout_templates",
            "image_config": [],
            "image_uri": "",
            "invoke_arn": "arn:aws:apigateway:us-east-2:lambda:path/2015-03-31/functions/arn:aws:lambda:us-east-2:857360184083:function:get_workout_templates/invocations",
            "kms_key_arn": "",
            "last_modified": "2025-10-06T19:24:01.000+0000",
            "layers": [
              "arn:aws:lambda:us-east-2:857360184083:layer:rds:43",
              "arn:aws:lambda:us-east-2:857360184083:layer:user_auth:2"
            ],
            "logging_config": [
              {
                "application_log_level": "",
                "log_format": "Text",
                "log_group": "/aws/lambda/get_workout_templates",
                "system_log_level": ""
              }
            ],
            "memory_size": 128,
            "package_type": "Zip",
            "publish": false,
            "qualified_arn": "arn:aws:lambda:us-east-2:857360184083:function:get_workout_templates:$LATEST",
            "qualified_invoke_arn": "arn:aws:apigateway:us-east-2:lambda:path/2015-03-31/functions/arn:aws:lambda:us-east-2:857360184083:function:get_workout_templates:$LATEST/invocations",
            "replace_security_groups_on_destroy": null,
            "replacement_security_group_ids": null,
            "reserved_concurrent_executions": -1,
            "role": "arn:aws:iam::857360184083:role/lambda_role",
            "runtime": "python3.12",
            "s3_bucket": null,
            "s3_key": null,
            "s3_object_version": null,
            "signing_job_arn": "",
            "signing_profile_version_arn": "",
            "skip_destroy": false,
            "snap_start": [],
            "source_code_hash": "D0E2awFliGHmE6Kdvs8JdJ2We6SGaoduHPLAO998qUE=",
            "source_code_size": 3514,
            "tags": {},
            "tags_all": {},
            "timeout": 5,
            "timeouts": null,
            "tracing_config": [
              {
                "mode": "PassThrough"
              }
            ],
            "version": "$LATEST",
            "vpc_config": [
              {
                "ipv6_allowed_for_dual_stack": false,
                "security_group_ids": [
                  "sg-0bd1fa78c58ba0495"
                ],
                "subnet_ids": [
                  "subnet-09b6e632d01fcb525",
                  "subnet-0db35c13edd7c98e9"
                ],
                "vpc_id": "vpc-00ce2d8f8e6ecb305"
              }
            ]
          },
          "sensitive_attributes": [
            [
              {
                "type": "get_attr",
                "value": "environment"
              },
              {
                "type": "index",
                "value": {
                  "value": 0,
                  "type": "number"
                }
              },
              {
                "type": "get_attr",
                "value": "variables"
              },
              {
                "type": "index",
                "value": {
                  "value": "RDS_PASSWORD",
                  "type": "string"
                }
              }
            ]
          ],
          "identity_schema_version": 0,
          "private": "eyJlMmJmYjczMC1lY2FhLTExZTYtOGY4OC0zNDM2M2JjN2M0YzAiOnsiY3JlYXRlIjo2MDAwMDAwMDAwMDAsImRlbGV0ZSI6NjAwMDAwMDAwMDAwLCJ1cGRhdGUiOjYwMDAwMDAwMDAwMH19",
          "dependencies": [
            "aws_db_instance.default",
            "aws_db_subnet_group.rds_private",
            "aws_iam_role.lambda_role",
            "aws_iam_role_policy_attachment.lambda_rds_auth",
            "aws_lambda_layer_version.rds",
            "aws_lambda_layer_version.user_auth",
            "aws_security_group.lambda_sg",
            "aws_subnet.private_subnet1",
            "aws_subnet.private_subnet2",
            "data.archive_file.lambda_archives",
            "data.archive_file.rds_layer",
            "data.archive_file.user_auth_layer",
            "data.aws_availability_zones.available",
            "data.aws_vpc.default"
          ],
          "create_before_destroy": true
        },
        {
          "index_key": "input_times",
          "schema_version": 0,
          "attributes": {
            "architectures": [
              "x86_64"
            ],
            "arn": "arn:aws:lambda:us-east-2:857360184083:function:input_times",
            "code_sha256": "OztiWJ4r4NtmiJ4TyZjdjCIiEFO2ODUDBGz+EqEi6wM=",
            "code_signing_config_arn": "",
            "dead_letter_config": [],
            "description": "",
            "environment": [
              {
                "variables": {
                  "ENVIRONMENT": "production",
                  "RDS_DBNAME": "trackme",
                  "RDS_ENDPOINT": "trackmedb.c9goe0ioosh0.us-east-2.rds.amazonaws.com",
                  "RDS_PASSWORD": "Mojito#2025",
                  "RDS_PORT": "5432",
                  "RDS_REGION": "us-east-2",
                  "RDS_USER": "trackme_admin"
                }
              }
            ],
            "ephemeral_storage": [
              {
                "size": 512
              }
            ],
            "file_system_config": [],
            "filename": "./../Server/lambdas/athlete/zips/input_times.zip",
            "function_name": "input_times",
            "handler": "input_times.input_times",
            "id": "input_times",
            "image_config": [],
            "image_uri": "",
            "invoke_arn": "arn:aws:apigateway:us-east-2:lambda:path/2015-03-31/functions/arn:aws:lambda:us-east-2:857360184083:function:input_times/invocations",
            "kms_key_arn": "",
            "last_modified": "2025-10-06T19:23:55.000+0000",
            "layers": [
              "arn:aws:lambda:us-east-2:857360184083:layer:rds:43",
              "arn:aws:lambda:us-east-2:857360184083:layer:user_auth:2"
            ],
            "logging_config": [
              {
                "application_log_level": "",
                "log_format": "Text",
                "log_group": "/aws/lambda/input_times",
                "system_log_level": ""
              }
            ],
            "memory_size": 128,
            "package_type": "Zip",
            "publish": false,
            "qualified_arn": "arn:aws:lambda:us-east-2:857360184083:function:input_times:$LATEST",
            "qualified_invoke_arn": "arn:aws:apigateway:us-east-2:lambda:path/2015-03-31/functions/arn:aws:lambda:us-east-2:857360184083:function:input_times:$LATEST/invocations",
            "replace_security_groups_on_destroy": null,
            "replacement_security_group_ids": null,
            "reserved_concurrent_executions": -1,
            "role": "arn:aws:iam::857360184083:role/lambda_role",
            "runtime": "python3.12",
            "s3_bucket": null,
            "s3_key": null,
            "s3_object_version": null,
            "signing_job_arn": "",
            "signing_profile_version_arn": "",
            "skip_destroy": false,
            "snap_start": [],
            "source_code_hash": "OztiWJ4r4NtmiJ4TyZjdjCIiEFO2ODUDBGz+EqEi6wM=",
            "source_code_size": 3465,
            "tags": {},
            "tags_all": {},
            "timeout": 5,
            "timeouts": null,
            "tracing_config": [
              {
                "mode": "PassThrough"
              }
            ],
            "version": "$LATEST",
            "vpc_config": [
              {
                "ipv6_allowed_for_dual_stack": false,
                "security_group_ids": [
                  "sg-0bd1fa78c58ba0495"
                ],
                "subnet_ids": [
                  "subnet-09b6e632d01fcb525",
                  "subnet-0db35c13edd7c98e9"
                ],
                "vpc_id": "vpc-00ce2d8f8e6ecb305"
              }
            ]
          },
          "sensitive_attributes": [
            [
              {
                "type": "get_attr",
                "value": "environment"
              },
              {
                "type": "index",
                "value": {
                  "value": 0,
                  "type": "number"
                }
              },
              {
                "type": "get_attr",
                "value": "variables"
              },
              {
                "type": "index",
                "value": {
                  "value": "RDS_PASSWORD",
                  "type": "string"
                }
              }
            ]
          ],
          "identity_schema_version": 0,
          "private": "eyJlMmJmYjczMC1lY2FhLTExZTYtOGY4OC0zNDM2M2JjN2M0YzAiOnsiY3JlYXRlIjo2MDAwMDAwMDAwMDAsImRlbGV0ZSI6NjAwMDAwMDAwMDAwLCJ1cGRhdGUiOjYwMDAwMDAwMDAwMH19",
          "dependencies": [
            "aws_db_instance.default",
            "aws_db_subnet_group.rds_private",
            "aws_iam_role.lambda_role",
            "aws_iam_role_policy_attachment.lambda_rds_auth",
            "aws_lambda_layer_version.rds",
            "aws_lambda_layer_version.user_auth",
            "aws_security_group.lambda_sg",
            "aws_subnet.private_subnet1",
            "aws_subnet.private_subnet2",
            "data.archive_file.lambda_archives",
            "data.archive_file.rds_layer",
            "data.archive_file.user_auth_layer",
            "data.aws_availability_zones.available",
            "data.aws_vpc.default"
          ],
          "create_before_destroy": true
        },
        {
          "index_key": "mass_input",
          "schema_version": 0,
          "attributes": {
            "architectures": [
              "x86_64"
            ],
            "arn": "arn:aws:lambda:us-east-2:857360184083:function:mass_input",
            "code_sha256": "wBj8r6aWfxmXK0C1TtCmsbmhdytbqZ2WhAuew5Mh6rY=",
            "code_signing_config_arn": "",
            "dead_letter_config": [],
            "description": "",
            "environment": [
              {
                "variables": {
                  "ENVIRONMENT": "production",
                  "RDS_DBNAME": "trackme",
                  "RDS_ENDPOINT": "trackmedb.c9goe0ioosh0.us-east-2.rds.amazonaws.com",
                  "RDS_PASSWORD": "Mojito#2025",
                  "RDS_PORT": "5432",
                  "RDS_REGION": "us-east-2",
                  "RDS_USER": "trackme_admin"
                }
              }
            ],
            "ephemeral_storage": [
              {
                "size": 512
              }
            ],
            "file_system_config": [],
            "filename": "./../Server/lambdas/general/zips/mass_input.zip",
            "function_name": "mass_input",
            "handler": "mass_input.mass_input",
            "id": "mass_input",
            "image_config": [],
            "image_uri": "",
            "invoke_arn": "arn:aws:apigateway:us-east-2:lambda:path/2015-03-31/functions/arn:aws:lambda:us-east-2:857360184083:function:mass_input/invocations",
            "kms_key_arn": "",
            "last_modified": "2025-10-06T19:24:01.000+0000",
            "layers": [
              "arn:aws:lambda:us-east-2:857360184083:layer:rds:43",
              "arn:aws:lambda:us-east-2:857360184083:layer:user_auth:2"
            ],
            "logging_config": [
              {
                "application_log_level": "",
                "log_format": "Text",
                "log_group": "/aws/lambda/mass_input",
                "system_log_level": ""
              }
            ],
            "memory_size": 128,
            "package_type": "Zip",
            "publish": false,
            "qualified_arn": "arn:aws:lambda:us-east-2:857360184083:function:mass_input:$LATEST",
            "qualified_invoke_arn": "arn:aws:apigateway:us-east-2:lambda:path/2015-03-31/functions/arn:aws:lambda:us-east-2:857360184083:function:mass_input:$LATEST/invocations",
            "replace_security_groups_on_destroy": null,
            "replacement_security_group_ids": null,
            "reserved_concurrent_executions": -1,
            "role": "arn:aws:iam::857360184083:role/lambda_role",
            "runtime": "python3.12",
            "s3_bucket": null,
            "s3_key": null,
            "s3_object_version": null,
            "signing_job_arn": "",
            "signing_profile_version_arn": "",
            "skip_destroy": false,
            "snap_start": [],
            "source_code_hash": "wBj8r6aWfxmXK0C1TtCmsbmhdytbqZ2WhAuew5Mh6rY=",
            "source_code_size": 3170,
            "tags": {},
            "tags_all": {},
            "timeout": 5,
            "timeouts": null,
            "tracing_config": [
              {
                "mode": "PassThrough"
              }
            ],
            "version": "$LATEST",
            "vpc_config": [
              {
                "ipv6_allowed_for_dual_stack": false,
                "security_group_ids": [
                  "sg-0bd1fa78c58ba0495"
                ],
                "subnet_ids": [
                  "subnet-09b6e632d01fcb525",
                  "subnet-0db35c13edd7c98e9"
                ],
                "vpc_id": "vpc-00ce2d8f8e6ecb305"
              }
            ]
          },
          "sensitive_attributes": [
            [
              {
                "type": "get_attr",
                "value": "environment"
              },
              {
                "type": "index",
                "value": {
                  "value": 0,
                  "type": "number"
                }
              },
              {
                "type": "get_attr",
                "value": "variables"
              },
              {
                "type": "index",
                "value": {
                  "value": "RDS_PASSWORD",
                  "type": "string"
                }
              }
            ]
          ],
          "identity_schema_version": 0,
          "private": "eyJlMmJmYjczMC1lY2FhLTExZTYtOGY4OC0zNDM2M2JjN2M0YzAiOnsiY3JlYXRlIjo2MDAwMDAwMDAwMDAsImRlbGV0ZSI6NjAwMDAwMDAwMDAwLCJ1cGRhdGUiOjYwMDAwMDAwMDAwMH19",
          "dependencies": [
            "aws_db_instance.default",
            "aws_db_subnet_group.rds_private",
            "aws_iam_role.lambda_role",
            "aws_iam_role_policy_attachment.lambda_rds_auth",
            "aws_lambda_layer_version.rds",
            "aws_lambda_layer_version.user_auth",
            "aws_security_group.lambda_sg",
            "aws_subnet.private_subnet1",
            "aws_subnet.private_subnet2",
            "data.archive_file.lambda_archives",
            "data.archive_file.rds_layer",
            "data.archive_file.user_auth_layer",
            "data.aws_availability_zones.available",
            "data.aws_vpc.default"
          ],
          "create_before_destroy": true
        },
        {
          "index_key": "remove_group_athlete",
          "schema_version": 0,
          "attributes": {
            "architectures": [
              "x86_64"
            ],
            "arn": "arn:aws:lambda:us-east-2:857360184083:function:remove_group_athlete",
            "code_sha256": "K1TmB6w8C8GezDKLVHKR3zLL7fAjJJyCUjyPbEkH6PI=",
            "code_signing_config_arn": "",
            "dead_letter_config": [],
            "description": "",
            "environment": [
              {
                "variables": {
                  "ENVIRONMENT": "production",
                  "RDS_DBNAME": "trackme",
                  "RDS_ENDPOINT": "trackmedb.c9goe0ioosh0.us-east-2.rds.amazonaws.com",
                  "RDS_PASSWORD": "Mojito#2025",
                  "RDS_PORT": "5432",
                  "RDS_REGION": "us-east-2",
                  "RDS_USER": "trackme_admin"
                }
              }
            ],
            "ephemeral_storage": [
              {
                "size": 512
              }
            ],
            "file_system_config": [],
            "filename": "./../Server/lambdas/coach/zips/remove_group_athlete.zip",
            "function_name": "remove_group_athlete",
            "handler": "remove_group_athlete.remove_group_athlete",
            "id": "remove_group_athlete",
            "image_config": [],
            "image_uri": "",
            "invoke_arn": "arn:aws:apigateway:us-east-2:lambda:path/2015-03-31/functions/arn:aws:lambda:us-east-2:857360184083:function:remove_group_athlete/invocations",
            "kms_key_arn": "",
            "last_modified": "2025-10-06T19:24:07.000+0000",
            "layers": [
              "arn:aws:lambda:us-east-2:857360184083:layer:rds:43",
              "arn:aws:lambda:us-east-2:857360184083:layer:user_auth:2"
            ],
            "logging_config": [
              {
                "application_log_level": "",
                "log_format": "Text",
                "log_group": "/aws/lambda/remove_group_athlete",
                "system_log_level": ""
              }
            ],
            "memory_size": 128,
            "package_type": "Zip",
            "publish": false,
            "qualified_arn": "arn:aws:lambda:us-east-2:857360184083:function:remove_group_athlete:$LATEST",
            "qualified_invoke_arn": "arn:aws:apigateway:us-east-2:lambda:path/2015-03-31/functions/arn:aws:lambda:us-east-2:857360184083:function:remove_group_athlete:$LATEST/invocations",
            "replace_security_groups_on_destroy": null,
            "replacement_security_group_ids": null,
            "reserved_concurrent_executions": -1,
            "role": "arn:aws:iam::857360184083:role/lambda_role",
            "runtime": "python3.12",
            "s3_bucket": null,
            "s3_key": null,
            "s3_object_version": null,
            "signing_job_arn": "",
            "signing_profile_version_arn": "",
            "skip_destroy": false,
            "snap_start": [],
            "source_code_hash": "K1TmB6w8C8GezDKLVHKR3zLL7fAjJJyCUjyPbEkH6PI=",
            "source_code_size": 2268,
            "tags": {},
            "tags_all": {},
            "timeout": 5,
            "timeouts": null,
            "tracing_config": [
              {
                "mode": "PassThrough"
              }
            ],
            "version": "$LATEST",
            "vpc_config": [
              {
                "ipv6_allowed_for_dual_stack": false,
                "security_group_ids": [
                  "sg-0bd1fa78c58ba0495"
                ],
                "subnet_ids": [
                  "subnet-09b6e632d01fcb525",
                  "subnet-0db35c13edd7c98e9"
                ],
                "vpc_id": "vpc-00ce2d8f8e6ecb305"
              }
            ]
          },
          "sensitive_attributes": [
            [
              {
                "type": "get_attr",
                "value": "environment"
              },
              {
                "type": "index",
                "value": {
                  "value": 0,
                  "type": "number"
                }
              },
              {
                "type": "get_attr",
                "value": "variables"
              },
              {
                "type": "index",
                "value": {
                  "value": "RDS_PASSWORD",
                  "type": "string"
                }
              }
            ]
          ],
          "identity_schema_version": 0,
          "private": "eyJlMmJmYjczMC1lY2FhLTExZTYtOGY4OC0zNDM2M2JjN2M0YzAiOnsiY3JlYXRlIjo2MDAwMDAwMDAwMDAsImRlbGV0ZSI6NjAwMDAwMDAwMDAwLCJ1cGRhdGUiOjYwMDAwMDAwMDAwMH19",
          "dependencies": [
            "aws_db_instance.default",
            "aws_db_subnet_group.rds_private",
            "aws_iam_role.lambda_role",
            "aws_iam_role_policy_attachment.lambda_rds_auth",
            "aws_lambda_layer_version.rds",
            "aws_lambda_layer_version.user_auth",
            "aws_security_group.lambda_sg",
            "aws_subnet.private_subnet1",
            "aws_subnet.private_subnet2",
            "data.archive_file.lambda_archives",
            "data.archive_file.rds_layer",
            "data.archive_file.user_auth_layer",
            "data.aws_availability_zones.available",
            "data.aws_vpc.default"
          ],
          "create_before_destroy": true
        },
        {
          "index_key": "remove_inputs",
          "schema_version": 0,
          "attributes": {
            "architectures": [
              "x86_64"
            ],
            "arn": "arn:aws:lambda:us-east-2:857360184083:function:remove_inputs",
            "code_sha256": "zVqcVLe0dHyfnxKcAOCDkTUDjaI80NUpvXpnUSVtN5A=",
            "code_signing_config_arn": "",
            "dead_letter_config": [],
            "description": "",
            "environment": [
              {
                "variables": {
                  "ENVIRONMENT": "production",
                  "RDS_DBNAME": "trackme",
                  "RDS_ENDPOINT": "trackmedb.c9goe0ioosh0.us-east-2.rds.amazonaws.com",
                  "RDS_PASSWORD": "Mojito#2025",
                  "RDS_PORT": "5432",
                  "RDS_REGION": "us-east-2",
                  "RDS_USER": "trackme_admin"
                }
              }
            ],
            "ephemeral_storage": [
              {
                "size": 512
              }
            ],
            "file_system_config": [],
            "filename": "./../Server/lambdas/athlete/zips/remove_inputs.zip",
            "function_name": "remove_inputs",
            "handler": "remove_inputs.remove_inputs",
            "id": "remove_inputs",
            "image_config": [],
            "image_uri": "",
            "invoke_arn": "arn:aws:apigateway:us-east-2:lambda:path/2015-03-31/functions/arn:aws:lambda:us-east-2:857360184083:function:remove_inputs/invocations",
            "kms_key_arn": "",
            "last_modified": "2025-10-06T19:24:01.000+0000",
            "layers": [
              "arn:aws:lambda:us-east-2:857360184083:layer:rds:43",
              "arn:aws:lambda:us-east-2:857360184083:layer:user_auth:2"
            ],
            "logging_config": [
              {
                "application_log_level": "",
                "log_format": "Text",
                "log_group": "/aws/lambda/remove_inputs",
                "system_log_level": ""
              }
            ],
            "memory_size": 128,
            "package_type": "Zip",
            "publish": false,
            "qualified_arn": "arn:aws:lambda:us-east-2:857360184083:function:remove_inputs:$LATEST",
            "qualified_invoke_arn": "arn:aws:apigateway:us-east-2:lambda:path/2015-03-31/functions/arn:aws:lambda:us-east-2:857360184083:function:remove_inputs:$LATEST/invocations",
            "replace_security_groups_on_destroy": null,
            "replacement_security_group_ids": null,
            "reserved_concurrent_executions": -1,
            "role": "arn:aws:iam::857360184083:role/lambda_role",
            "runtime": "python3.12",
            "s3_bucket": null,
            "s3_key": null,
            "s3_object_version": null,
            "signing_job_arn": "",
            "signing_profile_version_arn": "",
            "skip_destroy": false,
            "snap_start": [],
            "source_code_hash": "zVqcVLe0dHyfnxKcAOCDkTUDjaI80NUpvXpnUSVtN5A=",
            "source_code_size": 2417,
            "tags": {},
            "tags_all": {},
            "timeout": 5,
            "timeouts": null,
            "tracing_config": [
              {
                "mode": "PassThrough"
              }
            ],
            "version": "$LATEST",
            "vpc_config": [
              {
                "ipv6_allowed_for_dual_stack": false,
                "security_group_ids": [
                  "sg-0bd1fa78c58ba0495"
                ],
                "subnet_ids": [
                  "subnet-09b6e632d01fcb525",
                  "subnet-0db35c13edd7c98e9"
                ],
                "vpc_id": "vpc-00ce2d8f8e6ecb305"
              }
            ]
          },
          "sensitive_attributes": [
            [
              {
                "type": "get_attr",
                "value": "environment"
              },
              {
                "type": "index",
                "value": {
                  "value": 0,
                  "type": "number"
                }
              },
              {
                "type": "get_attr",
                "value": "variables"
              },
              {
                "type": "index",
                "value": {
                  "value": "RDS_PASSWORD",
                  "type": "string"
                }
              }
            ]
          ],
          "identity_schema_version": 0,
          "private": "eyJlMmJmYjczMC1lY2FhLTExZTYtOGY4OC0zNDM2M2JjN2M0YzAiOnsiY3JlYXRlIjo2MDAwMDAwMDAwMDAsImRlbGV0ZSI6NjAwMDAwMDAwMDAwLCJ1cGRhdGUiOjYwMDAwMDAwMDAwMH19",
          "dependencies": [
            "aws_db_instance.default",
            "aws_db_subnet_group.rds_private",
            "aws_iam_role.lambda_role",
            "aws_iam_role_policy_attachment.lambda_rds_auth",
            "aws_lambda_layer_version.rds",
            "aws_lambda_layer_version.user_auth",
            "aws_security_group.lambda_sg",
            "aws_subnet.private_subnet1",
            "aws_subnet.private_subnet2",
            "data.archive_file.lambda_archives",
            "data.archive_file.rds_layer",
            "data.archive_file.user_auth_layer",
            "data.aws_availability_zones.available",
            "data.aws_vpc.default"
          ],
          "create_before_destroy": true
        },
        {
          "index_key": "remove_user_relation",
          "schema_version": 0,
          "attributes": {
            "architectures": [
              "x86_64"
            ],
            "arn": "arn:aws:lambda:us-east-2:857360184083:function:remove_user_relation",
            "code_sha256": "VdKwL1TbMIV0ra6ZWNIF5fi4SaCj3kHZ4gJ1J8Vn+9A=",
            "code_signing_config_arn": "",
            "dead_letter_config": [],
            "description": "",
            "environment": [
              {
                "variables": {
                  "ENVIRONMENT": "production",
                  "RDS_DBNAME": "trackme",
                  "RDS_ENDPOINT": "trackmedb.c9goe0ioosh0.us-east-2.rds.amazonaws.com",
                  "RDS_PASSWORD": "Mojito#2025",
                  "RDS_PORT": "5432",
                  "RDS_REGION": "us-east-2",
                  "RDS_USER": "trackme_admin"
                }
              }
            ],
            "ephemeral_storage": [
              {
                "size": 512
              }
            ],
            "file_system_config": [],
            "filename": "./../Server/lambdas/relations/zips/remove_user_relation.zip",
            "function_name": "remove_user_relation",
            "handler": "remove_user_relation.remove_user_relation",
            "id": "remove_user_relation",
            "image_config": [],
            "image_uri": "",
            "invoke_arn": "arn:aws:apigateway:us-east-2:lambda:path/2015-03-31/functions/arn:aws:lambda:us-east-2:857360184083:function:remove_user_relation/invocations",
            "kms_key_arn": "",
            "last_modified": "2025-10-06T19:24:07.000+0000",
            "layers": [
              "arn:aws:lambda:us-east-2:857360184083:layer:rds:43",
              "arn:aws:lambda:us-east-2:857360184083:layer:user_auth:2"
            ],
            "logging_config": [
              {
                "application_log_level": "",
                "log_format": "Text",
                "log_group": "/aws/lambda/remove_user_relation",
                "system_log_level": ""
              }
            ],
            "memory_size": 128,
            "package_type": "Zip",
            "publish": false,
            "qualified_arn": "arn:aws:lambda:us-east-2:857360184083:function:remove_user_relation:$LATEST",
            "qualified_invoke_arn": "arn:aws:apigateway:us-east-2:lambda:path/2015-03-31/functions/arn:aws:lambda:us-east-2:857360184083:function:remove_user_relation:$LATEST/invocations",
            "replace_security_groups_on_destroy": null,
            "replacement_security_group_ids": null,
            "reserved_concurrent_executions": -1,
            "role": "arn:aws:iam::857360184083:role/lambda_role",
            "runtime": "python3.12",
            "s3_bucket": null,
            "s3_key": null,
            "s3_object_version": null,
            "signing_job_arn": "",
            "signing_profile_version_arn": "",
            "skip_destroy": false,
            "snap_start": [],
            "source_code_hash": "VdKwL1TbMIV0ra6ZWNIF5fi4SaCj3kHZ4gJ1J8Vn+9A=",
            "source_code_size": 2441,
            "tags": {},
            "tags_all": {},
            "timeout": 5,
            "timeouts": null,
            "tracing_config": [
              {
                "mode": "PassThrough"
              }
            ],
            "version": "$LATEST",
            "vpc_config": [
              {
                "ipv6_allowed_for_dual_stack": false,
                "security_group_ids": [
                  "sg-0bd1fa78c58ba0495"
                ],
                "subnet_ids": [
                  "subnet-09b6e632d01fcb525",
                  "subnet-0db35c13edd7c98e9"
                ],
                "vpc_id": "vpc-00ce2d8f8e6ecb305"
              }
            ]
          },
          "sensitive_attributes": [
            [
              {
                "type": "get_attr",
                "value": "environment"
              },
              {
                "type": "index",
                "value": {
                  "value": 0,
                  "type": "number"
                }
              },
              {
                "type": "get_attr",
                "value": "variables"
              },
              {
                "type": "index",
                "value": {
                  "value": "RDS_PASSWORD",
                  "type": "string"
                }
              }
            ]
          ],
          "identity_schema_version": 0,
          "private": "eyJlMmJmYjczMC1lY2FhLTExZTYtOGY4OC0zNDM2M2JjN2M0YzAiOnsiY3JlYXRlIjo2MDAwMDAwMDAwMDAsImRlbGV0ZSI6NjAwMDAwMDAwMDAwLCJ1cGRhdGUiOjYwMDAwMDAwMDAwMH19",
          "dependencies": [
            "aws_db_instance.default",
            "aws_db_subnet_group.rds_private",
            "aws_iam_role.lambda_role",
            "aws_iam_role_policy_attachment.lambda_rds_auth",
            "aws_lambda_layer_version.rds",
            "aws_lambda_layer_version.user_auth",
            "aws_security_group.lambda_sg",
            "aws_subnet.private_subnet1",
            "aws_subnet.private_subnet2",
            "data.archive_file.lambda_archives",
            "data.archive_file.rds_layer",
            "data.archive_file.user_auth_layer",
            "data.aws_availability_zones.available",
            "data.aws_vpc.default"
          ],
          "create_before_destroy": true
        },
        {
          "index_key": "search_input_history_date",
          "schema_version": 0,
          "attributes": {
            "architectures": [
              "x86_64"
            ],
            "arn": "arn:aws:lambda:us-east-2:857360184083:function:search_input_history_date",
            "code_sha256": "WPpTUhGw5w5DPCSmXuswCKP13y52nj0bVobuf0u9zbg=",
            "code_signing_config_arn": "",
            "dead_letter_config": [],
            "description": "",
            "environment": [
              {
                "variables": {
                  "ENVIRONMENT": "production",
                  "RDS_DBNAME": "trackme",
                  "RDS_ENDPOINT": "trackmedb.c9goe0ioosh0.us-east-2.rds.amazonaws.com",
                  "RDS_PASSWORD": "Mojito#2025",
                  "RDS_PORT": "5432",
                  "RDS_REGION": "us-east-2",
                  "RDS_USER": "trackme_admin"
                }
              }
            ],
            "ephemeral_storage": [
              {
                "size": 512
              }
            ],
            "file_system_config": [],
            "filename": "./../Server/lambdas/athlete/zips/search_input_history_date.zip",
            "function_name": "search_input_history_date",
            "handler": "search_input_history_date.search_input_history_date",
            "id": "search_input_history_date",
            "image_config": [],
            "image_uri": "",
            "invoke_arn": "arn:aws:apigateway:us-east-2:lambda:path/2015-03-31/functions/arn:aws:lambda:us-east-2:857360184083:function:search_input_history_date/invocations",
            "kms_key_arn": "",
            "last_modified": "2025-10-06T19:23:55.000+0000",
            "layers": [
              "arn:aws:lambda:us-east-2:857360184083:layer:rds:43",
              "arn:aws:lambda:us-east-2:857360184083:layer:user_auth:2"
            ],
            "logging_config": [
              {
                "application_log_level": "",
                "log_format": "Text",
                "log_group": "/aws/lambda/search_input_history_date",
                "system_log_level": ""
              }
            ],
            "memory_size": 128,
            "package_type": "Zip",
            "publish": false,
            "qualified_arn": "arn:aws:lambda:us-east-2:857360184083:function:search_input_history_date:$LATEST",
            "qualified_invoke_arn": "arn:aws:apigateway:us-east-2:lambda:path/2015-03-31/functions/arn:aws:lambda:us-east-2:857360184083:function:search_input_history_date:$LATEST/invocations",
            "replace_security_groups_on_destroy": null,
            "replacement_security_group_ids": null,
            "reserved_concurrent_executions": -1,
            "role": "arn:aws:iam::857360184083:role/lambda_role",
            "runtime": "python3.12",
            "s3_bucket": null,
            "s3_key": null,
            "s3_object_version": null,
            "signing_job_arn": "",
            "signing_profile_version_arn": "",
            "skip_destroy": false,
            "snap_start": [],
            "source_code_hash": "WPpTUhGw5w5DPCSmXuswCKP13y52nj0bVobuf0u9zbg=",
            "source_code_size": 3262,
            "tags": {},
            "tags_all": {},
            "timeout": 5,
            "timeouts": null,
            "tracing_config": [
              {
                "mode": "PassThrough"
              }
            ],
            "version": "$LATEST",
            "vpc_config": [
              {
                "ipv6_allowed_for_dual_stack": false,
                "security_group_ids": [
                  "sg-0bd1fa78c58ba0495"
                ],
                "subnet_ids": [
                  "subnet-09b6e632d01fcb525",
                  "subnet-0db35c13edd7c98e9"
                ],
                "vpc_id": "vpc-00ce2d8f8e6ecb305"
              }
            ]
          },
          "sensitive_attributes": [
            [
              {
                "type": "get_attr",
                "value": "environment"
              },
              {
                "type": "index",
                "value": {
                  "value": 0,
                  "type": "number"
                }
              },
              {
                "type": "get_attr",
                "value": "variables"
              },
              {
                "type": "index",
                "value": {
                  "value": "RDS_PASSWORD",
                  "type": "string"
                }
              }
            ]
          ],
          "identity_schema_version": 0,
          "private": "eyJlMmJmYjczMC1lY2FhLTExZTYtOGY4OC0zNDM2M2JjN2M0YzAiOnsiY3JlYXRlIjo2MDAwMDAwMDAwMDAsImRlbGV0ZSI6NjAwMDAwMDAwMDAwLCJ1cGRhdGUiOjYwMDAwMDAwMDAwMH19",
          "dependencies": [
            "aws_db_instance.default",
            "aws_db_subnet_group.rds_private",
            "aws_iam_role.lambda_role",
            "aws_iam_role_policy_attachment.lambda_rds_auth",
            "aws_lambda_layer_version.rds",
            "aws_lambda_layer_version.user_auth",
            "aws_security_group.lambda_sg",
            "aws_subnet.private_subnet1",
            "aws_subnet.private_subnet2",
            "data.archive_file.lambda_archives",
            "data.archive_file.rds_layer",
            "data.archive_file.user_auth_layer",
            "data.aws_availability_zones.available",
            "data.aws_vpc.default"
          ],
          "create_before_destroy": true
        },
        {
          "index_key": "search_user_relation",
          "schema_version": 0,
          "attributes": {
            "architectures": [
              "x86_64"
            ],
            "arn": "arn:aws:lambda:us-east-2:857360184083:function:search_user_relation",
            "code_sha256": "MN8omODyVQDQWKpfrh4uRtzQmr7J9Zo9yMPMkPNlnX4=",
            "code_signing_config_arn": "",
            "dead_letter_config": [],
            "description": "",
            "environment": [
              {
                "variables": {
                  "ENVIRONMENT": "production",
                  "RDS_DBNAME": "trackme",
                  "RDS_ENDPOINT": "trackmedb.c9goe0ioosh0.us-east-2.rds.amazonaws.com",
                  "RDS_PASSWORD": "Mojito#2025",
                  "RDS_PORT": "5432",
                  "RDS_REGION": "us-east-2",
                  "RDS_USER": "trackme_admin"
                }
              }
            ],
            "ephemeral_storage": [
              {
                "size": 512
              }
            ],
            "file_system_config": [],
            "filename": "./../Server/lambdas/relations/zips/search_user_relation.zip",
            "function_name": "search_user_relation",
            "handler": "search_user_relation.search_user_relation",
            "id": "search_user_relation",
            "image_config": [],
            "image_uri": "",
            "invoke_arn": "arn:aws:apigateway:us-east-2:lambda:path/2015-03-31/functions/arn:aws:lambda:us-east-2:857360184083:function:search_user_relation/invocations",
            "kms_key_arn": "",
            "last_modified": "2025-10-06T19:23:55.000+0000",
            "layers": [
              "arn:aws:lambda:us-east-2:857360184083:layer:rds:43",
              "arn:aws:lambda:us-east-2:857360184083:layer:user_auth:2"
            ],
            "logging_config": [
              {
                "application_log_level": "",
                "log_format": "Text",
                "log_group": "/aws/lambda/search_user_relation",
                "system_log_level": ""
              }
            ],
            "memory_size": 128,
            "package_type": "Zip",
            "publish": false,
            "qualified_arn": "arn:aws:lambda:us-east-2:857360184083:function:search_user_relation:$LATEST",
            "qualified_invoke_arn": "arn:aws:apigateway:us-east-2:lambda:path/2015-03-31/functions/arn:aws:lambda:us-east-2:857360184083:function:search_user_relation:$LATEST/invocations",
            "replace_security_groups_on_destroy": null,
            "replacement_security_group_ids": null,
            "reserved_concurrent_executions": -1,
            "role": "arn:aws:iam::857360184083:role/lambda_role",
            "runtime": "python3.12",
            "s3_bucket": null,
            "s3_key": null,
            "s3_object_version": null,
            "signing_job_arn": "",
            "signing_profile_version_arn": "",
            "skip_destroy": false,
            "snap_start": [],
            "source_code_hash": "MN8omODyVQDQWKpfrh4uRtzQmr7J9Zo9yMPMkPNlnX4=",
            "source_code_size": 2833,
            "tags": {},
            "tags_all": {},
            "timeout": 5,
            "timeouts": null,
            "tracing_config": [
              {
                "mode": "PassThrough"
              }
            ],
            "version": "$LATEST",
            "vpc_config": [
              {
                "ipv6_allowed_for_dual_stack": false,
                "security_group_ids": [
                  "sg-0bd1fa78c58ba0495"
                ],
                "subnet_ids": [
                  "subnet-09b6e632d01fcb525",
                  "subnet-0db35c13edd7c98e9"
                ],
                "vpc_id": "vpc-00ce2d8f8e6ecb305"
              }
            ]
          },
          "sensitive_attributes": [
            [
              {
                "type": "get_attr",
                "value": "environment"
              },
              {
                "type": "index",
                "value": {
                  "value": 0,
                  "type": "number"
                }
              },
              {
                "type": "get_attr",
                "value": "variables"
              },
              {
                "type": "index",
                "value": {
                  "value": "RDS_PASSWORD",
                  "type": "string"
                }
              }
            ]
          ],
          "identity_schema_version": 0,
          "private": "eyJlMmJmYjczMC1lY2FhLTExZTYtOGY4OC0zNDM2M2JjN2M0YzAiOnsiY3JlYXRlIjo2MDAwMDAwMDAwMDAsImRlbGV0ZSI6NjAwMDAwMDAwMDAwLCJ1cGRhdGUiOjYwMDAwMDAwMDAwMH19",
          "dependencies": [
            "aws_db_instance.default",
            "aws_db_subnet_group.rds_private",
            "aws_iam_role.lambda_role",
            "aws_iam_role_policy_attachment.lambda_rds_auth",
            "aws_lambda_layer_version.rds",
            "aws_lambda_layer_version.user_auth",
            "aws_security_group.lambda_sg",
            "aws_subnet.private_subnet1",
            "aws_subnet.private_subnet2",
            "data.archive_file.lambda_archives",
            "data.archive_file.rds_layer",
            "data.archive_file.user_auth_layer",
            "data.aws_availability_zones.available",
            "data.aws_vpc.default"
          ],
          "create_before_destroy": true
        },
        {
          "index_key": "update_user_profile",
          "schema_version": 0,
          "attributes": {
            "architectures": [
              "x86_64"
            ],
            "arn": "arn:aws:lambda:us-east-2:857360184083:function:update_user_profile",
            "code_sha256": "+grktWgnKLChO0O8u6o6MmQxiyBMocc0tFwxldDtia0=",
            "code_signing_config_arn": "",
            "dead_letter_config": [],
            "description": "",
            "environment": [
              {
                "variables": {
                  "ENVIRONMENT": "production",
                  "RDS_DBNAME": "trackme",
                  "RDS_ENDPOINT": "trackmedb.c9goe0ioosh0.us-east-2.rds.amazonaws.com",
                  "RDS_PASSWORD": "Mojito#2025",
                  "RDS_PORT": "5432",
                  "RDS_REGION": "us-east-2",
                  "RDS_USER": "trackme_admin"
                }
              }
            ],
            "ephemeral_storage": [
              {
                "size": 512
              }
            ],
            "file_system_config": [],
            "filename": "./../Server/lambdas/general/zips/update_user_profile.zip",
            "function_name": "update_user_profile",
            "handler": "update_user_profile.update_user_profile",
            "id": "update_user_profile",
            "image_config": [],
            "image_uri": "",
            "invoke_arn": "arn:aws:apigateway:us-east-2:lambda:path/2015-03-31/functions/arn:aws:lambda:us-east-2:857360184083:function:update_user_profile/invocations",
            "kms_key_arn": "",
            "last_modified": "2025-10-06T19:24:01.000+0000",
            "layers": [
              "arn:aws:lambda:us-east-2:857360184083:layer:rds:43",
              "arn:aws:lambda:us-east-2:857360184083:layer:user_auth:2"
            ],
            "logging_config": [
              {
                "application_log_level": "",
                "log_format": "Text",
                "log_group": "/aws/lambda/update_user_profile",
                "system_log_level": ""
              }
            ],
            "memory_size": 128,
            "package_type": "Zip",
            "publish": false,
            "qualified_arn": "arn:aws:lambda:us-east-2:857360184083:function:update_user_profile:$LATEST",
            "qualified_invoke_arn": "arn:aws:apigateway:us-east-2:lambda:path/2015-03-31/functions/arn:aws:lambda:us-east-2:857360184083:function:update_user_profile:$LATEST/invocations",
            "replace_security_groups_on_destroy": null,
            "replacement_security_group_ids": null,
            "reserved_concurrent_executions": -1,
            "role": "arn:aws:iam::857360184083:role/lambda_role",
            "runtime": "python3.12",
            "s3_bucket": null,
            "s3_key": null,
            "s3_object_version": null,
            "signing_job_arn": "",
            "signing_profile_version_arn": "",
            "skip_destroy": false,
            "snap_start": [],
            "source_code_hash": "+grktWgnKLChO0O8u6o6MmQxiyBMocc0tFwxldDtia0=",
            "source_code_size": 2172,
            "tags": {},
            "tags_all": {},
            "timeout": 5,
            "timeouts": null,
            "tracing_config": [
              {
                "mode": "PassThrough"
              }
            ],
            "version": "$LATEST",
            "vpc_config": [
              {
                "ipv6_allowed_for_dual_stack": false,
                "security_group_ids": [
                  "sg-0bd1fa78c58ba0495"
                ],
                "subnet_ids": [
                  "subnet-09b6e632d01fcb525",
                  "subnet-0db35c13edd7c98e9"
                ],
                "vpc_id": "vpc-00ce2d8f8e6ecb305"
              }
            ]
          },
          "sensitive_attributes": [
            [
              {
                "type": "get_attr",
                "value": "environment"
              },
              {
                "type": "index",
                "value": {
                  "value": 0,
                  "type": "number"
                }
              },
              {
                "type": "get_attr",
                "value": "variables"
              },
              {
                "type": "index",
                "value": {
                  "value": "RDS_PASSWORD",
                  "type": "string"
                }
              }
            ]
          ],
          "identity_schema_version": 0,
          "private": "eyJlMmJmYjczMC1lY2FhLTExZTYtOGY4OC0zNDM2M2JjN2M0YzAiOnsiY3JlYXRlIjo2MDAwMDAwMDAwMDAsImRlbGV0ZSI6NjAwMDAwMDAwMDAwLCJ1cGRhdGUiOjYwMDAwMDAwMDAwMH19",
          "dependencies": [
            "aws_db_instance.default",
            "aws_db_subnet_group.rds_private",
            "aws_iam_role.lambda_role",
            "aws_iam_role_policy_attachment.lambda_rds_auth",
            "aws_lambda_layer_version.rds",
            "aws_lambda_layer_version.user_auth",
            "aws_security_group.lambda_sg",
            "aws_subnet.private_subnet1",
            "aws_subnet.private_subnet2",
            "data.archive_file.lambda_archives",
            "data.archive_file.rds_layer",
            "data.archive_file.user_auth_layer",
            "data.aws_availability_zones.available",
            "data.aws_vpc.default"
          ],
          "create_before_destroy": true
        },
        {
          "index_key": "view_group_inputs",
          "schema_version": 0,
          "attributes": {
            "architectures": [
              "x86_64"
            ],
            "arn": "arn:aws:lambda:us-east-2:857360184083:function:view_group_inputs",
            "code_sha256": "MOdsXZPYAgW4hIYDyXp7v682WO+IJTR764Dty3M6FUc=",
            "code_signing_config_arn": "",
            "dead_letter_config": [],
            "description": "",
            "environment": [
              {
                "variables": {
                  "ENVIRONMENT": "production",
                  "RDS_DBNAME": "trackme",
                  "RDS_ENDPOINT": "trackmedb.c9goe0ioosh0.us-east-2.rds.amazonaws.com",
                  "RDS_PASSWORD": "Mojito#2025",
                  "RDS_PORT": "5432",
                  "RDS_REGION": "us-east-2",
                  "RDS_USER": "trackme_admin"
                }
              }
            ],
            "ephemeral_storage": [
              {
                "size": 512
              }
            ],
            "file_system_config": [],
            "filename": "./../Server/lambdas/general/zips/view_group_inputs.zip",
            "function_name": "view_group_inputs",
            "handler": "view_group_inputs.view_group_inputs",
            "id": "view_group_inputs",
            "image_config": [],
            "image_uri": "",
            "invoke_arn": "arn:aws:apigateway:us-east-2:lambda:path/2015-03-31/functions/arn:aws:lambda:us-east-2:857360184083:function:view_group_inputs/invocations",
            "kms_key_arn": "",
            "last_modified": "2025-10-06T19:24:13.000+0000",
            "layers": [
              "arn:aws:lambda:us-east-2:857360184083:layer:rds:43",
              "arn:aws:lambda:us-east-2:857360184083:layer:user_auth:2"
            ],
            "logging_config": [
              {
                "application_log_level": "",
                "log_format": "Text",
                "log_group": "/aws/lambda/view_group_inputs",
                "system_log_level": ""
              }
            ],
            "memory_size": 128,
            "package_type": "Zip",
            "publish": false,
            "qualified_arn": "arn:aws:lambda:us-east-2:857360184083:function:view_group_inputs:$LATEST",
            "qualified_invoke_arn": "arn:aws:apigateway:us-east-2:lambda:path/2015-03-31/functions/arn:aws:lambda:us-east-2:857360184083:function:view_group_inputs:$LATEST/invocations",
            "replace_security_groups_on_destroy": null,
            "replacement_security_group_ids": null,
            "reserved_concurrent_executions": -1,
            "role": "arn:aws:iam::857360184083:role/lambda_role",
            "runtime": "python3.12",
            "s3_bucket": null,
            "s3_key": null,
            "s3_object_version": null,
            "signing_job_arn": "",
            "signing_profile_version_arn": "",
            "skip_destroy": false,
            "snap_start": [],
            "source_code_hash": "MOdsXZPYAgW4hIYDyXp7v682WO+IJTR764Dty3M6FUc=",
            "source_code_size": 2730,
            "tags": {},
            "tags_all": {},
            "timeout": 5,
            "timeouts": null,
            "tracing_config": [
              {
                "mode": "PassThrough"
              }
            ],
            "version": "$LATEST",
            "vpc_config": [
              {
                "ipv6_allowed_for_dual_stack": false,
                "security_group_ids": [
                  "sg-0bd1fa78c58ba0495"
                ],
                "subnet_ids": [
                  "subnet-09b6e632d01fcb525",
                  "subnet-0db35c13edd7c98e9"
                ],
                "vpc_id": "vpc-00ce2d8f8e6ecb305"
              }
            ]
          },
          "sensitive_attributes": [
            [
              {
                "type": "get_attr",
                "value": "environment"
              },
              {
                "type": "index",
                "value": {
                  "value": 0,
                  "type": "number"
                }
              },
              {
                "type": "get_attr",
                "value": "variables"
              },
              {
                "type": "index",
                "value": {
                  "value": "RDS_PASSWORD",
                  "type": "string"
                }
              }
            ]
          ],
          "identity_schema_version": 0,
          "private": "eyJlMmJmYjczMC1lY2FhLTExZTYtOGY4OC0zNDM2M2JjN2M0YzAiOnsiY3JlYXRlIjo2MDAwMDAwMDAwMDAsImRlbGV0ZSI6NjAwMDAwMDAwMDAwLCJ1cGRhdGUiOjYwMDAwMDAwMDAwMH19",
          "dependencies": [
            "aws_db_instance.default",
            "aws_db_subnet_group.rds_private",
            "aws_iam_role.lambda_role",
            "aws_iam_role_policy_attachment.lambda_rds_auth",
            "aws_lambda_layer_version.rds",
            "aws_lambda_layer_version.user_auth",
            "aws_security_group.lambda_sg",
            "aws_subnet.private_subnet1",
            "aws_subnet.private_subnet2",
            "data.archive_file.lambda_archives",
            "data.archive_file.rds_layer",
            "data.archive_file.user_auth_layer",
            "data.aws_availability_zones.available",
            "data.aws_vpc.default"
          ],
          "create_before_destroy": true
        },
        {
          "index_key": "view_workout_inputs",
          "schema_version": 0,
          "attributes": {
            "architectures": [
              "x86_64"
            ],
            "arn": "arn:aws:lambda:us-east-2:857360184083:function:view_workout_inputs",
            "code_sha256": "JpGOpwnF0eOlTfj0VpyXBvy26tqMKtE8j0Xr7wo7qHM=",
            "code_signing_config_arn": "",
            "dead_letter_config": [],
            "description": "",
            "environment": [
              {
                "variables": {
                  "ENVIRONMENT": "production",
                  "RDS_DBNAME": "trackme",
                  "RDS_ENDPOINT": "trackmedb.c9goe0ioosh0.us-east-2.rds.amazonaws.com",
                  "RDS_PASSWORD": "Mojito#2025",
                  "RDS_PORT": "5432",
                  "RDS_REGION": "us-east-2",
                  "RDS_USER": "trackme_admin"
                }
              }
            ],
            "ephemeral_storage": [
              {
                "size": 512
              }
            ],
            "file_system_config": [],
            "filename": "./../Server/lambdas/athlete/zips/view_workout_inputs.zip",
            "function_name": "view_workout_inputs",
            "handler": "view_workout_inputs.view_workout_inputs",
            "id": "view_workout_inputs",
            "image_config": [],
            "image_uri": "",
            "invoke_arn": "arn:aws:apigateway:us-east-2:lambda:path/2015-03-31/functions/arn:aws:lambda:us-east-2:857360184083:function:view_workout_inputs/invocations",
            "kms_key_arn": "",
            "last_modified": "2025-10-06T19:24:01.000+0000",
            "layers": [
              "arn:aws:lambda:us-east-2:857360184083:layer:rds:43",
              "arn:aws:lambda:us-east-2:857360184083:layer:user_auth:2"
            ],
            "logging_config": [
              {
                "application_log_level": "",
                "log_format": "Text",
                "log_group": "/aws/lambda/view_workout_inputs",
                "system_log_level": ""
              }
            ],
            "memory_size": 128,
            "package_type": "Zip",
            "publish": false,
            "qualified_arn": "arn:aws:lambda:us-east-2:857360184083:function:view_workout_inputs:$LATEST",
            "qualified_invoke_arn": "arn:aws:apigateway:us-east-2:lambda:path/2015-03-31/functions/arn:aws:lambda:us-east-2:857360184083:function:view_workout_inputs:$LATEST/invocations",
            "replace_security_groups_on_destroy": null,
            "replacement_security_group_ids": null,
            "reserved_concurrent_executions": -1,
            "role": "arn:aws:iam::857360184083:role/lambda_role",
            "runtime": "python3.12",
            "s3_bucket": null,
            "s3_key": null,
            "s3_object_version": null,
            "signing_job_arn": "",
            "signing_profile_version_arn": "",
            "skip_destroy": false,
            "snap_start": [],
            "source_code_hash": "JpGOpwnF0eOlTfj0VpyXBvy26tqMKtE8j0Xr7wo7qHM=",
            "source_code_size": 3052,
            "tags": {},
            "tags_all": {},
            "timeout": 5,
            "timeouts": null,
            "tracing_config": [
              {
                "mode": "PassThrough"
              }
            ],
            "version": "$LATEST",
            "vpc_config": [
              {
                "ipv6_allowed_for_dual_stack": false,
                "security_group_ids": [
                  "sg-0bd1fa78c58ba0495"
                ],
                "subnet_ids": [
                  "subnet-09b6e632d01fcb525",
                  "subnet-0db35c13edd7c98e9"
                ],
                "vpc_id": "vpc-00ce2d8f8e6ecb305"
              }
            ]
          },
          "sensitive_attributes": [
            [
              {
                "type": "get_attr",
                "value": "environment"
              },
              {
                "type": "index",
                "value": {
                  "value": 0,
                  "type": "number"
                }
              },
              {
                "type": "get_attr",
                "value": "variables"
              },
              {
                "type": "index",
                "value": {
                  "value": "RDS_PASSWORD",
                  "type": "string"
                }
              }
            ]
          ],
          "identity_schema_version": 0,
          "private": "eyJlMmJmYjczMC1lY2FhLTExZTYtOGY4OC0zNDM2M2JjN2M0YzAiOnsiY3JlYXRlIjo2MDAwMDAwMDAwMDAsImRlbGV0ZSI6NjAwMDAwMDAwMDAwLCJ1cGRhdGUiOjYwMDAwMDAwMDAwMH19",
          "dependencies": [
            "aws_db_instance.default",
            "aws_db_subnet_group.rds_private",
            "aws_iam_role.lambda_role",
            "aws_iam_role_policy_attachment.lambda_rds_auth",
            "aws_lambda_layer_version.rds",
            "aws_lambda_layer_version.user_auth",
            "aws_security_group.lambda_sg",
            "aws_subnet.private_subnet1",
            "aws_subnet.private_subnet2",
            "data.archive_file.lambda_archives",
            "data.archive_file.rds_layer",
            "data.archive_file.user_auth_layer",
            "data.aws_availability_zones.available",
            "data.aws_vpc.default"
          ],
          "create_before_destroy": true
        }
      ]
    },
    {
      "mode": "managed",
      "type": "aws_lambda_layer_version",
      "name": "rds",
      "provider": "provider[\"registry.terraform.io/hashicorp/aws\"]",
      "instances": [
        {
          "schema_version": 0,
          "attributes": {
            "arn": "arn:aws:lambda:us-east-2:857360184083:layer:rds:43",
            "code_sha256": "nVywa6vN3IMW192OIXbyOY8MduN2jYTUQyiJ9xXTN18=",
            "compatible_architectures": null,
            "compatible_runtimes": [
              "python3.12"
            ],
            "created_date": "2025-10-06T19:23:55.455+0000",
            "description": "",
            "filename": "./../Server/layers/rds/rds.zip",
            "id": "arn:aws:lambda:us-east-2:857360184083:layer:rds:43",
            "layer_arn": "arn:aws:lambda:us-east-2:857360184083:layer:rds",
            "layer_name": "rds",
            "license_info": "",
            "s3_bucket": null,
            "s3_key": null,
            "s3_object_version": null,
            "signing_job_arn": "",
            "signing_profile_version_arn": "",
            "skip_destroy": false,
            "source_code_hash": "nVywa6vN3IMW192OIXbyOY8MduN2jYTUQyiJ9xXTN18=",
            "source_code_size": 6383075,
            "version": "43"
          },
          "sensitive_attributes": [],
          "identity_schema_version": 0,
          "private": "bnVsbA==",
          "dependencies": [
            "data.archive_file.rds_layer"
          ],
          "create_before_destroy": true
        }
      ]
    },
    {
      "mode": "managed",
      "type": "aws_lambda_layer_version",
      "name": "user_auth",
      "provider": "provider[\"registry.terraform.io/hashicorp/aws\"]",
      "instances": [
        {
          "schema_version": 0,
          "attributes": {
            "arn": "arn:aws:lambda:us-east-2:857360184083:layer:user_auth:2",
            "code_sha256": "prdyIj+ZBlL7ZrjxRYidTiPu7QPpn435NdPOOLGCftU=",
            "compatible_architectures": [],
            "compatible_runtimes": [
              "python3.12"
            ],
            "created_date": "2025-10-05T19:17:31.578+0000",
            "description": "",
            "filename": "./../Server/layers/user_auth/user_auth.zip",
            "id": "arn:aws:lambda:us-east-2:857360184083:layer:user_auth:2",
            "layer_arn": "arn:aws:lambda:us-east-2:857360184083:layer:user_auth",
            "layer_name": "user_auth",
            "license_info": "",
            "s3_bucket": null,
            "s3_key": null,
            "s3_object_version": null,
            "signing_job_arn": "",
            "signing_profile_version_arn": "",
            "skip_destroy": false,
            "source_code_hash": "prdyIj+ZBlL7ZrjxRYidTiPu7QPpn435NdPOOLGCftU=",
            "source_code_size": 3859,
            "version": "2"
          },
          "sensitive_attributes": [],
          "identity_schema_version": 0,
          "private": "bnVsbA==",
          "dependencies": [
            "data.archive_file.user_auth_layer"
          ],
          "create_before_destroy": true
        }
      ]
    },
    {
      "mode": "managed",
      "type": "aws_lambda_permission",
      "name": "api_gateway",
      "provider": "provider[\"registry.terraform.io/hashicorp/aws\"]",
      "instances": [
        {
          "index_key": "athletes/input_times",
          "schema_version": 0,
          "attributes": {
            "action": "lambda:InvokeFunction",
            "event_source_token": null,
            "function_name": "input_times",
            "function_url_auth_type": null,
            "id": "AllowAPIGatewayInvoke-input_times",
            "principal": "apigateway.amazonaws.com",
            "principal_org_id": null,
            "qualifier": "",
            "source_account": null,
            "source_arn": "arn:aws:execute-api:us-east-2:857360184083:buzzzp4ywk/*/*",
            "statement_id": "AllowAPIGatewayInvoke-input_times",
            "statement_id_prefix": ""
          },
          "sensitive_attributes": [],
          "identity_schema_version": 0,
          "private": "bnVsbA==",
          "dependencies": [
            "aws_api_gateway_rest_api.main",
            "aws_db_instance.default",
            "aws_db_subnet_group.rds_private",
            "aws_iam_role.lambda_role",
            "aws_iam_role_policy_attachment.lambda_rds_auth",
            "aws_lambda_function.lambdas",
            "aws_lambda_layer_version.rds",
            "aws_lambda_layer_version.user_auth",
            "aws_security_group.lambda_sg",
            "aws_subnet.private_subnet1",
            "aws_subnet.private_subnet2",
            "data.archive_file.lambda_archives",
            "data.archive_file.rds_layer",
            "data.archive_file.user_auth_layer",
            "data.aws_availability_zones.available",
            "data.aws_caller_identity.current",
            "data.aws_vpc.default"
          ]
        },
        {
          "index_key": "athletes/remove_inputs",
          "schema_version": 0,
          "attributes": {
            "action": "lambda:InvokeFunction",
            "event_source_token": null,
            "function_name": "remove_inputs",
            "function_url_auth_type": null,
            "id": "AllowAPIGatewayInvoke-remove_inputs",
            "principal": "apigateway.amazonaws.com",
            "principal_org_id": null,
            "qualifier": "",
            "source_account": null,
            "source_arn": "arn:aws:execute-api:us-east-2:857360184083:buzzzp4ywk/*/*",
            "statement_id": "AllowAPIGatewayInvoke-remove_inputs",
            "statement_id_prefix": ""
          },
          "sensitive_attributes": [],
          "identity_schema_version": 0,
          "private": "bnVsbA==",
          "dependencies": [
            "aws_api_gateway_rest_api.main",
            "aws_db_instance.default",
            "aws_db_subnet_group.rds_private",
            "aws_iam_role.lambda_role",
            "aws_iam_role_policy_attachment.lambda_rds_auth",
            "aws_lambda_function.lambdas",
            "aws_lambda_layer_version.rds",
            "aws_lambda_layer_version.user_auth",
            "aws_security_group.lambda_sg",
            "aws_subnet.private_subnet1",
            "aws_subnet.private_subnet2",
            "data.archive_file.lambda_archives",
            "data.archive_file.rds_layer",
            "data.archive_file.user_auth_layer",
            "data.aws_availability_zones.available",
            "data.aws_caller_identity.current",
            "data.aws_vpc.default"
          ]
        },
        {
          "index_key": "athletes/search_input_history_date",
          "schema_version": 0,
          "attributes": {
            "action": "lambda:InvokeFunction",
            "event_source_token": null,
            "function_name": "search_input_history_date",
            "function_url_auth_type": null,
            "id": "AllowAPIGatewayInvoke-search_input_history_date",
            "principal": "apigateway.amazonaws.com",
            "principal_org_id": null,
            "qualifier": "",
            "source_account": null,
            "source_arn": "arn:aws:execute-api:us-east-2:857360184083:buzzzp4ywk/*/*",
            "statement_id": "AllowAPIGatewayInvoke-search_input_history_date",
            "statement_id_prefix": ""
          },
          "sensitive_attributes": [],
          "identity_schema_version": 0,
          "private": "bnVsbA==",
          "dependencies": [
            "aws_api_gateway_rest_api.main",
            "aws_db_instance.default",
            "aws_db_subnet_group.rds_private",
            "aws_iam_role.lambda_role",
            "aws_iam_role_policy_attachment.lambda_rds_auth",
            "aws_lambda_function.lambdas",
            "aws_lambda_layer_version.rds",
            "aws_lambda_layer_version.user_auth",
            "aws_security_group.lambda_sg",
            "aws_subnet.private_subnet1",
            "aws_subnet.private_subnet2",
            "data.archive_file.lambda_archives",
            "data.archive_file.rds_layer",
            "data.archive_file.user_auth_layer",
            "data.aws_availability_zones.available",
            "data.aws_caller_identity.current",
            "data.aws_vpc.default"
          ]
        },
        {
          "index_key": "athletes/view_workout_inputs",
          "schema_version": 0,
          "attributes": {
            "action": "lambda:InvokeFunction",
            "event_source_token": null,
            "function_name": "view_workout_inputs",
            "function_url_auth_type": null,
            "id": "AllowAPIGatewayInvoke-view_workout_inputs",
            "principal": "apigateway.amazonaws.com",
            "principal_org_id": null,
            "qualifier": "",
            "source_account": null,
            "source_arn": "arn:aws:execute-api:us-east-2:857360184083:buzzzp4ywk/*/*",
            "statement_id": "AllowAPIGatewayInvoke-view_workout_inputs",
            "statement_id_prefix": ""
          },
          "sensitive_attributes": [],
          "identity_schema_version": 0,
          "private": "bnVsbA==",
          "dependencies": [
            "aws_api_gateway_rest_api.main",
            "aws_db_instance.default",
            "aws_db_subnet_group.rds_private",
            "aws_iam_role.lambda_role",
            "aws_iam_role_policy_attachment.lambda_rds_auth",
            "aws_lambda_function.lambdas",
            "aws_lambda_layer_version.rds",
            "aws_lambda_layer_version.user_auth",
            "aws_security_group.lambda_sg",
            "aws_subnet.private_subnet1",
            "aws_subnet.private_subnet2",
            "data.archive_file.lambda_archives",
            "data.archive_file.rds_layer",
            "data.archive_file.user_auth_layer",
            "data.aws_availability_zones.available",
            "data.aws_caller_identity.current",
            "data.aws_vpc.default"
          ]
        },
        {
          "index_key": "coaches/add_athlete_to_group",
          "schema_version": 0,
          "attributes": {
            "action": "lambda:InvokeFunction",
            "event_source_token": null,
            "function_name": "add_athlete_to_group",
            "function_url_auth_type": null,
            "id": "AllowAPIGatewayInvoke-add_athlete_to_group",
            "principal": "apigateway.amazonaws.com",
            "principal_org_id": null,
            "qualifier": "",
            "source_account": null,
            "source_arn": "arn:aws:execute-api:us-east-2:857360184083:buzzzp4ywk/*/*",
            "statement_id": "AllowAPIGatewayInvoke-add_athlete_to_group",
            "statement_id_prefix": ""
          },
          "sensitive_attributes": [],
          "identity_schema_version": 0,
          "private": "bnVsbA==",
          "dependencies": [
            "aws_api_gateway_rest_api.main",
            "aws_db_instance.default",
            "aws_db_subnet_group.rds_private",
            "aws_iam_role.lambda_role",
            "aws_iam_role_policy_attachment.lambda_rds_auth",
            "aws_lambda_function.lambdas",
            "aws_lambda_layer_version.rds",
            "aws_lambda_layer_version.user_auth",
            "aws_security_group.lambda_sg",
            "aws_subnet.private_subnet1",
            "aws_subnet.private_subnet2",
            "data.archive_file.lambda_archives",
            "data.archive_file.rds_layer",
            "data.archive_file.user_auth_layer",
            "data.aws_availability_zones.available",
            "data.aws_caller_identity.current",
            "data.aws_vpc.default"
          ]
        },
        {
          "index_key": "coaches/assign_group_workout",
          "schema_version": 0,
          "attributes": {
            "action": "lambda:InvokeFunction",
            "event_source_token": null,
            "function_name": "assign_group_workout",
            "function_url_auth_type": null,
            "id": "AllowAPIGatewayInvoke-assign_group_workout",
            "principal": "apigateway.amazonaws.com",
            "principal_org_id": null,
            "qualifier": "",
            "source_account": null,
            "source_arn": "arn:aws:execute-api:us-east-2:857360184083:buzzzp4ywk/*/*",
            "statement_id": "AllowAPIGatewayInvoke-assign_group_workout",
            "statement_id_prefix": ""
          },
          "sensitive_attributes": [],
          "identity_schema_version": 0,
          "private": "bnVsbA==",
          "dependencies": [
            "aws_api_gateway_rest_api.main",
            "aws_db_instance.default",
            "aws_db_subnet_group.rds_private",
            "aws_iam_role.lambda_role",
            "aws_iam_role_policy_attachment.lambda_rds_auth",
            "aws_lambda_function.lambdas",
            "aws_lambda_layer_version.rds",
            "aws_lambda_layer_version.user_auth",
            "aws_security_group.lambda_sg",
            "aws_subnet.private_subnet1",
            "aws_subnet.private_subnet2",
            "data.archive_file.lambda_archives",
            "data.archive_file.rds_layer",
            "data.archive_file.user_auth_layer",
            "data.aws_availability_zones.available",
            "data.aws_caller_identity.current",
            "data.aws_vpc.default"
          ]
        },
        {
          "index_key": "coaches/assign_group_workout_template",
          "schema_version": 0,
          "attributes": {
            "action": "lambda:InvokeFunction",
            "event_source_token": null,
            "function_name": "assign_group_workout_template",
            "function_url_auth_type": null,
            "id": "AllowAPIGatewayInvoke-assign_group_workout_template",
            "principal": "apigateway.amazonaws.com",
            "principal_org_id": null,
            "qualifier": "",
            "source_account": null,
            "source_arn": "arn:aws:execute-api:us-east-2:857360184083:buzzzp4ywk/*/*",
            "statement_id": "AllowAPIGatewayInvoke-assign_group_workout_template",
            "statement_id_prefix": ""
          },
          "sensitive_attributes": [],
          "identity_schema_version": 0,
          "private": "bnVsbA==",
          "dependencies": [
            "aws_api_gateway_rest_api.main",
            "aws_db_instance.default",
            "aws_db_subnet_group.rds_private",
            "aws_iam_role.lambda_role",
            "aws_iam_role_policy_attachment.lambda_rds_auth",
            "aws_lambda_function.lambdas",
            "aws_lambda_layer_version.rds",
            "aws_lambda_layer_version.user_auth",
            "aws_security_group.lambda_sg",
            "aws_subnet.private_subnet1",
            "aws_subnet.private_subnet2",
            "data.archive_file.lambda_archives",
            "data.archive_file.rds_layer",
            "data.archive_file.user_auth_layer",
            "data.aws_availability_zones.available",
            "data.aws_caller_identity.current",
            "data.aws_vpc.default"
          ]
        },
        {
          "index_key": "coaches/create_group",
          "schema_version": 0,
          "attributes": {
            "action": "lambda:InvokeFunction",
            "event_source_token": null,
            "function_name": "create_group",
            "function_url_auth_type": null,
            "id": "AllowAPIGatewayInvoke-create_group",
            "principal": "apigateway.amazonaws.com",
            "principal_org_id": null,
            "qualifier": "",
            "source_account": null,
            "source_arn": "arn:aws:execute-api:us-east-2:857360184083:buzzzp4ywk/*/*",
            "statement_id": "AllowAPIGatewayInvoke-create_group",
            "statement_id_prefix": ""
          },
          "sensitive_attributes": [],
          "identity_schema_version": 0,
          "private": "bnVsbA==",
          "dependencies": [
            "aws_api_gateway_rest_api.main",
            "aws_db_instance.default",
            "aws_db_subnet_group.rds_private",
            "aws_iam_role.lambda_role",
            "aws_iam_role_policy_attachment.lambda_rds_auth",
            "aws_lambda_function.lambdas",
            "aws_lambda_layer_version.rds",
            "aws_lambda_layer_version.user_auth",
            "aws_security_group.lambda_sg",
            "aws_subnet.private_subnet1",
            "aws_subnet.private_subnet2",
            "data.archive_file.lambda_archives",
            "data.archive_file.rds_layer",
            "data.archive_file.user_auth_layer",
            "data.aws_availability_zones.available",
            "data.aws_caller_identity.current",
            "data.aws_vpc.default"
          ]
        },
        {
          "index_key": "coaches/create_workout_template",
          "schema_version": 0,
          "attributes": {
            "action": "lambda:InvokeFunction",
            "event_source_token": null,
            "function_name": "create_workout_template",
            "function_url_auth_type": null,
            "id": "AllowAPIGatewayInvoke-create_workout_template",
            "principal": "apigateway.amazonaws.com",
            "principal_org_id": null,
            "qualifier": "",
            "source_account": null,
            "source_arn": "arn:aws:execute-api:us-east-2:857360184083:buzzzp4ywk/*/*",
            "statement_id": "AllowAPIGatewayInvoke-create_workout_template",
            "statement_id_prefix": ""
          },
          "sensitive_attributes": [],
          "identity_schema_version": 0,
          "private": "bnVsbA==",
          "dependencies": [
            "aws_api_gateway_rest_api.main",
            "aws_db_instance.default",
            "aws_db_subnet_group.rds_private",
            "aws_iam_role.lambda_role",
            "aws_iam_role_policy_attachment.lambda_rds_auth",
            "aws_lambda_function.lambdas",
            "aws_lambda_layer_version.rds",
            "aws_lambda_layer_version.user_auth",
            "aws_security_group.lambda_sg",
            "aws_subnet.private_subnet1",
            "aws_subnet.private_subnet2",
            "data.archive_file.lambda_archives",
            "data.archive_file.rds_layer",
            "data.archive_file.user_auth_layer",
            "data.aws_availability_zones.available",
            "data.aws_caller_identity.current",
            "data.aws_vpc.default"
          ]
        },
        {
          "index_key": "coaches/delete_group",
          "schema_version": 0,
          "attributes": {
            "action": "lambda:InvokeFunction",
            "event_source_token": null,
            "function_name": "delete_group",
            "function_url_auth_type": null,
            "id": "AllowAPIGatewayInvoke-delete_group",
            "principal": "apigateway.amazonaws.com",
            "principal_org_id": null,
            "qualifier": "",
            "source_account": null,
            "source_arn": "arn:aws:execute-api:us-east-2:857360184083:buzzzp4ywk/*/*",
            "statement_id": "AllowAPIGatewayInvoke-delete_group",
            "statement_id_prefix": ""
          },
          "sensitive_attributes": [],
          "identity_schema_version": 0,
          "private": "bnVsbA==",
          "dependencies": [
            "aws_api_gateway_rest_api.main",
            "aws_db_instance.default",
            "aws_db_subnet_group.rds_private",
            "aws_iam_role.lambda_role",
            "aws_iam_role_policy_attachment.lambda_rds_auth",
            "aws_lambda_function.lambdas",
            "aws_lambda_layer_version.rds",
            "aws_lambda_layer_version.user_auth",
            "aws_security_group.lambda_sg",
            "aws_subnet.private_subnet1",
            "aws_subnet.private_subnet2",
            "data.archive_file.lambda_archives",
            "data.archive_file.rds_layer",
            "data.archive_file.user_auth_layer",
            "data.aws_availability_zones.available",
            "data.aws_caller_identity.current",
            "data.aws_vpc.default"
          ]
        },
        {
          "index_key": "coaches/delete_group_workout",
          "schema_version": 0,
          "attributes": {
            "action": "lambda:InvokeFunction",
            "event_source_token": null,
            "function_name": "delete_group_workout",
            "function_url_auth_type": null,
            "id": "AllowAPIGatewayInvoke-delete_group_workout",
            "principal": "apigateway.amazonaws.com",
            "principal_org_id": null,
            "qualifier": "",
            "source_account": null,
            "source_arn": "arn:aws:execute-api:us-east-2:857360184083:buzzzp4ywk/*/*",
            "statement_id": "AllowAPIGatewayInvoke-delete_group_workout",
            "statement_id_prefix": ""
          },
          "sensitive_attributes": [],
          "identity_schema_version": 0,
          "private": "bnVsbA==",
          "dependencies": [
            "aws_api_gateway_rest_api.main",
            "aws_db_instance.default",
            "aws_db_subnet_group.rds_private",
            "aws_iam_role.lambda_role",
            "aws_iam_role_policy_attachment.lambda_rds_auth",
            "aws_lambda_function.lambdas",
            "aws_lambda_layer_version.rds",
            "aws_lambda_layer_version.user_auth",
            "aws_security_group.lambda_sg",
            "aws_subnet.private_subnet1",
            "aws_subnet.private_subnet2",
            "data.archive_file.lambda_archives",
            "data.archive_file.rds_layer",
            "data.archive_file.user_auth_layer",
            "data.aws_availability_zones.available",
            "data.aws_caller_identity.current",
            "data.aws_vpc.default"
          ]
        },
        {
          "index_key": "coaches/delete_workout_template",
          "schema_version": 0,
          "attributes": {
            "action": "lambda:InvokeFunction",
            "event_source_token": null,
            "function_name": "delete_workout_template",
            "function_url_auth_type": null,
            "id": "AllowAPIGatewayInvoke-delete_workout_template",
            "principal": "apigateway.amazonaws.com",
            "principal_org_id": null,
            "qualifier": "",
            "source_account": null,
            "source_arn": "arn:aws:execute-api:us-east-2:857360184083:buzzzp4ywk/*/*",
            "statement_id": "AllowAPIGatewayInvoke-delete_workout_template",
            "statement_id_prefix": ""
          },
          "sensitive_attributes": [],
          "identity_schema_version": 0,
          "private": "bnVsbA==",
          "dependencies": [
            "aws_api_gateway_rest_api.main",
            "aws_db_instance.default",
            "aws_db_subnet_group.rds_private",
            "aws_iam_role.lambda_role",
            "aws_iam_role_policy_attachment.lambda_rds_auth",
            "aws_lambda_function.lambdas",
            "aws_lambda_layer_version.rds",
            "aws_lambda_layer_version.user_auth",
            "aws_security_group.lambda_sg",
            "aws_subnet.private_subnet1",
            "aws_subnet.private_subnet2",
            "data.archive_file.lambda_archives",
            "data.archive_file.rds_layer",
            "data.archive_file.user_auth_layer",
            "data.aws_availability_zones.available",
            "data.aws_caller_identity.current",
            "data.aws_vpc.default"
          ]
        },
        {
          "index_key": "coaches/fetch_historical_data",
          "schema_version": 0,
          "attributes": {
            "action": "lambda:InvokeFunction",
            "event_source_token": null,
            "function_name": "fetch_historical_data",
            "function_url_auth_type": null,
            "id": "AllowAPIGatewayInvoke-fetch_historical_data",
            "principal": "apigateway.amazonaws.com",
            "principal_org_id": null,
            "qualifier": "",
            "source_account": null,
            "source_arn": "arn:aws:execute-api:us-east-2:857360184083:buzzzp4ywk/*/*",
            "statement_id": "AllowAPIGatewayInvoke-fetch_historical_data",
            "statement_id_prefix": ""
          },
          "sensitive_attributes": [],
          "identity_schema_version": 0,
          "private": "bnVsbA==",
          "dependencies": [
            "aws_api_gateway_rest_api.main",
            "aws_db_instance.default",
            "aws_db_subnet_group.rds_private",
            "aws_iam_role.lambda_role",
            "aws_iam_role_policy_attachment.lambda_rds_auth",
            "aws_lambda_function.lambdas",
            "aws_lambda_layer_version.rds",
            "aws_lambda_layer_version.user_auth",
            "aws_security_group.lambda_sg",
            "aws_subnet.private_subnet1",
            "aws_subnet.private_subnet2",
            "data.archive_file.lambda_archives",
            "data.archive_file.rds_layer",
            "data.archive_file.user_auth_layer",
            "data.aws_availability_zones.available",
            "data.aws_caller_identity.current",
            "data.aws_vpc.default"
          ]
        },
        {
          "index_key": "coaches/get_absent_group_athletes",
          "schema_version": 0,
          "attributes": {
            "action": "lambda:InvokeFunction",
            "event_source_token": null,
            "function_name": "get_absent_group_athletes",
            "function_url_auth_type": null,
            "id": "AllowAPIGatewayInvoke-get_absent_group_athletes",
            "principal": "apigateway.amazonaws.com",
            "principal_org_id": null,
            "qualifier": "",
            "source_account": null,
            "source_arn": "arn:aws:execute-api:us-east-2:857360184083:buzzzp4ywk/*/*",
            "statement_id": "AllowAPIGatewayInvoke-get_absent_group_athletes",
            "statement_id_prefix": ""
          },
          "sensitive_attributes": [],
          "identity_schema_version": 0,
          "private": "bnVsbA==",
          "dependencies": [
            "aws_api_gateway_rest_api.main",
            "aws_db_instance.default",
            "aws_db_subnet_group.rds_private",
            "aws_iam_role.lambda_role",
            "aws_iam_role_policy_attachment.lambda_rds_auth",
            "aws_lambda_function.lambdas",
            "aws_lambda_layer_version.rds",
            "aws_lambda_layer_version.user_auth",
            "aws_security_group.lambda_sg",
            "aws_subnet.private_subnet1",
            "aws_subnet.private_subnet2",
            "data.archive_file.lambda_archives",
            "data.archive_file.rds_layer",
            "data.archive_file.user_auth_layer",
            "data.aws_availability_zones.available",
            "data.aws_caller_identity.current",
            "data.aws_vpc.default"
          ]
        },
        {
          "index_key": "coaches/get_available_history_dates",
          "schema_version": 0,
          "attributes": {
            "action": "lambda:InvokeFunction",
            "event_source_token": null,
            "function_name": "get_available_history_dates",
            "function_url_auth_type": null,
            "id": "AllowAPIGatewayInvoke-get_available_history_dates",
            "principal": "apigateway.amazonaws.com",
            "principal_org_id": null,
            "qualifier": "",
            "source_account": null,
            "source_arn": "arn:aws:execute-api:us-east-2:857360184083:buzzzp4ywk/*/*",
            "statement_id": "AllowAPIGatewayInvoke-get_available_history_dates",
            "statement_id_prefix": ""
          },
          "sensitive_attributes": [],
          "identity_schema_version": 0,
          "private": "bnVsbA==",
          "dependencies": [
            "aws_api_gateway_rest_api.main",
            "aws_db_instance.default",
            "aws_db_subnet_group.rds_private",
            "aws_iam_role.lambda_role",
            "aws_iam_role_policy_attachment.lambda_rds_auth",
            "aws_lambda_function.lambdas",
            "aws_lambda_layer_version.rds",
            "aws_lambda_layer_version.user_auth",
            "aws_security_group.lambda_sg",
            "aws_subnet.private_subnet1",
            "aws_subnet.private_subnet2",
            "data.archive_file.lambda_archives",
            "data.archive_file.rds_layer",
            "data.archive_file.user_auth_layer",
            "data.aws_availability_zones.available",
            "data.aws_caller_identity.current",
            "data.aws_vpc.default"
          ]
        },
        {
          "index_key": "coaches/get_workout_templates",
          "schema_version": 0,
          "attributes": {
            "action": "lambda:InvokeFunction",
            "event_source_token": null,
            "function_name": "get_workout_templates",
            "function_url_auth_type": null,
            "id": "AllowAPIGatewayInvoke-get_workout_templates",
            "principal": "apigateway.amazonaws.com",
            "principal_org_id": null,
            "qualifier": "",
            "source_account": null,
            "source_arn": "arn:aws:execute-api:us-east-2:857360184083:buzzzp4ywk/*/*",
            "statement_id": "AllowAPIGatewayInvoke-get_workout_templates",
            "statement_id_prefix": ""
          },
          "sensitive_attributes": [],
          "identity_schema_version": 0,
          "private": "bnVsbA==",
          "dependencies": [
            "aws_api_gateway_rest_api.main",
            "aws_db_instance.default",
            "aws_db_subnet_group.rds_private",
            "aws_iam_role.lambda_role",
            "aws_iam_role_policy_attachment.lambda_rds_auth",
            "aws_lambda_function.lambdas",
            "aws_lambda_layer_version.rds",
            "aws_lambda_layer_version.user_auth",
            "aws_security_group.lambda_sg",
            "aws_subnet.private_subnet1",
            "aws_subnet.private_subnet2",
            "data.archive_file.lambda_archives",
            "data.archive_file.rds_layer",
            "data.archive_file.user_auth_layer",
            "data.aws_availability_zones.available",
            "data.aws_caller_identity.current",
            "data.aws_vpc.default"
          ]
        },
        {
          "index_key": "coaches/remove_group_athlete",
          "schema_version": 0,
          "attributes": {
            "action": "lambda:InvokeFunction",
            "event_source_token": null,
            "function_name": "remove_group_athlete",
            "function_url_auth_type": null,
            "id": "AllowAPIGatewayInvoke-remove_group_athlete",
            "principal": "apigateway.amazonaws.com",
            "principal_org_id": null,
            "qualifier": "",
            "source_account": null,
            "source_arn": "arn:aws:execute-api:us-east-2:857360184083:buzzzp4ywk/*/*",
            "statement_id": "AllowAPIGatewayInvoke-remove_group_athlete",
            "statement_id_prefix": ""
          },
          "sensitive_attributes": [],
          "identity_schema_version": 0,
          "private": "bnVsbA==",
          "dependencies": [
            "aws_api_gateway_rest_api.main",
            "aws_db_instance.default",
            "aws_db_subnet_group.rds_private",
            "aws_iam_role.lambda_role",
            "aws_iam_role_policy_attachment.lambda_rds_auth",
            "aws_lambda_function.lambdas",
            "aws_lambda_layer_version.rds",
            "aws_lambda_layer_version.user_auth",
            "aws_security_group.lambda_sg",
            "aws_subnet.private_subnet1",
            "aws_subnet.private_subnet2",
            "data.archive_file.lambda_archives",
            "data.archive_file.rds_layer",
            "data.archive_file.user_auth_layer",
            "data.aws_availability_zones.available",
            "data.aws_caller_identity.current",
            "data.aws_vpc.default"
          ]
        },
        {
          "index_key": "general/create_user",
          "schema_version": 0,
          "attributes": {
            "action": "lambda:InvokeFunction",
            "event_source_token": null,
            "function_name": "create_user",
            "function_url_auth_type": null,
            "id": "AllowAPIGatewayInvoke-create_user",
            "principal": "apigateway.amazonaws.com",
            "principal_org_id": null,
            "qualifier": "",
            "source_account": null,
            "source_arn": "arn:aws:execute-api:us-east-2:857360184083:buzzzp4ywk/*/*",
            "statement_id": "AllowAPIGatewayInvoke-create_user",
            "statement_id_prefix": ""
          },
          "sensitive_attributes": [],
          "identity_schema_version": 0,
          "private": "bnVsbA==",
          "dependencies": [
            "aws_api_gateway_rest_api.main",
            "aws_db_instance.default",
            "aws_db_subnet_group.rds_private",
            "aws_iam_role.lambda_role",
            "aws_iam_role_policy_attachment.lambda_rds_auth",
            "aws_lambda_function.lambdas",
            "aws_lambda_layer_version.rds",
            "aws_lambda_layer_version.user_auth",
            "aws_security_group.lambda_sg",
            "aws_subnet.private_subnet1",
            "aws_subnet.private_subnet2",
            "data.archive_file.lambda_archives",
            "data.archive_file.rds_layer",
            "data.archive_file.user_auth_layer",
            "data.aws_availability_zones.available",
            "data.aws_caller_identity.current",
            "data.aws_vpc.default"
          ]
        },
        {
          "index_key": "general/get_athletes_for_group",
          "schema_version": 0,
          "attributes": {
            "action": "lambda:InvokeFunction",
            "event_source_token": null,
            "function_name": "get_athletes_for_group",
            "function_url_auth_type": null,
            "id": "AllowAPIGatewayInvoke-get_athletes_for_group",
            "principal": "apigateway.amazonaws.com",
            "principal_org_id": null,
            "qualifier": "",
            "source_account": null,
            "source_arn": "arn:aws:execute-api:us-east-2:857360184083:buzzzp4ywk/*/*",
            "statement_id": "AllowAPIGatewayInvoke-get_athletes_for_group",
            "statement_id_prefix": ""
          },
          "sensitive_attributes": [],
          "identity_schema_version": 0,
          "private": "bnVsbA==",
          "dependencies": [
            "aws_api_gateway_rest_api.main",
            "aws_db_instance.default",
            "aws_db_subnet_group.rds_private",
            "aws_iam_role.lambda_role",
            "aws_iam_role_policy_attachment.lambda_rds_auth",
            "aws_lambda_function.lambdas",
            "aws_lambda_layer_version.rds",
            "aws_lambda_layer_version.user_auth",
            "aws_security_group.lambda_sg",
            "aws_subnet.private_subnet1",
            "aws_subnet.private_subnet2",
            "data.archive_file.lambda_archives",
            "data.archive_file.rds_layer",
            "data.archive_file.user_auth_layer",
            "data.aws_availability_zones.available",
            "data.aws_caller_identity.current",
            "data.aws_vpc.default"
          ]
        },
        {
          "index_key": "general/get_group_workout",
          "schema_version": 0,
          "attributes": {
            "action": "lambda:InvokeFunction",
            "event_source_token": null,
            "function_name": "get_group_workout",
            "function_url_auth_type": null,
            "id": "AllowAPIGatewayInvoke-get_group_workout",
            "principal": "apigateway.amazonaws.com",
            "principal_org_id": null,
            "qualifier": "",
            "source_account": null,
            "source_arn": "arn:aws:execute-api:us-east-2:857360184083:buzzzp4ywk/*/*",
            "statement_id": "AllowAPIGatewayInvoke-get_group_workout",
            "statement_id_prefix": ""
          },
          "sensitive_attributes": [],
          "identity_schema_version": 0,
          "private": "bnVsbA==",
          "dependencies": [
            "aws_api_gateway_rest_api.main",
            "aws_db_instance.default",
            "aws_db_subnet_group.rds_private",
            "aws_iam_role.lambda_role",
            "aws_iam_role_policy_attachment.lambda_rds_auth",
            "aws_lambda_function.lambdas",
            "aws_lambda_layer_version.rds",
            "aws_lambda_layer_version.user_auth",
            "aws_security_group.lambda_sg",
            "aws_subnet.private_subnet1",
            "aws_subnet.private_subnet2",
            "data.archive_file.lambda_archives",
            "data.archive_file.rds_layer",
            "data.archive_file.user_auth_layer",
            "data.aws_availability_zones.available",
            "data.aws_caller_identity.current",
            "data.aws_vpc.default"
          ]
        },
        {
          "index_key": "general/get_groups",
          "schema_version": 0,
          "attributes": {
            "action": "lambda:InvokeFunction",
            "event_source_token": null,
            "function_name": "get_groups",
            "function_url_auth_type": null,
            "id": "AllowAPIGatewayInvoke-get_groups",
            "principal": "apigateway.amazonaws.com",
            "principal_org_id": null,
            "qualifier": "",
            "source_account": null,
            "source_arn": "arn:aws:execute-api:us-east-2:857360184083:buzzzp4ywk/*/*",
            "statement_id": "AllowAPIGatewayInvoke-get_groups",
            "statement_id_prefix": ""
          },
          "sensitive_attributes": [],
          "identity_schema_version": 0,
          "private": "bnVsbA==",
          "dependencies": [
            "aws_api_gateway_rest_api.main",
            "aws_db_instance.default",
            "aws_db_subnet_group.rds_private",
            "aws_iam_role.lambda_role",
            "aws_iam_role_policy_attachment.lambda_rds_auth",
            "aws_lambda_function.lambdas",
            "aws_lambda_layer_version.rds",
            "aws_lambda_layer_version.user_auth",
            "aws_security_group.lambda_sg",
            "aws_subnet.private_subnet1",
            "aws_subnet.private_subnet2",
            "data.archive_file.lambda_archives",
            "data.archive_file.rds_layer",
            "data.archive_file.user_auth_layer",
            "data.aws_availability_zones.available",
            "data.aws_caller_identity.current",
            "data.aws_vpc.default"
          ]
        },
        {
          "index_key": "general/get_user",
          "schema_version": 0,
          "attributes": {
            "action": "lambda:InvokeFunction",
            "event_source_token": null,
            "function_name": "get_user",
            "function_url_auth_type": null,
            "id": "AllowAPIGatewayInvoke-get_user",
            "principal": "apigateway.amazonaws.com",
            "principal_org_id": null,
            "qualifier": "",
            "source_account": null,
            "source_arn": "arn:aws:execute-api:us-east-2:857360184083:buzzzp4ywk/*/*",
            "statement_id": "AllowAPIGatewayInvoke-get_user",
            "statement_id_prefix": ""
          },
          "sensitive_attributes": [],
          "identity_schema_version": 0,
          "private": "bnVsbA==",
          "dependencies": [
            "aws_api_gateway_rest_api.main",
            "aws_db_instance.default",
            "aws_db_subnet_group.rds_private",
            "aws_iam_role.lambda_role",
            "aws_iam_role_policy_attachment.lambda_rds_auth",
            "aws_lambda_function.lambdas",
            "aws_lambda_layer_version.rds",
            "aws_lambda_layer_version.user_auth",
            "aws_security_group.lambda_sg",
            "aws_subnet.private_subnet1",
            "aws_subnet.private_subnet2",
            "data.archive_file.lambda_archives",
            "data.archive_file.rds_layer",
            "data.archive_file.user_auth_layer",
            "data.aws_availability_zones.available",
            "data.aws_caller_identity.current",
            "data.aws_vpc.default"
          ]
        },
        {
          "index_key": "general/get_weekly_schedule",
          "schema_version": 0,
          "attributes": {
            "action": "lambda:InvokeFunction",
            "event_source_token": null,
            "function_name": "get_weekly_schedule",
            "function_url_auth_type": null,
            "id": "AllowAPIGatewayInvoke-get_weekly_schedule",
            "principal": "apigateway.amazonaws.com",
            "principal_org_id": null,
            "qualifier": "",
            "source_account": null,
            "source_arn": "arn:aws:execute-api:us-east-2:857360184083:buzzzp4ywk/*/*",
            "statement_id": "AllowAPIGatewayInvoke-get_weekly_schedule",
            "statement_id_prefix": ""
          },
          "sensitive_attributes": [],
          "identity_schema_version": 0,
          "private": "bnVsbA==",
          "dependencies": [
            "aws_api_gateway_rest_api.main",
            "aws_db_instance.default",
            "aws_db_subnet_group.rds_private",
            "aws_iam_role.lambda_role",
            "aws_iam_role_policy_attachment.lambda_rds_auth",
            "aws_lambda_function.lambdas",
            "aws_lambda_layer_version.rds",
            "aws_lambda_layer_version.user_auth",
            "aws_security_group.lambda_sg",
            "aws_subnet.private_subnet1",
            "aws_subnet.private_subnet2",
            "data.archive_file.lambda_archives",
            "data.archive_file.rds_layer",
            "data.archive_file.user_auth_layer",
            "data.aws_availability_zones.available",
            "data.aws_caller_identity.current",
            "data.aws_vpc.default"
          ]
        },
        {
          "index_key": "general/mass_input",
          "schema_version": 0,
          "attributes": {
            "action": "lambda:InvokeFunction",
            "event_source_token": null,
            "function_name": "mass_input",
            "function_url_auth_type": null,
            "id": "AllowAPIGatewayInvoke-mass_input",
            "principal": "apigateway.amazonaws.com",
            "principal_org_id": null,
            "qualifier": "",
            "source_account": null,
            "source_arn": "arn:aws:execute-api:us-east-2:857360184083:buzzzp4ywk/*/*",
            "statement_id": "AllowAPIGatewayInvoke-mass_input",
            "statement_id_prefix": ""
          },
          "sensitive_attributes": [],
          "identity_schema_version": 0,
          "private": "bnVsbA==",
          "dependencies": [
            "aws_api_gateway_rest_api.main",
            "aws_db_instance.default",
            "aws_db_subnet_group.rds_private",
            "aws_iam_role.lambda_role",
            "aws_iam_role_policy_attachment.lambda_rds_auth",
            "aws_lambda_function.lambdas",
            "aws_lambda_layer_version.rds",
            "aws_lambda_layer_version.user_auth",
            "aws_security_group.lambda_sg",
            "aws_subnet.private_subnet1",
            "aws_subnet.private_subnet2",
            "data.archive_file.lambda_archives",
            "data.archive_file.rds_layer",
            "data.archive_file.user_auth_layer",
            "data.aws_availability_zones.available",
            "data.aws_caller_identity.current",
            "data.aws_vpc.default"
          ]
        },
        {
          "index_key": "general/update_user_profile",
          "schema_version": 0,
          "attributes": {
            "action": "lambda:InvokeFunction",
            "event_source_token": null,
            "function_name": "update_user_profile",
            "function_url_auth_type": null,
            "id": "AllowAPIGatewayInvoke-update_user_profile",
            "principal": "apigateway.amazonaws.com",
            "principal_org_id": null,
            "qualifier": "",
            "source_account": null,
            "source_arn": "arn:aws:execute-api:us-east-2:857360184083:buzzzp4ywk/*/*",
            "statement_id": "AllowAPIGatewayInvoke-update_user_profile",
            "statement_id_prefix": ""
          },
          "sensitive_attributes": [],
          "identity_schema_version": 0,
          "private": "bnVsbA==",
          "dependencies": [
            "aws_api_gateway_rest_api.main",
            "aws_db_instance.default",
            "aws_db_subnet_group.rds_private",
            "aws_iam_role.lambda_role",
            "aws_iam_role_policy_attachment.lambda_rds_auth",
            "aws_lambda_function.lambdas",
            "aws_lambda_layer_version.rds",
            "aws_lambda_layer_version.user_auth",
            "aws_security_group.lambda_sg",
            "aws_subnet.private_subnet1",
            "aws_subnet.private_subnet2",
            "data.archive_file.lambda_archives",
            "data.archive_file.rds_layer",
            "data.archive_file.user_auth_layer",
            "data.aws_availability_zones.available",
            "data.aws_caller_identity.current",
            "data.aws_vpc.default"
          ]
        },
        {
          "index_key": "general/view_group_inputs",
          "schema_version": 0,
          "attributes": {
            "action": "lambda:InvokeFunction",
            "event_source_token": null,
            "function_name": "view_group_inputs",
            "function_url_auth_type": null,
            "id": "AllowAPIGatewayInvoke-view_group_inputs",
            "principal": "apigateway.amazonaws.com",
            "principal_org_id": null,
            "qualifier": "",
            "source_account": null,
            "source_arn": "arn:aws:execute-api:us-east-2:857360184083:buzzzp4ywk/*/*",
            "statement_id": "AllowAPIGatewayInvoke-view_group_inputs",
            "statement_id_prefix": ""
          },
          "sensitive_attributes": [],
          "identity_schema_version": 0,
          "private": "bnVsbA==",
          "dependencies": [
            "aws_api_gateway_rest_api.main",
            "aws_db_instance.default",
            "aws_db_subnet_group.rds_private",
            "aws_iam_role.lambda_role",
            "aws_iam_role_policy_attachment.lambda_rds_auth",
            "aws_lambda_function.lambdas",
            "aws_lambda_layer_version.rds",
            "aws_lambda_layer_version.user_auth",
            "aws_security_group.lambda_sg",
            "aws_subnet.private_subnet1",
            "aws_subnet.private_subnet2",
            "data.archive_file.lambda_archives",
            "data.archive_file.rds_layer",
            "data.archive_file.user_auth_layer",
            "data.aws_availability_zones.available",
            "data.aws_caller_identity.current",
            "data.aws_vpc.default"
          ]
        },
        {
          "index_key": "relations/add_relation",
          "schema_version": 0,
          "attributes": {
            "action": "lambda:InvokeFunction",
            "event_source_token": null,
            "function_name": "add_relation",
            "function_url_auth_type": null,
            "id": "AllowAPIGatewayInvoke-add_relation",
            "principal": "apigateway.amazonaws.com",
            "principal_org_id": null,
            "qualifier": "",
            "source_account": null,
            "source_arn": "arn:aws:execute-api:us-east-2:857360184083:buzzzp4ywk/*/*",
            "statement_id": "AllowAPIGatewayInvoke-add_relation",
            "statement_id_prefix": ""
          },
          "sensitive_attributes": [],
          "identity_schema_version": 0,
          "private": "bnVsbA==",
          "dependencies": [
            "aws_api_gateway_rest_api.main",
            "aws_db_instance.default",
            "aws_db_subnet_group.rds_private",
            "aws_iam_role.lambda_role",
            "aws_iam_role_policy_attachment.lambda_rds_auth",
            "aws_lambda_function.lambdas",
            "aws_lambda_layer_version.rds",
            "aws_lambda_layer_version.user_auth",
            "aws_security_group.lambda_sg",
            "aws_subnet.private_subnet1",
            "aws_subnet.private_subnet2",
            "data.archive_file.lambda_archives",
            "data.archive_file.rds_layer",
            "data.archive_file.user_auth_layer",
            "data.aws_availability_zones.available",
            "data.aws_caller_identity.current",
            "data.aws_vpc.default"
          ]
        },
        {
          "index_key": "relations/get_mutual_user_relations",
          "schema_version": 0,
          "attributes": {
            "action": "lambda:InvokeFunction",
            "event_source_token": null,
            "function_name": "get_mutual_user_relations",
            "function_url_auth_type": null,
            "id": "AllowAPIGatewayInvoke-get_mutual_user_relations",
            "principal": "apigateway.amazonaws.com",
            "principal_org_id": null,
            "qualifier": "",
            "source_account": null,
            "source_arn": "arn:aws:execute-api:us-east-2:857360184083:buzzzp4ywk/*/*",
            "statement_id": "AllowAPIGatewayInvoke-get_mutual_user_relations",
            "statement_id_prefix": ""
          },
          "sensitive_attributes": [],
          "identity_schema_version": 0,
          "private": "bnVsbA==",
          "dependencies": [
            "aws_api_gateway_rest_api.main",
            "aws_db_instance.default",
            "aws_db_subnet_group.rds_private",
            "aws_iam_role.lambda_role",
            "aws_iam_role_policy_attachment.lambda_rds_auth",
            "aws_lambda_function.lambdas",
            "aws_lambda_layer_version.rds",
            "aws_lambda_layer_version.user_auth",
            "aws_security_group.lambda_sg",
            "aws_subnet.private_subnet1",
            "aws_subnet.private_subnet2",
            "data.archive_file.lambda_archives",
            "data.archive_file.rds_layer",
            "data.archive_file.user_auth_layer",
            "data.aws_availability_zones.available",
            "data.aws_caller_identity.current",
            "data.aws_vpc.default"
          ]
        },
        {
          "index_key": "relations/get_relation_invites",
          "schema_version": 0,
          "attributes": {
            "action": "lambda:InvokeFunction",
            "event_source_token": null,
            "function_name": "get_relation_invites",
            "function_url_auth_type": null,
            "id": "AllowAPIGatewayInvoke-get_relation_invites",
            "principal": "apigateway.amazonaws.com",
            "principal_org_id": null,
            "qualifier": "",
            "source_account": null,
            "source_arn": "arn:aws:execute-api:us-east-2:857360184083:buzzzp4ywk/*/*",
            "statement_id": "AllowAPIGatewayInvoke-get_relation_invites",
            "statement_id_prefix": ""
          },
          "sensitive_attributes": [],
          "identity_schema_version": 0,
          "private": "bnVsbA==",
          "dependencies": [
            "aws_api_gateway_rest_api.main",
            "aws_db_instance.default",
            "aws_db_subnet_group.rds_private",
            "aws_iam_role.lambda_role",
            "aws_iam_role_policy_attachment.lambda_rds_auth",
            "aws_lambda_function.lambdas",
            "aws_lambda_layer_version.rds",
            "aws_lambda_layer_version.user_auth",
            "aws_security_group.lambda_sg",
            "aws_subnet.private_subnet1",
            "aws_subnet.private_subnet2",
            "data.archive_file.lambda_archives",
            "data.archive_file.rds_layer",
            "data.archive_file.user_auth_layer",
            "data.aws_availability_zones.available",
            "data.aws_caller_identity.current",
            "data.aws_vpc.default"
          ]
        },
        {
          "index_key": "relations/get_relation_invites_count",
          "schema_version": 0,
          "attributes": {
            "action": "lambda:InvokeFunction",
            "event_source_token": null,
            "function_name": "get_relation_invites_count",
            "function_url_auth_type": null,
            "id": "AllowAPIGatewayInvoke-get_relation_invites_count",
            "principal": "apigateway.amazonaws.com",
            "principal_org_id": null,
            "qualifier": "",
            "source_account": null,
            "source_arn": "arn:aws:execute-api:us-east-2:857360184083:buzzzp4ywk/*/*",
            "statement_id": "AllowAPIGatewayInvoke-get_relation_invites_count",
            "statement_id_prefix": ""
          },
          "sensitive_attributes": [],
          "identity_schema_version": 0,
          "private": "bnVsbA==",
          "dependencies": [
            "aws_api_gateway_rest_api.main",
            "aws_db_instance.default",
            "aws_db_subnet_group.rds_private",
            "aws_iam_role.lambda_role",
            "aws_iam_role_policy_attachment.lambda_rds_auth",
            "aws_lambda_function.lambdas",
            "aws_lambda_layer_version.rds",
            "aws_lambda_layer_version.user_auth",
            "aws_security_group.lambda_sg",
            "aws_subnet.private_subnet1",
            "aws_subnet.private_subnet2",
            "data.archive_file.lambda_archives",
            "data.archive_file.rds_layer",
            "data.archive_file.user_auth_layer",
            "data.aws_availability_zones.available",
            "data.aws_caller_identity.current",
            "data.aws_vpc.default"
          ]
        },
        {
          "index_key": "relations/remove_user_relation",
          "schema_version": 0,
          "attributes": {
            "action": "lambda:InvokeFunction",
            "event_source_token": null,
            "function_name": "remove_user_relation",
            "function_url_auth_type": null,
            "id": "AllowAPIGatewayInvoke-remove_user_relation",
            "principal": "apigateway.amazonaws.com",
            "principal_org_id": null,
            "qualifier": "",
            "source_account": null,
            "source_arn": "arn:aws:execute-api:us-east-2:857360184083:buzzzp4ywk/*/*",
            "statement_id": "AllowAPIGatewayInvoke-remove_user_relation",
            "statement_id_prefix": ""
          },
          "sensitive_attributes": [],
          "identity_schema_version": 0,
          "private": "bnVsbA==",
          "dependencies": [
            "aws_api_gateway_rest_api.main",
            "aws_db_instance.default",
            "aws_db_subnet_group.rds_private",
            "aws_iam_role.lambda_role",
            "aws_iam_role_policy_attachment.lambda_rds_auth",
            "aws_lambda_function.lambdas",
            "aws_lambda_layer_version.rds",
            "aws_lambda_layer_version.user_auth",
            "aws_security_group.lambda_sg",
            "aws_subnet.private_subnet1",
            "aws_subnet.private_subnet2",
            "data.archive_file.lambda_archives",
            "data.archive_file.rds_layer",
            "data.archive_file.user_auth_layer",
            "data.aws_availability_zones.available",
            "data.aws_caller_identity.current",
            "data.aws_vpc.default"
          ]
        },
        {
          "index_key": "relations/search_user_relation",
          "schema_version": 0,
          "attributes": {
            "action": "lambda:InvokeFunction",
            "event_source_token": null,
            "function_name": "search_user_relation",
            "function_url_auth_type": null,
            "id": "AllowAPIGatewayInvoke-search_user_relation",
            "principal": "apigateway.amazonaws.com",
            "principal_org_id": null,
            "qualifier": "",
            "source_account": null,
            "source_arn": "arn:aws:execute-api:us-east-2:857360184083:buzzzp4ywk/*/*",
            "statement_id": "AllowAPIGatewayInvoke-search_user_relation",
            "statement_id_prefix": ""
          },
          "sensitive_attributes": [],
          "identity_schema_version": 0,
          "private": "bnVsbA==",
          "dependencies": [
            "aws_api_gateway_rest_api.main",
            "aws_db_instance.default",
            "aws_db_subnet_group.rds_private",
            "aws_iam_role.lambda_role",
            "aws_iam_role_policy_attachment.lambda_rds_auth",
            "aws_lambda_function.lambdas",
            "aws_lambda_layer_version.rds",
            "aws_lambda_layer_version.user_auth",
            "aws_security_group.lambda_sg",
            "aws_subnet.private_subnet1",
            "aws_subnet.private_subnet2",
            "data.archive_file.lambda_archives",
            "data.archive_file.rds_layer",
            "data.archive_file.user_auth_layer",
            "data.aws_availability_zones.available",
            "data.aws_caller_identity.current",
            "data.aws_vpc.default"
          ]
        }
      ]
    },
    {
      "mode": "managed",
      "type": "aws_route_table",
      "name": "bastion_route_table",
      "provider": "provider[\"registry.terraform.io/hashicorp/aws\"]",
      "instances": [
        {
          "schema_version": 0,
          "attributes": {
            "arn": "arn:aws:ec2:us-east-2:857360184083:route-table/rtb-07d85cbefc6cb3df3",
            "id": "rtb-07d85cbefc6cb3df3",
            "owner_id": "857360184083",
            "propagating_vgws": [],
            "route": [
              {
                "carrier_gateway_id": "",
                "cidr_block": "0.0.0.0/0",
                "core_network_arn": "",
                "destination_prefix_list_id": "",
                "egress_only_gateway_id": "",
                "gateway_id": "igw-0c9633e3942b979dc",
                "ipv6_cidr_block": "",
                "local_gateway_id": "",
                "nat_gateway_id": "",
                "network_interface_id": "",
                "transit_gateway_id": "",
                "vpc_endpoint_id": "",
                "vpc_peering_connection_id": ""
              }
            ],
            "tags": {
              "Name": "bastion-public-route-table"
            },
            "tags_all": {
              "Name": "bastion-public-route-table"
            },
            "timeouts": null,
            "vpc_id": "vpc-00ce2d8f8e6ecb305"
          },
          "sensitive_attributes": [],
          "identity_schema_version": 0,
          "private": "eyJlMmJmYjczMC1lY2FhLTExZTYtOGY4OC0zNDM2M2JjN2M0YzAiOnsiY3JlYXRlIjozMDAwMDAwMDAwMDAsImRlbGV0ZSI6MzAwMDAwMDAwMDAwLCJ1cGRhdGUiOjEyMDAwMDAwMDAwMH19",
          "dependencies": [
            "data.aws_internet_gateway.default",
            "data.aws_vpc.default"
          ]
        }
      ]
    },
    {
      "mode": "managed",
      "type": "aws_route_table_association",
      "name": "bastion_igw_association",
      "provider": "provider[\"registry.terraform.io/hashicorp/aws\"]",
      "instances": [
        {
          "schema_version": 0,
          "attributes": {
            "gateway_id": "",
            "id": "rtbassoc-025d9d654bc5895ef",
            "route_table_id": "rtb-07d85cbefc6cb3df3",
            "subnet_id": "subnet-03bd14806d15005e8",
            "timeouts": null
          },
          "sensitive_attributes": [],
          "identity_schema_version": 0,
          "private": "eyJlMmJmYjczMC1lY2FhLTExZTYtOGY4OC0zNDM2M2JjN2M0YzAiOnsiY3JlYXRlIjozMDAwMDAwMDAwMDAsImRlbGV0ZSI6MzAwMDAwMDAwMDAwLCJ1cGRhdGUiOjEyMDAwMDAwMDAwMH19",
          "dependencies": [
            "aws_route_table.bastion_route_table",
            "aws_subnet.bastion_subnet",
            "data.aws_availability_zones.available",
            "data.aws_internet_gateway.default",
            "data.aws_vpc.default"
          ]
        }
      ]
    },
    {
      "mode": "managed",
      "type": "aws_security_group",
      "name": "bastion_sg",
      "provider": "provider[\"registry.terraform.io/hashicorp/aws\"]",
      "instances": [
        {
          "schema_version": 1,
          "attributes": {
            "arn": "arn:aws:ec2:us-east-2:857360184083:security-group/sg-065c33c42218e09fe",
            "description": "Security group for the bastion host",
            "egress": [
              {
                "cidr_blocks": [
                  "0.0.0.0/0"
                ],
                "description": "",
                "from_port": 0,
                "ipv6_cidr_blocks": [],
                "prefix_list_ids": [],
                "protocol": "-1",
                "security_groups": [],
                "self": false,
                "to_port": 0
              },
              {
                "cidr_blocks": [],
                "description": "",
                "from_port": 5432,
                "ipv6_cidr_blocks": [],
                "prefix_list_ids": [],
                "protocol": "tcp",
                "security_groups": [
                  "sg-0b98a1e54096ed585"
                ],
                "self": false,
                "to_port": 5432
              }
            ],
            "id": "sg-065c33c42218e09fe",
            "ingress": [
              {
                "cidr_blocks": [
                  "98.10.39.224/32"
                ],
                "description": "",
                "from_port": 22,
                "ipv6_cidr_blocks": [],
                "prefix_list_ids": [],
                "protocol": "tcp",
                "security_groups": [],
                "self": false,
                "to_port": 22
              }
            ],
            "name": "bastion-security-group",
            "name_prefix": "",
            "owner_id": "857360184083",
            "revoke_rules_on_delete": false,
            "tags": {},
            "tags_all": {},
            "timeouts": null,
            "vpc_id": "vpc-00ce2d8f8e6ecb305"
          },
          "sensitive_attributes": [],
          "identity_schema_version": 0,
          "private": "eyJlMmJmYjczMC1lY2FhLTExZTYtOGY4OC0zNDM2M2JjN2M0YzAiOnsiY3JlYXRlIjo2MDAwMDAwMDAwMDAsImRlbGV0ZSI6OTAwMDAwMDAwMDAwfSwic2NoZW1hX3ZlcnNpb24iOiIxIn0=",
          "dependencies": [
            "data.aws_security_group.default",
            "data.aws_vpc.default",
            "data.http.myip"
          ]
        }
      ]
    },
    {
      "mode": "managed",
      "type": "aws_security_group",
      "name": "lambda_sg",
      "provider": "provider[\"registry.terraform.io/hashicorp/aws\"]",
      "instances": [
        {
          "schema_version": 1,
          "attributes": {
            "arn": "arn:aws:ec2:us-east-2:857360184083:security-group/sg-0bd1fa78c58ba0495",
            "description": "Security group for Lambda functions",
            "egress": [
              {
                "cidr_blocks": [
                  "0.0.0.0/0"
                ],
                "description": "",
                "from_port": 0,
                "ipv6_cidr_blocks": [],
                "prefix_list_ids": [],
                "protocol": "-1",
                "security_groups": [],
                "self": false,
                "to_port": 0
              }
            ],
            "id": "sg-0bd1fa78c58ba0495",
            "ingress": [],
            "name": "lambda_sg",
            "name_prefix": "",
            "owner_id": "857360184083",
            "revoke_rules_on_delete": false,
            "tags": {},
            "tags_all": {},
            "timeouts": null,
            "vpc_id": "vpc-00ce2d8f8e6ecb305"
          },
          "sensitive_attributes": [],
          "identity_schema_version": 0,
          "private": "eyJlMmJmYjczMC1lY2FhLTExZTYtOGY4OC0zNDM2M2JjN2M0YzAiOnsiY3JlYXRlIjo2MDAwMDAwMDAwMDAsImRlbGV0ZSI6OTAwMDAwMDAwMDAwfSwic2NoZW1hX3ZlcnNpb24iOiIxIn0=",
          "dependencies": [
            "data.aws_vpc.default"
          ],
          "create_before_destroy": true
        }
      ]
    },
    {
      "mode": "managed",
      "type": "aws_security_group_rule",
      "name": "allow_bastion_to_rds",
      "provider": "provider[\"registry.terraform.io/hashicorp/aws\"]",
      "instances": [
        {
          "schema_version": 2,
          "attributes": {
            "cidr_blocks": null,
            "description": null,
            "from_port": 5432,
            "id": "sgrule-3403227553",
            "ipv6_cidr_blocks": null,
            "prefix_list_ids": null,
            "protocol": "tcp",
            "security_group_id": "sg-0b98a1e54096ed585",
            "security_group_rule_id": "sgr-01d030f3959c13177",
            "self": false,
            "source_security_group_id": "sg-065c33c42218e09fe",
            "timeouts": null,
            "to_port": 5432,
            "type": "ingress"
          },
          "sensitive_attributes": [],
          "identity_schema_version": 0,
          "private": "eyJlMmJmYjczMC1lY2FhLTExZTYtOGY4OC0zNDM2M2JjN2M0YzAiOnsiY3JlYXRlIjozMDAwMDAwMDAwMDB9LCJzY2hlbWFfdmVyc2lvbiI6IjIifQ==",
          "dependencies": [
            "aws_security_group.bastion_sg",
            "data.aws_security_group.default",
            "data.aws_vpc.default",
            "data.http.myip"
          ]
        }
      ]
    },
    {
      "mode": "managed",
      "type": "aws_security_group_rule",
      "name": "allow_lambda_to_rds",
      "provider": "provider[\"registry.terraform.io/hashicorp/aws\"]",
      "instances": [
        {
          "schema_version": 2,
          "attributes": {
            "cidr_blocks": null,
            "description": null,
            "from_port": 5432,
            "id": "sgrule-2700203219",
            "ipv6_cidr_blocks": null,
            "prefix_list_ids": null,
            "protocol": "tcp",
            "security_group_id": "sg-0b98a1e54096ed585",
            "security_group_rule_id": "sgr-04a8157666dc0e688",
            "self": false,
            "source_security_group_id": "sg-0bd1fa78c58ba0495",
            "timeouts": null,
            "to_port": 5432,
            "type": "ingress"
          },
          "sensitive_attributes": [],
          "identity_schema_version": 0,
          "private": "eyJlMmJmYjczMC1lY2FhLTExZTYtOGY4OC0zNDM2M2JjN2M0YzAiOnsiY3JlYXRlIjozMDAwMDAwMDAwMDB9LCJzY2hlbWFfdmVyc2lvbiI6IjIifQ==",
          "dependencies": [
            "aws_security_group.lambda_sg",
            "data.aws_security_group.default",
            "data.aws_vpc.default"
          ]
        }
      ]
    },
    {
      "mode": "managed",
      "type": "aws_subnet",
      "name": "bastion_subnet",
      "provider": "provider[\"registry.terraform.io/hashicorp/aws\"]",
      "instances": [
        {
          "schema_version": 1,
          "attributes": {
            "arn": "arn:aws:ec2:us-east-2:857360184083:subnet/subnet-03bd14806d15005e8",
            "assign_ipv6_address_on_creation": false,
            "availability_zone": "us-east-2a",
            "availability_zone_id": "use2-az1",
            "cidr_block": "172.31.80.0/20",
            "customer_owned_ipv4_pool": "",
            "enable_dns64": false,
            "enable_lni_at_device_index": 0,
            "enable_resource_name_dns_a_record_on_launch": false,
            "enable_resource_name_dns_aaaa_record_on_launch": false,
            "id": "subnet-03bd14806d15005e8",
            "ipv6_cidr_block": "",
            "ipv6_cidr_block_association_id": "",
            "ipv6_native": false,
            "map_customer_owned_ip_on_launch": false,
            "map_public_ip_on_launch": false,
            "outpost_arn": "",
            "owner_id": "857360184083",
            "private_dns_hostname_type_on_launch": "ip-name",
            "tags": {
              "Name": "bastion-public-subnet-1",
              "type": "public"
            },
            "tags_all": {
              "Name": "bastion-public-subnet-1",
              "type": "public"
            },
            "timeouts": null,
            "vpc_id": "vpc-00ce2d8f8e6ecb305"
          },
          "sensitive_attributes": [],
          "identity_schema_version": 0,
          "private": "eyJlMmJmYjczMC1lY2FhLTExZTYtOGY4OC0zNDM2M2JjN2M0YzAiOnsiY3JlYXRlIjo2MDAwMDAwMDAwMDAsImRlbGV0ZSI6MTIwMDAwMDAwMDAwMH0sInNjaGVtYV92ZXJzaW9uIjoiMSJ9",
          "dependencies": [
            "data.aws_availability_zones.available",
            "data.aws_vpc.default"
          ]
        }
      ]
    },
    {
      "mode": "managed",
      "type": "aws_subnet",
      "name": "private_subnet1",
      "provider": "provider[\"registry.terraform.io/hashicorp/aws\"]",
      "instances": [
        {
          "schema_version": 1,
          "attributes": {
            "arn": "arn:aws:ec2:us-east-2:857360184083:subnet/subnet-0db35c13edd7c98e9",
            "assign_ipv6_address_on_creation": false,
            "availability_zone": "us-east-2a",
            "availability_zone_id": "use2-az1",
            "cidr_block": "172.31.48.0/20",
            "customer_owned_ipv4_pool": "",
            "enable_dns64": false,
            "enable_lni_at_device_index": 0,
            "enable_resource_name_dns_a_record_on_launch": false,
            "enable_resource_name_dns_aaaa_record_on_launch": false,
            "id": "subnet-0db35c13edd7c98e9",
            "ipv6_cidr_block": "",
            "ipv6_cidr_block_association_id": "",
            "ipv6_native": false,
            "map_customer_owned_ip_on_launch": false,
            "map_public_ip_on_launch": false,
            "outpost_arn": "",
            "owner_id": "857360184083",
            "private_dns_hostname_type_on_launch": "ip-name",
            "tags": {
              "Name": "trackme-private-subnet-1",
              "type": "private"
            },
            "tags_all": {
              "Name": "trackme-private-subnet-1",
              "type": "private"
            },
            "timeouts": null,
            "vpc_id": "vpc-00ce2d8f8e6ecb305"
          },
          "sensitive_attributes": [],
          "identity_schema_version": 0,
          "private": "eyJlMmJmYjczMC1lY2FhLTExZTYtOGY4OC0zNDM2M2JjN2M0YzAiOnsiY3JlYXRlIjo2MDAwMDAwMDAwMDAsImRlbGV0ZSI6MTIwMDAwMDAwMDAwMH0sInNjaGVtYV92ZXJzaW9uIjoiMSJ9",
          "dependencies": [
            "data.aws_availability_zones.available",
            "data.aws_vpc.default"
          ],
          "create_before_destroy": true
        }
      ]
    },
    {
      "mode": "managed",
      "type": "aws_subnet",
      "name": "private_subnet2",
      "provider": "provider[\"registry.terraform.io/hashicorp/aws\"]",
      "instances": [
        {
          "schema_version": 1,
          "attributes": {
            "arn": "arn:aws:ec2:us-east-2:857360184083:subnet/subnet-09b6e632d01fcb525",
            "assign_ipv6_address_on_creation": false,
            "availability_zone": "us-east-2b",
            "availability_zone_id": "use2-az2",
            "cidr_block": "172.31.64.0/20",
            "customer_owned_ipv4_pool": "",
            "enable_dns64": false,
            "enable_lni_at_device_index": 0,
            "enable_resource_name_dns_a_record_on_launch": false,
            "enable_resource_name_dns_aaaa_record_on_launch": false,
            "id": "subnet-09b6e632d01fcb525",
            "ipv6_cidr_block": "",
            "ipv6_cidr_block_association_id": "",
            "ipv6_native": false,
            "map_customer_owned_ip_on_launch": false,
            "map_public_ip_on_launch": false,
            "outpost_arn": "",
            "owner_id": "857360184083",
            "private_dns_hostname_type_on_launch": "ip-name",
            "tags": {
              "Name": "trackme-private-subnet-2",
              "type": "private"
            },
            "tags_all": {
              "Name": "trackme-private-subnet-2",
              "type": "private"
            },
            "timeouts": null,
            "vpc_id": "vpc-00ce2d8f8e6ecb305"
          },
          "sensitive_attributes": [],
          "identity_schema_version": 0,
          "private": "eyJlMmJmYjczMC1lY2FhLTExZTYtOGY4OC0zNDM2M2JjN2M0YzAiOnsiY3JlYXRlIjo2MDAwMDAwMDAwMDAsImRlbGV0ZSI6MTIwMDAwMDAwMDAwMH0sInNjaGVtYV92ZXJzaW9uIjoiMSJ9",
          "dependencies": [
            "data.aws_availability_zones.available",
            "data.aws_vpc.default"
          ],
          "create_before_destroy": true
        }
      ]
    }
  ],
  "check_results": null
}
