{
  "version": 4,
  "terraform_version": "1.12.2",
  "serial": 7503,
  "lineage": "5aa0c656-ee90-4c87-1f03-c8b5ac9787c5",
  "outputs": {
    "api_gateway_url": {
      "value": "https://buzzzp4ywk.execute-api.us-east-2.amazonaws.com/prod",
      "type": "string"
    },
    "bastion_host_public_ip": {
      "value": "3.145.66.131",
      "type": "string"
    },
    "rds_endpoint": {
      "value": "trackmedb.c9goe0ioosh0.us-east-2.rds.amazonaws.com:5432",
      "type": "string"
    }
  },
  "resources": [
    {
      "mode": "data",
      "type": "archive_file",
      "name": "lambda_archives",
      "provider": "provider[\"registry.terraform.io/hashicorp/archive\"]",
      "instances": [
        {
          "index_key": "add_relation",
          "schema_version": 0,
          "attributes": {
            "exclude_symlink_directories": null,
            "excludes": null,
            "id": "1d49f9bd5d28ff99235b64a4a4f809a4395dc0de",
            "output_base64sha256": "atJ3nbxRPrjO2nCBesH2ay97+fccZU6/5Bt6xrwZUGg=",
            "output_base64sha512": "uGbVqxuQ/pEu8RgMvGnI92i9OPjk3WPp5JC2nLu83LfRq3cuqjibVrffUpYhlF+nRCrD4fkTdGiv5HX0DaMC0g==",
            "output_file_mode": null,
            "output_md5": "411cb1b5ce8f03857a245382c9ad590f",
            "output_path": "./../Server/lambdas/relations/zips/add_relation.zip",
            "output_sha": "1d49f9bd5d28ff99235b64a4a4f809a4395dc0de",
            "output_sha256": "6ad2779dbc513eb8ceda70817ac1f66b2f7bf9f71c654ebfe41b7ac6bc195068",
            "output_sha512": "b866d5ab1b90fe912ef1180cbc69c8f768bd38f8e4dd63e9e490b69cbbbcdcb7d1ab772eaa389b56b7df529621945fa7442ac3e1f9137468afe475f40da302d2",
            "output_size": 2050,
            "source": [],
            "source_content": null,
            "source_content_filename": null,
            "source_dir": "./../Server/lambdas/relations/add_relation",
            "source_file": null,
            "type": "zip"
          },
          "sensitive_attributes": [],
          "identity_schema_version": 0
        },
        {
          "index_key": "create_user",
          "schema_version": 0,
          "attributes": {
            "exclude_symlink_directories": null,
            "excludes": null,
            "id": "99344aaccf9193ab76451a5a475b916d6800e452",
            "output_base64sha256": "DF/MGep5hBvYeHoz4YQXHYeGsAQjQ5NZJaNGQ+DHKSU=",
            "output_base64sha512": "za7ez+Mb8GMJxRNVi1xoIEus4QZ4Jq1vsLHo9WoRtyLqbZ97IpGh6THjyzJai86m4apfUb03B+qLb/DBYXJk9w==",
            "output_file_mode": null,
            "output_md5": "c3a05193cbe76e18bddc3825cb544fc4",
            "output_path": "./../Server/lambdas/general/zips/create_user.zip",
            "output_sha": "99344aaccf9193ab76451a5a475b916d6800e452",
            "output_sha256": "0c5fcc19ea79841bd8787a33e184171d8786b0042343935925a34643e0c72925",
            "output_sha512": "cdaedecfe31bf06309c513558b5c68204bace1067826ad6fb0b1e8f56a11b722ea6d9f7b2291a1e931e3cb325a8bcea6e1aa5f51bd3707ea8b6ff0c1617264f7",
            "output_size": 1951,
            "source": [],
            "source_content": null,
            "source_content_filename": null,
            "source_dir": "./../Server/lambdas/general/create_user",
            "source_file": null,
            "type": "zip"
          },
          "sensitive_attributes": [],
          "identity_schema_version": 0
        },
        {
          "index_key": "fetch_historical_data",
          "schema_version": 0,
          "attributes": {
            "exclude_symlink_directories": null,
            "excludes": null,
            "id": "5092b1a618ec2b13fa749b4dfaa62a39b007f314",
            "output_base64sha256": "xWSDTdKuOBMFksSLhe9ZGEKS6wyUyfLVEyABFzRShTI=",
            "output_base64sha512": "0i3/7GS3BRCldyK7NnVkCHSZ3+StGSO3LQqNK2MGuYkFn50Z5KpnuMZ6CkmJkGqdQJf6DNI8yM08qj/SpnFe+Q==",
            "output_file_mode": null,
            "output_md5": "5f356244da7fc1667a7753f7c90d8de0",
            "output_path": "./../Server/lambdas/history/zips/fetch_historical_data.zip",
            "output_sha": "5092b1a618ec2b13fa749b4dfaa62a39b007f314",
            "output_sha256": "c564834dd2ae38130592c48b85ef59184292eb0c94c9f2d51320011734528532",
            "output_sha512": "d22dffec64b70510a57722bb367564087499dfe4ad1923b72d0a8d2b6306b989059f9d19e4aa67b8c67a0a4989906a9d4097fa0cd23cc8cd3caa3fd2a6715ef9",
            "output_size": 3503,
            "source": [],
            "source_content": null,
            "source_content_filename": null,
            "source_dir": "./../Server/lambdas/history/fetch_historical_data",
            "source_file": null,
            "type": "zip"
          },
          "sensitive_attributes": [],
          "identity_schema_version": 0
        },
        {
          "index_key": "generate_presigned_s3_url",
          "schema_version": 0,
          "attributes": {
            "exclude_symlink_directories": null,
            "excludes": null,
            "id": "c35624a118b4eb6561068e6d4046710b43203225",
            "output_base64sha256": "5DRfLLBE91LhADYc9aNiLlsgeLEe1aBlJLA/fhmkrzw=",
            "output_base64sha512": "bdbaI525fEHLWBnfTn/LmQnYPdjLKOMfJa7H4MiEakUfQVqjnt8XYUfzthKPKXfGqTT8lGdtBke8rdzIPPEV1g==",
            "output_file_mode": null,
            "output_md5": "4d2db53ca1b7ac00eb47642750c4b901",
            "output_path": "./../Server/lambdas/general/zips/generate_presigned_s3_url.zip",
            "output_sha": "c35624a118b4eb6561068e6d4046710b43203225",
            "output_sha256": "e4345f2cb044f752e100361cf5a3622e5b2078b11ed5a06524b03f7e19a4af3c",
            "output_sha512": "6dd6da239db97c41cb5819df4e7fcb9909d83dd8cb28e31f25aec7e0c8846a451f415aa39edf176147f3b6128f2977c6a934fc94676d0647bcaddcc83cf115d6",
            "output_size": 16128524,
            "source": [],
            "source_content": null,
            "source_content_filename": null,
            "source_dir": "./../Server/lambdas/general/generate_presigned_s3_url",
            "source_file": null,
            "type": "zip"
          },
          "sensitive_attributes": [],
          "identity_schema_version": 0
        },
        {
          "index_key": "get_available_history_dates",
          "schema_version": 0,
          "attributes": {
            "exclude_symlink_directories": null,
            "excludes": null,
            "id": "09f69e958e460bacfeafb96704d5b14e766e4d75",
            "output_base64sha256": "YZzoWvVFKLbh+Z6OTlI8fvYeW6MRTfHQEGa+w5cjzP4=",
            "output_base64sha512": "ilpVHKHjXxB5RkX/2uCOxCoeVQElKTbTARZEzmNhgLveyWGuY79FnFHfCjh99yvKHTmxE5jT41iUfBVa/Umyvg==",
            "output_file_mode": null,
            "output_md5": "2ccafa134b3bee5124277870214eecf9",
            "output_path": "./../Server/lambdas/history/zips/get_available_history_dates.zip",
            "output_sha": "09f69e958e460bacfeafb96704d5b14e766e4d75",
            "output_sha256": "619ce85af54528b6e1f99e8e4e523c7ef61e5ba3114df1d01066bec39723ccfe",
            "output_sha512": "8a5a551ca1e35f10794645ffdae08ec42a1e5501252936d3011644ce636180bbdec961ae63bf459c51df0a387df72bca1d39b11398d3e358947c155afd49b2be",
            "output_size": 3339,
            "source": [],
            "source_content": null,
            "source_content_filename": null,
            "source_dir": "./../Server/lambdas/history/get_available_history_dates",
            "source_file": null,
            "type": "zip"
          },
          "sensitive_attributes": [],
          "identity_schema_version": 0
        },
        {
          "index_key": "get_avg_velocity",
          "schema_version": 0,
          "attributes": {
            "exclude_symlink_directories": null,
            "excludes": null,
            "id": "80c5614908ff6da4670c3f8702493bc2dc009f46",
            "output_base64sha256": "zAuj+eikUk6OeuEacHhap/qka0alH2rBRmEKoGto4ZM=",
            "output_base64sha512": "x/JiAcsGAiKceD8E1Glp1q6SLTIogPqGMI/XRl3yfuqgZeSCr9+g07nIcoplW027eBteFIv/tJE5MKgQvmXS4Q==",
            "output_file_mode": null,
            "output_md5": "3b9250089e8488003781b80ab229225a",
            "output_path": "./../Server/lambdas/graph/zips/get_avg_velocity.zip",
            "output_sha": "80c5614908ff6da4670c3f8702493bc2dc009f46",
            "output_sha256": "cc0ba3f9e8a4524e8e7ae11a70785aa7faa46b46a51f6ac146610aa06b68e193",
            "output_sha512": "c7f26201cb0602229c783f04d46969d6ae922d322880fa86308fd7465df27eeaa065e482afdfa0d3b9c8728a655b4dbb781b5e148bffb4913930a810be65d2e1",
            "output_size": 3605,
            "source": [],
            "source_content": null,
            "source_content_filename": null,
            "source_dir": "./../Server/lambdas/graph/get_avg_velocity",
            "source_file": null,
            "type": "zip"
          },
          "sensitive_attributes": [],
          "identity_schema_version": 0
        },
        {
          "index_key": "get_earliest_date_available",
          "schema_version": 0,
          "attributes": {
            "exclude_symlink_directories": null,
            "excludes": null,
            "id": "538c88271fca2fc9b925274798e0a8acdfb721fb",
            "output_base64sha256": "S4q+AUBsF+FZht0ugOx2Drp/kFJ4cDbYdiGkbmEN8EQ=",
            "output_base64sha512": "2tQoVtckroQ2olZkfalpZZYrrLrK+JZ47zL0QX5m0vf1OFcYGKCA8rVttc7j+TDehOpMn0M/D6BS1xDa0USdbg==",
            "output_file_mode": null,
            "output_md5": "0566eccca66b7cd35d09ced179aa135f",
            "output_path": "./../Server/lambdas/history/zips/get_earliest_date_available.zip",
            "output_sha": "538c88271fca2fc9b925274798e0a8acdfb721fb",
            "output_sha256": "4b8abe01406c17e15986dd2e80ec760eba7f9052787036d87621a46e610df044",
            "output_sha512": "dad42856d724ae8436a256647da96965962bacbacaf89678ef32f4417e66d2f7f538571818a080f2b56db5cee3f930de84ea4c9f433f0fa052d710dad1449d6e",
            "output_size": 2563,
            "source": [],
            "source_content": null,
            "source_content_filename": null,
            "source_dir": "./../Server/lambdas/history/get_earliest_date_available",
            "source_file": null,
            "type": "zip"
          },
          "sensitive_attributes": [],
          "identity_schema_version": 0
        },
        {
          "index_key": "get_mutual_athletes",
          "schema_version": 0,
          "attributes": {
            "exclude_symlink_directories": null,
            "excludes": null,
            "id": "03cfe9d28e8a336766d5affadeb543f7ceeb5960",
            "output_base64sha256": "TI2wGdhiw6/MFOako/Mas8Lx1KnEK59l1CqiFkk4JTE=",
            "output_base64sha512": "sZqRzQS2vMZRoTIZPjXrRJCDbPgrQMW87xlq2lvxBOEOSS/nW7MOqr/s06nrpSS4eOagyU3qWtSI/z/K4VbkZA==",
            "output_file_mode": null,
            "output_md5": "d9ff127c709155b9bad1af521db9d743",
            "output_path": "./../Server/lambdas/relations/zips/get_mutual_athletes.zip",
            "output_sha": "03cfe9d28e8a336766d5affadeb543f7ceeb5960",
            "output_sha256": "4c8db019d862c3afcc14e6a4a3f31ab3c2f1d4a9c42b9f65d42aa21649382531",
            "output_sha512": "b19a91cd04b6bcc651a132193e35eb4490836cf82b40c5bcef196ada5bf104e10e492fe75bb30eaabfecd3a9eba524b878e6a0c94dea5ad488ff3fcae156e464",
            "output_size": 2423,
            "source": [],
            "source_content": null,
            "source_content_filename": null,
            "source_dir": "./../Server/lambdas/relations/get_mutual_athletes",
            "source_file": null,
            "type": "zip"
          },
          "sensitive_attributes": [],
          "identity_schema_version": 0
        },
        {
          "index_key": "get_mutual_inputs",
          "schema_version": 0,
          "attributes": {
            "exclude_symlink_directories": null,
            "excludes": null,
            "id": "09d86f119118f27b255a810ccd9292dd158f7433",
            "output_base64sha256": "aDLSqZJI1AdLdCylLKzX+B0nk+bVHPy4O3fKq4tljng=",
            "output_base64sha512": "BtzQ3V2XfcEfQFcMuFHKHbtFURALlTy4Nuj5jA1ZEfpQ3PjL7a8rGcHhOI5NdCyOihz8C/CUMxxe0AzqcmLNjw==",
            "output_file_mode": null,
            "output_md5": "e507edd0ba114d01023f951d1f2a974a",
            "output_path": "./../Server/lambdas/general/zips/get_mutual_inputs.zip",
            "output_sha": "09d86f119118f27b255a810ccd9292dd158f7433",
            "output_sha256": "6832d2a99248d4074b742ca52cacd7f81d2793e6d51cfcb83b77caab8b658e78",
            "output_sha512": "06dcd0dd5d977dc11f40570cb851ca1dbb4551100b953cb836e8f98c0d5911fa50dcf8cbedaf2b19c1e1388e4d742c8e8a1cfc0bf094331c5ed00cea7262cd8f",
            "output_size": 2848,
            "source": [],
            "source_content": null,
            "source_content_filename": null,
            "source_dir": "./../Server/lambdas/general/get_mutual_inputs",
            "source_file": null,
            "type": "zip"
          },
          "sensitive_attributes": [],
          "identity_schema_version": 0
        },
        {
          "index_key": "get_mutual_user_relations",
          "schema_version": 0,
          "attributes": {
            "exclude_symlink_directories": null,
            "excludes": null,
            "id": "078a513a20117f0cb9a6d677ee9f09c4abcb45ab",
            "output_base64sha256": "B2W1P+ypjBuakggtG4wXVF+G4aXgoR6V7Z/OZmKCZtU=",
            "output_base64sha512": "YEPEohnxylMkayNF5ipw2Tt0MSa3gx8NBHACTIZ2AReHvv4/lm1kjAJLpgY0np9ypmpQROkWaI8Z/4V6+hOkBg==",
            "output_file_mode": null,
            "output_md5": "9a04b425c9ddd2744c93541056ea6279",
            "output_path": "./../Server/lambdas/relations/zips/get_mutual_user_relations.zip",
            "output_sha": "078a513a20117f0cb9a6d677ee9f09c4abcb45ab",
            "output_sha256": "0765b53feca98c1b9a92082d1b8c17545f86e1a5e0a11e95ed9fce66628266d5",
            "output_sha512": "6043c4a219f1ca53246b2345e62a70d93b743126b7831f0d0470024c8676011787befe3f966d648c024ba606349e9f72a66a5044e916688f19ff857afa13a406",
            "output_size": 2447,
            "source": [],
            "source_content": null,
            "source_content_filename": null,
            "source_dir": "./../Server/lambdas/relations/get_mutual_user_relations",
            "source_file": null,
            "type": "zip"
          },
          "sensitive_attributes": [],
          "identity_schema_version": 0
        },
        {
          "index_key": "get_relation_invites",
          "schema_version": 0,
          "attributes": {
            "exclude_symlink_directories": null,
            "excludes": null,
            "id": "88fd10cf7dff9e119e3b8e6a470edd4488b0e5ba",
            "output_base64sha256": "XRIaIp/DcbtU6NSCNOZCTjwUUYYgRGwBMwtkMS9gGyY=",
            "output_base64sha512": "N6jAXVHNMZbo/hX5wCikHNu9Wv98/iK5aqk/NrSWiSbF0ro+eXy/ohgEwjPjjruUsVR+u8lSb02L3bqOsfrc0w==",
            "output_file_mode": null,
            "output_md5": "af450c7c3dd5bef5ffbc6bab7899c7af",
            "output_path": "./../Server/lambdas/relations/zips/get_relation_invites.zip",
            "output_sha": "88fd10cf7dff9e119e3b8e6a470edd4488b0e5ba",
            "output_sha256": "5d121a229fc371bb54e8d48234e6424e3c14518620446c01330b64312f601b26",
            "output_sha512": "37a8c05d51cd3196e8fe15f9c028a41cdbbd5aff7cfe22b96aa93f36b4968926c5d2ba3e797cbfa21804c233e38ebb94b1547ebbc9526f4d8bddba8eb1fadcd3",
            "output_size": 2216,
            "source": [],
            "source_content": null,
            "source_content_filename": null,
            "source_dir": "./../Server/lambdas/relations/get_relation_invites",
            "source_file": null,
            "type": "zip"
          },
          "sensitive_attributes": [],
          "identity_schema_version": 0
        },
        {
          "index_key": "get_relation_invites_count",
          "schema_version": 0,
          "attributes": {
            "exclude_symlink_directories": null,
            "excludes": null,
            "id": "acdb3178c868d6adfa7cbbf7af675145802d9b52",
            "output_base64sha256": "77kqfdz3IyFkYFBdEr9CtweeJH3pFkgBUK8glxtnshU=",
            "output_base64sha512": "sMb6fZqrx/abMphglL4VJr9Rh1TLRkDpf3HMF3rnsjGqEMLShfJEyhaYjsbsuMa2Dn/7SAYTcBLbrm28/MYj8Q==",
            "output_file_mode": null,
            "output_md5": "44650141a39c1826a4052a189c1d0556",
            "output_path": "./../Server/lambdas/relations/zips/get_relation_invites_count.zip",
            "output_sha": "acdb3178c868d6adfa7cbbf7af675145802d9b52",
            "output_sha256": "efb92a7ddcf723216460505d12bf42b7079e247de916480150af20971b67b215",
            "output_sha512": "b0c6fa7d9aabc7f69b32986094be1526bf518754cb4640e97f71cc177ae7b231aa10c2d285f244ca16988ec6ecb8c6b60e7ffb4806137012dbae6dbcfcc623f1",
            "output_size": 3216,
            "source": [],
            "source_content": null,
            "source_content_filename": null,
            "source_dir": "./../Server/lambdas/relations/get_relation_invites_count",
            "source_file": null,
            "type": "zip"
          },
          "sensitive_attributes": [],
          "identity_schema_version": 0
        },
        {
          "index_key": "get_user",
          "schema_version": 0,
          "attributes": {
            "exclude_symlink_directories": null,
            "excludes": null,
            "id": "8787c806f24293d4e7a947a66bc47b4af9b0f3f4",
            "output_base64sha256": "LFPhTVLQbsbAk3bALIgAyAR4EJRpt8ns9yXDqD62a2g=",
            "output_base64sha512": "XtGFTrmhoG3zEsHmvnOPJ0hAYXxCvHV0vHqXKyY2BM8H8HGhjQpHcZT+nXK4L3SfJNogaI+f6XcEl6u8rzo81g==",
            "output_file_mode": null,
            "output_md5": "a861a2172fc4836ca02befaf8daf2e9e",
            "output_path": "./../Server/lambdas/general/zips/get_user.zip",
            "output_sha": "8787c806f24293d4e7a947a66bc47b4af9b0f3f4",
            "output_sha256": "2c53e14d52d06ec6c09376c02c8800c80478109469b7c9ecf725c3a83eb66b68",
            "output_sha512": "5ed1854eb9a1a06df312c1e6be738f274840617c42bc7574bc7a972b263604cf07f071a18d0a477194fe9d72b82f749f24da20688f9fe9770497abbcaf3a3cd6",
            "output_size": 2128,
            "source": [],
            "source_content": null,
            "source_content_filename": null,
            "source_dir": "./../Server/lambdas/general/get_user",
            "source_file": null,
            "type": "zip"
          },
          "sensitive_attributes": [],
          "identity_schema_version": 0
        },
        {
          "index_key": "get_work_rest_ratio",
          "schema_version": 0,
          "attributes": {
            "exclude_symlink_directories": null,
            "excludes": null,
            "id": "160c9d6ed8b356a5dfae0bfda1474c0ad16d8169",
            "output_base64sha256": "09V2tnRe3fWsA7e7jbtYhqFHo4GLFKi70EErJbcKvo4=",
            "output_base64sha512": "yYKo1GipsSqwbcNnyN+CTmuASRtAicf4UH5/ynXdCmqE8fqtOdvq9dOhsZ8fN+VVwaI6OTWQqMz4nj3zz2/fOA==",
            "output_file_mode": null,
            "output_md5": "f2ffd91da771934f20c5f3cfceb3a11e",
            "output_path": "./../Server/lambdas/graph/zips/get_work_rest_ratio.zip",
            "output_sha": "160c9d6ed8b356a5dfae0bfda1474c0ad16d8169",
            "output_sha256": "d3d576b6745eddf5ac03b7bb8dbb5886a147a3818b14a8bbd0412b25b70abe8e",
            "output_sha512": "c982a8d468a9b12ab06dc367c8df824e6b80491b4089c7f8507e7fca75dd0a6a84f1faad39dbeaf5d3a1b19f1f37e555c1a23a393590a8ccf89e3df3cf6fdf38",
            "output_size": 3623,
            "source": [],
            "source_content": null,
            "source_content_filename": null,
            "source_dir": "./../Server/lambdas/graph/get_work_rest_ratio",
            "source_file": null,
            "type": "zip"
          },
          "sensitive_attributes": [],
          "identity_schema_version": 0
        },
        {
          "index_key": "input_times",
          "schema_version": 0,
          "attributes": {
            "exclude_symlink_directories": null,
            "excludes": null,
            "id": "1bfbf033e6e184a3839cb84a31f02d7c99141c1d",
            "output_base64sha256": "tL56tcKm2zZzx/Mg+UC0VkRFK2hhjVSXxYLki+GMmCs=",
            "output_base64sha512": "itsK9vfOwQ7SnDN+vd1YX6aP1ZZf20r7y1t/9U0C9gDyPAYTTbvBAdkQfMfCEWgudaw15sqaR0MUogTccUHO9w==",
            "output_file_mode": null,
            "output_md5": "f8b4f929cc227f05d7a493b9b6ad0885",
            "output_path": "./../Server/lambdas/athlete/zips/input_times.zip",
            "output_sha": "1bfbf033e6e184a3839cb84a31f02d7c99141c1d",
            "output_sha256": "b4be7ab5c2a6db3673c7f320f940b45644452b68618d5497c582e48be18c982b",
            "output_sha512": "8adb0af6f7cec10ed29c337ebddd585fa68fd5965fdb4afbcb5b7ff54d02f600f23c06134dbbc101d9107cc7c211682e75ac35e6ca9a474314a204dc7141cef7",
            "output_size": 4051,
            "source": [],
            "source_content": null,
            "source_content_filename": null,
            "source_dir": "./../Server/lambdas/athlete/input_times",
            "source_file": null,
            "type": "zip"
          },
          "sensitive_attributes": [],
          "identity_schema_version": 0
        },
        {
          "index_key": "mass_input",
          "schema_version": 0,
          "attributes": {
            "exclude_symlink_directories": null,
            "excludes": null,
            "id": "a181b3d779d127a272f6ea755735257abaf28573",
            "output_base64sha256": "JVhx0AhSuv2mauT6pPxO/BQdl0WiOcUNp75qSFgrTSY=",
            "output_base64sha512": "ATZJAaAr+1ZcfjRagXKZvX5iYSfgksrYZIG22hURr/3I7kJcmgMfNIzfAyzyPJsJ2Rq1N2r6ntoCfASIHgW9bg==",
            "output_file_mode": null,
            "output_md5": "229b5d638ac418935f1d8217f2ec9135",
            "output_path": "./../Server/lambdas/general/zips/mass_input.zip",
            "output_sha": "a181b3d779d127a272f6ea755735257abaf28573",
            "output_sha256": "255871d00852bafda66ae4faa4fc4efc141d9745a239c50da7be6a48582b4d26",
            "output_sha512": "01364901a02bfb565c7e345a817299bd7e626127e092cad86481b6da1511affdc8ee425c9a031f348cdf032cf23c9b09d91ab5376afa9eda027c04881e05bd6e",
            "output_size": 3067,
            "source": [],
            "source_content": null,
            "source_content_filename": null,
            "source_dir": "./../Server/lambdas/general/mass_input",
            "source_file": null,
            "type": "zip"
          },
          "sensitive_attributes": [],
          "identity_schema_version": 0
        },
        {
          "index_key": "remove_inputs",
          "schema_version": 0,
          "attributes": {
            "exclude_symlink_directories": null,
            "excludes": null,
            "id": "c15ba69bee4e2cb67ea9ab04850e1063181251ec",
            "output_base64sha256": "eA/8CKcofTN1qQOMk0O3RD6LmGoxzZfCfKIo6oOvry8=",
            "output_base64sha512": "YD3uBAciptU2l0hyCF+O7Y6gAAP2mB5fZ7+tmfeJwh3DA+EEeqDUy1TTi2bjdclz3eAUhfv0nCOKWq63NLf5ZQ==",
            "output_file_mode": null,
            "output_md5": "7ae9c961bd916ead481b5c57dd29c6c1",
            "output_path": "./../Server/lambdas/athlete/zips/remove_inputs.zip",
            "output_sha": "c15ba69bee4e2cb67ea9ab04850e1063181251ec",
            "output_sha256": "780ffc08a7287d3375a9038c9343b7443e8b986a31cd97c27ca228ea83afaf2f",
            "output_sha512": "603dee040722a6d536974872085f8eed8ea00003f6981e5f67bfad99f789c21dc303e1047aa0d4cb54d38b66e375c973dde01485fbf49c238a5aaeb734b7f965",
            "output_size": 2482,
            "source": [],
            "source_content": null,
            "source_content_filename": null,
            "source_dir": "./../Server/lambdas/athlete/remove_inputs",
            "source_file": null,
            "type": "zip"
          },
          "sensitive_attributes": [],
          "identity_schema_version": 0
        },
        {
          "index_key": "remove_user_relation",
          "schema_version": 0,
          "attributes": {
            "exclude_symlink_directories": null,
            "excludes": null,
            "id": "5ce872c01d1ec4c2fb2494476cabd28706f2ad86",
            "output_base64sha256": "3Qa8HXKBq2S39qf9ZXOA/nsltIVf9yyfAxyuSjyczw8=",
            "output_base64sha512": "oi+ZFTU/IB9Lmqw3Mz4HWMwK0K1Jy5bU49u8O8Kanr81auLVmHadJWC5FL5EQV6eVxISTRPb7v1OYhpzhcFrdA==",
            "output_file_mode": null,
            "output_md5": "d4c9ded39172755afd663fd13a839379",
            "output_path": "./../Server/lambdas/relations/zips/remove_user_relation.zip",
            "output_sha": "5ce872c01d1ec4c2fb2494476cabd28706f2ad86",
            "output_sha256": "dd06bc1d7281ab64b7f6a7fd657380fe7b25b4855ff72c9f031cae4a3c9ccf0f",
            "output_sha512": "a22f9915353f201f4b9aac37333e0758cc0ad0ad49cb96d4e3dbbc3bc29a9ebf356ae2d598769d2560b914be44415e9e5712124d13dbeefd4e621a7385c16b74",
            "output_size": 2454,
            "source": [],
            "source_content": null,
            "source_content_filename": null,
            "source_dir": "./../Server/lambdas/relations/remove_user_relation",
            "source_file": null,
            "type": "zip"
          },
          "sensitive_attributes": [],
          "identity_schema_version": 0
        },
        {
          "index_key": "search_user_relation",
          "schema_version": 0,
          "attributes": {
            "exclude_symlink_directories": null,
            "excludes": null,
            "id": "c9fbb506694621cc88a7910e435c96300409d76e",
            "output_base64sha256": "IuaXcGoCQw46doToC1qBSXWe0mcfQabuv0kjD95pdBA=",
            "output_base64sha512": "Gb8JrnxK/f6Zqjw3Mg/hIiQjlrX5Aro/+8Mqef+u/JRm/w7SSe0a6VtVewzn+wahGVNh6Ro18nlz/j35NFrVcw==",
            "output_file_mode": null,
            "output_md5": "48a653821fbfc04e1ef2cf0cc7ef0690",
            "output_path": "./../Server/lambdas/relations/zips/search_user_relation.zip",
            "output_sha": "c9fbb506694621cc88a7910e435c96300409d76e",
            "output_sha256": "22e697706a02430e3a7684e80b5a8149759ed2671f41a6eebf49230fde697410",
            "output_sha512": "19bf09ae7c4afdfe99aa3c37320fe122242396b5f902ba3ffbc32a79ffaefc9466ff0ed249ed1ae95b557b0ce7fb06a1195361e91a35f27973fe3df9345ad573",
            "output_size": 2963,
            "source": [],
            "source_content": null,
            "source_content_filename": null,
            "source_dir": "./../Server/lambdas/relations/search_user_relation",
            "source_file": null,
            "type": "zip"
          },
          "sensitive_attributes": [],
          "identity_schema_version": 0
        },
        {
          "index_key": "update_user_profile",
          "schema_version": 0,
          "attributes": {
            "exclude_symlink_directories": null,
            "excludes": null,
            "id": "36c49084b314324d959a7a76bed7a0e0f8f6d428",
            "output_base64sha256": "WzmCPcY23Jj3YTBvdoH5VwYPFn5EupM313JZcOLpXhw=",
            "output_base64sha512": "XTNxwgQ5O63gHquwhN94QZo7HBqavQPOa9+20Zz4KSvBaRv3/QdJXdnBUQIudlRJtZS30NARc/SJJ+Rbwvc9Aw==",
            "output_file_mode": null,
            "output_md5": "38f80dd00bf8e5d715d9ac32b75f0384",
            "output_path": "./../Server/lambdas/general/zips/update_user_profile.zip",
            "output_sha": "36c49084b314324d959a7a76bed7a0e0f8f6d428",
            "output_sha256": "5b39823dc636dc98f761306f7681f957060f167e44ba9337d7725970e2e95e1c",
            "output_sha512": "5d3371c204393bade01eabb084df78419a3b1c1a9abd03ce6bdfb6d19cf8292bc1691bf7fd07495dd9c151022e765449b594b7d0d01173f48927e45bc2f73d03",
            "output_size": 2319,
            "source": [],
            "source_content": null,
            "source_content_filename": null,
            "source_dir": "./../Server/lambdas/general/update_user_profile",
            "source_file": null,
            "type": "zip"
          },
          "sensitive_attributes": [],
          "identity_schema_version": 0
        },
        {
          "index_key": "view_workout_inputs",
          "schema_version": 0,
          "attributes": {
            "exclude_symlink_directories": null,
            "excludes": null,
            "id": "6bafbc7ff17b4ea1e772fe590ec6b8f03b16146d",
            "output_base64sha256": "I5jh1wXB0SO8WI+A0UzV+fq9MipKnoYB1950YE3zR80=",
            "output_base64sha512": "QaPhxqxk3I4pLiYJiwyVD01mWEdIEhPbYCUAq6a+bBpYeT82btuUTwXOMSeI/7+LAWqjP3VFMdbKArSvKY112g==",
            "output_file_mode": null,
            "output_md5": "7209dc6bd829fdadb95c3c57e30674b1",
            "output_path": "./../Server/lambdas/athlete/zips/view_workout_inputs.zip",
            "output_sha": "6bafbc7ff17b4ea1e772fe590ec6b8f03b16146d",
            "output_sha256": "2398e1d705c1d123bc588f80d14cd5f9fabd322a4a9e8601d7de74604df347cd",
            "output_sha512": "41a3e1c6ac64dc8e292e26098b0c950f4d665847481213db602500aba6be6c1a58793f366edb944f05ce312788ffbf8b016aa33f754531d6ca02b4af298d75da",
            "output_size": 3055,
            "source": [],
            "source_content": null,
            "source_content_filename": null,
            "source_dir": "./../Server/lambdas/athlete/view_workout_inputs",
            "source_file": null,
            "type": "zip"
          },
          "sensitive_attributes": [],
          "identity_schema_version": 0
        }
      ]
    },
    {
      "mode": "data",
      "type": "archive_file",
      "name": "rds_layer",
      "provider": "provider[\"registry.terraform.io/hashicorp/archive\"]",
      "instances": [
        {
          "schema_version": 0,
          "attributes": {
            "exclude_symlink_directories": null,
            "excludes": null,
            "id": "0b2e397c4c04b8c82c97050bdcba794cc29e7393",
            "output_base64sha256": "Xi59P2wOjCeXy9OpZjGFhuUFIXDMkaNSC8Zxf4Z7DSE=",
            "output_base64sha512": "WL2bYgmAXm6ngo16cwQx3hPnE/HO9XrzLSVZIDer0iV8HnehhpngKrqVMzI8hPmc4KyGPjWZ+XcG42SZbnfmTg==",
            "output_file_mode": null,
            "output_md5": "65815fab29e89520744a01c614e39237",
            "output_path": "./../Server/layers/rds/rds.zip",
            "output_sha": "0b2e397c4c04b8c82c97050bdcba794cc29e7393",
            "output_sha256": "5e2e7d3f6c0e8c2797cbd3a966318586e5052170cc91a3520bc6717f867b0d21",
            "output_sha512": "58bd9b6209805e6ea7828d7a730431de13e713f1cef57af32d25592037abd2257c1e77a18699e02aba9533323c84f99ce0ac863e3599f97706e364996e77e64e",
            "output_size": 8772586,
            "source": [],
            "source_content": null,
            "source_content_filename": null,
            "source_dir": "./../Server/layers/rds/",
            "source_file": null,
            "type": "zip"
          },
          "sensitive_attributes": [],
          "identity_schema_version": 0
        }
      ]
    },
    {
      "mode": "data",
      "type": "archive_file",
      "name": "user_auth_layer",
      "provider": "provider[\"registry.terraform.io/hashicorp/archive\"]",
      "instances": [
        {
          "schema_version": 0,
          "attributes": {
            "exclude_symlink_directories": null,
            "excludes": null,
            "id": "72286c086a431790ad4ddc36825f87ab6d27474f",
            "output_base64sha256": "EHyLkszx8zVc8vKpcVyAcaTgjISPdIHi5RrO7vN6rN0=",
            "output_base64sha512": "SYT3/3SBFVt4wkPgGEu5OVzsCRO2OTe62ehx6c8EUHmBLTx1iAAK386aFxcOyoL7GxfxTcA7MhXS77gS0jaFiA==",
            "output_file_mode": null,
            "output_md5": "e3ea63d6f8ca75b84ec03964e4fd9632",
            "output_path": "./../Server/layers/user_auth/user_auth.zip",
            "output_sha": "72286c086a431790ad4ddc36825f87ab6d27474f",
            "output_sha256": "107c8b92ccf1f3355cf2f2a9715c8071a4e08c848f7481e2e51aceeef37aacdd",
            "output_sha512": "4984f7ff7481155b78c243e0184bb9395cec0913b63937bad9e871e9cf045079812d3c7588000adfce9a17170eca82fb1b17f14dc03b3215d2efb812d2368588",
            "output_size": 4133,
            "source": [],
            "source_content": null,
            "source_content_filename": null,
            "source_dir": "./../Server/layers/user_auth/",
            "source_file": null,
            "type": "zip"
          },
          "sensitive_attributes": [],
          "identity_schema_version": 0
        }
      ]
    },
    {
      "mode": "data",
      "type": "aws_availability_zones",
      "name": "available",
      "provider": "provider[\"registry.terraform.io/hashicorp/aws\"]",
      "instances": [
        {
          "schema_version": 0,
          "attributes": {
            "all_availability_zones": null,
            "exclude_names": null,
            "exclude_zone_ids": null,
            "filter": null,
            "group_names": [
              "us-east-2-zg-1"
            ],
            "id": "us-east-2",
            "names": [
              "us-east-2a",
              "us-east-2b",
              "us-east-2c"
            ],
            "state": "available",
            "timeouts": null,
            "zone_ids": [
              "use2-az1",
              "use2-az2",
              "use2-az3"
            ]
          },
          "sensitive_attributes": [],
          "identity_schema_version": 0
        }
      ]
    },
    {
      "mode": "data",
      "type": "aws_caller_identity",
      "name": "current",
      "provider": "provider[\"registry.terraform.io/hashicorp/aws\"]",
      "instances": [
        {
          "schema_version": 0,
          "attributes": {
            "account_id": "857360184083",
            "arn": "arn:aws:iam::857360184083:user/admin",
            "id": "857360184083",
            "user_id": "AIDA4PHVGGMJ722SDMI3F"
          },
          "sensitive_attributes": [],
          "identity_schema_version": 0
        }
      ]
    },
    {
      "mode": "data",
      "type": "aws_internet_gateway",
      "name": "default",
      "provider": "provider[\"registry.terraform.io/hashicorp/aws\"]",
      "instances": [
        {
          "schema_version": 0,
          "attributes": {
            "arn": "arn:aws:ec2:us-east-2:857360184083:internet-gateway/igw-0c9633e3942b979dc",
            "attachments": [
              {
                "state": "available",
                "vpc_id": "vpc-00ce2d8f8e6ecb305"
              }
            ],
            "filter": [
              {
                "name": "attachment.vpc-id",
                "values": [
                  "vpc-00ce2d8f8e6ecb305"
                ]
              }
            ],
            "id": "igw-0c9633e3942b979dc",
            "internet_gateway_id": "igw-0c9633e3942b979dc",
            "owner_id": "857360184083",
            "tags": {},
            "timeouts": null
          },
          "sensitive_attributes": [],
          "identity_schema_version": 0
        }
      ]
    },
    {
      "mode": "data",
      "type": "aws_security_group",
      "name": "default",
      "provider": "provider[\"registry.terraform.io/hashicorp/aws\"]",
      "instances": [
        {
          "schema_version": 0,
          "attributes": {
            "arn": "arn:aws:ec2:us-east-2:857360184083:security-group/sg-0b98a1e54096ed585",
            "description": "default VPC security group",
            "filter": null,
            "id": "sg-0b98a1e54096ed585",
            "name": "default",
            "tags": {},
            "timeouts": null,
            "vpc_id": "vpc-00ce2d8f8e6ecb305"
          },
          "sensitive_attributes": [],
          "identity_schema_version": 0
        }
      ]
    },
    {
      "mode": "data",
      "type": "aws_vpc",
      "name": "default",
      "provider": "provider[\"registry.terraform.io/hashicorp/aws\"]",
      "instances": [
        {
          "schema_version": 0,
          "attributes": {
            "arn": "arn:aws:ec2:us-east-2:857360184083:vpc/vpc-00ce2d8f8e6ecb305",
            "cidr_block": "172.31.0.0/16",
            "cidr_block_associations": [
              {
                "association_id": "vpc-cidr-assoc-0824e376e57726d1c",
                "cidr_block": "172.31.0.0/16",
                "state": "associated"
              }
            ],
            "default": true,
            "dhcp_options_id": "dopt-024f2ebd35a6606db",
            "enable_dns_hostnames": true,
            "enable_dns_support": true,
            "enable_network_address_usage_metrics": false,
            "filter": null,
            "id": "vpc-00ce2d8f8e6ecb305",
            "instance_tenancy": "default",
            "ipv6_association_id": "",
            "ipv6_cidr_block": "",
            "main_route_table_id": "rtb-0dc932c2d3b50c3ef",
            "owner_id": "857360184083",
            "state": null,
            "tags": {},
            "timeouts": null
          },
          "sensitive_attributes": [],
          "identity_schema_version": 0
        }
      ]
    },
    {
      "mode": "data",
      "type": "http",
      "name": "myip",
      "provider": "provider[\"registry.terraform.io/hashicorp/http\"]",
      "instances": [
        {
          "schema_version": 0,
          "attributes": {
            "body": "98.10.39.224\n",
            "ca_cert_pem": null,
            "client_cert_pem": null,
            "client_key_pem": null,
            "id": "https://ipv4.icanhazip.com",
            "insecure": null,
            "method": null,
            "request_body": null,
            "request_headers": null,
            "request_timeout_ms": null,
            "response_body": "98.10.39.224\n",
            "response_body_base64": "OTguMTAuMzkuMjI0Cg==",
            "response_headers": {
              "Access-Control-Allow-Methods": "GET",
              "Access-Control-Allow-Origin": "*",
              "Alt-Svc": "h3=\":443\"; ma=86400",
              "Cf-Ray": "99e2f301cf5fda48-EWR",
              "Content-Length": "13",
              "Content-Type": "text/plain",
              "Date": "Fri, 14 Nov 2025 02:06:23 GMT",
              "Server": "cloudflare",
              "Set-Cookie": "__cf_bm=jLc6rmHGKEy7NiBjmBZ0IpCbJ6fhDo7RNt4j3P2J1mE-1763085983-1.0.1.1-GXrVqsaakkz09HBmlry6gguS7LgDYYBuFoWAatIeKgUgLnN5BCujq3J0j._fzcydLHz4UHAC9uC9H75hTpGHRSeQSnnbP0.nlClLHlGIuh0; path=/; expires=Fri, 14-Nov-25 02:36:23 GMT; domain=.icanhazip.com; HttpOnly; Secure; SameSite=None",
              "Vary": "Accept-Encoding"
            },
            "retry": null,
            "status_code": 200,
            "url": "https://ipv4.icanhazip.com"
          },
          "sensitive_attributes": [],
          "identity_schema_version": 0
        }
      ]
    },
    {
      "mode": "managed",
      "type": "aws_api_gateway_authorizer",
      "name": "cognito_authorizer",
      "provider": "provider[\"registry.terraform.io/hashicorp/aws\"]",
      "instances": [
        {
          "schema_version": 0,
          "attributes": {
            "arn": "arn:aws:apigateway:us-east-2::/restapis/buzzzp4ywk/authorizers/6bclv1",
            "authorizer_credentials": "",
            "authorizer_result_ttl_in_seconds": 300,
            "authorizer_uri": "",
            "id": "6bclv1",
            "identity_source": "method.request.header.Authorization",
            "identity_validation_expression": "",
            "name": "cognito-authorizer",
            "provider_arns": [
              "arn:aws:cognito-idp:us-east-2:857360184083:userpool/us-east-2_nrBHXHxW5"
            ],
            "rest_api_id": "buzzzp4ywk",
            "type": "COGNITO_USER_POOLS"
          },
          "sensitive_attributes": [],
          "identity_schema_version": 0,
          "private": "bnVsbA==",
          "dependencies": [
            "aws_api_gateway_rest_api.main"
          ],
          "create_before_destroy": true
        }
      ]
    },
    {
      "mode": "managed",
      "type": "aws_api_gateway_deployment",
      "name": "main",
      "provider": "provider[\"registry.terraform.io/hashicorp/aws\"]",
      "instances": [
        {
          "schema_version": 0,
          "attributes": {
            "canary_settings": [],
            "created_date": "2025-11-14T00:32:15Z",
            "description": "",
            "execution_arn": "arn:aws:execute-api:us-east-2:857360184083:buzzzp4ywk/",
            "id": "v1uwan",
            "invoke_url": "https://buzzzp4ywk.execute-api.us-east-2.amazonaws.com/",
            "rest_api_id": "buzzzp4ywk",
            "stage_description": null,
            "stage_name": null,
            "triggers": {
              "redeployment": "fcfbed1ff41db3a7df0cf3b120fab8297238629e"
            },
            "variables": null
          },
          "sensitive_attributes": [],
          "identity_schema_version": 0,
          "private": "bnVsbA==",
          "dependencies": [
            "aws_api_gateway_authorizer.cognito_authorizer",
            "aws_api_gateway_integration.main",
            "aws_api_gateway_integration.options",
            "aws_api_gateway_integration_response.options",
            "aws_api_gateway_method.main",
            "aws_api_gateway_method.options",
            "aws_api_gateway_method_response.options",
            "aws_api_gateway_resource.athletes",
            "aws_api_gateway_resource.coaches",
            "aws_api_gateway_resource.general",
            "aws_api_gateway_resource.graph",
            "aws_api_gateway_resource.history",
            "aws_api_gateway_resource.relations",
            "aws_api_gateway_resource.subresources",
            "aws_api_gateway_rest_api.main",
            "aws_db_instance.default",
            "aws_db_subnet_group.rds_private",
            "aws_iam_role.lambda_role",
            "aws_iam_role_policy_attachment.lambda_rds_auth",
            "aws_lambda_function.lambdas",
            "aws_lambda_layer_version.rds",
            "aws_lambda_layer_version.user_auth",
            "aws_security_group.lambda_sg",
            "aws_subnet.private_subnet1",
            "aws_subnet.private_subnet2",
            "data.archive_file.lambda_archives",
            "data.archive_file.rds_layer",
            "data.archive_file.user_auth_layer",
            "data.aws_availability_zones.available",
            "data.aws_vpc.default"
          ],
          "create_before_destroy": true
        }
      ]
    },
    {
      "mode": "managed",
      "type": "aws_api_gateway_integration",
      "name": "main",
      "provider": "provider[\"registry.terraform.io/hashicorp/aws\"]",
      "instances": [
        {
          "index_key": "athletes/input_times",
          "schema_version": 0,
          "attributes": {
            "cache_key_parameters": [],
            "cache_namespace": "akxhzs",
            "connection_id": "",
            "connection_type": "INTERNET",
            "content_handling": "",
            "credentials": "",
            "http_method": "POST",
            "id": "agi-buzzzp4ywk-akxhzs-POST",
            "integration_http_method": "POST",
            "passthrough_behavior": "WHEN_NO_MATCH",
            "request_parameters": {},
            "request_templates": {},
            "resource_id": "akxhzs",
            "rest_api_id": "buzzzp4ywk",
            "timeout_milliseconds": 29000,
            "tls_config": [],
            "type": "AWS_PROXY",
            "uri": "arn:aws:apigateway:us-east-2:lambda:path/2015-03-31/functions/arn:aws:lambda:us-east-2:857360184083:function:input_times/invocations"
          },
          "sensitive_attributes": [],
          "identity_schema_version": 0,
          "private": "bnVsbA==",
          "dependencies": [
            "aws_api_gateway_authorizer.cognito_authorizer",
            "aws_api_gateway_method.main",
            "aws_api_gateway_resource.athletes",
            "aws_api_gateway_resource.coaches",
            "aws_api_gateway_resource.general",
            "aws_api_gateway_resource.graph",
            "aws_api_gateway_resource.history",
            "aws_api_gateway_resource.relations",
            "aws_api_gateway_resource.subresources",
            "aws_api_gateway_rest_api.main",
            "aws_db_instance.default",
            "aws_db_subnet_group.rds_private",
            "aws_iam_role.lambda_role",
            "aws_iam_role_policy_attachment.lambda_rds_auth",
            "aws_lambda_function.lambdas",
            "aws_lambda_layer_version.rds",
            "aws_lambda_layer_version.user_auth",
            "aws_security_group.lambda_sg",
            "aws_subnet.private_subnet1",
            "aws_subnet.private_subnet2",
            "data.archive_file.lambda_archives",
            "data.archive_file.rds_layer",
            "data.archive_file.user_auth_layer",
            "data.aws_availability_zones.available",
            "data.aws_vpc.default"
          ],
          "create_before_destroy": true
        },
        {
          "index_key": "athletes/remove_inputs",
          "schema_version": 0,
          "attributes": {
            "cache_key_parameters": [],
            "cache_namespace": "6emjgf",
            "connection_id": "",
            "connection_type": "INTERNET",
            "content_handling": "",
            "credentials": "",
            "http_method": "POST",
            "id": "agi-buzzzp4ywk-6emjgf-POST",
            "integration_http_method": "POST",
            "passthrough_behavior": "WHEN_NO_MATCH",
            "request_parameters": {},
            "request_templates": {},
            "resource_id": "6emjgf",
            "rest_api_id": "buzzzp4ywk",
            "timeout_milliseconds": 29000,
            "tls_config": [],
            "type": "AWS_PROXY",
            "uri": "arn:aws:apigateway:us-east-2:lambda:path/2015-03-31/functions/arn:aws:lambda:us-east-2:857360184083:function:remove_inputs/invocations"
          },
          "sensitive_attributes": [],
          "identity_schema_version": 0,
          "private": "bnVsbA==",
          "dependencies": [
            "aws_api_gateway_authorizer.cognito_authorizer",
            "aws_api_gateway_method.main",
            "aws_api_gateway_resource.athletes",
            "aws_api_gateway_resource.coaches",
            "aws_api_gateway_resource.general",
            "aws_api_gateway_resource.graph",
            "aws_api_gateway_resource.history",
            "aws_api_gateway_resource.relations",
            "aws_api_gateway_resource.subresources",
            "aws_api_gateway_rest_api.main",
            "aws_db_instance.default",
            "aws_db_subnet_group.rds_private",
            "aws_iam_role.lambda_role",
            "aws_iam_role_policy_attachment.lambda_rds_auth",
            "aws_lambda_function.lambdas",
            "aws_lambda_layer_version.rds",
            "aws_lambda_layer_version.user_auth",
            "aws_security_group.lambda_sg",
            "aws_subnet.private_subnet1",
            "aws_subnet.private_subnet2",
            "data.archive_file.lambda_archives",
            "data.archive_file.rds_layer",
            "data.archive_file.user_auth_layer",
            "data.aws_availability_zones.available",
            "data.aws_vpc.default"
          ],
          "create_before_destroy": true
        },
        {
          "index_key": "athletes/view_workout_inputs",
          "schema_version": 0,
          "attributes": {
            "cache_key_parameters": [],
            "cache_namespace": "wqltih",
            "connection_id": "",
            "connection_type": "INTERNET",
            "content_handling": "",
            "credentials": "",
            "http_method": "GET",
            "id": "agi-buzzzp4ywk-wqltih-GET",
            "integration_http_method": "POST",
            "passthrough_behavior": "WHEN_NO_MATCH",
            "request_parameters": {},
            "request_templates": {},
            "resource_id": "wqltih",
            "rest_api_id": "buzzzp4ywk",
            "timeout_milliseconds": 29000,
            "tls_config": [],
            "type": "AWS_PROXY",
            "uri": "arn:aws:apigateway:us-east-2:lambda:path/2015-03-31/functions/arn:aws:lambda:us-east-2:857360184083:function:view_workout_inputs/invocations"
          },
          "sensitive_attributes": [],
          "identity_schema_version": 0,
          "private": "bnVsbA==",
          "dependencies": [
            "aws_api_gateway_authorizer.cognito_authorizer",
            "aws_api_gateway_method.main",
            "aws_api_gateway_resource.athletes",
            "aws_api_gateway_resource.coaches",
            "aws_api_gateway_resource.general",
            "aws_api_gateway_resource.graph",
            "aws_api_gateway_resource.history",
            "aws_api_gateway_resource.relations",
            "aws_api_gateway_resource.subresources",
            "aws_api_gateway_rest_api.main",
            "aws_db_instance.default",
            "aws_db_subnet_group.rds_private",
            "aws_iam_role.lambda_role",
            "aws_iam_role_policy_attachment.lambda_rds_auth",
            "aws_lambda_function.lambdas",
            "aws_lambda_layer_version.rds",
            "aws_lambda_layer_version.user_auth",
            "aws_security_group.lambda_sg",
            "aws_subnet.private_subnet1",
            "aws_subnet.private_subnet2",
            "data.archive_file.lambda_archives",
            "data.archive_file.rds_layer",
            "data.archive_file.user_auth_layer",
            "data.aws_availability_zones.available",
            "data.aws_vpc.default"
          ],
          "create_before_destroy": true
        },
        {
          "index_key": "general/create_user",
          "schema_version": 0,
          "attributes": {
            "cache_key_parameters": [],
            "cache_namespace": "3ux4l0",
            "connection_id": "",
            "connection_type": "INTERNET",
            "content_handling": "",
            "credentials": "",
            "http_method": "POST",
            "id": "agi-buzzzp4ywk-3ux4l0-POST",
            "integration_http_method": "POST",
            "passthrough_behavior": "WHEN_NO_MATCH",
            "request_parameters": {},
            "request_templates": {},
            "resource_id": "3ux4l0",
            "rest_api_id": "buzzzp4ywk",
            "timeout_milliseconds": 29000,
            "tls_config": [],
            "type": "AWS_PROXY",
            "uri": "arn:aws:apigateway:us-east-2:lambda:path/2015-03-31/functions/arn:aws:lambda:us-east-2:857360184083:function:create_user/invocations"
          },
          "sensitive_attributes": [],
          "identity_schema_version": 0,
          "private": "bnVsbA==",
          "dependencies": [
            "aws_api_gateway_authorizer.cognito_authorizer",
            "aws_api_gateway_method.main",
            "aws_api_gateway_resource.athletes",
            "aws_api_gateway_resource.coaches",
            "aws_api_gateway_resource.general",
            "aws_api_gateway_resource.graph",
            "aws_api_gateway_resource.history",
            "aws_api_gateway_resource.relations",
            "aws_api_gateway_resource.subresources",
            "aws_api_gateway_rest_api.main",
            "aws_db_instance.default",
            "aws_db_subnet_group.rds_private",
            "aws_iam_role.lambda_role",
            "aws_iam_role_policy_attachment.lambda_rds_auth",
            "aws_lambda_function.lambdas",
            "aws_lambda_layer_version.rds",
            "aws_lambda_layer_version.user_auth",
            "aws_security_group.lambda_sg",
            "aws_subnet.private_subnet1",
            "aws_subnet.private_subnet2",
            "data.archive_file.lambda_archives",
            "data.archive_file.rds_layer",
            "data.archive_file.user_auth_layer",
            "data.aws_availability_zones.available",
            "data.aws_vpc.default"
          ],
          "create_before_destroy": true
        },
        {
          "index_key": "general/generate_presigned_s3_url",
          "schema_version": 0,
          "attributes": {
            "cache_key_parameters": [],
            "cache_namespace": "j1jy8m",
            "connection_id": "",
            "connection_type": "INTERNET",
            "content_handling": "",
            "credentials": "",
            "http_method": "GET",
            "id": "agi-buzzzp4ywk-j1jy8m-GET",
            "integration_http_method": "POST",
            "passthrough_behavior": "WHEN_NO_MATCH",
            "request_parameters": {},
            "request_templates": {},
            "resource_id": "j1jy8m",
            "rest_api_id": "buzzzp4ywk",
            "timeout_milliseconds": 29000,
            "tls_config": [],
            "type": "AWS_PROXY",
            "uri": "arn:aws:apigateway:us-east-2:lambda:path/2015-03-31/functions/arn:aws:lambda:us-east-2:857360184083:function:generate_presigned_s3_url/invocations"
          },
          "sensitive_attributes": [],
          "identity_schema_version": 0,
          "private": "bnVsbA==",
          "dependencies": [
            "aws_api_gateway_authorizer.cognito_authorizer",
            "aws_api_gateway_method.main",
            "aws_api_gateway_resource.athletes",
            "aws_api_gateway_resource.coaches",
            "aws_api_gateway_resource.general",
            "aws_api_gateway_resource.graph",
            "aws_api_gateway_resource.history",
            "aws_api_gateway_resource.relations",
            "aws_api_gateway_resource.subresources",
            "aws_api_gateway_rest_api.main",
            "aws_db_instance.default",
            "aws_db_subnet_group.rds_private",
            "aws_iam_role.lambda_role",
            "aws_iam_role_policy_attachment.lambda_rds_auth",
            "aws_lambda_function.lambdas",
            "aws_lambda_layer_version.rds",
            "aws_lambda_layer_version.user_auth",
            "aws_security_group.lambda_sg",
            "aws_subnet.private_subnet1",
            "aws_subnet.private_subnet2",
            "data.archive_file.lambda_archives",
            "data.archive_file.rds_layer",
            "data.archive_file.user_auth_layer",
            "data.aws_availability_zones.available",
            "data.aws_vpc.default"
          ],
          "create_before_destroy": true
        },
        {
          "index_key": "general/get_mutual_inputs",
          "schema_version": 0,
          "attributes": {
            "cache_key_parameters": [],
            "cache_namespace": "dnnf27",
            "connection_id": "",
            "connection_type": "INTERNET",
            "content_handling": "",
            "credentials": "",
            "http_method": "GET",
            "id": "agi-buzzzp4ywk-dnnf27-GET",
            "integration_http_method": "POST",
            "passthrough_behavior": "WHEN_NO_MATCH",
            "request_parameters": {},
            "request_templates": {},
            "resource_id": "dnnf27",
            "rest_api_id": "buzzzp4ywk",
            "timeout_milliseconds": 29000,
            "tls_config": [],
            "type": "AWS_PROXY",
            "uri": "arn:aws:apigateway:us-east-2:lambda:path/2015-03-31/functions/arn:aws:lambda:us-east-2:857360184083:function:get_mutual_inputs/invocations"
          },
          "sensitive_attributes": [],
          "identity_schema_version": 0,
          "private": "bnVsbA==",
          "dependencies": [
            "aws_api_gateway_authorizer.cognito_authorizer",
            "aws_api_gateway_method.main",
            "aws_api_gateway_resource.athletes",
            "aws_api_gateway_resource.coaches",
            "aws_api_gateway_resource.general",
            "aws_api_gateway_resource.graph",
            "aws_api_gateway_resource.history",
            "aws_api_gateway_resource.relations",
            "aws_api_gateway_resource.subresources",
            "aws_api_gateway_rest_api.main",
            "aws_db_instance.default",
            "aws_db_subnet_group.rds_private",
            "aws_iam_role.lambda_role",
            "aws_iam_role_policy_attachment.lambda_rds_auth",
            "aws_lambda_function.lambdas",
            "aws_lambda_layer_version.rds",
            "aws_lambda_layer_version.user_auth",
            "aws_security_group.lambda_sg",
            "aws_subnet.private_subnet1",
            "aws_subnet.private_subnet2",
            "data.archive_file.lambda_archives",
            "data.archive_file.rds_layer",
            "data.archive_file.user_auth_layer",
            "data.aws_availability_zones.available",
            "data.aws_vpc.default"
          ],
          "create_before_destroy": true
        },
        {
          "index_key": "general/get_user",
          "schema_version": 0,
          "attributes": {
            "cache_key_parameters": [],
            "cache_namespace": "ofzmk1",
            "connection_id": "",
            "connection_type": "INTERNET",
            "content_handling": "",
            "credentials": "",
            "http_method": "GET",
            "id": "agi-buzzzp4ywk-ofzmk1-GET",
            "integration_http_method": "POST",
            "passthrough_behavior": "WHEN_NO_MATCH",
            "request_parameters": {},
            "request_templates": {},
            "resource_id": "ofzmk1",
            "rest_api_id": "buzzzp4ywk",
            "timeout_milliseconds": 29000,
            "tls_config": [],
            "type": "AWS_PROXY",
            "uri": "arn:aws:apigateway:us-east-2:lambda:path/2015-03-31/functions/arn:aws:lambda:us-east-2:857360184083:function:get_user/invocations"
          },
          "sensitive_attributes": [],
          "identity_schema_version": 0,
          "private": "bnVsbA==",
          "dependencies": [
            "aws_api_gateway_authorizer.cognito_authorizer",
            "aws_api_gateway_method.main",
            "aws_api_gateway_resource.athletes",
            "aws_api_gateway_resource.coaches",
            "aws_api_gateway_resource.general",
            "aws_api_gateway_resource.graph",
            "aws_api_gateway_resource.history",
            "aws_api_gateway_resource.relations",
            "aws_api_gateway_resource.subresources",
            "aws_api_gateway_rest_api.main",
            "aws_db_instance.default",
            "aws_db_subnet_group.rds_private",
            "aws_iam_role.lambda_role",
            "aws_iam_role_policy_attachment.lambda_rds_auth",
            "aws_lambda_function.lambdas",
            "aws_lambda_layer_version.rds",
            "aws_lambda_layer_version.user_auth",
            "aws_security_group.lambda_sg",
            "aws_subnet.private_subnet1",
            "aws_subnet.private_subnet2",
            "data.archive_file.lambda_archives",
            "data.archive_file.rds_layer",
            "data.archive_file.user_auth_layer",
            "data.aws_availability_zones.available",
            "data.aws_vpc.default"
          ],
          "create_before_destroy": true
        },
        {
          "index_key": "general/mass_input",
          "schema_version": 0,
          "attributes": {
            "cache_key_parameters": [],
            "cache_namespace": "ozp6d8",
            "connection_id": "",
            "connection_type": "INTERNET",
            "content_handling": "",
            "credentials": "",
            "http_method": "POST",
            "id": "agi-buzzzp4ywk-ozp6d8-POST",
            "integration_http_method": "POST",
            "passthrough_behavior": "WHEN_NO_MATCH",
            "request_parameters": {},
            "request_templates": {},
            "resource_id": "ozp6d8",
            "rest_api_id": "buzzzp4ywk",
            "timeout_milliseconds": 29000,
            "tls_config": [],
            "type": "AWS_PROXY",
            "uri": "arn:aws:apigateway:us-east-2:lambda:path/2015-03-31/functions/arn:aws:lambda:us-east-2:857360184083:function:mass_input/invocations"
          },
          "sensitive_attributes": [],
          "identity_schema_version": 0,
          "private": "bnVsbA==",
          "dependencies": [
            "aws_api_gateway_authorizer.cognito_authorizer",
            "aws_api_gateway_method.main",
            "aws_api_gateway_resource.athletes",
            "aws_api_gateway_resource.coaches",
            "aws_api_gateway_resource.general",
            "aws_api_gateway_resource.graph",
            "aws_api_gateway_resource.history",
            "aws_api_gateway_resource.relations",
            "aws_api_gateway_resource.subresources",
            "aws_api_gateway_rest_api.main",
            "aws_db_instance.default",
            "aws_db_subnet_group.rds_private",
            "aws_iam_role.lambda_role",
            "aws_iam_role_policy_attachment.lambda_rds_auth",
            "aws_lambda_function.lambdas",
            "aws_lambda_layer_version.rds",
            "aws_lambda_layer_version.user_auth",
            "aws_security_group.lambda_sg",
            "aws_subnet.private_subnet1",
            "aws_subnet.private_subnet2",
            "data.archive_file.lambda_archives",
            "data.archive_file.rds_layer",
            "data.archive_file.user_auth_layer",
            "data.aws_availability_zones.available",
            "data.aws_vpc.default"
          ],
          "create_before_destroy": true
        },
        {
          "index_key": "general/update_user_profile",
          "schema_version": 0,
          "attributes": {
            "cache_key_parameters": [],
            "cache_namespace": "82va20",
            "connection_id": "",
            "connection_type": "INTERNET",
            "content_handling": "",
            "credentials": "",
            "http_method": "POST",
            "id": "agi-buzzzp4ywk-82va20-POST",
            "integration_http_method": "POST",
            "passthrough_behavior": "WHEN_NO_MATCH",
            "request_parameters": {},
            "request_templates": {},
            "resource_id": "82va20",
            "rest_api_id": "buzzzp4ywk",
            "timeout_milliseconds": 29000,
            "tls_config": [],
            "type": "AWS_PROXY",
            "uri": "arn:aws:apigateway:us-east-2:lambda:path/2015-03-31/functions/arn:aws:lambda:us-east-2:857360184083:function:update_user_profile/invocations"
          },
          "sensitive_attributes": [],
          "identity_schema_version": 0,
          "private": "bnVsbA==",
          "dependencies": [
            "aws_api_gateway_authorizer.cognito_authorizer",
            "aws_api_gateway_method.main",
            "aws_api_gateway_resource.athletes",
            "aws_api_gateway_resource.coaches",
            "aws_api_gateway_resource.general",
            "aws_api_gateway_resource.graph",
            "aws_api_gateway_resource.history",
            "aws_api_gateway_resource.relations",
            "aws_api_gateway_resource.subresources",
            "aws_api_gateway_rest_api.main",
            "aws_db_instance.default",
            "aws_db_subnet_group.rds_private",
            "aws_iam_role.lambda_role",
            "aws_iam_role_policy_attachment.lambda_rds_auth",
            "aws_lambda_function.lambdas",
            "aws_lambda_layer_version.rds",
            "aws_lambda_layer_version.user_auth",
            "aws_security_group.lambda_sg",
            "aws_subnet.private_subnet1",
            "aws_subnet.private_subnet2",
            "data.archive_file.lambda_archives",
            "data.archive_file.rds_layer",
            "data.archive_file.user_auth_layer",
            "data.aws_availability_zones.available",
            "data.aws_vpc.default"
          ],
          "create_before_destroy": true
        },
        {
          "index_key": "graph/get_avg_velocity",
          "schema_version": 0,
          "attributes": {
            "cache_key_parameters": [],
            "cache_namespace": "0bywl5",
            "connection_id": "",
            "connection_type": "INTERNET",
            "content_handling": "",
            "credentials": "",
            "http_method": "GET",
            "id": "agi-buzzzp4ywk-0bywl5-GET",
            "integration_http_method": "POST",
            "passthrough_behavior": "WHEN_NO_MATCH",
            "request_parameters": {},
            "request_templates": {},
            "resource_id": "0bywl5",
            "rest_api_id": "buzzzp4ywk",
            "timeout_milliseconds": 29000,
            "tls_config": [],
            "type": "AWS_PROXY",
            "uri": "arn:aws:apigateway:us-east-2:lambda:path/2015-03-31/functions/arn:aws:lambda:us-east-2:857360184083:function:get_avg_velocity/invocations"
          },
          "sensitive_attributes": [],
          "identity_schema_version": 0,
          "private": "bnVsbA==",
          "dependencies": [
            "aws_api_gateway_authorizer.cognito_authorizer",
            "aws_api_gateway_method.main",
            "aws_api_gateway_resource.athletes",
            "aws_api_gateway_resource.coaches",
            "aws_api_gateway_resource.general",
            "aws_api_gateway_resource.graph",
            "aws_api_gateway_resource.history",
            "aws_api_gateway_resource.relations",
            "aws_api_gateway_resource.subresources",
            "aws_api_gateway_rest_api.main",
            "aws_db_instance.default",
            "aws_db_subnet_group.rds_private",
            "aws_iam_role.lambda_role",
            "aws_iam_role_policy_attachment.lambda_rds_auth",
            "aws_lambda_function.lambdas",
            "aws_lambda_layer_version.rds",
            "aws_lambda_layer_version.user_auth",
            "aws_security_group.lambda_sg",
            "aws_subnet.private_subnet1",
            "aws_subnet.private_subnet2",
            "data.archive_file.lambda_archives",
            "data.archive_file.rds_layer",
            "data.archive_file.user_auth_layer",
            "data.aws_availability_zones.available",
            "data.aws_vpc.default"
          ],
          "create_before_destroy": true
        },
        {
          "index_key": "graph/get_work_rest_ratio",
          "schema_version": 0,
          "attributes": {
            "cache_key_parameters": [],
            "cache_namespace": "uxymbx",
            "connection_id": "",
            "connection_type": "INTERNET",
            "content_handling": "",
            "credentials": "",
            "http_method": "GET",
            "id": "agi-buzzzp4ywk-uxymbx-GET",
            "integration_http_method": "POST",
            "passthrough_behavior": "WHEN_NO_MATCH",
            "request_parameters": {},
            "request_templates": {},
            "resource_id": "uxymbx",
            "rest_api_id": "buzzzp4ywk",
            "timeout_milliseconds": 29000,
            "tls_config": [],
            "type": "AWS_PROXY",
            "uri": "arn:aws:apigateway:us-east-2:lambda:path/2015-03-31/functions/arn:aws:lambda:us-east-2:857360184083:function:get_work_rest_ratio/invocations"
          },
          "sensitive_attributes": [],
          "identity_schema_version": 0,
          "private": "bnVsbA==",
          "dependencies": [
            "aws_api_gateway_authorizer.cognito_authorizer",
            "aws_api_gateway_method.main",
            "aws_api_gateway_resource.athletes",
            "aws_api_gateway_resource.coaches",
            "aws_api_gateway_resource.general",
            "aws_api_gateway_resource.graph",
            "aws_api_gateway_resource.history",
            "aws_api_gateway_resource.relations",
            "aws_api_gateway_resource.subresources",
            "aws_api_gateway_rest_api.main",
            "aws_db_instance.default",
            "aws_db_subnet_group.rds_private",
            "aws_iam_role.lambda_role",
            "aws_iam_role_policy_attachment.lambda_rds_auth",
            "aws_lambda_function.lambdas",
            "aws_lambda_layer_version.rds",
            "aws_lambda_layer_version.user_auth",
            "aws_security_group.lambda_sg",
            "aws_subnet.private_subnet1",
            "aws_subnet.private_subnet2",
            "data.archive_file.lambda_archives",
            "data.archive_file.rds_layer",
            "data.archive_file.user_auth_layer",
            "data.aws_availability_zones.available",
            "data.aws_vpc.default"
          ],
          "create_before_destroy": true
        },
        {
          "index_key": "history/fetch_historical_data",
          "schema_version": 0,
          "attributes": {
            "cache_key_parameters": [],
            "cache_namespace": "ax5rm1",
            "connection_id": "",
            "connection_type": "INTERNET",
            "content_handling": "",
            "credentials": "",
            "http_method": "GET",
            "id": "agi-buzzzp4ywk-ax5rm1-GET",
            "integration_http_method": "POST",
            "passthrough_behavior": "WHEN_NO_MATCH",
            "request_parameters": {},
            "request_templates": {},
            "resource_id": "ax5rm1",
            "rest_api_id": "buzzzp4ywk",
            "timeout_milliseconds": 29000,
            "tls_config": [],
            "type": "AWS_PROXY",
            "uri": "arn:aws:apigateway:us-east-2:lambda:path/2015-03-31/functions/arn:aws:lambda:us-east-2:857360184083:function:fetch_historical_data/invocations"
          },
          "sensitive_attributes": [],
          "identity_schema_version": 0,
          "private": "bnVsbA==",
          "dependencies": [
            "aws_api_gateway_authorizer.cognito_authorizer",
            "aws_api_gateway_method.main",
            "aws_api_gateway_resource.athletes",
            "aws_api_gateway_resource.coaches",
            "aws_api_gateway_resource.general",
            "aws_api_gateway_resource.graph",
            "aws_api_gateway_resource.history",
            "aws_api_gateway_resource.relations",
            "aws_api_gateway_resource.subresources",
            "aws_api_gateway_rest_api.main",
            "aws_db_instance.default",
            "aws_db_subnet_group.rds_private",
            "aws_iam_role.lambda_role",
            "aws_iam_role_policy_attachment.lambda_rds_auth",
            "aws_lambda_function.lambdas",
            "aws_lambda_layer_version.rds",
            "aws_lambda_layer_version.user_auth",
            "aws_security_group.lambda_sg",
            "aws_subnet.private_subnet1",
            "aws_subnet.private_subnet2",
            "data.archive_file.lambda_archives",
            "data.archive_file.rds_layer",
            "data.archive_file.user_auth_layer",
            "data.aws_availability_zones.available",
            "data.aws_vpc.default"
          ],
          "create_before_destroy": true
        },
        {
          "index_key": "history/get_available_history_dates",
          "schema_version": 0,
          "attributes": {
            "cache_key_parameters": [],
            "cache_namespace": "mbjupg",
            "connection_id": "",
            "connection_type": "INTERNET",
            "content_handling": "",
            "credentials": "",
            "http_method": "GET",
            "id": "agi-buzzzp4ywk-mbjupg-GET",
            "integration_http_method": "POST",
            "passthrough_behavior": "WHEN_NO_MATCH",
            "request_parameters": {},
            "request_templates": {},
            "resource_id": "mbjupg",
            "rest_api_id": "buzzzp4ywk",
            "timeout_milliseconds": 29000,
            "tls_config": [],
            "type": "AWS_PROXY",
            "uri": "arn:aws:apigateway:us-east-2:lambda:path/2015-03-31/functions/arn:aws:lambda:us-east-2:857360184083:function:get_available_history_dates/invocations"
          },
          "sensitive_attributes": [],
          "identity_schema_version": 0,
          "private": "bnVsbA==",
          "dependencies": [
            "aws_api_gateway_authorizer.cognito_authorizer",
            "aws_api_gateway_method.main",
            "aws_api_gateway_resource.athletes",
            "aws_api_gateway_resource.coaches",
            "aws_api_gateway_resource.general",
            "aws_api_gateway_resource.graph",
            "aws_api_gateway_resource.history",
            "aws_api_gateway_resource.relations",
            "aws_api_gateway_resource.subresources",
            "aws_api_gateway_rest_api.main",
            "aws_db_instance.default",
            "aws_db_subnet_group.rds_private",
            "aws_iam_role.lambda_role",
            "aws_iam_role_policy_attachment.lambda_rds_auth",
            "aws_lambda_function.lambdas",
            "aws_lambda_layer_version.rds",
            "aws_lambda_layer_version.user_auth",
            "aws_security_group.lambda_sg",
            "aws_subnet.private_subnet1",
            "aws_subnet.private_subnet2",
            "data.archive_file.lambda_archives",
            "data.archive_file.rds_layer",
            "data.archive_file.user_auth_layer",
            "data.aws_availability_zones.available",
            "data.aws_vpc.default"
          ],
          "create_before_destroy": true
        },
        {
          "index_key": "history/get_earliest_date_available",
          "schema_version": 0,
          "attributes": {
            "cache_key_parameters": [],
            "cache_namespace": "p8a8f8",
            "connection_id": "",
            "connection_type": "INTERNET",
            "content_handling": "",
            "credentials": "",
            "http_method": "GET",
            "id": "agi-buzzzp4ywk-p8a8f8-GET",
            "integration_http_method": "POST",
            "passthrough_behavior": "WHEN_NO_MATCH",
            "request_parameters": {},
            "request_templates": {},
            "resource_id": "p8a8f8",
            "rest_api_id": "buzzzp4ywk",
            "timeout_milliseconds": 29000,
            "tls_config": [],
            "type": "AWS_PROXY",
            "uri": "arn:aws:apigateway:us-east-2:lambda:path/2015-03-31/functions/arn:aws:lambda:us-east-2:857360184083:function:get_earliest_date_available/invocations"
          },
          "sensitive_attributes": [],
          "identity_schema_version": 0,
          "private": "bnVsbA==",
          "dependencies": [
            "aws_api_gateway_authorizer.cognito_authorizer",
            "aws_api_gateway_method.main",
            "aws_api_gateway_resource.athletes",
            "aws_api_gateway_resource.coaches",
            "aws_api_gateway_resource.general",
            "aws_api_gateway_resource.graph",
            "aws_api_gateway_resource.history",
            "aws_api_gateway_resource.relations",
            "aws_api_gateway_resource.subresources",
            "aws_api_gateway_rest_api.main",
            "aws_db_instance.default",
            "aws_db_subnet_group.rds_private",
            "aws_iam_role.lambda_role",
            "aws_iam_role_policy_attachment.lambda_rds_auth",
            "aws_lambda_function.lambdas",
            "aws_lambda_layer_version.rds",
            "aws_lambda_layer_version.user_auth",
            "aws_security_group.lambda_sg",
            "aws_subnet.private_subnet1",
            "aws_subnet.private_subnet2",
            "data.archive_file.lambda_archives",
            "data.archive_file.rds_layer",
            "data.archive_file.user_auth_layer",
            "data.aws_availability_zones.available",
            "data.aws_vpc.default"
          ],
          "create_before_destroy": true
        },
        {
          "index_key": "relations/add_relation",
          "schema_version": 0,
          "attributes": {
            "cache_key_parameters": [],
            "cache_namespace": "zs7qut",
            "connection_id": "",
            "connection_type": "INTERNET",
            "content_handling": "",
            "credentials": "",
            "http_method": "POST",
            "id": "agi-buzzzp4ywk-zs7qut-POST",
            "integration_http_method": "POST",
            "passthrough_behavior": "WHEN_NO_MATCH",
            "request_parameters": {},
            "request_templates": {},
            "resource_id": "zs7qut",
            "rest_api_id": "buzzzp4ywk",
            "timeout_milliseconds": 29000,
            "tls_config": [],
            "type": "AWS_PROXY",
            "uri": "arn:aws:apigateway:us-east-2:lambda:path/2015-03-31/functions/arn:aws:lambda:us-east-2:857360184083:function:add_relation/invocations"
          },
          "sensitive_attributes": [],
          "identity_schema_version": 0,
          "private": "bnVsbA==",
          "dependencies": [
            "aws_api_gateway_authorizer.cognito_authorizer",
            "aws_api_gateway_method.main",
            "aws_api_gateway_resource.athletes",
            "aws_api_gateway_resource.coaches",
            "aws_api_gateway_resource.general",
            "aws_api_gateway_resource.graph",
            "aws_api_gateway_resource.history",
            "aws_api_gateway_resource.relations",
            "aws_api_gateway_resource.subresources",
            "aws_api_gateway_rest_api.main",
            "aws_db_instance.default",
            "aws_db_subnet_group.rds_private",
            "aws_iam_role.lambda_role",
            "aws_iam_role_policy_attachment.lambda_rds_auth",
            "aws_lambda_function.lambdas",
            "aws_lambda_layer_version.rds",
            "aws_lambda_layer_version.user_auth",
            "aws_security_group.lambda_sg",
            "aws_subnet.private_subnet1",
            "aws_subnet.private_subnet2",
            "data.archive_file.lambda_archives",
            "data.archive_file.rds_layer",
            "data.archive_file.user_auth_layer",
            "data.aws_availability_zones.available",
            "data.aws_vpc.default"
          ],
          "create_before_destroy": true
        },
        {
          "index_key": "relations/get_mutual_athletes",
          "schema_version": 0,
          "attributes": {
            "cache_key_parameters": [],
            "cache_namespace": "owe3in",
            "connection_id": "",
            "connection_type": "INTERNET",
            "content_handling": "",
            "credentials": "",
            "http_method": "GET",
            "id": "agi-buzzzp4ywk-owe3in-GET",
            "integration_http_method": "POST",
            "passthrough_behavior": "WHEN_NO_MATCH",
            "request_parameters": {},
            "request_templates": {},
            "resource_id": "owe3in",
            "rest_api_id": "buzzzp4ywk",
            "timeout_milliseconds": 29000,
            "tls_config": [],
            "type": "AWS_PROXY",
            "uri": "arn:aws:apigateway:us-east-2:lambda:path/2015-03-31/functions/arn:aws:lambda:us-east-2:857360184083:function:get_mutual_athletes/invocations"
          },
          "sensitive_attributes": [],
          "identity_schema_version": 0,
          "private": "bnVsbA==",
          "dependencies": [
            "aws_api_gateway_authorizer.cognito_authorizer",
            "aws_api_gateway_method.main",
            "aws_api_gateway_resource.athletes",
            "aws_api_gateway_resource.coaches",
            "aws_api_gateway_resource.general",
            "aws_api_gateway_resource.graph",
            "aws_api_gateway_resource.history",
            "aws_api_gateway_resource.relations",
            "aws_api_gateway_resource.subresources",
            "aws_api_gateway_rest_api.main",
            "aws_db_instance.default",
            "aws_db_subnet_group.rds_private",
            "aws_iam_role.lambda_role",
            "aws_iam_role_policy_attachment.lambda_rds_auth",
            "aws_lambda_function.lambdas",
            "aws_lambda_layer_version.rds",
            "aws_lambda_layer_version.user_auth",
            "aws_security_group.lambda_sg",
            "aws_subnet.private_subnet1",
            "aws_subnet.private_subnet2",
            "data.archive_file.lambda_archives",
            "data.archive_file.rds_layer",
            "data.archive_file.user_auth_layer",
            "data.aws_availability_zones.available",
            "data.aws_vpc.default"
          ],
          "create_before_destroy": true
        },
        {
          "index_key": "relations/get_mutual_user_relations",
          "schema_version": 0,
          "attributes": {
            "cache_key_parameters": [],
            "cache_namespace": "h1iinp",
            "connection_id": "",
            "connection_type": "INTERNET",
            "content_handling": "",
            "credentials": "",
            "http_method": "GET",
            "id": "agi-buzzzp4ywk-h1iinp-GET",
            "integration_http_method": "POST",
            "passthrough_behavior": "WHEN_NO_MATCH",
            "request_parameters": {},
            "request_templates": {},
            "resource_id": "h1iinp",
            "rest_api_id": "buzzzp4ywk",
            "timeout_milliseconds": 29000,
            "tls_config": [],
            "type": "AWS_PROXY",
            "uri": "arn:aws:apigateway:us-east-2:lambda:path/2015-03-31/functions/arn:aws:lambda:us-east-2:857360184083:function:get_mutual_user_relations/invocations"
          },
          "sensitive_attributes": [],
          "identity_schema_version": 0,
          "private": "bnVsbA==",
          "dependencies": [
            "aws_api_gateway_authorizer.cognito_authorizer",
            "aws_api_gateway_method.main",
            "aws_api_gateway_resource.athletes",
            "aws_api_gateway_resource.coaches",
            "aws_api_gateway_resource.general",
            "aws_api_gateway_resource.graph",
            "aws_api_gateway_resource.history",
            "aws_api_gateway_resource.relations",
            "aws_api_gateway_resource.subresources",
            "aws_api_gateway_rest_api.main",
            "aws_db_instance.default",
            "aws_db_subnet_group.rds_private",
            "aws_iam_role.lambda_role",
            "aws_iam_role_policy_attachment.lambda_rds_auth",
            "aws_lambda_function.lambdas",
            "aws_lambda_layer_version.rds",
            "aws_lambda_layer_version.user_auth",
            "aws_security_group.lambda_sg",
            "aws_subnet.private_subnet1",
            "aws_subnet.private_subnet2",
            "data.archive_file.lambda_archives",
            "data.archive_file.rds_layer",
            "data.archive_file.user_auth_layer",
            "data.aws_availability_zones.available",
            "data.aws_vpc.default"
          ],
          "create_before_destroy": true
        },
        {
          "index_key": "relations/get_relation_invites",
          "schema_version": 0,
          "attributes": {
            "cache_key_parameters": [],
            "cache_namespace": "q4nprh",
            "connection_id": "",
            "connection_type": "INTERNET",
            "content_handling": "",
            "credentials": "",
            "http_method": "GET",
            "id": "agi-buzzzp4ywk-q4nprh-GET",
            "integration_http_method": "POST",
            "passthrough_behavior": "WHEN_NO_MATCH",
            "request_parameters": {},
            "request_templates": {},
            "resource_id": "q4nprh",
            "rest_api_id": "buzzzp4ywk",
            "timeout_milliseconds": 29000,
            "tls_config": [],
            "type": "AWS_PROXY",
            "uri": "arn:aws:apigateway:us-east-2:lambda:path/2015-03-31/functions/arn:aws:lambda:us-east-2:857360184083:function:get_relation_invites/invocations"
          },
          "sensitive_attributes": [],
          "identity_schema_version": 0,
          "private": "bnVsbA==",
          "dependencies": [
            "aws_api_gateway_authorizer.cognito_authorizer",
            "aws_api_gateway_method.main",
            "aws_api_gateway_resource.athletes",
            "aws_api_gateway_resource.coaches",
            "aws_api_gateway_resource.general",
            "aws_api_gateway_resource.graph",
            "aws_api_gateway_resource.history",
            "aws_api_gateway_resource.relations",
            "aws_api_gateway_resource.subresources",
            "aws_api_gateway_rest_api.main",
            "aws_db_instance.default",
            "aws_db_subnet_group.rds_private",
            "aws_iam_role.lambda_role",
            "aws_iam_role_policy_attachment.lambda_rds_auth",
            "aws_lambda_function.lambdas",
            "aws_lambda_layer_version.rds",
            "aws_lambda_layer_version.user_auth",
            "aws_security_group.lambda_sg",
            "aws_subnet.private_subnet1",
            "aws_subnet.private_subnet2",
            "data.archive_file.lambda_archives",
            "data.archive_file.rds_layer",
            "data.archive_file.user_auth_layer",
            "data.aws_availability_zones.available",
            "data.aws_vpc.default"
          ],
          "create_before_destroy": true
        },
        {
          "index_key": "relations/get_relation_invites_count",
          "schema_version": 0,
          "attributes": {
            "cache_key_parameters": [],
            "cache_namespace": "7mmdfl",
            "connection_id": "",
            "connection_type": "INTERNET",
            "content_handling": "",
            "credentials": "",
            "http_method": "GET",
            "id": "agi-buzzzp4ywk-7mmdfl-GET",
            "integration_http_method": "POST",
            "passthrough_behavior": "WHEN_NO_MATCH",
            "request_parameters": {},
            "request_templates": {},
            "resource_id": "7mmdfl",
            "rest_api_id": "buzzzp4ywk",
            "timeout_milliseconds": 29000,
            "tls_config": [],
            "type": "AWS_PROXY",
            "uri": "arn:aws:apigateway:us-east-2:lambda:path/2015-03-31/functions/arn:aws:lambda:us-east-2:857360184083:function:get_relation_invites_count/invocations"
          },
          "sensitive_attributes": [],
          "identity_schema_version": 0,
          "private": "bnVsbA==",
          "dependencies": [
            "aws_api_gateway_authorizer.cognito_authorizer",
            "aws_api_gateway_method.main",
            "aws_api_gateway_resource.athletes",
            "aws_api_gateway_resource.coaches",
            "aws_api_gateway_resource.general",
            "aws_api_gateway_resource.graph",
            "aws_api_gateway_resource.history",
            "aws_api_gateway_resource.relations",
            "aws_api_gateway_resource.subresources",
            "aws_api_gateway_rest_api.main",
            "aws_db_instance.default",
            "aws_db_subnet_group.rds_private",
            "aws_iam_role.lambda_role",
            "aws_iam_role_policy_attachment.lambda_rds_auth",
            "aws_lambda_function.lambdas",
            "aws_lambda_layer_version.rds",
            "aws_lambda_layer_version.user_auth",
            "aws_security_group.lambda_sg",
            "aws_subnet.private_subnet1",
            "aws_subnet.private_subnet2",
            "data.archive_file.lambda_archives",
            "data.archive_file.rds_layer",
            "data.archive_file.user_auth_layer",
            "data.aws_availability_zones.available",
            "data.aws_vpc.default"
          ],
          "create_before_destroy": true
        },
        {
          "index_key": "relations/remove_user_relation",
          "schema_version": 0,
          "attributes": {
            "cache_key_parameters": [],
            "cache_namespace": "xzk7ie",
            "connection_id": "",
            "connection_type": "INTERNET",
            "content_handling": "",
            "credentials": "",
            "http_method": "DELETE",
            "id": "agi-buzzzp4ywk-xzk7ie-DELETE",
            "integration_http_method": "POST",
            "passthrough_behavior": "WHEN_NO_MATCH",
            "request_parameters": {},
            "request_templates": {},
            "resource_id": "xzk7ie",
            "rest_api_id": "buzzzp4ywk",
            "timeout_milliseconds": 29000,
            "tls_config": [],
            "type": "AWS_PROXY",
            "uri": "arn:aws:apigateway:us-east-2:lambda:path/2015-03-31/functions/arn:aws:lambda:us-east-2:857360184083:function:remove_user_relation/invocations"
          },
          "sensitive_attributes": [],
          "identity_schema_version": 0,
          "private": "bnVsbA==",
          "dependencies": [
            "aws_api_gateway_authorizer.cognito_authorizer",
            "aws_api_gateway_method.main",
            "aws_api_gateway_resource.athletes",
            "aws_api_gateway_resource.coaches",
            "aws_api_gateway_resource.general",
            "aws_api_gateway_resource.graph",
            "aws_api_gateway_resource.history",
            "aws_api_gateway_resource.relations",
            "aws_api_gateway_resource.subresources",
            "aws_api_gateway_rest_api.main",
            "aws_db_instance.default",
            "aws_db_subnet_group.rds_private",
            "aws_iam_role.lambda_role",
            "aws_iam_role_policy_attachment.lambda_rds_auth",
            "aws_lambda_function.lambdas",
            "aws_lambda_layer_version.rds",
            "aws_lambda_layer_version.user_auth",
            "aws_security_group.lambda_sg",
            "aws_subnet.private_subnet1",
            "aws_subnet.private_subnet2",
            "data.archive_file.lambda_archives",
            "data.archive_file.rds_layer",
            "data.archive_file.user_auth_layer",
            "data.aws_availability_zones.available",
            "data.aws_vpc.default"
          ],
          "create_before_destroy": true
        },
        {
          "index_key": "relations/search_user_relation",
          "schema_version": 0,
          "attributes": {
            "cache_key_parameters": [],
            "cache_namespace": "vodnr3",
            "connection_id": "",
            "connection_type": "INTERNET",
            "content_handling": "",
            "credentials": "",
            "http_method": "GET",
            "id": "agi-buzzzp4ywk-vodnr3-GET",
            "integration_http_method": "POST",
            "passthrough_behavior": "WHEN_NO_MATCH",
            "request_parameters": {},
            "request_templates": {},
            "resource_id": "vodnr3",
            "rest_api_id": "buzzzp4ywk",
            "timeout_milliseconds": 29000,
            "tls_config": [],
            "type": "AWS_PROXY",
            "uri": "arn:aws:apigateway:us-east-2:lambda:path/2015-03-31/functions/arn:aws:lambda:us-east-2:857360184083:function:search_user_relation/invocations"
          },
          "sensitive_attributes": [],
          "identity_schema_version": 0,
          "private": "bnVsbA==",
          "dependencies": [
            "aws_api_gateway_authorizer.cognito_authorizer",
            "aws_api_gateway_method.main",
            "aws_api_gateway_resource.athletes",
            "aws_api_gateway_resource.coaches",
            "aws_api_gateway_resource.general",
            "aws_api_gateway_resource.graph",
            "aws_api_gateway_resource.history",
            "aws_api_gateway_resource.relations",
            "aws_api_gateway_resource.subresources",
            "aws_api_gateway_rest_api.main",
            "aws_db_instance.default",
            "aws_db_subnet_group.rds_private",
            "aws_iam_role.lambda_role",
            "aws_iam_role_policy_attachment.lambda_rds_auth",
            "aws_lambda_function.lambdas",
            "aws_lambda_layer_version.rds",
            "aws_lambda_layer_version.user_auth",
            "aws_security_group.lambda_sg",
            "aws_subnet.private_subnet1",
            "aws_subnet.private_subnet2",
            "data.archive_file.lambda_archives",
            "data.archive_file.rds_layer",
            "data.archive_file.user_auth_layer",
            "data.aws_availability_zones.available",
            "data.aws_vpc.default"
          ],
          "create_before_destroy": true
        }
      ]
    },
    {
      "mode": "managed",
      "type": "aws_api_gateway_integration",
      "name": "options",
      "provider": "provider[\"registry.terraform.io/hashicorp/aws\"]",
      "instances": [
        {
          "index_key": "athletes/input_times",
          "schema_version": 0,
          "attributes": {
            "cache_key_parameters": [],
            "cache_namespace": "akxhzs",
            "connection_id": "",
            "connection_type": "INTERNET",
            "content_handling": "",
            "credentials": "",
            "http_method": "OPTIONS",
            "id": "agi-buzzzp4ywk-akxhzs-OPTIONS",
            "integration_http_method": "",
            "passthrough_behavior": "WHEN_NO_MATCH",
            "request_parameters": {},
            "request_templates": {
              "application/json": "{\"statusCode\": 200}"
            },
            "resource_id": "akxhzs",
            "rest_api_id": "buzzzp4ywk",
            "timeout_milliseconds": 29000,
            "tls_config": [],
            "type": "MOCK",
            "uri": ""
          },
          "sensitive_attributes": [],
          "identity_schema_version": 0,
          "private": "bnVsbA==",
          "dependencies": [
            "aws_api_gateway_method.options",
            "aws_api_gateway_resource.athletes",
            "aws_api_gateway_resource.coaches",
            "aws_api_gateway_resource.general",
            "aws_api_gateway_resource.graph",
            "aws_api_gateway_resource.history",
            "aws_api_gateway_resource.relations",
            "aws_api_gateway_resource.subresources",
            "aws_api_gateway_rest_api.main",
            "aws_db_instance.default",
            "aws_db_subnet_group.rds_private",
            "aws_iam_role.lambda_role",
            "aws_iam_role_policy_attachment.lambda_rds_auth",
            "aws_lambda_function.lambdas",
            "aws_lambda_layer_version.rds",
            "aws_lambda_layer_version.user_auth",
            "aws_security_group.lambda_sg",
            "aws_subnet.private_subnet1",
            "aws_subnet.private_subnet2",
            "data.archive_file.lambda_archives",
            "data.archive_file.rds_layer",
            "data.archive_file.user_auth_layer",
            "data.aws_availability_zones.available",
            "data.aws_vpc.default"
          ],
          "create_before_destroy": true
        },
        {
          "index_key": "athletes/remove_inputs",
          "schema_version": 0,
          "attributes": {
            "cache_key_parameters": [],
            "cache_namespace": "6emjgf",
            "connection_id": "",
            "connection_type": "INTERNET",
            "content_handling": "",
            "credentials": "",
            "http_method": "OPTIONS",
            "id": "agi-buzzzp4ywk-6emjgf-OPTIONS",
            "integration_http_method": "",
            "passthrough_behavior": "WHEN_NO_MATCH",
            "request_parameters": {},
            "request_templates": {
              "application/json": "{\"statusCode\": 200}"
            },
            "resource_id": "6emjgf",
            "rest_api_id": "buzzzp4ywk",
            "timeout_milliseconds": 29000,
            "tls_config": [],
            "type": "MOCK",
            "uri": ""
          },
          "sensitive_attributes": [],
          "identity_schema_version": 0,
          "private": "bnVsbA==",
          "dependencies": [
            "aws_api_gateway_method.options",
            "aws_api_gateway_resource.athletes",
            "aws_api_gateway_resource.coaches",
            "aws_api_gateway_resource.general",
            "aws_api_gateway_resource.graph",
            "aws_api_gateway_resource.history",
            "aws_api_gateway_resource.relations",
            "aws_api_gateway_resource.subresources",
            "aws_api_gateway_rest_api.main",
            "aws_db_instance.default",
            "aws_db_subnet_group.rds_private",
            "aws_iam_role.lambda_role",
            "aws_iam_role_policy_attachment.lambda_rds_auth",
            "aws_lambda_function.lambdas",
            "aws_lambda_layer_version.rds",
            "aws_lambda_layer_version.user_auth",
            "aws_security_group.lambda_sg",
            "aws_subnet.private_subnet1",
            "aws_subnet.private_subnet2",
            "data.archive_file.lambda_archives",
            "data.archive_file.rds_layer",
            "data.archive_file.user_auth_layer",
            "data.aws_availability_zones.available",
            "data.aws_vpc.default"
          ],
          "create_before_destroy": true
        },
        {
          "index_key": "athletes/view_workout_inputs",
          "schema_version": 0,
          "attributes": {
            "cache_key_parameters": [],
            "cache_namespace": "wqltih",
            "connection_id": "",
            "connection_type": "INTERNET",
            "content_handling": "",
            "credentials": "",
            "http_method": "OPTIONS",
            "id": "agi-buzzzp4ywk-wqltih-OPTIONS",
            "integration_http_method": "",
            "passthrough_behavior": "WHEN_NO_MATCH",
            "request_parameters": {},
            "request_templates": {
              "application/json": "{\"statusCode\": 200}"
            },
            "resource_id": "wqltih",
            "rest_api_id": "buzzzp4ywk",
            "timeout_milliseconds": 29000,
            "tls_config": [],
            "type": "MOCK",
            "uri": ""
          },
          "sensitive_attributes": [],
          "identity_schema_version": 0,
          "private": "bnVsbA==",
          "dependencies": [
            "aws_api_gateway_method.options",
            "aws_api_gateway_resource.athletes",
            "aws_api_gateway_resource.coaches",
            "aws_api_gateway_resource.general",
            "aws_api_gateway_resource.graph",
            "aws_api_gateway_resource.history",
            "aws_api_gateway_resource.relations",
            "aws_api_gateway_resource.subresources",
            "aws_api_gateway_rest_api.main",
            "aws_db_instance.default",
            "aws_db_subnet_group.rds_private",
            "aws_iam_role.lambda_role",
            "aws_iam_role_policy_attachment.lambda_rds_auth",
            "aws_lambda_function.lambdas",
            "aws_lambda_layer_version.rds",
            "aws_lambda_layer_version.user_auth",
            "aws_security_group.lambda_sg",
            "aws_subnet.private_subnet1",
            "aws_subnet.private_subnet2",
            "data.archive_file.lambda_archives",
            "data.archive_file.rds_layer",
            "data.archive_file.user_auth_layer",
            "data.aws_availability_zones.available",
            "data.aws_vpc.default"
          ],
          "create_before_destroy": true
        },
        {
          "index_key": "general/create_user",
          "schema_version": 0,
          "attributes": {
            "cache_key_parameters": [],
            "cache_namespace": "3ux4l0",
            "connection_id": "",
            "connection_type": "INTERNET",
            "content_handling": "",
            "credentials": "",
            "http_method": "OPTIONS",
            "id": "agi-buzzzp4ywk-3ux4l0-OPTIONS",
            "integration_http_method": "",
            "passthrough_behavior": "WHEN_NO_MATCH",
            "request_parameters": {},
            "request_templates": {
              "application/json": "{\"statusCode\": 200}"
            },
            "resource_id": "3ux4l0",
            "rest_api_id": "buzzzp4ywk",
            "timeout_milliseconds": 29000,
            "tls_config": [],
            "type": "MOCK",
            "uri": ""
          },
          "sensitive_attributes": [],
          "identity_schema_version": 0,
          "private": "bnVsbA==",
          "dependencies": [
            "aws_api_gateway_method.options",
            "aws_api_gateway_resource.athletes",
            "aws_api_gateway_resource.coaches",
            "aws_api_gateway_resource.general",
            "aws_api_gateway_resource.graph",
            "aws_api_gateway_resource.history",
            "aws_api_gateway_resource.relations",
            "aws_api_gateway_resource.subresources",
            "aws_api_gateway_rest_api.main",
            "aws_db_instance.default",
            "aws_db_subnet_group.rds_private",
            "aws_iam_role.lambda_role",
            "aws_iam_role_policy_attachment.lambda_rds_auth",
            "aws_lambda_function.lambdas",
            "aws_lambda_layer_version.rds",
            "aws_lambda_layer_version.user_auth",
            "aws_security_group.lambda_sg",
            "aws_subnet.private_subnet1",
            "aws_subnet.private_subnet2",
            "data.archive_file.lambda_archives",
            "data.archive_file.rds_layer",
            "data.archive_file.user_auth_layer",
            "data.aws_availability_zones.available",
            "data.aws_vpc.default"
          ],
          "create_before_destroy": true
        },
        {
          "index_key": "general/generate_presigned_s3_url",
          "schema_version": 0,
          "attributes": {
            "cache_key_parameters": [],
            "cache_namespace": "j1jy8m",
            "connection_id": "",
            "connection_type": "INTERNET",
            "content_handling": "",
            "credentials": "",
            "http_method": "OPTIONS",
            "id": "agi-buzzzp4ywk-j1jy8m-OPTIONS",
            "integration_http_method": "",
            "passthrough_behavior": "WHEN_NO_MATCH",
            "request_parameters": {},
            "request_templates": {
              "application/json": "{\"statusCode\": 200}"
            },
            "resource_id": "j1jy8m",
            "rest_api_id": "buzzzp4ywk",
            "timeout_milliseconds": 29000,
            "tls_config": [],
            "type": "MOCK",
            "uri": ""
          },
          "sensitive_attributes": [],
          "identity_schema_version": 0,
          "private": "bnVsbA==",
          "dependencies": [
            "aws_api_gateway_method.options",
            "aws_api_gateway_resource.athletes",
            "aws_api_gateway_resource.coaches",
            "aws_api_gateway_resource.general",
            "aws_api_gateway_resource.graph",
            "aws_api_gateway_resource.history",
            "aws_api_gateway_resource.relations",
            "aws_api_gateway_resource.subresources",
            "aws_api_gateway_rest_api.main",
            "aws_db_instance.default",
            "aws_db_subnet_group.rds_private",
            "aws_iam_role.lambda_role",
            "aws_iam_role_policy_attachment.lambda_rds_auth",
            "aws_lambda_function.lambdas",
            "aws_lambda_layer_version.rds",
            "aws_lambda_layer_version.user_auth",
            "aws_security_group.lambda_sg",
            "aws_subnet.private_subnet1",
            "aws_subnet.private_subnet2",
            "data.archive_file.lambda_archives",
            "data.archive_file.rds_layer",
            "data.archive_file.user_auth_layer",
            "data.aws_availability_zones.available",
            "data.aws_vpc.default"
          ],
          "create_before_destroy": true
        },
        {
          "index_key": "general/get_mutual_inputs",
          "schema_version": 0,
          "attributes": {
            "cache_key_parameters": [],
            "cache_namespace": "dnnf27",
            "connection_id": "",
            "connection_type": "INTERNET",
            "content_handling": "",
            "credentials": "",
            "http_method": "OPTIONS",
            "id": "agi-buzzzp4ywk-dnnf27-OPTIONS",
            "integration_http_method": "",
            "passthrough_behavior": "WHEN_NO_MATCH",
            "request_parameters": {},
            "request_templates": {
              "application/json": "{\"statusCode\": 200}"
            },
            "resource_id": "dnnf27",
            "rest_api_id": "buzzzp4ywk",
            "timeout_milliseconds": 29000,
            "tls_config": [],
            "type": "MOCK",
            "uri": ""
          },
          "sensitive_attributes": [],
          "identity_schema_version": 0,
          "private": "bnVsbA==",
          "dependencies": [
            "aws_api_gateway_method.options",
            "aws_api_gateway_resource.athletes",
            "aws_api_gateway_resource.coaches",
            "aws_api_gateway_resource.general",
            "aws_api_gateway_resource.graph",
            "aws_api_gateway_resource.history",
            "aws_api_gateway_resource.relations",
            "aws_api_gateway_resource.subresources",
            "aws_api_gateway_rest_api.main",
            "aws_db_instance.default",
            "aws_db_subnet_group.rds_private",
            "aws_iam_role.lambda_role",
            "aws_iam_role_policy_attachment.lambda_rds_auth",
            "aws_lambda_function.lambdas",
            "aws_lambda_layer_version.rds",
            "aws_lambda_layer_version.user_auth",
            "aws_security_group.lambda_sg",
            "aws_subnet.private_subnet1",
            "aws_subnet.private_subnet2",
            "data.archive_file.lambda_archives",
            "data.archive_file.rds_layer",
            "data.archive_file.user_auth_layer",
            "data.aws_availability_zones.available",
            "data.aws_vpc.default"
          ],
          "create_before_destroy": true
        },
        {
          "index_key": "general/get_user",
          "schema_version": 0,
          "attributes": {
            "cache_key_parameters": [],
            "cache_namespace": "ofzmk1",
            "connection_id": "",
            "connection_type": "INTERNET",
            "content_handling": "",
            "credentials": "",
            "http_method": "OPTIONS",
            "id": "agi-buzzzp4ywk-ofzmk1-OPTIONS",
            "integration_http_method": "",
            "passthrough_behavior": "WHEN_NO_MATCH",
            "request_parameters": {},
            "request_templates": {
              "application/json": "{\"statusCode\": 200}"
            },
            "resource_id": "ofzmk1",
            "rest_api_id": "buzzzp4ywk",
            "timeout_milliseconds": 29000,
            "tls_config": [],
            "type": "MOCK",
            "uri": ""
          },
          "sensitive_attributes": [],
          "identity_schema_version": 0,
          "private": "bnVsbA==",
          "dependencies": [
            "aws_api_gateway_method.options",
            "aws_api_gateway_resource.athletes",
            "aws_api_gateway_resource.coaches",
            "aws_api_gateway_resource.general",
            "aws_api_gateway_resource.graph",
            "aws_api_gateway_resource.history",
            "aws_api_gateway_resource.relations",
            "aws_api_gateway_resource.subresources",
            "aws_api_gateway_rest_api.main",
            "aws_db_instance.default",
            "aws_db_subnet_group.rds_private",
            "aws_iam_role.lambda_role",
            "aws_iam_role_policy_attachment.lambda_rds_auth",
            "aws_lambda_function.lambdas",
            "aws_lambda_layer_version.rds",
            "aws_lambda_layer_version.user_auth",
            "aws_security_group.lambda_sg",
            "aws_subnet.private_subnet1",
            "aws_subnet.private_subnet2",
            "data.archive_file.lambda_archives",
            "data.archive_file.rds_layer",
            "data.archive_file.user_auth_layer",
            "data.aws_availability_zones.available",
            "data.aws_vpc.default"
          ],
          "create_before_destroy": true
        },
        {
          "index_key": "general/mass_input",
          "schema_version": 0,
          "attributes": {
            "cache_key_parameters": [],
            "cache_namespace": "ozp6d8",
            "connection_id": "",
            "connection_type": "INTERNET",
            "content_handling": "",
            "credentials": "",
            "http_method": "OPTIONS",
            "id": "agi-buzzzp4ywk-ozp6d8-OPTIONS",
            "integration_http_method": "",
            "passthrough_behavior": "WHEN_NO_MATCH",
            "request_parameters": {},
            "request_templates": {
              "application/json": "{\"statusCode\": 200}"
            },
            "resource_id": "ozp6d8",
            "rest_api_id": "buzzzp4ywk",
            "timeout_milliseconds": 29000,
            "tls_config": [],
            "type": "MOCK",
            "uri": ""
          },
          "sensitive_attributes": [],
          "identity_schema_version": 0,
          "private": "bnVsbA==",
          "dependencies": [
            "aws_api_gateway_method.options",
            "aws_api_gateway_resource.athletes",
            "aws_api_gateway_resource.coaches",
            "aws_api_gateway_resource.general",
            "aws_api_gateway_resource.graph",
            "aws_api_gateway_resource.history",
            "aws_api_gateway_resource.relations",
            "aws_api_gateway_resource.subresources",
            "aws_api_gateway_rest_api.main",
            "aws_db_instance.default",
            "aws_db_subnet_group.rds_private",
            "aws_iam_role.lambda_role",
            "aws_iam_role_policy_attachment.lambda_rds_auth",
            "aws_lambda_function.lambdas",
            "aws_lambda_layer_version.rds",
            "aws_lambda_layer_version.user_auth",
            "aws_security_group.lambda_sg",
            "aws_subnet.private_subnet1",
            "aws_subnet.private_subnet2",
            "data.archive_file.lambda_archives",
            "data.archive_file.rds_layer",
            "data.archive_file.user_auth_layer",
            "data.aws_availability_zones.available",
            "data.aws_vpc.default"
          ],
          "create_before_destroy": true
        },
        {
          "index_key": "general/update_user_profile",
          "schema_version": 0,
          "attributes": {
            "cache_key_parameters": [],
            "cache_namespace": "82va20",
            "connection_id": "",
            "connection_type": "INTERNET",
            "content_handling": "",
            "credentials": "",
            "http_method": "OPTIONS",
            "id": "agi-buzzzp4ywk-82va20-OPTIONS",
            "integration_http_method": "",
            "passthrough_behavior": "WHEN_NO_MATCH",
            "request_parameters": {},
            "request_templates": {
              "application/json": "{\"statusCode\": 200}"
            },
            "resource_id": "82va20",
            "rest_api_id": "buzzzp4ywk",
            "timeout_milliseconds": 29000,
            "tls_config": [],
            "type": "MOCK",
            "uri": ""
          },
          "sensitive_attributes": [],
          "identity_schema_version": 0,
          "private": "bnVsbA==",
          "dependencies": [
            "aws_api_gateway_method.options",
            "aws_api_gateway_resource.athletes",
            "aws_api_gateway_resource.coaches",
            "aws_api_gateway_resource.general",
            "aws_api_gateway_resource.graph",
            "aws_api_gateway_resource.history",
            "aws_api_gateway_resource.relations",
            "aws_api_gateway_resource.subresources",
            "aws_api_gateway_rest_api.main",
            "aws_db_instance.default",
            "aws_db_subnet_group.rds_private",
            "aws_iam_role.lambda_role",
            "aws_iam_role_policy_attachment.lambda_rds_auth",
            "aws_lambda_function.lambdas",
            "aws_lambda_layer_version.rds",
            "aws_lambda_layer_version.user_auth",
            "aws_security_group.lambda_sg",
            "aws_subnet.private_subnet1",
            "aws_subnet.private_subnet2",
            "data.archive_file.lambda_archives",
            "data.archive_file.rds_layer",
            "data.archive_file.user_auth_layer",
            "data.aws_availability_zones.available",
            "data.aws_vpc.default"
          ],
          "create_before_destroy": true
        },
        {
          "index_key": "graph/get_avg_velocity",
          "schema_version": 0,
          "attributes": {
            "cache_key_parameters": [],
            "cache_namespace": "0bywl5",
            "connection_id": "",
            "connection_type": "INTERNET",
            "content_handling": "",
            "credentials": "",
            "http_method": "OPTIONS",
            "id": "agi-buzzzp4ywk-0bywl5-OPTIONS",
            "integration_http_method": "",
            "passthrough_behavior": "WHEN_NO_MATCH",
            "request_parameters": {},
            "request_templates": {
              "application/json": "{\"statusCode\": 200}"
            },
            "resource_id": "0bywl5",
            "rest_api_id": "buzzzp4ywk",
            "timeout_milliseconds": 29000,
            "tls_config": [],
            "type": "MOCK",
            "uri": ""
          },
          "sensitive_attributes": [],
          "identity_schema_version": 0,
          "private": "bnVsbA==",
          "dependencies": [
            "aws_api_gateway_method.options",
            "aws_api_gateway_resource.athletes",
            "aws_api_gateway_resource.coaches",
            "aws_api_gateway_resource.general",
            "aws_api_gateway_resource.graph",
            "aws_api_gateway_resource.history",
            "aws_api_gateway_resource.relations",
            "aws_api_gateway_resource.subresources",
            "aws_api_gateway_rest_api.main",
            "aws_db_instance.default",
            "aws_db_subnet_group.rds_private",
            "aws_iam_role.lambda_role",
            "aws_iam_role_policy_attachment.lambda_rds_auth",
            "aws_lambda_function.lambdas",
            "aws_lambda_layer_version.rds",
            "aws_lambda_layer_version.user_auth",
            "aws_security_group.lambda_sg",
            "aws_subnet.private_subnet1",
            "aws_subnet.private_subnet2",
            "data.archive_file.lambda_archives",
            "data.archive_file.rds_layer",
            "data.archive_file.user_auth_layer",
            "data.aws_availability_zones.available",
            "data.aws_vpc.default"
          ],
          "create_before_destroy": true
        },
        {
          "index_key": "graph/get_work_rest_ratio",
          "schema_version": 0,
          "attributes": {
            "cache_key_parameters": [],
            "cache_namespace": "uxymbx",
            "connection_id": "",
            "connection_type": "INTERNET",
            "content_handling": "",
            "credentials": "",
            "http_method": "OPTIONS",
            "id": "agi-buzzzp4ywk-uxymbx-OPTIONS",
            "integration_http_method": "",
            "passthrough_behavior": "WHEN_NO_MATCH",
            "request_parameters": {},
            "request_templates": {
              "application/json": "{\"statusCode\": 200}"
            },
            "resource_id": "uxymbx",
            "rest_api_id": "buzzzp4ywk",
            "timeout_milliseconds": 29000,
            "tls_config": [],
            "type": "MOCK",
            "uri": ""
          },
          "sensitive_attributes": [],
          "identity_schema_version": 0,
          "private": "bnVsbA==",
          "dependencies": [
            "aws_api_gateway_method.options",
            "aws_api_gateway_resource.athletes",
            "aws_api_gateway_resource.coaches",
            "aws_api_gateway_resource.general",
            "aws_api_gateway_resource.graph",
            "aws_api_gateway_resource.history",
            "aws_api_gateway_resource.relations",
            "aws_api_gateway_resource.subresources",
            "aws_api_gateway_rest_api.main",
            "aws_db_instance.default",
            "aws_db_subnet_group.rds_private",
            "aws_iam_role.lambda_role",
            "aws_iam_role_policy_attachment.lambda_rds_auth",
            "aws_lambda_function.lambdas",
            "aws_lambda_layer_version.rds",
            "aws_lambda_layer_version.user_auth",
            "aws_security_group.lambda_sg",
            "aws_subnet.private_subnet1",
            "aws_subnet.private_subnet2",
            "data.archive_file.lambda_archives",
            "data.archive_file.rds_layer",
            "data.archive_file.user_auth_layer",
            "data.aws_availability_zones.available",
            "data.aws_vpc.default"
          ],
          "create_before_destroy": true
        },
        {
          "index_key": "history/fetch_historical_data",
          "schema_version": 0,
          "attributes": {
            "cache_key_parameters": [],
            "cache_namespace": "ax5rm1",
            "connection_id": "",
            "connection_type": "INTERNET",
            "content_handling": "",
            "credentials": "",
            "http_method": "OPTIONS",
            "id": "agi-buzzzp4ywk-ax5rm1-OPTIONS",
            "integration_http_method": "",
            "passthrough_behavior": "WHEN_NO_MATCH",
            "request_parameters": {},
            "request_templates": {
              "application/json": "{\"statusCode\": 200}"
            },
            "resource_id": "ax5rm1",
            "rest_api_id": "buzzzp4ywk",
            "timeout_milliseconds": 29000,
            "tls_config": [],
            "type": "MOCK",
            "uri": ""
          },
          "sensitive_attributes": [],
          "identity_schema_version": 0,
          "private": "bnVsbA==",
          "dependencies": [
            "aws_api_gateway_method.options",
            "aws_api_gateway_resource.athletes",
            "aws_api_gateway_resource.coaches",
            "aws_api_gateway_resource.general",
            "aws_api_gateway_resource.graph",
            "aws_api_gateway_resource.history",
            "aws_api_gateway_resource.relations",
            "aws_api_gateway_resource.subresources",
            "aws_api_gateway_rest_api.main",
            "aws_db_instance.default",
            "aws_db_subnet_group.rds_private",
            "aws_iam_role.lambda_role",
            "aws_iam_role_policy_attachment.lambda_rds_auth",
            "aws_lambda_function.lambdas",
            "aws_lambda_layer_version.rds",
            "aws_lambda_layer_version.user_auth",
            "aws_security_group.lambda_sg",
            "aws_subnet.private_subnet1",
            "aws_subnet.private_subnet2",
            "data.archive_file.lambda_archives",
            "data.archive_file.rds_layer",
            "data.archive_file.user_auth_layer",
            "data.aws_availability_zones.available",
            "data.aws_vpc.default"
          ],
          "create_before_destroy": true
        },
        {
          "index_key": "history/get_available_history_dates",
          "schema_version": 0,
          "attributes": {
            "cache_key_parameters": [],
            "cache_namespace": "mbjupg",
            "connection_id": "",
            "connection_type": "INTERNET",
            "content_handling": "",
            "credentials": "",
            "http_method": "OPTIONS",
            "id": "agi-buzzzp4ywk-mbjupg-OPTIONS",
            "integration_http_method": "",
            "passthrough_behavior": "WHEN_NO_MATCH",
            "request_parameters": {},
            "request_templates": {
              "application/json": "{\"statusCode\": 200}"
            },
            "resource_id": "mbjupg",
            "rest_api_id": "buzzzp4ywk",
            "timeout_milliseconds": 29000,
            "tls_config": [],
            "type": "MOCK",
            "uri": ""
          },
          "sensitive_attributes": [],
          "identity_schema_version": 0,
          "private": "bnVsbA==",
          "dependencies": [
            "aws_api_gateway_method.options",
            "aws_api_gateway_resource.athletes",
            "aws_api_gateway_resource.coaches",
            "aws_api_gateway_resource.general",
            "aws_api_gateway_resource.graph",
            "aws_api_gateway_resource.history",
            "aws_api_gateway_resource.relations",
            "aws_api_gateway_resource.subresources",
            "aws_api_gateway_rest_api.main",
            "aws_db_instance.default",
            "aws_db_subnet_group.rds_private",
            "aws_iam_role.lambda_role",
            "aws_iam_role_policy_attachment.lambda_rds_auth",
            "aws_lambda_function.lambdas",
            "aws_lambda_layer_version.rds",
            "aws_lambda_layer_version.user_auth",
            "aws_security_group.lambda_sg",
            "aws_subnet.private_subnet1",
            "aws_subnet.private_subnet2",
            "data.archive_file.lambda_archives",
            "data.archive_file.rds_layer",
            "data.archive_file.user_auth_layer",
            "data.aws_availability_zones.available",
            "data.aws_vpc.default"
          ],
          "create_before_destroy": true
        },
        {
          "index_key": "history/get_earliest_date_available",
          "schema_version": 0,
          "attributes": {
            "cache_key_parameters": [],
            "cache_namespace": "p8a8f8",
            "connection_id": "",
            "connection_type": "INTERNET",
            "content_handling": "",
            "credentials": "",
            "http_method": "OPTIONS",
            "id": "agi-buzzzp4ywk-p8a8f8-OPTIONS",
            "integration_http_method": "",
            "passthrough_behavior": "WHEN_NO_MATCH",
            "request_parameters": {},
            "request_templates": {
              "application/json": "{\"statusCode\": 200}"
            },
            "resource_id": "p8a8f8",
            "rest_api_id": "buzzzp4ywk",
            "timeout_milliseconds": 29000,
            "tls_config": [],
            "type": "MOCK",
            "uri": ""
          },
          "sensitive_attributes": [],
          "identity_schema_version": 0,
          "private": "bnVsbA==",
          "dependencies": [
            "aws_api_gateway_method.options",
            "aws_api_gateway_resource.athletes",
            "aws_api_gateway_resource.coaches",
            "aws_api_gateway_resource.general",
            "aws_api_gateway_resource.graph",
            "aws_api_gateway_resource.history",
            "aws_api_gateway_resource.relations",
            "aws_api_gateway_resource.subresources",
            "aws_api_gateway_rest_api.main",
            "aws_db_instance.default",
            "aws_db_subnet_group.rds_private",
            "aws_iam_role.lambda_role",
            "aws_iam_role_policy_attachment.lambda_rds_auth",
            "aws_lambda_function.lambdas",
            "aws_lambda_layer_version.rds",
            "aws_lambda_layer_version.user_auth",
            "aws_security_group.lambda_sg",
            "aws_subnet.private_subnet1",
            "aws_subnet.private_subnet2",
            "data.archive_file.lambda_archives",
            "data.archive_file.rds_layer",
            "data.archive_file.user_auth_layer",
            "data.aws_availability_zones.available",
            "data.aws_vpc.default"
          ],
          "create_before_destroy": true
        },
        {
          "index_key": "relations/add_relation",
          "schema_version": 0,
          "attributes": {
            "cache_key_parameters": [],
            "cache_namespace": "zs7qut",
            "connection_id": "",
            "connection_type": "INTERNET",
            "content_handling": "",
            "credentials": "",
            "http_method": "OPTIONS",
            "id": "agi-buzzzp4ywk-zs7qut-OPTIONS",
            "integration_http_method": "",
            "passthrough_behavior": "WHEN_NO_MATCH",
            "request_parameters": {},
            "request_templates": {
              "application/json": "{\"statusCode\": 200}"
            },
            "resource_id": "zs7qut",
            "rest_api_id": "buzzzp4ywk",
            "timeout_milliseconds": 29000,
            "tls_config": [],
            "type": "MOCK",
            "uri": ""
          },
          "sensitive_attributes": [],
          "identity_schema_version": 0,
          "private": "bnVsbA==",
          "dependencies": [
            "aws_api_gateway_method.options",
            "aws_api_gateway_resource.athletes",
            "aws_api_gateway_resource.coaches",
            "aws_api_gateway_resource.general",
            "aws_api_gateway_resource.graph",
            "aws_api_gateway_resource.history",
            "aws_api_gateway_resource.relations",
            "aws_api_gateway_resource.subresources",
            "aws_api_gateway_rest_api.main",
            "aws_db_instance.default",
            "aws_db_subnet_group.rds_private",
            "aws_iam_role.lambda_role",
            "aws_iam_role_policy_attachment.lambda_rds_auth",
            "aws_lambda_function.lambdas",
            "aws_lambda_layer_version.rds",
            "aws_lambda_layer_version.user_auth",
            "aws_security_group.lambda_sg",
            "aws_subnet.private_subnet1",
            "aws_subnet.private_subnet2",
            "data.archive_file.lambda_archives",
            "data.archive_file.rds_layer",
            "data.archive_file.user_auth_layer",
            "data.aws_availability_zones.available",
            "data.aws_vpc.default"
          ],
          "create_before_destroy": true
        },
        {
          "index_key": "relations/get_mutual_athletes",
          "schema_version": 0,
          "attributes": {
            "cache_key_parameters": [],
            "cache_namespace": "owe3in",
            "connection_id": "",
            "connection_type": "INTERNET",
            "content_handling": "",
            "credentials": "",
            "http_method": "OPTIONS",
            "id": "agi-buzzzp4ywk-owe3in-OPTIONS",
            "integration_http_method": "",
            "passthrough_behavior": "WHEN_NO_MATCH",
            "request_parameters": {},
            "request_templates": {
              "application/json": "{\"statusCode\": 200}"
            },
            "resource_id": "owe3in",
            "rest_api_id": "buzzzp4ywk",
            "timeout_milliseconds": 29000,
            "tls_config": [],
            "type": "MOCK",
            "uri": ""
          },
          "sensitive_attributes": [],
          "identity_schema_version": 0,
          "private": "bnVsbA==",
          "dependencies": [
            "aws_api_gateway_method.options",
            "aws_api_gateway_resource.athletes",
            "aws_api_gateway_resource.coaches",
            "aws_api_gateway_resource.general",
            "aws_api_gateway_resource.graph",
            "aws_api_gateway_resource.history",
            "aws_api_gateway_resource.relations",
            "aws_api_gateway_resource.subresources",
            "aws_api_gateway_rest_api.main",
            "aws_db_instance.default",
            "aws_db_subnet_group.rds_private",
            "aws_iam_role.lambda_role",
            "aws_iam_role_policy_attachment.lambda_rds_auth",
            "aws_lambda_function.lambdas",
            "aws_lambda_layer_version.rds",
            "aws_lambda_layer_version.user_auth",
            "aws_security_group.lambda_sg",
            "aws_subnet.private_subnet1",
            "aws_subnet.private_subnet2",
            "data.archive_file.lambda_archives",
            "data.archive_file.rds_layer",
            "data.archive_file.user_auth_layer",
            "data.aws_availability_zones.available",
            "data.aws_vpc.default"
          ],
          "create_before_destroy": true
        },
        {
          "index_key": "relations/get_mutual_user_relations",
          "schema_version": 0,
          "attributes": {
            "cache_key_parameters": [],
            "cache_namespace": "h1iinp",
            "connection_id": "",
            "connection_type": "INTERNET",
            "content_handling": "",
            "credentials": "",
            "http_method": "OPTIONS",
            "id": "agi-buzzzp4ywk-h1iinp-OPTIONS",
            "integration_http_method": "",
            "passthrough_behavior": "WHEN_NO_MATCH",
            "request_parameters": {},
            "request_templates": {
              "application/json": "{\"statusCode\": 200}"
            },
            "resource_id": "h1iinp",
            "rest_api_id": "buzzzp4ywk",
            "timeout_milliseconds": 29000,
            "tls_config": [],
            "type": "MOCK",
            "uri": ""
          },
          "sensitive_attributes": [],
          "identity_schema_version": 0,
          "private": "bnVsbA==",
          "dependencies": [
            "aws_api_gateway_method.options",
            "aws_api_gateway_resource.athletes",
            "aws_api_gateway_resource.coaches",
            "aws_api_gateway_resource.general",
            "aws_api_gateway_resource.graph",
            "aws_api_gateway_resource.history",
            "aws_api_gateway_resource.relations",
            "aws_api_gateway_resource.subresources",
            "aws_api_gateway_rest_api.main",
            "aws_db_instance.default",
            "aws_db_subnet_group.rds_private",
            "aws_iam_role.lambda_role",
            "aws_iam_role_policy_attachment.lambda_rds_auth",
            "aws_lambda_function.lambdas",
            "aws_lambda_layer_version.rds",
            "aws_lambda_layer_version.user_auth",
            "aws_security_group.lambda_sg",
            "aws_subnet.private_subnet1",
            "aws_subnet.private_subnet2",
            "data.archive_file.lambda_archives",
            "data.archive_file.rds_layer",
            "data.archive_file.user_auth_layer",
            "data.aws_availability_zones.available",
            "data.aws_vpc.default"
          ],
          "create_before_destroy": true
        },
        {
          "index_key": "relations/get_relation_invites",
          "schema_version": 0,
          "attributes": {
            "cache_key_parameters": [],
            "cache_namespace": "q4nprh",
            "connection_id": "",
            "connection_type": "INTERNET",
            "content_handling": "",
            "credentials": "",
            "http_method": "OPTIONS",
            "id": "agi-buzzzp4ywk-q4nprh-OPTIONS",
            "integration_http_method": "",
            "passthrough_behavior": "WHEN_NO_MATCH",
            "request_parameters": {},
            "request_templates": {
              "application/json": "{\"statusCode\": 200}"
            },
            "resource_id": "q4nprh",
            "rest_api_id": "buzzzp4ywk",
            "timeout_milliseconds": 29000,
            "tls_config": [],
            "type": "MOCK",
            "uri": ""
          },
          "sensitive_attributes": [],
          "identity_schema_version": 0,
          "private": "bnVsbA==",
          "dependencies": [
            "aws_api_gateway_method.options",
            "aws_api_gateway_resource.athletes",
            "aws_api_gateway_resource.coaches",
            "aws_api_gateway_resource.general",
            "aws_api_gateway_resource.graph",
            "aws_api_gateway_resource.history",
            "aws_api_gateway_resource.relations",
            "aws_api_gateway_resource.subresources",
            "aws_api_gateway_rest_api.main",
            "aws_db_instance.default",
            "aws_db_subnet_group.rds_private",
            "aws_iam_role.lambda_role",
            "aws_iam_role_policy_attachment.lambda_rds_auth",
            "aws_lambda_function.lambdas",
            "aws_lambda_layer_version.rds",
            "aws_lambda_layer_version.user_auth",
            "aws_security_group.lambda_sg",
            "aws_subnet.private_subnet1",
            "aws_subnet.private_subnet2",
            "data.archive_file.lambda_archives",
            "data.archive_file.rds_layer",
            "data.archive_file.user_auth_layer",
            "data.aws_availability_zones.available",
            "data.aws_vpc.default"
          ],
          "create_before_destroy": true
        },
        {
          "index_key": "relations/get_relation_invites_count",
          "schema_version": 0,
          "attributes": {
            "cache_key_parameters": [],
            "cache_namespace": "7mmdfl",
            "connection_id": "",
            "connection_type": "INTERNET",
            "content_handling": "",
            "credentials": "",
            "http_method": "OPTIONS",
            "id": "agi-buzzzp4ywk-7mmdfl-OPTIONS",
            "integration_http_method": "",
            "passthrough_behavior": "WHEN_NO_MATCH",
            "request_parameters": {},
            "request_templates": {
              "application/json": "{\"statusCode\": 200}"
            },
            "resource_id": "7mmdfl",
            "rest_api_id": "buzzzp4ywk",
            "timeout_milliseconds": 29000,
            "tls_config": [],
            "type": "MOCK",
            "uri": ""
          },
          "sensitive_attributes": [],
          "identity_schema_version": 0,
          "private": "bnVsbA==",
          "dependencies": [
            "aws_api_gateway_method.options",
            "aws_api_gateway_resource.athletes",
            "aws_api_gateway_resource.coaches",
            "aws_api_gateway_resource.general",
            "aws_api_gateway_resource.graph",
            "aws_api_gateway_resource.history",
            "aws_api_gateway_resource.relations",
            "aws_api_gateway_resource.subresources",
            "aws_api_gateway_rest_api.main",
            "aws_db_instance.default",
            "aws_db_subnet_group.rds_private",
            "aws_iam_role.lambda_role",
            "aws_iam_role_policy_attachment.lambda_rds_auth",
            "aws_lambda_function.lambdas",
            "aws_lambda_layer_version.rds",
            "aws_lambda_layer_version.user_auth",
            "aws_security_group.lambda_sg",
            "aws_subnet.private_subnet1",
            "aws_subnet.private_subnet2",
            "data.archive_file.lambda_archives",
            "data.archive_file.rds_layer",
            "data.archive_file.user_auth_layer",
            "data.aws_availability_zones.available",
            "data.aws_vpc.default"
          ],
          "create_before_destroy": true
        },
        {
          "index_key": "relations/remove_user_relation",
          "schema_version": 0,
          "attributes": {
            "cache_key_parameters": [],
            "cache_namespace": "xzk7ie",
            "connection_id": "",
            "connection_type": "INTERNET",
            "content_handling": "",
            "credentials": "",
            "http_method": "OPTIONS",
            "id": "agi-buzzzp4ywk-xzk7ie-OPTIONS",
            "integration_http_method": "",
            "passthrough_behavior": "WHEN_NO_MATCH",
            "request_parameters": {},
            "request_templates": {
              "application/json": "{\"statusCode\": 200}"
            },
            "resource_id": "xzk7ie",
            "rest_api_id": "buzzzp4ywk",
            "timeout_milliseconds": 29000,
            "tls_config": [],
            "type": "MOCK",
            "uri": ""
          },
          "sensitive_attributes": [],
          "identity_schema_version": 0,
          "private": "bnVsbA==",
          "dependencies": [
            "aws_api_gateway_method.options",
            "aws_api_gateway_resource.athletes",
            "aws_api_gateway_resource.coaches",
            "aws_api_gateway_resource.general",
            "aws_api_gateway_resource.graph",
            "aws_api_gateway_resource.history",
            "aws_api_gateway_resource.relations",
            "aws_api_gateway_resource.subresources",
            "aws_api_gateway_rest_api.main",
            "aws_db_instance.default",
            "aws_db_subnet_group.rds_private",
            "aws_iam_role.lambda_role",
            "aws_iam_role_policy_attachment.lambda_rds_auth",
            "aws_lambda_function.lambdas",
            "aws_lambda_layer_version.rds",
            "aws_lambda_layer_version.user_auth",
            "aws_security_group.lambda_sg",
            "aws_subnet.private_subnet1",
            "aws_subnet.private_subnet2",
            "data.archive_file.lambda_archives",
            "data.archive_file.rds_layer",
            "data.archive_file.user_auth_layer",
            "data.aws_availability_zones.available",
            "data.aws_vpc.default"
          ],
          "create_before_destroy": true
        },
        {
          "index_key": "relations/search_user_relation",
          "schema_version": 0,
          "attributes": {
            "cache_key_parameters": [],
            "cache_namespace": "vodnr3",
            "connection_id": "",
            "connection_type": "INTERNET",
            "content_handling": "",
            "credentials": "",
            "http_method": "OPTIONS",
            "id": "agi-buzzzp4ywk-vodnr3-OPTIONS",
            "integration_http_method": "",
            "passthrough_behavior": "WHEN_NO_MATCH",
            "request_parameters": {},
            "request_templates": {
              "application/json": "{\"statusCode\": 200}"
            },
            "resource_id": "vodnr3",
            "rest_api_id": "buzzzp4ywk",
            "timeout_milliseconds": 29000,
            "tls_config": [],
            "type": "MOCK",
            "uri": ""
          },
          "sensitive_attributes": [],
          "identity_schema_version": 0,
          "private": "bnVsbA==",
          "dependencies": [
            "aws_api_gateway_method.options",
            "aws_api_gateway_resource.athletes",
            "aws_api_gateway_resource.coaches",
            "aws_api_gateway_resource.general",
            "aws_api_gateway_resource.graph",
            "aws_api_gateway_resource.history",
            "aws_api_gateway_resource.relations",
            "aws_api_gateway_resource.subresources",
            "aws_api_gateway_rest_api.main",
            "aws_db_instance.default",
            "aws_db_subnet_group.rds_private",
            "aws_iam_role.lambda_role",
            "aws_iam_role_policy_attachment.lambda_rds_auth",
            "aws_lambda_function.lambdas",
            "aws_lambda_layer_version.rds",
            "aws_lambda_layer_version.user_auth",
            "aws_security_group.lambda_sg",
            "aws_subnet.private_subnet1",
            "aws_subnet.private_subnet2",
            "data.archive_file.lambda_archives",
            "data.archive_file.rds_layer",
            "data.archive_file.user_auth_layer",
            "data.aws_availability_zones.available",
            "data.aws_vpc.default"
          ],
          "create_before_destroy": true
        }
      ]
    },
    {
      "mode": "managed",
      "type": "aws_api_gateway_integration_response",
      "name": "options",
      "provider": "provider[\"registry.terraform.io/hashicorp/aws\"]",
      "instances": [
        {
          "index_key": "athletes/input_times",
          "schema_version": 0,
          "attributes": {
            "content_handling": "",
            "http_method": "OPTIONS",
            "id": "agir-buzzzp4ywk-akxhzs-OPTIONS-200",
            "resource_id": "akxhzs",
            "response_parameters": {
              "method.response.header.Access-Control-Allow-Headers": "'Content-Type,X-Amz-Date,Authorization,X-Api-Key,X-Amz-Security-Token'",
              "method.response.header.Access-Control-Allow-Methods": "'GET,POST,PUT,DELETE,OPTIONS'",
              "method.response.header.Access-Control-Allow-Origin": "'*'"
            },
            "response_templates": {},
            "rest_api_id": "buzzzp4ywk",
            "selection_pattern": "",
            "status_code": "200"
          },
          "sensitive_attributes": [],
          "identity_schema_version": 0,
          "private": "bnVsbA==",
          "dependencies": [
            "aws_api_gateway_integration.options",
            "aws_api_gateway_method.options",
            "aws_api_gateway_method_response.options",
            "aws_api_gateway_resource.athletes",
            "aws_api_gateway_resource.coaches",
            "aws_api_gateway_resource.general",
            "aws_api_gateway_resource.graph",
            "aws_api_gateway_resource.history",
            "aws_api_gateway_resource.relations",
            "aws_api_gateway_resource.subresources",
            "aws_api_gateway_rest_api.main",
            "aws_db_instance.default",
            "aws_db_subnet_group.rds_private",
            "aws_iam_role.lambda_role",
            "aws_iam_role_policy_attachment.lambda_rds_auth",
            "aws_lambda_function.lambdas",
            "aws_lambda_layer_version.rds",
            "aws_lambda_layer_version.user_auth",
            "aws_security_group.lambda_sg",
            "aws_subnet.private_subnet1",
            "aws_subnet.private_subnet2",
            "data.archive_file.lambda_archives",
            "data.archive_file.rds_layer",
            "data.archive_file.user_auth_layer",
            "data.aws_availability_zones.available",
            "data.aws_vpc.default"
          ],
          "create_before_destroy": true
        },
        {
          "index_key": "athletes/remove_inputs",
          "schema_version": 0,
          "attributes": {
            "content_handling": "",
            "http_method": "OPTIONS",
            "id": "agir-buzzzp4ywk-6emjgf-OPTIONS-200",
            "resource_id": "6emjgf",
            "response_parameters": {
              "method.response.header.Access-Control-Allow-Headers": "'Content-Type,X-Amz-Date,Authorization,X-Api-Key,X-Amz-Security-Token'",
              "method.response.header.Access-Control-Allow-Methods": "'GET,POST,PUT,DELETE,OPTIONS'",
              "method.response.header.Access-Control-Allow-Origin": "'*'"
            },
            "response_templates": {},
            "rest_api_id": "buzzzp4ywk",
            "selection_pattern": "",
            "status_code": "200"
          },
          "sensitive_attributes": [],
          "identity_schema_version": 0,
          "private": "bnVsbA==",
          "dependencies": [
            "aws_api_gateway_integration.options",
            "aws_api_gateway_method.options",
            "aws_api_gateway_method_response.options",
            "aws_api_gateway_resource.athletes",
            "aws_api_gateway_resource.coaches",
            "aws_api_gateway_resource.general",
            "aws_api_gateway_resource.graph",
            "aws_api_gateway_resource.history",
            "aws_api_gateway_resource.relations",
            "aws_api_gateway_resource.subresources",
            "aws_api_gateway_rest_api.main",
            "aws_db_instance.default",
            "aws_db_subnet_group.rds_private",
            "aws_iam_role.lambda_role",
            "aws_iam_role_policy_attachment.lambda_rds_auth",
            "aws_lambda_function.lambdas",
            "aws_lambda_layer_version.rds",
            "aws_lambda_layer_version.user_auth",
            "aws_security_group.lambda_sg",
            "aws_subnet.private_subnet1",
            "aws_subnet.private_subnet2",
            "data.archive_file.lambda_archives",
            "data.archive_file.rds_layer",
            "data.archive_file.user_auth_layer",
            "data.aws_availability_zones.available",
            "data.aws_vpc.default"
          ],
          "create_before_destroy": true
        },
        {
          "index_key": "athletes/view_workout_inputs",
          "schema_version": 0,
          "attributes": {
            "content_handling": "",
            "http_method": "OPTIONS",
            "id": "agir-buzzzp4ywk-wqltih-OPTIONS-200",
            "resource_id": "wqltih",
            "response_parameters": {
              "method.response.header.Access-Control-Allow-Headers": "'Content-Type,X-Amz-Date,Authorization,X-Api-Key,X-Amz-Security-Token'",
              "method.response.header.Access-Control-Allow-Methods": "'GET,POST,PUT,DELETE,OPTIONS'",
              "method.response.header.Access-Control-Allow-Origin": "'*'"
            },
            "response_templates": {},
            "rest_api_id": "buzzzp4ywk",
            "selection_pattern": "",
            "status_code": "200"
          },
          "sensitive_attributes": [],
          "identity_schema_version": 0,
          "private": "bnVsbA==",
          "dependencies": [
            "aws_api_gateway_integration.options",
            "aws_api_gateway_method.options",
            "aws_api_gateway_method_response.options",
            "aws_api_gateway_resource.athletes",
            "aws_api_gateway_resource.coaches",
            "aws_api_gateway_resource.general",
            "aws_api_gateway_resource.graph",
            "aws_api_gateway_resource.history",
            "aws_api_gateway_resource.relations",
            "aws_api_gateway_resource.subresources",
            "aws_api_gateway_rest_api.main",
            "aws_db_instance.default",
            "aws_db_subnet_group.rds_private",
            "aws_iam_role.lambda_role",
            "aws_iam_role_policy_attachment.lambda_rds_auth",
            "aws_lambda_function.lambdas",
            "aws_lambda_layer_version.rds",
            "aws_lambda_layer_version.user_auth",
            "aws_security_group.lambda_sg",
            "aws_subnet.private_subnet1",
            "aws_subnet.private_subnet2",
            "data.archive_file.lambda_archives",
            "data.archive_file.rds_layer",
            "data.archive_file.user_auth_layer",
            "data.aws_availability_zones.available",
            "data.aws_vpc.default"
          ],
          "create_before_destroy": true
        },
        {
          "index_key": "general/create_user",
          "schema_version": 0,
          "attributes": {
            "content_handling": "",
            "http_method": "OPTIONS",
            "id": "agir-buzzzp4ywk-3ux4l0-OPTIONS-200",
            "resource_id": "3ux4l0",
            "response_parameters": {
              "method.response.header.Access-Control-Allow-Headers": "'Content-Type,X-Amz-Date,Authorization,X-Api-Key,X-Amz-Security-Token'",
              "method.response.header.Access-Control-Allow-Methods": "'GET,POST,PUT,DELETE,OPTIONS'",
              "method.response.header.Access-Control-Allow-Origin": "'*'"
            },
            "response_templates": {},
            "rest_api_id": "buzzzp4ywk",
            "selection_pattern": "",
            "status_code": "200"
          },
          "sensitive_attributes": [],
          "identity_schema_version": 0,
          "private": "bnVsbA==",
          "dependencies": [
            "aws_api_gateway_integration.options",
            "aws_api_gateway_method.options",
            "aws_api_gateway_method_response.options",
            "aws_api_gateway_resource.athletes",
            "aws_api_gateway_resource.coaches",
            "aws_api_gateway_resource.general",
            "aws_api_gateway_resource.graph",
            "aws_api_gateway_resource.history",
            "aws_api_gateway_resource.relations",
            "aws_api_gateway_resource.subresources",
            "aws_api_gateway_rest_api.main",
            "aws_db_instance.default",
            "aws_db_subnet_group.rds_private",
            "aws_iam_role.lambda_role",
            "aws_iam_role_policy_attachment.lambda_rds_auth",
            "aws_lambda_function.lambdas",
            "aws_lambda_layer_version.rds",
            "aws_lambda_layer_version.user_auth",
            "aws_security_group.lambda_sg",
            "aws_subnet.private_subnet1",
            "aws_subnet.private_subnet2",
            "data.archive_file.lambda_archives",
            "data.archive_file.rds_layer",
            "data.archive_file.user_auth_layer",
            "data.aws_availability_zones.available",
            "data.aws_vpc.default"
          ],
          "create_before_destroy": true
        },
        {
          "index_key": "general/generate_presigned_s3_url",
          "schema_version": 0,
          "attributes": {
            "content_handling": "",
            "http_method": "OPTIONS",
            "id": "agir-buzzzp4ywk-j1jy8m-OPTIONS-200",
            "resource_id": "j1jy8m",
            "response_parameters": {
              "method.response.header.Access-Control-Allow-Headers": "'Content-Type,X-Amz-Date,Authorization,X-Api-Key,X-Amz-Security-Token'",
              "method.response.header.Access-Control-Allow-Methods": "'GET,POST,PUT,DELETE,OPTIONS'",
              "method.response.header.Access-Control-Allow-Origin": "'*'"
            },
            "response_templates": {},
            "rest_api_id": "buzzzp4ywk",
            "selection_pattern": "",
            "status_code": "200"
          },
          "sensitive_attributes": [],
          "identity_schema_version": 0,
          "private": "bnVsbA==",
          "dependencies": [
            "aws_api_gateway_integration.options",
            "aws_api_gateway_method.options",
            "aws_api_gateway_method_response.options",
            "aws_api_gateway_resource.athletes",
            "aws_api_gateway_resource.coaches",
            "aws_api_gateway_resource.general",
            "aws_api_gateway_resource.graph",
            "aws_api_gateway_resource.history",
            "aws_api_gateway_resource.relations",
            "aws_api_gateway_resource.subresources",
            "aws_api_gateway_rest_api.main",
            "aws_db_instance.default",
            "aws_db_subnet_group.rds_private",
            "aws_iam_role.lambda_role",
            "aws_iam_role_policy_attachment.lambda_rds_auth",
            "aws_lambda_function.lambdas",
            "aws_lambda_layer_version.rds",
            "aws_lambda_layer_version.user_auth",
            "aws_security_group.lambda_sg",
            "aws_subnet.private_subnet1",
            "aws_subnet.private_subnet2",
            "data.archive_file.lambda_archives",
            "data.archive_file.rds_layer",
            "data.archive_file.user_auth_layer",
            "data.aws_availability_zones.available",
            "data.aws_vpc.default"
          ],
          "create_before_destroy": true
        },
        {
          "index_key": "general/get_mutual_inputs",
          "schema_version": 0,
          "attributes": {
            "content_handling": "",
            "http_method": "OPTIONS",
            "id": "agir-buzzzp4ywk-dnnf27-OPTIONS-200",
            "resource_id": "dnnf27",
            "response_parameters": {
              "method.response.header.Access-Control-Allow-Headers": "'Content-Type,X-Amz-Date,Authorization,X-Api-Key,X-Amz-Security-Token'",
              "method.response.header.Access-Control-Allow-Methods": "'GET,POST,PUT,DELETE,OPTIONS'",
              "method.response.header.Access-Control-Allow-Origin": "'*'"
            },
            "response_templates": {},
            "rest_api_id": "buzzzp4ywk",
            "selection_pattern": "",
            "status_code": "200"
          },
          "sensitive_attributes": [],
          "identity_schema_version": 0,
          "private": "bnVsbA==",
          "dependencies": [
            "aws_api_gateway_integration.options",
            "aws_api_gateway_method.options",
            "aws_api_gateway_method_response.options",
            "aws_api_gateway_resource.athletes",
            "aws_api_gateway_resource.coaches",
            "aws_api_gateway_resource.general",
            "aws_api_gateway_resource.graph",
            "aws_api_gateway_resource.history",
            "aws_api_gateway_resource.relations",
            "aws_api_gateway_resource.subresources",
            "aws_api_gateway_rest_api.main",
            "aws_db_instance.default",
            "aws_db_subnet_group.rds_private",
            "aws_iam_role.lambda_role",
            "aws_iam_role_policy_attachment.lambda_rds_auth",
            "aws_lambda_function.lambdas",
            "aws_lambda_layer_version.rds",
            "aws_lambda_layer_version.user_auth",
            "aws_security_group.lambda_sg",
            "aws_subnet.private_subnet1",
            "aws_subnet.private_subnet2",
            "data.archive_file.lambda_archives",
            "data.archive_file.rds_layer",
            "data.archive_file.user_auth_layer",
            "data.aws_availability_zones.available",
            "data.aws_vpc.default"
          ],
          "create_before_destroy": true
        },
        {
          "index_key": "general/get_user",
          "schema_version": 0,
          "attributes": {
            "content_handling": "",
            "http_method": "OPTIONS",
            "id": "agir-buzzzp4ywk-ofzmk1-OPTIONS-200",
            "resource_id": "ofzmk1",
            "response_parameters": {
              "method.response.header.Access-Control-Allow-Headers": "'Content-Type,X-Amz-Date,Authorization,X-Api-Key,X-Amz-Security-Token'",
              "method.response.header.Access-Control-Allow-Methods": "'GET,POST,PUT,DELETE,OPTIONS'",
              "method.response.header.Access-Control-Allow-Origin": "'*'"
            },
            "response_templates": {},
            "rest_api_id": "buzzzp4ywk",
            "selection_pattern": "",
            "status_code": "200"
          },
          "sensitive_attributes": [],
          "identity_schema_version": 0,
          "private": "bnVsbA==",
          "dependencies": [
            "aws_api_gateway_integration.options",
            "aws_api_gateway_method.options",
            "aws_api_gateway_method_response.options",
            "aws_api_gateway_resource.athletes",
            "aws_api_gateway_resource.coaches",
            "aws_api_gateway_resource.general",
            "aws_api_gateway_resource.graph",
            "aws_api_gateway_resource.history",
            "aws_api_gateway_resource.relations",
            "aws_api_gateway_resource.subresources",
            "aws_api_gateway_rest_api.main",
            "aws_db_instance.default",
            "aws_db_subnet_group.rds_private",
            "aws_iam_role.lambda_role",
            "aws_iam_role_policy_attachment.lambda_rds_auth",
            "aws_lambda_function.lambdas",
            "aws_lambda_layer_version.rds",
            "aws_lambda_layer_version.user_auth",
            "aws_security_group.lambda_sg",
            "aws_subnet.private_subnet1",
            "aws_subnet.private_subnet2",
            "data.archive_file.lambda_archives",
            "data.archive_file.rds_layer",
            "data.archive_file.user_auth_layer",
            "data.aws_availability_zones.available",
            "data.aws_vpc.default"
          ],
          "create_before_destroy": true
        },
        {
          "index_key": "general/mass_input",
          "schema_version": 0,
          "attributes": {
            "content_handling": "",
            "http_method": "OPTIONS",
            "id": "agir-buzzzp4ywk-ozp6d8-OPTIONS-200",
            "resource_id": "ozp6d8",
            "response_parameters": {
              "method.response.header.Access-Control-Allow-Headers": "'Content-Type,X-Amz-Date,Authorization,X-Api-Key,X-Amz-Security-Token'",
              "method.response.header.Access-Control-Allow-Methods": "'GET,POST,PUT,DELETE,OPTIONS'",
              "method.response.header.Access-Control-Allow-Origin": "'*'"
            },
            "response_templates": {},
            "rest_api_id": "buzzzp4ywk",
            "selection_pattern": "",
            "status_code": "200"
          },
          "sensitive_attributes": [],
          "identity_schema_version": 0,
          "private": "bnVsbA==",
          "dependencies": [
            "aws_api_gateway_integration.options",
            "aws_api_gateway_method.options",
            "aws_api_gateway_method_response.options",
            "aws_api_gateway_resource.athletes",
            "aws_api_gateway_resource.coaches",
            "aws_api_gateway_resource.general",
            "aws_api_gateway_resource.graph",
            "aws_api_gateway_resource.history",
            "aws_api_gateway_resource.relations",
            "aws_api_gateway_resource.subresources",
            "aws_api_gateway_rest_api.main",
            "aws_db_instance.default",
            "aws_db_subnet_group.rds_private",
            "aws_iam_role.lambda_role",
            "aws_iam_role_policy_attachment.lambda_rds_auth",
            "aws_lambda_function.lambdas",
            "aws_lambda_layer_version.rds",
            "aws_lambda_layer_version.user_auth",
            "aws_security_group.lambda_sg",
            "aws_subnet.private_subnet1",
            "aws_subnet.private_subnet2",
            "data.archive_file.lambda_archives",
            "data.archive_file.rds_layer",
            "data.archive_file.user_auth_layer",
            "data.aws_availability_zones.available",
            "data.aws_vpc.default"
          ],
          "create_before_destroy": true
        },
        {
          "index_key": "general/update_user_profile",
          "schema_version": 0,
          "attributes": {
            "content_handling": "",
            "http_method": "OPTIONS",
            "id": "agir-buzzzp4ywk-82va20-OPTIONS-200",
            "resource_id": "82va20",
            "response_parameters": {
              "method.response.header.Access-Control-Allow-Headers": "'Content-Type,X-Amz-Date,Authorization,X-Api-Key,X-Amz-Security-Token'",
              "method.response.header.Access-Control-Allow-Methods": "'GET,POST,PUT,DELETE,OPTIONS'",
              "method.response.header.Access-Control-Allow-Origin": "'*'"
            },
            "response_templates": {},
            "rest_api_id": "buzzzp4ywk",
            "selection_pattern": "",
            "status_code": "200"
          },
          "sensitive_attributes": [],
          "identity_schema_version": 0,
          "private": "bnVsbA==",
          "dependencies": [
            "aws_api_gateway_integration.options",
            "aws_api_gateway_method.options",
            "aws_api_gateway_method_response.options",
            "aws_api_gateway_resource.athletes",
            "aws_api_gateway_resource.coaches",
            "aws_api_gateway_resource.general",
            "aws_api_gateway_resource.graph",
            "aws_api_gateway_resource.history",
            "aws_api_gateway_resource.relations",
            "aws_api_gateway_resource.subresources",
            "aws_api_gateway_rest_api.main",
            "aws_db_instance.default",
            "aws_db_subnet_group.rds_private",
            "aws_iam_role.lambda_role",
            "aws_iam_role_policy_attachment.lambda_rds_auth",
            "aws_lambda_function.lambdas",
            "aws_lambda_layer_version.rds",
            "aws_lambda_layer_version.user_auth",
            "aws_security_group.lambda_sg",
            "aws_subnet.private_subnet1",
            "aws_subnet.private_subnet2",
            "data.archive_file.lambda_archives",
            "data.archive_file.rds_layer",
            "data.archive_file.user_auth_layer",
            "data.aws_availability_zones.available",
            "data.aws_vpc.default"
          ],
          "create_before_destroy": true
        },
        {
          "index_key": "graph/get_avg_velocity",
          "schema_version": 0,
          "attributes": {
            "content_handling": "",
            "http_method": "OPTIONS",
            "id": "agir-buzzzp4ywk-0bywl5-OPTIONS-200",
            "resource_id": "0bywl5",
            "response_parameters": {
              "method.response.header.Access-Control-Allow-Headers": "'Content-Type,X-Amz-Date,Authorization,X-Api-Key,X-Amz-Security-Token'",
              "method.response.header.Access-Control-Allow-Methods": "'GET,POST,PUT,DELETE,OPTIONS'",
              "method.response.header.Access-Control-Allow-Origin": "'*'"
            },
            "response_templates": {},
            "rest_api_id": "buzzzp4ywk",
            "selection_pattern": "",
            "status_code": "200"
          },
          "sensitive_attributes": [],
          "identity_schema_version": 0,
          "private": "bnVsbA==",
          "dependencies": [
            "aws_api_gateway_integration.options",
            "aws_api_gateway_method.options",
            "aws_api_gateway_method_response.options",
            "aws_api_gateway_resource.athletes",
            "aws_api_gateway_resource.coaches",
            "aws_api_gateway_resource.general",
            "aws_api_gateway_resource.graph",
            "aws_api_gateway_resource.history",
            "aws_api_gateway_resource.relations",
            "aws_api_gateway_resource.subresources",
            "aws_api_gateway_rest_api.main",
            "aws_db_instance.default",
            "aws_db_subnet_group.rds_private",
            "aws_iam_role.lambda_role",
            "aws_iam_role_policy_attachment.lambda_rds_auth",
            "aws_lambda_function.lambdas",
            "aws_lambda_layer_version.rds",
            "aws_lambda_layer_version.user_auth",
            "aws_security_group.lambda_sg",
            "aws_subnet.private_subnet1",
            "aws_subnet.private_subnet2",
            "data.archive_file.lambda_archives",
            "data.archive_file.rds_layer",
            "data.archive_file.user_auth_layer",
            "data.aws_availability_zones.available",
            "data.aws_vpc.default"
          ],
          "create_before_destroy": true
        },
        {
          "index_key": "graph/get_work_rest_ratio",
          "schema_version": 0,
          "attributes": {
            "content_handling": "",
            "http_method": "OPTIONS",
            "id": "agir-buzzzp4ywk-uxymbx-OPTIONS-200",
            "resource_id": "uxymbx",
            "response_parameters": {
              "method.response.header.Access-Control-Allow-Headers": "'Content-Type,X-Amz-Date,Authorization,X-Api-Key,X-Amz-Security-Token'",
              "method.response.header.Access-Control-Allow-Methods": "'GET,POST,PUT,DELETE,OPTIONS'",
              "method.response.header.Access-Control-Allow-Origin": "'*'"
            },
            "response_templates": {},
            "rest_api_id": "buzzzp4ywk",
            "selection_pattern": "",
            "status_code": "200"
          },
          "sensitive_attributes": [],
          "identity_schema_version": 0,
          "private": "bnVsbA==",
          "dependencies": [
            "aws_api_gateway_integration.options",
            "aws_api_gateway_method.options",
            "aws_api_gateway_method_response.options",
            "aws_api_gateway_resource.athletes",
            "aws_api_gateway_resource.coaches",
            "aws_api_gateway_resource.general",
            "aws_api_gateway_resource.graph",
            "aws_api_gateway_resource.history",
            "aws_api_gateway_resource.relations",
            "aws_api_gateway_resource.subresources",
            "aws_api_gateway_rest_api.main",
            "aws_db_instance.default",
            "aws_db_subnet_group.rds_private",
            "aws_iam_role.lambda_role",
            "aws_iam_role_policy_attachment.lambda_rds_auth",
            "aws_lambda_function.lambdas",
            "aws_lambda_layer_version.rds",
            "aws_lambda_layer_version.user_auth",
            "aws_security_group.lambda_sg",
            "aws_subnet.private_subnet1",
            "aws_subnet.private_subnet2",
            "data.archive_file.lambda_archives",
            "data.archive_file.rds_layer",
            "data.archive_file.user_auth_layer",
            "data.aws_availability_zones.available",
            "data.aws_vpc.default"
          ],
          "create_before_destroy": true
        },
        {
          "index_key": "history/fetch_historical_data",
          "schema_version": 0,
          "attributes": {
            "content_handling": "",
            "http_method": "OPTIONS",
            "id": "agir-buzzzp4ywk-ax5rm1-OPTIONS-200",
            "resource_id": "ax5rm1",
            "response_parameters": {
              "method.response.header.Access-Control-Allow-Headers": "'Content-Type,X-Amz-Date,Authorization,X-Api-Key,X-Amz-Security-Token'",
              "method.response.header.Access-Control-Allow-Methods": "'GET,POST,PUT,DELETE,OPTIONS'",
              "method.response.header.Access-Control-Allow-Origin": "'*'"
            },
            "response_templates": {},
            "rest_api_id": "buzzzp4ywk",
            "selection_pattern": "",
            "status_code": "200"
          },
          "sensitive_attributes": [],
          "identity_schema_version": 0,
          "private": "bnVsbA==",
          "dependencies": [
            "aws_api_gateway_integration.options",
            "aws_api_gateway_method.options",
            "aws_api_gateway_method_response.options",
            "aws_api_gateway_resource.athletes",
            "aws_api_gateway_resource.coaches",
            "aws_api_gateway_resource.general",
            "aws_api_gateway_resource.graph",
            "aws_api_gateway_resource.history",
            "aws_api_gateway_resource.relations",
            "aws_api_gateway_resource.subresources",
            "aws_api_gateway_rest_api.main",
            "aws_db_instance.default",
            "aws_db_subnet_group.rds_private",
            "aws_iam_role.lambda_role",
            "aws_iam_role_policy_attachment.lambda_rds_auth",
            "aws_lambda_function.lambdas",
            "aws_lambda_layer_version.rds",
            "aws_lambda_layer_version.user_auth",
            "aws_security_group.lambda_sg",
            "aws_subnet.private_subnet1",
            "aws_subnet.private_subnet2",
            "data.archive_file.lambda_archives",
            "data.archive_file.rds_layer",
            "data.archive_file.user_auth_layer",
            "data.aws_availability_zones.available",
            "data.aws_vpc.default"
          ],
          "create_before_destroy": true
        },
        {
          "index_key": "history/get_available_history_dates",
          "schema_version": 0,
          "attributes": {
            "content_handling": "",
            "http_method": "OPTIONS",
            "id": "agir-buzzzp4ywk-mbjupg-OPTIONS-200",
            "resource_id": "mbjupg",
            "response_parameters": {
              "method.response.header.Access-Control-Allow-Headers": "'Content-Type,X-Amz-Date,Authorization,X-Api-Key,X-Amz-Security-Token'",
              "method.response.header.Access-Control-Allow-Methods": "'GET,POST,PUT,DELETE,OPTIONS'",
              "method.response.header.Access-Control-Allow-Origin": "'*'"
            },
            "response_templates": {},
            "rest_api_id": "buzzzp4ywk",
            "selection_pattern": "",
            "status_code": "200"
          },
          "sensitive_attributes": [],
          "identity_schema_version": 0,
          "private": "bnVsbA==",
          "dependencies": [
            "aws_api_gateway_integration.options",
            "aws_api_gateway_method.options",
            "aws_api_gateway_method_response.options",
            "aws_api_gateway_resource.athletes",
            "aws_api_gateway_resource.coaches",
            "aws_api_gateway_resource.general",
            "aws_api_gateway_resource.graph",
            "aws_api_gateway_resource.history",
            "aws_api_gateway_resource.relations",
            "aws_api_gateway_resource.subresources",
            "aws_api_gateway_rest_api.main",
            "aws_db_instance.default",
            "aws_db_subnet_group.rds_private",
            "aws_iam_role.lambda_role",
            "aws_iam_role_policy_attachment.lambda_rds_auth",
            "aws_lambda_function.lambdas",
            "aws_lambda_layer_version.rds",
            "aws_lambda_layer_version.user_auth",
            "aws_security_group.lambda_sg",
            "aws_subnet.private_subnet1",
            "aws_subnet.private_subnet2",
            "data.archive_file.lambda_archives",
            "data.archive_file.rds_layer",
            "data.archive_file.user_auth_layer",
            "data.aws_availability_zones.available",
            "data.aws_vpc.default"
          ],
          "create_before_destroy": true
        },
        {
          "index_key": "history/get_earliest_date_available",
          "schema_version": 0,
          "attributes": {
            "content_handling": "",
            "http_method": "OPTIONS",
            "id": "agir-buzzzp4ywk-p8a8f8-OPTIONS-200",
            "resource_id": "p8a8f8",
            "response_parameters": {
              "method.response.header.Access-Control-Allow-Headers": "'Content-Type,X-Amz-Date,Authorization,X-Api-Key,X-Amz-Security-Token'",
              "method.response.header.Access-Control-Allow-Methods": "'GET,POST,PUT,DELETE,OPTIONS'",
              "method.response.header.Access-Control-Allow-Origin": "'*'"
            },
            "response_templates": {},
            "rest_api_id": "buzzzp4ywk",
            "selection_pattern": "",
            "status_code": "200"
          },
          "sensitive_attributes": [],
          "identity_schema_version": 0,
          "private": "bnVsbA==",
          "dependencies": [
            "aws_api_gateway_integration.options",
            "aws_api_gateway_method.options",
            "aws_api_gateway_method_response.options",
            "aws_api_gateway_resource.athletes",
            "aws_api_gateway_resource.coaches",
            "aws_api_gateway_resource.general",
            "aws_api_gateway_resource.graph",
            "aws_api_gateway_resource.history",
            "aws_api_gateway_resource.relations",
            "aws_api_gateway_resource.subresources",
            "aws_api_gateway_rest_api.main",
            "aws_db_instance.default",
            "aws_db_subnet_group.rds_private",
            "aws_iam_role.lambda_role",
            "aws_iam_role_policy_attachment.lambda_rds_auth",
            "aws_lambda_function.lambdas",
            "aws_lambda_layer_version.rds",
            "aws_lambda_layer_version.user_auth",
            "aws_security_group.lambda_sg",
            "aws_subnet.private_subnet1",
            "aws_subnet.private_subnet2",
            "data.archive_file.lambda_archives",
            "data.archive_file.rds_layer",
            "data.archive_file.user_auth_layer",
            "data.aws_availability_zones.available",
            "data.aws_vpc.default"
          ],
          "create_before_destroy": true
        },
        {
          "index_key": "relations/add_relation",
          "schema_version": 0,
          "attributes": {
            "content_handling": "",
            "http_method": "OPTIONS",
            "id": "agir-buzzzp4ywk-zs7qut-OPTIONS-200",
            "resource_id": "zs7qut",
            "response_parameters": {
              "method.response.header.Access-Control-Allow-Headers": "'Content-Type,X-Amz-Date,Authorization,X-Api-Key,X-Amz-Security-Token'",
              "method.response.header.Access-Control-Allow-Methods": "'GET,POST,PUT,DELETE,OPTIONS'",
              "method.response.header.Access-Control-Allow-Origin": "'*'"
            },
            "response_templates": {},
            "rest_api_id": "buzzzp4ywk",
            "selection_pattern": "",
            "status_code": "200"
          },
          "sensitive_attributes": [],
          "identity_schema_version": 0,
          "private": "bnVsbA==",
          "dependencies": [
            "aws_api_gateway_integration.options",
            "aws_api_gateway_method.options",
            "aws_api_gateway_method_response.options",
            "aws_api_gateway_resource.athletes",
            "aws_api_gateway_resource.coaches",
            "aws_api_gateway_resource.general",
            "aws_api_gateway_resource.graph",
            "aws_api_gateway_resource.history",
            "aws_api_gateway_resource.relations",
            "aws_api_gateway_resource.subresources",
            "aws_api_gateway_rest_api.main",
            "aws_db_instance.default",
            "aws_db_subnet_group.rds_private",
            "aws_iam_role.lambda_role",
            "aws_iam_role_policy_attachment.lambda_rds_auth",
            "aws_lambda_function.lambdas",
            "aws_lambda_layer_version.rds",
            "aws_lambda_layer_version.user_auth",
            "aws_security_group.lambda_sg",
            "aws_subnet.private_subnet1",
            "aws_subnet.private_subnet2",
            "data.archive_file.lambda_archives",
            "data.archive_file.rds_layer",
            "data.archive_file.user_auth_layer",
            "data.aws_availability_zones.available",
            "data.aws_vpc.default"
          ],
          "create_before_destroy": true
        },
        {
          "index_key": "relations/get_mutual_athletes",
          "schema_version": 0,
          "attributes": {
            "content_handling": "",
            "http_method": "OPTIONS",
            "id": "agir-buzzzp4ywk-owe3in-OPTIONS-200",
            "resource_id": "owe3in",
            "response_parameters": {
              "method.response.header.Access-Control-Allow-Headers": "'Content-Type,X-Amz-Date,Authorization,X-Api-Key,X-Amz-Security-Token'",
              "method.response.header.Access-Control-Allow-Methods": "'GET,POST,PUT,DELETE,OPTIONS'",
              "method.response.header.Access-Control-Allow-Origin": "'*'"
            },
            "response_templates": {},
            "rest_api_id": "buzzzp4ywk",
            "selection_pattern": "",
            "status_code": "200"
          },
          "sensitive_attributes": [],
          "identity_schema_version": 0,
          "private": "bnVsbA==",
          "dependencies": [
            "aws_api_gateway_integration.options",
            "aws_api_gateway_method.options",
            "aws_api_gateway_method_response.options",
            "aws_api_gateway_resource.athletes",
            "aws_api_gateway_resource.coaches",
            "aws_api_gateway_resource.general",
            "aws_api_gateway_resource.graph",
            "aws_api_gateway_resource.history",
            "aws_api_gateway_resource.relations",
            "aws_api_gateway_resource.subresources",
            "aws_api_gateway_rest_api.main",
            "aws_db_instance.default",
            "aws_db_subnet_group.rds_private",
            "aws_iam_role.lambda_role",
            "aws_iam_role_policy_attachment.lambda_rds_auth",
            "aws_lambda_function.lambdas",
            "aws_lambda_layer_version.rds",
            "aws_lambda_layer_version.user_auth",
            "aws_security_group.lambda_sg",
            "aws_subnet.private_subnet1",
            "aws_subnet.private_subnet2",
            "data.archive_file.lambda_archives",
            "data.archive_file.rds_layer",
            "data.archive_file.user_auth_layer",
            "data.aws_availability_zones.available",
            "data.aws_vpc.default"
          ],
          "create_before_destroy": true
        },
        {
          "index_key": "relations/get_mutual_user_relations",
          "schema_version": 0,
          "attributes": {
            "content_handling": "",
            "http_method": "OPTIONS",
            "id": "agir-buzzzp4ywk-h1iinp-OPTIONS-200",
            "resource_id": "h1iinp",
            "response_parameters": {
              "method.response.header.Access-Control-Allow-Headers": "'Content-Type,X-Amz-Date,Authorization,X-Api-Key,X-Amz-Security-Token'",
              "method.response.header.Access-Control-Allow-Methods": "'GET,POST,PUT,DELETE,OPTIONS'",
              "method.response.header.Access-Control-Allow-Origin": "'*'"
            },
            "response_templates": {},
            "rest_api_id": "buzzzp4ywk",
            "selection_pattern": "",
            "status_code": "200"
          },
          "sensitive_attributes": [],
          "identity_schema_version": 0,
          "private": "bnVsbA==",
          "dependencies": [
            "aws_api_gateway_integration.options",
            "aws_api_gateway_method.options",
            "aws_api_gateway_method_response.options",
            "aws_api_gateway_resource.athletes",
            "aws_api_gateway_resource.coaches",
            "aws_api_gateway_resource.general",
            "aws_api_gateway_resource.graph",
            "aws_api_gateway_resource.history",
            "aws_api_gateway_resource.relations",
            "aws_api_gateway_resource.subresources",
            "aws_api_gateway_rest_api.main",
            "aws_db_instance.default",
            "aws_db_subnet_group.rds_private",
            "aws_iam_role.lambda_role",
            "aws_iam_role_policy_attachment.lambda_rds_auth",
            "aws_lambda_function.lambdas",
            "aws_lambda_layer_version.rds",
            "aws_lambda_layer_version.user_auth",
            "aws_security_group.lambda_sg",
            "aws_subnet.private_subnet1",
            "aws_subnet.private_subnet2",
            "data.archive_file.lambda_archives",
            "data.archive_file.rds_layer",
            "data.archive_file.user_auth_layer",
            "data.aws_availability_zones.available",
            "data.aws_vpc.default"
          ],
          "create_before_destroy": true
        },
        {
          "index_key": "relations/get_relation_invites",
          "schema_version": 0,
          "attributes": {
            "content_handling": "",
            "http_method": "OPTIONS",
            "id": "agir-buzzzp4ywk-q4nprh-OPTIONS-200",
            "resource_id": "q4nprh",
            "response_parameters": {
              "method.response.header.Access-Control-Allow-Headers": "'Content-Type,X-Amz-Date,Authorization,X-Api-Key,X-Amz-Security-Token'",
              "method.response.header.Access-Control-Allow-Methods": "'GET,POST,PUT,DELETE,OPTIONS'",
              "method.response.header.Access-Control-Allow-Origin": "'*'"
            },
            "response_templates": {},
            "rest_api_id": "buzzzp4ywk",
            "selection_pattern": "",
            "status_code": "200"
          },
          "sensitive_attributes": [],
          "identity_schema_version": 0,
          "private": "bnVsbA==",
          "dependencies": [
            "aws_api_gateway_integration.options",
            "aws_api_gateway_method.options",
            "aws_api_gateway_method_response.options",
            "aws_api_gateway_resource.athletes",
            "aws_api_gateway_resource.coaches",
            "aws_api_gateway_resource.general",
            "aws_api_gateway_resource.graph",
            "aws_api_gateway_resource.history",
            "aws_api_gateway_resource.relations",
            "aws_api_gateway_resource.subresources",
            "aws_api_gateway_rest_api.main",
            "aws_db_instance.default",
            "aws_db_subnet_group.rds_private",
            "aws_iam_role.lambda_role",
            "aws_iam_role_policy_attachment.lambda_rds_auth",
            "aws_lambda_function.lambdas",
            "aws_lambda_layer_version.rds",
            "aws_lambda_layer_version.user_auth",
            "aws_security_group.lambda_sg",
            "aws_subnet.private_subnet1",
            "aws_subnet.private_subnet2",
            "data.archive_file.lambda_archives",
            "data.archive_file.rds_layer",
            "data.archive_file.user_auth_layer",
            "data.aws_availability_zones.available",
            "data.aws_vpc.default"
          ],
          "create_before_destroy": true
        },
        {
          "index_key": "relations/get_relation_invites_count",
          "schema_version": 0,
          "attributes": {
            "content_handling": "",
            "http_method": "OPTIONS",
            "id": "agir-buzzzp4ywk-7mmdfl-OPTIONS-200",
            "resource_id": "7mmdfl",
            "response_parameters": {
              "method.response.header.Access-Control-Allow-Headers": "'Content-Type,X-Amz-Date,Authorization,X-Api-Key,X-Amz-Security-Token'",
              "method.response.header.Access-Control-Allow-Methods": "'GET,POST,PUT,DELETE,OPTIONS'",
              "method.response.header.Access-Control-Allow-Origin": "'*'"
            },
            "response_templates": {},
            "rest_api_id": "buzzzp4ywk",
            "selection_pattern": "",
            "status_code": "200"
          },
          "sensitive_attributes": [],
          "identity_schema_version": 0,
          "private": "bnVsbA==",
          "dependencies": [
            "aws_api_gateway_integration.options",
            "aws_api_gateway_method.options",
            "aws_api_gateway_method_response.options",
            "aws_api_gateway_resource.athletes",
            "aws_api_gateway_resource.coaches",
            "aws_api_gateway_resource.general",
            "aws_api_gateway_resource.graph",
            "aws_api_gateway_resource.history",
            "aws_api_gateway_resource.relations",
            "aws_api_gateway_resource.subresources",
            "aws_api_gateway_rest_api.main",
            "aws_db_instance.default",
            "aws_db_subnet_group.rds_private",
            "aws_iam_role.lambda_role",
            "aws_iam_role_policy_attachment.lambda_rds_auth",
            "aws_lambda_function.lambdas",
            "aws_lambda_layer_version.rds",
            "aws_lambda_layer_version.user_auth",
            "aws_security_group.lambda_sg",
            "aws_subnet.private_subnet1",
            "aws_subnet.private_subnet2",
            "data.archive_file.lambda_archives",
            "data.archive_file.rds_layer",
            "data.archive_file.user_auth_layer",
            "data.aws_availability_zones.available",
            "data.aws_vpc.default"
          ],
          "create_before_destroy": true
        },
        {
          "index_key": "relations/remove_user_relation",
          "schema_version": 0,
          "attributes": {
            "content_handling": "",
            "http_method": "OPTIONS",
            "id": "agir-buzzzp4ywk-xzk7ie-OPTIONS-200",
            "resource_id": "xzk7ie",
            "response_parameters": {
              "method.response.header.Access-Control-Allow-Headers": "'Content-Type,X-Amz-Date,Authorization,X-Api-Key,X-Amz-Security-Token'",
              "method.response.header.Access-Control-Allow-Methods": "'GET,POST,PUT,DELETE,OPTIONS'",
              "method.response.header.Access-Control-Allow-Origin": "'*'"
            },
            "response_templates": {},
            "rest_api_id": "buzzzp4ywk",
            "selection_pattern": "",
            "status_code": "200"
          },
          "sensitive_attributes": [],
          "identity_schema_version": 0,
          "private": "bnVsbA==",
          "dependencies": [
            "aws_api_gateway_integration.options",
            "aws_api_gateway_method.options",
            "aws_api_gateway_method_response.options",
            "aws_api_gateway_resource.athletes",
            "aws_api_gateway_resource.coaches",
            "aws_api_gateway_resource.general",
            "aws_api_gateway_resource.graph",
            "aws_api_gateway_resource.history",
            "aws_api_gateway_resource.relations",
            "aws_api_gateway_resource.subresources",
            "aws_api_gateway_rest_api.main",
            "aws_db_instance.default",
            "aws_db_subnet_group.rds_private",
            "aws_iam_role.lambda_role",
            "aws_iam_role_policy_attachment.lambda_rds_auth",
            "aws_lambda_function.lambdas",
            "aws_lambda_layer_version.rds",
            "aws_lambda_layer_version.user_auth",
            "aws_security_group.lambda_sg",
            "aws_subnet.private_subnet1",
            "aws_subnet.private_subnet2",
            "data.archive_file.lambda_archives",
            "data.archive_file.rds_layer",
            "data.archive_file.user_auth_layer",
            "data.aws_availability_zones.available",
            "data.aws_vpc.default"
          ],
          "create_before_destroy": true
        },
        {
          "index_key": "relations/search_user_relation",
          "schema_version": 0,
          "attributes": {
            "content_handling": "",
            "http_method": "OPTIONS",
            "id": "agir-buzzzp4ywk-vodnr3-OPTIONS-200",
            "resource_id": "vodnr3",
            "response_parameters": {
              "method.response.header.Access-Control-Allow-Headers": "'Content-Type,X-Amz-Date,Authorization,X-Api-Key,X-Amz-Security-Token'",
              "method.response.header.Access-Control-Allow-Methods": "'GET,POST,PUT,DELETE,OPTIONS'",
              "method.response.header.Access-Control-Allow-Origin": "'*'"
            },
            "response_templates": {},
            "rest_api_id": "buzzzp4ywk",
            "selection_pattern": "",
            "status_code": "200"
          },
          "sensitive_attributes": [],
          "identity_schema_version": 0,
          "private": "bnVsbA==",
          "dependencies": [
            "aws_api_gateway_integration.options",
            "aws_api_gateway_method.options",
            "aws_api_gateway_method_response.options",
            "aws_api_gateway_resource.athletes",
            "aws_api_gateway_resource.coaches",
            "aws_api_gateway_resource.general",
            "aws_api_gateway_resource.graph",
            "aws_api_gateway_resource.history",
            "aws_api_gateway_resource.relations",
            "aws_api_gateway_resource.subresources",
            "aws_api_gateway_rest_api.main",
            "aws_db_instance.default",
            "aws_db_subnet_group.rds_private",
            "aws_iam_role.lambda_role",
            "aws_iam_role_policy_attachment.lambda_rds_auth",
            "aws_lambda_function.lambdas",
            "aws_lambda_layer_version.rds",
            "aws_lambda_layer_version.user_auth",
            "aws_security_group.lambda_sg",
            "aws_subnet.private_subnet1",
            "aws_subnet.private_subnet2",
            "data.archive_file.lambda_archives",
            "data.archive_file.rds_layer",
            "data.archive_file.user_auth_layer",
            "data.aws_availability_zones.available",
            "data.aws_vpc.default"
          ],
          "create_before_destroy": true
        }
      ]
    },
    {
      "mode": "managed",
      "type": "aws_api_gateway_method",
      "name": "main",
      "provider": "provider[\"registry.terraform.io/hashicorp/aws\"]",
      "instances": [
        {
          "index_key": "athletes/input_times",
          "schema_version": 0,
          "attributes": {
            "api_key_required": false,
            "authorization": "COGNITO_USER_POOLS",
            "authorization_scopes": [],
            "authorizer_id": "6bclv1",
            "http_method": "POST",
            "id": "agm-buzzzp4ywk-akxhzs-POST",
            "operation_name": "",
            "request_models": {},
            "request_parameters": {},
            "request_validator_id": "",
            "resource_id": "akxhzs",
            "rest_api_id": "buzzzp4ywk"
          },
          "sensitive_attributes": [],
          "identity_schema_version": 0,
          "private": "bnVsbA==",
          "dependencies": [
            "aws_api_gateway_authorizer.cognito_authorizer",
            "aws_api_gateway_resource.athletes",
            "aws_api_gateway_resource.coaches",
            "aws_api_gateway_resource.general",
            "aws_api_gateway_resource.graph",
            "aws_api_gateway_resource.history",
            "aws_api_gateway_resource.relations",
            "aws_api_gateway_resource.subresources",
            "aws_api_gateway_rest_api.main",
            "aws_db_instance.default",
            "aws_db_subnet_group.rds_private",
            "aws_iam_role.lambda_role",
            "aws_iam_role_policy_attachment.lambda_rds_auth",
            "aws_lambda_function.lambdas",
            "aws_lambda_layer_version.rds",
            "aws_lambda_layer_version.user_auth",
            "aws_security_group.lambda_sg",
            "aws_subnet.private_subnet1",
            "aws_subnet.private_subnet2",
            "data.archive_file.lambda_archives",
            "data.archive_file.rds_layer",
            "data.archive_file.user_auth_layer",
            "data.aws_availability_zones.available",
            "data.aws_vpc.default"
          ],
          "create_before_destroy": true
        },
        {
          "index_key": "athletes/remove_inputs",
          "schema_version": 0,
          "attributes": {
            "api_key_required": false,
            "authorization": "COGNITO_USER_POOLS",
            "authorization_scopes": [],
            "authorizer_id": "6bclv1",
            "http_method": "POST",
            "id": "agm-buzzzp4ywk-6emjgf-POST",
            "operation_name": "",
            "request_models": {},
            "request_parameters": {},
            "request_validator_id": "",
            "resource_id": "6emjgf",
            "rest_api_id": "buzzzp4ywk"
          },
          "sensitive_attributes": [],
          "identity_schema_version": 0,
          "private": "bnVsbA==",
          "dependencies": [
            "aws_api_gateway_authorizer.cognito_authorizer",
            "aws_api_gateway_resource.athletes",
            "aws_api_gateway_resource.coaches",
            "aws_api_gateway_resource.general",
            "aws_api_gateway_resource.graph",
            "aws_api_gateway_resource.history",
            "aws_api_gateway_resource.relations",
            "aws_api_gateway_resource.subresources",
            "aws_api_gateway_rest_api.main",
            "aws_db_instance.default",
            "aws_db_subnet_group.rds_private",
            "aws_iam_role.lambda_role",
            "aws_iam_role_policy_attachment.lambda_rds_auth",
            "aws_lambda_function.lambdas",
            "aws_lambda_layer_version.rds",
            "aws_lambda_layer_version.user_auth",
            "aws_security_group.lambda_sg",
            "aws_subnet.private_subnet1",
            "aws_subnet.private_subnet2",
            "data.archive_file.lambda_archives",
            "data.archive_file.rds_layer",
            "data.archive_file.user_auth_layer",
            "data.aws_availability_zones.available",
            "data.aws_vpc.default"
          ],
          "create_before_destroy": true
        },
        {
          "index_key": "athletes/view_workout_inputs",
          "schema_version": 0,
          "attributes": {
            "api_key_required": false,
            "authorization": "COGNITO_USER_POOLS",
            "authorization_scopes": [],
            "authorizer_id": "6bclv1",
            "http_method": "GET",
            "id": "agm-buzzzp4ywk-wqltih-GET",
            "operation_name": "",
            "request_models": {},
            "request_parameters": {},
            "request_validator_id": "",
            "resource_id": "wqltih",
            "rest_api_id": "buzzzp4ywk"
          },
          "sensitive_attributes": [],
          "identity_schema_version": 0,
          "private": "bnVsbA==",
          "dependencies": [
            "aws_api_gateway_authorizer.cognito_authorizer",
            "aws_api_gateway_resource.athletes",
            "aws_api_gateway_resource.coaches",
            "aws_api_gateway_resource.general",
            "aws_api_gateway_resource.graph",
            "aws_api_gateway_resource.history",
            "aws_api_gateway_resource.relations",
            "aws_api_gateway_resource.subresources",
            "aws_api_gateway_rest_api.main",
            "aws_db_instance.default",
            "aws_db_subnet_group.rds_private",
            "aws_iam_role.lambda_role",
            "aws_iam_role_policy_attachment.lambda_rds_auth",
            "aws_lambda_function.lambdas",
            "aws_lambda_layer_version.rds",
            "aws_lambda_layer_version.user_auth",
            "aws_security_group.lambda_sg",
            "aws_subnet.private_subnet1",
            "aws_subnet.private_subnet2",
            "data.archive_file.lambda_archives",
            "data.archive_file.rds_layer",
            "data.archive_file.user_auth_layer",
            "data.aws_availability_zones.available",
            "data.aws_vpc.default"
          ],
          "create_before_destroy": true
        },
        {
          "index_key": "general/create_user",
          "schema_version": 0,
          "attributes": {
            "api_key_required": false,
            "authorization": "COGNITO_USER_POOLS",
            "authorization_scopes": [],
            "authorizer_id": "6bclv1",
            "http_method": "POST",
            "id": "agm-buzzzp4ywk-3ux4l0-POST",
            "operation_name": "",
            "request_models": {},
            "request_parameters": {},
            "request_validator_id": "",
            "resource_id": "3ux4l0",
            "rest_api_id": "buzzzp4ywk"
          },
          "sensitive_attributes": [],
          "identity_schema_version": 0,
          "private": "bnVsbA==",
          "dependencies": [
            "aws_api_gateway_authorizer.cognito_authorizer",
            "aws_api_gateway_resource.athletes",
            "aws_api_gateway_resource.coaches",
            "aws_api_gateway_resource.general",
            "aws_api_gateway_resource.graph",
            "aws_api_gateway_resource.history",
            "aws_api_gateway_resource.relations",
            "aws_api_gateway_resource.subresources",
            "aws_api_gateway_rest_api.main",
            "aws_db_instance.default",
            "aws_db_subnet_group.rds_private",
            "aws_iam_role.lambda_role",
            "aws_iam_role_policy_attachment.lambda_rds_auth",
            "aws_lambda_function.lambdas",
            "aws_lambda_layer_version.rds",
            "aws_lambda_layer_version.user_auth",
            "aws_security_group.lambda_sg",
            "aws_subnet.private_subnet1",
            "aws_subnet.private_subnet2",
            "data.archive_file.lambda_archives",
            "data.archive_file.rds_layer",
            "data.archive_file.user_auth_layer",
            "data.aws_availability_zones.available",
            "data.aws_vpc.default"
          ],
          "create_before_destroy": true
        },
        {
          "index_key": "general/generate_presigned_s3_url",
          "schema_version": 0,
          "attributes": {
            "api_key_required": false,
            "authorization": "COGNITO_USER_POOLS",
            "authorization_scopes": [],
            "authorizer_id": "6bclv1",
            "http_method": "GET",
            "id": "agm-buzzzp4ywk-j1jy8m-GET",
            "operation_name": "",
            "request_models": {},
            "request_parameters": {},
            "request_validator_id": "",
            "resource_id": "j1jy8m",
            "rest_api_id": "buzzzp4ywk"
          },
          "sensitive_attributes": [],
          "identity_schema_version": 0,
          "private": "bnVsbA==",
          "dependencies": [
            "aws_api_gateway_authorizer.cognito_authorizer",
            "aws_api_gateway_resource.athletes",
            "aws_api_gateway_resource.coaches",
            "aws_api_gateway_resource.general",
            "aws_api_gateway_resource.graph",
            "aws_api_gateway_resource.history",
            "aws_api_gateway_resource.relations",
            "aws_api_gateway_resource.subresources",
            "aws_api_gateway_rest_api.main",
            "aws_db_instance.default",
            "aws_db_subnet_group.rds_private",
            "aws_iam_role.lambda_role",
            "aws_iam_role_policy_attachment.lambda_rds_auth",
            "aws_lambda_function.lambdas",
            "aws_lambda_layer_version.rds",
            "aws_lambda_layer_version.user_auth",
            "aws_security_group.lambda_sg",
            "aws_subnet.private_subnet1",
            "aws_subnet.private_subnet2",
            "data.archive_file.lambda_archives",
            "data.archive_file.rds_layer",
            "data.archive_file.user_auth_layer",
            "data.aws_availability_zones.available",
            "data.aws_vpc.default"
          ],
          "create_before_destroy": true
        },
        {
          "index_key": "general/get_mutual_inputs",
          "schema_version": 0,
          "attributes": {
            "api_key_required": false,
            "authorization": "COGNITO_USER_POOLS",
            "authorization_scopes": [],
            "authorizer_id": "6bclv1",
            "http_method": "GET",
            "id": "agm-buzzzp4ywk-dnnf27-GET",
            "operation_name": "",
            "request_models": {},
            "request_parameters": {},
            "request_validator_id": "",
            "resource_id": "dnnf27",
            "rest_api_id": "buzzzp4ywk"
          },
          "sensitive_attributes": [],
          "identity_schema_version": 0,
          "private": "bnVsbA==",
          "dependencies": [
            "aws_api_gateway_authorizer.cognito_authorizer",
            "aws_api_gateway_resource.athletes",
            "aws_api_gateway_resource.coaches",
            "aws_api_gateway_resource.general",
            "aws_api_gateway_resource.graph",
            "aws_api_gateway_resource.history",
            "aws_api_gateway_resource.relations",
            "aws_api_gateway_resource.subresources",
            "aws_api_gateway_rest_api.main",
            "aws_db_instance.default",
            "aws_db_subnet_group.rds_private",
            "aws_iam_role.lambda_role",
            "aws_iam_role_policy_attachment.lambda_rds_auth",
            "aws_lambda_function.lambdas",
            "aws_lambda_layer_version.rds",
            "aws_lambda_layer_version.user_auth",
            "aws_security_group.lambda_sg",
            "aws_subnet.private_subnet1",
            "aws_subnet.private_subnet2",
            "data.archive_file.lambda_archives",
            "data.archive_file.rds_layer",
            "data.archive_file.user_auth_layer",
            "data.aws_availability_zones.available",
            "data.aws_vpc.default"
          ],
          "create_before_destroy": true
        },
        {
          "index_key": "general/get_user",
          "schema_version": 0,
          "attributes": {
            "api_key_required": false,
            "authorization": "COGNITO_USER_POOLS",
            "authorization_scopes": [],
            "authorizer_id": "6bclv1",
            "http_method": "GET",
            "id": "agm-buzzzp4ywk-ofzmk1-GET",
            "operation_name": "",
            "request_models": {},
            "request_parameters": {},
            "request_validator_id": "",
            "resource_id": "ofzmk1",
            "rest_api_id": "buzzzp4ywk"
          },
          "sensitive_attributes": [],
          "identity_schema_version": 0,
          "private": "bnVsbA==",
          "dependencies": [
            "aws_api_gateway_authorizer.cognito_authorizer",
            "aws_api_gateway_resource.athletes",
            "aws_api_gateway_resource.coaches",
            "aws_api_gateway_resource.general",
            "aws_api_gateway_resource.graph",
            "aws_api_gateway_resource.history",
            "aws_api_gateway_resource.relations",
            "aws_api_gateway_resource.subresources",
            "aws_api_gateway_rest_api.main",
            "aws_db_instance.default",
            "aws_db_subnet_group.rds_private",
            "aws_iam_role.lambda_role",
            "aws_iam_role_policy_attachment.lambda_rds_auth",
            "aws_lambda_function.lambdas",
            "aws_lambda_layer_version.rds",
            "aws_lambda_layer_version.user_auth",
            "aws_security_group.lambda_sg",
            "aws_subnet.private_subnet1",
            "aws_subnet.private_subnet2",
            "data.archive_file.lambda_archives",
            "data.archive_file.rds_layer",
            "data.archive_file.user_auth_layer",
            "data.aws_availability_zones.available",
            "data.aws_vpc.default"
          ],
          "create_before_destroy": true
        },
        {
          "index_key": "general/mass_input",
          "schema_version": 0,
          "attributes": {
            "api_key_required": false,
            "authorization": "COGNITO_USER_POOLS",
            "authorization_scopes": [],
            "authorizer_id": "6bclv1",
            "http_method": "POST",
            "id": "agm-buzzzp4ywk-ozp6d8-POST",
            "operation_name": "",
            "request_models": {},
            "request_parameters": {},
            "request_validator_id": "",
            "resource_id": "ozp6d8",
            "rest_api_id": "buzzzp4ywk"
          },
          "sensitive_attributes": [],
          "identity_schema_version": 0,
          "private": "bnVsbA==",
          "dependencies": [
            "aws_api_gateway_authorizer.cognito_authorizer",
            "aws_api_gateway_resource.athletes",
            "aws_api_gateway_resource.coaches",
            "aws_api_gateway_resource.general",
            "aws_api_gateway_resource.graph",
            "aws_api_gateway_resource.history",
            "aws_api_gateway_resource.relations",
            "aws_api_gateway_resource.subresources",
            "aws_api_gateway_rest_api.main",
            "aws_db_instance.default",
            "aws_db_subnet_group.rds_private",
            "aws_iam_role.lambda_role",
            "aws_iam_role_policy_attachment.lambda_rds_auth",
            "aws_lambda_function.lambdas",
            "aws_lambda_layer_version.rds",
            "aws_lambda_layer_version.user_auth",
            "aws_security_group.lambda_sg",
            "aws_subnet.private_subnet1",
            "aws_subnet.private_subnet2",
            "data.archive_file.lambda_archives",
            "data.archive_file.rds_layer",
            "data.archive_file.user_auth_layer",
            "data.aws_availability_zones.available",
            "data.aws_vpc.default"
          ],
          "create_before_destroy": true
        },
        {
          "index_key": "general/update_user_profile",
          "schema_version": 0,
          "attributes": {
            "api_key_required": false,
            "authorization": "COGNITO_USER_POOLS",
            "authorization_scopes": [],
            "authorizer_id": "6bclv1",
            "http_method": "POST",
            "id": "agm-buzzzp4ywk-82va20-POST",
            "operation_name": "",
            "request_models": {},
            "request_parameters": {},
            "request_validator_id": "",
            "resource_id": "82va20",
            "rest_api_id": "buzzzp4ywk"
          },
          "sensitive_attributes": [],
          "identity_schema_version": 0,
          "private": "bnVsbA==",
          "dependencies": [
            "aws_api_gateway_authorizer.cognito_authorizer",
            "aws_api_gateway_resource.athletes",
            "aws_api_gateway_resource.coaches",
            "aws_api_gateway_resource.general",
            "aws_api_gateway_resource.graph",
            "aws_api_gateway_resource.history",
            "aws_api_gateway_resource.relations",
            "aws_api_gateway_resource.subresources",
            "aws_api_gateway_rest_api.main",
            "aws_db_instance.default",
            "aws_db_subnet_group.rds_private",
            "aws_iam_role.lambda_role",
            "aws_iam_role_policy_attachment.lambda_rds_auth",
            "aws_lambda_function.lambdas",
            "aws_lambda_layer_version.rds",
            "aws_lambda_layer_version.user_auth",
            "aws_security_group.lambda_sg",
            "aws_subnet.private_subnet1",
            "aws_subnet.private_subnet2",
            "data.archive_file.lambda_archives",
            "data.archive_file.rds_layer",
            "data.archive_file.user_auth_layer",
            "data.aws_availability_zones.available",
            "data.aws_vpc.default"
          ],
          "create_before_destroy": true
        },
        {
          "index_key": "graph/get_avg_velocity",
          "schema_version": 0,
          "attributes": {
            "api_key_required": false,
            "authorization": "COGNITO_USER_POOLS",
            "authorization_scopes": [],
            "authorizer_id": "6bclv1",
            "http_method": "GET",
            "id": "agm-buzzzp4ywk-0bywl5-GET",
            "operation_name": "",
            "request_models": {},
            "request_parameters": {},
            "request_validator_id": "",
            "resource_id": "0bywl5",
            "rest_api_id": "buzzzp4ywk"
          },
          "sensitive_attributes": [],
          "identity_schema_version": 0,
          "private": "bnVsbA==",
          "dependencies": [
            "aws_api_gateway_authorizer.cognito_authorizer",
            "aws_api_gateway_resource.athletes",
            "aws_api_gateway_resource.coaches",
            "aws_api_gateway_resource.general",
            "aws_api_gateway_resource.graph",
            "aws_api_gateway_resource.history",
            "aws_api_gateway_resource.relations",
            "aws_api_gateway_resource.subresources",
            "aws_api_gateway_rest_api.main",
            "aws_db_instance.default",
            "aws_db_subnet_group.rds_private",
            "aws_iam_role.lambda_role",
            "aws_iam_role_policy_attachment.lambda_rds_auth",
            "aws_lambda_function.lambdas",
            "aws_lambda_layer_version.rds",
            "aws_lambda_layer_version.user_auth",
            "aws_security_group.lambda_sg",
            "aws_subnet.private_subnet1",
            "aws_subnet.private_subnet2",
            "data.archive_file.lambda_archives",
            "data.archive_file.rds_layer",
            "data.archive_file.user_auth_layer",
            "data.aws_availability_zones.available",
            "data.aws_vpc.default"
          ],
          "create_before_destroy": true
        },
        {
          "index_key": "graph/get_work_rest_ratio",
          "schema_version": 0,
          "attributes": {
            "api_key_required": false,
            "authorization": "COGNITO_USER_POOLS",
            "authorization_scopes": [],
            "authorizer_id": "6bclv1",
            "http_method": "GET",
            "id": "agm-buzzzp4ywk-uxymbx-GET",
            "operation_name": "",
            "request_models": {},
            "request_parameters": {},
            "request_validator_id": "",
            "resource_id": "uxymbx",
            "rest_api_id": "buzzzp4ywk"
          },
          "sensitive_attributes": [],
          "identity_schema_version": 0,
          "private": "bnVsbA==",
          "dependencies": [
            "aws_api_gateway_authorizer.cognito_authorizer",
            "aws_api_gateway_resource.athletes",
            "aws_api_gateway_resource.coaches",
            "aws_api_gateway_resource.general",
            "aws_api_gateway_resource.graph",
            "aws_api_gateway_resource.history",
            "aws_api_gateway_resource.relations",
            "aws_api_gateway_resource.subresources",
            "aws_api_gateway_rest_api.main",
            "aws_db_instance.default",
            "aws_db_subnet_group.rds_private",
            "aws_iam_role.lambda_role",
            "aws_iam_role_policy_attachment.lambda_rds_auth",
            "aws_lambda_function.lambdas",
            "aws_lambda_layer_version.rds",
            "aws_lambda_layer_version.user_auth",
            "aws_security_group.lambda_sg",
            "aws_subnet.private_subnet1",
            "aws_subnet.private_subnet2",
            "data.archive_file.lambda_archives",
            "data.archive_file.rds_layer",
            "data.archive_file.user_auth_layer",
            "data.aws_availability_zones.available",
            "data.aws_vpc.default"
          ],
          "create_before_destroy": true
        },
        {
          "index_key": "history/fetch_historical_data",
          "schema_version": 0,
          "attributes": {
            "api_key_required": false,
            "authorization": "COGNITO_USER_POOLS",
            "authorization_scopes": [],
            "authorizer_id": "6bclv1",
            "http_method": "GET",
            "id": "agm-buzzzp4ywk-ax5rm1-GET",
            "operation_name": "",
            "request_models": {},
            "request_parameters": {},
            "request_validator_id": "",
            "resource_id": "ax5rm1",
            "rest_api_id": "buzzzp4ywk"
          },
          "sensitive_attributes": [],
          "identity_schema_version": 0,
          "private": "bnVsbA==",
          "dependencies": [
            "aws_api_gateway_authorizer.cognito_authorizer",
            "aws_api_gateway_resource.athletes",
            "aws_api_gateway_resource.coaches",
            "aws_api_gateway_resource.general",
            "aws_api_gateway_resource.graph",
            "aws_api_gateway_resource.history",
            "aws_api_gateway_resource.relations",
            "aws_api_gateway_resource.subresources",
            "aws_api_gateway_rest_api.main",
            "aws_db_instance.default",
            "aws_db_subnet_group.rds_private",
            "aws_iam_role.lambda_role",
            "aws_iam_role_policy_attachment.lambda_rds_auth",
            "aws_lambda_function.lambdas",
            "aws_lambda_layer_version.rds",
            "aws_lambda_layer_version.user_auth",
            "aws_security_group.lambda_sg",
            "aws_subnet.private_subnet1",
            "aws_subnet.private_subnet2",
            "data.archive_file.lambda_archives",
            "data.archive_file.rds_layer",
            "data.archive_file.user_auth_layer",
            "data.aws_availability_zones.available",
            "data.aws_vpc.default"
          ],
          "create_before_destroy": true
        },
        {
          "index_key": "history/get_available_history_dates",
          "schema_version": 0,
          "attributes": {
            "api_key_required": false,
            "authorization": "COGNITO_USER_POOLS",
            "authorization_scopes": [],
            "authorizer_id": "6bclv1",
            "http_method": "GET",
            "id": "agm-buzzzp4ywk-mbjupg-GET",
            "operation_name": "",
            "request_models": {},
            "request_parameters": {},
            "request_validator_id": "",
            "resource_id": "mbjupg",
            "rest_api_id": "buzzzp4ywk"
          },
          "sensitive_attributes": [],
          "identity_schema_version": 0,
          "private": "bnVsbA==",
          "dependencies": [
            "aws_api_gateway_authorizer.cognito_authorizer",
            "aws_api_gateway_resource.athletes",
            "aws_api_gateway_resource.coaches",
            "aws_api_gateway_resource.general",
            "aws_api_gateway_resource.graph",
            "aws_api_gateway_resource.history",
            "aws_api_gateway_resource.relations",
            "aws_api_gateway_resource.subresources",
            "aws_api_gateway_rest_api.main",
            "aws_db_instance.default",
            "aws_db_subnet_group.rds_private",
            "aws_iam_role.lambda_role",
            "aws_iam_role_policy_attachment.lambda_rds_auth",
            "aws_lambda_function.lambdas",
            "aws_lambda_layer_version.rds",
            "aws_lambda_layer_version.user_auth",
            "aws_security_group.lambda_sg",
            "aws_subnet.private_subnet1",
            "aws_subnet.private_subnet2",
            "data.archive_file.lambda_archives",
            "data.archive_file.rds_layer",
            "data.archive_file.user_auth_layer",
            "data.aws_availability_zones.available",
            "data.aws_vpc.default"
          ],
          "create_before_destroy": true
        },
        {
          "index_key": "history/get_earliest_date_available",
          "schema_version": 0,
          "attributes": {
            "api_key_required": false,
            "authorization": "COGNITO_USER_POOLS",
            "authorization_scopes": [],
            "authorizer_id": "6bclv1",
            "http_method": "GET",
            "id": "agm-buzzzp4ywk-p8a8f8-GET",
            "operation_name": "",
            "request_models": {},
            "request_parameters": {},
            "request_validator_id": "",
            "resource_id": "p8a8f8",
            "rest_api_id": "buzzzp4ywk"
          },
          "sensitive_attributes": [],
          "identity_schema_version": 0,
          "private": "bnVsbA==",
          "dependencies": [
            "aws_api_gateway_authorizer.cognito_authorizer",
            "aws_api_gateway_resource.athletes",
            "aws_api_gateway_resource.coaches",
            "aws_api_gateway_resource.general",
            "aws_api_gateway_resource.graph",
            "aws_api_gateway_resource.history",
            "aws_api_gateway_resource.relations",
            "aws_api_gateway_resource.subresources",
            "aws_api_gateway_rest_api.main",
            "aws_db_instance.default",
            "aws_db_subnet_group.rds_private",
            "aws_iam_role.lambda_role",
            "aws_iam_role_policy_attachment.lambda_rds_auth",
            "aws_lambda_function.lambdas",
            "aws_lambda_layer_version.rds",
            "aws_lambda_layer_version.user_auth",
            "aws_security_group.lambda_sg",
            "aws_subnet.private_subnet1",
            "aws_subnet.private_subnet2",
            "data.archive_file.lambda_archives",
            "data.archive_file.rds_layer",
            "data.archive_file.user_auth_layer",
            "data.aws_availability_zones.available",
            "data.aws_vpc.default"
          ],
          "create_before_destroy": true
        },
        {
          "index_key": "relations/add_relation",
          "schema_version": 0,
          "attributes": {
            "api_key_required": false,
            "authorization": "COGNITO_USER_POOLS",
            "authorization_scopes": [],
            "authorizer_id": "6bclv1",
            "http_method": "POST",
            "id": "agm-buzzzp4ywk-zs7qut-POST",
            "operation_name": "",
            "request_models": {},
            "request_parameters": {},
            "request_validator_id": "",
            "resource_id": "zs7qut",
            "rest_api_id": "buzzzp4ywk"
          },
          "sensitive_attributes": [],
          "identity_schema_version": 0,
          "private": "bnVsbA==",
          "dependencies": [
            "aws_api_gateway_authorizer.cognito_authorizer",
            "aws_api_gateway_resource.athletes",
            "aws_api_gateway_resource.coaches",
            "aws_api_gateway_resource.general",
            "aws_api_gateway_resource.graph",
            "aws_api_gateway_resource.history",
            "aws_api_gateway_resource.relations",
            "aws_api_gateway_resource.subresources",
            "aws_api_gateway_rest_api.main",
            "aws_db_instance.default",
            "aws_db_subnet_group.rds_private",
            "aws_iam_role.lambda_role",
            "aws_iam_role_policy_attachment.lambda_rds_auth",
            "aws_lambda_function.lambdas",
            "aws_lambda_layer_version.rds",
            "aws_lambda_layer_version.user_auth",
            "aws_security_group.lambda_sg",
            "aws_subnet.private_subnet1",
            "aws_subnet.private_subnet2",
            "data.archive_file.lambda_archives",
            "data.archive_file.rds_layer",
            "data.archive_file.user_auth_layer",
            "data.aws_availability_zones.available",
            "data.aws_vpc.default"
          ],
          "create_before_destroy": true
        },
        {
          "index_key": "relations/get_mutual_athletes",
          "schema_version": 0,
          "attributes": {
            "api_key_required": false,
            "authorization": "COGNITO_USER_POOLS",
            "authorization_scopes": [],
            "authorizer_id": "6bclv1",
            "http_method": "GET",
            "id": "agm-buzzzp4ywk-owe3in-GET",
            "operation_name": "",
            "request_models": {},
            "request_parameters": {},
            "request_validator_id": "",
            "resource_id": "owe3in",
            "rest_api_id": "buzzzp4ywk"
          },
          "sensitive_attributes": [],
          "identity_schema_version": 0,
          "private": "bnVsbA==",
          "dependencies": [
            "aws_api_gateway_authorizer.cognito_authorizer",
            "aws_api_gateway_resource.athletes",
            "aws_api_gateway_resource.coaches",
            "aws_api_gateway_resource.general",
            "aws_api_gateway_resource.graph",
            "aws_api_gateway_resource.history",
            "aws_api_gateway_resource.relations",
            "aws_api_gateway_resource.subresources",
            "aws_api_gateway_rest_api.main",
            "aws_db_instance.default",
            "aws_db_subnet_group.rds_private",
            "aws_iam_role.lambda_role",
            "aws_iam_role_policy_attachment.lambda_rds_auth",
            "aws_lambda_function.lambdas",
            "aws_lambda_layer_version.rds",
            "aws_lambda_layer_version.user_auth",
            "aws_security_group.lambda_sg",
            "aws_subnet.private_subnet1",
            "aws_subnet.private_subnet2",
            "data.archive_file.lambda_archives",
            "data.archive_file.rds_layer",
            "data.archive_file.user_auth_layer",
            "data.aws_availability_zones.available",
            "data.aws_vpc.default"
          ],
          "create_before_destroy": true
        },
        {
          "index_key": "relations/get_mutual_user_relations",
          "schema_version": 0,
          "attributes": {
            "api_key_required": false,
            "authorization": "COGNITO_USER_POOLS",
            "authorization_scopes": [],
            "authorizer_id": "6bclv1",
            "http_method": "GET",
            "id": "agm-buzzzp4ywk-h1iinp-GET",
            "operation_name": "",
            "request_models": {},
            "request_parameters": {},
            "request_validator_id": "",
            "resource_id": "h1iinp",
            "rest_api_id": "buzzzp4ywk"
          },
          "sensitive_attributes": [],
          "identity_schema_version": 0,
          "private": "bnVsbA==",
          "dependencies": [
            "aws_api_gateway_authorizer.cognito_authorizer",
            "aws_api_gateway_resource.athletes",
            "aws_api_gateway_resource.coaches",
            "aws_api_gateway_resource.general",
            "aws_api_gateway_resource.graph",
            "aws_api_gateway_resource.history",
            "aws_api_gateway_resource.relations",
            "aws_api_gateway_resource.subresources",
            "aws_api_gateway_rest_api.main",
            "aws_db_instance.default",
            "aws_db_subnet_group.rds_private",
            "aws_iam_role.lambda_role",
            "aws_iam_role_policy_attachment.lambda_rds_auth",
            "aws_lambda_function.lambdas",
            "aws_lambda_layer_version.rds",
            "aws_lambda_layer_version.user_auth",
            "aws_security_group.lambda_sg",
            "aws_subnet.private_subnet1",
            "aws_subnet.private_subnet2",
            "data.archive_file.lambda_archives",
            "data.archive_file.rds_layer",
            "data.archive_file.user_auth_layer",
            "data.aws_availability_zones.available",
            "data.aws_vpc.default"
          ],
          "create_before_destroy": true
        },
        {
          "index_key": "relations/get_relation_invites",
          "schema_version": 0,
          "attributes": {
            "api_key_required": false,
            "authorization": "COGNITO_USER_POOLS",
            "authorization_scopes": [],
            "authorizer_id": "6bclv1",
            "http_method": "GET",
            "id": "agm-buzzzp4ywk-q4nprh-GET",
            "operation_name": "",
            "request_models": {},
            "request_parameters": {},
            "request_validator_id": "",
            "resource_id": "q4nprh",
            "rest_api_id": "buzzzp4ywk"
          },
          "sensitive_attributes": [],
          "identity_schema_version": 0,
          "private": "bnVsbA==",
          "dependencies": [
            "aws_api_gateway_authorizer.cognito_authorizer",
            "aws_api_gateway_resource.athletes",
            "aws_api_gateway_resource.coaches",
            "aws_api_gateway_resource.general",
            "aws_api_gateway_resource.graph",
            "aws_api_gateway_resource.history",
            "aws_api_gateway_resource.relations",
            "aws_api_gateway_resource.subresources",
            "aws_api_gateway_rest_api.main",
            "aws_db_instance.default",
            "aws_db_subnet_group.rds_private",
            "aws_iam_role.lambda_role",
            "aws_iam_role_policy_attachment.lambda_rds_auth",
            "aws_lambda_function.lambdas",
            "aws_lambda_layer_version.rds",
            "aws_lambda_layer_version.user_auth",
            "aws_security_group.lambda_sg",
            "aws_subnet.private_subnet1",
            "aws_subnet.private_subnet2",
            "data.archive_file.lambda_archives",
            "data.archive_file.rds_layer",
            "data.archive_file.user_auth_layer",
            "data.aws_availability_zones.available",
            "data.aws_vpc.default"
          ],
          "create_before_destroy": true
        },
        {
          "index_key": "relations/get_relation_invites_count",
          "schema_version": 0,
          "attributes": {
            "api_key_required": false,
            "authorization": "COGNITO_USER_POOLS",
            "authorization_scopes": [],
            "authorizer_id": "6bclv1",
            "http_method": "GET",
            "id": "agm-buzzzp4ywk-7mmdfl-GET",
            "operation_name": "",
            "request_models": {},
            "request_parameters": {},
            "request_validator_id": "",
            "resource_id": "7mmdfl",
            "rest_api_id": "buzzzp4ywk"
          },
          "sensitive_attributes": [],
          "identity_schema_version": 0,
          "private": "bnVsbA==",
          "dependencies": [
            "aws_api_gateway_authorizer.cognito_authorizer",
            "aws_api_gateway_resource.athletes",
            "aws_api_gateway_resource.coaches",
            "aws_api_gateway_resource.general",
            "aws_api_gateway_resource.graph",
            "aws_api_gateway_resource.history",
            "aws_api_gateway_resource.relations",
            "aws_api_gateway_resource.subresources",
            "aws_api_gateway_rest_api.main",
            "aws_db_instance.default",
            "aws_db_subnet_group.rds_private",
            "aws_iam_role.lambda_role",
            "aws_iam_role_policy_attachment.lambda_rds_auth",
            "aws_lambda_function.lambdas",
            "aws_lambda_layer_version.rds",
            "aws_lambda_layer_version.user_auth",
            "aws_security_group.lambda_sg",
            "aws_subnet.private_subnet1",
            "aws_subnet.private_subnet2",
            "data.archive_file.lambda_archives",
            "data.archive_file.rds_layer",
            "data.archive_file.user_auth_layer",
            "data.aws_availability_zones.available",
            "data.aws_vpc.default"
          ],
          "create_before_destroy": true
        },
        {
          "index_key": "relations/remove_user_relation",
          "schema_version": 0,
          "attributes": {
            "api_key_required": false,
            "authorization": "COGNITO_USER_POOLS",
            "authorization_scopes": [],
            "authorizer_id": "6bclv1",
            "http_method": "DELETE",
            "id": "agm-buzzzp4ywk-xzk7ie-DELETE",
            "operation_name": "",
            "request_models": {},
            "request_parameters": {},
            "request_validator_id": "",
            "resource_id": "xzk7ie",
            "rest_api_id": "buzzzp4ywk"
          },
          "sensitive_attributes": [],
          "identity_schema_version": 0,
          "private": "bnVsbA==",
          "dependencies": [
            "aws_api_gateway_authorizer.cognito_authorizer",
            "aws_api_gateway_resource.athletes",
            "aws_api_gateway_resource.coaches",
            "aws_api_gateway_resource.general",
            "aws_api_gateway_resource.graph",
            "aws_api_gateway_resource.history",
            "aws_api_gateway_resource.relations",
            "aws_api_gateway_resource.subresources",
            "aws_api_gateway_rest_api.main",
            "aws_db_instance.default",
            "aws_db_subnet_group.rds_private",
            "aws_iam_role.lambda_role",
            "aws_iam_role_policy_attachment.lambda_rds_auth",
            "aws_lambda_function.lambdas",
            "aws_lambda_layer_version.rds",
            "aws_lambda_layer_version.user_auth",
            "aws_security_group.lambda_sg",
            "aws_subnet.private_subnet1",
            "aws_subnet.private_subnet2",
            "data.archive_file.lambda_archives",
            "data.archive_file.rds_layer",
            "data.archive_file.user_auth_layer",
            "data.aws_availability_zones.available",
            "data.aws_vpc.default"
          ],
          "create_before_destroy": true
        },
        {
          "index_key": "relations/search_user_relation",
          "schema_version": 0,
          "attributes": {
            "api_key_required": false,
            "authorization": "COGNITO_USER_POOLS",
            "authorization_scopes": [],
            "authorizer_id": "6bclv1",
            "http_method": "GET",
            "id": "agm-buzzzp4ywk-vodnr3-GET",
            "operation_name": "",
            "request_models": {},
            "request_parameters": {},
            "request_validator_id": "",
            "resource_id": "vodnr3",
            "rest_api_id": "buzzzp4ywk"
          },
          "sensitive_attributes": [],
          "identity_schema_version": 0,
          "private": "bnVsbA==",
          "dependencies": [
            "aws_api_gateway_authorizer.cognito_authorizer",
            "aws_api_gateway_resource.athletes",
            "aws_api_gateway_resource.coaches",
            "aws_api_gateway_resource.general",
            "aws_api_gateway_resource.graph",
            "aws_api_gateway_resource.history",
            "aws_api_gateway_resource.relations",
            "aws_api_gateway_resource.subresources",
            "aws_api_gateway_rest_api.main",
            "aws_db_instance.default",
            "aws_db_subnet_group.rds_private",
            "aws_iam_role.lambda_role",
            "aws_iam_role_policy_attachment.lambda_rds_auth",
            "aws_lambda_function.lambdas",
            "aws_lambda_layer_version.rds",
            "aws_lambda_layer_version.user_auth",
            "aws_security_group.lambda_sg",
            "aws_subnet.private_subnet1",
            "aws_subnet.private_subnet2",
            "data.archive_file.lambda_archives",
            "data.archive_file.rds_layer",
            "data.archive_file.user_auth_layer",
            "data.aws_availability_zones.available",
            "data.aws_vpc.default"
          ],
          "create_before_destroy": true
        }
      ]
    },
    {
      "mode": "managed",
      "type": "aws_api_gateway_method",
      "name": "options",
      "provider": "provider[\"registry.terraform.io/hashicorp/aws\"]",
      "instances": [
        {
          "index_key": "athletes/input_times",
          "schema_version": 0,
          "attributes": {
            "api_key_required": false,
            "authorization": "NONE",
            "authorization_scopes": [],
            "authorizer_id": "",
            "http_method": "OPTIONS",
            "id": "agm-buzzzp4ywk-akxhzs-OPTIONS",
            "operation_name": "",
            "request_models": {},
            "request_parameters": {},
            "request_validator_id": "",
            "resource_id": "akxhzs",
            "rest_api_id": "buzzzp4ywk"
          },
          "sensitive_attributes": [],
          "identity_schema_version": 0,
          "private": "bnVsbA==",
          "dependencies": [
            "aws_api_gateway_resource.athletes",
            "aws_api_gateway_resource.coaches",
            "aws_api_gateway_resource.general",
            "aws_api_gateway_resource.graph",
            "aws_api_gateway_resource.history",
            "aws_api_gateway_resource.relations",
            "aws_api_gateway_resource.subresources",
            "aws_api_gateway_rest_api.main",
            "aws_db_instance.default",
            "aws_db_subnet_group.rds_private",
            "aws_iam_role.lambda_role",
            "aws_iam_role_policy_attachment.lambda_rds_auth",
            "aws_lambda_function.lambdas",
            "aws_lambda_layer_version.rds",
            "aws_lambda_layer_version.user_auth",
            "aws_security_group.lambda_sg",
            "aws_subnet.private_subnet1",
            "aws_subnet.private_subnet2",
            "data.archive_file.lambda_archives",
            "data.archive_file.rds_layer",
            "data.archive_file.user_auth_layer",
            "data.aws_availability_zones.available",
            "data.aws_vpc.default"
          ],
          "create_before_destroy": true
        },
        {
          "index_key": "athletes/remove_inputs",
          "schema_version": 0,
          "attributes": {
            "api_key_required": false,
            "authorization": "NONE",
            "authorization_scopes": [],
            "authorizer_id": "",
            "http_method": "OPTIONS",
            "id": "agm-buzzzp4ywk-6emjgf-OPTIONS",
            "operation_name": "",
            "request_models": {},
            "request_parameters": {},
            "request_validator_id": "",
            "resource_id": "6emjgf",
            "rest_api_id": "buzzzp4ywk"
          },
          "sensitive_attributes": [],
          "identity_schema_version": 0,
          "private": "bnVsbA==",
          "dependencies": [
            "aws_api_gateway_resource.athletes",
            "aws_api_gateway_resource.coaches",
            "aws_api_gateway_resource.general",
            "aws_api_gateway_resource.graph",
            "aws_api_gateway_resource.history",
            "aws_api_gateway_resource.relations",
            "aws_api_gateway_resource.subresources",
            "aws_api_gateway_rest_api.main",
            "aws_db_instance.default",
            "aws_db_subnet_group.rds_private",
            "aws_iam_role.lambda_role",
            "aws_iam_role_policy_attachment.lambda_rds_auth",
            "aws_lambda_function.lambdas",
            "aws_lambda_layer_version.rds",
            "aws_lambda_layer_version.user_auth",
            "aws_security_group.lambda_sg",
            "aws_subnet.private_subnet1",
            "aws_subnet.private_subnet2",
            "data.archive_file.lambda_archives",
            "data.archive_file.rds_layer",
            "data.archive_file.user_auth_layer",
            "data.aws_availability_zones.available",
            "data.aws_vpc.default"
          ],
          "create_before_destroy": true
        },
        {
          "index_key": "athletes/view_workout_inputs",
          "schema_version": 0,
          "attributes": {
            "api_key_required": false,
            "authorization": "NONE",
            "authorization_scopes": [],
            "authorizer_id": "",
            "http_method": "OPTIONS",
            "id": "agm-buzzzp4ywk-wqltih-OPTIONS",
            "operation_name": "",
            "request_models": {},
            "request_parameters": {},
            "request_validator_id": "",
            "resource_id": "wqltih",
            "rest_api_id": "buzzzp4ywk"
          },
          "sensitive_attributes": [],
          "identity_schema_version": 0,
          "private": "bnVsbA==",
          "dependencies": [
            "aws_api_gateway_resource.athletes",
            "aws_api_gateway_resource.coaches",
            "aws_api_gateway_resource.general",
            "aws_api_gateway_resource.graph",
            "aws_api_gateway_resource.history",
            "aws_api_gateway_resource.relations",
            "aws_api_gateway_resource.subresources",
            "aws_api_gateway_rest_api.main",
            "aws_db_instance.default",
            "aws_db_subnet_group.rds_private",
            "aws_iam_role.lambda_role",
            "aws_iam_role_policy_attachment.lambda_rds_auth",
            "aws_lambda_function.lambdas",
            "aws_lambda_layer_version.rds",
            "aws_lambda_layer_version.user_auth",
            "aws_security_group.lambda_sg",
            "aws_subnet.private_subnet1",
            "aws_subnet.private_subnet2",
            "data.archive_file.lambda_archives",
            "data.archive_file.rds_layer",
            "data.archive_file.user_auth_layer",
            "data.aws_availability_zones.available",
            "data.aws_vpc.default"
          ],
          "create_before_destroy": true
        },
        {
          "index_key": "general/create_user",
          "schema_version": 0,
          "attributes": {
            "api_key_required": false,
            "authorization": "NONE",
            "authorization_scopes": [],
            "authorizer_id": "",
            "http_method": "OPTIONS",
            "id": "agm-buzzzp4ywk-3ux4l0-OPTIONS",
            "operation_name": "",
            "request_models": {},
            "request_parameters": {},
            "request_validator_id": "",
            "resource_id": "3ux4l0",
            "rest_api_id": "buzzzp4ywk"
          },
          "sensitive_attributes": [],
          "identity_schema_version": 0,
          "private": "bnVsbA==",
          "dependencies": [
            "aws_api_gateway_resource.athletes",
            "aws_api_gateway_resource.coaches",
            "aws_api_gateway_resource.general",
            "aws_api_gateway_resource.graph",
            "aws_api_gateway_resource.history",
            "aws_api_gateway_resource.relations",
            "aws_api_gateway_resource.subresources",
            "aws_api_gateway_rest_api.main",
            "aws_db_instance.default",
            "aws_db_subnet_group.rds_private",
            "aws_iam_role.lambda_role",
            "aws_iam_role_policy_attachment.lambda_rds_auth",
            "aws_lambda_function.lambdas",
            "aws_lambda_layer_version.rds",
            "aws_lambda_layer_version.user_auth",
            "aws_security_group.lambda_sg",
            "aws_subnet.private_subnet1",
            "aws_subnet.private_subnet2",
            "data.archive_file.lambda_archives",
            "data.archive_file.rds_layer",
            "data.archive_file.user_auth_layer",
            "data.aws_availability_zones.available",
            "data.aws_vpc.default"
          ],
          "create_before_destroy": true
        },
        {
          "index_key": "general/generate_presigned_s3_url",
          "schema_version": 0,
          "attributes": {
            "api_key_required": false,
            "authorization": "NONE",
            "authorization_scopes": [],
            "authorizer_id": "",
            "http_method": "OPTIONS",
            "id": "agm-buzzzp4ywk-j1jy8m-OPTIONS",
            "operation_name": "",
            "request_models": {},
            "request_parameters": {},
            "request_validator_id": "",
            "resource_id": "j1jy8m",
            "rest_api_id": "buzzzp4ywk"
          },
          "sensitive_attributes": [],
          "identity_schema_version": 0,
          "private": "bnVsbA==",
          "dependencies": [
            "aws_api_gateway_resource.athletes",
            "aws_api_gateway_resource.coaches",
            "aws_api_gateway_resource.general",
            "aws_api_gateway_resource.graph",
            "aws_api_gateway_resource.history",
            "aws_api_gateway_resource.relations",
            "aws_api_gateway_resource.subresources",
            "aws_api_gateway_rest_api.main",
            "aws_db_instance.default",
            "aws_db_subnet_group.rds_private",
            "aws_iam_role.lambda_role",
            "aws_iam_role_policy_attachment.lambda_rds_auth",
            "aws_lambda_function.lambdas",
            "aws_lambda_layer_version.rds",
            "aws_lambda_layer_version.user_auth",
            "aws_security_group.lambda_sg",
            "aws_subnet.private_subnet1",
            "aws_subnet.private_subnet2",
            "data.archive_file.lambda_archives",
            "data.archive_file.rds_layer",
            "data.archive_file.user_auth_layer",
            "data.aws_availability_zones.available",
            "data.aws_vpc.default"
          ],
          "create_before_destroy": true
        },
        {
          "index_key": "general/get_mutual_inputs",
          "schema_version": 0,
          "attributes": {
            "api_key_required": false,
            "authorization": "NONE",
            "authorization_scopes": [],
            "authorizer_id": "",
            "http_method": "OPTIONS",
            "id": "agm-buzzzp4ywk-dnnf27-OPTIONS",
            "operation_name": "",
            "request_models": {},
            "request_parameters": {},
            "request_validator_id": "",
            "resource_id": "dnnf27",
            "rest_api_id": "buzzzp4ywk"
          },
          "sensitive_attributes": [],
          "identity_schema_version": 0,
          "private": "bnVsbA==",
          "dependencies": [
            "aws_api_gateway_resource.athletes",
            "aws_api_gateway_resource.coaches",
            "aws_api_gateway_resource.general",
            "aws_api_gateway_resource.graph",
            "aws_api_gateway_resource.history",
            "aws_api_gateway_resource.relations",
            "aws_api_gateway_resource.subresources",
            "aws_api_gateway_rest_api.main",
            "aws_db_instance.default",
            "aws_db_subnet_group.rds_private",
            "aws_iam_role.lambda_role",
            "aws_iam_role_policy_attachment.lambda_rds_auth",
            "aws_lambda_function.lambdas",
            "aws_lambda_layer_version.rds",
            "aws_lambda_layer_version.user_auth",
            "aws_security_group.lambda_sg",
            "aws_subnet.private_subnet1",
            "aws_subnet.private_subnet2",
            "data.archive_file.lambda_archives",
            "data.archive_file.rds_layer",
            "data.archive_file.user_auth_layer",
            "data.aws_availability_zones.available",
            "data.aws_vpc.default"
          ],
          "create_before_destroy": true
        },
        {
          "index_key": "general/get_user",
          "schema_version": 0,
          "attributes": {
            "api_key_required": false,
            "authorization": "NONE",
            "authorization_scopes": [],
            "authorizer_id": "",
            "http_method": "OPTIONS",
            "id": "agm-buzzzp4ywk-ofzmk1-OPTIONS",
            "operation_name": "",
            "request_models": {},
            "request_parameters": {},
            "request_validator_id": "",
            "resource_id": "ofzmk1",
            "rest_api_id": "buzzzp4ywk"
          },
          "sensitive_attributes": [],
          "identity_schema_version": 0,
          "private": "bnVsbA==",
          "dependencies": [
            "aws_api_gateway_resource.athletes",
            "aws_api_gateway_resource.coaches",
            "aws_api_gateway_resource.general",
            "aws_api_gateway_resource.graph",
            "aws_api_gateway_resource.history",
            "aws_api_gateway_resource.relations",
            "aws_api_gateway_resource.subresources",
            "aws_api_gateway_rest_api.main",
            "aws_db_instance.default",
            "aws_db_subnet_group.rds_private",
            "aws_iam_role.lambda_role",
            "aws_iam_role_policy_attachment.lambda_rds_auth",
            "aws_lambda_function.lambdas",
            "aws_lambda_layer_version.rds",
            "aws_lambda_layer_version.user_auth",
            "aws_security_group.lambda_sg",
            "aws_subnet.private_subnet1",
            "aws_subnet.private_subnet2",
            "data.archive_file.lambda_archives",
            "data.archive_file.rds_layer",
            "data.archive_file.user_auth_layer",
            "data.aws_availability_zones.available",
            "data.aws_vpc.default"
          ],
          "create_before_destroy": true
        },
        {
          "index_key": "general/mass_input",
          "schema_version": 0,
          "attributes": {
            "api_key_required": false,
            "authorization": "NONE",
            "authorization_scopes": [],
            "authorizer_id": "",
            "http_method": "OPTIONS",
            "id": "agm-buzzzp4ywk-ozp6d8-OPTIONS",
            "operation_name": "",
            "request_models": {},
            "request_parameters": {},
            "request_validator_id": "",
            "resource_id": "ozp6d8",
            "rest_api_id": "buzzzp4ywk"
          },
          "sensitive_attributes": [],
          "identity_schema_version": 0,
          "private": "bnVsbA==",
          "dependencies": [
            "aws_api_gateway_resource.athletes",
            "aws_api_gateway_resource.coaches",
            "aws_api_gateway_resource.general",
            "aws_api_gateway_resource.graph",
            "aws_api_gateway_resource.history",
            "aws_api_gateway_resource.relations",
            "aws_api_gateway_resource.subresources",
            "aws_api_gateway_rest_api.main",
            "aws_db_instance.default",
            "aws_db_subnet_group.rds_private",
            "aws_iam_role.lambda_role",
            "aws_iam_role_policy_attachment.lambda_rds_auth",
            "aws_lambda_function.lambdas",
            "aws_lambda_layer_version.rds",
            "aws_lambda_layer_version.user_auth",
            "aws_security_group.lambda_sg",
            "aws_subnet.private_subnet1",
            "aws_subnet.private_subnet2",
            "data.archive_file.lambda_archives",
            "data.archive_file.rds_layer",
            "data.archive_file.user_auth_layer",
            "data.aws_availability_zones.available",
            "data.aws_vpc.default"
          ],
          "create_before_destroy": true
        },
        {
          "index_key": "general/update_user_profile",
          "schema_version": 0,
          "attributes": {
            "api_key_required": false,
            "authorization": "NONE",
            "authorization_scopes": [],
            "authorizer_id": "",
            "http_method": "OPTIONS",
            "id": "agm-buzzzp4ywk-82va20-OPTIONS",
            "operation_name": "",
            "request_models": {},
            "request_parameters": {},
            "request_validator_id": "",
            "resource_id": "82va20",
            "rest_api_id": "buzzzp4ywk"
          },
          "sensitive_attributes": [],
          "identity_schema_version": 0,
          "private": "bnVsbA==",
          "dependencies": [
            "aws_api_gateway_resource.athletes",
            "aws_api_gateway_resource.coaches",
            "aws_api_gateway_resource.general",
            "aws_api_gateway_resource.graph",
            "aws_api_gateway_resource.history",
            "aws_api_gateway_resource.relations",
            "aws_api_gateway_resource.subresources",
            "aws_api_gateway_rest_api.main",
            "aws_db_instance.default",
            "aws_db_subnet_group.rds_private",
            "aws_iam_role.lambda_role",
            "aws_iam_role_policy_attachment.lambda_rds_auth",
            "aws_lambda_function.lambdas",
            "aws_lambda_layer_version.rds",
            "aws_lambda_layer_version.user_auth",
            "aws_security_group.lambda_sg",
            "aws_subnet.private_subnet1",
            "aws_subnet.private_subnet2",
            "data.archive_file.lambda_archives",
            "data.archive_file.rds_layer",
            "data.archive_file.user_auth_layer",
            "data.aws_availability_zones.available",
            "data.aws_vpc.default"
          ],
          "create_before_destroy": true
        },
        {
          "index_key": "graph/get_avg_velocity",
          "schema_version": 0,
          "attributes": {
            "api_key_required": false,
            "authorization": "NONE",
            "authorization_scopes": [],
            "authorizer_id": "",
            "http_method": "OPTIONS",
            "id": "agm-buzzzp4ywk-0bywl5-OPTIONS",
            "operation_name": "",
            "request_models": {},
            "request_parameters": {},
            "request_validator_id": "",
            "resource_id": "0bywl5",
            "rest_api_id": "buzzzp4ywk"
          },
          "sensitive_attributes": [],
          "identity_schema_version": 0,
          "private": "bnVsbA==",
          "dependencies": [
            "aws_api_gateway_resource.athletes",
            "aws_api_gateway_resource.coaches",
            "aws_api_gateway_resource.general",
            "aws_api_gateway_resource.graph",
            "aws_api_gateway_resource.history",
            "aws_api_gateway_resource.relations",
            "aws_api_gateway_resource.subresources",
            "aws_api_gateway_rest_api.main",
            "aws_db_instance.default",
            "aws_db_subnet_group.rds_private",
            "aws_iam_role.lambda_role",
            "aws_iam_role_policy_attachment.lambda_rds_auth",
            "aws_lambda_function.lambdas",
            "aws_lambda_layer_version.rds",
            "aws_lambda_layer_version.user_auth",
            "aws_security_group.lambda_sg",
            "aws_subnet.private_subnet1",
            "aws_subnet.private_subnet2",
            "data.archive_file.lambda_archives",
            "data.archive_file.rds_layer",
            "data.archive_file.user_auth_layer",
            "data.aws_availability_zones.available",
            "data.aws_vpc.default"
          ],
          "create_before_destroy": true
        },
        {
          "index_key": "graph/get_work_rest_ratio",
          "schema_version": 0,
          "attributes": {
            "api_key_required": false,
            "authorization": "NONE",
            "authorization_scopes": [],
            "authorizer_id": "",
            "http_method": "OPTIONS",
            "id": "agm-buzzzp4ywk-uxymbx-OPTIONS",
            "operation_name": "",
            "request_models": {},
            "request_parameters": {},
            "request_validator_id": "",
            "resource_id": "uxymbx",
            "rest_api_id": "buzzzp4ywk"
          },
          "sensitive_attributes": [],
          "identity_schema_version": 0,
          "private": "bnVsbA==",
          "dependencies": [
            "aws_api_gateway_resource.athletes",
            "aws_api_gateway_resource.coaches",
            "aws_api_gateway_resource.general",
            "aws_api_gateway_resource.graph",
            "aws_api_gateway_resource.history",
            "aws_api_gateway_resource.relations",
            "aws_api_gateway_resource.subresources",
            "aws_api_gateway_rest_api.main",
            "aws_db_instance.default",
            "aws_db_subnet_group.rds_private",
            "aws_iam_role.lambda_role",
            "aws_iam_role_policy_attachment.lambda_rds_auth",
            "aws_lambda_function.lambdas",
            "aws_lambda_layer_version.rds",
            "aws_lambda_layer_version.user_auth",
            "aws_security_group.lambda_sg",
            "aws_subnet.private_subnet1",
            "aws_subnet.private_subnet2",
            "data.archive_file.lambda_archives",
            "data.archive_file.rds_layer",
            "data.archive_file.user_auth_layer",
            "data.aws_availability_zones.available",
            "data.aws_vpc.default"
          ],
          "create_before_destroy": true
        },
        {
          "index_key": "history/fetch_historical_data",
          "schema_version": 0,
          "attributes": {
            "api_key_required": false,
            "authorization": "NONE",
            "authorization_scopes": [],
            "authorizer_id": "",
            "http_method": "OPTIONS",
            "id": "agm-buzzzp4ywk-ax5rm1-OPTIONS",
            "operation_name": "",
            "request_models": {},
            "request_parameters": {},
            "request_validator_id": "",
            "resource_id": "ax5rm1",
            "rest_api_id": "buzzzp4ywk"
          },
          "sensitive_attributes": [],
          "identity_schema_version": 0,
          "private": "bnVsbA==",
          "dependencies": [
            "aws_api_gateway_resource.athletes",
            "aws_api_gateway_resource.coaches",
            "aws_api_gateway_resource.general",
            "aws_api_gateway_resource.graph",
            "aws_api_gateway_resource.history",
            "aws_api_gateway_resource.relations",
            "aws_api_gateway_resource.subresources",
            "aws_api_gateway_rest_api.main",
            "aws_db_instance.default",
            "aws_db_subnet_group.rds_private",
            "aws_iam_role.lambda_role",
            "aws_iam_role_policy_attachment.lambda_rds_auth",
            "aws_lambda_function.lambdas",
            "aws_lambda_layer_version.rds",
            "aws_lambda_layer_version.user_auth",
            "aws_security_group.lambda_sg",
            "aws_subnet.private_subnet1",
            "aws_subnet.private_subnet2",
            "data.archive_file.lambda_archives",
            "data.archive_file.rds_layer",
            "data.archive_file.user_auth_layer",
            "data.aws_availability_zones.available",
            "data.aws_vpc.default"
          ],
          "create_before_destroy": true
        },
        {
          "index_key": "history/get_available_history_dates",
          "schema_version": 0,
          "attributes": {
            "api_key_required": false,
            "authorization": "NONE",
            "authorization_scopes": [],
            "authorizer_id": "",
            "http_method": "OPTIONS",
            "id": "agm-buzzzp4ywk-mbjupg-OPTIONS",
            "operation_name": "",
            "request_models": {},
            "request_parameters": {},
            "request_validator_id": "",
            "resource_id": "mbjupg",
            "rest_api_id": "buzzzp4ywk"
          },
          "sensitive_attributes": [],
          "identity_schema_version": 0,
          "private": "bnVsbA==",
          "dependencies": [
            "aws_api_gateway_resource.athletes",
            "aws_api_gateway_resource.coaches",
            "aws_api_gateway_resource.general",
            "aws_api_gateway_resource.graph",
            "aws_api_gateway_resource.history",
            "aws_api_gateway_resource.relations",
            "aws_api_gateway_resource.subresources",
            "aws_api_gateway_rest_api.main",
            "aws_db_instance.default",
            "aws_db_subnet_group.rds_private",
            "aws_iam_role.lambda_role",
            "aws_iam_role_policy_attachment.lambda_rds_auth",
            "aws_lambda_function.lambdas",
            "aws_lambda_layer_version.rds",
            "aws_lambda_layer_version.user_auth",
            "aws_security_group.lambda_sg",
            "aws_subnet.private_subnet1",
            "aws_subnet.private_subnet2",
            "data.archive_file.lambda_archives",
            "data.archive_file.rds_layer",
            "data.archive_file.user_auth_layer",
            "data.aws_availability_zones.available",
            "data.aws_vpc.default"
          ],
          "create_before_destroy": true
        },
        {
          "index_key": "history/get_earliest_date_available",
          "schema_version": 0,
          "attributes": {
            "api_key_required": false,
            "authorization": "NONE",
            "authorization_scopes": [],
            "authorizer_id": "",
            "http_method": "OPTIONS",
            "id": "agm-buzzzp4ywk-p8a8f8-OPTIONS",
            "operation_name": "",
            "request_models": {},
            "request_parameters": {},
            "request_validator_id": "",
            "resource_id": "p8a8f8",
            "rest_api_id": "buzzzp4ywk"
          },
          "sensitive_attributes": [],
          "identity_schema_version": 0,
          "private": "bnVsbA==",
          "dependencies": [
            "aws_api_gateway_resource.athletes",
            "aws_api_gateway_resource.coaches",
            "aws_api_gateway_resource.general",
            "aws_api_gateway_resource.graph",
            "aws_api_gateway_resource.history",
            "aws_api_gateway_resource.relations",
            "aws_api_gateway_resource.subresources",
            "aws_api_gateway_rest_api.main",
            "aws_db_instance.default",
            "aws_db_subnet_group.rds_private",
            "aws_iam_role.lambda_role",
            "aws_iam_role_policy_attachment.lambda_rds_auth",
            "aws_lambda_function.lambdas",
            "aws_lambda_layer_version.rds",
            "aws_lambda_layer_version.user_auth",
            "aws_security_group.lambda_sg",
            "aws_subnet.private_subnet1",
            "aws_subnet.private_subnet2",
            "data.archive_file.lambda_archives",
            "data.archive_file.rds_layer",
            "data.archive_file.user_auth_layer",
            "data.aws_availability_zones.available",
            "data.aws_vpc.default"
          ],
          "create_before_destroy": true
        },
        {
          "index_key": "relations/add_relation",
          "schema_version": 0,
          "attributes": {
            "api_key_required": false,
            "authorization": "NONE",
            "authorization_scopes": [],
            "authorizer_id": "",
            "http_method": "OPTIONS",
            "id": "agm-buzzzp4ywk-zs7qut-OPTIONS",
            "operation_name": "",
            "request_models": {},
            "request_parameters": {},
            "request_validator_id": "",
            "resource_id": "zs7qut",
            "rest_api_id": "buzzzp4ywk"
          },
          "sensitive_attributes": [],
          "identity_schema_version": 0,
          "private": "bnVsbA==",
          "dependencies": [
            "aws_api_gateway_resource.athletes",
            "aws_api_gateway_resource.coaches",
            "aws_api_gateway_resource.general",
            "aws_api_gateway_resource.graph",
            "aws_api_gateway_resource.history",
            "aws_api_gateway_resource.relations",
            "aws_api_gateway_resource.subresources",
            "aws_api_gateway_rest_api.main",
            "aws_db_instance.default",
            "aws_db_subnet_group.rds_private",
            "aws_iam_role.lambda_role",
            "aws_iam_role_policy_attachment.lambda_rds_auth",
            "aws_lambda_function.lambdas",
            "aws_lambda_layer_version.rds",
            "aws_lambda_layer_version.user_auth",
            "aws_security_group.lambda_sg",
            "aws_subnet.private_subnet1",
            "aws_subnet.private_subnet2",
            "data.archive_file.lambda_archives",
            "data.archive_file.rds_layer",
            "data.archive_file.user_auth_layer",
            "data.aws_availability_zones.available",
            "data.aws_vpc.default"
          ],
          "create_before_destroy": true
        },
        {
          "index_key": "relations/get_mutual_athletes",
          "schema_version": 0,
          "attributes": {
            "api_key_required": false,
            "authorization": "NONE",
            "authorization_scopes": [],
            "authorizer_id": "",
            "http_method": "OPTIONS",
            "id": "agm-buzzzp4ywk-owe3in-OPTIONS",
            "operation_name": "",
            "request_models": {},
            "request_parameters": {},
            "request_validator_id": "",
            "resource_id": "owe3in",
            "rest_api_id": "buzzzp4ywk"
          },
          "sensitive_attributes": [],
          "identity_schema_version": 0,
          "private": "bnVsbA==",
          "dependencies": [
            "aws_api_gateway_resource.athletes",
            "aws_api_gateway_resource.coaches",
            "aws_api_gateway_resource.general",
            "aws_api_gateway_resource.graph",
            "aws_api_gateway_resource.history",
            "aws_api_gateway_resource.relations",
            "aws_api_gateway_resource.subresources",
            "aws_api_gateway_rest_api.main",
            "aws_db_instance.default",
            "aws_db_subnet_group.rds_private",
            "aws_iam_role.lambda_role",
            "aws_iam_role_policy_attachment.lambda_rds_auth",
            "aws_lambda_function.lambdas",
            "aws_lambda_layer_version.rds",
            "aws_lambda_layer_version.user_auth",
            "aws_security_group.lambda_sg",
            "aws_subnet.private_subnet1",
            "aws_subnet.private_subnet2",
            "data.archive_file.lambda_archives",
            "data.archive_file.rds_layer",
            "data.archive_file.user_auth_layer",
            "data.aws_availability_zones.available",
            "data.aws_vpc.default"
          ],
          "create_before_destroy": true
        },
        {
          "index_key": "relations/get_mutual_user_relations",
          "schema_version": 0,
          "attributes": {
            "api_key_required": false,
            "authorization": "NONE",
            "authorization_scopes": [],
            "authorizer_id": "",
            "http_method": "OPTIONS",
            "id": "agm-buzzzp4ywk-h1iinp-OPTIONS",
            "operation_name": "",
            "request_models": {},
            "request_parameters": {},
            "request_validator_id": "",
            "resource_id": "h1iinp",
            "rest_api_id": "buzzzp4ywk"
          },
          "sensitive_attributes": [],
          "identity_schema_version": 0,
          "private": "bnVsbA==",
          "dependencies": [
            "aws_api_gateway_resource.athletes",
            "aws_api_gateway_resource.coaches",
            "aws_api_gateway_resource.general",
            "aws_api_gateway_resource.graph",
            "aws_api_gateway_resource.history",
            "aws_api_gateway_resource.relations",
            "aws_api_gateway_resource.subresources",
            "aws_api_gateway_rest_api.main",
            "aws_db_instance.default",
            "aws_db_subnet_group.rds_private",
            "aws_iam_role.lambda_role",
            "aws_iam_role_policy_attachment.lambda_rds_auth",
            "aws_lambda_function.lambdas",
            "aws_lambda_layer_version.rds",
            "aws_lambda_layer_version.user_auth",
            "aws_security_group.lambda_sg",
            "aws_subnet.private_subnet1",
            "aws_subnet.private_subnet2",
            "data.archive_file.lambda_archives",
            "data.archive_file.rds_layer",
            "data.archive_file.user_auth_layer",
            "data.aws_availability_zones.available",
            "data.aws_vpc.default"
          ],
          "create_before_destroy": true
        },
        {
          "index_key": "relations/get_relation_invites",
          "schema_version": 0,
          "attributes": {
            "api_key_required": false,
            "authorization": "NONE",
            "authorization_scopes": [],
            "authorizer_id": "",
            "http_method": "OPTIONS",
            "id": "agm-buzzzp4ywk-q4nprh-OPTIONS",
            "operation_name": "",
            "request_models": {},
            "request_parameters": {},
            "request_validator_id": "",
            "resource_id": "q4nprh",
            "rest_api_id": "buzzzp4ywk"
          },
          "sensitive_attributes": [],
          "identity_schema_version": 0,
          "private": "bnVsbA==",
          "dependencies": [
            "aws_api_gateway_resource.athletes",
            "aws_api_gateway_resource.coaches",
            "aws_api_gateway_resource.general",
            "aws_api_gateway_resource.graph",
            "aws_api_gateway_resource.history",
            "aws_api_gateway_resource.relations",
            "aws_api_gateway_resource.subresources",
            "aws_api_gateway_rest_api.main",
            "aws_db_instance.default",
            "aws_db_subnet_group.rds_private",
            "aws_iam_role.lambda_role",
            "aws_iam_role_policy_attachment.lambda_rds_auth",
            "aws_lambda_function.lambdas",
            "aws_lambda_layer_version.rds",
            "aws_lambda_layer_version.user_auth",
            "aws_security_group.lambda_sg",
            "aws_subnet.private_subnet1",
            "aws_subnet.private_subnet2",
            "data.archive_file.lambda_archives",
            "data.archive_file.rds_layer",
            "data.archive_file.user_auth_layer",
            "data.aws_availability_zones.available",
            "data.aws_vpc.default"
          ],
          "create_before_destroy": true
        },
        {
          "index_key": "relations/get_relation_invites_count",
          "schema_version": 0,
          "attributes": {
            "api_key_required": false,
            "authorization": "NONE",
            "authorization_scopes": [],
            "authorizer_id": "",
            "http_method": "OPTIONS",
            "id": "agm-buzzzp4ywk-7mmdfl-OPTIONS",
            "operation_name": "",
            "request_models": {},
            "request_parameters": {},
            "request_validator_id": "",
            "resource_id": "7mmdfl",
            "rest_api_id": "buzzzp4ywk"
          },
          "sensitive_attributes": [],
          "identity_schema_version": 0,
          "private": "bnVsbA==",
          "dependencies": [
            "aws_api_gateway_resource.athletes",
            "aws_api_gateway_resource.coaches",
            "aws_api_gateway_resource.general",
            "aws_api_gateway_resource.graph",
            "aws_api_gateway_resource.history",
            "aws_api_gateway_resource.relations",
            "aws_api_gateway_resource.subresources",
            "aws_api_gateway_rest_api.main",
            "aws_db_instance.default",
            "aws_db_subnet_group.rds_private",
            "aws_iam_role.lambda_role",
            "aws_iam_role_policy_attachment.lambda_rds_auth",
            "aws_lambda_function.lambdas",
            "aws_lambda_layer_version.rds",
            "aws_lambda_layer_version.user_auth",
            "aws_security_group.lambda_sg",
            "aws_subnet.private_subnet1",
            "aws_subnet.private_subnet2",
            "data.archive_file.lambda_archives",
            "data.archive_file.rds_layer",
            "data.archive_file.user_auth_layer",
            "data.aws_availability_zones.available",
            "data.aws_vpc.default"
          ],
          "create_before_destroy": true
        },
        {
          "index_key": "relations/remove_user_relation",
          "schema_version": 0,
          "attributes": {
            "api_key_required": false,
            "authorization": "NONE",
            "authorization_scopes": [],
            "authorizer_id": "",
            "http_method": "OPTIONS",
            "id": "agm-buzzzp4ywk-xzk7ie-OPTIONS",
            "operation_name": "",
            "request_models": {},
            "request_parameters": {},
            "request_validator_id": "",
            "resource_id": "xzk7ie",
            "rest_api_id": "buzzzp4ywk"
          },
          "sensitive_attributes": [],
          "identity_schema_version": 0,
          "private": "bnVsbA==",
          "dependencies": [
            "aws_api_gateway_resource.athletes",
            "aws_api_gateway_resource.coaches",
            "aws_api_gateway_resource.general",
            "aws_api_gateway_resource.graph",
            "aws_api_gateway_resource.history",
            "aws_api_gateway_resource.relations",
            "aws_api_gateway_resource.subresources",
            "aws_api_gateway_rest_api.main",
            "aws_db_instance.default",
            "aws_db_subnet_group.rds_private",
            "aws_iam_role.lambda_role",
            "aws_iam_role_policy_attachment.lambda_rds_auth",
            "aws_lambda_function.lambdas",
            "aws_lambda_layer_version.rds",
            "aws_lambda_layer_version.user_auth",
            "aws_security_group.lambda_sg",
            "aws_subnet.private_subnet1",
            "aws_subnet.private_subnet2",
            "data.archive_file.lambda_archives",
            "data.archive_file.rds_layer",
            "data.archive_file.user_auth_layer",
            "data.aws_availability_zones.available",
            "data.aws_vpc.default"
          ],
          "create_before_destroy": true
        },
        {
          "index_key": "relations/search_user_relation",
          "schema_version": 0,
          "attributes": {
            "api_key_required": false,
            "authorization": "NONE",
            "authorization_scopes": [],
            "authorizer_id": "",
            "http_method": "OPTIONS",
            "id": "agm-buzzzp4ywk-vodnr3-OPTIONS",
            "operation_name": "",
            "request_models": {},
            "request_parameters": {},
            "request_validator_id": "",
            "resource_id": "vodnr3",
            "rest_api_id": "buzzzp4ywk"
          },
          "sensitive_attributes": [],
          "identity_schema_version": 0,
          "private": "bnVsbA==",
          "dependencies": [
            "aws_api_gateway_resource.athletes",
            "aws_api_gateway_resource.coaches",
            "aws_api_gateway_resource.general",
            "aws_api_gateway_resource.graph",
            "aws_api_gateway_resource.history",
            "aws_api_gateway_resource.relations",
            "aws_api_gateway_resource.subresources",
            "aws_api_gateway_rest_api.main",
            "aws_db_instance.default",
            "aws_db_subnet_group.rds_private",
            "aws_iam_role.lambda_role",
            "aws_iam_role_policy_attachment.lambda_rds_auth",
            "aws_lambda_function.lambdas",
            "aws_lambda_layer_version.rds",
            "aws_lambda_layer_version.user_auth",
            "aws_security_group.lambda_sg",
            "aws_subnet.private_subnet1",
            "aws_subnet.private_subnet2",
            "data.archive_file.lambda_archives",
            "data.archive_file.rds_layer",
            "data.archive_file.user_auth_layer",
            "data.aws_availability_zones.available",
            "data.aws_vpc.default"
          ],
          "create_before_destroy": true
        }
      ]
    },
    {
      "mode": "managed",
      "type": "aws_api_gateway_method_response",
      "name": "options",
      "provider": "provider[\"registry.terraform.io/hashicorp/aws\"]",
      "instances": [
        {
          "index_key": "athletes/input_times",
          "schema_version": 0,
          "attributes": {
            "http_method": "OPTIONS",
            "id": "agmr-buzzzp4ywk-akxhzs-OPTIONS-200",
            "resource_id": "akxhzs",
            "response_models": {},
            "response_parameters": {
              "method.response.header.Access-Control-Allow-Headers": true,
              "method.response.header.Access-Control-Allow-Methods": true,
              "method.response.header.Access-Control-Allow-Origin": true
            },
            "rest_api_id": "buzzzp4ywk",
            "status_code": "200"
          },
          "sensitive_attributes": [],
          "identity_schema_version": 0,
          "private": "bnVsbA==",
          "dependencies": [
            "aws_api_gateway_method.options",
            "aws_api_gateway_resource.athletes",
            "aws_api_gateway_resource.coaches",
            "aws_api_gateway_resource.general",
            "aws_api_gateway_resource.graph",
            "aws_api_gateway_resource.history",
            "aws_api_gateway_resource.relations",
            "aws_api_gateway_resource.subresources",
            "aws_api_gateway_rest_api.main",
            "aws_db_instance.default",
            "aws_db_subnet_group.rds_private",
            "aws_iam_role.lambda_role",
            "aws_iam_role_policy_attachment.lambda_rds_auth",
            "aws_lambda_function.lambdas",
            "aws_lambda_layer_version.rds",
            "aws_lambda_layer_version.user_auth",
            "aws_security_group.lambda_sg",
            "aws_subnet.private_subnet1",
            "aws_subnet.private_subnet2",
            "data.archive_file.lambda_archives",
            "data.archive_file.rds_layer",
            "data.archive_file.user_auth_layer",
            "data.aws_availability_zones.available",
            "data.aws_vpc.default"
          ],
          "create_before_destroy": true
        },
        {
          "index_key": "athletes/remove_inputs",
          "schema_version": 0,
          "attributes": {
            "http_method": "OPTIONS",
            "id": "agmr-buzzzp4ywk-6emjgf-OPTIONS-200",
            "resource_id": "6emjgf",
            "response_models": {},
            "response_parameters": {
              "method.response.header.Access-Control-Allow-Headers": true,
              "method.response.header.Access-Control-Allow-Methods": true,
              "method.response.header.Access-Control-Allow-Origin": true
            },
            "rest_api_id": "buzzzp4ywk",
            "status_code": "200"
          },
          "sensitive_attributes": [],
          "identity_schema_version": 0,
          "private": "bnVsbA==",
          "dependencies": [
            "aws_api_gateway_method.options",
            "aws_api_gateway_resource.athletes",
            "aws_api_gateway_resource.coaches",
            "aws_api_gateway_resource.general",
            "aws_api_gateway_resource.graph",
            "aws_api_gateway_resource.history",
            "aws_api_gateway_resource.relations",
            "aws_api_gateway_resource.subresources",
            "aws_api_gateway_rest_api.main",
            "aws_db_instance.default",
            "aws_db_subnet_group.rds_private",
            "aws_iam_role.lambda_role",
            "aws_iam_role_policy_attachment.lambda_rds_auth",
            "aws_lambda_function.lambdas",
            "aws_lambda_layer_version.rds",
            "aws_lambda_layer_version.user_auth",
            "aws_security_group.lambda_sg",
            "aws_subnet.private_subnet1",
            "aws_subnet.private_subnet2",
            "data.archive_file.lambda_archives",
            "data.archive_file.rds_layer",
            "data.archive_file.user_auth_layer",
            "data.aws_availability_zones.available",
            "data.aws_vpc.default"
          ],
          "create_before_destroy": true
        },
        {
          "index_key": "athletes/view_workout_inputs",
          "schema_version": 0,
          "attributes": {
            "http_method": "OPTIONS",
            "id": "agmr-buzzzp4ywk-wqltih-OPTIONS-200",
            "resource_id": "wqltih",
            "response_models": {},
            "response_parameters": {
              "method.response.header.Access-Control-Allow-Headers": true,
              "method.response.header.Access-Control-Allow-Methods": true,
              "method.response.header.Access-Control-Allow-Origin": true
            },
            "rest_api_id": "buzzzp4ywk",
            "status_code": "200"
          },
          "sensitive_attributes": [],
          "identity_schema_version": 0,
          "private": "bnVsbA==",
          "dependencies": [
            "aws_api_gateway_method.options",
            "aws_api_gateway_resource.athletes",
            "aws_api_gateway_resource.coaches",
            "aws_api_gateway_resource.general",
            "aws_api_gateway_resource.graph",
            "aws_api_gateway_resource.history",
            "aws_api_gateway_resource.relations",
            "aws_api_gateway_resource.subresources",
            "aws_api_gateway_rest_api.main",
            "aws_db_instance.default",
            "aws_db_subnet_group.rds_private",
            "aws_iam_role.lambda_role",
            "aws_iam_role_policy_attachment.lambda_rds_auth",
            "aws_lambda_function.lambdas",
            "aws_lambda_layer_version.rds",
            "aws_lambda_layer_version.user_auth",
            "aws_security_group.lambda_sg",
            "aws_subnet.private_subnet1",
            "aws_subnet.private_subnet2",
            "data.archive_file.lambda_archives",
            "data.archive_file.rds_layer",
            "data.archive_file.user_auth_layer",
            "data.aws_availability_zones.available",
            "data.aws_vpc.default"
          ],
          "create_before_destroy": true
        },
        {
          "index_key": "general/create_user",
          "schema_version": 0,
          "attributes": {
            "http_method": "OPTIONS",
            "id": "agmr-buzzzp4ywk-3ux4l0-OPTIONS-200",
            "resource_id": "3ux4l0",
            "response_models": {},
            "response_parameters": {
              "method.response.header.Access-Control-Allow-Headers": true,
              "method.response.header.Access-Control-Allow-Methods": true,
              "method.response.header.Access-Control-Allow-Origin": true
            },
            "rest_api_id": "buzzzp4ywk",
            "status_code": "200"
          },
          "sensitive_attributes": [],
          "identity_schema_version": 0,
          "private": "bnVsbA==",
          "dependencies": [
            "aws_api_gateway_method.options",
            "aws_api_gateway_resource.athletes",
            "aws_api_gateway_resource.coaches",
            "aws_api_gateway_resource.general",
            "aws_api_gateway_resource.graph",
            "aws_api_gateway_resource.history",
            "aws_api_gateway_resource.relations",
            "aws_api_gateway_resource.subresources",
            "aws_api_gateway_rest_api.main",
            "aws_db_instance.default",
            "aws_db_subnet_group.rds_private",
            "aws_iam_role.lambda_role",
            "aws_iam_role_policy_attachment.lambda_rds_auth",
            "aws_lambda_function.lambdas",
            "aws_lambda_layer_version.rds",
            "aws_lambda_layer_version.user_auth",
            "aws_security_group.lambda_sg",
            "aws_subnet.private_subnet1",
            "aws_subnet.private_subnet2",
            "data.archive_file.lambda_archives",
            "data.archive_file.rds_layer",
            "data.archive_file.user_auth_layer",
            "data.aws_availability_zones.available",
            "data.aws_vpc.default"
          ],
          "create_before_destroy": true
        },
        {
          "index_key": "general/generate_presigned_s3_url",
          "schema_version": 0,
          "attributes": {
            "http_method": "OPTIONS",
            "id": "agmr-buzzzp4ywk-j1jy8m-OPTIONS-200",
            "resource_id": "j1jy8m",
            "response_models": {},
            "response_parameters": {
              "method.response.header.Access-Control-Allow-Headers": true,
              "method.response.header.Access-Control-Allow-Methods": true,
              "method.response.header.Access-Control-Allow-Origin": true
            },
            "rest_api_id": "buzzzp4ywk",
            "status_code": "200"
          },
          "sensitive_attributes": [],
          "identity_schema_version": 0,
          "private": "bnVsbA==",
          "dependencies": [
            "aws_api_gateway_method.options",
            "aws_api_gateway_resource.athletes",
            "aws_api_gateway_resource.coaches",
            "aws_api_gateway_resource.general",
            "aws_api_gateway_resource.graph",
            "aws_api_gateway_resource.history",
            "aws_api_gateway_resource.relations",
            "aws_api_gateway_resource.subresources",
            "aws_api_gateway_rest_api.main",
            "aws_db_instance.default",
            "aws_db_subnet_group.rds_private",
            "aws_iam_role.lambda_role",
            "aws_iam_role_policy_attachment.lambda_rds_auth",
            "aws_lambda_function.lambdas",
            "aws_lambda_layer_version.rds",
            "aws_lambda_layer_version.user_auth",
            "aws_security_group.lambda_sg",
            "aws_subnet.private_subnet1",
            "aws_subnet.private_subnet2",
            "data.archive_file.lambda_archives",
            "data.archive_file.rds_layer",
            "data.archive_file.user_auth_layer",
            "data.aws_availability_zones.available",
            "data.aws_vpc.default"
          ],
          "create_before_destroy": true
        },
        {
          "index_key": "general/get_mutual_inputs",
          "schema_version": 0,
          "attributes": {
            "http_method": "OPTIONS",
            "id": "agmr-buzzzp4ywk-dnnf27-OPTIONS-200",
            "resource_id": "dnnf27",
            "response_models": {},
            "response_parameters": {
              "method.response.header.Access-Control-Allow-Headers": true,
              "method.response.header.Access-Control-Allow-Methods": true,
              "method.response.header.Access-Control-Allow-Origin": true
            },
            "rest_api_id": "buzzzp4ywk",
            "status_code": "200"
          },
          "sensitive_attributes": [],
          "identity_schema_version": 0,
          "private": "bnVsbA==",
          "dependencies": [
            "aws_api_gateway_method.options",
            "aws_api_gateway_resource.athletes",
            "aws_api_gateway_resource.coaches",
            "aws_api_gateway_resource.general",
            "aws_api_gateway_resource.graph",
            "aws_api_gateway_resource.history",
            "aws_api_gateway_resource.relations",
            "aws_api_gateway_resource.subresources",
            "aws_api_gateway_rest_api.main",
            "aws_db_instance.default",
            "aws_db_subnet_group.rds_private",
            "aws_iam_role.lambda_role",
            "aws_iam_role_policy_attachment.lambda_rds_auth",
            "aws_lambda_function.lambdas",
            "aws_lambda_layer_version.rds",
            "aws_lambda_layer_version.user_auth",
            "aws_security_group.lambda_sg",
            "aws_subnet.private_subnet1",
            "aws_subnet.private_subnet2",
            "data.archive_file.lambda_archives",
            "data.archive_file.rds_layer",
            "data.archive_file.user_auth_layer",
            "data.aws_availability_zones.available",
            "data.aws_vpc.default"
          ],
          "create_before_destroy": true
        },
        {
          "index_key": "general/get_user",
          "schema_version": 0,
          "attributes": {
            "http_method": "OPTIONS",
            "id": "agmr-buzzzp4ywk-ofzmk1-OPTIONS-200",
            "resource_id": "ofzmk1",
            "response_models": {},
            "response_parameters": {
              "method.response.header.Access-Control-Allow-Headers": true,
              "method.response.header.Access-Control-Allow-Methods": true,
              "method.response.header.Access-Control-Allow-Origin": true
            },
            "rest_api_id": "buzzzp4ywk",
            "status_code": "200"
          },
          "sensitive_attributes": [],
          "identity_schema_version": 0,
          "private": "bnVsbA==",
          "dependencies": [
            "aws_api_gateway_method.options",
            "aws_api_gateway_resource.athletes",
            "aws_api_gateway_resource.coaches",
            "aws_api_gateway_resource.general",
            "aws_api_gateway_resource.graph",
            "aws_api_gateway_resource.history",
            "aws_api_gateway_resource.relations",
            "aws_api_gateway_resource.subresources",
            "aws_api_gateway_rest_api.main",
            "aws_db_instance.default",
            "aws_db_subnet_group.rds_private",
            "aws_iam_role.lambda_role",
            "aws_iam_role_policy_attachment.lambda_rds_auth",
            "aws_lambda_function.lambdas",
            "aws_lambda_layer_version.rds",
            "aws_lambda_layer_version.user_auth",
            "aws_security_group.lambda_sg",
            "aws_subnet.private_subnet1",
            "aws_subnet.private_subnet2",
            "data.archive_file.lambda_archives",
            "data.archive_file.rds_layer",
            "data.archive_file.user_auth_layer",
            "data.aws_availability_zones.available",
            "data.aws_vpc.default"
          ],
          "create_before_destroy": true
        },
        {
          "index_key": "general/mass_input",
          "schema_version": 0,
          "attributes": {
            "http_method": "OPTIONS",
            "id": "agmr-buzzzp4ywk-ozp6d8-OPTIONS-200",
            "resource_id": "ozp6d8",
            "response_models": {},
            "response_parameters": {
              "method.response.header.Access-Control-Allow-Headers": true,
              "method.response.header.Access-Control-Allow-Methods": true,
              "method.response.header.Access-Control-Allow-Origin": true
            },
            "rest_api_id": "buzzzp4ywk",
            "status_code": "200"
          },
          "sensitive_attributes": [],
          "identity_schema_version": 0,
          "private": "bnVsbA==",
          "dependencies": [
            "aws_api_gateway_method.options",
            "aws_api_gateway_resource.athletes",
            "aws_api_gateway_resource.coaches",
            "aws_api_gateway_resource.general",
            "aws_api_gateway_resource.graph",
            "aws_api_gateway_resource.history",
            "aws_api_gateway_resource.relations",
            "aws_api_gateway_resource.subresources",
            "aws_api_gateway_rest_api.main",
            "aws_db_instance.default",
            "aws_db_subnet_group.rds_private",
            "aws_iam_role.lambda_role",
            "aws_iam_role_policy_attachment.lambda_rds_auth",
            "aws_lambda_function.lambdas",
            "aws_lambda_layer_version.rds",
            "aws_lambda_layer_version.user_auth",
            "aws_security_group.lambda_sg",
            "aws_subnet.private_subnet1",
            "aws_subnet.private_subnet2",
            "data.archive_file.lambda_archives",
            "data.archive_file.rds_layer",
            "data.archive_file.user_auth_layer",
            "data.aws_availability_zones.available",
            "data.aws_vpc.default"
          ],
          "create_before_destroy": true
        },
        {
          "index_key": "general/update_user_profile",
          "schema_version": 0,
          "attributes": {
            "http_method": "OPTIONS",
            "id": "agmr-buzzzp4ywk-82va20-OPTIONS-200",
            "resource_id": "82va20",
            "response_models": {},
            "response_parameters": {
              "method.response.header.Access-Control-Allow-Headers": true,
              "method.response.header.Access-Control-Allow-Methods": true,
              "method.response.header.Access-Control-Allow-Origin": true
            },
            "rest_api_id": "buzzzp4ywk",
            "status_code": "200"
          },
          "sensitive_attributes": [],
          "identity_schema_version": 0,
          "private": "bnVsbA==",
          "dependencies": [
            "aws_api_gateway_method.options",
            "aws_api_gateway_resource.athletes",
            "aws_api_gateway_resource.coaches",
            "aws_api_gateway_resource.general",
            "aws_api_gateway_resource.graph",
            "aws_api_gateway_resource.history",
            "aws_api_gateway_resource.relations",
            "aws_api_gateway_resource.subresources",
            "aws_api_gateway_rest_api.main",
            "aws_db_instance.default",
            "aws_db_subnet_group.rds_private",
            "aws_iam_role.lambda_role",
            "aws_iam_role_policy_attachment.lambda_rds_auth",
            "aws_lambda_function.lambdas",
            "aws_lambda_layer_version.rds",
            "aws_lambda_layer_version.user_auth",
            "aws_security_group.lambda_sg",
            "aws_subnet.private_subnet1",
            "aws_subnet.private_subnet2",
            "data.archive_file.lambda_archives",
            "data.archive_file.rds_layer",
            "data.archive_file.user_auth_layer",
            "data.aws_availability_zones.available",
            "data.aws_vpc.default"
          ],
          "create_before_destroy": true
        },
        {
          "index_key": "graph/get_avg_velocity",
          "schema_version": 0,
          "attributes": {
            "http_method": "OPTIONS",
            "id": "agmr-buzzzp4ywk-0bywl5-OPTIONS-200",
            "resource_id": "0bywl5",
            "response_models": {},
            "response_parameters": {
              "method.response.header.Access-Control-Allow-Headers": true,
              "method.response.header.Access-Control-Allow-Methods": true,
              "method.response.header.Access-Control-Allow-Origin": true
            },
            "rest_api_id": "buzzzp4ywk",
            "status_code": "200"
          },
          "sensitive_attributes": [],
          "identity_schema_version": 0,
          "private": "bnVsbA==",
          "dependencies": [
            "aws_api_gateway_method.options",
            "aws_api_gateway_resource.athletes",
            "aws_api_gateway_resource.coaches",
            "aws_api_gateway_resource.general",
            "aws_api_gateway_resource.graph",
            "aws_api_gateway_resource.history",
            "aws_api_gateway_resource.relations",
            "aws_api_gateway_resource.subresources",
            "aws_api_gateway_rest_api.main",
            "aws_db_instance.default",
            "aws_db_subnet_group.rds_private",
            "aws_iam_role.lambda_role",
            "aws_iam_role_policy_attachment.lambda_rds_auth",
            "aws_lambda_function.lambdas",
            "aws_lambda_layer_version.rds",
            "aws_lambda_layer_version.user_auth",
            "aws_security_group.lambda_sg",
            "aws_subnet.private_subnet1",
            "aws_subnet.private_subnet2",
            "data.archive_file.lambda_archives",
            "data.archive_file.rds_layer",
            "data.archive_file.user_auth_layer",
            "data.aws_availability_zones.available",
            "data.aws_vpc.default"
          ],
          "create_before_destroy": true
        },
        {
          "index_key": "graph/get_work_rest_ratio",
          "schema_version": 0,
          "attributes": {
            "http_method": "OPTIONS",
            "id": "agmr-buzzzp4ywk-uxymbx-OPTIONS-200",
            "resource_id": "uxymbx",
            "response_models": {},
            "response_parameters": {
              "method.response.header.Access-Control-Allow-Headers": true,
              "method.response.header.Access-Control-Allow-Methods": true,
              "method.response.header.Access-Control-Allow-Origin": true
            },
            "rest_api_id": "buzzzp4ywk",
            "status_code": "200"
          },
          "sensitive_attributes": [],
          "identity_schema_version": 0,
          "private": "bnVsbA==",
          "dependencies": [
            "aws_api_gateway_method.options",
            "aws_api_gateway_resource.athletes",
            "aws_api_gateway_resource.coaches",
            "aws_api_gateway_resource.general",
            "aws_api_gateway_resource.graph",
            "aws_api_gateway_resource.history",
            "aws_api_gateway_resource.relations",
            "aws_api_gateway_resource.subresources",
            "aws_api_gateway_rest_api.main",
            "aws_db_instance.default",
            "aws_db_subnet_group.rds_private",
            "aws_iam_role.lambda_role",
            "aws_iam_role_policy_attachment.lambda_rds_auth",
            "aws_lambda_function.lambdas",
            "aws_lambda_layer_version.rds",
            "aws_lambda_layer_version.user_auth",
            "aws_security_group.lambda_sg",
            "aws_subnet.private_subnet1",
            "aws_subnet.private_subnet2",
            "data.archive_file.lambda_archives",
            "data.archive_file.rds_layer",
            "data.archive_file.user_auth_layer",
            "data.aws_availability_zones.available",
            "data.aws_vpc.default"
          ],
          "create_before_destroy": true
        },
        {
          "index_key": "history/fetch_historical_data",
          "schema_version": 0,
          "attributes": {
            "http_method": "OPTIONS",
            "id": "agmr-buzzzp4ywk-ax5rm1-OPTIONS-200",
            "resource_id": "ax5rm1",
            "response_models": {},
            "response_parameters": {
              "method.response.header.Access-Control-Allow-Headers": true,
              "method.response.header.Access-Control-Allow-Methods": true,
              "method.response.header.Access-Control-Allow-Origin": true
            },
            "rest_api_id": "buzzzp4ywk",
            "status_code": "200"
          },
          "sensitive_attributes": [],
          "identity_schema_version": 0,
          "private": "bnVsbA==",
          "dependencies": [
            "aws_api_gateway_method.options",
            "aws_api_gateway_resource.athletes",
            "aws_api_gateway_resource.coaches",
            "aws_api_gateway_resource.general",
            "aws_api_gateway_resource.graph",
            "aws_api_gateway_resource.history",
            "aws_api_gateway_resource.relations",
            "aws_api_gateway_resource.subresources",
            "aws_api_gateway_rest_api.main",
            "aws_db_instance.default",
            "aws_db_subnet_group.rds_private",
            "aws_iam_role.lambda_role",
            "aws_iam_role_policy_attachment.lambda_rds_auth",
            "aws_lambda_function.lambdas",
            "aws_lambda_layer_version.rds",
            "aws_lambda_layer_version.user_auth",
            "aws_security_group.lambda_sg",
            "aws_subnet.private_subnet1",
            "aws_subnet.private_subnet2",
            "data.archive_file.lambda_archives",
            "data.archive_file.rds_layer",
            "data.archive_file.user_auth_layer",
            "data.aws_availability_zones.available",
            "data.aws_vpc.default"
          ],
          "create_before_destroy": true
        },
        {
          "index_key": "history/get_available_history_dates",
          "schema_version": 0,
          "attributes": {
            "http_method": "OPTIONS",
            "id": "agmr-buzzzp4ywk-mbjupg-OPTIONS-200",
            "resource_id": "mbjupg",
            "response_models": {},
            "response_parameters": {
              "method.response.header.Access-Control-Allow-Headers": true,
              "method.response.header.Access-Control-Allow-Methods": true,
              "method.response.header.Access-Control-Allow-Origin": true
            },
            "rest_api_id": "buzzzp4ywk",
            "status_code": "200"
          },
          "sensitive_attributes": [],
          "identity_schema_version": 0,
          "private": "bnVsbA==",
          "dependencies": [
            "aws_api_gateway_method.options",
            "aws_api_gateway_resource.athletes",
            "aws_api_gateway_resource.coaches",
            "aws_api_gateway_resource.general",
            "aws_api_gateway_resource.graph",
            "aws_api_gateway_resource.history",
            "aws_api_gateway_resource.relations",
            "aws_api_gateway_resource.subresources",
            "aws_api_gateway_rest_api.main",
            "aws_db_instance.default",
            "aws_db_subnet_group.rds_private",
            "aws_iam_role.lambda_role",
            "aws_iam_role_policy_attachment.lambda_rds_auth",
            "aws_lambda_function.lambdas",
            "aws_lambda_layer_version.rds",
            "aws_lambda_layer_version.user_auth",
            "aws_security_group.lambda_sg",
            "aws_subnet.private_subnet1",
            "aws_subnet.private_subnet2",
            "data.archive_file.lambda_archives",
            "data.archive_file.rds_layer",
            "data.archive_file.user_auth_layer",
            "data.aws_availability_zones.available",
            "data.aws_vpc.default"
          ],
          "create_before_destroy": true
        },
        {
          "index_key": "history/get_earliest_date_available",
          "schema_version": 0,
          "attributes": {
            "http_method": "OPTIONS",
            "id": "agmr-buzzzp4ywk-p8a8f8-OPTIONS-200",
            "resource_id": "p8a8f8",
            "response_models": {},
            "response_parameters": {
              "method.response.header.Access-Control-Allow-Headers": true,
              "method.response.header.Access-Control-Allow-Methods": true,
              "method.response.header.Access-Control-Allow-Origin": true
            },
            "rest_api_id": "buzzzp4ywk",
            "status_code": "200"
          },
          "sensitive_attributes": [],
          "identity_schema_version": 0,
          "private": "bnVsbA==",
          "dependencies": [
            "aws_api_gateway_method.options",
            "aws_api_gateway_resource.athletes",
            "aws_api_gateway_resource.coaches",
            "aws_api_gateway_resource.general",
            "aws_api_gateway_resource.graph",
            "aws_api_gateway_resource.history",
            "aws_api_gateway_resource.relations",
            "aws_api_gateway_resource.subresources",
            "aws_api_gateway_rest_api.main",
            "aws_db_instance.default",
            "aws_db_subnet_group.rds_private",
            "aws_iam_role.lambda_role",
            "aws_iam_role_policy_attachment.lambda_rds_auth",
            "aws_lambda_function.lambdas",
            "aws_lambda_layer_version.rds",
            "aws_lambda_layer_version.user_auth",
            "aws_security_group.lambda_sg",
            "aws_subnet.private_subnet1",
            "aws_subnet.private_subnet2",
            "data.archive_file.lambda_archives",
            "data.archive_file.rds_layer",
            "data.archive_file.user_auth_layer",
            "data.aws_availability_zones.available",
            "data.aws_vpc.default"
          ],
          "create_before_destroy": true
        },
        {
          "index_key": "relations/add_relation",
          "schema_version": 0,
          "attributes": {
            "http_method": "OPTIONS",
            "id": "agmr-buzzzp4ywk-zs7qut-OPTIONS-200",
            "resource_id": "zs7qut",
            "response_models": {},
            "response_parameters": {
              "method.response.header.Access-Control-Allow-Headers": true,
              "method.response.header.Access-Control-Allow-Methods": true,
              "method.response.header.Access-Control-Allow-Origin": true
            },
            "rest_api_id": "buzzzp4ywk",
            "status_code": "200"
          },
          "sensitive_attributes": [],
          "identity_schema_version": 0,
          "private": "bnVsbA==",
          "dependencies": [
            "aws_api_gateway_method.options",
            "aws_api_gateway_resource.athletes",
            "aws_api_gateway_resource.coaches",
            "aws_api_gateway_resource.general",
            "aws_api_gateway_resource.graph",
            "aws_api_gateway_resource.history",
            "aws_api_gateway_resource.relations",
            "aws_api_gateway_resource.subresources",
            "aws_api_gateway_rest_api.main",
            "aws_db_instance.default",
            "aws_db_subnet_group.rds_private",
            "aws_iam_role.lambda_role",
            "aws_iam_role_policy_attachment.lambda_rds_auth",
            "aws_lambda_function.lambdas",
            "aws_lambda_layer_version.rds",
            "aws_lambda_layer_version.user_auth",
            "aws_security_group.lambda_sg",
            "aws_subnet.private_subnet1",
            "aws_subnet.private_subnet2",
            "data.archive_file.lambda_archives",
            "data.archive_file.rds_layer",
            "data.archive_file.user_auth_layer",
            "data.aws_availability_zones.available",
            "data.aws_vpc.default"
          ],
          "create_before_destroy": true
        },
        {
          "index_key": "relations/get_mutual_athletes",
          "schema_version": 0,
          "attributes": {
            "http_method": "OPTIONS",
            "id": "agmr-buzzzp4ywk-owe3in-OPTIONS-200",
            "resource_id": "owe3in",
            "response_models": {},
            "response_parameters": {
              "method.response.header.Access-Control-Allow-Headers": true,
              "method.response.header.Access-Control-Allow-Methods": true,
              "method.response.header.Access-Control-Allow-Origin": true
            },
            "rest_api_id": "buzzzp4ywk",
            "status_code": "200"
          },
          "sensitive_attributes": [],
          "identity_schema_version": 0,
          "private": "bnVsbA==",
          "dependencies": [
            "aws_api_gateway_method.options",
            "aws_api_gateway_resource.athletes",
            "aws_api_gateway_resource.coaches",
            "aws_api_gateway_resource.general",
            "aws_api_gateway_resource.graph",
            "aws_api_gateway_resource.history",
            "aws_api_gateway_resource.relations",
            "aws_api_gateway_resource.subresources",
            "aws_api_gateway_rest_api.main",
            "aws_db_instance.default",
            "aws_db_subnet_group.rds_private",
            "aws_iam_role.lambda_role",
            "aws_iam_role_policy_attachment.lambda_rds_auth",
            "aws_lambda_function.lambdas",
            "aws_lambda_layer_version.rds",
            "aws_lambda_layer_version.user_auth",
            "aws_security_group.lambda_sg",
            "aws_subnet.private_subnet1",
            "aws_subnet.private_subnet2",
            "data.archive_file.lambda_archives",
            "data.archive_file.rds_layer",
            "data.archive_file.user_auth_layer",
            "data.aws_availability_zones.available",
            "data.aws_vpc.default"
          ],
          "create_before_destroy": true
        },
        {
          "index_key": "relations/get_mutual_user_relations",
          "schema_version": 0,
          "attributes": {
            "http_method": "OPTIONS",
            "id": "agmr-buzzzp4ywk-h1iinp-OPTIONS-200",
            "resource_id": "h1iinp",
            "response_models": {},
            "response_parameters": {
              "method.response.header.Access-Control-Allow-Headers": true,
              "method.response.header.Access-Control-Allow-Methods": true,
              "method.response.header.Access-Control-Allow-Origin": true
            },
            "rest_api_id": "buzzzp4ywk",
            "status_code": "200"
          },
          "sensitive_attributes": [],
          "identity_schema_version": 0,
          "private": "bnVsbA==",
          "dependencies": [
            "aws_api_gateway_method.options",
            "aws_api_gateway_resource.athletes",
            "aws_api_gateway_resource.coaches",
            "aws_api_gateway_resource.general",
            "aws_api_gateway_resource.graph",
            "aws_api_gateway_resource.history",
            "aws_api_gateway_resource.relations",
            "aws_api_gateway_resource.subresources",
            "aws_api_gateway_rest_api.main",
            "aws_db_instance.default",
            "aws_db_subnet_group.rds_private",
            "aws_iam_role.lambda_role",
            "aws_iam_role_policy_attachment.lambda_rds_auth",
            "aws_lambda_function.lambdas",
            "aws_lambda_layer_version.rds",
            "aws_lambda_layer_version.user_auth",
            "aws_security_group.lambda_sg",
            "aws_subnet.private_subnet1",
            "aws_subnet.private_subnet2",
            "data.archive_file.lambda_archives",
            "data.archive_file.rds_layer",
            "data.archive_file.user_auth_layer",
            "data.aws_availability_zones.available",
            "data.aws_vpc.default"
          ],
          "create_before_destroy": true
        },
        {
          "index_key": "relations/get_relation_invites",
          "schema_version": 0,
          "attributes": {
            "http_method": "OPTIONS",
            "id": "agmr-buzzzp4ywk-q4nprh-OPTIONS-200",
            "resource_id": "q4nprh",
            "response_models": {},
            "response_parameters": {
              "method.response.header.Access-Control-Allow-Headers": true,
              "method.response.header.Access-Control-Allow-Methods": true,
              "method.response.header.Access-Control-Allow-Origin": true
            },
            "rest_api_id": "buzzzp4ywk",
            "status_code": "200"
          },
          "sensitive_attributes": [],
          "identity_schema_version": 0,
          "private": "bnVsbA==",
          "dependencies": [
            "aws_api_gateway_method.options",
            "aws_api_gateway_resource.athletes",
            "aws_api_gateway_resource.coaches",
            "aws_api_gateway_resource.general",
            "aws_api_gateway_resource.graph",
            "aws_api_gateway_resource.history",
            "aws_api_gateway_resource.relations",
            "aws_api_gateway_resource.subresources",
            "aws_api_gateway_rest_api.main",
            "aws_db_instance.default",
            "aws_db_subnet_group.rds_private",
            "aws_iam_role.lambda_role",
            "aws_iam_role_policy_attachment.lambda_rds_auth",
            "aws_lambda_function.lambdas",
            "aws_lambda_layer_version.rds",
            "aws_lambda_layer_version.user_auth",
            "aws_security_group.lambda_sg",
            "aws_subnet.private_subnet1",
            "aws_subnet.private_subnet2",
            "data.archive_file.lambda_archives",
            "data.archive_file.rds_layer",
            "data.archive_file.user_auth_layer",
            "data.aws_availability_zones.available",
            "data.aws_vpc.default"
          ],
          "create_before_destroy": true
        },
        {
          "index_key": "relations/get_relation_invites_count",
          "schema_version": 0,
          "attributes": {
            "http_method": "OPTIONS",
            "id": "agmr-buzzzp4ywk-7mmdfl-OPTIONS-200",
            "resource_id": "7mmdfl",
            "response_models": {},
            "response_parameters": {
              "method.response.header.Access-Control-Allow-Headers": true,
              "method.response.header.Access-Control-Allow-Methods": true,
              "method.response.header.Access-Control-Allow-Origin": true
            },
            "rest_api_id": "buzzzp4ywk",
            "status_code": "200"
          },
          "sensitive_attributes": [],
          "identity_schema_version": 0,
          "private": "bnVsbA==",
          "dependencies": [
            "aws_api_gateway_method.options",
            "aws_api_gateway_resource.athletes",
            "aws_api_gateway_resource.coaches",
            "aws_api_gateway_resource.general",
            "aws_api_gateway_resource.graph",
            "aws_api_gateway_resource.history",
            "aws_api_gateway_resource.relations",
            "aws_api_gateway_resource.subresources",
            "aws_api_gateway_rest_api.main",
            "aws_db_instance.default",
            "aws_db_subnet_group.rds_private",
            "aws_iam_role.lambda_role",
            "aws_iam_role_policy_attachment.lambda_rds_auth",
            "aws_lambda_function.lambdas",
            "aws_lambda_layer_version.rds",
            "aws_lambda_layer_version.user_auth",
            "aws_security_group.lambda_sg",
            "aws_subnet.private_subnet1",
            "aws_subnet.private_subnet2",
            "data.archive_file.lambda_archives",
            "data.archive_file.rds_layer",
            "data.archive_file.user_auth_layer",
            "data.aws_availability_zones.available",
            "data.aws_vpc.default"
          ],
          "create_before_destroy": true
        },
        {
          "index_key": "relations/remove_user_relation",
          "schema_version": 0,
          "attributes": {
            "http_method": "OPTIONS",
            "id": "agmr-buzzzp4ywk-xzk7ie-OPTIONS-200",
            "resource_id": "xzk7ie",
            "response_models": {},
            "response_parameters": {
              "method.response.header.Access-Control-Allow-Headers": true,
              "method.response.header.Access-Control-Allow-Methods": true,
              "method.response.header.Access-Control-Allow-Origin": true
            },
            "rest_api_id": "buzzzp4ywk",
            "status_code": "200"
          },
          "sensitive_attributes": [],
          "identity_schema_version": 0,
          "private": "bnVsbA==",
          "dependencies": [
            "aws_api_gateway_method.options",
            "aws_api_gateway_resource.athletes",
            "aws_api_gateway_resource.coaches",
            "aws_api_gateway_resource.general",
            "aws_api_gateway_resource.graph",
            "aws_api_gateway_resource.history",
            "aws_api_gateway_resource.relations",
            "aws_api_gateway_resource.subresources",
            "aws_api_gateway_rest_api.main",
            "aws_db_instance.default",
            "aws_db_subnet_group.rds_private",
            "aws_iam_role.lambda_role",
            "aws_iam_role_policy_attachment.lambda_rds_auth",
            "aws_lambda_function.lambdas",
            "aws_lambda_layer_version.rds",
            "aws_lambda_layer_version.user_auth",
            "aws_security_group.lambda_sg",
            "aws_subnet.private_subnet1",
            "aws_subnet.private_subnet2",
            "data.archive_file.lambda_archives",
            "data.archive_file.rds_layer",
            "data.archive_file.user_auth_layer",
            "data.aws_availability_zones.available",
            "data.aws_vpc.default"
          ],
          "create_before_destroy": true
        },
        {
          "index_key": "relations/search_user_relation",
          "schema_version": 0,
          "attributes": {
            "http_method": "OPTIONS",
            "id": "agmr-buzzzp4ywk-vodnr3-OPTIONS-200",
            "resource_id": "vodnr3",
            "response_models": {},
            "response_parameters": {
              "method.response.header.Access-Control-Allow-Headers": true,
              "method.response.header.Access-Control-Allow-Methods": true,
              "method.response.header.Access-Control-Allow-Origin": true
            },
            "rest_api_id": "buzzzp4ywk",
            "status_code": "200"
          },
          "sensitive_attributes": [],
          "identity_schema_version": 0,
          "private": "bnVsbA==",
          "dependencies": [
            "aws_api_gateway_method.options",
            "aws_api_gateway_resource.athletes",
            "aws_api_gateway_resource.coaches",
            "aws_api_gateway_resource.general",
            "aws_api_gateway_resource.graph",
            "aws_api_gateway_resource.history",
            "aws_api_gateway_resource.relations",
            "aws_api_gateway_resource.subresources",
            "aws_api_gateway_rest_api.main",
            "aws_db_instance.default",
            "aws_db_subnet_group.rds_private",
            "aws_iam_role.lambda_role",
            "aws_iam_role_policy_attachment.lambda_rds_auth",
            "aws_lambda_function.lambdas",
            "aws_lambda_layer_version.rds",
            "aws_lambda_layer_version.user_auth",
            "aws_security_group.lambda_sg",
            "aws_subnet.private_subnet1",
            "aws_subnet.private_subnet2",
            "data.archive_file.lambda_archives",
            "data.archive_file.rds_layer",
            "data.archive_file.user_auth_layer",
            "data.aws_availability_zones.available",
            "data.aws_vpc.default"
          ],
          "create_before_destroy": true
        }
      ]
    },
    {
      "mode": "managed",
      "type": "aws_api_gateway_resource",
      "name": "athletes",
      "provider": "provider[\"registry.terraform.io/hashicorp/aws\"]",
      "instances": [
        {
          "schema_version": 0,
          "attributes": {
            "id": "ojfpb1",
            "parent_id": "u0sdo1pj4k",
            "path": "/athletes",
            "path_part": "athletes",
            "rest_api_id": "buzzzp4ywk"
          },
          "sensitive_attributes": [],
          "identity_schema_version": 0,
          "private": "bnVsbA==",
          "dependencies": [
            "aws_api_gateway_rest_api.main"
          ],
          "create_before_destroy": true
        }
      ]
    },
    {
      "mode": "managed",
      "type": "aws_api_gateway_resource",
      "name": "coaches",
      "provider": "provider[\"registry.terraform.io/hashicorp/aws\"]",
      "instances": [
        {
          "schema_version": 0,
          "attributes": {
            "id": "89yyuo",
            "parent_id": "u0sdo1pj4k",
            "path": "/coaches",
            "path_part": "coaches",
            "rest_api_id": "buzzzp4ywk"
          },
          "sensitive_attributes": [],
          "identity_schema_version": 0,
          "private": "bnVsbA==",
          "dependencies": [
            "aws_api_gateway_rest_api.main"
          ],
          "create_before_destroy": true
        }
      ]
    },
    {
      "mode": "managed",
      "type": "aws_api_gateway_resource",
      "name": "general",
      "provider": "provider[\"registry.terraform.io/hashicorp/aws\"]",
      "instances": [
        {
          "schema_version": 0,
          "attributes": {
            "id": "of8snb",
            "parent_id": "u0sdo1pj4k",
            "path": "/general",
            "path_part": "general",
            "rest_api_id": "buzzzp4ywk"
          },
          "sensitive_attributes": [],
          "identity_schema_version": 0,
          "private": "bnVsbA==",
          "dependencies": [
            "aws_api_gateway_rest_api.main"
          ],
          "create_before_destroy": true
        }
      ]
    },
    {
      "mode": "managed",
      "type": "aws_api_gateway_resource",
      "name": "graph",
      "provider": "provider[\"registry.terraform.io/hashicorp/aws\"]",
      "instances": [
        {
          "schema_version": 0,
          "attributes": {
            "id": "7pnajp",
            "parent_id": "u0sdo1pj4k",
            "path": "/graph",
            "path_part": "graph",
            "rest_api_id": "buzzzp4ywk"
          },
          "sensitive_attributes": [],
          "identity_schema_version": 0,
          "private": "bnVsbA==",
          "dependencies": [
            "aws_api_gateway_rest_api.main"
          ],
          "create_before_destroy": true
        }
      ]
    },
    {
      "mode": "managed",
      "type": "aws_api_gateway_resource",
      "name": "history",
      "provider": "provider[\"registry.terraform.io/hashicorp/aws\"]",
      "instances": [
        {
          "schema_version": 0,
          "attributes": {
            "id": "05jxhd",
            "parent_id": "u0sdo1pj4k",
            "path": "/history",
            "path_part": "history",
            "rest_api_id": "buzzzp4ywk"
          },
          "sensitive_attributes": [],
          "identity_schema_version": 0,
          "private": "bnVsbA==",
          "dependencies": [
            "aws_api_gateway_rest_api.main"
          ],
          "create_before_destroy": true
        }
      ]
    },
    {
      "mode": "managed",
      "type": "aws_api_gateway_resource",
      "name": "relations",
      "provider": "provider[\"registry.terraform.io/hashicorp/aws\"]",
      "instances": [
        {
          "schema_version": 0,
          "attributes": {
            "id": "toj58s",
            "parent_id": "u0sdo1pj4k",
            "path": "/relations",
            "path_part": "relations",
            "rest_api_id": "buzzzp4ywk"
          },
          "sensitive_attributes": [],
          "identity_schema_version": 0,
          "private": "bnVsbA==",
          "dependencies": [
            "aws_api_gateway_rest_api.main"
          ],
          "create_before_destroy": true
        }
      ]
    },
    {
      "mode": "managed",
      "type": "aws_api_gateway_resource",
      "name": "subresources",
      "provider": "provider[\"registry.terraform.io/hashicorp/aws\"]",
      "instances": [
        {
          "index_key": "athletes/input_times",
          "schema_version": 0,
          "attributes": {
            "id": "akxhzs",
            "parent_id": "ojfpb1",
            "path": "/athletes/input_times",
            "path_part": "input_times",
            "rest_api_id": "buzzzp4ywk"
          },
          "sensitive_attributes": [],
          "identity_schema_version": 0,
          "private": "bnVsbA==",
          "dependencies": [
            "aws_api_gateway_resource.athletes",
            "aws_api_gateway_resource.coaches",
            "aws_api_gateway_resource.general",
            "aws_api_gateway_resource.graph",
            "aws_api_gateway_resource.history",
            "aws_api_gateway_resource.relations",
            "aws_api_gateway_rest_api.main",
            "aws_db_instance.default",
            "aws_db_subnet_group.rds_private",
            "aws_iam_role.lambda_role",
            "aws_iam_role_policy_attachment.lambda_rds_auth",
            "aws_lambda_function.lambdas",
            "aws_lambda_layer_version.rds",
            "aws_lambda_layer_version.user_auth",
            "aws_security_group.lambda_sg",
            "aws_subnet.private_subnet1",
            "aws_subnet.private_subnet2",
            "data.archive_file.lambda_archives",
            "data.archive_file.rds_layer",
            "data.archive_file.user_auth_layer",
            "data.aws_availability_zones.available",
            "data.aws_vpc.default"
          ],
          "create_before_destroy": true
        },
        {
          "index_key": "athletes/remove_inputs",
          "schema_version": 0,
          "attributes": {
            "id": "6emjgf",
            "parent_id": "ojfpb1",
            "path": "/athletes/remove_inputs",
            "path_part": "remove_inputs",
            "rest_api_id": "buzzzp4ywk"
          },
          "sensitive_attributes": [],
          "identity_schema_version": 0,
          "private": "bnVsbA==",
          "dependencies": [
            "aws_api_gateway_resource.athletes",
            "aws_api_gateway_resource.coaches",
            "aws_api_gateway_resource.general",
            "aws_api_gateway_resource.graph",
            "aws_api_gateway_resource.history",
            "aws_api_gateway_resource.relations",
            "aws_api_gateway_rest_api.main",
            "aws_db_instance.default",
            "aws_db_subnet_group.rds_private",
            "aws_iam_role.lambda_role",
            "aws_iam_role_policy_attachment.lambda_rds_auth",
            "aws_lambda_function.lambdas",
            "aws_lambda_layer_version.rds",
            "aws_lambda_layer_version.user_auth",
            "aws_security_group.lambda_sg",
            "aws_subnet.private_subnet1",
            "aws_subnet.private_subnet2",
            "data.archive_file.lambda_archives",
            "data.archive_file.rds_layer",
            "data.archive_file.user_auth_layer",
            "data.aws_availability_zones.available",
            "data.aws_vpc.default"
          ],
          "create_before_destroy": true
        },
        {
          "index_key": "athletes/view_workout_inputs",
          "schema_version": 0,
          "attributes": {
            "id": "wqltih",
            "parent_id": "ojfpb1",
            "path": "/athletes/view_workout_inputs",
            "path_part": "view_workout_inputs",
            "rest_api_id": "buzzzp4ywk"
          },
          "sensitive_attributes": [],
          "identity_schema_version": 0,
          "private": "bnVsbA==",
          "dependencies": [
            "aws_api_gateway_resource.athletes",
            "aws_api_gateway_resource.coaches",
            "aws_api_gateway_resource.general",
            "aws_api_gateway_resource.graph",
            "aws_api_gateway_resource.history",
            "aws_api_gateway_resource.relations",
            "aws_api_gateway_rest_api.main",
            "aws_db_instance.default",
            "aws_db_subnet_group.rds_private",
            "aws_iam_role.lambda_role",
            "aws_iam_role_policy_attachment.lambda_rds_auth",
            "aws_lambda_function.lambdas",
            "aws_lambda_layer_version.rds",
            "aws_lambda_layer_version.user_auth",
            "aws_security_group.lambda_sg",
            "aws_subnet.private_subnet1",
            "aws_subnet.private_subnet2",
            "data.archive_file.lambda_archives",
            "data.archive_file.rds_layer",
            "data.archive_file.user_auth_layer",
            "data.aws_availability_zones.available",
            "data.aws_vpc.default"
          ],
          "create_before_destroy": true
        },
        {
          "index_key": "general/create_user",
          "schema_version": 0,
          "attributes": {
            "id": "3ux4l0",
            "parent_id": "of8snb",
            "path": "/general/create_user",
            "path_part": "create_user",
            "rest_api_id": "buzzzp4ywk"
          },
          "sensitive_attributes": [],
          "identity_schema_version": 0,
          "private": "bnVsbA==",
          "dependencies": [
            "aws_api_gateway_resource.athletes",
            "aws_api_gateway_resource.coaches",
            "aws_api_gateway_resource.general",
            "aws_api_gateway_resource.graph",
            "aws_api_gateway_resource.history",
            "aws_api_gateway_resource.relations",
            "aws_api_gateway_rest_api.main",
            "aws_db_instance.default",
            "aws_db_subnet_group.rds_private",
            "aws_iam_role.lambda_role",
            "aws_iam_role_policy_attachment.lambda_rds_auth",
            "aws_lambda_function.lambdas",
            "aws_lambda_layer_version.rds",
            "aws_lambda_layer_version.user_auth",
            "aws_security_group.lambda_sg",
            "aws_subnet.private_subnet1",
            "aws_subnet.private_subnet2",
            "data.archive_file.lambda_archives",
            "data.archive_file.rds_layer",
            "data.archive_file.user_auth_layer",
            "data.aws_availability_zones.available",
            "data.aws_vpc.default"
          ],
          "create_before_destroy": true
        },
        {
          "index_key": "general/generate_presigned_s3_url",
          "schema_version": 0,
          "attributes": {
            "id": "j1jy8m",
            "parent_id": "of8snb",
            "path": "/general/generate_presigned_s3_url",
            "path_part": "generate_presigned_s3_url",
            "rest_api_id": "buzzzp4ywk"
          },
          "sensitive_attributes": [],
          "identity_schema_version": 0,
          "private": "bnVsbA==",
          "dependencies": [
            "aws_api_gateway_resource.athletes",
            "aws_api_gateway_resource.coaches",
            "aws_api_gateway_resource.general",
            "aws_api_gateway_resource.graph",
            "aws_api_gateway_resource.history",
            "aws_api_gateway_resource.relations",
            "aws_api_gateway_rest_api.main",
            "aws_db_instance.default",
            "aws_db_subnet_group.rds_private",
            "aws_iam_role.lambda_role",
            "aws_iam_role_policy_attachment.lambda_rds_auth",
            "aws_lambda_function.lambdas",
            "aws_lambda_layer_version.rds",
            "aws_lambda_layer_version.user_auth",
            "aws_security_group.lambda_sg",
            "aws_subnet.private_subnet1",
            "aws_subnet.private_subnet2",
            "data.archive_file.lambda_archives",
            "data.archive_file.rds_layer",
            "data.archive_file.user_auth_layer",
            "data.aws_availability_zones.available",
            "data.aws_vpc.default"
          ],
          "create_before_destroy": true
        },
        {
          "index_key": "general/get_mutual_inputs",
          "schema_version": 0,
          "attributes": {
            "id": "dnnf27",
            "parent_id": "of8snb",
            "path": "/general/get_mutual_inputs",
            "path_part": "get_mutual_inputs",
            "rest_api_id": "buzzzp4ywk"
          },
          "sensitive_attributes": [],
          "identity_schema_version": 0,
          "private": "bnVsbA==",
          "dependencies": [
            "aws_api_gateway_resource.athletes",
            "aws_api_gateway_resource.coaches",
            "aws_api_gateway_resource.general",
            "aws_api_gateway_resource.graph",
            "aws_api_gateway_resource.history",
            "aws_api_gateway_resource.relations",
            "aws_api_gateway_rest_api.main",
            "aws_db_instance.default",
            "aws_db_subnet_group.rds_private",
            "aws_iam_role.lambda_role",
            "aws_iam_role_policy_attachment.lambda_rds_auth",
            "aws_lambda_function.lambdas",
            "aws_lambda_layer_version.rds",
            "aws_lambda_layer_version.user_auth",
            "aws_security_group.lambda_sg",
            "aws_subnet.private_subnet1",
            "aws_subnet.private_subnet2",
            "data.archive_file.lambda_archives",
            "data.archive_file.rds_layer",
            "data.archive_file.user_auth_layer",
            "data.aws_availability_zones.available",
            "data.aws_vpc.default"
          ],
          "create_before_destroy": true
        },
        {
          "index_key": "general/get_user",
          "schema_version": 0,
          "attributes": {
            "id": "ofzmk1",
            "parent_id": "of8snb",
            "path": "/general/get_user",
            "path_part": "get_user",
            "rest_api_id": "buzzzp4ywk"
          },
          "sensitive_attributes": [],
          "identity_schema_version": 0,
          "private": "bnVsbA==",
          "dependencies": [
            "aws_api_gateway_resource.athletes",
            "aws_api_gateway_resource.coaches",
            "aws_api_gateway_resource.general",
            "aws_api_gateway_resource.graph",
            "aws_api_gateway_resource.history",
            "aws_api_gateway_resource.relations",
            "aws_api_gateway_rest_api.main",
            "aws_db_instance.default",
            "aws_db_subnet_group.rds_private",
            "aws_iam_role.lambda_role",
            "aws_iam_role_policy_attachment.lambda_rds_auth",
            "aws_lambda_function.lambdas",
            "aws_lambda_layer_version.rds",
            "aws_lambda_layer_version.user_auth",
            "aws_security_group.lambda_sg",
            "aws_subnet.private_subnet1",
            "aws_subnet.private_subnet2",
            "data.archive_file.lambda_archives",
            "data.archive_file.rds_layer",
            "data.archive_file.user_auth_layer",
            "data.aws_availability_zones.available",
            "data.aws_vpc.default"
          ],
          "create_before_destroy": true
        },
        {
          "index_key": "general/mass_input",
          "schema_version": 0,
          "attributes": {
            "id": "ozp6d8",
            "parent_id": "of8snb",
            "path": "/general/mass_input",
            "path_part": "mass_input",
            "rest_api_id": "buzzzp4ywk"
          },
          "sensitive_attributes": [],
          "identity_schema_version": 0,
          "private": "bnVsbA==",
          "dependencies": [
            "aws_api_gateway_resource.athletes",
            "aws_api_gateway_resource.coaches",
            "aws_api_gateway_resource.general",
            "aws_api_gateway_resource.graph",
            "aws_api_gateway_resource.history",
            "aws_api_gateway_resource.relations",
            "aws_api_gateway_rest_api.main",
            "aws_db_instance.default",
            "aws_db_subnet_group.rds_private",
            "aws_iam_role.lambda_role",
            "aws_iam_role_policy_attachment.lambda_rds_auth",
            "aws_lambda_function.lambdas",
            "aws_lambda_layer_version.rds",
            "aws_lambda_layer_version.user_auth",
            "aws_security_group.lambda_sg",
            "aws_subnet.private_subnet1",
            "aws_subnet.private_subnet2",
            "data.archive_file.lambda_archives",
            "data.archive_file.rds_layer",
            "data.archive_file.user_auth_layer",
            "data.aws_availability_zones.available",
            "data.aws_vpc.default"
          ],
          "create_before_destroy": true
        },
        {
          "index_key": "general/update_user_profile",
          "schema_version": 0,
          "attributes": {
            "id": "82va20",
            "parent_id": "of8snb",
            "path": "/general/update_user_profile",
            "path_part": "update_user_profile",
            "rest_api_id": "buzzzp4ywk"
          },
          "sensitive_attributes": [],
          "identity_schema_version": 0,
          "private": "bnVsbA==",
          "dependencies": [
            "aws_api_gateway_resource.athletes",
            "aws_api_gateway_resource.coaches",
            "aws_api_gateway_resource.general",
            "aws_api_gateway_resource.graph",
            "aws_api_gateway_resource.history",
            "aws_api_gateway_resource.relations",
            "aws_api_gateway_rest_api.main",
            "aws_db_instance.default",
            "aws_db_subnet_group.rds_private",
            "aws_iam_role.lambda_role",
            "aws_iam_role_policy_attachment.lambda_rds_auth",
            "aws_lambda_function.lambdas",
            "aws_lambda_layer_version.rds",
            "aws_lambda_layer_version.user_auth",
            "aws_security_group.lambda_sg",
            "aws_subnet.private_subnet1",
            "aws_subnet.private_subnet2",
            "data.archive_file.lambda_archives",
            "data.archive_file.rds_layer",
            "data.archive_file.user_auth_layer",
            "data.aws_availability_zones.available",
            "data.aws_vpc.default"
          ],
          "create_before_destroy": true
        },
        {
          "index_key": "graph/get_avg_velocity",
          "schema_version": 0,
          "attributes": {
            "id": "0bywl5",
            "parent_id": "7pnajp",
            "path": "/graph/get_avg_velocity",
            "path_part": "get_avg_velocity",
            "rest_api_id": "buzzzp4ywk"
          },
          "sensitive_attributes": [],
          "identity_schema_version": 0,
          "private": "bnVsbA==",
          "dependencies": [
            "aws_api_gateway_resource.athletes",
            "aws_api_gateway_resource.coaches",
            "aws_api_gateway_resource.general",
            "aws_api_gateway_resource.graph",
            "aws_api_gateway_resource.history",
            "aws_api_gateway_resource.relations",
            "aws_api_gateway_rest_api.main",
            "aws_db_instance.default",
            "aws_db_subnet_group.rds_private",
            "aws_iam_role.lambda_role",
            "aws_iam_role_policy_attachment.lambda_rds_auth",
            "aws_lambda_function.lambdas",
            "aws_lambda_layer_version.rds",
            "aws_lambda_layer_version.user_auth",
            "aws_security_group.lambda_sg",
            "aws_subnet.private_subnet1",
            "aws_subnet.private_subnet2",
            "data.archive_file.lambda_archives",
            "data.archive_file.rds_layer",
            "data.archive_file.user_auth_layer",
            "data.aws_availability_zones.available",
            "data.aws_vpc.default"
          ],
          "create_before_destroy": true
        },
        {
          "index_key": "graph/get_work_rest_ratio",
          "schema_version": 0,
          "attributes": {
            "id": "uxymbx",
            "parent_id": "7pnajp",
            "path": "/graph/get_work_rest_ratio",
            "path_part": "get_work_rest_ratio",
            "rest_api_id": "buzzzp4ywk"
          },
          "sensitive_attributes": [],
          "identity_schema_version": 0,
          "private": "bnVsbA==",
          "dependencies": [
            "aws_api_gateway_resource.athletes",
            "aws_api_gateway_resource.coaches",
            "aws_api_gateway_resource.general",
            "aws_api_gateway_resource.graph",
            "aws_api_gateway_resource.history",
            "aws_api_gateway_resource.relations",
            "aws_api_gateway_rest_api.main",
            "aws_db_instance.default",
            "aws_db_subnet_group.rds_private",
            "aws_iam_role.lambda_role",
            "aws_iam_role_policy_attachment.lambda_rds_auth",
            "aws_lambda_function.lambdas",
            "aws_lambda_layer_version.rds",
            "aws_lambda_layer_version.user_auth",
            "aws_security_group.lambda_sg",
            "aws_subnet.private_subnet1",
            "aws_subnet.private_subnet2",
            "data.archive_file.lambda_archives",
            "data.archive_file.rds_layer",
            "data.archive_file.user_auth_layer",
            "data.aws_availability_zones.available",
            "data.aws_vpc.default"
          ],
          "create_before_destroy": true
        },
        {
          "index_key": "history/fetch_historical_data",
          "schema_version": 0,
          "attributes": {
            "id": "ax5rm1",
            "parent_id": "05jxhd",
            "path": "/history/fetch_historical_data",
            "path_part": "fetch_historical_data",
            "rest_api_id": "buzzzp4ywk"
          },
          "sensitive_attributes": [],
          "identity_schema_version": 0,
          "private": "bnVsbA==",
          "dependencies": [
            "aws_api_gateway_resource.athletes",
            "aws_api_gateway_resource.coaches",
            "aws_api_gateway_resource.general",
            "aws_api_gateway_resource.graph",
            "aws_api_gateway_resource.history",
            "aws_api_gateway_resource.relations",
            "aws_api_gateway_rest_api.main",
            "aws_db_instance.default",
            "aws_db_subnet_group.rds_private",
            "aws_iam_role.lambda_role",
            "aws_iam_role_policy_attachment.lambda_rds_auth",
            "aws_lambda_function.lambdas",
            "aws_lambda_layer_version.rds",
            "aws_lambda_layer_version.user_auth",
            "aws_security_group.lambda_sg",
            "aws_subnet.private_subnet1",
            "aws_subnet.private_subnet2",
            "data.archive_file.lambda_archives",
            "data.archive_file.rds_layer",
            "data.archive_file.user_auth_layer",
            "data.aws_availability_zones.available",
            "data.aws_vpc.default"
          ],
          "create_before_destroy": true
        },
        {
          "index_key": "history/get_available_history_dates",
          "schema_version": 0,
          "attributes": {
            "id": "mbjupg",
            "parent_id": "05jxhd",
            "path": "/history/get_available_history_dates",
            "path_part": "get_available_history_dates",
            "rest_api_id": "buzzzp4ywk"
          },
          "sensitive_attributes": [],
          "identity_schema_version": 0,
          "private": "bnVsbA==",
          "dependencies": [
            "aws_api_gateway_resource.athletes",
            "aws_api_gateway_resource.coaches",
            "aws_api_gateway_resource.general",
            "aws_api_gateway_resource.graph",
            "aws_api_gateway_resource.history",
            "aws_api_gateway_resource.relations",
            "aws_api_gateway_rest_api.main",
            "aws_db_instance.default",
            "aws_db_subnet_group.rds_private",
            "aws_iam_role.lambda_role",
            "aws_iam_role_policy_attachment.lambda_rds_auth",
            "aws_lambda_function.lambdas",
            "aws_lambda_layer_version.rds",
            "aws_lambda_layer_version.user_auth",
            "aws_security_group.lambda_sg",
            "aws_subnet.private_subnet1",
            "aws_subnet.private_subnet2",
            "data.archive_file.lambda_archives",
            "data.archive_file.rds_layer",
            "data.archive_file.user_auth_layer",
            "data.aws_availability_zones.available",
            "data.aws_vpc.default"
          ],
          "create_before_destroy": true
        },
        {
          "index_key": "history/get_earliest_date_available",
          "schema_version": 0,
          "attributes": {
            "id": "p8a8f8",
            "parent_id": "05jxhd",
            "path": "/history/get_earliest_date_available",
            "path_part": "get_earliest_date_available",
            "rest_api_id": "buzzzp4ywk"
          },
          "sensitive_attributes": [],
          "identity_schema_version": 0,
          "private": "bnVsbA==",
          "dependencies": [
            "aws_api_gateway_resource.athletes",
            "aws_api_gateway_resource.coaches",
            "aws_api_gateway_resource.general",
            "aws_api_gateway_resource.graph",
            "aws_api_gateway_resource.history",
            "aws_api_gateway_resource.relations",
            "aws_api_gateway_rest_api.main",
            "aws_db_instance.default",
            "aws_db_subnet_group.rds_private",
            "aws_iam_role.lambda_role",
            "aws_iam_role_policy_attachment.lambda_rds_auth",
            "aws_lambda_function.lambdas",
            "aws_lambda_layer_version.rds",
            "aws_lambda_layer_version.user_auth",
            "aws_security_group.lambda_sg",
            "aws_subnet.private_subnet1",
            "aws_subnet.private_subnet2",
            "data.archive_file.lambda_archives",
            "data.archive_file.rds_layer",
            "data.archive_file.user_auth_layer",
            "data.aws_availability_zones.available",
            "data.aws_vpc.default"
          ],
          "create_before_destroy": true
        },
        {
          "index_key": "relations/add_relation",
          "schema_version": 0,
          "attributes": {
            "id": "zs7qut",
            "parent_id": "toj58s",
            "path": "/relations/add_relation",
            "path_part": "add_relation",
            "rest_api_id": "buzzzp4ywk"
          },
          "sensitive_attributes": [],
          "identity_schema_version": 0,
          "private": "bnVsbA==",
          "dependencies": [
            "aws_api_gateway_resource.athletes",
            "aws_api_gateway_resource.coaches",
            "aws_api_gateway_resource.general",
            "aws_api_gateway_resource.graph",
            "aws_api_gateway_resource.history",
            "aws_api_gateway_resource.relations",
            "aws_api_gateway_rest_api.main",
            "aws_db_instance.default",
            "aws_db_subnet_group.rds_private",
            "aws_iam_role.lambda_role",
            "aws_iam_role_policy_attachment.lambda_rds_auth",
            "aws_lambda_function.lambdas",
            "aws_lambda_layer_version.rds",
            "aws_lambda_layer_version.user_auth",
            "aws_security_group.lambda_sg",
            "aws_subnet.private_subnet1",
            "aws_subnet.private_subnet2",
            "data.archive_file.lambda_archives",
            "data.archive_file.rds_layer",
            "data.archive_file.user_auth_layer",
            "data.aws_availability_zones.available",
            "data.aws_vpc.default"
          ],
          "create_before_destroy": true
        },
        {
          "index_key": "relations/get_mutual_athletes",
          "schema_version": 0,
          "attributes": {
            "id": "owe3in",
            "parent_id": "toj58s",
            "path": "/relations/get_mutual_athletes",
            "path_part": "get_mutual_athletes",
            "rest_api_id": "buzzzp4ywk"
          },
          "sensitive_attributes": [],
          "identity_schema_version": 0,
          "private": "bnVsbA==",
          "dependencies": [
            "aws_api_gateway_resource.athletes",
            "aws_api_gateway_resource.coaches",
            "aws_api_gateway_resource.general",
            "aws_api_gateway_resource.graph",
            "aws_api_gateway_resource.history",
            "aws_api_gateway_resource.relations",
            "aws_api_gateway_rest_api.main",
            "aws_db_instance.default",
            "aws_db_subnet_group.rds_private",
            "aws_iam_role.lambda_role",
            "aws_iam_role_policy_attachment.lambda_rds_auth",
            "aws_lambda_function.lambdas",
            "aws_lambda_layer_version.rds",
            "aws_lambda_layer_version.user_auth",
            "aws_security_group.lambda_sg",
            "aws_subnet.private_subnet1",
            "aws_subnet.private_subnet2",
            "data.archive_file.lambda_archives",
            "data.archive_file.rds_layer",
            "data.archive_file.user_auth_layer",
            "data.aws_availability_zones.available",
            "data.aws_vpc.default"
          ],
          "create_before_destroy": true
        },
        {
          "index_key": "relations/get_mutual_user_relations",
          "schema_version": 0,
          "attributes": {
            "id": "h1iinp",
            "parent_id": "toj58s",
            "path": "/relations/get_mutual_user_relations",
            "path_part": "get_mutual_user_relations",
            "rest_api_id": "buzzzp4ywk"
          },
          "sensitive_attributes": [],
          "identity_schema_version": 0,
          "private": "bnVsbA==",
          "dependencies": [
            "aws_api_gateway_resource.athletes",
            "aws_api_gateway_resource.coaches",
            "aws_api_gateway_resource.general",
            "aws_api_gateway_resource.graph",
            "aws_api_gateway_resource.history",
            "aws_api_gateway_resource.relations",
            "aws_api_gateway_rest_api.main",
            "aws_db_instance.default",
            "aws_db_subnet_group.rds_private",
            "aws_iam_role.lambda_role",
            "aws_iam_role_policy_attachment.lambda_rds_auth",
            "aws_lambda_function.lambdas",
            "aws_lambda_layer_version.rds",
            "aws_lambda_layer_version.user_auth",
            "aws_security_group.lambda_sg",
            "aws_subnet.private_subnet1",
            "aws_subnet.private_subnet2",
            "data.archive_file.lambda_archives",
            "data.archive_file.rds_layer",
            "data.archive_file.user_auth_layer",
            "data.aws_availability_zones.available",
            "data.aws_vpc.default"
          ],
          "create_before_destroy": true
        },
        {
          "index_key": "relations/get_relation_invites",
          "schema_version": 0,
          "attributes": {
            "id": "q4nprh",
            "parent_id": "toj58s",
            "path": "/relations/get_relation_invites",
            "path_part": "get_relation_invites",
            "rest_api_id": "buzzzp4ywk"
          },
          "sensitive_attributes": [],
          "identity_schema_version": 0,
          "private": "bnVsbA==",
          "dependencies": [
            "aws_api_gateway_resource.athletes",
            "aws_api_gateway_resource.coaches",
            "aws_api_gateway_resource.general",
            "aws_api_gateway_resource.graph",
            "aws_api_gateway_resource.history",
            "aws_api_gateway_resource.relations",
            "aws_api_gateway_rest_api.main",
            "aws_db_instance.default",
            "aws_db_subnet_group.rds_private",
            "aws_iam_role.lambda_role",
            "aws_iam_role_policy_attachment.lambda_rds_auth",
            "aws_lambda_function.lambdas",
            "aws_lambda_layer_version.rds",
            "aws_lambda_layer_version.user_auth",
            "aws_security_group.lambda_sg",
            "aws_subnet.private_subnet1",
            "aws_subnet.private_subnet2",
            "data.archive_file.lambda_archives",
            "data.archive_file.rds_layer",
            "data.archive_file.user_auth_layer",
            "data.aws_availability_zones.available",
            "data.aws_vpc.default"
          ],
          "create_before_destroy": true
        },
        {
          "index_key": "relations/get_relation_invites_count",
          "schema_version": 0,
          "attributes": {
            "id": "7mmdfl",
            "parent_id": "toj58s",
            "path": "/relations/get_relation_invites_count",
            "path_part": "get_relation_invites_count",
            "rest_api_id": "buzzzp4ywk"
          },
          "sensitive_attributes": [],
          "identity_schema_version": 0,
          "private": "bnVsbA==",
          "dependencies": [
            "aws_api_gateway_resource.athletes",
            "aws_api_gateway_resource.coaches",
            "aws_api_gateway_resource.general",
            "aws_api_gateway_resource.graph",
            "aws_api_gateway_resource.history",
            "aws_api_gateway_resource.relations",
            "aws_api_gateway_rest_api.main",
            "aws_db_instance.default",
            "aws_db_subnet_group.rds_private",
            "aws_iam_role.lambda_role",
            "aws_iam_role_policy_attachment.lambda_rds_auth",
            "aws_lambda_function.lambdas",
            "aws_lambda_layer_version.rds",
            "aws_lambda_layer_version.user_auth",
            "aws_security_group.lambda_sg",
            "aws_subnet.private_subnet1",
            "aws_subnet.private_subnet2",
            "data.archive_file.lambda_archives",
            "data.archive_file.rds_layer",
            "data.archive_file.user_auth_layer",
            "data.aws_availability_zones.available",
            "data.aws_vpc.default"
          ],
          "create_before_destroy": true
        },
        {
          "index_key": "relations/remove_user_relation",
          "schema_version": 0,
          "attributes": {
            "id": "xzk7ie",
            "parent_id": "toj58s",
            "path": "/relations/remove_user_relation",
            "path_part": "remove_user_relation",
            "rest_api_id": "buzzzp4ywk"
          },
          "sensitive_attributes": [],
          "identity_schema_version": 0,
          "private": "bnVsbA==",
          "dependencies": [
            "aws_api_gateway_resource.athletes",
            "aws_api_gateway_resource.coaches",
            "aws_api_gateway_resource.general",
            "aws_api_gateway_resource.graph",
            "aws_api_gateway_resource.history",
            "aws_api_gateway_resource.relations",
            "aws_api_gateway_rest_api.main",
            "aws_db_instance.default",
            "aws_db_subnet_group.rds_private",
            "aws_iam_role.lambda_role",
            "aws_iam_role_policy_attachment.lambda_rds_auth",
            "aws_lambda_function.lambdas",
            "aws_lambda_layer_version.rds",
            "aws_lambda_layer_version.user_auth",
            "aws_security_group.lambda_sg",
            "aws_subnet.private_subnet1",
            "aws_subnet.private_subnet2",
            "data.archive_file.lambda_archives",
            "data.archive_file.rds_layer",
            "data.archive_file.user_auth_layer",
            "data.aws_availability_zones.available",
            "data.aws_vpc.default"
          ],
          "create_before_destroy": true
        },
        {
          "index_key": "relations/search_user_relation",
          "schema_version": 0,
          "attributes": {
            "id": "vodnr3",
            "parent_id": "toj58s",
            "path": "/relations/search_user_relation",
            "path_part": "search_user_relation",
            "rest_api_id": "buzzzp4ywk"
          },
          "sensitive_attributes": [],
          "identity_schema_version": 0,
          "private": "bnVsbA==",
          "dependencies": [
            "aws_api_gateway_resource.athletes",
            "aws_api_gateway_resource.coaches",
            "aws_api_gateway_resource.general",
            "aws_api_gateway_resource.graph",
            "aws_api_gateway_resource.history",
            "aws_api_gateway_resource.relations",
            "aws_api_gateway_rest_api.main",
            "aws_db_instance.default",
            "aws_db_subnet_group.rds_private",
            "aws_iam_role.lambda_role",
            "aws_iam_role_policy_attachment.lambda_rds_auth",
            "aws_lambda_function.lambdas",
            "aws_lambda_layer_version.rds",
            "aws_lambda_layer_version.user_auth",
            "aws_security_group.lambda_sg",
            "aws_subnet.private_subnet1",
            "aws_subnet.private_subnet2",
            "data.archive_file.lambda_archives",
            "data.archive_file.rds_layer",
            "data.archive_file.user_auth_layer",
            "data.aws_availability_zones.available",
            "data.aws_vpc.default"
          ],
          "create_before_destroy": true
        }
      ]
    },
    {
      "mode": "managed",
      "type": "aws_api_gateway_rest_api",
      "name": "main",
      "provider": "provider[\"registry.terraform.io/hashicorp/aws\"]",
      "instances": [
        {
          "schema_version": 0,
          "attributes": {
            "api_key_source": "HEADER",
            "arn": "arn:aws:apigateway:us-east-2::/restapis/buzzzp4ywk",
            "binary_media_types": [],
            "body": null,
            "created_date": "2025-10-04T23:24:10Z",
            "description": "Trackme API Gateway",
            "disable_execute_api_endpoint": false,
            "endpoint_configuration": [
              {
                "ip_address_type": "ipv4",
                "types": [
                  "EDGE"
                ],
                "vpc_endpoint_ids": []
              }
            ],
            "execution_arn": "arn:aws:execute-api:us-east-2:857360184083:buzzzp4ywk",
            "fail_on_warnings": null,
            "id": "buzzzp4ywk",
            "minimum_compression_size": "",
            "name": "trackme-api",
            "parameters": null,
            "policy": "",
            "put_rest_api_mode": null,
            "root_resource_id": "u0sdo1pj4k",
            "tags": {},
            "tags_all": {}
          },
          "sensitive_attributes": [],
          "identity_schema_version": 0,
          "private": "bnVsbA==",
          "create_before_destroy": true
        }
      ]
    },
    {
      "mode": "managed",
      "type": "aws_api_gateway_stage",
      "name": "main",
      "provider": "provider[\"registry.terraform.io/hashicorp/aws\"]",
      "instances": [
        {
          "schema_version": 0,
          "attributes": {
            "access_log_settings": [],
            "arn": "arn:aws:apigateway:us-east-2::/restapis/buzzzp4ywk/stages/prod",
            "cache_cluster_enabled": false,
            "cache_cluster_size": "",
            "canary_settings": [],
            "client_certificate_id": "",
            "deployment_id": "v1uwan",
            "description": "",
            "documentation_version": "",
            "execution_arn": "arn:aws:execute-api:us-east-2:857360184083:buzzzp4ywk/prod",
            "id": "ags-buzzzp4ywk-prod",
            "invoke_url": "https://buzzzp4ywk.execute-api.us-east-2.amazonaws.com/prod",
            "rest_api_id": "buzzzp4ywk",
            "stage_name": "prod",
            "tags": {},
            "tags_all": {},
            "variables": {},
            "web_acl_arn": "",
            "xray_tracing_enabled": false
          },
          "sensitive_attributes": [],
          "identity_schema_version": 0,
          "private": "bnVsbA==",
          "dependencies": [
            "aws_api_gateway_authorizer.cognito_authorizer",
            "aws_api_gateway_deployment.main",
            "aws_api_gateway_integration.main",
            "aws_api_gateway_integration.options",
            "aws_api_gateway_integration_response.options",
            "aws_api_gateway_method.main",
            "aws_api_gateway_method.options",
            "aws_api_gateway_method_response.options",
            "aws_api_gateway_resource.athletes",
            "aws_api_gateway_resource.coaches",
            "aws_api_gateway_resource.general",
            "aws_api_gateway_resource.graph",
            "aws_api_gateway_resource.history",
            "aws_api_gateway_resource.relations",
            "aws_api_gateway_resource.subresources",
            "aws_api_gateway_rest_api.main",
            "aws_db_instance.default",
            "aws_db_subnet_group.rds_private",
            "aws_iam_role.lambda_role",
            "aws_iam_role_policy_attachment.lambda_rds_auth",
            "aws_lambda_function.lambdas",
            "aws_lambda_layer_version.rds",
            "aws_lambda_layer_version.user_auth",
            "aws_security_group.lambda_sg",
            "aws_subnet.private_subnet1",
            "aws_subnet.private_subnet2",
            "data.archive_file.lambda_archives",
            "data.archive_file.rds_layer",
            "data.archive_file.user_auth_layer",
            "data.aws_availability_zones.available",
            "data.aws_vpc.default"
          ],
          "create_before_destroy": true
        }
      ]
    },
    {
      "mode": "managed",
      "type": "aws_db_instance",
      "name": "default",
      "provider": "provider[\"registry.terraform.io/hashicorp/aws\"]",
      "instances": [
        {
          "schema_version": 2,
          "attributes": {
            "address": "trackmedb.c9goe0ioosh0.us-east-2.rds.amazonaws.com",
            "allocated_storage": 20,
            "allow_major_version_upgrade": null,
            "apply_immediately": false,
            "arn": "arn:aws:rds:us-east-2:857360184083:db:trackmedb",
            "auto_minor_version_upgrade": true,
            "availability_zone": "us-east-2a",
            "backup_retention_period": 0,
            "backup_target": "region",
            "backup_window": "05:17-05:47",
            "blue_green_update": [],
            "ca_cert_identifier": "rds-ca-rsa2048-g1",
            "character_set_name": "",
            "copy_tags_to_snapshot": false,
            "custom_iam_instance_profile": "",
            "customer_owned_ip_enabled": false,
            "database_insights_mode": "standard",
            "db_name": "trackme",
            "db_subnet_group_name": "trackme-db-subnet-group",
            "dedicated_log_volume": false,
            "delete_automated_backups": true,
            "deletion_protection": false,
            "domain": "",
            "domain_auth_secret_arn": "",
            "domain_dns_ips": [],
            "domain_fqdn": "",
            "domain_iam_role_name": "",
            "domain_ou": "",
            "enabled_cloudwatch_logs_exports": [],
            "endpoint": "trackmedb.c9goe0ioosh0.us-east-2.rds.amazonaws.com:5432",
            "engine": "postgres",
            "engine_lifecycle_support": "open-source-rds-extended-support",
            "engine_version": "17.5",
            "engine_version_actual": "17.5",
            "final_snapshot_identifier": null,
            "hosted_zone_id": "Z2XHWR1WZ565X2",
            "iam_database_authentication_enabled": false,
            "id": "db-SF4YG732X4EN6WMSNXVOI6CRRI",
            "identifier": "trackmedb",
            "identifier_prefix": "",
            "instance_class": "db.t3.micro",
            "iops": 0,
            "kms_key_id": "",
            "latest_restorable_time": "",
            "license_model": "postgresql-license",
            "listener_endpoint": [],
            "maintenance_window": "sun:07:38-sun:08:08",
            "manage_master_user_password": null,
            "master_user_secret": [],
            "master_user_secret_kms_key_id": null,
            "max_allocated_storage": 0,
            "monitoring_interval": 0,
            "monitoring_role_arn": "",
            "multi_az": false,
            "nchar_character_set_name": "",
            "network_type": "IPV4",
            "option_group_name": "default:postgres-17",
            "parameter_group_name": "default.postgres17",
            "password": "Mojito#2025",
            "password_wo": null,
            "password_wo_version": null,
            "performance_insights_enabled": false,
            "performance_insights_kms_key_id": "",
            "performance_insights_retention_period": 0,
            "port": 5432,
            "publicly_accessible": false,
            "replica_mode": "",
            "replicas": [],
            "replicate_source_db": "",
            "resource_id": "db-SF4YG732X4EN6WMSNXVOI6CRRI",
            "restore_to_point_in_time": [],
            "s3_import": [],
            "skip_final_snapshot": true,
            "snapshot_identifier": null,
            "status": "available",
            "storage_encrypted": false,
            "storage_throughput": 0,
            "storage_type": "gp2",
            "tags": {},
            "tags_all": {},
            "timeouts": null,
            "timezone": "",
            "upgrade_storage_config": null,
            "username": "trackme_admin",
            "vpc_security_group_ids": [
              "sg-0b98a1e54096ed585"
            ]
          },
          "sensitive_attributes": [
            [
              {
                "type": "get_attr",
                "value": "password"
              }
            ],
            [
              {
                "type": "get_attr",
                "value": "password_wo"
              }
            ]
          ],
          "identity_schema_version": 0,
          "private": "eyJlMmJmYjczMC1lY2FhLTExZTYtOGY4OC0zNDM2M2JjN2M0YzAiOnsiY3JlYXRlIjozMDAwMDAwMDAwMDAwLCJkZWxldGUiOjM2MDAwMDAwMDAwMDAsInVwZGF0ZSI6NDgwMDAwMDAwMDAwMH0sInNjaGVtYV92ZXJzaW9uIjoiMiJ9",
          "dependencies": [
            "aws_db_subnet_group.rds_private",
            "aws_subnet.private_subnet1",
            "aws_subnet.private_subnet2",
            "data.aws_availability_zones.available",
            "data.aws_vpc.default"
          ],
          "create_before_destroy": true
        }
      ]
    },
    {
      "mode": "managed",
      "type": "aws_db_subnet_group",
      "name": "rds_private",
      "provider": "provider[\"registry.terraform.io/hashicorp/aws\"]",
      "instances": [
        {
          "schema_version": 0,
          "attributes": {
            "arn": "arn:aws:rds:us-east-2:857360184083:subgrp:trackme-db-subnet-group",
            "description": "Managed by Terraform",
            "id": "trackme-db-subnet-group",
            "name": "trackme-db-subnet-group",
            "name_prefix": "",
            "subnet_ids": [
              "subnet-09b6e632d01fcb525",
              "subnet-0db35c13edd7c98e9"
            ],
            "supported_network_types": [
              "IPV4"
            ],
            "tags": {
              "Name": "trackme-db-subnet-group"
            },
            "tags_all": {
              "Name": "trackme-db-subnet-group"
            },
            "vpc_id": "vpc-00ce2d8f8e6ecb305"
          },
          "sensitive_attributes": [],
          "identity_schema_version": 0,
          "private": "bnVsbA==",
          "dependencies": [
            "aws_subnet.private_subnet1",
            "aws_subnet.private_subnet2",
            "data.aws_availability_zones.available",
            "data.aws_vpc.default"
          ],
          "create_before_destroy": true
        }
      ]
    },
    {
      "mode": "managed",
      "type": "aws_iam_role",
      "name": "lambda_role",
      "provider": "provider[\"registry.terraform.io/hashicorp/aws\"]",
      "instances": [
        {
          "schema_version": 0,
          "attributes": {
            "arn": "arn:aws:iam::857360184083:role/lambda_role",
            "assume_role_policy": "{\"Statement\":[{\"Action\":\"sts:AssumeRole\",\"Effect\":\"Allow\",\"Principal\":{\"Service\":\"lambda.amazonaws.com\"}}],\"Version\":\"2012-10-17\"}",
            "create_date": "2025-09-19T19:08:55Z",
            "description": "",
            "force_detach_policies": false,
            "id": "lambda_role",
            "inline_policy": [
              {
                "name": "lambda_s3_access_policy",
                "policy": "{\"Version\":\"2012-10-17\",\"Statement\":[{\"Action\":[\"s3:PutObject\",\"s3:GetObject\",\"s3:DeleteObject\"],\"Effect\":\"Allow\",\"Resource\":[\"arn:aws:s3:::trackme-media/*\"]}]}"
              },
              {
                "name": "lambda_vpc_policy",
                "policy": "{\"Version\":\"2012-10-17\",\"Statement\":[{\"Action\":[\"ec2:CreateNetworkInterface\",\"ec2:DescribeNetworkInterfaces\",\"ec2:DeleteNetworkInterface\"],\"Effect\":\"Allow\",\"Resource\":\"*\"}]}"
              }
            ],
            "managed_policy_arns": [
              "arn:aws:iam::aws:policy/AmazonRDSFullAccess",
              "arn:aws:iam::aws:policy/service-role/AWSLambdaBasicExecutionRole"
            ],
            "max_session_duration": 3600,
            "name": "lambda_role",
            "name_prefix": "",
            "path": "/",
            "permissions_boundary": "",
            "tags": {},
            "tags_all": {},
            "unique_id": "AROA4PHVGGMJSPGWSCNME"
          },
          "sensitive_attributes": [],
          "identity_schema_version": 0,
          "private": "bnVsbA==",
          "create_before_destroy": true
        }
      ]
    },
    {
      "mode": "managed",
      "type": "aws_iam_role_policy",
      "name": "lambda_s3_access",
      "provider": "provider[\"registry.terraform.io/hashicorp/aws\"]",
      "instances": [
        {
          "schema_version": 0,
          "attributes": {
            "id": "lambda_role:lambda_s3_access_policy",
            "name": "lambda_s3_access_policy",
            "name_prefix": "",
            "policy": "{\"Version\":\"2012-10-17\",\"Statement\":[{\"Action\":[\"s3:PutObject\",\"s3:GetObject\",\"s3:DeleteObject\"],\"Effect\":\"Allow\",\"Resource\":[\"arn:aws:s3:::trackme-media/*\"]}]}",
            "role": "lambda_role"
          },
          "sensitive_attributes": [],
          "identity_schema_version": 0,
          "private": "bnVsbA==",
          "dependencies": [
            "aws_iam_role.lambda_role",
            "aws_s3_bucket.profile_pictures"
          ]
        }
      ]
    },
    {
      "mode": "managed",
      "type": "aws_iam_role_policy",
      "name": "lambda_vpc",
      "provider": "provider[\"registry.terraform.io/hashicorp/aws\"]",
      "instances": [
        {
          "schema_version": 0,
          "attributes": {
            "id": "lambda_role:lambda_vpc_policy",
            "name": "lambda_vpc_policy",
            "name_prefix": "",
            "policy": "{\"Version\":\"2012-10-17\",\"Statement\":[{\"Action\":[\"ec2:CreateNetworkInterface\",\"ec2:DescribeNetworkInterfaces\",\"ec2:DeleteNetworkInterface\"],\"Effect\":\"Allow\",\"Resource\":\"*\"}]}",
            "role": "lambda_role"
          },
          "sensitive_attributes": [],
          "identity_schema_version": 0,
          "private": "bnVsbA==",
          "dependencies": [
            "aws_iam_role.lambda_role"
          ]
        }
      ]
    },
    {
      "mode": "managed",
      "type": "aws_iam_role_policy_attachment",
      "name": "lambda_logs",
      "provider": "provider[\"registry.terraform.io/hashicorp/aws\"]",
      "instances": [
        {
          "schema_version": 0,
          "attributes": {
            "id": "lambda_role-20250919190856091400000003",
            "policy_arn": "arn:aws:iam::aws:policy/service-role/AWSLambdaBasicExecutionRole",
            "role": "lambda_role"
          },
          "sensitive_attributes": [],
          "identity_schema_version": 0,
          "private": "bnVsbA==",
          "dependencies": [
            "aws_iam_role.lambda_role"
          ]
        }
      ]
    },
    {
      "mode": "managed",
      "type": "aws_iam_role_policy_attachment",
      "name": "lambda_rds_auth",
      "provider": "provider[\"registry.terraform.io/hashicorp/aws\"]",
      "instances": [
        {
          "schema_version": 0,
          "attributes": {
            "id": "lambda_role-20250919190855916500000002",
            "policy_arn": "arn:aws:iam::aws:policy/AmazonRDSFullAccess",
            "role": "lambda_role"
          },
          "sensitive_attributes": [],
          "identity_schema_version": 0,
          "private": "bnVsbA==",
          "dependencies": [
            "aws_iam_role.lambda_role"
          ],
          "create_before_destroy": true
        }
      ]
    },
    {
      "mode": "managed",
      "type": "aws_instance",
      "name": "bastion_host",
      "provider": "provider[\"registry.terraform.io/hashicorp/aws\"]",
      "instances": [
        {
          "schema_version": 1,
          "attributes": {
            "ami": "ami-0ea3c35c5c3284d82",
            "arn": "arn:aws:ec2:us-east-2:857360184083:instance/i-0bac291fecb1a0761",
            "associate_public_ip_address": true,
            "availability_zone": "us-east-2a",
            "capacity_reservation_specification": [
              {
                "capacity_reservation_preference": "open",
                "capacity_reservation_target": []
              }
            ],
            "cpu_core_count": 1,
            "cpu_options": [
              {
                "amd_sev_snp": "",
                "core_count": 1,
                "threads_per_core": 1
              }
            ],
            "cpu_threads_per_core": 1,
            "credit_specification": [
              {
                "cpu_credits": "standard"
              }
            ],
            "disable_api_stop": false,
            "disable_api_termination": false,
            "ebs_block_device": [],
            "ebs_optimized": false,
            "enable_primary_ipv6": null,
            "enclave_options": [
              {
                "enabled": false
              }
            ],
            "ephemeral_block_device": [],
            "get_password_data": false,
            "hibernation": false,
            "host_id": "",
            "host_resource_group_arn": null,
            "iam_instance_profile": "",
            "id": "i-0bac291fecb1a0761",
            "instance_initiated_shutdown_behavior": "stop",
            "instance_lifecycle": "",
            "instance_market_options": [],
            "instance_state": "running",
            "instance_type": "t2.micro",
            "ipv6_address_count": 0,
            "ipv6_addresses": [],
            "key_name": "TrackMe-RDS-Bastion",
            "launch_template": [],
            "maintenance_options": [
              {
                "auto_recovery": "default"
              }
            ],
            "metadata_options": [
              {
                "http_endpoint": "enabled",
                "http_protocol_ipv6": "disabled",
                "http_put_response_hop_limit": 2,
                "http_tokens": "required",
                "instance_metadata_tags": "disabled"
              }
            ],
            "monitoring": false,
            "network_interface": [],
            "outpost_arn": "",
            "password_data": "",
            "placement_group": "",
            "placement_partition_number": 0,
            "primary_network_interface_id": "eni-04190dc9eb05dee3c",
            "private_dns": "ip-172-31-93-85.us-east-2.compute.internal",
            "private_dns_name_options": [
              {
                "enable_resource_name_dns_a_record": false,
                "enable_resource_name_dns_aaaa_record": false,
                "hostname_type": "ip-name"
              }
            ],
            "private_ip": "172.31.93.85",
            "public_dns": "ec2-3-145-66-131.us-east-2.compute.amazonaws.com",
            "public_ip": "3.145.66.131",
            "root_block_device": [
              {
                "delete_on_termination": true,
                "device_name": "/dev/sda1",
                "encrypted": false,
                "iops": 3000,
                "kms_key_id": "",
                "tags": {},
                "tags_all": {},
                "throughput": 125,
                "volume_id": "vol-0ee094c06bcb30cc9",
                "volume_size": 8,
                "volume_type": "gp3"
              }
            ],
            "secondary_private_ips": [],
            "security_groups": [
              "bastion-security-group"
            ],
            "source_dest_check": true,
            "spot_instance_request_id": "",
            "subnet_id": "subnet-03a450e1c99acbb9b",
            "tags": {
              "Name": "trackme-bastion-host"
            },
            "tags_all": {
              "Name": "trackme-bastion-host"
            },
            "tenancy": "default",
            "timeouts": null,
            "user_data": "b9ca8d14ac23fc7922502b0570e84104af698b25",
            "user_data_base64": null,
            "user_data_replace_on_change": false,
            "volume_tags": null,
            "vpc_security_group_ids": [
              "sg-0d4b404eda3a56b06"
            ]
          },
          "sensitive_attributes": [],
          "identity_schema_version": 0,
          "private": "eyJlMmJmYjczMC1lY2FhLTExZTYtOGY4OC0zNDM2M2JjN2M0YzAiOnsiY3JlYXRlIjo2MDAwMDAwMDAwMDAsImRlbGV0ZSI6MTIwMDAwMDAwMDAwMCwicmVhZCI6OTAwMDAwMDAwMDAwLCJ1cGRhdGUiOjYwMDAwMDAwMDAwMH0sInNjaGVtYV92ZXJzaW9uIjoiMSJ9",
          "dependencies": [
            "aws_security_group.bastion_sg",
            "aws_subnet.bastion_subnet",
            "data.aws_availability_zones.available",
            "data.aws_security_group.default",
            "data.aws_vpc.default",
            "data.http.myip"
          ]
        }
      ]
    },
    {
      "mode": "managed",
      "type": "aws_lambda_function",
      "name": "lambdas",
      "provider": "provider[\"registry.terraform.io/hashicorp/aws\"]",
      "instances": [
        {
          "index_key": "add_relation",
          "schema_version": 0,
          "attributes": {
            "architectures": [
              "x86_64"
            ],
            "arn": "arn:aws:lambda:us-east-2:857360184083:function:add_relation",
            "code_sha256": "atJ3nbxRPrjO2nCBesH2ay97+fccZU6/5Bt6xrwZUGg=",
            "code_signing_config_arn": "",
            "dead_letter_config": [],
            "description": "",
            "environment": [
              {
                "variables": {
                  "ENVIRONMENT": "production",
                  "RDS_DBNAME": "trackme",
                  "RDS_ENDPOINT": "trackmedb.c9goe0ioosh0.us-east-2.rds.amazonaws.com",
                  "RDS_PASSWORD": "Mojito#2025",
                  "RDS_PORT": "5432",
                  "RDS_REGION": "us-east-2",
                  "RDS_USER": "trackme_admin"
                }
              }
            ],
            "ephemeral_storage": [
              {
                "size": 512
              }
            ],
            "file_system_config": [],
            "filename": "./../Server/lambdas/relations/zips/add_relation.zip",
            "function_name": "add_relation",
            "handler": "add_relation.add_relation",
            "id": "add_relation",
            "image_config": [],
            "image_uri": "",
            "invoke_arn": "arn:aws:apigateway:us-east-2:lambda:path/2015-03-31/functions/arn:aws:lambda:us-east-2:857360184083:function:add_relation/invocations",
            "kms_key_arn": "",
            "last_modified": "2025-11-14T02:07:03.000+0000",
            "layers": [
              "arn:aws:lambda:us-east-2:857360184083:layer:rds:156",
              "arn:aws:lambda:us-east-2:857360184083:layer:user_auth:3"
            ],
            "logging_config": [
              {
                "application_log_level": "",
                "log_format": "Text",
                "log_group": "/aws/lambda/add_relation",
                "system_log_level": ""
              }
            ],
            "memory_size": 128,
            "package_type": "Zip",
            "publish": false,
            "qualified_arn": "arn:aws:lambda:us-east-2:857360184083:function:add_relation:$LATEST",
            "qualified_invoke_arn": "arn:aws:apigateway:us-east-2:lambda:path/2015-03-31/functions/arn:aws:lambda:us-east-2:857360184083:function:add_relation:$LATEST/invocations",
            "replace_security_groups_on_destroy": null,
            "replacement_security_group_ids": null,
            "reserved_concurrent_executions": -1,
            "role": "arn:aws:iam::857360184083:role/lambda_role",
            "runtime": "python3.12",
            "s3_bucket": null,
            "s3_key": null,
            "s3_object_version": null,
            "signing_job_arn": "",
            "signing_profile_version_arn": "",
            "skip_destroy": false,
            "snap_start": [],
            "source_code_hash": "atJ3nbxRPrjO2nCBesH2ay97+fccZU6/5Bt6xrwZUGg=",
            "source_code_size": 2050,
            "tags": {},
            "tags_all": {},
            "timeout": 10,
            "timeouts": null,
            "tracing_config": [
              {
                "mode": "PassThrough"
              }
            ],
            "version": "$LATEST",
            "vpc_config": [
              {
                "ipv6_allowed_for_dual_stack": false,
                "security_group_ids": [
                  "sg-0bd1fa78c58ba0495"
                ],
                "subnet_ids": [
                  "subnet-09b6e632d01fcb525",
                  "subnet-0db35c13edd7c98e9"
                ],
                "vpc_id": "vpc-00ce2d8f8e6ecb305"
              }
            ]
          },
          "sensitive_attributes": [
            [
              {
                "type": "get_attr",
                "value": "environment"
              },
              {
                "type": "index",
                "value": {
                  "value": 0,
                  "type": "number"
                }
              },
              {
                "type": "get_attr",
                "value": "variables"
              },
              {
                "type": "index",
                "value": {
                  "value": "RDS_PASSWORD",
                  "type": "string"
                }
              }
            ]
          ],
          "identity_schema_version": 0,
          "private": "eyJlMmJmYjczMC1lY2FhLTExZTYtOGY4OC0zNDM2M2JjN2M0YzAiOnsiY3JlYXRlIjo2MDAwMDAwMDAwMDAsImRlbGV0ZSI6NjAwMDAwMDAwMDAwLCJ1cGRhdGUiOjYwMDAwMDAwMDAwMH19",
          "dependencies": [
            "aws_db_instance.default",
            "aws_db_subnet_group.rds_private",
            "aws_iam_role.lambda_role",
            "aws_iam_role_policy_attachment.lambda_rds_auth",
            "aws_lambda_layer_version.rds",
            "aws_lambda_layer_version.user_auth",
            "aws_security_group.lambda_sg",
            "aws_subnet.private_subnet1",
            "aws_subnet.private_subnet2",
            "data.archive_file.lambda_archives",
            "data.archive_file.rds_layer",
            "data.archive_file.user_auth_layer",
            "data.aws_availability_zones.available",
            "data.aws_vpc.default"
          ],
          "create_before_destroy": true
        },
        {
          "index_key": "create_user",
          "schema_version": 0,
          "attributes": {
            "architectures": [
              "x86_64"
            ],
            "arn": "arn:aws:lambda:us-east-2:857360184083:function:create_user",
            "code_sha256": "DF/MGep5hBvYeHoz4YQXHYeGsAQjQ5NZJaNGQ+DHKSU=",
            "code_signing_config_arn": "",
            "dead_letter_config": [],
            "description": "",
            "environment": [
              {
                "variables": {
                  "ENVIRONMENT": "production",
                  "RDS_DBNAME": "trackme",
                  "RDS_ENDPOINT": "trackmedb.c9goe0ioosh0.us-east-2.rds.amazonaws.com",
                  "RDS_PASSWORD": "Mojito#2025",
                  "RDS_PORT": "5432",
                  "RDS_REGION": "us-east-2",
                  "RDS_USER": "trackme_admin"
                }
              }
            ],
            "ephemeral_storage": [
              {
                "size": 512
              }
            ],
            "file_system_config": [],
            "filename": "./../Server/lambdas/general/zips/create_user.zip",
            "function_name": "create_user",
            "handler": "create_user.create_user",
            "id": "create_user",
            "image_config": [],
            "image_uri": "",
            "invoke_arn": "arn:aws:apigateway:us-east-2:lambda:path/2015-03-31/functions/arn:aws:lambda:us-east-2:857360184083:function:create_user/invocations",
            "kms_key_arn": "",
            "last_modified": "2025-11-14T02:07:03.000+0000",
            "layers": [
              "arn:aws:lambda:us-east-2:857360184083:layer:rds:156",
              "arn:aws:lambda:us-east-2:857360184083:layer:user_auth:3"
            ],
            "logging_config": [
              {
                "application_log_level": "",
                "log_format": "Text",
                "log_group": "/aws/lambda/create_user",
                "system_log_level": ""
              }
            ],
            "memory_size": 128,
            "package_type": "Zip",
            "publish": false,
            "qualified_arn": "arn:aws:lambda:us-east-2:857360184083:function:create_user:$LATEST",
            "qualified_invoke_arn": "arn:aws:apigateway:us-east-2:lambda:path/2015-03-31/functions/arn:aws:lambda:us-east-2:857360184083:function:create_user:$LATEST/invocations",
            "replace_security_groups_on_destroy": null,
            "replacement_security_group_ids": null,
            "reserved_concurrent_executions": -1,
            "role": "arn:aws:iam::857360184083:role/lambda_role",
            "runtime": "python3.12",
            "s3_bucket": null,
            "s3_key": null,
            "s3_object_version": null,
            "signing_job_arn": "",
            "signing_profile_version_arn": "",
            "skip_destroy": false,
            "snap_start": [],
            "source_code_hash": "DF/MGep5hBvYeHoz4YQXHYeGsAQjQ5NZJaNGQ+DHKSU=",
            "source_code_size": 1951,
            "tags": {},
            "tags_all": {},
            "timeout": 10,
            "timeouts": null,
            "tracing_config": [
              {
                "mode": "PassThrough"
              }
            ],
            "version": "$LATEST",
            "vpc_config": [
              {
                "ipv6_allowed_for_dual_stack": false,
                "security_group_ids": [
                  "sg-0bd1fa78c58ba0495"
                ],
                "subnet_ids": [
                  "subnet-09b6e632d01fcb525",
                  "subnet-0db35c13edd7c98e9"
                ],
                "vpc_id": "vpc-00ce2d8f8e6ecb305"
              }
            ]
          },
          "sensitive_attributes": [
            [
              {
                "type": "get_attr",
                "value": "environment"
              },
              {
                "type": "index",
                "value": {
                  "value": 0,
                  "type": "number"
                }
              },
              {
                "type": "get_attr",
                "value": "variables"
              },
              {
                "type": "index",
                "value": {
                  "value": "RDS_PASSWORD",
                  "type": "string"
                }
              }
            ]
          ],
          "identity_schema_version": 0,
          "private": "eyJlMmJmYjczMC1lY2FhLTExZTYtOGY4OC0zNDM2M2JjN2M0YzAiOnsiY3JlYXRlIjo2MDAwMDAwMDAwMDAsImRlbGV0ZSI6NjAwMDAwMDAwMDAwLCJ1cGRhdGUiOjYwMDAwMDAwMDAwMH19",
          "dependencies": [
            "aws_db_instance.default",
            "aws_db_subnet_group.rds_private",
            "aws_iam_role.lambda_role",
            "aws_iam_role_policy_attachment.lambda_rds_auth",
            "aws_lambda_layer_version.rds",
            "aws_lambda_layer_version.user_auth",
            "aws_security_group.lambda_sg",
            "aws_subnet.private_subnet1",
            "aws_subnet.private_subnet2",
            "data.archive_file.lambda_archives",
            "data.archive_file.rds_layer",
            "data.archive_file.user_auth_layer",
            "data.aws_availability_zones.available",
            "data.aws_vpc.default"
          ],
          "create_before_destroy": true
        },
        {
          "index_key": "fetch_historical_data",
          "schema_version": 0,
          "attributes": {
            "architectures": [
              "x86_64"
            ],
            "arn": "arn:aws:lambda:us-east-2:857360184083:function:fetch_historical_data",
            "code_sha256": "xWSDTdKuOBMFksSLhe9ZGEKS6wyUyfLVEyABFzRShTI=",
            "code_signing_config_arn": "",
            "dead_letter_config": [],
            "description": "",
            "environment": [
              {
                "variables": {
                  "ENVIRONMENT": "production",
                  "RDS_DBNAME": "trackme",
                  "RDS_ENDPOINT": "trackmedb.c9goe0ioosh0.us-east-2.rds.amazonaws.com",
                  "RDS_PASSWORD": "Mojito#2025",
                  "RDS_PORT": "5432",
                  "RDS_REGION": "us-east-2",
                  "RDS_USER": "trackme_admin"
                }
              }
            ],
            "ephemeral_storage": [
              {
                "size": 512
              }
            ],
            "file_system_config": [],
            "filename": "./../Server/lambdas/history/zips/fetch_historical_data.zip",
            "function_name": "fetch_historical_data",
            "handler": "fetch_historical_data.fetch_historical_data",
            "id": "fetch_historical_data",
            "image_config": [],
            "image_uri": "",
            "invoke_arn": "arn:aws:apigateway:us-east-2:lambda:path/2015-03-31/functions/arn:aws:lambda:us-east-2:857360184083:function:fetch_historical_data/invocations",
            "kms_key_arn": "",
            "last_modified": "2025-11-14T02:07:03.000+0000",
            "layers": [
              "arn:aws:lambda:us-east-2:857360184083:layer:rds:156",
              "arn:aws:lambda:us-east-2:857360184083:layer:user_auth:3"
            ],
            "logging_config": [
              {
                "application_log_level": "",
                "log_format": "Text",
                "log_group": "/aws/lambda/fetch_historical_data",
                "system_log_level": ""
              }
            ],
            "memory_size": 128,
            "package_type": "Zip",
            "publish": false,
            "qualified_arn": "arn:aws:lambda:us-east-2:857360184083:function:fetch_historical_data:$LATEST",
            "qualified_invoke_arn": "arn:aws:apigateway:us-east-2:lambda:path/2015-03-31/functions/arn:aws:lambda:us-east-2:857360184083:function:fetch_historical_data:$LATEST/invocations",
            "replace_security_groups_on_destroy": null,
            "replacement_security_group_ids": null,
            "reserved_concurrent_executions": -1,
            "role": "arn:aws:iam::857360184083:role/lambda_role",
            "runtime": "python3.12",
            "s3_bucket": null,
            "s3_key": null,
            "s3_object_version": null,
            "signing_job_arn": "",
            "signing_profile_version_arn": "",
            "skip_destroy": false,
            "snap_start": [],
            "source_code_hash": "xWSDTdKuOBMFksSLhe9ZGEKS6wyUyfLVEyABFzRShTI=",
            "source_code_size": 3503,
            "tags": {},
            "tags_all": {},
            "timeout": 10,
            "timeouts": null,
            "tracing_config": [
              {
                "mode": "PassThrough"
              }
            ],
            "version": "$LATEST",
            "vpc_config": [
              {
                "ipv6_allowed_for_dual_stack": false,
                "security_group_ids": [
                  "sg-0bd1fa78c58ba0495"
                ],
                "subnet_ids": [
                  "subnet-09b6e632d01fcb525",
                  "subnet-0db35c13edd7c98e9"
                ],
                "vpc_id": "vpc-00ce2d8f8e6ecb305"
              }
            ]
          },
          "sensitive_attributes": [
            [
              {
                "type": "get_attr",
                "value": "environment"
              },
              {
                "type": "index",
                "value": {
                  "value": 0,
                  "type": "number"
                }
              },
              {
                "type": "get_attr",
                "value": "variables"
              },
              {
                "type": "index",
                "value": {
                  "value": "RDS_PASSWORD",
                  "type": "string"
                }
              }
            ]
          ],
          "identity_schema_version": 0,
          "private": "eyJlMmJmYjczMC1lY2FhLTExZTYtOGY4OC0zNDM2M2JjN2M0YzAiOnsiY3JlYXRlIjo2MDAwMDAwMDAwMDAsImRlbGV0ZSI6NjAwMDAwMDAwMDAwLCJ1cGRhdGUiOjYwMDAwMDAwMDAwMH19",
          "dependencies": [
            "aws_db_instance.default",
            "aws_db_subnet_group.rds_private",
            "aws_iam_role.lambda_role",
            "aws_iam_role_policy_attachment.lambda_rds_auth",
            "aws_lambda_layer_version.rds",
            "aws_lambda_layer_version.user_auth",
            "aws_security_group.lambda_sg",
            "aws_subnet.private_subnet1",
            "aws_subnet.private_subnet2",
            "data.archive_file.lambda_archives",
            "data.archive_file.rds_layer",
            "data.archive_file.user_auth_layer",
            "data.aws_availability_zones.available",
            "data.aws_vpc.default"
          ],
          "create_before_destroy": true
        },
        {
          "index_key": "generate_presigned_s3_url",
          "schema_version": 0,
          "attributes": {
            "architectures": [
              "x86_64"
            ],
            "arn": "arn:aws:lambda:us-east-2:857360184083:function:generate_presigned_s3_url",
            "code_sha256": "5DRfLLBE91LhADYc9aNiLlsgeLEe1aBlJLA/fhmkrzw=",
            "code_signing_config_arn": "",
            "dead_letter_config": [],
            "description": "",
            "environment": [
              {
                "variables": {
                  "ENVIRONMENT": "production",
                  "RDS_DBNAME": "trackme",
                  "RDS_ENDPOINT": "trackmedb.c9goe0ioosh0.us-east-2.rds.amazonaws.com",
                  "RDS_PASSWORD": "Mojito#2025",
                  "RDS_PORT": "5432",
                  "RDS_REGION": "us-east-2",
                  "RDS_USER": "trackme_admin"
                }
              }
            ],
            "ephemeral_storage": [
              {
                "size": 512
              }
            ],
            "file_system_config": [],
            "filename": "./../Server/lambdas/general/zips/generate_presigned_s3_url.zip",
            "function_name": "generate_presigned_s3_url",
            "handler": "generate_presigned_s3_url.generate_presigned_s3_url",
            "id": "generate_presigned_s3_url",
            "image_config": [],
            "image_uri": "",
            "invoke_arn": "arn:aws:apigateway:us-east-2:lambda:path/2015-03-31/functions/arn:aws:lambda:us-east-2:857360184083:function:generate_presigned_s3_url/invocations",
            "kms_key_arn": "",
            "last_modified": "2025-11-14T02:07:25.000+0000",
            "layers": [
              "arn:aws:lambda:us-east-2:857360184083:layer:rds:156",
              "arn:aws:lambda:us-east-2:857360184083:layer:user_auth:3"
            ],
            "logging_config": [
              {
                "application_log_level": "",
                "log_format": "Text",
                "log_group": "/aws/lambda/generate_presigned_s3_url",
                "system_log_level": ""
              }
            ],
            "memory_size": 128,
            "package_type": "Zip",
            "publish": false,
            "qualified_arn": "arn:aws:lambda:us-east-2:857360184083:function:generate_presigned_s3_url:$LATEST",
            "qualified_invoke_arn": "arn:aws:apigateway:us-east-2:lambda:path/2015-03-31/functions/arn:aws:lambda:us-east-2:857360184083:function:generate_presigned_s3_url:$LATEST/invocations",
            "replace_security_groups_on_destroy": null,
            "replacement_security_group_ids": null,
            "reserved_concurrent_executions": -1,
            "role": "arn:aws:iam::857360184083:role/lambda_role",
            "runtime": "python3.12",
            "s3_bucket": null,
            "s3_key": null,
            "s3_object_version": null,
            "signing_job_arn": "",
            "signing_profile_version_arn": "",
            "skip_destroy": false,
            "snap_start": [],
            "source_code_hash": "5DRfLLBE91LhADYc9aNiLlsgeLEe1aBlJLA/fhmkrzw=",
            "source_code_size": 16128524,
            "tags": {},
            "tags_all": {},
            "timeout": 10,
            "timeouts": null,
            "tracing_config": [
              {
                "mode": "PassThrough"
              }
            ],
            "version": "$LATEST",
            "vpc_config": [
              {
                "ipv6_allowed_for_dual_stack": false,
                "security_group_ids": [
                  "sg-0bd1fa78c58ba0495"
                ],
                "subnet_ids": [
                  "subnet-09b6e632d01fcb525",
                  "subnet-0db35c13edd7c98e9"
                ],
                "vpc_id": "vpc-00ce2d8f8e6ecb305"
              }
            ]
          },
          "sensitive_attributes": [
            [
              {
                "type": "get_attr",
                "value": "environment"
              },
              {
                "type": "index",
                "value": {
                  "value": 0,
                  "type": "number"
                }
              },
              {
                "type": "get_attr",
                "value": "variables"
              },
              {
                "type": "index",
                "value": {
                  "value": "RDS_PASSWORD",
                  "type": "string"
                }
              }
            ]
          ],
          "identity_schema_version": 0,
          "private": "eyJlMmJmYjczMC1lY2FhLTExZTYtOGY4OC0zNDM2M2JjN2M0YzAiOnsiY3JlYXRlIjo2MDAwMDAwMDAwMDAsImRlbGV0ZSI6NjAwMDAwMDAwMDAwLCJ1cGRhdGUiOjYwMDAwMDAwMDAwMH19",
          "dependencies": [
            "aws_db_instance.default",
            "aws_db_subnet_group.rds_private",
            "aws_iam_role.lambda_role",
            "aws_iam_role_policy_attachment.lambda_rds_auth",
            "aws_lambda_layer_version.rds",
            "aws_lambda_layer_version.user_auth",
            "aws_security_group.lambda_sg",
            "aws_subnet.private_subnet1",
            "aws_subnet.private_subnet2",
            "data.archive_file.lambda_archives",
            "data.archive_file.rds_layer",
            "data.archive_file.user_auth_layer",
            "data.aws_availability_zones.available",
            "data.aws_vpc.default"
          ],
          "create_before_destroy": true
        },
        {
          "index_key": "get_available_history_dates",
          "schema_version": 0,
          "attributes": {
            "architectures": [
              "x86_64"
            ],
            "arn": "arn:aws:lambda:us-east-2:857360184083:function:get_available_history_dates",
            "code_sha256": "YZzoWvVFKLbh+Z6OTlI8fvYeW6MRTfHQEGa+w5cjzP4=",
            "code_signing_config_arn": "",
            "dead_letter_config": [],
            "description": "",
            "environment": [
              {
                "variables": {
                  "ENVIRONMENT": "production",
                  "RDS_DBNAME": "trackme",
                  "RDS_ENDPOINT": "trackmedb.c9goe0ioosh0.us-east-2.rds.amazonaws.com",
                  "RDS_PASSWORD": "Mojito#2025",
                  "RDS_PORT": "5432",
                  "RDS_REGION": "us-east-2",
                  "RDS_USER": "trackme_admin"
                }
              }
            ],
            "ephemeral_storage": [
              {
                "size": 512
              }
            ],
            "file_system_config": [],
            "filename": "./../Server/lambdas/history/zips/get_available_history_dates.zip",
            "function_name": "get_available_history_dates",
            "handler": "get_available_history_dates.get_available_history_dates",
            "id": "get_available_history_dates",
            "image_config": [],
            "image_uri": "",
            "invoke_arn": "arn:aws:apigateway:us-east-2:lambda:path/2015-03-31/functions/arn:aws:lambda:us-east-2:857360184083:function:get_available_history_dates/invocations",
            "kms_key_arn": "",
            "last_modified": "2025-11-14T02:07:03.000+0000",
            "layers": [
              "arn:aws:lambda:us-east-2:857360184083:layer:rds:156",
              "arn:aws:lambda:us-east-2:857360184083:layer:user_auth:3"
            ],
            "logging_config": [
              {
                "application_log_level": "",
                "log_format": "Text",
                "log_group": "/aws/lambda/get_available_history_dates",
                "system_log_level": ""
              }
            ],
            "memory_size": 128,
            "package_type": "Zip",
            "publish": false,
            "qualified_arn": "arn:aws:lambda:us-east-2:857360184083:function:get_available_history_dates:$LATEST",
            "qualified_invoke_arn": "arn:aws:apigateway:us-east-2:lambda:path/2015-03-31/functions/arn:aws:lambda:us-east-2:857360184083:function:get_available_history_dates:$LATEST/invocations",
            "replace_security_groups_on_destroy": null,
            "replacement_security_group_ids": null,
            "reserved_concurrent_executions": -1,
            "role": "arn:aws:iam::857360184083:role/lambda_role",
            "runtime": "python3.12",
            "s3_bucket": null,
            "s3_key": null,
            "s3_object_version": null,
            "signing_job_arn": "",
            "signing_profile_version_arn": "",
            "skip_destroy": false,
            "snap_start": [],
            "source_code_hash": "YZzoWvVFKLbh+Z6OTlI8fvYeW6MRTfHQEGa+w5cjzP4=",
            "source_code_size": 3339,
            "tags": {},
            "tags_all": {},
            "timeout": 10,
            "timeouts": null,
            "tracing_config": [
              {
                "mode": "PassThrough"
              }
            ],
            "version": "$LATEST",
            "vpc_config": [
              {
                "ipv6_allowed_for_dual_stack": false,
                "security_group_ids": [
                  "sg-0bd1fa78c58ba0495"
                ],
                "subnet_ids": [
                  "subnet-09b6e632d01fcb525",
                  "subnet-0db35c13edd7c98e9"
                ],
                "vpc_id": "vpc-00ce2d8f8e6ecb305"
              }
            ]
          },
          "sensitive_attributes": [
            [
              {
                "type": "get_attr",
                "value": "environment"
              },
              {
                "type": "index",
                "value": {
                  "value": 0,
                  "type": "number"
                }
              },
              {
                "type": "get_attr",
                "value": "variables"
              },
              {
                "type": "index",
                "value": {
                  "value": "RDS_PASSWORD",
                  "type": "string"
                }
              }
            ]
          ],
          "identity_schema_version": 0,
          "private": "eyJlMmJmYjczMC1lY2FhLTExZTYtOGY4OC0zNDM2M2JjN2M0YzAiOnsiY3JlYXRlIjo2MDAwMDAwMDAwMDAsImRlbGV0ZSI6NjAwMDAwMDAwMDAwLCJ1cGRhdGUiOjYwMDAwMDAwMDAwMH19",
          "dependencies": [
            "aws_db_instance.default",
            "aws_db_subnet_group.rds_private",
            "aws_iam_role.lambda_role",
            "aws_iam_role_policy_attachment.lambda_rds_auth",
            "aws_lambda_layer_version.rds",
            "aws_lambda_layer_version.user_auth",
            "aws_security_group.lambda_sg",
            "aws_subnet.private_subnet1",
            "aws_subnet.private_subnet2",
            "data.archive_file.lambda_archives",
            "data.archive_file.rds_layer",
            "data.archive_file.user_auth_layer",
            "data.aws_availability_zones.available",
            "data.aws_vpc.default"
          ],
          "create_before_destroy": true
        },
        {
          "index_key": "get_avg_velocity",
          "schema_version": 0,
          "attributes": {
            "architectures": [
              "x86_64"
            ],
            "arn": "arn:aws:lambda:us-east-2:857360184083:function:get_avg_velocity",
            "code_sha256": "zAuj+eikUk6OeuEacHhap/qka0alH2rBRmEKoGto4ZM=",
            "code_signing_config_arn": "",
            "dead_letter_config": [],
            "description": "",
            "environment": [
              {
                "variables": {
                  "ENVIRONMENT": "production",
                  "RDS_DBNAME": "trackme",
                  "RDS_ENDPOINT": "trackmedb.c9goe0ioosh0.us-east-2.rds.amazonaws.com",
                  "RDS_PASSWORD": "Mojito#2025",
                  "RDS_PORT": "5432",
                  "RDS_REGION": "us-east-2",
                  "RDS_USER": "trackme_admin"
                }
              }
            ],
            "ephemeral_storage": [
              {
                "size": 512
              }
            ],
            "file_system_config": [],
            "filename": "./../Server/lambdas/graph/zips/get_avg_velocity.zip",
            "function_name": "get_avg_velocity",
            "handler": "get_avg_velocity.get_avg_velocity",
            "id": "get_avg_velocity",
            "image_config": [],
            "image_uri": "",
            "invoke_arn": "arn:aws:apigateway:us-east-2:lambda:path/2015-03-31/functions/arn:aws:lambda:us-east-2:857360184083:function:get_avg_velocity/invocations",
            "kms_key_arn": "",
            "last_modified": "2025-11-14T02:07:14.000+0000",
            "layers": [
              "arn:aws:lambda:us-east-2:857360184083:layer:rds:156",
              "arn:aws:lambda:us-east-2:857360184083:layer:user_auth:3"
            ],
            "logging_config": [
              {
                "application_log_level": "",
                "log_format": "Text",
                "log_group": "/aws/lambda/get_avg_velocity",
                "system_log_level": ""
              }
            ],
            "memory_size": 128,
            "package_type": "Zip",
            "publish": false,
            "qualified_arn": "arn:aws:lambda:us-east-2:857360184083:function:get_avg_velocity:$LATEST",
            "qualified_invoke_arn": "arn:aws:apigateway:us-east-2:lambda:path/2015-03-31/functions/arn:aws:lambda:us-east-2:857360184083:function:get_avg_velocity:$LATEST/invocations",
            "replace_security_groups_on_destroy": null,
            "replacement_security_group_ids": null,
            "reserved_concurrent_executions": -1,
            "role": "arn:aws:iam::857360184083:role/lambda_role",
            "runtime": "python3.12",
            "s3_bucket": null,
            "s3_key": null,
            "s3_object_version": null,
            "signing_job_arn": "",
            "signing_profile_version_arn": "",
            "skip_destroy": false,
            "snap_start": [],
            "source_code_hash": "zAuj+eikUk6OeuEacHhap/qka0alH2rBRmEKoGto4ZM=",
            "source_code_size": 3605,
            "tags": {},
            "tags_all": {},
            "timeout": 10,
            "timeouts": null,
            "tracing_config": [
              {
                "mode": "PassThrough"
              }
            ],
            "version": "$LATEST",
            "vpc_config": [
              {
                "ipv6_allowed_for_dual_stack": false,
                "security_group_ids": [
                  "sg-0bd1fa78c58ba0495"
                ],
                "subnet_ids": [
                  "subnet-09b6e632d01fcb525",
                  "subnet-0db35c13edd7c98e9"
                ],
                "vpc_id": "vpc-00ce2d8f8e6ecb305"
              }
            ]
          },
          "sensitive_attributes": [
            [
              {
                "type": "get_attr",
                "value": "environment"
              },
              {
                "type": "index",
                "value": {
                  "value": 0,
                  "type": "number"
                }
              },
              {
                "type": "get_attr",
                "value": "variables"
              },
              {
                "type": "index",
                "value": {
                  "value": "RDS_PASSWORD",
                  "type": "string"
                }
              }
            ]
          ],
          "identity_schema_version": 0,
          "private": "eyJlMmJmYjczMC1lY2FhLTExZTYtOGY4OC0zNDM2M2JjN2M0YzAiOnsiY3JlYXRlIjo2MDAwMDAwMDAwMDAsImRlbGV0ZSI6NjAwMDAwMDAwMDAwLCJ1cGRhdGUiOjYwMDAwMDAwMDAwMH19",
          "dependencies": [
            "aws_db_instance.default",
            "aws_db_subnet_group.rds_private",
            "aws_iam_role.lambda_role",
            "aws_iam_role_policy_attachment.lambda_rds_auth",
            "aws_lambda_layer_version.rds",
            "aws_lambda_layer_version.user_auth",
            "aws_security_group.lambda_sg",
            "aws_subnet.private_subnet1",
            "aws_subnet.private_subnet2",
            "data.archive_file.lambda_archives",
            "data.archive_file.rds_layer",
            "data.archive_file.user_auth_layer",
            "data.aws_availability_zones.available",
            "data.aws_vpc.default"
          ],
          "create_before_destroy": true
        },
        {
          "index_key": "get_earliest_date_available",
          "schema_version": 0,
          "attributes": {
            "architectures": [
              "x86_64"
            ],
            "arn": "arn:aws:lambda:us-east-2:857360184083:function:get_earliest_date_available",
            "code_sha256": "S4q+AUBsF+FZht0ugOx2Drp/kFJ4cDbYdiGkbmEN8EQ=",
            "code_signing_config_arn": "",
            "dead_letter_config": [],
            "description": "",
            "environment": [
              {
                "variables": {
                  "ENVIRONMENT": "production",
                  "RDS_DBNAME": "trackme",
                  "RDS_ENDPOINT": "trackmedb.c9goe0ioosh0.us-east-2.rds.amazonaws.com",
                  "RDS_PASSWORD": "Mojito#2025",
                  "RDS_PORT": "5432",
                  "RDS_REGION": "us-east-2",
                  "RDS_USER": "trackme_admin"
                }
              }
            ],
            "ephemeral_storage": [
              {
                "size": 512
              }
            ],
            "file_system_config": [],
            "filename": "./../Server/lambdas/history/zips/get_earliest_date_available.zip",
            "function_name": "get_earliest_date_available",
            "handler": "get_earliest_date_available.get_earliest_date_available",
            "id": "get_earliest_date_available",
            "image_config": [],
            "image_uri": "",
            "invoke_arn": "arn:aws:apigateway:us-east-2:lambda:path/2015-03-31/functions/arn:aws:lambda:us-east-2:857360184083:function:get_earliest_date_available/invocations",
            "kms_key_arn": "",
            "last_modified": "2025-11-14T02:07:09.000+0000",
            "layers": [
              "arn:aws:lambda:us-east-2:857360184083:layer:rds:156",
              "arn:aws:lambda:us-east-2:857360184083:layer:user_auth:3"
            ],
            "logging_config": [
              {
                "application_log_level": "",
                "log_format": "Text",
                "log_group": "/aws/lambda/get_earliest_date_available",
                "system_log_level": ""
              }
            ],
            "memory_size": 128,
            "package_type": "Zip",
            "publish": false,
            "qualified_arn": "arn:aws:lambda:us-east-2:857360184083:function:get_earliest_date_available:$LATEST",
            "qualified_invoke_arn": "arn:aws:apigateway:us-east-2:lambda:path/2015-03-31/functions/arn:aws:lambda:us-east-2:857360184083:function:get_earliest_date_available:$LATEST/invocations",
            "replace_security_groups_on_destroy": null,
            "replacement_security_group_ids": null,
            "reserved_concurrent_executions": -1,
            "role": "arn:aws:iam::857360184083:role/lambda_role",
            "runtime": "python3.12",
            "s3_bucket": null,
            "s3_key": null,
            "s3_object_version": null,
            "signing_job_arn": "",
            "signing_profile_version_arn": "",
            "skip_destroy": false,
            "snap_start": [],
            "source_code_hash": "S4q+AUBsF+FZht0ugOx2Drp/kFJ4cDbYdiGkbmEN8EQ=",
            "source_code_size": 2563,
            "tags": {},
            "tags_all": {},
            "timeout": 10,
            "timeouts": null,
            "tracing_config": [
              {
                "mode": "PassThrough"
              }
            ],
            "version": "$LATEST",
            "vpc_config": [
              {
                "ipv6_allowed_for_dual_stack": false,
                "security_group_ids": [
                  "sg-0bd1fa78c58ba0495"
                ],
                "subnet_ids": [
                  "subnet-09b6e632d01fcb525",
                  "subnet-0db35c13edd7c98e9"
                ],
                "vpc_id": "vpc-00ce2d8f8e6ecb305"
              }
            ]
          },
          "sensitive_attributes": [
            [
              {
                "type": "get_attr",
                "value": "environment"
              },
              {
                "type": "index",
                "value": {
                  "value": 0,
                  "type": "number"
                }
              },
              {
                "type": "get_attr",
                "value": "variables"
              },
              {
                "type": "index",
                "value": {
                  "value": "RDS_PASSWORD",
                  "type": "string"
                }
              }
            ]
          ],
          "identity_schema_version": 0,
          "private": "eyJlMmJmYjczMC1lY2FhLTExZTYtOGY4OC0zNDM2M2JjN2M0YzAiOnsiY3JlYXRlIjo2MDAwMDAwMDAwMDAsImRlbGV0ZSI6NjAwMDAwMDAwMDAwLCJ1cGRhdGUiOjYwMDAwMDAwMDAwMH19",
          "dependencies": [
            "aws_db_instance.default",
            "aws_db_subnet_group.rds_private",
            "aws_iam_role.lambda_role",
            "aws_iam_role_policy_attachment.lambda_rds_auth",
            "aws_lambda_layer_version.rds",
            "aws_lambda_layer_version.user_auth",
            "aws_security_group.lambda_sg",
            "aws_subnet.private_subnet1",
            "aws_subnet.private_subnet2",
            "data.archive_file.lambda_archives",
            "data.archive_file.rds_layer",
            "data.archive_file.user_auth_layer",
            "data.aws_availability_zones.available",
            "data.aws_vpc.default"
          ],
          "create_before_destroy": true
        },
        {
          "index_key": "get_mutual_athletes",
          "schema_version": 0,
          "attributes": {
            "architectures": [
              "x86_64"
            ],
            "arn": "arn:aws:lambda:us-east-2:857360184083:function:get_mutual_athletes",
            "code_sha256": "TI2wGdhiw6/MFOako/Mas8Lx1KnEK59l1CqiFkk4JTE=",
            "code_signing_config_arn": "",
            "dead_letter_config": [],
            "description": "",
            "environment": [
              {
                "variables": {
                  "ENVIRONMENT": "production",
                  "RDS_DBNAME": "trackme",
                  "RDS_ENDPOINT": "trackmedb.c9goe0ioosh0.us-east-2.rds.amazonaws.com",
                  "RDS_PASSWORD": "Mojito#2025",
                  "RDS_PORT": "5432",
                  "RDS_REGION": "us-east-2",
                  "RDS_USER": "trackme_admin"
                }
              }
            ],
            "ephemeral_storage": [
              {
                "size": 512
              }
            ],
            "file_system_config": [],
            "filename": "./../Server/lambdas/relations/zips/get_mutual_athletes.zip",
            "function_name": "get_mutual_athletes",
            "handler": "get_mutual_athletes.get_mutual_athletes",
            "id": "get_mutual_athletes",
            "image_config": [],
            "image_uri": "",
            "invoke_arn": "arn:aws:apigateway:us-east-2:lambda:path/2015-03-31/functions/arn:aws:lambda:us-east-2:857360184083:function:get_mutual_athletes/invocations",
            "kms_key_arn": "",
            "last_modified": "2025-11-14T02:07:03.000+0000",
            "layers": [
              "arn:aws:lambda:us-east-2:857360184083:layer:rds:156",
              "arn:aws:lambda:us-east-2:857360184083:layer:user_auth:3"
            ],
            "logging_config": [
              {
                "application_log_level": "",
                "log_format": "Text",
                "log_group": "/aws/lambda/get_mutual_athletes",
                "system_log_level": ""
              }
            ],
            "memory_size": 128,
            "package_type": "Zip",
            "publish": false,
            "qualified_arn": "arn:aws:lambda:us-east-2:857360184083:function:get_mutual_athletes:$LATEST",
            "qualified_invoke_arn": "arn:aws:apigateway:us-east-2:lambda:path/2015-03-31/functions/arn:aws:lambda:us-east-2:857360184083:function:get_mutual_athletes:$LATEST/invocations",
            "replace_security_groups_on_destroy": null,
            "replacement_security_group_ids": null,
            "reserved_concurrent_executions": -1,
            "role": "arn:aws:iam::857360184083:role/lambda_role",
            "runtime": "python3.12",
            "s3_bucket": null,
            "s3_key": null,
            "s3_object_version": null,
            "signing_job_arn": "",
            "signing_profile_version_arn": "",
            "skip_destroy": false,
            "snap_start": [],
            "source_code_hash": "TI2wGdhiw6/MFOako/Mas8Lx1KnEK59l1CqiFkk4JTE=",
            "source_code_size": 2423,
            "tags": {},
            "tags_all": {},
            "timeout": 10,
            "timeouts": null,
            "tracing_config": [
              {
                "mode": "PassThrough"
              }
            ],
            "version": "$LATEST",
            "vpc_config": [
              {
                "ipv6_allowed_for_dual_stack": false,
                "security_group_ids": [
                  "sg-0bd1fa78c58ba0495"
                ],
                "subnet_ids": [
                  "subnet-09b6e632d01fcb525",
                  "subnet-0db35c13edd7c98e9"
                ],
                "vpc_id": "vpc-00ce2d8f8e6ecb305"
              }
            ]
          },
          "sensitive_attributes": [
            [
              {
                "type": "get_attr",
                "value": "environment"
              },
              {
                "type": "index",
                "value": {
                  "value": 0,
                  "type": "number"
                }
              },
              {
                "type": "get_attr",
                "value": "variables"
              },
              {
                "type": "index",
                "value": {
                  "value": "RDS_PASSWORD",
                  "type": "string"
                }
              }
            ]
          ],
          "identity_schema_version": 0,
          "private": "eyJlMmJmYjczMC1lY2FhLTExZTYtOGY4OC0zNDM2M2JjN2M0YzAiOnsiY3JlYXRlIjo2MDAwMDAwMDAwMDAsImRlbGV0ZSI6NjAwMDAwMDAwMDAwLCJ1cGRhdGUiOjYwMDAwMDAwMDAwMH19",
          "dependencies": [
            "aws_db_instance.default",
            "aws_db_subnet_group.rds_private",
            "aws_iam_role.lambda_role",
            "aws_iam_role_policy_attachment.lambda_rds_auth",
            "aws_lambda_layer_version.rds",
            "aws_lambda_layer_version.user_auth",
            "aws_security_group.lambda_sg",
            "aws_subnet.private_subnet1",
            "aws_subnet.private_subnet2",
            "data.archive_file.lambda_archives",
            "data.archive_file.rds_layer",
            "data.archive_file.user_auth_layer",
            "data.aws_availability_zones.available",
            "data.aws_vpc.default"
          ],
          "create_before_destroy": true
        },
        {
          "index_key": "get_mutual_inputs",
          "schema_version": 0,
          "attributes": {
            "architectures": [
              "x86_64"
            ],
            "arn": "arn:aws:lambda:us-east-2:857360184083:function:get_mutual_inputs",
            "code_sha256": "aDLSqZJI1AdLdCylLKzX+B0nk+bVHPy4O3fKq4tljng=",
            "code_signing_config_arn": "",
            "dead_letter_config": [],
            "description": "",
            "environment": [
              {
                "variables": {
                  "ENVIRONMENT": "production",
                  "RDS_DBNAME": "trackme",
                  "RDS_ENDPOINT": "trackmedb.c9goe0ioosh0.us-east-2.rds.amazonaws.com",
                  "RDS_PASSWORD": "Mojito#2025",
                  "RDS_PORT": "5432",
                  "RDS_REGION": "us-east-2",
                  "RDS_USER": "trackme_admin"
                }
              }
            ],
            "ephemeral_storage": [
              {
                "size": 512
              }
            ],
            "file_system_config": [],
            "filename": "./../Server/lambdas/general/zips/get_mutual_inputs.zip",
            "function_name": "get_mutual_inputs",
            "handler": "get_mutual_inputs.get_mutual_inputs",
            "id": "get_mutual_inputs",
            "image_config": [],
            "image_uri": "",
            "invoke_arn": "arn:aws:apigateway:us-east-2:lambda:path/2015-03-31/functions/arn:aws:lambda:us-east-2:857360184083:function:get_mutual_inputs/invocations",
            "kms_key_arn": "",
            "last_modified": "2025-11-14T02:07:09.000+0000",
            "layers": [
              "arn:aws:lambda:us-east-2:857360184083:layer:rds:156",
              "arn:aws:lambda:us-east-2:857360184083:layer:user_auth:3"
            ],
            "logging_config": [
              {
                "application_log_level": "",
                "log_format": "Text",
                "log_group": "/aws/lambda/get_mutual_inputs",
                "system_log_level": ""
              }
            ],
            "memory_size": 128,
            "package_type": "Zip",
            "publish": false,
            "qualified_arn": "arn:aws:lambda:us-east-2:857360184083:function:get_mutual_inputs:$LATEST",
            "qualified_invoke_arn": "arn:aws:apigateway:us-east-2:lambda:path/2015-03-31/functions/arn:aws:lambda:us-east-2:857360184083:function:get_mutual_inputs:$LATEST/invocations",
            "replace_security_groups_on_destroy": null,
            "replacement_security_group_ids": null,
            "reserved_concurrent_executions": -1,
            "role": "arn:aws:iam::857360184083:role/lambda_role",
            "runtime": "python3.12",
            "s3_bucket": null,
            "s3_key": null,
            "s3_object_version": null,
            "signing_job_arn": "",
            "signing_profile_version_arn": "",
            "skip_destroy": false,
            "snap_start": [],
            "source_code_hash": "aDLSqZJI1AdLdCylLKzX+B0nk+bVHPy4O3fKq4tljng=",
            "source_code_size": 2848,
            "tags": {},
            "tags_all": {},
            "timeout": 10,
            "timeouts": null,
            "tracing_config": [
              {
                "mode": "PassThrough"
              }
            ],
            "version": "$LATEST",
            "vpc_config": [
              {
                "ipv6_allowed_for_dual_stack": false,
                "security_group_ids": [
                  "sg-0bd1fa78c58ba0495"
                ],
                "subnet_ids": [
                  "subnet-09b6e632d01fcb525",
                  "subnet-0db35c13edd7c98e9"
                ],
                "vpc_id": "vpc-00ce2d8f8e6ecb305"
              }
            ]
          },
          "sensitive_attributes": [
            [
              {
                "type": "get_attr",
                "value": "environment"
              },
              {
                "type": "index",
                "value": {
                  "value": 0,
                  "type": "number"
                }
              },
              {
                "type": "get_attr",
                "value": "variables"
              },
              {
                "type": "index",
                "value": {
                  "value": "RDS_PASSWORD",
                  "type": "string"
                }
              }
            ]
          ],
          "identity_schema_version": 0,
          "private": "eyJlMmJmYjczMC1lY2FhLTExZTYtOGY4OC0zNDM2M2JjN2M0YzAiOnsiY3JlYXRlIjo2MDAwMDAwMDAwMDAsImRlbGV0ZSI6NjAwMDAwMDAwMDAwLCJ1cGRhdGUiOjYwMDAwMDAwMDAwMH19",
          "dependencies": [
            "aws_db_instance.default",
            "aws_db_subnet_group.rds_private",
            "aws_iam_role.lambda_role",
            "aws_iam_role_policy_attachment.lambda_rds_auth",
            "aws_lambda_layer_version.rds",
            "aws_lambda_layer_version.user_auth",
            "aws_security_group.lambda_sg",
            "aws_subnet.private_subnet1",
            "aws_subnet.private_subnet2",
            "data.archive_file.lambda_archives",
            "data.archive_file.rds_layer",
            "data.archive_file.user_auth_layer",
            "data.aws_availability_zones.available",
            "data.aws_vpc.default"
          ],
          "create_before_destroy": true
        },
        {
          "index_key": "get_mutual_user_relations",
          "schema_version": 0,
          "attributes": {
            "architectures": [
              "x86_64"
            ],
            "arn": "arn:aws:lambda:us-east-2:857360184083:function:get_mutual_user_relations",
            "code_sha256": "B2W1P+ypjBuakggtG4wXVF+G4aXgoR6V7Z/OZmKCZtU=",
            "code_signing_config_arn": "",
            "dead_letter_config": [],
            "description": "",
            "environment": [
              {
                "variables": {
                  "ENVIRONMENT": "production",
                  "RDS_DBNAME": "trackme",
                  "RDS_ENDPOINT": "trackmedb.c9goe0ioosh0.us-east-2.rds.amazonaws.com",
                  "RDS_PASSWORD": "Mojito#2025",
                  "RDS_PORT": "5432",
                  "RDS_REGION": "us-east-2",
                  "RDS_USER": "trackme_admin"
                }
              }
            ],
            "ephemeral_storage": [
              {
                "size": 512
              }
            ],
            "file_system_config": [],
            "filename": "./../Server/lambdas/relations/zips/get_mutual_user_relations.zip",
            "function_name": "get_mutual_user_relations",
            "handler": "get_mutual_user_relations.get_mutual_user_relations",
            "id": "get_mutual_user_relations",
            "image_config": [],
            "image_uri": "",
            "invoke_arn": "arn:aws:apigateway:us-east-2:lambda:path/2015-03-31/functions/arn:aws:lambda:us-east-2:857360184083:function:get_mutual_user_relations/invocations",
            "kms_key_arn": "",
            "last_modified": "2025-11-14T02:07:03.000+0000",
            "layers": [
              "arn:aws:lambda:us-east-2:857360184083:layer:rds:156",
              "arn:aws:lambda:us-east-2:857360184083:layer:user_auth:3"
            ],
            "logging_config": [
              {
                "application_log_level": "",
                "log_format": "Text",
                "log_group": "/aws/lambda/get_mutual_user_relations",
                "system_log_level": ""
              }
            ],
            "memory_size": 128,
            "package_type": "Zip",
            "publish": false,
            "qualified_arn": "arn:aws:lambda:us-east-2:857360184083:function:get_mutual_user_relations:$LATEST",
            "qualified_invoke_arn": "arn:aws:apigateway:us-east-2:lambda:path/2015-03-31/functions/arn:aws:lambda:us-east-2:857360184083:function:get_mutual_user_relations:$LATEST/invocations",
            "replace_security_groups_on_destroy": null,
            "replacement_security_group_ids": null,
            "reserved_concurrent_executions": -1,
            "role": "arn:aws:iam::857360184083:role/lambda_role",
            "runtime": "python3.12",
            "s3_bucket": null,
            "s3_key": null,
            "s3_object_version": null,
            "signing_job_arn": "",
            "signing_profile_version_arn": "",
            "skip_destroy": false,
            "snap_start": [],
            "source_code_hash": "B2W1P+ypjBuakggtG4wXVF+G4aXgoR6V7Z/OZmKCZtU=",
            "source_code_size": 2447,
            "tags": {},
            "tags_all": {},
            "timeout": 10,
            "timeouts": null,
            "tracing_config": [
              {
                "mode": "PassThrough"
              }
            ],
            "version": "$LATEST",
            "vpc_config": [
              {
                "ipv6_allowed_for_dual_stack": false,
                "security_group_ids": [
                  "sg-0bd1fa78c58ba0495"
                ],
                "subnet_ids": [
                  "subnet-09b6e632d01fcb525",
                  "subnet-0db35c13edd7c98e9"
                ],
                "vpc_id": "vpc-00ce2d8f8e6ecb305"
              }
            ]
          },
          "sensitive_attributes": [
            [
              {
                "type": "get_attr",
                "value": "environment"
              },
              {
                "type": "index",
                "value": {
                  "value": 0,
                  "type": "number"
                }
              },
              {
                "type": "get_attr",
                "value": "variables"
              },
              {
                "type": "index",
                "value": {
                  "value": "RDS_PASSWORD",
                  "type": "string"
                }
              }
            ]
          ],
          "identity_schema_version": 0,
          "private": "eyJlMmJmYjczMC1lY2FhLTExZTYtOGY4OC0zNDM2M2JjN2M0YzAiOnsiY3JlYXRlIjo2MDAwMDAwMDAwMDAsImRlbGV0ZSI6NjAwMDAwMDAwMDAwLCJ1cGRhdGUiOjYwMDAwMDAwMDAwMH19",
          "dependencies": [
            "aws_db_instance.default",
            "aws_db_subnet_group.rds_private",
            "aws_iam_role.lambda_role",
            "aws_iam_role_policy_attachment.lambda_rds_auth",
            "aws_lambda_layer_version.rds",
            "aws_lambda_layer_version.user_auth",
            "aws_security_group.lambda_sg",
            "aws_subnet.private_subnet1",
            "aws_subnet.private_subnet2",
            "data.archive_file.lambda_archives",
            "data.archive_file.rds_layer",
            "data.archive_file.user_auth_layer",
            "data.aws_availability_zones.available",
            "data.aws_vpc.default"
          ],
          "create_before_destroy": true
        },
        {
          "index_key": "get_relation_invites",
          "schema_version": 0,
          "attributes": {
            "architectures": [
              "x86_64"
            ],
            "arn": "arn:aws:lambda:us-east-2:857360184083:function:get_relation_invites",
            "code_sha256": "XRIaIp/DcbtU6NSCNOZCTjwUUYYgRGwBMwtkMS9gGyY=",
            "code_signing_config_arn": "",
            "dead_letter_config": [],
            "description": "",
            "environment": [
              {
                "variables": {
                  "ENVIRONMENT": "production",
                  "RDS_DBNAME": "trackme",
                  "RDS_ENDPOINT": "trackmedb.c9goe0ioosh0.us-east-2.rds.amazonaws.com",
                  "RDS_PASSWORD": "Mojito#2025",
                  "RDS_PORT": "5432",
                  "RDS_REGION": "us-east-2",
                  "RDS_USER": "trackme_admin"
                }
              }
            ],
            "ephemeral_storage": [
              {
                "size": 512
              }
            ],
            "file_system_config": [],
            "filename": "./../Server/lambdas/relations/zips/get_relation_invites.zip",
            "function_name": "get_relation_invites",
            "handler": "get_relation_invites.get_relation_invites",
            "id": "get_relation_invites",
            "image_config": [],
            "image_uri": "",
            "invoke_arn": "arn:aws:apigateway:us-east-2:lambda:path/2015-03-31/functions/arn:aws:lambda:us-east-2:857360184083:function:get_relation_invites/invocations",
            "kms_key_arn": "",
            "last_modified": "2025-11-14T02:07:09.000+0000",
            "layers": [
              "arn:aws:lambda:us-east-2:857360184083:layer:rds:156",
              "arn:aws:lambda:us-east-2:857360184083:layer:user_auth:3"
            ],
            "logging_config": [
              {
                "application_log_level": "",
                "log_format": "Text",
                "log_group": "/aws/lambda/get_relation_invites",
                "system_log_level": ""
              }
            ],
            "memory_size": 128,
            "package_type": "Zip",
            "publish": false,
            "qualified_arn": "arn:aws:lambda:us-east-2:857360184083:function:get_relation_invites:$LATEST",
            "qualified_invoke_arn": "arn:aws:apigateway:us-east-2:lambda:path/2015-03-31/functions/arn:aws:lambda:us-east-2:857360184083:function:get_relation_invites:$LATEST/invocations",
            "replace_security_groups_on_destroy": null,
            "replacement_security_group_ids": null,
            "reserved_concurrent_executions": -1,
            "role": "arn:aws:iam::857360184083:role/lambda_role",
            "runtime": "python3.12",
            "s3_bucket": null,
            "s3_key": null,
            "s3_object_version": null,
            "signing_job_arn": "",
            "signing_profile_version_arn": "",
            "skip_destroy": false,
            "snap_start": [],
            "source_code_hash": "XRIaIp/DcbtU6NSCNOZCTjwUUYYgRGwBMwtkMS9gGyY=",
            "source_code_size": 2216,
            "tags": {},
            "tags_all": {},
            "timeout": 10,
            "timeouts": null,
            "tracing_config": [
              {
                "mode": "PassThrough"
              }
            ],
            "version": "$LATEST",
            "vpc_config": [
              {
                "ipv6_allowed_for_dual_stack": false,
                "security_group_ids": [
                  "sg-0bd1fa78c58ba0495"
                ],
                "subnet_ids": [
                  "subnet-09b6e632d01fcb525",
                  "subnet-0db35c13edd7c98e9"
                ],
                "vpc_id": "vpc-00ce2d8f8e6ecb305"
              }
            ]
          },
          "sensitive_attributes": [
            [
              {
                "type": "get_attr",
                "value": "environment"
              },
              {
                "type": "index",
                "value": {
                  "value": 0,
                  "type": "number"
                }
              },
              {
                "type": "get_attr",
                "value": "variables"
              },
              {
                "type": "index",
                "value": {
                  "value": "RDS_PASSWORD",
                  "type": "string"
                }
              }
            ]
          ],
          "identity_schema_version": 0,
          "private": "eyJlMmJmYjczMC1lY2FhLTExZTYtOGY4OC0zNDM2M2JjN2M0YzAiOnsiY3JlYXRlIjo2MDAwMDAwMDAwMDAsImRlbGV0ZSI6NjAwMDAwMDAwMDAwLCJ1cGRhdGUiOjYwMDAwMDAwMDAwMH19",
          "dependencies": [
            "aws_db_instance.default",
            "aws_db_subnet_group.rds_private",
            "aws_iam_role.lambda_role",
            "aws_iam_role_policy_attachment.lambda_rds_auth",
            "aws_lambda_layer_version.rds",
            "aws_lambda_layer_version.user_auth",
            "aws_security_group.lambda_sg",
            "aws_subnet.private_subnet1",
            "aws_subnet.private_subnet2",
            "data.archive_file.lambda_archives",
            "data.archive_file.rds_layer",
            "data.archive_file.user_auth_layer",
            "data.aws_availability_zones.available",
            "data.aws_vpc.default"
          ],
          "create_before_destroy": true
        },
        {
          "index_key": "get_relation_invites_count",
          "schema_version": 0,
          "attributes": {
            "architectures": [
              "x86_64"
            ],
            "arn": "arn:aws:lambda:us-east-2:857360184083:function:get_relation_invites_count",
            "code_sha256": "77kqfdz3IyFkYFBdEr9CtweeJH3pFkgBUK8glxtnshU=",
            "code_signing_config_arn": "",
            "dead_letter_config": [],
            "description": "",
            "environment": [
              {
                "variables": {
                  "ENVIRONMENT": "production",
                  "RDS_DBNAME": "trackme",
                  "RDS_ENDPOINT": "trackmedb.c9goe0ioosh0.us-east-2.rds.amazonaws.com",
                  "RDS_PASSWORD": "Mojito#2025",
                  "RDS_PORT": "5432",
                  "RDS_REGION": "us-east-2",
                  "RDS_USER": "trackme_admin"
                }
              }
            ],
            "ephemeral_storage": [
              {
                "size": 512
              }
            ],
            "file_system_config": [],
            "filename": "./../Server/lambdas/relations/zips/get_relation_invites_count.zip",
            "function_name": "get_relation_invites_count",
            "handler": "get_relation_invites_count.get_relation_invites_count",
            "id": "get_relation_invites_count",
            "image_config": [],
            "image_uri": "",
            "invoke_arn": "arn:aws:apigateway:us-east-2:lambda:path/2015-03-31/functions/arn:aws:lambda:us-east-2:857360184083:function:get_relation_invites_count/invocations",
            "kms_key_arn": "",
            "last_modified": "2025-11-14T02:07:09.000+0000",
            "layers": [
              "arn:aws:lambda:us-east-2:857360184083:layer:rds:156",
              "arn:aws:lambda:us-east-2:857360184083:layer:user_auth:3"
            ],
            "logging_config": [
              {
                "application_log_level": "",
                "log_format": "Text",
                "log_group": "/aws/lambda/get_relation_invites_count",
                "system_log_level": ""
              }
            ],
            "memory_size": 128,
            "package_type": "Zip",
            "publish": false,
            "qualified_arn": "arn:aws:lambda:us-east-2:857360184083:function:get_relation_invites_count:$LATEST",
            "qualified_invoke_arn": "arn:aws:apigateway:us-east-2:lambda:path/2015-03-31/functions/arn:aws:lambda:us-east-2:857360184083:function:get_relation_invites_count:$LATEST/invocations",
            "replace_security_groups_on_destroy": null,
            "replacement_security_group_ids": null,
            "reserved_concurrent_executions": -1,
            "role": "arn:aws:iam::857360184083:role/lambda_role",
            "runtime": "python3.12",
            "s3_bucket": null,
            "s3_key": null,
            "s3_object_version": null,
            "signing_job_arn": "",
            "signing_profile_version_arn": "",
            "skip_destroy": false,
            "snap_start": [],
            "source_code_hash": "77kqfdz3IyFkYFBdEr9CtweeJH3pFkgBUK8glxtnshU=",
            "source_code_size": 3216,
            "tags": {},
            "tags_all": {},
            "timeout": 10,
            "timeouts": null,
            "tracing_config": [
              {
                "mode": "PassThrough"
              }
            ],
            "version": "$LATEST",
            "vpc_config": [
              {
                "ipv6_allowed_for_dual_stack": false,
                "security_group_ids": [
                  "sg-0bd1fa78c58ba0495"
                ],
                "subnet_ids": [
                  "subnet-09b6e632d01fcb525",
                  "subnet-0db35c13edd7c98e9"
                ],
                "vpc_id": "vpc-00ce2d8f8e6ecb305"
              }
            ]
          },
          "sensitive_attributes": [
            [
              {
                "type": "get_attr",
                "value": "environment"
              },
              {
                "type": "index",
                "value": {
                  "value": 0,
                  "type": "number"
                }
              },
              {
                "type": "get_attr",
                "value": "variables"
              },
              {
                "type": "index",
                "value": {
                  "value": "RDS_PASSWORD",
                  "type": "string"
                }
              }
            ]
          ],
          "identity_schema_version": 0,
          "private": "eyJlMmJmYjczMC1lY2FhLTExZTYtOGY4OC0zNDM2M2JjN2M0YzAiOnsiY3JlYXRlIjo2MDAwMDAwMDAwMDAsImRlbGV0ZSI6NjAwMDAwMDAwMDAwLCJ1cGRhdGUiOjYwMDAwMDAwMDAwMH19",
          "dependencies": [
            "aws_db_instance.default",
            "aws_db_subnet_group.rds_private",
            "aws_iam_role.lambda_role",
            "aws_iam_role_policy_attachment.lambda_rds_auth",
            "aws_lambda_layer_version.rds",
            "aws_lambda_layer_version.user_auth",
            "aws_security_group.lambda_sg",
            "aws_subnet.private_subnet1",
            "aws_subnet.private_subnet2",
            "data.archive_file.lambda_archives",
            "data.archive_file.rds_layer",
            "data.archive_file.user_auth_layer",
            "data.aws_availability_zones.available",
            "data.aws_vpc.default"
          ],
          "create_before_destroy": true
        },
        {
          "index_key": "get_user",
          "schema_version": 0,
          "attributes": {
            "architectures": [
              "x86_64"
            ],
            "arn": "arn:aws:lambda:us-east-2:857360184083:function:get_user",
            "code_sha256": "LFPhTVLQbsbAk3bALIgAyAR4EJRpt8ns9yXDqD62a2g=",
            "code_signing_config_arn": "",
            "dead_letter_config": [],
            "description": "",
            "environment": [
              {
                "variables": {
                  "ENVIRONMENT": "production",
                  "RDS_DBNAME": "trackme",
                  "RDS_ENDPOINT": "trackmedb.c9goe0ioosh0.us-east-2.rds.amazonaws.com",
                  "RDS_PASSWORD": "Mojito#2025",
                  "RDS_PORT": "5432",
                  "RDS_REGION": "us-east-2",
                  "RDS_USER": "trackme_admin"
                }
              }
            ],
            "ephemeral_storage": [
              {
                "size": 512
              }
            ],
            "file_system_config": [],
            "filename": "./../Server/lambdas/general/zips/get_user.zip",
            "function_name": "get_user",
            "handler": "get_user.get_user",
            "id": "get_user",
            "image_config": [],
            "image_uri": "",
            "invoke_arn": "arn:aws:apigateway:us-east-2:lambda:path/2015-03-31/functions/arn:aws:lambda:us-east-2:857360184083:function:get_user/invocations",
            "kms_key_arn": "",
            "last_modified": "2025-11-14T02:07:09.000+0000",
            "layers": [
              "arn:aws:lambda:us-east-2:857360184083:layer:rds:156",
              "arn:aws:lambda:us-east-2:857360184083:layer:user_auth:3"
            ],
            "logging_config": [
              {
                "application_log_level": "",
                "log_format": "Text",
                "log_group": "/aws/lambda/get_user",
                "system_log_level": ""
              }
            ],
            "memory_size": 128,
            "package_type": "Zip",
            "publish": false,
            "qualified_arn": "arn:aws:lambda:us-east-2:857360184083:function:get_user:$LATEST",
            "qualified_invoke_arn": "arn:aws:apigateway:us-east-2:lambda:path/2015-03-31/functions/arn:aws:lambda:us-east-2:857360184083:function:get_user:$LATEST/invocations",
            "replace_security_groups_on_destroy": null,
            "replacement_security_group_ids": null,
            "reserved_concurrent_executions": -1,
            "role": "arn:aws:iam::857360184083:role/lambda_role",
            "runtime": "python3.12",
            "s3_bucket": null,
            "s3_key": null,
            "s3_object_version": null,
            "signing_job_arn": "",
            "signing_profile_version_arn": "",
            "skip_destroy": false,
            "snap_start": [],
            "source_code_hash": "LFPhTVLQbsbAk3bALIgAyAR4EJRpt8ns9yXDqD62a2g=",
            "source_code_size": 2128,
            "tags": {},
            "tags_all": {},
            "timeout": 10,
            "timeouts": null,
            "tracing_config": [
              {
                "mode": "PassThrough"
              }
            ],
            "version": "$LATEST",
            "vpc_config": [
              {
                "ipv6_allowed_for_dual_stack": false,
                "security_group_ids": [
                  "sg-0bd1fa78c58ba0495"
                ],
                "subnet_ids": [
                  "subnet-09b6e632d01fcb525",
                  "subnet-0db35c13edd7c98e9"
                ],
                "vpc_id": "vpc-00ce2d8f8e6ecb305"
              }
            ]
          },
          "sensitive_attributes": [
            [
              {
                "type": "get_attr",
                "value": "environment"
              },
              {
                "type": "index",
                "value": {
                  "value": 0,
                  "type": "number"
                }
              },
              {
                "type": "get_attr",
                "value": "variables"
              },
              {
                "type": "index",
                "value": {
                  "value": "RDS_PASSWORD",
                  "type": "string"
                }
              }
            ]
          ],
          "identity_schema_version": 0,
          "private": "eyJlMmJmYjczMC1lY2FhLTExZTYtOGY4OC0zNDM2M2JjN2M0YzAiOnsiY3JlYXRlIjo2MDAwMDAwMDAwMDAsImRlbGV0ZSI6NjAwMDAwMDAwMDAwLCJ1cGRhdGUiOjYwMDAwMDAwMDAwMH19",
          "dependencies": [
            "aws_db_instance.default",
            "aws_db_subnet_group.rds_private",
            "aws_iam_role.lambda_role",
            "aws_iam_role_policy_attachment.lambda_rds_auth",
            "aws_lambda_layer_version.rds",
            "aws_lambda_layer_version.user_auth",
            "aws_security_group.lambda_sg",
            "aws_subnet.private_subnet1",
            "aws_subnet.private_subnet2",
            "data.archive_file.lambda_archives",
            "data.archive_file.rds_layer",
            "data.archive_file.user_auth_layer",
            "data.aws_availability_zones.available",
            "data.aws_vpc.default"
          ],
          "create_before_destroy": true
        },
        {
          "index_key": "get_work_rest_ratio",
          "schema_version": 0,
          "attributes": {
            "architectures": [
              "x86_64"
            ],
            "arn": "arn:aws:lambda:us-east-2:857360184083:function:get_work_rest_ratio",
            "code_sha256": "09V2tnRe3fWsA7e7jbtYhqFHo4GLFKi70EErJbcKvo4=",
            "code_signing_config_arn": "",
            "dead_letter_config": [],
            "description": "",
            "environment": [
              {
                "variables": {
                  "ENVIRONMENT": "production",
                  "RDS_DBNAME": "trackme",
                  "RDS_ENDPOINT": "trackmedb.c9goe0ioosh0.us-east-2.rds.amazonaws.com",
                  "RDS_PASSWORD": "Mojito#2025",
                  "RDS_PORT": "5432",
                  "RDS_REGION": "us-east-2",
                  "RDS_USER": "trackme_admin"
                }
              }
            ],
            "ephemeral_storage": [
              {
                "size": 512
              }
            ],
            "file_system_config": [],
            "filename": "./../Server/lambdas/graph/zips/get_work_rest_ratio.zip",
            "function_name": "get_work_rest_ratio",
            "handler": "get_work_rest_ratio.get_work_rest_ratio",
            "id": "get_work_rest_ratio",
            "image_config": [],
            "image_uri": "",
            "invoke_arn": "arn:aws:apigateway:us-east-2:lambda:path/2015-03-31/functions/arn:aws:lambda:us-east-2:857360184083:function:get_work_rest_ratio/invocations",
            "kms_key_arn": "",
            "last_modified": "2025-11-14T02:07:09.000+0000",
            "layers": [
              "arn:aws:lambda:us-east-2:857360184083:layer:rds:156",
              "arn:aws:lambda:us-east-2:857360184083:layer:user_auth:3"
            ],
            "logging_config": [
              {
                "application_log_level": "",
                "log_format": "Text",
                "log_group": "/aws/lambda/get_work_rest_ratio",
                "system_log_level": ""
              }
            ],
            "memory_size": 128,
            "package_type": "Zip",
            "publish": false,
            "qualified_arn": "arn:aws:lambda:us-east-2:857360184083:function:get_work_rest_ratio:$LATEST",
            "qualified_invoke_arn": "arn:aws:apigateway:us-east-2:lambda:path/2015-03-31/functions/arn:aws:lambda:us-east-2:857360184083:function:get_work_rest_ratio:$LATEST/invocations",
            "replace_security_groups_on_destroy": null,
            "replacement_security_group_ids": null,
            "reserved_concurrent_executions": -1,
            "role": "arn:aws:iam::857360184083:role/lambda_role",
            "runtime": "python3.12",
            "s3_bucket": null,
            "s3_key": null,
            "s3_object_version": null,
            "signing_job_arn": "",
            "signing_profile_version_arn": "",
            "skip_destroy": false,
            "snap_start": [],
            "source_code_hash": "09V2tnRe3fWsA7e7jbtYhqFHo4GLFKi70EErJbcKvo4=",
            "source_code_size": 3623,
            "tags": {},
            "tags_all": {},
            "timeout": 10,
            "timeouts": null,
            "tracing_config": [
              {
                "mode": "PassThrough"
              }
            ],
            "version": "$LATEST",
            "vpc_config": [
              {
                "ipv6_allowed_for_dual_stack": false,
                "security_group_ids": [
                  "sg-0bd1fa78c58ba0495"
                ],
                "subnet_ids": [
                  "subnet-09b6e632d01fcb525",
                  "subnet-0db35c13edd7c98e9"
                ],
                "vpc_id": "vpc-00ce2d8f8e6ecb305"
              }
            ]
          },
          "sensitive_attributes": [
            [
              {
                "type": "get_attr",
                "value": "environment"
              },
              {
                "type": "index",
                "value": {
                  "value": 0,
                  "type": "number"
                }
              },
              {
                "type": "get_attr",
                "value": "variables"
              },
              {
                "type": "index",
                "value": {
                  "value": "RDS_PASSWORD",
                  "type": "string"
                }
              }
            ]
          ],
          "identity_schema_version": 0,
          "private": "eyJlMmJmYjczMC1lY2FhLTExZTYtOGY4OC0zNDM2M2JjN2M0YzAiOnsiY3JlYXRlIjo2MDAwMDAwMDAwMDAsImRlbGV0ZSI6NjAwMDAwMDAwMDAwLCJ1cGRhdGUiOjYwMDAwMDAwMDAwMH19",
          "dependencies": [
            "aws_db_instance.default",
            "aws_db_subnet_group.rds_private",
            "aws_iam_role.lambda_role",
            "aws_iam_role_policy_attachment.lambda_rds_auth",
            "aws_lambda_layer_version.rds",
            "aws_lambda_layer_version.user_auth",
            "aws_security_group.lambda_sg",
            "aws_subnet.private_subnet1",
            "aws_subnet.private_subnet2",
            "data.archive_file.lambda_archives",
            "data.archive_file.rds_layer",
            "data.archive_file.user_auth_layer",
            "data.aws_availability_zones.available",
            "data.aws_vpc.default"
          ],
          "create_before_destroy": true
        },
        {
          "index_key": "input_times",
          "schema_version": 0,
          "attributes": {
            "architectures": [
              "x86_64"
            ],
            "arn": "arn:aws:lambda:us-east-2:857360184083:function:input_times",
            "code_sha256": "tL56tcKm2zZzx/Mg+UC0VkRFK2hhjVSXxYLki+GMmCs=",
            "code_signing_config_arn": "",
            "dead_letter_config": [],
            "description": "",
            "environment": [
              {
                "variables": {
                  "ENVIRONMENT": "production",
                  "RDS_DBNAME": "trackme",
                  "RDS_ENDPOINT": "trackmedb.c9goe0ioosh0.us-east-2.rds.amazonaws.com",
                  "RDS_PASSWORD": "Mojito#2025",
                  "RDS_PORT": "5432",
                  "RDS_REGION": "us-east-2",
                  "RDS_USER": "trackme_admin"
                }
              }
            ],
            "ephemeral_storage": [
              {
                "size": 512
              }
            ],
            "file_system_config": [],
            "filename": "./../Server/lambdas/athlete/zips/input_times.zip",
            "function_name": "input_times",
            "handler": "input_times.input_times",
            "id": "input_times",
            "image_config": [],
            "image_uri": "",
            "invoke_arn": "arn:aws:apigateway:us-east-2:lambda:path/2015-03-31/functions/arn:aws:lambda:us-east-2:857360184083:function:input_times/invocations",
            "kms_key_arn": "",
            "last_modified": "2025-11-14T02:07:09.000+0000",
            "layers": [
              "arn:aws:lambda:us-east-2:857360184083:layer:rds:156",
              "arn:aws:lambda:us-east-2:857360184083:layer:user_auth:3"
            ],
            "logging_config": [
              {
                "application_log_level": "",
                "log_format": "Text",
                "log_group": "/aws/lambda/input_times",
                "system_log_level": ""
              }
            ],
            "memory_size": 128,
            "package_type": "Zip",
            "publish": false,
            "qualified_arn": "arn:aws:lambda:us-east-2:857360184083:function:input_times:$LATEST",
            "qualified_invoke_arn": "arn:aws:apigateway:us-east-2:lambda:path/2015-03-31/functions/arn:aws:lambda:us-east-2:857360184083:function:input_times:$LATEST/invocations",
            "replace_security_groups_on_destroy": null,
            "replacement_security_group_ids": null,
            "reserved_concurrent_executions": -1,
            "role": "arn:aws:iam::857360184083:role/lambda_role",
            "runtime": "python3.12",
            "s3_bucket": null,
            "s3_key": null,
            "s3_object_version": null,
            "signing_job_arn": "",
            "signing_profile_version_arn": "",
            "skip_destroy": false,
            "snap_start": [],
            "source_code_hash": "tL56tcKm2zZzx/Mg+UC0VkRFK2hhjVSXxYLki+GMmCs=",
            "source_code_size": 4051,
            "tags": {},
            "tags_all": {},
            "timeout": 10,
            "timeouts": null,
            "tracing_config": [
              {
                "mode": "PassThrough"
              }
            ],
            "version": "$LATEST",
            "vpc_config": [
              {
                "ipv6_allowed_for_dual_stack": false,
                "security_group_ids": [
                  "sg-0bd1fa78c58ba0495"
                ],
                "subnet_ids": [
                  "subnet-09b6e632d01fcb525",
                  "subnet-0db35c13edd7c98e9"
                ],
                "vpc_id": "vpc-00ce2d8f8e6ecb305"
              }
            ]
          },
          "sensitive_attributes": [
            [
              {
                "type": "get_attr",
                "value": "environment"
              },
              {
                "type": "index",
                "value": {
                  "value": 0,
                  "type": "number"
                }
              },
              {
                "type": "get_attr",
                "value": "variables"
              },
              {
                "type": "index",
                "value": {
                  "value": "RDS_PASSWORD",
                  "type": "string"
                }
              }
            ]
          ],
          "identity_schema_version": 0,
          "private": "eyJlMmJmYjczMC1lY2FhLTExZTYtOGY4OC0zNDM2M2JjN2M0YzAiOnsiY3JlYXRlIjo2MDAwMDAwMDAwMDAsImRlbGV0ZSI6NjAwMDAwMDAwMDAwLCJ1cGRhdGUiOjYwMDAwMDAwMDAwMH19",
          "dependencies": [
            "aws_db_instance.default",
            "aws_db_subnet_group.rds_private",
            "aws_iam_role.lambda_role",
            "aws_iam_role_policy_attachment.lambda_rds_auth",
            "aws_lambda_layer_version.rds",
            "aws_lambda_layer_version.user_auth",
            "aws_security_group.lambda_sg",
            "aws_subnet.private_subnet1",
            "aws_subnet.private_subnet2",
            "data.archive_file.lambda_archives",
            "data.archive_file.rds_layer",
            "data.archive_file.user_auth_layer",
            "data.aws_availability_zones.available",
            "data.aws_vpc.default"
          ],
          "create_before_destroy": true
        },
        {
          "index_key": "mass_input",
          "schema_version": 0,
          "attributes": {
            "architectures": [
              "x86_64"
            ],
            "arn": "arn:aws:lambda:us-east-2:857360184083:function:mass_input",
            "code_sha256": "JVhx0AhSuv2mauT6pPxO/BQdl0WiOcUNp75qSFgrTSY=",
            "code_signing_config_arn": "",
            "dead_letter_config": [],
            "description": "",
            "environment": [
              {
                "variables": {
                  "ENVIRONMENT": "production",
                  "RDS_DBNAME": "trackme",
                  "RDS_ENDPOINT": "trackmedb.c9goe0ioosh0.us-east-2.rds.amazonaws.com",
                  "RDS_PASSWORD": "Mojito#2025",
                  "RDS_PORT": "5432",
                  "RDS_REGION": "us-east-2",
                  "RDS_USER": "trackme_admin"
                }
              }
            ],
            "ephemeral_storage": [
              {
                "size": 512
              }
            ],
            "file_system_config": [],
            "filename": "./../Server/lambdas/general/zips/mass_input.zip",
            "function_name": "mass_input",
            "handler": "mass_input.mass_input",
            "id": "mass_input",
            "image_config": [],
            "image_uri": "",
            "invoke_arn": "arn:aws:apigateway:us-east-2:lambda:path/2015-03-31/functions/arn:aws:lambda:us-east-2:857360184083:function:mass_input/invocations",
            "kms_key_arn": "",
            "last_modified": "2025-11-14T02:07:03.000+0000",
            "layers": [
              "arn:aws:lambda:us-east-2:857360184083:layer:rds:156",
              "arn:aws:lambda:us-east-2:857360184083:layer:user_auth:3"
            ],
            "logging_config": [
              {
                "application_log_level": "",
                "log_format": "Text",
                "log_group": "/aws/lambda/mass_input",
                "system_log_level": ""
              }
            ],
            "memory_size": 128,
            "package_type": "Zip",
            "publish": false,
            "qualified_arn": "arn:aws:lambda:us-east-2:857360184083:function:mass_input:$LATEST",
            "qualified_invoke_arn": "arn:aws:apigateway:us-east-2:lambda:path/2015-03-31/functions/arn:aws:lambda:us-east-2:857360184083:function:mass_input:$LATEST/invocations",
            "replace_security_groups_on_destroy": null,
            "replacement_security_group_ids": null,
            "reserved_concurrent_executions": -1,
            "role": "arn:aws:iam::857360184083:role/lambda_role",
            "runtime": "python3.12",
            "s3_bucket": null,
            "s3_key": null,
            "s3_object_version": null,
            "signing_job_arn": "",
            "signing_profile_version_arn": "",
            "skip_destroy": false,
            "snap_start": [],
            "source_code_hash": "JVhx0AhSuv2mauT6pPxO/BQdl0WiOcUNp75qSFgrTSY=",
            "source_code_size": 3067,
            "tags": {},
            "tags_all": {},
            "timeout": 10,
            "timeouts": null,
            "tracing_config": [
              {
                "mode": "PassThrough"
              }
            ],
            "version": "$LATEST",
            "vpc_config": [
              {
                "ipv6_allowed_for_dual_stack": false,
                "security_group_ids": [
                  "sg-0bd1fa78c58ba0495"
                ],
                "subnet_ids": [
                  "subnet-09b6e632d01fcb525",
                  "subnet-0db35c13edd7c98e9"
                ],
                "vpc_id": "vpc-00ce2d8f8e6ecb305"
              }
            ]
          },
          "sensitive_attributes": [
            [
              {
                "type": "get_attr",
                "value": "environment"
              },
              {
                "type": "index",
                "value": {
                  "value": 0,
                  "type": "number"
                }
              },
              {
                "type": "get_attr",
                "value": "variables"
              },
              {
                "type": "index",
                "value": {
                  "value": "RDS_PASSWORD",
                  "type": "string"
                }
              }
            ]
          ],
          "identity_schema_version": 0,
          "private": "eyJlMmJmYjczMC1lY2FhLTExZTYtOGY4OC0zNDM2M2JjN2M0YzAiOnsiY3JlYXRlIjo2MDAwMDAwMDAwMDAsImRlbGV0ZSI6NjAwMDAwMDAwMDAwLCJ1cGRhdGUiOjYwMDAwMDAwMDAwMH19",
          "dependencies": [
            "aws_db_instance.default",
            "aws_db_subnet_group.rds_private",
            "aws_iam_role.lambda_role",
            "aws_iam_role_policy_attachment.lambda_rds_auth",
            "aws_lambda_layer_version.rds",
            "aws_lambda_layer_version.user_auth",
            "aws_security_group.lambda_sg",
            "aws_subnet.private_subnet1",
            "aws_subnet.private_subnet2",
            "data.archive_file.lambda_archives",
            "data.archive_file.rds_layer",
            "data.archive_file.user_auth_layer",
            "data.aws_availability_zones.available",
            "data.aws_vpc.default"
          ],
          "create_before_destroy": true
        },
        {
          "index_key": "remove_inputs",
          "schema_version": 0,
          "attributes": {
            "architectures": [
              "x86_64"
            ],
            "arn": "arn:aws:lambda:us-east-2:857360184083:function:remove_inputs",
            "code_sha256": "eA/8CKcofTN1qQOMk0O3RD6LmGoxzZfCfKIo6oOvry8=",
            "code_signing_config_arn": "",
            "dead_letter_config": [],
            "description": "",
            "environment": [
              {
                "variables": {
                  "ENVIRONMENT": "production",
                  "RDS_DBNAME": "trackme",
                  "RDS_ENDPOINT": "trackmedb.c9goe0ioosh0.us-east-2.rds.amazonaws.com",
                  "RDS_PASSWORD": "Mojito#2025",
                  "RDS_PORT": "5432",
                  "RDS_REGION": "us-east-2",
                  "RDS_USER": "trackme_admin"
                }
              }
            ],
            "ephemeral_storage": [
              {
                "size": 512
              }
            ],
            "file_system_config": [],
            "filename": "./../Server/lambdas/athlete/zips/remove_inputs.zip",
            "function_name": "remove_inputs",
            "handler": "remove_inputs.remove_inputs",
            "id": "remove_inputs",
            "image_config": [],
            "image_uri": "",
            "invoke_arn": "arn:aws:apigateway:us-east-2:lambda:path/2015-03-31/functions/arn:aws:lambda:us-east-2:857360184083:function:remove_inputs/invocations",
            "kms_key_arn": "",
            "last_modified": "2025-11-14T02:07:03.000+0000",
            "layers": [
              "arn:aws:lambda:us-east-2:857360184083:layer:rds:156",
              "arn:aws:lambda:us-east-2:857360184083:layer:user_auth:3"
            ],
            "logging_config": [
              {
                "application_log_level": "",
                "log_format": "Text",
                "log_group": "/aws/lambda/remove_inputs",
                "system_log_level": ""
              }
            ],
            "memory_size": 128,
            "package_type": "Zip",
            "publish": false,
            "qualified_arn": "arn:aws:lambda:us-east-2:857360184083:function:remove_inputs:$LATEST",
            "qualified_invoke_arn": "arn:aws:apigateway:us-east-2:lambda:path/2015-03-31/functions/arn:aws:lambda:us-east-2:857360184083:function:remove_inputs:$LATEST/invocations",
            "replace_security_groups_on_destroy": null,
            "replacement_security_group_ids": null,
            "reserved_concurrent_executions": -1,
            "role": "arn:aws:iam::857360184083:role/lambda_role",
            "runtime": "python3.12",
            "s3_bucket": null,
            "s3_key": null,
            "s3_object_version": null,
            "signing_job_arn": "",
            "signing_profile_version_arn": "",
            "skip_destroy": false,
            "snap_start": [],
            "source_code_hash": "eA/8CKcofTN1qQOMk0O3RD6LmGoxzZfCfKIo6oOvry8=",
            "source_code_size": 2482,
            "tags": {},
            "tags_all": {},
            "timeout": 10,
            "timeouts": null,
            "tracing_config": [
              {
                "mode": "PassThrough"
              }
            ],
            "version": "$LATEST",
            "vpc_config": [
              {
                "ipv6_allowed_for_dual_stack": false,
                "security_group_ids": [
                  "sg-0bd1fa78c58ba0495"
                ],
                "subnet_ids": [
                  "subnet-09b6e632d01fcb525",
                  "subnet-0db35c13edd7c98e9"
                ],
                "vpc_id": "vpc-00ce2d8f8e6ecb305"
              }
            ]
          },
          "sensitive_attributes": [
            [
              {
                "type": "get_attr",
                "value": "environment"
              },
              {
                "type": "index",
                "value": {
                  "value": 0,
                  "type": "number"
                }
              },
              {
                "type": "get_attr",
                "value": "variables"
              },
              {
                "type": "index",
                "value": {
                  "value": "RDS_PASSWORD",
                  "type": "string"
                }
              }
            ]
          ],
          "identity_schema_version": 0,
          "private": "eyJlMmJmYjczMC1lY2FhLTExZTYtOGY4OC0zNDM2M2JjN2M0YzAiOnsiY3JlYXRlIjo2MDAwMDAwMDAwMDAsImRlbGV0ZSI6NjAwMDAwMDAwMDAwLCJ1cGRhdGUiOjYwMDAwMDAwMDAwMH19",
          "dependencies": [
            "aws_db_instance.default",
            "aws_db_subnet_group.rds_private",
            "aws_iam_role.lambda_role",
            "aws_iam_role_policy_attachment.lambda_rds_auth",
            "aws_lambda_layer_version.rds",
            "aws_lambda_layer_version.user_auth",
            "aws_security_group.lambda_sg",
            "aws_subnet.private_subnet1",
            "aws_subnet.private_subnet2",
            "data.archive_file.lambda_archives",
            "data.archive_file.rds_layer",
            "data.archive_file.user_auth_layer",
            "data.aws_availability_zones.available",
            "data.aws_vpc.default"
          ],
          "create_before_destroy": true
        },
        {
          "index_key": "remove_user_relation",
          "schema_version": 0,
          "attributes": {
            "architectures": [
              "x86_64"
            ],
            "arn": "arn:aws:lambda:us-east-2:857360184083:function:remove_user_relation",
            "code_sha256": "3Qa8HXKBq2S39qf9ZXOA/nsltIVf9yyfAxyuSjyczw8=",
            "code_signing_config_arn": "",
            "dead_letter_config": [],
            "description": "",
            "environment": [
              {
                "variables": {
                  "ENVIRONMENT": "production",
                  "RDS_DBNAME": "trackme",
                  "RDS_ENDPOINT": "trackmedb.c9goe0ioosh0.us-east-2.rds.amazonaws.com",
                  "RDS_PASSWORD": "Mojito#2025",
                  "RDS_PORT": "5432",
                  "RDS_REGION": "us-east-2",
                  "RDS_USER": "trackme_admin"
                }
              }
            ],
            "ephemeral_storage": [
              {
                "size": 512
              }
            ],
            "file_system_config": [],
            "filename": "./../Server/lambdas/relations/zips/remove_user_relation.zip",
            "function_name": "remove_user_relation",
            "handler": "remove_user_relation.remove_user_relation",
            "id": "remove_user_relation",
            "image_config": [],
            "image_uri": "",
            "invoke_arn": "arn:aws:apigateway:us-east-2:lambda:path/2015-03-31/functions/arn:aws:lambda:us-east-2:857360184083:function:remove_user_relation/invocations",
            "kms_key_arn": "",
            "last_modified": "2025-11-14T02:07:09.000+0000",
            "layers": [
              "arn:aws:lambda:us-east-2:857360184083:layer:rds:156",
              "arn:aws:lambda:us-east-2:857360184083:layer:user_auth:3"
            ],
            "logging_config": [
              {
                "application_log_level": "",
                "log_format": "Text",
                "log_group": "/aws/lambda/remove_user_relation",
                "system_log_level": ""
              }
            ],
            "memory_size": 128,
            "package_type": "Zip",
            "publish": false,
            "qualified_arn": "arn:aws:lambda:us-east-2:857360184083:function:remove_user_relation:$LATEST",
            "qualified_invoke_arn": "arn:aws:apigateway:us-east-2:lambda:path/2015-03-31/functions/arn:aws:lambda:us-east-2:857360184083:function:remove_user_relation:$LATEST/invocations",
            "replace_security_groups_on_destroy": null,
            "replacement_security_group_ids": null,
            "reserved_concurrent_executions": -1,
            "role": "arn:aws:iam::857360184083:role/lambda_role",
            "runtime": "python3.12",
            "s3_bucket": null,
            "s3_key": null,
            "s3_object_version": null,
            "signing_job_arn": "",
            "signing_profile_version_arn": "",
            "skip_destroy": false,
            "snap_start": [],
            "source_code_hash": "3Qa8HXKBq2S39qf9ZXOA/nsltIVf9yyfAxyuSjyczw8=",
            "source_code_size": 2454,
            "tags": {},
            "tags_all": {},
            "timeout": 10,
            "timeouts": null,
            "tracing_config": [
              {
                "mode": "PassThrough"
              }
            ],
            "version": "$LATEST",
            "vpc_config": [
              {
                "ipv6_allowed_for_dual_stack": false,
                "security_group_ids": [
                  "sg-0bd1fa78c58ba0495"
                ],
                "subnet_ids": [
                  "subnet-09b6e632d01fcb525",
                  "subnet-0db35c13edd7c98e9"
                ],
                "vpc_id": "vpc-00ce2d8f8e6ecb305"
              }
            ]
          },
          "sensitive_attributes": [
            [
              {
                "type": "get_attr",
                "value": "environment"
              },
              {
                "type": "index",
                "value": {
                  "value": 0,
                  "type": "number"
                }
              },
              {
                "type": "get_attr",
                "value": "variables"
              },
              {
                "type": "index",
                "value": {
                  "value": "RDS_PASSWORD",
                  "type": "string"
                }
              }
            ]
          ],
          "identity_schema_version": 0,
          "private": "eyJlMmJmYjczMC1lY2FhLTExZTYtOGY4OC0zNDM2M2JjN2M0YzAiOnsiY3JlYXRlIjo2MDAwMDAwMDAwMDAsImRlbGV0ZSI6NjAwMDAwMDAwMDAwLCJ1cGRhdGUiOjYwMDAwMDAwMDAwMH19",
          "dependencies": [
            "aws_db_instance.default",
            "aws_db_subnet_group.rds_private",
            "aws_iam_role.lambda_role",
            "aws_iam_role_policy_attachment.lambda_rds_auth",
            "aws_lambda_layer_version.rds",
            "aws_lambda_layer_version.user_auth",
            "aws_security_group.lambda_sg",
            "aws_subnet.private_subnet1",
            "aws_subnet.private_subnet2",
            "data.archive_file.lambda_archives",
            "data.archive_file.rds_layer",
            "data.archive_file.user_auth_layer",
            "data.aws_availability_zones.available",
            "data.aws_vpc.default"
          ],
          "create_before_destroy": true
        },
        {
          "index_key": "search_user_relation",
          "schema_version": 0,
          "attributes": {
            "architectures": [
              "x86_64"
            ],
            "arn": "arn:aws:lambda:us-east-2:857360184083:function:search_user_relation",
            "code_sha256": "IuaXcGoCQw46doToC1qBSXWe0mcfQabuv0kjD95pdBA=",
            "code_signing_config_arn": "",
            "dead_letter_config": [],
            "description": "",
            "environment": [
              {
                "variables": {
                  "ENVIRONMENT": "production",
                  "RDS_DBNAME": "trackme",
                  "RDS_ENDPOINT": "trackmedb.c9goe0ioosh0.us-east-2.rds.amazonaws.com",
                  "RDS_PASSWORD": "Mojito#2025",
                  "RDS_PORT": "5432",
                  "RDS_REGION": "us-east-2",
                  "RDS_USER": "trackme_admin"
                }
              }
            ],
            "ephemeral_storage": [
              {
                "size": 512
              }
            ],
            "file_system_config": [],
            "filename": "./../Server/lambdas/relations/zips/search_user_relation.zip",
            "function_name": "search_user_relation",
            "handler": "search_user_relation.search_user_relation",
            "id": "search_user_relation",
            "image_config": [],
            "image_uri": "",
            "invoke_arn": "arn:aws:apigateway:us-east-2:lambda:path/2015-03-31/functions/arn:aws:lambda:us-east-2:857360184083:function:search_user_relation/invocations",
            "kms_key_arn": "",
            "last_modified": "2025-11-14T02:07:03.000+0000",
            "layers": [
              "arn:aws:lambda:us-east-2:857360184083:layer:rds:156",
              "arn:aws:lambda:us-east-2:857360184083:layer:user_auth:3"
            ],
            "logging_config": [
              {
                "application_log_level": "",
                "log_format": "Text",
                "log_group": "/aws/lambda/search_user_relation",
                "system_log_level": ""
              }
            ],
            "memory_size": 128,
            "package_type": "Zip",
            "publish": false,
            "qualified_arn": "arn:aws:lambda:us-east-2:857360184083:function:search_user_relation:$LATEST",
            "qualified_invoke_arn": "arn:aws:apigateway:us-east-2:lambda:path/2015-03-31/functions/arn:aws:lambda:us-east-2:857360184083:function:search_user_relation:$LATEST/invocations",
            "replace_security_groups_on_destroy": null,
            "replacement_security_group_ids": null,
            "reserved_concurrent_executions": -1,
            "role": "arn:aws:iam::857360184083:role/lambda_role",
            "runtime": "python3.12",
            "s3_bucket": null,
            "s3_key": null,
            "s3_object_version": null,
            "signing_job_arn": "",
            "signing_profile_version_arn": "",
            "skip_destroy": false,
            "snap_start": [],
            "source_code_hash": "IuaXcGoCQw46doToC1qBSXWe0mcfQabuv0kjD95pdBA=",
            "source_code_size": 2963,
            "tags": {},
            "tags_all": {},
            "timeout": 10,
            "timeouts": null,
            "tracing_config": [
              {
                "mode": "PassThrough"
              }
            ],
            "version": "$LATEST",
            "vpc_config": [
              {
                "ipv6_allowed_for_dual_stack": false,
                "security_group_ids": [
                  "sg-0bd1fa78c58ba0495"
                ],
                "subnet_ids": [
                  "subnet-09b6e632d01fcb525",
                  "subnet-0db35c13edd7c98e9"
                ],
                "vpc_id": "vpc-00ce2d8f8e6ecb305"
              }
            ]
          },
          "sensitive_attributes": [
            [
              {
                "type": "get_attr",
                "value": "environment"
              },
              {
                "type": "index",
                "value": {
                  "value": 0,
                  "type": "number"
                }
              },
              {
                "type": "get_attr",
                "value": "variables"
              },
              {
                "type": "index",
                "value": {
                  "value": "RDS_PASSWORD",
                  "type": "string"
                }
              }
            ]
          ],
          "identity_schema_version": 0,
          "private": "eyJlMmJmYjczMC1lY2FhLTExZTYtOGY4OC0zNDM2M2JjN2M0YzAiOnsiY3JlYXRlIjo2MDAwMDAwMDAwMDAsImRlbGV0ZSI6NjAwMDAwMDAwMDAwLCJ1cGRhdGUiOjYwMDAwMDAwMDAwMH19",
          "dependencies": [
            "aws_db_instance.default",
            "aws_db_subnet_group.rds_private",
            "aws_iam_role.lambda_role",
            "aws_iam_role_policy_attachment.lambda_rds_auth",
            "aws_lambda_layer_version.rds",
            "aws_lambda_layer_version.user_auth",
            "aws_security_group.lambda_sg",
            "aws_subnet.private_subnet1",
            "aws_subnet.private_subnet2",
            "data.archive_file.lambda_archives",
            "data.archive_file.rds_layer",
            "data.archive_file.user_auth_layer",
            "data.aws_availability_zones.available",
            "data.aws_vpc.default"
          ],
          "create_before_destroy": true
        },
        {
          "index_key": "update_user_profile",
          "schema_version": 0,
          "attributes": {
            "architectures": [
              "x86_64"
            ],
            "arn": "arn:aws:lambda:us-east-2:857360184083:function:update_user_profile",
            "code_sha256": "WzmCPcY23Jj3YTBvdoH5VwYPFn5EupM313JZcOLpXhw=",
            "code_signing_config_arn": "",
            "dead_letter_config": [],
            "description": "",
            "environment": [
              {
                "variables": {
                  "ENVIRONMENT": "production",
                  "RDS_DBNAME": "trackme",
                  "RDS_ENDPOINT": "trackmedb.c9goe0ioosh0.us-east-2.rds.amazonaws.com",
                  "RDS_PASSWORD": "Mojito#2025",
                  "RDS_PORT": "5432",
                  "RDS_REGION": "us-east-2",
                  "RDS_USER": "trackme_admin"
                }
              }
            ],
            "ephemeral_storage": [
              {
                "size": 512
              }
            ],
            "file_system_config": [],
            "filename": "./../Server/lambdas/general/zips/update_user_profile.zip",
            "function_name": "update_user_profile",
            "handler": "update_user_profile.update_user_profile",
            "id": "update_user_profile",
            "image_config": [],
            "image_uri": "",
            "invoke_arn": "arn:aws:apigateway:us-east-2:lambda:path/2015-03-31/functions/arn:aws:lambda:us-east-2:857360184083:function:update_user_profile/invocations",
            "kms_key_arn": "",
            "last_modified": "2025-11-14T02:07:03.000+0000",
            "layers": [
              "arn:aws:lambda:us-east-2:857360184083:layer:rds:156",
              "arn:aws:lambda:us-east-2:857360184083:layer:user_auth:3"
            ],
            "logging_config": [
              {
                "application_log_level": "",
                "log_format": "Text",
                "log_group": "/aws/lambda/update_user_profile",
                "system_log_level": ""
              }
            ],
            "memory_size": 128,
            "package_type": "Zip",
            "publish": false,
            "qualified_arn": "arn:aws:lambda:us-east-2:857360184083:function:update_user_profile:$LATEST",
            "qualified_invoke_arn": "arn:aws:apigateway:us-east-2:lambda:path/2015-03-31/functions/arn:aws:lambda:us-east-2:857360184083:function:update_user_profile:$LATEST/invocations",
            "replace_security_groups_on_destroy": null,
            "replacement_security_group_ids": null,
            "reserved_concurrent_executions": -1,
            "role": "arn:aws:iam::857360184083:role/lambda_role",
            "runtime": "python3.12",
            "s3_bucket": null,
            "s3_key": null,
            "s3_object_version": null,
            "signing_job_arn": "",
            "signing_profile_version_arn": "",
            "skip_destroy": false,
            "snap_start": [],
            "source_code_hash": "WzmCPcY23Jj3YTBvdoH5VwYPFn5EupM313JZcOLpXhw=",
            "source_code_size": 2319,
            "tags": {},
            "tags_all": {},
            "timeout": 10,
            "timeouts": null,
            "tracing_config": [
              {
                "mode": "PassThrough"
              }
            ],
            "version": "$LATEST",
            "vpc_config": [
              {
                "ipv6_allowed_for_dual_stack": false,
                "security_group_ids": [
                  "sg-0bd1fa78c58ba0495"
                ],
                "subnet_ids": [
                  "subnet-09b6e632d01fcb525",
                  "subnet-0db35c13edd7c98e9"
                ],
                "vpc_id": "vpc-00ce2d8f8e6ecb305"
              }
            ]
          },
          "sensitive_attributes": [
            [
              {
                "type": "get_attr",
                "value": "environment"
              },
              {
                "type": "index",
                "value": {
                  "value": 0,
                  "type": "number"
                }
              },
              {
                "type": "get_attr",
                "value": "variables"
              },
              {
                "type": "index",
                "value": {
                  "value": "RDS_PASSWORD",
                  "type": "string"
                }
              }
            ]
          ],
          "identity_schema_version": 0,
          "private": "eyJlMmJmYjczMC1lY2FhLTExZTYtOGY4OC0zNDM2M2JjN2M0YzAiOnsiY3JlYXRlIjo2MDAwMDAwMDAwMDAsImRlbGV0ZSI6NjAwMDAwMDAwMDAwLCJ1cGRhdGUiOjYwMDAwMDAwMDAwMH19",
          "dependencies": [
            "aws_db_instance.default",
            "aws_db_subnet_group.rds_private",
            "aws_iam_role.lambda_role",
            "aws_iam_role_policy_attachment.lambda_rds_auth",
            "aws_lambda_layer_version.rds",
            "aws_lambda_layer_version.user_auth",
            "aws_security_group.lambda_sg",
            "aws_subnet.private_subnet1",
            "aws_subnet.private_subnet2",
            "data.archive_file.lambda_archives",
            "data.archive_file.rds_layer",
            "data.archive_file.user_auth_layer",
            "data.aws_availability_zones.available",
            "data.aws_vpc.default"
          ],
          "create_before_destroy": true
        },
        {
          "index_key": "view_workout_inputs",
          "schema_version": 0,
          "attributes": {
            "architectures": [
              "x86_64"
            ],
            "arn": "arn:aws:lambda:us-east-2:857360184083:function:view_workout_inputs",
            "code_sha256": "I5jh1wXB0SO8WI+A0UzV+fq9MipKnoYB1950YE3zR80=",
            "code_signing_config_arn": "",
            "dead_letter_config": [],
            "description": "",
            "environment": [
              {
                "variables": {
                  "ENVIRONMENT": "production",
                  "RDS_DBNAME": "trackme",
                  "RDS_ENDPOINT": "trackmedb.c9goe0ioosh0.us-east-2.rds.amazonaws.com",
                  "RDS_PASSWORD": "Mojito#2025",
                  "RDS_PORT": "5432",
                  "RDS_REGION": "us-east-2",
                  "RDS_USER": "trackme_admin"
                }
              }
            ],
            "ephemeral_storage": [
              {
                "size": 512
              }
            ],
            "file_system_config": [],
            "filename": "./../Server/lambdas/athlete/zips/view_workout_inputs.zip",
            "function_name": "view_workout_inputs",
            "handler": "view_workout_inputs.view_workout_inputs",
            "id": "view_workout_inputs",
            "image_config": [],
            "image_uri": "",
            "invoke_arn": "arn:aws:apigateway:us-east-2:lambda:path/2015-03-31/functions/arn:aws:lambda:us-east-2:857360184083:function:view_workout_inputs/invocations",
            "kms_key_arn": "",
            "last_modified": "2025-11-14T02:07:09.000+0000",
            "layers": [
              "arn:aws:lambda:us-east-2:857360184083:layer:rds:156",
              "arn:aws:lambda:us-east-2:857360184083:layer:user_auth:3"
            ],
            "logging_config": [
              {
                "application_log_level": "",
                "log_format": "Text",
                "log_group": "/aws/lambda/view_workout_inputs",
                "system_log_level": ""
              }
            ],
            "memory_size": 128,
            "package_type": "Zip",
            "publish": false,
            "qualified_arn": "arn:aws:lambda:us-east-2:857360184083:function:view_workout_inputs:$LATEST",
            "qualified_invoke_arn": "arn:aws:apigateway:us-east-2:lambda:path/2015-03-31/functions/arn:aws:lambda:us-east-2:857360184083:function:view_workout_inputs:$LATEST/invocations",
            "replace_security_groups_on_destroy": null,
            "replacement_security_group_ids": null,
            "reserved_concurrent_executions": -1,
            "role": "arn:aws:iam::857360184083:role/lambda_role",
            "runtime": "python3.12",
            "s3_bucket": null,
            "s3_key": null,
            "s3_object_version": null,
            "signing_job_arn": "",
            "signing_profile_version_arn": "",
            "skip_destroy": false,
            "snap_start": [],
            "source_code_hash": "I5jh1wXB0SO8WI+A0UzV+fq9MipKnoYB1950YE3zR80=",
            "source_code_size": 3055,
            "tags": {},
            "tags_all": {},
            "timeout": 10,
            "timeouts": null,
            "tracing_config": [
              {
                "mode": "PassThrough"
              }
            ],
            "version": "$LATEST",
            "vpc_config": [
              {
                "ipv6_allowed_for_dual_stack": false,
                "security_group_ids": [
                  "sg-0bd1fa78c58ba0495"
                ],
                "subnet_ids": [
                  "subnet-09b6e632d01fcb525",
                  "subnet-0db35c13edd7c98e9"
                ],
                "vpc_id": "vpc-00ce2d8f8e6ecb305"
              }
            ]
          },
          "sensitive_attributes": [
            [
              {
                "type": "get_attr",
                "value": "environment"
              },
              {
                "type": "index",
                "value": {
                  "value": 0,
                  "type": "number"
                }
              },
              {
                "type": "get_attr",
                "value": "variables"
              },
              {
                "type": "index",
                "value": {
                  "value": "RDS_PASSWORD",
                  "type": "string"
                }
              }
            ]
          ],
          "identity_schema_version": 0,
          "private": "eyJlMmJmYjczMC1lY2FhLTExZTYtOGY4OC0zNDM2M2JjN2M0YzAiOnsiY3JlYXRlIjo2MDAwMDAwMDAwMDAsImRlbGV0ZSI6NjAwMDAwMDAwMDAwLCJ1cGRhdGUiOjYwMDAwMDAwMDAwMH19",
          "dependencies": [
            "aws_db_instance.default",
            "aws_db_subnet_group.rds_private",
            "aws_iam_role.lambda_role",
            "aws_iam_role_policy_attachment.lambda_rds_auth",
            "aws_lambda_layer_version.rds",
            "aws_lambda_layer_version.user_auth",
            "aws_security_group.lambda_sg",
            "aws_subnet.private_subnet1",
            "aws_subnet.private_subnet2",
            "data.archive_file.lambda_archives",
            "data.archive_file.rds_layer",
            "data.archive_file.user_auth_layer",
            "data.aws_availability_zones.available",
            "data.aws_vpc.default"
          ],
          "create_before_destroy": true
        }
      ]
    },
    {
      "mode": "managed",
      "type": "aws_lambda_layer_version",
      "name": "rds",
      "provider": "provider[\"registry.terraform.io/hashicorp/aws\"]",
      "instances": [
        {
          "schema_version": 0,
          "attributes": {
            "arn": "arn:aws:lambda:us-east-2:857360184083:layer:rds:156",
            "code_sha256": "Xi59P2wOjCeXy9OpZjGFhuUFIXDMkaNSC8Zxf4Z7DSE=",
            "compatible_architectures": null,
            "compatible_runtimes": [
              "python3.12"
            ],
            "created_date": "2025-11-14T02:07:03.006+0000",
            "description": "",
            "filename": "./../Server/layers/rds/rds.zip",
            "id": "arn:aws:lambda:us-east-2:857360184083:layer:rds:156",
            "layer_arn": "arn:aws:lambda:us-east-2:857360184083:layer:rds",
            "layer_name": "rds",
            "license_info": "",
            "s3_bucket": null,
            "s3_key": null,
            "s3_object_version": null,
            "signing_job_arn": "",
            "signing_profile_version_arn": "",
            "skip_destroy": false,
            "source_code_hash": "Xi59P2wOjCeXy9OpZjGFhuUFIXDMkaNSC8Zxf4Z7DSE=",
            "source_code_size": 8772586,
            "version": "156"
          },
          "sensitive_attributes": [],
          "identity_schema_version": 0,
          "private": "bnVsbA==",
          "dependencies": [
            "data.archive_file.rds_layer"
          ],
          "create_before_destroy": true
        }
      ]
    },
    {
      "mode": "managed",
      "type": "aws_lambda_layer_version",
      "name": "user_auth",
      "provider": "provider[\"registry.terraform.io/hashicorp/aws\"]",
      "instances": [
        {
          "schema_version": 0,
          "attributes": {
            "arn": "arn:aws:lambda:us-east-2:857360184083:layer:user_auth:3",
            "code_sha256": "EHyLkszx8zVc8vKpcVyAcaTgjISPdIHi5RrO7vN6rN0=",
            "compatible_architectures": [],
            "compatible_runtimes": [
              "python3.12"
            ],
            "created_date": "2025-10-06T19:29:14.316+0000",
            "description": "",
            "filename": "./../Server/layers/user_auth/user_auth.zip",
            "id": "arn:aws:lambda:us-east-2:857360184083:layer:user_auth:3",
            "layer_arn": "arn:aws:lambda:us-east-2:857360184083:layer:user_auth",
            "layer_name": "user_auth",
            "license_info": "",
            "s3_bucket": null,
            "s3_key": null,
            "s3_object_version": null,
            "signing_job_arn": "",
            "signing_profile_version_arn": "",
            "skip_destroy": false,
            "source_code_hash": "EHyLkszx8zVc8vKpcVyAcaTgjISPdIHi5RrO7vN6rN0=",
            "source_code_size": 4133,
            "version": "3"
          },
          "sensitive_attributes": [],
          "identity_schema_version": 0,
          "private": "bnVsbA==",
          "dependencies": [
            "data.archive_file.user_auth_layer"
          ],
          "create_before_destroy": true
        }
      ]
    },
    {
      "mode": "managed",
      "type": "aws_lambda_permission",
      "name": "api_gateway",
      "provider": "provider[\"registry.terraform.io/hashicorp/aws\"]",
      "instances": [
        {
          "index_key": "athletes/input_times",
          "schema_version": 0,
          "attributes": {
            "action": "lambda:InvokeFunction",
            "event_source_token": null,
            "function_name": "input_times",
            "function_url_auth_type": null,
            "id": "AllowAPIGatewayInvoke-input_times",
            "principal": "apigateway.amazonaws.com",
            "principal_org_id": null,
            "qualifier": "",
            "source_account": null,
            "source_arn": "arn:aws:execute-api:us-east-2:857360184083:buzzzp4ywk/*/*",
            "statement_id": "AllowAPIGatewayInvoke-input_times",
            "statement_id_prefix": ""
          },
          "sensitive_attributes": [],
          "identity_schema_version": 0,
          "private": "bnVsbA==",
          "dependencies": [
            "aws_api_gateway_rest_api.main",
            "aws_db_instance.default",
            "aws_db_subnet_group.rds_private",
            "aws_iam_role.lambda_role",
            "aws_iam_role_policy_attachment.lambda_rds_auth",
            "aws_lambda_function.lambdas",
            "aws_lambda_layer_version.rds",
            "aws_lambda_layer_version.user_auth",
            "aws_security_group.lambda_sg",
            "aws_subnet.private_subnet1",
            "aws_subnet.private_subnet2",
            "data.archive_file.lambda_archives",
            "data.archive_file.rds_layer",
            "data.archive_file.user_auth_layer",
            "data.aws_availability_zones.available",
            "data.aws_caller_identity.current",
            "data.aws_vpc.default"
          ]
        },
        {
          "index_key": "athletes/remove_inputs",
          "schema_version": 0,
          "attributes": {
            "action": "lambda:InvokeFunction",
            "event_source_token": null,
            "function_name": "remove_inputs",
            "function_url_auth_type": null,
            "id": "AllowAPIGatewayInvoke-remove_inputs",
            "principal": "apigateway.amazonaws.com",
            "principal_org_id": null,
            "qualifier": "",
            "source_account": null,
            "source_arn": "arn:aws:execute-api:us-east-2:857360184083:buzzzp4ywk/*/*",
            "statement_id": "AllowAPIGatewayInvoke-remove_inputs",
            "statement_id_prefix": ""
          },
          "sensitive_attributes": [],
          "identity_schema_version": 0,
          "private": "bnVsbA==",
          "dependencies": [
            "aws_api_gateway_rest_api.main",
            "aws_db_instance.default",
            "aws_db_subnet_group.rds_private",
            "aws_iam_role.lambda_role",
            "aws_iam_role_policy_attachment.lambda_rds_auth",
            "aws_lambda_function.lambdas",
            "aws_lambda_layer_version.rds",
            "aws_lambda_layer_version.user_auth",
            "aws_security_group.lambda_sg",
            "aws_subnet.private_subnet1",
            "aws_subnet.private_subnet2",
            "data.archive_file.lambda_archives",
            "data.archive_file.rds_layer",
            "data.archive_file.user_auth_layer",
            "data.aws_availability_zones.available",
            "data.aws_caller_identity.current",
            "data.aws_vpc.default"
          ]
        },
        {
          "index_key": "athletes/view_workout_inputs",
          "schema_version": 0,
          "attributes": {
            "action": "lambda:InvokeFunction",
            "event_source_token": null,
            "function_name": "view_workout_inputs",
            "function_url_auth_type": null,
            "id": "AllowAPIGatewayInvoke-view_workout_inputs",
            "principal": "apigateway.amazonaws.com",
            "principal_org_id": null,
            "qualifier": "",
            "source_account": null,
            "source_arn": "arn:aws:execute-api:us-east-2:857360184083:buzzzp4ywk/*/*",
            "statement_id": "AllowAPIGatewayInvoke-view_workout_inputs",
            "statement_id_prefix": ""
          },
          "sensitive_attributes": [],
          "identity_schema_version": 0,
          "private": "bnVsbA==",
          "dependencies": [
            "aws_api_gateway_rest_api.main",
            "aws_db_instance.default",
            "aws_db_subnet_group.rds_private",
            "aws_iam_role.lambda_role",
            "aws_iam_role_policy_attachment.lambda_rds_auth",
            "aws_lambda_function.lambdas",
            "aws_lambda_layer_version.rds",
            "aws_lambda_layer_version.user_auth",
            "aws_security_group.lambda_sg",
            "aws_subnet.private_subnet1",
            "aws_subnet.private_subnet2",
            "data.archive_file.lambda_archives",
            "data.archive_file.rds_layer",
            "data.archive_file.user_auth_layer",
            "data.aws_availability_zones.available",
            "data.aws_caller_identity.current",
            "data.aws_vpc.default"
          ]
        },
        {
          "index_key": "general/create_user",
          "schema_version": 0,
          "attributes": {
            "action": "lambda:InvokeFunction",
            "event_source_token": null,
            "function_name": "create_user",
            "function_url_auth_type": null,
            "id": "AllowAPIGatewayInvoke-create_user",
            "principal": "apigateway.amazonaws.com",
            "principal_org_id": null,
            "qualifier": "",
            "source_account": null,
            "source_arn": "arn:aws:execute-api:us-east-2:857360184083:buzzzp4ywk/*/*",
            "statement_id": "AllowAPIGatewayInvoke-create_user",
            "statement_id_prefix": ""
          },
          "sensitive_attributes": [],
          "identity_schema_version": 0,
          "private": "bnVsbA==",
          "dependencies": [
            "aws_api_gateway_rest_api.main",
            "aws_db_instance.default",
            "aws_db_subnet_group.rds_private",
            "aws_iam_role.lambda_role",
            "aws_iam_role_policy_attachment.lambda_rds_auth",
            "aws_lambda_function.lambdas",
            "aws_lambda_layer_version.rds",
            "aws_lambda_layer_version.user_auth",
            "aws_security_group.lambda_sg",
            "aws_subnet.private_subnet1",
            "aws_subnet.private_subnet2",
            "data.archive_file.lambda_archives",
            "data.archive_file.rds_layer",
            "data.archive_file.user_auth_layer",
            "data.aws_availability_zones.available",
            "data.aws_caller_identity.current",
            "data.aws_vpc.default"
          ]
        },
        {
          "index_key": "general/generate_presigned_s3_url",
          "schema_version": 0,
          "attributes": {
            "action": "lambda:InvokeFunction",
            "event_source_token": null,
            "function_name": "generate_presigned_s3_url",
            "function_url_auth_type": null,
            "id": "AllowAPIGatewayInvoke-generate_presigned_s3_url",
            "principal": "apigateway.amazonaws.com",
            "principal_org_id": null,
            "qualifier": "",
            "source_account": null,
            "source_arn": "arn:aws:execute-api:us-east-2:857360184083:buzzzp4ywk/*/*",
            "statement_id": "AllowAPIGatewayInvoke-generate_presigned_s3_url",
            "statement_id_prefix": ""
          },
          "sensitive_attributes": [],
          "identity_schema_version": 0,
          "private": "bnVsbA==",
          "dependencies": [
            "aws_api_gateway_rest_api.main",
            "aws_db_instance.default",
            "aws_db_subnet_group.rds_private",
            "aws_iam_role.lambda_role",
            "aws_iam_role_policy_attachment.lambda_rds_auth",
            "aws_lambda_function.lambdas",
            "aws_lambda_layer_version.rds",
            "aws_lambda_layer_version.user_auth",
            "aws_security_group.lambda_sg",
            "aws_subnet.private_subnet1",
            "aws_subnet.private_subnet2",
            "data.archive_file.lambda_archives",
            "data.archive_file.rds_layer",
            "data.archive_file.user_auth_layer",
            "data.aws_availability_zones.available",
            "data.aws_caller_identity.current",
            "data.aws_vpc.default"
          ]
        },
        {
          "index_key": "general/get_mutual_inputs",
          "schema_version": 0,
          "attributes": {
            "action": "lambda:InvokeFunction",
            "event_source_token": null,
            "function_name": "get_mutual_inputs",
            "function_url_auth_type": null,
            "id": "AllowAPIGatewayInvoke-get_mutual_inputs",
            "principal": "apigateway.amazonaws.com",
            "principal_org_id": null,
            "qualifier": "",
            "source_account": null,
            "source_arn": "arn:aws:execute-api:us-east-2:857360184083:buzzzp4ywk/*/*",
            "statement_id": "AllowAPIGatewayInvoke-get_mutual_inputs",
            "statement_id_prefix": ""
          },
          "sensitive_attributes": [],
          "identity_schema_version": 0,
          "private": "bnVsbA==",
          "dependencies": [
            "aws_api_gateway_rest_api.main",
            "aws_db_instance.default",
            "aws_db_subnet_group.rds_private",
            "aws_iam_role.lambda_role",
            "aws_iam_role_policy_attachment.lambda_rds_auth",
            "aws_lambda_function.lambdas",
            "aws_lambda_layer_version.rds",
            "aws_lambda_layer_version.user_auth",
            "aws_security_group.lambda_sg",
            "aws_subnet.private_subnet1",
            "aws_subnet.private_subnet2",
            "data.archive_file.lambda_archives",
            "data.archive_file.rds_layer",
            "data.archive_file.user_auth_layer",
            "data.aws_availability_zones.available",
            "data.aws_caller_identity.current",
            "data.aws_vpc.default"
          ]
        },
        {
          "index_key": "general/get_user",
          "schema_version": 0,
          "attributes": {
            "action": "lambda:InvokeFunction",
            "event_source_token": null,
            "function_name": "get_user",
            "function_url_auth_type": null,
            "id": "AllowAPIGatewayInvoke-get_user",
            "principal": "apigateway.amazonaws.com",
            "principal_org_id": null,
            "qualifier": "",
            "source_account": null,
            "source_arn": "arn:aws:execute-api:us-east-2:857360184083:buzzzp4ywk/*/*",
            "statement_id": "AllowAPIGatewayInvoke-get_user",
            "statement_id_prefix": ""
          },
          "sensitive_attributes": [],
          "identity_schema_version": 0,
          "private": "bnVsbA==",
          "dependencies": [
            "aws_api_gateway_rest_api.main",
            "aws_db_instance.default",
            "aws_db_subnet_group.rds_private",
            "aws_iam_role.lambda_role",
            "aws_iam_role_policy_attachment.lambda_rds_auth",
            "aws_lambda_function.lambdas",
            "aws_lambda_layer_version.rds",
            "aws_lambda_layer_version.user_auth",
            "aws_security_group.lambda_sg",
            "aws_subnet.private_subnet1",
            "aws_subnet.private_subnet2",
            "data.archive_file.lambda_archives",
            "data.archive_file.rds_layer",
            "data.archive_file.user_auth_layer",
            "data.aws_availability_zones.available",
            "data.aws_caller_identity.current",
            "data.aws_vpc.default"
          ]
        },
        {
          "index_key": "general/mass_input",
          "schema_version": 0,
          "attributes": {
            "action": "lambda:InvokeFunction",
            "event_source_token": null,
            "function_name": "mass_input",
            "function_url_auth_type": null,
            "id": "AllowAPIGatewayInvoke-mass_input",
            "principal": "apigateway.amazonaws.com",
            "principal_org_id": null,
            "qualifier": "",
            "source_account": null,
            "source_arn": "arn:aws:execute-api:us-east-2:857360184083:buzzzp4ywk/*/*",
            "statement_id": "AllowAPIGatewayInvoke-mass_input",
            "statement_id_prefix": ""
          },
          "sensitive_attributes": [],
          "identity_schema_version": 0,
          "private": "bnVsbA==",
          "dependencies": [
            "aws_api_gateway_rest_api.main",
            "aws_db_instance.default",
            "aws_db_subnet_group.rds_private",
            "aws_iam_role.lambda_role",
            "aws_iam_role_policy_attachment.lambda_rds_auth",
            "aws_lambda_function.lambdas",
            "aws_lambda_layer_version.rds",
            "aws_lambda_layer_version.user_auth",
            "aws_security_group.lambda_sg",
            "aws_subnet.private_subnet1",
            "aws_subnet.private_subnet2",
            "data.archive_file.lambda_archives",
            "data.archive_file.rds_layer",
            "data.archive_file.user_auth_layer",
            "data.aws_availability_zones.available",
            "data.aws_caller_identity.current",
            "data.aws_vpc.default"
          ]
        },
        {
          "index_key": "general/update_user_profile",
          "schema_version": 0,
          "attributes": {
            "action": "lambda:InvokeFunction",
            "event_source_token": null,
            "function_name": "update_user_profile",
            "function_url_auth_type": null,
            "id": "AllowAPIGatewayInvoke-update_user_profile",
            "principal": "apigateway.amazonaws.com",
            "principal_org_id": null,
            "qualifier": "",
            "source_account": null,
            "source_arn": "arn:aws:execute-api:us-east-2:857360184083:buzzzp4ywk/*/*",
            "statement_id": "AllowAPIGatewayInvoke-update_user_profile",
            "statement_id_prefix": ""
          },
          "sensitive_attributes": [],
          "identity_schema_version": 0,
          "private": "bnVsbA==",
          "dependencies": [
            "aws_api_gateway_rest_api.main",
            "aws_db_instance.default",
            "aws_db_subnet_group.rds_private",
            "aws_iam_role.lambda_role",
            "aws_iam_role_policy_attachment.lambda_rds_auth",
            "aws_lambda_function.lambdas",
            "aws_lambda_layer_version.rds",
            "aws_lambda_layer_version.user_auth",
            "aws_security_group.lambda_sg",
            "aws_subnet.private_subnet1",
            "aws_subnet.private_subnet2",
            "data.archive_file.lambda_archives",
            "data.archive_file.rds_layer",
            "data.archive_file.user_auth_layer",
            "data.aws_availability_zones.available",
            "data.aws_caller_identity.current",
            "data.aws_vpc.default"
          ]
        },
        {
          "index_key": "graph/get_avg_velocity",
          "schema_version": 0,
          "attributes": {
            "action": "lambda:InvokeFunction",
            "event_source_token": null,
            "function_name": "get_avg_velocity",
            "function_url_auth_type": null,
            "id": "AllowAPIGatewayInvoke-get_avg_velocity",
            "principal": "apigateway.amazonaws.com",
            "principal_org_id": null,
            "qualifier": "",
            "source_account": null,
            "source_arn": "arn:aws:execute-api:us-east-2:857360184083:buzzzp4ywk/*/*",
            "statement_id": "AllowAPIGatewayInvoke-get_avg_velocity",
            "statement_id_prefix": ""
          },
          "sensitive_attributes": [],
          "identity_schema_version": 0,
          "private": "bnVsbA==",
          "dependencies": [
            "aws_api_gateway_rest_api.main",
            "aws_db_instance.default",
            "aws_db_subnet_group.rds_private",
            "aws_iam_role.lambda_role",
            "aws_iam_role_policy_attachment.lambda_rds_auth",
            "aws_lambda_function.lambdas",
            "aws_lambda_layer_version.rds",
            "aws_lambda_layer_version.user_auth",
            "aws_security_group.lambda_sg",
            "aws_subnet.private_subnet1",
            "aws_subnet.private_subnet2",
            "data.archive_file.lambda_archives",
            "data.archive_file.rds_layer",
            "data.archive_file.user_auth_layer",
            "data.aws_availability_zones.available",
            "data.aws_caller_identity.current",
            "data.aws_vpc.default"
          ]
        },
        {
          "index_key": "graph/get_work_rest_ratio",
          "schema_version": 0,
          "attributes": {
            "action": "lambda:InvokeFunction",
            "event_source_token": null,
            "function_name": "get_work_rest_ratio",
            "function_url_auth_type": null,
            "id": "AllowAPIGatewayInvoke-get_work_rest_ratio",
            "principal": "apigateway.amazonaws.com",
            "principal_org_id": null,
            "qualifier": "",
            "source_account": null,
            "source_arn": "arn:aws:execute-api:us-east-2:857360184083:buzzzp4ywk/*/*",
            "statement_id": "AllowAPIGatewayInvoke-get_work_rest_ratio",
            "statement_id_prefix": ""
          },
          "sensitive_attributes": [],
          "identity_schema_version": 0,
          "private": "bnVsbA==",
          "dependencies": [
            "aws_api_gateway_rest_api.main",
            "aws_db_instance.default",
            "aws_db_subnet_group.rds_private",
            "aws_iam_role.lambda_role",
            "aws_iam_role_policy_attachment.lambda_rds_auth",
            "aws_lambda_function.lambdas",
            "aws_lambda_layer_version.rds",
            "aws_lambda_layer_version.user_auth",
            "aws_security_group.lambda_sg",
            "aws_subnet.private_subnet1",
            "aws_subnet.private_subnet2",
            "data.archive_file.lambda_archives",
            "data.archive_file.rds_layer",
            "data.archive_file.user_auth_layer",
            "data.aws_availability_zones.available",
            "data.aws_caller_identity.current",
            "data.aws_vpc.default"
          ]
        },
        {
          "index_key": "history/fetch_historical_data",
          "schema_version": 0,
          "attributes": {
            "action": "lambda:InvokeFunction",
            "event_source_token": null,
            "function_name": "fetch_historical_data",
            "function_url_auth_type": null,
            "id": "AllowAPIGatewayInvoke-fetch_historical_data",
            "principal": "apigateway.amazonaws.com",
            "principal_org_id": null,
            "qualifier": "",
            "source_account": null,
            "source_arn": "arn:aws:execute-api:us-east-2:857360184083:buzzzp4ywk/*/*",
            "statement_id": "AllowAPIGatewayInvoke-fetch_historical_data",
            "statement_id_prefix": ""
          },
          "sensitive_attributes": [],
          "identity_schema_version": 0,
          "private": "bnVsbA==",
          "dependencies": [
            "aws_api_gateway_rest_api.main",
            "aws_db_instance.default",
            "aws_db_subnet_group.rds_private",
            "aws_iam_role.lambda_role",
            "aws_iam_role_policy_attachment.lambda_rds_auth",
            "aws_lambda_function.lambdas",
            "aws_lambda_layer_version.rds",
            "aws_lambda_layer_version.user_auth",
            "aws_security_group.lambda_sg",
            "aws_subnet.private_subnet1",
            "aws_subnet.private_subnet2",
            "data.archive_file.lambda_archives",
            "data.archive_file.rds_layer",
            "data.archive_file.user_auth_layer",
            "data.aws_availability_zones.available",
            "data.aws_caller_identity.current",
            "data.aws_vpc.default"
          ]
        },
        {
          "index_key": "history/get_available_history_dates",
          "schema_version": 0,
          "attributes": {
            "action": "lambda:InvokeFunction",
            "event_source_token": null,
            "function_name": "get_available_history_dates",
            "function_url_auth_type": null,
            "id": "AllowAPIGatewayInvoke-get_available_history_dates",
            "principal": "apigateway.amazonaws.com",
            "principal_org_id": null,
            "qualifier": "",
            "source_account": null,
            "source_arn": "arn:aws:execute-api:us-east-2:857360184083:buzzzp4ywk/*/*",
            "statement_id": "AllowAPIGatewayInvoke-get_available_history_dates",
            "statement_id_prefix": ""
          },
          "sensitive_attributes": [],
          "identity_schema_version": 0,
          "private": "bnVsbA==",
          "dependencies": [
            "aws_api_gateway_rest_api.main",
            "aws_db_instance.default",
            "aws_db_subnet_group.rds_private",
            "aws_iam_role.lambda_role",
            "aws_iam_role_policy_attachment.lambda_rds_auth",
            "aws_lambda_function.lambdas",
            "aws_lambda_layer_version.rds",
            "aws_lambda_layer_version.user_auth",
            "aws_security_group.lambda_sg",
            "aws_subnet.private_subnet1",
            "aws_subnet.private_subnet2",
            "data.archive_file.lambda_archives",
            "data.archive_file.rds_layer",
            "data.archive_file.user_auth_layer",
            "data.aws_availability_zones.available",
            "data.aws_caller_identity.current",
            "data.aws_vpc.default"
          ]
        },
        {
          "index_key": "history/get_earliest_date_available",
          "schema_version": 0,
          "attributes": {
            "action": "lambda:InvokeFunction",
            "event_source_token": null,
            "function_name": "get_earliest_date_available",
            "function_url_auth_type": null,
            "id": "AllowAPIGatewayInvoke-get_earliest_date_available",
            "principal": "apigateway.amazonaws.com",
            "principal_org_id": null,
            "qualifier": "",
            "source_account": null,
            "source_arn": "arn:aws:execute-api:us-east-2:857360184083:buzzzp4ywk/*/*",
            "statement_id": "AllowAPIGatewayInvoke-get_earliest_date_available",
            "statement_id_prefix": ""
          },
          "sensitive_attributes": [],
          "identity_schema_version": 0,
          "private": "bnVsbA==",
          "dependencies": [
            "aws_api_gateway_rest_api.main",
            "aws_db_instance.default",
            "aws_db_subnet_group.rds_private",
            "aws_iam_role.lambda_role",
            "aws_iam_role_policy_attachment.lambda_rds_auth",
            "aws_lambda_function.lambdas",
            "aws_lambda_layer_version.rds",
            "aws_lambda_layer_version.user_auth",
            "aws_security_group.lambda_sg",
            "aws_subnet.private_subnet1",
            "aws_subnet.private_subnet2",
            "data.archive_file.lambda_archives",
            "data.archive_file.rds_layer",
            "data.archive_file.user_auth_layer",
            "data.aws_availability_zones.available",
            "data.aws_caller_identity.current",
            "data.aws_vpc.default"
          ]
        },
        {
          "index_key": "relations/add_relation",
          "schema_version": 0,
          "attributes": {
            "action": "lambda:InvokeFunction",
            "event_source_token": null,
            "function_name": "add_relation",
            "function_url_auth_type": null,
            "id": "AllowAPIGatewayInvoke-add_relation",
            "principal": "apigateway.amazonaws.com",
            "principal_org_id": null,
            "qualifier": "",
            "source_account": null,
            "source_arn": "arn:aws:execute-api:us-east-2:857360184083:buzzzp4ywk/*/*",
            "statement_id": "AllowAPIGatewayInvoke-add_relation",
            "statement_id_prefix": ""
          },
          "sensitive_attributes": [],
          "identity_schema_version": 0,
          "private": "bnVsbA==",
          "dependencies": [
            "aws_api_gateway_rest_api.main",
            "aws_db_instance.default",
            "aws_db_subnet_group.rds_private",
            "aws_iam_role.lambda_role",
            "aws_iam_role_policy_attachment.lambda_rds_auth",
            "aws_lambda_function.lambdas",
            "aws_lambda_layer_version.rds",
            "aws_lambda_layer_version.user_auth",
            "aws_security_group.lambda_sg",
            "aws_subnet.private_subnet1",
            "aws_subnet.private_subnet2",
            "data.archive_file.lambda_archives",
            "data.archive_file.rds_layer",
            "data.archive_file.user_auth_layer",
            "data.aws_availability_zones.available",
            "data.aws_caller_identity.current",
            "data.aws_vpc.default"
          ]
        },
        {
          "index_key": "relations/get_mutual_athletes",
          "schema_version": 0,
          "attributes": {
            "action": "lambda:InvokeFunction",
            "event_source_token": null,
            "function_name": "get_mutual_athletes",
            "function_url_auth_type": null,
            "id": "AllowAPIGatewayInvoke-get_mutual_athletes",
            "principal": "apigateway.amazonaws.com",
            "principal_org_id": null,
            "qualifier": "",
            "source_account": null,
            "source_arn": "arn:aws:execute-api:us-east-2:857360184083:buzzzp4ywk/*/*",
            "statement_id": "AllowAPIGatewayInvoke-get_mutual_athletes",
            "statement_id_prefix": ""
          },
          "sensitive_attributes": [],
          "identity_schema_version": 0,
          "private": "bnVsbA==",
          "dependencies": [
            "aws_api_gateway_rest_api.main",
            "aws_db_instance.default",
            "aws_db_subnet_group.rds_private",
            "aws_iam_role.lambda_role",
            "aws_iam_role_policy_attachment.lambda_rds_auth",
            "aws_lambda_function.lambdas",
            "aws_lambda_layer_version.rds",
            "aws_lambda_layer_version.user_auth",
            "aws_security_group.lambda_sg",
            "aws_subnet.private_subnet1",
            "aws_subnet.private_subnet2",
            "data.archive_file.lambda_archives",
            "data.archive_file.rds_layer",
            "data.archive_file.user_auth_layer",
            "data.aws_availability_zones.available",
            "data.aws_caller_identity.current",
            "data.aws_vpc.default"
          ]
        },
        {
          "index_key": "relations/get_mutual_user_relations",
          "schema_version": 0,
          "attributes": {
            "action": "lambda:InvokeFunction",
            "event_source_token": null,
            "function_name": "get_mutual_user_relations",
            "function_url_auth_type": null,
            "id": "AllowAPIGatewayInvoke-get_mutual_user_relations",
            "principal": "apigateway.amazonaws.com",
            "principal_org_id": null,
            "qualifier": "",
            "source_account": null,
            "source_arn": "arn:aws:execute-api:us-east-2:857360184083:buzzzp4ywk/*/*",
            "statement_id": "AllowAPIGatewayInvoke-get_mutual_user_relations",
            "statement_id_prefix": ""
          },
          "sensitive_attributes": [],
          "identity_schema_version": 0,
          "private": "bnVsbA==",
          "dependencies": [
            "aws_api_gateway_rest_api.main",
            "aws_db_instance.default",
            "aws_db_subnet_group.rds_private",
            "aws_iam_role.lambda_role",
            "aws_iam_role_policy_attachment.lambda_rds_auth",
            "aws_lambda_function.lambdas",
            "aws_lambda_layer_version.rds",
            "aws_lambda_layer_version.user_auth",
            "aws_security_group.lambda_sg",
            "aws_subnet.private_subnet1",
            "aws_subnet.private_subnet2",
            "data.archive_file.lambda_archives",
            "data.archive_file.rds_layer",
            "data.archive_file.user_auth_layer",
            "data.aws_availability_zones.available",
            "data.aws_caller_identity.current",
            "data.aws_vpc.default"
          ]
        },
        {
          "index_key": "relations/get_relation_invites",
          "schema_version": 0,
          "attributes": {
            "action": "lambda:InvokeFunction",
            "event_source_token": null,
            "function_name": "get_relation_invites",
            "function_url_auth_type": null,
            "id": "AllowAPIGatewayInvoke-get_relation_invites",
            "principal": "apigateway.amazonaws.com",
            "principal_org_id": null,
            "qualifier": "",
            "source_account": null,
            "source_arn": "arn:aws:execute-api:us-east-2:857360184083:buzzzp4ywk/*/*",
            "statement_id": "AllowAPIGatewayInvoke-get_relation_invites",
            "statement_id_prefix": ""
          },
          "sensitive_attributes": [],
          "identity_schema_version": 0,
          "private": "bnVsbA==",
          "dependencies": [
            "aws_api_gateway_rest_api.main",
            "aws_db_instance.default",
            "aws_db_subnet_group.rds_private",
            "aws_iam_role.lambda_role",
            "aws_iam_role_policy_attachment.lambda_rds_auth",
            "aws_lambda_function.lambdas",
            "aws_lambda_layer_version.rds",
            "aws_lambda_layer_version.user_auth",
            "aws_security_group.lambda_sg",
            "aws_subnet.private_subnet1",
            "aws_subnet.private_subnet2",
            "data.archive_file.lambda_archives",
            "data.archive_file.rds_layer",
            "data.archive_file.user_auth_layer",
            "data.aws_availability_zones.available",
            "data.aws_caller_identity.current",
            "data.aws_vpc.default"
          ]
        },
        {
          "index_key": "relations/get_relation_invites_count",
          "schema_version": 0,
          "attributes": {
            "action": "lambda:InvokeFunction",
            "event_source_token": null,
            "function_name": "get_relation_invites_count",
            "function_url_auth_type": null,
            "id": "AllowAPIGatewayInvoke-get_relation_invites_count",
            "principal": "apigateway.amazonaws.com",
            "principal_org_id": null,
            "qualifier": "",
            "source_account": null,
            "source_arn": "arn:aws:execute-api:us-east-2:857360184083:buzzzp4ywk/*/*",
            "statement_id": "AllowAPIGatewayInvoke-get_relation_invites_count",
            "statement_id_prefix": ""
          },
          "sensitive_attributes": [],
          "identity_schema_version": 0,
          "private": "bnVsbA==",
          "dependencies": [
            "aws_api_gateway_rest_api.main",
            "aws_db_instance.default",
            "aws_db_subnet_group.rds_private",
            "aws_iam_role.lambda_role",
            "aws_iam_role_policy_attachment.lambda_rds_auth",
            "aws_lambda_function.lambdas",
            "aws_lambda_layer_version.rds",
            "aws_lambda_layer_version.user_auth",
            "aws_security_group.lambda_sg",
            "aws_subnet.private_subnet1",
            "aws_subnet.private_subnet2",
            "data.archive_file.lambda_archives",
            "data.archive_file.rds_layer",
            "data.archive_file.user_auth_layer",
            "data.aws_availability_zones.available",
            "data.aws_caller_identity.current",
            "data.aws_vpc.default"
          ]
        },
        {
          "index_key": "relations/remove_user_relation",
          "schema_version": 0,
          "attributes": {
            "action": "lambda:InvokeFunction",
            "event_source_token": null,
            "function_name": "remove_user_relation",
            "function_url_auth_type": null,
            "id": "AllowAPIGatewayInvoke-remove_user_relation",
            "principal": "apigateway.amazonaws.com",
            "principal_org_id": null,
            "qualifier": "",
            "source_account": null,
            "source_arn": "arn:aws:execute-api:us-east-2:857360184083:buzzzp4ywk/*/*",
            "statement_id": "AllowAPIGatewayInvoke-remove_user_relation",
            "statement_id_prefix": ""
          },
          "sensitive_attributes": [],
          "identity_schema_version": 0,
          "private": "bnVsbA==",
          "dependencies": [
            "aws_api_gateway_rest_api.main",
            "aws_db_instance.default",
            "aws_db_subnet_group.rds_private",
            "aws_iam_role.lambda_role",
            "aws_iam_role_policy_attachment.lambda_rds_auth",
            "aws_lambda_function.lambdas",
            "aws_lambda_layer_version.rds",
            "aws_lambda_layer_version.user_auth",
            "aws_security_group.lambda_sg",
            "aws_subnet.private_subnet1",
            "aws_subnet.private_subnet2",
            "data.archive_file.lambda_archives",
            "data.archive_file.rds_layer",
            "data.archive_file.user_auth_layer",
            "data.aws_availability_zones.available",
            "data.aws_caller_identity.current",
            "data.aws_vpc.default"
          ]
        },
        {
          "index_key": "relations/search_user_relation",
          "schema_version": 0,
          "attributes": {
            "action": "lambda:InvokeFunction",
            "event_source_token": null,
            "function_name": "search_user_relation",
            "function_url_auth_type": null,
            "id": "AllowAPIGatewayInvoke-search_user_relation",
            "principal": "apigateway.amazonaws.com",
            "principal_org_id": null,
            "qualifier": "",
            "source_account": null,
            "source_arn": "arn:aws:execute-api:us-east-2:857360184083:buzzzp4ywk/*/*",
            "statement_id": "AllowAPIGatewayInvoke-search_user_relation",
            "statement_id_prefix": ""
          },
          "sensitive_attributes": [],
          "identity_schema_version": 0,
          "private": "bnVsbA==",
          "dependencies": [
            "aws_api_gateway_rest_api.main",
            "aws_db_instance.default",
            "aws_db_subnet_group.rds_private",
            "aws_iam_role.lambda_role",
            "aws_iam_role_policy_attachment.lambda_rds_auth",
            "aws_lambda_function.lambdas",
            "aws_lambda_layer_version.rds",
            "aws_lambda_layer_version.user_auth",
            "aws_security_group.lambda_sg",
            "aws_subnet.private_subnet1",
            "aws_subnet.private_subnet2",
            "data.archive_file.lambda_archives",
            "data.archive_file.rds_layer",
            "data.archive_file.user_auth_layer",
            "data.aws_availability_zones.available",
            "data.aws_caller_identity.current",
            "data.aws_vpc.default"
          ]
        }
      ]
    },
    {
      "mode": "managed",
      "type": "aws_route_table",
      "name": "bastion_route_table",
      "provider": "provider[\"registry.terraform.io/hashicorp/aws\"]",
      "instances": [
        {
          "schema_version": 0,
          "attributes": {
            "arn": "arn:aws:ec2:us-east-2:857360184083:route-table/rtb-02e87ec329fc764f0",
            "id": "rtb-02e87ec329fc764f0",
            "owner_id": "857360184083",
            "propagating_vgws": [],
            "route": [
              {
                "carrier_gateway_id": "",
                "cidr_block": "0.0.0.0/0",
                "core_network_arn": "",
                "destination_prefix_list_id": "",
                "egress_only_gateway_id": "",
                "gateway_id": "igw-0c9633e3942b979dc",
                "ipv6_cidr_block": "",
                "local_gateway_id": "",
                "nat_gateway_id": "",
                "network_interface_id": "",
                "transit_gateway_id": "",
                "vpc_endpoint_id": "",
                "vpc_peering_connection_id": ""
              }
            ],
            "tags": {
              "Name": "bastion-public-route-table"
            },
            "tags_all": {
              "Name": "bastion-public-route-table"
            },
            "timeouts": null,
            "vpc_id": "vpc-00ce2d8f8e6ecb305"
          },
          "sensitive_attributes": [],
          "identity_schema_version": 0,
          "private": "eyJlMmJmYjczMC1lY2FhLTExZTYtOGY4OC0zNDM2M2JjN2M0YzAiOnsiY3JlYXRlIjozMDAwMDAwMDAwMDAsImRlbGV0ZSI6MzAwMDAwMDAwMDAwLCJ1cGRhdGUiOjEyMDAwMDAwMDAwMH19",
          "dependencies": [
            "data.aws_internet_gateway.default",
            "data.aws_vpc.default"
          ]
        }
      ]
    },
    {
      "mode": "managed",
      "type": "aws_route_table_association",
      "name": "bastion_igw_association",
      "provider": "provider[\"registry.terraform.io/hashicorp/aws\"]",
      "instances": [
        {
          "schema_version": 0,
          "attributes": {
            "gateway_id": "",
            "id": "rtbassoc-05ace0eb1de07bcb2",
            "route_table_id": "rtb-02e87ec329fc764f0",
            "subnet_id": "subnet-03a450e1c99acbb9b",
            "timeouts": null
          },
          "sensitive_attributes": [],
          "identity_schema_version": 0,
          "private": "eyJlMmJmYjczMC1lY2FhLTExZTYtOGY4OC0zNDM2M2JjN2M0YzAiOnsiY3JlYXRlIjozMDAwMDAwMDAwMDAsImRlbGV0ZSI6MzAwMDAwMDAwMDAwLCJ1cGRhdGUiOjEyMDAwMDAwMDAwMH19",
          "dependencies": [
            "aws_route_table.bastion_route_table",
            "aws_subnet.bastion_subnet",
            "data.aws_availability_zones.available",
            "data.aws_internet_gateway.default",
            "data.aws_vpc.default"
          ]
        }
      ]
    },
    {
      "mode": "managed",
      "type": "aws_s3_bucket",
      "name": "profile_pictures",
      "provider": "provider[\"registry.terraform.io/hashicorp/aws\"]",
      "instances": [
        {
          "schema_version": 0,
          "attributes": {
            "acceleration_status": "",
            "acl": null,
            "arn": "arn:aws:s3:::trackme-media",
            "bucket": "trackme-media",
            "bucket_domain_name": "trackme-media.s3.amazonaws.com",
            "bucket_prefix": "",
            "bucket_regional_domain_name": "trackme-media.s3.us-east-2.amazonaws.com",
            "cors_rule": [
              {
                "allowed_headers": [
                  "*"
                ],
                "allowed_methods": [
                  "POST",
                  "GET",
                  "PUT"
                ],
                "allowed_origins": [
                  "*"
                ],
                "expose_headers": [],
                "max_age_seconds": 3000
              }
            ],
            "force_destroy": false,
            "grant": [
              {
                "id": "a89e5b82d4c372ee6556090b4a000ebc94d03b815d64fb5214d799c0331ccdf1",
                "permissions": [
                  "FULL_CONTROL"
                ],
                "type": "CanonicalUser",
                "uri": ""
              }
            ],
            "hosted_zone_id": "Z2O1EMRO9K5GLX",
            "id": "trackme-media",
            "lifecycle_rule": [],
            "logging": [],
            "object_lock_configuration": [],
            "object_lock_enabled": false,
            "policy": "{\"Statement\":[{\"Action\":\"s3:GetObject\",\"Effect\":\"Allow\",\"Principal\":\"*\",\"Resource\":\"arn:aws:s3:::trackme-media/*\"}],\"Version\":\"2012-10-17\"}",
            "region": "us-east-2",
            "replication_configuration": [],
            "request_payer": "BucketOwner",
            "server_side_encryption_configuration": [
              {
                "rule": [
                  {
                    "apply_server_side_encryption_by_default": [
                      {
                        "kms_master_key_id": "",
                        "sse_algorithm": "AES256"
                      }
                    ],
                    "bucket_key_enabled": false
                  }
                ]
              }
            ],
            "tags": {
              "Name": "trackme-media-bucket"
            },
            "tags_all": {
              "Name": "trackme-media-bucket"
            },
            "timeouts": null,
            "versioning": [
              {
                "enabled": false,
                "mfa_delete": false
              }
            ],
            "website": [],
            "website_domain": null,
            "website_endpoint": null
          },
          "sensitive_attributes": [],
          "identity_schema_version": 0,
          "private": "eyJlMmJmYjczMC1lY2FhLTExZTYtOGY4OC0zNDM2M2JjN2M0YzAiOnsiY3JlYXRlIjoxMjAwMDAwMDAwMDAwLCJkZWxldGUiOjM2MDAwMDAwMDAwMDAsInJlYWQiOjEyMDAwMDAwMDAwMDAsInVwZGF0ZSI6MTIwMDAwMDAwMDAwMH19"
        }
      ]
    },
    {
      "mode": "managed",
      "type": "aws_s3_bucket_cors_configuration",
      "name": "profile_pictures_cors",
      "provider": "provider[\"registry.terraform.io/hashicorp/aws\"]",
      "instances": [
        {
          "schema_version": 0,
          "attributes": {
            "bucket": "trackme-media",
            "cors_rule": [
              {
                "allowed_headers": [
                  "*"
                ],
                "allowed_methods": [
                  "GET",
                  "POST",
                  "PUT"
                ],
                "allowed_origins": [
                  "*"
                ],
                "expose_headers": [],
                "id": "",
                "max_age_seconds": 3000
              }
            ],
            "expected_bucket_owner": "",
            "id": "trackme-media"
          },
          "sensitive_attributes": [],
          "identity_schema_version": 0,
          "private": "bnVsbA==",
          "dependencies": [
            "aws_s3_bucket.profile_pictures"
          ]
        }
      ]
    },
    {
      "mode": "managed",
      "type": "aws_s3_bucket_policy",
      "name": "profile_pictures_policy",
      "provider": "provider[\"registry.terraform.io/hashicorp/aws\"]",
      "instances": [
        {
          "schema_version": 0,
          "attributes": {
            "bucket": "trackme-media",
            "id": "trackme-media",
            "policy": "{\"Statement\":[{\"Action\":\"s3:GetObject\",\"Effect\":\"Allow\",\"Principal\":\"*\",\"Resource\":\"arn:aws:s3:::trackme-media/*\"}],\"Version\":\"2012-10-17\"}"
          },
          "sensitive_attributes": [],
          "identity_schema_version": 0,
          "private": "bnVsbA==",
          "dependencies": [
            "aws_s3_bucket.profile_pictures",
            "aws_s3_bucket_public_access_block.profile_pictures_public_access"
          ]
        }
      ]
    },
    {
      "mode": "managed",
      "type": "aws_s3_bucket_public_access_block",
      "name": "profile_pictures_public_access",
      "provider": "provider[\"registry.terraform.io/hashicorp/aws\"]",
      "instances": [
        {
          "schema_version": 0,
          "attributes": {
            "block_public_acls": false,
            "block_public_policy": false,
            "bucket": "trackme-media",
            "id": "trackme-media",
            "ignore_public_acls": false,
            "restrict_public_buckets": false
          },
          "sensitive_attributes": [],
          "identity_schema_version": 0,
          "private": "bnVsbA==",
          "dependencies": [
            "aws_s3_bucket.profile_pictures"
          ]
        }
      ]
    },
    {
      "mode": "managed",
      "type": "aws_security_group",
      "name": "bastion_sg",
      "provider": "provider[\"registry.terraform.io/hashicorp/aws\"]",
      "instances": [
        {
          "schema_version": 1,
          "attributes": {
            "arn": "arn:aws:ec2:us-east-2:857360184083:security-group/sg-0d4b404eda3a56b06",
            "description": "Security group for the bastion host",
            "egress": [
              {
                "cidr_blocks": [
                  "0.0.0.0/0"
                ],
                "description": "",
                "from_port": 0,
                "ipv6_cidr_blocks": [],
                "prefix_list_ids": [],
                "protocol": "-1",
                "security_groups": [],
                "self": false,
                "to_port": 0
              },
              {
                "cidr_blocks": [],
                "description": "",
                "from_port": 5432,
                "ipv6_cidr_blocks": [],
                "prefix_list_ids": [],
                "protocol": "tcp",
                "security_groups": [
                  "sg-0b98a1e54096ed585"
                ],
                "self": false,
                "to_port": 5432
              }
            ],
            "id": "sg-0d4b404eda3a56b06",
            "ingress": [
              {
                "cidr_blocks": [
                  "98.10.39.224/32"
                ],
                "description": "",
                "from_port": 22,
                "ipv6_cidr_blocks": [],
                "prefix_list_ids": [],
                "protocol": "tcp",
                "security_groups": [],
                "self": false,
                "to_port": 22
              }
            ],
            "name": "bastion-security-group",
            "name_prefix": "",
            "owner_id": "857360184083",
            "revoke_rules_on_delete": false,
            "tags": {},
            "tags_all": {},
            "timeouts": null,
            "vpc_id": "vpc-00ce2d8f8e6ecb305"
          },
          "sensitive_attributes": [],
          "identity_schema_version": 0,
          "private": "eyJlMmJmYjczMC1lY2FhLTExZTYtOGY4OC0zNDM2M2JjN2M0YzAiOnsiY3JlYXRlIjo2MDAwMDAwMDAwMDAsImRlbGV0ZSI6OTAwMDAwMDAwMDAwfSwic2NoZW1hX3ZlcnNpb24iOiIxIn0=",
          "dependencies": [
            "data.aws_security_group.default",
            "data.aws_vpc.default",
            "data.http.myip"
          ]
        }
      ]
    },
    {
      "mode": "managed",
      "type": "aws_security_group",
      "name": "bedrock_vpc_endpoint",
      "provider": "provider[\"registry.terraform.io/hashicorp/aws\"]",
      "instances": [
        {
          "schema_version": 1,
          "attributes": {
            "arn": "arn:aws:ec2:us-east-2:857360184083:security-group/sg-02576f57f4c3c968b",
            "description": "Security group for Bedrock VPC endpoint",
            "egress": [
              {
                "cidr_blocks": [
                  "0.0.0.0/0"
                ],
                "description": "Allow all outbound",
                "from_port": 0,
                "ipv6_cidr_blocks": [],
                "prefix_list_ids": [],
                "protocol": "-1",
                "security_groups": [],
                "self": false,
                "to_port": 0
              }
            ],
            "id": "sg-02576f57f4c3c968b",
            "ingress": [
              {
                "cidr_blocks": [],
                "description": "HTTPS from Lambda",
                "from_port": 443,
                "ipv6_cidr_blocks": [],
                "prefix_list_ids": [],
                "protocol": "tcp",
                "security_groups": [
                  "sg-0bd1fa78c58ba0495"
                ],
                "self": false,
                "to_port": 443
              }
            ],
            "name": "bedrock-vpc-endpoint-sg",
            "name_prefix": "",
            "owner_id": "857360184083",
            "revoke_rules_on_delete": false,
            "tags": {
              "Name": "bedrock-vpc-endpoint-sg"
            },
            "tags_all": {
              "Name": "bedrock-vpc-endpoint-sg"
            },
            "timeouts": null,
            "vpc_id": "vpc-00ce2d8f8e6ecb305"
          },
          "sensitive_attributes": [],
          "identity_schema_version": 0,
          "private": "eyJlMmJmYjczMC1lY2FhLTExZTYtOGY4OC0zNDM2M2JjN2M0YzAiOnsiY3JlYXRlIjo2MDAwMDAwMDAwMDAsImRlbGV0ZSI6OTAwMDAwMDAwMDAwfSwic2NoZW1hX3ZlcnNpb24iOiIxIn0=",
          "dependencies": [
            "aws_security_group.lambda_sg",
            "data.aws_vpc.default"
          ]
        }
      ]
    },
    {
      "mode": "managed",
      "type": "aws_security_group",
      "name": "lambda_sg",
      "provider": "provider[\"registry.terraform.io/hashicorp/aws\"]",
      "instances": [
        {
          "schema_version": 1,
          "attributes": {
            "arn": "arn:aws:ec2:us-east-2:857360184083:security-group/sg-0bd1fa78c58ba0495",
            "description": "Security group for Lambda functions",
            "egress": [
              {
                "cidr_blocks": [
                  "0.0.0.0/0"
                ],
                "description": "",
                "from_port": 0,
                "ipv6_cidr_blocks": [],
                "prefix_list_ids": [],
                "protocol": "-1",
                "security_groups": [],
                "self": false,
                "to_port": 0
              }
            ],
            "id": "sg-0bd1fa78c58ba0495",
            "ingress": [],
            "name": "lambda_sg",
            "name_prefix": "",
            "owner_id": "857360184083",
            "revoke_rules_on_delete": false,
            "tags": {},
            "tags_all": {},
            "timeouts": null,
            "vpc_id": "vpc-00ce2d8f8e6ecb305"
          },
          "sensitive_attributes": [],
          "identity_schema_version": 0,
          "private": "eyJlMmJmYjczMC1lY2FhLTExZTYtOGY4OC0zNDM2M2JjN2M0YzAiOnsiY3JlYXRlIjo2MDAwMDAwMDAwMDAsImRlbGV0ZSI6OTAwMDAwMDAwMDAwfSwic2NoZW1hX3ZlcnNpb24iOiIxIn0=",
          "dependencies": [
            "data.aws_vpc.default"
          ],
          "create_before_destroy": true
        }
      ]
    },
    {
      "mode": "managed",
      "type": "aws_security_group_rule",
      "name": "allow_bastion_to_rds",
      "provider": "provider[\"registry.terraform.io/hashicorp/aws\"]",
      "instances": [
        {
          "schema_version": 2,
          "attributes": {
            "cidr_blocks": null,
            "description": null,
            "from_port": 5432,
            "id": "sgrule-3670994851",
            "ipv6_cidr_blocks": null,
            "prefix_list_ids": null,
            "protocol": "tcp",
            "security_group_id": "sg-0b98a1e54096ed585",
            "security_group_rule_id": "sgr-0487730cac1466a6e",
            "self": false,
            "source_security_group_id": "sg-0d4b404eda3a56b06",
            "timeouts": null,
            "to_port": 5432,
            "type": "ingress"
          },
          "sensitive_attributes": [],
          "identity_schema_version": 0,
          "private": "eyJlMmJmYjczMC1lY2FhLTExZTYtOGY4OC0zNDM2M2JjN2M0YzAiOnsiY3JlYXRlIjozMDAwMDAwMDAwMDB9LCJzY2hlbWFfdmVyc2lvbiI6IjIifQ==",
          "dependencies": [
            "aws_security_group.bastion_sg",
            "data.aws_security_group.default",
            "data.aws_vpc.default",
            "data.http.myip"
          ]
        }
      ]
    },
    {
      "mode": "managed",
      "type": "aws_security_group_rule",
      "name": "allow_lambda_to_rds",
      "provider": "provider[\"registry.terraform.io/hashicorp/aws\"]",
      "instances": [
        {
          "schema_version": 2,
          "attributes": {
            "cidr_blocks": null,
            "description": null,
            "from_port": 5432,
            "id": "sgrule-2700203219",
            "ipv6_cidr_blocks": null,
            "prefix_list_ids": null,
            "protocol": "tcp",
            "security_group_id": "sg-0b98a1e54096ed585",
            "security_group_rule_id": "sgr-04a8157666dc0e688",
            "self": false,
            "source_security_group_id": "sg-0bd1fa78c58ba0495",
            "timeouts": null,
            "to_port": 5432,
            "type": "ingress"
          },
          "sensitive_attributes": [],
          "identity_schema_version": 0,
          "private": "eyJlMmJmYjczMC1lY2FhLTExZTYtOGY4OC0zNDM2M2JjN2M0YzAiOnsiY3JlYXRlIjozMDAwMDAwMDAwMDB9LCJzY2hlbWFfdmVyc2lvbiI6IjIifQ==",
          "dependencies": [
            "aws_security_group.lambda_sg",
            "data.aws_security_group.default",
            "data.aws_vpc.default"
          ]
        }
      ]
    },
    {
      "mode": "managed",
      "type": "aws_subnet",
      "name": "bastion_subnet",
      "provider": "provider[\"registry.terraform.io/hashicorp/aws\"]",
      "instances": [
        {
          "schema_version": 1,
          "attributes": {
            "arn": "arn:aws:ec2:us-east-2:857360184083:subnet/subnet-03a450e1c99acbb9b",
            "assign_ipv6_address_on_creation": false,
            "availability_zone": "us-east-2a",
            "availability_zone_id": "use2-az1",
            "cidr_block": "172.31.80.0/20",
            "customer_owned_ipv4_pool": "",
            "enable_dns64": false,
            "enable_lni_at_device_index": 0,
            "enable_resource_name_dns_a_record_on_launch": false,
            "enable_resource_name_dns_aaaa_record_on_launch": false,
            "id": "subnet-03a450e1c99acbb9b",
            "ipv6_cidr_block": "",
            "ipv6_cidr_block_association_id": "",
            "ipv6_native": false,
            "map_customer_owned_ip_on_launch": false,
            "map_public_ip_on_launch": false,
            "outpost_arn": "",
            "owner_id": "857360184083",
            "private_dns_hostname_type_on_launch": "ip-name",
            "tags": {
              "Name": "bastion-public-subnet-1",
              "type": "public"
            },
            "tags_all": {
              "Name": "bastion-public-subnet-1",
              "type": "public"
            },
            "timeouts": null,
            "vpc_id": "vpc-00ce2d8f8e6ecb305"
          },
          "sensitive_attributes": [],
          "identity_schema_version": 0,
          "private": "eyJlMmJmYjczMC1lY2FhLTExZTYtOGY4OC0zNDM2M2JjN2M0YzAiOnsiY3JlYXRlIjo2MDAwMDAwMDAwMDAsImRlbGV0ZSI6MTIwMDAwMDAwMDAwMH0sInNjaGVtYV92ZXJzaW9uIjoiMSJ9",
          "dependencies": [
            "data.aws_availability_zones.available",
            "data.aws_vpc.default"
          ]
        }
      ]
    },
    {
      "mode": "managed",
      "type": "aws_subnet",
      "name": "private_subnet1",
      "provider": "provider[\"registry.terraform.io/hashicorp/aws\"]",
      "instances": [
        {
          "schema_version": 1,
          "attributes": {
            "arn": "arn:aws:ec2:us-east-2:857360184083:subnet/subnet-0db35c13edd7c98e9",
            "assign_ipv6_address_on_creation": false,
            "availability_zone": "us-east-2a",
            "availability_zone_id": "use2-az1",
            "cidr_block": "172.31.48.0/20",
            "customer_owned_ipv4_pool": "",
            "enable_dns64": false,
            "enable_lni_at_device_index": 0,
            "enable_resource_name_dns_a_record_on_launch": false,
            "enable_resource_name_dns_aaaa_record_on_launch": false,
            "id": "subnet-0db35c13edd7c98e9",
            "ipv6_cidr_block": "",
            "ipv6_cidr_block_association_id": "",
            "ipv6_native": false,
            "map_customer_owned_ip_on_launch": false,
            "map_public_ip_on_launch": false,
            "outpost_arn": "",
            "owner_id": "857360184083",
            "private_dns_hostname_type_on_launch": "ip-name",
            "tags": {
              "Name": "trackme-private-subnet-1",
              "type": "private"
            },
            "tags_all": {
              "Name": "trackme-private-subnet-1",
              "type": "private"
            },
            "timeouts": null,
            "vpc_id": "vpc-00ce2d8f8e6ecb305"
          },
          "sensitive_attributes": [],
          "identity_schema_version": 0,
          "private": "eyJlMmJmYjczMC1lY2FhLTExZTYtOGY4OC0zNDM2M2JjN2M0YzAiOnsiY3JlYXRlIjo2MDAwMDAwMDAwMDAsImRlbGV0ZSI6MTIwMDAwMDAwMDAwMH0sInNjaGVtYV92ZXJzaW9uIjoiMSJ9",
          "dependencies": [
            "data.aws_availability_zones.available",
            "data.aws_vpc.default"
          ],
          "create_before_destroy": true
        }
      ]
    },
    {
      "mode": "managed",
      "type": "aws_subnet",
      "name": "private_subnet2",
      "provider": "provider[\"registry.terraform.io/hashicorp/aws\"]",
      "instances": [
        {
          "schema_version": 1,
          "attributes": {
            "arn": "arn:aws:ec2:us-east-2:857360184083:subnet/subnet-09b6e632d01fcb525",
            "assign_ipv6_address_on_creation": false,
            "availability_zone": "us-east-2b",
            "availability_zone_id": "use2-az2",
            "cidr_block": "172.31.64.0/20",
            "customer_owned_ipv4_pool": "",
            "enable_dns64": false,
            "enable_lni_at_device_index": 0,
            "enable_resource_name_dns_a_record_on_launch": false,
            "enable_resource_name_dns_aaaa_record_on_launch": false,
            "id": "subnet-09b6e632d01fcb525",
            "ipv6_cidr_block": "",
            "ipv6_cidr_block_association_id": "",
            "ipv6_native": false,
            "map_customer_owned_ip_on_launch": false,
            "map_public_ip_on_launch": false,
            "outpost_arn": "",
            "owner_id": "857360184083",
            "private_dns_hostname_type_on_launch": "ip-name",
            "tags": {
              "Name": "trackme-private-subnet-2",
              "type": "private"
            },
            "tags_all": {
              "Name": "trackme-private-subnet-2",
              "type": "private"
            },
            "timeouts": null,
            "vpc_id": "vpc-00ce2d8f8e6ecb305"
          },
          "sensitive_attributes": [],
          "identity_schema_version": 0,
          "private": "eyJlMmJmYjczMC1lY2FhLTExZTYtOGY4OC0zNDM2M2JjN2M0YzAiOnsiY3JlYXRlIjo2MDAwMDAwMDAwMDAsImRlbGV0ZSI6MTIwMDAwMDAwMDAwMH0sInNjaGVtYV92ZXJzaW9uIjoiMSJ9",
          "dependencies": [
            "data.aws_availability_zones.available",
            "data.aws_vpc.default"
          ],
          "create_before_destroy": true
        }
      ]
    },
    {
      "mode": "managed",
      "type": "aws_vpc_endpoint",
      "name": "s3_endpoint",
      "provider": "provider[\"registry.terraform.io/hashicorp/aws\"]",
      "instances": [
        {
          "schema_version": 0,
          "attributes": {
            "arn": "arn:aws:ec2:us-east-2:857360184083:vpc-endpoint/vpce-0b3d57b1536c7696e",
            "auto_accept": null,
            "cidr_blocks": [
              "18.34.252.0/22",
              "52.219.141.0/24",
              "18.34.72.0/21",
              "52.219.96.0/20",
              "52.219.224.0/21",
              "16.12.60.0/22",
              "52.219.232.0/22",
              "52.219.80.0/20",
              "3.5.128.0/22",
              "52.219.142.0/23",
              "3.5.132.0/23",
              "16.12.64.0/22",
              "52.219.212.0/22",
              "52.219.176.0/22"
            ],
            "dns_entry": [],
            "dns_options": [
              {
                "dns_record_ip_type": "service-defined",
                "private_dns_only_for_inbound_resolver_endpoint": false
              }
            ],
            "id": "vpce-0b3d57b1536c7696e",
            "ip_address_type": "ipv4",
            "network_interface_ids": [],
            "owner_id": "857360184083",
            "policy": "{\"Statement\":[{\"Action\":\"*\",\"Effect\":\"Allow\",\"Principal\":\"*\",\"Resource\":\"*\"}],\"Version\":\"2008-10-17\"}",
            "prefix_list_id": "pl-7ba54012",
            "private_dns_enabled": false,
            "requester_managed": false,
            "resource_configuration_arn": "",
            "route_table_ids": [
              "rtb-0dc932c2d3b50c3ef"
            ],
            "security_group_ids": [],
            "service_name": "com.amazonaws.us-east-2.s3",
            "service_network_arn": "",
            "service_region": "us-east-2",
            "state": "available",
            "subnet_configuration": [],
            "subnet_ids": [],
            "tags": {
              "Name": "trackme-s3-endpoint"
            },
            "tags_all": {
              "Name": "trackme-s3-endpoint"
            },
            "timeouts": null,
            "vpc_endpoint_type": "Gateway",
            "vpc_id": "vpc-00ce2d8f8e6ecb305"
          },
          "sensitive_attributes": [],
          "identity_schema_version": 0,
          "private": "eyJlMmJmYjczMC1lY2FhLTExZTYtOGY4OC0zNDM2M2JjN2M0YzAiOnsiY3JlYXRlIjo2MDAwMDAwMDAwMDAsImRlbGV0ZSI6NjAwMDAwMDAwMDAwLCJ1cGRhdGUiOjYwMDAwMDAwMDAwMH19",
          "dependencies": [
            "data.aws_vpc.default"
          ]
        }
      ]
    }
  ],
  "check_results": null
}
